{
  "version": 4,
  "terraform_version": "1.14.5",
  "serial": 529,
  "lineage": "efb8847b-b790-e5ba-5943-4b312842c129",
  "outputs": {
    "container_ids": {
      "value": {
        "archon": 108,
        "coredns": 103,
        "elk": 105,
        "glitchtip": 106,
        "grafana": 104,
        "runner": 101,
        "supabase": 107,
        "traefik": 102
      },
      "type": [
        "object",
        {
          "archon": "number",
          "coredns": "number",
          "elk": "number",
          "glitchtip": "number",
          "grafana": "number",
          "runner": "number",
          "supabase": "number",
          "traefik": "number"
        }
      ]
    },
    "container_ips": {
      "value": {
        "archon": "192.168.50.108",
        "coredns": "192.168.50.103",
        "elk": "192.168.50.105",
        "glitchtip": "192.168.50.106",
        "grafana": "192.168.50.104",
        "runner": "192.168.50.101",
        "supabase": "192.168.50.107",
        "traefik": "192.168.50.102"
      },
      "type": [
        "object",
        {
          "archon": "string",
          "coredns": "string",
          "elk": "string",
          "glitchtip": "string",
          "grafana": "string",
          "runner": "string",
          "supabase": "string",
          "traefik": "string"
        }
      ]
    },
    "container_status": {
      "value": {
        "archon": {
          "node": "pve3",
          "started": true,
          "vmid": 108
        },
        "coredns": {
          "node": "pve3",
          "started": true,
          "vmid": 103
        },
        "elk": {
          "node": "pve3",
          "started": true,
          "vmid": 105
        },
        "glitchtip": {
          "node": "pve3",
          "started": true,
          "vmid": 106
        },
        "grafana": {
          "node": "pve3",
          "started": true,
          "vmid": 104
        },
        "runner": {
          "node": "pve3",
          "started": true,
          "vmid": 101
        },
        "supabase": {
          "node": "pve3",
          "started": true,
          "vmid": 107
        },
        "traefik": {
          "node": "pve3",
          "started": true,
          "vmid": 102
        }
      },
      "type": [
        "object",
        {
          "archon": [
            "object",
            {
              "node": "string",
              "started": "bool",
              "vmid": "number"
            }
          ],
          "coredns": [
            "object",
            {
              "node": "string",
              "started": "bool",
              "vmid": "number"
            }
          ],
          "elk": [
            "object",
            {
              "node": "string",
              "started": "bool",
              "vmid": "number"
            }
          ],
          "glitchtip": [
            "object",
            {
              "node": "string",
              "started": "bool",
              "vmid": "number"
            }
          ],
          "grafana": [
            "object",
            {
              "node": "string",
              "started": "bool",
              "vmid": "number"
            }
          ],
          "runner": [
            "object",
            {
              "node": "string",
              "started": "bool",
              "vmid": "number"
            }
          ],
          "supabase": [
            "object",
            {
              "node": "string",
              "started": "bool",
              "vmid": "number"
            }
          ],
          "traefik": [
            "object",
            {
              "node": "string",
              "started": "bool",
              "vmid": "number"
            }
          ]
        }
      ]
    },
    "host_inventory": {
      "value": {
        "archon": {
          "ip": "192.168.50.108",
          "ports": {
            "mcp": 8051,
            "server": 8181,
            "ui": 3737
          },
          "roles": [
            "ai",
            "knowledge-management",
            "mcp"
          ],
          "vmid": 108
        },
        "coredns": {
          "ip": "192.168.50.103",
          "ports": {
            "dns": 53,
            "health": 8080
          },
          "roles": [
            "dns",
            "split-dns"
          ],
          "vmid": 103
        },
        "elk": {
          "ip": "192.168.50.105",
          "ports": {
            "elasticsearch": 9200,
            "es_transport": 9300,
            "kibana": 5601,
            "logstash_api": 9600,
            "logstash_beat": 5044,
            "logstash_http": 8080,
            "logstash_prometheus": 9198,
            "logstash_tcp": 5000
          },
          "roles": [
            "logging",
            "elasticsearch",
            "kibana"
          ],
          "vmid": 105
        },
        "glitchtip": {
          "ip": "192.168.50.106",
          "ports": {
            "postgres": 5432,
            "redis": 6379,
            "web": 8000
          },
          "roles": [
            "error-tracking",
            "monitoring"
          ],
          "vmid": 106
        },
        "grafana": {
          "ip": "192.168.50.104",
          "ports": {
            "grafana": 3000,
            "prometheus": 9090
          },
          "roles": [
            "observability",
            "monitoring"
          ],
          "vmid": 104
        },
        "jclee": {
          "ip": "192.168.50.80",
          "ports": {
            "rdp": 3389,
            "ssh": 22
          },
          "roles": [
            "workstation"
          ],
          "vmid": 80
        },
        "jclee-dev": {
          "ip": "192.168.50.200",
          "ports": {
            "opencode": 8090,
            "rdp": 3389,
            "ssh": 22
          },
          "roles": [
            "development",
            "workstation"
          ],
          "vmid": 200
        },
        "mcphub": {
          "ip": "192.168.50.112",
          "ports": {
            "n8n": 5678,
            "op_connect": 8090,
            "playwright": 8056,
            "proxmox": 8055,
            "web": 3000
          },
          "roles": [
            "mcp-hub",
            "ai",
            "mcp",
            "gateway",
            "automation"
          ],
          "vmid": 112
        },
        "ollama": {
          "ip": "192.168.50.109",
          "ports": {
            "api": 11434
          },
          "roles": [
            "ai",
            "llm",
            "gpu"
          ],
          "vmid": 109
        },
        "pve": {
          "ip": "192.168.50.100",
          "ports": {},
          "roles": [
            "hypervisor"
          ],
          "vmid": 100
        },
        "runner": {
          "ip": "192.168.50.101",
          "ports": {},
          "roles": [
            "ci",
            "github-runner"
          ],
          "vmid": 101
        },
        "supabase": {
          "ip": "192.168.50.107",
          "ports": {
            "api": 8000,
            "db": 5432,
            "inbucket": 9000,
            "realtime": 4000,
            "studio": 3000
          },
          "roles": [
            "database",
            "backend-as-a-service",
            "auth"
          ],
          "vmid": 107
        },
        "synology": {
          "ip": "192.168.50.215",
          "ports": {
            "dsm": 5000,
            "dsm_https": 5001
          },
          "roles": [
            "nas",
            "storage"
          ],
          "vmid": 215
        },
        "traefik": {
          "ip": "192.168.50.102",
          "ports": {
            "http": 80,
            "https": 443,
            "traefik": 8080
          },
          "roles": [
            "proxy",
            "ingress"
          ],
          "vmid": 102
        },
        "youtube": {
          "ip": "192.168.50.220",
          "ports": {},
          "roles": [
            "youtube",
            "media"
          ],
          "vmid": 220
        }
      },
      "type": [
        "object",
        {
          "archon": [
            "object",
            {
              "ip": "string",
              "ports": [
                "object",
                {
                  "mcp": "number",
                  "server": "number",
                  "ui": "number"
                }
              ],
              "roles": [
                "tuple",
                [
                  "string",
                  "string",
                  "string"
                ]
              ],
              "vmid": "number"
            }
          ],
          "coredns": [
            "object",
            {
              "ip": "string",
              "ports": [
                "object",
                {
                  "dns": "number",
                  "health": "number"
                }
              ],
              "roles": [
                "tuple",
                [
                  "string",
                  "string"
                ]
              ],
              "vmid": "number"
            }
          ],
          "elk": [
            "object",
            {
              "ip": "string",
              "ports": [
                "object",
                {
                  "elasticsearch": "number",
                  "es_transport": "number",
                  "kibana": "number",
                  "logstash_api": "number",
                  "logstash_beat": "number",
                  "logstash_http": "number",
                  "logstash_prometheus": "number",
                  "logstash_tcp": "number"
                }
              ],
              "roles": [
                "tuple",
                [
                  "string",
                  "string",
                  "string"
                ]
              ],
              "vmid": "number"
            }
          ],
          "glitchtip": [
            "object",
            {
              "ip": "string",
              "ports": [
                "object",
                {
                  "postgres": "number",
                  "redis": "number",
                  "web": "number"
                }
              ],
              "roles": [
                "tuple",
                [
                  "string",
                  "string"
                ]
              ],
              "vmid": "number"
            }
          ],
          "grafana": [
            "object",
            {
              "ip": "string",
              "ports": [
                "object",
                {
                  "grafana": "number",
                  "prometheus": "number"
                }
              ],
              "roles": [
                "tuple",
                [
                  "string",
                  "string"
                ]
              ],
              "vmid": "number"
            }
          ],
          "jclee": [
            "object",
            {
              "ip": "string",
              "ports": [
                "object",
                {
                  "rdp": "number",
                  "ssh": "number"
                }
              ],
              "roles": [
                "tuple",
                [
                  "string"
                ]
              ],
              "vmid": "number"
            }
          ],
          "jclee-dev": [
            "object",
            {
              "ip": "string",
              "ports": [
                "object",
                {
                  "opencode": "number",
                  "rdp": "number",
                  "ssh": "number"
                }
              ],
              "roles": [
                "tuple",
                [
                  "string",
                  "string"
                ]
              ],
              "vmid": "number"
            }
          ],
          "mcphub": [
            "object",
            {
              "ip": "string",
              "ports": [
                "object",
                {
                  "n8n": "number",
                  "op_connect": "number",
                  "playwright": "number",
                  "proxmox": "number",
                  "web": "number"
                }
              ],
              "roles": [
                "tuple",
                [
                  "string",
                  "string",
                  "string",
                  "string",
                  "string"
                ]
              ],
              "vmid": "number"
            }
          ],
          "ollama": [
            "object",
            {
              "ip": "string",
              "ports": [
                "object",
                {
                  "api": "number"
                }
              ],
              "roles": [
                "tuple",
                [
                  "string",
                  "string",
                  "string"
                ]
              ],
              "vmid": "number"
            }
          ],
          "pve": [
            "object",
            {
              "ip": "string",
              "ports": [
                "object",
                {}
              ],
              "roles": [
                "tuple",
                [
                  "string"
                ]
              ],
              "vmid": "number"
            }
          ],
          "runner": [
            "object",
            {
              "ip": "string",
              "ports": [
                "object",
                {}
              ],
              "roles": [
                "tuple",
                [
                  "string",
                  "string"
                ]
              ],
              "vmid": "number"
            }
          ],
          "supabase": [
            "object",
            {
              "ip": "string",
              "ports": [
                "object",
                {
                  "api": "number",
                  "db": "number",
                  "inbucket": "number",
                  "realtime": "number",
                  "studio": "number"
                }
              ],
              "roles": [
                "tuple",
                [
                  "string",
                  "string",
                  "string"
                ]
              ],
              "vmid": "number"
            }
          ],
          "synology": [
            "object",
            {
              "ip": "string",
              "ports": [
                "object",
                {
                  "dsm": "number",
                  "dsm_https": "number"
                }
              ],
              "roles": [
                "tuple",
                [
                  "string",
                  "string"
                ]
              ],
              "vmid": "number"
            }
          ],
          "traefik": [
            "object",
            {
              "ip": "string",
              "ports": [
                "object",
                {
                  "http": "number",
                  "https": "number",
                  "traefik": "number"
                }
              ],
              "roles": [
                "tuple",
                [
                  "string",
                  "string"
                ]
              ],
              "vmid": "number"
            }
          ],
          "youtube": [
            "object",
            {
              "ip": "string",
              "ports": [
                "object",
                {}
              ],
              "roles": [
                "tuple",
                [
                  "string",
                  "string"
                ]
              ],
              "vmid": "number"
            }
          ]
        }
      ]
    },
    "lxc_configs": {
      "value": {
        "archon": {
          "config_files": [
            {
              "name": "archon.env",
              "path": "./configs/lxc-108-archon/archon.env"
            },
            {
              "name": "filebeat.yml",
              "path": "./configs/lxc-108-archon/filebeat.yml"
            }
          ],
          "docker_compose": "./configs/lxc-108-archon/docker-compose.yml",
          "hostname": "archon",
          "ip_address": "192.168.50.108",
          "systemd_services": [],
          "vmid": 108
        },
        "coredns": {
          "config_files": [
            {
              "name": "Corefile",
              "path": "./configs/lxc-103-coredns/Corefile"
            },
            {
              "name": "filebeat.yml",
              "path": "./configs/lxc-103-coredns/filebeat.yml"
            }
          ],
          "docker_compose": "./configs/lxc-103-coredns/docker-compose.yml",
          "hostname": "coredns",
          "ip_address": "192.168.50.103",
          "systemd_services": [],
          "vmid": 103
        },
        "elk": {
          "config_files": [
            {
              "name": "Dockerfile.logstash",
              "path": "./configs/lxc-105-elk/Dockerfile.logstash"
            },
            {
              "name": "filebeat.yml",
              "path": "./configs/lxc-105-elk/filebeat.yml"
            },
            {
              "name": "ilm-policy.json",
              "path": "./configs/lxc-105-elk/ilm-policy.json"
            },
            {
              "name": "logstash.conf",
              "path": "./configs/lxc-105-elk/logstash.conf"
            },
            {
              "name": "logstash.yml",
              "path": "./configs/lxc-105-elk/logstash.yml"
            },
            {
              "name": "setup-ilm.sh",
              "path": "./configs/lxc-105-elk/setup-ilm.sh"
            }
          ],
          "docker_compose": "./configs/lxc-105-elk/docker-compose.yml",
          "hostname": "elk",
          "ip_address": "192.168.50.105",
          "systemd_services": [],
          "vmid": 105
        },
        "glitchtip": {
          "config_files": [
            {
              "name": "filebeat.yml",
              "path": "./configs/lxc-106-glitchtip/filebeat.yml"
            },
            {
              "name": "glitchtip.env",
              "path": "./configs/lxc-106-glitchtip/glitchtip.env"
            }
          ],
          "docker_compose": "./configs/lxc-106-glitchtip/docker-compose.yml",
          "hostname": "glitchtip",
          "ip_address": "192.168.50.106",
          "systemd_services": [],
          "vmid": 106
        },
        "grafana": {
          "config_files": [
            {
              "name": "filebeat.yml",
              "path": "./configs/lxc-104-grafana/filebeat.yml"
            },
            {
              "name": "grafana-datasources.yml",
              "path": "./configs/lxc-104-grafana/grafana-datasources.yml"
            },
            {
              "name": "prometheus.yml",
              "path": "./configs/lxc-104-grafana/prometheus.yml"
            }
          ],
          "docker_compose": null,
          "hostname": "grafana",
          "ip_address": "192.168.50.104",
          "systemd_services": [
            {
              "name": "prometheus",
              "path": "./configs/lxc-104-grafana/prometheus.service"
            }
          ],
          "vmid": 104
        },
        "runner": {
          "config_files": [
            {
              "name": "filebeat.yml",
              "path": "./configs/lxc-101-runner/filebeat.yml"
            }
          ],
          "docker_compose": null,
          "hostname": "runner",
          "ip_address": "192.168.50.101",
          "systemd_services": [],
          "vmid": 101
        },
        "supabase": {
          "config_files": [
            {
              "name": "filebeat.yml",
              "path": "./configs/lxc-107-supabase/filebeat.yml"
            },
            {
              "name": "supabase.env",
              "path": "./configs/lxc-107-supabase/supabase.env"
            }
          ],
          "docker_compose": "./configs/lxc-107-supabase/docker-compose.yml",
          "hostname": "supabase",
          "ip_address": "192.168.50.107",
          "systemd_services": [],
          "vmid": 107
        },
        "traefik": {
          "config_files": [
            {
              "name": "cloudflared-docker-compose.yml",
              "path": "./configs/lxc-102-traefik/cloudflared-docker-compose.yml"
            },
            {
              "name": "filebeat.yml",
              "path": "./configs/lxc-102-traefik/filebeat.yml"
            },
            {
              "name": "traefik-archon.yml",
              "path": "./configs/lxc-102-traefik/traefik-archon.yml"
            },
            {
              "name": "traefik-elk.yml",
              "path": "./configs/lxc-102-traefik/traefik-elk.yml"
            },
            {
              "name": "traefik-glitchtip.yml",
              "path": "./configs/lxc-102-traefik/traefik-glitchtip.yml"
            },
            {
              "name": "traefik-grafana.yml",
              "path": "./configs/lxc-102-traefik/traefik-grafana.yml"
            },
            {
              "name": "traefik-mcphub.yml",
              "path": "./configs/lxc-102-traefik/traefik-mcphub.yml"
            },
            {
              "name": "traefik-n8n.yml",
              "path": "./configs/lxc-102-traefik/traefik-n8n.yml"
            },
            {
              "name": "traefik-nas.yml",
              "path": "./configs/lxc-102-traefik/traefik-nas.yml"
            },
            {
              "name": "traefik-opencode.yml",
              "path": "./configs/lxc-102-traefik/traefik-opencode.yml"
            },
            {
              "name": "traefik-supabase.yml",
              "path": "./configs/lxc-102-traefik/traefik-supabase.yml"
            },
            {
              "name": "traefik-synology.yml",
              "path": "./configs/lxc-102-traefik/traefik-synology.yml"
            },
            {
              "name": "traefik.yml",
              "path": "./configs/lxc-102-traefik/traefik.yml"
            }
          ],
          "docker_compose": null,
          "hostname": "traefik",
          "ip_address": "192.168.50.102",
          "systemd_services": [],
          "vmid": 102
        }
      },
      "type": [
        "object",
        {
          "archon": [
            "object",
            {
              "config_files": [
                "tuple",
                [
                  [
                    "object",
                    {
                      "name": "string",
                      "path": "string"
                    }
                  ],
                  [
                    "object",
                    {
                      "name": "string",
                      "path": "string"
                    }
                  ]
                ]
              ],
              "docker_compose": "string",
              "hostname": "string",
              "ip_address": "string",
              "systemd_services": [
                "tuple",
                []
              ],
              "vmid": "number"
            }
          ],
          "coredns": [
            "object",
            {
              "config_files": [
                "tuple",
                [
                  [
                    "object",
                    {
                      "name": "string",
                      "path": "string"
                    }
                  ],
                  [
                    "object",
                    {
                      "name": "string",
                      "path": "string"
                    }
                  ]
                ]
              ],
              "docker_compose": "string",
              "hostname": "string",
              "ip_address": "string",
              "systemd_services": [
                "tuple",
                []
              ],
              "vmid": "number"
            }
          ],
          "elk": [
            "object",
            {
              "config_files": [
                "tuple",
                [
                  [
                    "object",
                    {
                      "name": "string",
                      "path": "string"
                    }
                  ],
                  [
                    "object",
                    {
                      "name": "string",
                      "path": "string"
                    }
                  ],
                  [
                    "object",
                    {
                      "name": "string",
                      "path": "string"
                    }
                  ],
                  [
                    "object",
                    {
                      "name": "string",
                      "path": "string"
                    }
                  ],
                  [
                    "object",
                    {
                      "name": "string",
                      "path": "string"
                    }
                  ],
                  [
                    "object",
                    {
                      "name": "string",
                      "path": "string"
                    }
                  ]
                ]
              ],
              "docker_compose": "string",
              "hostname": "string",
              "ip_address": "string",
              "systemd_services": [
                "tuple",
                []
              ],
              "vmid": "number"
            }
          ],
          "glitchtip": [
            "object",
            {
              "config_files": [
                "tuple",
                [
                  [
                    "object",
                    {
                      "name": "string",
                      "path": "string"
                    }
                  ],
                  [
                    "object",
                    {
                      "name": "string",
                      "path": "string"
                    }
                  ]
                ]
              ],
              "docker_compose": "string",
              "hostname": "string",
              "ip_address": "string",
              "systemd_services": [
                "tuple",
                []
              ],
              "vmid": "number"
            }
          ],
          "grafana": [
            "object",
            {
              "config_files": [
                "tuple",
                [
                  [
                    "object",
                    {
                      "name": "string",
                      "path": "string"
                    }
                  ],
                  [
                    "object",
                    {
                      "name": "string",
                      "path": "string"
                    }
                  ],
                  [
                    "object",
                    {
                      "name": "string",
                      "path": "string"
                    }
                  ]
                ]
              ],
              "docker_compose": "dynamic",
              "hostname": "string",
              "ip_address": "string",
              "systemd_services": [
                "tuple",
                [
                  [
                    "object",
                    {
                      "name": "string",
                      "path": "string"
                    }
                  ]
                ]
              ],
              "vmid": "number"
            }
          ],
          "runner": [
            "object",
            {
              "config_files": [
                "tuple",
                [
                  [
                    "object",
                    {
                      "name": "string",
                      "path": "string"
                    }
                  ]
                ]
              ],
              "docker_compose": "dynamic",
              "hostname": "string",
              "ip_address": "string",
              "systemd_services": [
                "tuple",
                []
              ],
              "vmid": "number"
            }
          ],
          "supabase": [
            "object",
            {
              "config_files": [
                "tuple",
                [
                  [
                    "object",
                    {
                      "name": "string",
                      "path": "string"
                    }
                  ],
                  [
                    "object",
                    {
                      "name": "string",
                      "path": "string"
                    }
                  ]
                ]
              ],
              "docker_compose": "string",
              "hostname": "string",
              "ip_address": "string",
              "systemd_services": [
                "tuple",
                []
              ],
              "vmid": "number"
            }
          ],
          "traefik": [
            "object",
            {
              "config_files": [
                "tuple",
                [
                  [
                    "object",
                    {
                      "name": "string",
                      "path": "string"
                    }
                  ],
                  [
                    "object",
                    {
                      "name": "string",
                      "path": "string"
                    }
                  ],
                  [
                    "object",
                    {
                      "name": "string",
                      "path": "string"
                    }
                  ],
                  [
                    "object",
                    {
                      "name": "string",
                      "path": "string"
                    }
                  ],
                  [
                    "object",
                    {
                      "name": "string",
                      "path": "string"
                    }
                  ],
                  [
                    "object",
                    {
                      "name": "string",
                      "path": "string"
                    }
                  ],
                  [
                    "object",
                    {
                      "name": "string",
                      "path": "string"
                    }
                  ],
                  [
                    "object",
                    {
                      "name": "string",
                      "path": "string"
                    }
                  ],
                  [
                    "object",
                    {
                      "name": "string",
                      "path": "string"
                    }
                  ],
                  [
                    "object",
                    {
                      "name": "string",
                      "path": "string"
                    }
                  ],
                  [
                    "object",
                    {
                      "name": "string",
                      "path": "string"
                    }
                  ],
                  [
                    "object",
                    {
                      "name": "string",
                      "path": "string"
                    }
                  ],
                  [
                    "object",
                    {
                      "name": "string",
                      "path": "string"
                    }
                  ]
                ]
              ],
              "docker_compose": "dynamic",
              "hostname": "string",
              "ip_address": "string",
              "systemd_services": [
                "tuple",
                []
              ],
              "vmid": "number"
            }
          ]
        }
      ],
      "sensitive": true
    },
    "nodes": {
      "value": [
        "pve3"
      ],
      "type": [
        "list",
        "string"
      ]
    },
    "rendered_configs": {
      "value": {
        "archon_docker_compose": "./configs/rendered/archon/docker-compose.yml",
        "archon_env": "./configs/rendered/archon/.env",
        "archon_filebeat": "./configs/rendered/archon/filebeat.yml",
        "coredns_corefile": "./configs/rendered/coredns/Corefile",
        "coredns_docker_compose": "./configs/rendered/coredns/docker-compose.yml",
        "coredns_filebeat": "./configs/rendered/coredns/filebeat.yml",
        "elk_docker_compose": "./configs/rendered/elk/docker-compose.yml",
        "elk_dockerfile_logstash": "./configs/rendered/elk/Dockerfile.logstash",
        "elk_filebeat": "./configs/rendered/elk/filebeat.yml",
        "elk_ilm_policy": "./configs/rendered/elk/ilm-policy.json",
        "elk_logstash_conf": "./configs/rendered/elk/logstash.conf",
        "elk_logstash_yml": "./configs/rendered/elk/logstash.yml",
        "elk_setup_ilm": "./configs/rendered/elk/setup-ilm.sh",
        "glitchtip_docker_compose": "./configs/rendered/glitchtip/docker-compose.yml",
        "glitchtip_env": "./configs/rendered/glitchtip/glitchtip.env",
        "glitchtip_filebeat": "./configs/rendered/glitchtip/filebeat.yml",
        "grafana_datasources": "./configs/rendered/grafana-datasources.yml",
        "grafana_filebeat": "./configs/rendered/grafana/filebeat.yml",
        "mcphub_docker_compose": "./configs/rendered/mcphub/docker-compose.yml",
        "mcphub_env": "./configs/rendered/mcphub/.env",
        "mcphub_filebeat": "./configs/rendered/mcphub/filebeat.yml",
        "mcphub_mcp_settings": "./configs/rendered/mcphub/mcp_settings.json",
        "mcphub_n8n_docker_compose": "./configs/rendered/mcphub/docker-compose-n8n.yml",
        "mcphub_op_connect_compose": "./configs/rendered/mcphub/docker-compose-op-connect.yml",
        "prometheus": "./configs/rendered/prometheus.yml",
        "runner_filebeat": "./configs/rendered/runner/filebeat.yml",
        "supabase_docker_compose": "./configs/rendered/supabase/docker-compose.yml",
        "supabase_env": "./configs/rendered/supabase/.env",
        "supabase_filebeat": "./configs/rendered/supabase/filebeat.yml",
        "traefik_archon": "./configs/rendered/traefik/archon.yml",
        "traefik_cloudflared": "./configs/rendered/traefik/cloudflared-docker-compose.yml",
        "traefik_elk": "./configs/rendered/traefik-elk.yml",
        "traefik_filebeat": "./configs/rendered/traefik/filebeat.yml",
        "traefik_glitchtip": "./configs/rendered/traefik/glitchtip.yml",
        "traefik_grafana": "./configs/rendered/traefik/grafana.yml",
        "traefik_mcphub": "./configs/rendered/traefik/mcphub.yml",
        "traefik_n8n": "./configs/rendered/traefik/n8n.yml",
        "traefik_nas": "./configs/rendered/traefik/nas.yml",
        "traefik_opencode": "./configs/rendered/traefik/opencode.yml",
        "traefik_supabase": "./configs/rendered/traefik/supabase.yml",
        "traefik_synology": "./configs/rendered/traefik/synology.yml",
        "youtube_filebeat": "./configs/rendered/youtube/filebeat.yml"
      },
      "type": [
        "object",
        {
          "archon_docker_compose": "string",
          "archon_env": "string",
          "archon_filebeat": "string",
          "coredns_corefile": "string",
          "coredns_docker_compose": "string",
          "coredns_filebeat": "string",
          "elk_docker_compose": "string",
          "elk_dockerfile_logstash": "string",
          "elk_filebeat": "string",
          "elk_ilm_policy": "string",
          "elk_logstash_conf": "string",
          "elk_logstash_yml": "string",
          "elk_setup_ilm": "string",
          "glitchtip_docker_compose": "string",
          "glitchtip_env": "string",
          "glitchtip_filebeat": "string",
          "grafana_datasources": "string",
          "grafana_filebeat": "string",
          "mcphub_docker_compose": "string",
          "mcphub_env": "string",
          "mcphub_filebeat": "string",
          "mcphub_mcp_settings": "string",
          "mcphub_n8n_docker_compose": "string",
          "mcphub_op_connect_compose": "string",
          "prometheus": "string",
          "runner_filebeat": "string",
          "supabase_docker_compose": "string",
          "supabase_env": "string",
          "supabase_filebeat": "string",
          "traefik_archon": "string",
          "traefik_cloudflared": "string",
          "traefik_elk": "string",
          "traefik_filebeat": "string",
          "traefik_glitchtip": "string",
          "traefik_grafana": "string",
          "traefik_mcphub": "string",
          "traefik_n8n": "string",
          "traefik_nas": "string",
          "traefik_opencode": "string",
          "traefik_supabase": "string",
          "traefik_synology": "string",
          "youtube_filebeat": "string"
        }
      ]
    },
    "required_template_secrets_validation": {
      "value": true,
      "type": "bool"
    },
    "service_urls": {
      "value": {
        "grafana_url": "https://grafana.jclee.me",
        "n8n_url": "https://mcphub.jclee.me"
      },
      "type": [
        "object",
        {
          "grafana_url": "string",
          "n8n_url": "string"
        }
      ]
    },
    "validation_summary": {
      "value": {
        "containers_count": 8,
        "network_cidr": "192.168.50.0/24",
        "node_valid": true,
        "vmid_range": "101-220"
      },
      "type": [
        "object",
        {
          "containers_count": "number",
          "network_cidr": "string",
          "node_valid": "bool",
          "vmid_range": "string"
        }
      ]
    },
    "vm_configs": {
      "value": {
        "mcphub": {
          "cloud_init": "./configs/vm-112-mcphub/cloud-init.yaml",
          "hostname": "mcphub",
          "ip_address": "192.168.50.112",
          "systemd_services": [],
          "vmid": 112
        },
        "youtube": {
          "cloud_init": "./configs/vm-220-youtube/cloud-init.yaml",
          "hostname": "youtube",
          "ip_address": "192.168.50.220",
          "systemd_services": [],
          "vmid": 220
        }
      },
      "type": [
        "object",
        {
          "mcphub": [
            "object",
            {
              "cloud_init": "string",
              "hostname": "string",
              "ip_address": "string",
              "systemd_services": [
                "tuple",
                []
              ],
              "vmid": "number"
            }
          ],
          "youtube": [
            "object",
            {
              "cloud_init": "string",
              "hostname": "string",
              "ip_address": "string",
              "systemd_services": [
                "tuple",
                []
              ],
              "vmid": "number"
            }
          ]
        }
      ]
    }
  },
  "resources": [
    {
      "mode": "data",
      "type": "proxmox_virtual_environment_nodes",
      "name": "nodes",
      "provider": "provider[\"registry.terraform.io/bpg/proxmox\"]",
      "instances": [
        {
          "schema_version": 0,
          "attributes": {
            "cpu_count": [
              8
            ],
            "cpu_utilization": [
              0.18
            ],
            "id": "nodes",
            "memory_available": [
              64902361088
            ],
            "memory_used": [
              50983337984
            ],
            "names": [
              "pve3"
            ],
            "online": [
              true
            ],
            "ssl_fingerprints": [
              "FF:6B:DE:4A:4B:31:F0:E7:F5:CA:C6:7D:3D:7B:0B:D5:56:24:16:75:B0:D8:44:9D:46:E5:2C:7A:06:47:C9:DC"
            ],
            "support_levels": [
              ""
            ],
            "uptime": [
              588117
            ]
          },
          "sensitive_attributes": [],
          "identity_schema_version": 0
        }
      ]
    },
    {
      "mode": "managed",
      "type": "proxmox_virtual_environment_firewall_rules",
      "name": "container",
      "provider": "provider[\"registry.terraform.io/bpg/proxmox\"]",
      "instances": [
        {
          "index_key": "archon",
          "schema_version": 0,
          "attributes": {
            "container_id": 108,
            "id": "rule-1574040342",
            "node_name": "pve3",
            "rule": [
              {
                "action": "ACCEPT",
                "comment": "archon: SSH",
                "dest": "",
                "dport": "22",
                "enabled": true,
                "iface": "",
                "log": "nolog",
                "macro": "",
                "pos": 0,
                "proto": "tcp",
                "security_group": "",
                "source": "",
                "sport": "",
                "type": "in"
              },
              {
                "action": "ACCEPT",
                "comment": "archon: Archon UI",
                "dest": "",
                "dport": "3737",
                "enabled": true,
                "iface": "",
                "log": "nolog",
                "macro": "",
                "pos": 1,
                "proto": "tcp",
                "security_group": "",
                "source": "",
                "sport": "",
                "type": "in"
              },
              {
                "action": "ACCEPT",
                "comment": "archon: Archon server",
                "dest": "",
                "dport": "8181",
                "enabled": true,
                "iface": "",
                "log": "nolog",
                "macro": "",
                "pos": 2,
                "proto": "tcp",
                "security_group": "",
                "source": "",
                "sport": "",
                "type": "in"
              },
              {
                "action": "ACCEPT",
                "comment": "archon: Archon MCP",
                "dest": "",
                "dport": "8051",
                "enabled": true,
                "iface": "",
                "log": "nolog",
                "macro": "",
                "pos": 3,
                "proto": "tcp",
                "security_group": "",
                "source": "",
                "sport": "",
                "type": "in"
              }
            ],
            "vm_id": null
          },
          "sensitive_attributes": [],
          "identity_schema_version": 0,
          "private": "bnVsbA==",
          "dependencies": [
            "module.onepassword_secrets.data.onepassword_item.archon",
            "module.onepassword_secrets.data.onepassword_item.cloudflare",
            "module.onepassword_secrets.data.onepassword_item.elk",
            "module.onepassword_secrets.data.onepassword_item.exa",
            "module.onepassword_secrets.data.onepassword_item.github",
            "module.onepassword_secrets.data.onepassword_item.glitchtip",
            "module.onepassword_secrets.data.onepassword_item.grafana",
            "module.onepassword_secrets.data.onepassword_item.mcphub",
            "module.onepassword_secrets.data.onepassword_item.n8n",
            "module.onepassword_secrets.data.onepassword_item.proxmox",
            "module.onepassword_secrets.data.onepassword_item.supabase",
            "module.onepassword_secrets.data.onepassword_vault.this"
          ]
        },
        {
          "index_key": "coredns",
          "schema_version": 0,
          "attributes": {
            "container_id": 103,
            "id": "rule-118151339",
            "node_name": "pve3",
            "rule": [
              {
                "action": "ACCEPT",
                "comment": "coredns: SSH",
                "dest": "",
                "dport": "22",
                "enabled": true,
                "iface": "",
                "log": "nolog",
                "macro": "",
                "pos": 0,
                "proto": "tcp",
                "security_group": "",
                "source": "",
                "sport": "",
                "type": "in"
              },
              {
                "action": "ACCEPT",
                "comment": "coredns: DNS (TCP)",
                "dest": "",
                "dport": "53",
                "enabled": true,
                "iface": "",
                "log": "nolog",
                "macro": "",
                "pos": 1,
                "proto": "tcp",
                "security_group": "",
                "source": "",
                "sport": "",
                "type": "in"
              },
              {
                "action": "ACCEPT",
                "comment": "coredns: DNS (UDP)",
                "dest": "",
                "dport": "53",
                "enabled": true,
                "iface": "",
                "log": "nolog",
                "macro": "",
                "pos": 2,
                "proto": "udp",
                "security_group": "",
                "source": "",
                "sport": "",
                "type": "in"
              },
              {
                "action": "ACCEPT",
                "comment": "coredns: Health check",
                "dest": "",
                "dport": "8080",
                "enabled": true,
                "iface": "",
                "log": "nolog",
                "macro": "",
                "pos": 3,
                "proto": "tcp",
                "security_group": "",
                "source": "",
                "sport": "",
                "type": "in"
              }
            ],
            "vm_id": null
          },
          "sensitive_attributes": [],
          "identity_schema_version": 0,
          "private": "bnVsbA==",
          "dependencies": [
            "module.onepassword_secrets.data.onepassword_item.archon",
            "module.onepassword_secrets.data.onepassword_item.cloudflare",
            "module.onepassword_secrets.data.onepassword_item.elk",
            "module.onepassword_secrets.data.onepassword_item.exa",
            "module.onepassword_secrets.data.onepassword_item.github",
            "module.onepassword_secrets.data.onepassword_item.glitchtip",
            "module.onepassword_secrets.data.onepassword_item.grafana",
            "module.onepassword_secrets.data.onepassword_item.mcphub",
            "module.onepassword_secrets.data.onepassword_item.n8n",
            "module.onepassword_secrets.data.onepassword_item.proxmox",
            "module.onepassword_secrets.data.onepassword_item.supabase",
            "module.onepassword_secrets.data.onepassword_vault.this"
          ]
        },
        {
          "index_key": "elk",
          "schema_version": 0,
          "attributes": {
            "container_id": 105,
            "id": "rule-1419489615",
            "node_name": "pve3",
            "rule": [
              {
                "action": "ACCEPT",
                "comment": "elk: SSH",
                "dest": "",
                "dport": "22",
                "enabled": true,
                "iface": "",
                "log": "nolog",
                "macro": "",
                "pos": 0,
                "proto": "tcp",
                "security_group": "",
                "source": "",
                "sport": "",
                "type": "in"
              },
              {
                "action": "ACCEPT",
                "comment": "elk: Elasticsearch",
                "dest": "",
                "dport": "9200",
                "enabled": true,
                "iface": "",
                "log": "nolog",
                "macro": "",
                "pos": 1,
                "proto": "tcp",
                "security_group": "",
                "source": "",
                "sport": "",
                "type": "in"
              },
              {
                "action": "ACCEPT",
                "comment": "elk: Kibana",
                "dest": "",
                "dport": "5601",
                "enabled": true,
                "iface": "",
                "log": "nolog",
                "macro": "",
                "pos": 2,
                "proto": "tcp",
                "security_group": "",
                "source": "",
                "sport": "",
                "type": "in"
              },
              {
                "action": "ACCEPT",
                "comment": "elk: Logstash beats input",
                "dest": "",
                "dport": "5044",
                "enabled": true,
                "iface": "",
                "log": "nolog",
                "macro": "",
                "pos": 3,
                "proto": "tcp",
                "security_group": "",
                "source": "",
                "sport": "",
                "type": "in"
              },
              {
                "action": "ACCEPT",
                "comment": "elk: Logstash TCP input",
                "dest": "",
                "dport": "5000",
                "enabled": true,
                "iface": "",
                "log": "nolog",
                "macro": "",
                "pos": 4,
                "proto": "tcp",
                "security_group": "",
                "source": "",
                "sport": "",
                "type": "in"
              },
              {
                "action": "ACCEPT",
                "comment": "elk: Logstash Prometheus exporter",
                "dest": "",
                "dport": "9198",
                "enabled": true,
                "iface": "",
                "log": "nolog",
                "macro": "",
                "pos": 5,
                "proto": "tcp",
                "security_group": "",
                "source": "",
                "sport": "",
                "type": "in"
              }
            ],
            "vm_id": null
          },
          "sensitive_attributes": [],
          "identity_schema_version": 0,
          "private": "bnVsbA==",
          "dependencies": [
            "module.onepassword_secrets.data.onepassword_item.archon",
            "module.onepassword_secrets.data.onepassword_item.cloudflare",
            "module.onepassword_secrets.data.onepassword_item.elk",
            "module.onepassword_secrets.data.onepassword_item.exa",
            "module.onepassword_secrets.data.onepassword_item.github",
            "module.onepassword_secrets.data.onepassword_item.glitchtip",
            "module.onepassword_secrets.data.onepassword_item.grafana",
            "module.onepassword_secrets.data.onepassword_item.mcphub",
            "module.onepassword_secrets.data.onepassword_item.n8n",
            "module.onepassword_secrets.data.onepassword_item.proxmox",
            "module.onepassword_secrets.data.onepassword_item.supabase",
            "module.onepassword_secrets.data.onepassword_vault.this"
          ]
        },
        {
          "index_key": "glitchtip",
          "schema_version": 0,
          "attributes": {
            "container_id": 106,
            "id": "rule-2102592957",
            "node_name": "pve3",
            "rule": [
              {
                "action": "ACCEPT",
                "comment": "glitchtip: SSH",
                "dest": "",
                "dport": "22",
                "enabled": true,
                "iface": "",
                "log": "nolog",
                "macro": "",
                "pos": 0,
                "proto": "tcp",
                "security_group": "",
                "source": "",
                "sport": "",
                "type": "in"
              },
              {
                "action": "ACCEPT",
                "comment": "glitchtip: GlitchTip web",
                "dest": "",
                "dport": "8000",
                "enabled": true,
                "iface": "",
                "log": "nolog",
                "macro": "",
                "pos": 1,
                "proto": "tcp",
                "security_group": "",
                "source": "",
                "sport": "",
                "type": "in"
              }
            ],
            "vm_id": null
          },
          "sensitive_attributes": [],
          "identity_schema_version": 0,
          "private": "bnVsbA==",
          "dependencies": [
            "module.onepassword_secrets.data.onepassword_item.archon",
            "module.onepassword_secrets.data.onepassword_item.cloudflare",
            "module.onepassword_secrets.data.onepassword_item.elk",
            "module.onepassword_secrets.data.onepassword_item.exa",
            "module.onepassword_secrets.data.onepassword_item.github",
            "module.onepassword_secrets.data.onepassword_item.glitchtip",
            "module.onepassword_secrets.data.onepassword_item.grafana",
            "module.onepassword_secrets.data.onepassword_item.mcphub",
            "module.onepassword_secrets.data.onepassword_item.n8n",
            "module.onepassword_secrets.data.onepassword_item.proxmox",
            "module.onepassword_secrets.data.onepassword_item.supabase",
            "module.onepassword_secrets.data.onepassword_vault.this"
          ]
        },
        {
          "index_key": "grafana",
          "schema_version": 0,
          "attributes": {
            "container_id": 104,
            "id": "rule-4210237662",
            "node_name": "pve3",
            "rule": [
              {
                "action": "ACCEPT",
                "comment": "grafana: SSH",
                "dest": "",
                "dport": "22",
                "enabled": true,
                "iface": "",
                "log": "nolog",
                "macro": "",
                "pos": 0,
                "proto": "tcp",
                "security_group": "",
                "source": "",
                "sport": "",
                "type": "in"
              },
              {
                "action": "ACCEPT",
                "comment": "grafana: Grafana UI",
                "dest": "",
                "dport": "3000",
                "enabled": true,
                "iface": "",
                "log": "nolog",
                "macro": "",
                "pos": 1,
                "proto": "tcp",
                "security_group": "",
                "source": "",
                "sport": "",
                "type": "in"
              },
              {
                "action": "ACCEPT",
                "comment": "grafana: Prometheus",
                "dest": "",
                "dport": "9090",
                "enabled": true,
                "iface": "",
                "log": "nolog",
                "macro": "",
                "pos": 2,
                "proto": "tcp",
                "security_group": "",
                "source": "",
                "sport": "",
                "type": "in"
              }
            ],
            "vm_id": null
          },
          "sensitive_attributes": [],
          "identity_schema_version": 0,
          "private": "bnVsbA==",
          "dependencies": [
            "module.onepassword_secrets.data.onepassword_item.archon",
            "module.onepassword_secrets.data.onepassword_item.cloudflare",
            "module.onepassword_secrets.data.onepassword_item.elk",
            "module.onepassword_secrets.data.onepassword_item.exa",
            "module.onepassword_secrets.data.onepassword_item.github",
            "module.onepassword_secrets.data.onepassword_item.glitchtip",
            "module.onepassword_secrets.data.onepassword_item.grafana",
            "module.onepassword_secrets.data.onepassword_item.mcphub",
            "module.onepassword_secrets.data.onepassword_item.n8n",
            "module.onepassword_secrets.data.onepassword_item.proxmox",
            "module.onepassword_secrets.data.onepassword_item.supabase",
            "module.onepassword_secrets.data.onepassword_vault.this"
          ]
        },
        {
          "index_key": "runner",
          "schema_version": 0,
          "attributes": {
            "container_id": 101,
            "id": "rule-2158689736",
            "node_name": "pve3",
            "rule": [
              {
                "action": "ACCEPT",
                "comment": "runner: SSH",
                "dest": "",
                "dport": "22",
                "enabled": true,
                "iface": "",
                "log": "nolog",
                "macro": "",
                "pos": 0,
                "proto": "tcp",
                "security_group": "",
                "source": "",
                "sport": "",
                "type": "in"
              }
            ],
            "vm_id": null
          },
          "sensitive_attributes": [],
          "identity_schema_version": 0,
          "private": "bnVsbA==",
          "dependencies": [
            "module.onepassword_secrets.data.onepassword_item.archon",
            "module.onepassword_secrets.data.onepassword_item.cloudflare",
            "module.onepassword_secrets.data.onepassword_item.elk",
            "module.onepassword_secrets.data.onepassword_item.exa",
            "module.onepassword_secrets.data.onepassword_item.github",
            "module.onepassword_secrets.data.onepassword_item.glitchtip",
            "module.onepassword_secrets.data.onepassword_item.grafana",
            "module.onepassword_secrets.data.onepassword_item.mcphub",
            "module.onepassword_secrets.data.onepassword_item.n8n",
            "module.onepassword_secrets.data.onepassword_item.proxmox",
            "module.onepassword_secrets.data.onepassword_item.supabase",
            "module.onepassword_secrets.data.onepassword_vault.this"
          ]
        },
        {
          "index_key": "supabase",
          "schema_version": 0,
          "attributes": {
            "container_id": 107,
            "id": "rule-3543897132",
            "node_name": "pve3",
            "rule": [
              {
                "action": "ACCEPT",
                "comment": "supabase: SSH",
                "dest": "",
                "dport": "22",
                "enabled": true,
                "iface": "",
                "log": "nolog",
                "macro": "",
                "pos": 0,
                "proto": "tcp",
                "security_group": "",
                "source": "",
                "sport": "",
                "type": "in"
              },
              {
                "action": "ACCEPT",
                "comment": "supabase: Supabase Studio",
                "dest": "",
                "dport": "3000",
                "enabled": true,
                "iface": "",
                "log": "nolog",
                "macro": "",
                "pos": 1,
                "proto": "tcp",
                "security_group": "",
                "source": "",
                "sport": "",
                "type": "in"
              },
              {
                "action": "ACCEPT",
                "comment": "supabase: Supabase API",
                "dest": "",
                "dport": "8000",
                "enabled": true,
                "iface": "",
                "log": "nolog",
                "macro": "",
                "pos": 2,
                "proto": "tcp",
                "security_group": "",
                "source": "",
                "sport": "",
                "type": "in"
              },
              {
                "action": "ACCEPT",
                "comment": "supabase: PostgreSQL",
                "dest": "",
                "dport": "5432",
                "enabled": true,
                "iface": "",
                "log": "nolog",
                "macro": "",
                "pos": 3,
                "proto": "tcp",
                "security_group": "",
                "source": "",
                "sport": "",
                "type": "in"
              },
              {
                "action": "ACCEPT",
                "comment": "supabase: Supabase Realtime",
                "dest": "",
                "dport": "4000",
                "enabled": true,
                "iface": "",
                "log": "nolog",
                "macro": "",
                "pos": 4,
                "proto": "tcp",
                "security_group": "",
                "source": "",
                "sport": "",
                "type": "in"
              }
            ],
            "vm_id": null
          },
          "sensitive_attributes": [],
          "identity_schema_version": 0,
          "private": "bnVsbA==",
          "dependencies": [
            "module.onepassword_secrets.data.onepassword_item.archon",
            "module.onepassword_secrets.data.onepassword_item.cloudflare",
            "module.onepassword_secrets.data.onepassword_item.elk",
            "module.onepassword_secrets.data.onepassword_item.exa",
            "module.onepassword_secrets.data.onepassword_item.github",
            "module.onepassword_secrets.data.onepassword_item.glitchtip",
            "module.onepassword_secrets.data.onepassword_item.grafana",
            "module.onepassword_secrets.data.onepassword_item.mcphub",
            "module.onepassword_secrets.data.onepassword_item.n8n",
            "module.onepassword_secrets.data.onepassword_item.proxmox",
            "module.onepassword_secrets.data.onepassword_item.supabase",
            "module.onepassword_secrets.data.onepassword_vault.this"
          ]
        },
        {
          "index_key": "traefik",
          "schema_version": 0,
          "attributes": {
            "container_id": 102,
            "id": "rule-2841790778",
            "node_name": "pve3",
            "rule": [
              {
                "action": "ACCEPT",
                "comment": "traefik: SSH",
                "dest": "",
                "dport": "22",
                "enabled": true,
                "iface": "",
                "log": "nolog",
                "macro": "",
                "pos": 0,
                "proto": "tcp",
                "security_group": "",
                "source": "",
                "sport": "",
                "type": "in"
              },
              {
                "action": "ACCEPT",
                "comment": "traefik: HTTP ingress",
                "dest": "",
                "dport": "80",
                "enabled": true,
                "iface": "",
                "log": "nolog",
                "macro": "",
                "pos": 1,
                "proto": "tcp",
                "security_group": "",
                "source": "",
                "sport": "",
                "type": "in"
              },
              {
                "action": "ACCEPT",
                "comment": "traefik: HTTPS ingress",
                "dest": "",
                "dport": "443",
                "enabled": true,
                "iface": "",
                "log": "nolog",
                "macro": "",
                "pos": 2,
                "proto": "tcp",
                "security_group": "",
                "source": "",
                "sport": "",
                "type": "in"
              },
              {
                "action": "ACCEPT",
                "comment": "traefik: Traefik API",
                "dest": "",
                "dport": "8080",
                "enabled": true,
                "iface": "",
                "log": "nolog",
                "macro": "",
                "pos": 3,
                "proto": "tcp",
                "security_group": "",
                "source": "",
                "sport": "",
                "type": "in"
              }
            ],
            "vm_id": null
          },
          "sensitive_attributes": [],
          "identity_schema_version": 0,
          "private": "bnVsbA==",
          "dependencies": [
            "module.onepassword_secrets.data.onepassword_item.archon",
            "module.onepassword_secrets.data.onepassword_item.cloudflare",
            "module.onepassword_secrets.data.onepassword_item.elk",
            "module.onepassword_secrets.data.onepassword_item.exa",
            "module.onepassword_secrets.data.onepassword_item.github",
            "module.onepassword_secrets.data.onepassword_item.glitchtip",
            "module.onepassword_secrets.data.onepassword_item.grafana",
            "module.onepassword_secrets.data.onepassword_item.mcphub",
            "module.onepassword_secrets.data.onepassword_item.n8n",
            "module.onepassword_secrets.data.onepassword_item.proxmox",
            "module.onepassword_secrets.data.onepassword_item.supabase",
            "module.onepassword_secrets.data.onepassword_vault.this"
          ]
        }
      ]
    },
    {
      "mode": "managed",
      "type": "proxmox_virtual_environment_firewall_rules",
      "name": "vm",
      "provider": "provider[\"registry.terraform.io/bpg/proxmox\"]",
      "instances": [
        {
          "index_key": "jclee_dev",
          "schema_version": 0,
          "attributes": {
            "container_id": null,
            "id": "rule-3852870462",
            "node_name": "pve3",
            "rule": [
              {
                "action": "ACCEPT",
                "comment": "jclee_dev: SSH",
                "dest": "",
                "dport": "22",
                "enabled": true,
                "iface": "",
                "log": "nolog",
                "macro": "",
                "pos": 0,
                "proto": "tcp",
                "security_group": "",
                "source": "",
                "sport": "",
                "type": "in"
              },
              {
                "action": "ACCEPT",
                "comment": "jclee_dev: RDP",
                "dest": "",
                "dport": "3389",
                "enabled": true,
                "iface": "",
                "log": "nolog",
                "macro": "",
                "pos": 1,
                "proto": "tcp",
                "security_group": "",
                "source": "",
                "sport": "",
                "type": "in"
              }
            ],
            "vm_id": 200
          },
          "sensitive_attributes": [],
          "identity_schema_version": 0,
          "private": "bnVsbA==",
          "dependencies": [
            "module.onepassword_secrets.data.onepassword_item.archon",
            "module.onepassword_secrets.data.onepassword_item.cloudflare",
            "module.onepassword_secrets.data.onepassword_item.elk",
            "module.onepassword_secrets.data.onepassword_item.exa",
            "module.onepassword_secrets.data.onepassword_item.github",
            "module.onepassword_secrets.data.onepassword_item.glitchtip",
            "module.onepassword_secrets.data.onepassword_item.grafana",
            "module.onepassword_secrets.data.onepassword_item.mcphub",
            "module.onepassword_secrets.data.onepassword_item.n8n",
            "module.onepassword_secrets.data.onepassword_item.proxmox",
            "module.onepassword_secrets.data.onepassword_item.supabase",
            "module.onepassword_secrets.data.onepassword_vault.this"
          ]
        },
        {
          "index_key": "mcphub",
          "schema_version": 0,
          "attributes": {
            "container_id": null,
            "id": "rule-1018292819",
            "node_name": "pve3",
            "rule": [
              {
                "action": "ACCEPT",
                "comment": "mcphub: SSH",
                "dest": "",
                "dport": "22",
                "enabled": true,
                "iface": "",
                "log": "nolog",
                "macro": "",
                "pos": 0,
                "proto": "tcp",
                "security_group": "",
                "source": "",
                "sport": "",
                "type": "in"
              },
              {
                "action": "ACCEPT",
                "comment": "mcphub: MCPHub web",
                "dest": "",
                "dport": "3000",
                "enabled": true,
                "iface": "",
                "log": "nolog",
                "macro": "",
                "pos": 1,
                "proto": "tcp",
                "security_group": "",
                "source": "",
                "sport": "",
                "type": "in"
              },
              {
                "action": "ACCEPT",
                "comment": "mcphub: n8n",
                "dest": "",
                "dport": "5678",
                "enabled": true,
                "iface": "",
                "log": "nolog",
                "macro": "",
                "pos": 2,
                "proto": "tcp",
                "security_group": "",
                "source": "",
                "sport": "",
                "type": "in"
              },
              {
                "action": "ACCEPT",
                "comment": "mcphub: MCP server ports",
                "dest": "",
                "dport": "8055:8079",
                "enabled": true,
                "iface": "",
                "log": "nolog",
                "macro": "",
                "pos": 3,
                "proto": "tcp",
                "security_group": "",
                "source": "",
                "sport": "",
                "type": "in"
              }
            ],
            "vm_id": 112
          },
          "sensitive_attributes": [],
          "identity_schema_version": 0,
          "private": "bnVsbA==",
          "dependencies": [
            "module.onepassword_secrets.data.onepassword_item.archon",
            "module.onepassword_secrets.data.onepassword_item.cloudflare",
            "module.onepassword_secrets.data.onepassword_item.elk",
            "module.onepassword_secrets.data.onepassword_item.exa",
            "module.onepassword_secrets.data.onepassword_item.github",
            "module.onepassword_secrets.data.onepassword_item.glitchtip",
            "module.onepassword_secrets.data.onepassword_item.grafana",
            "module.onepassword_secrets.data.onepassword_item.mcphub",
            "module.onepassword_secrets.data.onepassword_item.n8n",
            "module.onepassword_secrets.data.onepassword_item.proxmox",
            "module.onepassword_secrets.data.onepassword_item.supabase",
            "module.onepassword_secrets.data.onepassword_vault.this"
          ]
        }
      ]
    },
    {
      "module": "module.config_renderer",
      "mode": "managed",
      "type": "local_file",
      "name": "rendered_configs",
      "provider": "provider[\"registry.terraform.io/hashicorp/local\"]",
      "instances": [
        {
          "index_key": "archon_docker_compose",
          "schema_version": 0,
          "attributes": {
            "content": "services:\n  archon-server:\n    build:\n      context: ./python\n      dockerfile: Dockerfile.server\n    container_name: archon-server\n    ports:\n      - \"8181:8181\"\n    environment:\n      - SUPABASE_URL=https://placeholder.supabase.local\n      - SUPABASE_ANON_KEY=eyJhbGciOiAiSFMyNTYiLCAidHlwIjogIkpXVCJ9.eyJyb2xlIjogImFub24iLCAiaXNzIjogInN1cGFiYXNlIiwgImlhdCI6IDE3NzE2MDA4MDAsICJleHAiOiAyMDg2OTYwODAwfQ.TiwflrKfacFVLlR2k7owaIPfJ8C75bwqRXqP0pzJY3o\n      - OPENAI_API_KEY=placeholder\n      - SERVICE_DISCOVERY_MODE=docker_compose\n      - LOG_LEVEL=INFO\n      - ARCHON_SERVER_PORT=8181\n      - ARCHON_MCP_PORT=8051\n      - ARCHON_UI_PORT=3737\n      - ARCHON_HOST=0.0.0.0\n    networks:\n      - app-network\n    command:\n      [\n        \"python\",\n        \"-m\",\n        \"uvicorn\",\n        \"src.server.main:app\",\n        \"--host\",\n        \"0.0.0.0\",\n        \"--port\",\n        \"8181\"\n      ]\n    healthcheck:\n      test: [\"CMD\", \"curl\", \"-f\", \"http://localhost:8181/health\"]\n      interval: 30s\n      timeout: 10s\n      retries: 3\n      start_period: 40s\n    restart: unless-stopped\n\n  archon-mcp:\n    build:\n      context: ./python\n      dockerfile: Dockerfile.mcp\n    container_name: archon-mcp\n    ports:\n      - \"8051:8051\"\n    environment:\n      - SUPABASE_URL=https://placeholder.supabase.local\n      - SUPABASE_ANON_KEY=eyJhbGciOiAiSFMyNTYiLCAidHlwIjogIkpXVCJ9.eyJyb2xlIjogImFub24iLCAiaXNzIjogInN1cGFiYXNlIiwgImlhdCI6IDE3NzE2MDA4MDAsICJleHAiOiAyMDg2OTYwODAwfQ.TiwflrKfacFVLlR2k7owaIPfJ8C75bwqRXqP0pzJY3o\n      - OPENAI_API_KEY=placeholder\n      - TRANSPORT=sse\n      - ARCHON_MCP_PORT=8051\n      - ARCHON_SERVER_PORT=8181\n    networks:\n      - app-network\n    depends_on:\n      archon-server:\n        condition: service_healthy\n    restart: unless-stopped\n\n  archon-frontend:\n    build: ./archon-ui-main\n    container_name: archon-ui\n    ports:\n      - \"3737:3737\"\n    environment:\n      - VITE_ARCHON_SERVER_PORT=8181\n      - ARCHON_SERVER_PORT=8181\n      - HOST=0.0.0.0\n      - PROD=false\n      - DOCKER_ENV=true\n    networks:\n      - app-network\n    depends_on:\n      archon-server:\n        condition: service_healthy\n    restart: unless-stopped\n\nnetworks:\n  app-network:\n    driver: bridge\n",
            "content_base64": null,
            "content_base64sha256": "48vqgXOFlhsajNdX/BZ7yjvk+buvX1gCD1bxQdQgrCE=",
            "content_base64sha512": "L7VgmnwOiARBuxzuql4zovuUlZ60E/G+U+wmbyJwpgqEnNSpjyRuVWRIoAuhxm8oj1MLh7QT4E/lPIWnp1H6qQ==",
            "content_md5": "defc20469a50de06536a5112a70687e5",
            "content_sha1": "9ce2e3941754e201624f2c5d71bde158e51d4d1f",
            "content_sha256": "e3cbea817385961b1a8cd757fc167bca3be4f9bbaf5f58020f56f141d420ac21",
            "content_sha512": "2fb5609a7c0e880441bb1ceeaa5e33a2fb94959eb413f1be53ec266f2270a60a849cd4a98f246e556448a00ba1c66f288f530b87b413e04fe53c85a7a751faa9",
            "directory_permission": "0777",
            "file_permission": "0777",
            "filename": "./configs/rendered/archon/docker-compose.yml",
            "id": "9ce2e3941754e201624f2c5d71bde158e51d4d1f",
            "sensitive_content": null,
            "source": null
          },
          "sensitive_attributes": [
            [
              {
                "type": "get_attr",
                "value": "content"
              }
            ],
            [
              {
                "type": "get_attr",
                "value": "sensitive_content"
              }
            ]
          ],
          "identity_schema_version": 0,
          "dependencies": [
            "module.onepassword_secrets.data.onepassword_item.archon",
            "module.onepassword_secrets.data.onepassword_item.cloudflare",
            "module.onepassword_secrets.data.onepassword_item.elk",
            "module.onepassword_secrets.data.onepassword_item.exa",
            "module.onepassword_secrets.data.onepassword_item.github",
            "module.onepassword_secrets.data.onepassword_item.glitchtip",
            "module.onepassword_secrets.data.onepassword_item.grafana",
            "module.onepassword_secrets.data.onepassword_item.mcphub",
            "module.onepassword_secrets.data.onepassword_item.n8n",
            "module.onepassword_secrets.data.onepassword_item.proxmox",
            "module.onepassword_secrets.data.onepassword_item.splunk",
            "module.onepassword_secrets.data.onepassword_item.supabase",
            "module.onepassword_secrets.data.onepassword_vault.this"
          ]
        },
        {
          "index_key": "archon_env",
          "schema_version": 0,
          "attributes": {
            "content": "# Archon AI - Terraform Rendered Environment Configuration\n# Generated by Terraform. DO NOT EDIT MANUALLY.\n# Template: 108-archon/templates/.env.tftpl\n\n# Supabase Connection (Required)\nSUPABASE_URL=https://placeholder.supabase.local\nSUPABASE_ANON_KEY=eyJhbGciOiAiSFMyNTYiLCAidHlwIjogIkpXVCJ9.eyJyb2xlIjogImFub24iLCAiaXNzIjogInN1cGFiYXNlIiwgImlhdCI6IDE3NzE2MDA4MDAsICJleHAiOiAyMDg2OTYwODAwfQ.TiwflrKfacFVLlR2k7owaIPfJ8C75bwqRXqP0pzJY3o\nOPENAI_API_KEY=placeholder\n\n# Service Ports Configuration\nHOST=0.0.0.0\nARCHON_SERVER_PORT=8181\nARCHON_MCP_PORT=8051\nARCHON_AGENTS_PORT=8052\nARCHON_UI_PORT=3737\nAGENT_WORK_ORDERS_PORT=8053\n\n# Feature Flags\nENABLE_AGENT_WORK_ORDERS=false\nLOG_LEVEL=INFO\nPROD=false\n\n# MCP Server Monitoring (HTTP mode - secure, no Docker socket)\nENABLE_DOCKER_SOCKET_MONITORING=false\nMCP_HEALTH_CHECK_TIMEOUT=5\n\n# Service Discovery (Docker Compose mode for container networking)\nSERVICE_DISCOVERY_MODE=docker_compose\nSTATE_STORAGE_TYPE=file\nFILE_STATE_DIRECTORY=agent-work-orders-state\n",
            "content_base64": null,
            "content_base64sha256": "ie9syflPDMGzu089K3w87TBIg7cActsP+vfaNM2t2ag=",
            "content_base64sha512": "bMFRNI1dM6UrqeWgx1YrgJfYVSkkRB0OOOgFopd99wQkEWwEdvk53ADrh18/o7i85ssJam65c16GpG6sjO9Zdg==",
            "content_md5": "7bd866c8069113558674fc925eccf010",
            "content_sha1": "0b95e9ec60d21093b11926b53ea75e4dc654703e",
            "content_sha256": "89ef6cc9f94f0cc1b3bb4f3d2b7c3ced304883b70072db0ffaf7da34cdadd9a8",
            "content_sha512": "6cc151348d5d33a52ba9e5a0c7562b8097d8552924441d0e38e805a2977df70424116c0476f939dc00eb875f3fa3b8bce6cb096a6eb9735e86a46eac8cef5976",
            "directory_permission": "0777",
            "file_permission": "0777",
            "filename": "./configs/rendered/archon/.env",
            "id": "0b95e9ec60d21093b11926b53ea75e4dc654703e",
            "sensitive_content": null,
            "source": null
          },
          "sensitive_attributes": [
            [
              {
                "type": "get_attr",
                "value": "content"
              }
            ],
            [
              {
                "type": "get_attr",
                "value": "sensitive_content"
              }
            ]
          ],
          "identity_schema_version": 0,
          "dependencies": [
            "module.onepassword_secrets.data.onepassword_item.archon",
            "module.onepassword_secrets.data.onepassword_item.cloudflare",
            "module.onepassword_secrets.data.onepassword_item.elk",
            "module.onepassword_secrets.data.onepassword_item.exa",
            "module.onepassword_secrets.data.onepassword_item.github",
            "module.onepassword_secrets.data.onepassword_item.glitchtip",
            "module.onepassword_secrets.data.onepassword_item.grafana",
            "module.onepassword_secrets.data.onepassword_item.mcphub",
            "module.onepassword_secrets.data.onepassword_item.n8n",
            "module.onepassword_secrets.data.onepassword_item.proxmox",
            "module.onepassword_secrets.data.onepassword_item.splunk",
            "module.onepassword_secrets.data.onepassword_item.supabase",
            "module.onepassword_secrets.data.onepassword_vault.this"
          ]
        },
        {
          "index_key": "archon_filebeat",
          "schema_version": 0,
          "attributes": {
            "content": "# Filebeat configuration for 108-archon (AI Knowledge Management)\n# Rendered by Terraform - DO NOT EDIT MANUALLY\n\nfilebeat.autodiscover:\n  providers:\n    - type: docker\n      hints.enabled: true\n\nfilebeat.inputs:\n  # Docker container logs (archon-server, archon-mcp, archon-ui)\n  - type: filestream\n    id: docker-containers\n    paths:\n      - /var/lib/docker/containers/*/*.log\n    parsers:\n      - container: {}\n    prospector.scanner.symlinks: true\n    fields:\n      service: archon\n      host_role: archon\n    fields_under_root: false\n\n  # System logs\n  - type: filestream\n    id: system-logs\n    paths:\n      - /var/log/*.log\n      - /var/log/syslog\n    fields:\n      service: system\n      host_role: archon\n    fields_under_root: false\n\nprocessors:\n  - add_host_metadata: ~\n  - add_docker_metadata:\n      host: \"unix:///var/run/docker.sock\"\n\noutput.logstash:\n  hosts: [\"192.168.50.105:5044\"]\n\nfilebeat.registry.path: /var/lib/filebeat/registry\nlogging.level: info\nlogging.to_files: true\nlogging.files:\n  path: /var/log/filebeat\n  name: filebeat\n  keepfiles: 7\n\nmax_message_bytes: 999999\n",
            "content_base64": null,
            "content_base64sha256": "CZjlL1b04itjpchf58e5y026xKwJFIThxK6XEEeHB2w=",
            "content_base64sha512": "Yhn4FJIOSAVPIDA0l8LpA70o362ofOJ889tBNXzg7jX8b+GQAWsAxu50W/LO+pKSRFqWM9cya44J59iBTBTS5g==",
            "content_md5": "0d43b46cb469f3622c4257ae1f9e094a",
            "content_sha1": "ab21d5c8ff8c143e428cfefb147838e2f67d6084",
            "content_sha256": "0998e52f56f4e22b63a5c85fe7c7b9cb4dbac4ac091484e1c4ae97104787076c",
            "content_sha512": "6219f814920e48054f20303497c2e903bd28dfada87ce27cf3db41357ce0ee35fc6fe190016b00c6ee745bf2cefa9292445a9633d7326b8e09e7d8814c14d2e6",
            "directory_permission": "0777",
            "file_permission": "0777",
            "filename": "./configs/rendered/archon/filebeat.yml",
            "id": "ab21d5c8ff8c143e428cfefb147838e2f67d6084",
            "sensitive_content": null,
            "source": null
          },
          "sensitive_attributes": [
            [
              {
                "type": "get_attr",
                "value": "content"
              }
            ],
            [
              {
                "type": "get_attr",
                "value": "sensitive_content"
              }
            ]
          ],
          "identity_schema_version": 0,
          "dependencies": [
            "module.onepassword_secrets.data.onepassword_item.archon",
            "module.onepassword_secrets.data.onepassword_item.cloudflare",
            "module.onepassword_secrets.data.onepassword_item.elk",
            "module.onepassword_secrets.data.onepassword_item.exa",
            "module.onepassword_secrets.data.onepassword_item.github",
            "module.onepassword_secrets.data.onepassword_item.glitchtip",
            "module.onepassword_secrets.data.onepassword_item.grafana",
            "module.onepassword_secrets.data.onepassword_item.mcphub",
            "module.onepassword_secrets.data.onepassword_item.n8n",
            "module.onepassword_secrets.data.onepassword_item.proxmox",
            "module.onepassword_secrets.data.onepassword_item.splunk",
            "module.onepassword_secrets.data.onepassword_item.supabase",
            "module.onepassword_secrets.data.onepassword_vault.this"
          ]
        },
        {
          "index_key": "coredns_corefile",
          "schema_version": 0,
          "attributes": {
            "content": "# CoreDNS configuration for split DNS\n# Resolves *.jclee.me to Traefik for internal clients\n# Resolves *.homelab.local to individual host IPs\n# Rendered by Terraform - DO NOT EDIT MANUALLY\n\njclee.me:53 {\n    template IN A {\n        answer \"{{ .Name }} 60 IN A 192.168.50.102\"\n    }\n    template IN AAAA {\n        rcode NOERROR\n    }\n    log\n}\n\nhomelab.local:53 {\n    hosts {\n        192.168.50.108 archon.homelab.local\n        192.168.50.103 coredns.homelab.local\n        192.168.50.105 elk.homelab.local\n        192.168.50.106 glitchtip.homelab.local\n        192.168.50.104 grafana.homelab.local\n        192.168.50.80 jclee.homelab.local\n        192.168.50.200 jclee-dev.homelab.local\n        192.168.50.112 mcphub.homelab.local\n        192.168.50.109 ollama.homelab.local\n        192.168.50.100 pve.homelab.local\n        192.168.50.101 runner.homelab.local\n        192.168.50.107 supabase.homelab.local\n        192.168.50.215 synology.homelab.local\n        192.168.50.102 traefik.homelab.local\n        192.168.50.220 youtube.homelab.local\n        fallthrough\n    }\n    log\n}\n\n.:53 {\n    forward . 1.1.1.1 8.8.8.8\n    cache 300\n    log\n    errors\n    health :8080\n    ready :8181\n}\n",
            "content_base64": null,
            "content_base64sha256": "/BTJ9rmVwP9uz9qxXw/x1zStQZ2nvG2dkps0zmjTwak=",
            "content_base64sha512": "c3/TQujvu4Cm5jaaYi07C2qlhUlwhBFLSmReeFbU1zHAplXhiCwhxq0z05u4yRVS3rCUjFuxBPr+pQfaTn0+0w==",
            "content_md5": "b4d8c8261db92cd3acf9293a2a11dd16",
            "content_sha1": "c9f6c5f45a404dc46147e46da87760b93cb9706c",
            "content_sha256": "fc14c9f6b995c0ff6ecfdab15f0ff1d734ad419da7bc6d9d929b34ce68d3c1a9",
            "content_sha512": "737fd342e8efbb80a6e6369a622d3b0b6aa585497084114b4a645e7856d4d731c0a655e1882c21c6ad33d39bb8c91552deb0948c5bb104fafea507da4e7d3ed3",
            "directory_permission": "0777",
            "file_permission": "0777",
            "filename": "./configs/rendered/coredns/Corefile",
            "id": "c9f6c5f45a404dc46147e46da87760b93cb9706c",
            "sensitive_content": null,
            "source": null
          },
          "sensitive_attributes": [
            [
              {
                "type": "get_attr",
                "value": "content"
              }
            ],
            [
              {
                "type": "get_attr",
                "value": "sensitive_content"
              }
            ]
          ],
          "identity_schema_version": 0,
          "dependencies": [
            "module.onepassword_secrets.data.onepassword_item.archon",
            "module.onepassword_secrets.data.onepassword_item.cloudflare",
            "module.onepassword_secrets.data.onepassword_item.elk",
            "module.onepassword_secrets.data.onepassword_item.exa",
            "module.onepassword_secrets.data.onepassword_item.github",
            "module.onepassword_secrets.data.onepassword_item.glitchtip",
            "module.onepassword_secrets.data.onepassword_item.grafana",
            "module.onepassword_secrets.data.onepassword_item.mcphub",
            "module.onepassword_secrets.data.onepassword_item.n8n",
            "module.onepassword_secrets.data.onepassword_item.proxmox",
            "module.onepassword_secrets.data.onepassword_item.splunk",
            "module.onepassword_secrets.data.onepassword_item.supabase",
            "module.onepassword_secrets.data.onepassword_vault.this"
          ]
        },
        {
          "index_key": "coredns_docker_compose",
          "schema_version": 0,
          "attributes": {
            "content": "# CoreDNS Docker Compose for 103-coredns (Split DNS Resolver)\n# Rendered by Terraform - DO NOT EDIT MANUALLY\n\nservices:\n  coredns:\n    image: coredns/coredns:latest\n    container_name: coredns\n    restart: unless-stopped\n    command: -conf /etc/coredns/Corefile\n    network_mode: host\n    volumes:\n      - /opt/coredns/Corefile:/etc/coredns/Corefile:ro\n    logging:\n      driver: json-file\n      options:\n        max-size: \"10m\"\n        max-file: \"3\"\n",
            "content_base64": null,
            "content_base64sha256": "zIwxOV+LweHNBINYNgi6UEAzoxDqqIFkTupZOMoT6Tw=",
            "content_base64sha512": "IDfnYXtljqqvjvPB5ftv8Kpnj3JkBcI0umHeQLO+ag/hmCO7UZk4vm2gRx80VYA/hcKogevzFHiLtg+a4LREvw==",
            "content_md5": "f0e185f9aeca9e515d6218cabd2e90eb",
            "content_sha1": "d7eab3ccae443d5dd8bc5b196940d2351a406316",
            "content_sha256": "cc8c31395f8bc1e1cd0483583608ba504033a310eaa881644eea5938ca13e93c",
            "content_sha512": "2037e7617b658eaaaf8ef3c1e5fb6ff0aa678f726405c234ba61de40b3be6a0fe19823bb519938be6da0471f3455803f85c2a881ebf314788bb60f9ae0b444bf",
            "directory_permission": "0777",
            "file_permission": "0777",
            "filename": "./configs/rendered/coredns/docker-compose.yml",
            "id": "d7eab3ccae443d5dd8bc5b196940d2351a406316",
            "sensitive_content": null,
            "source": null
          },
          "sensitive_attributes": [
            [
              {
                "type": "get_attr",
                "value": "content"
              }
            ],
            [
              {
                "type": "get_attr",
                "value": "sensitive_content"
              }
            ]
          ],
          "identity_schema_version": 0,
          "dependencies": [
            "module.onepassword_secrets.data.onepassword_item.archon",
            "module.onepassword_secrets.data.onepassword_item.cloudflare",
            "module.onepassword_secrets.data.onepassword_item.elk",
            "module.onepassword_secrets.data.onepassword_item.exa",
            "module.onepassword_secrets.data.onepassword_item.github",
            "module.onepassword_secrets.data.onepassword_item.glitchtip",
            "module.onepassword_secrets.data.onepassword_item.grafana",
            "module.onepassword_secrets.data.onepassword_item.mcphub",
            "module.onepassword_secrets.data.onepassword_item.n8n",
            "module.onepassword_secrets.data.onepassword_item.proxmox",
            "module.onepassword_secrets.data.onepassword_item.splunk",
            "module.onepassword_secrets.data.onepassword_item.supabase",
            "module.onepassword_secrets.data.onepassword_vault.this"
          ]
        },
        {
          "index_key": "coredns_filebeat",
          "schema_version": 0,
          "attributes": {
            "content": "# Filebeat configuration for 103-coredns (Split DNS Resolver)\n# Rendered by Terraform - DO NOT EDIT MANUALLY\n\nfilebeat.autodiscover:\n  providers:\n    - type: docker\n      hints.enabled: true\n\nfilebeat.inputs:\n  # Docker container logs (coredns)\n  - type: filestream\n    id: docker-containers\n    paths:\n      - /var/lib/docker/containers/*/*.log\n    parsers:\n      - container: {}\n    prospector.scanner.symlinks: true\n    fields:\n      service: coredns\n      host_role: coredns\n    fields_under_root: false\n\n  # System logs\n  - type: filestream\n    id: system-logs\n    paths:\n      - /var/log/*.log\n      - /var/log/syslog\n    fields:\n      service: system\n      host_role: coredns\n    fields_under_root: false\n\nprocessors:\n  - add_host_metadata: ~\n  - add_docker_metadata:\n      host: \"unix:///var/run/docker.sock\"\n\noutput.logstash:\n  hosts: [\"192.168.50.105:5044\"]\n\nfilebeat.registry.path: /var/lib/filebeat/registry\nlogging.level: info\nlogging.to_files: true\nlogging.files:\n  path: /var/log/filebeat\n  name: filebeat\n  keepfiles: 7\n\nmax_message_bytes: 999999\n",
            "content_base64": null,
            "content_base64sha256": "IiWv1XNH9wU0Bd4wsY1xUh01rms/wd2xMf5kYmHUG28=",
            "content_base64sha512": "qtrhnLBSgGBiDVt4URgwIS3zH/h1qugiYq5kUOn5gsDqHE9LxoICvvxMc6KWBo84l+S8u3RHwwylBMpSnxolZg==",
            "content_md5": "4cc1dd3eefaca4ce33fb225265585a10",
            "content_sha1": "0ef2a893aa1ffb1ecf2e40e085516e117765133a",
            "content_sha256": "2225afd57347f7053405de30b18d71521d35ae6b3fc1ddb131fe646261d41b6f",
            "content_sha512": "aadae19cb0528060620d5b78511830212df31ff875aae82262ae6450e9f982c0ea1c4f4bc68202befc4c73a296068f3897e4bcbb7447c30ca504ca529f1a2566",
            "directory_permission": "0777",
            "file_permission": "0777",
            "filename": "./configs/rendered/coredns/filebeat.yml",
            "id": "0ef2a893aa1ffb1ecf2e40e085516e117765133a",
            "sensitive_content": null,
            "source": null
          },
          "sensitive_attributes": [
            [
              {
                "type": "get_attr",
                "value": "content"
              }
            ],
            [
              {
                "type": "get_attr",
                "value": "sensitive_content"
              }
            ]
          ],
          "identity_schema_version": 0,
          "dependencies": [
            "module.onepassword_secrets.data.onepassword_item.archon",
            "module.onepassword_secrets.data.onepassword_item.cloudflare",
            "module.onepassword_secrets.data.onepassword_item.elk",
            "module.onepassword_secrets.data.onepassword_item.exa",
            "module.onepassword_secrets.data.onepassword_item.github",
            "module.onepassword_secrets.data.onepassword_item.glitchtip",
            "module.onepassword_secrets.data.onepassword_item.grafana",
            "module.onepassword_secrets.data.onepassword_item.mcphub",
            "module.onepassword_secrets.data.onepassword_item.n8n",
            "module.onepassword_secrets.data.onepassword_item.proxmox",
            "module.onepassword_secrets.data.onepassword_item.splunk",
            "module.onepassword_secrets.data.onepassword_item.supabase",
            "module.onepassword_secrets.data.onepassword_vault.this"
          ]
        },
        {
          "index_key": "elk_docker_compose",
          "schema_version": 0,
          "attributes": {
            "content": "services:\n  elasticsearch:\n    image: docker.elastic.co/elasticsearch/elasticsearch:8.17.0\n    container_name: elasticsearch\n    environment:\n      - node.name=elasticsearch\n      - cluster.name=homelab-elk\n      - discovery.type=single-node\n      - xpack.security.enabled=true\n      - xpack.security.http.ssl.enabled=false\n      - xpack.security.transport.ssl.enabled=false\n      - ELASTIC_PASSWORD=I93bmZ/uT3haNpdL9GJ+neTf\n      - \"ES_JAVA_OPTS=-Xms3g -Xmx3g\"\n      - path.repo=/usr/share/elasticsearch/data/backup\n    volumes:\n      - elasticsearch_data:/usr/share/elasticsearch/data\n    ports:\n      - \"9200:9200\"\n      - \"9300:9300\"\n    networks:\n      - elk\n    healthcheck:\n      test: [\"CMD-SHELL\", \"curl -s -u elastic:I93bmZ/uT3haNpdL9GJ+neTf http://localhost:9200/_cluster/health | grep -q 'green\\\\|yellow'\"]\n      interval: 30s\n      timeout: 10s\n      retries: 5\n    deploy:\n      resources:\n        limits:\n          memory: 4G\n          cpus: '2.00'\n    logging:\n      driver: json-file\n      options:\n        max-size: \"50m\"\n        max-file: \"5\"\n    restart: unless-stopped\n\n  setup:\n    image: docker.elastic.co/elasticsearch/elasticsearch:8.17.0\n    container_name: elk-setup\n    depends_on:\n      elasticsearch:\n        condition: service_healthy\n    environment:\n      - ELASTIC_PASSWORD=I93bmZ/uT3haNpdL9GJ+neTf\n      - KIBANA_PASSWORD=bp8xTk6gkq/bqQ6QqssXTJRa\n    networks:\n      - elk\n    command: \u003e\n      bash -c '\n        echo \"Setting kibana_system password...\";\n        until curl -s -u \"elastic:${ELASTIC_PASSWORD}\" http://elasticsearch:9200 | grep -q \"cluster_name\"; do sleep 5; done;\n        curl -s -X POST -u \"elastic:${ELASTIC_PASSWORD}\" \\\n          -H \"Content-Type: application/json\" \\\n          http://elasticsearch:9200/_security/user/kibana_system/_password \\\n          -d \"{\\\"password\\\":\\\"${KIBANA_PASSWORD}\\\"}\" | grep -q \"^{}\" \u0026\u0026 echo \"kibana_system password set\" || echo \"kibana_system password already configured\";\n        echo \"Setup complete!\";\n      '\n    deploy:\n      resources:\n        limits:\n          memory: 512M\n          cpus: '0.25'\n    restart: \"no\"\n\n  logstash:\n    build:\n      context: ./config\n      dockerfile: Dockerfile.logstash\n    image: homelab/logstash:8.17.0-prometheus\n    container_name: logstash\n    volumes:\n      - ./config/logstash.conf:/usr/share/logstash/pipeline/logstash.conf:ro\n      - ./config/logstash.yml:/usr/share/logstash/config/logstash.yml:ro\n      - logstash_dlq:/usr/share/logstash/dlq\n    ports:\n      - \"5044:5044\"\n      - \"5000:5000\"\n      - \"8080:8080\"\n      - \"9600:9600\"\n\n    environment:\n      - \"LS_JAVA_OPTS=-Xms512m -Xmx512m\"\n      - ELASTICSEARCH_USERNAME=elastic\n      - ELASTICSEARCH_PASSWORD=I93bmZ/uT3haNpdL9GJ+neTf\n    networks:\n      - elk\n    depends_on:\n      elasticsearch:\n        condition: service_healthy\n      setup:\n        condition: service_completed_successfully\n    healthcheck:\n      test: [\"CMD-SHELL\", \"curl -sf http://localhost:9600/_node/stats | grep -q 'host'\"]\n      interval: 30s\n      timeout: 10s\n      retries: 5\n      start_period: 60s\n    deploy:\n      resources:\n        limits:\n          memory: 1G\n          cpus: '1.00'\n    logging:\n      driver: json-file\n      options:\n        max-size: \"50m\"\n        max-file: \"5\"\n    restart: unless-stopped\n\n  logstash-exporter:\n    image: kuskoman/logstash-exporter:v1.9.1\n    container_name: logstash-exporter\n    environment:\n      - LOGSTASH_URL=http://logstash:9600\n    ports:\n      - \"9198:9198\"\n    networks:\n      - elk\n    depends_on:\n      logstash:\n        condition: service_healthy\n    deploy:\n      resources:\n        limits:\n          memory: 64M\n          cpus: '0.10'\n    logging:\n      driver: json-file\n      options:\n        max-size: \"10m\"\n        max-file: \"3\"\n    restart: unless-stopped\n\n\n  kibana:\n    image: docker.elastic.co/kibana/kibana:8.17.0\n    container_name: kibana\n    environment:\n      - ELASTICSEARCH_HOSTS=http://elasticsearch:9200\n      - ELASTICSEARCH_USERNAME=kibana_system\n      - ELASTICSEARCH_PASSWORD=bp8xTk6gkq/bqQ6QqssXTJRa\n      - SERVER_NAME=kibana\n      - SERVER_HOST=0.0.0.0\n    ports:\n      - \"5601:5601\"\n    networks:\n      - elk\n    depends_on:\n      elasticsearch:\n        condition: service_healthy\n      setup:\n        condition: service_completed_successfully\n    healthcheck:\n      test: [\"CMD-SHELL\", \"curl -s http://localhost:5601/api/status | grep -q 'available'\"]\n      interval: 30s\n      timeout: 10s\n      retries: 5\n    deploy:\n      resources:\n        limits:\n          memory: 1G\n          cpus: '0.50'\n    logging:\n      driver: json-file\n      options:\n        max-size: \"50m\"\n        max-file: \"5\"\n    restart: unless-stopped\n\nvolumes:\n  elasticsearch_data:\n    driver: local\n  logstash_dlq:\n    driver: local\n\nnetworks:\n  elk:\n    driver: bridge\n",
            "content_base64": null,
            "content_base64sha256": "u4m9vhcTbIVhtjFQ/2ijldxL8NSamYR7yB77dDR1H3k=",
            "content_base64sha512": "WNuKi9rlqKsn08Bfy6R2uFqMPo3FSaJcqeLXBJCPcXEG/GMJ1PNgyE6fCB8vuDQPUNjqB+otv38N672WwsBPfw==",
            "content_md5": "197e5d4554dee5855df28c5800b93ca0",
            "content_sha1": "e28e00e98032fbf627ba989121d67fdd02173580",
            "content_sha256": "bb89bdbe17136c8561b63150ff68a395dc4bf0d49a99847bc81efb7434751f79",
            "content_sha512": "58db8a8bdae5a8ab27d3c05fcba476b85a8c3e8dc549a25ca9e2d704908f717106fc6309d4f360c84e9f081f2fb8340f50d8ea07ea2dbf7f0debbd96c2c04f7f",
            "directory_permission": "0777",
            "file_permission": "0777",
            "filename": "./configs/rendered/elk/docker-compose.yml",
            "id": "e28e00e98032fbf627ba989121d67fdd02173580",
            "sensitive_content": null,
            "source": null
          },
          "sensitive_attributes": [
            [
              {
                "type": "get_attr",
                "value": "content"
              }
            ],
            [
              {
                "type": "get_attr",
                "value": "sensitive_content"
              }
            ]
          ],
          "identity_schema_version": 0,
          "dependencies": [
            "module.onepassword_secrets.data.onepassword_item.archon",
            "module.onepassword_secrets.data.onepassword_item.cloudflare",
            "module.onepassword_secrets.data.onepassword_item.elk",
            "module.onepassword_secrets.data.onepassword_item.exa",
            "module.onepassword_secrets.data.onepassword_item.github",
            "module.onepassword_secrets.data.onepassword_item.glitchtip",
            "module.onepassword_secrets.data.onepassword_item.grafana",
            "module.onepassword_secrets.data.onepassword_item.mcphub",
            "module.onepassword_secrets.data.onepassword_item.n8n",
            "module.onepassword_secrets.data.onepassword_item.proxmox",
            "module.onepassword_secrets.data.onepassword_item.splunk",
            "module.onepassword_secrets.data.onepassword_item.supabase",
            "module.onepassword_secrets.data.onepassword_vault.this"
          ]
        },
        {
          "index_key": "elk_dockerfile_logstash",
          "schema_version": 0,
          "attributes": {
            "content": "FROM docker.elastic.co/logstash/logstash:8.17.0\n\n# Prometheus metrics are exposed via the logstash-exporter sidecar (port 9198).\n# Keep the base image unmodified to avoid JRuby plugin instability in LXC.\n",
            "content_base64": null,
            "content_base64sha256": "ENbnpwVou8sopSFnlYv3pIiqya1lf55Go/RvWy75X68=",
            "content_base64sha512": "JD/LpvjelpXZMhDeN5hdAlD3EWzdx/JfhNgQu03fW3tSLMBEYNsy1rXF7u85rh4IJ8zmQKp7K79K6LTRqq0S7w==",
            "content_md5": "b3ff24f261f4bf0fe453b3fbaa63399d",
            "content_sha1": "0f7f8031c48bee394f50d3da0cf96e0f7a5ddc76",
            "content_sha256": "10d6e7a70568bbcb28a52167958bf7a488aac9ad657f9e46a3f46f5b2ef95faf",
            "content_sha512": "243fcba6f8de9695d93210de37985d0250f7116cddc7f25f84d810bb4ddf5b7b522cc04460db32d6b5c5eeef39ae1e0827cce640aa7b2bbf4ae8b4d1aaad12ef",
            "directory_permission": "0777",
            "file_permission": "0777",
            "filename": "./configs/rendered/elk/Dockerfile.logstash",
            "id": "0f7f8031c48bee394f50d3da0cf96e0f7a5ddc76",
            "sensitive_content": null,
            "source": null
          },
          "sensitive_attributes": [
            [
              {
                "type": "get_attr",
                "value": "content"
              }
            ],
            [
              {
                "type": "get_attr",
                "value": "sensitive_content"
              }
            ]
          ],
          "identity_schema_version": 0,
          "dependencies": [
            "module.onepassword_secrets.data.onepassword_item.archon",
            "module.onepassword_secrets.data.onepassword_item.cloudflare",
            "module.onepassword_secrets.data.onepassword_item.elk",
            "module.onepassword_secrets.data.onepassword_item.exa",
            "module.onepassword_secrets.data.onepassword_item.github",
            "module.onepassword_secrets.data.onepassword_item.glitchtip",
            "module.onepassword_secrets.data.onepassword_item.grafana",
            "module.onepassword_secrets.data.onepassword_item.mcphub",
            "module.onepassword_secrets.data.onepassword_item.n8n",
            "module.onepassword_secrets.data.onepassword_item.proxmox",
            "module.onepassword_secrets.data.onepassword_item.splunk",
            "module.onepassword_secrets.data.onepassword_item.supabase",
            "module.onepassword_secrets.data.onepassword_vault.this"
          ]
        },
        {
          "index_key": "elk_filebeat",
          "schema_version": 0,
          "attributes": {
            "content": "# Filebeat configuration for 105-elk (ELK Stack)\n# Rendered by Terraform - DO NOT EDIT MANUALLY\n\nfilebeat.autodiscover:\n  providers:\n    - type: docker\n      hints.enabled: true\n\nfilebeat.inputs:\n  # Docker container logs (elasticsearch, logstash, kibana)\n  - type: filestream\n    id: docker-containers\n    paths:\n      - /var/lib/docker/containers/*/*.log\n    parsers:\n      - container: {}\n    prospector.scanner.symlinks: true\n    fields:\n      service: elk\n      host_role: elk\n    fields_under_root: false\n\n  # System logs\n  - type: filestream\n    id: system-logs\n    paths:\n      - /var/log/*.log\n      - /var/log/syslog\n    fields:\n      service: system\n      host_role: elk\n    fields_under_root: false\n\nprocessors:\n  - add_host_metadata: ~\n  - add_docker_metadata:\n      host: \"unix:///var/run/docker.sock\"\n\noutput.logstash:\n  hosts: [\"192.168.50.105:5044\"]\n\nfilebeat.registry.path: /var/lib/filebeat/registry\nlogging.level: info\nlogging.to_files: true\nlogging.files:\n  path: /var/log/filebeat\n  name: filebeat\n  keepfiles: 7\n\nmax_message_bytes: 999999\n",
            "content_base64": null,
            "content_base64sha256": "ZOuFEg/kPR8aWMljYMQGev5HQdTM/vDjPfhO+6tEPGI=",
            "content_base64sha512": "/iAv7h7OwrpXpC9d0JTv1Zy20mRvqLsPLwWGe6sqJ8ywObY26RUbWU4uuUE6vJ3e2PxKZXj4kHPiYwt+zX7nEQ==",
            "content_md5": "c7cd7c1235cbfa2fd4099648debe42be",
            "content_sha1": "61d20950eeb5e3f3c95965c99c0d96fa9d610543",
            "content_sha256": "64eb85120fe43d1f1a58c96360c4067afe4741d4ccfef0e33df84efbab443c62",
            "content_sha512": "fe202fee1ecec2ba57a42f5dd094efd59cb6d2646fa8bb0f2f05867bab2a27ccb039b636e9151b594e2eb9413abc9dded8fc4a6578f89073e2630b7ecd7ee711",
            "directory_permission": "0777",
            "file_permission": "0777",
            "filename": "./configs/rendered/elk/filebeat.yml",
            "id": "61d20950eeb5e3f3c95965c99c0d96fa9d610543",
            "sensitive_content": null,
            "source": null
          },
          "sensitive_attributes": [
            [
              {
                "type": "get_attr",
                "value": "content"
              }
            ],
            [
              {
                "type": "get_attr",
                "value": "sensitive_content"
              }
            ]
          ],
          "identity_schema_version": 0,
          "dependencies": [
            "module.onepassword_secrets.data.onepassword_item.archon",
            "module.onepassword_secrets.data.onepassword_item.cloudflare",
            "module.onepassword_secrets.data.onepassword_item.elk",
            "module.onepassword_secrets.data.onepassword_item.exa",
            "module.onepassword_secrets.data.onepassword_item.github",
            "module.onepassword_secrets.data.onepassword_item.glitchtip",
            "module.onepassword_secrets.data.onepassword_item.grafana",
            "module.onepassword_secrets.data.onepassword_item.mcphub",
            "module.onepassword_secrets.data.onepassword_item.n8n",
            "module.onepassword_secrets.data.onepassword_item.proxmox",
            "module.onepassword_secrets.data.onepassword_item.splunk",
            "module.onepassword_secrets.data.onepassword_item.supabase",
            "module.onepassword_secrets.data.onepassword_vault.this"
          ]
        },
        {
          "index_key": "elk_ilm_policy",
          "schema_version": 0,
          "attributes": {
            "content": "{\n  \"policy\": {\n    \"phases\": {\n      \"hot\": {\n        \"min_age\": \"0ms\",\n        \"actions\": {\n          \"set_priority\": {\n            \"priority\": 100\n          }\n        }\n      },\n      \"delete\": {\n        \"min_age\": \"30d\",\n        \"actions\": {\n          \"delete\": {}\n        }\n      }\n    }\n  }\n}\n",
            "content_base64": null,
            "content_base64sha256": "ttD4D6BB74C3lWgKxcJf+f6sZGqGMQe5kYOYT1VfUos=",
            "content_base64sha512": "10N8NTauMsUEo3OcaFoF6fz/Jg0oq4Y+lXoCVDpxm6EK/p9P/uQb+qXs118TS3GhU2As6Uh+HiK6TBv2xp6qcg==",
            "content_md5": "d677ae404fb0f3eeb25fd41d6cc6ac56",
            "content_sha1": "9bfa2152b2b7ef1064f71fe8e70911fcca371f40",
            "content_sha256": "b6d0f80fa041ef80b795680ac5c25ff9feac646a863107b99183984f555f528b",
            "content_sha512": "d7437c3536ae32c504a3739c685a05e9fcff260d28ab863e957a02543a719ba10afe9f4ffee41bfaa5ecd75f134b71a153602ce9487e1e22ba4c1bf6c69eaa72",
            "directory_permission": "0777",
            "file_permission": "0777",
            "filename": "./configs/rendered/elk/ilm-policy.json",
            "id": "9bfa2152b2b7ef1064f71fe8e70911fcca371f40",
            "sensitive_content": null,
            "source": null
          },
          "sensitive_attributes": [
            [
              {
                "type": "get_attr",
                "value": "content"
              }
            ],
            [
              {
                "type": "get_attr",
                "value": "sensitive_content"
              }
            ]
          ],
          "identity_schema_version": 0,
          "dependencies": [
            "module.onepassword_secrets.data.onepassword_item.archon",
            "module.onepassword_secrets.data.onepassword_item.cloudflare",
            "module.onepassword_secrets.data.onepassword_item.elk",
            "module.onepassword_secrets.data.onepassword_item.exa",
            "module.onepassword_secrets.data.onepassword_item.github",
            "module.onepassword_secrets.data.onepassword_item.glitchtip",
            "module.onepassword_secrets.data.onepassword_item.grafana",
            "module.onepassword_secrets.data.onepassword_item.mcphub",
            "module.onepassword_secrets.data.onepassword_item.n8n",
            "module.onepassword_secrets.data.onepassword_item.proxmox",
            "module.onepassword_secrets.data.onepassword_item.splunk",
            "module.onepassword_secrets.data.onepassword_item.supabase",
            "module.onepassword_secrets.data.onepassword_vault.this"
          ]
        },
        {
          "index_key": "elk_logstash_conf",
          "schema_version": 0,
          "attributes": {
            "content": "input {\n  beats {\n    port =\u003e 5044\n  }\n\n  syslog {\n    port =\u003e 5000\n    type =\u003e \"syslog\"\n  }\n\n  http {\n    port  =\u003e 8080\n    type  =\u003e \"logpush\"\n    codec =\u003e json_lines\n  }\n}\n\nfilter {\n  # Filebeat 8.x container input puts log text in [event][original], not [message].\n  # Copy it to [message] so downstream grok/json filters work correctly.\n  if ![message] and [event][original] {\n    mutate {\n      copy =\u003e { \"[event][original]\" =\u003e \"message\" }\n    }\n  }\n\n  # Extract host metadata from Filebeat fields\n  if [host][name] and ![host_name] {\n    mutate {\n      add_field =\u003e { \"host_name\" =\u003e \"%{[host][name]}\" }\n    }\n  }\n  if [container][name] and ![container_name] {\n    mutate {\n      add_field =\u003e { \"container_name\" =\u003e \"%{[container][name]}\" }\n    }\n  }\n\n  # Truncate oversized messages to prevent OOM (Defense in depth)\n  if [message] {\n    truncate {\n      length_bytes =\u003e 999999\n      add_tag =\u003e [\"truncated\"]\n    }\n  }\n\n  # Extract service name from filebeat fields\n  if [fields][service] {\n    mutate {\n      add_field =\u003e { \"service\" =\u003e \"%{[fields][service]}\" }\n    }\n  }\n\n  # Fallback service extraction from Docker Compose label when filebeat fields are absent.\n  if ![service] and [container][labels][com_docker_compose_service] {\n    mutate {\n      add_field =\u003e { \"service\" =\u003e \"%{[container][labels][com_docker_compose_service]}\" }\n    }\n  }\n\n  # Strip ANSI color/control sequences so term queries and aggregations stay clean.\n  if [message] {\n    mutate {\n      gsub =\u003e [\n        \"message\", \"\\x1B\\[[0-9;]*[A-Za-z]\", \"\"\n      ]\n    }\n  }\n  if [event][original] {\n    mutate {\n      gsub =\u003e [\n        \"[event][original]\", \"\\x1B\\[[0-9;]*[A-Za-z]\", \"\"\n      ]\n    }\n  }\n\n  # Syslog parsing\n  if [type] == \"syslog\" {\n    grok {\n      match =\u003e { \"message\" =\u003e \"%{SYSLOGTIMESTAMP:syslog_timestamp} %{SYSLOGHOST:syslog_hostname} %{DATA:syslog_program}(?:\\\\[%{POSINT:syslog_pid}\\\\])?: %{GREEDYDATA:syslog_message}\" }\n      tag_on_failure =\u003e []\n    }\n    date {\n      match =\u003e [ \"syslog_timestamp\", \"MMM  d HH:mm:ss\", \"MMM dd HH:mm:ss\" ]\n    }\n  }\n  # Synology NAS syslog source identification\n  # Synology sends logs via DSM Log Center to Logstash syslog input (port 5000).\n  if [type] == \"syslog\" {\n    # Remove ECS service object set by syslog input plugin to avoid array collision\n    mutate { remove_field =\u003e [ \"service\" ] }\n    if [host][hostname] =~ /(?i)^(synology|ds920|diskstation)/ {\n      mutate {\n        add_field =\u003e { \"service\" =\u003e \"synology\" }\n      }\n    } else {\n      mutate {\n        add_field =\u003e { \"service\" =\u003e \"syslog\" }\n      }\n    }\n  }\n\n  # Cloudflare Workers Trace Events (Logpush → HTTP input)\n  if [type] == \"logpush\" {\n    mutate {\n      add_field =\u003e { \"service\" =\u003e \"cloudflare-workers\" }\n    }\n    if [ScriptName] {\n      mutate { add_field =\u003e { \"worker_script\" =\u003e \"%{[ScriptName]}\" } }\n    }\n    if [Outcome] and [Outcome] != \"ok\" {\n      mutate {\n        add_field =\u003e {\n          \"level\" =\u003e \"error\"\n          \"tier\" =\u003e \"2\"\n          \"error_classification\" =\u003e \"WORKER_FAILURE\"\n          \"error_severity\" =\u003e \"high\"\n        }\n      }\n    } else {\n      mutate { add_field =\u003e { \"level\" =\u003e \"info\" } }\n    }\n  }\n\n  # JSON log parsing (structured logs from apps)\n  if [message] =~ /^\\s*\\{/ {\n    json {\n      source =\u003e \"message\"\n      target =\u003e \"parsed\"\n      skip_on_invalid_json =\u003e true\n    }\n    if [parsed] {\n      if [parsed][level] {\n        mutate { add_field =\u003e { \"level\" =\u003e \"%{[parsed][level]}\" } }\n      }\n      if [parsed][msg] {\n        mutate { add_field =\u003e { \"log_message\" =\u003e \"%{[parsed][msg]}\" } }\n      } else if [parsed][message] {\n        mutate { add_field =\u003e { \"log_message\" =\u003e \"%{[parsed][message]}\" } }\n      }\n      if [parsed][error] {\n        mutate { add_field =\u003e { \"error_message\" =\u003e \"%{[parsed][error]}\" } }\n      }\n      if [parsed][service] and ![service] {\n        mutate { add_field =\u003e { \"service\" =\u003e \"%{[parsed][service]}\" } }\n      }\n    }\n  }\n\n  # Normalize log level to lowercase\n  if [level] {\n    mutate { lowercase =\u003e [ \"level\" ] }\n  }\n\n  # Extract level from unstructured messages if not already set\n  if ![level] {\n    grok {\n      match =\u003e { \"message\" =\u003e \"(?i)(?\u003clevel\u003efatal|panic|error|warn(?:ing)?|info|debug|trace)\" }\n      tag_on_failure =\u003e []\n    }\n    if [level] {\n      mutate { lowercase =\u003e [ \"level\" ] }\n      # Normalize common level aliases\n      if [level] == \"warning\" {\n        mutate { replace =\u003e { \"level\" =\u003e \"warn\" } }\n      } else if [level] == \"err\" {\n        mutate { replace =\u003e { \"level\" =\u003e \"error\" } }\n      } else if [level] in [\"crit\", \"critical\"] {\n        mutate { replace =\u003e { \"level\" =\u003e \"fatal\" } }\n      }\n    }\n  }\n\n  # Default level if still not set\n  if ![level] {\n    mutate { add_field =\u003e { \"level\" =\u003e \"info\" } }\n  }\n\n  # Error Classification: assign tier and error_code\n  # Tier 1 (Critical): System-level failures\n  # Tier 2 (High):     Service degradation, connectivity issues\n  # Tier 3 (Medium):   Application errors, handled failures\n  # Tier 4 (Low):      Warnings, deprecations\n  if ([message] =~ /(?i)(MCP error -32601: Method not found)/ and [message] =~ /(?i)(failed to get prompts)/) or [message] =~ /(?i)(failed to get prompt from MCP server)/ {\n    mutate {\n      add_field =\u003e {\n        \"tier\" =\u003e \"4\"\n        \"error_classification\" =\u003e \"MCP_OPTIONAL_ENDPOINT\"\n        \"error_severity\" =\u003e \"low\"\n      }\n    }\n  } else if [level] in [\"fatal\", \"panic\"] {\n    mutate {\n      add_field =\u003e {\n        \"tier\" =\u003e \"1\"\n        \"error_classification\" =\u003e \"CRITICAL_FAILURE\"\n        \"error_severity\" =\u003e \"critical\"\n      }\n    }\n  } else if [level] == \"error\" {\n    # OpenCode runtime: expected cancellations and transient conditions.\n    if [message] =~ /(?i)(service=session\\.processor error=The operation was aborted\\.|session\\.prompt .* cancel)/ {\n      mutate {\n        add_field =\u003e {\n          \"tier\" =\u003e \"4\"\n          \"error_classification\" =\u003e \"SESSION_CANCELLED\"\n          \"error_severity\" =\u003e \"low\"\n        }\n      }\n    } else if [message] =~ /(?i)(service=session\\.processor error=Rate limit exceeded\\. Please try again later\\.)/ {\n      mutate {\n        add_field =\u003e {\n          \"tier\" =\u003e \"4\"\n          \"error_classification\" =\u003e \"RATE_LIMIT_TRANSIENT\"\n          \"error_severity\" =\u003e \"low\"\n        }\n      }\n    } else if [message] =~ /(?i)(MCP error -32602|invalid arguments for (tool|prompt)|structured content does not match the tool's output schema)/ {\n      mutate {\n        add_field =\u003e {\n          \"tier\" =\u003e \"4\"\n          \"error_classification\" =\u003e \"MCP_CLIENT_REQUEST_ERROR\"\n          \"error_severity\" =\u003e \"low\"\n        }\n      }\n    } else if [message] =~ /(?i)(requestBodyValues|system\\\":\\[\\{\\\"type\\\":\\\"text\\\")/ and [message] =~ /(?i)(SSE error: Unable to connect|ECONNREFUSED|ETIMEDOUT|ENOTFOUND)/ {\n      mutate {\n        add_field =\u003e {\n          \"tier\" =\u003e \"4\"\n          \"error_classification\" =\u003e \"PAYLOAD_ARTIFACT\"\n          \"error_severity\" =\u003e \"low\"\n        }\n      }\n    } else if [message] =~ /(?i)(out of memory|oom|disk full|no space|segfault|core dump)/ {\n      mutate {\n        add_field =\u003e {\n          \"tier\" =\u003e \"1\"\n          \"error_classification\" =\u003e \"RESOURCE_EXHAUSTION\"\n          \"error_severity\" =\u003e \"critical\"\n        }\n      }\n    } else if [message] =~ /(?i)(connection refused|timeout|unreachable|dns|ECONNREFUSED|ETIMEDOUT)/ {\n      mutate {\n        add_field =\u003e {\n          \"tier\" =\u003e \"2\"\n          \"error_classification\" =\u003e \"CONNECTIVITY_FAILURE\"\n          \"error_severity\" =\u003e \"high\"\n        }\n      }\n    } else if [message] =~ /(?i)(502|503|504|bad gateway|service unavailable)/ {\n      mutate {\n        add_field =\u003e {\n          \"tier\" =\u003e \"2\"\n          \"error_classification\" =\u003e \"GATEWAY_ERROR\"\n          \"error_severity\" =\u003e \"high\"\n        }\n      }\n    } else if [message] =~ /(?i)(auth|unauthorized|forbidden|401|403|permission denied)/ {\n      mutate {\n        add_field =\u003e {\n          \"tier\" =\u003e \"3\"\n          \"error_classification\" =\u003e \"AUTH_FAILURE\"\n          \"error_severity\" =\u003e \"medium\"\n        }\n      }\n    } else if [message] =~ /(?i)(null|undefined|NaN|type.*error|cast|parse|syntax|JSON)/ {\n      mutate {\n        add_field =\u003e {\n          \"tier\" =\u003e \"3\"\n          \"error_classification\" =\u003e \"DATA_ERROR\"\n          \"error_severity\" =\u003e \"medium\"\n        }\n      }\n    } else {\n      mutate {\n        add_field =\u003e {\n          \"tier\" =\u003e \"3\"\n          \"error_classification\" =\u003e \"APPLICATION_ERROR\"\n          \"error_severity\" =\u003e \"medium\"\n        }\n      }\n    }\n  } else if [level] == \"warn\" {\n    if [message] =~ /(?i)(deprecated|deprecation|will be removed|end of life)/ {\n      mutate {\n        add_field =\u003e {\n          \"tier\" =\u003e \"4\"\n          \"error_classification\" =\u003e \"DEPRECATION\"\n          \"error_severity\" =\u003e \"low\"\n        }\n      }\n    } else {\n      mutate {\n        add_field =\u003e {\n          \"tier\" =\u003e \"4\"\n          \"error_classification\" =\u003e \"WARNING\"\n          \"error_severity\" =\u003e \"low\"\n        }\n      }\n    }\n  }\n\n  # Default tier/classification for non-error events (required for Prometheus labels)\n  if ![tier] {\n    mutate { add_field =\u003e { \"tier\" =\u003e \"0\" \"error_classification\" =\u003e \"NONE\" } }\n  }\n  # Set default service if not set\n  if ![service] {\n    mutate { add_field =\u003e { \"service\" =\u003e \"unknown\" } }\n  }\n\n  # Remove problematic OCI container labels that cause date parsing failures\n  # Docker sends empty strings for these fields but ES maps them as dates\n  mutate {\n    remove_field =\u003e [\n      \"[container][labels][org_opencontainers_image_created]\",\n      \"[container][labels][org_opencontainers_image_revision]\",\n      \"[container][labels][org_opencontainers_image_version]\"\n    ]\n  }\n\n  # Clean up parsed temp field\n  mutate {\n    remove_field =\u003e [ \"parsed\" ]\n  }\n}\n\noutput {\n  elasticsearch {\n    hosts =\u003e [\"elasticsearch:9200\"]\n    user =\u003e \"elastic\"\n    password =\u003e \"I93bmZ/uT3haNpdL9GJ+neTf\"\n    index =\u003e \"logs-%{[service]}-%{+YYYY.MM.dd}\"\n    retry_on_conflict =\u003e 3\n    retry_initial_interval =\u003e 2\n    retry_max_interval =\u003e 64\n  }\n\n  # Dead letter queue - capture failed events\n  if \"_elasticsearch_lookup_failure\" in [tags] or \"_grokparsefailure\" in [tags] {\n    file {\n      path =\u003e \"/usr/share/logstash/dlq/failed-%{+YYYY-MM-dd}.json\"\n      codec =\u003e json_lines\n    }\n  }\n\n\n  # Prometheus metrics for Grafana monitoring\n  # NOTE: logstash-output-prometheus v0.1.3 crashes in LXC/JRuby environments\n  # (jnr.netdb.Protocol.getProtocolByNumber stack trace from WEBrick).\n  # Correct syntax preserved below for reference. Consider logstash-exporter\n  # sidecar container as an alternative when Prometheus metrics are needed.\n  #\n  # prometheus {\n  #   port =\u003e 9198\n  #   increment =\u003e {\n  #     \"logstash_events_in_total\" =\u003e {\n  #       description =\u003e \"Total events processed by Logstash\"\n  #       type =\u003e \"counter\"\n  #       labels =\u003e {\n  #         service =\u003e \"%{[service]}\"\n  #         level =\u003e \"%{[level]}\"\n  #         host_name =\u003e \"%{[host_name]}\"\n  #       }\n  #     }\n  #     \"logstash_errors_total\" =\u003e {\n  #       description =\u003e \"Total error-level events by classification\"\n  #       type =\u003e \"counter\"\n  #       labels =\u003e {\n  #         service =\u003e \"%{[service]}\"\n  #         tier =\u003e \"%{[tier]}\"\n  #         error_classification =\u003e \"%{[error_classification]}\"\n  #       }\n  #     }\n  #   }\n  # }\n}\n",
            "content_base64": null,
            "content_base64sha256": "vFS/ZEjbbgIbyovRPlzB2gxNydyX2JHDCnPHRjpf18M=",
            "content_base64sha512": "ob01tH7l2MvePmClJI8w7gU9DQp74ZuxDTm37xdDeJTK5kKRY3VksgHA3mz1QR9RJ9pm5+gydJKIfPggKm1CeA==",
            "content_md5": "ccb8b714f96aadd50e22b2812581da22",
            "content_sha1": "8487cd578140a502f6c65f2b284938ec2de5db57",
            "content_sha256": "bc54bf6448db6e021bca8bd13e5cc1da0c4dc9dc97d891c30a73c7463a5fd7c3",
            "content_sha512": "a1bd35b47ee5d8cbde3e60a5248f30ee053d0d0a7be19bb10d39b7ef17437894cae64291637564b201c0de6cf5411f5127da66e7e8327492887cf8202a6d4278",
            "directory_permission": "0777",
            "file_permission": "0777",
            "filename": "./configs/rendered/elk/logstash.conf",
            "id": "8487cd578140a502f6c65f2b284938ec2de5db57",
            "sensitive_content": null,
            "source": null
          },
          "sensitive_attributes": [
            [
              {
                "type": "get_attr",
                "value": "content"
              }
            ],
            [
              {
                "type": "get_attr",
                "value": "sensitive_content"
              }
            ]
          ],
          "identity_schema_version": 0,
          "dependencies": [
            "module.onepassword_secrets.data.onepassword_item.archon",
            "module.onepassword_secrets.data.onepassword_item.cloudflare",
            "module.onepassword_secrets.data.onepassword_item.elk",
            "module.onepassword_secrets.data.onepassword_item.exa",
            "module.onepassword_secrets.data.onepassword_item.github",
            "module.onepassword_secrets.data.onepassword_item.glitchtip",
            "module.onepassword_secrets.data.onepassword_item.grafana",
            "module.onepassword_secrets.data.onepassword_item.mcphub",
            "module.onepassword_secrets.data.onepassword_item.n8n",
            "module.onepassword_secrets.data.onepassword_item.proxmox",
            "module.onepassword_secrets.data.onepassword_item.splunk",
            "module.onepassword_secrets.data.onepassword_item.supabase",
            "module.onepassword_secrets.data.onepassword_vault.this"
          ]
        },
        {
          "index_key": "elk_logstash_yml",
          "schema_version": 0,
          "attributes": {
            "content": "http.host: \"0.0.0.0\"\nxpack.monitoring.elasticsearch.hosts:\n  - \"http://elasticsearch:9200\"\nxpack.monitoring.elasticsearch.username: \"${ELASTICSEARCH_USERNAME}\"\nxpack.monitoring.elasticsearch.password: \"${ELASTICSEARCH_PASSWORD}\"\ndead_letter_queue.enable: true\ndead_letter_queue.max_bytes: \"1024mb\"\n",
            "content_base64": null,
            "content_base64sha256": "RpkYmXYCvts8LeLMHf2f3ZiFZYaVkANG2boTrwluHgg=",
            "content_base64sha512": "RtL0qKyunIZif6ytdYGv4oo35ef7XdfX0OnFAhKit5viU5+quEPfEHM8zL6CheeugFb7v2aut9mCJEInSZ9TbA==",
            "content_md5": "47cc192a325703b67aaf200e56a7087a",
            "content_sha1": "6e3673485a0b06bdbb15f39f003e3e839ebcfc76",
            "content_sha256": "469918997602bedb3c2de2cc1dfd9fdd9885658695900346d9ba13af096e1e08",
            "content_sha512": "46d2f4a8acae9c86627facad7581afe28a37e5e7fb5dd7d7d0e9c50212a2b79be2539faab843df10733cccbe8285e7ae8056fbbf66aeb7d982244227499f536c",
            "directory_permission": "0777",
            "file_permission": "0777",
            "filename": "./configs/rendered/elk/logstash.yml",
            "id": "6e3673485a0b06bdbb15f39f003e3e839ebcfc76",
            "sensitive_content": null,
            "source": null
          },
          "sensitive_attributes": [
            [
              {
                "type": "get_attr",
                "value": "content"
              }
            ],
            [
              {
                "type": "get_attr",
                "value": "sensitive_content"
              }
            ]
          ],
          "identity_schema_version": 0,
          "dependencies": [
            "module.onepassword_secrets.data.onepassword_item.archon",
            "module.onepassword_secrets.data.onepassword_item.cloudflare",
            "module.onepassword_secrets.data.onepassword_item.elk",
            "module.onepassword_secrets.data.onepassword_item.exa",
            "module.onepassword_secrets.data.onepassword_item.github",
            "module.onepassword_secrets.data.onepassword_item.glitchtip",
            "module.onepassword_secrets.data.onepassword_item.grafana",
            "module.onepassword_secrets.data.onepassword_item.mcphub",
            "module.onepassword_secrets.data.onepassword_item.n8n",
            "module.onepassword_secrets.data.onepassword_item.proxmox",
            "module.onepassword_secrets.data.onepassword_item.splunk",
            "module.onepassword_secrets.data.onepassword_item.supabase",
            "module.onepassword_secrets.data.onepassword_vault.this"
          ]
        },
        {
          "index_key": "elk_setup_ilm",
          "schema_version": 0,
          "attributes": {
            "content": "#!/usr/bin/env bash\n# Managed by Terraform — do not edit manually\n# Sets up tiered ILM policies and index templates for log retention\n#\n# Tiers:\n#   critical  (90d) — core infrastructure: elk, supabase, grafana\n#   standard  (30d) — application services: traefik, archon, mcphub, glitchtip, runner\n#   ephemeral  (7d) — debug, unknown, temporary\nset -euo pipefail\n\nES_HOST=\"http://localhost:9200\"\nES_AUTH=\"elastic:I93bmZ/uT3haNpdL9GJ+neTf\"\n\necho \"Waiting for Elasticsearch...\"\nuntil curl -sf -u \"${ES_AUTH}\" \"${ES_HOST}/_cluster/health\" \u003e /dev/null 2\u003e\u00261; do\n  sleep 5\ndone\necho \"Elasticsearch is ready.\"\n\n# —— ILM Policies ————————————————————————————————————————————————\n\ncreate_ilm_policy() {\n  local name=\"$1\" delete_after=\"$2\"\n  echo \"Creating ILM policy: ${name} (delete after ${delete_after})\"\n  curl -sf -u \"${ES_AUTH}\" -X PUT \"${ES_HOST}/_ilm/policy/${name}\" \\\n    -H 'Content-Type: application/json' \\\n    -d '{\n    \"policy\": {\n      \"phases\": {\n        \"hot\": {\n          \"min_age\": \"0ms\",\n          \"actions\": {\n            \"set_priority\": { \"priority\": 100 }\n          }\n        },\n        \"delete\": {\n          \"min_age\": \"'\"${delete_after}\"'\",\n          \"actions\": {\n            \"delete\": {}\n          }\n        }\n      }\n    }\n  }'\n  echo\n}\n\ncreate_ilm_policy \"homelab-logs-critical-90d\"  \"90d\"\ncreate_ilm_policy \"homelab-logs-30d\"           \"30d\"\ncreate_ilm_policy \"homelab-logs-ephemeral-7d\"  \"7d\"\n\n# —— Index Templates —————————————————————————————————————————————\n# Priority determines which template wins when multiple patterns match.\n# Higher priority = takes precedence.\n#   critical  (300) — specific critical service patterns\n#   ephemeral (250) — specific ephemeral patterns\n#   standard  (200) — catch-all logs-* (default tier)\n\ncreate_index_template() {\n  local name=\"$1\" policy=\"$2\" priority=\"$3\"\n  shift 3\n  # Remaining args are index patterns\n  local patterns\n  patterns=$(printf '\"%s\",' \"$@\")\n  patterns=\"[${patterns%,}]\"\n\n  echo \"Creating index template: ${name} (policy=${policy}, priority=${priority})\"\n  curl -sf -u \"${ES_AUTH}\" -X PUT \"${ES_HOST}/_index_template/${name}\" \\\n    -H 'Content-Type: application/json' \\\n    -d '{\n    \"index_patterns\": '\"${patterns}\"',\n    \"priority\": '\"${priority}\"',\n    \"template\": {\n      \"settings\": {\n        \"number_of_shards\": 1,\n        \"number_of_replicas\": 0,\n        \"index.lifecycle.name\": \"'\"${policy}\"'\"\n      }\n    }\n  }'\n  echo\n}\n\n# Critical tier: core infrastructure services (90d retention)\ncreate_index_template \"logs-critical\" \"homelab-logs-critical-90d\" 300 \\\n  \"logs-elk-*\" \"logs-supabase-*\" \"logs-grafana-*\"\n\n# Ephemeral tier: debug and unknown sources (7d retention)\ncreate_index_template \"logs-ephemeral\" \"homelab-logs-ephemeral-7d\" 250 \\\n  \"logs-unknown-*\" \"logs-debug-*\"\n\n# Standard tier: catch-all for remaining services (30d retention)\ncreate_index_template \"logs-standard\" \"homelab-logs-30d\" 200 \\\n  \"logs-*\"\n\necho \"ILM setup complete. Three tiers configured:\"\necho \"  critical  (90d): elk, supabase, grafana\"\necho \"  standard  (30d): all other services (default)\"\necho \"  ephemeral  (7d): unknown, debug\"\n",
            "content_base64": null,
            "content_base64sha256": "3cfYlzHP+zaZfQK4JAUZgi3ARJIJNJdZ2WSU6PJgklY=",
            "content_base64sha512": "ionEaY4P6jkfSuxRGv9qgLk68DFx+mxyA9by4cXjPQjNkpZLOIhCKIN/mMwDKR68TcvpBhpvemKUChywQJh8jQ==",
            "content_md5": "4c374de6a3d94178289fc60df156f33f",
            "content_sha1": "6069d1255b2add76e164d6d1efc0d59fb40d7555",
            "content_sha256": "ddc7d89731cffb36997d02b8240519822dc0449209349759d96494e8f2609256",
            "content_sha512": "8a89c4698e0fea391f4aec511aff6a80b93af03171fa6c7203d6f2e1c5e33d08cd92964b38884228837f98cc03291ebc4dcbe9061a6f7a62940a1cb040987c8d",
            "directory_permission": "0777",
            "file_permission": "0777",
            "filename": "./configs/rendered/elk/setup-ilm.sh",
            "id": "6069d1255b2add76e164d6d1efc0d59fb40d7555",
            "sensitive_content": null,
            "source": null
          },
          "sensitive_attributes": [
            [
              {
                "type": "get_attr",
                "value": "content"
              }
            ],
            [
              {
                "type": "get_attr",
                "value": "sensitive_content"
              }
            ]
          ],
          "identity_schema_version": 0,
          "dependencies": [
            "module.onepassword_secrets.data.onepassword_item.archon",
            "module.onepassword_secrets.data.onepassword_item.cloudflare",
            "module.onepassword_secrets.data.onepassword_item.elk",
            "module.onepassword_secrets.data.onepassword_item.exa",
            "module.onepassword_secrets.data.onepassword_item.github",
            "module.onepassword_secrets.data.onepassword_item.glitchtip",
            "module.onepassword_secrets.data.onepassword_item.grafana",
            "module.onepassword_secrets.data.onepassword_item.mcphub",
            "module.onepassword_secrets.data.onepassword_item.n8n",
            "module.onepassword_secrets.data.onepassword_item.proxmox",
            "module.onepassword_secrets.data.onepassword_item.splunk",
            "module.onepassword_secrets.data.onepassword_item.supabase",
            "module.onepassword_secrets.data.onepassword_vault.this"
          ]
        },
        {
          "index_key": "glitchtip_docker_compose",
          "schema_version": 0,
          "attributes": {
            "content": "services:\n  web:\n    image: glitchtip/glitchtip:v6.0.5\n    container_name: glitchtip-web\n    env_file:\n      - ./glitchtip.env\n    command: [\"./bin/start.sh\"]\n    environment:\n      SERVER_ROLE: web\n    depends_on:\n      postgres:\n        condition: service_healthy\n      redis:\n        condition: service_healthy\n    ports:\n      - \"8000:8000\"\n    healthcheck:\n      test: [\"CMD-SHELL\", \"python -c 'import urllib.request; urllib.request.urlopen(\\\"http://localhost:8000/_health/\\\")' || exit 1\"]\n      interval: 30s\n      timeout: 10s\n      retries: 3\n      start_period: 30s\n    restart: unless-stopped\n\n  worker:\n    image: glitchtip/glitchtip:v6.0.5\n    container_name: glitchtip-worker\n    env_file:\n      - ./glitchtip.env\n    command: [\"./bin/start.sh\"]\n    environment:\n      SERVER_ROLE: worker_with_beat\n    depends_on:\n      postgres:\n        condition: service_healthy\n      redis:\n        condition: service_healthy\n    healthcheck:\n      test: [\"CMD-SHELL\", \"celery -A glitchtip inspect ping --timeout 10 || exit 1\"]\n      interval: 60s\n      timeout: 15s\n      retries: 3\n      start_period: 30s\n    restart: unless-stopped\n\n  postgres:\n    image: postgres:15.16-alpine\n    container_name: glitchtip-postgres\n    environment:\n      POSTGRES_DB: glitchtip\n      POSTGRES_USER: glitchtip\n      POSTGRES_PASSWORD: iP67xaGlJjsyayIUneiihyMP\n    volumes:\n      - glitchtip_postgres_data:/var/lib/postgresql/data\n    healthcheck:\n      test: [\"CMD-SHELL\", \"pg_isready -U glitchtip -d glitchtip\"]\n      interval: 10s\n      timeout: 5s\n      retries: 5\n    restart: unless-stopped\n\n  redis:\n    image: redis:7.4.7-alpine\n    container_name: glitchtip-redis\n    command: [\"redis-server\", \"--requirepass\", \"YNZgMmYlyaoNXjE86s6g0F3K\"]\n    volumes:\n      - glitchtip_redis_data:/data\n    healthcheck:\n      test: [\"CMD\", \"redis-cli\", \"-a\", \"YNZgMmYlyaoNXjE86s6g0F3K\", \"ping\"]\n      interval: 10s\n      timeout: 5s\n      retries: 5\n    restart: unless-stopped\n\nvolumes:\n  glitchtip_postgres_data:\n    driver: local\n  glitchtip_redis_data:\n    driver: local\n",
            "content_base64": null,
            "content_base64sha256": "9AK/d/butDLn0iElFtQvvKravQeT6r1rni31rGovvaM=",
            "content_base64sha512": "OwCqV2CynMRy40b1ONkzB6DktItezKTsK0XvvdcgCAqvDRHfYRerIrOzSHMxfSOTAQor/j+V+XJ07y6J0dVdYQ==",
            "content_md5": "c27a55fa35f4efa60ca0df05a501395e",
            "content_sha1": "1bb5328f65e506fb1e62679163b96b187b20c03d",
            "content_sha256": "f402bf77f6eeb432e7d2212516d42fbcaadabd0793eabd6b9e2df5ac6a2fbda3",
            "content_sha512": "3b00aa5760b29cc472e346f538d93307a0e4b48b5ecca4ec2b45efbdd720080aaf0d11df6117ab22b3b34873317d2393010a2bfe3f95f97274ef2e89d1d55d61",
            "directory_permission": "0777",
            "file_permission": "0777",
            "filename": "./configs/rendered/glitchtip/docker-compose.yml",
            "id": "1bb5328f65e506fb1e62679163b96b187b20c03d",
            "sensitive_content": null,
            "source": null
          },
          "sensitive_attributes": [
            [
              {
                "type": "get_attr",
                "value": "content"
              }
            ],
            [
              {
                "type": "get_attr",
                "value": "sensitive_content"
              }
            ]
          ],
          "identity_schema_version": 0,
          "dependencies": [
            "module.onepassword_secrets.data.onepassword_item.archon",
            "module.onepassword_secrets.data.onepassword_item.cloudflare",
            "module.onepassword_secrets.data.onepassword_item.elk",
            "module.onepassword_secrets.data.onepassword_item.exa",
            "module.onepassword_secrets.data.onepassword_item.github",
            "module.onepassword_secrets.data.onepassword_item.glitchtip",
            "module.onepassword_secrets.data.onepassword_item.grafana",
            "module.onepassword_secrets.data.onepassword_item.mcphub",
            "module.onepassword_secrets.data.onepassword_item.n8n",
            "module.onepassword_secrets.data.onepassword_item.proxmox",
            "module.onepassword_secrets.data.onepassword_item.splunk",
            "module.onepassword_secrets.data.onepassword_item.supabase",
            "module.onepassword_secrets.data.onepassword_vault.this"
          ]
        },
        {
          "index_key": "glitchtip_env",
          "schema_version": 0,
          "attributes": {
            "content": "DJANGO_SECRET_KEY=m5H4/oEAUV/GSwLp8M11y9JhyWzjjd6IR4kn1W8V4LqFWvygRG4=\nSECRET_KEY=m5H4/oEAUV/GSwLp8M11y9JhyWzjjd6IR4kn1W8V4LqFWvygRG4=\nPORT=8000\nDATABASE_URL=postgres://glitchtip:iP67xaGlJjsyayIUneiihyMP@postgres:5432/glitchtip\nREDIS_URL=redis://:YNZgMmYlyaoNXjE86s6g0F3K@redis:6379/0\nEMAIL_URL=smtp://localhost:25\nDEFAULT_FROM_EMAIL=glitchtip@jclee.me\nGLITCHTIP_DOMAIN=https://glitchtip.jclee.me\nENABLE_USER_REGISTRATION=false\n",
            "content_base64": null,
            "content_base64sha256": "fIlVf/0cvFYB3lyA3hR5Di9OEc9oyrCppdhGRrGikxM=",
            "content_base64sha512": "SWcKxY7IE7yWnrevDQOt42xHBS5dH9zMTtY926ga6tVck7qAdCTFPQew512kUTvO/AG9Fs/Yvq4SQLN9uFAUIw==",
            "content_md5": "d5e0a7d978b8ee60be445f1d38a7b4a1",
            "content_sha1": "578cc0ff7987e5ba3b7767fd340ec6c20a9789c2",
            "content_sha256": "7c89557ffd1cbc5601de5c80de14790e2f4e11cf68cab0a9a5d84646b1a29313",
            "content_sha512": "49670ac58ec813bc969eb7af0d03ade36c47052e5d1fdccc4ed63ddba81aead55c93ba807424c53d07b0e75da4513bcefc01bd16cfd8beae1240b37db8501423",
            "directory_permission": "0777",
            "file_permission": "0777",
            "filename": "./configs/rendered/glitchtip/glitchtip.env",
            "id": "578cc0ff7987e5ba3b7767fd340ec6c20a9789c2",
            "sensitive_content": null,
            "source": null
          },
          "sensitive_attributes": [
            [
              {
                "type": "get_attr",
                "value": "content"
              }
            ],
            [
              {
                "type": "get_attr",
                "value": "sensitive_content"
              }
            ]
          ],
          "identity_schema_version": 0,
          "dependencies": [
            "module.onepassword_secrets.data.onepassword_item.archon",
            "module.onepassword_secrets.data.onepassword_item.cloudflare",
            "module.onepassword_secrets.data.onepassword_item.elk",
            "module.onepassword_secrets.data.onepassword_item.exa",
            "module.onepassword_secrets.data.onepassword_item.github",
            "module.onepassword_secrets.data.onepassword_item.glitchtip",
            "module.onepassword_secrets.data.onepassword_item.grafana",
            "module.onepassword_secrets.data.onepassword_item.mcphub",
            "module.onepassword_secrets.data.onepassword_item.n8n",
            "module.onepassword_secrets.data.onepassword_item.proxmox",
            "module.onepassword_secrets.data.onepassword_item.splunk",
            "module.onepassword_secrets.data.onepassword_item.supabase",
            "module.onepassword_secrets.data.onepassword_vault.this"
          ]
        },
        {
          "index_key": "glitchtip_filebeat",
          "schema_version": 0,
          "attributes": {
            "content": "# Filebeat configuration for 106-glitchtip (Error Tracking)\n# Rendered by Terraform - DO NOT EDIT MANUALLY\n\nfilebeat.autodiscover:\n  providers:\n    - type: docker\n      hints.enabled: true\n\nfilebeat.inputs:\n  # Docker container logs (glitchtip-web, glitchtip-worker, glitchtip-redis, glitchtip-postgres)\n  - type: filestream\n    id: docker-containers\n    paths:\n      - /var/lib/docker/containers/*/*.log\n    parsers:\n      - container: {}\n    prospector.scanner.symlinks: true\n    fields:\n      service: glitchtip\n      host_role: glitchtip\n    fields_under_root: false\n\n  # System logs\n  - type: filestream\n    id: system-logs\n    paths:\n      - /var/log/*.log\n      - /var/log/syslog\n    fields:\n      service: system\n      host_role: glitchtip\n    fields_under_root: false\n\nprocessors:\n  - add_host_metadata: ~\n  - add_docker_metadata:\n      host: \"unix:///var/run/docker.sock\"\n\noutput.logstash:\n  hosts: [\"192.168.50.105:5044\"]\n\nfilebeat.registry.path: /var/lib/filebeat/registry\nlogging.level: info\nlogging.to_files: true\nlogging.files:\n  path: /var/log/filebeat\n  name: filebeat\n  keepfiles: 7\n\nmax_message_bytes: 999999\n",
            "content_base64": null,
            "content_base64sha256": "Hf9lBvVjqPjfocJNlERwwS+xFFt4zMnbl0KJ9dNrL8E=",
            "content_base64sha512": "ePiMQ+nog2csnckJeMmYHP+omcVgoDSCnUwmqpe4G6tMU7rgH+r+ARmlWlxQxkAKxIcCeDvqX8j2ht33A2XDIg==",
            "content_md5": "3fde5435849156aae6d3b381b4e319eb",
            "content_sha1": "ad7ea5d00f773f8724acdb05c0c2e958bd3b5afd",
            "content_sha256": "1dff6506f563a8f8dfa1c24d944470c12fb1145b78ccc9db974289f5d36b2fc1",
            "content_sha512": "78f88c43e9e883672c9dc90978c9981cffa899c560a034829d4c26aa97b81bab4c53bae01feafe0119a55a5c50c6400ac48702783bea5fc8f686ddf70365c322",
            "directory_permission": "0777",
            "file_permission": "0777",
            "filename": "./configs/rendered/glitchtip/filebeat.yml",
            "id": "ad7ea5d00f773f8724acdb05c0c2e958bd3b5afd",
            "sensitive_content": null,
            "source": null
          },
          "sensitive_attributes": [
            [
              {
                "type": "get_attr",
                "value": "content"
              }
            ],
            [
              {
                "type": "get_attr",
                "value": "sensitive_content"
              }
            ]
          ],
          "identity_schema_version": 0,
          "dependencies": [
            "module.onepassword_secrets.data.onepassword_item.archon",
            "module.onepassword_secrets.data.onepassword_item.cloudflare",
            "module.onepassword_secrets.data.onepassword_item.elk",
            "module.onepassword_secrets.data.onepassword_item.exa",
            "module.onepassword_secrets.data.onepassword_item.github",
            "module.onepassword_secrets.data.onepassword_item.glitchtip",
            "module.onepassword_secrets.data.onepassword_item.grafana",
            "module.onepassword_secrets.data.onepassword_item.mcphub",
            "module.onepassword_secrets.data.onepassword_item.n8n",
            "module.onepassword_secrets.data.onepassword_item.proxmox",
            "module.onepassword_secrets.data.onepassword_item.splunk",
            "module.onepassword_secrets.data.onepassword_item.supabase",
            "module.onepassword_secrets.data.onepassword_vault.this"
          ]
        },
        {
          "index_key": "grafana_datasources",
          "schema_version": 0,
          "attributes": {
            "content": "apiVersion: 1\n\ndatasources:\n  - name: Prometheus\n    type: prometheus\n    access: proxy\n    url: http://prometheus:9090\n    isDefault: true\n    editable: false\n\n  - name: Elasticsearch\n    type: elasticsearch\n    access: proxy\n    url: http://192.168.50.105:9200\n    database: \"logs-*\"\n    isDefault: false\n    basicAuth: true\n    basicAuthUser: elastic\n    secureJsonData:\n      basicAuthPassword: \"I93bmZ/uT3haNpdL9GJ+neTf\"\n    jsonData:\n      timeField: \"@timestamp\"\n      esVersion: \"8.0.0\"\n      logMessageField: message\n      logLevelField: level\n    editable: false\n",
            "content_base64": null,
            "content_base64sha256": "J9Xdx64HQ8dgJypyUIpXShzhLUQKtWo7xzlIaSeUz90=",
            "content_base64sha512": "KVhGibA1XlGbM17XGi904X+EYWbLSh6XjeAH3oaJIsl8ZV3MS+WyVEbG/DCMj2ph9GnseBrONUrhEYLwemF6OA==",
            "content_md5": "a9a442b6d7bfc544af6b6d9fcc95989f",
            "content_sha1": "4ecb03f6d4bab6a2fdeb7f7a348aa99e4a481d8f",
            "content_sha256": "27d5ddc7ae0743c760272a72508a574a1ce12d440ab56a3bc73948692794cfdd",
            "content_sha512": "29584689b0355e519b335ed71a2f74e17f846166cb4a1e978de007de868922c97c655dcc4be5b25446c6fc308c8f6a61f469ec781ace354ae11182f07a617a38",
            "directory_permission": "0777",
            "file_permission": "0777",
            "filename": "./configs/rendered/grafana-datasources.yml",
            "id": "4ecb03f6d4bab6a2fdeb7f7a348aa99e4a481d8f",
            "sensitive_content": null,
            "source": null
          },
          "sensitive_attributes": [
            [
              {
                "type": "get_attr",
                "value": "content"
              }
            ],
            [
              {
                "type": "get_attr",
                "value": "sensitive_content"
              }
            ]
          ],
          "identity_schema_version": 0,
          "dependencies": [
            "module.onepassword_secrets.data.onepassword_item.archon",
            "module.onepassword_secrets.data.onepassword_item.cloudflare",
            "module.onepassword_secrets.data.onepassword_item.elk",
            "module.onepassword_secrets.data.onepassword_item.exa",
            "module.onepassword_secrets.data.onepassword_item.github",
            "module.onepassword_secrets.data.onepassword_item.glitchtip",
            "module.onepassword_secrets.data.onepassword_item.grafana",
            "module.onepassword_secrets.data.onepassword_item.mcphub",
            "module.onepassword_secrets.data.onepassword_item.n8n",
            "module.onepassword_secrets.data.onepassword_item.proxmox",
            "module.onepassword_secrets.data.onepassword_item.splunk",
            "module.onepassword_secrets.data.onepassword_item.supabase",
            "module.onepassword_secrets.data.onepassword_vault.this"
          ]
        },
        {
          "index_key": "grafana_filebeat",
          "schema_version": 0,
          "attributes": {
            "content": "# Filebeat configuration for 104-grafana (Observability Stack)\n# Rendered by Terraform - DO NOT EDIT MANUALLY\n\nfilebeat.autodiscover:\n  providers:\n    - type: docker\n      hints.enabled: true\n\nfilebeat.inputs:\n  # Docker container logs (prometheus, grafana, tempo, blackbox-exporter)\n  - type: filestream\n    id: docker-containers\n    paths:\n      - /var/lib/docker/containers/*/*.log\n    parsers:\n      - container: {}\n    prospector.scanner.symlinks: true\n    fields:\n      service: grafana\n      host_role: grafana\n    fields_under_root: false\n\n  # System logs\n  - type: filestream\n    id: system-logs\n    paths:\n      - /var/log/*.log\n      - /var/log/syslog\n    fields:\n      service: system\n      host_role: grafana\n    fields_under_root: false\n\nprocessors:\n  - add_host_metadata: ~\n  - add_docker_metadata:\n      host: \"unix:///var/run/docker.sock\"\n\noutput.logstash:\n  hosts: [\"192.168.50.105:5044\"]\n\nfilebeat.registry.path: /var/lib/filebeat/registry\nlogging.level: info\nlogging.to_files: true\nlogging.files:\n  path: /var/log/filebeat\n  name: filebeat\n  keepfiles: 7\n\nmax_message_bytes: 999999\n",
            "content_base64": null,
            "content_base64sha256": "Bayj1jsRD3mAfb+RsIjCa82tALHTpv6ANHWbqJnKzTk=",
            "content_base64sha512": "6YVP+Swv4up9oB1Ih1fDJlwB9JLiiBP7XmgLo6+pgZlETuUVtXe3Y58FJ5GvmDCGOt6uWyKmryQMHM1oirxcAQ==",
            "content_md5": "dd5fc8b6e6d2448180410dd7573667d3",
            "content_sha1": "8ce9d6d6b9bffe9da966d1b88b5e96a64203e2ed",
            "content_sha256": "05aca3d63b110f79807dbf91b088c26bcdad00b1d3a6fe8034759ba899cacd39",
            "content_sha512": "e9854ff92c2fe2ea7da01d488757c3265c01f492e28813fb5e680ba3afa98199444ee515b577b7639f052791af9830863adeae5b22a6af240c1ccd688abc5c01",
            "directory_permission": "0777",
            "file_permission": "0777",
            "filename": "./configs/rendered/grafana/filebeat.yml",
            "id": "8ce9d6d6b9bffe9da966d1b88b5e96a64203e2ed",
            "sensitive_content": null,
            "source": null
          },
          "sensitive_attributes": [
            [
              {
                "type": "get_attr",
                "value": "content"
              }
            ],
            [
              {
                "type": "get_attr",
                "value": "sensitive_content"
              }
            ]
          ],
          "identity_schema_version": 0,
          "dependencies": [
            "module.onepassword_secrets.data.onepassword_item.archon",
            "module.onepassword_secrets.data.onepassword_item.cloudflare",
            "module.onepassword_secrets.data.onepassword_item.elk",
            "module.onepassword_secrets.data.onepassword_item.exa",
            "module.onepassword_secrets.data.onepassword_item.github",
            "module.onepassword_secrets.data.onepassword_item.glitchtip",
            "module.onepassword_secrets.data.onepassword_item.grafana",
            "module.onepassword_secrets.data.onepassword_item.mcphub",
            "module.onepassword_secrets.data.onepassword_item.n8n",
            "module.onepassword_secrets.data.onepassword_item.proxmox",
            "module.onepassword_secrets.data.onepassword_item.splunk",
            "module.onepassword_secrets.data.onepassword_item.supabase",
            "module.onepassword_secrets.data.onepassword_vault.this"
          ]
        },
        {
          "index_key": "mcphub_docker_compose",
          "schema_version": 0,
          "attributes": {
            "content": "services:\n  mcphub:\n    image: samanhappy/mcphub:0.12.3\n    container_name: mcphub\n    restart: unless-stopped\n    ports:\n      - \"3000:3000\"\n    volumes:\n      - ./mcp_settings.json:/app/mcp_settings.json\n      - mcphub_data:/app/data\n      - npm_cache:/root/.npm\n      - /usr/bin/op:/usr/bin/op:ro\n      - ./op-mcp-server:/app/op-mcp-server:ro\n      - /mnt/oc-dev:/home/jclee/dev:ro\n      - ./.gitconfig:/root/.gitconfig:ro\n      - /mnt/oc-kratos:/root/.kratos\n      - ./slack-users-cache.json:/tmp/slack-users-cache.json\n    env_file:\n      - .env\n    environment:\n      - MCPHUB_PORT=3000\n    healthcheck:\n      test: [\"CMD-SHELL\", \"curl -sf http://localhost:3000/ || exit 1\"]\n      interval: 30s\n      timeout: 10s\n      retries: 3\n      start_period: 30s\n    depends_on:\n      - mcp-proxmox\n      - mcp-playwright\n\n  mcp-proxmox:\n    build:\n      context: .\n      dockerfile: Dockerfile.proxmox\n    container_name: mcp-proxmox\n    restart: unless-stopped\n    ports:\n      - \"8055:8055\"\n    env_file:\n      - .env\n    healthcheck:\n      test: [\"CMD-SHELL\", \"node -e \\\"const net=require('net');const s=net.connect(8055,'127.0.0.1');s.on('connect',()=\u003e{s.end();process.exit(0)});s.on('error',()=\u003eprocess.exit(1));setTimeout(()=\u003eprocess.exit(1),3000);\\\"\"]\n      interval: 30s\n      timeout: 10s\n      retries: 3\n      start_period: 15s\n\n  mcp-playwright:\n    build:\n      context: .\n      dockerfile: Dockerfile.playwright\n    container_name: mcp-playwright\n    restart: unless-stopped\n    ports:\n      - \"8056:8056\"\n    env_file:\n      - .env\n    environment:\n      - PLAYWRIGHT_MCP_HEADLESS=true\n    healthcheck:\n      test: [\"CMD-SHELL\", \"node -e \\\"const net=require('net');const s=net.connect(8056,'127.0.0.1');s.on('connect',()=\u003e{s.end();process.exit(0)});s.on('error',()=\u003eprocess.exit(1));setTimeout(()=\u003eprocess.exit(1),3000);\\\"\"]\n      interval: 30s\n      timeout: 10s\n      retries: 3\n      start_period: 15s\n\nvolumes:\n  mcphub_data:\n  npm_cache:\n",
            "content_base64": null,
            "content_base64sha256": "YvT6LM7JQkbtwG0J7gQ7oNgKcRlei9WnL9NLurBheQI=",
            "content_base64sha512": "bG3f1r+u+7tjpRJN9GlzXzK4idKyKFOaMla62WBHAIe53IIc1JetKcr8yGF7yHGOh/F0Ch00iwc+Tbe0C0MChw==",
            "content_md5": "c3fa62c1f0017386cdfcee617b5fc2bd",
            "content_sha1": "2a83da2b7516601a80b65e8342b3a865374571ff",
            "content_sha256": "62f4fa2ccec94246edc06d09ee043ba0d80a71195e8bd5a72fd34bbab0617902",
            "content_sha512": "6c6ddfd6bfaefbbb63a5124df469735f32b889d2b228539a3256bad960470087b9dc821cd497ad29cafcc8617bc8718e87f1740a1d348b073e4db7b40b430287",
            "directory_permission": "0777",
            "file_permission": "0777",
            "filename": "./configs/rendered/mcphub/docker-compose.yml",
            "id": "2a83da2b7516601a80b65e8342b3a865374571ff",
            "sensitive_content": null,
            "source": null
          },
          "sensitive_attributes": [
            [
              {
                "type": "get_attr",
                "value": "content"
              }
            ],
            [
              {
                "type": "get_attr",
                "value": "sensitive_content"
              }
            ]
          ],
          "identity_schema_version": 0,
          "dependencies": [
            "module.onepassword_secrets.data.onepassword_item.archon",
            "module.onepassword_secrets.data.onepassword_item.cloudflare",
            "module.onepassword_secrets.data.onepassword_item.elk",
            "module.onepassword_secrets.data.onepassword_item.exa",
            "module.onepassword_secrets.data.onepassword_item.github",
            "module.onepassword_secrets.data.onepassword_item.glitchtip",
            "module.onepassword_secrets.data.onepassword_item.grafana",
            "module.onepassword_secrets.data.onepassword_item.mcphub",
            "module.onepassword_secrets.data.onepassword_item.n8n",
            "module.onepassword_secrets.data.onepassword_item.proxmox",
            "module.onepassword_secrets.data.onepassword_item.splunk",
            "module.onepassword_secrets.data.onepassword_item.supabase",
            "module.onepassword_secrets.data.onepassword_vault.this"
          ]
        },
        {
          "index_key": "mcphub_env",
          "schema_version": 0,
          "attributes": {
            "content": "MCPHUB_ADMIN_PASSWORD=c}Tq{lm\u003c]Eu\u003evi)4r={lyaxo\nN8N_MCP_API_KEY=4IY4uc0ir8ZuSmDJHV2HRvnHEOLxW81swjJ6ZwMj\nOP_SERVICE_ACCOUNT_TOKEN=ops_eyJzaWduSW5BZGRyZXNzIjoibXkuMXBhc3N3b3JkLmNvbSIsInVzZXJBdXRoIjp7Im1ldGhvZCI6IlNSUGctNDA5NiIsImFsZyI6IlBCRVMyZy1IUzI1NiIsIml0ZXJhdGlvbnMiOjY1MDAwMCwic2FsdCI6Ik5CeHFPeGE1NGNXeUM4ckh1cnZ5a0EifSwiZW1haWwiOiI3Mm1nenYzd3NseWxpQDFwYXNzd29yZHNlcnZpY2VhY2NvdW50cy5jb20iLCJzcnBYIjoiMDg4MGM4NDU3NzUzZTY0ZDk5MjZiZTFmYzg5ZjE1MGJiYWRlZTc0ZDQwZWMyOGEyNGNjODc5Njc0YzFlYTYxZSIsIm11ayI6eyJhbGciOiJBMjU2R0NNIiwiZXh0Ijp0cnVlLCJrIjoibmxZQUlHR2x1M0FSRlB0TDM0WnNFM1lNSU5GcTVLbzF5MG1oVzZOa19YdyIsImtleV9vcHMiOlsiZW5jcnlwdCIsImRlY3J5cHQiXSwia3R5Ijoib2N0Iiwia2lkIjoibXAifSwic2VjcmV0S2V5IjoiQTMtMjVMRE1CLVFOQjhXQS1KTDRIRi1UQlRINy1IUDRFVi1LRjM0SyIsInRocm90dGxlU2VjcmV0Ijp7InNlZWQiOiI5OTdhZWM2N2QyNjJkODgyNWE3YTAxYWVjMjRmODVjOWQyNTRiZGVkY2JlOThjMmM0YTMyMWMzYjkyYzIwMzgzIiwidXVpZCI6IlZJUTZZNDM3SEJFS1ZHWkZYVVZCNUg2UTNFIn0sImRldmljZVV1aWQiOiJvMjd5amp1YWdpN2drZ2c3dDNqczc0a3YzdSJ9\nGITHUB_PERSONAL_ACCESS_TOKEN=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\nSUPABASE_ACCESS_TOKEN=eyJhbGciOiAiSFMyNTYiLCAidHlwIjogIkpXVCJ9.eyJyb2xlIjogInNlcnZpY2Vfcm9sZSIsICJpc3MiOiAic3VwYWJhc2UiLCAiaWF0IjogMTc3MTYwMDgwMCwgImV4cCI6IDIwODY5NjA4MDB9.vLTEQu-8UATji7axVljZzlmPUrbqbFmx7fjXaQc580Y\nGLITCHTIP_TOKEN=4813c494717ae627ad589f17c55a21e30309ec2f5669be37d5b9cd64854bcb10\nGLITCHTIP_ORGANIZATION=jclee-homelab\nGLITCHTIP_BASE_URL=http://192.168.50.106:8000\nES_HOST=http://192.168.50.105:9200\nES_USERNAME=elastic\nES_PASSWORD=I93bmZ/uT3haNpdL9GJ+neTf\nPROXMOX_HOST=192.168.50.100\nPROXMOX_PORT=8006\nPROXMOX_SSL_MODE=insecure\nPROXMOX_USER=root@pam\nPROXMOX_TOKEN_NAME=terraform-api\nPROXMOX_TOKEN_VALUE=0d925da9-a02c-427f-b8e9-1ab71c7a5150\nPROXMOX_ALLOW_ELEVATED=true\nSLACK_MCP_XOXP_TOKEN=xoxe.xoxp-1-Mi0yLTk5MDY2MjUzMzM1NzQtOTg5MzIyMTEyNzYwNy05OTA4OTkxMzQ0OTQ2LTEwNTY1OTkzODM0MDM4LWU5ZTQ0ZmM0ZDRhYjU0ZDI0NmY4MDBlZThkY2FjN2Y1N2NiOWYyNmIxNDMyM2QyZDRiOTdmYjRmMTY2MTFjNjg\nSLACK_MCP_XOXB_TOKEN=PLACEHOLDER_NEEDS_REAL_TOKEN\n",
            "content_base64": null,
            "content_base64sha256": "nMzzN4qeW5zEZz9gpKK0Wa4Z7riDlIJUx8oHd6ANlE8=",
            "content_base64sha512": "CyUry7bCZf/gmgWqlwz5ajknTDf8l7NkuAsenGCVs7qV+xvRLIzf1Zs5Lca9uVBpVXDMVqIylmHstt0KreWoPg==",
            "content_md5": "b5682c156402ee9f686e0d13cbd7e13b",
            "content_sha1": "db2e11234eb40d3080cc7b1fd4a91a6780faf110",
            "content_sha256": "9cccf3378a9e5b9cc4673f60a4a2b459ae19eeb883948254c7ca0777a00d944f",
            "content_sha512": "0b252bcbb6c265ffe09a05aa970cf96a39274c37fc97b364b80b1e9c6095b3ba95fb1bd12c8cdfd59b392dc6bdb950695570cc56a2329661ecb6dd0aade5a83e",
            "directory_permission": "0777",
            "file_permission": "0777",
            "filename": "./configs/rendered/mcphub/.env",
            "id": "db2e11234eb40d3080cc7b1fd4a91a6780faf110",
            "sensitive_content": null,
            "source": null
          },
          "sensitive_attributes": [
            [
              {
                "type": "get_attr",
                "value": "content"
              }
            ],
            [
              {
                "type": "get_attr",
                "value": "sensitive_content"
              }
            ]
          ],
          "identity_schema_version": 0,
          "dependencies": [
            "module.onepassword_secrets.data.onepassword_item.archon",
            "module.onepassword_secrets.data.onepassword_item.cloudflare",
            "module.onepassword_secrets.data.onepassword_item.elk",
            "module.onepassword_secrets.data.onepassword_item.exa",
            "module.onepassword_secrets.data.onepassword_item.github",
            "module.onepassword_secrets.data.onepassword_item.glitchtip",
            "module.onepassword_secrets.data.onepassword_item.grafana",
            "module.onepassword_secrets.data.onepassword_item.mcphub",
            "module.onepassword_secrets.data.onepassword_item.n8n",
            "module.onepassword_secrets.data.onepassword_item.proxmox",
            "module.onepassword_secrets.data.onepassword_item.splunk",
            "module.onepassword_secrets.data.onepassword_item.supabase",
            "module.onepassword_secrets.data.onepassword_vault.this"
          ]
        },
        {
          "index_key": "mcphub_filebeat",
          "schema_version": 0,
          "attributes": {
            "content": "# Filebeat configuration for 112-mcphub (MCP Hub + AI/Tools VM)\n# Rendered by Terraform - DO NOT EDIT MANUALLY\n\nfilebeat.autodiscover:\n  providers:\n    - type: docker\n      hints.enabled: true\n\nfilebeat.inputs:\n  # Docker container logs (mcphub, mcp-proxmox, mcp-playwright, n8n, vault)\n  - type: filestream\n    id: docker-containers\n    paths:\n      - /var/lib/docker/containers/*/*.log\n    parsers:\n      - container: {}\n    prospector.scanner.symlinks: true\n    fields:\n      service: mcphub\n      host_role: mcphub\n    fields_under_root: false\n\n  # System logs\n  - type: filestream\n    id: system-logs\n    paths:\n      - /var/log/*.log\n      - /var/log/syslog\n    fields:\n      service: system\n      host_role: mcphub\n    fields_under_root: false\n\n  # Auth logs\n  - type: filestream\n    id: auth-logs\n    paths:\n      - /var/log/auth.log\n    fields:\n      service: auth\n      host_role: mcphub\n    fields_under_root: false\n\nprocessors:\n  - add_host_metadata: ~\n  - add_docker_metadata:\n      host: \"unix:///var/run/docker.sock\"\n\noutput.logstash:\n  hosts: [\"192.168.50.105:5044\"]\n\nfilebeat.registry.path: /var/lib/filebeat/registry\nlogging.level: info\nlogging.to_files: true\nlogging.files:\n  path: /var/log/filebeat\n  name: filebeat\n  keepfiles: 7\n\nmax_message_bytes: 999999\n",
            "content_base64": null,
            "content_base64sha256": "9bWgkAQCQ0DlrbByHkXn5aHGIKmMOoWwP5JBhyIXMZ8=",
            "content_base64sha512": "fmrc/jpLaIkXj/kI38NvZQgwYv6rNWQ7NUIB/+H49OLna8g72wmzIy+b/nENwfVrS+XMC5HgrdNvjGcfVG9SiQ==",
            "content_md5": "469b542685cb65bb547a6291ec29e832",
            "content_sha1": "6ed2d6502b83fbda8c5b83e9ac0ab82af8baf912",
            "content_sha256": "f5b5a09004024340e5adb0721e45e7e5a1c620a98c3a85b03f9241872217319f",
            "content_sha512": "7e6adcfe3a4b6889178ff908dfc36f65083062feab35643b354201ffe1f8f4e2e76bc83bdb09b3232f9bfe710dc1f56b4be5cc0b91e0add36f8c671f546f5289",
            "directory_permission": "0777",
            "file_permission": "0777",
            "filename": "./configs/rendered/mcphub/filebeat.yml",
            "id": "6ed2d6502b83fbda8c5b83e9ac0ab82af8baf912",
            "sensitive_content": null,
            "source": null
          },
          "sensitive_attributes": [
            [
              {
                "type": "get_attr",
                "value": "content"
              }
            ],
            [
              {
                "type": "get_attr",
                "value": "sensitive_content"
              }
            ]
          ],
          "identity_schema_version": 0,
          "dependencies": [
            "module.onepassword_secrets.data.onepassword_item.archon",
            "module.onepassword_secrets.data.onepassword_item.cloudflare",
            "module.onepassword_secrets.data.onepassword_item.elk",
            "module.onepassword_secrets.data.onepassword_item.exa",
            "module.onepassword_secrets.data.onepassword_item.github",
            "module.onepassword_secrets.data.onepassword_item.glitchtip",
            "module.onepassword_secrets.data.onepassword_item.grafana",
            "module.onepassword_secrets.data.onepassword_item.mcphub",
            "module.onepassword_secrets.data.onepassword_item.n8n",
            "module.onepassword_secrets.data.onepassword_item.proxmox",
            "module.onepassword_secrets.data.onepassword_item.splunk",
            "module.onepassword_secrets.data.onepassword_item.supabase",
            "module.onepassword_secrets.data.onepassword_vault.this"
          ]
        },
        {
          "index_key": "mcphub_mcp_settings",
          "schema_version": 0,
          "attributes": {
            "content": "{\"mcpServers\":{\"archon\":{\"type\":\"streamable-http\",\"url\":\"http://192.168.50.108:8051/mcp\"},\"elk\":{\"args\":[\"-y\",\"@awesome-ai/elasticsearch-mcp\"],\"command\":\"npx\",\"env\":{\"ES_HOST\":\"${ES_HOST}\",\"ES_PASSWORD\":\"${ES_PASSWORD}\",\"ES_USERNAME\":\"${ES_USERNAME}\"}},\"git\":{\"args\":[\"-y\",\"@mseep/git-mcp-server\"],\"command\":\"npx\"},\"github\":{\"args\":[\"-y\",\"@modelcontextprotocol/server-github\"],\"command\":\"npx\",\"env\":{\"GITHUB_PERSONAL_ACCESS_TOKEN\":\"${GITHUB_PERSONAL_ACCESS_TOKEN}\"}},\"glitchtip\":{\"args\":[\"-y\",\"mcp-glitchtip\"],\"command\":\"npx\",\"env\":{\"GLITCHTIP_BASE_URL\":\"${GLITCHTIP_BASE_URL}\",\"GLITCHTIP_ORGANIZATION\":\"${GLITCHTIP_ORGANIZATION}\",\"GLITCHTIP_TOKEN\":\"${GLITCHTIP_TOKEN}\"}},\"kratos\":{\"args\":[\"-y\",\"kratos-mcp\"],\"command\":\"npx\"},\"onepassword\":{\"args\":[\"/app/op-mcp-server/index.mjs\"],\"command\":\"node\",\"env\":{\"OP_SERVICE_ACCOUNT_TOKEN\":\"${OP_SERVICE_ACCOUNT_TOKEN}\"}},\"playwright\":{\"type\":\"sse\",\"url\":\"http://mcp-playwright:8056/sse\"},\"proxmox\":{\"type\":\"sse\",\"url\":\"http://mcp-proxmox:8055/sse\"},\"slack\":{\"args\":[\"-y\",\"slack-mcp-server@latest\",\"--transport\",\"stdio\"],\"command\":\"npx\",\"env\":{\"SLACK_MCP_ADD_MESSAGE_TOOL\":\"true\",\"SLACK_MCP_CHANNELS_CACHE\":\"/tmp/slack-channels-cache.json\",\"SLACK_MCP_USERS_CACHE\":\"/tmp/slack-users-cache.json\",\"SLACK_MCP_XOXB_TOKEN\":\"${SLACK_MCP_XOXB_TOKEN}\",\"SLACK_MCP_XOXP_TOKEN\":\"${SLACK_MCP_XOXP_TOKEN}\"}},\"supabase\":{\"args\":[\"-y\",\"@supabase/mcp-server-supabase\"],\"command\":\"npx\",\"env\":{\"SUPABASE_ACCESS_TOKEN\":\"${SUPABASE_ACCESS_TOKEN}\"}},\"terraform\":{\"args\":[\"-y\",\"terraform-mcp-server\"],\"command\":\"npx\"}}}\n",
            "content_base64": null,
            "content_base64sha256": "g0hOcbwKNKe5+eV8eFvchJuITmFQfFlEk5RcpsSI3Vk=",
            "content_base64sha512": "yAtM8kSJC+obgCCw1tTtDerGXoe+FnFCQ5zaAd9APBTCpbCbjQUES98fWZrDiAR/j0ZFAZAXAgbnxw/hX/+/Rw==",
            "content_md5": "5158fdd1f132bd555adad176c97e54b8",
            "content_sha1": "1e04c65c8601fa38e66411d2c393552d8315dc6a",
            "content_sha256": "83484e71bc0a34a7b9f9e57c785bdc849b884e61507c594493945ca6c488dd59",
            "content_sha512": "c80b4cf244890bea1b8020b0d6d4ed0deac65e87be167142439cda01df403c14c2a5b09b8d05044bdf1f599ac388047f8f46450190170206e7c70fe15fffbf47",
            "directory_permission": "0777",
            "file_permission": "0777",
            "filename": "./configs/rendered/mcphub/mcp_settings.json",
            "id": "1e04c65c8601fa38e66411d2c393552d8315dc6a",
            "sensitive_content": null,
            "source": null
          },
          "sensitive_attributes": [
            [
              {
                "type": "get_attr",
                "value": "content"
              }
            ],
            [
              {
                "type": "get_attr",
                "value": "sensitive_content"
              }
            ]
          ],
          "identity_schema_version": 0,
          "dependencies": [
            "module.onepassword_secrets.data.onepassword_item.archon",
            "module.onepassword_secrets.data.onepassword_item.cloudflare",
            "module.onepassword_secrets.data.onepassword_item.elk",
            "module.onepassword_secrets.data.onepassword_item.exa",
            "module.onepassword_secrets.data.onepassword_item.github",
            "module.onepassword_secrets.data.onepassword_item.glitchtip",
            "module.onepassword_secrets.data.onepassword_item.grafana",
            "module.onepassword_secrets.data.onepassword_item.mcphub",
            "module.onepassword_secrets.data.onepassword_item.n8n",
            "module.onepassword_secrets.data.onepassword_item.proxmox",
            "module.onepassword_secrets.data.onepassword_item.splunk",
            "module.onepassword_secrets.data.onepassword_item.supabase",
            "module.onepassword_secrets.data.onepassword_vault.this"
          ]
        },
        {
          "index_key": "mcphub_n8n_docker_compose",
          "schema_version": 0,
          "attributes": {
            "content": "services:\n  n8n:\n    container_name: n8n\n    image: n8nio/n8n:2.8.1\n    restart: unless-stopped\n    ports:\n      - \"5678:5678\"\n    environment:\n      N8N_API_KEY: 4IY4uc0ir8ZuSmDJHV2HRvnHEOLxW81swjJ6ZwMj\n      N8N_HOST: n8n.jclee.me\n      N8N_PORT: 5678\n      N8N_PROTOCOL: https\n      N8N_SECURE_COOKIE: \"false\"\n      TZ: Asia/Seoul\n      WEBHOOK_URL: https://n8n.jclee.me/\n      EXECUTIONS_DATA_SAVE_ON_ERROR: \"all\"\n      N8N_EXECUTION_TIMEOUT: \"300\"\n    deploy:\n      resources:\n        limits:\n          memory: 1G\n          cpus: '1.00'\n    logging:\n      driver: json-file\n      options:\n        max-size: \"50m\"\n        max-file: \"5\"\n    healthcheck:\n      test: [\"CMD-SHELL\", \"curl -sf http://localhost:5678/healthz || exit 1\"]\n      interval: 30s\n      timeout: 10s\n      retries: 3\n      start_period: 30s\n    volumes:\n      - n8n_data:/home/node/.n8n\n    networks:\n      - n8n_default\n\nvolumes:\n  n8n_data:\n    name: n8n_n8n_data\n    driver: local\n\nnetworks:\n  n8n_default:\n    name: n8n_default\n    driver: bridge\n",
            "content_base64": null,
            "content_base64sha256": "g9JUREaguuNH9P6ez898F8JWIvXtev9xXJ6spONK07Y=",
            "content_base64sha512": "u1oxUbdyXMrt2aTj5l+2k+O8Jo7ud24WjDbzSvMDaVcKoxetUeR5fcnWyMyP2CMmjbvrzgzCxlmUk3O2tvMaqg==",
            "content_md5": "4f1ceb09577a054c8d193d283429aa8c",
            "content_sha1": "07808b7c7bef24b615f5483889a7ff8b74632b55",
            "content_sha256": "83d2544446a0bae347f4fe9ecfcf7c17c25622f5ed7aff715c9eaca4e34ad3b6",
            "content_sha512": "bb5a3151b7725ccaedd9a4e3e65fb693e3bc268eee776e168c36f34af30369570aa317ad51e4797dc9d6c8cc8fd823268dbbebce0cc2c659949373b6b6f31aaa",
            "directory_permission": "0777",
            "file_permission": "0777",
            "filename": "./configs/rendered/mcphub/docker-compose-n8n.yml",
            "id": "07808b7c7bef24b615f5483889a7ff8b74632b55",
            "sensitive_content": null,
            "source": null
          },
          "sensitive_attributes": [
            [
              {
                "type": "get_attr",
                "value": "content"
              }
            ],
            [
              {
                "type": "get_attr",
                "value": "sensitive_content"
              }
            ]
          ],
          "identity_schema_version": 0,
          "dependencies": [
            "module.onepassword_secrets.data.onepassword_item.archon",
            "module.onepassword_secrets.data.onepassword_item.cloudflare",
            "module.onepassword_secrets.data.onepassword_item.elk",
            "module.onepassword_secrets.data.onepassword_item.exa",
            "module.onepassword_secrets.data.onepassword_item.github",
            "module.onepassword_secrets.data.onepassword_item.glitchtip",
            "module.onepassword_secrets.data.onepassword_item.grafana",
            "module.onepassword_secrets.data.onepassword_item.mcphub",
            "module.onepassword_secrets.data.onepassword_item.n8n",
            "module.onepassword_secrets.data.onepassword_item.proxmox",
            "module.onepassword_secrets.data.onepassword_item.splunk",
            "module.onepassword_secrets.data.onepassword_item.supabase",
            "module.onepassword_secrets.data.onepassword_vault.this"
          ]
        },
        {
          "index_key": "mcphub_op_connect_compose",
          "schema_version": 0,
          "attributes": {
            "content": "services:\n  op-connect-api:\n    image: 1password/connect-api:latest\n    ports:\n      - \"8090:8080\"\n    volumes:\n      - ./1password-credentials.json:/home/opuser/.op/1password-credentials.json:ro\n      - op-connect-data:/home/opuser/.op/data\n    restart: unless-stopped\n\n  op-connect-sync:\n    image: 1password/connect-sync:latest\n    volumes:\n      - ./1password-credentials.json:/home/opuser/.op/1password-credentials.json:ro\n      - op-connect-data:/home/opuser/.op/data\n    restart: unless-stopped\n\nvolumes:\n  op-connect-data:\n",
            "content_base64": null,
            "content_base64sha256": "CrioK29Nry5A0KnaSqlaMmVeB96az+omgJoolNWAQDI=",
            "content_base64sha512": "2gtMDtQ7q882PUa13NDRyhE2oYTWL2Hyx+8q039OYdG/xvnwkjJ8CVZ+6byaVL9q2hT5ni6aK6jFBdX/CoU7bQ==",
            "content_md5": "0402f7241e9f5a12368f3778237b2a51",
            "content_sha1": "e034c643d3713d9b25f2d4fdb51b254baffaffc6",
            "content_sha256": "0ab8a82b6f4daf2e40d0a9da4aa95a32655e07de9acfea26809a2894d5804032",
            "content_sha512": "da0b4c0ed43babcf363d46b5dcd0d1ca1136a184d62f61f2c7ef2ad37f4e61d1bfc6f9f092327c09567ee9bc9a54bf6ada14f99e2e9a2ba8c505d5ff0a853b6d",
            "directory_permission": "0777",
            "file_permission": "0777",
            "filename": "./configs/rendered/mcphub/docker-compose-op-connect.yml",
            "id": "e034c643d3713d9b25f2d4fdb51b254baffaffc6",
            "sensitive_content": null,
            "source": null
          },
          "sensitive_attributes": [
            [
              {
                "type": "get_attr",
                "value": "content"
              }
            ],
            [
              {
                "type": "get_attr",
                "value": "sensitive_content"
              }
            ]
          ],
          "identity_schema_version": 0,
          "dependencies": [
            "module.onepassword_secrets.data.onepassword_item.archon",
            "module.onepassword_secrets.data.onepassword_item.cloudflare",
            "module.onepassword_secrets.data.onepassword_item.elk",
            "module.onepassword_secrets.data.onepassword_item.exa",
            "module.onepassword_secrets.data.onepassword_item.github",
            "module.onepassword_secrets.data.onepassword_item.glitchtip",
            "module.onepassword_secrets.data.onepassword_item.grafana",
            "module.onepassword_secrets.data.onepassword_item.mcphub",
            "module.onepassword_secrets.data.onepassword_item.n8n",
            "module.onepassword_secrets.data.onepassword_item.proxmox",
            "module.onepassword_secrets.data.onepassword_item.splunk",
            "module.onepassword_secrets.data.onepassword_item.supabase",
            "module.onepassword_secrets.data.onepassword_vault.this"
          ]
        },
        {
          "index_key": "prometheus",
          "schema_version": 0,
          "attributes": {
            "content": "global:\n  scrape_interval: 15s\n  evaluation_interval: 15s\n\nscrape_configs:\n  - job_name: 'prometheus'\n    static_configs:\n      - targets: ['localhost:9090']\n\n  - job_name: 'node'\n    static_configs:\n      - targets: ['192.168.50.104:9100']\n\n  - job_name: 'traefik'\n    static_configs:\n      - targets: ['192.168.50.102:8080']\n\n  - job_name: 'infrastructure-nodes'\n    static_configs:\n      - targets:\n          - '192.168.50.108:9100'\n          - '192.168.50.103:9100'\n          - '192.168.50.105:9100'\n          - '192.168.50.106:9100'\n          - '192.168.50.104:9100'\n          - '192.168.50.112:9100'\n          - '192.168.50.109:9100'\n          - '192.168.50.101:9100'\n          - '192.168.50.107:9100'\n          - '192.168.50.102:9100'\n          - '192.168.50.220:9100'\n    relabel_configs:\n      - source_labels: [__address__]\n        regex: '192\\.168\\.50\\.(\\d+):.*'\n        replacement: '${1}'\n        target_label: vmid\n\n  - job_name: 'logstash'\n    metrics_path: /metrics\n    static_configs:\n      - targets: ['192.168.50.105:9198']\n        labels:\n          service: logstash\n\n  - job_name: 'blackbox-http'\n    metrics_path: /probe\n    params:\n      module: [http_2xx]\n    static_configs:\n      - targets:\n          - 'http://192.168.50.112:5678/healthz'\n          - 'http://192.168.50.106:8000/_health/'\n          - 'http://192.168.50.112:3000/'\n          - 'http://192.168.50.102:8080/api/overview'\n          - 'http://elastic:I93bmZ/uT3haNpdL9GJ+neTf@192.168.50.105:9200/_cluster/health'\n          - 'http://192.168.50.104:3000/api/health'\n          - 'http://192.168.50.107:8000/rest/v1/'\n          - 'http://192.168.50.108:3737/'\n    relabel_configs:\n      - source_labels: [__address__]\n        target_label: __param_target\n      - source_labels: [__param_target]\n        target_label: instance\n      - target_label: __address__\n        replacement: blackbox-exporter:9115\n",
            "content_base64": null,
            "content_base64sha256": "LWFXWDT1Ajuap3ccm8rS399zgMh4wEsuqMuW4RbRgs8=",
            "content_base64sha512": "cgPIqq8FYt1G35Ts0ml48NAvTcUbKNW98tyKfLUJjrrohbGZ4IpzdzMVYFafx4rT7gaiAOWFmzHxuCpMDJzcXw==",
            "content_md5": "992e5ea7f66fd8864e58df6a4ad0fb82",
            "content_sha1": "433341102193e6de3c6fbde8507ecef820c3713c",
            "content_sha256": "2d61575834f5023b9aa7771c9bcad2dfdf7380c878c04b2ea8cb96e116d182cf",
            "content_sha512": "7203c8aaaf0562dd46df94ecd26978f0d02f4dc51b28d5bdf2dc8a7cb5098ebae885b199e08a7377331560569fc78ad3ee06a200e5859b31f1b82a4c0c9cdc5f",
            "directory_permission": "0777",
            "file_permission": "0777",
            "filename": "./configs/rendered/prometheus.yml",
            "id": "433341102193e6de3c6fbde8507ecef820c3713c",
            "sensitive_content": null,
            "source": null
          },
          "sensitive_attributes": [
            [
              {
                "type": "get_attr",
                "value": "content"
              }
            ],
            [
              {
                "type": "get_attr",
                "value": "sensitive_content"
              }
            ]
          ],
          "identity_schema_version": 0,
          "dependencies": [
            "module.onepassword_secrets.data.onepassword_item.archon",
            "module.onepassword_secrets.data.onepassword_item.cloudflare",
            "module.onepassword_secrets.data.onepassword_item.elk",
            "module.onepassword_secrets.data.onepassword_item.exa",
            "module.onepassword_secrets.data.onepassword_item.github",
            "module.onepassword_secrets.data.onepassword_item.glitchtip",
            "module.onepassword_secrets.data.onepassword_item.grafana",
            "module.onepassword_secrets.data.onepassword_item.mcphub",
            "module.onepassword_secrets.data.onepassword_item.n8n",
            "module.onepassword_secrets.data.onepassword_item.proxmox",
            "module.onepassword_secrets.data.onepassword_item.splunk",
            "module.onepassword_secrets.data.onepassword_item.supabase",
            "module.onepassword_secrets.data.onepassword_vault.this"
          ]
        },
        {
          "index_key": "runner_filebeat",
          "schema_version": 0,
          "attributes": {
            "content": "# Filebeat configuration for 101-runner (GitHub Actions Self-hosted Runner)\n# Rendered by Terraform - DO NOT EDIT MANUALLY\n\nfilebeat.inputs:\n  # System logs\n  - type: filestream\n    id: system-logs\n    paths:\n      - /var/log/*.log\n      - /var/log/syslog\n    fields:\n      service: runner\n      host_role: runner\n    fields_under_root: false\n\n  # GitHub Actions Runner diagnostic logs\n  - type: filestream\n    id: runner-diag-logs\n    paths:\n      - /home/runner/runners/*/_diag/*.log\n    fields:\n      service: runner\n      host_role: runner\n    fields_under_root: false\n\n  # Auth logs\n  - type: filestream\n    id: auth-logs\n    paths:\n      - /var/log/auth.log\n    fields:\n      service: auth\n      host_role: runner\n    fields_under_root: false\n\nprocessors:\n  - add_host_metadata: ~\n\noutput.logstash:\n  hosts: [\"192.168.50.105:5044\"]\n\nfilebeat.registry.path: /var/lib/filebeat/registry\nlogging.level: info\nlogging.to_files: true\nlogging.files:\n  path: /var/log/filebeat\n  name: filebeat\n  keepfiles: 7\n\nmax_message_bytes: 999999\n",
            "content_base64": null,
            "content_base64sha256": "VZedAL9LuTXjrZ+/7c4DcZSd46FTKBe4PJDCAnBFbLI=",
            "content_base64sha512": "gf1VayOhM1W+zYjUhb8E98IkeU//16ZZ+y8nIuqg1ODDOzJnAWlZSOIc8tma/agvnfLlhbyw/hL0ocvXG1C8xg==",
            "content_md5": "9270d218b7e78016f6bbd27cb41c8490",
            "content_sha1": "fcad6855741da10cb6cc626ad75b89600da1baa4",
            "content_sha256": "55979d00bf4bb935e3ad9fbfedce0371949de3a1532817b83c90c20270456cb2",
            "content_sha512": "81fd556b23a13355becd88d485bf04f7c224794fffd7a659fb2f2722eaa0d4e0c33b326701695948e21cf2d99afda82f9df2e585bcb0fe12f4a1cbd71b50bcc6",
            "directory_permission": "0777",
            "file_permission": "0777",
            "filename": "./configs/rendered/runner/filebeat.yml",
            "id": "fcad6855741da10cb6cc626ad75b89600da1baa4",
            "sensitive_content": null,
            "source": null
          },
          "sensitive_attributes": [
            [
              {
                "type": "get_attr",
                "value": "content"
              }
            ],
            [
              {
                "type": "get_attr",
                "value": "sensitive_content"
              }
            ]
          ],
          "identity_schema_version": 0,
          "dependencies": [
            "module.onepassword_secrets.data.onepassword_item.archon",
            "module.onepassword_secrets.data.onepassword_item.cloudflare",
            "module.onepassword_secrets.data.onepassword_item.elk",
            "module.onepassword_secrets.data.onepassword_item.exa",
            "module.onepassword_secrets.data.onepassword_item.github",
            "module.onepassword_secrets.data.onepassword_item.glitchtip",
            "module.onepassword_secrets.data.onepassword_item.grafana",
            "module.onepassword_secrets.data.onepassword_item.mcphub",
            "module.onepassword_secrets.data.onepassword_item.n8n",
            "module.onepassword_secrets.data.onepassword_item.proxmox",
            "module.onepassword_secrets.data.onepassword_item.splunk",
            "module.onepassword_secrets.data.onepassword_item.supabase",
            "module.onepassword_secrets.data.onepassword_vault.this"
          ]
        },
        {
          "index_key": "supabase_docker_compose",
          "schema_version": 0,
          "attributes": {
            "content": "services:\n  studio:\n    image: supabase/studio:20250224-95cc97d\n    container_name: supabase-studio\n    restart: unless-stopped\n    env_file:\n      - .env\n    environment:\n      STUDIO_PG_META_URL: http://meta:8080\n      SUPABASE_URL: http://kong:8000\n      SUPABASE_PUBLIC_URL: http://192.168.50.107:8000\n      SUPABASE_ANON_KEY: eyJhbGciOiAiSFMyNTYiLCAidHlwIjogIkpXVCJ9.eyJyb2xlIjogImFub24iLCAiaXNzIjogInN1cGFiYXNlIiwgImlhdCI6IDE3NzE2MDA4MDAsICJleHAiOiAyMDg2OTYwODAwfQ.TiwflrKfacFVLlR2k7owaIPfJ8C75bwqRXqP0pzJY3o\n      SUPABASE_SERVICE_ROLE_KEY: eyJhbGciOiAiSFMyNTYiLCAidHlwIjogIkpXVCJ9.eyJyb2xlIjogInNlcnZpY2Vfcm9sZSIsICJpc3MiOiAic3VwYWJhc2UiLCAiaWF0IjogMTc3MTYwMDgwMCwgImV4cCI6IDIwODY5NjA4MDB9.vLTEQu-8UATji7axVljZzlmPUrbqbFmx7fjXaQc580Y\n    ports:\n      - \"3000:3000\"\n    depends_on:\n      - kong\n      - meta\n      - db\n    networks:\n      - supabase\n\n  kong:\n    image: kong:2.8.1\n    container_name: supabase-kong\n    restart: unless-stopped\n    env_file:\n      - .env\n    environment:\n      KONG_DATABASE: \"off\"\n      KONG_DECLARATIVE_CONFIG: /var/lib/kong/kong.yml\n      KONG_DNS_ORDER: LAST,A,CNAME\n      KONG_PLUGINS: request-transformer,cors,key-auth,acl,basic-auth\n      KONG_NGINX_PROXY_PROXY_BUFFER_SIZE: 160k\n      KONG_NGINX_PROXY_PROXY_BUFFERS: 64 160k\n    ports:\n      - \"8000:8000\"\n      - \"8443:8443\"\n    volumes:\n      - ./kong.yml:/var/lib/kong/kong.yml:ro\n    healthcheck:\n      test: [\"CMD\", \"kong\", \"health\"]\n      interval: 10s\n      timeout: 5s\n      retries: 5\n    depends_on:\n      - auth\n      - rest\n      - realtime\n      - storage\n    networks:\n      - supabase\n\n  auth:\n    image: supabase/gotrue:v2.158.1\n    container_name: supabase-auth\n    restart: unless-stopped\n    env_file:\n      - .env\n    environment:\n      GOTRUE_API_HOST: 0.0.0.0\n      GOTRUE_API_PORT: 9999\n      API_EXTERNAL_URL: http://192.168.50.107:8000\n      GOTRUE_SITE_URL: http://supabase.jclee.me\n      GOTRUE_URI_ALLOW_LIST: \"http://localhost:3000,http://192.168.50.107:3000\"\n      GOTRUE_JWT_SECRET: cwCVl7uY4WJUyZo/IpYauD9G8kqvbfhbolfNZVQNeME=\n      GOTRUE_JWT_AUD: authenticated\n      GOTRUE_DB_DRIVER: postgres\n      GOTRUE_DB_DATABASE_URL: postgres://supabase_admin:xaBI7AtdjCSRXO/B4JzKRzTw@db:5432/postgres\n      GOTRUE_EXTERNAL_EMAIL_ENABLED: \"true\"\n      GOTRUE_MAILER_AUTOCONFIRM: \"true\"\n      GOTRUE_DISABLE_SIGNUP: \"false\"\n    ports:\n      - \"9999:9999\"\n    depends_on:\n      - db\n    networks:\n      - supabase\n\n  rest:\n    image: postgrest/postgrest:v12.2.8\n    container_name: supabase-rest\n    restart: unless-stopped\n    env_file:\n      - .env\n    environment:\n      PGRST_DB_URI: postgres://authenticator:xaBI7AtdjCSRXO/B4JzKRzTw@db:5432/postgres\n      PGRST_DB_SCHEMAS: public,storage,graphql_public\n      PGRST_DB_ANON_ROLE: anon\n      PGRST_JWT_SECRET: cwCVl7uY4WJUyZo/IpYauD9G8kqvbfhbolfNZVQNeME=\n    ports:\n      - \"3001:3000\"\n    depends_on:\n      - db\n    networks:\n      - supabase\n\n  realtime:\n    image: supabase/realtime:v2.34.47\n    container_name: supabase-realtime\n    restart: unless-stopped\n    env_file:\n      - .env\n    environment:\n      DB_HOST: db\n      DB_PORT: 5432\n      DB_USER: supabase_admin\n      DB_PASSWORD: xaBI7AtdjCSRXO/B4JzKRzTw\n      DB_NAME: postgres\n      PORT: 4000\n      JWT_SECRET: cwCVl7uY4WJUyZo/IpYauD9G8kqvbfhbolfNZVQNeME=\n      SECRET_KEY_BASE: cwCVl7uY4WJUyZo/IpYauD9G8kqvbfhbolfNZVQNeME=\n      APP_NAME: realtime\n      SEED_SELF_HOST: \"true\"\n    ports:\n      - \"4000:4000\"\n    depends_on:\n      - db\n    networks:\n      - supabase\n\n  meta:\n    image: supabase/postgres-meta:v0.84.3\n    container_name: supabase-meta\n    restart: unless-stopped\n    env_file:\n      - .env\n    environment:\n      PG_META_PORT: 8080\n      PG_META_DB_HOST: db\n      PG_META_DB_PORT: 5432\n      PG_META_DB_NAME: postgres\n      PG_META_DB_USER: supabase_admin\n      PG_META_DB_PASSWORD: xaBI7AtdjCSRXO/B4JzKRzTw\n    ports:\n      - \"8080:8080\"\n    depends_on:\n      - db\n    networks:\n      - supabase\n\n  storage:\n    image: supabase/storage-api:v1.20.3\n    container_name: supabase-storage\n    restart: unless-stopped\n    env_file:\n      - .env\n    environment:\n      ANON_KEY: eyJhbGciOiAiSFMyNTYiLCAidHlwIjogIkpXVCJ9.eyJyb2xlIjogImFub24iLCAiaXNzIjogInN1cGFiYXNlIiwgImlhdCI6IDE3NzE2MDA4MDAsICJleHAiOiAyMDg2OTYwODAwfQ.TiwflrKfacFVLlR2k7owaIPfJ8C75bwqRXqP0pzJY3o\n      SERVICE_KEY: eyJhbGciOiAiSFMyNTYiLCAidHlwIjogIkpXVCJ9.eyJyb2xlIjogInNlcnZpY2Vfcm9sZSIsICJpc3MiOiAic3VwYWJhc2UiLCAiaWF0IjogMTc3MTYwMDgwMCwgImV4cCI6IDIwODY5NjA4MDB9.vLTEQu-8UATji7axVljZzlmPUrbqbFmx7fjXaQc580Y\n      POSTGREST_URL: http://rest:3000\n      PGRST_JWT_SECRET: cwCVl7uY4WJUyZo/IpYauD9G8kqvbfhbolfNZVQNeME=\n      DATABASE_URL: postgres://supabase_storage_admin:xaBI7AtdjCSRXO/B4JzKRzTw@db:5432/postgres\n      FILE_SIZE_LIMIT: 52428800\n      STORAGE_BACKEND: file\n      FILE_STORAGE_BACKEND_PATH: /var/lib/storage\n      REGION: local\n      GLOBAL_S3_BUCKET: supabase-storage\n    ports:\n      - \"5000:5000\"\n    depends_on:\n      - db\n      - rest\n    volumes:\n      - supabase_storage_data:/var/lib/storage\n    networks:\n      - supabase\n\n  db:\n    image: supabase/postgres:15.8.1.049\n    container_name: supabase-db\n    restart: unless-stopped\n    env_file:\n      - .env\n    environment:\n      POSTGRES_PASSWORD: xaBI7AtdjCSRXO/B4JzKRzTw\n      POSTGRES_DB: postgres\n      POSTGRES_USER: supabase_admin\n      JWT_SECRET: cwCVl7uY4WJUyZo/IpYauD9G8kqvbfhbolfNZVQNeME=\n      JWT_EXP: 3600\n    ports:\n      - \"5432:5432\"\n    volumes:\n      - supabase_db_data:/var/lib/postgresql/data\n    healthcheck:\n      test: [\"CMD-SHELL\", \"pg_isready -U supabase_admin -d postgres\"]\n      interval: 10s\n      timeout: 5s\n      retries: 10\n    networks:\n      - supabase\n\nnetworks:\n  supabase:\n    driver: bridge\n\nvolumes:\n  supabase_db_data:\n  supabase_storage_data:\n",
            "content_base64": null,
            "content_base64sha256": "Y7BIdPt8WPNm7ZqGfxMqVxGfqDXlgxOBg/tkceOItLE=",
            "content_base64sha512": "tgXLSZdsoSVBAPbp+bP0hSgWi1ZHRVKha+Aln/pVx7R6CDUt6kp9qrkBe777nOpsR7FI3b31/dGKs6MwUNEPhQ==",
            "content_md5": "a5cf9456e29afa5bf58cb42e4df5a18f",
            "content_sha1": "27ca6594087b40ce66419b1e45fac36825028c6a",
            "content_sha256": "63b04874fb7c58f366ed9a867f132a57119fa835e583138183fb6471e388b4b1",
            "content_sha512": "b605cb49976ca1254100f6e9f9b3f48528168b56474552a16be0259ffa55c7b47a08352dea4a7daab9017bbefb9cea6c47b148ddbdf5fdd18ab3a33050d10f85",
            "directory_permission": "0777",
            "file_permission": "0777",
            "filename": "./configs/rendered/supabase/docker-compose.yml",
            "id": "27ca6594087b40ce66419b1e45fac36825028c6a",
            "sensitive_content": null,
            "source": null
          },
          "sensitive_attributes": [
            [
              {
                "type": "get_attr",
                "value": "content"
              }
            ],
            [
              {
                "type": "get_attr",
                "value": "sensitive_content"
              }
            ]
          ],
          "identity_schema_version": 0,
          "dependencies": [
            "module.onepassword_secrets.data.onepassword_item.archon",
            "module.onepassword_secrets.data.onepassword_item.cloudflare",
            "module.onepassword_secrets.data.onepassword_item.elk",
            "module.onepassword_secrets.data.onepassword_item.exa",
            "module.onepassword_secrets.data.onepassword_item.github",
            "module.onepassword_secrets.data.onepassword_item.glitchtip",
            "module.onepassword_secrets.data.onepassword_item.grafana",
            "module.onepassword_secrets.data.onepassword_item.mcphub",
            "module.onepassword_secrets.data.onepassword_item.n8n",
            "module.onepassword_secrets.data.onepassword_item.proxmox",
            "module.onepassword_secrets.data.onepassword_item.splunk",
            "module.onepassword_secrets.data.onepassword_item.supabase",
            "module.onepassword_secrets.data.onepassword_vault.this"
          ]
        },
        {
          "index_key": "supabase_env",
          "schema_version": 0,
          "attributes": {
            "content": "POSTGRES_PASSWORD=xaBI7AtdjCSRXO/B4JzKRzTw\nJWT_SECRET=cwCVl7uY4WJUyZo/IpYauD9G8kqvbfhbolfNZVQNeME=\nANON_KEY=eyJhbGciOiAiSFMyNTYiLCAidHlwIjogIkpXVCJ9.eyJyb2xlIjogImFub24iLCAiaXNzIjogInN1cGFiYXNlIiwgImlhdCI6IDE3NzE2MDA4MDAsICJleHAiOiAyMDg2OTYwODAwfQ.TiwflrKfacFVLlR2k7owaIPfJ8C75bwqRXqP0pzJY3o\nSERVICE_ROLE_KEY=eyJhbGciOiAiSFMyNTYiLCAidHlwIjogIkpXVCJ9.eyJyb2xlIjogInNlcnZpY2Vfcm9sZSIsICJpc3MiOiAic3VwYWJhc2UiLCAiaWF0IjogMTc3MTYwMDgwMCwgImV4cCI6IDIwODY5NjA4MDB9.vLTEQu-8UATji7axVljZzlmPUrbqbFmx7fjXaQc580Y\n\nSITE_URL=http://supabase.jclee.me\nAPI_EXTERNAL_URL=http://supabase.jclee.me\n\nSTUDIO_DEFAULT_ORGANIZATION=jclee-homelab\nSTUDIO_DEFAULT_PROJECT=homelab\nDASHBOARD_USERNAME=placeholder\nDASHBOARD_PASSWORD=NUIU83I8A28gPocspX3F0C2Y\n\nPOSTGRES_HOST=db\nPOSTGRES_DB=postgres\nPOSTGRES_PORT=5432\nPOSTGRES_USER=supabase_admin\n\nPGRST_DB_URI=postgres://authenticator:xaBI7AtdjCSRXO/B4JzKRzTw@db:5432/postgres\nPGRST_DB_SCHEMAS=public,storage,graphql_public\nPGRST_DB_ANON_ROLE=anon\nPGRST_JWT_SECRET=cwCVl7uY4WJUyZo/IpYauD9G8kqvbfhbolfNZVQNeME=\n",
            "content_base64": null,
            "content_base64sha256": "ElWx0PZRzEDQ2m8wcPw63EiL9Ko95tnV4JyFVac2LmU=",
            "content_base64sha512": "Uwj7+qxBazqLA6qiyKHSd+k2hdwkxrRwsGpvzDXCq9vdmN8hrqZ8eWaXMF90TKHM+xpGTzumMI9mR9p2Fz3WEQ==",
            "content_md5": "24fe2db78eab3f1b5b1a09d2ab5db727",
            "content_sha1": "c495eaf993eaf2e49eb33fa35f54c0ab8d577633",
            "content_sha256": "1255b1d0f651cc40d0da6f3070fc3adc488bf4aa3de6d9d5e09c8555a7362e65",
            "content_sha512": "5308fbfaac416b3a8b03aaa2c8a1d277e93685dc24c6b470b06a6fcc35c2abdbdd98df21aea67c796697305f744ca1ccfb1a464f3ba6308f6647da76173dd611",
            "directory_permission": "0777",
            "file_permission": "0777",
            "filename": "./configs/rendered/supabase/.env",
            "id": "c495eaf993eaf2e49eb33fa35f54c0ab8d577633",
            "sensitive_content": null,
            "source": null
          },
          "sensitive_attributes": [
            [
              {
                "type": "get_attr",
                "value": "content"
              }
            ],
            [
              {
                "type": "get_attr",
                "value": "sensitive_content"
              }
            ]
          ],
          "identity_schema_version": 0,
          "dependencies": [
            "module.onepassword_secrets.data.onepassword_item.archon",
            "module.onepassword_secrets.data.onepassword_item.cloudflare",
            "module.onepassword_secrets.data.onepassword_item.elk",
            "module.onepassword_secrets.data.onepassword_item.exa",
            "module.onepassword_secrets.data.onepassword_item.github",
            "module.onepassword_secrets.data.onepassword_item.glitchtip",
            "module.onepassword_secrets.data.onepassword_item.grafana",
            "module.onepassword_secrets.data.onepassword_item.mcphub",
            "module.onepassword_secrets.data.onepassword_item.n8n",
            "module.onepassword_secrets.data.onepassword_item.proxmox",
            "module.onepassword_secrets.data.onepassword_item.splunk",
            "module.onepassword_secrets.data.onepassword_item.supabase",
            "module.onepassword_secrets.data.onepassword_vault.this"
          ]
        },
        {
          "index_key": "supabase_filebeat",
          "schema_version": 0,
          "attributes": {
            "content": "# Filebeat configuration for 107-supabase (Supabase BaaS)\n# Rendered by Terraform - DO NOT EDIT MANUALLY\n\nfilebeat.autodiscover:\n  providers:\n    - type: docker\n      hints.enabled: true\n      # Hint annotations for supabase containers — auto-tag each component\n      templates:\n        - condition:\n            or:\n              - contains:\n                  docker.container.name: supabase-kong\n              - contains:\n                  docker.container.name: supabase-auth\n              - contains:\n                  docker.container.name: supabase-rest\n              - contains:\n                  docker.container.name: supabase-realtime\n              - contains:\n                  docker.container.name: supabase-storage\n              - contains:\n                  docker.container.name: supabase-db\n              - contains:\n                  docker.container.name: supabase-studio\n              - contains:\n                  docker.container.name: supabase-meta\n              - contains:\n                  docker.container.name: supabase-edge-functions\n              - contains:\n                  docker.container.name: supabase-analytics\n          config:\n            - type: container\n              paths:\n                - /var/lib/docker/containers/${data.docker.container.id}/*.log\n              fields:\n                service: supabase\n                supabase_component: \"${data.docker.container.name}\"\n                host_role: supabase\n              fields_under_root: false\n\nfilebeat.inputs:\n  # Docker container logs (catch-all for all containers)\n  - type: filestream\n    id: docker-containers\n    paths:\n      - /var/lib/docker/containers/*/*.log\n    parsers:\n      - container: {}\n    prospector.scanner.symlinks: true\n    fields:\n      service: supabase\n      host_role: supabase\n    fields_under_root: false\n\n  # System logs\n  - type: filestream\n    id: system-logs\n    paths:\n      - /var/log/*.log\n      - /var/log/syslog\n    fields:\n      service: system\n      host_role: supabase\n    fields_under_root: false\n\nprocessors:\n  - add_host_metadata: ~\n  - add_docker_metadata:\n      host: \"unix:///var/run/docker.sock\"\n\noutput.logstash:\n  hosts: [\"192.168.50.105:5044\"]\n\nfilebeat.registry.path: /var/lib/filebeat/registry\nlogging.level: info\nlogging.to_files: true\nlogging.files:\n  path: /var/log/filebeat\n  name: filebeat\n  keepfiles: 7\n\nmax_message_bytes: 999999\n",
            "content_base64": null,
            "content_base64sha256": "QRhCSkdd0OUEdlAlSl8Rw9KHRuxdzSX28Bte78vcTnY=",
            "content_base64sha512": "rjiWDzoPa4NOuWXtjQ6iSUUlfM0A9WtO7D3QQfowox/AywpqrsRkpuFLIehzgNCONnLoAUfLEesDgWkmH6/IVw==",
            "content_md5": "f7c7107b3beda4b98954e47e908e53fd",
            "content_sha1": "af8b34977963932c02469ce00f86ad884939f082",
            "content_sha256": "4118424a475dd0e5047650254a5f11c3d28746ec5dcd25f6f01b5eefcbdc4e76",
            "content_sha512": "ae38960f3a0f6b834eb965ed8d0ea24945257ccd00f56b4eec3dd041fa30a31fc0cb0a6aaec464a6e14b21e87380d08e3672e80147cb11eb038169261fafc857",
            "directory_permission": "0777",
            "file_permission": "0777",
            "filename": "./configs/rendered/supabase/filebeat.yml",
            "id": "af8b34977963932c02469ce00f86ad884939f082",
            "sensitive_content": null,
            "source": null
          },
          "sensitive_attributes": [
            [
              {
                "type": "get_attr",
                "value": "content"
              }
            ],
            [
              {
                "type": "get_attr",
                "value": "sensitive_content"
              }
            ]
          ],
          "identity_schema_version": 0,
          "dependencies": [
            "module.onepassword_secrets.data.onepassword_item.archon",
            "module.onepassword_secrets.data.onepassword_item.cloudflare",
            "module.onepassword_secrets.data.onepassword_item.elk",
            "module.onepassword_secrets.data.onepassword_item.exa",
            "module.onepassword_secrets.data.onepassword_item.github",
            "module.onepassword_secrets.data.onepassword_item.glitchtip",
            "module.onepassword_secrets.data.onepassword_item.grafana",
            "module.onepassword_secrets.data.onepassword_item.mcphub",
            "module.onepassword_secrets.data.onepassword_item.n8n",
            "module.onepassword_secrets.data.onepassword_item.proxmox",
            "module.onepassword_secrets.data.onepassword_item.splunk",
            "module.onepassword_secrets.data.onepassword_item.supabase",
            "module.onepassword_secrets.data.onepassword_vault.this"
          ]
        },
        {
          "index_key": "traefik_archon",
          "schema_version": 0,
          "attributes": {
            "content": "http:\n  routers:\n    archon:\n      rule: Host(`archon.jclee.me`)\n      entryPoints:\n        - websecure\n      service: archon\n      tls:\n        certResolver: cf\n      priority: 10\n\n  services:\n    archon:\n      loadBalancer:\n        servers:\n          - url: http://192.168.50.108:3737\n",
            "content_base64": null,
            "content_base64sha256": "R1oaY29931/HWMkKuMtri/oqMJ6YQs4NFyIdqvBLm2s=",
            "content_base64sha512": "g+l58mX+Tx7auRGEPIQar5mcRAE8c5QS7pTKDKvCDMsn7c4LHZ2Pq54I9j94achJ2eMck6VzqLnAoRXm9uZyBg==",
            "content_md5": "af74b8db0e0941e7179e5ac05532d6c0",
            "content_sha1": "1cd3e22ecb84fb567745b2351f85ec730e120b49",
            "content_sha256": "475a1a636f7ddf5fc758c90ab8cb6b8bfa2a309e9842ce0d17221daaf04b9b6b",
            "content_sha512": "83e979f265fe4f1edab911843c841aaf999c44013c739412ee94ca0cabc20ccb27edce0b1d9d8fab9e08f63f7869c849d9e31c93a573a8b9c0a115e6f6e67206",
            "directory_permission": "0777",
            "file_permission": "0777",
            "filename": "./configs/rendered/traefik/archon.yml",
            "id": "1cd3e22ecb84fb567745b2351f85ec730e120b49",
            "sensitive_content": null,
            "source": null
          },
          "sensitive_attributes": [
            [
              {
                "type": "get_attr",
                "value": "content"
              }
            ],
            [
              {
                "type": "get_attr",
                "value": "sensitive_content"
              }
            ]
          ],
          "identity_schema_version": 0,
          "dependencies": [
            "module.onepassword_secrets.data.onepassword_item.archon",
            "module.onepassword_secrets.data.onepassword_item.cloudflare",
            "module.onepassword_secrets.data.onepassword_item.elk",
            "module.onepassword_secrets.data.onepassword_item.exa",
            "module.onepassword_secrets.data.onepassword_item.github",
            "module.onepassword_secrets.data.onepassword_item.glitchtip",
            "module.onepassword_secrets.data.onepassword_item.grafana",
            "module.onepassword_secrets.data.onepassword_item.mcphub",
            "module.onepassword_secrets.data.onepassword_item.n8n",
            "module.onepassword_secrets.data.onepassword_item.proxmox",
            "module.onepassword_secrets.data.onepassword_item.splunk",
            "module.onepassword_secrets.data.onepassword_item.supabase",
            "module.onepassword_secrets.data.onepassword_vault.this"
          ]
        },
        {
          "index_key": "traefik_cloudflared",
          "schema_version": 0,
          "attributes": {
            "content": "# ============================================\n# Cloudflare Tunnel - Homelab Connector\n# ============================================\n# Managed by Terraform (100-pve workspace).\n# Do NOT edit manually.\n#\n# Token source: 300-cloudflare workspace\n#   terraform output -raw homelab_tunnel_token\n# ============================================\n\nservices:\n  cloudflared:\n    image: cloudflare/cloudflared:latest\n    container_name: cloudflared-homelab\n    restart: unless-stopped\n    command: tunnel --no-autoupdate run --token \n    network_mode: host\n    healthcheck:\n      test: [\"CMD\", \"cloudflared\", \"tunnel\", \"info\"]\n      interval: 30s\n      timeout: 10s\n      retries: 3\n      start_period: 10s\n    logging:\n      driver: json-file\n      options:\n        max-size: \"10m\"\n        max-file: \"3\"\n",
            "content_base64": null,
            "content_base64sha256": "5hufspxe/S0zkJARI1hqXX60L+Pa027bCxCmAgChk3Q=",
            "content_base64sha512": "fPrew3ei+n1OViOJIVgpL331Ep4zzHfoayQxBRonoB4zNVy5eO6YPDSYBNSnoWqsaxm6fggU3XevpLxr+vSYjQ==",
            "content_md5": "af95f95f29163c0e359db4fc15f6d145",
            "content_sha1": "6bec626b62957982176f33debdb4cf6cefd04488",
            "content_sha256": "e61b9fb29c5efd2d3390901123586a5d7eb42fe3dad36edb0b10a60200a19374",
            "content_sha512": "7cfadec377a2fa7d4e5623892158292f7df5129e33cc77e86b2431051a27a01e33355cb978ee983c349804d4a7a16aac6b19ba7e0814dd77afa4bc6bfaf4988d",
            "directory_permission": "0777",
            "file_permission": "0777",
            "filename": "./configs/rendered/traefik/cloudflared-docker-compose.yml",
            "id": "6bec626b62957982176f33debdb4cf6cefd04488",
            "sensitive_content": null,
            "source": null
          },
          "sensitive_attributes": [
            [
              {
                "type": "get_attr",
                "value": "content"
              }
            ],
            [
              {
                "type": "get_attr",
                "value": "sensitive_content"
              }
            ]
          ],
          "identity_schema_version": 0,
          "dependencies": [
            "module.onepassword_secrets.data.onepassword_item.archon",
            "module.onepassword_secrets.data.onepassword_item.cloudflare",
            "module.onepassword_secrets.data.onepassword_item.elk",
            "module.onepassword_secrets.data.onepassword_item.exa",
            "module.onepassword_secrets.data.onepassword_item.github",
            "module.onepassword_secrets.data.onepassword_item.glitchtip",
            "module.onepassword_secrets.data.onepassword_item.grafana",
            "module.onepassword_secrets.data.onepassword_item.mcphub",
            "module.onepassword_secrets.data.onepassword_item.n8n",
            "module.onepassword_secrets.data.onepassword_item.proxmox",
            "module.onepassword_secrets.data.onepassword_item.splunk",
            "module.onepassword_secrets.data.onepassword_item.supabase",
            "module.onepassword_secrets.data.onepassword_vault.this"
          ]
        },
        {
          "index_key": "traefik_elk",
          "schema_version": 0,
          "attributes": {
            "content": "http:\n  routers:\n    kibana:\n      rule: Host(`elk.jclee.me`) || Host(`kibana.jclee.me`)\n      entryPoints:\n        - websecure\n      service: kibana\n      tls:\n        certResolver: cf\n      priority: 10\n\n    elasticsearch:\n      rule: Host(`es.jclee.me`)\n      entryPoints:\n        - websecure\n      service: elasticsearch\n      middlewares:\n        - elk-ipallowlist\n      tls:\n        certResolver: cf\n      priority: 10\n\n  middlewares:\n    elk-ipallowlist:\n      ipAllowList:\n        sourceRange:\n          - \"192.168.50.0/24\"\n          - \"127.0.0.1/32\"\n\n  services:\n    kibana:\n      loadBalancer:\n        servers:\n          - url: http://192.168.50.105:5601\n\n    elasticsearch:\n      loadBalancer:\n        servers:\n          - url: http://192.168.50.105:9200\n",
            "content_base64": null,
            "content_base64sha256": "GBDei7RjOsye0JwHPrRocmwN2XkTZY++X+BOtoUOlNE=",
            "content_base64sha512": "uvGAOJ359xicOe4MDpJNezVl7CUdXrnZ+FLth2A99IHQWFECZ39s52ZTpNX/QikIgMQxHQX6BIZSOjIJ6LduQw==",
            "content_md5": "4399cfd52450e5ab850cb1f9529076c4",
            "content_sha1": "885235180d9b69f445916f001ee5a8b5b5dfe431",
            "content_sha256": "1810de8bb4633acc9ed09c073eb468726c0dd97913658fbe5fe04eb6850e94d1",
            "content_sha512": "baf180389df9f7189c39ee0c0e924d7b3565ec251d5eb9d9f852ed87603df481d0585102677f6ce76653a4d5ff42290880c4311d05fa0486523a3209e8b76e43",
            "directory_permission": "0777",
            "file_permission": "0777",
            "filename": "./configs/rendered/traefik-elk.yml",
            "id": "885235180d9b69f445916f001ee5a8b5b5dfe431",
            "sensitive_content": null,
            "source": null
          },
          "sensitive_attributes": [
            [
              {
                "type": "get_attr",
                "value": "content"
              }
            ],
            [
              {
                "type": "get_attr",
                "value": "sensitive_content"
              }
            ]
          ],
          "identity_schema_version": 0,
          "dependencies": [
            "module.onepassword_secrets.data.onepassword_item.archon",
            "module.onepassword_secrets.data.onepassword_item.cloudflare",
            "module.onepassword_secrets.data.onepassword_item.elk",
            "module.onepassword_secrets.data.onepassword_item.exa",
            "module.onepassword_secrets.data.onepassword_item.github",
            "module.onepassword_secrets.data.onepassword_item.glitchtip",
            "module.onepassword_secrets.data.onepassword_item.grafana",
            "module.onepassword_secrets.data.onepassword_item.mcphub",
            "module.onepassword_secrets.data.onepassword_item.n8n",
            "module.onepassword_secrets.data.onepassword_item.proxmox",
            "module.onepassword_secrets.data.onepassword_item.splunk",
            "module.onepassword_secrets.data.onepassword_item.supabase",
            "module.onepassword_secrets.data.onepassword_vault.this"
          ]
        },
        {
          "index_key": "traefik_filebeat",
          "schema_version": 0,
          "attributes": {
            "content": "# Filebeat configuration for 102-traefik (Reverse Proxy)\n# Rendered by Terraform - DO NOT EDIT MANUALLY\n\nfilebeat.autodiscover:\n  providers:\n    - type: docker\n      hints.enabled: true\n\nfilebeat.inputs:\n  # Docker container logs\n  - type: filestream\n    id: docker-containers\n    paths:\n      - /var/lib/docker/containers/*/*.log\n    parsers:\n      - container: {}\n    prospector.scanner.symlinks: true\n    fields:\n      service: traefik\n      host_role: traefik\n    fields_under_root: false\n\n  # System logs\n  - type: filestream\n    id: system-logs\n    paths:\n      - /var/log/*.log\n      - /var/log/syslog\n    exclude_files:\n      - 'traefik.*\\.log'\n    fields:\n      service: system\n      host_role: traefik\n    fields_under_root: false\n\n  # Traefik access logs\n  - type: filestream\n    id: traefik-access-logs\n    paths:\n      - /var/log/traefik-access.log\n    fields:\n      service: traefik-access\n      host_role: traefik\n    fields_under_root: false\n\nprocessors:\n  - add_host_metadata: ~\n  - add_docker_metadata:\n      host: \"unix:///var/run/docker.sock\"\n\noutput.logstash:\n  hosts: [\"192.168.50.105:5044\"]\n\nfilebeat.registry.path: /var/lib/filebeat/registry\nlogging.level: info\nlogging.to_files: true\nlogging.files:\n  path: /var/log/filebeat\n  name: filebeat\n  keepfiles: 7\n\nmax_message_bytes: 999999\n",
            "content_base64": null,
            "content_base64sha256": "CM0Fll6O6cQz110rMNy+bgNUNwpbe6QMI0cF05e7fFE=",
            "content_base64sha512": "iUHIUbGd8U+XgKkpStaLYOBlmLOO3MBbAdtaRKI41gJYnJZWKf6+sNG5CkXeVyD32n1ylJvznZV4k+dAFO0N5A==",
            "content_md5": "d44edeb7f8ebb89ae3b7ae6ac01019c3",
            "content_sha1": "b92ccf1e5952cea39a542cb8d565db4f20b675bb",
            "content_sha256": "08cd05965e8ee9c433d75d2b30dcbe6e0354370a5b7ba40c234705d397bb7c51",
            "content_sha512": "8941c851b19df14f9780a9294ad68b60e06598b38edcc05b01db5a44a238d602589c965629febeb0d1b90a45de5720f7da7d72949bf39d957893e74014ed0de4",
            "directory_permission": "0777",
            "file_permission": "0777",
            "filename": "./configs/rendered/traefik/filebeat.yml",
            "id": "b92ccf1e5952cea39a542cb8d565db4f20b675bb",
            "sensitive_content": null,
            "source": null
          },
          "sensitive_attributes": [
            [
              {
                "type": "get_attr",
                "value": "content"
              }
            ],
            [
              {
                "type": "get_attr",
                "value": "sensitive_content"
              }
            ]
          ],
          "identity_schema_version": 0,
          "dependencies": [
            "module.onepassword_secrets.data.onepassword_item.archon",
            "module.onepassword_secrets.data.onepassword_item.cloudflare",
            "module.onepassword_secrets.data.onepassword_item.elk",
            "module.onepassword_secrets.data.onepassword_item.exa",
            "module.onepassword_secrets.data.onepassword_item.github",
            "module.onepassword_secrets.data.onepassword_item.glitchtip",
            "module.onepassword_secrets.data.onepassword_item.grafana",
            "module.onepassword_secrets.data.onepassword_item.mcphub",
            "module.onepassword_secrets.data.onepassword_item.n8n",
            "module.onepassword_secrets.data.onepassword_item.proxmox",
            "module.onepassword_secrets.data.onepassword_item.splunk",
            "module.onepassword_secrets.data.onepassword_item.supabase",
            "module.onepassword_secrets.data.onepassword_vault.this"
          ]
        },
        {
          "index_key": "traefik_glitchtip",
          "schema_version": 0,
          "attributes": {
            "content": "http:\n  routers:\n    glitchtip:\n      rule: Host(`glitchtip.jclee.me`)\n      entryPoints:\n        - websecure\n      service: glitchtip\n      tls:\n        certResolver: cf\n      priority: 10\n\n  services:\n    glitchtip:\n      loadBalancer:\n        servers:\n          - url: http://192.168.50.106:8000\n",
            "content_base64": null,
            "content_base64sha256": "Pka5rtHpXogry2M0W9aHmGulTeK3O/VuBlrfHiLVF54=",
            "content_base64sha512": "7L8PXdks1GdsJKg60m0Pa8tQ2JJxKJobl4qDwaKaPw0Zr1+lvvXKy4s2uwUoqq+vceguAkvR+GFtBNlB+F4tbg==",
            "content_md5": "8c106cf036d393ba545c80411c9fcfe3",
            "content_sha1": "c421e4503695ee4d7d0d8fdad827af8edd3bdf4f",
            "content_sha256": "3e46b9aed1e95e882bcb63345bd687986ba54de2b73bf56e065adf1e22d5179e",
            "content_sha512": "ecbf0f5dd92cd4676c24a83ad26d0f6bcb50d89271289a1b978a83c1a29a3f0d19af5fa5bef5cacb8b36bb0528aaafaf71e82e024bd1f8616d04d941f85e2d6e",
            "directory_permission": "0777",
            "file_permission": "0777",
            "filename": "./configs/rendered/traefik/glitchtip.yml",
            "id": "c421e4503695ee4d7d0d8fdad827af8edd3bdf4f",
            "sensitive_content": null,
            "source": null
          },
          "sensitive_attributes": [
            [
              {
                "type": "get_attr",
                "value": "content"
              }
            ],
            [
              {
                "type": "get_attr",
                "value": "sensitive_content"
              }
            ]
          ],
          "identity_schema_version": 0,
          "dependencies": [
            "module.onepassword_secrets.data.onepassword_item.archon",
            "module.onepassword_secrets.data.onepassword_item.cloudflare",
            "module.onepassword_secrets.data.onepassword_item.elk",
            "module.onepassword_secrets.data.onepassword_item.exa",
            "module.onepassword_secrets.data.onepassword_item.github",
            "module.onepassword_secrets.data.onepassword_item.glitchtip",
            "module.onepassword_secrets.data.onepassword_item.grafana",
            "module.onepassword_secrets.data.onepassword_item.mcphub",
            "module.onepassword_secrets.data.onepassword_item.n8n",
            "module.onepassword_secrets.data.onepassword_item.proxmox",
            "module.onepassword_secrets.data.onepassword_item.splunk",
            "module.onepassword_secrets.data.onepassword_item.supabase",
            "module.onepassword_secrets.data.onepassword_vault.this"
          ]
        },
        {
          "index_key": "traefik_grafana",
          "schema_version": 0,
          "attributes": {
            "content": "http:\n  routers:\n    grafana:\n      rule: Host(`grafana.jclee.me`)\n      entryPoints:\n        - websecure\n      service: grafana\n      tls:\n        certResolver: cf\n      priority: 10\n\n  services:\n    grafana:\n      loadBalancer:\n        servers:\n          - url: http://192.168.50.104:3000\n",
            "content_base64": null,
            "content_base64sha256": "3EojgeUns86UETQ2uo4BPGducgrvFDBxQpTSTeCctYA=",
            "content_base64sha512": "Oun4VKlIuS104P11lBQD3shXwzZ+DTBMkPYGLPrNwEPCQjkUq2XfCEdkJ7wZeSprLhaqYgVLmU3O4AIEF45xww==",
            "content_md5": "2ce0b46da8d28389994cc06e4d546094",
            "content_sha1": "a4c746deace4c03bbb1e749331f95d8e2c0fbb1b",
            "content_sha256": "dc4a2381e527b3ce94113436ba8e013c676e720aef1430714294d24de09cb580",
            "content_sha512": "3ae9f854a948b92d74e0fd75941403dec857c3367e0d304c90f6062cfacdc043c2423914ab65df08476427bc19792a6b2e16aa62054b994dcee00204178e71c3",
            "directory_permission": "0777",
            "file_permission": "0777",
            "filename": "./configs/rendered/traefik/grafana.yml",
            "id": "a4c746deace4c03bbb1e749331f95d8e2c0fbb1b",
            "sensitive_content": null,
            "source": null
          },
          "sensitive_attributes": [
            [
              {
                "type": "get_attr",
                "value": "content"
              }
            ],
            [
              {
                "type": "get_attr",
                "value": "sensitive_content"
              }
            ]
          ],
          "identity_schema_version": 0,
          "dependencies": [
            "module.onepassword_secrets.data.onepassword_item.archon",
            "module.onepassword_secrets.data.onepassword_item.cloudflare",
            "module.onepassword_secrets.data.onepassword_item.elk",
            "module.onepassword_secrets.data.onepassword_item.exa",
            "module.onepassword_secrets.data.onepassword_item.github",
            "module.onepassword_secrets.data.onepassword_item.glitchtip",
            "module.onepassword_secrets.data.onepassword_item.grafana",
            "module.onepassword_secrets.data.onepassword_item.mcphub",
            "module.onepassword_secrets.data.onepassword_item.n8n",
            "module.onepassword_secrets.data.onepassword_item.proxmox",
            "module.onepassword_secrets.data.onepassword_item.splunk",
            "module.onepassword_secrets.data.onepassword_item.supabase",
            "module.onepassword_secrets.data.onepassword_vault.this"
          ]
        },
        {
          "index_key": "traefik_mcphub",
          "schema_version": 0,
          "attributes": {
            "content": "http:\n  routers:\n    mcphub:\n      rule: \"Host(`mcphub.jclee.me`)\"\n      entryPoints:\n        - websecure\n      service: mcphub\n      tls:\n        certResolver: cf\n      priority: 10\n  services:\n    mcphub:\n      loadBalancer:\n        servers:\n          - url: \"http://192.168.50.112:3000\"\n",
            "content_base64": null,
            "content_base64sha256": "HG135Ahxj2FmGJLjyNvk1GOhQFgMtz2ADLGik/KznFg=",
            "content_base64sha512": "Yd6WGgjatrBWOun1jr2eGUG6FgCPzqTu9T9EI0RTOGZDnOkk3kxacd4tRosx4e51cviSR+cEG3nyXoxUbm5gAQ==",
            "content_md5": "c34e1a79d3ab9eb6b48e7ee8d3b0bd9c",
            "content_sha1": "d2ad6ff176bc89c09f1734b3d0d69295a363a0a8",
            "content_sha256": "1c6d77e408718f61661892e3c8dbe4d463a140580cb73d800cb1a293f2b39c58",
            "content_sha512": "61de961a08dab6b0563ae9f58ebd9e1941ba16008fcea4eef53f442344533866439ce924de4c5a71de2d468b31e1ee7572f89247e7041b79f25e8c546e6e6001",
            "directory_permission": "0777",
            "file_permission": "0777",
            "filename": "./configs/rendered/traefik/mcphub.yml",
            "id": "d2ad6ff176bc89c09f1734b3d0d69295a363a0a8",
            "sensitive_content": null,
            "source": null
          },
          "sensitive_attributes": [
            [
              {
                "type": "get_attr",
                "value": "content"
              }
            ],
            [
              {
                "type": "get_attr",
                "value": "sensitive_content"
              }
            ]
          ],
          "identity_schema_version": 0,
          "dependencies": [
            "module.onepassword_secrets.data.onepassword_item.archon",
            "module.onepassword_secrets.data.onepassword_item.cloudflare",
            "module.onepassword_secrets.data.onepassword_item.elk",
            "module.onepassword_secrets.data.onepassword_item.exa",
            "module.onepassword_secrets.data.onepassword_item.github",
            "module.onepassword_secrets.data.onepassword_item.glitchtip",
            "module.onepassword_secrets.data.onepassword_item.grafana",
            "module.onepassword_secrets.data.onepassword_item.mcphub",
            "module.onepassword_secrets.data.onepassword_item.n8n",
            "module.onepassword_secrets.data.onepassword_item.proxmox",
            "module.onepassword_secrets.data.onepassword_item.splunk",
            "module.onepassword_secrets.data.onepassword_item.supabase",
            "module.onepassword_secrets.data.onepassword_vault.this"
          ]
        },
        {
          "index_key": "traefik_n8n",
          "schema_version": 0,
          "attributes": {
            "content": "http:\n  routers:\n    n8n:\n      rule: Host(`n8n.jclee.me`)\n      entryPoints:\n        - websecure\n      service: n8n\n      tls:\n        certResolver: cf\n      priority: 10\n\n  services:\n    n8n:\n      loadBalancer:\n        servers:\n          - url: http://192.168.50.112:5678\n",
            "content_base64": null,
            "content_base64sha256": "1u2LJQopyZZucJnTqwZ26JmzltNAYEGa3KkKK8/+d/o=",
            "content_base64sha512": "Mhd53iXWTFw7lVZYvrMkiHJfH04MY2xEV3r5WpuXUbr17Bm0b0dxJDmhREPwU+Wg5/rfJHxD5zPlsamO158x5Q==",
            "content_md5": "f3c85fb6ae05daa999b7689f439ca1f4",
            "content_sha1": "8c361eeb3b74b9dc6e15c189077b5b012f6fd1c2",
            "content_sha256": "d6ed8b250a29c9966e7099d3ab0676e899b396d34060419adca90a2bcffe77fa",
            "content_sha512": "321779de25d64c5c3b955658beb32488725f1f4e0c636c44577af95a9b9751baf5ec19b46f47712439a14443f053e5a0e7fadf247c43e733e5b1a98ed79f31e5",
            "directory_permission": "0777",
            "file_permission": "0777",
            "filename": "./configs/rendered/traefik/n8n.yml",
            "id": "8c361eeb3b74b9dc6e15c189077b5b012f6fd1c2",
            "sensitive_content": null,
            "source": null
          },
          "sensitive_attributes": [
            [
              {
                "type": "get_attr",
                "value": "content"
              }
            ],
            [
              {
                "type": "get_attr",
                "value": "sensitive_content"
              }
            ]
          ],
          "identity_schema_version": 0,
          "dependencies": [
            "module.onepassword_secrets.data.onepassword_item.archon",
            "module.onepassword_secrets.data.onepassword_item.cloudflare",
            "module.onepassword_secrets.data.onepassword_item.elk",
            "module.onepassword_secrets.data.onepassword_item.exa",
            "module.onepassword_secrets.data.onepassword_item.github",
            "module.onepassword_secrets.data.onepassword_item.glitchtip",
            "module.onepassword_secrets.data.onepassword_item.grafana",
            "module.onepassword_secrets.data.onepassword_item.mcphub",
            "module.onepassword_secrets.data.onepassword_item.n8n",
            "module.onepassword_secrets.data.onepassword_item.proxmox",
            "module.onepassword_secrets.data.onepassword_item.splunk",
            "module.onepassword_secrets.data.onepassword_item.supabase",
            "module.onepassword_secrets.data.onepassword_vault.this"
          ]
        },
        {
          "index_key": "traefik_nas",
          "schema_version": 0,
          "attributes": {
            "content": "http:\n  routers:\n    nas:\n      rule: Host(`nas.jclee.me`)\n      entryPoints:\n        - websecure\n      service: nas\n      tls:\n        certResolver: cf\n      priority: 10\n\n  services:\n    nas:\n      loadBalancer:\n        serversTransport: nas-transport\n        servers:\n          - url: https://192.168.50.215:5001\n\n  serversTransports:\n    nas-transport:\n      insecureSkipVerify: true\n",
            "content_base64": null,
            "content_base64sha256": "smrtvlRQ1A67IN2XUJHMuhgolWh8tFssbQ28Pp8Xdsw=",
            "content_base64sha512": "5rULu0WEVADJ6/DyKmNI9QmEAKtKynnDu1RWRf8JKYrwhbqNxVZyIo5wxLvOEs8lqXFu6eqOBqVu835Rg8/+3g==",
            "content_md5": "a6461f74bb0f3926155730448f182c1c",
            "content_sha1": "a9c094fc03ffd982756cf800e707f9937a8ed8b4",
            "content_sha256": "b26aedbe5450d40ebb20dd975091ccba182895687cb45b2c6d0dbc3e9f1776cc",
            "content_sha512": "e6b50bbb45845400c9ebf0f22a6348f5098400ab4aca79c3bb545645ff09298af085ba8dc55672228e70c4bbce12cf25a9716ee9ea8e06a56ef37e5183cffede",
            "directory_permission": "0777",
            "file_permission": "0777",
            "filename": "./configs/rendered/traefik/nas.yml",
            "id": "a9c094fc03ffd982756cf800e707f9937a8ed8b4",
            "sensitive_content": null,
            "source": null
          },
          "sensitive_attributes": [
            [
              {
                "type": "get_attr",
                "value": "content"
              }
            ],
            [
              {
                "type": "get_attr",
                "value": "sensitive_content"
              }
            ]
          ],
          "identity_schema_version": 0,
          "dependencies": [
            "module.onepassword_secrets.data.onepassword_item.archon",
            "module.onepassword_secrets.data.onepassword_item.cloudflare",
            "module.onepassword_secrets.data.onepassword_item.elk",
            "module.onepassword_secrets.data.onepassword_item.exa",
            "module.onepassword_secrets.data.onepassword_item.github",
            "module.onepassword_secrets.data.onepassword_item.glitchtip",
            "module.onepassword_secrets.data.onepassword_item.grafana",
            "module.onepassword_secrets.data.onepassword_item.mcphub",
            "module.onepassword_secrets.data.onepassword_item.n8n",
            "module.onepassword_secrets.data.onepassword_item.proxmox",
            "module.onepassword_secrets.data.onepassword_item.splunk",
            "module.onepassword_secrets.data.onepassword_item.supabase",
            "module.onepassword_secrets.data.onepassword_vault.this"
          ]
        },
        {
          "index_key": "traefik_opencode",
          "schema_version": 0,
          "attributes": {
            "content": "http:\n  routers:\n    opencode:\n      rule: Host(`opencode.jclee.me`)\n      entryPoints:\n        - websecure\n      service: opencode\n      tls:\n        certResolver: cf\n      priority: 10\n\n  services:\n    opencode:\n      loadBalancer:\n        servers:\n          - url: http://192.168.50.200:8090\n",
            "content_base64": null,
            "content_base64sha256": "Y9sbqDyCFlERPGPFYIZeVZpynKJUKqC9R58rD4w633A=",
            "content_base64sha512": "BNaxa1sGOZ1Qulm11l96lXUHtFAO+SBGrsh1wDepNyQo3uja1S0UKtxQ+Se2HtCWN2wYRXsiizG6Aqkbb8vuLw==",
            "content_md5": "79365612610e3d113e71f8befefdaae9",
            "content_sha1": "2817e1a258b34c25fa07bcdedae7bc7631c8c1a8",
            "content_sha256": "63db1ba83c821651113c63c560865e559a729ca2542aa0bd479f2b0f8c3adf70",
            "content_sha512": "04d6b16b5b06399d50ba59b5d65f7a957507b4500ef92046aec875c037a9372428dee8dad52d142adc50f927b61ed096376c18457b228b31ba02a91b6fcbee2f",
            "directory_permission": "0777",
            "file_permission": "0777",
            "filename": "./configs/rendered/traefik/opencode.yml",
            "id": "2817e1a258b34c25fa07bcdedae7bc7631c8c1a8",
            "sensitive_content": null,
            "source": null
          },
          "sensitive_attributes": [
            [
              {
                "type": "get_attr",
                "value": "content"
              }
            ],
            [
              {
                "type": "get_attr",
                "value": "sensitive_content"
              }
            ]
          ],
          "identity_schema_version": 0,
          "dependencies": [
            "module.onepassword_secrets.data.onepassword_item.archon",
            "module.onepassword_secrets.data.onepassword_item.cloudflare",
            "module.onepassword_secrets.data.onepassword_item.elk",
            "module.onepassword_secrets.data.onepassword_item.exa",
            "module.onepassword_secrets.data.onepassword_item.github",
            "module.onepassword_secrets.data.onepassword_item.glitchtip",
            "module.onepassword_secrets.data.onepassword_item.grafana",
            "module.onepassword_secrets.data.onepassword_item.mcphub",
            "module.onepassword_secrets.data.onepassword_item.n8n",
            "module.onepassword_secrets.data.onepassword_item.proxmox",
            "module.onepassword_secrets.data.onepassword_item.splunk",
            "module.onepassword_secrets.data.onepassword_item.supabase",
            "module.onepassword_secrets.data.onepassword_vault.this"
          ]
        },
        {
          "index_key": "traefik_supabase",
          "schema_version": 0,
          "attributes": {
            "content": "http:\n  routers:\n    supabase:\n      rule: Host(`supabase.jclee.me`)\n      entryPoints:\n        - websecure\n      service: supabase\n      tls:\n        certResolver: cf\n      priority: 10\n\n  services:\n    supabase:\n      loadBalancer:\n        servers:\n          - url: http://192.168.50.107:8000\n",
            "content_base64": null,
            "content_base64sha256": "YicXfEtzh0f9PinkUUrdy09r5uK/XiocQmyAq0ndUuY=",
            "content_base64sha512": "ds1Ram3fL5zNhxOiylSxG1GIEsDevT6qLVAAqcsbivmzw1OnodzzTay5CCYgC/U0AEAiAgs30YNWOS9zDDl2hA==",
            "content_md5": "6a259bd4cb43ea9d43e31dd311ae9f45",
            "content_sha1": "9bef5190f6528607c121a3838d116f25a918c04f",
            "content_sha256": "6227177c4b738747fd3e29e4514addcb4f6be6e2bf5e2a1c426c80ab49dd52e6",
            "content_sha512": "76cd516a6ddf2f9ccd8713a2ca54b11b518812c0debd3eaa2d5000a9cb1b8af9b3c353a7a1dcf34dacb90826200bf534004022020b37d18356392f730c397684",
            "directory_permission": "0777",
            "file_permission": "0777",
            "filename": "./configs/rendered/traefik/supabase.yml",
            "id": "9bef5190f6528607c121a3838d116f25a918c04f",
            "sensitive_content": null,
            "source": null
          },
          "sensitive_attributes": [
            [
              {
                "type": "get_attr",
                "value": "content"
              }
            ],
            [
              {
                "type": "get_attr",
                "value": "sensitive_content"
              }
            ]
          ],
          "identity_schema_version": 0,
          "dependencies": [
            "module.onepassword_secrets.data.onepassword_item.archon",
            "module.onepassword_secrets.data.onepassword_item.cloudflare",
            "module.onepassword_secrets.data.onepassword_item.elk",
            "module.onepassword_secrets.data.onepassword_item.exa",
            "module.onepassword_secrets.data.onepassword_item.github",
            "module.onepassword_secrets.data.onepassword_item.glitchtip",
            "module.onepassword_secrets.data.onepassword_item.grafana",
            "module.onepassword_secrets.data.onepassword_item.mcphub",
            "module.onepassword_secrets.data.onepassword_item.n8n",
            "module.onepassword_secrets.data.onepassword_item.proxmox",
            "module.onepassword_secrets.data.onepassword_item.splunk",
            "module.onepassword_secrets.data.onepassword_item.supabase",
            "module.onepassword_secrets.data.onepassword_vault.this"
          ]
        },
        {
          "index_key": "traefik_synology",
          "schema_version": 0,
          "attributes": {
            "content": "http:\n  routers:\n    nas:\n      rule: \"Host(`nas.jclee.me`)\"\n      entryPoints:\n        - websecure\n      service: nas\n      tls:\n        certResolver: cf\n      priority: 10\n  services:\n    nas:\n      loadBalancer:\n        servers:\n          - url: \"http://192.168.50.215:5000\"\n",
            "content_base64": null,
            "content_base64sha256": "/u+f04Xv+UlIWAOHLvKZ0LKWfXNIhXIiLAYaOJg6MDY=",
            "content_base64sha512": "eEPudKPR5pN8UOzgFAsaV2UiLOIWNGlzSbyA0mLqduNeDRzPCA+MdvkJEZ8XwRAKufdba3QARgJhhlaEevZznQ==",
            "content_md5": "8304d0a87addedcfb5d5ed8963d893fa",
            "content_sha1": "c3cc26bee2c3b2711d8a057ad25ee5de7cac33e2",
            "content_sha256": "feef9fd385eff949485803872ef299d0b2967d73488572222c061a38983a3036",
            "content_sha512": "7843ee74a3d1e6937c50ece0140b1a5765222ce21634697349bc80d262ea76e35e0d1ccf080f8c76f909119f17c1100ab9f75b6b74004602618656847af6739d",
            "directory_permission": "0777",
            "file_permission": "0777",
            "filename": "./configs/rendered/traefik/synology.yml",
            "id": "c3cc26bee2c3b2711d8a057ad25ee5de7cac33e2",
            "sensitive_content": null,
            "source": null
          },
          "sensitive_attributes": [
            [
              {
                "type": "get_attr",
                "value": "content"
              }
            ],
            [
              {
                "type": "get_attr",
                "value": "sensitive_content"
              }
            ]
          ],
          "identity_schema_version": 0,
          "dependencies": [
            "module.onepassword_secrets.data.onepassword_item.archon",
            "module.onepassword_secrets.data.onepassword_item.cloudflare",
            "module.onepassword_secrets.data.onepassword_item.elk",
            "module.onepassword_secrets.data.onepassword_item.exa",
            "module.onepassword_secrets.data.onepassword_item.github",
            "module.onepassword_secrets.data.onepassword_item.glitchtip",
            "module.onepassword_secrets.data.onepassword_item.grafana",
            "module.onepassword_secrets.data.onepassword_item.mcphub",
            "module.onepassword_secrets.data.onepassword_item.n8n",
            "module.onepassword_secrets.data.onepassword_item.proxmox",
            "module.onepassword_secrets.data.onepassword_item.splunk",
            "module.onepassword_secrets.data.onepassword_item.supabase",
            "module.onepassword_secrets.data.onepassword_vault.this"
          ]
        },
        {
          "index_key": "youtube_filebeat",
          "schema_version": 0,
          "attributes": {
            "content": "# Filebeat configuration for 220-youtube (YouTube Media Server)\n# Rendered by Terraform - DO NOT EDIT MANUALLY\n\nfilebeat.autodiscover:\n  providers:\n    - type: docker\n      hints.enabled: true\n\nfilebeat.inputs:\n  # Docker container logs (media services, watchtower)\n  - type: filestream\n    id: docker-containers\n    paths:\n      - /var/lib/docker/containers/*/*.log\n    parsers:\n      - container: {}\n    prospector.scanner.symlinks: true\n    fields:\n      service: youtube\n      host_role: youtube\n    fields_under_root: false\n\n  # System logs\n  - type: filestream\n    id: system-logs\n    paths:\n      - /var/log/*.log\n      - /var/log/syslog\n    fields:\n      service: youtube\n      host_role: youtube\n    fields_under_root: false\n\nprocessors:\n  - add_host_metadata: ~\n  - add_docker_metadata:\n      host: \"unix:///var/run/docker.sock\"\n\noutput.logstash:\n  hosts: [\"192.168.50.105:5044\"]\n\nfilebeat.registry.path: /var/lib/filebeat/registry\nlogging.level: info\nlogging.to_files: true\nlogging.files:\n  path: /var/log/filebeat\n  name: filebeat\n  keepfiles: 7\n\nmax_message_bytes: 999999\n",
            "content_base64": null,
            "content_base64sha256": "euSbL4BPBEdOo+vTU1rmgTw1qLHxbob7akpYp4LFL7Y=",
            "content_base64sha512": "zVH7qIaVsETh7qN3M0kKU9EK4qXJ4G1MlcqfqUEmDTHxQd0IOq8XXjCzp29CMWaHpP/Xd9WYtlToKI+1SZmliw==",
            "content_md5": "e4f43da9ae5ce8dd69686ee4275db5d0",
            "content_sha1": "90face68ad62fac5d3b46bbebc1f5e5dce48ad98",
            "content_sha256": "7ae49b2f804f04474ea3ebd3535ae6813c35a8b1f16e86fb6a4a58a782c52fb6",
            "content_sha512": "cd51fba88695b044e1eea37733490a53d10ae2a5c9e06d4c95ca9fa941260d31f141dd083aaf175e30b3a76f42316687a4ffd777d598b654e8288fb54999a58b",
            "directory_permission": "0777",
            "file_permission": "0777",
            "filename": "./configs/rendered/youtube/filebeat.yml",
            "id": "90face68ad62fac5d3b46bbebc1f5e5dce48ad98",
            "sensitive_content": null,
            "source": null
          },
          "sensitive_attributes": [
            [
              {
                "type": "get_attr",
                "value": "content"
              }
            ],
            [
              {
                "type": "get_attr",
                "value": "sensitive_content"
              }
            ]
          ],
          "identity_schema_version": 0,
          "dependencies": [
            "module.onepassword_secrets.data.onepassword_item.archon",
            "module.onepassword_secrets.data.onepassword_item.cloudflare",
            "module.onepassword_secrets.data.onepassword_item.elk",
            "module.onepassword_secrets.data.onepassword_item.exa",
            "module.onepassword_secrets.data.onepassword_item.github",
            "module.onepassword_secrets.data.onepassword_item.glitchtip",
            "module.onepassword_secrets.data.onepassword_item.grafana",
            "module.onepassword_secrets.data.onepassword_item.mcphub",
            "module.onepassword_secrets.data.onepassword_item.n8n",
            "module.onepassword_secrets.data.onepassword_item.proxmox",
            "module.onepassword_secrets.data.onepassword_item.splunk",
            "module.onepassword_secrets.data.onepassword_item.supabase",
            "module.onepassword_secrets.data.onepassword_vault.this"
          ]
        }
      ]
    },
    {
      "module": "module.lxc[\"archon\"]",
      "mode": "data",
      "type": "proxmox_virtual_environment_nodes",
      "name": "nodes",
      "provider": "provider[\"registry.terraform.io/bpg/proxmox\"]",
      "instances": [
        {
          "schema_version": 0,
          "attributes": {
            "cpu_count": [
              8
            ],
            "cpu_utilization": [
              0.18
            ],
            "id": "nodes",
            "memory_available": [
              64902361088
            ],
            "memory_used": [
              50983337984
            ],
            "names": [
              "pve3"
            ],
            "online": [
              true
            ],
            "ssl_fingerprints": [
              "FF:6B:DE:4A:4B:31:F0:E7:F5:CA:C6:7D:3D:7B:0B:D5:56:24:16:75:B0:D8:44:9D:46:E5:2C:7A:06:47:C9:DC"
            ],
            "support_levels": [
              ""
            ],
            "uptime": [
              588117
            ]
          },
          "sensitive_attributes": [],
          "identity_schema_version": 0
        }
      ]
    },
    {
      "module": "module.lxc[\"archon\"]",
      "mode": "managed",
      "type": "proxmox_virtual_environment_container",
      "name": "this",
      "provider": "provider[\"registry.terraform.io/bpg/proxmox\"]",
      "instances": [
        {
          "schema_version": 0,
          "attributes": {
            "clone": [],
            "console": [],
            "cpu": [
              {
                "architecture": "amd64",
                "cores": 4,
                "units": 1024
              }
            ],
            "description": "Archon AI Knowledge Management + MCP Server\n",
            "device_passthrough": [],
            "disk": [
              {
                "acl": false,
                "datastore_id": "dfge",
                "mount_options": [],
                "path_in_datastore": "dfge:vm-108-disk-0",
                "quota": false,
                "replicate": false,
                "size": 20
              }
            ],
            "environment_variables": {},
            "features": [
              {
                "fuse": false,
                "keyctl": false,
                "mount": [],
                "nesting": true
              }
            ],
            "hook_script_file_id": null,
            "id": "108",
            "idmap": [],
            "initialization": [
              {
                "dns": [
                  {
                    "domain": "",
                    "server": "",
                    "servers": [
                      "192.168.50.103",
                      "8.8.8.8"
                    ]
                  }
                ],
                "hostname": "archon",
                "ip_config": [
                  {
                    "ipv4": [
                      {
                        "address": "192.168.50.108/24",
                        "gateway": "192.168.50.1"
                      }
                    ],
                    "ipv6": []
                  }
                ],
                "user_account": []
              }
            ],
            "ipv4": {
              "br-c82ec66bd0b7": "172.18.0.1",
              "docker0": "172.17.0.1",
              "eth0": "192.168.50.108"
            },
            "ipv6": {
              "br-c82ec66bd0b7": "fe80::d80c:46ff:feb9:eb2",
              "docker0": "fe80::9c61:18ff:fe82:fd91",
              "eth0": "fd38:e787:e82:bd3a:be24:11ff:fea7:d756",
              "veth3eb9b6a": "fe80::5cf8:3fff:fead:b9d",
              "veth70f3c73": "fe80::78e1:1fff:feba:c7d8",
              "veth829e4b8": "fe80::6c49:5bff:fef8:79a5",
              "veth9a2ba38": "fe80::3ce1:eaff:fe66:1baa"
            },
            "memory": [
              {
                "dedicated": 2048,
                "swap": 1536
              }
            ],
            "mount_point": [],
            "network_interface": [
              {
                "bridge": "vmbr0",
                "enabled": true,
                "firewall": false,
                "mac_address": "BC:24:11:A7:D7:56",
                "mtu": 0,
                "name": "eth0",
                "rate_limit": 0,
                "vlan_id": 0
              }
            ],
            "node_name": "pve3",
            "operating_system": [
              {
                "template_file_id": "local:vztmpl/debian-12-standard_12.12-1_amd64.tar.zst",
                "type": "debian"
              }
            ],
            "pool_id": null,
            "protection": false,
            "start_on_boot": true,
            "started": true,
            "startup": [],
            "tags": [],
            "template": false,
            "timeout_clone": 1800,
            "timeout_create": 1800,
            "timeout_delete": 60,
            "timeout_start": 300,
            "timeout_update": 1800,
            "unprivileged": true,
            "vm_id": 108,
            "wait_for_ip": []
          },
          "sensitive_attributes": [],
          "identity_schema_version": 0,
          "private": "bnVsbA==",
          "dependencies": [
            "module.lxc.data.proxmox_virtual_environment_nodes.nodes",
            "module.onepassword_secrets.data.onepassword_item.archon",
            "module.onepassword_secrets.data.onepassword_item.cloudflare",
            "module.onepassword_secrets.data.onepassword_item.elk",
            "module.onepassword_secrets.data.onepassword_item.exa",
            "module.onepassword_secrets.data.onepassword_item.github",
            "module.onepassword_secrets.data.onepassword_item.glitchtip",
            "module.onepassword_secrets.data.onepassword_item.grafana",
            "module.onepassword_secrets.data.onepassword_item.mcphub",
            "module.onepassword_secrets.data.onepassword_item.n8n",
            "module.onepassword_secrets.data.onepassword_item.proxmox",
            "module.onepassword_secrets.data.onepassword_item.supabase",
            "module.onepassword_secrets.data.onepassword_vault.this"
          ]
        }
      ]
    },
    {
      "module": "module.lxc[\"coredns\"]",
      "mode": "data",
      "type": "proxmox_virtual_environment_nodes",
      "name": "nodes",
      "provider": "provider[\"registry.terraform.io/bpg/proxmox\"]",
      "instances": [
        {
          "schema_version": 0,
          "attributes": {
            "cpu_count": [
              8
            ],
            "cpu_utilization": [
              0.18
            ],
            "id": "nodes",
            "memory_available": [
              64902361088
            ],
            "memory_used": [
              50983337984
            ],
            "names": [
              "pve3"
            ],
            "online": [
              true
            ],
            "ssl_fingerprints": [
              "FF:6B:DE:4A:4B:31:F0:E7:F5:CA:C6:7D:3D:7B:0B:D5:56:24:16:75:B0:D8:44:9D:46:E5:2C:7A:06:47:C9:DC"
            ],
            "support_levels": [
              ""
            ],
            "uptime": [
              588117
            ]
          },
          "sensitive_attributes": [],
          "identity_schema_version": 0
        }
      ]
    },
    {
      "module": "module.lxc[\"coredns\"]",
      "mode": "managed",
      "type": "proxmox_virtual_environment_container",
      "name": "this",
      "provider": "provider[\"registry.terraform.io/bpg/proxmox\"]",
      "instances": [
        {
          "schema_version": 0,
          "attributes": {
            "clone": [],
            "console": [],
            "cpu": [
              {
                "architecture": "amd64",
                "cores": 1,
                "units": 1024
              }
            ],
            "description": "CoreDNS Split DNS Resolver\n",
            "device_passthrough": [],
            "disk": [
              {
                "acl": false,
                "datastore_id": "dfge",
                "mount_options": [],
                "path_in_datastore": "dfge:vm-103-disk-0",
                "quota": false,
                "replicate": false,
                "size": 4
              }
            ],
            "environment_variables": {},
            "features": [
              {
                "fuse": false,
                "keyctl": false,
                "mount": [],
                "nesting": true
              }
            ],
            "hook_script_file_id": null,
            "id": "103",
            "idmap": [],
            "initialization": [
              {
                "dns": [
                  {
                    "domain": "",
                    "server": "",
                    "servers": [
                      "192.168.50.103",
                      "8.8.8.8"
                    ]
                  }
                ],
                "hostname": "coredns",
                "ip_config": [
                  {
                    "ipv4": [
                      {
                        "address": "192.168.50.103/24",
                        "gateway": "192.168.50.1"
                      }
                    ],
                    "ipv6": []
                  }
                ],
                "user_account": []
              }
            ],
            "ipv4": {
              "docker0": "172.17.0.1",
              "eth0": "192.168.50.103"
            },
            "ipv6": {
              "eth0": "fd38:e787:e82:bd3a:be24:11ff:fe4f:15ea"
            },
            "memory": [
              {
                "dedicated": 256,
                "swap": 256
              }
            ],
            "mount_point": [],
            "network_interface": [
              {
                "bridge": "vmbr0",
                "enabled": true,
                "firewall": false,
                "mac_address": "BC:24:11:4F:15:EA",
                "mtu": 0,
                "name": "eth0",
                "rate_limit": 0,
                "vlan_id": 0
              }
            ],
            "node_name": "pve3",
            "operating_system": [
              {
                "template_file_id": "",
                "type": "debian"
              }
            ],
            "pool_id": null,
            "protection": false,
            "start_on_boot": true,
            "started": true,
            "startup": [],
            "tags": [],
            "template": false,
            "timeout_clone": 1800,
            "timeout_create": 1800,
            "timeout_delete": 60,
            "timeout_start": 300,
            "timeout_update": 1800,
            "unprivileged": true,
            "vm_id": 103,
            "wait_for_ip": []
          },
          "sensitive_attributes": [],
          "identity_schema_version": 0,
          "private": "bnVsbA==",
          "dependencies": [
            "module.lxc.data.proxmox_virtual_environment_nodes.nodes",
            "module.onepassword_secrets.data.onepassword_item.archon",
            "module.onepassword_secrets.data.onepassword_item.cloudflare",
            "module.onepassword_secrets.data.onepassword_item.elk",
            "module.onepassword_secrets.data.onepassword_item.exa",
            "module.onepassword_secrets.data.onepassword_item.github",
            "module.onepassword_secrets.data.onepassword_item.glitchtip",
            "module.onepassword_secrets.data.onepassword_item.grafana",
            "module.onepassword_secrets.data.onepassword_item.mcphub",
            "module.onepassword_secrets.data.onepassword_item.n8n",
            "module.onepassword_secrets.data.onepassword_item.proxmox",
            "module.onepassword_secrets.data.onepassword_item.supabase",
            "module.onepassword_secrets.data.onepassword_vault.this"
          ]
        }
      ]
    },
    {
      "module": "module.lxc[\"elk\"]",
      "mode": "data",
      "type": "proxmox_virtual_environment_nodes",
      "name": "nodes",
      "provider": "provider[\"registry.terraform.io/bpg/proxmox\"]",
      "instances": [
        {
          "schema_version": 0,
          "attributes": {
            "cpu_count": [
              8
            ],
            "cpu_utilization": [
              0.18
            ],
            "id": "nodes",
            "memory_available": [
              64902361088
            ],
            "memory_used": [
              50983337984
            ],
            "names": [
              "pve3"
            ],
            "online": [
              true
            ],
            "ssl_fingerprints": [
              "FF:6B:DE:4A:4B:31:F0:E7:F5:CA:C6:7D:3D:7B:0B:D5:56:24:16:75:B0:D8:44:9D:46:E5:2C:7A:06:47:C9:DC"
            ],
            "support_levels": [
              ""
            ],
            "uptime": [
              588117
            ]
          },
          "sensitive_attributes": [],
          "identity_schema_version": 0
        }
      ]
    },
    {
      "module": "module.lxc[\"elk\"]",
      "mode": "managed",
      "type": "proxmox_virtual_environment_container",
      "name": "this",
      "provider": "provider[\"registry.terraform.io/bpg/proxmox\"]",
      "instances": [
        {
          "schema_version": 0,
          "attributes": {
            "clone": [],
            "console": [],
            "cpu": [
              {
                "architecture": "amd64",
                "cores": 4,
                "units": 1024
              }
            ],
            "description": "ELK Stack (Elasticsearch, Logstash, Kibana)\n",
            "device_passthrough": [],
            "disk": [
              {
                "acl": false,
                "datastore_id": "dfge",
                "mount_options": [],
                "path_in_datastore": "dfge:vm-105-disk-0",
                "quota": false,
                "replicate": false,
                "size": 64
              }
            ],
            "environment_variables": {},
            "features": [
              {
                "fuse": false,
                "keyctl": false,
                "mount": [],
                "nesting": true
              }
            ],
            "hook_script_file_id": null,
            "id": "105",
            "idmap": [],
            "initialization": [
              {
                "dns": [
                  {
                    "domain": "",
                    "server": "",
                    "servers": [
                      "192.168.50.103",
                      "8.8.8.8"
                    ]
                  }
                ],
                "hostname": "elk",
                "ip_config": [
                  {
                    "ipv4": [
                      {
                        "address": "192.168.50.105/24",
                        "gateway": "192.168.50.1"
                      }
                    ],
                    "ipv6": []
                  }
                ],
                "user_account": []
              }
            ],
            "ipv4": {
              "br-6675a9bbbb64": "172.18.0.1",
              "docker0": "172.17.0.1",
              "eth0": "192.168.50.105"
            },
            "ipv6": {
              "br-6675a9bbbb64": "fe80::ccb6:40ff:fe81:3dd",
              "eth0": "fd38:e787:e82:bd3a:be24:11ff:fe27:5df8",
              "veth2a9ebbb": "fe80::834:71ff:fe1e:2860",
              "veth95d0102": "fe80::406c:63ff:fe60:311d",
              "vethb664d3f": "fe80::b8a8:5cff:fea5:e20f",
              "vethc86ae7f": "fe80::7c27:fbff:fe3c:add8"
            },
            "memory": [
              {
                "dedicated": 8192,
                "swap": 4096
              }
            ],
            "mount_point": [],
            "network_interface": [
              {
                "bridge": "vmbr0",
                "enabled": true,
                "firewall": false,
                "mac_address": "BC:24:11:27:5D:F8",
                "mtu": 0,
                "name": "eth0",
                "rate_limit": 0,
                "vlan_id": 0
              }
            ],
            "node_name": "pve3",
            "operating_system": [
              {
                "template_file_id": "local:vztmpl/debian-12-standard_12.12-1_amd64.tar.zst",
                "type": "debian"
              }
            ],
            "pool_id": null,
            "protection": false,
            "start_on_boot": true,
            "started": true,
            "startup": [],
            "tags": [],
            "template": false,
            "timeout_clone": 1800,
            "timeout_create": 1800,
            "timeout_delete": 60,
            "timeout_start": 300,
            "timeout_update": 1800,
            "unprivileged": true,
            "vm_id": 105,
            "wait_for_ip": []
          },
          "sensitive_attributes": [],
          "identity_schema_version": 0,
          "private": "bnVsbA==",
          "dependencies": [
            "module.lxc.data.proxmox_virtual_environment_nodes.nodes",
            "module.onepassword_secrets.data.onepassword_item.archon",
            "module.onepassword_secrets.data.onepassword_item.cloudflare",
            "module.onepassword_secrets.data.onepassword_item.elk",
            "module.onepassword_secrets.data.onepassword_item.exa",
            "module.onepassword_secrets.data.onepassword_item.github",
            "module.onepassword_secrets.data.onepassword_item.glitchtip",
            "module.onepassword_secrets.data.onepassword_item.grafana",
            "module.onepassword_secrets.data.onepassword_item.mcphub",
            "module.onepassword_secrets.data.onepassword_item.n8n",
            "module.onepassword_secrets.data.onepassword_item.proxmox",
            "module.onepassword_secrets.data.onepassword_item.supabase",
            "module.onepassword_secrets.data.onepassword_vault.this"
          ]
        }
      ]
    },
    {
      "module": "module.lxc[\"glitchtip\"]",
      "mode": "data",
      "type": "proxmox_virtual_environment_nodes",
      "name": "nodes",
      "provider": "provider[\"registry.terraform.io/bpg/proxmox\"]",
      "instances": [
        {
          "schema_version": 0,
          "attributes": {
            "cpu_count": [
              8
            ],
            "cpu_utilization": [
              0.18
            ],
            "id": "nodes",
            "memory_available": [
              64902361088
            ],
            "memory_used": [
              50983337984
            ],
            "names": [
              "pve3"
            ],
            "online": [
              true
            ],
            "ssl_fingerprints": [
              "FF:6B:DE:4A:4B:31:F0:E7:F5:CA:C6:7D:3D:7B:0B:D5:56:24:16:75:B0:D8:44:9D:46:E5:2C:7A:06:47:C9:DC"
            ],
            "support_levels": [
              ""
            ],
            "uptime": [
              588117
            ]
          },
          "sensitive_attributes": [],
          "identity_schema_version": 0
        }
      ]
    },
    {
      "module": "module.lxc[\"glitchtip\"]",
      "mode": "managed",
      "type": "proxmox_virtual_environment_container",
      "name": "this",
      "provider": "provider[\"registry.terraform.io/bpg/proxmox\"]",
      "instances": [
        {
          "schema_version": 0,
          "attributes": {
            "clone": [],
            "console": [],
            "cpu": [
              {
                "architecture": "amd64",
                "cores": 2,
                "units": 1024
              }
            ],
            "description": "GlitchTip Error Tracking\n",
            "device_passthrough": [],
            "disk": [
              {
                "acl": false,
                "datastore_id": "dfge",
                "mount_options": [],
                "path_in_datastore": "dfge:vm-106-disk-0",
                "quota": false,
                "replicate": false,
                "size": 32
              }
            ],
            "environment_variables": {},
            "features": [
              {
                "fuse": false,
                "keyctl": false,
                "mount": [],
                "nesting": true
              }
            ],
            "hook_script_file_id": null,
            "id": "106",
            "idmap": [],
            "initialization": [
              {
                "dns": [
                  {
                    "domain": "",
                    "server": "",
                    "servers": [
                      "192.168.50.103",
                      "8.8.8.8"
                    ]
                  }
                ],
                "hostname": "glitchtip",
                "ip_config": [
                  {
                    "ipv4": [
                      {
                        "address": "192.168.50.106/24",
                        "gateway": "192.168.50.1"
                      }
                    ],
                    "ipv6": []
                  }
                ],
                "user_account": []
              }
            ],
            "ipv4": {
              "br-d9988022d060": "172.18.0.1",
              "docker0": "172.17.0.1",
              "eth0": "192.168.50.106"
            },
            "ipv6": {
              "br-d9988022d060": "fe80::504c:e9ff:fe1e:d840",
              "eth0": "fd38:e787:e82:bd3a:be24:11ff:fe0e:29b2",
              "veth569b25c": "fe80::c419:d0ff:fea4:8ddf",
              "veth56cccd8": "fe80::c085:7ff:fec0:c381",
              "veth6bfb5be": "fe80::d03e:2aff:fe6b:14e0",
              "vethead8acb": "fe80::50d1:78ff:fee3:cf30"
            },
            "memory": [
              {
                "dedicated": 1024,
                "swap": 512
              }
            ],
            "mount_point": [],
            "network_interface": [
              {
                "bridge": "vmbr0",
                "enabled": true,
                "firewall": false,
                "mac_address": "BC:24:11:0E:29:B2",
                "mtu": 0,
                "name": "eth0",
                "rate_limit": 0,
                "vlan_id": 0
              }
            ],
            "node_name": "pve3",
            "operating_system": [
              {
                "template_file_id": "local:vztmpl/debian-12-standard_12.12-1_amd64.tar.zst",
                "type": "debian"
              }
            ],
            "pool_id": null,
            "protection": false,
            "start_on_boot": true,
            "started": true,
            "startup": [],
            "tags": [],
            "template": false,
            "timeout_clone": 1800,
            "timeout_create": 1800,
            "timeout_delete": 60,
            "timeout_start": 300,
            "timeout_update": 1800,
            "unprivileged": true,
            "vm_id": 106,
            "wait_for_ip": []
          },
          "sensitive_attributes": [],
          "identity_schema_version": 0,
          "private": "bnVsbA==",
          "dependencies": [
            "module.lxc.data.proxmox_virtual_environment_nodes.nodes",
            "module.onepassword_secrets.data.onepassword_item.archon",
            "module.onepassword_secrets.data.onepassword_item.cloudflare",
            "module.onepassword_secrets.data.onepassword_item.elk",
            "module.onepassword_secrets.data.onepassword_item.exa",
            "module.onepassword_secrets.data.onepassword_item.github",
            "module.onepassword_secrets.data.onepassword_item.glitchtip",
            "module.onepassword_secrets.data.onepassword_item.grafana",
            "module.onepassword_secrets.data.onepassword_item.mcphub",
            "module.onepassword_secrets.data.onepassword_item.n8n",
            "module.onepassword_secrets.data.onepassword_item.proxmox",
            "module.onepassword_secrets.data.onepassword_item.supabase",
            "module.onepassword_secrets.data.onepassword_vault.this"
          ]
        }
      ]
    },
    {
      "module": "module.lxc[\"grafana\"]",
      "mode": "data",
      "type": "proxmox_virtual_environment_nodes",
      "name": "nodes",
      "provider": "provider[\"registry.terraform.io/bpg/proxmox\"]",
      "instances": [
        {
          "schema_version": 0,
          "attributes": {
            "cpu_count": [
              8
            ],
            "cpu_utilization": [
              0.18
            ],
            "id": "nodes",
            "memory_available": [
              64902361088
            ],
            "memory_used": [
              50983337984
            ],
            "names": [
              "pve3"
            ],
            "online": [
              true
            ],
            "ssl_fingerprints": [
              "FF:6B:DE:4A:4B:31:F0:E7:F5:CA:C6:7D:3D:7B:0B:D5:56:24:16:75:B0:D8:44:9D:46:E5:2C:7A:06:47:C9:DC"
            ],
            "support_levels": [
              ""
            ],
            "uptime": [
              588117
            ]
          },
          "sensitive_attributes": [],
          "identity_schema_version": 0
        }
      ]
    },
    {
      "module": "module.lxc[\"grafana\"]",
      "mode": "managed",
      "type": "proxmox_virtual_environment_container",
      "name": "this",
      "provider": "provider[\"registry.terraform.io/bpg/proxmox\"]",
      "instances": [
        {
          "schema_version": 0,
          "attributes": {
            "clone": [],
            "console": [],
            "cpu": [
              {
                "architecture": "amd64",
                "cores": 2,
                "units": 1024
              }
            ],
            "description": "Grafana + Prometheus Observability Stack\n",
            "device_passthrough": [],
            "disk": [
              {
                "acl": false,
                "datastore_id": "dfge",
                "mount_options": [],
                "path_in_datastore": "dfge:vm-104-disk-0",
                "quota": false,
                "replicate": false,
                "size": 16
              }
            ],
            "environment_variables": {},
            "features": [
              {
                "fuse": false,
                "keyctl": false,
                "mount": [],
                "nesting": true
              }
            ],
            "hook_script_file_id": null,
            "id": "104",
            "idmap": [],
            "initialization": [
              {
                "dns": [
                  {
                    "domain": "",
                    "server": "",
                    "servers": [
                      "192.168.50.103",
                      "8.8.8.8"
                    ]
                  }
                ],
                "hostname": "grafana",
                "ip_config": [
                  {
                    "ipv4": [
                      {
                        "address": "192.168.50.104/24",
                        "gateway": "192.168.50.1"
                      }
                    ],
                    "ipv6": []
                  }
                ],
                "user_account": []
              }
            ],
            "ipv4": {
              "br-2672a1586963": "172.18.0.1",
              "br-37a4359f2137": "172.19.0.1",
              "docker0": "172.17.0.1",
              "eth0": "192.168.50.104"
            },
            "ipv6": {
              "br-37a4359f2137": "fe80::4879:6fff:fe0b:a327",
              "eth0": "fd38:e787:e82:bd3a:be24:11ff:fec4:75ed",
              "veth299eb74": "fe80::14f1:7dff:fe74:d8d2",
              "veth8296677": "fe80::d83f:f7ff:fe56:704c",
              "vethb60185f": "fe80::8446:7aff:fe48:af79",
              "vethea08056": "fe80::f85e:d8ff:fe37:32ab"
            },
            "memory": [
              {
                "dedicated": 768,
                "swap": 512
              }
            ],
            "mount_point": [],
            "network_interface": [
              {
                "bridge": "vmbr0",
                "enabled": true,
                "firewall": false,
                "mac_address": "BC:24:11:C4:75:ED",
                "mtu": 0,
                "name": "eth0",
                "rate_limit": 0,
                "vlan_id": 0
              }
            ],
            "node_name": "pve3",
            "operating_system": [
              {
                "template_file_id": "local:vztmpl/debian-12-standard_12.12-1_amd64.tar.zst",
                "type": "debian"
              }
            ],
            "pool_id": null,
            "protection": false,
            "start_on_boot": true,
            "started": true,
            "startup": [],
            "tags": [],
            "template": false,
            "timeout_clone": 1800,
            "timeout_create": 1800,
            "timeout_delete": 60,
            "timeout_start": 300,
            "timeout_update": 1800,
            "unprivileged": true,
            "vm_id": 104,
            "wait_for_ip": []
          },
          "sensitive_attributes": [],
          "identity_schema_version": 0,
          "private": "bnVsbA==",
          "dependencies": [
            "module.lxc.data.proxmox_virtual_environment_nodes.nodes",
            "module.onepassword_secrets.data.onepassword_item.archon",
            "module.onepassword_secrets.data.onepassword_item.cloudflare",
            "module.onepassword_secrets.data.onepassword_item.elk",
            "module.onepassword_secrets.data.onepassword_item.exa",
            "module.onepassword_secrets.data.onepassword_item.github",
            "module.onepassword_secrets.data.onepassword_item.glitchtip",
            "module.onepassword_secrets.data.onepassword_item.grafana",
            "module.onepassword_secrets.data.onepassword_item.mcphub",
            "module.onepassword_secrets.data.onepassword_item.n8n",
            "module.onepassword_secrets.data.onepassword_item.proxmox",
            "module.onepassword_secrets.data.onepassword_item.supabase",
            "module.onepassword_secrets.data.onepassword_vault.this"
          ]
        }
      ]
    },
    {
      "module": "module.lxc[\"runner\"]",
      "mode": "data",
      "type": "proxmox_virtual_environment_nodes",
      "name": "nodes",
      "provider": "provider[\"registry.terraform.io/bpg/proxmox\"]",
      "instances": [
        {
          "schema_version": 0,
          "attributes": {
            "cpu_count": [
              8
            ],
            "cpu_utilization": [
              0.18
            ],
            "id": "nodes",
            "memory_available": [
              64902361088
            ],
            "memory_used": [
              50983337984
            ],
            "names": [
              "pve3"
            ],
            "online": [
              true
            ],
            "ssl_fingerprints": [
              "FF:6B:DE:4A:4B:31:F0:E7:F5:CA:C6:7D:3D:7B:0B:D5:56:24:16:75:B0:D8:44:9D:46:E5:2C:7A:06:47:C9:DC"
            ],
            "support_levels": [
              ""
            ],
            "uptime": [
              588117
            ]
          },
          "sensitive_attributes": [],
          "identity_schema_version": 0
        }
      ]
    },
    {
      "module": "module.lxc[\"runner\"]",
      "mode": "managed",
      "type": "proxmox_virtual_environment_container",
      "name": "this",
      "provider": "provider[\"registry.terraform.io/bpg/proxmox\"]",
      "instances": [
        {
          "schema_version": 0,
          "attributes": {
            "clone": [],
            "console": [],
            "cpu": [
              {
                "architecture": "amd64",
                "cores": 2,
                "units": 1024
              }
            ],
            "description": "GitHub Actions Self-hosted Runner\n",
            "device_passthrough": [],
            "disk": [
              {
                "acl": false,
                "datastore_id": "dfge",
                "mount_options": [],
                "path_in_datastore": "dfge:vm-101-disk-0",
                "quota": false,
                "replicate": false,
                "size": 32
              }
            ],
            "environment_variables": {},
            "features": [
              {
                "fuse": false,
                "keyctl": false,
                "mount": [],
                "nesting": true
              }
            ],
            "hook_script_file_id": null,
            "id": "101",
            "idmap": [],
            "initialization": [
              {
                "dns": [
                  {
                    "domain": "",
                    "server": "",
                    "servers": [
                      "192.168.50.103",
                      "8.8.8.8"
                    ]
                  }
                ],
                "hostname": "runner",
                "ip_config": [
                  {
                    "ipv4": [
                      {
                        "address": "192.168.50.101/24",
                        "gateway": "192.168.50.1"
                      }
                    ],
                    "ipv6": []
                  }
                ],
                "user_account": []
              }
            ],
            "ipv4": {
              "docker0": "172.17.0.1",
              "eth0": "192.168.50.101"
            },
            "ipv6": {
              "eth0": "fd38:e787:e82:bd3a:be24:11ff:fe93:f97f"
            },
            "memory": [
              {
                "dedicated": 1024,
                "swap": 512
              }
            ],
            "mount_point": [],
            "network_interface": [
              {
                "bridge": "vmbr0",
                "enabled": true,
                "firewall": false,
                "mac_address": "BC:24:11:93:F9:7F",
                "mtu": 0,
                "name": "eth0",
                "rate_limit": 0,
                "vlan_id": 0
              }
            ],
            "node_name": "pve3",
            "operating_system": [
              {
                "template_file_id": "local:vztmpl/debian-12-standard_12.12-1_amd64.tar.zst",
                "type": "debian"
              }
            ],
            "pool_id": null,
            "protection": false,
            "start_on_boot": true,
            "started": true,
            "startup": [],
            "tags": [],
            "template": false,
            "timeout_clone": 1800,
            "timeout_create": 1800,
            "timeout_delete": 60,
            "timeout_start": 300,
            "timeout_update": 1800,
            "unprivileged": true,
            "vm_id": 101,
            "wait_for_ip": []
          },
          "sensitive_attributes": [],
          "identity_schema_version": 0,
          "private": "bnVsbA==",
          "dependencies": [
            "module.lxc.data.proxmox_virtual_environment_nodes.nodes",
            "module.onepassword_secrets.data.onepassword_item.archon",
            "module.onepassword_secrets.data.onepassword_item.cloudflare",
            "module.onepassword_secrets.data.onepassword_item.elk",
            "module.onepassword_secrets.data.onepassword_item.exa",
            "module.onepassword_secrets.data.onepassword_item.github",
            "module.onepassword_secrets.data.onepassword_item.glitchtip",
            "module.onepassword_secrets.data.onepassword_item.grafana",
            "module.onepassword_secrets.data.onepassword_item.mcphub",
            "module.onepassword_secrets.data.onepassword_item.n8n",
            "module.onepassword_secrets.data.onepassword_item.proxmox",
            "module.onepassword_secrets.data.onepassword_item.supabase",
            "module.onepassword_secrets.data.onepassword_vault.this"
          ]
        }
      ]
    },
    {
      "module": "module.lxc[\"supabase\"]",
      "mode": "data",
      "type": "proxmox_virtual_environment_nodes",
      "name": "nodes",
      "provider": "provider[\"registry.terraform.io/bpg/proxmox\"]",
      "instances": [
        {
          "schema_version": 0,
          "attributes": {
            "cpu_count": [
              8
            ],
            "cpu_utilization": [
              0.18
            ],
            "id": "nodes",
            "memory_available": [
              64902361088
            ],
            "memory_used": [
              50983337984
            ],
            "names": [
              "pve3"
            ],
            "online": [
              true
            ],
            "ssl_fingerprints": [
              "FF:6B:DE:4A:4B:31:F0:E7:F5:CA:C6:7D:3D:7B:0B:D5:56:24:16:75:B0:D8:44:9D:46:E5:2C:7A:06:47:C9:DC"
            ],
            "support_levels": [
              ""
            ],
            "uptime": [
              588117
            ]
          },
          "sensitive_attributes": [],
          "identity_schema_version": 0
        }
      ]
    },
    {
      "module": "module.lxc[\"supabase\"]",
      "mode": "managed",
      "type": "proxmox_virtual_environment_container",
      "name": "this",
      "provider": "provider[\"registry.terraform.io/bpg/proxmox\"]",
      "instances": [
        {
          "schema_version": 0,
          "attributes": {
            "clone": [],
            "console": [],
            "cpu": [
              {
                "architecture": "amd64",
                "cores": 4,
                "units": 1024
              }
            ],
            "description": "Supabase Backend-as-a-Service\n",
            "device_passthrough": [],
            "disk": [
              {
                "acl": false,
                "datastore_id": "dfge",
                "mount_options": [],
                "path_in_datastore": "dfge:vm-107-disk-0",
                "quota": false,
                "replicate": false,
                "size": 64
              }
            ],
            "environment_variables": {},
            "features": [
              {
                "fuse": false,
                "keyctl": false,
                "mount": [],
                "nesting": true
              }
            ],
            "hook_script_file_id": null,
            "id": "107",
            "idmap": [],
            "initialization": [
              {
                "dns": [
                  {
                    "domain": "",
                    "server": "",
                    "servers": [
                      "192.168.50.103",
                      "8.8.8.8"
                    ]
                  }
                ],
                "hostname": "supabase",
                "ip_config": [
                  {
                    "ipv4": [
                      {
                        "address": "192.168.50.107/24",
                        "gateway": "192.168.50.1"
                      }
                    ],
                    "ipv6": []
                  }
                ],
                "user_account": []
              }
            ],
            "ipv4": {
              "br-e4e571bf558b": "172.18.0.1",
              "docker0": "172.17.0.1",
              "eth0": "192.168.50.107"
            },
            "ipv6": {
              "br-e4e571bf558b": "fe80::a448:ccff:fee9:16a8",
              "docker0": "fe80::1083:feff:fe51:7e94",
              "eth0": "fd38:e787:e82:bd3a:be24:11ff:fed3:3672",
              "veth0df6c8b": "fe80::6027:6fff:feee:7e65",
              "veth0f6c4a2": "fe80::94b0:66ff:fe4d:24bc",
              "veth22912e2": "fe80::7cf2:2dff:fef0:a983",
              "veth238a945": "fe80::5ca2:1aff:fe4a:3599",
              "veth6059700": "fe80::b0e7:5cff:fed3:9361",
              "veth6efb1a8": "fe80::f85a:28ff:fe01:c8af",
              "veth863ea2f": "fe80::9066:12ff:fea9:656c",
              "veth99cf689": "fe80::48f9:21ff:fee5:1d36",
              "vethba36b36": "fe80::d41d:37ff:fe7c:4a54",
              "vethd8d8fb5": "fe80::5c08:60ff:fe1b:efe",
              "vethe42bfa8": "fe80::2cbd:eff:feb5:8082",
              "vethf47148c": "fe80::5c99:83ff:fea7:7903",
              "vethfbbc31b": "fe80::1424:b9ff:fe24:56c7"
            },
            "memory": [
              {
                "dedicated": 3072,
                "swap": 2048
              }
            ],
            "mount_point": [],
            "network_interface": [
              {
                "bridge": "vmbr0",
                "enabled": true,
                "firewall": false,
                "mac_address": "BC:24:11:D3:36:72",
                "mtu": 0,
                "name": "eth0",
                "rate_limit": 0,
                "vlan_id": 0
              }
            ],
            "node_name": "pve3",
            "operating_system": [
              {
                "template_file_id": "local:vztmpl/debian-12-standard_12.12-1_amd64.tar.zst",
                "type": "debian"
              }
            ],
            "pool_id": null,
            "protection": false,
            "start_on_boot": true,
            "started": true,
            "startup": [],
            "tags": [],
            "template": false,
            "timeout_clone": 1800,
            "timeout_create": 1800,
            "timeout_delete": 60,
            "timeout_start": 300,
            "timeout_update": 1800,
            "unprivileged": true,
            "vm_id": 107,
            "wait_for_ip": []
          },
          "sensitive_attributes": [],
          "identity_schema_version": 0,
          "private": "bnVsbA==",
          "dependencies": [
            "module.lxc.data.proxmox_virtual_environment_nodes.nodes",
            "module.onepassword_secrets.data.onepassword_item.archon",
            "module.onepassword_secrets.data.onepassword_item.cloudflare",
            "module.onepassword_secrets.data.onepassword_item.elk",
            "module.onepassword_secrets.data.onepassword_item.exa",
            "module.onepassword_secrets.data.onepassword_item.github",
            "module.onepassword_secrets.data.onepassword_item.glitchtip",
            "module.onepassword_secrets.data.onepassword_item.grafana",
            "module.onepassword_secrets.data.onepassword_item.mcphub",
            "module.onepassword_secrets.data.onepassword_item.n8n",
            "module.onepassword_secrets.data.onepassword_item.proxmox",
            "module.onepassword_secrets.data.onepassword_item.supabase",
            "module.onepassword_secrets.data.onepassword_vault.this"
          ]
        }
      ]
    },
    {
      "module": "module.lxc[\"traefik\"]",
      "mode": "data",
      "type": "proxmox_virtual_environment_nodes",
      "name": "nodes",
      "provider": "provider[\"registry.terraform.io/bpg/proxmox\"]",
      "instances": [
        {
          "schema_version": 0,
          "attributes": {
            "cpu_count": [
              8
            ],
            "cpu_utilization": [
              0.18
            ],
            "id": "nodes",
            "memory_available": [
              64902361088
            ],
            "memory_used": [
              50983337984
            ],
            "names": [
              "pve3"
            ],
            "online": [
              true
            ],
            "ssl_fingerprints": [
              "FF:6B:DE:4A:4B:31:F0:E7:F5:CA:C6:7D:3D:7B:0B:D5:56:24:16:75:B0:D8:44:9D:46:E5:2C:7A:06:47:C9:DC"
            ],
            "support_levels": [
              ""
            ],
            "uptime": [
              588117
            ]
          },
          "sensitive_attributes": [],
          "identity_schema_version": 0
        }
      ]
    },
    {
      "module": "module.lxc[\"traefik\"]",
      "mode": "managed",
      "type": "proxmox_virtual_environment_container",
      "name": "this",
      "provider": "provider[\"registry.terraform.io/bpg/proxmox\"]",
      "instances": [
        {
          "schema_version": 0,
          "attributes": {
            "clone": [],
            "console": [],
            "cpu": [
              {
                "architecture": "amd64",
                "cores": 2,
                "units": 1024
              }
            ],
            "description": "Traefik Reverse Proxy + Cloudflare Tunnel\n",
            "device_passthrough": [],
            "disk": [
              {
                "acl": false,
                "datastore_id": "dfge",
                "mount_options": [],
                "path_in_datastore": "dfge:vm-102-disk-0",
                "quota": false,
                "replicate": false,
                "size": 8
              }
            ],
            "environment_variables": {},
            "features": [
              {
                "fuse": false,
                "keyctl": false,
                "mount": [],
                "nesting": true
              }
            ],
            "hook_script_file_id": null,
            "id": "102",
            "idmap": [],
            "initialization": [
              {
                "dns": [
                  {
                    "domain": "",
                    "server": "",
                    "servers": [
                      "192.168.50.103",
                      "8.8.8.8"
                    ]
                  }
                ],
                "hostname": "traefik",
                "ip_config": [
                  {
                    "ipv4": [
                      {
                        "address": "192.168.50.102/24",
                        "gateway": "192.168.50.1"
                      }
                    ],
                    "ipv6": []
                  }
                ],
                "user_account": []
              }
            ],
            "ipv4": {
              "docker0": "172.17.0.1",
              "eth0": "192.168.50.102"
            },
            "ipv6": {
              "eth0": "fd38:e787:e82:bd3a:be24:11ff:fe9c:282d"
            },
            "memory": [
              {
                "dedicated": 512,
                "swap": 256
              }
            ],
            "mount_point": [],
            "network_interface": [
              {
                "bridge": "vmbr0",
                "enabled": true,
                "firewall": false,
                "mac_address": "BC:24:11:9C:28:2D",
                "mtu": 0,
                "name": "eth0",
                "rate_limit": 0,
                "vlan_id": 0
              }
            ],
            "node_name": "pve3",
            "operating_system": [
              {
                "template_file_id": "local:vztmpl/debian-12-standard_12.12-1_amd64.tar.zst",
                "type": "debian"
              }
            ],
            "pool_id": null,
            "protection": false,
            "start_on_boot": true,
            "started": true,
            "startup": [],
            "tags": [],
            "template": false,
            "timeout_clone": 1800,
            "timeout_create": 1800,
            "timeout_delete": 60,
            "timeout_start": 300,
            "timeout_update": 1800,
            "unprivileged": true,
            "vm_id": 102,
            "wait_for_ip": []
          },
          "sensitive_attributes": [],
          "identity_schema_version": 0,
          "private": "bnVsbA==",
          "dependencies": [
            "module.lxc.data.proxmox_virtual_environment_nodes.nodes",
            "module.onepassword_secrets.data.onepassword_item.archon",
            "module.onepassword_secrets.data.onepassword_item.cloudflare",
            "module.onepassword_secrets.data.onepassword_item.elk",
            "module.onepassword_secrets.data.onepassword_item.exa",
            "module.onepassword_secrets.data.onepassword_item.github",
            "module.onepassword_secrets.data.onepassword_item.glitchtip",
            "module.onepassword_secrets.data.onepassword_item.grafana",
            "module.onepassword_secrets.data.onepassword_item.mcphub",
            "module.onepassword_secrets.data.onepassword_item.n8n",
            "module.onepassword_secrets.data.onepassword_item.proxmox",
            "module.onepassword_secrets.data.onepassword_item.supabase",
            "module.onepassword_secrets.data.onepassword_vault.this"
          ]
        }
      ]
    },
    {
      "module": "module.lxc_config",
      "mode": "managed",
      "type": "local_file",
      "name": "systemd_services",
      "provider": "provider[\"registry.terraform.io/hashicorp/local\"]",
      "instances": [
        {
          "index_key": "grafana-prometheus",
          "schema_version": 0,
          "attributes": {
            "content": "[Unit]\nStartLimitBurst=5\nStartLimitIntervalSec=300\nDescription=Prometheus Monitoring\nAfter=network.target\n\n[Service]\nType=simple\nUser=prometheus\nExecStart=/usr/bin/prometheus --config.file=/etc/prometheus/prometheus.yml --storage.tsdb.path=/var/lib/prometheus --web.listen-address=0.0.0.0:9090\nRestart=always\nRestartSec=5\nTimeoutStartSec=90\nTimeoutStopSec=30\nStandardOutput=journal\nStandardError=journal\nSyslogIdentifier=prometheus\n\n[Install]\nWantedBy=multi-user.target\n",
            "content_base64": null,
            "content_base64sha256": "SK5HYrJvt8fhIhwZjVqktO6hIJyqJ8pjGPC4SvtsVKY=",
            "content_base64sha512": "gZ8BNFYKs0Gg+tUceBHa6MJlBZJ/6w7Yy+F8fRyIGXMa8ZrIRhkQV56akbvKdlFTxj6NzF+ISC/UDuYf7q8CrQ==",
            "content_md5": "c0df9b7d4c4b575f51d5c75c97589e79",
            "content_sha1": "2dca20f3164aeb0c3940f70adcc79fd0feb51fdd",
            "content_sha256": "48ae4762b26fb7c7e1221c198d5aa4b4eea1209caa27ca6318f0b84afb6c54a6",
            "content_sha512": "819f0134560ab341a0fad51c7811dae8c26505927feb0ed8cbe17c7d1c8819731af19ac8461910579e9a91bbca765153c63e8dcc5f88482fd40ee61feeaf02ad",
            "directory_permission": "0777",
            "file_permission": "0644",
            "filename": "./configs/lxc-104-grafana/prometheus.service",
            "id": "2dca20f3164aeb0c3940f70adcc79fd0feb51fdd",
            "sensitive_content": null,
            "source": null
          },
          "sensitive_attributes": [
            [
              {
                "type": "get_attr",
                "value": "sensitive_content"
              }
            ]
          ],
          "identity_schema_version": 0,
          "dependencies": [
            "module.onepassword_secrets.data.onepassword_item.archon",
            "module.onepassword_secrets.data.onepassword_item.cloudflare",
            "module.onepassword_secrets.data.onepassword_item.elk",
            "module.onepassword_secrets.data.onepassword_item.exa",
            "module.onepassword_secrets.data.onepassword_item.github",
            "module.onepassword_secrets.data.onepassword_item.glitchtip",
            "module.onepassword_secrets.data.onepassword_item.grafana",
            "module.onepassword_secrets.data.onepassword_item.mcphub",
            "module.onepassword_secrets.data.onepassword_item.n8n",
            "module.onepassword_secrets.data.onepassword_item.proxmox",
            "module.onepassword_secrets.data.onepassword_item.splunk",
            "module.onepassword_secrets.data.onepassword_item.supabase",
            "module.onepassword_secrets.data.onepassword_vault.this"
          ]
        }
      ]
    },
    {
      "module": "module.lxc_config",
      "mode": "managed",
      "type": "local_sensitive_file",
      "name": "config_files",
      "provider": "provider[\"registry.terraform.io/hashicorp/local\"]",
      "instances": [
        {
          "index_key": "archon-archon.env",
          "schema_version": 0,
          "attributes": {
            "content": "# Archon AI - Terraform Rendered Environment Configuration\n# Generated by Terraform. DO NOT EDIT MANUALLY.\n# Template: 108-archon/templates/.env.tftpl\n\n# Supabase Connection (Required)\nSUPABASE_URL=https://placeholder.supabase.local\nSUPABASE_ANON_KEY=eyJhbGciOiAiSFMyNTYiLCAidHlwIjogIkpXVCJ9.eyJyb2xlIjogImFub24iLCAiaXNzIjogInN1cGFiYXNlIiwgImlhdCI6IDE3NzE2MDA4MDAsICJleHAiOiAyMDg2OTYwODAwfQ.TiwflrKfacFVLlR2k7owaIPfJ8C75bwqRXqP0pzJY3o\nOPENAI_API_KEY=placeholder\n\n# Service Ports Configuration\nHOST=0.0.0.0\nARCHON_SERVER_PORT=8181\nARCHON_MCP_PORT=8051\nARCHON_AGENTS_PORT=8052\nARCHON_UI_PORT=3737\nAGENT_WORK_ORDERS_PORT=8053\n\n# Feature Flags\nENABLE_AGENT_WORK_ORDERS=false\nLOG_LEVEL=INFO\nPROD=false\n\n# MCP Server Monitoring (HTTP mode - secure, no Docker socket)\nENABLE_DOCKER_SOCKET_MONITORING=false\nMCP_HEALTH_CHECK_TIMEOUT=5\n\n# Service Discovery (Docker Compose mode for container networking)\nSERVICE_DISCOVERY_MODE=docker_compose\nSTATE_STORAGE_TYPE=file\nFILE_STATE_DIRECTORY=agent-work-orders-state\n",
            "content_base64": null,
            "content_base64sha256": "ie9syflPDMGzu089K3w87TBIg7cActsP+vfaNM2t2ag=",
            "content_base64sha512": "bMFRNI1dM6UrqeWgx1YrgJfYVSkkRB0OOOgFopd99wQkEWwEdvk53ADrh18/o7i85ssJam65c16GpG6sjO9Zdg==",
            "content_md5": "7bd866c8069113558674fc925eccf010",
            "content_sha1": "0b95e9ec60d21093b11926b53ea75e4dc654703e",
            "content_sha256": "89ef6cc9f94f0cc1b3bb4f3d2b7c3ced304883b70072db0ffaf7da34cdadd9a8",
            "content_sha512": "6cc151348d5d33a52ba9e5a0c7562b8097d8552924441d0e38e805a2977df70424116c0476f939dc00eb875f3fa3b8bce6cb096a6eb9735e86a46eac8cef5976",
            "directory_permission": "0700",
            "file_permission": "0644",
            "filename": "./configs/lxc-108-archon/archon.env",
            "id": "0b95e9ec60d21093b11926b53ea75e4dc654703e",
            "source": null
          },
          "sensitive_attributes": [
            [
              {
                "type": "get_attr",
                "value": "content"
              }
            ],
            [
              {
                "type": "get_attr",
                "value": "content_base64"
              }
            ]
          ],
          "identity_schema_version": 0,
          "dependencies": [
            "module.onepassword_secrets.data.onepassword_item.archon",
            "module.onepassword_secrets.data.onepassword_item.cloudflare",
            "module.onepassword_secrets.data.onepassword_item.elk",
            "module.onepassword_secrets.data.onepassword_item.exa",
            "module.onepassword_secrets.data.onepassword_item.github",
            "module.onepassword_secrets.data.onepassword_item.glitchtip",
            "module.onepassword_secrets.data.onepassword_item.grafana",
            "module.onepassword_secrets.data.onepassword_item.mcphub",
            "module.onepassword_secrets.data.onepassword_item.n8n",
            "module.onepassword_secrets.data.onepassword_item.proxmox",
            "module.onepassword_secrets.data.onepassword_item.splunk",
            "module.onepassword_secrets.data.onepassword_item.supabase",
            "module.onepassword_secrets.data.onepassword_vault.this"
          ]
        },
        {
          "index_key": "archon-filebeat.yml",
          "schema_version": 0,
          "attributes": {
            "content": "# Filebeat configuration for 108-archon (AI Knowledge Management)\n# Rendered by Terraform - DO NOT EDIT MANUALLY\n\nfilebeat.autodiscover:\n  providers:\n    - type: docker\n      hints.enabled: true\n\nfilebeat.inputs:\n  # Docker container logs (archon-server, archon-mcp, archon-ui)\n  - type: filestream\n    id: docker-containers\n    paths:\n      - /var/lib/docker/containers/*/*.log\n    parsers:\n      - container: {}\n    prospector.scanner.symlinks: true\n    fields:\n      service: archon\n      host_role: archon\n    fields_under_root: false\n\n  # System logs\n  - type: filestream\n    id: system-logs\n    paths:\n      - /var/log/*.log\n      - /var/log/syslog\n    fields:\n      service: system\n      host_role: archon\n    fields_under_root: false\n\nprocessors:\n  - add_host_metadata: ~\n  - add_docker_metadata:\n      host: \"unix:///var/run/docker.sock\"\n\noutput.logstash:\n  hosts: [\"192.168.50.105:5044\"]\n\nfilebeat.registry.path: /var/lib/filebeat/registry\nlogging.level: info\nlogging.to_files: true\nlogging.files:\n  path: /var/log/filebeat\n  name: filebeat\n  keepfiles: 7\n\nmax_message_bytes: 999999\n",
            "content_base64": null,
            "content_base64sha256": "CZjlL1b04itjpchf58e5y026xKwJFIThxK6XEEeHB2w=",
            "content_base64sha512": "Yhn4FJIOSAVPIDA0l8LpA70o362ofOJ889tBNXzg7jX8b+GQAWsAxu50W/LO+pKSRFqWM9cya44J59iBTBTS5g==",
            "content_md5": "0d43b46cb469f3622c4257ae1f9e094a",
            "content_sha1": "ab21d5c8ff8c143e428cfefb147838e2f67d6084",
            "content_sha256": "0998e52f56f4e22b63a5c85fe7c7b9cb4dbac4ac091484e1c4ae97104787076c",
            "content_sha512": "6219f814920e48054f20303497c2e903bd28dfada87ce27cf3db41357ce0ee35fc6fe190016b00c6ee745bf2cefa9292445a9633d7326b8e09e7d8814c14d2e6",
            "directory_permission": "0700",
            "file_permission": "0644",
            "filename": "./configs/lxc-108-archon/filebeat.yml",
            "id": "ab21d5c8ff8c143e428cfefb147838e2f67d6084",
            "source": null
          },
          "sensitive_attributes": [
            [
              {
                "type": "get_attr",
                "value": "content"
              }
            ],
            [
              {
                "type": "get_attr",
                "value": "content_base64"
              }
            ]
          ],
          "identity_schema_version": 0,
          "dependencies": [
            "module.onepassword_secrets.data.onepassword_item.archon",
            "module.onepassword_secrets.data.onepassword_item.cloudflare",
            "module.onepassword_secrets.data.onepassword_item.elk",
            "module.onepassword_secrets.data.onepassword_item.exa",
            "module.onepassword_secrets.data.onepassword_item.github",
            "module.onepassword_secrets.data.onepassword_item.glitchtip",
            "module.onepassword_secrets.data.onepassword_item.grafana",
            "module.onepassword_secrets.data.onepassword_item.mcphub",
            "module.onepassword_secrets.data.onepassword_item.n8n",
            "module.onepassword_secrets.data.onepassword_item.proxmox",
            "module.onepassword_secrets.data.onepassword_item.splunk",
            "module.onepassword_secrets.data.onepassword_item.supabase",
            "module.onepassword_secrets.data.onepassword_vault.this"
          ]
        },
        {
          "index_key": "coredns-Corefile",
          "schema_version": 0,
          "attributes": {
            "content": "# CoreDNS configuration for split DNS\n# Resolves *.jclee.me to Traefik for internal clients\n# Resolves *.homelab.local to individual host IPs\n# Rendered by Terraform - DO NOT EDIT MANUALLY\n\njclee.me:53 {\n    template IN A {\n        answer \"{{ .Name }} 60 IN A 192.168.50.102\"\n    }\n    template IN AAAA {\n        rcode NOERROR\n    }\n    log\n}\n\nhomelab.local:53 {\n    hosts {\n        192.168.50.108 archon.homelab.local\n        192.168.50.103 coredns.homelab.local\n        192.168.50.105 elk.homelab.local\n        192.168.50.106 glitchtip.homelab.local\n        192.168.50.104 grafana.homelab.local\n        192.168.50.80 jclee.homelab.local\n        192.168.50.200 jclee-dev.homelab.local\n        192.168.50.112 mcphub.homelab.local\n        192.168.50.109 ollama.homelab.local\n        192.168.50.100 pve.homelab.local\n        192.168.50.101 runner.homelab.local\n        192.168.50.107 supabase.homelab.local\n        192.168.50.215 synology.homelab.local\n        192.168.50.102 traefik.homelab.local\n        192.168.50.220 youtube.homelab.local\n        fallthrough\n    }\n    log\n}\n\n.:53 {\n    forward . 1.1.1.1 8.8.8.8\n    cache 300\n    log\n    errors\n    health :8080\n    ready :8181\n}\n",
            "content_base64": null,
            "content_base64sha256": "/BTJ9rmVwP9uz9qxXw/x1zStQZ2nvG2dkps0zmjTwak=",
            "content_base64sha512": "c3/TQujvu4Cm5jaaYi07C2qlhUlwhBFLSmReeFbU1zHAplXhiCwhxq0z05u4yRVS3rCUjFuxBPr+pQfaTn0+0w==",
            "content_md5": "b4d8c8261db92cd3acf9293a2a11dd16",
            "content_sha1": "c9f6c5f45a404dc46147e46da87760b93cb9706c",
            "content_sha256": "fc14c9f6b995c0ff6ecfdab15f0ff1d734ad419da7bc6d9d929b34ce68d3c1a9",
            "content_sha512": "737fd342e8efbb80a6e6369a622d3b0b6aa585497084114b4a645e7856d4d731c0a655e1882c21c6ad33d39bb8c91552deb0948c5bb104fafea507da4e7d3ed3",
            "directory_permission": "0700",
            "file_permission": "0644",
            "filename": "./configs/lxc-103-coredns/Corefile",
            "id": "c9f6c5f45a404dc46147e46da87760b93cb9706c",
            "source": null
          },
          "sensitive_attributes": [
            [
              {
                "type": "get_attr",
                "value": "content"
              }
            ],
            [
              {
                "type": "get_attr",
                "value": "content_base64"
              }
            ]
          ],
          "identity_schema_version": 0,
          "dependencies": [
            "module.onepassword_secrets.data.onepassword_item.archon",
            "module.onepassword_secrets.data.onepassword_item.cloudflare",
            "module.onepassword_secrets.data.onepassword_item.elk",
            "module.onepassword_secrets.data.onepassword_item.exa",
            "module.onepassword_secrets.data.onepassword_item.github",
            "module.onepassword_secrets.data.onepassword_item.glitchtip",
            "module.onepassword_secrets.data.onepassword_item.grafana",
            "module.onepassword_secrets.data.onepassword_item.mcphub",
            "module.onepassword_secrets.data.onepassword_item.n8n",
            "module.onepassword_secrets.data.onepassword_item.proxmox",
            "module.onepassword_secrets.data.onepassword_item.splunk",
            "module.onepassword_secrets.data.onepassword_item.supabase",
            "module.onepassword_secrets.data.onepassword_vault.this"
          ]
        },
        {
          "index_key": "coredns-filebeat.yml",
          "schema_version": 0,
          "attributes": {
            "content": "# Filebeat configuration for 103-coredns (Split DNS Resolver)\n# Rendered by Terraform - DO NOT EDIT MANUALLY\n\nfilebeat.autodiscover:\n  providers:\n    - type: docker\n      hints.enabled: true\n\nfilebeat.inputs:\n  # Docker container logs (coredns)\n  - type: filestream\n    id: docker-containers\n    paths:\n      - /var/lib/docker/containers/*/*.log\n    parsers:\n      - container: {}\n    prospector.scanner.symlinks: true\n    fields:\n      service: coredns\n      host_role: coredns\n    fields_under_root: false\n\n  # System logs\n  - type: filestream\n    id: system-logs\n    paths:\n      - /var/log/*.log\n      - /var/log/syslog\n    fields:\n      service: system\n      host_role: coredns\n    fields_under_root: false\n\nprocessors:\n  - add_host_metadata: ~\n  - add_docker_metadata:\n      host: \"unix:///var/run/docker.sock\"\n\noutput.logstash:\n  hosts: [\"192.168.50.105:5044\"]\n\nfilebeat.registry.path: /var/lib/filebeat/registry\nlogging.level: info\nlogging.to_files: true\nlogging.files:\n  path: /var/log/filebeat\n  name: filebeat\n  keepfiles: 7\n\nmax_message_bytes: 999999\n",
            "content_base64": null,
            "content_base64sha256": "IiWv1XNH9wU0Bd4wsY1xUh01rms/wd2xMf5kYmHUG28=",
            "content_base64sha512": "qtrhnLBSgGBiDVt4URgwIS3zH/h1qugiYq5kUOn5gsDqHE9LxoICvvxMc6KWBo84l+S8u3RHwwylBMpSnxolZg==",
            "content_md5": "4cc1dd3eefaca4ce33fb225265585a10",
            "content_sha1": "0ef2a893aa1ffb1ecf2e40e085516e117765133a",
            "content_sha256": "2225afd57347f7053405de30b18d71521d35ae6b3fc1ddb131fe646261d41b6f",
            "content_sha512": "aadae19cb0528060620d5b78511830212df31ff875aae82262ae6450e9f982c0ea1c4f4bc68202befc4c73a296068f3897e4bcbb7447c30ca504ca529f1a2566",
            "directory_permission": "0700",
            "file_permission": "0644",
            "filename": "./configs/lxc-103-coredns/filebeat.yml",
            "id": "0ef2a893aa1ffb1ecf2e40e085516e117765133a",
            "source": null
          },
          "sensitive_attributes": [
            [
              {
                "type": "get_attr",
                "value": "content"
              }
            ],
            [
              {
                "type": "get_attr",
                "value": "content_base64"
              }
            ]
          ],
          "identity_schema_version": 0,
          "dependencies": [
            "module.onepassword_secrets.data.onepassword_item.archon",
            "module.onepassword_secrets.data.onepassword_item.cloudflare",
            "module.onepassword_secrets.data.onepassword_item.elk",
            "module.onepassword_secrets.data.onepassword_item.exa",
            "module.onepassword_secrets.data.onepassword_item.github",
            "module.onepassword_secrets.data.onepassword_item.glitchtip",
            "module.onepassword_secrets.data.onepassword_item.grafana",
            "module.onepassword_secrets.data.onepassword_item.mcphub",
            "module.onepassword_secrets.data.onepassword_item.n8n",
            "module.onepassword_secrets.data.onepassword_item.proxmox",
            "module.onepassword_secrets.data.onepassword_item.splunk",
            "module.onepassword_secrets.data.onepassword_item.supabase",
            "module.onepassword_secrets.data.onepassword_vault.this"
          ]
        },
        {
          "index_key": "elk-Dockerfile.logstash",
          "schema_version": 0,
          "attributes": {
            "content": "FROM docker.elastic.co/logstash/logstash:8.17.0\n\n# Prometheus metrics are exposed via the logstash-exporter sidecar (port 9198).\n# Keep the base image unmodified to avoid JRuby plugin instability in LXC.\n",
            "content_base64": null,
            "content_base64sha256": "ENbnpwVou8sopSFnlYv3pIiqya1lf55Go/RvWy75X68=",
            "content_base64sha512": "JD/LpvjelpXZMhDeN5hdAlD3EWzdx/JfhNgQu03fW3tSLMBEYNsy1rXF7u85rh4IJ8zmQKp7K79K6LTRqq0S7w==",
            "content_md5": "b3ff24f261f4bf0fe453b3fbaa63399d",
            "content_sha1": "0f7f8031c48bee394f50d3da0cf96e0f7a5ddc76",
            "content_sha256": "10d6e7a70568bbcb28a52167958bf7a488aac9ad657f9e46a3f46f5b2ef95faf",
            "content_sha512": "243fcba6f8de9695d93210de37985d0250f7116cddc7f25f84d810bb4ddf5b7b522cc04460db32d6b5c5eeef39ae1e0827cce640aa7b2bbf4ae8b4d1aaad12ef",
            "directory_permission": "0700",
            "file_permission": "0644",
            "filename": "./configs/lxc-105-elk/Dockerfile.logstash",
            "id": "0f7f8031c48bee394f50d3da0cf96e0f7a5ddc76",
            "source": null
          },
          "sensitive_attributes": [
            [
              {
                "type": "get_attr",
                "value": "content"
              }
            ],
            [
              {
                "type": "get_attr",
                "value": "content_base64"
              }
            ]
          ],
          "identity_schema_version": 0,
          "dependencies": [
            "module.onepassword_secrets.data.onepassword_item.archon",
            "module.onepassword_secrets.data.onepassword_item.cloudflare",
            "module.onepassword_secrets.data.onepassword_item.elk",
            "module.onepassword_secrets.data.onepassword_item.exa",
            "module.onepassword_secrets.data.onepassword_item.github",
            "module.onepassword_secrets.data.onepassword_item.glitchtip",
            "module.onepassword_secrets.data.onepassword_item.grafana",
            "module.onepassword_secrets.data.onepassword_item.mcphub",
            "module.onepassword_secrets.data.onepassword_item.n8n",
            "module.onepassword_secrets.data.onepassword_item.proxmox",
            "module.onepassword_secrets.data.onepassword_item.splunk",
            "module.onepassword_secrets.data.onepassword_item.supabase",
            "module.onepassword_secrets.data.onepassword_vault.this"
          ]
        },
        {
          "index_key": "elk-filebeat.yml",
          "schema_version": 0,
          "attributes": {
            "content": "# Filebeat configuration for 105-elk (ELK Stack)\n# Rendered by Terraform - DO NOT EDIT MANUALLY\n\nfilebeat.autodiscover:\n  providers:\n    - type: docker\n      hints.enabled: true\n\nfilebeat.inputs:\n  # Docker container logs (elasticsearch, logstash, kibana)\n  - type: filestream\n    id: docker-containers\n    paths:\n      - /var/lib/docker/containers/*/*.log\n    parsers:\n      - container: {}\n    prospector.scanner.symlinks: true\n    fields:\n      service: elk\n      host_role: elk\n    fields_under_root: false\n\n  # System logs\n  - type: filestream\n    id: system-logs\n    paths:\n      - /var/log/*.log\n      - /var/log/syslog\n    fields:\n      service: system\n      host_role: elk\n    fields_under_root: false\n\nprocessors:\n  - add_host_metadata: ~\n  - add_docker_metadata:\n      host: \"unix:///var/run/docker.sock\"\n\noutput.logstash:\n  hosts: [\"192.168.50.105:5044\"]\n\nfilebeat.registry.path: /var/lib/filebeat/registry\nlogging.level: info\nlogging.to_files: true\nlogging.files:\n  path: /var/log/filebeat\n  name: filebeat\n  keepfiles: 7\n\nmax_message_bytes: 999999\n",
            "content_base64": null,
            "content_base64sha256": "ZOuFEg/kPR8aWMljYMQGev5HQdTM/vDjPfhO+6tEPGI=",
            "content_base64sha512": "/iAv7h7OwrpXpC9d0JTv1Zy20mRvqLsPLwWGe6sqJ8ywObY26RUbWU4uuUE6vJ3e2PxKZXj4kHPiYwt+zX7nEQ==",
            "content_md5": "c7cd7c1235cbfa2fd4099648debe42be",
            "content_sha1": "61d20950eeb5e3f3c95965c99c0d96fa9d610543",
            "content_sha256": "64eb85120fe43d1f1a58c96360c4067afe4741d4ccfef0e33df84efbab443c62",
            "content_sha512": "fe202fee1ecec2ba57a42f5dd094efd59cb6d2646fa8bb0f2f05867bab2a27ccb039b636e9151b594e2eb9413abc9dded8fc4a6578f89073e2630b7ecd7ee711",
            "directory_permission": "0700",
            "file_permission": "0644",
            "filename": "./configs/lxc-105-elk/filebeat.yml",
            "id": "61d20950eeb5e3f3c95965c99c0d96fa9d610543",
            "source": null
          },
          "sensitive_attributes": [
            [
              {
                "type": "get_attr",
                "value": "content"
              }
            ],
            [
              {
                "type": "get_attr",
                "value": "content_base64"
              }
            ]
          ],
          "identity_schema_version": 0,
          "dependencies": [
            "module.onepassword_secrets.data.onepassword_item.archon",
            "module.onepassword_secrets.data.onepassword_item.cloudflare",
            "module.onepassword_secrets.data.onepassword_item.elk",
            "module.onepassword_secrets.data.onepassword_item.exa",
            "module.onepassword_secrets.data.onepassword_item.github",
            "module.onepassword_secrets.data.onepassword_item.glitchtip",
            "module.onepassword_secrets.data.onepassword_item.grafana",
            "module.onepassword_secrets.data.onepassword_item.mcphub",
            "module.onepassword_secrets.data.onepassword_item.n8n",
            "module.onepassword_secrets.data.onepassword_item.proxmox",
            "module.onepassword_secrets.data.onepassword_item.splunk",
            "module.onepassword_secrets.data.onepassword_item.supabase",
            "module.onepassword_secrets.data.onepassword_vault.this"
          ]
        },
        {
          "index_key": "elk-ilm-policy.json",
          "schema_version": 0,
          "attributes": {
            "content": "{\n  \"policy\": {\n    \"phases\": {\n      \"hot\": {\n        \"min_age\": \"0ms\",\n        \"actions\": {\n          \"set_priority\": {\n            \"priority\": 100\n          }\n        }\n      },\n      \"delete\": {\n        \"min_age\": \"30d\",\n        \"actions\": {\n          \"delete\": {}\n        }\n      }\n    }\n  }\n}\n",
            "content_base64": null,
            "content_base64sha256": "ttD4D6BB74C3lWgKxcJf+f6sZGqGMQe5kYOYT1VfUos=",
            "content_base64sha512": "10N8NTauMsUEo3OcaFoF6fz/Jg0oq4Y+lXoCVDpxm6EK/p9P/uQb+qXs118TS3GhU2As6Uh+HiK6TBv2xp6qcg==",
            "content_md5": "d677ae404fb0f3eeb25fd41d6cc6ac56",
            "content_sha1": "9bfa2152b2b7ef1064f71fe8e70911fcca371f40",
            "content_sha256": "b6d0f80fa041ef80b795680ac5c25ff9feac646a863107b99183984f555f528b",
            "content_sha512": "d7437c3536ae32c504a3739c685a05e9fcff260d28ab863e957a02543a719ba10afe9f4ffee41bfaa5ecd75f134b71a153602ce9487e1e22ba4c1bf6c69eaa72",
            "directory_permission": "0700",
            "file_permission": "0644",
            "filename": "./configs/lxc-105-elk/ilm-policy.json",
            "id": "9bfa2152b2b7ef1064f71fe8e70911fcca371f40",
            "source": null
          },
          "sensitive_attributes": [
            [
              {
                "type": "get_attr",
                "value": "content"
              }
            ],
            [
              {
                "type": "get_attr",
                "value": "content_base64"
              }
            ]
          ],
          "identity_schema_version": 0,
          "dependencies": [
            "module.onepassword_secrets.data.onepassword_item.archon",
            "module.onepassword_secrets.data.onepassword_item.cloudflare",
            "module.onepassword_secrets.data.onepassword_item.elk",
            "module.onepassword_secrets.data.onepassword_item.exa",
            "module.onepassword_secrets.data.onepassword_item.github",
            "module.onepassword_secrets.data.onepassword_item.glitchtip",
            "module.onepassword_secrets.data.onepassword_item.grafana",
            "module.onepassword_secrets.data.onepassword_item.mcphub",
            "module.onepassword_secrets.data.onepassword_item.n8n",
            "module.onepassword_secrets.data.onepassword_item.proxmox",
            "module.onepassword_secrets.data.onepassword_item.splunk",
            "module.onepassword_secrets.data.onepassword_item.supabase",
            "module.onepassword_secrets.data.onepassword_vault.this"
          ]
        },
        {
          "index_key": "elk-logstash.conf",
          "schema_version": 0,
          "attributes": {
            "content": "input {\n  beats {\n    port =\u003e 5044\n  }\n\n  syslog {\n    port =\u003e 5000\n    type =\u003e \"syslog\"\n  }\n\n  http {\n    port  =\u003e 8080\n    type  =\u003e \"logpush\"\n    codec =\u003e json_lines\n  }\n}\n\nfilter {\n  # Filebeat 8.x container input puts log text in [event][original], not [message].\n  # Copy it to [message] so downstream grok/json filters work correctly.\n  if ![message] and [event][original] {\n    mutate {\n      copy =\u003e { \"[event][original]\" =\u003e \"message\" }\n    }\n  }\n\n  # Extract host metadata from Filebeat fields\n  if [host][name] and ![host_name] {\n    mutate {\n      add_field =\u003e { \"host_name\" =\u003e \"%{[host][name]}\" }\n    }\n  }\n  if [container][name] and ![container_name] {\n    mutate {\n      add_field =\u003e { \"container_name\" =\u003e \"%{[container][name]}\" }\n    }\n  }\n\n  # Truncate oversized messages to prevent OOM (Defense in depth)\n  if [message] {\n    truncate {\n      length_bytes =\u003e 999999\n      add_tag =\u003e [\"truncated\"]\n    }\n  }\n\n  # Extract service name from filebeat fields\n  if [fields][service] {\n    mutate {\n      add_field =\u003e { \"service\" =\u003e \"%{[fields][service]}\" }\n    }\n  }\n\n  # Fallback service extraction from Docker Compose label when filebeat fields are absent.\n  if ![service] and [container][labels][com_docker_compose_service] {\n    mutate {\n      add_field =\u003e { \"service\" =\u003e \"%{[container][labels][com_docker_compose_service]}\" }\n    }\n  }\n\n  # Strip ANSI color/control sequences so term queries and aggregations stay clean.\n  if [message] {\n    mutate {\n      gsub =\u003e [\n        \"message\", \"\\x1B\\[[0-9;]*[A-Za-z]\", \"\"\n      ]\n    }\n  }\n  if [event][original] {\n    mutate {\n      gsub =\u003e [\n        \"[event][original]\", \"\\x1B\\[[0-9;]*[A-Za-z]\", \"\"\n      ]\n    }\n  }\n\n  # Syslog parsing\n  if [type] == \"syslog\" {\n    grok {\n      match =\u003e { \"message\" =\u003e \"%{SYSLOGTIMESTAMP:syslog_timestamp} %{SYSLOGHOST:syslog_hostname} %{DATA:syslog_program}(?:\\\\[%{POSINT:syslog_pid}\\\\])?: %{GREEDYDATA:syslog_message}\" }\n      tag_on_failure =\u003e []\n    }\n    date {\n      match =\u003e [ \"syslog_timestamp\", \"MMM  d HH:mm:ss\", \"MMM dd HH:mm:ss\" ]\n    }\n  }\n  # Synology NAS syslog source identification\n  # Synology sends logs via DSM Log Center to Logstash syslog input (port 5000).\n  if [type] == \"syslog\" {\n    # Remove ECS service object set by syslog input plugin to avoid array collision\n    mutate { remove_field =\u003e [ \"service\" ] }\n    if [host][hostname] =~ /(?i)^(synology|ds920|diskstation)/ {\n      mutate {\n        add_field =\u003e { \"service\" =\u003e \"synology\" }\n      }\n    } else {\n      mutate {\n        add_field =\u003e { \"service\" =\u003e \"syslog\" }\n      }\n    }\n  }\n\n  # Cloudflare Workers Trace Events (Logpush → HTTP input)\n  if [type] == \"logpush\" {\n    mutate {\n      add_field =\u003e { \"service\" =\u003e \"cloudflare-workers\" }\n    }\n    if [ScriptName] {\n      mutate { add_field =\u003e { \"worker_script\" =\u003e \"%{[ScriptName]}\" } }\n    }\n    if [Outcome] and [Outcome] != \"ok\" {\n      mutate {\n        add_field =\u003e {\n          \"level\" =\u003e \"error\"\n          \"tier\" =\u003e \"2\"\n          \"error_classification\" =\u003e \"WORKER_FAILURE\"\n          \"error_severity\" =\u003e \"high\"\n        }\n      }\n    } else {\n      mutate { add_field =\u003e { \"level\" =\u003e \"info\" } }\n    }\n  }\n\n  # JSON log parsing (structured logs from apps)\n  if [message] =~ /^\\s*\\{/ {\n    json {\n      source =\u003e \"message\"\n      target =\u003e \"parsed\"\n      skip_on_invalid_json =\u003e true\n    }\n    if [parsed] {\n      if [parsed][level] {\n        mutate { add_field =\u003e { \"level\" =\u003e \"%{[parsed][level]}\" } }\n      }\n      if [parsed][msg] {\n        mutate { add_field =\u003e { \"log_message\" =\u003e \"%{[parsed][msg]}\" } }\n      } else if [parsed][message] {\n        mutate { add_field =\u003e { \"log_message\" =\u003e \"%{[parsed][message]}\" } }\n      }\n      if [parsed][error] {\n        mutate { add_field =\u003e { \"error_message\" =\u003e \"%{[parsed][error]}\" } }\n      }\n      if [parsed][service] and ![service] {\n        mutate { add_field =\u003e { \"service\" =\u003e \"%{[parsed][service]}\" } }\n      }\n    }\n  }\n\n  # Normalize log level to lowercase\n  if [level] {\n    mutate { lowercase =\u003e [ \"level\" ] }\n  }\n\n  # Extract level from unstructured messages if not already set\n  if ![level] {\n    grok {\n      match =\u003e { \"message\" =\u003e \"(?i)(?\u003clevel\u003efatal|panic|error|warn(?:ing)?|info|debug|trace)\" }\n      tag_on_failure =\u003e []\n    }\n    if [level] {\n      mutate { lowercase =\u003e [ \"level\" ] }\n      # Normalize common level aliases\n      if [level] == \"warning\" {\n        mutate { replace =\u003e { \"level\" =\u003e \"warn\" } }\n      } else if [level] == \"err\" {\n        mutate { replace =\u003e { \"level\" =\u003e \"error\" } }\n      } else if [level] in [\"crit\", \"critical\"] {\n        mutate { replace =\u003e { \"level\" =\u003e \"fatal\" } }\n      }\n    }\n  }\n\n  # Default level if still not set\n  if ![level] {\n    mutate { add_field =\u003e { \"level\" =\u003e \"info\" } }\n  }\n\n  # Error Classification: assign tier and error_code\n  # Tier 1 (Critical): System-level failures\n  # Tier 2 (High):     Service degradation, connectivity issues\n  # Tier 3 (Medium):   Application errors, handled failures\n  # Tier 4 (Low):      Warnings, deprecations\n  if ([message] =~ /(?i)(MCP error -32601: Method not found)/ and [message] =~ /(?i)(failed to get prompts)/) or [message] =~ /(?i)(failed to get prompt from MCP server)/ {\n    mutate {\n      add_field =\u003e {\n        \"tier\" =\u003e \"4\"\n        \"error_classification\" =\u003e \"MCP_OPTIONAL_ENDPOINT\"\n        \"error_severity\" =\u003e \"low\"\n      }\n    }\n  } else if [level] in [\"fatal\", \"panic\"] {\n    mutate {\n      add_field =\u003e {\n        \"tier\" =\u003e \"1\"\n        \"error_classification\" =\u003e \"CRITICAL_FAILURE\"\n        \"error_severity\" =\u003e \"critical\"\n      }\n    }\n  } else if [level] == \"error\" {\n    # OpenCode runtime: expected cancellations and transient conditions.\n    if [message] =~ /(?i)(service=session\\.processor error=The operation was aborted\\.|session\\.prompt .* cancel)/ {\n      mutate {\n        add_field =\u003e {\n          \"tier\" =\u003e \"4\"\n          \"error_classification\" =\u003e \"SESSION_CANCELLED\"\n          \"error_severity\" =\u003e \"low\"\n        }\n      }\n    } else if [message] =~ /(?i)(service=session\\.processor error=Rate limit exceeded\\. Please try again later\\.)/ {\n      mutate {\n        add_field =\u003e {\n          \"tier\" =\u003e \"4\"\n          \"error_classification\" =\u003e \"RATE_LIMIT_TRANSIENT\"\n          \"error_severity\" =\u003e \"low\"\n        }\n      }\n    } else if [message] =~ /(?i)(MCP error -32602|invalid arguments for (tool|prompt)|structured content does not match the tool's output schema)/ {\n      mutate {\n        add_field =\u003e {\n          \"tier\" =\u003e \"4\"\n          \"error_classification\" =\u003e \"MCP_CLIENT_REQUEST_ERROR\"\n          \"error_severity\" =\u003e \"low\"\n        }\n      }\n    } else if [message] =~ /(?i)(requestBodyValues|system\\\":\\[\\{\\\"type\\\":\\\"text\\\")/ and [message] =~ /(?i)(SSE error: Unable to connect|ECONNREFUSED|ETIMEDOUT|ENOTFOUND)/ {\n      mutate {\n        add_field =\u003e {\n          \"tier\" =\u003e \"4\"\n          \"error_classification\" =\u003e \"PAYLOAD_ARTIFACT\"\n          \"error_severity\" =\u003e \"low\"\n        }\n      }\n    } else if [message] =~ /(?i)(out of memory|oom|disk full|no space|segfault|core dump)/ {\n      mutate {\n        add_field =\u003e {\n          \"tier\" =\u003e \"1\"\n          \"error_classification\" =\u003e \"RESOURCE_EXHAUSTION\"\n          \"error_severity\" =\u003e \"critical\"\n        }\n      }\n    } else if [message] =~ /(?i)(connection refused|timeout|unreachable|dns|ECONNREFUSED|ETIMEDOUT)/ {\n      mutate {\n        add_field =\u003e {\n          \"tier\" =\u003e \"2\"\n          \"error_classification\" =\u003e \"CONNECTIVITY_FAILURE\"\n          \"error_severity\" =\u003e \"high\"\n        }\n      }\n    } else if [message] =~ /(?i)(502|503|504|bad gateway|service unavailable)/ {\n      mutate {\n        add_field =\u003e {\n          \"tier\" =\u003e \"2\"\n          \"error_classification\" =\u003e \"GATEWAY_ERROR\"\n          \"error_severity\" =\u003e \"high\"\n        }\n      }\n    } else if [message] =~ /(?i)(auth|unauthorized|forbidden|401|403|permission denied)/ {\n      mutate {\n        add_field =\u003e {\n          \"tier\" =\u003e \"3\"\n          \"error_classification\" =\u003e \"AUTH_FAILURE\"\n          \"error_severity\" =\u003e \"medium\"\n        }\n      }\n    } else if [message] =~ /(?i)(null|undefined|NaN|type.*error|cast|parse|syntax|JSON)/ {\n      mutate {\n        add_field =\u003e {\n          \"tier\" =\u003e \"3\"\n          \"error_classification\" =\u003e \"DATA_ERROR\"\n          \"error_severity\" =\u003e \"medium\"\n        }\n      }\n    } else {\n      mutate {\n        add_field =\u003e {\n          \"tier\" =\u003e \"3\"\n          \"error_classification\" =\u003e \"APPLICATION_ERROR\"\n          \"error_severity\" =\u003e \"medium\"\n        }\n      }\n    }\n  } else if [level] == \"warn\" {\n    if [message] =~ /(?i)(deprecated|deprecation|will be removed|end of life)/ {\n      mutate {\n        add_field =\u003e {\n          \"tier\" =\u003e \"4\"\n          \"error_classification\" =\u003e \"DEPRECATION\"\n          \"error_severity\" =\u003e \"low\"\n        }\n      }\n    } else {\n      mutate {\n        add_field =\u003e {\n          \"tier\" =\u003e \"4\"\n          \"error_classification\" =\u003e \"WARNING\"\n          \"error_severity\" =\u003e \"low\"\n        }\n      }\n    }\n  }\n\n  # Default tier/classification for non-error events (required for Prometheus labels)\n  if ![tier] {\n    mutate { add_field =\u003e { \"tier\" =\u003e \"0\" \"error_classification\" =\u003e \"NONE\" } }\n  }\n  # Set default service if not set\n  if ![service] {\n    mutate { add_field =\u003e { \"service\" =\u003e \"unknown\" } }\n  }\n\n  # Remove problematic OCI container labels that cause date parsing failures\n  # Docker sends empty strings for these fields but ES maps them as dates\n  mutate {\n    remove_field =\u003e [\n      \"[container][labels][org_opencontainers_image_created]\",\n      \"[container][labels][org_opencontainers_image_revision]\",\n      \"[container][labels][org_opencontainers_image_version]\"\n    ]\n  }\n\n  # Clean up parsed temp field\n  mutate {\n    remove_field =\u003e [ \"parsed\" ]\n  }\n}\n\noutput {\n  elasticsearch {\n    hosts =\u003e [\"elasticsearch:9200\"]\n    user =\u003e \"elastic\"\n    password =\u003e \"I93bmZ/uT3haNpdL9GJ+neTf\"\n    index =\u003e \"logs-%{[service]}-%{+YYYY.MM.dd}\"\n    retry_on_conflict =\u003e 3\n    retry_initial_interval =\u003e 2\n    retry_max_interval =\u003e 64\n  }\n\n  # Dead letter queue - capture failed events\n  if \"_elasticsearch_lookup_failure\" in [tags] or \"_grokparsefailure\" in [tags] {\n    file {\n      path =\u003e \"/usr/share/logstash/dlq/failed-%{+YYYY-MM-dd}.json\"\n      codec =\u003e json_lines\n    }\n  }\n\n\n  # Prometheus metrics for Grafana monitoring\n  # NOTE: logstash-output-prometheus v0.1.3 crashes in LXC/JRuby environments\n  # (jnr.netdb.Protocol.getProtocolByNumber stack trace from WEBrick).\n  # Correct syntax preserved below for reference. Consider logstash-exporter\n  # sidecar container as an alternative when Prometheus metrics are needed.\n  #\n  # prometheus {\n  #   port =\u003e 9198\n  #   increment =\u003e {\n  #     \"logstash_events_in_total\" =\u003e {\n  #       description =\u003e \"Total events processed by Logstash\"\n  #       type =\u003e \"counter\"\n  #       labels =\u003e {\n  #         service =\u003e \"%{[service]}\"\n  #         level =\u003e \"%{[level]}\"\n  #         host_name =\u003e \"%{[host_name]}\"\n  #       }\n  #     }\n  #     \"logstash_errors_total\" =\u003e {\n  #       description =\u003e \"Total error-level events by classification\"\n  #       type =\u003e \"counter\"\n  #       labels =\u003e {\n  #         service =\u003e \"%{[service]}\"\n  #         tier =\u003e \"%{[tier]}\"\n  #         error_classification =\u003e \"%{[error_classification]}\"\n  #       }\n  #     }\n  #   }\n  # }\n}\n",
            "content_base64": null,
            "content_base64sha256": "vFS/ZEjbbgIbyovRPlzB2gxNydyX2JHDCnPHRjpf18M=",
            "content_base64sha512": "ob01tH7l2MvePmClJI8w7gU9DQp74ZuxDTm37xdDeJTK5kKRY3VksgHA3mz1QR9RJ9pm5+gydJKIfPggKm1CeA==",
            "content_md5": "ccb8b714f96aadd50e22b2812581da22",
            "content_sha1": "8487cd578140a502f6c65f2b284938ec2de5db57",
            "content_sha256": "bc54bf6448db6e021bca8bd13e5cc1da0c4dc9dc97d891c30a73c7463a5fd7c3",
            "content_sha512": "a1bd35b47ee5d8cbde3e60a5248f30ee053d0d0a7be19bb10d39b7ef17437894cae64291637564b201c0de6cf5411f5127da66e7e8327492887cf8202a6d4278",
            "directory_permission": "0700",
            "file_permission": "0644",
            "filename": "./configs/lxc-105-elk/logstash.conf",
            "id": "8487cd578140a502f6c65f2b284938ec2de5db57",
            "source": null
          },
          "sensitive_attributes": [
            [
              {
                "type": "get_attr",
                "value": "content"
              }
            ],
            [
              {
                "type": "get_attr",
                "value": "content_base64"
              }
            ]
          ],
          "identity_schema_version": 0,
          "dependencies": [
            "module.onepassword_secrets.data.onepassword_item.archon",
            "module.onepassword_secrets.data.onepassword_item.cloudflare",
            "module.onepassword_secrets.data.onepassword_item.elk",
            "module.onepassword_secrets.data.onepassword_item.exa",
            "module.onepassword_secrets.data.onepassword_item.github",
            "module.onepassword_secrets.data.onepassword_item.glitchtip",
            "module.onepassword_secrets.data.onepassword_item.grafana",
            "module.onepassword_secrets.data.onepassword_item.mcphub",
            "module.onepassword_secrets.data.onepassword_item.n8n",
            "module.onepassword_secrets.data.onepassword_item.proxmox",
            "module.onepassword_secrets.data.onepassword_item.splunk",
            "module.onepassword_secrets.data.onepassword_item.supabase",
            "module.onepassword_secrets.data.onepassword_vault.this"
          ]
        },
        {
          "index_key": "elk-logstash.yml",
          "schema_version": 0,
          "attributes": {
            "content": "http.host: \"0.0.0.0\"\nxpack.monitoring.elasticsearch.hosts:\n  - \"http://elasticsearch:9200\"\nxpack.monitoring.elasticsearch.username: \"${ELASTICSEARCH_USERNAME}\"\nxpack.monitoring.elasticsearch.password: \"${ELASTICSEARCH_PASSWORD}\"\ndead_letter_queue.enable: true\ndead_letter_queue.max_bytes: \"1024mb\"\n",
            "content_base64": null,
            "content_base64sha256": "RpkYmXYCvts8LeLMHf2f3ZiFZYaVkANG2boTrwluHgg=",
            "content_base64sha512": "RtL0qKyunIZif6ytdYGv4oo35ef7XdfX0OnFAhKit5viU5+quEPfEHM8zL6CheeugFb7v2aut9mCJEInSZ9TbA==",
            "content_md5": "47cc192a325703b67aaf200e56a7087a",
            "content_sha1": "6e3673485a0b06bdbb15f39f003e3e839ebcfc76",
            "content_sha256": "469918997602bedb3c2de2cc1dfd9fdd9885658695900346d9ba13af096e1e08",
            "content_sha512": "46d2f4a8acae9c86627facad7581afe28a37e5e7fb5dd7d7d0e9c50212a2b79be2539faab843df10733cccbe8285e7ae8056fbbf66aeb7d982244227499f536c",
            "directory_permission": "0700",
            "file_permission": "0644",
            "filename": "./configs/lxc-105-elk/logstash.yml",
            "id": "6e3673485a0b06bdbb15f39f003e3e839ebcfc76",
            "source": null
          },
          "sensitive_attributes": [
            [
              {
                "type": "get_attr",
                "value": "content"
              }
            ],
            [
              {
                "type": "get_attr",
                "value": "content_base64"
              }
            ]
          ],
          "identity_schema_version": 0,
          "dependencies": [
            "module.onepassword_secrets.data.onepassword_item.archon",
            "module.onepassword_secrets.data.onepassword_item.cloudflare",
            "module.onepassword_secrets.data.onepassword_item.elk",
            "module.onepassword_secrets.data.onepassword_item.exa",
            "module.onepassword_secrets.data.onepassword_item.github",
            "module.onepassword_secrets.data.onepassword_item.glitchtip",
            "module.onepassword_secrets.data.onepassword_item.grafana",
            "module.onepassword_secrets.data.onepassword_item.mcphub",
            "module.onepassword_secrets.data.onepassword_item.n8n",
            "module.onepassword_secrets.data.onepassword_item.proxmox",
            "module.onepassword_secrets.data.onepassword_item.splunk",
            "module.onepassword_secrets.data.onepassword_item.supabase",
            "module.onepassword_secrets.data.onepassword_vault.this"
          ]
        },
        {
          "index_key": "elk-setup-ilm.sh",
          "schema_version": 0,
          "attributes": {
            "content": "#!/usr/bin/env bash\n# Managed by Terraform — do not edit manually\n# Sets up tiered ILM policies and index templates for log retention\n#\n# Tiers:\n#   critical  (90d) — core infrastructure: elk, supabase, grafana\n#   standard  (30d) — application services: traefik, archon, mcphub, glitchtip, runner\n#   ephemeral  (7d) — debug, unknown, temporary\nset -euo pipefail\n\nES_HOST=\"http://localhost:9200\"\nES_AUTH=\"elastic:I93bmZ/uT3haNpdL9GJ+neTf\"\n\necho \"Waiting for Elasticsearch...\"\nuntil curl -sf -u \"${ES_AUTH}\" \"${ES_HOST}/_cluster/health\" \u003e /dev/null 2\u003e\u00261; do\n  sleep 5\ndone\necho \"Elasticsearch is ready.\"\n\n# —— ILM Policies ————————————————————————————————————————————————\n\ncreate_ilm_policy() {\n  local name=\"$1\" delete_after=\"$2\"\n  echo \"Creating ILM policy: ${name} (delete after ${delete_after})\"\n  curl -sf -u \"${ES_AUTH}\" -X PUT \"${ES_HOST}/_ilm/policy/${name}\" \\\n    -H 'Content-Type: application/json' \\\n    -d '{\n    \"policy\": {\n      \"phases\": {\n        \"hot\": {\n          \"min_age\": \"0ms\",\n          \"actions\": {\n            \"set_priority\": { \"priority\": 100 }\n          }\n        },\n        \"delete\": {\n          \"min_age\": \"'\"${delete_after}\"'\",\n          \"actions\": {\n            \"delete\": {}\n          }\n        }\n      }\n    }\n  }'\n  echo\n}\n\ncreate_ilm_policy \"homelab-logs-critical-90d\"  \"90d\"\ncreate_ilm_policy \"homelab-logs-30d\"           \"30d\"\ncreate_ilm_policy \"homelab-logs-ephemeral-7d\"  \"7d\"\n\n# —— Index Templates —————————————————————————————————————————————\n# Priority determines which template wins when multiple patterns match.\n# Higher priority = takes precedence.\n#   critical  (300) — specific critical service patterns\n#   ephemeral (250) — specific ephemeral patterns\n#   standard  (200) — catch-all logs-* (default tier)\n\ncreate_index_template() {\n  local name=\"$1\" policy=\"$2\" priority=\"$3\"\n  shift 3\n  # Remaining args are index patterns\n  local patterns\n  patterns=$(printf '\"%s\",' \"$@\")\n  patterns=\"[${patterns%,}]\"\n\n  echo \"Creating index template: ${name} (policy=${policy}, priority=${priority})\"\n  curl -sf -u \"${ES_AUTH}\" -X PUT \"${ES_HOST}/_index_template/${name}\" \\\n    -H 'Content-Type: application/json' \\\n    -d '{\n    \"index_patterns\": '\"${patterns}\"',\n    \"priority\": '\"${priority}\"',\n    \"template\": {\n      \"settings\": {\n        \"number_of_shards\": 1,\n        \"number_of_replicas\": 0,\n        \"index.lifecycle.name\": \"'\"${policy}\"'\"\n      }\n    }\n  }'\n  echo\n}\n\n# Critical tier: core infrastructure services (90d retention)\ncreate_index_template \"logs-critical\" \"homelab-logs-critical-90d\" 300 \\\n  \"logs-elk-*\" \"logs-supabase-*\" \"logs-grafana-*\"\n\n# Ephemeral tier: debug and unknown sources (7d retention)\ncreate_index_template \"logs-ephemeral\" \"homelab-logs-ephemeral-7d\" 250 \\\n  \"logs-unknown-*\" \"logs-debug-*\"\n\n# Standard tier: catch-all for remaining services (30d retention)\ncreate_index_template \"logs-standard\" \"homelab-logs-30d\" 200 \\\n  \"logs-*\"\n\necho \"ILM setup complete. Three tiers configured:\"\necho \"  critical  (90d): elk, supabase, grafana\"\necho \"  standard  (30d): all other services (default)\"\necho \"  ephemeral  (7d): unknown, debug\"\n",
            "content_base64": null,
            "content_base64sha256": "3cfYlzHP+zaZfQK4JAUZgi3ARJIJNJdZ2WSU6PJgklY=",
            "content_base64sha512": "ionEaY4P6jkfSuxRGv9qgLk68DFx+mxyA9by4cXjPQjNkpZLOIhCKIN/mMwDKR68TcvpBhpvemKUChywQJh8jQ==",
            "content_md5": "4c374de6a3d94178289fc60df156f33f",
            "content_sha1": "6069d1255b2add76e164d6d1efc0d59fb40d7555",
            "content_sha256": "ddc7d89731cffb36997d02b8240519822dc0449209349759d96494e8f2609256",
            "content_sha512": "8a89c4698e0fea391f4aec511aff6a80b93af03171fa6c7203d6f2e1c5e33d08cd92964b38884228837f98cc03291ebc4dcbe9061a6f7a62940a1cb040987c8d",
            "directory_permission": "0700",
            "file_permission": "0644",
            "filename": "./configs/lxc-105-elk/setup-ilm.sh",
            "id": "6069d1255b2add76e164d6d1efc0d59fb40d7555",
            "source": null
          },
          "sensitive_attributes": [
            [
              {
                "type": "get_attr",
                "value": "content"
              }
            ],
            [
              {
                "type": "get_attr",
                "value": "content_base64"
              }
            ]
          ],
          "identity_schema_version": 0,
          "dependencies": [
            "module.onepassword_secrets.data.onepassword_item.archon",
            "module.onepassword_secrets.data.onepassword_item.cloudflare",
            "module.onepassword_secrets.data.onepassword_item.elk",
            "module.onepassword_secrets.data.onepassword_item.exa",
            "module.onepassword_secrets.data.onepassword_item.github",
            "module.onepassword_secrets.data.onepassword_item.glitchtip",
            "module.onepassword_secrets.data.onepassword_item.grafana",
            "module.onepassword_secrets.data.onepassword_item.mcphub",
            "module.onepassword_secrets.data.onepassword_item.n8n",
            "module.onepassword_secrets.data.onepassword_item.proxmox",
            "module.onepassword_secrets.data.onepassword_item.splunk",
            "module.onepassword_secrets.data.onepassword_item.supabase",
            "module.onepassword_secrets.data.onepassword_vault.this"
          ]
        },
        {
          "index_key": "glitchtip-filebeat.yml",
          "schema_version": 0,
          "attributes": {
            "content": "# Filebeat configuration for 106-glitchtip (Error Tracking)\n# Rendered by Terraform - DO NOT EDIT MANUALLY\n\nfilebeat.autodiscover:\n  providers:\n    - type: docker\n      hints.enabled: true\n\nfilebeat.inputs:\n  # Docker container logs (glitchtip-web, glitchtip-worker, glitchtip-redis, glitchtip-postgres)\n  - type: filestream\n    id: docker-containers\n    paths:\n      - /var/lib/docker/containers/*/*.log\n    parsers:\n      - container: {}\n    prospector.scanner.symlinks: true\n    fields:\n      service: glitchtip\n      host_role: glitchtip\n    fields_under_root: false\n\n  # System logs\n  - type: filestream\n    id: system-logs\n    paths:\n      - /var/log/*.log\n      - /var/log/syslog\n    fields:\n      service: system\n      host_role: glitchtip\n    fields_under_root: false\n\nprocessors:\n  - add_host_metadata: ~\n  - add_docker_metadata:\n      host: \"unix:///var/run/docker.sock\"\n\noutput.logstash:\n  hosts: [\"192.168.50.105:5044\"]\n\nfilebeat.registry.path: /var/lib/filebeat/registry\nlogging.level: info\nlogging.to_files: true\nlogging.files:\n  path: /var/log/filebeat\n  name: filebeat\n  keepfiles: 7\n\nmax_message_bytes: 999999\n",
            "content_base64": null,
            "content_base64sha256": "Hf9lBvVjqPjfocJNlERwwS+xFFt4zMnbl0KJ9dNrL8E=",
            "content_base64sha512": "ePiMQ+nog2csnckJeMmYHP+omcVgoDSCnUwmqpe4G6tMU7rgH+r+ARmlWlxQxkAKxIcCeDvqX8j2ht33A2XDIg==",
            "content_md5": "3fde5435849156aae6d3b381b4e319eb",
            "content_sha1": "ad7ea5d00f773f8724acdb05c0c2e958bd3b5afd",
            "content_sha256": "1dff6506f563a8f8dfa1c24d944470c12fb1145b78ccc9db974289f5d36b2fc1",
            "content_sha512": "78f88c43e9e883672c9dc90978c9981cffa899c560a034829d4c26aa97b81bab4c53bae01feafe0119a55a5c50c6400ac48702783bea5fc8f686ddf70365c322",
            "directory_permission": "0700",
            "file_permission": "0644",
            "filename": "./configs/lxc-106-glitchtip/filebeat.yml",
            "id": "ad7ea5d00f773f8724acdb05c0c2e958bd3b5afd",
            "source": null
          },
          "sensitive_attributes": [
            [
              {
                "type": "get_attr",
                "value": "content"
              }
            ],
            [
              {
                "type": "get_attr",
                "value": "content_base64"
              }
            ]
          ],
          "identity_schema_version": 0,
          "dependencies": [
            "module.onepassword_secrets.data.onepassword_item.archon",
            "module.onepassword_secrets.data.onepassword_item.cloudflare",
            "module.onepassword_secrets.data.onepassword_item.elk",
            "module.onepassword_secrets.data.onepassword_item.exa",
            "module.onepassword_secrets.data.onepassword_item.github",
            "module.onepassword_secrets.data.onepassword_item.glitchtip",
            "module.onepassword_secrets.data.onepassword_item.grafana",
            "module.onepassword_secrets.data.onepassword_item.mcphub",
            "module.onepassword_secrets.data.onepassword_item.n8n",
            "module.onepassword_secrets.data.onepassword_item.proxmox",
            "module.onepassword_secrets.data.onepassword_item.splunk",
            "module.onepassword_secrets.data.onepassword_item.supabase",
            "module.onepassword_secrets.data.onepassword_vault.this"
          ]
        },
        {
          "index_key": "glitchtip-glitchtip.env",
          "schema_version": 0,
          "attributes": {
            "content": "DJANGO_SECRET_KEY=m5H4/oEAUV/GSwLp8M11y9JhyWzjjd6IR4kn1W8V4LqFWvygRG4=\nSECRET_KEY=m5H4/oEAUV/GSwLp8M11y9JhyWzjjd6IR4kn1W8V4LqFWvygRG4=\nPORT=8000\nDATABASE_URL=postgres://glitchtip:iP67xaGlJjsyayIUneiihyMP@postgres:5432/glitchtip\nREDIS_URL=redis://:YNZgMmYlyaoNXjE86s6g0F3K@redis:6379/0\nEMAIL_URL=smtp://localhost:25\nDEFAULT_FROM_EMAIL=glitchtip@jclee.me\nGLITCHTIP_DOMAIN=https://glitchtip.jclee.me\nENABLE_USER_REGISTRATION=false\n",
            "content_base64": null,
            "content_base64sha256": "fIlVf/0cvFYB3lyA3hR5Di9OEc9oyrCppdhGRrGikxM=",
            "content_base64sha512": "SWcKxY7IE7yWnrevDQOt42xHBS5dH9zMTtY926ga6tVck7qAdCTFPQew512kUTvO/AG9Fs/Yvq4SQLN9uFAUIw==",
            "content_md5": "d5e0a7d978b8ee60be445f1d38a7b4a1",
            "content_sha1": "578cc0ff7987e5ba3b7767fd340ec6c20a9789c2",
            "content_sha256": "7c89557ffd1cbc5601de5c80de14790e2f4e11cf68cab0a9a5d84646b1a29313",
            "content_sha512": "49670ac58ec813bc969eb7af0d03ade36c47052e5d1fdccc4ed63ddba81aead55c93ba807424c53d07b0e75da4513bcefc01bd16cfd8beae1240b37db8501423",
            "directory_permission": "0700",
            "file_permission": "0644",
            "filename": "./configs/lxc-106-glitchtip/glitchtip.env",
            "id": "578cc0ff7987e5ba3b7767fd340ec6c20a9789c2",
            "source": null
          },
          "sensitive_attributes": [
            [
              {
                "type": "get_attr",
                "value": "content"
              }
            ],
            [
              {
                "type": "get_attr",
                "value": "content_base64"
              }
            ]
          ],
          "identity_schema_version": 0,
          "dependencies": [
            "module.onepassword_secrets.data.onepassword_item.archon",
            "module.onepassword_secrets.data.onepassword_item.cloudflare",
            "module.onepassword_secrets.data.onepassword_item.elk",
            "module.onepassword_secrets.data.onepassword_item.exa",
            "module.onepassword_secrets.data.onepassword_item.github",
            "module.onepassword_secrets.data.onepassword_item.glitchtip",
            "module.onepassword_secrets.data.onepassword_item.grafana",
            "module.onepassword_secrets.data.onepassword_item.mcphub",
            "module.onepassword_secrets.data.onepassword_item.n8n",
            "module.onepassword_secrets.data.onepassword_item.proxmox",
            "module.onepassword_secrets.data.onepassword_item.splunk",
            "module.onepassword_secrets.data.onepassword_item.supabase",
            "module.onepassword_secrets.data.onepassword_vault.this"
          ]
        },
        {
          "index_key": "grafana-filebeat.yml",
          "schema_version": 0,
          "attributes": {
            "content": "# Filebeat configuration for 104-grafana (Observability Stack)\n# Rendered by Terraform - DO NOT EDIT MANUALLY\n\nfilebeat.autodiscover:\n  providers:\n    - type: docker\n      hints.enabled: true\n\nfilebeat.inputs:\n  # Docker container logs (prometheus, grafana, tempo, blackbox-exporter)\n  - type: filestream\n    id: docker-containers\n    paths:\n      - /var/lib/docker/containers/*/*.log\n    parsers:\n      - container: {}\n    prospector.scanner.symlinks: true\n    fields:\n      service: grafana\n      host_role: grafana\n    fields_under_root: false\n\n  # System logs\n  - type: filestream\n    id: system-logs\n    paths:\n      - /var/log/*.log\n      - /var/log/syslog\n    fields:\n      service: system\n      host_role: grafana\n    fields_under_root: false\n\nprocessors:\n  - add_host_metadata: ~\n  - add_docker_metadata:\n      host: \"unix:///var/run/docker.sock\"\n\noutput.logstash:\n  hosts: [\"192.168.50.105:5044\"]\n\nfilebeat.registry.path: /var/lib/filebeat/registry\nlogging.level: info\nlogging.to_files: true\nlogging.files:\n  path: /var/log/filebeat\n  name: filebeat\n  keepfiles: 7\n\nmax_message_bytes: 999999\n",
            "content_base64": null,
            "content_base64sha256": "Bayj1jsRD3mAfb+RsIjCa82tALHTpv6ANHWbqJnKzTk=",
            "content_base64sha512": "6YVP+Swv4up9oB1Ih1fDJlwB9JLiiBP7XmgLo6+pgZlETuUVtXe3Y58FJ5GvmDCGOt6uWyKmryQMHM1oirxcAQ==",
            "content_md5": "dd5fc8b6e6d2448180410dd7573667d3",
            "content_sha1": "8ce9d6d6b9bffe9da966d1b88b5e96a64203e2ed",
            "content_sha256": "05aca3d63b110f79807dbf91b088c26bcdad00b1d3a6fe8034759ba899cacd39",
            "content_sha512": "e9854ff92c2fe2ea7da01d488757c3265c01f492e28813fb5e680ba3afa98199444ee515b577b7639f052791af9830863adeae5b22a6af240c1ccd688abc5c01",
            "directory_permission": "0700",
            "file_permission": "0644",
            "filename": "./configs/lxc-104-grafana/filebeat.yml",
            "id": "8ce9d6d6b9bffe9da966d1b88b5e96a64203e2ed",
            "source": null
          },
          "sensitive_attributes": [
            [
              {
                "type": "get_attr",
                "value": "content"
              }
            ],
            [
              {
                "type": "get_attr",
                "value": "content_base64"
              }
            ]
          ],
          "identity_schema_version": 0,
          "dependencies": [
            "module.onepassword_secrets.data.onepassword_item.archon",
            "module.onepassword_secrets.data.onepassword_item.cloudflare",
            "module.onepassword_secrets.data.onepassword_item.elk",
            "module.onepassword_secrets.data.onepassword_item.exa",
            "module.onepassword_secrets.data.onepassword_item.github",
            "module.onepassword_secrets.data.onepassword_item.glitchtip",
            "module.onepassword_secrets.data.onepassword_item.grafana",
            "module.onepassword_secrets.data.onepassword_item.mcphub",
            "module.onepassword_secrets.data.onepassword_item.n8n",
            "module.onepassword_secrets.data.onepassword_item.proxmox",
            "module.onepassword_secrets.data.onepassword_item.splunk",
            "module.onepassword_secrets.data.onepassword_item.supabase",
            "module.onepassword_secrets.data.onepassword_vault.this"
          ]
        },
        {
          "index_key": "grafana-grafana-datasources.yml",
          "schema_version": 0,
          "attributes": {
            "content": "apiVersion: 1\n\ndatasources:\n  - name: Prometheus\n    type: prometheus\n    access: proxy\n    url: http://prometheus:9090\n    isDefault: true\n    editable: false\n\n  - name: Elasticsearch\n    type: elasticsearch\n    access: proxy\n    url: http://192.168.50.105:9200\n    database: \"logs-*\"\n    isDefault: false\n    basicAuth: true\n    basicAuthUser: elastic\n    secureJsonData:\n      basicAuthPassword: \"I93bmZ/uT3haNpdL9GJ+neTf\"\n    jsonData:\n      timeField: \"@timestamp\"\n      esVersion: \"8.0.0\"\n      logMessageField: message\n      logLevelField: level\n    editable: false\n",
            "content_base64": null,
            "content_base64sha256": "J9Xdx64HQ8dgJypyUIpXShzhLUQKtWo7xzlIaSeUz90=",
            "content_base64sha512": "KVhGibA1XlGbM17XGi904X+EYWbLSh6XjeAH3oaJIsl8ZV3MS+WyVEbG/DCMj2ph9GnseBrONUrhEYLwemF6OA==",
            "content_md5": "a9a442b6d7bfc544af6b6d9fcc95989f",
            "content_sha1": "4ecb03f6d4bab6a2fdeb7f7a348aa99e4a481d8f",
            "content_sha256": "27d5ddc7ae0743c760272a72508a574a1ce12d440ab56a3bc73948692794cfdd",
            "content_sha512": "29584689b0355e519b335ed71a2f74e17f846166cb4a1e978de007de868922c97c655dcc4be5b25446c6fc308c8f6a61f469ec781ace354ae11182f07a617a38",
            "directory_permission": "0700",
            "file_permission": "0644",
            "filename": "./configs/lxc-104-grafana/grafana-datasources.yml",
            "id": "4ecb03f6d4bab6a2fdeb7f7a348aa99e4a481d8f",
            "source": null
          },
          "sensitive_attributes": [
            [
              {
                "type": "get_attr",
                "value": "content"
              }
            ],
            [
              {
                "type": "get_attr",
                "value": "content_base64"
              }
            ]
          ],
          "identity_schema_version": 0,
          "dependencies": [
            "module.onepassword_secrets.data.onepassword_item.archon",
            "module.onepassword_secrets.data.onepassword_item.cloudflare",
            "module.onepassword_secrets.data.onepassword_item.elk",
            "module.onepassword_secrets.data.onepassword_item.exa",
            "module.onepassword_secrets.data.onepassword_item.github",
            "module.onepassword_secrets.data.onepassword_item.glitchtip",
            "module.onepassword_secrets.data.onepassword_item.grafana",
            "module.onepassword_secrets.data.onepassword_item.mcphub",
            "module.onepassword_secrets.data.onepassword_item.n8n",
            "module.onepassword_secrets.data.onepassword_item.proxmox",
            "module.onepassword_secrets.data.onepassword_item.splunk",
            "module.onepassword_secrets.data.onepassword_item.supabase",
            "module.onepassword_secrets.data.onepassword_vault.this"
          ]
        },
        {
          "index_key": "grafana-prometheus.yml",
          "schema_version": 0,
          "attributes": {
            "content": "global:\n  scrape_interval: 15s\n  evaluation_interval: 15s\n\nscrape_configs:\n  - job_name: 'prometheus'\n    static_configs:\n      - targets: ['localhost:9090']\n\n  - job_name: 'node'\n    static_configs:\n      - targets: ['192.168.50.104:9100']\n\n  - job_name: 'traefik'\n    static_configs:\n      - targets: ['192.168.50.102:8080']\n\n  - job_name: 'infrastructure-nodes'\n    static_configs:\n      - targets:\n          - '192.168.50.108:9100'\n          - '192.168.50.103:9100'\n          - '192.168.50.105:9100'\n          - '192.168.50.106:9100'\n          - '192.168.50.104:9100'\n          - '192.168.50.112:9100'\n          - '192.168.50.109:9100'\n          - '192.168.50.101:9100'\n          - '192.168.50.107:9100'\n          - '192.168.50.102:9100'\n          - '192.168.50.220:9100'\n    relabel_configs:\n      - source_labels: [__address__]\n        regex: '192\\.168\\.50\\.(\\d+):.*'\n        replacement: '${1}'\n        target_label: vmid\n\n  - job_name: 'logstash'\n    metrics_path: /metrics\n    static_configs:\n      - targets: ['192.168.50.105:9198']\n        labels:\n          service: logstash\n\n  - job_name: 'blackbox-http'\n    metrics_path: /probe\n    params:\n      module: [http_2xx]\n    static_configs:\n      - targets:\n          - 'http://192.168.50.112:5678/healthz'\n          - 'http://192.168.50.106:8000/_health/'\n          - 'http://192.168.50.112:3000/'\n          - 'http://192.168.50.102:8080/api/overview'\n          - 'http://elastic:I93bmZ/uT3haNpdL9GJ+neTf@192.168.50.105:9200/_cluster/health'\n          - 'http://192.168.50.104:3000/api/health'\n          - 'http://192.168.50.107:8000/rest/v1/'\n          - 'http://192.168.50.108:3737/'\n    relabel_configs:\n      - source_labels: [__address__]\n        target_label: __param_target\n      - source_labels: [__param_target]\n        target_label: instance\n      - target_label: __address__\n        replacement: blackbox-exporter:9115\n",
            "content_base64": null,
            "content_base64sha256": "LWFXWDT1Ajuap3ccm8rS399zgMh4wEsuqMuW4RbRgs8=",
            "content_base64sha512": "cgPIqq8FYt1G35Ts0ml48NAvTcUbKNW98tyKfLUJjrrohbGZ4IpzdzMVYFafx4rT7gaiAOWFmzHxuCpMDJzcXw==",
            "content_md5": "992e5ea7f66fd8864e58df6a4ad0fb82",
            "content_sha1": "433341102193e6de3c6fbde8507ecef820c3713c",
            "content_sha256": "2d61575834f5023b9aa7771c9bcad2dfdf7380c878c04b2ea8cb96e116d182cf",
            "content_sha512": "7203c8aaaf0562dd46df94ecd26978f0d02f4dc51b28d5bdf2dc8a7cb5098ebae885b199e08a7377331560569fc78ad3ee06a200e5859b31f1b82a4c0c9cdc5f",
            "directory_permission": "0700",
            "file_permission": "0644",
            "filename": "./configs/lxc-104-grafana/prometheus.yml",
            "id": "433341102193e6de3c6fbde8507ecef820c3713c",
            "source": null
          },
          "sensitive_attributes": [
            [
              {
                "type": "get_attr",
                "value": "content"
              }
            ],
            [
              {
                "type": "get_attr",
                "value": "content_base64"
              }
            ]
          ],
          "identity_schema_version": 0,
          "dependencies": [
            "module.onepassword_secrets.data.onepassword_item.archon",
            "module.onepassword_secrets.data.onepassword_item.cloudflare",
            "module.onepassword_secrets.data.onepassword_item.elk",
            "module.onepassword_secrets.data.onepassword_item.exa",
            "module.onepassword_secrets.data.onepassword_item.github",
            "module.onepassword_secrets.data.onepassword_item.glitchtip",
            "module.onepassword_secrets.data.onepassword_item.grafana",
            "module.onepassword_secrets.data.onepassword_item.mcphub",
            "module.onepassword_secrets.data.onepassword_item.n8n",
            "module.onepassword_secrets.data.onepassword_item.proxmox",
            "module.onepassword_secrets.data.onepassword_item.splunk",
            "module.onepassword_secrets.data.onepassword_item.supabase",
            "module.onepassword_secrets.data.onepassword_vault.this"
          ]
        },
        {
          "index_key": "runner-filebeat.yml",
          "schema_version": 0,
          "attributes": {
            "content": "# Filebeat configuration for 101-runner (GitHub Actions Self-hosted Runner)\n# Rendered by Terraform - DO NOT EDIT MANUALLY\n\nfilebeat.inputs:\n  # System logs\n  - type: filestream\n    id: system-logs\n    paths:\n      - /var/log/*.log\n      - /var/log/syslog\n    fields:\n      service: runner\n      host_role: runner\n    fields_under_root: false\n\n  # GitHub Actions Runner diagnostic logs\n  - type: filestream\n    id: runner-diag-logs\n    paths:\n      - /home/runner/runners/*/_diag/*.log\n    fields:\n      service: runner\n      host_role: runner\n    fields_under_root: false\n\n  # Auth logs\n  - type: filestream\n    id: auth-logs\n    paths:\n      - /var/log/auth.log\n    fields:\n      service: auth\n      host_role: runner\n    fields_under_root: false\n\nprocessors:\n  - add_host_metadata: ~\n\noutput.logstash:\n  hosts: [\"192.168.50.105:5044\"]\n\nfilebeat.registry.path: /var/lib/filebeat/registry\nlogging.level: info\nlogging.to_files: true\nlogging.files:\n  path: /var/log/filebeat\n  name: filebeat\n  keepfiles: 7\n\nmax_message_bytes: 999999\n",
            "content_base64": null,
            "content_base64sha256": "VZedAL9LuTXjrZ+/7c4DcZSd46FTKBe4PJDCAnBFbLI=",
            "content_base64sha512": "gf1VayOhM1W+zYjUhb8E98IkeU//16ZZ+y8nIuqg1ODDOzJnAWlZSOIc8tma/agvnfLlhbyw/hL0ocvXG1C8xg==",
            "content_md5": "9270d218b7e78016f6bbd27cb41c8490",
            "content_sha1": "fcad6855741da10cb6cc626ad75b89600da1baa4",
            "content_sha256": "55979d00bf4bb935e3ad9fbfedce0371949de3a1532817b83c90c20270456cb2",
            "content_sha512": "81fd556b23a13355becd88d485bf04f7c224794fffd7a659fb2f2722eaa0d4e0c33b326701695948e21cf2d99afda82f9df2e585bcb0fe12f4a1cbd71b50bcc6",
            "directory_permission": "0700",
            "file_permission": "0644",
            "filename": "./configs/lxc-101-runner/filebeat.yml",
            "id": "fcad6855741da10cb6cc626ad75b89600da1baa4",
            "source": null
          },
          "sensitive_attributes": [
            [
              {
                "type": "get_attr",
                "value": "content"
              }
            ],
            [
              {
                "type": "get_attr",
                "value": "content_base64"
              }
            ]
          ],
          "identity_schema_version": 0,
          "dependencies": [
            "module.onepassword_secrets.data.onepassword_item.archon",
            "module.onepassword_secrets.data.onepassword_item.cloudflare",
            "module.onepassword_secrets.data.onepassword_item.elk",
            "module.onepassword_secrets.data.onepassword_item.exa",
            "module.onepassword_secrets.data.onepassword_item.github",
            "module.onepassword_secrets.data.onepassword_item.glitchtip",
            "module.onepassword_secrets.data.onepassword_item.grafana",
            "module.onepassword_secrets.data.onepassword_item.mcphub",
            "module.onepassword_secrets.data.onepassword_item.n8n",
            "module.onepassword_secrets.data.onepassword_item.proxmox",
            "module.onepassword_secrets.data.onepassword_item.splunk",
            "module.onepassword_secrets.data.onepassword_item.supabase",
            "module.onepassword_secrets.data.onepassword_vault.this"
          ]
        },
        {
          "index_key": "supabase-filebeat.yml",
          "schema_version": 0,
          "attributes": {
            "content": "# Filebeat configuration for 107-supabase (Supabase BaaS)\n# Rendered by Terraform - DO NOT EDIT MANUALLY\n\nfilebeat.autodiscover:\n  providers:\n    - type: docker\n      hints.enabled: true\n      # Hint annotations for supabase containers — auto-tag each component\n      templates:\n        - condition:\n            or:\n              - contains:\n                  docker.container.name: supabase-kong\n              - contains:\n                  docker.container.name: supabase-auth\n              - contains:\n                  docker.container.name: supabase-rest\n              - contains:\n                  docker.container.name: supabase-realtime\n              - contains:\n                  docker.container.name: supabase-storage\n              - contains:\n                  docker.container.name: supabase-db\n              - contains:\n                  docker.container.name: supabase-studio\n              - contains:\n                  docker.container.name: supabase-meta\n              - contains:\n                  docker.container.name: supabase-edge-functions\n              - contains:\n                  docker.container.name: supabase-analytics\n          config:\n            - type: container\n              paths:\n                - /var/lib/docker/containers/${data.docker.container.id}/*.log\n              fields:\n                service: supabase\n                supabase_component: \"${data.docker.container.name}\"\n                host_role: supabase\n              fields_under_root: false\n\nfilebeat.inputs:\n  # Docker container logs (catch-all for all containers)\n  - type: filestream\n    id: docker-containers\n    paths:\n      - /var/lib/docker/containers/*/*.log\n    parsers:\n      - container: {}\n    prospector.scanner.symlinks: true\n    fields:\n      service: supabase\n      host_role: supabase\n    fields_under_root: false\n\n  # System logs\n  - type: filestream\n    id: system-logs\n    paths:\n      - /var/log/*.log\n      - /var/log/syslog\n    fields:\n      service: system\n      host_role: supabase\n    fields_under_root: false\n\nprocessors:\n  - add_host_metadata: ~\n  - add_docker_metadata:\n      host: \"unix:///var/run/docker.sock\"\n\noutput.logstash:\n  hosts: [\"192.168.50.105:5044\"]\n\nfilebeat.registry.path: /var/lib/filebeat/registry\nlogging.level: info\nlogging.to_files: true\nlogging.files:\n  path: /var/log/filebeat\n  name: filebeat\n  keepfiles: 7\n\nmax_message_bytes: 999999\n",
            "content_base64": null,
            "content_base64sha256": "QRhCSkdd0OUEdlAlSl8Rw9KHRuxdzSX28Bte78vcTnY=",
            "content_base64sha512": "rjiWDzoPa4NOuWXtjQ6iSUUlfM0A9WtO7D3QQfowox/AywpqrsRkpuFLIehzgNCONnLoAUfLEesDgWkmH6/IVw==",
            "content_md5": "f7c7107b3beda4b98954e47e908e53fd",
            "content_sha1": "af8b34977963932c02469ce00f86ad884939f082",
            "content_sha256": "4118424a475dd0e5047650254a5f11c3d28746ec5dcd25f6f01b5eefcbdc4e76",
            "content_sha512": "ae38960f3a0f6b834eb965ed8d0ea24945257ccd00f56b4eec3dd041fa30a31fc0cb0a6aaec464a6e14b21e87380d08e3672e80147cb11eb038169261fafc857",
            "directory_permission": "0700",
            "file_permission": "0644",
            "filename": "./configs/lxc-107-supabase/filebeat.yml",
            "id": "af8b34977963932c02469ce00f86ad884939f082",
            "source": null
          },
          "sensitive_attributes": [
            [
              {
                "type": "get_attr",
                "value": "content"
              }
            ],
            [
              {
                "type": "get_attr",
                "value": "content_base64"
              }
            ]
          ],
          "identity_schema_version": 0,
          "dependencies": [
            "module.onepassword_secrets.data.onepassword_item.archon",
            "module.onepassword_secrets.data.onepassword_item.cloudflare",
            "module.onepassword_secrets.data.onepassword_item.elk",
            "module.onepassword_secrets.data.onepassword_item.exa",
            "module.onepassword_secrets.data.onepassword_item.github",
            "module.onepassword_secrets.data.onepassword_item.glitchtip",
            "module.onepassword_secrets.data.onepassword_item.grafana",
            "module.onepassword_secrets.data.onepassword_item.mcphub",
            "module.onepassword_secrets.data.onepassword_item.n8n",
            "module.onepassword_secrets.data.onepassword_item.proxmox",
            "module.onepassword_secrets.data.onepassword_item.splunk",
            "module.onepassword_secrets.data.onepassword_item.supabase",
            "module.onepassword_secrets.data.onepassword_vault.this"
          ]
        },
        {
          "index_key": "supabase-supabase.env",
          "schema_version": 0,
          "attributes": {
            "content": "POSTGRES_PASSWORD=xaBI7AtdjCSRXO/B4JzKRzTw\nJWT_SECRET=cwCVl7uY4WJUyZo/IpYauD9G8kqvbfhbolfNZVQNeME=\nANON_KEY=eyJhbGciOiAiSFMyNTYiLCAidHlwIjogIkpXVCJ9.eyJyb2xlIjogImFub24iLCAiaXNzIjogInN1cGFiYXNlIiwgImlhdCI6IDE3NzE2MDA4MDAsICJleHAiOiAyMDg2OTYwODAwfQ.TiwflrKfacFVLlR2k7owaIPfJ8C75bwqRXqP0pzJY3o\nSERVICE_ROLE_KEY=eyJhbGciOiAiSFMyNTYiLCAidHlwIjogIkpXVCJ9.eyJyb2xlIjogInNlcnZpY2Vfcm9sZSIsICJpc3MiOiAic3VwYWJhc2UiLCAiaWF0IjogMTc3MTYwMDgwMCwgImV4cCI6IDIwODY5NjA4MDB9.vLTEQu-8UATji7axVljZzlmPUrbqbFmx7fjXaQc580Y\n\nSITE_URL=http://supabase.jclee.me\nAPI_EXTERNAL_URL=http://supabase.jclee.me\n\nSTUDIO_DEFAULT_ORGANIZATION=jclee-homelab\nSTUDIO_DEFAULT_PROJECT=homelab\nDASHBOARD_USERNAME=placeholder\nDASHBOARD_PASSWORD=NUIU83I8A28gPocspX3F0C2Y\n\nPOSTGRES_HOST=db\nPOSTGRES_DB=postgres\nPOSTGRES_PORT=5432\nPOSTGRES_USER=supabase_admin\n\nPGRST_DB_URI=postgres://authenticator:xaBI7AtdjCSRXO/B4JzKRzTw@db:5432/postgres\nPGRST_DB_SCHEMAS=public,storage,graphql_public\nPGRST_DB_ANON_ROLE=anon\nPGRST_JWT_SECRET=cwCVl7uY4WJUyZo/IpYauD9G8kqvbfhbolfNZVQNeME=\n",
            "content_base64": null,
            "content_base64sha256": "ElWx0PZRzEDQ2m8wcPw63EiL9Ko95tnV4JyFVac2LmU=",
            "content_base64sha512": "Uwj7+qxBazqLA6qiyKHSd+k2hdwkxrRwsGpvzDXCq9vdmN8hrqZ8eWaXMF90TKHM+xpGTzumMI9mR9p2Fz3WEQ==",
            "content_md5": "24fe2db78eab3f1b5b1a09d2ab5db727",
            "content_sha1": "c495eaf993eaf2e49eb33fa35f54c0ab8d577633",
            "content_sha256": "1255b1d0f651cc40d0da6f3070fc3adc488bf4aa3de6d9d5e09c8555a7362e65",
            "content_sha512": "5308fbfaac416b3a8b03aaa2c8a1d277e93685dc24c6b470b06a6fcc35c2abdbdd98df21aea67c796697305f744ca1ccfb1a464f3ba6308f6647da76173dd611",
            "directory_permission": "0700",
            "file_permission": "0644",
            "filename": "./configs/lxc-107-supabase/supabase.env",
            "id": "c495eaf993eaf2e49eb33fa35f54c0ab8d577633",
            "source": null
          },
          "sensitive_attributes": [
            [
              {
                "type": "get_attr",
                "value": "content"
              }
            ],
            [
              {
                "type": "get_attr",
                "value": "content_base64"
              }
            ]
          ],
          "identity_schema_version": 0,
          "dependencies": [
            "module.onepassword_secrets.data.onepassword_item.archon",
            "module.onepassword_secrets.data.onepassword_item.cloudflare",
            "module.onepassword_secrets.data.onepassword_item.elk",
            "module.onepassword_secrets.data.onepassword_item.exa",
            "module.onepassword_secrets.data.onepassword_item.github",
            "module.onepassword_secrets.data.onepassword_item.glitchtip",
            "module.onepassword_secrets.data.onepassword_item.grafana",
            "module.onepassword_secrets.data.onepassword_item.mcphub",
            "module.onepassword_secrets.data.onepassword_item.n8n",
            "module.onepassword_secrets.data.onepassword_item.proxmox",
            "module.onepassword_secrets.data.onepassword_item.splunk",
            "module.onepassword_secrets.data.onepassword_item.supabase",
            "module.onepassword_secrets.data.onepassword_vault.this"
          ]
        },
        {
          "index_key": "traefik-cloudflared-docker-compose.yml",
          "schema_version": 0,
          "attributes": {
            "content": "# ============================================\n# Cloudflare Tunnel - Homelab Connector\n# ============================================\n# Managed by Terraform (100-pve workspace).\n# Do NOT edit manually.\n#\n# Token source: 300-cloudflare workspace\n#   terraform output -raw homelab_tunnel_token\n# ============================================\n\nservices:\n  cloudflared:\n    image: cloudflare/cloudflared:latest\n    container_name: cloudflared-homelab\n    restart: unless-stopped\n    command: tunnel --no-autoupdate run --token \n    network_mode: host\n    healthcheck:\n      test: [\"CMD\", \"cloudflared\", \"tunnel\", \"info\"]\n      interval: 30s\n      timeout: 10s\n      retries: 3\n      start_period: 10s\n    logging:\n      driver: json-file\n      options:\n        max-size: \"10m\"\n        max-file: \"3\"\n",
            "content_base64": null,
            "content_base64sha256": "5hufspxe/S0zkJARI1hqXX60L+Pa027bCxCmAgChk3Q=",
            "content_base64sha512": "fPrew3ei+n1OViOJIVgpL331Ep4zzHfoayQxBRonoB4zNVy5eO6YPDSYBNSnoWqsaxm6fggU3XevpLxr+vSYjQ==",
            "content_md5": "af95f95f29163c0e359db4fc15f6d145",
            "content_sha1": "6bec626b62957982176f33debdb4cf6cefd04488",
            "content_sha256": "e61b9fb29c5efd2d3390901123586a5d7eb42fe3dad36edb0b10a60200a19374",
            "content_sha512": "7cfadec377a2fa7d4e5623892158292f7df5129e33cc77e86b2431051a27a01e33355cb978ee983c349804d4a7a16aac6b19ba7e0814dd77afa4bc6bfaf4988d",
            "directory_permission": "0700",
            "file_permission": "0644",
            "filename": "./configs/lxc-102-traefik/cloudflared-docker-compose.yml",
            "id": "6bec626b62957982176f33debdb4cf6cefd04488",
            "source": null
          },
          "sensitive_attributes": [
            [
              {
                "type": "get_attr",
                "value": "content"
              }
            ],
            [
              {
                "type": "get_attr",
                "value": "content_base64"
              }
            ]
          ],
          "identity_schema_version": 0,
          "dependencies": [
            "module.onepassword_secrets.data.onepassword_item.archon",
            "module.onepassword_secrets.data.onepassword_item.cloudflare",
            "module.onepassword_secrets.data.onepassword_item.elk",
            "module.onepassword_secrets.data.onepassword_item.exa",
            "module.onepassword_secrets.data.onepassword_item.github",
            "module.onepassword_secrets.data.onepassword_item.glitchtip",
            "module.onepassword_secrets.data.onepassword_item.grafana",
            "module.onepassword_secrets.data.onepassword_item.mcphub",
            "module.onepassword_secrets.data.onepassword_item.n8n",
            "module.onepassword_secrets.data.onepassword_item.proxmox",
            "module.onepassword_secrets.data.onepassword_item.splunk",
            "module.onepassword_secrets.data.onepassword_item.supabase",
            "module.onepassword_secrets.data.onepassword_vault.this"
          ]
        },
        {
          "index_key": "traefik-filebeat.yml",
          "schema_version": 0,
          "attributes": {
            "content": "# Filebeat configuration for 102-traefik (Reverse Proxy)\n# Rendered by Terraform - DO NOT EDIT MANUALLY\n\nfilebeat.autodiscover:\n  providers:\n    - type: docker\n      hints.enabled: true\n\nfilebeat.inputs:\n  # Docker container logs\n  - type: filestream\n    id: docker-containers\n    paths:\n      - /var/lib/docker/containers/*/*.log\n    parsers:\n      - container: {}\n    prospector.scanner.symlinks: true\n    fields:\n      service: traefik\n      host_role: traefik\n    fields_under_root: false\n\n  # System logs\n  - type: filestream\n    id: system-logs\n    paths:\n      - /var/log/*.log\n      - /var/log/syslog\n    exclude_files:\n      - 'traefik.*\\.log'\n    fields:\n      service: system\n      host_role: traefik\n    fields_under_root: false\n\n  # Traefik access logs\n  - type: filestream\n    id: traefik-access-logs\n    paths:\n      - /var/log/traefik-access.log\n    fields:\n      service: traefik-access\n      host_role: traefik\n    fields_under_root: false\n\nprocessors:\n  - add_host_metadata: ~\n  - add_docker_metadata:\n      host: \"unix:///var/run/docker.sock\"\n\noutput.logstash:\n  hosts: [\"192.168.50.105:5044\"]\n\nfilebeat.registry.path: /var/lib/filebeat/registry\nlogging.level: info\nlogging.to_files: true\nlogging.files:\n  path: /var/log/filebeat\n  name: filebeat\n  keepfiles: 7\n\nmax_message_bytes: 999999\n",
            "content_base64": null,
            "content_base64sha256": "CM0Fll6O6cQz110rMNy+bgNUNwpbe6QMI0cF05e7fFE=",
            "content_base64sha512": "iUHIUbGd8U+XgKkpStaLYOBlmLOO3MBbAdtaRKI41gJYnJZWKf6+sNG5CkXeVyD32n1ylJvznZV4k+dAFO0N5A==",
            "content_md5": "d44edeb7f8ebb89ae3b7ae6ac01019c3",
            "content_sha1": "b92ccf1e5952cea39a542cb8d565db4f20b675bb",
            "content_sha256": "08cd05965e8ee9c433d75d2b30dcbe6e0354370a5b7ba40c234705d397bb7c51",
            "content_sha512": "8941c851b19df14f9780a9294ad68b60e06598b38edcc05b01db5a44a238d602589c965629febeb0d1b90a45de5720f7da7d72949bf39d957893e74014ed0de4",
            "directory_permission": "0700",
            "file_permission": "0644",
            "filename": "./configs/lxc-102-traefik/filebeat.yml",
            "id": "b92ccf1e5952cea39a542cb8d565db4f20b675bb",
            "source": null
          },
          "sensitive_attributes": [
            [
              {
                "type": "get_attr",
                "value": "content"
              }
            ],
            [
              {
                "type": "get_attr",
                "value": "content_base64"
              }
            ]
          ],
          "identity_schema_version": 0,
          "dependencies": [
            "module.onepassword_secrets.data.onepassword_item.archon",
            "module.onepassword_secrets.data.onepassword_item.cloudflare",
            "module.onepassword_secrets.data.onepassword_item.elk",
            "module.onepassword_secrets.data.onepassword_item.exa",
            "module.onepassword_secrets.data.onepassword_item.github",
            "module.onepassword_secrets.data.onepassword_item.glitchtip",
            "module.onepassword_secrets.data.onepassword_item.grafana",
            "module.onepassword_secrets.data.onepassword_item.mcphub",
            "module.onepassword_secrets.data.onepassword_item.n8n",
            "module.onepassword_secrets.data.onepassword_item.proxmox",
            "module.onepassword_secrets.data.onepassword_item.splunk",
            "module.onepassword_secrets.data.onepassword_item.supabase",
            "module.onepassword_secrets.data.onepassword_vault.this"
          ]
        },
        {
          "index_key": "traefik-traefik-archon.yml",
          "schema_version": 0,
          "attributes": {
            "content": "http:\n  routers:\n    archon:\n      rule: Host(`archon.jclee.me`)\n      entryPoints:\n        - websecure\n      service: archon\n      tls:\n        certResolver: cf\n      priority: 10\n\n  services:\n    archon:\n      loadBalancer:\n        servers:\n          - url: http://192.168.50.108:3737\n",
            "content_base64": null,
            "content_base64sha256": "R1oaY29931/HWMkKuMtri/oqMJ6YQs4NFyIdqvBLm2s=",
            "content_base64sha512": "g+l58mX+Tx7auRGEPIQar5mcRAE8c5QS7pTKDKvCDMsn7c4LHZ2Pq54I9j94achJ2eMck6VzqLnAoRXm9uZyBg==",
            "content_md5": "af74b8db0e0941e7179e5ac05532d6c0",
            "content_sha1": "1cd3e22ecb84fb567745b2351f85ec730e120b49",
            "content_sha256": "475a1a636f7ddf5fc758c90ab8cb6b8bfa2a309e9842ce0d17221daaf04b9b6b",
            "content_sha512": "83e979f265fe4f1edab911843c841aaf999c44013c739412ee94ca0cabc20ccb27edce0b1d9d8fab9e08f63f7869c849d9e31c93a573a8b9c0a115e6f6e67206",
            "directory_permission": "0700",
            "file_permission": "0644",
            "filename": "./configs/lxc-102-traefik/traefik-archon.yml",
            "id": "1cd3e22ecb84fb567745b2351f85ec730e120b49",
            "source": null
          },
          "sensitive_attributes": [
            [
              {
                "type": "get_attr",
                "value": "content"
              }
            ],
            [
              {
                "type": "get_attr",
                "value": "content_base64"
              }
            ]
          ],
          "identity_schema_version": 0,
          "dependencies": [
            "module.onepassword_secrets.data.onepassword_item.archon",
            "module.onepassword_secrets.data.onepassword_item.cloudflare",
            "module.onepassword_secrets.data.onepassword_item.elk",
            "module.onepassword_secrets.data.onepassword_item.exa",
            "module.onepassword_secrets.data.onepassword_item.github",
            "module.onepassword_secrets.data.onepassword_item.glitchtip",
            "module.onepassword_secrets.data.onepassword_item.grafana",
            "module.onepassword_secrets.data.onepassword_item.mcphub",
            "module.onepassword_secrets.data.onepassword_item.n8n",
            "module.onepassword_secrets.data.onepassword_item.proxmox",
            "module.onepassword_secrets.data.onepassword_item.splunk",
            "module.onepassword_secrets.data.onepassword_item.supabase",
            "module.onepassword_secrets.data.onepassword_vault.this"
          ]
        },
        {
          "index_key": "traefik-traefik-elk.yml",
          "schema_version": 0,
          "attributes": {
            "content": "http:\n  routers:\n    kibana:\n      rule: Host(`elk.jclee.me`) || Host(`kibana.jclee.me`)\n      entryPoints:\n        - websecure\n      service: kibana\n      tls:\n        certResolver: cf\n      priority: 10\n\n    elasticsearch:\n      rule: Host(`es.jclee.me`)\n      entryPoints:\n        - websecure\n      service: elasticsearch\n      middlewares:\n        - elk-ipallowlist\n      tls:\n        certResolver: cf\n      priority: 10\n\n  middlewares:\n    elk-ipallowlist:\n      ipAllowList:\n        sourceRange:\n          - \"192.168.50.0/24\"\n          - \"127.0.0.1/32\"\n\n  services:\n    kibana:\n      loadBalancer:\n        servers:\n          - url: http://192.168.50.105:5601\n\n    elasticsearch:\n      loadBalancer:\n        servers:\n          - url: http://192.168.50.105:9200\n",
            "content_base64": null,
            "content_base64sha256": "GBDei7RjOsye0JwHPrRocmwN2XkTZY++X+BOtoUOlNE=",
            "content_base64sha512": "uvGAOJ359xicOe4MDpJNezVl7CUdXrnZ+FLth2A99IHQWFECZ39s52ZTpNX/QikIgMQxHQX6BIZSOjIJ6LduQw==",
            "content_md5": "4399cfd52450e5ab850cb1f9529076c4",
            "content_sha1": "885235180d9b69f445916f001ee5a8b5b5dfe431",
            "content_sha256": "1810de8bb4633acc9ed09c073eb468726c0dd97913658fbe5fe04eb6850e94d1",
            "content_sha512": "baf180389df9f7189c39ee0c0e924d7b3565ec251d5eb9d9f852ed87603df481d0585102677f6ce76653a4d5ff42290880c4311d05fa0486523a3209e8b76e43",
            "directory_permission": "0700",
            "file_permission": "0644",
            "filename": "./configs/lxc-102-traefik/traefik-elk.yml",
            "id": "885235180d9b69f445916f001ee5a8b5b5dfe431",
            "source": null
          },
          "sensitive_attributes": [
            [
              {
                "type": "get_attr",
                "value": "content"
              }
            ],
            [
              {
                "type": "get_attr",
                "value": "content_base64"
              }
            ]
          ],
          "identity_schema_version": 0,
          "dependencies": [
            "module.onepassword_secrets.data.onepassword_item.archon",
            "module.onepassword_secrets.data.onepassword_item.cloudflare",
            "module.onepassword_secrets.data.onepassword_item.elk",
            "module.onepassword_secrets.data.onepassword_item.exa",
            "module.onepassword_secrets.data.onepassword_item.github",
            "module.onepassword_secrets.data.onepassword_item.glitchtip",
            "module.onepassword_secrets.data.onepassword_item.grafana",
            "module.onepassword_secrets.data.onepassword_item.mcphub",
            "module.onepassword_secrets.data.onepassword_item.n8n",
            "module.onepassword_secrets.data.onepassword_item.proxmox",
            "module.onepassword_secrets.data.onepassword_item.splunk",
            "module.onepassword_secrets.data.onepassword_item.supabase",
            "module.onepassword_secrets.data.onepassword_vault.this"
          ]
        },
        {
          "index_key": "traefik-traefik-glitchtip.yml",
          "schema_version": 0,
          "attributes": {
            "content": "http:\n  routers:\n    glitchtip:\n      rule: Host(`glitchtip.jclee.me`)\n      entryPoints:\n        - websecure\n      service: glitchtip\n      tls:\n        certResolver: cf\n      priority: 10\n\n  services:\n    glitchtip:\n      loadBalancer:\n        servers:\n          - url: http://192.168.50.106:8000\n",
            "content_base64": null,
            "content_base64sha256": "Pka5rtHpXogry2M0W9aHmGulTeK3O/VuBlrfHiLVF54=",
            "content_base64sha512": "7L8PXdks1GdsJKg60m0Pa8tQ2JJxKJobl4qDwaKaPw0Zr1+lvvXKy4s2uwUoqq+vceguAkvR+GFtBNlB+F4tbg==",
            "content_md5": "8c106cf036d393ba545c80411c9fcfe3",
            "content_sha1": "c421e4503695ee4d7d0d8fdad827af8edd3bdf4f",
            "content_sha256": "3e46b9aed1e95e882bcb63345bd687986ba54de2b73bf56e065adf1e22d5179e",
            "content_sha512": "ecbf0f5dd92cd4676c24a83ad26d0f6bcb50d89271289a1b978a83c1a29a3f0d19af5fa5bef5cacb8b36bb0528aaafaf71e82e024bd1f8616d04d941f85e2d6e",
            "directory_permission": "0700",
            "file_permission": "0644",
            "filename": "./configs/lxc-102-traefik/traefik-glitchtip.yml",
            "id": "c421e4503695ee4d7d0d8fdad827af8edd3bdf4f",
            "source": null
          },
          "sensitive_attributes": [
            [
              {
                "type": "get_attr",
                "value": "content"
              }
            ],
            [
              {
                "type": "get_attr",
                "value": "content_base64"
              }
            ]
          ],
          "identity_schema_version": 0,
          "dependencies": [
            "module.onepassword_secrets.data.onepassword_item.archon",
            "module.onepassword_secrets.data.onepassword_item.cloudflare",
            "module.onepassword_secrets.data.onepassword_item.elk",
            "module.onepassword_secrets.data.onepassword_item.exa",
            "module.onepassword_secrets.data.onepassword_item.github",
            "module.onepassword_secrets.data.onepassword_item.glitchtip",
            "module.onepassword_secrets.data.onepassword_item.grafana",
            "module.onepassword_secrets.data.onepassword_item.mcphub",
            "module.onepassword_secrets.data.onepassword_item.n8n",
            "module.onepassword_secrets.data.onepassword_item.proxmox",
            "module.onepassword_secrets.data.onepassword_item.splunk",
            "module.onepassword_secrets.data.onepassword_item.supabase",
            "module.onepassword_secrets.data.onepassword_vault.this"
          ]
        },
        {
          "index_key": "traefik-traefik-grafana.yml",
          "schema_version": 0,
          "attributes": {
            "content": "http:\n  routers:\n    grafana:\n      rule: Host(`grafana.jclee.me`)\n      entryPoints:\n        - websecure\n      service: grafana\n      tls:\n        certResolver: cf\n      priority: 10\n\n  services:\n    grafana:\n      loadBalancer:\n        servers:\n          - url: http://192.168.50.104:3000\n",
            "content_base64": null,
            "content_base64sha256": "3EojgeUns86UETQ2uo4BPGducgrvFDBxQpTSTeCctYA=",
            "content_base64sha512": "Oun4VKlIuS104P11lBQD3shXwzZ+DTBMkPYGLPrNwEPCQjkUq2XfCEdkJ7wZeSprLhaqYgVLmU3O4AIEF45xww==",
            "content_md5": "2ce0b46da8d28389994cc06e4d546094",
            "content_sha1": "a4c746deace4c03bbb1e749331f95d8e2c0fbb1b",
            "content_sha256": "dc4a2381e527b3ce94113436ba8e013c676e720aef1430714294d24de09cb580",
            "content_sha512": "3ae9f854a948b92d74e0fd75941403dec857c3367e0d304c90f6062cfacdc043c2423914ab65df08476427bc19792a6b2e16aa62054b994dcee00204178e71c3",
            "directory_permission": "0700",
            "file_permission": "0644",
            "filename": "./configs/lxc-102-traefik/traefik-grafana.yml",
            "id": "a4c746deace4c03bbb1e749331f95d8e2c0fbb1b",
            "source": null
          },
          "sensitive_attributes": [
            [
              {
                "type": "get_attr",
                "value": "content"
              }
            ],
            [
              {
                "type": "get_attr",
                "value": "content_base64"
              }
            ]
          ],
          "identity_schema_version": 0,
          "dependencies": [
            "module.onepassword_secrets.data.onepassword_item.archon",
            "module.onepassword_secrets.data.onepassword_item.cloudflare",
            "module.onepassword_secrets.data.onepassword_item.elk",
            "module.onepassword_secrets.data.onepassword_item.exa",
            "module.onepassword_secrets.data.onepassword_item.github",
            "module.onepassword_secrets.data.onepassword_item.glitchtip",
            "module.onepassword_secrets.data.onepassword_item.grafana",
            "module.onepassword_secrets.data.onepassword_item.mcphub",
            "module.onepassword_secrets.data.onepassword_item.n8n",
            "module.onepassword_secrets.data.onepassword_item.proxmox",
            "module.onepassword_secrets.data.onepassword_item.splunk",
            "module.onepassword_secrets.data.onepassword_item.supabase",
            "module.onepassword_secrets.data.onepassword_vault.this"
          ]
        },
        {
          "index_key": "traefik-traefik-mcphub.yml",
          "schema_version": 0,
          "attributes": {
            "content": "http:\n  routers:\n    mcphub:\n      rule: \"Host(`mcphub.jclee.me`)\"\n      entryPoints:\n        - websecure\n      service: mcphub\n      tls:\n        certResolver: cf\n      priority: 10\n  services:\n    mcphub:\n      loadBalancer:\n        servers:\n          - url: \"http://192.168.50.112:3000\"\n",
            "content_base64": null,
            "content_base64sha256": "HG135Ahxj2FmGJLjyNvk1GOhQFgMtz2ADLGik/KznFg=",
            "content_base64sha512": "Yd6WGgjatrBWOun1jr2eGUG6FgCPzqTu9T9EI0RTOGZDnOkk3kxacd4tRosx4e51cviSR+cEG3nyXoxUbm5gAQ==",
            "content_md5": "c34e1a79d3ab9eb6b48e7ee8d3b0bd9c",
            "content_sha1": "d2ad6ff176bc89c09f1734b3d0d69295a363a0a8",
            "content_sha256": "1c6d77e408718f61661892e3c8dbe4d463a140580cb73d800cb1a293f2b39c58",
            "content_sha512": "61de961a08dab6b0563ae9f58ebd9e1941ba16008fcea4eef53f442344533866439ce924de4c5a71de2d468b31e1ee7572f89247e7041b79f25e8c546e6e6001",
            "directory_permission": "0700",
            "file_permission": "0644",
            "filename": "./configs/lxc-102-traefik/traefik-mcphub.yml",
            "id": "d2ad6ff176bc89c09f1734b3d0d69295a363a0a8",
            "source": null
          },
          "sensitive_attributes": [
            [
              {
                "type": "get_attr",
                "value": "content"
              }
            ],
            [
              {
                "type": "get_attr",
                "value": "content_base64"
              }
            ]
          ],
          "identity_schema_version": 0,
          "dependencies": [
            "module.onepassword_secrets.data.onepassword_item.archon",
            "module.onepassword_secrets.data.onepassword_item.cloudflare",
            "module.onepassword_secrets.data.onepassword_item.elk",
            "module.onepassword_secrets.data.onepassword_item.exa",
            "module.onepassword_secrets.data.onepassword_item.github",
            "module.onepassword_secrets.data.onepassword_item.glitchtip",
            "module.onepassword_secrets.data.onepassword_item.grafana",
            "module.onepassword_secrets.data.onepassword_item.mcphub",
            "module.onepassword_secrets.data.onepassword_item.n8n",
            "module.onepassword_secrets.data.onepassword_item.proxmox",
            "module.onepassword_secrets.data.onepassword_item.splunk",
            "module.onepassword_secrets.data.onepassword_item.supabase",
            "module.onepassword_secrets.data.onepassword_vault.this"
          ]
        },
        {
          "index_key": "traefik-traefik-n8n.yml",
          "schema_version": 0,
          "attributes": {
            "content": "http:\n  routers:\n    n8n:\n      rule: Host(`n8n.jclee.me`)\n      entryPoints:\n        - websecure\n      service: n8n\n      tls:\n        certResolver: cf\n      priority: 10\n\n  services:\n    n8n:\n      loadBalancer:\n        servers:\n          - url: http://192.168.50.112:5678\n",
            "content_base64": null,
            "content_base64sha256": "1u2LJQopyZZucJnTqwZ26JmzltNAYEGa3KkKK8/+d/o=",
            "content_base64sha512": "Mhd53iXWTFw7lVZYvrMkiHJfH04MY2xEV3r5WpuXUbr17Bm0b0dxJDmhREPwU+Wg5/rfJHxD5zPlsamO158x5Q==",
            "content_md5": "f3c85fb6ae05daa999b7689f439ca1f4",
            "content_sha1": "8c361eeb3b74b9dc6e15c189077b5b012f6fd1c2",
            "content_sha256": "d6ed8b250a29c9966e7099d3ab0676e899b396d34060419adca90a2bcffe77fa",
            "content_sha512": "321779de25d64c5c3b955658beb32488725f1f4e0c636c44577af95a9b9751baf5ec19b46f47712439a14443f053e5a0e7fadf247c43e733e5b1a98ed79f31e5",
            "directory_permission": "0700",
            "file_permission": "0644",
            "filename": "./configs/lxc-102-traefik/traefik-n8n.yml",
            "id": "8c361eeb3b74b9dc6e15c189077b5b012f6fd1c2",
            "source": null
          },
          "sensitive_attributes": [
            [
              {
                "type": "get_attr",
                "value": "content"
              }
            ],
            [
              {
                "type": "get_attr",
                "value": "content_base64"
              }
            ]
          ],
          "identity_schema_version": 0,
          "dependencies": [
            "module.onepassword_secrets.data.onepassword_item.archon",
            "module.onepassword_secrets.data.onepassword_item.cloudflare",
            "module.onepassword_secrets.data.onepassword_item.elk",
            "module.onepassword_secrets.data.onepassword_item.exa",
            "module.onepassword_secrets.data.onepassword_item.github",
            "module.onepassword_secrets.data.onepassword_item.glitchtip",
            "module.onepassword_secrets.data.onepassword_item.grafana",
            "module.onepassword_secrets.data.onepassword_item.mcphub",
            "module.onepassword_secrets.data.onepassword_item.n8n",
            "module.onepassword_secrets.data.onepassword_item.proxmox",
            "module.onepassword_secrets.data.onepassword_item.splunk",
            "module.onepassword_secrets.data.onepassword_item.supabase",
            "module.onepassword_secrets.data.onepassword_vault.this"
          ]
        },
        {
          "index_key": "traefik-traefik-nas.yml",
          "schema_version": 0,
          "attributes": {
            "content": "http:\n  routers:\n    nas:\n      rule: Host(`nas.jclee.me`)\n      entryPoints:\n        - websecure\n      service: nas\n      tls:\n        certResolver: cf\n      priority: 10\n\n  services:\n    nas:\n      loadBalancer:\n        serversTransport: nas-transport\n        servers:\n          - url: https://192.168.50.215:5001\n\n  serversTransports:\n    nas-transport:\n      insecureSkipVerify: true\n",
            "content_base64": null,
            "content_base64sha256": "smrtvlRQ1A67IN2XUJHMuhgolWh8tFssbQ28Pp8Xdsw=",
            "content_base64sha512": "5rULu0WEVADJ6/DyKmNI9QmEAKtKynnDu1RWRf8JKYrwhbqNxVZyIo5wxLvOEs8lqXFu6eqOBqVu835Rg8/+3g==",
            "content_md5": "a6461f74bb0f3926155730448f182c1c",
            "content_sha1": "a9c094fc03ffd982756cf800e707f9937a8ed8b4",
            "content_sha256": "b26aedbe5450d40ebb20dd975091ccba182895687cb45b2c6d0dbc3e9f1776cc",
            "content_sha512": "e6b50bbb45845400c9ebf0f22a6348f5098400ab4aca79c3bb545645ff09298af085ba8dc55672228e70c4bbce12cf25a9716ee9ea8e06a56ef37e5183cffede",
            "directory_permission": "0700",
            "file_permission": "0644",
            "filename": "./configs/lxc-102-traefik/traefik-nas.yml",
            "id": "a9c094fc03ffd982756cf800e707f9937a8ed8b4",
            "source": null
          },
          "sensitive_attributes": [
            [
              {
                "type": "get_attr",
                "value": "content"
              }
            ],
            [
              {
                "type": "get_attr",
                "value": "content_base64"
              }
            ]
          ],
          "identity_schema_version": 0,
          "dependencies": [
            "module.onepassword_secrets.data.onepassword_item.archon",
            "module.onepassword_secrets.data.onepassword_item.cloudflare",
            "module.onepassword_secrets.data.onepassword_item.elk",
            "module.onepassword_secrets.data.onepassword_item.exa",
            "module.onepassword_secrets.data.onepassword_item.github",
            "module.onepassword_secrets.data.onepassword_item.glitchtip",
            "module.onepassword_secrets.data.onepassword_item.grafana",
            "module.onepassword_secrets.data.onepassword_item.mcphub",
            "module.onepassword_secrets.data.onepassword_item.n8n",
            "module.onepassword_secrets.data.onepassword_item.proxmox",
            "module.onepassword_secrets.data.onepassword_item.splunk",
            "module.onepassword_secrets.data.onepassword_item.supabase",
            "module.onepassword_secrets.data.onepassword_vault.this"
          ]
        },
        {
          "index_key": "traefik-traefik-opencode.yml",
          "schema_version": 0,
          "attributes": {
            "content": "http:\n  routers:\n    opencode:\n      rule: Host(`opencode.jclee.me`)\n      entryPoints:\n        - websecure\n      service: opencode\n      tls:\n        certResolver: cf\n      priority: 10\n\n  services:\n    opencode:\n      loadBalancer:\n        servers:\n          - url: http://192.168.50.200:8090\n",
            "content_base64": null,
            "content_base64sha256": "Y9sbqDyCFlERPGPFYIZeVZpynKJUKqC9R58rD4w633A=",
            "content_base64sha512": "BNaxa1sGOZ1Qulm11l96lXUHtFAO+SBGrsh1wDepNyQo3uja1S0UKtxQ+Se2HtCWN2wYRXsiizG6Aqkbb8vuLw==",
            "content_md5": "79365612610e3d113e71f8befefdaae9",
            "content_sha1": "2817e1a258b34c25fa07bcdedae7bc7631c8c1a8",
            "content_sha256": "63db1ba83c821651113c63c560865e559a729ca2542aa0bd479f2b0f8c3adf70",
            "content_sha512": "04d6b16b5b06399d50ba59b5d65f7a957507b4500ef92046aec875c037a9372428dee8dad52d142adc50f927b61ed096376c18457b228b31ba02a91b6fcbee2f",
            "directory_permission": "0700",
            "file_permission": "0644",
            "filename": "./configs/lxc-102-traefik/traefik-opencode.yml",
            "id": "2817e1a258b34c25fa07bcdedae7bc7631c8c1a8",
            "source": null
          },
          "sensitive_attributes": [
            [
              {
                "type": "get_attr",
                "value": "content"
              }
            ],
            [
              {
                "type": "get_attr",
                "value": "content_base64"
              }
            ]
          ],
          "identity_schema_version": 0,
          "dependencies": [
            "module.onepassword_secrets.data.onepassword_item.archon",
            "module.onepassword_secrets.data.onepassword_item.cloudflare",
            "module.onepassword_secrets.data.onepassword_item.elk",
            "module.onepassword_secrets.data.onepassword_item.exa",
            "module.onepassword_secrets.data.onepassword_item.github",
            "module.onepassword_secrets.data.onepassword_item.glitchtip",
            "module.onepassword_secrets.data.onepassword_item.grafana",
            "module.onepassword_secrets.data.onepassword_item.mcphub",
            "module.onepassword_secrets.data.onepassword_item.n8n",
            "module.onepassword_secrets.data.onepassword_item.proxmox",
            "module.onepassword_secrets.data.onepassword_item.splunk",
            "module.onepassword_secrets.data.onepassword_item.supabase",
            "module.onepassword_secrets.data.onepassword_vault.this"
          ]
        },
        {
          "index_key": "traefik-traefik-supabase.yml",
          "schema_version": 0,
          "attributes": {
            "content": "http:\n  routers:\n    supabase:\n      rule: Host(`supabase.jclee.me`)\n      entryPoints:\n        - websecure\n      service: supabase\n      tls:\n        certResolver: cf\n      priority: 10\n\n  services:\n    supabase:\n      loadBalancer:\n        servers:\n          - url: http://192.168.50.107:8000\n",
            "content_base64": null,
            "content_base64sha256": "YicXfEtzh0f9PinkUUrdy09r5uK/XiocQmyAq0ndUuY=",
            "content_base64sha512": "ds1Ram3fL5zNhxOiylSxG1GIEsDevT6qLVAAqcsbivmzw1OnodzzTay5CCYgC/U0AEAiAgs30YNWOS9zDDl2hA==",
            "content_md5": "6a259bd4cb43ea9d43e31dd311ae9f45",
            "content_sha1": "9bef5190f6528607c121a3838d116f25a918c04f",
            "content_sha256": "6227177c4b738747fd3e29e4514addcb4f6be6e2bf5e2a1c426c80ab49dd52e6",
            "content_sha512": "76cd516a6ddf2f9ccd8713a2ca54b11b518812c0debd3eaa2d5000a9cb1b8af9b3c353a7a1dcf34dacb90826200bf534004022020b37d18356392f730c397684",
            "directory_permission": "0700",
            "file_permission": "0644",
            "filename": "./configs/lxc-102-traefik/traefik-supabase.yml",
            "id": "9bef5190f6528607c121a3838d116f25a918c04f",
            "source": null
          },
          "sensitive_attributes": [
            [
              {
                "type": "get_attr",
                "value": "content"
              }
            ],
            [
              {
                "type": "get_attr",
                "value": "content_base64"
              }
            ]
          ],
          "identity_schema_version": 0,
          "dependencies": [
            "module.onepassword_secrets.data.onepassword_item.archon",
            "module.onepassword_secrets.data.onepassword_item.cloudflare",
            "module.onepassword_secrets.data.onepassword_item.elk",
            "module.onepassword_secrets.data.onepassword_item.exa",
            "module.onepassword_secrets.data.onepassword_item.github",
            "module.onepassword_secrets.data.onepassword_item.glitchtip",
            "module.onepassword_secrets.data.onepassword_item.grafana",
            "module.onepassword_secrets.data.onepassword_item.mcphub",
            "module.onepassword_secrets.data.onepassword_item.n8n",
            "module.onepassword_secrets.data.onepassword_item.proxmox",
            "module.onepassword_secrets.data.onepassword_item.splunk",
            "module.onepassword_secrets.data.onepassword_item.supabase",
            "module.onepassword_secrets.data.onepassword_vault.this"
          ]
        },
        {
          "index_key": "traefik-traefik-synology.yml",
          "schema_version": 0,
          "attributes": {
            "content": "http:\n  routers:\n    nas:\n      rule: \"Host(`nas.jclee.me`)\"\n      entryPoints:\n        - websecure\n      service: nas\n      tls:\n        certResolver: cf\n      priority: 10\n  services:\n    nas:\n      loadBalancer:\n        servers:\n          - url: \"http://192.168.50.215:5000\"\n",
            "content_base64": null,
            "content_base64sha256": "/u+f04Xv+UlIWAOHLvKZ0LKWfXNIhXIiLAYaOJg6MDY=",
            "content_base64sha512": "eEPudKPR5pN8UOzgFAsaV2UiLOIWNGlzSbyA0mLqduNeDRzPCA+MdvkJEZ8XwRAKufdba3QARgJhhlaEevZznQ==",
            "content_md5": "8304d0a87addedcfb5d5ed8963d893fa",
            "content_sha1": "c3cc26bee2c3b2711d8a057ad25ee5de7cac33e2",
            "content_sha256": "feef9fd385eff949485803872ef299d0b2967d73488572222c061a38983a3036",
            "content_sha512": "7843ee74a3d1e6937c50ece0140b1a5765222ce21634697349bc80d262ea76e35e0d1ccf080f8c76f909119f17c1100ab9f75b6b74004602618656847af6739d",
            "directory_permission": "0700",
            "file_permission": "0644",
            "filename": "./configs/lxc-102-traefik/traefik-synology.yml",
            "id": "c3cc26bee2c3b2711d8a057ad25ee5de7cac33e2",
            "source": null
          },
          "sensitive_attributes": [
            [
              {
                "type": "get_attr",
                "value": "content"
              }
            ],
            [
              {
                "type": "get_attr",
                "value": "content_base64"
              }
            ]
          ],
          "identity_schema_version": 0,
          "dependencies": [
            "module.onepassword_secrets.data.onepassword_item.archon",
            "module.onepassword_secrets.data.onepassword_item.cloudflare",
            "module.onepassword_secrets.data.onepassword_item.elk",
            "module.onepassword_secrets.data.onepassword_item.exa",
            "module.onepassword_secrets.data.onepassword_item.github",
            "module.onepassword_secrets.data.onepassword_item.glitchtip",
            "module.onepassword_secrets.data.onepassword_item.grafana",
            "module.onepassword_secrets.data.onepassword_item.mcphub",
            "module.onepassword_secrets.data.onepassword_item.n8n",
            "module.onepassword_secrets.data.onepassword_item.proxmox",
            "module.onepassword_secrets.data.onepassword_item.splunk",
            "module.onepassword_secrets.data.onepassword_item.supabase",
            "module.onepassword_secrets.data.onepassword_vault.this"
          ]
        },
        {
          "index_key": "traefik-traefik.yml",
          "schema_version": 0,
          "attributes": {
            "content": "api:\n  dashboard: true\n  insecure: true\n\nmetrics:\n  prometheus:\n    addEntryPointsLabels: true\n    addRoutersLabels: true\n    addServicesLabels: true\n\nentryPoints:\n  web:\n    address: \":80\"\n  websecure:\n    address: \":443\"\n\nproviders:\n  docker:\n    endpoint: \"unix:///var/run/docker.sock\"\n    exposedByDefault: false\n  file:\n    directory: /etc/traefik/dynamic\n    watch: true\n\ncertificatesResolvers:\n  letsencrypt:\n    acme:\n      email: jclee@jclee.me\n      storage: /etc/traefik/acme.json\n      httpChallenge:\n        entryPoint: web\n  cf:\n    acme:\n      email: jclee@jclee.me\n      storage: /etc/traefik/acme-cf.json\n      dnsChallenge:\n        provider: cloudflare\n        resolvers:\n          - \"1.1.1.1:53\"\n          - \"8.8.8.8:53\"\n",
            "content_base64": null,
            "content_base64sha256": "HQUAnqRnPG6EuX/SnzXav+YujLSqsbd1fc+6FOmXTEI=",
            "content_base64sha512": "wslbovO45Gtj/BdR+dzLoj12Av7ehp8umkSbp0me5bAvHRFH8X5WHL8IWA8tRscmCOFjjlhs5g1OxsC75rF4GQ==",
            "content_md5": "e915184a564cd2375e9964da0e7fa303",
            "content_sha1": "f5980d02a0482a2aef06be9d154c115d50e19bcc",
            "content_sha256": "1d05009ea4673c6e84b97fd29f35dabfe62e8cb4aab1b7757dcfba14e9974c42",
            "content_sha512": "c2c95ba2f3b8e46b63fc1751f9dccba23d7602fede869f2e9a449ba7499ee5b02f1d1147f17e561cbf08580f2d46c72608e1638e586ce60d4ec6c0bbe6b17819",
            "directory_permission": "0700",
            "file_permission": "0644",
            "filename": "./configs/lxc-102-traefik/traefik.yml",
            "id": "f5980d02a0482a2aef06be9d154c115d50e19bcc",
            "source": null
          },
          "sensitive_attributes": [
            [
              {
                "type": "get_attr",
                "value": "content"
              }
            ],
            [
              {
                "type": "get_attr",
                "value": "content_base64"
              }
            ]
          ],
          "identity_schema_version": 0,
          "dependencies": [
            "module.onepassword_secrets.data.onepassword_item.archon",
            "module.onepassword_secrets.data.onepassword_item.cloudflare",
            "module.onepassword_secrets.data.onepassword_item.elk",
            "module.onepassword_secrets.data.onepassword_item.exa",
            "module.onepassword_secrets.data.onepassword_item.github",
            "module.onepassword_secrets.data.onepassword_item.glitchtip",
            "module.onepassword_secrets.data.onepassword_item.grafana",
            "module.onepassword_secrets.data.onepassword_item.mcphub",
            "module.onepassword_secrets.data.onepassword_item.n8n",
            "module.onepassword_secrets.data.onepassword_item.proxmox",
            "module.onepassword_secrets.data.onepassword_item.splunk",
            "module.onepassword_secrets.data.onepassword_item.supabase",
            "module.onepassword_secrets.data.onepassword_vault.this"
          ]
        }
      ]
    },
    {
      "module": "module.lxc_config",
      "mode": "managed",
      "type": "local_sensitive_file",
      "name": "docker_compose",
      "provider": "provider[\"registry.terraform.io/hashicorp/local\"]",
      "instances": [
        {
          "index_key": "archon",
          "schema_version": 0,
          "attributes": {
            "content": "services:\n  archon-server:\n    build:\n      context: ./python\n      dockerfile: Dockerfile.server\n    container_name: archon-server\n    ports:\n      - \"8181:8181\"\n    environment:\n      - SUPABASE_URL=https://placeholder.supabase.local\n      - SUPABASE_ANON_KEY=eyJhbGciOiAiSFMyNTYiLCAidHlwIjogIkpXVCJ9.eyJyb2xlIjogImFub24iLCAiaXNzIjogInN1cGFiYXNlIiwgImlhdCI6IDE3NzE2MDA4MDAsICJleHAiOiAyMDg2OTYwODAwfQ.TiwflrKfacFVLlR2k7owaIPfJ8C75bwqRXqP0pzJY3o\n      - OPENAI_API_KEY=placeholder\n      - SERVICE_DISCOVERY_MODE=docker_compose\n      - LOG_LEVEL=INFO\n      - ARCHON_SERVER_PORT=8181\n      - ARCHON_MCP_PORT=8051\n      - ARCHON_UI_PORT=3737\n      - ARCHON_HOST=0.0.0.0\n    networks:\n      - app-network\n    command:\n      [\n        \"python\",\n        \"-m\",\n        \"uvicorn\",\n        \"src.server.main:app\",\n        \"--host\",\n        \"0.0.0.0\",\n        \"--port\",\n        \"8181\"\n      ]\n    healthcheck:\n      test: [\"CMD\", \"curl\", \"-f\", \"http://localhost:8181/health\"]\n      interval: 30s\n      timeout: 10s\n      retries: 3\n      start_period: 40s\n    restart: unless-stopped\n\n  archon-mcp:\n    build:\n      context: ./python\n      dockerfile: Dockerfile.mcp\n    container_name: archon-mcp\n    ports:\n      - \"8051:8051\"\n    environment:\n      - SUPABASE_URL=https://placeholder.supabase.local\n      - SUPABASE_ANON_KEY=eyJhbGciOiAiSFMyNTYiLCAidHlwIjogIkpXVCJ9.eyJyb2xlIjogImFub24iLCAiaXNzIjogInN1cGFiYXNlIiwgImlhdCI6IDE3NzE2MDA4MDAsICJleHAiOiAyMDg2OTYwODAwfQ.TiwflrKfacFVLlR2k7owaIPfJ8C75bwqRXqP0pzJY3o\n      - OPENAI_API_KEY=placeholder\n      - TRANSPORT=sse\n      - ARCHON_MCP_PORT=8051\n      - ARCHON_SERVER_PORT=8181\n    networks:\n      - app-network\n    depends_on:\n      archon-server:\n        condition: service_healthy\n    restart: unless-stopped\n\n  archon-frontend:\n    build: ./archon-ui-main\n    container_name: archon-ui\n    ports:\n      - \"3737:3737\"\n    environment:\n      - VITE_ARCHON_SERVER_PORT=8181\n      - ARCHON_SERVER_PORT=8181\n      - HOST=0.0.0.0\n      - PROD=false\n      - DOCKER_ENV=true\n    networks:\n      - app-network\n    depends_on:\n      archon-server:\n        condition: service_healthy\n    restart: unless-stopped\n\nnetworks:\n  app-network:\n    driver: bridge\n",
            "content_base64": null,
            "content_base64sha256": "48vqgXOFlhsajNdX/BZ7yjvk+buvX1gCD1bxQdQgrCE=",
            "content_base64sha512": "L7VgmnwOiARBuxzuql4zovuUlZ60E/G+U+wmbyJwpgqEnNSpjyRuVWRIoAuhxm8oj1MLh7QT4E/lPIWnp1H6qQ==",
            "content_md5": "defc20469a50de06536a5112a70687e5",
            "content_sha1": "9ce2e3941754e201624f2c5d71bde158e51d4d1f",
            "content_sha256": "e3cbea817385961b1a8cd757fc167bca3be4f9bbaf5f58020f56f141d420ac21",
            "content_sha512": "2fb5609a7c0e880441bb1ceeaa5e33a2fb94959eb413f1be53ec266f2270a60a849cd4a98f246e556448a00ba1c66f288f530b87b413e04fe53c85a7a751faa9",
            "directory_permission": "0700",
            "file_permission": "0644",
            "filename": "./configs/lxc-108-archon/docker-compose.yml",
            "id": "9ce2e3941754e201624f2c5d71bde158e51d4d1f",
            "source": null
          },
          "sensitive_attributes": [
            [
              {
                "type": "get_attr",
                "value": "content"
              }
            ],
            [
              {
                "type": "get_attr",
                "value": "content_base64"
              }
            ]
          ],
          "identity_schema_version": 0,
          "dependencies": [
            "module.onepassword_secrets.data.onepassword_item.archon",
            "module.onepassword_secrets.data.onepassword_item.cloudflare",
            "module.onepassword_secrets.data.onepassword_item.elk",
            "module.onepassword_secrets.data.onepassword_item.exa",
            "module.onepassword_secrets.data.onepassword_item.github",
            "module.onepassword_secrets.data.onepassword_item.glitchtip",
            "module.onepassword_secrets.data.onepassword_item.grafana",
            "module.onepassword_secrets.data.onepassword_item.mcphub",
            "module.onepassword_secrets.data.onepassword_item.n8n",
            "module.onepassword_secrets.data.onepassword_item.proxmox",
            "module.onepassword_secrets.data.onepassword_item.splunk",
            "module.onepassword_secrets.data.onepassword_item.supabase",
            "module.onepassword_secrets.data.onepassword_vault.this"
          ]
        },
        {
          "index_key": "coredns",
          "schema_version": 0,
          "attributes": {
            "content": "# CoreDNS Docker Compose for 103-coredns (Split DNS Resolver)\n# Rendered by Terraform - DO NOT EDIT MANUALLY\n\nservices:\n  coredns:\n    image: coredns/coredns:latest\n    container_name: coredns\n    restart: unless-stopped\n    command: -conf /etc/coredns/Corefile\n    network_mode: host\n    volumes:\n      - /opt/coredns/Corefile:/etc/coredns/Corefile:ro\n    logging:\n      driver: json-file\n      options:\n        max-size: \"10m\"\n        max-file: \"3\"\n",
            "content_base64": null,
            "content_base64sha256": "zIwxOV+LweHNBINYNgi6UEAzoxDqqIFkTupZOMoT6Tw=",
            "content_base64sha512": "IDfnYXtljqqvjvPB5ftv8Kpnj3JkBcI0umHeQLO+ag/hmCO7UZk4vm2gRx80VYA/hcKogevzFHiLtg+a4LREvw==",
            "content_md5": "f0e185f9aeca9e515d6218cabd2e90eb",
            "content_sha1": "d7eab3ccae443d5dd8bc5b196940d2351a406316",
            "content_sha256": "cc8c31395f8bc1e1cd0483583608ba504033a310eaa881644eea5938ca13e93c",
            "content_sha512": "2037e7617b658eaaaf8ef3c1e5fb6ff0aa678f726405c234ba61de40b3be6a0fe19823bb519938be6da0471f3455803f85c2a881ebf314788bb60f9ae0b444bf",
            "directory_permission": "0700",
            "file_permission": "0644",
            "filename": "./configs/lxc-103-coredns/docker-compose.yml",
            "id": "d7eab3ccae443d5dd8bc5b196940d2351a406316",
            "source": null
          },
          "sensitive_attributes": [
            [
              {
                "type": "get_attr",
                "value": "content"
              }
            ],
            [
              {
                "type": "get_attr",
                "value": "content_base64"
              }
            ]
          ],
          "identity_schema_version": 0,
          "dependencies": [
            "module.onepassword_secrets.data.onepassword_item.archon",
            "module.onepassword_secrets.data.onepassword_item.cloudflare",
            "module.onepassword_secrets.data.onepassword_item.elk",
            "module.onepassword_secrets.data.onepassword_item.exa",
            "module.onepassword_secrets.data.onepassword_item.github",
            "module.onepassword_secrets.data.onepassword_item.glitchtip",
            "module.onepassword_secrets.data.onepassword_item.grafana",
            "module.onepassword_secrets.data.onepassword_item.mcphub",
            "module.onepassword_secrets.data.onepassword_item.n8n",
            "module.onepassword_secrets.data.onepassword_item.proxmox",
            "module.onepassword_secrets.data.onepassword_item.splunk",
            "module.onepassword_secrets.data.onepassword_item.supabase",
            "module.onepassword_secrets.data.onepassword_vault.this"
          ]
        },
        {
          "index_key": "elk",
          "schema_version": 0,
          "attributes": {
            "content": "services:\n  elasticsearch:\n    image: docker.elastic.co/elasticsearch/elasticsearch:8.17.0\n    container_name: elasticsearch\n    environment:\n      - node.name=elasticsearch\n      - cluster.name=homelab-elk\n      - discovery.type=single-node\n      - xpack.security.enabled=true\n      - xpack.security.http.ssl.enabled=false\n      - xpack.security.transport.ssl.enabled=false\n      - ELASTIC_PASSWORD=I93bmZ/uT3haNpdL9GJ+neTf\n      - \"ES_JAVA_OPTS=-Xms3g -Xmx3g\"\n      - path.repo=/usr/share/elasticsearch/data/backup\n    volumes:\n      - elasticsearch_data:/usr/share/elasticsearch/data\n    ports:\n      - \"9200:9200\"\n      - \"9300:9300\"\n    networks:\n      - elk\n    healthcheck:\n      test: [\"CMD-SHELL\", \"curl -s -u elastic:I93bmZ/uT3haNpdL9GJ+neTf http://localhost:9200/_cluster/health | grep -q 'green\\\\|yellow'\"]\n      interval: 30s\n      timeout: 10s\n      retries: 5\n    deploy:\n      resources:\n        limits:\n          memory: 4G\n          cpus: '2.00'\n    logging:\n      driver: json-file\n      options:\n        max-size: \"50m\"\n        max-file: \"5\"\n    restart: unless-stopped\n\n  setup:\n    image: docker.elastic.co/elasticsearch/elasticsearch:8.17.0\n    container_name: elk-setup\n    depends_on:\n      elasticsearch:\n        condition: service_healthy\n    environment:\n      - ELASTIC_PASSWORD=I93bmZ/uT3haNpdL9GJ+neTf\n      - KIBANA_PASSWORD=bp8xTk6gkq/bqQ6QqssXTJRa\n    networks:\n      - elk\n    command: \u003e\n      bash -c '\n        echo \"Setting kibana_system password...\";\n        until curl -s -u \"elastic:${ELASTIC_PASSWORD}\" http://elasticsearch:9200 | grep -q \"cluster_name\"; do sleep 5; done;\n        curl -s -X POST -u \"elastic:${ELASTIC_PASSWORD}\" \\\n          -H \"Content-Type: application/json\" \\\n          http://elasticsearch:9200/_security/user/kibana_system/_password \\\n          -d \"{\\\"password\\\":\\\"${KIBANA_PASSWORD}\\\"}\" | grep -q \"^{}\" \u0026\u0026 echo \"kibana_system password set\" || echo \"kibana_system password already configured\";\n        echo \"Setup complete!\";\n      '\n    deploy:\n      resources:\n        limits:\n          memory: 512M\n          cpus: '0.25'\n    restart: \"no\"\n\n  logstash:\n    build:\n      context: ./config\n      dockerfile: Dockerfile.logstash\n    image: homelab/logstash:8.17.0-prometheus\n    container_name: logstash\n    volumes:\n      - ./config/logstash.conf:/usr/share/logstash/pipeline/logstash.conf:ro\n      - ./config/logstash.yml:/usr/share/logstash/config/logstash.yml:ro\n      - logstash_dlq:/usr/share/logstash/dlq\n    ports:\n      - \"5044:5044\"\n      - \"5000:5000\"\n      - \"8080:8080\"\n      - \"9600:9600\"\n\n    environment:\n      - \"LS_JAVA_OPTS=-Xms512m -Xmx512m\"\n      - ELASTICSEARCH_USERNAME=elastic\n      - ELASTICSEARCH_PASSWORD=I93bmZ/uT3haNpdL9GJ+neTf\n    networks:\n      - elk\n    depends_on:\n      elasticsearch:\n        condition: service_healthy\n      setup:\n        condition: service_completed_successfully\n    healthcheck:\n      test: [\"CMD-SHELL\", \"curl -sf http://localhost:9600/_node/stats | grep -q 'host'\"]\n      interval: 30s\n      timeout: 10s\n      retries: 5\n      start_period: 60s\n    deploy:\n      resources:\n        limits:\n          memory: 1G\n          cpus: '1.00'\n    logging:\n      driver: json-file\n      options:\n        max-size: \"50m\"\n        max-file: \"5\"\n    restart: unless-stopped\n\n  logstash-exporter:\n    image: kuskoman/logstash-exporter:v1.9.1\n    container_name: logstash-exporter\n    environment:\n      - LOGSTASH_URL=http://logstash:9600\n    ports:\n      - \"9198:9198\"\n    networks:\n      - elk\n    depends_on:\n      logstash:\n        condition: service_healthy\n    deploy:\n      resources:\n        limits:\n          memory: 64M\n          cpus: '0.10'\n    logging:\n      driver: json-file\n      options:\n        max-size: \"10m\"\n        max-file: \"3\"\n    restart: unless-stopped\n\n\n  kibana:\n    image: docker.elastic.co/kibana/kibana:8.17.0\n    container_name: kibana\n    environment:\n      - ELASTICSEARCH_HOSTS=http://elasticsearch:9200\n      - ELASTICSEARCH_USERNAME=kibana_system\n      - ELASTICSEARCH_PASSWORD=bp8xTk6gkq/bqQ6QqssXTJRa\n      - SERVER_NAME=kibana\n      - SERVER_HOST=0.0.0.0\n    ports:\n      - \"5601:5601\"\n    networks:\n      - elk\n    depends_on:\n      elasticsearch:\n        condition: service_healthy\n      setup:\n        condition: service_completed_successfully\n    healthcheck:\n      test: [\"CMD-SHELL\", \"curl -s http://localhost:5601/api/status | grep -q 'available'\"]\n      interval: 30s\n      timeout: 10s\n      retries: 5\n    deploy:\n      resources:\n        limits:\n          memory: 1G\n          cpus: '0.50'\n    logging:\n      driver: json-file\n      options:\n        max-size: \"50m\"\n        max-file: \"5\"\n    restart: unless-stopped\n\nvolumes:\n  elasticsearch_data:\n    driver: local\n  logstash_dlq:\n    driver: local\n\nnetworks:\n  elk:\n    driver: bridge\n",
            "content_base64": null,
            "content_base64sha256": "u4m9vhcTbIVhtjFQ/2ijldxL8NSamYR7yB77dDR1H3k=",
            "content_base64sha512": "WNuKi9rlqKsn08Bfy6R2uFqMPo3FSaJcqeLXBJCPcXEG/GMJ1PNgyE6fCB8vuDQPUNjqB+otv38N672WwsBPfw==",
            "content_md5": "197e5d4554dee5855df28c5800b93ca0",
            "content_sha1": "e28e00e98032fbf627ba989121d67fdd02173580",
            "content_sha256": "bb89bdbe17136c8561b63150ff68a395dc4bf0d49a99847bc81efb7434751f79",
            "content_sha512": "58db8a8bdae5a8ab27d3c05fcba476b85a8c3e8dc549a25ca9e2d704908f717106fc6309d4f360c84e9f081f2fb8340f50d8ea07ea2dbf7f0debbd96c2c04f7f",
            "directory_permission": "0700",
            "file_permission": "0644",
            "filename": "./configs/lxc-105-elk/docker-compose.yml",
            "id": "e28e00e98032fbf627ba989121d67fdd02173580",
            "source": null
          },
          "sensitive_attributes": [
            [
              {
                "type": "get_attr",
                "value": "content"
              }
            ],
            [
              {
                "type": "get_attr",
                "value": "content_base64"
              }
            ]
          ],
          "identity_schema_version": 0,
          "dependencies": [
            "module.onepassword_secrets.data.onepassword_item.archon",
            "module.onepassword_secrets.data.onepassword_item.cloudflare",
            "module.onepassword_secrets.data.onepassword_item.elk",
            "module.onepassword_secrets.data.onepassword_item.exa",
            "module.onepassword_secrets.data.onepassword_item.github",
            "module.onepassword_secrets.data.onepassword_item.glitchtip",
            "module.onepassword_secrets.data.onepassword_item.grafana",
            "module.onepassword_secrets.data.onepassword_item.mcphub",
            "module.onepassword_secrets.data.onepassword_item.n8n",
            "module.onepassword_secrets.data.onepassword_item.proxmox",
            "module.onepassword_secrets.data.onepassword_item.splunk",
            "module.onepassword_secrets.data.onepassword_item.supabase",
            "module.onepassword_secrets.data.onepassword_vault.this"
          ]
        },
        {
          "index_key": "glitchtip",
          "schema_version": 0,
          "attributes": {
            "content": "services:\n  web:\n    image: glitchtip/glitchtip:v6.0.5\n    container_name: glitchtip-web\n    env_file:\n      - ./glitchtip.env\n    command: [\"./bin/start.sh\"]\n    environment:\n      SERVER_ROLE: web\n    depends_on:\n      postgres:\n        condition: service_healthy\n      redis:\n        condition: service_healthy\n    ports:\n      - \"8000:8000\"\n    healthcheck:\n      test: [\"CMD-SHELL\", \"python -c 'import urllib.request; urllib.request.urlopen(\\\"http://localhost:8000/_health/\\\")' || exit 1\"]\n      interval: 30s\n      timeout: 10s\n      retries: 3\n      start_period: 30s\n    restart: unless-stopped\n\n  worker:\n    image: glitchtip/glitchtip:v6.0.5\n    container_name: glitchtip-worker\n    env_file:\n      - ./glitchtip.env\n    command: [\"./bin/start.sh\"]\n    environment:\n      SERVER_ROLE: worker_with_beat\n    depends_on:\n      postgres:\n        condition: service_healthy\n      redis:\n        condition: service_healthy\n    healthcheck:\n      test: [\"CMD-SHELL\", \"celery -A glitchtip inspect ping --timeout 10 || exit 1\"]\n      interval: 60s\n      timeout: 15s\n      retries: 3\n      start_period: 30s\n    restart: unless-stopped\n\n  postgres:\n    image: postgres:15.16-alpine\n    container_name: glitchtip-postgres\n    environment:\n      POSTGRES_DB: glitchtip\n      POSTGRES_USER: glitchtip\n      POSTGRES_PASSWORD: iP67xaGlJjsyayIUneiihyMP\n    volumes:\n      - glitchtip_postgres_data:/var/lib/postgresql/data\n    healthcheck:\n      test: [\"CMD-SHELL\", \"pg_isready -U glitchtip -d glitchtip\"]\n      interval: 10s\n      timeout: 5s\n      retries: 5\n    restart: unless-stopped\n\n  redis:\n    image: redis:7.4.7-alpine\n    container_name: glitchtip-redis\n    command: [\"redis-server\", \"--requirepass\", \"YNZgMmYlyaoNXjE86s6g0F3K\"]\n    volumes:\n      - glitchtip_redis_data:/data\n    healthcheck:\n      test: [\"CMD\", \"redis-cli\", \"-a\", \"YNZgMmYlyaoNXjE86s6g0F3K\", \"ping\"]\n      interval: 10s\n      timeout: 5s\n      retries: 5\n    restart: unless-stopped\n\nvolumes:\n  glitchtip_postgres_data:\n    driver: local\n  glitchtip_redis_data:\n    driver: local\n",
            "content_base64": null,
            "content_base64sha256": "9AK/d/butDLn0iElFtQvvKravQeT6r1rni31rGovvaM=",
            "content_base64sha512": "OwCqV2CynMRy40b1ONkzB6DktItezKTsK0XvvdcgCAqvDRHfYRerIrOzSHMxfSOTAQor/j+V+XJ07y6J0dVdYQ==",
            "content_md5": "c27a55fa35f4efa60ca0df05a501395e",
            "content_sha1": "1bb5328f65e506fb1e62679163b96b187b20c03d",
            "content_sha256": "f402bf77f6eeb432e7d2212516d42fbcaadabd0793eabd6b9e2df5ac6a2fbda3",
            "content_sha512": "3b00aa5760b29cc472e346f538d93307a0e4b48b5ecca4ec2b45efbdd720080aaf0d11df6117ab22b3b34873317d2393010a2bfe3f95f97274ef2e89d1d55d61",
            "directory_permission": "0700",
            "file_permission": "0644",
            "filename": "./configs/lxc-106-glitchtip/docker-compose.yml",
            "id": "1bb5328f65e506fb1e62679163b96b187b20c03d",
            "source": null
          },
          "sensitive_attributes": [
            [
              {
                "type": "get_attr",
                "value": "content"
              }
            ],
            [
              {
                "type": "get_attr",
                "value": "content_base64"
              }
            ]
          ],
          "identity_schema_version": 0,
          "dependencies": [
            "module.onepassword_secrets.data.onepassword_item.archon",
            "module.onepassword_secrets.data.onepassword_item.cloudflare",
            "module.onepassword_secrets.data.onepassword_item.elk",
            "module.onepassword_secrets.data.onepassword_item.exa",
            "module.onepassword_secrets.data.onepassword_item.github",
            "module.onepassword_secrets.data.onepassword_item.glitchtip",
            "module.onepassword_secrets.data.onepassword_item.grafana",
            "module.onepassword_secrets.data.onepassword_item.mcphub",
            "module.onepassword_secrets.data.onepassword_item.n8n",
            "module.onepassword_secrets.data.onepassword_item.proxmox",
            "module.onepassword_secrets.data.onepassword_item.splunk",
            "module.onepassword_secrets.data.onepassword_item.supabase",
            "module.onepassword_secrets.data.onepassword_vault.this"
          ]
        },
        {
          "index_key": "supabase",
          "schema_version": 0,
          "attributes": {
            "content": "services:\n  studio:\n    image: supabase/studio:20250224-95cc97d\n    container_name: supabase-studio\n    restart: unless-stopped\n    env_file:\n      - .env\n    environment:\n      STUDIO_PG_META_URL: http://meta:8080\n      SUPABASE_URL: http://kong:8000\n      SUPABASE_PUBLIC_URL: http://192.168.50.107:8000\n      SUPABASE_ANON_KEY: eyJhbGciOiAiSFMyNTYiLCAidHlwIjogIkpXVCJ9.eyJyb2xlIjogImFub24iLCAiaXNzIjogInN1cGFiYXNlIiwgImlhdCI6IDE3NzE2MDA4MDAsICJleHAiOiAyMDg2OTYwODAwfQ.TiwflrKfacFVLlR2k7owaIPfJ8C75bwqRXqP0pzJY3o\n      SUPABASE_SERVICE_ROLE_KEY: eyJhbGciOiAiSFMyNTYiLCAidHlwIjogIkpXVCJ9.eyJyb2xlIjogInNlcnZpY2Vfcm9sZSIsICJpc3MiOiAic3VwYWJhc2UiLCAiaWF0IjogMTc3MTYwMDgwMCwgImV4cCI6IDIwODY5NjA4MDB9.vLTEQu-8UATji7axVljZzlmPUrbqbFmx7fjXaQc580Y\n    ports:\n      - \"3000:3000\"\n    depends_on:\n      - kong\n      - meta\n      - db\n    networks:\n      - supabase\n\n  kong:\n    image: kong:2.8.1\n    container_name: supabase-kong\n    restart: unless-stopped\n    env_file:\n      - .env\n    environment:\n      KONG_DATABASE: \"off\"\n      KONG_DECLARATIVE_CONFIG: /var/lib/kong/kong.yml\n      KONG_DNS_ORDER: LAST,A,CNAME\n      KONG_PLUGINS: request-transformer,cors,key-auth,acl,basic-auth\n      KONG_NGINX_PROXY_PROXY_BUFFER_SIZE: 160k\n      KONG_NGINX_PROXY_PROXY_BUFFERS: 64 160k\n    ports:\n      - \"8000:8000\"\n      - \"8443:8443\"\n    volumes:\n      - ./kong.yml:/var/lib/kong/kong.yml:ro\n    healthcheck:\n      test: [\"CMD\", \"kong\", \"health\"]\n      interval: 10s\n      timeout: 5s\n      retries: 5\n    depends_on:\n      - auth\n      - rest\n      - realtime\n      - storage\n    networks:\n      - supabase\n\n  auth:\n    image: supabase/gotrue:v2.158.1\n    container_name: supabase-auth\n    restart: unless-stopped\n    env_file:\n      - .env\n    environment:\n      GOTRUE_API_HOST: 0.0.0.0\n      GOTRUE_API_PORT: 9999\n      API_EXTERNAL_URL: http://192.168.50.107:8000\n      GOTRUE_SITE_URL: http://supabase.jclee.me\n      GOTRUE_URI_ALLOW_LIST: \"http://localhost:3000,http://192.168.50.107:3000\"\n      GOTRUE_JWT_SECRET: cwCVl7uY4WJUyZo/IpYauD9G8kqvbfhbolfNZVQNeME=\n      GOTRUE_JWT_AUD: authenticated\n      GOTRUE_DB_DRIVER: postgres\n      GOTRUE_DB_DATABASE_URL: postgres://supabase_admin:xaBI7AtdjCSRXO/B4JzKRzTw@db:5432/postgres\n      GOTRUE_EXTERNAL_EMAIL_ENABLED: \"true\"\n      GOTRUE_MAILER_AUTOCONFIRM: \"true\"\n      GOTRUE_DISABLE_SIGNUP: \"false\"\n    ports:\n      - \"9999:9999\"\n    depends_on:\n      - db\n    networks:\n      - supabase\n\n  rest:\n    image: postgrest/postgrest:v12.2.8\n    container_name: supabase-rest\n    restart: unless-stopped\n    env_file:\n      - .env\n    environment:\n      PGRST_DB_URI: postgres://authenticator:xaBI7AtdjCSRXO/B4JzKRzTw@db:5432/postgres\n      PGRST_DB_SCHEMAS: public,storage,graphql_public\n      PGRST_DB_ANON_ROLE: anon\n      PGRST_JWT_SECRET: cwCVl7uY4WJUyZo/IpYauD9G8kqvbfhbolfNZVQNeME=\n    ports:\n      - \"3001:3000\"\n    depends_on:\n      - db\n    networks:\n      - supabase\n\n  realtime:\n    image: supabase/realtime:v2.34.47\n    container_name: supabase-realtime\n    restart: unless-stopped\n    env_file:\n      - .env\n    environment:\n      DB_HOST: db\n      DB_PORT: 5432\n      DB_USER: supabase_admin\n      DB_PASSWORD: xaBI7AtdjCSRXO/B4JzKRzTw\n      DB_NAME: postgres\n      PORT: 4000\n      JWT_SECRET: cwCVl7uY4WJUyZo/IpYauD9G8kqvbfhbolfNZVQNeME=\n      SECRET_KEY_BASE: cwCVl7uY4WJUyZo/IpYauD9G8kqvbfhbolfNZVQNeME=\n      APP_NAME: realtime\n      SEED_SELF_HOST: \"true\"\n    ports:\n      - \"4000:4000\"\n    depends_on:\n      - db\n    networks:\n      - supabase\n\n  meta:\n    image: supabase/postgres-meta:v0.84.3\n    container_name: supabase-meta\n    restart: unless-stopped\n    env_file:\n      - .env\n    environment:\n      PG_META_PORT: 8080\n      PG_META_DB_HOST: db\n      PG_META_DB_PORT: 5432\n      PG_META_DB_NAME: postgres\n      PG_META_DB_USER: supabase_admin\n      PG_META_DB_PASSWORD: xaBI7AtdjCSRXO/B4JzKRzTw\n    ports:\n      - \"8080:8080\"\n    depends_on:\n      - db\n    networks:\n      - supabase\n\n  storage:\n    image: supabase/storage-api:v1.20.3\n    container_name: supabase-storage\n    restart: unless-stopped\n    env_file:\n      - .env\n    environment:\n      ANON_KEY: eyJhbGciOiAiSFMyNTYiLCAidHlwIjogIkpXVCJ9.eyJyb2xlIjogImFub24iLCAiaXNzIjogInN1cGFiYXNlIiwgImlhdCI6IDE3NzE2MDA4MDAsICJleHAiOiAyMDg2OTYwODAwfQ.TiwflrKfacFVLlR2k7owaIPfJ8C75bwqRXqP0pzJY3o\n      SERVICE_KEY: eyJhbGciOiAiSFMyNTYiLCAidHlwIjogIkpXVCJ9.eyJyb2xlIjogInNlcnZpY2Vfcm9sZSIsICJpc3MiOiAic3VwYWJhc2UiLCAiaWF0IjogMTc3MTYwMDgwMCwgImV4cCI6IDIwODY5NjA4MDB9.vLTEQu-8UATji7axVljZzlmPUrbqbFmx7fjXaQc580Y\n      POSTGREST_URL: http://rest:3000\n      PGRST_JWT_SECRET: cwCVl7uY4WJUyZo/IpYauD9G8kqvbfhbolfNZVQNeME=\n      DATABASE_URL: postgres://supabase_storage_admin:xaBI7AtdjCSRXO/B4JzKRzTw@db:5432/postgres\n      FILE_SIZE_LIMIT: 52428800\n      STORAGE_BACKEND: file\n      FILE_STORAGE_BACKEND_PATH: /var/lib/storage\n      REGION: local\n      GLOBAL_S3_BUCKET: supabase-storage\n    ports:\n      - \"5000:5000\"\n    depends_on:\n      - db\n      - rest\n    volumes:\n      - supabase_storage_data:/var/lib/storage\n    networks:\n      - supabase\n\n  db:\n    image: supabase/postgres:15.8.1.049\n    container_name: supabase-db\n    restart: unless-stopped\n    env_file:\n      - .env\n    environment:\n      POSTGRES_PASSWORD: xaBI7AtdjCSRXO/B4JzKRzTw\n      POSTGRES_DB: postgres\n      POSTGRES_USER: supabase_admin\n      JWT_SECRET: cwCVl7uY4WJUyZo/IpYauD9G8kqvbfhbolfNZVQNeME=\n      JWT_EXP: 3600\n    ports:\n      - \"5432:5432\"\n    volumes:\n      - supabase_db_data:/var/lib/postgresql/data\n    healthcheck:\n      test: [\"CMD-SHELL\", \"pg_isready -U supabase_admin -d postgres\"]\n      interval: 10s\n      timeout: 5s\n      retries: 10\n    networks:\n      - supabase\n\nnetworks:\n  supabase:\n    driver: bridge\n\nvolumes:\n  supabase_db_data:\n  supabase_storage_data:\n",
            "content_base64": null,
            "content_base64sha256": "Y7BIdPt8WPNm7ZqGfxMqVxGfqDXlgxOBg/tkceOItLE=",
            "content_base64sha512": "tgXLSZdsoSVBAPbp+bP0hSgWi1ZHRVKha+Aln/pVx7R6CDUt6kp9qrkBe777nOpsR7FI3b31/dGKs6MwUNEPhQ==",
            "content_md5": "a5cf9456e29afa5bf58cb42e4df5a18f",
            "content_sha1": "27ca6594087b40ce66419b1e45fac36825028c6a",
            "content_sha256": "63b04874fb7c58f366ed9a867f132a57119fa835e583138183fb6471e388b4b1",
            "content_sha512": "b605cb49976ca1254100f6e9f9b3f48528168b56474552a16be0259ffa55c7b47a08352dea4a7daab9017bbefb9cea6c47b148ddbdf5fdd18ab3a33050d10f85",
            "directory_permission": "0700",
            "file_permission": "0644",
            "filename": "./configs/lxc-107-supabase/docker-compose.yml",
            "id": "27ca6594087b40ce66419b1e45fac36825028c6a",
            "source": null
          },
          "sensitive_attributes": [
            [
              {
                "type": "get_attr",
                "value": "content"
              }
            ],
            [
              {
                "type": "get_attr",
                "value": "content_base64"
              }
            ]
          ],
          "identity_schema_version": 0,
          "dependencies": [
            "module.onepassword_secrets.data.onepassword_item.archon",
            "module.onepassword_secrets.data.onepassword_item.cloudflare",
            "module.onepassword_secrets.data.onepassword_item.elk",
            "module.onepassword_secrets.data.onepassword_item.exa",
            "module.onepassword_secrets.data.onepassword_item.github",
            "module.onepassword_secrets.data.onepassword_item.glitchtip",
            "module.onepassword_secrets.data.onepassword_item.grafana",
            "module.onepassword_secrets.data.onepassword_item.mcphub",
            "module.onepassword_secrets.data.onepassword_item.n8n",
            "module.onepassword_secrets.data.onepassword_item.proxmox",
            "module.onepassword_secrets.data.onepassword_item.splunk",
            "module.onepassword_secrets.data.onepassword_item.supabase",
            "module.onepassword_secrets.data.onepassword_vault.this"
          ]
        }
      ]
    },
    {
      "module": "module.lxc_config",
      "mode": "managed",
      "type": "null_resource",
      "name": "deploy_config_files",
      "provider": "provider[\"registry.terraform.io/hashicorp/null\"]",
      "instances": []
    },
    {
      "module": "module.lxc_config",
      "mode": "managed",
      "type": "null_resource",
      "name": "deploy_systemd_services",
      "provider": "provider[\"registry.terraform.io/hashicorp/null\"]",
      "instances": []
    },
    {
      "module": "module.lxc_config",
      "mode": "managed",
      "type": "null_resource",
      "name": "health_check_systemd",
      "provider": "provider[\"registry.terraform.io/hashicorp/null\"]",
      "instances": []
    },
    {
      "module": "module.lxc_config",
      "mode": "managed",
      "type": "null_resource",
      "name": "install_filebeat",
      "provider": "provider[\"registry.terraform.io/hashicorp/null\"]",
      "instances": []
    },
    {
      "module": "module.onepassword_secrets",
      "mode": "data",
      "type": "onepassword_item",
      "name": "archon",
      "provider": "provider[\"registry.terraform.io/1password/onepassword\"]",
      "instances": [
        {
          "schema_version": 0,
          "attributes": {
            "category": "password",
            "credential": null,
            "database": null,
            "file": [],
            "filename": null,
            "hostname": null,
            "id": "vaults/glsrlcf5lapzbba6zk6sppkgnq/items/jgp7tcj64l6txk7tl2v6r7vz5q",
            "note_value": null,
            "password": "",
            "port": null,
            "private_key": null,
            "private_key_openssh": null,
            "public_key": null,
            "section": [
              {
                "field": [
                  {
                    "id": "pocoa2pqbl52tfqfu3bko4kwja",
                    "label": "bootstrap",
                    "type": "CONCEALED",
                    "value": "bootstrap"
                  },
                  {
                    "id": "ivia24yysnr6nt6vhzpsi34p24",
                    "label": "anthropic_api_key",
                    "type": "CONCEALED",
                    "value": "placeholder"
                  },
                  {
                    "id": "4axrcifyc42rx265jx22vb2iam",
                    "label": "openai_api_key",
                    "type": "CONCEALED",
                    "value": "placeholder"
                  }
                ],
                "file": [],
                "id": "Section_emj7imtbhvglqpz5pe6vtt4xnq",
                "label": "secrets"
              }
            ],
            "section_map": {
              "secrets": {
                "field_map": {
                  "anthropic_api_key": {
                    "id": "ivia24yysnr6nt6vhzpsi34p24",
                    "type": "CONCEALED",
                    "value": "placeholder"
                  },
                  "bootstrap": {
                    "id": "pocoa2pqbl52tfqfu3bko4kwja",
                    "type": "CONCEALED",
                    "value": "bootstrap"
                  },
                  "openai_api_key": {
                    "id": "4axrcifyc42rx265jx22vb2iam",
                    "type": "CONCEALED",
                    "value": "placeholder"
                  }
                },
                "file_map": {},
                "id": "Section_emj7imtbhvglqpz5pe6vtt4xnq"
              }
            },
            "tags": [],
            "title": "archon",
            "type": null,
            "url": null,
            "username": null,
            "uuid": "jgp7tcj64l6txk7tl2v6r7vz5q",
            "valid_from": null,
            "vault": "glsrlcf5lapzbba6zk6sppkgnq"
          },
          "sensitive_attributes": [
            [
              {
                "type": "get_attr",
                "value": "credential"
              }
            ],
            [
              {
                "type": "get_attr",
                "value": "note_value"
              }
            ],
            [
              {
                "type": "get_attr",
                "value": "password"
              }
            ],
            [
              {
                "type": "get_attr",
                "value": "private_key"
              }
            ],
            [
              {
                "type": "get_attr",
                "value": "private_key_openssh"
              }
            ],
            [
              {
                "type": "get_attr",
                "value": "section"
              },
              {
                "type": "index",
                "value": {
                  "value": 0,
                  "type": "number"
                }
              },
              {
                "type": "get_attr",
                "value": "field"
              },
              {
                "type": "index",
                "value": {
                  "value": 0,
                  "type": "number"
                }
              },
              {
                "type": "get_attr",
                "value": "value"
              }
            ],
            [
              {
                "type": "get_attr",
                "value": "section"
              },
              {
                "type": "index",
                "value": {
                  "value": 0,
                  "type": "number"
                }
              },
              {
                "type": "get_attr",
                "value": "field"
              },
              {
                "type": "index",
                "value": {
                  "value": 1,
                  "type": "number"
                }
              },
              {
                "type": "get_attr",
                "value": "value"
              }
            ],
            [
              {
                "type": "get_attr",
                "value": "section"
              },
              {
                "type": "index",
                "value": {
                  "value": 0,
                  "type": "number"
                }
              },
              {
                "type": "get_attr",
                "value": "field"
              },
              {
                "type": "index",
                "value": {
                  "value": 2,
                  "type": "number"
                }
              },
              {
                "type": "get_attr",
                "value": "value"
              }
            ],
            [
              {
                "type": "get_attr",
                "value": "section_map"
              },
              {
                "type": "index",
                "value": {
                  "value": "secrets",
                  "type": "string"
                }
              },
              {
                "type": "get_attr",
                "value": "field_map"
              },
              {
                "type": "index",
                "value": {
                  "value": "anthropic_api_key",
                  "type": "string"
                }
              },
              {
                "type": "get_attr",
                "value": "value"
              }
            ],
            [
              {
                "type": "get_attr",
                "value": "section_map"
              },
              {
                "type": "index",
                "value": {
                  "value": "secrets",
                  "type": "string"
                }
              },
              {
                "type": "get_attr",
                "value": "field_map"
              },
              {
                "type": "index",
                "value": {
                  "value": "bootstrap",
                  "type": "string"
                }
              },
              {
                "type": "get_attr",
                "value": "value"
              }
            ],
            [
              {
                "type": "get_attr",
                "value": "section_map"
              },
              {
                "type": "index",
                "value": {
                  "value": "secrets",
                  "type": "string"
                }
              },
              {
                "type": "get_attr",
                "value": "field_map"
              },
              {
                "type": "index",
                "value": {
                  "value": "openai_api_key",
                  "type": "string"
                }
              },
              {
                "type": "get_attr",
                "value": "value"
              }
            ]
          ],
          "identity_schema_version": 0
        }
      ]
    },
    {
      "module": "module.onepassword_secrets",
      "mode": "data",
      "type": "onepassword_item",
      "name": "cloudflare",
      "provider": "provider[\"registry.terraform.io/1password/onepassword\"]",
      "instances": [
        {
          "schema_version": 0,
          "attributes": {
            "category": "password",
            "credential": null,
            "database": null,
            "file": [],
            "filename": null,
            "hostname": null,
            "id": "vaults/glsrlcf5lapzbba6zk6sppkgnq/items/xy7yd33hn63kklacjmutgviysu",
            "note_value": null,
            "password": "8c5a660dfff03201090979aed72f097f8dc96",
            "port": null,
            "private_key": null,
            "private_key_openssh": null,
            "public_key": null,
            "section": [
              {
                "field": [
                  {
                    "id": "zmxgxhulypz563pf5p4smhmtae",
                    "label": "bootstrap",
                    "type": "CONCEALED",
                    "value": "bootstrap"
                  },
                  {
                    "id": "v7vnwdkqqq43bgjpe4ozyercca",
                    "label": "api_key",
                    "type": "CONCEALED",
                    "value": "AMSoMCU6co1jb3rS55lRylcZSgfbBzAHEH-fwym2"
                  },
                  {
                    "id": "hrrkg3rpmbkpn2nygula3uxgtm",
                    "label": "email",
                    "type": "CONCEALED",
                    "value": "qws941@kakao.com"
                  },
                  {
                    "id": "mhhs6wwtsso5bsb7j53l3a2uhu",
                    "label": "account_id",
                    "type": "CONCEALED",
                    "value": "a8d9c67f586acdd15eebcc65ca3aa5bb"
                  },
                  {
                    "id": "jccclhjimlia4rn7irkgpa6ncm",
                    "label": "zone_id",
                    "type": "CONCEALED",
                    "value": "ed060daac18345f6900fc5a661dc94f9"
                  }
                ],
                "file": [],
                "id": "Section_bxczehcnpfuosohnfzazep4mni",
                "label": "secrets"
              }
            ],
            "section_map": {
              "secrets": {
                "field_map": {
                  "account_id": {
                    "id": "mhhs6wwtsso5bsb7j53l3a2uhu",
                    "type": "CONCEALED",
                    "value": "a8d9c67f586acdd15eebcc65ca3aa5bb"
                  },
                  "api_key": {
                    "id": "v7vnwdkqqq43bgjpe4ozyercca",
                    "type": "CONCEALED",
                    "value": "AMSoMCU6co1jb3rS55lRylcZSgfbBzAHEH-fwym2"
                  },
                  "bootstrap": {
                    "id": "zmxgxhulypz563pf5p4smhmtae",
                    "type": "CONCEALED",
                    "value": "bootstrap"
                  },
                  "email": {
                    "id": "hrrkg3rpmbkpn2nygula3uxgtm",
                    "type": "CONCEALED",
                    "value": "qws941@kakao.com"
                  },
                  "zone_id": {
                    "id": "jccclhjimlia4rn7irkgpa6ncm",
                    "type": "CONCEALED",
                    "value": "ed060daac18345f6900fc5a661dc94f9"
                  }
                },
                "file_map": {},
                "id": "Section_bxczehcnpfuosohnfzazep4mni"
              }
            },
            "tags": [],
            "title": "cloudflare",
            "type": null,
            "url": null,
            "username": null,
            "uuid": "xy7yd33hn63kklacjmutgviysu",
            "valid_from": null,
            "vault": "glsrlcf5lapzbba6zk6sppkgnq"
          },
          "sensitive_attributes": [
            [
              {
                "type": "get_attr",
                "value": "credential"
              }
            ],
            [
              {
                "type": "get_attr",
                "value": "note_value"
              }
            ],
            [
              {
                "type": "get_attr",
                "value": "password"
              }
            ],
            [
              {
                "type": "get_attr",
                "value": "private_key"
              }
            ],
            [
              {
                "type": "get_attr",
                "value": "private_key_openssh"
              }
            ],
            [
              {
                "type": "get_attr",
                "value": "section"
              },
              {
                "type": "index",
                "value": {
                  "value": 0,
                  "type": "number"
                }
              },
              {
                "type": "get_attr",
                "value": "field"
              },
              {
                "type": "index",
                "value": {
                  "value": 0,
                  "type": "number"
                }
              },
              {
                "type": "get_attr",
                "value": "value"
              }
            ],
            [
              {
                "type": "get_attr",
                "value": "section"
              },
              {
                "type": "index",
                "value": {
                  "value": 0,
                  "type": "number"
                }
              },
              {
                "type": "get_attr",
                "value": "field"
              },
              {
                "type": "index",
                "value": {
                  "value": 1,
                  "type": "number"
                }
              },
              {
                "type": "get_attr",
                "value": "value"
              }
            ],
            [
              {
                "type": "get_attr",
                "value": "section"
              },
              {
                "type": "index",
                "value": {
                  "value": 0,
                  "type": "number"
                }
              },
              {
                "type": "get_attr",
                "value": "field"
              },
              {
                "type": "index",
                "value": {
                  "value": 2,
                  "type": "number"
                }
              },
              {
                "type": "get_attr",
                "value": "value"
              }
            ],
            [
              {
                "type": "get_attr",
                "value": "section"
              },
              {
                "type": "index",
                "value": {
                  "value": 0,
                  "type": "number"
                }
              },
              {
                "type": "get_attr",
                "value": "field"
              },
              {
                "type": "index",
                "value": {
                  "value": 3,
                  "type": "number"
                }
              },
              {
                "type": "get_attr",
                "value": "value"
              }
            ],
            [
              {
                "type": "get_attr",
                "value": "section"
              },
              {
                "type": "index",
                "value": {
                  "value": 0,
                  "type": "number"
                }
              },
              {
                "type": "get_attr",
                "value": "field"
              },
              {
                "type": "index",
                "value": {
                  "value": 4,
                  "type": "number"
                }
              },
              {
                "type": "get_attr",
                "value": "value"
              }
            ],
            [
              {
                "type": "get_attr",
                "value": "section_map"
              },
              {
                "type": "index",
                "value": {
                  "value": "secrets",
                  "type": "string"
                }
              },
              {
                "type": "get_attr",
                "value": "field_map"
              },
              {
                "type": "index",
                "value": {
                  "value": "account_id",
                  "type": "string"
                }
              },
              {
                "type": "get_attr",
                "value": "value"
              }
            ],
            [
              {
                "type": "get_attr",
                "value": "section_map"
              },
              {
                "type": "index",
                "value": {
                  "value": "secrets",
                  "type": "string"
                }
              },
              {
                "type": "get_attr",
                "value": "field_map"
              },
              {
                "type": "index",
                "value": {
                  "value": "api_key",
                  "type": "string"
                }
              },
              {
                "type": "get_attr",
                "value": "value"
              }
            ],
            [
              {
                "type": "get_attr",
                "value": "section_map"
              },
              {
                "type": "index",
                "value": {
                  "value": "secrets",
                  "type": "string"
                }
              },
              {
                "type": "get_attr",
                "value": "field_map"
              },
              {
                "type": "index",
                "value": {
                  "value": "bootstrap",
                  "type": "string"
                }
              },
              {
                "type": "get_attr",
                "value": "value"
              }
            ],
            [
              {
                "type": "get_attr",
                "value": "section_map"
              },
              {
                "type": "index",
                "value": {
                  "value": "secrets",
                  "type": "string"
                }
              },
              {
                "type": "get_attr",
                "value": "field_map"
              },
              {
                "type": "index",
                "value": {
                  "value": "email",
                  "type": "string"
                }
              },
              {
                "type": "get_attr",
                "value": "value"
              }
            ],
            [
              {
                "type": "get_attr",
                "value": "section_map"
              },
              {
                "type": "index",
                "value": {
                  "value": "secrets",
                  "type": "string"
                }
              },
              {
                "type": "get_attr",
                "value": "field_map"
              },
              {
                "type": "index",
                "value": {
                  "value": "zone_id",
                  "type": "string"
                }
              },
              {
                "type": "get_attr",
                "value": "value"
              }
            ]
          ],
          "identity_schema_version": 0
        }
      ]
    },
    {
      "module": "module.onepassword_secrets",
      "mode": "data",
      "type": "onepassword_item",
      "name": "elk",
      "provider": "provider[\"registry.terraform.io/1password/onepassword\"]",
      "instances": [
        {
          "schema_version": 0,
          "attributes": {
            "category": "password",
            "credential": null,
            "database": null,
            "file": [],
            "filename": null,
            "hostname": null,
            "id": "vaults/glsrlcf5lapzbba6zk6sppkgnq/items/3tv4bbwgsqbwaccvt435if2fci",
            "note_value": null,
            "password": "",
            "port": null,
            "private_key": null,
            "private_key_openssh": null,
            "public_key": null,
            "section": [
              {
                "field": [
                  {
                    "id": "mjr3uc2bidvmq7vkarffldhpcm",
                    "label": "bootstrap",
                    "type": "CONCEALED",
                    "value": "bootstrap"
                  },
                  {
                    "id": "a4nrh5aqap25d7mdjroehrufoy",
                    "label": "elastic_password",
                    "type": "CONCEALED",
                    "value": "I93bmZ/uT3haNpdL9GJ+neTf"
                  },
                  {
                    "id": "owwjezkhq77qy4pcy76dhndbim",
                    "label": "kibana_password",
                    "type": "CONCEALED",
                    "value": "bp8xTk6gkq/bqQ6QqssXTJRa"
                  }
                ],
                "file": [],
                "id": "Section_i36jlm2gabdy7xymj3ewowzcie",
                "label": "secrets"
              }
            ],
            "section_map": {
              "secrets": {
                "field_map": {
                  "bootstrap": {
                    "id": "mjr3uc2bidvmq7vkarffldhpcm",
                    "type": "CONCEALED",
                    "value": "bootstrap"
                  },
                  "elastic_password": {
                    "id": "a4nrh5aqap25d7mdjroehrufoy",
                    "type": "CONCEALED",
                    "value": "I93bmZ/uT3haNpdL9GJ+neTf"
                  },
                  "kibana_password": {
                    "id": "owwjezkhq77qy4pcy76dhndbim",
                    "type": "CONCEALED",
                    "value": "bp8xTk6gkq/bqQ6QqssXTJRa"
                  }
                },
                "file_map": {},
                "id": "Section_i36jlm2gabdy7xymj3ewowzcie"
              }
            },
            "tags": [],
            "title": "elk",
            "type": null,
            "url": null,
            "username": null,
            "uuid": "3tv4bbwgsqbwaccvt435if2fci",
            "valid_from": null,
            "vault": "glsrlcf5lapzbba6zk6sppkgnq"
          },
          "sensitive_attributes": [
            [
              {
                "type": "get_attr",
                "value": "credential"
              }
            ],
            [
              {
                "type": "get_attr",
                "value": "note_value"
              }
            ],
            [
              {
                "type": "get_attr",
                "value": "password"
              }
            ],
            [
              {
                "type": "get_attr",
                "value": "private_key"
              }
            ],
            [
              {
                "type": "get_attr",
                "value": "private_key_openssh"
              }
            ],
            [
              {
                "type": "get_attr",
                "value": "section"
              },
              {
                "type": "index",
                "value": {
                  "value": 0,
                  "type": "number"
                }
              },
              {
                "type": "get_attr",
                "value": "field"
              },
              {
                "type": "index",
                "value": {
                  "value": 0,
                  "type": "number"
                }
              },
              {
                "type": "get_attr",
                "value": "value"
              }
            ],
            [
              {
                "type": "get_attr",
                "value": "section"
              },
              {
                "type": "index",
                "value": {
                  "value": 0,
                  "type": "number"
                }
              },
              {
                "type": "get_attr",
                "value": "field"
              },
              {
                "type": "index",
                "value": {
                  "value": 1,
                  "type": "number"
                }
              },
              {
                "type": "get_attr",
                "value": "value"
              }
            ],
            [
              {
                "type": "get_attr",
                "value": "section"
              },
              {
                "type": "index",
                "value": {
                  "value": 0,
                  "type": "number"
                }
              },
              {
                "type": "get_attr",
                "value": "field"
              },
              {
                "type": "index",
                "value": {
                  "value": 2,
                  "type": "number"
                }
              },
              {
                "type": "get_attr",
                "value": "value"
              }
            ],
            [
              {
                "type": "get_attr",
                "value": "section_map"
              },
              {
                "type": "index",
                "value": {
                  "value": "secrets",
                  "type": "string"
                }
              },
              {
                "type": "get_attr",
                "value": "field_map"
              },
              {
                "type": "index",
                "value": {
                  "value": "bootstrap",
                  "type": "string"
                }
              },
              {
                "type": "get_attr",
                "value": "value"
              }
            ],
            [
              {
                "type": "get_attr",
                "value": "section_map"
              },
              {
                "type": "index",
                "value": {
                  "value": "secrets",
                  "type": "string"
                }
              },
              {
                "type": "get_attr",
                "value": "field_map"
              },
              {
                "type": "index",
                "value": {
                  "value": "elastic_password",
                  "type": "string"
                }
              },
              {
                "type": "get_attr",
                "value": "value"
              }
            ],
            [
              {
                "type": "get_attr",
                "value": "section_map"
              },
              {
                "type": "index",
                "value": {
                  "value": "secrets",
                  "type": "string"
                }
              },
              {
                "type": "get_attr",
                "value": "field_map"
              },
              {
                "type": "index",
                "value": {
                  "value": "kibana_password",
                  "type": "string"
                }
              },
              {
                "type": "get_attr",
                "value": "value"
              }
            ]
          ],
          "identity_schema_version": 0
        }
      ]
    },
    {
      "module": "module.onepassword_secrets",
      "mode": "data",
      "type": "onepassword_item",
      "name": "exa",
      "provider": "provider[\"registry.terraform.io/1password/onepassword\"]",
      "instances": [
        {
          "schema_version": 0,
          "attributes": {
            "category": "password",
            "credential": null,
            "database": null,
            "file": [],
            "filename": null,
            "hostname": null,
            "id": "vaults/glsrlcf5lapzbba6zk6sppkgnq/items/unefsmdxlslgtqgq2434qpy6de",
            "note_value": null,
            "password": "",
            "port": null,
            "private_key": null,
            "private_key_openssh": null,
            "public_key": null,
            "section": [
              {
                "field": [
                  {
                    "id": "ab426u35hotimfdzx633h6amva",
                    "label": "bootstrap",
                    "type": "CONCEALED",
                    "value": "bootstrap"
                  },
                  {
                    "id": "jnq6rjjg4kurg2bymkbwjtswjy",
                    "label": "api_key",
                    "type": "CONCEALED",
                    "value": "placeholder"
                  }
                ],
                "file": [],
                "id": "Section_fwilkfhjbtp7vftgxkyn5swsai",
                "label": "secrets"
              }
            ],
            "section_map": {
              "secrets": {
                "field_map": {
                  "api_key": {
                    "id": "jnq6rjjg4kurg2bymkbwjtswjy",
                    "type": "CONCEALED",
                    "value": "placeholder"
                  },
                  "bootstrap": {
                    "id": "ab426u35hotimfdzx633h6amva",
                    "type": "CONCEALED",
                    "value": "bootstrap"
                  }
                },
                "file_map": {},
                "id": "Section_fwilkfhjbtp7vftgxkyn5swsai"
              }
            },
            "tags": [],
            "title": "exa",
            "type": null,
            "url": null,
            "username": null,
            "uuid": "unefsmdxlslgtqgq2434qpy6de",
            "valid_from": null,
            "vault": "glsrlcf5lapzbba6zk6sppkgnq"
          },
          "sensitive_attributes": [
            [
              {
                "type": "get_attr",
                "value": "credential"
              }
            ],
            [
              {
                "type": "get_attr",
                "value": "note_value"
              }
            ],
            [
              {
                "type": "get_attr",
                "value": "password"
              }
            ],
            [
              {
                "type": "get_attr",
                "value": "private_key"
              }
            ],
            [
              {
                "type": "get_attr",
                "value": "private_key_openssh"
              }
            ],
            [
              {
                "type": "get_attr",
                "value": "section"
              },
              {
                "type": "index",
                "value": {
                  "value": 0,
                  "type": "number"
                }
              },
              {
                "type": "get_attr",
                "value": "field"
              },
              {
                "type": "index",
                "value": {
                  "value": 0,
                  "type": "number"
                }
              },
              {
                "type": "get_attr",
                "value": "value"
              }
            ],
            [
              {
                "type": "get_attr",
                "value": "section"
              },
              {
                "type": "index",
                "value": {
                  "value": 0,
                  "type": "number"
                }
              },
              {
                "type": "get_attr",
                "value": "field"
              },
              {
                "type": "index",
                "value": {
                  "value": 1,
                  "type": "number"
                }
              },
              {
                "type": "get_attr",
                "value": "value"
              }
            ],
            [
              {
                "type": "get_attr",
                "value": "section_map"
              },
              {
                "type": "index",
                "value": {
                  "value": "secrets",
                  "type": "string"
                }
              },
              {
                "type": "get_attr",
                "value": "field_map"
              },
              {
                "type": "index",
                "value": {
                  "value": "api_key",
                  "type": "string"
                }
              },
              {
                "type": "get_attr",
                "value": "value"
              }
            ],
            [
              {
                "type": "get_attr",
                "value": "section_map"
              },
              {
                "type": "index",
                "value": {
                  "value": "secrets",
                  "type": "string"
                }
              },
              {
                "type": "get_attr",
                "value": "field_map"
              },
              {
                "type": "index",
                "value": {
                  "value": "bootstrap",
                  "type": "string"
                }
              },
              {
                "type": "get_attr",
                "value": "value"
              }
            ]
          ],
          "identity_schema_version": 0
        }
      ]
    },
    {
      "module": "module.onepassword_secrets",
      "mode": "data",
      "type": "onepassword_item",
      "name": "github",
      "provider": "provider[\"registry.terraform.io/1password/onepassword\"]",
      "instances": [
        {
          "schema_version": 0,
          "attributes": {
            "category": "password",
            "credential": null,
            "database": null,
            "file": [],
            "filename": null,
            "hostname": null,
            "id": "vaults/glsrlcf5lapzbba6zk6sppkgnq/items/4p5zxzlkhbfqurzevook2dcufe",
            "note_value": null,
            "password": "",
            "port": null,
            "private_key": null,
            "private_key_openssh": null,
            "public_key": null,
            "section": [
              {
                "field": [
                  {
                    "id": "tploowr3t4agbzj3kjfhjercga",
                    "label": "bootstrap",
                    "type": "CONCEALED",
                    "value": "bootstrap"
                  },
                  {
                    "id": "xq75ziq5vv6m37u2fw6y6cg5sq",
                    "label": "personal_access_token",
                    "type": "CONCEALED",
                    "value": "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"
                  }
                ],
                "file": [],
                "id": "Section_eviljwgcga3nlwbv3jb4n5f2ju",
                "label": "secrets"
              }
            ],
            "section_map": {
              "secrets": {
                "field_map": {
                  "bootstrap": {
                    "id": "tploowr3t4agbzj3kjfhjercga",
                    "type": "CONCEALED",
                    "value": "bootstrap"
                  },
                  "personal_access_token": {
                    "id": "xq75ziq5vv6m37u2fw6y6cg5sq",
                    "type": "CONCEALED",
                    "value": "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"
                  }
                },
                "file_map": {},
                "id": "Section_eviljwgcga3nlwbv3jb4n5f2ju"
              }
            },
            "tags": [],
            "title": "github",
            "type": null,
            "url": null,
            "username": null,
            "uuid": "4p5zxzlkhbfqurzevook2dcufe",
            "valid_from": null,
            "vault": "glsrlcf5lapzbba6zk6sppkgnq"
          },
          "sensitive_attributes": [
            [
              {
                "type": "get_attr",
                "value": "credential"
              }
            ],
            [
              {
                "type": "get_attr",
                "value": "note_value"
              }
            ],
            [
              {
                "type": "get_attr",
                "value": "password"
              }
            ],
            [
              {
                "type": "get_attr",
                "value": "private_key"
              }
            ],
            [
              {
                "type": "get_attr",
                "value": "private_key_openssh"
              }
            ],
            [
              {
                "type": "get_attr",
                "value": "section"
              },
              {
                "type": "index",
                "value": {
                  "value": 0,
                  "type": "number"
                }
              },
              {
                "type": "get_attr",
                "value": "field"
              },
              {
                "type": "index",
                "value": {
                  "value": 0,
                  "type": "number"
                }
              },
              {
                "type": "get_attr",
                "value": "value"
              }
            ],
            [
              {
                "type": "get_attr",
                "value": "section"
              },
              {
                "type": "index",
                "value": {
                  "value": 0,
                  "type": "number"
                }
              },
              {
                "type": "get_attr",
                "value": "field"
              },
              {
                "type": "index",
                "value": {
                  "value": 1,
                  "type": "number"
                }
              },
              {
                "type": "get_attr",
                "value": "value"
              }
            ],
            [
              {
                "type": "get_attr",
                "value": "section_map"
              },
              {
                "type": "index",
                "value": {
                  "value": "secrets",
                  "type": "string"
                }
              },
              {
                "type": "get_attr",
                "value": "field_map"
              },
              {
                "type": "index",
                "value": {
                  "value": "bootstrap",
                  "type": "string"
                }
              },
              {
                "type": "get_attr",
                "value": "value"
              }
            ],
            [
              {
                "type": "get_attr",
                "value": "section_map"
              },
              {
                "type": "index",
                "value": {
                  "value": "secrets",
                  "type": "string"
                }
              },
              {
                "type": "get_attr",
                "value": "field_map"
              },
              {
                "type": "index",
                "value": {
                  "value": "personal_access_token",
                  "type": "string"
                }
              },
              {
                "type": "get_attr",
                "value": "value"
              }
            ]
          ],
          "identity_schema_version": 0
        }
      ]
    },
    {
      "module": "module.onepassword_secrets",
      "mode": "data",
      "type": "onepassword_item",
      "name": "glitchtip",
      "provider": "provider[\"registry.terraform.io/1password/onepassword\"]",
      "instances": [
        {
          "schema_version": 0,
          "attributes": {
            "category": "password",
            "credential": null,
            "database": null,
            "file": [],
            "filename": null,
            "hostname": null,
            "id": "vaults/glsrlcf5lapzbba6zk6sppkgnq/items/hepjzhwrpvls22s5sq2wnhln7q",
            "note_value": null,
            "password": "",
            "port": null,
            "private_key": null,
            "private_key_openssh": null,
            "public_key": null,
            "section": [
              {
                "field": [
                  {
                    "id": "geksk2oksnn5hkimia3n46m6jq",
                    "label": "bootstrap",
                    "type": "CONCEALED",
                    "value": "bootstrap"
                  },
                  {
                    "id": "i6eyw5pvzbayhshgtoyvdu2vna",
                    "label": "django_secret_key",
                    "type": "CONCEALED",
                    "value": "m5H4/oEAUV/GSwLp8M11y9JhyWzjjd6IR4kn1W8V4LqFWvygRG4="
                  },
                  {
                    "id": "ckf4w72tbtyujqsev5hhm6bctq",
                    "label": "postgres_password",
                    "type": "CONCEALED",
                    "value": "iP67xaGlJjsyayIUneiihyMP"
                  },
                  {
                    "id": "wljo2bl7xmczi6o54ziqfmlrja",
                    "label": "redis_password",
                    "type": "CONCEALED",
                    "value": "YNZgMmYlyaoNXjE86s6g0F3K"
                  },
                  {
                    "id": "g7hwjsp4osysz4owx3g5zyikhy",
                    "label": "api_token",
                    "type": "CONCEALED",
                    "value": "4813c494717ae627ad589f17c55a21e30309ec2f5669be37d5b9cd64854bcb10"
                  }
                ],
                "file": [],
                "id": "Section_opj6b3vxlhium57w4lp54zm4ce",
                "label": "secrets"
              }
            ],
            "section_map": {
              "secrets": {
                "field_map": {
                  "api_token": {
                    "id": "g7hwjsp4osysz4owx3g5zyikhy",
                    "type": "CONCEALED",
                    "value": "4813c494717ae627ad589f17c55a21e30309ec2f5669be37d5b9cd64854bcb10"
                  },
                  "bootstrap": {
                    "id": "geksk2oksnn5hkimia3n46m6jq",
                    "type": "CONCEALED",
                    "value": "bootstrap"
                  },
                  "django_secret_key": {
                    "id": "i6eyw5pvzbayhshgtoyvdu2vna",
                    "type": "CONCEALED",
                    "value": "m5H4/oEAUV/GSwLp8M11y9JhyWzjjd6IR4kn1W8V4LqFWvygRG4="
                  },
                  "postgres_password": {
                    "id": "ckf4w72tbtyujqsev5hhm6bctq",
                    "type": "CONCEALED",
                    "value": "iP67xaGlJjsyayIUneiihyMP"
                  },
                  "redis_password": {
                    "id": "wljo2bl7xmczi6o54ziqfmlrja",
                    "type": "CONCEALED",
                    "value": "YNZgMmYlyaoNXjE86s6g0F3K"
                  }
                },
                "file_map": {},
                "id": "Section_opj6b3vxlhium57w4lp54zm4ce"
              }
            },
            "tags": [],
            "title": "glitchtip",
            "type": null,
            "url": null,
            "username": null,
            "uuid": "hepjzhwrpvls22s5sq2wnhln7q",
            "valid_from": null,
            "vault": "glsrlcf5lapzbba6zk6sppkgnq"
          },
          "sensitive_attributes": [
            [
              {
                "type": "get_attr",
                "value": "credential"
              }
            ],
            [
              {
                "type": "get_attr",
                "value": "note_value"
              }
            ],
            [
              {
                "type": "get_attr",
                "value": "password"
              }
            ],
            [
              {
                "type": "get_attr",
                "value": "private_key"
              }
            ],
            [
              {
                "type": "get_attr",
                "value": "private_key_openssh"
              }
            ],
            [
              {
                "type": "get_attr",
                "value": "section"
              },
              {
                "type": "index",
                "value": {
                  "value": 0,
                  "type": "number"
                }
              },
              {
                "type": "get_attr",
                "value": "field"
              },
              {
                "type": "index",
                "value": {
                  "value": 0,
                  "type": "number"
                }
              },
              {
                "type": "get_attr",
                "value": "value"
              }
            ],
            [
              {
                "type": "get_attr",
                "value": "section"
              },
              {
                "type": "index",
                "value": {
                  "value": 0,
                  "type": "number"
                }
              },
              {
                "type": "get_attr",
                "value": "field"
              },
              {
                "type": "index",
                "value": {
                  "value": 1,
                  "type": "number"
                }
              },
              {
                "type": "get_attr",
                "value": "value"
              }
            ],
            [
              {
                "type": "get_attr",
                "value": "section"
              },
              {
                "type": "index",
                "value": {
                  "value": 0,
                  "type": "number"
                }
              },
              {
                "type": "get_attr",
                "value": "field"
              },
              {
                "type": "index",
                "value": {
                  "value": 2,
                  "type": "number"
                }
              },
              {
                "type": "get_attr",
                "value": "value"
              }
            ],
            [
              {
                "type": "get_attr",
                "value": "section"
              },
              {
                "type": "index",
                "value": {
                  "value": 0,
                  "type": "number"
                }
              },
              {
                "type": "get_attr",
                "value": "field"
              },
              {
                "type": "index",
                "value": {
                  "value": 3,
                  "type": "number"
                }
              },
              {
                "type": "get_attr",
                "value": "value"
              }
            ],
            [
              {
                "type": "get_attr",
                "value": "section"
              },
              {
                "type": "index",
                "value": {
                  "value": 0,
                  "type": "number"
                }
              },
              {
                "type": "get_attr",
                "value": "field"
              },
              {
                "type": "index",
                "value": {
                  "value": 4,
                  "type": "number"
                }
              },
              {
                "type": "get_attr",
                "value": "value"
              }
            ],
            [
              {
                "type": "get_attr",
                "value": "section_map"
              },
              {
                "type": "index",
                "value": {
                  "value": "secrets",
                  "type": "string"
                }
              },
              {
                "type": "get_attr",
                "value": "field_map"
              },
              {
                "type": "index",
                "value": {
                  "value": "api_token",
                  "type": "string"
                }
              },
              {
                "type": "get_attr",
                "value": "value"
              }
            ],
            [
              {
                "type": "get_attr",
                "value": "section_map"
              },
              {
                "type": "index",
                "value": {
                  "value": "secrets",
                  "type": "string"
                }
              },
              {
                "type": "get_attr",
                "value": "field_map"
              },
              {
                "type": "index",
                "value": {
                  "value": "bootstrap",
                  "type": "string"
                }
              },
              {
                "type": "get_attr",
                "value": "value"
              }
            ],
            [
              {
                "type": "get_attr",
                "value": "section_map"
              },
              {
                "type": "index",
                "value": {
                  "value": "secrets",
                  "type": "string"
                }
              },
              {
                "type": "get_attr",
                "value": "field_map"
              },
              {
                "type": "index",
                "value": {
                  "value": "django_secret_key",
                  "type": "string"
                }
              },
              {
                "type": "get_attr",
                "value": "value"
              }
            ],
            [
              {
                "type": "get_attr",
                "value": "section_map"
              },
              {
                "type": "index",
                "value": {
                  "value": "secrets",
                  "type": "string"
                }
              },
              {
                "type": "get_attr",
                "value": "field_map"
              },
              {
                "type": "index",
                "value": {
                  "value": "postgres_password",
                  "type": "string"
                }
              },
              {
                "type": "get_attr",
                "value": "value"
              }
            ],
            [
              {
                "type": "get_attr",
                "value": "section_map"
              },
              {
                "type": "index",
                "value": {
                  "value": "secrets",
                  "type": "string"
                }
              },
              {
                "type": "get_attr",
                "value": "field_map"
              },
              {
                "type": "index",
                "value": {
                  "value": "redis_password",
                  "type": "string"
                }
              },
              {
                "type": "get_attr",
                "value": "value"
              }
            ]
          ],
          "identity_schema_version": 0
        }
      ]
    },
    {
      "module": "module.onepassword_secrets",
      "mode": "data",
      "type": "onepassword_item",
      "name": "grafana",
      "provider": "provider[\"registry.terraform.io/1password/onepassword\"]",
      "instances": [
        {
          "schema_version": 0,
          "attributes": {
            "category": "password",
            "credential": null,
            "database": null,
            "file": [],
            "filename": null,
            "hostname": null,
            "id": "vaults/glsrlcf5lapzbba6zk6sppkgnq/items/tmycbizgzmusdtqmuerpxek3fe",
            "note_value": null,
            "password": "",
            "port": null,
            "private_key": null,
            "private_key_openssh": null,
            "public_key": null,
            "section": [
              {
                "field": [
                  {
                    "id": "tslhgkkcqs7afzpncxnh233ukm",
                    "label": "bootstrap",
                    "type": "CONCEALED",
                    "value": "bootstrap"
                  },
                  {
                    "id": "mkhvbjm7pieehiciyayrh3dqme",
                    "label": "admin_password",
                    "type": "CONCEALED",
                    "value": "]J*82?_ujMiX%R$-.Jf+%{Gx"
                  },
                  {
                    "id": "ry4jkn5ddj3pckud4vztijdopu",
                    "label": "service_account_token",
                    "type": "CONCEALED",
                    "value": "placeholder"
                  }
                ],
                "file": [],
                "id": "Section_dgxr5ygzuokc7566saj4ez6uc4",
                "label": "secrets"
              }
            ],
            "section_map": {
              "secrets": {
                "field_map": {
                  "admin_password": {
                    "id": "mkhvbjm7pieehiciyayrh3dqme",
                    "type": "CONCEALED",
                    "value": "]J*82?_ujMiX%R$-.Jf+%{Gx"
                  },
                  "bootstrap": {
                    "id": "tslhgkkcqs7afzpncxnh233ukm",
                    "type": "CONCEALED",
                    "value": "bootstrap"
                  },
                  "service_account_token": {
                    "id": "ry4jkn5ddj3pckud4vztijdopu",
                    "type": "CONCEALED",
                    "value": "placeholder"
                  }
                },
                "file_map": {},
                "id": "Section_dgxr5ygzuokc7566saj4ez6uc4"
              }
            },
            "tags": [],
            "title": "grafana",
            "type": null,
            "url": null,
            "username": null,
            "uuid": "tmycbizgzmusdtqmuerpxek3fe",
            "valid_from": null,
            "vault": "glsrlcf5lapzbba6zk6sppkgnq"
          },
          "sensitive_attributes": [
            [
              {
                "type": "get_attr",
                "value": "credential"
              }
            ],
            [
              {
                "type": "get_attr",
                "value": "note_value"
              }
            ],
            [
              {
                "type": "get_attr",
                "value": "password"
              }
            ],
            [
              {
                "type": "get_attr",
                "value": "private_key"
              }
            ],
            [
              {
                "type": "get_attr",
                "value": "private_key_openssh"
              }
            ],
            [
              {
                "type": "get_attr",
                "value": "section"
              },
              {
                "type": "index",
                "value": {
                  "value": 0,
                  "type": "number"
                }
              },
              {
                "type": "get_attr",
                "value": "field"
              },
              {
                "type": "index",
                "value": {
                  "value": 0,
                  "type": "number"
                }
              },
              {
                "type": "get_attr",
                "value": "value"
              }
            ],
            [
              {
                "type": "get_attr",
                "value": "section"
              },
              {
                "type": "index",
                "value": {
                  "value": 0,
                  "type": "number"
                }
              },
              {
                "type": "get_attr",
                "value": "field"
              },
              {
                "type": "index",
                "value": {
                  "value": 1,
                  "type": "number"
                }
              },
              {
                "type": "get_attr",
                "value": "value"
              }
            ],
            [
              {
                "type": "get_attr",
                "value": "section"
              },
              {
                "type": "index",
                "value": {
                  "value": 0,
                  "type": "number"
                }
              },
              {
                "type": "get_attr",
                "value": "field"
              },
              {
                "type": "index",
                "value": {
                  "value": 2,
                  "type": "number"
                }
              },
              {
                "type": "get_attr",
                "value": "value"
              }
            ],
            [
              {
                "type": "get_attr",
                "value": "section_map"
              },
              {
                "type": "index",
                "value": {
                  "value": "secrets",
                  "type": "string"
                }
              },
              {
                "type": "get_attr",
                "value": "field_map"
              },
              {
                "type": "index",
                "value": {
                  "value": "admin_password",
                  "type": "string"
                }
              },
              {
                "type": "get_attr",
                "value": "value"
              }
            ],
            [
              {
                "type": "get_attr",
                "value": "section_map"
              },
              {
                "type": "index",
                "value": {
                  "value": "secrets",
                  "type": "string"
                }
              },
              {
                "type": "get_attr",
                "value": "field_map"
              },
              {
                "type": "index",
                "value": {
                  "value": "bootstrap",
                  "type": "string"
                }
              },
              {
                "type": "get_attr",
                "value": "value"
              }
            ],
            [
              {
                "type": "get_attr",
                "value": "section_map"
              },
              {
                "type": "index",
                "value": {
                  "value": "secrets",
                  "type": "string"
                }
              },
              {
                "type": "get_attr",
                "value": "field_map"
              },
              {
                "type": "index",
                "value": {
                  "value": "service_account_token",
                  "type": "string"
                }
              },
              {
                "type": "get_attr",
                "value": "value"
              }
            ]
          ],
          "identity_schema_version": 0
        }
      ]
    },
    {
      "module": "module.onepassword_secrets",
      "mode": "data",
      "type": "onepassword_item",
      "name": "mcphub",
      "provider": "provider[\"registry.terraform.io/1password/onepassword\"]",
      "instances": [
        {
          "schema_version": 0,
          "attributes": {
            "category": "password",
            "credential": null,
            "database": null,
            "file": [],
            "filename": null,
            "hostname": null,
            "id": "vaults/glsrlcf5lapzbba6zk6sppkgnq/items/eqxrowynyvza2fyt4rm46zaebu",
            "note_value": null,
            "password": "",
            "port": null,
            "private_key": null,
            "private_key_openssh": null,
            "public_key": null,
            "section": [
              {
                "field": [
                  {
                    "id": "7m4fip3ob7lcccxbpfhm6pw3he",
                    "label": "bootstrap",
                    "type": "CONCEALED",
                    "value": "bootstrap"
                  },
                  {
                    "id": "op4kvo2jcliqym6hqf3ttgif6i",
                    "label": "proxmox_token_name",
                    "type": "CONCEALED",
                    "value": "root@pam!terraform-api"
                  },
                  {
                    "id": "scmc3oik5snkkqsnlxnbtwbsny",
                    "label": "proxmox_token_value",
                    "type": "CONCEALED",
                    "value": "0d925da9-a02c-427f-b8e9-1ab71c7a5150"
                  },
                  {
                    "id": "6di54aumfak7oinsgac636hhhu",
                    "label": "admin_password",
                    "type": "CONCEALED",
                    "value": "c}Tq{lm\u003c]Eu\u003evi)4r={lyaxo"
                  },
                  {
                    "id": "yrmzegygvjtebzlnjvfbmg6fdq",
                    "label": "n8n_mcp_api_key",
                    "type": "CONCEALED",
                    "value": "4IY4uc0ir8ZuSmDJHV2HRvnHEOLxW81swjJ6ZwMj"
                  },
                  {
                    "id": "xi47ubceix2yeza7uubmkg4vfm",
                    "label": "op_service_account_token",
                    "type": "CONCEALED",
                    "value": "ops_eyJzaWduSW5BZGRyZXNzIjoibXkuMXBhc3N3b3JkLmNvbSIsInVzZXJBdXRoIjp7Im1ldGhvZCI6IlNSUGctNDA5NiIsImFsZyI6IlBCRVMyZy1IUzI1NiIsIml0ZXJhdGlvbnMiOjY1MDAwMCwic2FsdCI6Ik5CeHFPeGE1NGNXeUM4ckh1cnZ5a0EifSwiZW1haWwiOiI3Mm1nenYzd3NseWxpQDFwYXNzd29yZHNlcnZpY2VhY2NvdW50cy5jb20iLCJzcnBYIjoiMDg4MGM4NDU3NzUzZTY0ZDk5MjZiZTFmYzg5ZjE1MGJiYWRlZTc0ZDQwZWMyOGEyNGNjODc5Njc0YzFlYTYxZSIsIm11ayI6eyJhbGciOiJBMjU2R0NNIiwiZXh0Ijp0cnVlLCJrIjoibmxZQUlHR2x1M0FSRlB0TDM0WnNFM1lNSU5GcTVLbzF5MG1oVzZOa19YdyIsImtleV9vcHMiOlsiZW5jcnlwdCIsImRlY3J5cHQiXSwia3R5Ijoib2N0Iiwia2lkIjoibXAifSwic2VjcmV0S2V5IjoiQTMtMjVMRE1CLVFOQjhXQS1KTDRIRi1UQlRINy1IUDRFVi1LRjM0SyIsInRocm90dGxlU2VjcmV0Ijp7InNlZWQiOiI5OTdhZWM2N2QyNjJkODgyNWE3YTAxYWVjMjRmODVjOWQyNTRiZGVkY2JlOThjMmM0YTMyMWMzYjkyYzIwMzgzIiwidXVpZCI6IlZJUTZZNDM3SEJFS1ZHWkZYVVZCNUg2UTNFIn0sImRldmljZVV1aWQiOiJvMjd5amp1YWdpN2drZ2c3dDNqczc0a3YzdSJ9"
                  },
                  {
                    "id": "l3f2btd4wn3ywiwr6ems2xzwdy",
                    "label": "slack_mcp_xoxb_token",
                    "type": "CONCEALED",
                    "value": "PLACEHOLDER_NEEDS_REAL_TOKEN"
                  },
                  {
                    "id": "sbtnjideayt5tzbktwujjrufyy",
                    "label": "slack_mcp_xoxp_token",
                    "type": "CONCEALED",
                    "value": "xoxe.xoxp-1-Mi0yLTk5MDY2MjUzMzM1NzQtOTg5MzIyMTEyNzYwNy05OTA4OTkxMzQ0OTQ2LTEwNTY1OTkzODM0MDM4LWU5ZTQ0ZmM0ZDRhYjU0ZDI0NmY4MDBlZThkY2FjN2Y1N2NiOWYyNmIxNDMyM2QyZDRiOTdmYjRmMTY2MTFjNjg"
                  }
                ],
                "file": [],
                "id": "Section_dtps6h3obkbqlxc5s2a65ioxne",
                "label": "secrets"
              }
            ],
            "section_map": {
              "secrets": {
                "field_map": {
                  "admin_password": {
                    "id": "6di54aumfak7oinsgac636hhhu",
                    "type": "CONCEALED",
                    "value": "c}Tq{lm\u003c]Eu\u003evi)4r={lyaxo"
                  },
                  "bootstrap": {
                    "id": "7m4fip3ob7lcccxbpfhm6pw3he",
                    "type": "CONCEALED",
                    "value": "bootstrap"
                  },
                  "n8n_mcp_api_key": {
                    "id": "yrmzegygvjtebzlnjvfbmg6fdq",
                    "type": "CONCEALED",
                    "value": "4IY4uc0ir8ZuSmDJHV2HRvnHEOLxW81swjJ6ZwMj"
                  },
                  "op_service_account_token": {
                    "id": "xi47ubceix2yeza7uubmkg4vfm",
                    "type": "CONCEALED",
                    "value": "ops_eyJzaWduSW5BZGRyZXNzIjoibXkuMXBhc3N3b3JkLmNvbSIsInVzZXJBdXRoIjp7Im1ldGhvZCI6IlNSUGctNDA5NiIsImFsZyI6IlBCRVMyZy1IUzI1NiIsIml0ZXJhdGlvbnMiOjY1MDAwMCwic2FsdCI6Ik5CeHFPeGE1NGNXeUM4ckh1cnZ5a0EifSwiZW1haWwiOiI3Mm1nenYzd3NseWxpQDFwYXNzd29yZHNlcnZpY2VhY2NvdW50cy5jb20iLCJzcnBYIjoiMDg4MGM4NDU3NzUzZTY0ZDk5MjZiZTFmYzg5ZjE1MGJiYWRlZTc0ZDQwZWMyOGEyNGNjODc5Njc0YzFlYTYxZSIsIm11ayI6eyJhbGciOiJBMjU2R0NNIiwiZXh0Ijp0cnVlLCJrIjoibmxZQUlHR2x1M0FSRlB0TDM0WnNFM1lNSU5GcTVLbzF5MG1oVzZOa19YdyIsImtleV9vcHMiOlsiZW5jcnlwdCIsImRlY3J5cHQiXSwia3R5Ijoib2N0Iiwia2lkIjoibXAifSwic2VjcmV0S2V5IjoiQTMtMjVMRE1CLVFOQjhXQS1KTDRIRi1UQlRINy1IUDRFVi1LRjM0SyIsInRocm90dGxlU2VjcmV0Ijp7InNlZWQiOiI5OTdhZWM2N2QyNjJkODgyNWE3YTAxYWVjMjRmODVjOWQyNTRiZGVkY2JlOThjMmM0YTMyMWMzYjkyYzIwMzgzIiwidXVpZCI6IlZJUTZZNDM3SEJFS1ZHWkZYVVZCNUg2UTNFIn0sImRldmljZVV1aWQiOiJvMjd5amp1YWdpN2drZ2c3dDNqczc0a3YzdSJ9"
                  },
                  "proxmox_token_name": {
                    "id": "op4kvo2jcliqym6hqf3ttgif6i",
                    "type": "CONCEALED",
                    "value": "root@pam!terraform-api"
                  },
                  "proxmox_token_value": {
                    "id": "scmc3oik5snkkqsnlxnbtwbsny",
                    "type": "CONCEALED",
                    "value": "0d925da9-a02c-427f-b8e9-1ab71c7a5150"
                  },
                  "slack_mcp_xoxb_token": {
                    "id": "l3f2btd4wn3ywiwr6ems2xzwdy",
                    "type": "CONCEALED",
                    "value": "PLACEHOLDER_NEEDS_REAL_TOKEN"
                  },
                  "slack_mcp_xoxp_token": {
                    "id": "sbtnjideayt5tzbktwujjrufyy",
                    "type": "CONCEALED",
                    "value": "xoxe.xoxp-1-Mi0yLTk5MDY2MjUzMzM1NzQtOTg5MzIyMTEyNzYwNy05OTA4OTkxMzQ0OTQ2LTEwNTY1OTkzODM0MDM4LWU5ZTQ0ZmM0ZDRhYjU0ZDI0NmY4MDBlZThkY2FjN2Y1N2NiOWYyNmIxNDMyM2QyZDRiOTdmYjRmMTY2MTFjNjg"
                  }
                },
                "file_map": {},
                "id": "Section_dtps6h3obkbqlxc5s2a65ioxne"
              }
            },
            "tags": [],
            "title": "mcphub",
            "type": null,
            "url": null,
            "username": null,
            "uuid": "eqxrowynyvza2fyt4rm46zaebu",
            "valid_from": null,
            "vault": "glsrlcf5lapzbba6zk6sppkgnq"
          },
          "sensitive_attributes": [
            [
              {
                "type": "get_attr",
                "value": "credential"
              }
            ],
            [
              {
                "type": "get_attr",
                "value": "note_value"
              }
            ],
            [
              {
                "type": "get_attr",
                "value": "password"
              }
            ],
            [
              {
                "type": "get_attr",
                "value": "private_key"
              }
            ],
            [
              {
                "type": "get_attr",
                "value": "private_key_openssh"
              }
            ],
            [
              {
                "type": "get_attr",
                "value": "section"
              },
              {
                "type": "index",
                "value": {
                  "value": 0,
                  "type": "number"
                }
              },
              {
                "type": "get_attr",
                "value": "field"
              },
              {
                "type": "index",
                "value": {
                  "value": 0,
                  "type": "number"
                }
              },
              {
                "type": "get_attr",
                "value": "value"
              }
            ],
            [
              {
                "type": "get_attr",
                "value": "section"
              },
              {
                "type": "index",
                "value": {
                  "value": 0,
                  "type": "number"
                }
              },
              {
                "type": "get_attr",
                "value": "field"
              },
              {
                "type": "index",
                "value": {
                  "value": 1,
                  "type": "number"
                }
              },
              {
                "type": "get_attr",
                "value": "value"
              }
            ],
            [
              {
                "type": "get_attr",
                "value": "section"
              },
              {
                "type": "index",
                "value": {
                  "value": 0,
                  "type": "number"
                }
              },
              {
                "type": "get_attr",
                "value": "field"
              },
              {
                "type": "index",
                "value": {
                  "value": 2,
                  "type": "number"
                }
              },
              {
                "type": "get_attr",
                "value": "value"
              }
            ],
            [
              {
                "type": "get_attr",
                "value": "section"
              },
              {
                "type": "index",
                "value": {
                  "value": 0,
                  "type": "number"
                }
              },
              {
                "type": "get_attr",
                "value": "field"
              },
              {
                "type": "index",
                "value": {
                  "value": 3,
                  "type": "number"
                }
              },
              {
                "type": "get_attr",
                "value": "value"
              }
            ],
            [
              {
                "type": "get_attr",
                "value": "section"
              },
              {
                "type": "index",
                "value": {
                  "value": 0,
                  "type": "number"
                }
              },
              {
                "type": "get_attr",
                "value": "field"
              },
              {
                "type": "index",
                "value": {
                  "value": 4,
                  "type": "number"
                }
              },
              {
                "type": "get_attr",
                "value": "value"
              }
            ],
            [
              {
                "type": "get_attr",
                "value": "section"
              },
              {
                "type": "index",
                "value": {
                  "value": 0,
                  "type": "number"
                }
              },
              {
                "type": "get_attr",
                "value": "field"
              },
              {
                "type": "index",
                "value": {
                  "value": 5,
                  "type": "number"
                }
              },
              {
                "type": "get_attr",
                "value": "value"
              }
            ],
            [
              {
                "type": "get_attr",
                "value": "section"
              },
              {
                "type": "index",
                "value": {
                  "value": 0,
                  "type": "number"
                }
              },
              {
                "type": "get_attr",
                "value": "field"
              },
              {
                "type": "index",
                "value": {
                  "value": 6,
                  "type": "number"
                }
              },
              {
                "type": "get_attr",
                "value": "value"
              }
            ],
            [
              {
                "type": "get_attr",
                "value": "section"
              },
              {
                "type": "index",
                "value": {
                  "value": 0,
                  "type": "number"
                }
              },
              {
                "type": "get_attr",
                "value": "field"
              },
              {
                "type": "index",
                "value": {
                  "value": 7,
                  "type": "number"
                }
              },
              {
                "type": "get_attr",
                "value": "value"
              }
            ],
            [
              {
                "type": "get_attr",
                "value": "section_map"
              },
              {
                "type": "index",
                "value": {
                  "value": "secrets",
                  "type": "string"
                }
              },
              {
                "type": "get_attr",
                "value": "field_map"
              },
              {
                "type": "index",
                "value": {
                  "value": "admin_password",
                  "type": "string"
                }
              },
              {
                "type": "get_attr",
                "value": "value"
              }
            ],
            [
              {
                "type": "get_attr",
                "value": "section_map"
              },
              {
                "type": "index",
                "value": {
                  "value": "secrets",
                  "type": "string"
                }
              },
              {
                "type": "get_attr",
                "value": "field_map"
              },
              {
                "type": "index",
                "value": {
                  "value": "bootstrap",
                  "type": "string"
                }
              },
              {
                "type": "get_attr",
                "value": "value"
              }
            ],
            [
              {
                "type": "get_attr",
                "value": "section_map"
              },
              {
                "type": "index",
                "value": {
                  "value": "secrets",
                  "type": "string"
                }
              },
              {
                "type": "get_attr",
                "value": "field_map"
              },
              {
                "type": "index",
                "value": {
                  "value": "n8n_mcp_api_key",
                  "type": "string"
                }
              },
              {
                "type": "get_attr",
                "value": "value"
              }
            ],
            [
              {
                "type": "get_attr",
                "value": "section_map"
              },
              {
                "type": "index",
                "value": {
                  "value": "secrets",
                  "type": "string"
                }
              },
              {
                "type": "get_attr",
                "value": "field_map"
              },
              {
                "type": "index",
                "value": {
                  "value": "op_service_account_token",
                  "type": "string"
                }
              },
              {
                "type": "get_attr",
                "value": "value"
              }
            ],
            [
              {
                "type": "get_attr",
                "value": "section_map"
              },
              {
                "type": "index",
                "value": {
                  "value": "secrets",
                  "type": "string"
                }
              },
              {
                "type": "get_attr",
                "value": "field_map"
              },
              {
                "type": "index",
                "value": {
                  "value": "proxmox_token_name",
                  "type": "string"
                }
              },
              {
                "type": "get_attr",
                "value": "value"
              }
            ],
            [
              {
                "type": "get_attr",
                "value": "section_map"
              },
              {
                "type": "index",
                "value": {
                  "value": "secrets",
                  "type": "string"
                }
              },
              {
                "type": "get_attr",
                "value": "field_map"
              },
              {
                "type": "index",
                "value": {
                  "value": "proxmox_token_value",
                  "type": "string"
                }
              },
              {
                "type": "get_attr",
                "value": "value"
              }
            ],
            [
              {
                "type": "get_attr",
                "value": "section_map"
              },
              {
                "type": "index",
                "value": {
                  "value": "secrets",
                  "type": "string"
                }
              },
              {
                "type": "get_attr",
                "value": "field_map"
              },
              {
                "type": "index",
                "value": {
                  "value": "slack_mcp_xoxb_token",
                  "type": "string"
                }
              },
              {
                "type": "get_attr",
                "value": "value"
              }
            ],
            [
              {
                "type": "get_attr",
                "value": "section_map"
              },
              {
                "type": "index",
                "value": {
                  "value": "secrets",
                  "type": "string"
                }
              },
              {
                "type": "get_attr",
                "value": "field_map"
              },
              {
                "type": "index",
                "value": {
                  "value": "slack_mcp_xoxp_token",
                  "type": "string"
                }
              },
              {
                "type": "get_attr",
                "value": "value"
              }
            ]
          ],
          "identity_schema_version": 0
        }
      ]
    },
    {
      "module": "module.onepassword_secrets",
      "mode": "data",
      "type": "onepassword_item",
      "name": "n8n",
      "provider": "provider[\"registry.terraform.io/1password/onepassword\"]",
      "instances": [
        {
          "schema_version": 0,
          "attributes": {
            "category": "password",
            "credential": null,
            "database": null,
            "file": [],
            "filename": null,
            "hostname": null,
            "id": "vaults/glsrlcf5lapzbba6zk6sppkgnq/items/duehbg2cw5kx5hqzslnyt5zxce",
            "note_value": null,
            "password": "",
            "port": null,
            "private_key": null,
            "private_key_openssh": null,
            "public_key": null,
            "section": [
              {
                "field": [
                  {
                    "id": "i235ssles2q2ahkudrtijw4gfy",
                    "label": "bootstrap",
                    "type": "CONCEALED",
                    "value": "bootstrap"
                  },
                  {
                    "id": "5wxowzn23pmffkl5bz4jbedfoy",
                    "label": "api_key",
                    "type": "CONCEALED",
                    "value": "4IY4uc0ir8ZuSmDJHV2HRvnHEOLxW81swjJ6ZwMj"
                  },
                  {
                    "id": "znx6pk7jxka3oqgupxtqcx7uwq",
                    "label": "github_token",
                    "type": "CONCEALED",
                    "value": "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"
                  },
                  {
                    "id": "uyi2fpi3rxtdfaplmxf3rke7ce",
                    "label": "glitchtip_api_token",
                    "type": "CONCEALED",
                    "value": "4813c494717ae627ad589f17c55a21e30309ec2f5669be37d5b9cd64854bcb10"
                  }
                ],
                "file": [],
                "id": "Section_7xjyiknp2w7rfupdks7sgxpkqy",
                "label": "secrets"
              }
            ],
            "section_map": {
              "secrets": {
                "field_map": {
                  "api_key": {
                    "id": "5wxowzn23pmffkl5bz4jbedfoy",
                    "type": "CONCEALED",
                    "value": "4IY4uc0ir8ZuSmDJHV2HRvnHEOLxW81swjJ6ZwMj"
                  },
                  "bootstrap": {
                    "id": "i235ssles2q2ahkudrtijw4gfy",
                    "type": "CONCEALED",
                    "value": "bootstrap"
                  },
                  "github_token": {
                    "id": "znx6pk7jxka3oqgupxtqcx7uwq",
                    "type": "CONCEALED",
                    "value": "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"
                  },
                  "glitchtip_api_token": {
                    "id": "uyi2fpi3rxtdfaplmxf3rke7ce",
                    "type": "CONCEALED",
                    "value": "4813c494717ae627ad589f17c55a21e30309ec2f5669be37d5b9cd64854bcb10"
                  }
                },
                "file_map": {},
                "id": "Section_7xjyiknp2w7rfupdks7sgxpkqy"
              }
            },
            "tags": [],
            "title": "n8n",
            "type": null,
            "url": null,
            "username": null,
            "uuid": "duehbg2cw5kx5hqzslnyt5zxce",
            "valid_from": null,
            "vault": "glsrlcf5lapzbba6zk6sppkgnq"
          },
          "sensitive_attributes": [
            [
              {
                "type": "get_attr",
                "value": "credential"
              }
            ],
            [
              {
                "type": "get_attr",
                "value": "note_value"
              }
            ],
            [
              {
                "type": "get_attr",
                "value": "password"
              }
            ],
            [
              {
                "type": "get_attr",
                "value": "private_key"
              }
            ],
            [
              {
                "type": "get_attr",
                "value": "private_key_openssh"
              }
            ],
            [
              {
                "type": "get_attr",
                "value": "section"
              },
              {
                "type": "index",
                "value": {
                  "value": 0,
                  "type": "number"
                }
              },
              {
                "type": "get_attr",
                "value": "field"
              },
              {
                "type": "index",
                "value": {
                  "value": 0,
                  "type": "number"
                }
              },
              {
                "type": "get_attr",
                "value": "value"
              }
            ],
            [
              {
                "type": "get_attr",
                "value": "section"
              },
              {
                "type": "index",
                "value": {
                  "value": 0,
                  "type": "number"
                }
              },
              {
                "type": "get_attr",
                "value": "field"
              },
              {
                "type": "index",
                "value": {
                  "value": 1,
                  "type": "number"
                }
              },
              {
                "type": "get_attr",
                "value": "value"
              }
            ],
            [
              {
                "type": "get_attr",
                "value": "section"
              },
              {
                "type": "index",
                "value": {
                  "value": 0,
                  "type": "number"
                }
              },
              {
                "type": "get_attr",
                "value": "field"
              },
              {
                "type": "index",
                "value": {
                  "value": 2,
                  "type": "number"
                }
              },
              {
                "type": "get_attr",
                "value": "value"
              }
            ],
            [
              {
                "type": "get_attr",
                "value": "section"
              },
              {
                "type": "index",
                "value": {
                  "value": 0,
                  "type": "number"
                }
              },
              {
                "type": "get_attr",
                "value": "field"
              },
              {
                "type": "index",
                "value": {
                  "value": 3,
                  "type": "number"
                }
              },
              {
                "type": "get_attr",
                "value": "value"
              }
            ],
            [
              {
                "type": "get_attr",
                "value": "section_map"
              },
              {
                "type": "index",
                "value": {
                  "value": "secrets",
                  "type": "string"
                }
              },
              {
                "type": "get_attr",
                "value": "field_map"
              },
              {
                "type": "index",
                "value": {
                  "value": "api_key",
                  "type": "string"
                }
              },
              {
                "type": "get_attr",
                "value": "value"
              }
            ],
            [
              {
                "type": "get_attr",
                "value": "section_map"
              },
              {
                "type": "index",
                "value": {
                  "value": "secrets",
                  "type": "string"
                }
              },
              {
                "type": "get_attr",
                "value": "field_map"
              },
              {
                "type": "index",
                "value": {
                  "value": "bootstrap",
                  "type": "string"
                }
              },
              {
                "type": "get_attr",
                "value": "value"
              }
            ],
            [
              {
                "type": "get_attr",
                "value": "section_map"
              },
              {
                "type": "index",
                "value": {
                  "value": "secrets",
                  "type": "string"
                }
              },
              {
                "type": "get_attr",
                "value": "field_map"
              },
              {
                "type": "index",
                "value": {
                  "value": "github_token",
                  "type": "string"
                }
              },
              {
                "type": "get_attr",
                "value": "value"
              }
            ],
            [
              {
                "type": "get_attr",
                "value": "section_map"
              },
              {
                "type": "index",
                "value": {
                  "value": "secrets",
                  "type": "string"
                }
              },
              {
                "type": "get_attr",
                "value": "field_map"
              },
              {
                "type": "index",
                "value": {
                  "value": "glitchtip_api_token",
                  "type": "string"
                }
              },
              {
                "type": "get_attr",
                "value": "value"
              }
            ]
          ],
          "identity_schema_version": 0
        }
      ]
    },
    {
      "module": "module.onepassword_secrets",
      "mode": "data",
      "type": "onepassword_item",
      "name": "proxmox",
      "provider": "provider[\"registry.terraform.io/1password/onepassword\"]",
      "instances": [
        {
          "schema_version": 0,
          "attributes": {
            "category": "password",
            "credential": null,
            "database": null,
            "file": [],
            "filename": null,
            "hostname": null,
            "id": "vaults/glsrlcf5lapzbba6zk6sppkgnq/items/k4urtqv5j2v2bpmlzqw4fncct4",
            "note_value": null,
            "password": "",
            "port": null,
            "private_key": null,
            "private_key_openssh": null,
            "public_key": null,
            "section": [
              {
                "field": [
                  {
                    "id": "bwtjo62z3m2pit2tjtks7x5x5u",
                    "label": "bootstrap",
                    "type": "CONCEALED",
                    "value": "bootstrap"
                  },
                  {
                    "id": "lcevpkblfjfq3lqu3rcbskgsci",
                    "label": "api_token_value",
                    "type": "CONCEALED",
                    "value": "root@pam!terraform-api=0d925da9-a02c-427f-b8e9-1ab71c7a5150"
                  },
                  {
                    "id": "wn75qwfgirtdn2y5xi4fz6xj4q",
                    "label": "ssh_private_key",
                    "type": "CONCEALED",
                    "value": "-----BEGIN OPENSSH PRIVATE KEY-----\nb3BlbnNzaC1rZXktdjEAAAAABG5vbmUAAAAEbm9uZQAAAAAAAAABAAACFwAAAAdzc2gtcn\nNhAAAAAwEAAQAAAgEAxt2FLf52o5i7JrwR9/HDYvivEWpZKpae/LDPCYPDortHjhYUOkmp\n+CHRCSLWX0lryneQOJ98H0vKEz08jjNUN+H4WT9C9khtXeibYHRYCMFkTMc9Jz06cEBoNC\nN4HdVfpEofcU/+bhk3Emhnq9Ztkfra2piBTJ3kA1cT6WD+n3y6aEgOITZpla6231zHUnjl\nEeInjcWMjN2lQpgXAEfl6WCFOOZ0Vbwd8rGqi908s0hBKlEVZwaDpdoMr3QiiDrpwoCoAB\nRVJI6XmghTRn1I/1NPHQnrji/egEZIOXfrC8KcaTANgTT3q3PWCccN/nAtpxUzG84obs0w\n8KSeOf8AZdidUPokXOIP9rDeZNjJ63M9sFDzSnv5BNgkc1fcqDAoL8dgBQNrn48ktkYbXl\nnRhDMEaEqzlRa9j0xuFYAhSMnYYMZgoh4SFfdZYzf3d1bE5WzH5Au+vGc3mZMCAYOHUw2l\nLq9lQPu3E58W5QJciCOlKftTQvetABe/O+jpIuZOzU0m9Pvxm8ObUEg7oG+Fmf3Pe8sWK9\nTd4FQrEYVQA4ii54+5KbgB3MB24E0x7rNJPDrW4tyx3y3z8gCvQGQ4n6uiwdZBDu4SvGPc\nY4LKAboAw8dXLkSWPPVNw+8Z4RJpUkFMJgwC4cLqQ92UX7jzOyGSwNPc7xGoEl0ug59G+s\nsAAAdQ4vkjHOL5IxwAAAAHc3NoLXJzYQAAAgEAxt2FLf52o5i7JrwR9/HDYvivEWpZKpae\n/LDPCYPDortHjhYUOkmp+CHRCSLWX0lryneQOJ98H0vKEz08jjNUN+H4WT9C9khtXeibYH\nRYCMFkTMc9Jz06cEBoNCN4HdVfpEofcU/+bhk3Emhnq9Ztkfra2piBTJ3kA1cT6WD+n3y6\naEgOITZpla6231zHUnjlEeInjcWMjN2lQpgXAEfl6WCFOOZ0Vbwd8rGqi908s0hBKlEVZw\naDpdoMr3QiiDrpwoCoABRVJI6XmghTRn1I/1NPHQnrji/egEZIOXfrC8KcaTANgTT3q3PW\nCccN/nAtpxUzG84obs0w8KSeOf8AZdidUPokXOIP9rDeZNjJ63M9sFDzSnv5BNgkc1fcqD\nAoL8dgBQNrn48ktkYbXlnRhDMEaEqzlRa9j0xuFYAhSMnYYMZgoh4SFfdZYzf3d1bE5WzH\n5Au+vGc3mZMCAYOHUw2lLq9lQPu3E58W5QJciCOlKftTQvetABe/O+jpIuZOzU0m9Pvxm8\nObUEg7oG+Fmf3Pe8sWK9Td4FQrEYVQA4ii54+5KbgB3MB24E0x7rNJPDrW4tyx3y3z8gCv\nQGQ4n6uiwdZBDu4SvGPcY4LKAboAw8dXLkSWPPVNw+8Z4RJpUkFMJgwC4cLqQ92UX7jzOy\nGSwNPc7xGoEl0ug59G+ssAAAADAQABAAACAQC2UmAI1BSHVr62+5RpwuDEu4UeLWeEkUVA\nHQYkDgbuCk/HJ9zxt5m6YZ6ZhrQN9m152faCw010D/M7glgjc1HSTj137XUCAVMr1telLe\nWMWWoQrlYVxJ/wTEx9CMvWZkrigAalx5ZX8Iw6NzhdJiGcxeWiplFdIiDrIwmhXQj0xdDN\nTMqPjqhs0BrfW9tudGJn6/UhmK2MdKVQEcp8um5CcfiSO08LT4YRfOwEgRhmsmb0WhSKOU\nG3a9tXfN0wEvtAFN5x/DI3avf5A4r9xF2JoSKWWAL7gE25QzZyYcxAIvNtyN2IyTwMmA3z\nNulQjh584gXSh0cwlrU422Qpfe4o1Bs9IVG9oB0tjfZveEfHk+mcKrKU0+ZfV0SUapgXw5\n92+4MRAKQVasOtvTbQ40Zf7iLG7uiUQ21dBz/rDk88AwZlhKsSx/pVcSVcnXKW5+IihCo4\n56MO/gGXqzHdv+r3w9e5Jb6MRFG0itx29ZTld3BOda2Ma86fAnGUrnlKR1h3m8jDlRvLU/\nDYxLXBPkpRs1syAsvD2osHM+kVDBK8lpkxYd9yDA04taYY9gP+oUE9bM9F85TO2GMfu/FF\n5W1JBGqf1QlYGEDBgof8vxLpJfehWG65JHZd7HTTY+81CYscOuCaJhATub181RiYMuTU/R\nWpyie1nMiCHulnZlR68QAAAQEAkc4awJyCdOHg3utxQ/qAp/VAy1Ajn1ODBbavXqBisMgz\ncili7a0otuliOE+gn3wGknvlA1TXocZjJr71oZB6ShTBvqouOXmVcnr52wCVmPhsoml7cJ\nwiR96GHlZDLqEP2Gd6TWQBwiYU3mo4TsAAVxhsKo5M9ISwM2qCsdMcQ+8ZKo7ixRTT7sDS\n30dOZ4jYuSjLZz1yG96O6mvC6Y+trfIf++5hc0UXJFfvOkYXcAu5rhryVNxjx/gOpu6I84\nCTDZmPQpdLItFzwLiJudc5xcrUSYfksw2XTN0v0+AV3EBoY05NE2ypQaK7LTZEzK15PLyu\noeQyqSjUN2bC4zUPzwAAAQEA424l1Iecdu3/OOmASIrC9tY4pWddh0qbEfysAZzKYuVu55\nFToZ5LVYReq2xDaLrcwHuh4BEg23KqDbOLUQ9BTOgbU7CqGvpy5IoCL2w7ri7//fJ7XNuJ\ntXO4n4ie2TG5fgZ+FTD8TR28nhrTJXroWmzgXKA+eNMBTv4mdGO4mNPctCUjI4PMDUKffT\nfm38yuduucyONi29nHrt20psm795Dcw13H2U8DEe7xN4/YPcsIb8zOB2LFBMp7mRfN25xZ\n+mBRBbNAmxG3b26m+HAkH8eBLAKA55WOiDXLsgXhVwviCkWy0N8c6G1rGZQUV7HKz9r/m7\nhZDsDPdvaFhubfAwAAAQEA39jDDq2J699r2fN/bQKelERkw64L+JvXDnZ/2e9Ul/nw3+ai\nrPNhZTZRirRLVFAuJSMMRnJly+vX172ttlk10kBux7SrraujAe0QWcJXwWDCnAo/vB3tmo\n4Uw/hZIqA/WOPXBdILLUazhWI7YNInUuLWOIZqtw2n+2o1gfWU6ABprfJPOCNeJouPO+KM\nKgkl0n7WVGiAFJ3rPYzkqdR420MDkmvwgD1DHsG/goOGAn2XFBFgaK9rotDdz1RTe8J1WD\nbAscUmpzC/ebhqZ1sNq+BcXKxzx7MQVPmrMdLAdD3dIA+k+sTnFHPhQ1qVoLniDYcjIjYZ\nIVHKUClM8qXmmQAAABVueHRcZXc1MTAxQFBFVzUxMDFEMDEBAgME\n-----END OPENSSH PRIVATE KEY-----"
                  }
                ],
                "file": [],
                "id": "Section_y2t5qyi2frwc5wav34463kjz6i",
                "label": "secrets"
              }
            ],
            "section_map": {
              "secrets": {
                "field_map": {
                  "api_token_value": {
                    "id": "lcevpkblfjfq3lqu3rcbskgsci",
                    "type": "CONCEALED",
                    "value": "root@pam!terraform-api=0d925da9-a02c-427f-b8e9-1ab71c7a5150"
                  },
                  "bootstrap": {
                    "id": "bwtjo62z3m2pit2tjtks7x5x5u",
                    "type": "CONCEALED",
                    "value": "bootstrap"
                  },
                  "ssh_private_key": {
                    "id": "wn75qwfgirtdn2y5xi4fz6xj4q",
                    "type": "CONCEALED",
                    "value": "-----BEGIN OPENSSH PRIVATE KEY-----\nb3BlbnNzaC1rZXktdjEAAAAABG5vbmUAAAAEbm9uZQAAAAAAAAABAAACFwAAAAdzc2gtcn\nNhAAAAAwEAAQAAAgEAxt2FLf52o5i7JrwR9/HDYvivEWpZKpae/LDPCYPDortHjhYUOkmp\n+CHRCSLWX0lryneQOJ98H0vKEz08jjNUN+H4WT9C9khtXeibYHRYCMFkTMc9Jz06cEBoNC\nN4HdVfpEofcU/+bhk3Emhnq9Ztkfra2piBTJ3kA1cT6WD+n3y6aEgOITZpla6231zHUnjl\nEeInjcWMjN2lQpgXAEfl6WCFOOZ0Vbwd8rGqi908s0hBKlEVZwaDpdoMr3QiiDrpwoCoAB\nRVJI6XmghTRn1I/1NPHQnrji/egEZIOXfrC8KcaTANgTT3q3PWCccN/nAtpxUzG84obs0w\n8KSeOf8AZdidUPokXOIP9rDeZNjJ63M9sFDzSnv5BNgkc1fcqDAoL8dgBQNrn48ktkYbXl\nnRhDMEaEqzlRa9j0xuFYAhSMnYYMZgoh4SFfdZYzf3d1bE5WzH5Au+vGc3mZMCAYOHUw2l\nLq9lQPu3E58W5QJciCOlKftTQvetABe/O+jpIuZOzU0m9Pvxm8ObUEg7oG+Fmf3Pe8sWK9\nTd4FQrEYVQA4ii54+5KbgB3MB24E0x7rNJPDrW4tyx3y3z8gCvQGQ4n6uiwdZBDu4SvGPc\nY4LKAboAw8dXLkSWPPVNw+8Z4RJpUkFMJgwC4cLqQ92UX7jzOyGSwNPc7xGoEl0ug59G+s\nsAAAdQ4vkjHOL5IxwAAAAHc3NoLXJzYQAAAgEAxt2FLf52o5i7JrwR9/HDYvivEWpZKpae\n/LDPCYPDortHjhYUOkmp+CHRCSLWX0lryneQOJ98H0vKEz08jjNUN+H4WT9C9khtXeibYH\nRYCMFkTMc9Jz06cEBoNCN4HdVfpEofcU/+bhk3Emhnq9Ztkfra2piBTJ3kA1cT6WD+n3y6\naEgOITZpla6231zHUnjlEeInjcWMjN2lQpgXAEfl6WCFOOZ0Vbwd8rGqi908s0hBKlEVZw\naDpdoMr3QiiDrpwoCoABRVJI6XmghTRn1I/1NPHQnrji/egEZIOXfrC8KcaTANgTT3q3PW\nCccN/nAtpxUzG84obs0w8KSeOf8AZdidUPokXOIP9rDeZNjJ63M9sFDzSnv5BNgkc1fcqD\nAoL8dgBQNrn48ktkYbXlnRhDMEaEqzlRa9j0xuFYAhSMnYYMZgoh4SFfdZYzf3d1bE5WzH\n5Au+vGc3mZMCAYOHUw2lLq9lQPu3E58W5QJciCOlKftTQvetABe/O+jpIuZOzU0m9Pvxm8\nObUEg7oG+Fmf3Pe8sWK9Td4FQrEYVQA4ii54+5KbgB3MB24E0x7rNJPDrW4tyx3y3z8gCv\nQGQ4n6uiwdZBDu4SvGPcY4LKAboAw8dXLkSWPPVNw+8Z4RJpUkFMJgwC4cLqQ92UX7jzOy\nGSwNPc7xGoEl0ug59G+ssAAAADAQABAAACAQC2UmAI1BSHVr62+5RpwuDEu4UeLWeEkUVA\nHQYkDgbuCk/HJ9zxt5m6YZ6ZhrQN9m152faCw010D/M7glgjc1HSTj137XUCAVMr1telLe\nWMWWoQrlYVxJ/wTEx9CMvWZkrigAalx5ZX8Iw6NzhdJiGcxeWiplFdIiDrIwmhXQj0xdDN\nTMqPjqhs0BrfW9tudGJn6/UhmK2MdKVQEcp8um5CcfiSO08LT4YRfOwEgRhmsmb0WhSKOU\nG3a9tXfN0wEvtAFN5x/DI3avf5A4r9xF2JoSKWWAL7gE25QzZyYcxAIvNtyN2IyTwMmA3z\nNulQjh584gXSh0cwlrU422Qpfe4o1Bs9IVG9oB0tjfZveEfHk+mcKrKU0+ZfV0SUapgXw5\n92+4MRAKQVasOtvTbQ40Zf7iLG7uiUQ21dBz/rDk88AwZlhKsSx/pVcSVcnXKW5+IihCo4\n56MO/gGXqzHdv+r3w9e5Jb6MRFG0itx29ZTld3BOda2Ma86fAnGUrnlKR1h3m8jDlRvLU/\nDYxLXBPkpRs1syAsvD2osHM+kVDBK8lpkxYd9yDA04taYY9gP+oUE9bM9F85TO2GMfu/FF\n5W1JBGqf1QlYGEDBgof8vxLpJfehWG65JHZd7HTTY+81CYscOuCaJhATub181RiYMuTU/R\nWpyie1nMiCHulnZlR68QAAAQEAkc4awJyCdOHg3utxQ/qAp/VAy1Ajn1ODBbavXqBisMgz\ncili7a0otuliOE+gn3wGknvlA1TXocZjJr71oZB6ShTBvqouOXmVcnr52wCVmPhsoml7cJ\nwiR96GHlZDLqEP2Gd6TWQBwiYU3mo4TsAAVxhsKo5M9ISwM2qCsdMcQ+8ZKo7ixRTT7sDS\n30dOZ4jYuSjLZz1yG96O6mvC6Y+trfIf++5hc0UXJFfvOkYXcAu5rhryVNxjx/gOpu6I84\nCTDZmPQpdLItFzwLiJudc5xcrUSYfksw2XTN0v0+AV3EBoY05NE2ypQaK7LTZEzK15PLyu\noeQyqSjUN2bC4zUPzwAAAQEA424l1Iecdu3/OOmASIrC9tY4pWddh0qbEfysAZzKYuVu55\nFToZ5LVYReq2xDaLrcwHuh4BEg23KqDbOLUQ9BTOgbU7CqGvpy5IoCL2w7ri7//fJ7XNuJ\ntXO4n4ie2TG5fgZ+FTD8TR28nhrTJXroWmzgXKA+eNMBTv4mdGO4mNPctCUjI4PMDUKffT\nfm38yuduucyONi29nHrt20psm795Dcw13H2U8DEe7xN4/YPcsIb8zOB2LFBMp7mRfN25xZ\n+mBRBbNAmxG3b26m+HAkH8eBLAKA55WOiDXLsgXhVwviCkWy0N8c6G1rGZQUV7HKz9r/m7\nhZDsDPdvaFhubfAwAAAQEA39jDDq2J699r2fN/bQKelERkw64L+JvXDnZ/2e9Ul/nw3+ai\nrPNhZTZRirRLVFAuJSMMRnJly+vX172ttlk10kBux7SrraujAe0QWcJXwWDCnAo/vB3tmo\n4Uw/hZIqA/WOPXBdILLUazhWI7YNInUuLWOIZqtw2n+2o1gfWU6ABprfJPOCNeJouPO+KM\nKgkl0n7WVGiAFJ3rPYzkqdR420MDkmvwgD1DHsG/goOGAn2XFBFgaK9rotDdz1RTe8J1WD\nbAscUmpzC/ebhqZ1sNq+BcXKxzx7MQVPmrMdLAdD3dIA+k+sTnFHPhQ1qVoLniDYcjIjYZ\nIVHKUClM8qXmmQAAABVueHRcZXc1MTAxQFBFVzUxMDFEMDEBAgME\n-----END OPENSSH PRIVATE KEY-----"
                  }
                },
                "file_map": {},
                "id": "Section_y2t5qyi2frwc5wav34463kjz6i"
              }
            },
            "tags": [],
            "title": "proxmox",
            "type": null,
            "url": null,
            "username": null,
            "uuid": "k4urtqv5j2v2bpmlzqw4fncct4",
            "valid_from": null,
            "vault": "glsrlcf5lapzbba6zk6sppkgnq"
          },
          "sensitive_attributes": [
            [
              {
                "type": "get_attr",
                "value": "credential"
              }
            ],
            [
              {
                "type": "get_attr",
                "value": "note_value"
              }
            ],
            [
              {
                "type": "get_attr",
                "value": "password"
              }
            ],
            [
              {
                "type": "get_attr",
                "value": "private_key"
              }
            ],
            [
              {
                "type": "get_attr",
                "value": "private_key_openssh"
              }
            ],
            [
              {
                "type": "get_attr",
                "value": "section"
              },
              {
                "type": "index",
                "value": {
                  "value": 0,
                  "type": "number"
                }
              },
              {
                "type": "get_attr",
                "value": "field"
              },
              {
                "type": "index",
                "value": {
                  "value": 0,
                  "type": "number"
                }
              },
              {
                "type": "get_attr",
                "value": "value"
              }
            ],
            [
              {
                "type": "get_attr",
                "value": "section"
              },
              {
                "type": "index",
                "value": {
                  "value": 0,
                  "type": "number"
                }
              },
              {
                "type": "get_attr",
                "value": "field"
              },
              {
                "type": "index",
                "value": {
                  "value": 1,
                  "type": "number"
                }
              },
              {
                "type": "get_attr",
                "value": "value"
              }
            ],
            [
              {
                "type": "get_attr",
                "value": "section"
              },
              {
                "type": "index",
                "value": {
                  "value": 0,
                  "type": "number"
                }
              },
              {
                "type": "get_attr",
                "value": "field"
              },
              {
                "type": "index",
                "value": {
                  "value": 2,
                  "type": "number"
                }
              },
              {
                "type": "get_attr",
                "value": "value"
              }
            ],
            [
              {
                "type": "get_attr",
                "value": "section_map"
              },
              {
                "type": "index",
                "value": {
                  "value": "secrets",
                  "type": "string"
                }
              },
              {
                "type": "get_attr",
                "value": "field_map"
              },
              {
                "type": "index",
                "value": {
                  "value": "api_token_value",
                  "type": "string"
                }
              },
              {
                "type": "get_attr",
                "value": "value"
              }
            ],
            [
              {
                "type": "get_attr",
                "value": "section_map"
              },
              {
                "type": "index",
                "value": {
                  "value": "secrets",
                  "type": "string"
                }
              },
              {
                "type": "get_attr",
                "value": "field_map"
              },
              {
                "type": "index",
                "value": {
                  "value": "bootstrap",
                  "type": "string"
                }
              },
              {
                "type": "get_attr",
                "value": "value"
              }
            ],
            [
              {
                "type": "get_attr",
                "value": "section_map"
              },
              {
                "type": "index",
                "value": {
                  "value": "secrets",
                  "type": "string"
                }
              },
              {
                "type": "get_attr",
                "value": "field_map"
              },
              {
                "type": "index",
                "value": {
                  "value": "ssh_private_key",
                  "type": "string"
                }
              },
              {
                "type": "get_attr",
                "value": "value"
              }
            ]
          ],
          "identity_schema_version": 0
        }
      ]
    },
    {
      "module": "module.onepassword_secrets",
      "mode": "data",
      "type": "onepassword_item",
      "name": "splunk",
      "provider": "provider[\"registry.terraform.io/1password/onepassword\"]",
      "instances": [
        {
          "schema_version": 0,
          "attributes": {
            "category": "password",
            "credential": null,
            "database": null,
            "file": [],
            "filename": null,
            "hostname": null,
            "id": "vaults/glsrlcf5lapzbba6zk6sppkgnq/items/ca2vx5zbrnws2al4dcic4vnxqu",
            "note_value": null,
            "password": "",
            "port": null,
            "private_key": null,
            "private_key_openssh": null,
            "public_key": null,
            "section": [
              {
                "field": [
                  {
                    "id": "pvdzxdwvqt4geuvgjo22sipn2y",
                    "label": "bootstrap",
                    "type": "CONCEALED",
                    "value": "bootstrap"
                  },
                  {
                    "id": "pk775ichvh3zptyzwfnmufs5ua",
                    "label": "username",
                    "type": "CONCEALED",
                    "value": "placeholder"
                  },
                  {
                    "id": "lncuwdzyed2w34vzytasxzjtta",
                    "label": "host",
                    "type": "CONCEALED",
                    "value": "placeholder"
                  },
                  {
                    "id": "ttp2ygukvsw4oas2hnxdbhn2jq",
                    "label": "port",
                    "type": "CONCEALED",
                    "value": "8088"
                  }
                ],
                "file": [],
                "id": "Section_ppuzl5ahkkikr5v7fys4qhbijq",
                "label": "secrets"
              }
            ],
            "section_map": {
              "secrets": {
                "field_map": {
                  "bootstrap": {
                    "id": "pvdzxdwvqt4geuvgjo22sipn2y",
                    "type": "CONCEALED",
                    "value": "bootstrap"
                  },
                  "host": {
                    "id": "lncuwdzyed2w34vzytasxzjtta",
                    "type": "CONCEALED",
                    "value": "placeholder"
                  },
                  "port": {
                    "id": "ttp2ygukvsw4oas2hnxdbhn2jq",
                    "type": "CONCEALED",
                    "value": "8088"
                  },
                  "username": {
                    "id": "pk775ichvh3zptyzwfnmufs5ua",
                    "type": "CONCEALED",
                    "value": "placeholder"
                  }
                },
                "file_map": {},
                "id": "Section_ppuzl5ahkkikr5v7fys4qhbijq"
              }
            },
            "tags": [],
            "title": "splunk",
            "type": null,
            "url": null,
            "username": null,
            "uuid": "ca2vx5zbrnws2al4dcic4vnxqu",
            "valid_from": null,
            "vault": "glsrlcf5lapzbba6zk6sppkgnq"
          },
          "sensitive_attributes": [
            [
              {
                "type": "get_attr",
                "value": "credential"
              }
            ],
            [
              {
                "type": "get_attr",
                "value": "note_value"
              }
            ],
            [
              {
                "type": "get_attr",
                "value": "password"
              }
            ],
            [
              {
                "type": "get_attr",
                "value": "private_key"
              }
            ],
            [
              {
                "type": "get_attr",
                "value": "private_key_openssh"
              }
            ],
            [
              {
                "type": "get_attr",
                "value": "section"
              },
              {
                "type": "index",
                "value": {
                  "value": 0,
                  "type": "number"
                }
              },
              {
                "type": "get_attr",
                "value": "field"
              },
              {
                "type": "index",
                "value": {
                  "value": 0,
                  "type": "number"
                }
              },
              {
                "type": "get_attr",
                "value": "value"
              }
            ],
            [
              {
                "type": "get_attr",
                "value": "section"
              },
              {
                "type": "index",
                "value": {
                  "value": 0,
                  "type": "number"
                }
              },
              {
                "type": "get_attr",
                "value": "field"
              },
              {
                "type": "index",
                "value": {
                  "value": 1,
                  "type": "number"
                }
              },
              {
                "type": "get_attr",
                "value": "value"
              }
            ],
            [
              {
                "type": "get_attr",
                "value": "section"
              },
              {
                "type": "index",
                "value": {
                  "value": 0,
                  "type": "number"
                }
              },
              {
                "type": "get_attr",
                "value": "field"
              },
              {
                "type": "index",
                "value": {
                  "value": 2,
                  "type": "number"
                }
              },
              {
                "type": "get_attr",
                "value": "value"
              }
            ],
            [
              {
                "type": "get_attr",
                "value": "section"
              },
              {
                "type": "index",
                "value": {
                  "value": 0,
                  "type": "number"
                }
              },
              {
                "type": "get_attr",
                "value": "field"
              },
              {
                "type": "index",
                "value": {
                  "value": 3,
                  "type": "number"
                }
              },
              {
                "type": "get_attr",
                "value": "value"
              }
            ],
            [
              {
                "type": "get_attr",
                "value": "section_map"
              },
              {
                "type": "index",
                "value": {
                  "value": "secrets",
                  "type": "string"
                }
              },
              {
                "type": "get_attr",
                "value": "field_map"
              },
              {
                "type": "index",
                "value": {
                  "value": "bootstrap",
                  "type": "string"
                }
              },
              {
                "type": "get_attr",
                "value": "value"
              }
            ],
            [
              {
                "type": "get_attr",
                "value": "section_map"
              },
              {
                "type": "index",
                "value": {
                  "value": "secrets",
                  "type": "string"
                }
              },
              {
                "type": "get_attr",
                "value": "field_map"
              },
              {
                "type": "index",
                "value": {
                  "value": "host",
                  "type": "string"
                }
              },
              {
                "type": "get_attr",
                "value": "value"
              }
            ],
            [
              {
                "type": "get_attr",
                "value": "section_map"
              },
              {
                "type": "index",
                "value": {
                  "value": "secrets",
                  "type": "string"
                }
              },
              {
                "type": "get_attr",
                "value": "field_map"
              },
              {
                "type": "index",
                "value": {
                  "value": "port",
                  "type": "string"
                }
              },
              {
                "type": "get_attr",
                "value": "value"
              }
            ],
            [
              {
                "type": "get_attr",
                "value": "section_map"
              },
              {
                "type": "index",
                "value": {
                  "value": "secrets",
                  "type": "string"
                }
              },
              {
                "type": "get_attr",
                "value": "field_map"
              },
              {
                "type": "index",
                "value": {
                  "value": "username",
                  "type": "string"
                }
              },
              {
                "type": "get_attr",
                "value": "value"
              }
            ]
          ],
          "identity_schema_version": 0
        }
      ]
    },
    {
      "module": "module.onepassword_secrets",
      "mode": "data",
      "type": "onepassword_item",
      "name": "supabase",
      "provider": "provider[\"registry.terraform.io/1password/onepassword\"]",
      "instances": [
        {
          "schema_version": 0,
          "attributes": {
            "category": "password",
            "credential": null,
            "database": null,
            "file": [],
            "filename": null,
            "hostname": null,
            "id": "vaults/glsrlcf5lapzbba6zk6sppkgnq/items/rhnkkphea4g7mbfg4spqfhjc7e",
            "note_value": null,
            "password": "",
            "port": null,
            "private_key": null,
            "private_key_openssh": null,
            "public_key": null,
            "section": [
              {
                "field": [
                  {
                    "id": "enjwqxzxh24qh2qr27t65l2kwq",
                    "label": "bootstrap",
                    "type": "CONCEALED",
                    "value": "bootstrap"
                  },
                  {
                    "id": "anysevbf363fcgf26pngapjxee",
                    "label": "service_key",
                    "type": "CONCEALED",
                    "value": "eyJhbGciOiAiSFMyNTYiLCAidHlwIjogIkpXVCJ9.eyJyb2xlIjogInNlcnZpY2Vfcm9sZSIsICJpc3MiOiAic3VwYWJhc2UiLCAiaWF0IjogMTc3MTYwMDgwMCwgImV4cCI6IDIwODY5NjA4MDB9.vLTEQu-8UATji7axVljZzlmPUrbqbFmx7fjXaQc580Y"
                  },
                  {
                    "id": "wwm2tdxfjpb42543k74q3zjj6e",
                    "label": "anon_key",
                    "type": "CONCEALED",
                    "value": "eyJhbGciOiAiSFMyNTYiLCAidHlwIjogIkpXVCJ9.eyJyb2xlIjogImFub24iLCAiaXNzIjogInN1cGFiYXNlIiwgImlhdCI6IDE3NzE2MDA4MDAsICJleHAiOiAyMDg2OTYwODAwfQ.TiwflrKfacFVLlR2k7owaIPfJ8C75bwqRXqP0pzJY3o"
                  },
                  {
                    "id": "7xlrjtvqg64ozavhrbr3c3keuy",
                    "label": "service_role_key",
                    "type": "CONCEALED",
                    "value": "eyJhbGciOiAiSFMyNTYiLCAidHlwIjogIkpXVCJ9.eyJyb2xlIjogInNlcnZpY2Vfcm9sZSIsICJpc3MiOiAic3VwYWJhc2UiLCAiaWF0IjogMTc3MTYwMDgwMCwgImV4cCI6IDIwODY5NjA4MDB9.vLTEQu-8UATji7axVljZzlmPUrbqbFmx7fjXaQc580Y"
                  },
                  {
                    "id": "potmdgghb5pocglbcy3ehp7qbq",
                    "label": "db_password",
                    "type": "CONCEALED",
                    "value": "xaBI7AtdjCSRXO/B4JzKRzTw"
                  },
                  {
                    "id": "cyn4zkbche2g7nh56bktcempay",
                    "label": "jwt_secret",
                    "type": "CONCEALED",
                    "value": "cwCVl7uY4WJUyZo/IpYauD9G8kqvbfhbolfNZVQNeME="
                  },
                  {
                    "id": "g3347e6mxixsjrroznyk3pq63y",
                    "label": "dashboard_password",
                    "type": "CONCEALED",
                    "value": "NUIU83I8A28gPocspX3F0C2Y"
                  },
                  {
                    "id": "uhmeplwgpdcqaxtypga5udmbw4",
                    "label": "url",
                    "type": "CONCEALED",
                    "value": "https://placeholder.supabase.local"
                  },
                  {
                    "id": "44yrp2o4hfoqbjugsj2wt3gt5a",
                    "label": "dashboard_username",
                    "type": "CONCEALED",
                    "value": "placeholder"
                  }
                ],
                "file": [],
                "id": "Section_bmmkn7oarryf2qn3yqebtu2ela",
                "label": "secrets"
              }
            ],
            "section_map": {
              "secrets": {
                "field_map": {
                  "anon_key": {
                    "id": "wwm2tdxfjpb42543k74q3zjj6e",
                    "type": "CONCEALED",
                    "value": "eyJhbGciOiAiSFMyNTYiLCAidHlwIjogIkpXVCJ9.eyJyb2xlIjogImFub24iLCAiaXNzIjogInN1cGFiYXNlIiwgImlhdCI6IDE3NzE2MDA4MDAsICJleHAiOiAyMDg2OTYwODAwfQ.TiwflrKfacFVLlR2k7owaIPfJ8C75bwqRXqP0pzJY3o"
                  },
                  "bootstrap": {
                    "id": "enjwqxzxh24qh2qr27t65l2kwq",
                    "type": "CONCEALED",
                    "value": "bootstrap"
                  },
                  "dashboard_password": {
                    "id": "g3347e6mxixsjrroznyk3pq63y",
                    "type": "CONCEALED",
                    "value": "NUIU83I8A28gPocspX3F0C2Y"
                  },
                  "dashboard_username": {
                    "id": "44yrp2o4hfoqbjugsj2wt3gt5a",
                    "type": "CONCEALED",
                    "value": "placeholder"
                  },
                  "db_password": {
                    "id": "potmdgghb5pocglbcy3ehp7qbq",
                    "type": "CONCEALED",
                    "value": "xaBI7AtdjCSRXO/B4JzKRzTw"
                  },
                  "jwt_secret": {
                    "id": "cyn4zkbche2g7nh56bktcempay",
                    "type": "CONCEALED",
                    "value": "cwCVl7uY4WJUyZo/IpYauD9G8kqvbfhbolfNZVQNeME="
                  },
                  "service_key": {
                    "id": "anysevbf363fcgf26pngapjxee",
                    "type": "CONCEALED",
                    "value": "eyJhbGciOiAiSFMyNTYiLCAidHlwIjogIkpXVCJ9.eyJyb2xlIjogInNlcnZpY2Vfcm9sZSIsICJpc3MiOiAic3VwYWJhc2UiLCAiaWF0IjogMTc3MTYwMDgwMCwgImV4cCI6IDIwODY5NjA4MDB9.vLTEQu-8UATji7axVljZzlmPUrbqbFmx7fjXaQc580Y"
                  },
                  "service_role_key": {
                    "id": "7xlrjtvqg64ozavhrbr3c3keuy",
                    "type": "CONCEALED",
                    "value": "eyJhbGciOiAiSFMyNTYiLCAidHlwIjogIkpXVCJ9.eyJyb2xlIjogInNlcnZpY2Vfcm9sZSIsICJpc3MiOiAic3VwYWJhc2UiLCAiaWF0IjogMTc3MTYwMDgwMCwgImV4cCI6IDIwODY5NjA4MDB9.vLTEQu-8UATji7axVljZzlmPUrbqbFmx7fjXaQc580Y"
                  },
                  "url": {
                    "id": "uhmeplwgpdcqaxtypga5udmbw4",
                    "type": "CONCEALED",
                    "value": "https://placeholder.supabase.local"
                  }
                },
                "file_map": {},
                "id": "Section_bmmkn7oarryf2qn3yqebtu2ela"
              }
            },
            "tags": [],
            "title": "supabase",
            "type": null,
            "url": null,
            "username": null,
            "uuid": "rhnkkphea4g7mbfg4spqfhjc7e",
            "valid_from": null,
            "vault": "glsrlcf5lapzbba6zk6sppkgnq"
          },
          "sensitive_attributes": [
            [
              {
                "type": "get_attr",
                "value": "credential"
              }
            ],
            [
              {
                "type": "get_attr",
                "value": "note_value"
              }
            ],
            [
              {
                "type": "get_attr",
                "value": "password"
              }
            ],
            [
              {
                "type": "get_attr",
                "value": "private_key"
              }
            ],
            [
              {
                "type": "get_attr",
                "value": "private_key_openssh"
              }
            ],
            [
              {
                "type": "get_attr",
                "value": "section"
              },
              {
                "type": "index",
                "value": {
                  "value": 0,
                  "type": "number"
                }
              },
              {
                "type": "get_attr",
                "value": "field"
              },
              {
                "type": "index",
                "value": {
                  "value": 0,
                  "type": "number"
                }
              },
              {
                "type": "get_attr",
                "value": "value"
              }
            ],
            [
              {
                "type": "get_attr",
                "value": "section"
              },
              {
                "type": "index",
                "value": {
                  "value": 0,
                  "type": "number"
                }
              },
              {
                "type": "get_attr",
                "value": "field"
              },
              {
                "type": "index",
                "value": {
                  "value": 1,
                  "type": "number"
                }
              },
              {
                "type": "get_attr",
                "value": "value"
              }
            ],
            [
              {
                "type": "get_attr",
                "value": "section"
              },
              {
                "type": "index",
                "value": {
                  "value": 0,
                  "type": "number"
                }
              },
              {
                "type": "get_attr",
                "value": "field"
              },
              {
                "type": "index",
                "value": {
                  "value": 2,
                  "type": "number"
                }
              },
              {
                "type": "get_attr",
                "value": "value"
              }
            ],
            [
              {
                "type": "get_attr",
                "value": "section"
              },
              {
                "type": "index",
                "value": {
                  "value": 0,
                  "type": "number"
                }
              },
              {
                "type": "get_attr",
                "value": "field"
              },
              {
                "type": "index",
                "value": {
                  "value": 3,
                  "type": "number"
                }
              },
              {
                "type": "get_attr",
                "value": "value"
              }
            ],
            [
              {
                "type": "get_attr",
                "value": "section"
              },
              {
                "type": "index",
                "value": {
                  "value": 0,
                  "type": "number"
                }
              },
              {
                "type": "get_attr",
                "value": "field"
              },
              {
                "type": "index",
                "value": {
                  "value": 4,
                  "type": "number"
                }
              },
              {
                "type": "get_attr",
                "value": "value"
              }
            ],
            [
              {
                "type": "get_attr",
                "value": "section"
              },
              {
                "type": "index",
                "value": {
                  "value": 0,
                  "type": "number"
                }
              },
              {
                "type": "get_attr",
                "value": "field"
              },
              {
                "type": "index",
                "value": {
                  "value": 5,
                  "type": "number"
                }
              },
              {
                "type": "get_attr",
                "value": "value"
              }
            ],
            [
              {
                "type": "get_attr",
                "value": "section"
              },
              {
                "type": "index",
                "value": {
                  "value": 0,
                  "type": "number"
                }
              },
              {
                "type": "get_attr",
                "value": "field"
              },
              {
                "type": "index",
                "value": {
                  "value": 6,
                  "type": "number"
                }
              },
              {
                "type": "get_attr",
                "value": "value"
              }
            ],
            [
              {
                "type": "get_attr",
                "value": "section"
              },
              {
                "type": "index",
                "value": {
                  "value": 0,
                  "type": "number"
                }
              },
              {
                "type": "get_attr",
                "value": "field"
              },
              {
                "type": "index",
                "value": {
                  "value": 7,
                  "type": "number"
                }
              },
              {
                "type": "get_attr",
                "value": "value"
              }
            ],
            [
              {
                "type": "get_attr",
                "value": "section"
              },
              {
                "type": "index",
                "value": {
                  "value": 0,
                  "type": "number"
                }
              },
              {
                "type": "get_attr",
                "value": "field"
              },
              {
                "type": "index",
                "value": {
                  "value": 8,
                  "type": "number"
                }
              },
              {
                "type": "get_attr",
                "value": "value"
              }
            ],
            [
              {
                "type": "get_attr",
                "value": "section_map"
              },
              {
                "type": "index",
                "value": {
                  "value": "secrets",
                  "type": "string"
                }
              },
              {
                "type": "get_attr",
                "value": "field_map"
              },
              {
                "type": "index",
                "value": {
                  "value": "anon_key",
                  "type": "string"
                }
              },
              {
                "type": "get_attr",
                "value": "value"
              }
            ],
            [
              {
                "type": "get_attr",
                "value": "section_map"
              },
              {
                "type": "index",
                "value": {
                  "value": "secrets",
                  "type": "string"
                }
              },
              {
                "type": "get_attr",
                "value": "field_map"
              },
              {
                "type": "index",
                "value": {
                  "value": "bootstrap",
                  "type": "string"
                }
              },
              {
                "type": "get_attr",
                "value": "value"
              }
            ],
            [
              {
                "type": "get_attr",
                "value": "section_map"
              },
              {
                "type": "index",
                "value": {
                  "value": "secrets",
                  "type": "string"
                }
              },
              {
                "type": "get_attr",
                "value": "field_map"
              },
              {
                "type": "index",
                "value": {
                  "value": "dashboard_password",
                  "type": "string"
                }
              },
              {
                "type": "get_attr",
                "value": "value"
              }
            ],
            [
              {
                "type": "get_attr",
                "value": "section_map"
              },
              {
                "type": "index",
                "value": {
                  "value": "secrets",
                  "type": "string"
                }
              },
              {
                "type": "get_attr",
                "value": "field_map"
              },
              {
                "type": "index",
                "value": {
                  "value": "dashboard_username",
                  "type": "string"
                }
              },
              {
                "type": "get_attr",
                "value": "value"
              }
            ],
            [
              {
                "type": "get_attr",
                "value": "section_map"
              },
              {
                "type": "index",
                "value": {
                  "value": "secrets",
                  "type": "string"
                }
              },
              {
                "type": "get_attr",
                "value": "field_map"
              },
              {
                "type": "index",
                "value": {
                  "value": "db_password",
                  "type": "string"
                }
              },
              {
                "type": "get_attr",
                "value": "value"
              }
            ],
            [
              {
                "type": "get_attr",
                "value": "section_map"
              },
              {
                "type": "index",
                "value": {
                  "value": "secrets",
                  "type": "string"
                }
              },
              {
                "type": "get_attr",
                "value": "field_map"
              },
              {
                "type": "index",
                "value": {
                  "value": "jwt_secret",
                  "type": "string"
                }
              },
              {
                "type": "get_attr",
                "value": "value"
              }
            ],
            [
              {
                "type": "get_attr",
                "value": "section_map"
              },
              {
                "type": "index",
                "value": {
                  "value": "secrets",
                  "type": "string"
                }
              },
              {
                "type": "get_attr",
                "value": "field_map"
              },
              {
                "type": "index",
                "value": {
                  "value": "service_key",
                  "type": "string"
                }
              },
              {
                "type": "get_attr",
                "value": "value"
              }
            ],
            [
              {
                "type": "get_attr",
                "value": "section_map"
              },
              {
                "type": "index",
                "value": {
                  "value": "secrets",
                  "type": "string"
                }
              },
              {
                "type": "get_attr",
                "value": "field_map"
              },
              {
                "type": "index",
                "value": {
                  "value": "service_role_key",
                  "type": "string"
                }
              },
              {
                "type": "get_attr",
                "value": "value"
              }
            ],
            [
              {
                "type": "get_attr",
                "value": "section_map"
              },
              {
                "type": "index",
                "value": {
                  "value": "secrets",
                  "type": "string"
                }
              },
              {
                "type": "get_attr",
                "value": "field_map"
              },
              {
                "type": "index",
                "value": {
                  "value": "url",
                  "type": "string"
                }
              },
              {
                "type": "get_attr",
                "value": "value"
              }
            ]
          ],
          "identity_schema_version": 0
        }
      ]
    },
    {
      "module": "module.onepassword_secrets",
      "mode": "data",
      "type": "onepassword_vault",
      "name": "this",
      "provider": "provider[\"registry.terraform.io/1password/onepassword\"]",
      "instances": [
        {
          "schema_version": 0,
          "attributes": {
            "description": "Homelab infrastructure secrets",
            "id": "vaults/glsrlcf5lapzbba6zk6sppkgnq",
            "name": "homelab",
            "uuid": "glsrlcf5lapzbba6zk6sppkgnq"
          },
          "sensitive_attributes": [],
          "identity_schema_version": 0
        }
      ]
    },
    {
      "module": "module.vm[\"mcphub\"]",
      "mode": "data",
      "type": "proxmox_virtual_environment_nodes",
      "name": "nodes",
      "provider": "provider[\"registry.terraform.io/bpg/proxmox\"]",
      "instances": [
        {
          "schema_version": 0,
          "attributes": {
            "cpu_count": [
              8
            ],
            "cpu_utilization": [
              0.18
            ],
            "id": "nodes",
            "memory_available": [
              64902361088
            ],
            "memory_used": [
              50983337984
            ],
            "names": [
              "pve3"
            ],
            "online": [
              true
            ],
            "ssl_fingerprints": [
              "FF:6B:DE:4A:4B:31:F0:E7:F5:CA:C6:7D:3D:7B:0B:D5:56:24:16:75:B0:D8:44:9D:46:E5:2C:7A:06:47:C9:DC"
            ],
            "support_levels": [
              ""
            ],
            "uptime": [
              588117
            ]
          },
          "sensitive_attributes": [],
          "identity_schema_version": 0
        }
      ]
    },
    {
      "module": "module.vm[\"mcphub\"]",
      "mode": "managed",
      "type": "proxmox_virtual_environment_vm",
      "name": "this",
      "provider": "provider[\"registry.terraform.io/bpg/proxmox\"]",
      "instances": [
        {
          "schema_version": 0,
          "attributes": {
            "acpi": true,
            "agent": [
              {
                "enabled": true,
                "timeout": "15m",
                "trim": false,
                "type": "virtio",
                "wait_for_ip": []
              }
            ],
            "amd_sev": [],
            "audio_device": [],
            "bios": "seabios",
            "boot_order": [
              "scsi0"
            ],
            "cdrom": [],
            "clone": [
              {
                "datastore_id": "",
                "full": true,
                "node_name": "",
                "retries": 1,
                "vm_id": 9000
              }
            ],
            "cpu": [
              {
                "affinity": "",
                "architecture": "",
                "cores": 2,
                "flags": [],
                "hotplugged": 0,
                "limit": 0,
                "numa": false,
                "sockets": 1,
                "type": "host",
                "units": 0
              }
            ],
            "delete_unreferenced_disks_on_destroy": true,
            "description": "MCPHub - Unified MCP Server Gateway",
            "disk": [
              {
                "aio": "io_uring",
                "backup": true,
                "cache": "none",
                "datastore_id": "dfge",
                "discard": "ignore",
                "file_format": "raw",
                "file_id": "",
                "import_from": "",
                "interface": "scsi0",
                "iothread": true,
                "path_in_datastore": "vm-112-disk-1",
                "replicate": true,
                "serial": "",
                "size": 32,
                "speed": [],
                "ssd": false
              }
            ],
            "efi_disk": [],
            "hook_script_file_id": null,
            "hostpci": [],
            "hotplug": null,
            "id": "112",
            "initialization": [
              {
                "datastore_id": "local",
                "dns": [
                  {
                    "domain": "",
                    "servers": [
                      "192.168.50.103",
                      "8.8.8.8"
                    ]
                  }
                ],
                "file_format": "qcow2",
                "interface": "ide2",
                "ip_config": [
                  {
                    "ipv4": [
                      {
                        "address": "192.168.50.112/24",
                        "gateway": "192.168.50.1"
                      }
                    ],
                    "ipv6": []
                  }
                ],
                "meta_data_file_id": "",
                "network_data_file_id": "",
                "type": "",
                "user_account": [],
                "user_data_file_id": "local:snippets/mcphub-user-data.yaml",
                "vendor_data_file_id": ""
              }
            ],
            "ipv4_addresses": [
              [
                "127.0.0.1"
              ],
              [
                "192.168.50.112"
              ],
              [
                "172.19.0.1"
              ],
              [
                "172.20.0.1"
              ],
              [
                "172.17.0.1"
              ],
              [
                "172.18.0.1"
              ],
              [
                "172.21.0.1"
              ],
              [],
              [],
              [],
              [],
              [],
              []
            ],
            "ipv6_addresses": [
              [
                "::1"
              ],
              [
                "fd38:e787:e82:bd3a:be24:11ff:fe5e:731a",
                "fe80::be24:11ff:fe5e:731a"
              ],
              [
                "fe80::789d:ccff:fe21:5037"
              ],
              [],
              [],
              [
                "fe80::180b:78ff:fe66:3e41"
              ],
              [
                "fe80::7484:84ff:fe1d:796d"
              ],
              [
                "fe80::289a:65ff:fe41:3865"
              ],
              [
                "fe80::c8e2:c8ff:fe63:141d"
              ],
              [
                "fe80::dcd5:1eff:fe7d:a2a7"
              ],
              [
                "fe80::384c:feff:fe00:a4e2"
              ],
              [
                "fe80::f023:43ff:fea2:d130"
              ],
              [
                "fe80::ec03:d8ff:fec5:b963"
              ]
            ],
            "keyboard_layout": "en-us",
            "kvm_arguments": null,
            "mac_addresses": [
              "00:00:00:00:00:00",
              "BC:24:11:5E:73:1A",
              "7A:9D:CC:21:50:37",
              "9E:A1:9C:D1:F0:F1",
              "B2:51:84:77:C9:61",
              "1A:0B:78:66:3E:41",
              "76:84:84:1D:79:6D",
              "2A:9A:65:41:38:65",
              "CA:E2:C8:63:14:1D",
              "DE:D5:1E:7D:A2:A7",
              "3A:4C:FE:00:A4:E2",
              "F2:23:43:A2:D1:30",
              "EE:03:D8:C5:B9:63"
            ],
            "machine": "pc",
            "memory": [
              {
                "dedicated": 6144,
                "floating": 0,
                "hugepages": "",
                "keep_hugepages": false,
                "shared": 0
              }
            ],
            "migrate": false,
            "name": "mcphub",
            "network_device": [
              {
                "bridge": "vmbr0",
                "disconnected": false,
                "enabled": true,
                "firewall": false,
                "mac_address": "BC:24:11:5E:73:1A",
                "model": "virtio",
                "mtu": 0,
                "queues": 0,
                "rate_limit": 0,
                "trunks": "",
                "vlan_id": 0
              }
            ],
            "network_interface_names": [
              "lo",
              "eth0",
              "br-8f0becacd326",
              "br-a67c5963c247",
              "docker0",
              "br-267960abf8e3",
              "br-61d7daf90eb4",
              "vethdd66460",
              "veth3488c34",
              "vethefc339b",
              "veth01b9c37",
              "veth1a2a3d3",
              "vethb9ba245"
            ],
            "node_name": "pve3",
            "numa": [],
            "on_boot": true,
            "operating_system": [
              {
                "type": "l26"
              }
            ],
            "pool_id": "",
            "protection": false,
            "purge_on_destroy": true,
            "reboot": false,
            "reboot_after_update": true,
            "rng": [],
            "scsi_hardware": "virtio-scsi-pci",
            "serial_device": [],
            "smbios": [],
            "started": true,
            "startup": [],
            "stop_on_destroy": false,
            "tablet_device": true,
            "tags": null,
            "template": false,
            "timeout_clone": 1800,
            "timeout_create": 1800,
            "timeout_migrate": 1800,
            "timeout_move_disk": 1800,
            "timeout_reboot": 1800,
            "timeout_shutdown_vm": 1800,
            "timeout_start_vm": 1800,
            "timeout_stop_vm": 300,
            "tpm_state": [],
            "usb": [],
            "vga": [
              {
                "clipboard": "",
                "memory": 16,
                "type": "serial0"
              }
            ],
            "virtiofs": [],
            "vm_id": 112,
            "watchdog": []
          },
          "sensitive_attributes": [],
          "identity_schema_version": 0,
          "private": "bnVsbA==",
          "dependencies": [
            "module.onepassword_secrets.data.onepassword_item.archon",
            "module.onepassword_secrets.data.onepassword_item.cloudflare",
            "module.onepassword_secrets.data.onepassword_item.elk",
            "module.onepassword_secrets.data.onepassword_item.exa",
            "module.onepassword_secrets.data.onepassword_item.github",
            "module.onepassword_secrets.data.onepassword_item.glitchtip",
            "module.onepassword_secrets.data.onepassword_item.grafana",
            "module.onepassword_secrets.data.onepassword_item.mcphub",
            "module.onepassword_secrets.data.onepassword_item.n8n",
            "module.onepassword_secrets.data.onepassword_item.proxmox",
            "module.onepassword_secrets.data.onepassword_item.supabase",
            "module.onepassword_secrets.data.onepassword_vault.this",
            "module.vm.data.proxmox_virtual_environment_nodes.nodes"
          ]
        }
      ]
    },
    {
      "module": "module.vm[\"ollama\"]",
      "mode": "data",
      "type": "proxmox_virtual_environment_nodes",
      "name": "nodes",
      "provider": "provider[\"registry.terraform.io/bpg/proxmox\"]",
      "instances": [
        {
          "schema_version": 0,
          "attributes": {
            "cpu_count": [
              8
            ],
            "cpu_utilization": [
              0.15
            ],
            "id": "nodes",
            "memory_available": [
              64902361088
            ],
            "memory_used": [
              50534264832
            ],
            "names": [
              "pve3"
            ],
            "online": [
              true
            ],
            "ssl_fingerprints": [
              "FF:6B:DE:4A:4B:31:F0:E7:F5:CA:C6:7D:3D:7B:0B:D5:56:24:16:75:B0:D8:44:9D:46:E5:2C:7A:06:47:C9:DC"
            ],
            "support_levels": [
              ""
            ],
            "uptime": [
              592688
            ]
          },
          "sensitive_attributes": [],
          "identity_schema_version": 0
        }
      ]
    },
    {
      "module": "module.vm[\"ollama\"]",
      "mode": "managed",
      "type": "proxmox_virtual_environment_vm",
      "name": "this",
      "provider": "provider[\"registry.terraform.io/bpg/proxmox\"]",
      "instances": [
        {
          "status": "tainted",
          "schema_version": 0,
          "attributes": {
            "acpi": true,
            "agent": [
              {
                "enabled": true,
                "timeout": "15m",
                "trim": false,
                "type": "virtio",
                "wait_for_ip": []
              }
            ],
            "amd_sev": [],
            "audio_device": [],
            "bios": "ovmf",
            "boot_order": null,
            "cdrom": [],
            "clone": [
              {
                "datastore_id": "",
                "full": true,
                "node_name": "",
                "retries": 1,
                "vm_id": 9000
              }
            ],
            "cpu": [
              {
                "affinity": "",
                "architecture": "",
                "cores": 4,
                "flags": null,
                "hotplugged": 0,
                "limit": 0,
                "numa": false,
                "sockets": 1,
                "type": "host",
                "units": 0
              }
            ],
            "delete_unreferenced_disks_on_destroy": true,
            "description": "Ollama - Local LLM Inference with GPU",
            "disk": [
              {
                "aio": "io_uring",
                "backup": true,
                "cache": "none",
                "datastore_id": "dfge",
                "discard": "ignore",
                "file_format": "",
                "file_id": "",
                "import_from": "",
                "interface": "scsi0",
                "iothread": true,
                "path_in_datastore": "",
                "replicate": true,
                "serial": "",
                "size": 50,
                "speed": [],
                "ssd": false
              }
            ],
            "efi_disk": [
              {
                "datastore_id": "dfge",
                "file_format": "",
                "pre_enrolled_keys": true,
                "type": "4m"
              }
            ],
            "hook_script_file_id": null,
            "hostpci": [
              {
                "device": "hostpci0",
                "id": "",
                "mapping": "gpu",
                "mdev": "",
                "pcie": true,
                "rom_file": "",
                "rombar": false,
                "xvga": false
              }
            ],
            "hotplug": null,
            "id": "109",
            "initialization": [
              {
                "datastore_id": "local",
                "dns": [
                  {
                    "domain": "",
                    "servers": [
                      "192.168.50.103",
                      "8.8.8.8"
                    ]
                  }
                ],
                "file_format": "",
                "interface": "",
                "ip_config": [
                  {
                    "ipv4": [
                      {
                        "address": "192.168.50.109/24",
                        "gateway": "192.168.50.1"
                      }
                    ],
                    "ipv6": []
                  }
                ],
                "meta_data_file_id": "",
                "network_data_file_id": "",
                "type": "",
                "user_account": [],
                "user_data_file_id": "local:snippets/ollama-user-data.yaml",
                "vendor_data_file_id": ""
              }
            ],
            "ipv4_addresses": null,
            "ipv6_addresses": null,
            "keyboard_layout": "en-us",
            "kvm_arguments": null,
            "mac_addresses": null,
            "machine": "q35",
            "memory": [
              {
                "dedicated": 16384,
                "floating": 0,
                "hugepages": "",
                "keep_hugepages": false,
                "shared": 0
              }
            ],
            "migrate": false,
            "name": "ollama",
            "network_device": [
              {
                "bridge": "vmbr0",
                "disconnected": false,
                "enabled": true,
                "firewall": false,
                "mac_address": "",
                "model": "virtio",
                "mtu": 0,
                "queues": 0,
                "rate_limit": 0,
                "trunks": "",
                "vlan_id": 0
              }
            ],
            "network_interface_names": null,
            "node_name": "pve3",
            "numa": [],
            "on_boot": true,
            "operating_system": [
              {
                "type": "l26"
              }
            ],
            "pool_id": null,
            "protection": false,
            "purge_on_destroy": true,
            "reboot": false,
            "reboot_after_update": true,
            "rng": [],
            "scsi_hardware": "virtio-scsi-pci",
            "serial_device": [],
            "smbios": [],
            "started": true,
            "startup": [],
            "stop_on_destroy": false,
            "tablet_device": true,
            "tags": null,
            "template": false,
            "timeout_clone": 1800,
            "timeout_create": 1800,
            "timeout_migrate": 1800,
            "timeout_move_disk": 1800,
            "timeout_reboot": 1800,
            "timeout_shutdown_vm": 1800,
            "timeout_start_vm": 1800,
            "timeout_stop_vm": 300,
            "tpm_state": [],
            "usb": [],
            "vga": null,
            "virtiofs": [],
            "vm_id": 109,
            "watchdog": []
          },
          "sensitive_attributes": [],
          "identity_schema_version": 0,
          "private": "bnVsbA==",
          "dependencies": [
            "module.onepassword_secrets.data.onepassword_item.archon",
            "module.onepassword_secrets.data.onepassword_item.cloudflare",
            "module.onepassword_secrets.data.onepassword_item.elk",
            "module.onepassword_secrets.data.onepassword_item.exa",
            "module.onepassword_secrets.data.onepassword_item.github",
            "module.onepassword_secrets.data.onepassword_item.glitchtip",
            "module.onepassword_secrets.data.onepassword_item.grafana",
            "module.onepassword_secrets.data.onepassword_item.mcphub",
            "module.onepassword_secrets.data.onepassword_item.n8n",
            "module.onepassword_secrets.data.onepassword_item.proxmox",
            "module.onepassword_secrets.data.onepassword_item.supabase",
            "module.onepassword_secrets.data.onepassword_vault.this",
            "module.vm.data.proxmox_virtual_environment_nodes.nodes"
          ]
        }
      ]
    },
    {
      "module": "module.vm[\"youtube\"]",
      "mode": "data",
      "type": "proxmox_virtual_environment_nodes",
      "name": "nodes",
      "provider": "provider[\"registry.terraform.io/bpg/proxmox\"]",
      "instances": [
        {
          "schema_version": 0,
          "attributes": {
            "cpu_count": [
              8
            ],
            "cpu_utilization": [
              0.18
            ],
            "id": "nodes",
            "memory_available": [
              64902361088
            ],
            "memory_used": [
              50983337984
            ],
            "names": [
              "pve3"
            ],
            "online": [
              true
            ],
            "ssl_fingerprints": [
              "FF:6B:DE:4A:4B:31:F0:E7:F5:CA:C6:7D:3D:7B:0B:D5:56:24:16:75:B0:D8:44:9D:46:E5:2C:7A:06:47:C9:DC"
            ],
            "support_levels": [
              ""
            ],
            "uptime": [
              588117
            ]
          },
          "sensitive_attributes": [],
          "identity_schema_version": 0
        }
      ]
    },
    {
      "module": "module.vm[\"youtube\"]",
      "mode": "managed",
      "type": "proxmox_virtual_environment_vm",
      "name": "this",
      "provider": "provider[\"registry.terraform.io/bpg/proxmox\"]",
      "instances": [
        {
          "schema_version": 0,
          "attributes": {
            "acpi": true,
            "agent": [
              {
                "enabled": true,
                "timeout": "15m",
                "trim": false,
                "type": "virtio",
                "wait_for_ip": []
              }
            ],
            "amd_sev": [],
            "audio_device": [],
            "bios": "ovmf",
            "boot_order": [],
            "cdrom": [],
            "clone": [
              {
                "datastore_id": "",
                "full": true,
                "node_name": "",
                "retries": 1,
                "vm_id": 9000
              }
            ],
            "cpu": [
              {
                "affinity": "",
                "architecture": "",
                "cores": 2,
                "flags": [],
                "hotplugged": 0,
                "limit": 0,
                "numa": false,
                "sockets": 1,
                "type": "host",
                "units": 0
              }
            ],
            "delete_unreferenced_disks_on_destroy": true,
            "description": "YouTube Media Server",
            "disk": [
              {
                "aio": "io_uring",
                "backup": true,
                "cache": "none",
                "datastore_id": "dfge",
                "discard": "ignore",
                "file_format": "raw",
                "file_id": "",
                "import_from": "",
                "interface": "scsi0",
                "iothread": true,
                "path_in_datastore": "vm-220-disk-1",
                "replicate": true,
                "serial": "",
                "size": 50,
                "speed": [],
                "ssd": false
              }
            ],
            "efi_disk": [],
            "hook_script_file_id": null,
            "hostpci": [],
            "hotplug": null,
            "id": "220",
            "initialization": [
              {
                "datastore_id": "local",
                "dns": [
                  {
                    "domain": "",
                    "servers": [
                      "192.168.50.103",
                      "8.8.8.8"
                    ]
                  }
                ],
                "file_format": "qcow2",
                "interface": "ide2",
                "ip_config": [
                  {
                    "ipv4": [
                      {
                        "address": "192.168.50.220/24",
                        "gateway": "192.168.50.1"
                      }
                    ],
                    "ipv6": []
                  }
                ],
                "meta_data_file_id": "",
                "network_data_file_id": "",
                "type": "",
                "user_account": [],
                "user_data_file_id": "local:snippets/youtube-user-data.yaml",
                "vendor_data_file_id": ""
              }
            ],
            "ipv4_addresses": [
              [
                "127.0.0.1"
              ],
              [
                "192.168.50.220"
              ],
              [
                "172.17.0.1"
              ],
              [
                "172.18.0.1"
              ],
              [],
              []
            ],
            "ipv6_addresses": [
              [
                "::1"
              ],
              [
                "fd38:e787:e82:bd3a:be24:11ff:febf:68a4",
                "fe80::be24:11ff:febf:68a4"
              ],
              [
                "fe80::8c24:b6ff:fe25:9b2b"
              ],
              [
                "fe80::9488:3eff:fe5d:6c45"
              ],
              [
                "fe80::5cb5:a8ff:fedc:a7d2"
              ],
              [
                "fe80::2472:24ff:fec1:cfdc"
              ]
            ],
            "keyboard_layout": "en-us",
            "kvm_arguments": null,
            "mac_addresses": [
              "00:00:00:00:00:00",
              "BC:24:11:BF:68:A4",
              "8E:24:B6:25:9B:2B",
              "96:88:3E:5D:6C:45",
              "5E:B5:A8:DC:A7:D2",
              "26:72:24:C1:CF:DC"
            ],
            "machine": "q35",
            "memory": [
              {
                "dedicated": 8192,
                "floating": 0,
                "hugepages": "",
                "keep_hugepages": false,
                "shared": 0
              }
            ],
            "migrate": false,
            "name": "youtube",
            "network_device": [
              {
                "bridge": "vmbr0",
                "disconnected": false,
                "enabled": true,
                "firewall": false,
                "mac_address": "BC:24:11:BF:68:A4",
                "model": "virtio",
                "mtu": 0,
                "queues": 0,
                "rate_limit": 0,
                "trunks": "",
                "vlan_id": 0
              }
            ],
            "network_interface_names": [
              "lo",
              "eth0",
              "docker0",
              "br-677182b75675",
              "veth87e0918",
              "veth82ae115"
            ],
            "node_name": "pve3",
            "numa": [],
            "on_boot": true,
            "operating_system": [
              {
                "type": "l26"
              }
            ],
            "pool_id": "",
            "protection": false,
            "purge_on_destroy": true,
            "reboot": false,
            "reboot_after_update": true,
            "rng": [],
            "scsi_hardware": "virtio-scsi-pci",
            "serial_device": [],
            "smbios": [],
            "started": true,
            "startup": [],
            "stop_on_destroy": false,
            "tablet_device": true,
            "tags": null,
            "template": false,
            "timeout_clone": 1800,
            "timeout_create": 1800,
            "timeout_migrate": 1800,
            "timeout_move_disk": 1800,
            "timeout_reboot": 1800,
            "timeout_shutdown_vm": 1800,
            "timeout_start_vm": 1800,
            "timeout_stop_vm": 300,
            "tpm_state": [],
            "usb": [],
            "vga": [
              {
                "clipboard": "",
                "memory": 16,
                "type": "std"
              }
            ],
            "virtiofs": [],
            "vm_id": 220,
            "watchdog": []
          },
          "sensitive_attributes": [],
          "identity_schema_version": 0,
          "private": "bnVsbA==",
          "dependencies": [
            "module.onepassword_secrets.data.onepassword_item.archon",
            "module.onepassword_secrets.data.onepassword_item.cloudflare",
            "module.onepassword_secrets.data.onepassword_item.elk",
            "module.onepassword_secrets.data.onepassword_item.exa",
            "module.onepassword_secrets.data.onepassword_item.github",
            "module.onepassword_secrets.data.onepassword_item.glitchtip",
            "module.onepassword_secrets.data.onepassword_item.grafana",
            "module.onepassword_secrets.data.onepassword_item.mcphub",
            "module.onepassword_secrets.data.onepassword_item.n8n",
            "module.onepassword_secrets.data.onepassword_item.proxmox",
            "module.onepassword_secrets.data.onepassword_item.supabase",
            "module.onepassword_secrets.data.onepassword_vault.this",
            "module.vm.data.proxmox_virtual_environment_nodes.nodes"
          ]
        }
      ]
    },
    {
      "module": "module.vm_config",
      "mode": "managed",
      "type": "local_file",
      "name": "cloud_init",
      "provider": "provider[\"registry.terraform.io/hashicorp/local\"]",
      "instances": [
        {
          "index_key": "mcphub",
          "schema_version": 0,
          "attributes": {
            "content": "#cloud-config\nhostname: mcphub\nmanage_etc_hosts: true\n\npackage_update: true\npackage_upgrade: false\n\npackages:\n  - qemu-guest-agent\n  - curl\n  - vim\n  - git\n  - htop\n  - docker.io\n  - docker-compose-v2\n\nwrite_files:\n  - path: /opt/mcphub/docker-compose.yml\n    permissions: '0644'\n    owner: root:root\n    content: |\n      services:\n        mcphub:\n          image: samanhappy/mcphub:0.12.3\n          container_name: mcphub\n          restart: unless-stopped\n          ports:\n            - \"3000:3000\"\n          volumes:\n            - ./mcp_settings.json:/app/mcp_settings.json\n            - mcphub_data:/app/data\n            - npm_cache:/root/.npm\n            - /usr/bin/op:/usr/bin/op:ro\n            - ./op-mcp-server:/app/op-mcp-server:ro\n            - /mnt/oc-dev:/home/jclee/dev:ro\n            - ./.gitconfig:/root/.gitconfig:ro\n            - /mnt/oc-kratos:/root/.kratos\n            - ./slack-users-cache.json:/tmp/slack-users-cache.json\n          env_file:\n            - .env\n          environment:\n            - MCPHUB_PORT=3000\n          healthcheck:\n            test: [\"CMD-SHELL\", \"curl -sf http://localhost:3000/ || exit 1\"]\n            interval: 30s\n            timeout: 10s\n            retries: 3\n            start_period: 30s\n          depends_on:\n            - mcp-proxmox\n            - mcp-playwright\n      \n        mcp-proxmox:\n          build:\n            context: .\n            dockerfile: Dockerfile.proxmox\n          container_name: mcp-proxmox\n          restart: unless-stopped\n          ports:\n            - \"8055:8055\"\n          env_file:\n            - .env\n          healthcheck:\n            test: [\"CMD-SHELL\", \"node -e \\\"const net=require('net');const s=net.connect(8055,'127.0.0.1');s.on('connect',()=\u003e{s.end();process.exit(0)});s.on('error',()=\u003eprocess.exit(1));setTimeout(()=\u003eprocess.exit(1),3000);\\\"\"]\n            interval: 30s\n            timeout: 10s\n            retries: 3\n            start_period: 15s\n      \n        mcp-playwright:\n          build:\n            context: .\n            dockerfile: Dockerfile.playwright\n          container_name: mcp-playwright\n          restart: unless-stopped\n          ports:\n            - \"8056:8056\"\n          env_file:\n            - .env\n          environment:\n            - PLAYWRIGHT_MCP_HEADLESS=true\n          healthcheck:\n            test: [\"CMD-SHELL\", \"node -e \\\"const net=require('net');const s=net.connect(8056,'127.0.0.1');s.on('connect',()=\u003e{s.end();process.exit(0)});s.on('error',()=\u003eprocess.exit(1));setTimeout(()=\u003eprocess.exit(1),3000);\\\"\"]\n            interval: 30s\n            timeout: 10s\n            retries: 3\n            start_period: 15s\n      \n      volumes:\n        mcphub_data:\n        npm_cache:\n      \n  - path: /opt/mcphub/mcp_settings.json\n    permissions: '0644'\n    owner: root:root\n    content: |\n      {\"mcpServers\":{\"archon\":{\"type\":\"streamable-http\",\"url\":\"http://192.168.50.108:8051/mcp\"},\"elk\":{\"args\":[\"-y\",\"@awesome-ai/elasticsearch-mcp\"],\"command\":\"npx\",\"env\":{\"ES_HOST\":\"${ES_HOST}\",\"ES_PASSWORD\":\"${ES_PASSWORD}\",\"ES_USERNAME\":\"${ES_USERNAME}\"}},\"git\":{\"args\":[\"-y\",\"@mseep/git-mcp-server\"],\"command\":\"npx\"},\"github\":{\"args\":[\"-y\",\"@modelcontextprotocol/server-github\"],\"command\":\"npx\",\"env\":{\"GITHUB_PERSONAL_ACCESS_TOKEN\":\"${GITHUB_PERSONAL_ACCESS_TOKEN}\"}},\"glitchtip\":{\"args\":[\"-y\",\"mcp-glitchtip\"],\"command\":\"npx\",\"env\":{\"GLITCHTIP_BASE_URL\":\"${GLITCHTIP_BASE_URL}\",\"GLITCHTIP_ORGANIZATION\":\"${GLITCHTIP_ORGANIZATION}\",\"GLITCHTIP_TOKEN\":\"${GLITCHTIP_TOKEN}\"}},\"kratos\":{\"args\":[\"-y\",\"kratos-mcp\"],\"command\":\"npx\"},\"onepassword\":{\"args\":[\"/app/op-mcp-server/index.mjs\"],\"command\":\"node\",\"env\":{\"OP_SERVICE_ACCOUNT_TOKEN\":\"${OP_SERVICE_ACCOUNT_TOKEN}\"}},\"playwright\":{\"type\":\"sse\",\"url\":\"http://mcp-playwright:8056/sse\"},\"proxmox\":{\"type\":\"sse\",\"url\":\"http://mcp-proxmox:8055/sse\"},\"slack\":{\"args\":[\"-y\",\"slack-mcp-server@latest\",\"--transport\",\"stdio\"],\"command\":\"npx\",\"env\":{\"SLACK_MCP_ADD_MESSAGE_TOOL\":\"true\",\"SLACK_MCP_CHANNELS_CACHE\":\"/tmp/slack-channels-cache.json\",\"SLACK_MCP_USERS_CACHE\":\"/tmp/slack-users-cache.json\",\"SLACK_MCP_XOXB_TOKEN\":\"${SLACK_MCP_XOXB_TOKEN}\",\"SLACK_MCP_XOXP_TOKEN\":\"${SLACK_MCP_XOXP_TOKEN}\"}},\"supabase\":{\"args\":[\"-y\",\"@supabase/mcp-server-supabase\"],\"command\":\"npx\",\"env\":{\"SUPABASE_ACCESS_TOKEN\":\"${SUPABASE_ACCESS_TOKEN}\"}},\"terraform\":{\"args\":[\"-y\",\"terraform-mcp-server\"],\"command\":\"npx\"}}}\n      \n  - path: /opt/mcphub/Dockerfile.proxmox\n    permissions: '0644'\n    owner: root:root\n    content: |\n      FROM node:22-slim\n      \n      WORKDIR /app\n      RUN apt-get update \u0026\u0026 apt-get install -y --no-install-recommends curl \u0026\u0026 rm -rf /var/lib/apt/lists/*\n      RUN npm install -g mcp-proxy@6.4.0\n      RUN npm install --save @bldg-7/proxmox-mcp@latest pino-pretty@latest\n      \n      EXPOSE 8055\n      CMD [\"mcp-proxy\", \"--port\", \"8055\", \"--host\", \"0.0.0.0\", \"--\", \"node\", \"node_modules/@bldg-7/proxmox-mcp/dist/index.js\"]\n      \n  - path: /opt/mcphub/Dockerfile.playwright\n    permissions: '0644'\n    owner: root:root\n    content: |\n      FROM node:22-slim\n      \n      WORKDIR /app\n      RUN apt-get update \u0026\u0026 apt-get install -y --no-install-recommends curl \u0026\u0026 rm -rf /var/lib/apt/lists/*\n      RUN npm install -g mcp-proxy@6.4.0\n      RUN npm install --save @playwright/mcp@latest\n      \n      RUN npx playwright install --with-deps chromium chrome\n      \n      ENV PLAYWRIGHT_MCP_HEADLESS=true\n      EXPOSE 8056\n      CMD [\"mcp-proxy\", \"--port\", \"8056\", \"--host\", \"0.0.0.0\", \"--\", \"npx\", \"@playwright/mcp\", \"--no-sandbox\"]\n      \n  - path: /opt/mcphub/.env\n    permissions: '0600'\n    owner: root:root\n    content: |\n      MCPHUB_ADMIN_PASSWORD=c}Tq{lm\u003c]Eu\u003evi)4r={lyaxo\n      N8N_MCP_API_KEY=4IY4uc0ir8ZuSmDJHV2HRvnHEOLxW81swjJ6ZwMj\n      OP_SERVICE_ACCOUNT_TOKEN=ops_eyJzaWduSW5BZGRyZXNzIjoibXkuMXBhc3N3b3JkLmNvbSIsInVzZXJBdXRoIjp7Im1ldGhvZCI6IlNSUGctNDA5NiIsImFsZyI6IlBCRVMyZy1IUzI1NiIsIml0ZXJhdGlvbnMiOjY1MDAwMCwic2FsdCI6Ik5CeHFPeGE1NGNXeUM4ckh1cnZ5a0EifSwiZW1haWwiOiI3Mm1nenYzd3NseWxpQDFwYXNzd29yZHNlcnZpY2VhY2NvdW50cy5jb20iLCJzcnBYIjoiMDg4MGM4NDU3NzUzZTY0ZDk5MjZiZTFmYzg5ZjE1MGJiYWRlZTc0ZDQwZWMyOGEyNGNjODc5Njc0YzFlYTYxZSIsIm11ayI6eyJhbGciOiJBMjU2R0NNIiwiZXh0Ijp0cnVlLCJrIjoibmxZQUlHR2x1M0FSRlB0TDM0WnNFM1lNSU5GcTVLbzF5MG1oVzZOa19YdyIsImtleV9vcHMiOlsiZW5jcnlwdCIsImRlY3J5cHQiXSwia3R5Ijoib2N0Iiwia2lkIjoibXAifSwic2VjcmV0S2V5IjoiQTMtMjVMRE1CLVFOQjhXQS1KTDRIRi1UQlRINy1IUDRFVi1LRjM0SyIsInRocm90dGxlU2VjcmV0Ijp7InNlZWQiOiI5OTdhZWM2N2QyNjJkODgyNWE3YTAxYWVjMjRmODVjOWQyNTRiZGVkY2JlOThjMmM0YTMyMWMzYjkyYzIwMzgzIiwidXVpZCI6IlZJUTZZNDM3SEJFS1ZHWkZYVVZCNUg2UTNFIn0sImRldmljZVV1aWQiOiJvMjd5amp1YWdpN2drZ2c3dDNqczc0a3YzdSJ9\n      GITHUB_PERSONAL_ACCESS_TOKEN=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\n      SUPABASE_ACCESS_TOKEN=eyJhbGciOiAiSFMyNTYiLCAidHlwIjogIkpXVCJ9.eyJyb2xlIjogInNlcnZpY2Vfcm9sZSIsICJpc3MiOiAic3VwYWJhc2UiLCAiaWF0IjogMTc3MTYwMDgwMCwgImV4cCI6IDIwODY5NjA4MDB9.vLTEQu-8UATji7axVljZzlmPUrbqbFmx7fjXaQc580Y\n      GLITCHTIP_TOKEN=4813c494717ae627ad589f17c55a21e30309ec2f5669be37d5b9cd64854bcb10\n      GLITCHTIP_ORGANIZATION=jclee-homelab\n      GLITCHTIP_BASE_URL=http://192.168.50.106:8000\n      ES_HOST=http://192.168.50.105:9200\n      ES_USERNAME=elastic\n      ES_PASSWORD=I93bmZ/uT3haNpdL9GJ+neTf\n      PROXMOX_HOST=192.168.50.100\n      PROXMOX_PORT=8006\n      PROXMOX_SSL_MODE=insecure\n      PROXMOX_USER=root@pam\n      PROXMOX_TOKEN_NAME=terraform-api\n      PROXMOX_TOKEN_VALUE=0d925da9-a02c-427f-b8e9-1ab71c7a5150\n      PROXMOX_ALLOW_ELEVATED=true\n      SLACK_MCP_XOXP_TOKEN=xoxe.xoxp-1-Mi0yLTk5MDY2MjUzMzM1NzQtOTg5MzIyMTEyNzYwNy05OTA4OTkxMzQ0OTQ2LTEwNTY1OTkzODM0MDM4LWU5ZTQ0ZmM0ZDRhYjU0ZDI0NmY4MDBlZThkY2FjN2Y1N2NiOWYyNmIxNDMyM2QyZDRiOTdmYjRmMTY2MTFjNjg\n      SLACK_MCP_XOXB_TOKEN=PLACEHOLDER_NEEDS_REAL_TOKEN\n      \n  - path: /etc/filebeat/filebeat.yml\n    permissions: '0644'\n    owner: root:root\n    content: |\n      # Filebeat configuration for 112-mcphub (MCP Hub + AI/Tools VM)\n      # Rendered by Terraform - DO NOT EDIT MANUALLY\n      \n      filebeat.autodiscover:\n        providers:\n          - type: docker\n            hints.enabled: true\n      \n      filebeat.inputs:\n        # Docker container logs (mcphub, mcp-proxmox, mcp-playwright, n8n, vault)\n        - type: filestream\n          id: docker-containers\n          paths:\n            - /var/lib/docker/containers/*/*.log\n          parsers:\n            - container: {}\n          prospector.scanner.symlinks: true\n          fields:\n            service: mcphub\n            host_role: mcphub\n          fields_under_root: false\n      \n        # System logs\n        - type: filestream\n          id: system-logs\n          paths:\n            - /var/log/*.log\n            - /var/log/syslog\n          fields:\n            service: system\n            host_role: mcphub\n          fields_under_root: false\n      \n        # Auth logs\n        - type: filestream\n          id: auth-logs\n          paths:\n            - /var/log/auth.log\n          fields:\n            service: auth\n            host_role: mcphub\n          fields_under_root: false\n      \n      processors:\n        - add_host_metadata: ~\n        - add_docker_metadata:\n            host: \"unix:///var/run/docker.sock\"\n      \n      output.logstash:\n        hosts: [\"192.168.50.105:5044\"]\n      \n      filebeat.registry.path: /var/lib/filebeat/registry\n      logging.level: info\n      logging.to_files: true\n      logging.files:\n        path: /var/log/filebeat\n        name: filebeat\n        keepfiles: 7\n      \n      max_message_bytes: 999999\n      \n  - path: /opt/n8n/docker-compose.yml\n    permissions: '0644'\n    owner: root:root\n    content: |\n      services:\n        n8n:\n          container_name: n8n\n          image: n8nio/n8n:2.8.1\n          restart: unless-stopped\n          ports:\n            - \"5678:5678\"\n          environment:\n            N8N_API_KEY: 4IY4uc0ir8ZuSmDJHV2HRvnHEOLxW81swjJ6ZwMj\n            N8N_HOST: n8n.jclee.me\n            N8N_PORT: 5678\n            N8N_PROTOCOL: https\n            N8N_SECURE_COOKIE: \"false\"\n            TZ: Asia/Seoul\n            WEBHOOK_URL: https://n8n.jclee.me/\n            EXECUTIONS_DATA_SAVE_ON_ERROR: \"all\"\n            N8N_EXECUTION_TIMEOUT: \"300\"\n          deploy:\n            resources:\n              limits:\n                memory: 1G\n                cpus: '1.00'\n          logging:\n            driver: json-file\n            options:\n              max-size: \"50m\"\n              max-file: \"5\"\n          healthcheck:\n            test: [\"CMD-SHELL\", \"curl -sf http://localhost:5678/healthz || exit 1\"]\n            interval: 30s\n            timeout: 10s\n            retries: 3\n            start_period: 30s\n          volumes:\n            - n8n_data:/home/node/.n8n\n          networks:\n            - n8n_default\n      \n      volumes:\n        n8n_data:\n          name: n8n_n8n_data\n          driver: local\n      \n      networks:\n        n8n_default:\n          name: n8n_default\n          driver: bridge\n      \n\nruncmd:\n  - systemctl enable qemu-guest-agent\n  - systemctl start qemu-guest-agent\n  - systemctl enable docker\n  - systemctl start docker\n  - mkdir -p /opt/mcphub\n  - mkdir -p /opt/n8n\n  - systemctl daemon-reload\n  - cd /opt/mcphub \u0026\u0026 docker compose build \u0026\u0026 docker compose up -d\n  - cd /opt/n8n \u0026\u0026 docker compose up -d\n\nfinal_message: \"Cloud-init completed for mcphub\"\n",
            "content_base64": null,
            "content_base64sha256": "+TDcQ60AiekpynZwgtxlIJ7Tf7DZvXV5YsAMMInT8u8=",
            "content_base64sha512": "W4PCmXSjgdf/199Ll6fdM49zanj9YiQhse+EF2jY4Ezwe6nFr7w0VeWvTL13zA9MEW0qHzg9bXT6JpglhRLyxg==",
            "content_md5": "949c2c0f9b0c997d5329f435d4015b45",
            "content_sha1": "7be3959ac066af8e30b53dd9f08b7f0e8040c149",
            "content_sha256": "f930dc43ad0089e929ca767082dc65209ed37fb0d9bd757962c00c3089d3f2ef",
            "content_sha512": "5b83c29974a381d7ffd7df4b97a7dd338f736a78fd622421b1ef841768d8e04cf07ba9c5afbc3455e5af4cbd77cc0f4c116d2a1f383d6d74fa2698258512f2c6",
            "directory_permission": "0777",
            "file_permission": "0644",
            "filename": "./configs/vm-112-mcphub/cloud-init.yaml",
            "id": "7be3959ac066af8e30b53dd9f08b7f0e8040c149",
            "sensitive_content": null,
            "source": null
          },
          "sensitive_attributes": [
            [
              {
                "type": "get_attr",
                "value": "content"
              }
            ],
            [
              {
                "type": "get_attr",
                "value": "sensitive_content"
              }
            ]
          ],
          "identity_schema_version": 0,
          "dependencies": [
            "module.onepassword_secrets.data.onepassword_item.archon",
            "module.onepassword_secrets.data.onepassword_item.cloudflare",
            "module.onepassword_secrets.data.onepassword_item.elk",
            "module.onepassword_secrets.data.onepassword_item.exa",
            "module.onepassword_secrets.data.onepassword_item.github",
            "module.onepassword_secrets.data.onepassword_item.glitchtip",
            "module.onepassword_secrets.data.onepassword_item.grafana",
            "module.onepassword_secrets.data.onepassword_item.mcphub",
            "module.onepassword_secrets.data.onepassword_item.n8n",
            "module.onepassword_secrets.data.onepassword_item.proxmox",
            "module.onepassword_secrets.data.onepassword_item.splunk",
            "module.onepassword_secrets.data.onepassword_item.supabase",
            "module.onepassword_secrets.data.onepassword_vault.this"
          ]
        },
        {
          "index_key": "youtube",
          "schema_version": 0,
          "attributes": {
            "content": "#cloud-config\nhostname: youtube\nmanage_etc_hosts: true\n\npackage_update: true\npackage_upgrade: false\n\npackages:\n  - qemu-guest-agent\n  - curl\n  - vim\n  - git\n  - gnupg\n\n\nruncmd:\n  - systemctl enable qemu-guest-agent\n  - systemctl start qemu-guest-agent\n\nfinal_message: \"Cloud-init completed for youtube\"\n",
            "content_base64": null,
            "content_base64sha256": "m68HEf7CcuKZmib1L0yxJ2a7Emnkij7LVHqP6YdkvNQ=",
            "content_base64sha512": "rnH5OhIRDxgqypD4wg7lxq+QjxeN+orlLwHcXYRDC1C09wrN+4WENWBhIyK/HeC994W2BENFUv2i2kg8glXFGg==",
            "content_md5": "ffa6b50802eb02fe3a07572afe9a2038",
            "content_sha1": "f9616d4906702983a5020a361eaecbb92c9fe518",
            "content_sha256": "9baf0711fec272e2999a26f52f4cb12766bb1269e48a3ecb547a8fe98764bcd4",
            "content_sha512": "ae71f93a12110f182aca90f8c20ee5c6af908f178dfa8ae52f01dc5d84430b50b4f70acdfb85843560612322bf1de0bdf785b604434552fda2da483c8255c51a",
            "directory_permission": "0777",
            "file_permission": "0644",
            "filename": "./configs/vm-220-youtube/cloud-init.yaml",
            "id": "f9616d4906702983a5020a361eaecbb92c9fe518",
            "sensitive_content": null,
            "source": null
          },
          "sensitive_attributes": [
            [
              {
                "type": "get_attr",
                "value": "sensitive_content"
              }
            ]
          ],
          "identity_schema_version": 0,
          "dependencies": [
            "module.onepassword_secrets.data.onepassword_item.archon",
            "module.onepassword_secrets.data.onepassword_item.cloudflare",
            "module.onepassword_secrets.data.onepassword_item.elk",
            "module.onepassword_secrets.data.onepassword_item.exa",
            "module.onepassword_secrets.data.onepassword_item.github",
            "module.onepassword_secrets.data.onepassword_item.glitchtip",
            "module.onepassword_secrets.data.onepassword_item.grafana",
            "module.onepassword_secrets.data.onepassword_item.mcphub",
            "module.onepassword_secrets.data.onepassword_item.n8n",
            "module.onepassword_secrets.data.onepassword_item.proxmox",
            "module.onepassword_secrets.data.onepassword_item.splunk",
            "module.onepassword_secrets.data.onepassword_item.supabase",
            "module.onepassword_secrets.data.onepassword_vault.this"
          ]
        }
      ]
    },
    {
      "module": "module.vm_config",
      "mode": "managed",
      "type": "local_file",
      "name": "systemd_services",
      "provider": "provider[\"registry.terraform.io/hashicorp/local\"]",
      "instances": []
    },
    {
      "module": "module.vm_config",
      "mode": "managed",
      "type": "null_resource",
      "name": "deploy_systemd_services",
      "provider": "provider[\"registry.terraform.io/hashicorp/null\"]",
      "instances": []
    },
    {
      "module": "module.vm_config",
      "mode": "managed",
      "type": "null_resource",
      "name": "deploy_vm_write_files",
      "provider": "provider[\"registry.terraform.io/hashicorp/null\"]",
      "instances": []
    },
    {
      "module": "module.vm_config",
      "mode": "managed",
      "type": "null_resource",
      "name": "health_check_systemd",
      "provider": "provider[\"registry.terraform.io/hashicorp/null\"]",
      "instances": []
    },
    {
      "module": "module.vm_config",
      "mode": "managed",
      "type": "null_resource",
      "name": "install_filebeat",
      "provider": "provider[\"registry.terraform.io/hashicorp/null\"]",
      "instances": []
    }
  ],
  "check_results": [
    {
      "object_kind": "check",
      "config_addr": "check.no_placeholder_metadata",
      "status": "unknown",
      "objects": null
    },
    {
      "object_kind": "var",
      "config_addr": "module.lxc.var.node_name",
      "status": "unknown",
      "objects": null
    },
    {
      "object_kind": "var",
      "config_addr": "var.dns_servers",
      "status": "pass",
      "objects": [
        {
          "object_addr": "var.dns_servers",
          "status": "pass"
        }
      ]
    },
    {
      "object_kind": "resource",
      "config_addr": "module.vm.proxmox_virtual_environment_vm.this",
      "status": "unknown",
      "objects": [
        {
          "object_addr": "module.vm[\"mcphub\"].proxmox_virtual_environment_vm.this",
          "status": "unknown"
        },
        {
          "object_addr": "module.vm[\"ollama\"].proxmox_virtual_environment_vm.this",
          "status": "pass"
        },
        {
          "object_addr": "module.vm[\"youtube\"].proxmox_virtual_environment_vm.this",
          "status": "unknown"
        }
      ]
    },
    {
      "object_kind": "var",
      "config_addr": "var.managed_vmid_range",
      "status": "pass",
      "objects": [
        {
          "object_addr": "var.managed_vmid_range",
          "status": "pass"
        }
      ]
    },
    {
      "object_kind": "var",
      "config_addr": "module.lxc.var.managed_vmid_min",
      "status": "unknown",
      "objects": null
    },
    {
      "object_kind": "var",
      "config_addr": "var.proxmox_endpoint",
      "status": "pass",
      "objects": [
        {
          "object_addr": "var.proxmox_endpoint",
          "status": "pass"
        }
      ]
    },
    {
      "object_kind": "check",
      "config_addr": "module.vm_config.check.deploy_requires_ssh_key",
      "status": "unknown",
      "objects": null
    },
    {
      "object_kind": "output",
      "config_addr": "output.required_template_secrets_validation",
      "status": "pass",
      "objects": [
        {
          "object_addr": "output.required_template_secrets_validation",
          "status": "pass"
        }
      ]
    },
    {
      "object_kind": "var",
      "config_addr": "module.lxc.var.disk_size",
      "status": "unknown",
      "objects": null
    },
    {
      "object_kind": "resource",
      "config_addr": "module.lxc.proxmox_virtual_environment_container.this",
      "status": "unknown",
      "objects": null
    },
    {
      "object_kind": "check",
      "config_addr": "check.no_placeholder_secrets",
      "status": "unknown",
      "objects": null
    },
    {
      "object_kind": "var",
      "config_addr": "module.lxc.var.managed_vmid_max",
      "status": "unknown",
      "objects": null
    },
    {
      "object_kind": "var",
      "config_addr": "module.vm.var.bios",
      "status": "pass",
      "objects": [
        {
          "object_addr": "module.vm[\"youtube\"].var.bios",
          "status": "pass"
        },
        {
          "object_addr": "module.vm[\"mcphub\"].var.bios",
          "status": "pass"
        },
        {
          "object_addr": "module.vm[\"ollama\"].var.bios",
          "status": "pass"
        }
      ]
    },
    {
      "object_kind": "var",
      "config_addr": "module.vm.var.cores",
      "status": "pass",
      "objects": [
        {
          "object_addr": "module.vm[\"youtube\"].var.cores",
          "status": "pass"
        },
        {
          "object_addr": "module.vm[\"mcphub\"].var.cores",
          "status": "pass"
        },
        {
          "object_addr": "module.vm[\"ollama\"].var.cores",
          "status": "pass"
        }
      ]
    },
    {
      "object_kind": "var",
      "config_addr": "module.lxc.var.memory",
      "status": "unknown",
      "objects": null
    },
    {
      "object_kind": "var",
      "config_addr": "module.vm.var.disk_interface",
      "status": "pass",
      "objects": [
        {
          "object_addr": "module.vm[\"youtube\"].var.disk_interface",
          "status": "pass"
        },
        {
          "object_addr": "module.vm[\"mcphub\"].var.disk_interface",
          "status": "pass"
        },
        {
          "object_addr": "module.vm[\"ollama\"].var.disk_interface",
          "status": "pass"
        }
      ]
    },
    {
      "object_kind": "var",
      "config_addr": "module.lxc.var.cores",
      "status": "unknown",
      "objects": null
    },
    {
      "object_kind": "var",
      "config_addr": "module.vm.var.managed_vmid_min",
      "status": "pass",
      "objects": [
        {
          "object_addr": "module.vm[\"mcphub\"].var.managed_vmid_min",
          "status": "pass"
        },
        {
          "object_addr": "module.vm[\"ollama\"].var.managed_vmid_min",
          "status": "pass"
        },
        {
          "object_addr": "module.vm[\"youtube\"].var.managed_vmid_min",
          "status": "pass"
        }
      ]
    },
    {
      "object_kind": "var",
      "config_addr": "module.lxc.var.swap",
      "status": "unknown",
      "objects": null
    },
    {
      "object_kind": "check",
      "config_addr": "module.lxc_config.check.deploy_requires_ssh_key",
      "status": "unknown",
      "objects": null
    },
    {
      "object_kind": "check",
      "config_addr": "check.deploy_ssh_key_required",
      "status": "unknown",
      "objects": null
    },
    {
      "object_kind": "var",
      "config_addr": "var.proxmox_api_token",
      "status": "pass",
      "objects": [
        {
          "object_addr": "var.proxmox_api_token",
          "status": "pass"
        }
      ]
    },
    {
      "object_kind": "var",
      "config_addr": "module.vm.var.memory",
      "status": "pass",
      "objects": [
        {
          "object_addr": "module.vm[\"ollama\"].var.memory",
          "status": "pass"
        },
        {
          "object_addr": "module.vm[\"youtube\"].var.memory",
          "status": "pass"
        },
        {
          "object_addr": "module.vm[\"mcphub\"].var.memory",
          "status": "pass"
        }
      ]
    },
    {
      "object_kind": "var",
      "config_addr": "module.vm.var.hostname",
      "status": "pass",
      "objects": [
        {
          "object_addr": "module.vm[\"ollama\"].var.hostname",
          "status": "pass"
        },
        {
          "object_addr": "module.vm[\"youtube\"].var.hostname",
          "status": "pass"
        },
        {
          "object_addr": "module.vm[\"mcphub\"].var.hostname",
          "status": "pass"
        }
      ]
    },
    {
      "object_kind": "var",
      "config_addr": "var.ssh_public_keys",
      "status": "unknown",
      "objects": null
    },
    {
      "object_kind": "var",
      "config_addr": "module.vm.var.dns_servers",
      "status": "pass",
      "objects": [
        {
          "object_addr": "module.vm[\"ollama\"].var.dns_servers",
          "status": "pass"
        },
        {
          "object_addr": "module.vm[\"youtube\"].var.dns_servers",
          "status": "pass"
        },
        {
          "object_addr": "module.vm[\"mcphub\"].var.dns_servers",
          "status": "pass"
        }
      ]
    },
    {
      "object_kind": "var",
      "config_addr": "module.vm.var.ip_address",
      "status": "pass",
      "objects": [
        {
          "object_addr": "module.vm[\"youtube\"].var.ip_address",
          "status": "pass"
        },
        {
          "object_addr": "module.vm[\"mcphub\"].var.ip_address",
          "status": "pass"
        },
        {
          "object_addr": "module.vm[\"ollama\"].var.ip_address",
          "status": "pass"
        }
      ]
    },
    {
      "object_kind": "check",
      "config_addr": "check.memory_requirements",
      "status": "unknown",
      "objects": null
    },
    {
      "object_kind": "var",
      "config_addr": "module.vm.var.vmid",
      "status": "pass",
      "objects": [
        {
          "object_addr": "module.vm[\"youtube\"].var.vmid",
          "status": "pass"
        },
        {
          "object_addr": "module.vm[\"mcphub\"].var.vmid",
          "status": "pass"
        },
        {
          "object_addr": "module.vm[\"ollama\"].var.vmid",
          "status": "pass"
        }
      ]
    },
    {
      "object_kind": "var",
      "config_addr": "module.lxc.var.dns_servers",
      "status": "unknown",
      "objects": null
    },
    {
      "object_kind": "var",
      "config_addr": "module.lxc.var.network_gateway",
      "status": "unknown",
      "objects": null
    },
    {
      "object_kind": "var",
      "config_addr": "module.lxc.var.template_file_id",
      "status": "unknown",
      "objects": null
    },
    {
      "object_kind": "var",
      "config_addr": "module.vm.var.managed_vmid_max",
      "status": "pass",
      "objects": [
        {
          "object_addr": "module.vm[\"youtube\"].var.managed_vmid_max",
          "status": "pass"
        },
        {
          "object_addr": "module.vm[\"mcphub\"].var.managed_vmid_max",
          "status": "pass"
        },
        {
          "object_addr": "module.vm[\"ollama\"].var.managed_vmid_max",
          "status": "pass"
        }
      ]
    },
    {
      "object_kind": "var",
      "config_addr": "var.network_cidr",
      "status": "unknown",
      "objects": null
    },
    {
      "object_kind": "var",
      "config_addr": "module.lxc.var.vmid",
      "status": "unknown",
      "objects": null
    },
    {
      "object_kind": "var",
      "config_addr": "module.vm.var.disk_size",
      "status": "pass",
      "objects": [
        {
          "object_addr": "module.vm[\"ollama\"].var.disk_size",
          "status": "pass"
        },
        {
          "object_addr": "module.vm[\"youtube\"].var.disk_size",
          "status": "pass"
        },
        {
          "object_addr": "module.vm[\"mcphub\"].var.disk_size",
          "status": "pass"
        }
      ]
    },
    {
      "object_kind": "var",
      "config_addr": "module.lxc.var.datastore_id",
      "status": "unknown",
      "objects": null
    },
    {
      "object_kind": "var",
      "config_addr": "module.vm.var.machine",
      "status": "pass",
      "objects": [
        {
          "object_addr": "module.vm[\"youtube\"].var.machine",
          "status": "pass"
        },
        {
          "object_addr": "module.vm[\"mcphub\"].var.machine",
          "status": "pass"
        },
        {
          "object_addr": "module.vm[\"ollama\"].var.machine",
          "status": "pass"
        }
      ]
    },
    {
      "object_kind": "var",
      "config_addr": "var.onepassword_vault_name",
      "status": "pass",
      "objects": [
        {
          "object_addr": "var.onepassword_vault_name",
          "status": "pass"
        }
      ]
    },
    {
      "object_kind": "check",
      "config_addr": "check.proxmox_provider_token_required",
      "status": "unknown",
      "objects": null
    },
    {
      "object_kind": "var",
      "config_addr": "module.lxc.var.ip_address",
      "status": "unknown",
      "objects": null
    },
    {
      "object_kind": "var",
      "config_addr": "module.vm.var.network_gateway",
      "status": "pass",
      "objects": [
        {
          "object_addr": "module.vm[\"mcphub\"].var.network_gateway",
          "status": "pass"
        },
        {
          "object_addr": "module.vm[\"ollama\"].var.network_gateway",
          "status": "pass"
        },
        {
          "object_addr": "module.vm[\"youtube\"].var.network_gateway",
          "status": "pass"
        }
      ]
    },
    {
      "object_kind": "check",
      "config_addr": "check.ip_subnet",
      "status": "unknown",
      "objects": null
    },
    {
      "object_kind": "var",
      "config_addr": "module.lxc.var.hostname",
      "status": "unknown",
      "objects": null
    },
    {
      "object_kind": "var",
      "config_addr": "var.network_gateway",
      "status": "pass",
      "objects": [
        {
          "object_addr": "var.network_gateway",
          "status": "pass"
        }
      ]
    },
    {
      "object_kind": "var",
      "config_addr": "module.vm.var.node_name",
      "status": "pass",
      "objects": [
        {
          "object_addr": "module.vm[\"youtube\"].var.node_name",
          "status": "pass"
        },
        {
          "object_addr": "module.vm[\"mcphub\"].var.node_name",
          "status": "pass"
        },
        {
          "object_addr": "module.vm[\"ollama\"].var.node_name",
          "status": "pass"
        }
      ]
    },
    {
      "object_kind": "var",
      "config_addr": "var.node_name",
      "status": "pass",
      "objects": [
        {
          "object_addr": "var.node_name",
          "status": "pass"
        }
      ]
    },
    {
      "object_kind": "check",
      "config_addr": "check.mcphub_required_secrets",
      "status": "unknown",
      "objects": null
    },
    {
      "object_kind": "var",
      "config_addr": "module.vm.var.datastore_id",
      "status": "pass",
      "objects": [
        {
          "object_addr": "module.vm[\"youtube\"].var.datastore_id",
          "status": "pass"
        },
        {
          "object_addr": "module.vm[\"mcphub\"].var.datastore_id",
          "status": "pass"
        },
        {
          "object_addr": "module.vm[\"ollama\"].var.datastore_id",
          "status": "pass"
        }
      ]
    },
    {
      "object_kind": "check",
      "config_addr": "check.vmid_range",
      "status": "unknown",
      "objects": null
    },
    {
      "object_kind": "var",
      "config_addr": "var.datastore_id",
      "status": "pass",
      "objects": [
        {
          "object_addr": "var.datastore_id",
          "status": "pass"
        }
      ]
    }
  ]
}
