{
  "version": 4,
  "terraform_version": "1.14.5",
  "serial": 618,
  "lineage": "efb8847b-b790-e5ba-5943-4b312842c129",
  "outputs": {
    "container_ids": {
      "value": {
        "archon": 108,
        "coredns": 103,
        "elk": 105,
        "gitlab-runner": null,
        "grafana": 104,
        "n8n": 110,
        "proxy": null,
        "supabase": 107,
        "traefik": 102
      },
      "type": [
        "object",
        {
          "archon": "number",
          "coredns": "number",
          "elk": "number",
          "gitlab-runner": "number",
          "grafana": "number",
          "n8n": "number",
          "proxy": "number",
          "supabase": "number",
          "traefik": "number"
        }
      ]
    },
    "container_ips": {
      "value": {
        "archon": "192.168.50.108",
        "coredns": "192.168.50.103",
        "elk": "192.168.50.105",
        "gitlab-runner": "192.168.50.101",
        "grafana": "192.168.50.104",
        "n8n": "192.168.50.110",
        "proxy": "192.168.50.114",
        "supabase": "192.168.50.107",
        "traefik": "192.168.50.102"
      },
      "type": [
        "object",
        {
          "archon": "string",
          "coredns": "string",
          "elk": "string",
          "gitlab-runner": "string",
          "grafana": "string",
          "n8n": "string",
          "proxy": "string",
          "supabase": "string",
          "traefik": "string"
        }
      ]
    },
    "container_status": {
      "value": {
        "archon": {
          "node": "pve3",
          "started": true,
          "vmid": 108
        },
        "coredns": {
          "node": "pve3",
          "started": true,
          "vmid": 103
        },
        "elk": {
          "node": "pve3",
          "started": true,
          "vmid": 105
        },
        "gitlab-runner": {
          "node": null,
          "started": null,
          "vmid": null
        },
        "grafana": {
          "node": "pve3",
          "started": true,
          "vmid": 104
        },
        "n8n": {
          "node": "pve3",
          "started": true,
          "vmid": 110
        },
        "proxy": {
          "node": "pve3",
          "started": true,
          "vmid": null
        },
        "supabase": {
          "node": "pve3",
          "started": true,
          "vmid": 107
        },
        "traefik": {
          "node": "pve3",
          "started": true,
          "vmid": 102
        }
      },
      "type": [
        "object",
        {
          "archon": [
            "object",
            {
              "node": "string",
              "started": "bool",
              "vmid": "number"
            }
          ],
          "coredns": [
            "object",
            {
              "node": "string",
              "started": "bool",
              "vmid": "number"
            }
          ],
          "elk": [
            "object",
            {
              "node": "string",
              "started": "bool",
              "vmid": "number"
            }
          ],
          "gitlab-runner": [
            "object",
            {
              "node": "string",
              "started": "bool",
              "vmid": "number"
            }
          ],
          "grafana": [
            "object",
            {
              "node": "string",
              "started": "bool",
              "vmid": "number"
            }
          ],
          "n8n": [
            "object",
            {
              "node": "string",
              "started": "bool",
              "vmid": "number"
            }
          ],
          "proxy": [
            "object",
            {
              "node": "string",
              "started": "bool",
              "vmid": "number"
            }
          ],
          "supabase": [
            "object",
            {
              "node": "string",
              "started": "bool",
              "vmid": "number"
            }
          ],
          "traefik": [
            "object",
            {
              "node": "string",
              "started": "bool",
              "vmid": "number"
            }
          ]
        }
      ]
    },
    "host_inventory": {
      "value": {
        "archon": {
          "ip": "192.168.50.108",
          "ports": {
            "mcp": 8051,
            "server": 8181,
            "ui": 3737
          },
          "roles": [
            "ai",
            "knowledge-management",
            "mcp"
          ],
          "vmid": 108
        },
        "coredns": {
          "ip": "192.168.50.103",
          "ports": {
            "dns": 53,
            "health": 8080
          },
          "roles": [
            "dns",
            "split-dns"
          ],
          "vmid": 103
        },
        "elk": {
          "ip": "192.168.50.105",
          "ports": {
            "elasticsearch": 9200,
            "es_transport": 9300,
            "kibana": 5601,
            "logstash_api": 9600,
            "logstash_beat": 5044,
            "logstash_http": 8080,
            "logstash_prometheus": 9198,
            "logstash_tcp": 5000
          },
          "roles": [
            "logging",
            "elasticsearch",
            "kibana"
          ],
          "vmid": 105
        },
        "gitlab-runner": {
          "ip": "192.168.50.101",
          "ports": {},
          "roles": [
            "ci",
            "runner",
            "gitlab"
          ],
          "vmid": 101
        },
        "grafana": {
          "ip": "192.168.50.104",
          "ports": {
            "cadvisor": 8888,
            "grafana": 3000,
            "prometheus": 9090
          },
          "roles": [
            "observability",
            "monitoring"
          ],
          "vmid": 104
        },
        "jclee": {
          "ip": "192.168.50.80",
          "ports": {
            "rdp": 3389,
            "ssh": 22
          },
          "roles": [
            "workstation"
          ],
          "vmid": 80
        },
        "jclee-dev": {
          "ip": "192.168.50.200",
          "ports": {
            "opencode": 8090,
            "rdp": 3389,
            "ssh": 22
          },
          "roles": [
            "development",
            "workstation"
          ],
          "vmid": 200
        },
        "mcphub": {
          "ip": "192.168.50.112",
          "ports": {
            "cadvisor": 8888,
            "op_connect": 8090,
            "playwright": 8056,
            "proxmox": 8055,
            "web": 3000
          },
          "roles": [
            "mcp-hub",
            "ai",
            "mcp",
            "gateway",
            "automation"
          ],
          "vmid": 112
        },
        "n8n": {
          "ip": "192.168.50.110",
          "ports": {
            "cadvisor": 8888,
            "n8n": 5678,
            "postgres": 5432,
            "postgres_exporter": 9187
          },
          "roles": [
            "automation",
            "workflow"
          ],
          "vmid": 110
        },
        "proxy": {
          "ip": "192.168.50.114",
          "ports": {
            "proxy": 3128
          },
          "roles": [
            "proxy",
            "squid"
          ],
          "vmid": 100
        },
        "pve": {
          "ip": "192.168.50.100",
          "ports": {},
          "roles": [
            "hypervisor"
          ]
        },
        "supabase": {
          "ip": "192.168.50.107",
          "ports": {
            "api": 8000,
            "db": 5432,
            "inbucket": 9000,
            "postgres_exporter": 9187,
            "realtime": 4000,
            "studio": 3000
          },
          "roles": [
            "database",
            "backend-as-a-service",
            "auth"
          ],
          "vmid": 107
        },
        "synology": {
          "ip": "192.168.50.215",
          "ports": {
            "dsm": 5000,
            "dsm_https": 5001,
            "gitlab_http": 8929,
            "gitlab_registry": 5050,
            "gitlab_ssh": 2224
          },
          "roles": [
            "nas",
            "storage",
            "gitlab",
            "ci"
          ],
          "vmid": 215
        },
        "traefik": {
          "ip": "192.168.50.102",
          "ports": {
            "http": 80,
            "https": 443,
            "traefik": 8080
          },
          "roles": [
            "proxy",
            "ingress"
          ],
          "vmid": 102
        },
        "youtube": {
          "ip": "192.168.50.220",
          "ports": {
            "cadvisor": 8888
          },
          "roles": [
            "youtube",
            "media"
          ],
          "vmid": 220
        }
      },
      "type": [
        "object",
        {
          "archon": [
            "object",
            {
              "ip": "string",
              "ports": [
                "object",
                {
                  "mcp": "number",
                  "server": "number",
                  "ui": "number"
                }
              ],
              "roles": [
                "tuple",
                [
                  "string",
                  "string",
                  "string"
                ]
              ],
              "vmid": "number"
            }
          ],
          "coredns": [
            "object",
            {
              "ip": "string",
              "ports": [
                "object",
                {
                  "dns": "number",
                  "health": "number"
                }
              ],
              "roles": [
                "tuple",
                [
                  "string",
                  "string"
                ]
              ],
              "vmid": "number"
            }
          ],
          "elk": [
            "object",
            {
              "ip": "string",
              "ports": [
                "object",
                {
                  "elasticsearch": "number",
                  "es_transport": "number",
                  "kibana": "number",
                  "logstash_api": "number",
                  "logstash_beat": "number",
                  "logstash_http": "number",
                  "logstash_prometheus": "number",
                  "logstash_tcp": "number"
                }
              ],
              "roles": [
                "tuple",
                [
                  "string",
                  "string",
                  "string"
                ]
              ],
              "vmid": "number"
            }
          ],
          "gitlab-runner": [
            "object",
            {
              "ip": "string",
              "ports": [
                "object",
                {}
              ],
              "roles": [
                "tuple",
                [
                  "string",
                  "string",
                  "string"
                ]
              ],
              "vmid": "number"
            }
          ],
          "grafana": [
            "object",
            {
              "ip": "string",
              "ports": [
                "object",
                {
                  "cadvisor": "number",
                  "grafana": "number",
                  "prometheus": "number"
                }
              ],
              "roles": [
                "tuple",
                [
                  "string",
                  "string"
                ]
              ],
              "vmid": "number"
            }
          ],
          "jclee": [
            "object",
            {
              "ip": "string",
              "ports": [
                "object",
                {
                  "rdp": "number",
                  "ssh": "number"
                }
              ],
              "roles": [
                "tuple",
                [
                  "string"
                ]
              ],
              "vmid": "number"
            }
          ],
          "jclee-dev": [
            "object",
            {
              "ip": "string",
              "ports": [
                "object",
                {
                  "opencode": "number",
                  "rdp": "number",
                  "ssh": "number"
                }
              ],
              "roles": [
                "tuple",
                [
                  "string",
                  "string"
                ]
              ],
              "vmid": "number"
            }
          ],
          "mcphub": [
            "object",
            {
              "ip": "string",
              "ports": [
                "object",
                {
                  "cadvisor": "number",
                  "op_connect": "number",
                  "playwright": "number",
                  "proxmox": "number",
                  "web": "number"
                }
              ],
              "roles": [
                "tuple",
                [
                  "string",
                  "string",
                  "string",
                  "string",
                  "string"
                ]
              ],
              "vmid": "number"
            }
          ],
          "n8n": [
            "object",
            {
              "ip": "string",
              "ports": [
                "object",
                {
                  "cadvisor": "number",
                  "n8n": "number",
                  "postgres": "number",
                  "postgres_exporter": "number"
                }
              ],
              "roles": [
                "tuple",
                [
                  "string",
                  "string"
                ]
              ],
              "vmid": "number"
            }
          ],
          "proxy": [
            "object",
            {
              "ip": "string",
              "ports": [
                "object",
                {
                  "proxy": "number"
                }
              ],
              "roles": [
                "tuple",
                [
                  "string",
                  "string"
                ]
              ],
              "vmid": "number"
            }
          ],
          "pve": [
            "object",
            {
              "ip": "string",
              "ports": [
                "object",
                {}
              ],
              "roles": [
                "tuple",
                [
                  "string"
                ]
              ]
            }
          ],
          "supabase": [
            "object",
            {
              "ip": "string",
              "ports": [
                "object",
                {
                  "api": "number",
                  "db": "number",
                  "inbucket": "number",
                  "postgres_exporter": "number",
                  "realtime": "number",
                  "studio": "number"
                }
              ],
              "roles": [
                "tuple",
                [
                  "string",
                  "string",
                  "string"
                ]
              ],
              "vmid": "number"
            }
          ],
          "synology": [
            "object",
            {
              "ip": "string",
              "ports": [
                "object",
                {
                  "dsm": "number",
                  "dsm_https": "number",
                  "gitlab_http": "number",
                  "gitlab_registry": "number",
                  "gitlab_ssh": "number"
                }
              ],
              "roles": [
                "tuple",
                [
                  "string",
                  "string",
                  "string",
                  "string"
                ]
              ],
              "vmid": "number"
            }
          ],
          "traefik": [
            "object",
            {
              "ip": "string",
              "ports": [
                "object",
                {
                  "http": "number",
                  "https": "number",
                  "traefik": "number"
                }
              ],
              "roles": [
                "tuple",
                [
                  "string",
                  "string"
                ]
              ],
              "vmid": "number"
            }
          ],
          "youtube": [
            "object",
            {
              "ip": "string",
              "ports": [
                "object",
                {
                  "cadvisor": "number"
                }
              ],
              "roles": [
                "tuple",
                [
                  "string",
                  "string"
                ]
              ],
              "vmid": "number"
            }
          ]
        }
      ]
    },
    "lxc_configs": {
      "value": {
        "archon": {
          "config_files": [
            {
              "name": "filebeat.yml",
              "path": "./configs/lxc-108-archon/filebeat.yml"
            }
          ],
          "docker_compose": "./configs/lxc-108-archon/docker-compose.yml",
          "hostname": "archon",
          "ip_address": "192.168.50.108",
          "systemd_services": [],
          "vmid": 108
        },
        "coredns": {
          "config_files": [
            {
              "name": "Corefile",
              "path": "./configs/lxc-103-coredns/Corefile"
            },
            {
              "name": "filebeat.yml",
              "path": "./configs/lxc-103-coredns/filebeat.yml"
            }
          ],
          "docker_compose": "./configs/lxc-103-coredns/docker-compose.yml",
          "hostname": "coredns",
          "ip_address": "192.168.50.103",
          "systemd_services": [],
          "vmid": 103
        },
        "elk": {
          "config_files": [
            {
              "name": "filebeat.yml",
              "path": "./configs/lxc-105-elk/filebeat.yml"
            }
          ],
          "docker_compose": "./configs/lxc-105-elk/docker-compose.yml",
          "hostname": "elk",
          "ip_address": "192.168.50.105",
          "systemd_services": [],
          "vmid": 105
        },
        "gitlab-runner": {
          "config_files": [
            {
              "name": "filebeat.yml",
              "path": ""
            }
          ],
          "docker_compose": null,
          "hostname": "gitlab-runner",
          "ip_address": "192.168.50.101",
          "systemd_services": [],
          "vmid": 101
        },
        "grafana": {
          "config_files": [
            {
              "name": "filebeat.yml",
              "path": "./configs/lxc-104-grafana/filebeat.yml"
            },
            {
              "name": "prometheus.yml",
              "path": "./configs/lxc-104-grafana/prometheus.yml"
            }
          ],
          "docker_compose": null,
          "hostname": "grafana",
          "ip_address": "192.168.50.104",
          "systemd_services": [],
          "vmid": 104
        },
        "n8n": {
          "config_files": [
            {
              "name": "filebeat.yml",
              "path": "./configs/lxc-110-n8n/filebeat.yml"
            }
          ],
          "docker_compose": "./configs/lxc-110-n8n/docker-compose.yml",
          "hostname": "n8n",
          "ip_address": "192.168.50.110",
          "systemd_services": [],
          "vmid": 110
        },
        "proxy": {
          "config_files": [],
          "docker_compose": null,
          "hostname": "proxy",
          "ip_address": "192.168.50.114",
          "systemd_services": [],
          "vmid": 100
        },
        "supabase": {
          "config_files": [
            {
              "name": "filebeat.yml",
              "path": "./configs/lxc-107-supabase/filebeat.yml"
            }
          ],
          "docker_compose": "./configs/lxc-107-supabase/docker-compose.yml",
          "hostname": "supabase",
          "ip_address": "192.168.50.107",
          "systemd_services": [],
          "vmid": 107
        },
        "traefik": {
          "config_files": [
            {
              "name": "filebeat.yml",
              "path": "./configs/lxc-102-traefik/filebeat.yml"
            },
            {
              "name": "traefik.yml",
              "path": "./configs/lxc-102-traefik/traefik.yml"
            }
          ],
          "docker_compose": null,
          "hostname": "traefik",
          "ip_address": "192.168.50.102",
          "systemd_services": [],
          "vmid": 102
        }
      },
      "type": [
        "object",
        {
          "archon": [
            "object",
            {
              "config_files": [
                "tuple",
                [
                  [
                    "object",
                    {
                      "name": "string",
                      "path": "string"
                    }
                  ]
                ]
              ],
              "docker_compose": "string",
              "hostname": "string",
              "ip_address": "string",
              "systemd_services": [
                "tuple",
                []
              ],
              "vmid": "number"
            }
          ],
          "coredns": [
            "object",
            {
              "config_files": [
                "tuple",
                [
                  [
                    "object",
                    {
                      "name": "string",
                      "path": "string"
                    }
                  ],
                  [
                    "object",
                    {
                      "name": "string",
                      "path": "string"
                    }
                  ]
                ]
              ],
              "docker_compose": "string",
              "hostname": "string",
              "ip_address": "string",
              "systemd_services": [
                "tuple",
                []
              ],
              "vmid": "number"
            }
          ],
          "elk": [
            "object",
            {
              "config_files": [
                "tuple",
                [
                  [
                    "object",
                    {
                      "name": "string",
                      "path": "string"
                    }
                  ]
                ]
              ],
              "docker_compose": "string",
              "hostname": "string",
              "ip_address": "string",
              "systemd_services": [
                "tuple",
                []
              ],
              "vmid": "number"
            }
          ],
          "gitlab-runner": [
            "object",
            {
              "config_files": [
                "tuple",
                [
                  [
                    "object",
                    {
                      "name": "string",
                      "path": "string"
                    }
                  ]
                ]
              ],
              "docker_compose": "dynamic",
              "hostname": "string",
              "ip_address": "string",
              "systemd_services": [
                "tuple",
                []
              ],
              "vmid": "number"
            }
          ],
          "grafana": [
            "object",
            {
              "config_files": [
                "tuple",
                [
                  [
                    "object",
                    {
                      "name": "string",
                      "path": "string"
                    }
                  ],
                  [
                    "object",
                    {
                      "name": "string",
                      "path": "string"
                    }
                  ]
                ]
              ],
              "docker_compose": "dynamic",
              "hostname": "string",
              "ip_address": "string",
              "systemd_services": [
                "tuple",
                []
              ],
              "vmid": "number"
            }
          ],
          "n8n": [
            "object",
            {
              "config_files": [
                "tuple",
                [
                  [
                    "object",
                    {
                      "name": "string",
                      "path": "string"
                    }
                  ]
                ]
              ],
              "docker_compose": "string",
              "hostname": "string",
              "ip_address": "string",
              "systemd_services": [
                "tuple",
                []
              ],
              "vmid": "number"
            }
          ],
          "proxy": [
            "object",
            {
              "config_files": [
                "tuple",
                []
              ],
              "docker_compose": "dynamic",
              "hostname": "string",
              "ip_address": "string",
              "systemd_services": [
                "tuple",
                []
              ],
              "vmid": "number"
            }
          ],
          "supabase": [
            "object",
            {
              "config_files": [
                "tuple",
                [
                  [
                    "object",
                    {
                      "name": "string",
                      "path": "string"
                    }
                  ]
                ]
              ],
              "docker_compose": "string",
              "hostname": "string",
              "ip_address": "string",
              "systemd_services": [
                "tuple",
                []
              ],
              "vmid": "number"
            }
          ],
          "traefik": [
            "object",
            {
              "config_files": [
                "tuple",
                [
                  [
                    "object",
                    {
                      "name": "string",
                      "path": "string"
                    }
                  ],
                  [
                    "object",
                    {
                      "name": "string",
                      "path": "string"
                    }
                  ]
                ]
              ],
              "docker_compose": "dynamic",
              "hostname": "string",
              "ip_address": "string",
              "systemd_services": [
                "tuple",
                []
              ],
              "vmid": "number"
            }
          ]
        }
      ],
      "sensitive": true
    },
    "nodes": {
      "value": [
        "pve3"
      ],
      "type": [
        "list",
        "string"
      ]
    },
    "rendered_configs": {
      "value": {
        "archon_docker_compose": "./configs/rendered/archon/docker-compose.yml",
        "archon_env": "./configs/rendered/archon/.env",
        "archon_filebeat": "./configs/rendered/archon/filebeat.yml",
        "coredns_corefile": "./configs/rendered/coredns/Corefile",
        "coredns_docker_compose": "./configs/rendered/coredns/docker-compose.yml",
        "coredns_filebeat": "./configs/rendered/coredns/filebeat.yml",
        "elk_docker_compose": "./configs/rendered/elk/docker-compose.yml",
        "elk_dockerfile_logstash": "./configs/rendered/elk/Dockerfile.logstash",
        "elk_filebeat": "./configs/rendered/elk/filebeat.yml",
        "elk_ilm_policy": "./configs/rendered/elk/ilm-policy.json",
        "elk_logstash_conf": "./configs/rendered/elk/logstash.conf",
        "elk_logstash_yml": "./configs/rendered/elk/logstash.yml",
        "elk_setup_ilm": "./configs/rendered/elk/setup-ilm.sh",
        "grafana_datasources": "./configs/rendered/grafana-datasources.yml",
        "grafana_filebeat": "./configs/rendered/grafana/filebeat.yml",
        "mcphub_docker_compose": "./configs/rendered/mcphub/docker-compose.yml",
        "mcphub_env": "./configs/rendered/mcphub/.env",
        "mcphub_filebeat": "./configs/rendered/mcphub/filebeat.yml",
        "mcphub_mcp_settings": "./configs/rendered/mcphub/mcp_settings.json",
        "mcphub_op_connect_compose": "./configs/rendered/mcphub/docker-compose-op-connect.yml",
        "n8n_docker_compose": "./configs/rendered/n8n/docker-compose.yml",
        "n8n_env": "./configs/rendered/n8n/n8n.env",
        "n8n_filebeat": "./configs/rendered/n8n/filebeat.yml",
        "prometheus": "./configs/rendered/prometheus.yml",
        "runner_filebeat": "./configs/rendered/runner/filebeat.yml",
        "supabase_docker_compose": "./configs/rendered/supabase/docker-compose.yml",
        "supabase_env": "./configs/rendered/supabase/.env",
        "supabase_filebeat": "./configs/rendered/supabase/filebeat.yml",
        "traefik_archon": "./configs/rendered/traefik/archon.yml",
        "traefik_cloudflared": "./configs/rendered/traefik/cloudflared-docker-compose.yml",
        "traefik_elk": "./configs/rendered/traefik-elk.yml",
        "traefik_filebeat": "./configs/rendered/traefik/filebeat.yml",
        "traefik_gitlab": "",
        "traefik_grafana": "./configs/rendered/traefik/grafana.yml",
        "traefik_mcphub": "./configs/rendered/traefik/mcphub.yml",
        "traefik_middlewares": "",
        "traefik_n8n": "./configs/rendered/traefik/n8n.yml",
        "traefik_nas": "./configs/rendered/traefik/nas.yml",
        "traefik_opencode": "./configs/rendered/traefik/opencode.yml",
        "traefik_supabase": "./configs/rendered/traefik/supabase.yml",
        "youtube_docker_compose": "",
        "youtube_env": "",
        "youtube_filebeat": "./configs/rendered/youtube/filebeat.yml"
      },
      "type": [
        "object",
        {
          "archon_docker_compose": "string",
          "archon_env": "string",
          "archon_filebeat": "string",
          "coredns_corefile": "string",
          "coredns_docker_compose": "string",
          "coredns_filebeat": "string",
          "elk_docker_compose": "string",
          "elk_dockerfile_logstash": "string",
          "elk_filebeat": "string",
          "elk_ilm_policy": "string",
          "elk_logstash_conf": "string",
          "elk_logstash_yml": "string",
          "elk_setup_ilm": "string",
          "grafana_datasources": "string",
          "grafana_filebeat": "string",
          "mcphub_docker_compose": "string",
          "mcphub_env": "string",
          "mcphub_filebeat": "string",
          "mcphub_mcp_settings": "string",
          "mcphub_op_connect_compose": "string",
          "n8n_docker_compose": "string",
          "n8n_env": "string",
          "n8n_filebeat": "string",
          "prometheus": "string",
          "runner_filebeat": "string",
          "supabase_docker_compose": "string",
          "supabase_env": "string",
          "supabase_filebeat": "string",
          "traefik_archon": "string",
          "traefik_cloudflared": "string",
          "traefik_elk": "string",
          "traefik_filebeat": "string",
          "traefik_gitlab": "string",
          "traefik_grafana": "string",
          "traefik_mcphub": "string",
          "traefik_middlewares": "string",
          "traefik_n8n": "string",
          "traefik_nas": "string",
          "traefik_opencode": "string",
          "traefik_supabase": "string",
          "youtube_docker_compose": "string",
          "youtube_env": "string",
          "youtube_filebeat": "string"
        }
      ]
    },
    "required_template_secrets_validation": {
      "value": true,
      "type": "bool"
    },
    "service_urls": {
      "value": {
        "grafana_url": "https://grafana.jclee.me",
        "n8n_url": "https://mcphub.jclee.me"
      },
      "type": [
        "object",
        {
          "grafana_url": "string",
          "n8n_url": "string"
        }
      ]
    },
    "validation_summary": {
      "value": {
        "containers_count": 9,
        "network_cidr": "192.168.50.0/24",
        "node_valid": true,
        "vmid_range": "100-220"
      },
      "type": [
        "object",
        {
          "containers_count": "number",
          "network_cidr": "string",
          "node_valid": "bool",
          "vmid_range": "string"
        }
      ]
    },
    "vm_configs": {
      "value": {
        "mcphub": {
          "cloud_init": "./configs/vm-112-mcphub/cloud-init.yaml",
          "hostname": "mcphub",
          "ip_address": "192.168.50.112",
          "systemd_services": [],
          "vmid": 112
        },
        "youtube": {
          "cloud_init": "./configs/vm-220-youtube/cloud-init.yaml",
          "hostname": "youtube",
          "ip_address": "192.168.50.220",
          "systemd_services": [],
          "vmid": 220
        }
      },
      "type": [
        "object",
        {
          "mcphub": [
            "object",
            {
              "cloud_init": "string",
              "hostname": "string",
              "ip_address": "string",
              "systemd_services": [
                "tuple",
                []
              ],
              "vmid": "number"
            }
          ],
          "youtube": [
            "object",
            {
              "cloud_init": "string",
              "hostname": "string",
              "ip_address": "string",
              "systemd_services": [
                "tuple",
                []
              ],
              "vmid": "number"
            }
          ]
        }
      ]
    }
  },
  "resources": [
    {
      "mode": "data",
      "type": "proxmox_virtual_environment_nodes",
      "name": "nodes",
      "provider": "provider[\"registry.terraform.io/bpg/proxmox\"]",
      "instances": [
        {
          "schema_version": 0,
          "attributes": {
            "cpu_count": [
              8
            ],
            "cpu_utilization": [
              0.25
            ],
            "id": "nodes",
            "memory_available": [
              64902365184
            ],
            "memory_used": [
              57967996928
            ],
            "names": [
              "pve3"
            ],
            "online": [
              true
            ],
            "ssl_fingerprints": [
              "FF:6B:DE:4A:4B:31:F0:E7:F5:CA:C6:7D:3D:7B:0B:D5:56:24:16:75:B0:D8:44:9D:46:E5:2C:7A:06:47:C9:DC"
            ],
            "support_levels": [
              ""
            ],
            "uptime": [
              146207
            ]
          },
          "sensitive_attributes": [],
          "identity_schema_version": 0
        }
      ]
    },
    {
      "mode": "managed",
      "type": "proxmox_virtual_environment_firewall_options",
      "name": "container",
      "provider": "provider[\"registry.terraform.io/bpg/proxmox\"]",
      "instances": [
        {
          "index_key": "n8n",
          "schema_version": 0,
          "attributes": {
            "container_id": 110,
            "dhcp": false,
            "enabled": true,
            "id": "options-3532276982",
            "input_policy": "DROP",
            "ipfilter": false,
            "log_level_in": "nolog",
            "log_level_out": "nolog",
            "macfilter": true,
            "ndp": false,
            "node_name": "pve3",
            "output_policy": "DROP",
            "radv": true,
            "vm_id": null
          },
          "sensitive_attributes": [],
          "identity_schema_version": 0,
          "private": "bnVsbA==",
          "dependencies": [
            "module.onepassword_secrets.data.onepassword_item.this",
            "module.onepassword_secrets.data.onepassword_vault.this"
          ]
        }
      ]
    },
    {
      "mode": "managed",
      "type": "proxmox_virtual_environment_firewall_options",
      "name": "vm",
      "provider": "provider[\"registry.terraform.io/bpg/proxmox\"]",
      "instances": [
        {
          "index_key": "youtube",
          "schema_version": 0,
          "attributes": {
            "container_id": null,
            "dhcp": false,
            "enabled": true,
            "id": "options-4067932322",
            "input_policy": "DROP",
            "ipfilter": false,
            "log_level_in": "nolog",
            "log_level_out": "nolog",
            "macfilter": true,
            "ndp": false,
            "node_name": "pve3",
            "output_policy": "DROP",
            "radv": true,
            "vm_id": 220
          },
          "sensitive_attributes": [],
          "identity_schema_version": 0,
          "private": "bnVsbA==",
          "dependencies": [
            "module.onepassword_secrets.data.onepassword_item.this",
            "module.onepassword_secrets.data.onepassword_vault.this"
          ]
        }
      ]
    },
    {
      "mode": "managed",
      "type": "proxmox_virtual_environment_firewall_rules",
      "name": "container",
      "provider": "provider[\"registry.terraform.io/bpg/proxmox\"]",
      "instances": [
        {
          "index_key": "archon",
          "schema_version": 0,
          "attributes": {
            "container_id": 108,
            "id": "rule-1574040342",
            "node_name": "pve3",
            "rule": [
              {
                "action": "ACCEPT",
                "comment": "archon: SSH",
                "dest": "",
                "dport": "22",
                "enabled": true,
                "iface": "",
                "log": "nolog",
                "macro": "",
                "pos": 0,
                "proto": "tcp",
                "security_group": "",
                "source": "",
                "sport": "",
                "type": "in"
              },
              {
                "action": "ACCEPT",
                "comment": "archon: Archon UI",
                "dest": "",
                "dport": "3737",
                "enabled": true,
                "iface": "",
                "log": "nolog",
                "macro": "",
                "pos": 1,
                "proto": "tcp",
                "security_group": "",
                "source": "",
                "sport": "",
                "type": "in"
              },
              {
                "action": "ACCEPT",
                "comment": "archon: Archon server",
                "dest": "",
                "dport": "8181",
                "enabled": true,
                "iface": "",
                "log": "nolog",
                "macro": "",
                "pos": 2,
                "proto": "tcp",
                "security_group": "",
                "source": "",
                "sport": "",
                "type": "in"
              },
              {
                "action": "ACCEPT",
                "comment": "archon: Archon MCP",
                "dest": "",
                "dport": "8051",
                "enabled": true,
                "iface": "",
                "log": "nolog",
                "macro": "",
                "pos": 3,
                "proto": "tcp",
                "security_group": "",
                "source": "",
                "sport": "",
                "type": "in"
              }
            ],
            "vm_id": null
          },
          "sensitive_attributes": [],
          "identity_schema_version": 0,
          "private": "bnVsbA==",
          "dependencies": [
            "module.onepassword_secrets.data.onepassword_item.archon",
            "module.onepassword_secrets.data.onepassword_item.cloudflare",
            "module.onepassword_secrets.data.onepassword_item.elk",
            "module.onepassword_secrets.data.onepassword_item.exa",
            "module.onepassword_secrets.data.onepassword_item.github",
            "module.onepassword_secrets.data.onepassword_item.glitchtip",
            "module.onepassword_secrets.data.onepassword_item.grafana",
            "module.onepassword_secrets.data.onepassword_item.mcphub",
            "module.onepassword_secrets.data.onepassword_item.n8n",
            "module.onepassword_secrets.data.onepassword_item.proxmox",
            "module.onepassword_secrets.data.onepassword_item.supabase",
            "module.onepassword_secrets.data.onepassword_vault.this"
          ]
        },
        {
          "index_key": "coredns",
          "schema_version": 0,
          "attributes": {
            "container_id": 103,
            "id": "rule-118151339",
            "node_name": "pve3",
            "rule": [
              {
                "action": "ACCEPT",
                "comment": "coredns: SSH",
                "dest": "",
                "dport": "22",
                "enabled": true,
                "iface": "",
                "log": "nolog",
                "macro": "",
                "pos": 0,
                "proto": "tcp",
                "security_group": "",
                "source": "",
                "sport": "",
                "type": "in"
              },
              {
                "action": "ACCEPT",
                "comment": "coredns: DNS (TCP)",
                "dest": "",
                "dport": "53",
                "enabled": true,
                "iface": "",
                "log": "nolog",
                "macro": "",
                "pos": 1,
                "proto": "tcp",
                "security_group": "",
                "source": "",
                "sport": "",
                "type": "in"
              },
              {
                "action": "ACCEPT",
                "comment": "coredns: DNS (UDP)",
                "dest": "",
                "dport": "53",
                "enabled": true,
                "iface": "",
                "log": "nolog",
                "macro": "",
                "pos": 2,
                "proto": "udp",
                "security_group": "",
                "source": "",
                "sport": "",
                "type": "in"
              },
              {
                "action": "ACCEPT",
                "comment": "coredns: Health check",
                "dest": "",
                "dport": "8080",
                "enabled": true,
                "iface": "",
                "log": "nolog",
                "macro": "",
                "pos": 3,
                "proto": "tcp",
                "security_group": "",
                "source": "",
                "sport": "",
                "type": "in"
              }
            ],
            "vm_id": null
          },
          "sensitive_attributes": [],
          "identity_schema_version": 0,
          "private": "bnVsbA==",
          "dependencies": [
            "module.onepassword_secrets.data.onepassword_item.archon",
            "module.onepassword_secrets.data.onepassword_item.cloudflare",
            "module.onepassword_secrets.data.onepassword_item.elk",
            "module.onepassword_secrets.data.onepassword_item.exa",
            "module.onepassword_secrets.data.onepassword_item.github",
            "module.onepassword_secrets.data.onepassword_item.glitchtip",
            "module.onepassword_secrets.data.onepassword_item.grafana",
            "module.onepassword_secrets.data.onepassword_item.mcphub",
            "module.onepassword_secrets.data.onepassword_item.n8n",
            "module.onepassword_secrets.data.onepassword_item.proxmox",
            "module.onepassword_secrets.data.onepassword_item.supabase",
            "module.onepassword_secrets.data.onepassword_vault.this"
          ]
        },
        {
          "index_key": "elk",
          "schema_version": 0,
          "attributes": {
            "container_id": 105,
            "id": "rule-1419489615",
            "node_name": "pve3",
            "rule": [
              {
                "action": "ACCEPT",
                "comment": "elk: SSH",
                "dest": "",
                "dport": "22",
                "enabled": true,
                "iface": "",
                "log": "nolog",
                "macro": "",
                "pos": 0,
                "proto": "tcp",
                "security_group": "",
                "source": "",
                "sport": "",
                "type": "in"
              },
              {
                "action": "ACCEPT",
                "comment": "elk: Elasticsearch",
                "dest": "",
                "dport": "9200",
                "enabled": true,
                "iface": "",
                "log": "nolog",
                "macro": "",
                "pos": 1,
                "proto": "tcp",
                "security_group": "",
                "source": "",
                "sport": "",
                "type": "in"
              },
              {
                "action": "ACCEPT",
                "comment": "elk: Kibana",
                "dest": "",
                "dport": "5601",
                "enabled": true,
                "iface": "",
                "log": "nolog",
                "macro": "",
                "pos": 2,
                "proto": "tcp",
                "security_group": "",
                "source": "",
                "sport": "",
                "type": "in"
              },
              {
                "action": "ACCEPT",
                "comment": "elk: Logstash beats input",
                "dest": "",
                "dport": "5044",
                "enabled": true,
                "iface": "",
                "log": "nolog",
                "macro": "",
                "pos": 3,
                "proto": "tcp",
                "security_group": "",
                "source": "",
                "sport": "",
                "type": "in"
              },
              {
                "action": "ACCEPT",
                "comment": "elk: Logstash TCP input",
                "dest": "",
                "dport": "5000",
                "enabled": true,
                "iface": "",
                "log": "nolog",
                "macro": "",
                "pos": 4,
                "proto": "tcp",
                "security_group": "",
                "source": "",
                "sport": "",
                "type": "in"
              },
              {
                "action": "ACCEPT",
                "comment": "elk: Logstash Prometheus exporter",
                "dest": "",
                "dport": "9198",
                "enabled": true,
                "iface": "",
                "log": "nolog",
                "macro": "",
                "pos": 5,
                "proto": "tcp",
                "security_group": "",
                "source": "",
                "sport": "",
                "type": "in"
              }
            ],
            "vm_id": null
          },
          "sensitive_attributes": [],
          "identity_schema_version": 0,
          "private": "bnVsbA==",
          "dependencies": [
            "module.onepassword_secrets.data.onepassword_item.archon",
            "module.onepassword_secrets.data.onepassword_item.cloudflare",
            "module.onepassword_secrets.data.onepassword_item.elk",
            "module.onepassword_secrets.data.onepassword_item.exa",
            "module.onepassword_secrets.data.onepassword_item.github",
            "module.onepassword_secrets.data.onepassword_item.glitchtip",
            "module.onepassword_secrets.data.onepassword_item.grafana",
            "module.onepassword_secrets.data.onepassword_item.mcphub",
            "module.onepassword_secrets.data.onepassword_item.n8n",
            "module.onepassword_secrets.data.onepassword_item.proxmox",
            "module.onepassword_secrets.data.onepassword_item.supabase",
            "module.onepassword_secrets.data.onepassword_vault.this"
          ]
        },
        {
          "index_key": "grafana",
          "schema_version": 0,
          "attributes": {
            "container_id": 104,
            "id": "rule-4210237662",
            "node_name": "pve3",
            "rule": [
              {
                "action": "ACCEPT",
                "comment": "grafana: SSH",
                "dest": "",
                "dport": "22",
                "enabled": true,
                "iface": "",
                "log": "nolog",
                "macro": "",
                "pos": 0,
                "proto": "tcp",
                "security_group": "",
                "source": "",
                "sport": "",
                "type": "in"
              },
              {
                "action": "ACCEPT",
                "comment": "grafana: Grafana UI",
                "dest": "",
                "dport": "3000",
                "enabled": true,
                "iface": "",
                "log": "nolog",
                "macro": "",
                "pos": 1,
                "proto": "tcp",
                "security_group": "",
                "source": "",
                "sport": "",
                "type": "in"
              },
              {
                "action": "ACCEPT",
                "comment": "grafana: Prometheus",
                "dest": "",
                "dport": "9090",
                "enabled": true,
                "iface": "",
                "log": "nolog",
                "macro": "",
                "pos": 2,
                "proto": "tcp",
                "security_group": "",
                "source": "",
                "sport": "",
                "type": "in"
              }
            ],
            "vm_id": null
          },
          "sensitive_attributes": [],
          "identity_schema_version": 0,
          "private": "bnVsbA==",
          "dependencies": [
            "module.onepassword_secrets.data.onepassword_item.archon",
            "module.onepassword_secrets.data.onepassword_item.cloudflare",
            "module.onepassword_secrets.data.onepassword_item.elk",
            "module.onepassword_secrets.data.onepassword_item.exa",
            "module.onepassword_secrets.data.onepassword_item.github",
            "module.onepassword_secrets.data.onepassword_item.glitchtip",
            "module.onepassword_secrets.data.onepassword_item.grafana",
            "module.onepassword_secrets.data.onepassword_item.mcphub",
            "module.onepassword_secrets.data.onepassword_item.n8n",
            "module.onepassword_secrets.data.onepassword_item.proxmox",
            "module.onepassword_secrets.data.onepassword_item.supabase",
            "module.onepassword_secrets.data.onepassword_vault.this"
          ]
        },
        {
          "index_key": "n8n",
          "schema_version": 0,
          "attributes": {
            "container_id": 110,
            "id": "rule-2841945882",
            "node_name": "pve3",
            "rule": [
              {
                "action": "ACCEPT",
                "comment": "n8n: SSH",
                "dest": "",
                "dport": "22",
                "enabled": true,
                "iface": "",
                "log": "nolog",
                "macro": "",
                "pos": 0,
                "proto": "tcp",
                "security_group": "",
                "source": "",
                "sport": "",
                "type": "in"
              },
              {
                "action": "ACCEPT",
                "comment": "n8n: cadvisor",
                "dest": "",
                "dport": "8888",
                "enabled": true,
                "iface": "",
                "log": "nolog",
                "macro": "",
                "pos": 1,
                "proto": "tcp",
                "security_group": "",
                "source": "",
                "sport": "",
                "type": "in"
              },
              {
                "action": "ACCEPT",
                "comment": "n8n: n8n",
                "dest": "",
                "dport": "5678",
                "enabled": true,
                "iface": "",
                "log": "nolog",
                "macro": "",
                "pos": 2,
                "proto": "tcp",
                "security_group": "",
                "source": "",
                "sport": "",
                "type": "in"
              },
              {
                "action": "ACCEPT",
                "comment": "n8n: postgres exporter",
                "dest": "",
                "dport": "9187",
                "enabled": true,
                "iface": "",
                "log": "nolog",
                "macro": "",
                "pos": 3,
                "proto": "tcp",
                "security_group": "",
                "source": "",
                "sport": "",
                "type": "in"
              },
              {
                "action": "ACCEPT",
                "comment": "n8n: Egress Local subnet (TCP)",
                "dest": "192.168.50.0/24",
                "dport": "",
                "enabled": true,
                "iface": "",
                "log": "nolog",
                "macro": "",
                "pos": 4,
                "proto": "tcp",
                "security_group": "",
                "source": "",
                "sport": "",
                "type": "out"
              },
              {
                "action": "ACCEPT",
                "comment": "n8n: Egress Local subnet (UDP)",
                "dest": "192.168.50.0/24",
                "dport": "",
                "enabled": true,
                "iface": "",
                "log": "nolog",
                "macro": "",
                "pos": 5,
                "proto": "udp",
                "security_group": "",
                "source": "",
                "sport": "",
                "type": "out"
              },
              {
                "action": "ACCEPT",
                "comment": "n8n: Egress DNS",
                "dest": "",
                "dport": "53",
                "enabled": true,
                "iface": "",
                "log": "nolog",
                "macro": "",
                "pos": 6,
                "proto": "tcp",
                "security_group": "",
                "source": "",
                "sport": "",
                "type": "out"
              },
              {
                "action": "ACCEPT",
                "comment": "n8n: Egress DNS (UDP)",
                "dest": "",
                "dport": "53",
                "enabled": true,
                "iface": "",
                "log": "nolog",
                "macro": "",
                "pos": 7,
                "proto": "udp",
                "security_group": "",
                "source": "",
                "sport": "",
                "type": "out"
              },
              {
                "action": "ACCEPT",
                "comment": "n8n: Egress HTTP outbound",
                "dest": "",
                "dport": "80",
                "enabled": true,
                "iface": "",
                "log": "nolog",
                "macro": "",
                "pos": 8,
                "proto": "tcp",
                "security_group": "",
                "source": "",
                "sport": "",
                "type": "out"
              },
              {
                "action": "ACCEPT",
                "comment": "n8n: Egress HTTPS outbound",
                "dest": "",
                "dport": "443",
                "enabled": true,
                "iface": "",
                "log": "nolog",
                "macro": "",
                "pos": 9,
                "proto": "tcp",
                "security_group": "",
                "source": "",
                "sport": "",
                "type": "out"
              },
              {
                "action": "ACCEPT",
                "comment": "n8n: Egress NTP",
                "dest": "",
                "dport": "123",
                "enabled": true,
                "iface": "",
                "log": "nolog",
                "macro": "",
                "pos": 10,
                "proto": "udp",
                "security_group": "",
                "source": "",
                "sport": "",
                "type": "out"
              }
            ],
            "vm_id": null
          },
          "sensitive_attributes": [],
          "identity_schema_version": 0,
          "private": "bnVsbA==",
          "dependencies": [
            "module.onepassword_secrets.data.onepassword_item.this",
            "module.onepassword_secrets.data.onepassword_vault.this"
          ]
        },
        {
          "index_key": "runner",
          "schema_version": 0,
          "attributes": {
            "container_id": 101,
            "id": "rule-2158689736",
            "node_name": "pve3",
            "rule": [
              {
                "action": "ACCEPT",
                "comment": "runner: SSH",
                "dest": "",
                "dport": "22",
                "enabled": true,
                "iface": "",
                "log": "nolog",
                "macro": "",
                "pos": 0,
                "proto": "tcp",
                "security_group": "",
                "source": "",
                "sport": "",
                "type": "in"
              }
            ],
            "vm_id": null
          },
          "sensitive_attributes": [],
          "identity_schema_version": 0,
          "private": "bnVsbA==",
          "dependencies": [
            "module.onepassword_secrets.data.onepassword_item.archon",
            "module.onepassword_secrets.data.onepassword_item.cloudflare",
            "module.onepassword_secrets.data.onepassword_item.elk",
            "module.onepassword_secrets.data.onepassword_item.exa",
            "module.onepassword_secrets.data.onepassword_item.github",
            "module.onepassword_secrets.data.onepassword_item.glitchtip",
            "module.onepassword_secrets.data.onepassword_item.grafana",
            "module.onepassword_secrets.data.onepassword_item.mcphub",
            "module.onepassword_secrets.data.onepassword_item.n8n",
            "module.onepassword_secrets.data.onepassword_item.proxmox",
            "module.onepassword_secrets.data.onepassword_item.supabase",
            "module.onepassword_secrets.data.onepassword_vault.this"
          ]
        },
        {
          "index_key": "supabase",
          "schema_version": 0,
          "attributes": {
            "container_id": 107,
            "id": "rule-3543897132",
            "node_name": "pve3",
            "rule": [
              {
                "action": "ACCEPT",
                "comment": "supabase: SSH",
                "dest": "",
                "dport": "22",
                "enabled": true,
                "iface": "",
                "log": "nolog",
                "macro": "",
                "pos": 0,
                "proto": "tcp",
                "security_group": "",
                "source": "",
                "sport": "",
                "type": "in"
              },
              {
                "action": "ACCEPT",
                "comment": "supabase: Supabase Studio",
                "dest": "",
                "dport": "3000",
                "enabled": true,
                "iface": "",
                "log": "nolog",
                "macro": "",
                "pos": 1,
                "proto": "tcp",
                "security_group": "",
                "source": "",
                "sport": "",
                "type": "in"
              },
              {
                "action": "ACCEPT",
                "comment": "supabase: Supabase API",
                "dest": "",
                "dport": "8000",
                "enabled": true,
                "iface": "",
                "log": "nolog",
                "macro": "",
                "pos": 2,
                "proto": "tcp",
                "security_group": "",
                "source": "",
                "sport": "",
                "type": "in"
              },
              {
                "action": "ACCEPT",
                "comment": "supabase: PostgreSQL",
                "dest": "",
                "dport": "5432",
                "enabled": true,
                "iface": "",
                "log": "nolog",
                "macro": "",
                "pos": 3,
                "proto": "tcp",
                "security_group": "",
                "source": "",
                "sport": "",
                "type": "in"
              },
              {
                "action": "ACCEPT",
                "comment": "supabase: Supabase Realtime",
                "dest": "",
                "dport": "4000",
                "enabled": true,
                "iface": "",
                "log": "nolog",
                "macro": "",
                "pos": 4,
                "proto": "tcp",
                "security_group": "",
                "source": "",
                "sport": "",
                "type": "in"
              }
            ],
            "vm_id": null
          },
          "sensitive_attributes": [],
          "identity_schema_version": 0,
          "private": "bnVsbA==",
          "dependencies": [
            "module.onepassword_secrets.data.onepassword_item.archon",
            "module.onepassword_secrets.data.onepassword_item.cloudflare",
            "module.onepassword_secrets.data.onepassword_item.elk",
            "module.onepassword_secrets.data.onepassword_item.exa",
            "module.onepassword_secrets.data.onepassword_item.github",
            "module.onepassword_secrets.data.onepassword_item.glitchtip",
            "module.onepassword_secrets.data.onepassword_item.grafana",
            "module.onepassword_secrets.data.onepassword_item.mcphub",
            "module.onepassword_secrets.data.onepassword_item.n8n",
            "module.onepassword_secrets.data.onepassword_item.proxmox",
            "module.onepassword_secrets.data.onepassword_item.supabase",
            "module.onepassword_secrets.data.onepassword_vault.this"
          ]
        },
        {
          "index_key": "traefik",
          "schema_version": 0,
          "attributes": {
            "container_id": 102,
            "id": "rule-2841790778",
            "node_name": "pve3",
            "rule": [
              {
                "action": "ACCEPT",
                "comment": "traefik: SSH",
                "dest": "",
                "dport": "22",
                "enabled": true,
                "iface": "",
                "log": "nolog",
                "macro": "",
                "pos": 0,
                "proto": "tcp",
                "security_group": "",
                "source": "",
                "sport": "",
                "type": "in"
              },
              {
                "action": "ACCEPT",
                "comment": "traefik: HTTP ingress",
                "dest": "",
                "dport": "80",
                "enabled": true,
                "iface": "",
                "log": "nolog",
                "macro": "",
                "pos": 1,
                "proto": "tcp",
                "security_group": "",
                "source": "",
                "sport": "",
                "type": "in"
              },
              {
                "action": "ACCEPT",
                "comment": "traefik: HTTPS ingress",
                "dest": "",
                "dport": "443",
                "enabled": true,
                "iface": "",
                "log": "nolog",
                "macro": "",
                "pos": 2,
                "proto": "tcp",
                "security_group": "",
                "source": "",
                "sport": "",
                "type": "in"
              },
              {
                "action": "ACCEPT",
                "comment": "traefik: Traefik API",
                "dest": "",
                "dport": "8080",
                "enabled": true,
                "iface": "",
                "log": "nolog",
                "macro": "",
                "pos": 3,
                "proto": "tcp",
                "security_group": "",
                "source": "",
                "sport": "",
                "type": "in"
              }
            ],
            "vm_id": null
          },
          "sensitive_attributes": [],
          "identity_schema_version": 0,
          "private": "bnVsbA==",
          "dependencies": [
            "module.onepassword_secrets.data.onepassword_item.archon",
            "module.onepassword_secrets.data.onepassword_item.cloudflare",
            "module.onepassword_secrets.data.onepassword_item.elk",
            "module.onepassword_secrets.data.onepassword_item.exa",
            "module.onepassword_secrets.data.onepassword_item.github",
            "module.onepassword_secrets.data.onepassword_item.glitchtip",
            "module.onepassword_secrets.data.onepassword_item.grafana",
            "module.onepassword_secrets.data.onepassword_item.mcphub",
            "module.onepassword_secrets.data.onepassword_item.n8n",
            "module.onepassword_secrets.data.onepassword_item.proxmox",
            "module.onepassword_secrets.data.onepassword_item.supabase",
            "module.onepassword_secrets.data.onepassword_vault.this"
          ]
        }
      ]
    },
    {
      "mode": "managed",
      "type": "proxmox_virtual_environment_firewall_rules",
      "name": "vm",
      "provider": "provider[\"registry.terraform.io/bpg/proxmox\"]",
      "instances": [
        {
          "index_key": "jclee_dev",
          "schema_version": 0,
          "attributes": {
            "container_id": null,
            "id": "rule-3852870462",
            "node_name": "pve3",
            "rule": [
              {
                "action": "ACCEPT",
                "comment": "jclee_dev: SSH",
                "dest": "",
                "dport": "22",
                "enabled": true,
                "iface": "",
                "log": "nolog",
                "macro": "",
                "pos": 0,
                "proto": "tcp",
                "security_group": "",
                "source": "",
                "sport": "",
                "type": "in"
              },
              {
                "action": "ACCEPT",
                "comment": "jclee_dev: RDP",
                "dest": "",
                "dport": "3389",
                "enabled": true,
                "iface": "",
                "log": "nolog",
                "macro": "",
                "pos": 1,
                "proto": "tcp",
                "security_group": "",
                "source": "",
                "sport": "",
                "type": "in"
              }
            ],
            "vm_id": 200
          },
          "sensitive_attributes": [],
          "identity_schema_version": 0,
          "private": "bnVsbA==",
          "dependencies": [
            "module.onepassword_secrets.data.onepassword_item.archon",
            "module.onepassword_secrets.data.onepassword_item.cloudflare",
            "module.onepassword_secrets.data.onepassword_item.elk",
            "module.onepassword_secrets.data.onepassword_item.exa",
            "module.onepassword_secrets.data.onepassword_item.github",
            "module.onepassword_secrets.data.onepassword_item.glitchtip",
            "module.onepassword_secrets.data.onepassword_item.grafana",
            "module.onepassword_secrets.data.onepassword_item.mcphub",
            "module.onepassword_secrets.data.onepassword_item.n8n",
            "module.onepassword_secrets.data.onepassword_item.proxmox",
            "module.onepassword_secrets.data.onepassword_item.supabase",
            "module.onepassword_secrets.data.onepassword_vault.this"
          ]
        },
        {
          "index_key": "mcphub",
          "schema_version": 0,
          "attributes": {
            "container_id": null,
            "id": "rule-1018292819",
            "node_name": "pve3",
            "rule": [
              {
                "action": "ACCEPT",
                "comment": "mcphub: SSH",
                "dest": "",
                "dport": "22",
                "enabled": true,
                "iface": "",
                "log": "nolog",
                "macro": "",
                "pos": 0,
                "proto": "tcp",
                "security_group": "",
                "source": "",
                "sport": "",
                "type": "in"
              },
              {
                "action": "ACCEPT",
                "comment": "mcphub: MCPHub web",
                "dest": "",
                "dport": "3000",
                "enabled": true,
                "iface": "",
                "log": "nolog",
                "macro": "",
                "pos": 1,
                "proto": "tcp",
                "security_group": "",
                "source": "",
                "sport": "",
                "type": "in"
              },
              {
                "action": "ACCEPT",
                "comment": "mcphub: n8n",
                "dest": "",
                "dport": "5678",
                "enabled": true,
                "iface": "",
                "log": "nolog",
                "macro": "",
                "pos": 2,
                "proto": "tcp",
                "security_group": "",
                "source": "",
                "sport": "",
                "type": "in"
              },
              {
                "action": "ACCEPT",
                "comment": "mcphub: MCP server ports",
                "dest": "",
                "dport": "8055:8079",
                "enabled": true,
                "iface": "",
                "log": "nolog",
                "macro": "",
                "pos": 3,
                "proto": "tcp",
                "security_group": "",
                "source": "",
                "sport": "",
                "type": "in"
              }
            ],
            "vm_id": 112
          },
          "sensitive_attributes": [],
          "identity_schema_version": 0,
          "private": "bnVsbA==",
          "dependencies": [
            "module.onepassword_secrets.data.onepassword_item.archon",
            "module.onepassword_secrets.data.onepassword_item.cloudflare",
            "module.onepassword_secrets.data.onepassword_item.elk",
            "module.onepassword_secrets.data.onepassword_item.exa",
            "module.onepassword_secrets.data.onepassword_item.github",
            "module.onepassword_secrets.data.onepassword_item.glitchtip",
            "module.onepassword_secrets.data.onepassword_item.grafana",
            "module.onepassword_secrets.data.onepassword_item.mcphub",
            "module.onepassword_secrets.data.onepassword_item.n8n",
            "module.onepassword_secrets.data.onepassword_item.proxmox",
            "module.onepassword_secrets.data.onepassword_item.supabase",
            "module.onepassword_secrets.data.onepassword_vault.this"
          ]
        },
        {
          "index_key": "youtube",
          "schema_version": 0,
          "attributes": {
            "container_id": null,
            "id": "rule-34425302",
            "node_name": "pve3",
            "rule": [
              {
                "action": "ACCEPT",
                "comment": "youtube: SSH",
                "dest": "",
                "dport": "22",
                "enabled": true,
                "iface": "",
                "log": "nolog",
                "macro": "",
                "pos": 0,
                "proto": "tcp",
                "security_group": "",
                "source": "",
                "sport": "",
                "type": "in"
              },
              {
                "action": "ACCEPT",
                "comment": "youtube: cadvisor",
                "dest": "",
                "dport": "8888",
                "enabled": true,
                "iface": "",
                "log": "nolog",
                "macro": "",
                "pos": 1,
                "proto": "tcp",
                "security_group": "",
                "source": "",
                "sport": "",
                "type": "in"
              },
              {
                "action": "ACCEPT",
                "comment": "youtube: Egress Local subnet (TCP)",
                "dest": "192.168.50.0/24",
                "dport": "",
                "enabled": true,
                "iface": "",
                "log": "nolog",
                "macro": "",
                "pos": 2,
                "proto": "tcp",
                "security_group": "",
                "source": "",
                "sport": "",
                "type": "out"
              },
              {
                "action": "ACCEPT",
                "comment": "youtube: Egress Local subnet (UDP)",
                "dest": "192.168.50.0/24",
                "dport": "",
                "enabled": true,
                "iface": "",
                "log": "nolog",
                "macro": "",
                "pos": 3,
                "proto": "udp",
                "security_group": "",
                "source": "",
                "sport": "",
                "type": "out"
              },
              {
                "action": "ACCEPT",
                "comment": "youtube: Egress DNS",
                "dest": "",
                "dport": "53",
                "enabled": true,
                "iface": "",
                "log": "nolog",
                "macro": "",
                "pos": 4,
                "proto": "tcp",
                "security_group": "",
                "source": "",
                "sport": "",
                "type": "out"
              },
              {
                "action": "ACCEPT",
                "comment": "youtube: Egress DNS (UDP)",
                "dest": "",
                "dport": "53",
                "enabled": true,
                "iface": "",
                "log": "nolog",
                "macro": "",
                "pos": 5,
                "proto": "udp",
                "security_group": "",
                "source": "",
                "sport": "",
                "type": "out"
              },
              {
                "action": "ACCEPT",
                "comment": "youtube: Egress HTTP outbound",
                "dest": "",
                "dport": "80",
                "enabled": true,
                "iface": "",
                "log": "nolog",
                "macro": "",
                "pos": 6,
                "proto": "tcp",
                "security_group": "",
                "source": "",
                "sport": "",
                "type": "out"
              },
              {
                "action": "ACCEPT",
                "comment": "youtube: Egress HTTPS outbound",
                "dest": "",
                "dport": "443",
                "enabled": true,
                "iface": "",
                "log": "nolog",
                "macro": "",
                "pos": 7,
                "proto": "tcp",
                "security_group": "",
                "source": "",
                "sport": "",
                "type": "out"
              },
              {
                "action": "ACCEPT",
                "comment": "youtube: Egress NTP",
                "dest": "",
                "dport": "123",
                "enabled": true,
                "iface": "",
                "log": "nolog",
                "macro": "",
                "pos": 8,
                "proto": "udp",
                "security_group": "",
                "source": "",
                "sport": "",
                "type": "out"
              }
            ],
            "vm_id": 220
          },
          "sensitive_attributes": [],
          "identity_schema_version": 0,
          "private": "bnVsbA==",
          "dependencies": [
            "module.onepassword_secrets.data.onepassword_item.this",
            "module.onepassword_secrets.data.onepassword_vault.this"
          ]
        }
      ]
    },
    {
      "module": "module.config_renderer",
      "mode": "managed",
      "type": "local_file",
      "name": "rendered_configs",
      "provider": "provider[\"registry.terraform.io/hashicorp/local\"]",
      "instances": [
        {
          "index_key": "archon_docker_compose",
          "schema_version": 0,
          "attributes": {
            "content": "services:\n  archon-server:\n    build:\n      context: ./python\n      dockerfile: Dockerfile.server\n    container_name: archon-server\n    ports:\n      - \"8181:8181\"\n    environment:\n      - SUPABASE_URL=https://placeholder.supabase.local\n      - SUPABASE_ANON_KEY=eyJhbGciOiAiSFMyNTYiLCAidHlwIjogIkpXVCJ9.eyJyb2xlIjogImFub24iLCAiaXNzIjogInN1cGFiYXNlIiwgImlhdCI6IDE3NzE2MDA4MDAsICJleHAiOiAyMDg2OTYwODAwfQ.TiwflrKfacFVLlR2k7owaIPfJ8C75bwqRXqP0pzJY3o\n      - OPENAI_API_KEY=placeholder\n      - SERVICE_DISCOVERY_MODE=docker_compose\n      - LOG_LEVEL=INFO\n      - ARCHON_SERVER_PORT=8181\n      - ARCHON_MCP_PORT=8051\n      - ARCHON_UI_PORT=3737\n      - ARCHON_HOST=0.0.0.0\n    networks:\n      - app-network\n    command:\n      [\n        \"python\",\n        \"-m\",\n        \"uvicorn\",\n        \"src.server.main:app\",\n        \"--host\",\n        \"0.0.0.0\",\n        \"--port\",\n        \"8181\"\n      ]\n    healthcheck:\n      test: [\"CMD\", \"curl\", \"-f\", \"http://localhost:8181/health\"]\n      interval: 30s\n      timeout: 10s\n      retries: 3\n      start_period: 40s\n    restart: unless-stopped\n\n  archon-mcp:\n    build:\n      context: ./python\n      dockerfile: Dockerfile.mcp\n    container_name: archon-mcp\n    ports:\n      - \"8051:8051\"\n    environment:\n      - SUPABASE_URL=https://placeholder.supabase.local\n      - SUPABASE_ANON_KEY=eyJhbGciOiAiSFMyNTYiLCAidHlwIjogIkpXVCJ9.eyJyb2xlIjogImFub24iLCAiaXNzIjogInN1cGFiYXNlIiwgImlhdCI6IDE3NzE2MDA4MDAsICJleHAiOiAyMDg2OTYwODAwfQ.TiwflrKfacFVLlR2k7owaIPfJ8C75bwqRXqP0pzJY3o\n      - OPENAI_API_KEY=placeholder\n      - TRANSPORT=sse\n      - ARCHON_MCP_PORT=8051\n      - ARCHON_SERVER_PORT=8181\n    networks:\n      - app-network\n    depends_on:\n      archon-server:\n        condition: service_healthy\n    restart: unless-stopped\n\n  archon-frontend:\n    build: ./archon-ui-main\n    container_name: archon-ui\n    ports:\n      - \"3737:3737\"\n    environment:\n      - VITE_ARCHON_SERVER_PORT=8181\n      - ARCHON_SERVER_PORT=8181\n      - HOST=0.0.0.0\n      - PROD=false\n      - DOCKER_ENV=true\n    networks:\n      - app-network\n    depends_on:\n      archon-server:\n        condition: service_healthy\n    restart: unless-stopped\n\nnetworks:\n  app-network:\n    driver: bridge\n",
            "content_base64": null,
            "content_base64sha256": "48vqgXOFlhsajNdX/BZ7yjvk+buvX1gCD1bxQdQgrCE=",
            "content_base64sha512": "L7VgmnwOiARBuxzuql4zovuUlZ60E/G+U+wmbyJwpgqEnNSpjyRuVWRIoAuhxm8oj1MLh7QT4E/lPIWnp1H6qQ==",
            "content_md5": "defc20469a50de06536a5112a70687e5",
            "content_sha1": "9ce2e3941754e201624f2c5d71bde158e51d4d1f",
            "content_sha256": "e3cbea817385961b1a8cd757fc167bca3be4f9bbaf5f58020f56f141d420ac21",
            "content_sha512": "2fb5609a7c0e880441bb1ceeaa5e33a2fb94959eb413f1be53ec266f2270a60a849cd4a98f246e556448a00ba1c66f288f530b87b413e04fe53c85a7a751faa9",
            "directory_permission": "0777",
            "file_permission": "0777",
            "filename": "./configs/rendered/archon/docker-compose.yml",
            "id": "9ce2e3941754e201624f2c5d71bde158e51d4d1f",
            "sensitive_content": null,
            "source": null
          },
          "sensitive_attributes": [
            [
              {
                "type": "get_attr",
                "value": "content"
              }
            ],
            [
              {
                "type": "get_attr",
                "value": "sensitive_content"
              }
            ]
          ],
          "identity_schema_version": 0,
          "dependencies": [
            "module.onepassword_secrets.data.onepassword_item.archon",
            "module.onepassword_secrets.data.onepassword_item.cloudflare",
            "module.onepassword_secrets.data.onepassword_item.elk",
            "module.onepassword_secrets.data.onepassword_item.exa",
            "module.onepassword_secrets.data.onepassword_item.github",
            "module.onepassword_secrets.data.onepassword_item.glitchtip",
            "module.onepassword_secrets.data.onepassword_item.grafana",
            "module.onepassword_secrets.data.onepassword_item.mcphub",
            "module.onepassword_secrets.data.onepassword_item.n8n",
            "module.onepassword_secrets.data.onepassword_item.proxmox",
            "module.onepassword_secrets.data.onepassword_item.splunk",
            "module.onepassword_secrets.data.onepassword_item.supabase",
            "module.onepassword_secrets.data.onepassword_vault.this"
          ]
        },
        {
          "index_key": "archon_env",
          "schema_version": 0,
          "attributes": {
            "content": "# Archon AI - Terraform Rendered Environment Configuration\n# Generated by Terraform. DO NOT EDIT MANUALLY.\n# Template: 108-archon/templates/.env.tftpl\n\n# Supabase Connection (Required)\nSUPABASE_URL=https://placeholder.supabase.local\nSUPABASE_ANON_KEY=eyJhbGciOiAiSFMyNTYiLCAidHlwIjogIkpXVCJ9.eyJyb2xlIjogImFub24iLCAiaXNzIjogInN1cGFiYXNlIiwgImlhdCI6IDE3NzE2MDA4MDAsICJleHAiOiAyMDg2OTYwODAwfQ.TiwflrKfacFVLlR2k7owaIPfJ8C75bwqRXqP0pzJY3o\nOPENAI_API_KEY=placeholder\n\n# Service Ports Configuration\nHOST=0.0.0.0\nARCHON_SERVER_PORT=8181\nARCHON_MCP_PORT=8051\nARCHON_AGENTS_PORT=8052\nARCHON_UI_PORT=3737\nAGENT_WORK_ORDERS_PORT=8053\n\n# Feature Flags\nENABLE_AGENT_WORK_ORDERS=false\nLOG_LEVEL=INFO\nPROD=false\n\n# MCP Server Monitoring (HTTP mode - secure, no Docker socket)\nENABLE_DOCKER_SOCKET_MONITORING=false\nMCP_HEALTH_CHECK_TIMEOUT=5\n\n# Service Discovery (Docker Compose mode for container networking)\nSERVICE_DISCOVERY_MODE=docker_compose\nSTATE_STORAGE_TYPE=file\nFILE_STATE_DIRECTORY=agent-work-orders-state\n",
            "content_base64": null,
            "content_base64sha256": "ie9syflPDMGzu089K3w87TBIg7cActsP+vfaNM2t2ag=",
            "content_base64sha512": "bMFRNI1dM6UrqeWgx1YrgJfYVSkkRB0OOOgFopd99wQkEWwEdvk53ADrh18/o7i85ssJam65c16GpG6sjO9Zdg==",
            "content_md5": "7bd866c8069113558674fc925eccf010",
            "content_sha1": "0b95e9ec60d21093b11926b53ea75e4dc654703e",
            "content_sha256": "89ef6cc9f94f0cc1b3bb4f3d2b7c3ced304883b70072db0ffaf7da34cdadd9a8",
            "content_sha512": "6cc151348d5d33a52ba9e5a0c7562b8097d8552924441d0e38e805a2977df70424116c0476f939dc00eb875f3fa3b8bce6cb096a6eb9735e86a46eac8cef5976",
            "directory_permission": "0777",
            "file_permission": "0777",
            "filename": "./configs/rendered/archon/.env",
            "id": "0b95e9ec60d21093b11926b53ea75e4dc654703e",
            "sensitive_content": null,
            "source": null
          },
          "sensitive_attributes": [
            [
              {
                "type": "get_attr",
                "value": "content"
              }
            ],
            [
              {
                "type": "get_attr",
                "value": "sensitive_content"
              }
            ]
          ],
          "identity_schema_version": 0,
          "dependencies": [
            "module.onepassword_secrets.data.onepassword_item.archon",
            "module.onepassword_secrets.data.onepassword_item.cloudflare",
            "module.onepassword_secrets.data.onepassword_item.elk",
            "module.onepassword_secrets.data.onepassword_item.exa",
            "module.onepassword_secrets.data.onepassword_item.github",
            "module.onepassword_secrets.data.onepassword_item.glitchtip",
            "module.onepassword_secrets.data.onepassword_item.grafana",
            "module.onepassword_secrets.data.onepassword_item.mcphub",
            "module.onepassword_secrets.data.onepassword_item.n8n",
            "module.onepassword_secrets.data.onepassword_item.proxmox",
            "module.onepassword_secrets.data.onepassword_item.splunk",
            "module.onepassword_secrets.data.onepassword_item.supabase",
            "module.onepassword_secrets.data.onepassword_vault.this"
          ]
        },
        {
          "index_key": "archon_filebeat",
          "schema_version": 0,
          "attributes": {
            "content": "# Filebeat configuration for 108-archon (AI Knowledge Management)\n# Rendered by Terraform - DO NOT EDIT MANUALLY\n\nfilebeat.autodiscover:\n  providers:\n    - type: docker\n      hints.enabled: true\n\nfilebeat.inputs:\n  # Docker container logs (archon-server, archon-mcp, archon-ui)\n  - type: filestream\n    id: docker-containers\n    paths:\n      - /var/lib/docker/containers/*/*.log\n    parsers:\n      - container: {}\n    prospector.scanner.symlinks: true\n    fields:\n      service: archon\n      host_role: archon\n    fields_under_root: false\n\n  # System logs\n  - type: filestream\n    id: system-logs\n    paths:\n      - /var/log/*.log\n      - /var/log/syslog\n    fields:\n      service: system\n      host_role: archon\n    fields_under_root: false\n\nprocessors:\n  - add_host_metadata: ~\n  - add_docker_metadata:\n      host: \"unix:///var/run/docker.sock\"\n\noutput.logstash:\n  hosts: [\"192.168.50.105:5044\"]\n\nfilebeat.registry.path: /var/lib/filebeat/registry\nlogging.level: info\nlogging.to_files: true\nlogging.files:\n  path: /var/log/filebeat\n  name: filebeat\n  keepfiles: 7\n\nmax_message_bytes: 999999\n",
            "content_base64": null,
            "content_base64sha256": "CZjlL1b04itjpchf58e5y026xKwJFIThxK6XEEeHB2w=",
            "content_base64sha512": "Yhn4FJIOSAVPIDA0l8LpA70o362ofOJ889tBNXzg7jX8b+GQAWsAxu50W/LO+pKSRFqWM9cya44J59iBTBTS5g==",
            "content_md5": "0d43b46cb469f3622c4257ae1f9e094a",
            "content_sha1": "ab21d5c8ff8c143e428cfefb147838e2f67d6084",
            "content_sha256": "0998e52f56f4e22b63a5c85fe7c7b9cb4dbac4ac091484e1c4ae97104787076c",
            "content_sha512": "6219f814920e48054f20303497c2e903bd28dfada87ce27cf3db41357ce0ee35fc6fe190016b00c6ee745bf2cefa9292445a9633d7326b8e09e7d8814c14d2e6",
            "directory_permission": "0777",
            "file_permission": "0777",
            "filename": "./configs/rendered/archon/filebeat.yml",
            "id": "ab21d5c8ff8c143e428cfefb147838e2f67d6084",
            "sensitive_content": null,
            "source": null
          },
          "sensitive_attributes": [
            [
              {
                "type": "get_attr",
                "value": "content"
              }
            ],
            [
              {
                "type": "get_attr",
                "value": "sensitive_content"
              }
            ]
          ],
          "identity_schema_version": 0,
          "dependencies": [
            "module.onepassword_secrets.data.onepassword_item.archon",
            "module.onepassword_secrets.data.onepassword_item.cloudflare",
            "module.onepassword_secrets.data.onepassword_item.elk",
            "module.onepassword_secrets.data.onepassword_item.exa",
            "module.onepassword_secrets.data.onepassword_item.github",
            "module.onepassword_secrets.data.onepassword_item.glitchtip",
            "module.onepassword_secrets.data.onepassword_item.grafana",
            "module.onepassword_secrets.data.onepassword_item.mcphub",
            "module.onepassword_secrets.data.onepassword_item.n8n",
            "module.onepassword_secrets.data.onepassword_item.proxmox",
            "module.onepassword_secrets.data.onepassword_item.splunk",
            "module.onepassword_secrets.data.onepassword_item.supabase",
            "module.onepassword_secrets.data.onepassword_vault.this"
          ]
        },
        {
          "index_key": "coredns_corefile",
          "schema_version": 0,
          "attributes": {
            "content": "# CoreDNS configuration for split DNS\n# Resolves *.jclee.me to Traefik for internal clients\n# Resolves *.homelab.local to individual host IPs\n# Rendered by Terraform - DO NOT EDIT MANUALLY\n\njclee.me:53 {\n    template IN A {\n        answer \"{{ .Name }} 60 IN A 192.168.50.102\"\n    }\n    template IN AAAA {\n        rcode NOERROR\n    }\n    log\n}\n\nhomelab.local:53 {\n    hosts {\n        192.168.50.108 archon.homelab.local\n        192.168.50.103 coredns.homelab.local\n        192.168.50.105 elk.homelab.local\n        192.168.50.106 glitchtip.homelab.local\n        192.168.50.104 grafana.homelab.local\n        192.168.50.80 jclee.homelab.local\n        192.168.50.200 jclee-dev.homelab.local\n        192.168.50.112 mcphub.homelab.local\n        192.168.50.109 ollama.homelab.local\n        192.168.50.100 pve.homelab.local\n        192.168.50.101 runner.homelab.local\n        192.168.50.107 supabase.homelab.local\n        192.168.50.215 synology.homelab.local\n        192.168.50.102 traefik.homelab.local\n        192.168.50.220 youtube.homelab.local\n        fallthrough\n    }\n    log\n}\n\n.:53 {\n    forward . 1.1.1.1 8.8.8.8\n    cache 300\n    log\n    errors\n    health :8080\n    ready :8181\n}\n",
            "content_base64": null,
            "content_base64sha256": "/BTJ9rmVwP9uz9qxXw/x1zStQZ2nvG2dkps0zmjTwak=",
            "content_base64sha512": "c3/TQujvu4Cm5jaaYi07C2qlhUlwhBFLSmReeFbU1zHAplXhiCwhxq0z05u4yRVS3rCUjFuxBPr+pQfaTn0+0w==",
            "content_md5": "b4d8c8261db92cd3acf9293a2a11dd16",
            "content_sha1": "c9f6c5f45a404dc46147e46da87760b93cb9706c",
            "content_sha256": "fc14c9f6b995c0ff6ecfdab15f0ff1d734ad419da7bc6d9d929b34ce68d3c1a9",
            "content_sha512": "737fd342e8efbb80a6e6369a622d3b0b6aa585497084114b4a645e7856d4d731c0a655e1882c21c6ad33d39bb8c91552deb0948c5bb104fafea507da4e7d3ed3",
            "directory_permission": "0777",
            "file_permission": "0777",
            "filename": "./configs/rendered/coredns/Corefile",
            "id": "c9f6c5f45a404dc46147e46da87760b93cb9706c",
            "sensitive_content": null,
            "source": null
          },
          "sensitive_attributes": [
            [
              {
                "type": "get_attr",
                "value": "content"
              }
            ],
            [
              {
                "type": "get_attr",
                "value": "sensitive_content"
              }
            ]
          ],
          "identity_schema_version": 0,
          "dependencies": [
            "module.onepassword_secrets.data.onepassword_item.archon",
            "module.onepassword_secrets.data.onepassword_item.cloudflare",
            "module.onepassword_secrets.data.onepassword_item.elk",
            "module.onepassword_secrets.data.onepassword_item.exa",
            "module.onepassword_secrets.data.onepassword_item.github",
            "module.onepassword_secrets.data.onepassword_item.glitchtip",
            "module.onepassword_secrets.data.onepassword_item.grafana",
            "module.onepassword_secrets.data.onepassword_item.mcphub",
            "module.onepassword_secrets.data.onepassword_item.n8n",
            "module.onepassword_secrets.data.onepassword_item.proxmox",
            "module.onepassword_secrets.data.onepassword_item.splunk",
            "module.onepassword_secrets.data.onepassword_item.supabase",
            "module.onepassword_secrets.data.onepassword_vault.this"
          ]
        },
        {
          "index_key": "coredns_docker_compose",
          "schema_version": 0,
          "attributes": {
            "content": "# CoreDNS Docker Compose for 103-coredns (Split DNS Resolver)\n# Rendered by Terraform - DO NOT EDIT MANUALLY\n\nservices:\n  coredns:\n    image: coredns/coredns:latest\n    container_name: coredns\n    restart: unless-stopped\n    command: -conf /etc/coredns/Corefile\n    network_mode: host\n    volumes:\n      - /opt/coredns/Corefile:/etc/coredns/Corefile:ro\n    logging:\n      driver: json-file\n      options:\n        max-size: \"10m\"\n        max-file: \"3\"\n",
            "content_base64": null,
            "content_base64sha256": "zIwxOV+LweHNBINYNgi6UEAzoxDqqIFkTupZOMoT6Tw=",
            "content_base64sha512": "IDfnYXtljqqvjvPB5ftv8Kpnj3JkBcI0umHeQLO+ag/hmCO7UZk4vm2gRx80VYA/hcKogevzFHiLtg+a4LREvw==",
            "content_md5": "f0e185f9aeca9e515d6218cabd2e90eb",
            "content_sha1": "d7eab3ccae443d5dd8bc5b196940d2351a406316",
            "content_sha256": "cc8c31395f8bc1e1cd0483583608ba504033a310eaa881644eea5938ca13e93c",
            "content_sha512": "2037e7617b658eaaaf8ef3c1e5fb6ff0aa678f726405c234ba61de40b3be6a0fe19823bb519938be6da0471f3455803f85c2a881ebf314788bb60f9ae0b444bf",
            "directory_permission": "0777",
            "file_permission": "0777",
            "filename": "./configs/rendered/coredns/docker-compose.yml",
            "id": "d7eab3ccae443d5dd8bc5b196940d2351a406316",
            "sensitive_content": null,
            "source": null
          },
          "sensitive_attributes": [
            [
              {
                "type": "get_attr",
                "value": "content"
              }
            ],
            [
              {
                "type": "get_attr",
                "value": "sensitive_content"
              }
            ]
          ],
          "identity_schema_version": 0,
          "dependencies": [
            "module.onepassword_secrets.data.onepassword_item.archon",
            "module.onepassword_secrets.data.onepassword_item.cloudflare",
            "module.onepassword_secrets.data.onepassword_item.elk",
            "module.onepassword_secrets.data.onepassword_item.exa",
            "module.onepassword_secrets.data.onepassword_item.github",
            "module.onepassword_secrets.data.onepassword_item.glitchtip",
            "module.onepassword_secrets.data.onepassword_item.grafana",
            "module.onepassword_secrets.data.onepassword_item.mcphub",
            "module.onepassword_secrets.data.onepassword_item.n8n",
            "module.onepassword_secrets.data.onepassword_item.proxmox",
            "module.onepassword_secrets.data.onepassword_item.splunk",
            "module.onepassword_secrets.data.onepassword_item.supabase",
            "module.onepassword_secrets.data.onepassword_vault.this"
          ]
        },
        {
          "index_key": "coredns_filebeat",
          "schema_version": 0,
          "attributes": {
            "content": "# Filebeat configuration for 103-coredns (Split DNS Resolver)\n# Rendered by Terraform - DO NOT EDIT MANUALLY\n\nfilebeat.autodiscover:\n  providers:\n    - type: docker\n      hints.enabled: true\n\nfilebeat.inputs:\n  # Docker container logs (coredns)\n  - type: filestream\n    id: docker-containers\n    paths:\n      - /var/lib/docker/containers/*/*.log\n    parsers:\n      - container: {}\n    prospector.scanner.symlinks: true\n    fields:\n      service: coredns\n      host_role: coredns\n    fields_under_root: false\n\n  # System logs\n  - type: filestream\n    id: system-logs\n    paths:\n      - /var/log/*.log\n      - /var/log/syslog\n    fields:\n      service: system\n      host_role: coredns\n    fields_under_root: false\n\nprocessors:\n  - add_host_metadata: ~\n  - add_docker_metadata:\n      host: \"unix:///var/run/docker.sock\"\n\noutput.logstash:\n  hosts: [\"192.168.50.105:5044\"]\n\nfilebeat.registry.path: /var/lib/filebeat/registry\nlogging.level: info\nlogging.to_files: true\nlogging.files:\n  path: /var/log/filebeat\n  name: filebeat\n  keepfiles: 7\n\nmax_message_bytes: 999999\n",
            "content_base64": null,
            "content_base64sha256": "IiWv1XNH9wU0Bd4wsY1xUh01rms/wd2xMf5kYmHUG28=",
            "content_base64sha512": "qtrhnLBSgGBiDVt4URgwIS3zH/h1qugiYq5kUOn5gsDqHE9LxoICvvxMc6KWBo84l+S8u3RHwwylBMpSnxolZg==",
            "content_md5": "4cc1dd3eefaca4ce33fb225265585a10",
            "content_sha1": "0ef2a893aa1ffb1ecf2e40e085516e117765133a",
            "content_sha256": "2225afd57347f7053405de30b18d71521d35ae6b3fc1ddb131fe646261d41b6f",
            "content_sha512": "aadae19cb0528060620d5b78511830212df31ff875aae82262ae6450e9f982c0ea1c4f4bc68202befc4c73a296068f3897e4bcbb7447c30ca504ca529f1a2566",
            "directory_permission": "0777",
            "file_permission": "0777",
            "filename": "./configs/rendered/coredns/filebeat.yml",
            "id": "0ef2a893aa1ffb1ecf2e40e085516e117765133a",
            "sensitive_content": null,
            "source": null
          },
          "sensitive_attributes": [
            [
              {
                "type": "get_attr",
                "value": "content"
              }
            ],
            [
              {
                "type": "get_attr",
                "value": "sensitive_content"
              }
            ]
          ],
          "identity_schema_version": 0,
          "dependencies": [
            "module.onepassword_secrets.data.onepassword_item.archon",
            "module.onepassword_secrets.data.onepassword_item.cloudflare",
            "module.onepassword_secrets.data.onepassword_item.elk",
            "module.onepassword_secrets.data.onepassword_item.exa",
            "module.onepassword_secrets.data.onepassword_item.github",
            "module.onepassword_secrets.data.onepassword_item.glitchtip",
            "module.onepassword_secrets.data.onepassword_item.grafana",
            "module.onepassword_secrets.data.onepassword_item.mcphub",
            "module.onepassword_secrets.data.onepassword_item.n8n",
            "module.onepassword_secrets.data.onepassword_item.proxmox",
            "module.onepassword_secrets.data.onepassword_item.splunk",
            "module.onepassword_secrets.data.onepassword_item.supabase",
            "module.onepassword_secrets.data.onepassword_vault.this"
          ]
        },
        {
          "index_key": "elk_docker_compose",
          "schema_version": 0,
          "attributes": {
            "content": "services:\n  elasticsearch:\n    image: docker.elastic.co/elasticsearch/elasticsearch:8.17.0\n    container_name: elasticsearch\n    environment:\n      - node.name=elasticsearch\n      - cluster.name=homelab-elk\n      - discovery.type=single-node\n      - xpack.security.enabled=true\n      - xpack.security.http.ssl.enabled=false\n      - xpack.security.transport.ssl.enabled=false\n      - ELASTIC_PASSWORD=I93bmZ/uT3haNpdL9GJ+neTf\n      - \"ES_JAVA_OPTS=-Xms3g -Xmx3g\"\n      - path.repo=/usr/share/elasticsearch/data/backup\n    volumes:\n      - elasticsearch_data:/usr/share/elasticsearch/data\n    ports:\n      - \"9200:9200\"\n      - \"9300:9300\"\n    networks:\n      - elk\n    healthcheck:\n      test: [\"CMD-SHELL\", \"curl -s -u elastic:I93bmZ/uT3haNpdL9GJ+neTf http://localhost:9200/_cluster/health | grep -q 'green\\\\|yellow'\"]\n      interval: 30s\n      timeout: 10s\n      retries: 5\n    deploy:\n      resources:\n        limits:\n          memory: 4G\n          cpus: '2.00'\n    logging:\n      driver: json-file\n      options:\n        max-size: \"50m\"\n        max-file: \"5\"\n    restart: unless-stopped\n\n  setup:\n    image: docker.elastic.co/elasticsearch/elasticsearch:8.17.0\n    container_name: elk-setup\n    depends_on:\n      elasticsearch:\n        condition: service_healthy\n    environment:\n      - ELASTIC_PASSWORD=I93bmZ/uT3haNpdL9GJ+neTf\n      - KIBANA_PASSWORD=bp8xTk6gkq/bqQ6QqssXTJRa\n    networks:\n      - elk\n    command: \u003e\n      bash -c '\n        echo \"Setting kibana_system password...\";\n        until curl -s -u \"elastic:${ELASTIC_PASSWORD}\" http://elasticsearch:9200 | grep -q \"cluster_name\"; do sleep 5; done;\n        curl -s -X POST -u \"elastic:${ELASTIC_PASSWORD}\" \\\n          -H \"Content-Type: application/json\" \\\n          http://elasticsearch:9200/_security/user/kibana_system/_password \\\n          -d \"{\\\"password\\\":\\\"${KIBANA_PASSWORD}\\\"}\" | grep -q \"^{}\" \u0026\u0026 echo \"kibana_system password set\" || echo \"kibana_system password already configured\";\n        echo \"Setup complete!\";\n      '\n    deploy:\n      resources:\n        limits:\n          memory: 512M\n          cpus: '0.25'\n    restart: \"no\"\n\n  logstash:\n    build:\n      context: ./config\n      dockerfile: Dockerfile.logstash\n    image: homelab/logstash:8.17.0-prometheus\n    container_name: logstash\n    volumes:\n      - ./config/logstash.conf:/usr/share/logstash/pipeline/logstash.conf:ro\n      - ./config/logstash.yml:/usr/share/logstash/config/logstash.yml:ro\n      - logstash_dlq:/usr/share/logstash/dlq\n    ports:\n      - \"5044:5044\"\n      - \"5000:5000\"\n      - \"8080:8080\"\n      - \"9600:9600\"\n\n    environment:\n      - \"LS_JAVA_OPTS=-Xms512m -Xmx512m\"\n      - ELASTICSEARCH_USERNAME=elastic\n      - ELASTICSEARCH_PASSWORD=I93bmZ/uT3haNpdL9GJ+neTf\n    networks:\n      - elk\n    depends_on:\n      elasticsearch:\n        condition: service_healthy\n      setup:\n        condition: service_completed_successfully\n    healthcheck:\n      test: [\"CMD-SHELL\", \"curl -sf http://localhost:9600/_node/stats | grep -q 'host'\"]\n      interval: 30s\n      timeout: 10s\n      retries: 5\n      start_period: 60s\n    deploy:\n      resources:\n        limits:\n          memory: 1G\n          cpus: '1.00'\n    logging:\n      driver: json-file\n      options:\n        max-size: \"50m\"\n        max-file: \"5\"\n    restart: unless-stopped\n\n  logstash-exporter:\n    image: kuskoman/logstash-exporter:v1.9.1\n    container_name: logstash-exporter\n    environment:\n      - LOGSTASH_URL=http://logstash:9600\n    ports:\n      - \"9198:9198\"\n    networks:\n      - elk\n    depends_on:\n      logstash:\n        condition: service_healthy\n    deploy:\n      resources:\n        limits:\n          memory: 64M\n          cpus: '0.10'\n    logging:\n      driver: json-file\n      options:\n        max-size: \"10m\"\n        max-file: \"3\"\n    restart: unless-stopped\n\n\n  kibana:\n    image: docker.elastic.co/kibana/kibana:8.17.0\n    container_name: kibana\n    environment:\n      - ELASTICSEARCH_HOSTS=http://elasticsearch:9200\n      - ELASTICSEARCH_USERNAME=kibana_system\n      - ELASTICSEARCH_PASSWORD=bp8xTk6gkq/bqQ6QqssXTJRa\n      - SERVER_NAME=kibana\n      - SERVER_HOST=0.0.0.0\n    ports:\n      - \"5601:5601\"\n    networks:\n      - elk\n    depends_on:\n      elasticsearch:\n        condition: service_healthy\n      setup:\n        condition: service_completed_successfully\n    healthcheck:\n      test: [\"CMD-SHELL\", \"curl -s http://localhost:5601/api/status | grep -q 'available'\"]\n      interval: 30s\n      timeout: 10s\n      retries: 5\n    deploy:\n      resources:\n        limits:\n          memory: 1G\n          cpus: '0.50'\n    logging:\n      driver: json-file\n      options:\n        max-size: \"50m\"\n        max-file: \"5\"\n    restart: unless-stopped\n\nvolumes:\n  elasticsearch_data:\n    driver: local\n  logstash_dlq:\n    driver: local\n\nnetworks:\n  elk:\n    driver: bridge\n",
            "content_base64": null,
            "content_base64sha256": "u4m9vhcTbIVhtjFQ/2ijldxL8NSamYR7yB77dDR1H3k=",
            "content_base64sha512": "WNuKi9rlqKsn08Bfy6R2uFqMPo3FSaJcqeLXBJCPcXEG/GMJ1PNgyE6fCB8vuDQPUNjqB+otv38N672WwsBPfw==",
            "content_md5": "197e5d4554dee5855df28c5800b93ca0",
            "content_sha1": "e28e00e98032fbf627ba989121d67fdd02173580",
            "content_sha256": "bb89bdbe17136c8561b63150ff68a395dc4bf0d49a99847bc81efb7434751f79",
            "content_sha512": "58db8a8bdae5a8ab27d3c05fcba476b85a8c3e8dc549a25ca9e2d704908f717106fc6309d4f360c84e9f081f2fb8340f50d8ea07ea2dbf7f0debbd96c2c04f7f",
            "directory_permission": "0777",
            "file_permission": "0777",
            "filename": "./configs/rendered/elk/docker-compose.yml",
            "id": "e28e00e98032fbf627ba989121d67fdd02173580",
            "sensitive_content": null,
            "source": null
          },
          "sensitive_attributes": [
            [
              {
                "type": "get_attr",
                "value": "content"
              }
            ],
            [
              {
                "type": "get_attr",
                "value": "sensitive_content"
              }
            ]
          ],
          "identity_schema_version": 0,
          "dependencies": [
            "module.onepassword_secrets.data.onepassword_item.archon",
            "module.onepassword_secrets.data.onepassword_item.cloudflare",
            "module.onepassword_secrets.data.onepassword_item.elk",
            "module.onepassword_secrets.data.onepassword_item.exa",
            "module.onepassword_secrets.data.onepassword_item.github",
            "module.onepassword_secrets.data.onepassword_item.glitchtip",
            "module.onepassword_secrets.data.onepassword_item.grafana",
            "module.onepassword_secrets.data.onepassword_item.mcphub",
            "module.onepassword_secrets.data.onepassword_item.n8n",
            "module.onepassword_secrets.data.onepassword_item.proxmox",
            "module.onepassword_secrets.data.onepassword_item.splunk",
            "module.onepassword_secrets.data.onepassword_item.supabase",
            "module.onepassword_secrets.data.onepassword_vault.this"
          ]
        },
        {
          "index_key": "elk_dockerfile_logstash",
          "schema_version": 0,
          "attributes": {
            "content": "FROM docker.elastic.co/logstash/logstash:8.17.0\n\n# Prometheus metrics are exposed via the logstash-exporter sidecar (port 9198).\n# Keep the base image unmodified to avoid JRuby plugin instability in LXC.\n",
            "content_base64": null,
            "content_base64sha256": "ENbnpwVou8sopSFnlYv3pIiqya1lf55Go/RvWy75X68=",
            "content_base64sha512": "JD/LpvjelpXZMhDeN5hdAlD3EWzdx/JfhNgQu03fW3tSLMBEYNsy1rXF7u85rh4IJ8zmQKp7K79K6LTRqq0S7w==",
            "content_md5": "b3ff24f261f4bf0fe453b3fbaa63399d",
            "content_sha1": "0f7f8031c48bee394f50d3da0cf96e0f7a5ddc76",
            "content_sha256": "10d6e7a70568bbcb28a52167958bf7a488aac9ad657f9e46a3f46f5b2ef95faf",
            "content_sha512": "243fcba6f8de9695d93210de37985d0250f7116cddc7f25f84d810bb4ddf5b7b522cc04460db32d6b5c5eeef39ae1e0827cce640aa7b2bbf4ae8b4d1aaad12ef",
            "directory_permission": "0777",
            "file_permission": "0777",
            "filename": "./configs/rendered/elk/Dockerfile.logstash",
            "id": "0f7f8031c48bee394f50d3da0cf96e0f7a5ddc76",
            "sensitive_content": null,
            "source": null
          },
          "sensitive_attributes": [
            [
              {
                "type": "get_attr",
                "value": "content"
              }
            ],
            [
              {
                "type": "get_attr",
                "value": "sensitive_content"
              }
            ]
          ],
          "identity_schema_version": 0,
          "dependencies": [
            "module.onepassword_secrets.data.onepassword_item.archon",
            "module.onepassword_secrets.data.onepassword_item.cloudflare",
            "module.onepassword_secrets.data.onepassword_item.elk",
            "module.onepassword_secrets.data.onepassword_item.exa",
            "module.onepassword_secrets.data.onepassword_item.github",
            "module.onepassword_secrets.data.onepassword_item.glitchtip",
            "module.onepassword_secrets.data.onepassword_item.grafana",
            "module.onepassword_secrets.data.onepassword_item.mcphub",
            "module.onepassword_secrets.data.onepassword_item.n8n",
            "module.onepassword_secrets.data.onepassword_item.proxmox",
            "module.onepassword_secrets.data.onepassword_item.splunk",
            "module.onepassword_secrets.data.onepassword_item.supabase",
            "module.onepassword_secrets.data.onepassword_vault.this"
          ]
        },
        {
          "index_key": "elk_filebeat",
          "schema_version": 0,
          "attributes": {
            "content": "# Filebeat configuration for 105-elk (ELK Stack)\n# Rendered by Terraform - DO NOT EDIT MANUALLY\n\nfilebeat.autodiscover:\n  providers:\n    - type: docker\n      hints.enabled: true\n\nfilebeat.inputs:\n  # Docker container logs (elasticsearch, logstash, kibana)\n  - type: filestream\n    id: docker-containers\n    paths:\n      - /var/lib/docker/containers/*/*.log\n    parsers:\n      - container: {}\n    prospector.scanner.symlinks: true\n    fields:\n      service: elk\n      host_role: elk\n    fields_under_root: false\n\n  # System logs\n  - type: filestream\n    id: system-logs\n    paths:\n      - /var/log/*.log\n      - /var/log/syslog\n    fields:\n      service: system\n      host_role: elk\n    fields_under_root: false\n\nprocessors:\n  - add_host_metadata: ~\n  - add_docker_metadata:\n      host: \"unix:///var/run/docker.sock\"\n\noutput.logstash:\n  hosts: [\"192.168.50.105:5044\"]\n\nfilebeat.registry.path: /var/lib/filebeat/registry\nlogging.level: info\nlogging.to_files: true\nlogging.files:\n  path: /var/log/filebeat\n  name: filebeat\n  keepfiles: 7\n\nmax_message_bytes: 999999\n",
            "content_base64": null,
            "content_base64sha256": "ZOuFEg/kPR8aWMljYMQGev5HQdTM/vDjPfhO+6tEPGI=",
            "content_base64sha512": "/iAv7h7OwrpXpC9d0JTv1Zy20mRvqLsPLwWGe6sqJ8ywObY26RUbWU4uuUE6vJ3e2PxKZXj4kHPiYwt+zX7nEQ==",
            "content_md5": "c7cd7c1235cbfa2fd4099648debe42be",
            "content_sha1": "61d20950eeb5e3f3c95965c99c0d96fa9d610543",
            "content_sha256": "64eb85120fe43d1f1a58c96360c4067afe4741d4ccfef0e33df84efbab443c62",
            "content_sha512": "fe202fee1ecec2ba57a42f5dd094efd59cb6d2646fa8bb0f2f05867bab2a27ccb039b636e9151b594e2eb9413abc9dded8fc4a6578f89073e2630b7ecd7ee711",
            "directory_permission": "0777",
            "file_permission": "0777",
            "filename": "./configs/rendered/elk/filebeat.yml",
            "id": "61d20950eeb5e3f3c95965c99c0d96fa9d610543",
            "sensitive_content": null,
            "source": null
          },
          "sensitive_attributes": [
            [
              {
                "type": "get_attr",
                "value": "content"
              }
            ],
            [
              {
                "type": "get_attr",
                "value": "sensitive_content"
              }
            ]
          ],
          "identity_schema_version": 0,
          "dependencies": [
            "module.onepassword_secrets.data.onepassword_item.archon",
            "module.onepassword_secrets.data.onepassword_item.cloudflare",
            "module.onepassword_secrets.data.onepassword_item.elk",
            "module.onepassword_secrets.data.onepassword_item.exa",
            "module.onepassword_secrets.data.onepassword_item.github",
            "module.onepassword_secrets.data.onepassword_item.glitchtip",
            "module.onepassword_secrets.data.onepassword_item.grafana",
            "module.onepassword_secrets.data.onepassword_item.mcphub",
            "module.onepassword_secrets.data.onepassword_item.n8n",
            "module.onepassword_secrets.data.onepassword_item.proxmox",
            "module.onepassword_secrets.data.onepassword_item.splunk",
            "module.onepassword_secrets.data.onepassword_item.supabase",
            "module.onepassword_secrets.data.onepassword_vault.this"
          ]
        },
        {
          "index_key": "elk_ilm_policy",
          "schema_version": 0,
          "attributes": {
            "content": "{\n  \"policy\": {\n    \"phases\": {\n      \"hot\": {\n        \"min_age\": \"0ms\",\n        \"actions\": {\n          \"set_priority\": {\n            \"priority\": 100\n          }\n        }\n      },\n      \"delete\": {\n        \"min_age\": \"30d\",\n        \"actions\": {\n          \"delete\": {}\n        }\n      }\n    }\n  }\n}\n",
            "content_base64": null,
            "content_base64sha256": "ttD4D6BB74C3lWgKxcJf+f6sZGqGMQe5kYOYT1VfUos=",
            "content_base64sha512": "10N8NTauMsUEo3OcaFoF6fz/Jg0oq4Y+lXoCVDpxm6EK/p9P/uQb+qXs118TS3GhU2As6Uh+HiK6TBv2xp6qcg==",
            "content_md5": "d677ae404fb0f3eeb25fd41d6cc6ac56",
            "content_sha1": "9bfa2152b2b7ef1064f71fe8e70911fcca371f40",
            "content_sha256": "b6d0f80fa041ef80b795680ac5c25ff9feac646a863107b99183984f555f528b",
            "content_sha512": "d7437c3536ae32c504a3739c685a05e9fcff260d28ab863e957a02543a719ba10afe9f4ffee41bfaa5ecd75f134b71a153602ce9487e1e22ba4c1bf6c69eaa72",
            "directory_permission": "0777",
            "file_permission": "0777",
            "filename": "./configs/rendered/elk/ilm-policy.json",
            "id": "9bfa2152b2b7ef1064f71fe8e70911fcca371f40",
            "sensitive_content": null,
            "source": null
          },
          "sensitive_attributes": [
            [
              {
                "type": "get_attr",
                "value": "content"
              }
            ],
            [
              {
                "type": "get_attr",
                "value": "sensitive_content"
              }
            ]
          ],
          "identity_schema_version": 0,
          "dependencies": [
            "module.onepassword_secrets.data.onepassword_item.archon",
            "module.onepassword_secrets.data.onepassword_item.cloudflare",
            "module.onepassword_secrets.data.onepassword_item.elk",
            "module.onepassword_secrets.data.onepassword_item.exa",
            "module.onepassword_secrets.data.onepassword_item.github",
            "module.onepassword_secrets.data.onepassword_item.glitchtip",
            "module.onepassword_secrets.data.onepassword_item.grafana",
            "module.onepassword_secrets.data.onepassword_item.mcphub",
            "module.onepassword_secrets.data.onepassword_item.n8n",
            "module.onepassword_secrets.data.onepassword_item.proxmox",
            "module.onepassword_secrets.data.onepassword_item.splunk",
            "module.onepassword_secrets.data.onepassword_item.supabase",
            "module.onepassword_secrets.data.onepassword_vault.this"
          ]
        },
        {
          "index_key": "elk_logstash_conf",
          "schema_version": 0,
          "attributes": {
            "content": "input {\n  beats {\n    port =\u003e 5044\n  }\n\n  syslog {\n    port =\u003e 5000\n    type =\u003e \"syslog\"\n  }\n\n  http {\n    port  =\u003e 8080\n    type  =\u003e \"logpush\"\n    codec =\u003e json_lines\n  }\n}\n\nfilter {\n  # Filebeat 8.x container input puts log text in [event][original], not [message].\n  # Copy it to [message] so downstream grok/json filters work correctly.\n  if ![message] and [event][original] {\n    mutate {\n      copy =\u003e { \"[event][original]\" =\u003e \"message\" }\n    }\n  }\n\n  # Extract host metadata from Filebeat fields\n  if [host][name] and ![host_name] {\n    mutate {\n      add_field =\u003e { \"host_name\" =\u003e \"%{[host][name]}\" }\n    }\n  }\n  if [container][name] and ![container_name] {\n    mutate {\n      add_field =\u003e { \"container_name\" =\u003e \"%{[container][name]}\" }\n    }\n  }\n\n  # Truncate oversized messages to prevent OOM (Defense in depth)\n  if [message] {\n    truncate {\n      length_bytes =\u003e 999999\n      add_tag =\u003e [\"truncated\"]\n    }\n  }\n\n  # Extract service name from filebeat fields\n  if [fields][service] {\n    mutate {\n      add_field =\u003e { \"service\" =\u003e \"%{[fields][service]}\" }\n    }\n  }\n\n  # Fallback service extraction from Docker Compose label when filebeat fields are absent.\n  if ![service] and [container][labels][com_docker_compose_service] {\n    mutate {\n      add_field =\u003e { \"service\" =\u003e \"%{[container][labels][com_docker_compose_service]}\" }\n    }\n  }\n\n  # Strip ANSI color/control sequences so term queries and aggregations stay clean.\n  if [message] {\n    mutate {\n      gsub =\u003e [\n        \"message\", \"\\x1B\\[[0-9;]*[A-Za-z]\", \"\"\n      ]\n    }\n  }\n  if [event][original] {\n    mutate {\n      gsub =\u003e [\n        \"[event][original]\", \"\\x1B\\[[0-9;]*[A-Za-z]\", \"\"\n      ]\n    }\n  }\n\n  # Syslog parsing\n  if [type] == \"syslog\" {\n    grok {\n      match =\u003e { \"message\" =\u003e \"%{SYSLOGTIMESTAMP:syslog_timestamp} %{SYSLOGHOST:syslog_hostname} %{DATA:syslog_program}(?:\\\\[%{POSINT:syslog_pid}\\\\])?: %{GREEDYDATA:syslog_message}\" }\n      tag_on_failure =\u003e []\n    }\n    date {\n      match =\u003e [ \"syslog_timestamp\", \"MMM  d HH:mm:ss\", \"MMM dd HH:mm:ss\" ]\n    }\n  }\n  # Synology NAS syslog source identification\n  # Synology sends logs via DSM Log Center to Logstash syslog input (port 5000).\n  if [type] == \"syslog\" {\n    # Remove ECS service object set by syslog input plugin to avoid array collision\n    mutate { remove_field =\u003e [ \"service\" ] }\n    if [host][hostname] =~ /(?i)^(synology|ds920|diskstation)/ {\n      mutate {\n        add_field =\u003e { \"service\" =\u003e \"synology\" }\n      }\n    } else {\n      mutate {\n        add_field =\u003e { \"service\" =\u003e \"syslog\" }\n      }\n    }\n  }\n\n  # Cloudflare Workers Trace Events (Logpush → HTTP input)\n  if [type] == \"logpush\" {\n    mutate {\n      add_field =\u003e { \"service\" =\u003e \"cloudflare-workers\" }\n    }\n    if [ScriptName] {\n      mutate { add_field =\u003e { \"worker_script\" =\u003e \"%{[ScriptName]}\" } }\n    }\n    if [Outcome] and [Outcome] != \"ok\" {\n      mutate {\n        add_field =\u003e {\n          \"level\" =\u003e \"error\"\n          \"tier\" =\u003e \"2\"\n          \"error_classification\" =\u003e \"WORKER_FAILURE\"\n          \"error_severity\" =\u003e \"high\"\n        }\n      }\n    } else {\n      mutate { add_field =\u003e { \"level\" =\u003e \"info\" } }\n    }\n  }\n\n  # JSON log parsing (structured logs from apps)\n  if [message] =~ /^\\s*\\{/ {\n    json {\n      source =\u003e \"message\"\n      target =\u003e \"parsed\"\n      skip_on_invalid_json =\u003e true\n    }\n    if [parsed] {\n      if [parsed][level] {\n        mutate { add_field =\u003e { \"level\" =\u003e \"%{[parsed][level]}\" } }\n      }\n      if [parsed][msg] {\n        mutate { add_field =\u003e { \"log_message\" =\u003e \"%{[parsed][msg]}\" } }\n      } else if [parsed][message] {\n        mutate { add_field =\u003e { \"log_message\" =\u003e \"%{[parsed][message]}\" } }\n      }\n      if [parsed][error] {\n        mutate { add_field =\u003e { \"error_message\" =\u003e \"%{[parsed][error]}\" } }\n      }\n      if [parsed][service] and ![service] {\n        mutate { add_field =\u003e { \"service\" =\u003e \"%{[parsed][service]}\" } }\n      }\n    }\n  }\n\n  # Normalize log level to lowercase\n  if [level] {\n    mutate { lowercase =\u003e [ \"level\" ] }\n  }\n\n  # Extract level from unstructured messages if not already set\n  if ![level] {\n    grok {\n      match =\u003e { \"message\" =\u003e \"(?i)(?\u003clevel\u003efatal|panic|error|warn(?:ing)?|info|debug|trace)\" }\n      tag_on_failure =\u003e []\n    }\n    if [level] {\n      mutate { lowercase =\u003e [ \"level\" ] }\n      # Normalize common level aliases\n      if [level] == \"warning\" {\n        mutate { replace =\u003e { \"level\" =\u003e \"warn\" } }\n      } else if [level] == \"err\" {\n        mutate { replace =\u003e { \"level\" =\u003e \"error\" } }\n      } else if [level] in [\"crit\", \"critical\"] {\n        mutate { replace =\u003e { \"level\" =\u003e \"fatal\" } }\n      }\n    }\n  }\n\n  # Default level if still not set\n  if ![level] {\n    mutate { add_field =\u003e { \"level\" =\u003e \"info\" } }\n  }\n\n  # Error Classification: assign tier and error_code\n  # Tier 1 (Critical): System-level failures\n  # Tier 2 (High):     Service degradation, connectivity issues\n  # Tier 3 (Medium):   Application errors, handled failures\n  # Tier 4 (Low):      Warnings, deprecations\n  if ([message] =~ /(?i)(MCP error -32601: Method not found)/ and [message] =~ /(?i)(failed to get prompts)/) or [message] =~ /(?i)(failed to get prompt from MCP server)/ {\n    mutate {\n      add_field =\u003e {\n        \"tier\" =\u003e \"4\"\n        \"error_classification\" =\u003e \"MCP_OPTIONAL_ENDPOINT\"\n        \"error_severity\" =\u003e \"low\"\n      }\n    }\n  } else if [level] in [\"fatal\", \"panic\"] {\n    mutate {\n      add_field =\u003e {\n        \"tier\" =\u003e \"1\"\n        \"error_classification\" =\u003e \"CRITICAL_FAILURE\"\n        \"error_severity\" =\u003e \"critical\"\n      }\n    }\n  } else if [level] == \"error\" {\n    # OpenCode runtime: expected cancellations and transient conditions.\n    if [message] =~ /(?i)(service=session\\.processor error=The operation was aborted\\.|session\\.prompt .* cancel)/ {\n      mutate {\n        add_field =\u003e {\n          \"tier\" =\u003e \"4\"\n          \"error_classification\" =\u003e \"SESSION_CANCELLED\"\n          \"error_severity\" =\u003e \"low\"\n        }\n      }\n    } else if [message] =~ /(?i)(service=session\\.processor error=Rate limit exceeded\\. Please try again later\\.)/ {\n      mutate {\n        add_field =\u003e {\n          \"tier\" =\u003e \"4\"\n          \"error_classification\" =\u003e \"RATE_LIMIT_TRANSIENT\"\n          \"error_severity\" =\u003e \"low\"\n        }\n      }\n    } else if [message] =~ /(?i)(MCP error -32602|invalid arguments for (tool|prompt)|structured content does not match the tool's output schema)/ {\n      mutate {\n        add_field =\u003e {\n          \"tier\" =\u003e \"4\"\n          \"error_classification\" =\u003e \"MCP_CLIENT_REQUEST_ERROR\"\n          \"error_severity\" =\u003e \"low\"\n        }\n      }\n    } else if [message] =~ /(?i)(requestBodyValues|system\\\":\\[\\{\\\"type\\\":\\\"text\\\")/ and [message] =~ /(?i)(SSE error: Unable to connect|ECONNREFUSED|ETIMEDOUT|ENOTFOUND)/ {\n      mutate {\n        add_field =\u003e {\n          \"tier\" =\u003e \"4\"\n          \"error_classification\" =\u003e \"PAYLOAD_ARTIFACT\"\n          \"error_severity\" =\u003e \"low\"\n        }\n      }\n    } else if [message] =~ /(?i)(out of memory|oom|disk full|no space|segfault|core dump)/ {\n      mutate {\n        add_field =\u003e {\n          \"tier\" =\u003e \"1\"\n          \"error_classification\" =\u003e \"RESOURCE_EXHAUSTION\"\n          \"error_severity\" =\u003e \"critical\"\n        }\n      }\n    } else if [message] =~ /(?i)(connection refused|timeout|unreachable|dns|ECONNREFUSED|ETIMEDOUT)/ {\n      mutate {\n        add_field =\u003e {\n          \"tier\" =\u003e \"2\"\n          \"error_classification\" =\u003e \"CONNECTIVITY_FAILURE\"\n          \"error_severity\" =\u003e \"high\"\n        }\n      }\n    } else if [message] =~ /(?i)(502|503|504|bad gateway|service unavailable)/ {\n      mutate {\n        add_field =\u003e {\n          \"tier\" =\u003e \"2\"\n          \"error_classification\" =\u003e \"GATEWAY_ERROR\"\n          \"error_severity\" =\u003e \"high\"\n        }\n      }\n    } else if [message] =~ /(?i)(auth|unauthorized|forbidden|401|403|permission denied)/ {\n      mutate {\n        add_field =\u003e {\n          \"tier\" =\u003e \"3\"\n          \"error_classification\" =\u003e \"AUTH_FAILURE\"\n          \"error_severity\" =\u003e \"medium\"\n        }\n      }\n    } else if [message] =~ /(?i)(null|undefined|NaN|type.*error|cast|parse|syntax|JSON)/ {\n      mutate {\n        add_field =\u003e {\n          \"tier\" =\u003e \"3\"\n          \"error_classification\" =\u003e \"DATA_ERROR\"\n          \"error_severity\" =\u003e \"medium\"\n        }\n      }\n    } else {\n      mutate {\n        add_field =\u003e {\n          \"tier\" =\u003e \"3\"\n          \"error_classification\" =\u003e \"APPLICATION_ERROR\"\n          \"error_severity\" =\u003e \"medium\"\n        }\n      }\n    }\n  } else if [level] == \"warn\" {\n    if [message] =~ /(?i)(deprecated|deprecation|will be removed|end of life)/ {\n      mutate {\n        add_field =\u003e {\n          \"tier\" =\u003e \"4\"\n          \"error_classification\" =\u003e \"DEPRECATION\"\n          \"error_severity\" =\u003e \"low\"\n        }\n      }\n    } else {\n      mutate {\n        add_field =\u003e {\n          \"tier\" =\u003e \"4\"\n          \"error_classification\" =\u003e \"WARNING\"\n          \"error_severity\" =\u003e \"low\"\n        }\n      }\n    }\n  }\n\n  # Default tier/classification for non-error events (required for Prometheus labels)\n  if ![tier] {\n    mutate { add_field =\u003e { \"tier\" =\u003e \"0\" \"error_classification\" =\u003e \"NONE\" } }\n  }\n  # Set default service if not set\n  if ![service] {\n    mutate { add_field =\u003e { \"service\" =\u003e \"unknown\" } }\n  }\n\n  # Remove problematic OCI container labels that cause date parsing failures\n  # Docker sends empty strings for these fields but ES maps them as dates\n  mutate {\n    remove_field =\u003e [\n      \"[container][labels][org_opencontainers_image_created]\",\n      \"[container][labels][org_opencontainers_image_revision]\",\n      \"[container][labels][org_opencontainers_image_version]\"\n    ]\n  }\n\n  # Clean up parsed temp field\n  mutate {\n    remove_field =\u003e [ \"parsed\" ]\n  }\n}\n\noutput {\n  elasticsearch {\n    hosts =\u003e [\"elasticsearch:9200\"]\n    user =\u003e \"elastic\"\n    password =\u003e \"I93bmZ/uT3haNpdL9GJ+neTf\"\n    index =\u003e \"logs-%{[service]}-%{+YYYY.MM.dd}\"\n    retry_on_conflict =\u003e 3\n    retry_initial_interval =\u003e 2\n    retry_max_interval =\u003e 64\n  }\n\n  # Dead letter queue - capture failed events\n  if \"_elasticsearch_lookup_failure\" in [tags] or \"_grokparsefailure\" in [tags] {\n    file {\n      path =\u003e \"/usr/share/logstash/dlq/failed-%{+YYYY-MM-dd}.json\"\n      codec =\u003e json_lines\n    }\n  }\n\n\n  # Prometheus metrics for Grafana monitoring\n  # NOTE: logstash-output-prometheus v0.1.3 crashes in LXC/JRuby environments\n  # (jnr.netdb.Protocol.getProtocolByNumber stack trace from WEBrick).\n  # Correct syntax preserved below for reference. Consider logstash-exporter\n  # sidecar container as an alternative when Prometheus metrics are needed.\n  #\n  # prometheus {\n  #   port =\u003e 9198\n  #   increment =\u003e {\n  #     \"logstash_events_in_total\" =\u003e {\n  #       description =\u003e \"Total events processed by Logstash\"\n  #       type =\u003e \"counter\"\n  #       labels =\u003e {\n  #         service =\u003e \"%{[service]}\"\n  #         level =\u003e \"%{[level]}\"\n  #         host_name =\u003e \"%{[host_name]}\"\n  #       }\n  #     }\n  #     \"logstash_errors_total\" =\u003e {\n  #       description =\u003e \"Total error-level events by classification\"\n  #       type =\u003e \"counter\"\n  #       labels =\u003e {\n  #         service =\u003e \"%{[service]}\"\n  #         tier =\u003e \"%{[tier]}\"\n  #         error_classification =\u003e \"%{[error_classification]}\"\n  #       }\n  #     }\n  #   }\n  # }\n}\n",
            "content_base64": null,
            "content_base64sha256": "vFS/ZEjbbgIbyovRPlzB2gxNydyX2JHDCnPHRjpf18M=",
            "content_base64sha512": "ob01tH7l2MvePmClJI8w7gU9DQp74ZuxDTm37xdDeJTK5kKRY3VksgHA3mz1QR9RJ9pm5+gydJKIfPggKm1CeA==",
            "content_md5": "ccb8b714f96aadd50e22b2812581da22",
            "content_sha1": "8487cd578140a502f6c65f2b284938ec2de5db57",
            "content_sha256": "bc54bf6448db6e021bca8bd13e5cc1da0c4dc9dc97d891c30a73c7463a5fd7c3",
            "content_sha512": "a1bd35b47ee5d8cbde3e60a5248f30ee053d0d0a7be19bb10d39b7ef17437894cae64291637564b201c0de6cf5411f5127da66e7e8327492887cf8202a6d4278",
            "directory_permission": "0777",
            "file_permission": "0777",
            "filename": "./configs/rendered/elk/logstash.conf",
            "id": "8487cd578140a502f6c65f2b284938ec2de5db57",
            "sensitive_content": null,
            "source": null
          },
          "sensitive_attributes": [
            [
              {
                "type": "get_attr",
                "value": "content"
              }
            ],
            [
              {
                "type": "get_attr",
                "value": "sensitive_content"
              }
            ]
          ],
          "identity_schema_version": 0,
          "dependencies": [
            "module.onepassword_secrets.data.onepassword_item.archon",
            "module.onepassword_secrets.data.onepassword_item.cloudflare",
            "module.onepassword_secrets.data.onepassword_item.elk",
            "module.onepassword_secrets.data.onepassword_item.exa",
            "module.onepassword_secrets.data.onepassword_item.github",
            "module.onepassword_secrets.data.onepassword_item.glitchtip",
            "module.onepassword_secrets.data.onepassword_item.grafana",
            "module.onepassword_secrets.data.onepassword_item.mcphub",
            "module.onepassword_secrets.data.onepassword_item.n8n",
            "module.onepassword_secrets.data.onepassword_item.proxmox",
            "module.onepassword_secrets.data.onepassword_item.splunk",
            "module.onepassword_secrets.data.onepassword_item.supabase",
            "module.onepassword_secrets.data.onepassword_vault.this"
          ]
        },
        {
          "index_key": "elk_logstash_yml",
          "schema_version": 0,
          "attributes": {
            "content": "http.host: \"0.0.0.0\"\nxpack.monitoring.elasticsearch.hosts:\n  - \"http://elasticsearch:9200\"\nxpack.monitoring.elasticsearch.username: \"${ELASTICSEARCH_USERNAME}\"\nxpack.monitoring.elasticsearch.password: \"${ELASTICSEARCH_PASSWORD}\"\ndead_letter_queue.enable: true\ndead_letter_queue.max_bytes: \"1024mb\"\n",
            "content_base64": null,
            "content_base64sha256": "RpkYmXYCvts8LeLMHf2f3ZiFZYaVkANG2boTrwluHgg=",
            "content_base64sha512": "RtL0qKyunIZif6ytdYGv4oo35ef7XdfX0OnFAhKit5viU5+quEPfEHM8zL6CheeugFb7v2aut9mCJEInSZ9TbA==",
            "content_md5": "47cc192a325703b67aaf200e56a7087a",
            "content_sha1": "6e3673485a0b06bdbb15f39f003e3e839ebcfc76",
            "content_sha256": "469918997602bedb3c2de2cc1dfd9fdd9885658695900346d9ba13af096e1e08",
            "content_sha512": "46d2f4a8acae9c86627facad7581afe28a37e5e7fb5dd7d7d0e9c50212a2b79be2539faab843df10733cccbe8285e7ae8056fbbf66aeb7d982244227499f536c",
            "directory_permission": "0777",
            "file_permission": "0777",
            "filename": "./configs/rendered/elk/logstash.yml",
            "id": "6e3673485a0b06bdbb15f39f003e3e839ebcfc76",
            "sensitive_content": null,
            "source": null
          },
          "sensitive_attributes": [
            [
              {
                "type": "get_attr",
                "value": "content"
              }
            ],
            [
              {
                "type": "get_attr",
                "value": "sensitive_content"
              }
            ]
          ],
          "identity_schema_version": 0,
          "dependencies": [
            "module.onepassword_secrets.data.onepassword_item.archon",
            "module.onepassword_secrets.data.onepassword_item.cloudflare",
            "module.onepassword_secrets.data.onepassword_item.elk",
            "module.onepassword_secrets.data.onepassword_item.exa",
            "module.onepassword_secrets.data.onepassword_item.github",
            "module.onepassword_secrets.data.onepassword_item.glitchtip",
            "module.onepassword_secrets.data.onepassword_item.grafana",
            "module.onepassword_secrets.data.onepassword_item.mcphub",
            "module.onepassword_secrets.data.onepassword_item.n8n",
            "module.onepassword_secrets.data.onepassword_item.proxmox",
            "module.onepassword_secrets.data.onepassword_item.splunk",
            "module.onepassword_secrets.data.onepassword_item.supabase",
            "module.onepassword_secrets.data.onepassword_vault.this"
          ]
        },
        {
          "index_key": "elk_setup_ilm",
          "schema_version": 0,
          "attributes": {
            "content": "#!/usr/bin/env bash\n# Managed by Terraform — do not edit manually\n# Sets up tiered ILM policies and index templates for log retention\n#\n# Tiers:\n#   critical  (90d) — core infrastructure: elk, supabase, grafana\n#   standard  (30d) — application services: traefik, archon, mcphub, glitchtip, runner\n#   ephemeral  (7d) — debug, unknown, temporary\nset -euo pipefail\n\nES_HOST=\"http://localhost:9200\"\nES_AUTH=\"elastic:I93bmZ/uT3haNpdL9GJ+neTf\"\n\necho \"Waiting for Elasticsearch...\"\nuntil curl -sf -u \"${ES_AUTH}\" \"${ES_HOST}/_cluster/health\" \u003e /dev/null 2\u003e\u00261; do\n  sleep 5\ndone\necho \"Elasticsearch is ready.\"\n\n# —— ILM Policies ————————————————————————————————————————————————\n\ncreate_ilm_policy() {\n  local name=\"$1\" delete_after=\"$2\"\n  echo \"Creating ILM policy: ${name} (delete after ${delete_after})\"\n  curl -sf -u \"${ES_AUTH}\" -X PUT \"${ES_HOST}/_ilm/policy/${name}\" \\\n    -H 'Content-Type: application/json' \\\n    -d '{\n    \"policy\": {\n      \"phases\": {\n        \"hot\": {\n          \"min_age\": \"0ms\",\n          \"actions\": {\n            \"set_priority\": { \"priority\": 100 }\n          }\n        },\n        \"delete\": {\n          \"min_age\": \"'\"${delete_after}\"'\",\n          \"actions\": {\n            \"delete\": {}\n          }\n        }\n      }\n    }\n  }'\n  echo\n}\n\ncreate_ilm_policy \"homelab-logs-critical-90d\"  \"90d\"\ncreate_ilm_policy \"homelab-logs-30d\"           \"30d\"\ncreate_ilm_policy \"homelab-logs-ephemeral-7d\"  \"7d\"\n\n# —— Index Templates —————————————————————————————————————————————\n# Priority determines which template wins when multiple patterns match.\n# Higher priority = takes precedence.\n#   critical  (300) — specific critical service patterns\n#   ephemeral (250) — specific ephemeral patterns\n#   standard  (200) — catch-all logs-* (default tier)\n\ncreate_index_template() {\n  local name=\"$1\" policy=\"$2\" priority=\"$3\"\n  shift 3\n  # Remaining args are index patterns\n  local patterns\n  patterns=$(printf '\"%s\",' \"$@\")\n  patterns=\"[${patterns%,}]\"\n\n  echo \"Creating index template: ${name} (policy=${policy}, priority=${priority})\"\n  curl -sf -u \"${ES_AUTH}\" -X PUT \"${ES_HOST}/_index_template/${name}\" \\\n    -H 'Content-Type: application/json' \\\n    -d '{\n    \"index_patterns\": '\"${patterns}\"',\n    \"priority\": '\"${priority}\"',\n    \"template\": {\n      \"settings\": {\n        \"number_of_shards\": 1,\n        \"number_of_replicas\": 0,\n        \"index.lifecycle.name\": \"'\"${policy}\"'\"\n      }\n    }\n  }'\n  echo\n}\n\n# Critical tier: core infrastructure services (90d retention)\ncreate_index_template \"logs-critical\" \"homelab-logs-critical-90d\" 300 \\\n  \"logs-elk-*\" \"logs-supabase-*\" \"logs-grafana-*\"\n\n# Ephemeral tier: debug and unknown sources (7d retention)\ncreate_index_template \"logs-ephemeral\" \"homelab-logs-ephemeral-7d\" 250 \\\n  \"logs-unknown-*\" \"logs-debug-*\"\n\n# Standard tier: catch-all for remaining services (30d retention)\ncreate_index_template \"logs-standard\" \"homelab-logs-30d\" 200 \\\n  \"logs-*\"\n\necho \"ILM setup complete. Three tiers configured:\"\necho \"  critical  (90d): elk, supabase, grafana\"\necho \"  standard  (30d): all other services (default)\"\necho \"  ephemeral  (7d): unknown, debug\"\n",
            "content_base64": null,
            "content_base64sha256": "3cfYlzHP+zaZfQK4JAUZgi3ARJIJNJdZ2WSU6PJgklY=",
            "content_base64sha512": "ionEaY4P6jkfSuxRGv9qgLk68DFx+mxyA9by4cXjPQjNkpZLOIhCKIN/mMwDKR68TcvpBhpvemKUChywQJh8jQ==",
            "content_md5": "4c374de6a3d94178289fc60df156f33f",
            "content_sha1": "6069d1255b2add76e164d6d1efc0d59fb40d7555",
            "content_sha256": "ddc7d89731cffb36997d02b8240519822dc0449209349759d96494e8f2609256",
            "content_sha512": "8a89c4698e0fea391f4aec511aff6a80b93af03171fa6c7203d6f2e1c5e33d08cd92964b38884228837f98cc03291ebc4dcbe9061a6f7a62940a1cb040987c8d",
            "directory_permission": "0777",
            "file_permission": "0777",
            "filename": "./configs/rendered/elk/setup-ilm.sh",
            "id": "6069d1255b2add76e164d6d1efc0d59fb40d7555",
            "sensitive_content": null,
            "source": null
          },
          "sensitive_attributes": [
            [
              {
                "type": "get_attr",
                "value": "content"
              }
            ],
            [
              {
                "type": "get_attr",
                "value": "sensitive_content"
              }
            ]
          ],
          "identity_schema_version": 0,
          "dependencies": [
            "module.onepassword_secrets.data.onepassword_item.archon",
            "module.onepassword_secrets.data.onepassword_item.cloudflare",
            "module.onepassword_secrets.data.onepassword_item.elk",
            "module.onepassword_secrets.data.onepassword_item.exa",
            "module.onepassword_secrets.data.onepassword_item.github",
            "module.onepassword_secrets.data.onepassword_item.glitchtip",
            "module.onepassword_secrets.data.onepassword_item.grafana",
            "module.onepassword_secrets.data.onepassword_item.mcphub",
            "module.onepassword_secrets.data.onepassword_item.n8n",
            "module.onepassword_secrets.data.onepassword_item.proxmox",
            "module.onepassword_secrets.data.onepassword_item.splunk",
            "module.onepassword_secrets.data.onepassword_item.supabase",
            "module.onepassword_secrets.data.onepassword_vault.this"
          ]
        },
        {
          "index_key": "grafana_datasources",
          "schema_version": 0,
          "attributes": {
            "content": "apiVersion: 1\n\ndatasources:\n  - name: Prometheus\n    type: prometheus\n    access: proxy\n    url: http://prometheus:9090\n    isDefault: true\n    editable: false\n\n  - name: Elasticsearch\n    type: elasticsearch\n    access: proxy\n    url: http://192.168.50.105:9200\n    database: \"logs-*\"\n    isDefault: false\n    basicAuth: true\n    basicAuthUser: elastic\n    secureJsonData:\n      basicAuthPassword: \"I93bmZ/uT3haNpdL9GJ+neTf\"\n    jsonData:\n      timeField: \"@timestamp\"\n      esVersion: \"8.0.0\"\n      logMessageField: message\n      logLevelField: level\n    editable: false\n",
            "content_base64": null,
            "content_base64sha256": "J9Xdx64HQ8dgJypyUIpXShzhLUQKtWo7xzlIaSeUz90=",
            "content_base64sha512": "KVhGibA1XlGbM17XGi904X+EYWbLSh6XjeAH3oaJIsl8ZV3MS+WyVEbG/DCMj2ph9GnseBrONUrhEYLwemF6OA==",
            "content_md5": "a9a442b6d7bfc544af6b6d9fcc95989f",
            "content_sha1": "4ecb03f6d4bab6a2fdeb7f7a348aa99e4a481d8f",
            "content_sha256": "27d5ddc7ae0743c760272a72508a574a1ce12d440ab56a3bc73948692794cfdd",
            "content_sha512": "29584689b0355e519b335ed71a2f74e17f846166cb4a1e978de007de868922c97c655dcc4be5b25446c6fc308c8f6a61f469ec781ace354ae11182f07a617a38",
            "directory_permission": "0777",
            "file_permission": "0777",
            "filename": "./configs/rendered/grafana-datasources.yml",
            "id": "4ecb03f6d4bab6a2fdeb7f7a348aa99e4a481d8f",
            "sensitive_content": null,
            "source": null
          },
          "sensitive_attributes": [
            [
              {
                "type": "get_attr",
                "value": "content"
              }
            ],
            [
              {
                "type": "get_attr",
                "value": "sensitive_content"
              }
            ]
          ],
          "identity_schema_version": 0,
          "dependencies": [
            "module.onepassword_secrets.data.onepassword_item.archon",
            "module.onepassword_secrets.data.onepassword_item.cloudflare",
            "module.onepassword_secrets.data.onepassword_item.elk",
            "module.onepassword_secrets.data.onepassword_item.exa",
            "module.onepassword_secrets.data.onepassword_item.github",
            "module.onepassword_secrets.data.onepassword_item.glitchtip",
            "module.onepassword_secrets.data.onepassword_item.grafana",
            "module.onepassword_secrets.data.onepassword_item.mcphub",
            "module.onepassword_secrets.data.onepassword_item.n8n",
            "module.onepassword_secrets.data.onepassword_item.proxmox",
            "module.onepassword_secrets.data.onepassword_item.splunk",
            "module.onepassword_secrets.data.onepassword_item.supabase",
            "module.onepassword_secrets.data.onepassword_vault.this"
          ]
        },
        {
          "index_key": "grafana_filebeat",
          "schema_version": 0,
          "attributes": {
            "content": "# Filebeat configuration for 104-grafana (Observability Stack)\n# Rendered by Terraform - DO NOT EDIT MANUALLY\n\nfilebeat.autodiscover:\n  providers:\n    - type: docker\n      hints.enabled: true\n\nfilebeat.inputs:\n  # Docker container logs (prometheus, grafana, tempo, blackbox-exporter)\n  - type: filestream\n    id: docker-containers\n    paths:\n      - /var/lib/docker/containers/*/*.log\n    parsers:\n      - container: {}\n    prospector.scanner.symlinks: true\n    fields:\n      service: grafana\n      host_role: grafana\n    fields_under_root: false\n\n  # System logs\n  - type: filestream\n    id: system-logs\n    paths:\n      - /var/log/*.log\n      - /var/log/syslog\n    fields:\n      service: system\n      host_role: grafana\n    fields_under_root: false\n\nprocessors:\n  - add_host_metadata: ~\n  - add_docker_metadata:\n      host: \"unix:///var/run/docker.sock\"\n\noutput.logstash:\n  hosts: [\"192.168.50.105:5044\"]\n\nfilebeat.registry.path: /var/lib/filebeat/registry\nlogging.level: info\nlogging.to_files: true\nlogging.files:\n  path: /var/log/filebeat\n  name: filebeat\n  keepfiles: 7\n\nmax_message_bytes: 999999\n",
            "content_base64": null,
            "content_base64sha256": "Bayj1jsRD3mAfb+RsIjCa82tALHTpv6ANHWbqJnKzTk=",
            "content_base64sha512": "6YVP+Swv4up9oB1Ih1fDJlwB9JLiiBP7XmgLo6+pgZlETuUVtXe3Y58FJ5GvmDCGOt6uWyKmryQMHM1oirxcAQ==",
            "content_md5": "dd5fc8b6e6d2448180410dd7573667d3",
            "content_sha1": "8ce9d6d6b9bffe9da966d1b88b5e96a64203e2ed",
            "content_sha256": "05aca3d63b110f79807dbf91b088c26bcdad00b1d3a6fe8034759ba899cacd39",
            "content_sha512": "e9854ff92c2fe2ea7da01d488757c3265c01f492e28813fb5e680ba3afa98199444ee515b577b7639f052791af9830863adeae5b22a6af240c1ccd688abc5c01",
            "directory_permission": "0777",
            "file_permission": "0777",
            "filename": "./configs/rendered/grafana/filebeat.yml",
            "id": "8ce9d6d6b9bffe9da966d1b88b5e96a64203e2ed",
            "sensitive_content": null,
            "source": null
          },
          "sensitive_attributes": [
            [
              {
                "type": "get_attr",
                "value": "content"
              }
            ],
            [
              {
                "type": "get_attr",
                "value": "sensitive_content"
              }
            ]
          ],
          "identity_schema_version": 0,
          "dependencies": [
            "module.onepassword_secrets.data.onepassword_item.archon",
            "module.onepassword_secrets.data.onepassword_item.cloudflare",
            "module.onepassword_secrets.data.onepassword_item.elk",
            "module.onepassword_secrets.data.onepassword_item.exa",
            "module.onepassword_secrets.data.onepassword_item.github",
            "module.onepassword_secrets.data.onepassword_item.glitchtip",
            "module.onepassword_secrets.data.onepassword_item.grafana",
            "module.onepassword_secrets.data.onepassword_item.mcphub",
            "module.onepassword_secrets.data.onepassword_item.n8n",
            "module.onepassword_secrets.data.onepassword_item.proxmox",
            "module.onepassword_secrets.data.onepassword_item.splunk",
            "module.onepassword_secrets.data.onepassword_item.supabase",
            "module.onepassword_secrets.data.onepassword_vault.this"
          ]
        },
        {
          "index_key": "mcphub_docker_compose",
          "schema_version": 0,
          "attributes": {
            "content": "services:\n  mcphub:\n    image: samanhappy/mcphub:0.12.3\n    container_name: mcphub\n    restart: unless-stopped\n    ports:\n      - \"3000:3000\"\n    volumes:\n      - ./mcp_settings.json:/app/mcp_settings.json\n      - mcphub_data:/app/data\n      - npm_cache:/root/.npm\n      - /usr/bin/op:/usr/bin/op:ro\n      - ./op-mcp-server:/app/op-mcp-server:ro\n      - /mnt/oc-dev:/home/jclee/dev:ro\n      - ./.gitconfig:/root/.gitconfig:ro\n      - /mnt/oc-kratos:/root/.kratos\n      - ./slack-users-cache.json:/tmp/slack-users-cache.json\n    env_file:\n      - .env\n    environment:\n      - MCPHUB_PORT=3000\n    healthcheck:\n      test: [\"CMD-SHELL\", \"curl -sf http://localhost:3000/ || exit 1\"]\n      interval: 30s\n      timeout: 10s\n      retries: 3\n      start_period: 30s\n    depends_on:\n      - mcp-proxmox\n      - mcp-playwright\n\n  mcp-proxmox:\n    build:\n      context: .\n      dockerfile: Dockerfile.proxmox\n    container_name: mcp-proxmox\n    restart: unless-stopped\n    ports:\n      - \"8055:8055\"\n    env_file:\n      - .env\n    healthcheck:\n      test: [\"CMD-SHELL\", \"node -e \\\"const net=require('net');const s=net.connect(8055,'127.0.0.1');s.on('connect',()=\u003e{s.end();process.exit(0)});s.on('error',()=\u003eprocess.exit(1));setTimeout(()=\u003eprocess.exit(1),3000);\\\"\"]\n      interval: 30s\n      timeout: 10s\n      retries: 3\n      start_period: 15s\n\n  mcp-playwright:\n    build:\n      context: .\n      dockerfile: Dockerfile.playwright\n    container_name: mcp-playwright\n    restart: unless-stopped\n    ports:\n      - \"8056:8056\"\n    env_file:\n      - .env\n    environment:\n      - PLAYWRIGHT_MCP_HEADLESS=true\n    healthcheck:\n      test: [\"CMD-SHELL\", \"node -e \\\"const net=require('net');const s=net.connect(8056,'127.0.0.1');s.on('connect',()=\u003e{s.end();process.exit(0)});s.on('error',()=\u003eprocess.exit(1));setTimeout(()=\u003eprocess.exit(1),3000);\\\"\"]\n      interval: 30s\n      timeout: 10s\n      retries: 3\n      start_period: 15s\n\nvolumes:\n  mcphub_data:\n  npm_cache:\n",
            "content_base64": null,
            "content_base64sha256": "YvT6LM7JQkbtwG0J7gQ7oNgKcRlei9WnL9NLurBheQI=",
            "content_base64sha512": "bG3f1r+u+7tjpRJN9GlzXzK4idKyKFOaMla62WBHAIe53IIc1JetKcr8yGF7yHGOh/F0Ch00iwc+Tbe0C0MChw==",
            "content_md5": "c3fa62c1f0017386cdfcee617b5fc2bd",
            "content_sha1": "2a83da2b7516601a80b65e8342b3a865374571ff",
            "content_sha256": "62f4fa2ccec94246edc06d09ee043ba0d80a71195e8bd5a72fd34bbab0617902",
            "content_sha512": "6c6ddfd6bfaefbbb63a5124df469735f32b889d2b228539a3256bad960470087b9dc821cd497ad29cafcc8617bc8718e87f1740a1d348b073e4db7b40b430287",
            "directory_permission": "0777",
            "file_permission": "0777",
            "filename": "./configs/rendered/mcphub/docker-compose.yml",
            "id": "2a83da2b7516601a80b65e8342b3a865374571ff",
            "sensitive_content": null,
            "source": null
          },
          "sensitive_attributes": [
            [
              {
                "type": "get_attr",
                "value": "content"
              }
            ],
            [
              {
                "type": "get_attr",
                "value": "sensitive_content"
              }
            ]
          ],
          "identity_schema_version": 0,
          "dependencies": [
            "module.onepassword_secrets.data.onepassword_item.archon",
            "module.onepassword_secrets.data.onepassword_item.cloudflare",
            "module.onepassword_secrets.data.onepassword_item.elk",
            "module.onepassword_secrets.data.onepassword_item.exa",
            "module.onepassword_secrets.data.onepassword_item.github",
            "module.onepassword_secrets.data.onepassword_item.glitchtip",
            "module.onepassword_secrets.data.onepassword_item.grafana",
            "module.onepassword_secrets.data.onepassword_item.mcphub",
            "module.onepassword_secrets.data.onepassword_item.n8n",
            "module.onepassword_secrets.data.onepassword_item.proxmox",
            "module.onepassword_secrets.data.onepassword_item.splunk",
            "module.onepassword_secrets.data.onepassword_item.supabase",
            "module.onepassword_secrets.data.onepassword_vault.this"
          ]
        },
        {
          "index_key": "mcphub_env",
          "schema_version": 0,
          "attributes": {
            "content": "MCPHUB_ADMIN_PASSWORD=c}Tq{lm\u003c]Eu\u003evi)4r={lyaxo\nN8N_MCP_API_KEY=4IY4uc0ir8ZuSmDJHV2HRvnHEOLxW81swjJ6ZwMj\nOP_SERVICE_ACCOUNT_TOKEN=ops_eyJzaWduSW5BZGRyZXNzIjoibXkuMXBhc3N3b3JkLmNvbSIsInVzZXJBdXRoIjp7Im1ldGhvZCI6IlNSUGctNDA5NiIsImFsZyI6IlBCRVMyZy1IUzI1NiIsIml0ZXJhdGlvbnMiOjY1MDAwMCwic2FsdCI6Ik5CeHFPeGE1NGNXeUM4ckh1cnZ5a0EifSwiZW1haWwiOiI3Mm1nenYzd3NseWxpQDFwYXNzd29yZHNlcnZpY2VhY2NvdW50cy5jb20iLCJzcnBYIjoiMDg4MGM4NDU3NzUzZTY0ZDk5MjZiZTFmYzg5ZjE1MGJiYWRlZTc0ZDQwZWMyOGEyNGNjODc5Njc0YzFlYTYxZSIsIm11ayI6eyJhbGciOiJBMjU2R0NNIiwiZXh0Ijp0cnVlLCJrIjoibmxZQUlHR2x1M0FSRlB0TDM0WnNFM1lNSU5GcTVLbzF5MG1oVzZOa19YdyIsImtleV9vcHMiOlsiZW5jcnlwdCIsImRlY3J5cHQiXSwia3R5Ijoib2N0Iiwia2lkIjoibXAifSwic2VjcmV0S2V5IjoiQTMtMjVMRE1CLVFOQjhXQS1KTDRIRi1UQlRINy1IUDRFVi1LRjM0SyIsInRocm90dGxlU2VjcmV0Ijp7InNlZWQiOiI5OTdhZWM2N2QyNjJkODgyNWE3YTAxYWVjMjRmODVjOWQyNTRiZGVkY2JlOThjMmM0YTMyMWMzYjkyYzIwMzgzIiwidXVpZCI6IlZJUTZZNDM3SEJFS1ZHWkZYVVZCNUg2UTNFIn0sImRldmljZVV1aWQiOiJvMjd5amp1YWdpN2drZ2c3dDNqczc0a3YzdSJ9\nGITHUB_PERSONAL_ACCESS_TOKEN=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\nSUPABASE_ACCESS_TOKEN=eyJhbGciOiAiSFMyNTYiLCAidHlwIjogIkpXVCJ9.eyJyb2xlIjogInNlcnZpY2Vfcm9sZSIsICJpc3MiOiAic3VwYWJhc2UiLCAiaWF0IjogMTc3MTYwMDgwMCwgImV4cCI6IDIwODY5NjA4MDB9.vLTEQu-8UATji7axVljZzlmPUrbqbFmx7fjXaQc580Y\nGLITCHTIP_TOKEN=4813c494717ae627ad589f17c55a21e30309ec2f5669be37d5b9cd64854bcb10\nGLITCHTIP_ORGANIZATION=jclee-homelab\nGLITCHTIP_BASE_URL=http://192.168.50.106:8000\nES_HOST=http://192.168.50.105:9200\nES_USERNAME=elastic\nES_PASSWORD=I93bmZ/uT3haNpdL9GJ+neTf\nPROXMOX_HOST=192.168.50.100\nPROXMOX_PORT=8006\nPROXMOX_SSL_MODE=insecure\nPROXMOX_USER=root@pam\nPROXMOX_TOKEN_NAME=terraform-api\nPROXMOX_TOKEN_VALUE=0d925da9-a02c-427f-b8e9-1ab71c7a5150\nPROXMOX_ALLOW_ELEVATED=true\nSLACK_MCP_XOXP_TOKEN=xoxe.xoxp-1-Mi0yLTk5MDY2MjUzMzM1NzQtOTg5MzIyMTEyNzYwNy05OTA4OTkxMzQ0OTQ2LTEwNTY1OTkzODM0MDM4LWU5ZTQ0ZmM0ZDRhYjU0ZDI0NmY4MDBlZThkY2FjN2Y1N2NiOWYyNmIxNDMyM2QyZDRiOTdmYjRmMTY2MTFjNjg\nSLACK_MCP_XOXB_TOKEN=PLACEHOLDER_NEEDS_REAL_TOKEN\n",
            "content_base64": null,
            "content_base64sha256": "nMzzN4qeW5zEZz9gpKK0Wa4Z7riDlIJUx8oHd6ANlE8=",
            "content_base64sha512": "CyUry7bCZf/gmgWqlwz5ajknTDf8l7NkuAsenGCVs7qV+xvRLIzf1Zs5Lca9uVBpVXDMVqIylmHstt0KreWoPg==",
            "content_md5": "b5682c156402ee9f686e0d13cbd7e13b",
            "content_sha1": "db2e11234eb40d3080cc7b1fd4a91a6780faf110",
            "content_sha256": "9cccf3378a9e5b9cc4673f60a4a2b459ae19eeb883948254c7ca0777a00d944f",
            "content_sha512": "0b252bcbb6c265ffe09a05aa970cf96a39274c37fc97b364b80b1e9c6095b3ba95fb1bd12c8cdfd59b392dc6bdb950695570cc56a2329661ecb6dd0aade5a83e",
            "directory_permission": "0777",
            "file_permission": "0777",
            "filename": "./configs/rendered/mcphub/.env",
            "id": "db2e11234eb40d3080cc7b1fd4a91a6780faf110",
            "sensitive_content": null,
            "source": null
          },
          "sensitive_attributes": [
            [
              {
                "type": "get_attr",
                "value": "content"
              }
            ],
            [
              {
                "type": "get_attr",
                "value": "sensitive_content"
              }
            ]
          ],
          "identity_schema_version": 0,
          "dependencies": [
            "module.onepassword_secrets.data.onepassword_item.archon",
            "module.onepassword_secrets.data.onepassword_item.cloudflare",
            "module.onepassword_secrets.data.onepassword_item.elk",
            "module.onepassword_secrets.data.onepassword_item.exa",
            "module.onepassword_secrets.data.onepassword_item.github",
            "module.onepassword_secrets.data.onepassword_item.glitchtip",
            "module.onepassword_secrets.data.onepassword_item.grafana",
            "module.onepassword_secrets.data.onepassword_item.mcphub",
            "module.onepassword_secrets.data.onepassword_item.n8n",
            "module.onepassword_secrets.data.onepassword_item.proxmox",
            "module.onepassword_secrets.data.onepassword_item.splunk",
            "module.onepassword_secrets.data.onepassword_item.supabase",
            "module.onepassword_secrets.data.onepassword_vault.this"
          ]
        },
        {
          "index_key": "mcphub_filebeat",
          "schema_version": 0,
          "attributes": {
            "content": "# Filebeat configuration for 112-mcphub (MCP Hub + AI/Tools VM)\n# Rendered by Terraform - DO NOT EDIT MANUALLY\n\nfilebeat.autodiscover:\n  providers:\n    - type: docker\n      hints.enabled: true\n\nfilebeat.inputs:\n  # Docker container logs (mcphub, mcp-proxmox, mcp-playwright, n8n, vault)\n  - type: filestream\n    id: docker-containers\n    paths:\n      - /var/lib/docker/containers/*/*.log\n    parsers:\n      - container: {}\n    prospector.scanner.symlinks: true\n    fields:\n      service: mcphub\n      host_role: mcphub\n    fields_under_root: false\n\n  # System logs\n  - type: filestream\n    id: system-logs\n    paths:\n      - /var/log/*.log\n      - /var/log/syslog\n    fields:\n      service: system\n      host_role: mcphub\n    fields_under_root: false\n\n  # Auth logs\n  - type: filestream\n    id: auth-logs\n    paths:\n      - /var/log/auth.log\n    fields:\n      service: auth\n      host_role: mcphub\n    fields_under_root: false\n\nprocessors:\n  - add_host_metadata: ~\n  - add_docker_metadata:\n      host: \"unix:///var/run/docker.sock\"\n\noutput.logstash:\n  hosts: [\"192.168.50.105:5044\"]\n\nfilebeat.registry.path: /var/lib/filebeat/registry\nlogging.level: info\nlogging.to_files: true\nlogging.files:\n  path: /var/log/filebeat\n  name: filebeat\n  keepfiles: 7\n\nmax_message_bytes: 999999\n",
            "content_base64": null,
            "content_base64sha256": "9bWgkAQCQ0DlrbByHkXn5aHGIKmMOoWwP5JBhyIXMZ8=",
            "content_base64sha512": "fmrc/jpLaIkXj/kI38NvZQgwYv6rNWQ7NUIB/+H49OLna8g72wmzIy+b/nENwfVrS+XMC5HgrdNvjGcfVG9SiQ==",
            "content_md5": "469b542685cb65bb547a6291ec29e832",
            "content_sha1": "6ed2d6502b83fbda8c5b83e9ac0ab82af8baf912",
            "content_sha256": "f5b5a09004024340e5adb0721e45e7e5a1c620a98c3a85b03f9241872217319f",
            "content_sha512": "7e6adcfe3a4b6889178ff908dfc36f65083062feab35643b354201ffe1f8f4e2e76bc83bdb09b3232f9bfe710dc1f56b4be5cc0b91e0add36f8c671f546f5289",
            "directory_permission": "0777",
            "file_permission": "0777",
            "filename": "./configs/rendered/mcphub/filebeat.yml",
            "id": "6ed2d6502b83fbda8c5b83e9ac0ab82af8baf912",
            "sensitive_content": null,
            "source": null
          },
          "sensitive_attributes": [
            [
              {
                "type": "get_attr",
                "value": "content"
              }
            ],
            [
              {
                "type": "get_attr",
                "value": "sensitive_content"
              }
            ]
          ],
          "identity_schema_version": 0,
          "dependencies": [
            "module.onepassword_secrets.data.onepassword_item.archon",
            "module.onepassword_secrets.data.onepassword_item.cloudflare",
            "module.onepassword_secrets.data.onepassword_item.elk",
            "module.onepassword_secrets.data.onepassword_item.exa",
            "module.onepassword_secrets.data.onepassword_item.github",
            "module.onepassword_secrets.data.onepassword_item.glitchtip",
            "module.onepassword_secrets.data.onepassword_item.grafana",
            "module.onepassword_secrets.data.onepassword_item.mcphub",
            "module.onepassword_secrets.data.onepassword_item.n8n",
            "module.onepassword_secrets.data.onepassword_item.proxmox",
            "module.onepassword_secrets.data.onepassword_item.splunk",
            "module.onepassword_secrets.data.onepassword_item.supabase",
            "module.onepassword_secrets.data.onepassword_vault.this"
          ]
        },
        {
          "index_key": "mcphub_mcp_settings",
          "schema_version": 0,
          "attributes": {
            "content": "{\"mcpServers\":{\"archon\":{\"type\":\"streamable-http\",\"url\":\"http://192.168.50.108:8051/mcp\"},\"elk\":{\"args\":[\"-y\",\"@awesome-ai/elasticsearch-mcp\"],\"command\":\"npx\",\"env\":{\"ES_HOST\":\"${ES_HOST}\",\"ES_PASSWORD\":\"${ES_PASSWORD}\",\"ES_USERNAME\":\"${ES_USERNAME}\"}},\"git\":{\"args\":[\"-y\",\"@mseep/git-mcp-server\"],\"command\":\"npx\"},\"github\":{\"args\":[\"-y\",\"@modelcontextprotocol/server-github\"],\"command\":\"npx\",\"env\":{\"GITHUB_PERSONAL_ACCESS_TOKEN\":\"${GITHUB_PERSONAL_ACCESS_TOKEN}\"}},\"glitchtip\":{\"args\":[\"-y\",\"mcp-glitchtip\"],\"command\":\"npx\",\"env\":{\"GLITCHTIP_BASE_URL\":\"${GLITCHTIP_BASE_URL}\",\"GLITCHTIP_ORGANIZATION\":\"${GLITCHTIP_ORGANIZATION}\",\"GLITCHTIP_TOKEN\":\"${GLITCHTIP_TOKEN}\"}},\"kratos\":{\"args\":[\"-y\",\"kratos-mcp\"],\"command\":\"npx\"},\"onepassword\":{\"args\":[\"/app/op-mcp-server/index.mjs\"],\"command\":\"node\",\"env\":{\"OP_SERVICE_ACCOUNT_TOKEN\":\"${OP_SERVICE_ACCOUNT_TOKEN}\"}},\"playwright\":{\"type\":\"sse\",\"url\":\"http://mcp-playwright:8056/sse\"},\"proxmox\":{\"type\":\"sse\",\"url\":\"http://mcp-proxmox:8055/sse\"},\"slack\":{\"args\":[\"-y\",\"slack-mcp-server@latest\",\"--transport\",\"stdio\"],\"command\":\"npx\",\"env\":{\"SLACK_MCP_ADD_MESSAGE_TOOL\":\"true\",\"SLACK_MCP_CHANNELS_CACHE\":\"/tmp/slack-channels-cache.json\",\"SLACK_MCP_USERS_CACHE\":\"/tmp/slack-users-cache.json\",\"SLACK_MCP_XOXB_TOKEN\":\"${SLACK_MCP_XOXB_TOKEN}\",\"SLACK_MCP_XOXP_TOKEN\":\"${SLACK_MCP_XOXP_TOKEN}\"}},\"supabase\":{\"args\":[\"-y\",\"@supabase/mcp-server-supabase\"],\"command\":\"npx\",\"env\":{\"SUPABASE_ACCESS_TOKEN\":\"${SUPABASE_ACCESS_TOKEN}\"}},\"terraform\":{\"args\":[\"-y\",\"terraform-mcp-server\"],\"command\":\"npx\"}}}\n",
            "content_base64": null,
            "content_base64sha256": "g0hOcbwKNKe5+eV8eFvchJuITmFQfFlEk5RcpsSI3Vk=",
            "content_base64sha512": "yAtM8kSJC+obgCCw1tTtDerGXoe+FnFCQ5zaAd9APBTCpbCbjQUES98fWZrDiAR/j0ZFAZAXAgbnxw/hX/+/Rw==",
            "content_md5": "5158fdd1f132bd555adad176c97e54b8",
            "content_sha1": "1e04c65c8601fa38e66411d2c393552d8315dc6a",
            "content_sha256": "83484e71bc0a34a7b9f9e57c785bdc849b884e61507c594493945ca6c488dd59",
            "content_sha512": "c80b4cf244890bea1b8020b0d6d4ed0deac65e87be167142439cda01df403c14c2a5b09b8d05044bdf1f599ac388047f8f46450190170206e7c70fe15fffbf47",
            "directory_permission": "0777",
            "file_permission": "0777",
            "filename": "./configs/rendered/mcphub/mcp_settings.json",
            "id": "1e04c65c8601fa38e66411d2c393552d8315dc6a",
            "sensitive_content": null,
            "source": null
          },
          "sensitive_attributes": [
            [
              {
                "type": "get_attr",
                "value": "content"
              }
            ],
            [
              {
                "type": "get_attr",
                "value": "sensitive_content"
              }
            ]
          ],
          "identity_schema_version": 0,
          "dependencies": [
            "module.onepassword_secrets.data.onepassword_item.archon",
            "module.onepassword_secrets.data.onepassword_item.cloudflare",
            "module.onepassword_secrets.data.onepassword_item.elk",
            "module.onepassword_secrets.data.onepassword_item.exa",
            "module.onepassword_secrets.data.onepassword_item.github",
            "module.onepassword_secrets.data.onepassword_item.glitchtip",
            "module.onepassword_secrets.data.onepassword_item.grafana",
            "module.onepassword_secrets.data.onepassword_item.mcphub",
            "module.onepassword_secrets.data.onepassword_item.n8n",
            "module.onepassword_secrets.data.onepassword_item.proxmox",
            "module.onepassword_secrets.data.onepassword_item.splunk",
            "module.onepassword_secrets.data.onepassword_item.supabase",
            "module.onepassword_secrets.data.onepassword_vault.this"
          ]
        },
        {
          "index_key": "mcphub_n8n_docker_compose",
          "schema_version": 0,
          "attributes": {
            "content": "services:\n  n8n:\n    container_name: n8n\n    image: n8nio/n8n:2.8.1\n    restart: unless-stopped\n    ports:\n      - \"5678:5678\"\n    environment:\n      N8N_API_KEY: 4IY4uc0ir8ZuSmDJHV2HRvnHEOLxW81swjJ6ZwMj\n      N8N_HOST: n8n.jclee.me\n      N8N_PORT: 5678\n      N8N_PROTOCOL: https\n      N8N_SECURE_COOKIE: \"false\"\n      TZ: Asia/Seoul\n      WEBHOOK_URL: https://n8n.jclee.me/\n      EXECUTIONS_DATA_SAVE_ON_ERROR: \"all\"\n      N8N_EXECUTION_TIMEOUT: \"300\"\n    deploy:\n      resources:\n        limits:\n          memory: 1G\n          cpus: '1.00'\n    logging:\n      driver: json-file\n      options:\n        max-size: \"50m\"\n        max-file: \"5\"\n    healthcheck:\n      test: [\"CMD-SHELL\", \"curl -sf http://localhost:5678/healthz || exit 1\"]\n      interval: 30s\n      timeout: 10s\n      retries: 3\n      start_period: 30s\n    volumes:\n      - n8n_data:/home/node/.n8n\n    networks:\n      - n8n_default\n\nvolumes:\n  n8n_data:\n    name: n8n_n8n_data\n    driver: local\n\nnetworks:\n  n8n_default:\n    name: n8n_default\n    driver: bridge\n",
            "content_base64": null,
            "content_base64sha256": "g9JUREaguuNH9P6ez898F8JWIvXtev9xXJ6spONK07Y=",
            "content_base64sha512": "u1oxUbdyXMrt2aTj5l+2k+O8Jo7ud24WjDbzSvMDaVcKoxetUeR5fcnWyMyP2CMmjbvrzgzCxlmUk3O2tvMaqg==",
            "content_md5": "4f1ceb09577a054c8d193d283429aa8c",
            "content_sha1": "07808b7c7bef24b615f5483889a7ff8b74632b55",
            "content_sha256": "83d2544446a0bae347f4fe9ecfcf7c17c25622f5ed7aff715c9eaca4e34ad3b6",
            "content_sha512": "bb5a3151b7725ccaedd9a4e3e65fb693e3bc268eee776e168c36f34af30369570aa317ad51e4797dc9d6c8cc8fd823268dbbebce0cc2c659949373b6b6f31aaa",
            "directory_permission": "0777",
            "file_permission": "0777",
            "filename": "./configs/rendered/mcphub/docker-compose-n8n.yml",
            "id": "07808b7c7bef24b615f5483889a7ff8b74632b55",
            "sensitive_content": null,
            "source": null
          },
          "sensitive_attributes": [
            [
              {
                "type": "get_attr",
                "value": "content"
              }
            ],
            [
              {
                "type": "get_attr",
                "value": "sensitive_content"
              }
            ]
          ],
          "identity_schema_version": 0,
          "dependencies": [
            "module.onepassword_secrets.data.onepassword_item.archon",
            "module.onepassword_secrets.data.onepassword_item.cloudflare",
            "module.onepassword_secrets.data.onepassword_item.elk",
            "module.onepassword_secrets.data.onepassword_item.exa",
            "module.onepassword_secrets.data.onepassword_item.github",
            "module.onepassword_secrets.data.onepassword_item.glitchtip",
            "module.onepassword_secrets.data.onepassword_item.grafana",
            "module.onepassword_secrets.data.onepassword_item.mcphub",
            "module.onepassword_secrets.data.onepassword_item.n8n",
            "module.onepassword_secrets.data.onepassword_item.proxmox",
            "module.onepassword_secrets.data.onepassword_item.splunk",
            "module.onepassword_secrets.data.onepassword_item.supabase",
            "module.onepassword_secrets.data.onepassword_vault.this"
          ]
        },
        {
          "index_key": "mcphub_op_connect_compose",
          "schema_version": 0,
          "attributes": {
            "content": "services:\n  op-connect-api:\n    image: 1password/connect-api:latest\n    ports:\n      - \"8090:8080\"\n    volumes:\n      - ./1password-credentials.json:/home/opuser/.op/1password-credentials.json:ro\n      - op-connect-data:/home/opuser/.op/data\n    restart: unless-stopped\n\n  op-connect-sync:\n    image: 1password/connect-sync:latest\n    volumes:\n      - ./1password-credentials.json:/home/opuser/.op/1password-credentials.json:ro\n      - op-connect-data:/home/opuser/.op/data\n    restart: unless-stopped\n\nvolumes:\n  op-connect-data:\n",
            "content_base64": null,
            "content_base64sha256": "CrioK29Nry5A0KnaSqlaMmVeB96az+omgJoolNWAQDI=",
            "content_base64sha512": "2gtMDtQ7q882PUa13NDRyhE2oYTWL2Hyx+8q039OYdG/xvnwkjJ8CVZ+6byaVL9q2hT5ni6aK6jFBdX/CoU7bQ==",
            "content_md5": "0402f7241e9f5a12368f3778237b2a51",
            "content_sha1": "e034c643d3713d9b25f2d4fdb51b254baffaffc6",
            "content_sha256": "0ab8a82b6f4daf2e40d0a9da4aa95a32655e07de9acfea26809a2894d5804032",
            "content_sha512": "da0b4c0ed43babcf363d46b5dcd0d1ca1136a184d62f61f2c7ef2ad37f4e61d1bfc6f9f092327c09567ee9bc9a54bf6ada14f99e2e9a2ba8c505d5ff0a853b6d",
            "directory_permission": "0777",
            "file_permission": "0777",
            "filename": "./configs/rendered/mcphub/docker-compose-op-connect.yml",
            "id": "e034c643d3713d9b25f2d4fdb51b254baffaffc6",
            "sensitive_content": null,
            "source": null
          },
          "sensitive_attributes": [
            [
              {
                "type": "get_attr",
                "value": "content"
              }
            ],
            [
              {
                "type": "get_attr",
                "value": "sensitive_content"
              }
            ]
          ],
          "identity_schema_version": 0,
          "dependencies": [
            "module.onepassword_secrets.data.onepassword_item.archon",
            "module.onepassword_secrets.data.onepassword_item.cloudflare",
            "module.onepassword_secrets.data.onepassword_item.elk",
            "module.onepassword_secrets.data.onepassword_item.exa",
            "module.onepassword_secrets.data.onepassword_item.github",
            "module.onepassword_secrets.data.onepassword_item.glitchtip",
            "module.onepassword_secrets.data.onepassword_item.grafana",
            "module.onepassword_secrets.data.onepassword_item.mcphub",
            "module.onepassword_secrets.data.onepassword_item.n8n",
            "module.onepassword_secrets.data.onepassword_item.proxmox",
            "module.onepassword_secrets.data.onepassword_item.splunk",
            "module.onepassword_secrets.data.onepassword_item.supabase",
            "module.onepassword_secrets.data.onepassword_vault.this"
          ]
        },
        {
          "index_key": "n8n_docker_compose",
          "schema_version": 0,
          "attributes": {
            "content": "services:\n  n8n:\n    container_name: n8n\n    build:\n      context: /opt/n8n\n      dockerfile: Dockerfile.n8n\n    restart: unless-stopped\n    env_file:\n      - ./n8n.env\n    ports:\n      - \"5678:5678\"\n    depends_on:\n      postgres:\n        condition: service_healthy\n    deploy:\n      resources:\n        limits:\n          memory: 1G\n          cpus: '1.00'\n    logging:\n      driver: json-file\n      options:\n        max-size: \"50m\"\n        max-file: \"5\"\n    healthcheck:\n      test: [\"CMD-SHELL\", \"curl -sf http://localhost:5678/healthz || exit 1\"]\n      interval: 30s\n      timeout: 10s\n      retries: 3\n      start_period: 30s\n    volumes:\n      - n8n_data:/home/node/.n8n\n    networks:\n      - n8n_default\n\n  postgres:\n    image: postgres:16-alpine\n    container_name: n8n-postgres\n    environment:\n      POSTGRES_DB: n8n\n      POSTGRES_USER: n8n\n      POSTGRES_PASSWORD: ncR9fdvI13RCnguYuxGJ7iSi\n    volumes:\n      - n8n_postgres_data:/var/lib/postgresql/data\n    healthcheck:\n      test: [\"CMD-SHELL\", \"pg_isready -U n8n -d n8n\"]\n      interval: 10s\n      timeout: 5s\n      retries: 5\n    restart: unless-stopped\n    networks:\n      - n8n_default\n\n  cadvisor:\n    image: gcr.io/cadvisor/cadvisor:v0.51.0\n    container_name: n8n-cadvisor\n    ports:\n      - \"8888:8080\"\n    volumes:\n      - /:/rootfs:ro\n      - /var/run:/var/run:ro\n      - /sys:/sys:ro\n      - /var/lib/docker/:/var/lib/docker:ro\n    restart: unless-stopped\n    networks:\n      - n8n_default\n\n  postgres-exporter:\n    image: prometheuscommunity/postgres-exporter:v0.16.0\n    container_name: n8n-postgres-exporter\n    environment:\n      DATA_SOURCE_NAME: postgresql://n8n:ncR9fdvI13RCnguYuxGJ7iSi@postgres:5432/n8n?sslmode=disable\n    ports:\n      - \"9187:9187\"\n    depends_on:\n      postgres:\n        condition: service_healthy\n    restart: unless-stopped\n    networks:\n      - n8n_default\n\nvolumes:\n  n8n_data:\n    driver: local\n  n8n_postgres_data:\n    driver: local\n\nnetworks:\n  n8n_default:\n    name: n8n_default\n    driver: bridge\n",
            "content_base64": null,
            "content_base64sha256": "dbKftsLI5eF/qG8Qjn1ssb1BTGAytJwCFMmwhsLoUhw=",
            "content_base64sha512": "p4aMyhi+yUlKbEkyUmyROh/h/qFQGjAeh7IUDWF7/nVeEg6DFduMn/5JwhiiumYfuVhcRF6IvZ2eqpnhpAAvJA==",
            "content_md5": "6db6f4826e844ef8fdd17609fec27e4f",
            "content_sha1": "499ff23af680f8f1c858c6adf82c91ef412fdc4b",
            "content_sha256": "75b29fb6c2c8e5e17fa86f108e7d6cb1bd414c6032b49c0214c9b086c2e8521c",
            "content_sha512": "a7868cca18bec9494a6c4932526c913a1fe1fea1501a301e87b2140d617bfe755e120e8315db8c9ffe49c218a2ba661fb9585c445e88bd9d9eaa99e1a4002f24",
            "directory_permission": "0777",
            "file_permission": "0777",
            "filename": "./configs/rendered/n8n/docker-compose.yml",
            "id": "499ff23af680f8f1c858c6adf82c91ef412fdc4b",
            "sensitive_content": null,
            "source": null
          },
          "sensitive_attributes": [
            [
              {
                "type": "get_attr",
                "value": "content"
              }
            ],
            [
              {
                "type": "get_attr",
                "value": "sensitive_content"
              }
            ]
          ],
          "identity_schema_version": 0,
          "dependencies": [
            "module.onepassword_secrets.data.onepassword_item.this",
            "module.onepassword_secrets.data.onepassword_vault.this"
          ]
        },
        {
          "index_key": "n8n_env",
          "schema_version": 0,
          "attributes": {
            "content": "# ── Database (PostgreSQL) ──\nDB_TYPE=postgresdb\nDB_POSTGRESDB_HOST=postgres\nDB_POSTGRESDB_PORT=5432\nDB_POSTGRESDB_DATABASE=n8n\nDB_POSTGRESDB_USER=n8n\nDB_POSTGRESDB_PASSWORD=ncR9fdvI13RCnguYuxGJ7iSi\nN8N_ENCRYPTION_KEY=aa9001f428beb62ae0a5c490e2d4b5b7c7350f8a6feb722b7818020415490ef2\n\n# ── Core ──\nN8N_HOST=n8n.jclee.me\nN8N_PORT=5678\nN8N_PROTOCOL=https\nN8N_SECURE_COOKIE=false\nTZ=Asia/Seoul\nWEBHOOK_URL=https://n8n.jclee.me/\n\n# ── API (1Password: n8n → api_key) ──\nN8N_API_ENABLED=true\nN8N_API_KEY=eyJhbGciOiJIUzI1NiIsInR5cCI6IkpXVCJ9.eyJzdWIiOiJkZDFhZDdhMS01ODA5LTRkNTYtYWU2Zi02MmRlNGRkNjc3MjMiLCJpc3MiOiJuOG4iLCJhdWQiOiJwdWJsaWMtYXBpIiwianRpIjoiODhjNDJiOWUtNThjOC00NGJmLTk2ZDQtZGJmZmZiNGRhYTg2IiwiaWF0IjoxNzcwNzEwNTYzLCJleHAiOjE3Nzg0NzIwMDB9.nSdSyLnxtIk7QaHIVGz6xZB_-ZqBFeXcCzl92KIfRu4\n\n# ── Features ──\nN8N_COMMUNITY_PACKAGES_ENABLED=true\nN8N_TEMPLATES_ENABLED=true\nN8N_VERSION_NOTIFICATIONS_ENABLED=true\nN8N_PERSONALIZATION_ENABLED=true\nN8N_HIRING_BANNER_ENABLED=false\nN8N_DIAGNOSTICS_ENABLED=false\n\n# ── Metrics (Prometheus /metrics) ──\nN8N_METRICS=true\nN8N_METRICS_INCLUDE_DEFAULT_METRICS=true\nN8N_METRICS_INCLUDE_API_ENDPOINTS=true\nN8N_METRICS_INCLUDE_API_PATH_LABEL=true\nN8N_METRICS_INCLUDE_API_METHOD_LABEL=true\nN8N_METRICS_INCLUDE_API_STATUS_CODE_LABEL=true\nN8N_METRICS_INCLUDE_CACHE_METRICS=true\nN8N_METRICS_INCLUDE_MESSAGE_EVENT_BUS_METRICS=true\nN8N_METRICS_INCLUDE_WORKFLOW_ID_LABEL=true\nN8N_METRICS_INCLUDE_NODE_TYPE_LABEL=true\nN8N_METRICS_INCLUDE_CREDENTIAL_TYPE_LABEL=true\n\n# ── Execution ──\nEXECUTIONS_DATA_SAVE_ON_ERROR=all\nEXECUTIONS_DATA_SAVE_ON_SUCCESS=all\nEXECUTIONS_DATA_SAVE_MANUAL_EXECUTIONS=true\nEXECUTIONS_DATA_PRUNE=true\nEXECUTIONS_DATA_MAX_AGE=336\nN8N_EXECUTION_TIMEOUT=300\n\n# ── Logging ──\nN8N_LOG_LEVEL=info\nN8N_LOG_OUTPUT=console\n\n# ── External integrations ──\nGITHUB_TOKEN=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\nN8N_SENTRY_DSN=\n\n# ── Payload ──\nN8N_PAYLOAD_SIZE_MAX=16\n",
            "content_base64": null,
            "content_base64sha256": "v+1lNf96zKW5rXBnnR+nZuikSkeJK5eU0OaScxp2SLQ=",
            "content_base64sha512": "sR6KOdYFrC5sBfzuuYInjEq6QUSQamRtXQkH5zlraPNubLb7s9UGesdhG1wkyCwQwHMgcPqwSit+t2IywfGoSQ==",
            "content_md5": "3186c435a4629bbb09fe780a8ebb6bc3",
            "content_sha1": "ff99be4e6a12837979be1e6b079b09191192a096",
            "content_sha256": "bfed6535ff7acca5b9ad70679d1fa766e8a44a47892b9794d0e692731a7648b4",
            "content_sha512": "b11e8a39d605ac2e6c05fceeb982278c4aba4144906a646d5d0907e7396b68f36e6cb6fbb3d5067ac7611b5c24c82c10c0732070fab04a2b7eb76232c1f1a849",
            "directory_permission": "0777",
            "file_permission": "0777",
            "filename": "./configs/rendered/n8n/n8n.env",
            "id": "ff99be4e6a12837979be1e6b079b09191192a096",
            "sensitive_content": null,
            "source": null
          },
          "sensitive_attributes": [
            [
              {
                "type": "get_attr",
                "value": "content"
              }
            ],
            [
              {
                "type": "get_attr",
                "value": "sensitive_content"
              }
            ]
          ],
          "identity_schema_version": 0,
          "dependencies": [
            "module.onepassword_secrets.data.onepassword_item.this",
            "module.onepassword_secrets.data.onepassword_vault.this"
          ]
        },
        {
          "index_key": "n8n_filebeat",
          "schema_version": 0,
          "attributes": {
            "content": "# Filebeat configuration for 110-n8n (Workflow Automation)\n# Rendered by Terraform - DO NOT EDIT MANUALLY\n\nfilebeat.autodiscover:\n  providers:\n    - type: docker\n      hints.enabled: true\n\nfilebeat.inputs:\n  # Docker container logs (n8n, n8n-postgres, n8n-cadvisor, n8n-postgres-exporter)\n  - type: filestream\n    id: docker-containers\n    paths:\n      - /var/lib/docker/containers/*/*.log\n    parsers:\n      - container: {}\n    prospector.scanner.symlinks: true\n    fields:\n      service: n8n\n      host_role: n8n\n    fields_under_root: false\n\n  # System logs\n  - type: filestream\n    id: system-logs\n    paths:\n      - /var/log/*.log\n      - /var/log/syslog\n    fields:\n      service: system\n      host_role: n8n\n    fields_under_root: false\n\nprocessors:\n  - add_host_metadata: ~\n  - add_docker_metadata:\n      host: \"unix:///var/run/docker.sock\"\n\noutput.logstash:\n  hosts: [\"192.168.50.105:5044\"]\n\nfilebeat.registry.path: /var/lib/filebeat/registry\nlogging.level: info\nlogging.to_files: true\nlogging.files:\n  path: /var/log/filebeat\n  name: filebeat\n  keepfiles: 7\n\nmax_message_bytes: 999999\n",
            "content_base64": null,
            "content_base64sha256": "WGJ+mjePvcfUQZ2aNjUyOx4lP5FUtwIEuJ3WFeHh33M=",
            "content_base64sha512": "NKOuDf0iXqCOtoy+kJDABrxXgiczTYPzw2ndr9vJilQ0+Ro8xADVEhLlCXdEcDWEU913jGRXIM7ezkBqtMOxlg==",
            "content_md5": "c46017e68c862617d179f317718f27a1",
            "content_sha1": "572ade4f7174563730f96b881528a2cf0f79e0a7",
            "content_sha256": "58627e9a378fbdc7d4419d9a3635323b1e253f9154b70204b89dd615e1e1df73",
            "content_sha512": "34a3ae0dfd225ea08eb68cbe9090c006bc578227334d83f3c369ddafdbc98a5434f91a3cc400d51212e509774470358453dd778c645720cedece406ab4c3b196",
            "directory_permission": "0777",
            "file_permission": "0777",
            "filename": "./configs/rendered/n8n/filebeat.yml",
            "id": "572ade4f7174563730f96b881528a2cf0f79e0a7",
            "sensitive_content": null,
            "source": null
          },
          "sensitive_attributes": [
            [
              {
                "type": "get_attr",
                "value": "content"
              }
            ],
            [
              {
                "type": "get_attr",
                "value": "sensitive_content"
              }
            ]
          ],
          "identity_schema_version": 0,
          "dependencies": [
            "module.onepassword_secrets.data.onepassword_item.this",
            "module.onepassword_secrets.data.onepassword_vault.this"
          ]
        },
        {
          "index_key": "prometheus",
          "schema_version": 0,
          "attributes": {
            "content": "global:\n  scrape_interval: 15s\n  evaluation_interval: 15s\n\nscrape_configs:\n  - job_name: 'prometheus'\n    static_configs:\n      - targets: ['localhost:9090']\n\n  - job_name: 'node'\n    static_configs:\n      - targets: ['192.168.50.104:9100']\n\n  - job_name: 'traefik'\n    static_configs:\n      - targets: ['192.168.50.102:8080']\n\n  - job_name: 'infrastructure-nodes'\n    static_configs:\n      - targets:\n          - '192.168.50.108:9100'\n          - '192.168.50.103:9100'\n          - '192.168.50.105:9100'\n          - '192.168.50.106:9100'\n          - '192.168.50.104:9100'\n          - '192.168.50.112:9100'\n          - '192.168.50.109:9100'\n          - '192.168.50.101:9100'\n          - '192.168.50.107:9100'\n          - '192.168.50.102:9100'\n          - '192.168.50.220:9100'\n    relabel_configs:\n      - source_labels: [__address__]\n        regex: '192\\.168\\.50\\.(\\d+):.*'\n        replacement: '${1}'\n        target_label: vmid\n\n  - job_name: 'logstash'\n    metrics_path: /metrics\n    static_configs:\n      - targets: ['192.168.50.105:9198']\n        labels:\n          service: logstash\n\n  - job_name: 'blackbox-http'\n    metrics_path: /probe\n    params:\n      module: [http_2xx]\n    static_configs:\n      - targets:\n          - 'http://192.168.50.112:5678/healthz'\n          - 'http://192.168.50.106:8000/_health/'\n          - 'http://192.168.50.112:3000/'\n          - 'http://192.168.50.102:8080/api/overview'\n          - 'http://elastic:I93bmZ/uT3haNpdL9GJ+neTf@192.168.50.105:9200/_cluster/health'\n          - 'http://192.168.50.104:3000/api/health'\n          - 'http://192.168.50.107:8000/rest/v1/'\n          - 'http://192.168.50.108:3737/'\n    relabel_configs:\n      - source_labels: [__address__]\n        target_label: __param_target\n      - source_labels: [__param_target]\n        target_label: instance\n      - target_label: __address__\n        replacement: blackbox-exporter:9115\n",
            "content_base64": null,
            "content_base64sha256": "LWFXWDT1Ajuap3ccm8rS399zgMh4wEsuqMuW4RbRgs8=",
            "content_base64sha512": "cgPIqq8FYt1G35Ts0ml48NAvTcUbKNW98tyKfLUJjrrohbGZ4IpzdzMVYFafx4rT7gaiAOWFmzHxuCpMDJzcXw==",
            "content_md5": "992e5ea7f66fd8864e58df6a4ad0fb82",
            "content_sha1": "433341102193e6de3c6fbde8507ecef820c3713c",
            "content_sha256": "2d61575834f5023b9aa7771c9bcad2dfdf7380c878c04b2ea8cb96e116d182cf",
            "content_sha512": "7203c8aaaf0562dd46df94ecd26978f0d02f4dc51b28d5bdf2dc8a7cb5098ebae885b199e08a7377331560569fc78ad3ee06a200e5859b31f1b82a4c0c9cdc5f",
            "directory_permission": "0777",
            "file_permission": "0777",
            "filename": "./configs/rendered/prometheus.yml",
            "id": "433341102193e6de3c6fbde8507ecef820c3713c",
            "sensitive_content": null,
            "source": null
          },
          "sensitive_attributes": [
            [
              {
                "type": "get_attr",
                "value": "content"
              }
            ],
            [
              {
                "type": "get_attr",
                "value": "sensitive_content"
              }
            ]
          ],
          "identity_schema_version": 0,
          "dependencies": [
            "module.onepassword_secrets.data.onepassword_item.archon",
            "module.onepassword_secrets.data.onepassword_item.cloudflare",
            "module.onepassword_secrets.data.onepassword_item.elk",
            "module.onepassword_secrets.data.onepassword_item.exa",
            "module.onepassword_secrets.data.onepassword_item.github",
            "module.onepassword_secrets.data.onepassword_item.glitchtip",
            "module.onepassword_secrets.data.onepassword_item.grafana",
            "module.onepassword_secrets.data.onepassword_item.mcphub",
            "module.onepassword_secrets.data.onepassword_item.n8n",
            "module.onepassword_secrets.data.onepassword_item.proxmox",
            "module.onepassword_secrets.data.onepassword_item.splunk",
            "module.onepassword_secrets.data.onepassword_item.supabase",
            "module.onepassword_secrets.data.onepassword_vault.this"
          ]
        },
        {
          "index_key": "runner_filebeat",
          "schema_version": 0,
          "attributes": {
            "content": "# Filebeat configuration for 101-runner (GitHub Actions Self-hosted Runner)\n# Rendered by Terraform - DO NOT EDIT MANUALLY\n\nfilebeat.inputs:\n  # System logs\n  - type: filestream\n    id: system-logs\n    paths:\n      - /var/log/*.log\n      - /var/log/syslog\n    fields:\n      service: runner\n      host_role: runner\n    fields_under_root: false\n\n  # GitHub Actions Runner diagnostic logs\n  - type: filestream\n    id: runner-diag-logs\n    paths:\n      - /home/runner/runners/*/_diag/*.log\n    fields:\n      service: runner\n      host_role: runner\n    fields_under_root: false\n\n  # Auth logs\n  - type: filestream\n    id: auth-logs\n    paths:\n      - /var/log/auth.log\n    fields:\n      service: auth\n      host_role: runner\n    fields_under_root: false\n\nprocessors:\n  - add_host_metadata: ~\n\noutput.logstash:\n  hosts: [\"192.168.50.105:5044\"]\n\nfilebeat.registry.path: /var/lib/filebeat/registry\nlogging.level: info\nlogging.to_files: true\nlogging.files:\n  path: /var/log/filebeat\n  name: filebeat\n  keepfiles: 7\n\nmax_message_bytes: 999999\n",
            "content_base64": null,
            "content_base64sha256": "VZedAL9LuTXjrZ+/7c4DcZSd46FTKBe4PJDCAnBFbLI=",
            "content_base64sha512": "gf1VayOhM1W+zYjUhb8E98IkeU//16ZZ+y8nIuqg1ODDOzJnAWlZSOIc8tma/agvnfLlhbyw/hL0ocvXG1C8xg==",
            "content_md5": "9270d218b7e78016f6bbd27cb41c8490",
            "content_sha1": "fcad6855741da10cb6cc626ad75b89600da1baa4",
            "content_sha256": "55979d00bf4bb935e3ad9fbfedce0371949de3a1532817b83c90c20270456cb2",
            "content_sha512": "81fd556b23a13355becd88d485bf04f7c224794fffd7a659fb2f2722eaa0d4e0c33b326701695948e21cf2d99afda82f9df2e585bcb0fe12f4a1cbd71b50bcc6",
            "directory_permission": "0777",
            "file_permission": "0777",
            "filename": "./configs/rendered/runner/filebeat.yml",
            "id": "fcad6855741da10cb6cc626ad75b89600da1baa4",
            "sensitive_content": null,
            "source": null
          },
          "sensitive_attributes": [
            [
              {
                "type": "get_attr",
                "value": "content"
              }
            ],
            [
              {
                "type": "get_attr",
                "value": "sensitive_content"
              }
            ]
          ],
          "identity_schema_version": 0,
          "dependencies": [
            "module.onepassword_secrets.data.onepassword_item.archon",
            "module.onepassword_secrets.data.onepassword_item.cloudflare",
            "module.onepassword_secrets.data.onepassword_item.elk",
            "module.onepassword_secrets.data.onepassword_item.exa",
            "module.onepassword_secrets.data.onepassword_item.github",
            "module.onepassword_secrets.data.onepassword_item.glitchtip",
            "module.onepassword_secrets.data.onepassword_item.grafana",
            "module.onepassword_secrets.data.onepassword_item.mcphub",
            "module.onepassword_secrets.data.onepassword_item.n8n",
            "module.onepassword_secrets.data.onepassword_item.proxmox",
            "module.onepassword_secrets.data.onepassword_item.splunk",
            "module.onepassword_secrets.data.onepassword_item.supabase",
            "module.onepassword_secrets.data.onepassword_vault.this"
          ]
        },
        {
          "index_key": "supabase_docker_compose",
          "schema_version": 0,
          "attributes": {
            "content": "services:\n  studio:\n    image: supabase/studio:20250224-95cc97d\n    container_name: supabase-studio\n    restart: unless-stopped\n    env_file:\n      - .env\n    environment:\n      STUDIO_PG_META_URL: http://meta:8080\n      SUPABASE_URL: http://kong:8000\n      SUPABASE_PUBLIC_URL: http://192.168.50.107:8000\n      SUPABASE_ANON_KEY: eyJhbGciOiAiSFMyNTYiLCAidHlwIjogIkpXVCJ9.eyJyb2xlIjogImFub24iLCAiaXNzIjogInN1cGFiYXNlIiwgImlhdCI6IDE3NzE2MDA4MDAsICJleHAiOiAyMDg2OTYwODAwfQ.TiwflrKfacFVLlR2k7owaIPfJ8C75bwqRXqP0pzJY3o\n      SUPABASE_SERVICE_ROLE_KEY: eyJhbGciOiAiSFMyNTYiLCAidHlwIjogIkpXVCJ9.eyJyb2xlIjogInNlcnZpY2Vfcm9sZSIsICJpc3MiOiAic3VwYWJhc2UiLCAiaWF0IjogMTc3MTYwMDgwMCwgImV4cCI6IDIwODY5NjA4MDB9.vLTEQu-8UATji7axVljZzlmPUrbqbFmx7fjXaQc580Y\n    ports:\n      - \"3000:3000\"\n    depends_on:\n      - kong\n      - meta\n      - db\n    networks:\n      - supabase\n\n  kong:\n    image: kong:2.8.1\n    container_name: supabase-kong\n    restart: unless-stopped\n    env_file:\n      - .env\n    environment:\n      KONG_DATABASE: \"off\"\n      KONG_DECLARATIVE_CONFIG: /var/lib/kong/kong.yml\n      KONG_DNS_ORDER: LAST,A,CNAME\n      KONG_PLUGINS: request-transformer,cors,key-auth,acl,basic-auth\n      KONG_NGINX_PROXY_PROXY_BUFFER_SIZE: 160k\n      KONG_NGINX_PROXY_PROXY_BUFFERS: 64 160k\n    ports:\n      - \"8000:8000\"\n      - \"8443:8443\"\n    volumes:\n      - ./kong.yml:/var/lib/kong/kong.yml:ro\n    healthcheck:\n      test: [\"CMD\", \"kong\", \"health\"]\n      interval: 10s\n      timeout: 5s\n      retries: 5\n    depends_on:\n      - auth\n      - rest\n      - realtime\n      - storage\n    networks:\n      - supabase\n\n  auth:\n    image: supabase/gotrue:v2.158.1\n    container_name: supabase-auth\n    restart: unless-stopped\n    env_file:\n      - .env\n    environment:\n      GOTRUE_API_HOST: 0.0.0.0\n      GOTRUE_API_PORT: 9999\n      API_EXTERNAL_URL: http://192.168.50.107:8000\n      GOTRUE_SITE_URL: http://supabase.jclee.me\n      GOTRUE_URI_ALLOW_LIST: \"http://localhost:3000,http://192.168.50.107:3000\"\n      GOTRUE_JWT_SECRET: cwCVl7uY4WJUyZo/IpYauD9G8kqvbfhbolfNZVQNeME=\n      GOTRUE_JWT_AUD: authenticated\n      GOTRUE_DB_DRIVER: postgres\n      GOTRUE_DB_DATABASE_URL: postgres://supabase_admin:xaBI7AtdjCSRXO/B4JzKRzTw@db:5432/postgres\n      GOTRUE_EXTERNAL_EMAIL_ENABLED: \"true\"\n      GOTRUE_MAILER_AUTOCONFIRM: \"true\"\n      GOTRUE_DISABLE_SIGNUP: \"false\"\n    ports:\n      - \"9999:9999\"\n    depends_on:\n      - db\n    networks:\n      - supabase\n\n  rest:\n    image: postgrest/postgrest:v12.2.8\n    container_name: supabase-rest\n    restart: unless-stopped\n    env_file:\n      - .env\n    environment:\n      PGRST_DB_URI: postgres://authenticator:xaBI7AtdjCSRXO/B4JzKRzTw@db:5432/postgres\n      PGRST_DB_SCHEMAS: public,storage,graphql_public\n      PGRST_DB_ANON_ROLE: anon\n      PGRST_JWT_SECRET: cwCVl7uY4WJUyZo/IpYauD9G8kqvbfhbolfNZVQNeME=\n    ports:\n      - \"3001:3000\"\n    depends_on:\n      - db\n    networks:\n      - supabase\n\n  realtime:\n    image: supabase/realtime:v2.34.47\n    container_name: supabase-realtime\n    restart: unless-stopped\n    env_file:\n      - .env\n    environment:\n      DB_HOST: db\n      DB_PORT: 5432\n      DB_USER: supabase_admin\n      DB_PASSWORD: xaBI7AtdjCSRXO/B4JzKRzTw\n      DB_NAME: postgres\n      PORT: 4000\n      JWT_SECRET: cwCVl7uY4WJUyZo/IpYauD9G8kqvbfhbolfNZVQNeME=\n      SECRET_KEY_BASE: cwCVl7uY4WJUyZo/IpYauD9G8kqvbfhbolfNZVQNeME=\n      APP_NAME: realtime\n      SEED_SELF_HOST: \"true\"\n    ports:\n      - \"4000:4000\"\n    depends_on:\n      - db\n    networks:\n      - supabase\n\n  meta:\n    image: supabase/postgres-meta:v0.84.3\n    container_name: supabase-meta\n    restart: unless-stopped\n    env_file:\n      - .env\n    environment:\n      PG_META_PORT: 8080\n      PG_META_DB_HOST: db\n      PG_META_DB_PORT: 5432\n      PG_META_DB_NAME: postgres\n      PG_META_DB_USER: supabase_admin\n      PG_META_DB_PASSWORD: xaBI7AtdjCSRXO/B4JzKRzTw\n    ports:\n      - \"8080:8080\"\n    depends_on:\n      - db\n    networks:\n      - supabase\n\n  storage:\n    image: supabase/storage-api:v1.20.3\n    container_name: supabase-storage\n    restart: unless-stopped\n    env_file:\n      - .env\n    environment:\n      ANON_KEY: eyJhbGciOiAiSFMyNTYiLCAidHlwIjogIkpXVCJ9.eyJyb2xlIjogImFub24iLCAiaXNzIjogInN1cGFiYXNlIiwgImlhdCI6IDE3NzE2MDA4MDAsICJleHAiOiAyMDg2OTYwODAwfQ.TiwflrKfacFVLlR2k7owaIPfJ8C75bwqRXqP0pzJY3o\n      SERVICE_KEY: eyJhbGciOiAiSFMyNTYiLCAidHlwIjogIkpXVCJ9.eyJyb2xlIjogInNlcnZpY2Vfcm9sZSIsICJpc3MiOiAic3VwYWJhc2UiLCAiaWF0IjogMTc3MTYwMDgwMCwgImV4cCI6IDIwODY5NjA4MDB9.vLTEQu-8UATji7axVljZzlmPUrbqbFmx7fjXaQc580Y\n      POSTGREST_URL: http://rest:3000\n      PGRST_JWT_SECRET: cwCVl7uY4WJUyZo/IpYauD9G8kqvbfhbolfNZVQNeME=\n      DATABASE_URL: postgres://supabase_storage_admin:xaBI7AtdjCSRXO/B4JzKRzTw@db:5432/postgres\n      FILE_SIZE_LIMIT: 52428800\n      STORAGE_BACKEND: file\n      FILE_STORAGE_BACKEND_PATH: /var/lib/storage\n      REGION: local\n      GLOBAL_S3_BUCKET: supabase-storage\n    ports:\n      - \"5000:5000\"\n    depends_on:\n      - db\n      - rest\n    volumes:\n      - supabase_storage_data:/var/lib/storage\n    networks:\n      - supabase\n\n  db:\n    image: supabase/postgres:15.8.1.049\n    container_name: supabase-db\n    restart: unless-stopped\n    env_file:\n      - .env\n    environment:\n      POSTGRES_PASSWORD: xaBI7AtdjCSRXO/B4JzKRzTw\n      POSTGRES_DB: postgres\n      POSTGRES_USER: supabase_admin\n      JWT_SECRET: cwCVl7uY4WJUyZo/IpYauD9G8kqvbfhbolfNZVQNeME=\n      JWT_EXP: 3600\n    ports:\n      - \"5432:5432\"\n    volumes:\n      - supabase_db_data:/var/lib/postgresql/data\n    healthcheck:\n      test: [\"CMD-SHELL\", \"pg_isready -U supabase_admin -d postgres\"]\n      interval: 10s\n      timeout: 5s\n      retries: 10\n    networks:\n      - supabase\n\nnetworks:\n  supabase:\n    driver: bridge\n\nvolumes:\n  supabase_db_data:\n  supabase_storage_data:\n",
            "content_base64": null,
            "content_base64sha256": "Y7BIdPt8WPNm7ZqGfxMqVxGfqDXlgxOBg/tkceOItLE=",
            "content_base64sha512": "tgXLSZdsoSVBAPbp+bP0hSgWi1ZHRVKha+Aln/pVx7R6CDUt6kp9qrkBe777nOpsR7FI3b31/dGKs6MwUNEPhQ==",
            "content_md5": "a5cf9456e29afa5bf58cb42e4df5a18f",
            "content_sha1": "27ca6594087b40ce66419b1e45fac36825028c6a",
            "content_sha256": "63b04874fb7c58f366ed9a867f132a57119fa835e583138183fb6471e388b4b1",
            "content_sha512": "b605cb49976ca1254100f6e9f9b3f48528168b56474552a16be0259ffa55c7b47a08352dea4a7daab9017bbefb9cea6c47b148ddbdf5fdd18ab3a33050d10f85",
            "directory_permission": "0777",
            "file_permission": "0777",
            "filename": "./configs/rendered/supabase/docker-compose.yml",
            "id": "27ca6594087b40ce66419b1e45fac36825028c6a",
            "sensitive_content": null,
            "source": null
          },
          "sensitive_attributes": [
            [
              {
                "type": "get_attr",
                "value": "content"
              }
            ],
            [
              {
                "type": "get_attr",
                "value": "sensitive_content"
              }
            ]
          ],
          "identity_schema_version": 0,
          "dependencies": [
            "module.onepassword_secrets.data.onepassword_item.archon",
            "module.onepassword_secrets.data.onepassword_item.cloudflare",
            "module.onepassword_secrets.data.onepassword_item.elk",
            "module.onepassword_secrets.data.onepassword_item.exa",
            "module.onepassword_secrets.data.onepassword_item.github",
            "module.onepassword_secrets.data.onepassword_item.glitchtip",
            "module.onepassword_secrets.data.onepassword_item.grafana",
            "module.onepassword_secrets.data.onepassword_item.mcphub",
            "module.onepassword_secrets.data.onepassword_item.n8n",
            "module.onepassword_secrets.data.onepassword_item.proxmox",
            "module.onepassword_secrets.data.onepassword_item.splunk",
            "module.onepassword_secrets.data.onepassword_item.supabase",
            "module.onepassword_secrets.data.onepassword_vault.this"
          ]
        },
        {
          "index_key": "supabase_env",
          "schema_version": 0,
          "attributes": {
            "content": "POSTGRES_PASSWORD=xaBI7AtdjCSRXO/B4JzKRzTw\nJWT_SECRET=cwCVl7uY4WJUyZo/IpYauD9G8kqvbfhbolfNZVQNeME=\nANON_KEY=eyJhbGciOiAiSFMyNTYiLCAidHlwIjogIkpXVCJ9.eyJyb2xlIjogImFub24iLCAiaXNzIjogInN1cGFiYXNlIiwgImlhdCI6IDE3NzE2MDA4MDAsICJleHAiOiAyMDg2OTYwODAwfQ.TiwflrKfacFVLlR2k7owaIPfJ8C75bwqRXqP0pzJY3o\nSERVICE_ROLE_KEY=eyJhbGciOiAiSFMyNTYiLCAidHlwIjogIkpXVCJ9.eyJyb2xlIjogInNlcnZpY2Vfcm9sZSIsICJpc3MiOiAic3VwYWJhc2UiLCAiaWF0IjogMTc3MTYwMDgwMCwgImV4cCI6IDIwODY5NjA4MDB9.vLTEQu-8UATji7axVljZzlmPUrbqbFmx7fjXaQc580Y\n\nSITE_URL=http://supabase.jclee.me\nAPI_EXTERNAL_URL=http://supabase.jclee.me\n\nSTUDIO_DEFAULT_ORGANIZATION=jclee-homelab\nSTUDIO_DEFAULT_PROJECT=homelab\nDASHBOARD_USERNAME=placeholder\nDASHBOARD_PASSWORD=NUIU83I8A28gPocspX3F0C2Y\n\nPOSTGRES_HOST=db\nPOSTGRES_DB=postgres\nPOSTGRES_PORT=5432\nPOSTGRES_USER=supabase_admin\n\nPGRST_DB_URI=postgres://authenticator:xaBI7AtdjCSRXO/B4JzKRzTw@db:5432/postgres\nPGRST_DB_SCHEMAS=public,storage,graphql_public\nPGRST_DB_ANON_ROLE=anon\nPGRST_JWT_SECRET=cwCVl7uY4WJUyZo/IpYauD9G8kqvbfhbolfNZVQNeME=\n",
            "content_base64": null,
            "content_base64sha256": "ElWx0PZRzEDQ2m8wcPw63EiL9Ko95tnV4JyFVac2LmU=",
            "content_base64sha512": "Uwj7+qxBazqLA6qiyKHSd+k2hdwkxrRwsGpvzDXCq9vdmN8hrqZ8eWaXMF90TKHM+xpGTzumMI9mR9p2Fz3WEQ==",
            "content_md5": "24fe2db78eab3f1b5b1a09d2ab5db727",
            "content_sha1": "c495eaf993eaf2e49eb33fa35f54c0ab8d577633",
            "content_sha256": "1255b1d0f651cc40d0da6f3070fc3adc488bf4aa3de6d9d5e09c8555a7362e65",
            "content_sha512": "5308fbfaac416b3a8b03aaa2c8a1d277e93685dc24c6b470b06a6fcc35c2abdbdd98df21aea67c796697305f744ca1ccfb1a464f3ba6308f6647da76173dd611",
            "directory_permission": "0777",
            "file_permission": "0777",
            "filename": "./configs/rendered/supabase/.env",
            "id": "c495eaf993eaf2e49eb33fa35f54c0ab8d577633",
            "sensitive_content": null,
            "source": null
          },
          "sensitive_attributes": [
            [
              {
                "type": "get_attr",
                "value": "content"
              }
            ],
            [
              {
                "type": "get_attr",
                "value": "sensitive_content"
              }
            ]
          ],
          "identity_schema_version": 0,
          "dependencies": [
            "module.onepassword_secrets.data.onepassword_item.archon",
            "module.onepassword_secrets.data.onepassword_item.cloudflare",
            "module.onepassword_secrets.data.onepassword_item.elk",
            "module.onepassword_secrets.data.onepassword_item.exa",
            "module.onepassword_secrets.data.onepassword_item.github",
            "module.onepassword_secrets.data.onepassword_item.glitchtip",
            "module.onepassword_secrets.data.onepassword_item.grafana",
            "module.onepassword_secrets.data.onepassword_item.mcphub",
            "module.onepassword_secrets.data.onepassword_item.n8n",
            "module.onepassword_secrets.data.onepassword_item.proxmox",
            "module.onepassword_secrets.data.onepassword_item.splunk",
            "module.onepassword_secrets.data.onepassword_item.supabase",
            "module.onepassword_secrets.data.onepassword_vault.this"
          ]
        },
        {
          "index_key": "supabase_filebeat",
          "schema_version": 0,
          "attributes": {
            "content": "# Filebeat configuration for 107-supabase (Supabase BaaS)\n# Rendered by Terraform - DO NOT EDIT MANUALLY\n\nfilebeat.autodiscover:\n  providers:\n    - type: docker\n      hints.enabled: true\n      # Hint annotations for supabase containers — auto-tag each component\n      templates:\n        - condition:\n            or:\n              - contains:\n                  docker.container.name: supabase-kong\n              - contains:\n                  docker.container.name: supabase-auth\n              - contains:\n                  docker.container.name: supabase-rest\n              - contains:\n                  docker.container.name: supabase-realtime\n              - contains:\n                  docker.container.name: supabase-storage\n              - contains:\n                  docker.container.name: supabase-db\n              - contains:\n                  docker.container.name: supabase-studio\n              - contains:\n                  docker.container.name: supabase-meta\n              - contains:\n                  docker.container.name: supabase-edge-functions\n              - contains:\n                  docker.container.name: supabase-analytics\n          config:\n            - type: container\n              paths:\n                - /var/lib/docker/containers/${data.docker.container.id}/*.log\n              fields:\n                service: supabase\n                supabase_component: \"${data.docker.container.name}\"\n                host_role: supabase\n              fields_under_root: false\n\nfilebeat.inputs:\n  # Docker container logs (catch-all for all containers)\n  - type: filestream\n    id: docker-containers\n    paths:\n      - /var/lib/docker/containers/*/*.log\n    parsers:\n      - container: {}\n    prospector.scanner.symlinks: true\n    fields:\n      service: supabase\n      host_role: supabase\n    fields_under_root: false\n\n  # System logs\n  - type: filestream\n    id: system-logs\n    paths:\n      - /var/log/*.log\n      - /var/log/syslog\n    fields:\n      service: system\n      host_role: supabase\n    fields_under_root: false\n\nprocessors:\n  - add_host_metadata: ~\n  - add_docker_metadata:\n      host: \"unix:///var/run/docker.sock\"\n\noutput.logstash:\n  hosts: [\"192.168.50.105:5044\"]\n\nfilebeat.registry.path: /var/lib/filebeat/registry\nlogging.level: info\nlogging.to_files: true\nlogging.files:\n  path: /var/log/filebeat\n  name: filebeat\n  keepfiles: 7\n\nmax_message_bytes: 999999\n",
            "content_base64": null,
            "content_base64sha256": "QRhCSkdd0OUEdlAlSl8Rw9KHRuxdzSX28Bte78vcTnY=",
            "content_base64sha512": "rjiWDzoPa4NOuWXtjQ6iSUUlfM0A9WtO7D3QQfowox/AywpqrsRkpuFLIehzgNCONnLoAUfLEesDgWkmH6/IVw==",
            "content_md5": "f7c7107b3beda4b98954e47e908e53fd",
            "content_sha1": "af8b34977963932c02469ce00f86ad884939f082",
            "content_sha256": "4118424a475dd0e5047650254a5f11c3d28746ec5dcd25f6f01b5eefcbdc4e76",
            "content_sha512": "ae38960f3a0f6b834eb965ed8d0ea24945257ccd00f56b4eec3dd041fa30a31fc0cb0a6aaec464a6e14b21e87380d08e3672e80147cb11eb038169261fafc857",
            "directory_permission": "0777",
            "file_permission": "0777",
            "filename": "./configs/rendered/supabase/filebeat.yml",
            "id": "af8b34977963932c02469ce00f86ad884939f082",
            "sensitive_content": null,
            "source": null
          },
          "sensitive_attributes": [
            [
              {
                "type": "get_attr",
                "value": "content"
              }
            ],
            [
              {
                "type": "get_attr",
                "value": "sensitive_content"
              }
            ]
          ],
          "identity_schema_version": 0,
          "dependencies": [
            "module.onepassword_secrets.data.onepassword_item.archon",
            "module.onepassword_secrets.data.onepassword_item.cloudflare",
            "module.onepassword_secrets.data.onepassword_item.elk",
            "module.onepassword_secrets.data.onepassword_item.exa",
            "module.onepassword_secrets.data.onepassword_item.github",
            "module.onepassword_secrets.data.onepassword_item.glitchtip",
            "module.onepassword_secrets.data.onepassword_item.grafana",
            "module.onepassword_secrets.data.onepassword_item.mcphub",
            "module.onepassword_secrets.data.onepassword_item.n8n",
            "module.onepassword_secrets.data.onepassword_item.proxmox",
            "module.onepassword_secrets.data.onepassword_item.splunk",
            "module.onepassword_secrets.data.onepassword_item.supabase",
            "module.onepassword_secrets.data.onepassword_vault.this"
          ]
        },
        {
          "index_key": "traefik_archon",
          "schema_version": 0,
          "attributes": {
            "content": "http:\n  routers:\n    archon:\n      rule: Host(`archon.jclee.me`)\n      entryPoints:\n        - websecure\n      service: archon\n      tls:\n        certResolver: cf\n      priority: 10\n\n  services:\n    archon:\n      loadBalancer:\n        servers:\n          - url: http://192.168.50.108:3737\n",
            "content_base64": null,
            "content_base64sha256": "R1oaY29931/HWMkKuMtri/oqMJ6YQs4NFyIdqvBLm2s=",
            "content_base64sha512": "g+l58mX+Tx7auRGEPIQar5mcRAE8c5QS7pTKDKvCDMsn7c4LHZ2Pq54I9j94achJ2eMck6VzqLnAoRXm9uZyBg==",
            "content_md5": "af74b8db0e0941e7179e5ac05532d6c0",
            "content_sha1": "1cd3e22ecb84fb567745b2351f85ec730e120b49",
            "content_sha256": "475a1a636f7ddf5fc758c90ab8cb6b8bfa2a309e9842ce0d17221daaf04b9b6b",
            "content_sha512": "83e979f265fe4f1edab911843c841aaf999c44013c739412ee94ca0cabc20ccb27edce0b1d9d8fab9e08f63f7869c849d9e31c93a573a8b9c0a115e6f6e67206",
            "directory_permission": "0777",
            "file_permission": "0777",
            "filename": "./configs/rendered/traefik/archon.yml",
            "id": "1cd3e22ecb84fb567745b2351f85ec730e120b49",
            "sensitive_content": null,
            "source": null
          },
          "sensitive_attributes": [
            [
              {
                "type": "get_attr",
                "value": "content"
              }
            ],
            [
              {
                "type": "get_attr",
                "value": "sensitive_content"
              }
            ]
          ],
          "identity_schema_version": 0,
          "dependencies": [
            "module.onepassword_secrets.data.onepassword_item.archon",
            "module.onepassword_secrets.data.onepassword_item.cloudflare",
            "module.onepassword_secrets.data.onepassword_item.elk",
            "module.onepassword_secrets.data.onepassword_item.exa",
            "module.onepassword_secrets.data.onepassword_item.github",
            "module.onepassword_secrets.data.onepassword_item.glitchtip",
            "module.onepassword_secrets.data.onepassword_item.grafana",
            "module.onepassword_secrets.data.onepassword_item.mcphub",
            "module.onepassword_secrets.data.onepassword_item.n8n",
            "module.onepassword_secrets.data.onepassword_item.proxmox",
            "module.onepassword_secrets.data.onepassword_item.splunk",
            "module.onepassword_secrets.data.onepassword_item.supabase",
            "module.onepassword_secrets.data.onepassword_vault.this"
          ]
        },
        {
          "index_key": "traefik_cloudflared",
          "schema_version": 0,
          "attributes": {
            "content": "# ============================================\n# Cloudflare Tunnel - Homelab Connector\n# ============================================\n# Managed by Terraform (100-pve workspace).\n# Do NOT edit manually.\n#\n# Token source: 300-cloudflare workspace\n#   terraform output -raw homelab_tunnel_token\n# ============================================\n\nservices:\n  cloudflared:\n    image: cloudflare/cloudflared:latest\n    container_name: cloudflared-homelab\n    restart: unless-stopped\n    command: tunnel --no-autoupdate run --token \n    network_mode: host\n    healthcheck:\n      test: [\"CMD\", \"cloudflared\", \"tunnel\", \"info\"]\n      interval: 30s\n      timeout: 10s\n      retries: 3\n      start_period: 10s\n    logging:\n      driver: json-file\n      options:\n        max-size: \"10m\"\n        max-file: \"3\"\n",
            "content_base64": null,
            "content_base64sha256": "5hufspxe/S0zkJARI1hqXX60L+Pa027bCxCmAgChk3Q=",
            "content_base64sha512": "fPrew3ei+n1OViOJIVgpL331Ep4zzHfoayQxBRonoB4zNVy5eO6YPDSYBNSnoWqsaxm6fggU3XevpLxr+vSYjQ==",
            "content_md5": "af95f95f29163c0e359db4fc15f6d145",
            "content_sha1": "6bec626b62957982176f33debdb4cf6cefd04488",
            "content_sha256": "e61b9fb29c5efd2d3390901123586a5d7eb42fe3dad36edb0b10a60200a19374",
            "content_sha512": "7cfadec377a2fa7d4e5623892158292f7df5129e33cc77e86b2431051a27a01e33355cb978ee983c349804d4a7a16aac6b19ba7e0814dd77afa4bc6bfaf4988d",
            "directory_permission": "0777",
            "file_permission": "0777",
            "filename": "./configs/rendered/traefik/cloudflared-docker-compose.yml",
            "id": "6bec626b62957982176f33debdb4cf6cefd04488",
            "sensitive_content": null,
            "source": null
          },
          "sensitive_attributes": [
            [
              {
                "type": "get_attr",
                "value": "content"
              }
            ],
            [
              {
                "type": "get_attr",
                "value": "sensitive_content"
              }
            ]
          ],
          "identity_schema_version": 0,
          "dependencies": [
            "module.onepassword_secrets.data.onepassword_item.archon",
            "module.onepassword_secrets.data.onepassword_item.cloudflare",
            "module.onepassword_secrets.data.onepassword_item.elk",
            "module.onepassword_secrets.data.onepassword_item.exa",
            "module.onepassword_secrets.data.onepassword_item.github",
            "module.onepassword_secrets.data.onepassword_item.glitchtip",
            "module.onepassword_secrets.data.onepassword_item.grafana",
            "module.onepassword_secrets.data.onepassword_item.mcphub",
            "module.onepassword_secrets.data.onepassword_item.n8n",
            "module.onepassword_secrets.data.onepassword_item.proxmox",
            "module.onepassword_secrets.data.onepassword_item.splunk",
            "module.onepassword_secrets.data.onepassword_item.supabase",
            "module.onepassword_secrets.data.onepassword_vault.this"
          ]
        },
        {
          "index_key": "traefik_elk",
          "schema_version": 0,
          "attributes": {
            "content": "http:\n  routers:\n    kibana:\n      rule: Host(`elk.jclee.me`) || Host(`kibana.jclee.me`)\n      entryPoints:\n        - websecure\n      service: kibana\n      tls:\n        certResolver: cf\n      priority: 10\n\n    elasticsearch:\n      rule: Host(`es.jclee.me`)\n      entryPoints:\n        - websecure\n      service: elasticsearch\n      middlewares:\n        - elk-ipallowlist\n      tls:\n        certResolver: cf\n      priority: 10\n\n  middlewares:\n    elk-ipallowlist:\n      ipAllowList:\n        sourceRange:\n          - \"192.168.50.0/24\"\n          - \"127.0.0.1/32\"\n\n  services:\n    kibana:\n      loadBalancer:\n        servers:\n          - url: http://192.168.50.105:5601\n\n    elasticsearch:\n      loadBalancer:\n        servers:\n          - url: http://192.168.50.105:9200\n",
            "content_base64": null,
            "content_base64sha256": "GBDei7RjOsye0JwHPrRocmwN2XkTZY++X+BOtoUOlNE=",
            "content_base64sha512": "uvGAOJ359xicOe4MDpJNezVl7CUdXrnZ+FLth2A99IHQWFECZ39s52ZTpNX/QikIgMQxHQX6BIZSOjIJ6LduQw==",
            "content_md5": "4399cfd52450e5ab850cb1f9529076c4",
            "content_sha1": "885235180d9b69f445916f001ee5a8b5b5dfe431",
            "content_sha256": "1810de8bb4633acc9ed09c073eb468726c0dd97913658fbe5fe04eb6850e94d1",
            "content_sha512": "baf180389df9f7189c39ee0c0e924d7b3565ec251d5eb9d9f852ed87603df481d0585102677f6ce76653a4d5ff42290880c4311d05fa0486523a3209e8b76e43",
            "directory_permission": "0777",
            "file_permission": "0777",
            "filename": "./configs/rendered/traefik-elk.yml",
            "id": "885235180d9b69f445916f001ee5a8b5b5dfe431",
            "sensitive_content": null,
            "source": null
          },
          "sensitive_attributes": [
            [
              {
                "type": "get_attr",
                "value": "content"
              }
            ],
            [
              {
                "type": "get_attr",
                "value": "sensitive_content"
              }
            ]
          ],
          "identity_schema_version": 0,
          "dependencies": [
            "module.onepassword_secrets.data.onepassword_item.archon",
            "module.onepassword_secrets.data.onepassword_item.cloudflare",
            "module.onepassword_secrets.data.onepassword_item.elk",
            "module.onepassword_secrets.data.onepassword_item.exa",
            "module.onepassword_secrets.data.onepassword_item.github",
            "module.onepassword_secrets.data.onepassword_item.glitchtip",
            "module.onepassword_secrets.data.onepassword_item.grafana",
            "module.onepassword_secrets.data.onepassword_item.mcphub",
            "module.onepassword_secrets.data.onepassword_item.n8n",
            "module.onepassword_secrets.data.onepassword_item.proxmox",
            "module.onepassword_secrets.data.onepassword_item.splunk",
            "module.onepassword_secrets.data.onepassword_item.supabase",
            "module.onepassword_secrets.data.onepassword_vault.this"
          ]
        },
        {
          "index_key": "traefik_filebeat",
          "schema_version": 0,
          "attributes": {
            "content": "# Filebeat configuration for 102-traefik (Reverse Proxy)\n# Rendered by Terraform - DO NOT EDIT MANUALLY\n\nfilebeat.autodiscover:\n  providers:\n    - type: docker\n      hints.enabled: true\n\nfilebeat.inputs:\n  # Docker container logs\n  - type: filestream\n    id: docker-containers\n    paths:\n      - /var/lib/docker/containers/*/*.log\n    parsers:\n      - container: {}\n    prospector.scanner.symlinks: true\n    fields:\n      service: traefik\n      host_role: traefik\n    fields_under_root: false\n\n  # System logs\n  - type: filestream\n    id: system-logs\n    paths:\n      - /var/log/*.log\n      - /var/log/syslog\n    exclude_files:\n      - 'traefik.*\\.log'\n    fields:\n      service: system\n      host_role: traefik\n    fields_under_root: false\n\n  # Traefik access logs\n  - type: filestream\n    id: traefik-access-logs\n    paths:\n      - /var/log/traefik-access.log\n    fields:\n      service: traefik-access\n      host_role: traefik\n    fields_under_root: false\n\nprocessors:\n  - add_host_metadata: ~\n  - add_docker_metadata:\n      host: \"unix:///var/run/docker.sock\"\n\noutput.logstash:\n  hosts: [\"192.168.50.105:5044\"]\n\nfilebeat.registry.path: /var/lib/filebeat/registry\nlogging.level: info\nlogging.to_files: true\nlogging.files:\n  path: /var/log/filebeat\n  name: filebeat\n  keepfiles: 7\n\nmax_message_bytes: 999999\n",
            "content_base64": null,
            "content_base64sha256": "CM0Fll6O6cQz110rMNy+bgNUNwpbe6QMI0cF05e7fFE=",
            "content_base64sha512": "iUHIUbGd8U+XgKkpStaLYOBlmLOO3MBbAdtaRKI41gJYnJZWKf6+sNG5CkXeVyD32n1ylJvznZV4k+dAFO0N5A==",
            "content_md5": "d44edeb7f8ebb89ae3b7ae6ac01019c3",
            "content_sha1": "b92ccf1e5952cea39a542cb8d565db4f20b675bb",
            "content_sha256": "08cd05965e8ee9c433d75d2b30dcbe6e0354370a5b7ba40c234705d397bb7c51",
            "content_sha512": "8941c851b19df14f9780a9294ad68b60e06598b38edcc05b01db5a44a238d602589c965629febeb0d1b90a45de5720f7da7d72949bf39d957893e74014ed0de4",
            "directory_permission": "0777",
            "file_permission": "0777",
            "filename": "./configs/rendered/traefik/filebeat.yml",
            "id": "b92ccf1e5952cea39a542cb8d565db4f20b675bb",
            "sensitive_content": null,
            "source": null
          },
          "sensitive_attributes": [
            [
              {
                "type": "get_attr",
                "value": "content"
              }
            ],
            [
              {
                "type": "get_attr",
                "value": "sensitive_content"
              }
            ]
          ],
          "identity_schema_version": 0,
          "dependencies": [
            "module.onepassword_secrets.data.onepassword_item.archon",
            "module.onepassword_secrets.data.onepassword_item.cloudflare",
            "module.onepassword_secrets.data.onepassword_item.elk",
            "module.onepassword_secrets.data.onepassword_item.exa",
            "module.onepassword_secrets.data.onepassword_item.github",
            "module.onepassword_secrets.data.onepassword_item.glitchtip",
            "module.onepassword_secrets.data.onepassword_item.grafana",
            "module.onepassword_secrets.data.onepassword_item.mcphub",
            "module.onepassword_secrets.data.onepassword_item.n8n",
            "module.onepassword_secrets.data.onepassword_item.proxmox",
            "module.onepassword_secrets.data.onepassword_item.splunk",
            "module.onepassword_secrets.data.onepassword_item.supabase",
            "module.onepassword_secrets.data.onepassword_vault.this"
          ]
        },
        {
          "index_key": "traefik_grafana",
          "schema_version": 0,
          "attributes": {
            "content": "http:\n  routers:\n    grafana:\n      rule: Host(`grafana.jclee.me`)\n      entryPoints:\n        - websecure\n      service: grafana\n      tls:\n        certResolver: cf\n      priority: 10\n\n  services:\n    grafana:\n      loadBalancer:\n        servers:\n          - url: http://192.168.50.104:3000\n",
            "content_base64": null,
            "content_base64sha256": "3EojgeUns86UETQ2uo4BPGducgrvFDBxQpTSTeCctYA=",
            "content_base64sha512": "Oun4VKlIuS104P11lBQD3shXwzZ+DTBMkPYGLPrNwEPCQjkUq2XfCEdkJ7wZeSprLhaqYgVLmU3O4AIEF45xww==",
            "content_md5": "2ce0b46da8d28389994cc06e4d546094",
            "content_sha1": "a4c746deace4c03bbb1e749331f95d8e2c0fbb1b",
            "content_sha256": "dc4a2381e527b3ce94113436ba8e013c676e720aef1430714294d24de09cb580",
            "content_sha512": "3ae9f854a948b92d74e0fd75941403dec857c3367e0d304c90f6062cfacdc043c2423914ab65df08476427bc19792a6b2e16aa62054b994dcee00204178e71c3",
            "directory_permission": "0777",
            "file_permission": "0777",
            "filename": "./configs/rendered/traefik/grafana.yml",
            "id": "a4c746deace4c03bbb1e749331f95d8e2c0fbb1b",
            "sensitive_content": null,
            "source": null
          },
          "sensitive_attributes": [
            [
              {
                "type": "get_attr",
                "value": "content"
              }
            ],
            [
              {
                "type": "get_attr",
                "value": "sensitive_content"
              }
            ]
          ],
          "identity_schema_version": 0,
          "dependencies": [
            "module.onepassword_secrets.data.onepassword_item.archon",
            "module.onepassword_secrets.data.onepassword_item.cloudflare",
            "module.onepassword_secrets.data.onepassword_item.elk",
            "module.onepassword_secrets.data.onepassword_item.exa",
            "module.onepassword_secrets.data.onepassword_item.github",
            "module.onepassword_secrets.data.onepassword_item.glitchtip",
            "module.onepassword_secrets.data.onepassword_item.grafana",
            "module.onepassword_secrets.data.onepassword_item.mcphub",
            "module.onepassword_secrets.data.onepassword_item.n8n",
            "module.onepassword_secrets.data.onepassword_item.proxmox",
            "module.onepassword_secrets.data.onepassword_item.splunk",
            "module.onepassword_secrets.data.onepassword_item.supabase",
            "module.onepassword_secrets.data.onepassword_vault.this"
          ]
        },
        {
          "index_key": "traefik_mcphub",
          "schema_version": 0,
          "attributes": {
            "content": "http:\n  routers:\n    mcphub:\n      rule: \"Host(`mcphub.jclee.me`)\"\n      entryPoints:\n        - websecure\n      service: mcphub\n      tls:\n        certResolver: cf\n      priority: 10\n  services:\n    mcphub:\n      loadBalancer:\n        servers:\n          - url: \"http://192.168.50.112:3000\"\n",
            "content_base64": null,
            "content_base64sha256": "HG135Ahxj2FmGJLjyNvk1GOhQFgMtz2ADLGik/KznFg=",
            "content_base64sha512": "Yd6WGgjatrBWOun1jr2eGUG6FgCPzqTu9T9EI0RTOGZDnOkk3kxacd4tRosx4e51cviSR+cEG3nyXoxUbm5gAQ==",
            "content_md5": "c34e1a79d3ab9eb6b48e7ee8d3b0bd9c",
            "content_sha1": "d2ad6ff176bc89c09f1734b3d0d69295a363a0a8",
            "content_sha256": "1c6d77e408718f61661892e3c8dbe4d463a140580cb73d800cb1a293f2b39c58",
            "content_sha512": "61de961a08dab6b0563ae9f58ebd9e1941ba16008fcea4eef53f442344533866439ce924de4c5a71de2d468b31e1ee7572f89247e7041b79f25e8c546e6e6001",
            "directory_permission": "0777",
            "file_permission": "0777",
            "filename": "./configs/rendered/traefik/mcphub.yml",
            "id": "d2ad6ff176bc89c09f1734b3d0d69295a363a0a8",
            "sensitive_content": null,
            "source": null
          },
          "sensitive_attributes": [
            [
              {
                "type": "get_attr",
                "value": "content"
              }
            ],
            [
              {
                "type": "get_attr",
                "value": "sensitive_content"
              }
            ]
          ],
          "identity_schema_version": 0,
          "dependencies": [
            "module.onepassword_secrets.data.onepassword_item.archon",
            "module.onepassword_secrets.data.onepassword_item.cloudflare",
            "module.onepassword_secrets.data.onepassword_item.elk",
            "module.onepassword_secrets.data.onepassword_item.exa",
            "module.onepassword_secrets.data.onepassword_item.github",
            "module.onepassword_secrets.data.onepassword_item.glitchtip",
            "module.onepassword_secrets.data.onepassword_item.grafana",
            "module.onepassword_secrets.data.onepassword_item.mcphub",
            "module.onepassword_secrets.data.onepassword_item.n8n",
            "module.onepassword_secrets.data.onepassword_item.proxmox",
            "module.onepassword_secrets.data.onepassword_item.splunk",
            "module.onepassword_secrets.data.onepassword_item.supabase",
            "module.onepassword_secrets.data.onepassword_vault.this"
          ]
        },
        {
          "index_key": "traefik_n8n",
          "schema_version": 0,
          "attributes": {
            "content": "http:\n  routers:\n    n8n:\n      rule: Host(`n8n.jclee.me`)\n      entryPoints:\n        - websecure\n      service: n8n\n      tls:\n        certResolver: cf\n      priority: 10\n\n  services:\n    n8n:\n      loadBalancer:\n        servers:\n          - url: http://192.168.50.112:5678\n",
            "content_base64": null,
            "content_base64sha256": "1u2LJQopyZZucJnTqwZ26JmzltNAYEGa3KkKK8/+d/o=",
            "content_base64sha512": "Mhd53iXWTFw7lVZYvrMkiHJfH04MY2xEV3r5WpuXUbr17Bm0b0dxJDmhREPwU+Wg5/rfJHxD5zPlsamO158x5Q==",
            "content_md5": "f3c85fb6ae05daa999b7689f439ca1f4",
            "content_sha1": "8c361eeb3b74b9dc6e15c189077b5b012f6fd1c2",
            "content_sha256": "d6ed8b250a29c9966e7099d3ab0676e899b396d34060419adca90a2bcffe77fa",
            "content_sha512": "321779de25d64c5c3b955658beb32488725f1f4e0c636c44577af95a9b9751baf5ec19b46f47712439a14443f053e5a0e7fadf247c43e733e5b1a98ed79f31e5",
            "directory_permission": "0777",
            "file_permission": "0777",
            "filename": "./configs/rendered/traefik/n8n.yml",
            "id": "8c361eeb3b74b9dc6e15c189077b5b012f6fd1c2",
            "sensitive_content": null,
            "source": null
          },
          "sensitive_attributes": [
            [
              {
                "type": "get_attr",
                "value": "content"
              }
            ],
            [
              {
                "type": "get_attr",
                "value": "sensitive_content"
              }
            ]
          ],
          "identity_schema_version": 0,
          "dependencies": [
            "module.onepassword_secrets.data.onepassword_item.archon",
            "module.onepassword_secrets.data.onepassword_item.cloudflare",
            "module.onepassword_secrets.data.onepassword_item.elk",
            "module.onepassword_secrets.data.onepassword_item.exa",
            "module.onepassword_secrets.data.onepassword_item.github",
            "module.onepassword_secrets.data.onepassword_item.glitchtip",
            "module.onepassword_secrets.data.onepassword_item.grafana",
            "module.onepassword_secrets.data.onepassword_item.mcphub",
            "module.onepassword_secrets.data.onepassword_item.n8n",
            "module.onepassword_secrets.data.onepassword_item.proxmox",
            "module.onepassword_secrets.data.onepassword_item.splunk",
            "module.onepassword_secrets.data.onepassword_item.supabase",
            "module.onepassword_secrets.data.onepassword_vault.this"
          ]
        },
        {
          "index_key": "traefik_nas",
          "schema_version": 0,
          "attributes": {
            "content": "http:\n  routers:\n    nas:\n      rule: Host(`nas.jclee.me`)\n      entryPoints:\n        - websecure\n      service: nas\n      tls:\n        certResolver: cf\n      priority: 10\n\n  services:\n    nas:\n      loadBalancer:\n        serversTransport: nas-transport\n        servers:\n          - url: https://192.168.50.215:5001\n\n  serversTransports:\n    nas-transport:\n      insecureSkipVerify: true\n",
            "content_base64": null,
            "content_base64sha256": "smrtvlRQ1A67IN2XUJHMuhgolWh8tFssbQ28Pp8Xdsw=",
            "content_base64sha512": "5rULu0WEVADJ6/DyKmNI9QmEAKtKynnDu1RWRf8JKYrwhbqNxVZyIo5wxLvOEs8lqXFu6eqOBqVu835Rg8/+3g==",
            "content_md5": "a6461f74bb0f3926155730448f182c1c",
            "content_sha1": "a9c094fc03ffd982756cf800e707f9937a8ed8b4",
            "content_sha256": "b26aedbe5450d40ebb20dd975091ccba182895687cb45b2c6d0dbc3e9f1776cc",
            "content_sha512": "e6b50bbb45845400c9ebf0f22a6348f5098400ab4aca79c3bb545645ff09298af085ba8dc55672228e70c4bbce12cf25a9716ee9ea8e06a56ef37e5183cffede",
            "directory_permission": "0777",
            "file_permission": "0777",
            "filename": "./configs/rendered/traefik/nas.yml",
            "id": "a9c094fc03ffd982756cf800e707f9937a8ed8b4",
            "sensitive_content": null,
            "source": null
          },
          "sensitive_attributes": [
            [
              {
                "type": "get_attr",
                "value": "content"
              }
            ],
            [
              {
                "type": "get_attr",
                "value": "sensitive_content"
              }
            ]
          ],
          "identity_schema_version": 0,
          "dependencies": [
            "module.onepassword_secrets.data.onepassword_item.archon",
            "module.onepassword_secrets.data.onepassword_item.cloudflare",
            "module.onepassword_secrets.data.onepassword_item.elk",
            "module.onepassword_secrets.data.onepassword_item.exa",
            "module.onepassword_secrets.data.onepassword_item.github",
            "module.onepassword_secrets.data.onepassword_item.glitchtip",
            "module.onepassword_secrets.data.onepassword_item.grafana",
            "module.onepassword_secrets.data.onepassword_item.mcphub",
            "module.onepassword_secrets.data.onepassword_item.n8n",
            "module.onepassword_secrets.data.onepassword_item.proxmox",
            "module.onepassword_secrets.data.onepassword_item.splunk",
            "module.onepassword_secrets.data.onepassword_item.supabase",
            "module.onepassword_secrets.data.onepassword_vault.this"
          ]
        },
        {
          "index_key": "traefik_opencode",
          "schema_version": 0,
          "attributes": {
            "content": "http:\n  routers:\n    opencode:\n      rule: Host(`opencode.jclee.me`)\n      entryPoints:\n        - websecure\n      service: opencode\n      tls:\n        certResolver: cf\n      priority: 10\n\n  services:\n    opencode:\n      loadBalancer:\n        servers:\n          - url: http://192.168.50.200:8090\n",
            "content_base64": null,
            "content_base64sha256": "Y9sbqDyCFlERPGPFYIZeVZpynKJUKqC9R58rD4w633A=",
            "content_base64sha512": "BNaxa1sGOZ1Qulm11l96lXUHtFAO+SBGrsh1wDepNyQo3uja1S0UKtxQ+Se2HtCWN2wYRXsiizG6Aqkbb8vuLw==",
            "content_md5": "79365612610e3d113e71f8befefdaae9",
            "content_sha1": "2817e1a258b34c25fa07bcdedae7bc7631c8c1a8",
            "content_sha256": "63db1ba83c821651113c63c560865e559a729ca2542aa0bd479f2b0f8c3adf70",
            "content_sha512": "04d6b16b5b06399d50ba59b5d65f7a957507b4500ef92046aec875c037a9372428dee8dad52d142adc50f927b61ed096376c18457b228b31ba02a91b6fcbee2f",
            "directory_permission": "0777",
            "file_permission": "0777",
            "filename": "./configs/rendered/traefik/opencode.yml",
            "id": "2817e1a258b34c25fa07bcdedae7bc7631c8c1a8",
            "sensitive_content": null,
            "source": null
          },
          "sensitive_attributes": [
            [
              {
                "type": "get_attr",
                "value": "content"
              }
            ],
            [
              {
                "type": "get_attr",
                "value": "sensitive_content"
              }
            ]
          ],
          "identity_schema_version": 0,
          "dependencies": [
            "module.onepassword_secrets.data.onepassword_item.archon",
            "module.onepassword_secrets.data.onepassword_item.cloudflare",
            "module.onepassword_secrets.data.onepassword_item.elk",
            "module.onepassword_secrets.data.onepassword_item.exa",
            "module.onepassword_secrets.data.onepassword_item.github",
            "module.onepassword_secrets.data.onepassword_item.glitchtip",
            "module.onepassword_secrets.data.onepassword_item.grafana",
            "module.onepassword_secrets.data.onepassword_item.mcphub",
            "module.onepassword_secrets.data.onepassword_item.n8n",
            "module.onepassword_secrets.data.onepassword_item.proxmox",
            "module.onepassword_secrets.data.onepassword_item.splunk",
            "module.onepassword_secrets.data.onepassword_item.supabase",
            "module.onepassword_secrets.data.onepassword_vault.this"
          ]
        },
        {
          "index_key": "traefik_supabase",
          "schema_version": 0,
          "attributes": {
            "content": "http:\n  routers:\n    supabase:\n      rule: Host(`supabase.jclee.me`)\n      entryPoints:\n        - websecure\n      service: supabase\n      tls:\n        certResolver: cf\n      priority: 10\n\n  services:\n    supabase:\n      loadBalancer:\n        servers:\n          - url: http://192.168.50.107:8000\n",
            "content_base64": null,
            "content_base64sha256": "YicXfEtzh0f9PinkUUrdy09r5uK/XiocQmyAq0ndUuY=",
            "content_base64sha512": "ds1Ram3fL5zNhxOiylSxG1GIEsDevT6qLVAAqcsbivmzw1OnodzzTay5CCYgC/U0AEAiAgs30YNWOS9zDDl2hA==",
            "content_md5": "6a259bd4cb43ea9d43e31dd311ae9f45",
            "content_sha1": "9bef5190f6528607c121a3838d116f25a918c04f",
            "content_sha256": "6227177c4b738747fd3e29e4514addcb4f6be6e2bf5e2a1c426c80ab49dd52e6",
            "content_sha512": "76cd516a6ddf2f9ccd8713a2ca54b11b518812c0debd3eaa2d5000a9cb1b8af9b3c353a7a1dcf34dacb90826200bf534004022020b37d18356392f730c397684",
            "directory_permission": "0777",
            "file_permission": "0777",
            "filename": "./configs/rendered/traefik/supabase.yml",
            "id": "9bef5190f6528607c121a3838d116f25a918c04f",
            "sensitive_content": null,
            "source": null
          },
          "sensitive_attributes": [
            [
              {
                "type": "get_attr",
                "value": "content"
              }
            ],
            [
              {
                "type": "get_attr",
                "value": "sensitive_content"
              }
            ]
          ],
          "identity_schema_version": 0,
          "dependencies": [
            "module.onepassword_secrets.data.onepassword_item.archon",
            "module.onepassword_secrets.data.onepassword_item.cloudflare",
            "module.onepassword_secrets.data.onepassword_item.elk",
            "module.onepassword_secrets.data.onepassword_item.exa",
            "module.onepassword_secrets.data.onepassword_item.github",
            "module.onepassword_secrets.data.onepassword_item.glitchtip",
            "module.onepassword_secrets.data.onepassword_item.grafana",
            "module.onepassword_secrets.data.onepassword_item.mcphub",
            "module.onepassword_secrets.data.onepassword_item.n8n",
            "module.onepassword_secrets.data.onepassword_item.proxmox",
            "module.onepassword_secrets.data.onepassword_item.splunk",
            "module.onepassword_secrets.data.onepassword_item.supabase",
            "module.onepassword_secrets.data.onepassword_vault.this"
          ]
        },
        {
          "index_key": "traefik_synology",
          "schema_version": 0,
          "attributes": {
            "content": "http:\n  routers:\n    nas:\n      rule: \"Host(`nas.jclee.me`)\"\n      entryPoints:\n        - websecure\n      service: nas\n      tls:\n        certResolver: cf\n      priority: 10\n  services:\n    nas:\n      loadBalancer:\n        servers:\n          - url: \"http://192.168.50.215:5000\"\n",
            "content_base64": null,
            "content_base64sha256": "/u+f04Xv+UlIWAOHLvKZ0LKWfXNIhXIiLAYaOJg6MDY=",
            "content_base64sha512": "eEPudKPR5pN8UOzgFAsaV2UiLOIWNGlzSbyA0mLqduNeDRzPCA+MdvkJEZ8XwRAKufdba3QARgJhhlaEevZznQ==",
            "content_md5": "8304d0a87addedcfb5d5ed8963d893fa",
            "content_sha1": "c3cc26bee2c3b2711d8a057ad25ee5de7cac33e2",
            "content_sha256": "feef9fd385eff949485803872ef299d0b2967d73488572222c061a38983a3036",
            "content_sha512": "7843ee74a3d1e6937c50ece0140b1a5765222ce21634697349bc80d262ea76e35e0d1ccf080f8c76f909119f17c1100ab9f75b6b74004602618656847af6739d",
            "directory_permission": "0777",
            "file_permission": "0777",
            "filename": "./configs/rendered/traefik/synology.yml",
            "id": "c3cc26bee2c3b2711d8a057ad25ee5de7cac33e2",
            "sensitive_content": null,
            "source": null
          },
          "sensitive_attributes": [
            [
              {
                "type": "get_attr",
                "value": "content"
              }
            ],
            [
              {
                "type": "get_attr",
                "value": "sensitive_content"
              }
            ]
          ],
          "identity_schema_version": 0,
          "dependencies": [
            "module.onepassword_secrets.data.onepassword_item.archon",
            "module.onepassword_secrets.data.onepassword_item.cloudflare",
            "module.onepassword_secrets.data.onepassword_item.elk",
            "module.onepassword_secrets.data.onepassword_item.exa",
            "module.onepassword_secrets.data.onepassword_item.github",
            "module.onepassword_secrets.data.onepassword_item.glitchtip",
            "module.onepassword_secrets.data.onepassword_item.grafana",
            "module.onepassword_secrets.data.onepassword_item.mcphub",
            "module.onepassword_secrets.data.onepassword_item.n8n",
            "module.onepassword_secrets.data.onepassword_item.proxmox",
            "module.onepassword_secrets.data.onepassword_item.splunk",
            "module.onepassword_secrets.data.onepassword_item.supabase",
            "module.onepassword_secrets.data.onepassword_vault.this"
          ]
        },
        {
          "index_key": "youtube_filebeat",
          "schema_version": 0,
          "attributes": {
            "content": "# Filebeat configuration for 220-youtube (YouTube Media Server)\n# Rendered by Terraform - DO NOT EDIT MANUALLY\n\nfilebeat.autodiscover:\n  providers:\n    - type: docker\n      hints.enabled: true\n\nfilebeat.inputs:\n  # Docker container logs (media services, watchtower)\n  - type: filestream\n    id: docker-containers\n    paths:\n      - /var/lib/docker/containers/*/*.log\n    parsers:\n      - container: {}\n    prospector.scanner.symlinks: true\n    fields:\n      service: youtube\n      host_role: youtube\n    fields_under_root: false\n\n  # System logs\n  - type: filestream\n    id: system-logs\n    paths:\n      - /var/log/*.log\n      - /var/log/syslog\n    fields:\n      service: youtube\n      host_role: youtube\n    fields_under_root: false\n\nprocessors:\n  - add_host_metadata: ~\n  - add_docker_metadata:\n      host: \"unix:///var/run/docker.sock\"\n\noutput.logstash:\n  hosts: [\"192.168.50.105:5044\"]\n\nfilebeat.registry.path: /var/lib/filebeat/registry\nlogging.level: info\nlogging.to_files: true\nlogging.files:\n  path: /var/log/filebeat\n  name: filebeat\n  keepfiles: 7\n\nmax_message_bytes: 999999\n",
            "content_base64": null,
            "content_base64sha256": "euSbL4BPBEdOo+vTU1rmgTw1qLHxbob7akpYp4LFL7Y=",
            "content_base64sha512": "zVH7qIaVsETh7qN3M0kKU9EK4qXJ4G1MlcqfqUEmDTHxQd0IOq8XXjCzp29CMWaHpP/Xd9WYtlToKI+1SZmliw==",
            "content_md5": "e4f43da9ae5ce8dd69686ee4275db5d0",
            "content_sha1": "90face68ad62fac5d3b46bbebc1f5e5dce48ad98",
            "content_sha256": "7ae49b2f804f04474ea3ebd3535ae6813c35a8b1f16e86fb6a4a58a782c52fb6",
            "content_sha512": "cd51fba88695b044e1eea37733490a53d10ae2a5c9e06d4c95ca9fa941260d31f141dd083aaf175e30b3a76f42316687a4ffd777d598b654e8288fb54999a58b",
            "directory_permission": "0777",
            "file_permission": "0777",
            "filename": "./configs/rendered/youtube/filebeat.yml",
            "id": "90face68ad62fac5d3b46bbebc1f5e5dce48ad98",
            "sensitive_content": null,
            "source": null
          },
          "sensitive_attributes": [
            [
              {
                "type": "get_attr",
                "value": "content"
              }
            ],
            [
              {
                "type": "get_attr",
                "value": "sensitive_content"
              }
            ]
          ],
          "identity_schema_version": 0,
          "dependencies": [
            "module.onepassword_secrets.data.onepassword_item.archon",
            "module.onepassword_secrets.data.onepassword_item.cloudflare",
            "module.onepassword_secrets.data.onepassword_item.elk",
            "module.onepassword_secrets.data.onepassword_item.exa",
            "module.onepassword_secrets.data.onepassword_item.github",
            "module.onepassword_secrets.data.onepassword_item.glitchtip",
            "module.onepassword_secrets.data.onepassword_item.grafana",
            "module.onepassword_secrets.data.onepassword_item.mcphub",
            "module.onepassword_secrets.data.onepassword_item.n8n",
            "module.onepassword_secrets.data.onepassword_item.proxmox",
            "module.onepassword_secrets.data.onepassword_item.splunk",
            "module.onepassword_secrets.data.onepassword_item.supabase",
            "module.onepassword_secrets.data.onepassword_vault.this"
          ]
        }
      ]
    },
    {
      "module": "module.lxc[\"archon\"]",
      "mode": "data",
      "type": "proxmox_virtual_environment_nodes",
      "name": "nodes",
      "provider": "provider[\"registry.terraform.io/bpg/proxmox\"]",
      "instances": [
        {
          "schema_version": 0,
          "attributes": {
            "cpu_count": [
              8
            ],
            "cpu_utilization": [
              0.25
            ],
            "id": "nodes",
            "memory_available": [
              64902365184
            ],
            "memory_used": [
              57967996928
            ],
            "names": [
              "pve3"
            ],
            "online": [
              true
            ],
            "ssl_fingerprints": [
              "FF:6B:DE:4A:4B:31:F0:E7:F5:CA:C6:7D:3D:7B:0B:D5:56:24:16:75:B0:D8:44:9D:46:E5:2C:7A:06:47:C9:DC"
            ],
            "support_levels": [
              ""
            ],
            "uptime": [
              146207
            ]
          },
          "sensitive_attributes": [],
          "identity_schema_version": 0
        }
      ]
    },
    {
      "module": "module.lxc[\"archon\"]",
      "mode": "managed",
      "type": "proxmox_virtual_environment_container",
      "name": "this",
      "provider": "provider[\"registry.terraform.io/bpg/proxmox\"]",
      "instances": [
        {
          "schema_version": 0,
          "attributes": {
            "clone": [],
            "console": [],
            "cpu": [
              {
                "architecture": "amd64",
                "cores": 4,
                "units": 1024
              }
            ],
            "description": "Archon AI Knowledge Management + MCP Server\n",
            "device_passthrough": [],
            "disk": [
              {
                "acl": false,
                "datastore_id": "dfge",
                "mount_options": [],
                "path_in_datastore": "dfge:vm-108-disk-0",
                "quota": false,
                "replicate": false,
                "size": 20
              }
            ],
            "environment_variables": {},
            "features": [
              {
                "fuse": false,
                "keyctl": false,
                "mount": [],
                "nesting": true
              }
            ],
            "hook_script_file_id": null,
            "id": "108",
            "idmap": [],
            "initialization": [
              {
                "dns": [
                  {
                    "domain": "",
                    "server": "",
                    "servers": [
                      "192.168.50.103",
                      "8.8.8.8"
                    ]
                  }
                ],
                "entrypoint": null,
                "hostname": "archon",
                "ip_config": [
                  {
                    "ipv4": [
                      {
                        "address": "192.168.50.108/24",
                        "gateway": "192.168.50.1"
                      }
                    ],
                    "ipv6": []
                  }
                ],
                "user_account": []
              }
            ],
            "ipv4": {
              "br-c82ec66bd0b7": "172.18.0.1",
              "docker0": "172.17.0.1",
              "eth0": "192.168.50.108"
            },
            "ipv6": {
              "br-c82ec66bd0b7": "fe80::d80c:46ff:feb9:eb2",
              "docker0": "fe80::9c61:18ff:fe82:fd91",
              "eth0": "fd38:e787:e82:bd3a:be24:11ff:fea7:d756",
              "veth3eb9b6a": "fe80::5cf8:3fff:fead:b9d",
              "veth70f3c73": "fe80::78e1:1fff:feba:c7d8",
              "veth829e4b8": "fe80::6c49:5bff:fef8:79a5",
              "veth9a2ba38": "fe80::3ce1:eaff:fe66:1baa"
            },
            "memory": [
              {
                "dedicated": 2048,
                "swap": 1536
              }
            ],
            "mount_point": [],
            "network_interface": [
              {
                "bridge": "vmbr0",
                "enabled": true,
                "firewall": false,
                "mac_address": "BC:24:11:A7:D7:56",
                "mtu": 0,
                "name": "eth0",
                "rate_limit": 0,
                "vlan_id": 0
              }
            ],
            "node_name": "pve3",
            "operating_system": [
              {
                "template_file_id": "local:vztmpl/debian-12-standard_12.12-1_amd64.tar.zst",
                "type": "debian"
              }
            ],
            "pool_id": null,
            "protection": false,
            "start_on_boot": true,
            "started": true,
            "startup": [],
            "tags": [],
            "template": false,
            "timeout_clone": 1800,
            "timeout_create": 1800,
            "timeout_delete": 60,
            "timeout_start": 300,
            "timeout_update": 1800,
            "unprivileged": true,
            "vm_id": 108,
            "wait_for_ip": []
          },
          "sensitive_attributes": [],
          "identity_schema_version": 0,
          "private": "bnVsbA==",
          "dependencies": [
            "module.lxc.data.proxmox_virtual_environment_nodes.nodes",
            "module.onepassword_secrets.data.onepassword_item.archon",
            "module.onepassword_secrets.data.onepassword_item.cloudflare",
            "module.onepassword_secrets.data.onepassword_item.elk",
            "module.onepassword_secrets.data.onepassword_item.exa",
            "module.onepassword_secrets.data.onepassword_item.github",
            "module.onepassword_secrets.data.onepassword_item.glitchtip",
            "module.onepassword_secrets.data.onepassword_item.grafana",
            "module.onepassword_secrets.data.onepassword_item.mcphub",
            "module.onepassword_secrets.data.onepassword_item.n8n",
            "module.onepassword_secrets.data.onepassword_item.proxmox",
            "module.onepassword_secrets.data.onepassword_item.supabase",
            "module.onepassword_secrets.data.onepassword_vault.this"
          ]
        }
      ]
    },
    {
      "module": "module.lxc[\"coredns\"]",
      "mode": "data",
      "type": "proxmox_virtual_environment_nodes",
      "name": "nodes",
      "provider": "provider[\"registry.terraform.io/bpg/proxmox\"]",
      "instances": [
        {
          "schema_version": 0,
          "attributes": {
            "cpu_count": [
              8
            ],
            "cpu_utilization": [
              0.25
            ],
            "id": "nodes",
            "memory_available": [
              64902365184
            ],
            "memory_used": [
              57967996928
            ],
            "names": [
              "pve3"
            ],
            "online": [
              true
            ],
            "ssl_fingerprints": [
              "FF:6B:DE:4A:4B:31:F0:E7:F5:CA:C6:7D:3D:7B:0B:D5:56:24:16:75:B0:D8:44:9D:46:E5:2C:7A:06:47:C9:DC"
            ],
            "support_levels": [
              ""
            ],
            "uptime": [
              146207
            ]
          },
          "sensitive_attributes": [],
          "identity_schema_version": 0
        }
      ]
    },
    {
      "module": "module.lxc[\"coredns\"]",
      "mode": "managed",
      "type": "proxmox_virtual_environment_container",
      "name": "this",
      "provider": "provider[\"registry.terraform.io/bpg/proxmox\"]",
      "instances": [
        {
          "schema_version": 0,
          "attributes": {
            "clone": [],
            "console": [],
            "cpu": [
              {
                "architecture": "amd64",
                "cores": 1,
                "units": 1024
              }
            ],
            "description": "CoreDNS Split DNS Resolver\n",
            "device_passthrough": [],
            "disk": [
              {
                "acl": false,
                "datastore_id": "dfge",
                "mount_options": [],
                "path_in_datastore": "dfge:vm-103-disk-0",
                "quota": false,
                "replicate": false,
                "size": 4
              }
            ],
            "environment_variables": {},
            "features": [
              {
                "fuse": false,
                "keyctl": false,
                "mount": [],
                "nesting": true
              }
            ],
            "hook_script_file_id": null,
            "id": "103",
            "idmap": [],
            "initialization": [
              {
                "dns": [
                  {
                    "domain": "",
                    "server": "",
                    "servers": [
                      "192.168.50.103",
                      "8.8.8.8"
                    ]
                  }
                ],
                "entrypoint": null,
                "hostname": "coredns",
                "ip_config": [
                  {
                    "ipv4": [
                      {
                        "address": "192.168.50.103/24",
                        "gateway": "192.168.50.1"
                      }
                    ],
                    "ipv6": []
                  }
                ],
                "user_account": []
              }
            ],
            "ipv4": {
              "docker0": "172.17.0.1",
              "eth0": "192.168.50.103"
            },
            "ipv6": {
              "eth0": "fd38:e787:e82:bd3a:be24:11ff:fe4f:15ea"
            },
            "memory": [
              {
                "dedicated": 256,
                "swap": 256
              }
            ],
            "mount_point": [],
            "network_interface": [
              {
                "bridge": "vmbr0",
                "enabled": true,
                "firewall": false,
                "mac_address": "BC:24:11:4F:15:EA",
                "mtu": 0,
                "name": "eth0",
                "rate_limit": 0,
                "vlan_id": 0
              }
            ],
            "node_name": "pve3",
            "operating_system": [
              {
                "template_file_id": "",
                "type": "debian"
              }
            ],
            "pool_id": null,
            "protection": false,
            "start_on_boot": true,
            "started": true,
            "startup": [],
            "tags": [],
            "template": false,
            "timeout_clone": 1800,
            "timeout_create": 1800,
            "timeout_delete": 60,
            "timeout_start": 300,
            "timeout_update": 1800,
            "unprivileged": true,
            "vm_id": 103,
            "wait_for_ip": []
          },
          "sensitive_attributes": [],
          "identity_schema_version": 0,
          "private": "bnVsbA==",
          "dependencies": [
            "module.lxc.data.proxmox_virtual_environment_nodes.nodes",
            "module.onepassword_secrets.data.onepassword_item.archon",
            "module.onepassword_secrets.data.onepassword_item.cloudflare",
            "module.onepassword_secrets.data.onepassword_item.elk",
            "module.onepassword_secrets.data.onepassword_item.exa",
            "module.onepassword_secrets.data.onepassword_item.github",
            "module.onepassword_secrets.data.onepassword_item.glitchtip",
            "module.onepassword_secrets.data.onepassword_item.grafana",
            "module.onepassword_secrets.data.onepassword_item.mcphub",
            "module.onepassword_secrets.data.onepassword_item.n8n",
            "module.onepassword_secrets.data.onepassword_item.proxmox",
            "module.onepassword_secrets.data.onepassword_item.supabase",
            "module.onepassword_secrets.data.onepassword_vault.this"
          ]
        }
      ]
    },
    {
      "module": "module.lxc[\"elk\"]",
      "mode": "data",
      "type": "proxmox_virtual_environment_nodes",
      "name": "nodes",
      "provider": "provider[\"registry.terraform.io/bpg/proxmox\"]",
      "instances": [
        {
          "schema_version": 0,
          "attributes": {
            "cpu_count": [
              8
            ],
            "cpu_utilization": [
              0.25
            ],
            "id": "nodes",
            "memory_available": [
              64902365184
            ],
            "memory_used": [
              57967996928
            ],
            "names": [
              "pve3"
            ],
            "online": [
              true
            ],
            "ssl_fingerprints": [
              "FF:6B:DE:4A:4B:31:F0:E7:F5:CA:C6:7D:3D:7B:0B:D5:56:24:16:75:B0:D8:44:9D:46:E5:2C:7A:06:47:C9:DC"
            ],
            "support_levels": [
              ""
            ],
            "uptime": [
              146207
            ]
          },
          "sensitive_attributes": [],
          "identity_schema_version": 0
        }
      ]
    },
    {
      "module": "module.lxc[\"elk\"]",
      "mode": "managed",
      "type": "proxmox_virtual_environment_container",
      "name": "this",
      "provider": "provider[\"registry.terraform.io/bpg/proxmox\"]",
      "instances": [
        {
          "schema_version": 0,
          "attributes": {
            "clone": [],
            "console": [],
            "cpu": [
              {
                "architecture": "amd64",
                "cores": 4,
                "units": 1024
              }
            ],
            "description": "ELK Stack (Elasticsearch, Logstash, Kibana)\n",
            "device_passthrough": [],
            "disk": [
              {
                "acl": false,
                "datastore_id": "dfge",
                "mount_options": [],
                "path_in_datastore": "dfge:vm-105-disk-0",
                "quota": false,
                "replicate": false,
                "size": 64
              }
            ],
            "environment_variables": {},
            "features": [
              {
                "fuse": false,
                "keyctl": false,
                "mount": [],
                "nesting": true
              }
            ],
            "hook_script_file_id": null,
            "id": "105",
            "idmap": [],
            "initialization": [
              {
                "dns": [
                  {
                    "domain": "",
                    "server": "",
                    "servers": [
                      "192.168.50.103",
                      "8.8.8.8"
                    ]
                  }
                ],
                "entrypoint": null,
                "hostname": "elk",
                "ip_config": [
                  {
                    "ipv4": [
                      {
                        "address": "192.168.50.105/24",
                        "gateway": "192.168.50.1"
                      }
                    ],
                    "ipv6": []
                  }
                ],
                "user_account": []
              }
            ],
            "ipv4": {
              "br-6675a9bbbb64": "172.18.0.1",
              "docker0": "172.17.0.1",
              "eth0": "192.168.50.105"
            },
            "ipv6": {
              "br-6675a9bbbb64": "fe80::ccb6:40ff:fe81:3dd",
              "eth0": "fd38:e787:e82:bd3a:be24:11ff:fe27:5df8",
              "veth2a9ebbb": "fe80::834:71ff:fe1e:2860",
              "veth95d0102": "fe80::406c:63ff:fe60:311d",
              "vethb664d3f": "fe80::b8a8:5cff:fea5:e20f",
              "vethc86ae7f": "fe80::7c27:fbff:fe3c:add8"
            },
            "memory": [
              {
                "dedicated": 8192,
                "swap": 4096
              }
            ],
            "mount_point": [],
            "network_interface": [
              {
                "bridge": "vmbr0",
                "enabled": true,
                "firewall": false,
                "mac_address": "BC:24:11:27:5D:F8",
                "mtu": 0,
                "name": "eth0",
                "rate_limit": 0,
                "vlan_id": 0
              }
            ],
            "node_name": "pve3",
            "operating_system": [
              {
                "template_file_id": "local:vztmpl/debian-12-standard_12.12-1_amd64.tar.zst",
                "type": "debian"
              }
            ],
            "pool_id": null,
            "protection": false,
            "start_on_boot": true,
            "started": true,
            "startup": [],
            "tags": [],
            "template": false,
            "timeout_clone": 1800,
            "timeout_create": 1800,
            "timeout_delete": 60,
            "timeout_start": 300,
            "timeout_update": 1800,
            "unprivileged": true,
            "vm_id": 105,
            "wait_for_ip": []
          },
          "sensitive_attributes": [],
          "identity_schema_version": 0,
          "private": "bnVsbA==",
          "dependencies": [
            "module.lxc.data.proxmox_virtual_environment_nodes.nodes",
            "module.onepassword_secrets.data.onepassword_item.archon",
            "module.onepassword_secrets.data.onepassword_item.cloudflare",
            "module.onepassword_secrets.data.onepassword_item.elk",
            "module.onepassword_secrets.data.onepassword_item.exa",
            "module.onepassword_secrets.data.onepassword_item.github",
            "module.onepassword_secrets.data.onepassword_item.glitchtip",
            "module.onepassword_secrets.data.onepassword_item.grafana",
            "module.onepassword_secrets.data.onepassword_item.mcphub",
            "module.onepassword_secrets.data.onepassword_item.n8n",
            "module.onepassword_secrets.data.onepassword_item.proxmox",
            "module.onepassword_secrets.data.onepassword_item.supabase",
            "module.onepassword_secrets.data.onepassword_vault.this"
          ]
        }
      ]
    },
    {
      "module": "module.lxc[\"gitlab-runner\"]",
      "mode": "data",
      "type": "proxmox_virtual_environment_nodes",
      "name": "nodes",
      "provider": "provider[\"registry.terraform.io/bpg/proxmox\"]",
      "instances": [
        {
          "schema_version": 0,
          "attributes": {
            "cpu_count": [
              8
            ],
            "cpu_utilization": [
              0.25
            ],
            "id": "nodes",
            "memory_available": [
              64902365184
            ],
            "memory_used": [
              57967996928
            ],
            "names": [
              "pve3"
            ],
            "online": [
              true
            ],
            "ssl_fingerprints": [
              "FF:6B:DE:4A:4B:31:F0:E7:F5:CA:C6:7D:3D:7B:0B:D5:56:24:16:75:B0:D8:44:9D:46:E5:2C:7A:06:47:C9:DC"
            ],
            "support_levels": [
              ""
            ],
            "uptime": [
              146207
            ]
          },
          "sensitive_attributes": [],
          "identity_schema_version": 0
        }
      ]
    },
    {
      "module": "module.lxc[\"grafana\"]",
      "mode": "data",
      "type": "proxmox_virtual_environment_nodes",
      "name": "nodes",
      "provider": "provider[\"registry.terraform.io/bpg/proxmox\"]",
      "instances": [
        {
          "schema_version": 0,
          "attributes": {
            "cpu_count": [
              8
            ],
            "cpu_utilization": [
              0.25
            ],
            "id": "nodes",
            "memory_available": [
              64902365184
            ],
            "memory_used": [
              57967996928
            ],
            "names": [
              "pve3"
            ],
            "online": [
              true
            ],
            "ssl_fingerprints": [
              "FF:6B:DE:4A:4B:31:F0:E7:F5:CA:C6:7D:3D:7B:0B:D5:56:24:16:75:B0:D8:44:9D:46:E5:2C:7A:06:47:C9:DC"
            ],
            "support_levels": [
              ""
            ],
            "uptime": [
              146207
            ]
          },
          "sensitive_attributes": [],
          "identity_schema_version": 0
        }
      ]
    },
    {
      "module": "module.lxc[\"grafana\"]",
      "mode": "managed",
      "type": "proxmox_virtual_environment_container",
      "name": "this",
      "provider": "provider[\"registry.terraform.io/bpg/proxmox\"]",
      "instances": [
        {
          "schema_version": 0,
          "attributes": {
            "clone": [],
            "console": [],
            "cpu": [
              {
                "architecture": "amd64",
                "cores": 2,
                "units": 1024
              }
            ],
            "description": "Grafana + Prometheus Observability Stack\n",
            "device_passthrough": [],
            "disk": [
              {
                "acl": false,
                "datastore_id": "dfge",
                "mount_options": [],
                "path_in_datastore": "dfge:vm-104-disk-0",
                "quota": false,
                "replicate": false,
                "size": 16
              }
            ],
            "environment_variables": {},
            "features": [
              {
                "fuse": false,
                "keyctl": false,
                "mount": [],
                "nesting": true
              }
            ],
            "hook_script_file_id": null,
            "id": "104",
            "idmap": [],
            "initialization": [
              {
                "dns": [
                  {
                    "domain": "",
                    "server": "",
                    "servers": [
                      "192.168.50.103",
                      "8.8.8.8"
                    ]
                  }
                ],
                "entrypoint": null,
                "hostname": "grafana",
                "ip_config": [
                  {
                    "ipv4": [
                      {
                        "address": "192.168.50.104/24",
                        "gateway": "192.168.50.1"
                      }
                    ],
                    "ipv6": []
                  }
                ],
                "user_account": []
              }
            ],
            "ipv4": {
              "br-2672a1586963": "172.18.0.1",
              "br-37a4359f2137": "172.19.0.1",
              "docker0": "172.17.0.1",
              "eth0": "192.168.50.104"
            },
            "ipv6": {
              "br-37a4359f2137": "fe80::4879:6fff:fe0b:a327",
              "eth0": "fd38:e787:e82:bd3a:be24:11ff:fec4:75ed",
              "veth299eb74": "fe80::14f1:7dff:fe74:d8d2",
              "veth8296677": "fe80::d83f:f7ff:fe56:704c",
              "vethb60185f": "fe80::8446:7aff:fe48:af79",
              "vethea08056": "fe80::f85e:d8ff:fe37:32ab"
            },
            "memory": [
              {
                "dedicated": 768,
                "swap": 512
              }
            ],
            "mount_point": [],
            "network_interface": [
              {
                "bridge": "vmbr0",
                "enabled": true,
                "firewall": false,
                "mac_address": "BC:24:11:C4:75:ED",
                "mtu": 0,
                "name": "eth0",
                "rate_limit": 0,
                "vlan_id": 0
              }
            ],
            "node_name": "pve3",
            "operating_system": [
              {
                "template_file_id": "local:vztmpl/debian-12-standard_12.12-1_amd64.tar.zst",
                "type": "debian"
              }
            ],
            "pool_id": null,
            "protection": false,
            "start_on_boot": true,
            "started": true,
            "startup": [],
            "tags": [],
            "template": false,
            "timeout_clone": 1800,
            "timeout_create": 1800,
            "timeout_delete": 60,
            "timeout_start": 300,
            "timeout_update": 1800,
            "unprivileged": true,
            "vm_id": 104,
            "wait_for_ip": []
          },
          "sensitive_attributes": [],
          "identity_schema_version": 0,
          "private": "bnVsbA==",
          "dependencies": [
            "module.lxc.data.proxmox_virtual_environment_nodes.nodes",
            "module.onepassword_secrets.data.onepassword_item.archon",
            "module.onepassword_secrets.data.onepassword_item.cloudflare",
            "module.onepassword_secrets.data.onepassword_item.elk",
            "module.onepassword_secrets.data.onepassword_item.exa",
            "module.onepassword_secrets.data.onepassword_item.github",
            "module.onepassword_secrets.data.onepassword_item.glitchtip",
            "module.onepassword_secrets.data.onepassword_item.grafana",
            "module.onepassword_secrets.data.onepassword_item.mcphub",
            "module.onepassword_secrets.data.onepassword_item.n8n",
            "module.onepassword_secrets.data.onepassword_item.proxmox",
            "module.onepassword_secrets.data.onepassword_item.supabase",
            "module.onepassword_secrets.data.onepassword_vault.this"
          ]
        }
      ]
    },
    {
      "module": "module.lxc[\"n8n\"]",
      "mode": "data",
      "type": "proxmox_virtual_environment_nodes",
      "name": "nodes",
      "provider": "provider[\"registry.terraform.io/bpg/proxmox\"]",
      "instances": [
        {
          "schema_version": 0,
          "attributes": {
            "cpu_count": [
              8
            ],
            "cpu_utilization": [
              0.25
            ],
            "id": "nodes",
            "memory_available": [
              64902365184
            ],
            "memory_used": [
              57967996928
            ],
            "names": [
              "pve3"
            ],
            "online": [
              true
            ],
            "ssl_fingerprints": [
              "FF:6B:DE:4A:4B:31:F0:E7:F5:CA:C6:7D:3D:7B:0B:D5:56:24:16:75:B0:D8:44:9D:46:E5:2C:7A:06:47:C9:DC"
            ],
            "support_levels": [
              ""
            ],
            "uptime": [
              146207
            ]
          },
          "sensitive_attributes": [],
          "identity_schema_version": 0
        }
      ]
    },
    {
      "module": "module.lxc[\"n8n\"]",
      "mode": "managed",
      "type": "proxmox_virtual_environment_container",
      "name": "this",
      "provider": "provider[\"registry.terraform.io/bpg/proxmox\"]",
      "instances": [
        {
          "schema_version": 0,
          "attributes": {
            "clone": [],
            "console": [],
            "cpu": [
              {
                "architecture": "amd64",
                "cores": 2,
                "units": 1024
              }
            ],
            "description": "n8n Workflow Automation + PostgreSQL\n",
            "device_passthrough": [],
            "disk": [
              {
                "acl": false,
                "datastore_id": "dfge",
                "mount_options": null,
                "path_in_datastore": "dfge:vm-110-disk-0",
                "quota": false,
                "replicate": false,
                "size": 16
              }
            ],
            "environment_variables": null,
            "features": [
              {
                "fuse": false,
                "keyctl": false,
                "mount": null,
                "nesting": true
              }
            ],
            "hook_script_file_id": null,
            "id": "110",
            "idmap": [],
            "initialization": [
              {
                "dns": [
                  {
                    "domain": "",
                    "server": "",
                    "servers": [
                      "192.168.50.103",
                      "8.8.8.8"
                    ]
                  }
                ],
                "entrypoint": "",
                "hostname": "n8n",
                "ip_config": [
                  {
                    "ipv4": [
                      {
                        "address": "192.168.50.110/24",
                        "gateway": "192.168.50.1"
                      }
                    ],
                    "ipv6": []
                  }
                ],
                "user_account": []
              }
            ],
            "ipv4": {
              "eth0": "192.168.50.110"
            },
            "ipv6": {
              "eth0": "fe80::be24:11ff:fe47:327b"
            },
            "memory": [
              {
                "dedicated": 1024,
                "swap": 512
              }
            ],
            "mount_point": [],
            "network_interface": [
              {
                "bridge": "vmbr0",
                "enabled": true,
                "firewall": false,
                "mac_address": "BC:24:11:47:32:7B",
                "mtu": 0,
                "name": "eth0",
                "rate_limit": 0,
                "vlan_id": 0
              }
            ],
            "node_name": "pve3",
            "operating_system": [
              {
                "template_file_id": "local:vztmpl/debian-12-standard_12.12-1_amd64.tar.zst",
                "type": "debian"
              }
            ],
            "pool_id": null,
            "protection": false,
            "start_on_boot": true,
            "started": true,
            "startup": [],
            "tags": null,
            "template": false,
            "timeout_clone": 1800,
            "timeout_create": 1800,
            "timeout_delete": 60,
            "timeout_start": 300,
            "timeout_update": 1800,
            "unprivileged": true,
            "vm_id": 110,
            "wait_for_ip": []
          },
          "sensitive_attributes": [],
          "identity_schema_version": 0,
          "private": "bnVsbA==",
          "dependencies": [
            "module.lxc.data.proxmox_virtual_environment_nodes.nodes",
            "module.onepassword_secrets.data.onepassword_item.this",
            "module.onepassword_secrets.data.onepassword_vault.this"
          ]
        }
      ]
    },
    {
      "module": "module.lxc[\"proxy\"]",
      "mode": "data",
      "type": "proxmox_virtual_environment_nodes",
      "name": "nodes",
      "provider": "provider[\"registry.terraform.io/bpg/proxmox\"]",
      "instances": [
        {
          "schema_version": 0,
          "attributes": {
            "cpu_count": [
              8
            ],
            "cpu_utilization": [
              0.25
            ],
            "id": "nodes",
            "memory_available": [
              64902365184
            ],
            "memory_used": [
              57967996928
            ],
            "names": [
              "pve3"
            ],
            "online": [
              true
            ],
            "ssl_fingerprints": [
              "FF:6B:DE:4A:4B:31:F0:E7:F5:CA:C6:7D:3D:7B:0B:D5:56:24:16:75:B0:D8:44:9D:46:E5:2C:7A:06:47:C9:DC"
            ],
            "support_levels": [
              ""
            ],
            "uptime": [
              146207
            ]
          },
          "sensitive_attributes": [],
          "identity_schema_version": 0
        }
      ]
    },
    {
      "module": "module.lxc[\"proxy\"]",
      "mode": "managed",
      "type": "proxmox_virtual_environment_container",
      "name": "this",
      "provider": "provider[\"registry.terraform.io/bpg/proxmox\"]",
      "instances": [
        {
          "schema_version": 0,
          "attributes": {
            "clone": [],
            "console": [
              {
                "enabled": true,
                "tty_count": 2,
                "type": "tty"
              }
            ],
            "cpu": [
              {
                "architecture": "amd64",
                "cores": 4,
                "units": 1024
              }
            ],
            "description": "",
            "device_passthrough": [],
            "disk": [
              {
                "acl": false,
                "datastore_id": "dfge",
                "mount_options": [],
                "path_in_datastore": "dfge:vm-100-disk-0",
                "quota": false,
                "replicate": false,
                "size": 20
              }
            ],
            "environment_variables": {},
            "features": [],
            "hook_script_file_id": null,
            "id": "100",
            "idmap": [],
            "initialization": [
              {
                "dns": [
                  {
                    "domain": "",
                    "server": "",
                    "servers": [
                      "192.168.50.103"
                    ]
                  }
                ],
                "entrypoint": "",
                "hostname": "proxy",
                "ip_config": [
                  {
                    "ipv4": [
                      {
                        "address": "192.168.50.114/24",
                        "gateway": "192.168.50.1"
                      }
                    ],
                    "ipv6": []
                  }
                ],
                "user_account": []
              }
            ],
            "ipv4": {
              "docker0": "172.17.0.1",
              "eth0": "192.168.50.114"
            },
            "ipv6": {
              "docker0": "fe80::b02f:7ff:fee4:c310",
              "eth0": "fe80::be24:11ff:fe7f:130a",
              "vethe3c20a9": "fe80::7449:17ff:fed5:6b17"
            },
            "memory": [
              {
                "dedicated": 4096,
                "swap": 512
              }
            ],
            "mount_point": [],
            "network_interface": [
              {
                "bridge": "vmbr0",
                "enabled": true,
                "firewall": false,
                "mac_address": "BC:24:11:7F:13:0A",
                "mtu": 0,
                "name": "eth0",
                "rate_limit": 0,
                "vlan_id": 0
              }
            ],
            "node_name": "pve3",
            "operating_system": [
              {
                "template_file_id": "",
                "type": "ubuntu"
              }
            ],
            "pool_id": null,
            "protection": false,
            "start_on_boot": null,
            "started": true,
            "startup": [],
            "tags": [],
            "template": false,
            "timeout_clone": null,
            "timeout_create": null,
            "timeout_delete": null,
            "timeout_start": null,
            "timeout_update": null,
            "unprivileged": true,
            "vm_id": null,
            "wait_for_ip": []
          },
          "sensitive_attributes": [],
          "identity_schema_version": 0,
          "private": "eyJzY2hlbWFfdmVyc2lvbiI6IjAifQ=="
        }
      ]
    },
    {
      "module": "module.lxc[\"runner\"]",
      "mode": "managed",
      "type": "proxmox_virtual_environment_container",
      "name": "this",
      "provider": "provider[\"registry.terraform.io/bpg/proxmox\"]",
      "instances": [
        {
          "schema_version": 0,
          "attributes": {
            "clone": [],
            "console": [],
            "cpu": [
              {
                "architecture": "amd64",
                "cores": 2,
                "units": 1024
              }
            ],
            "description": "GitHub Actions Self-hosted Runner\n",
            "device_passthrough": [],
            "disk": [
              {
                "acl": false,
                "datastore_id": "dfge",
                "mount_options": [],
                "path_in_datastore": "dfge:vm-101-disk-0",
                "quota": false,
                "replicate": false,
                "size": 32
              }
            ],
            "environment_variables": {},
            "features": [
              {
                "fuse": false,
                "keyctl": false,
                "mount": [],
                "nesting": true
              }
            ],
            "hook_script_file_id": null,
            "id": "101",
            "idmap": [],
            "initialization": [
              {
                "dns": [
                  {
                    "domain": "",
                    "server": "",
                    "servers": [
                      "192.168.50.103",
                      "8.8.8.8"
                    ]
                  }
                ],
                "entrypoint": null,
                "hostname": "runner",
                "ip_config": [
                  {
                    "ipv4": [
                      {
                        "address": "192.168.50.101/24",
                        "gateway": "192.168.50.1"
                      }
                    ],
                    "ipv6": []
                  }
                ],
                "user_account": []
              }
            ],
            "ipv4": {
              "docker0": "172.17.0.1",
              "eth0": "192.168.50.101"
            },
            "ipv6": {
              "eth0": "fd38:e787:e82:bd3a:be24:11ff:fe93:f97f"
            },
            "memory": [
              {
                "dedicated": 1024,
                "swap": 512
              }
            ],
            "mount_point": [],
            "network_interface": [
              {
                "bridge": "vmbr0",
                "enabled": true,
                "firewall": false,
                "mac_address": "BC:24:11:93:F9:7F",
                "mtu": 0,
                "name": "eth0",
                "rate_limit": 0,
                "vlan_id": 0
              }
            ],
            "node_name": "pve3",
            "operating_system": [
              {
                "template_file_id": "local:vztmpl/debian-12-standard_12.12-1_amd64.tar.zst",
                "type": "debian"
              }
            ],
            "pool_id": null,
            "protection": false,
            "start_on_boot": true,
            "started": true,
            "startup": [],
            "tags": [],
            "template": false,
            "timeout_clone": 1800,
            "timeout_create": 1800,
            "timeout_delete": 60,
            "timeout_start": 300,
            "timeout_update": 1800,
            "unprivileged": true,
            "vm_id": 101,
            "wait_for_ip": []
          },
          "sensitive_attributes": [],
          "identity_schema_version": 0,
          "private": "bnVsbA==",
          "dependencies": [
            "module.lxc.data.proxmox_virtual_environment_nodes.nodes",
            "module.onepassword_secrets.data.onepassword_item.archon",
            "module.onepassword_secrets.data.onepassword_item.cloudflare",
            "module.onepassword_secrets.data.onepassword_item.elk",
            "module.onepassword_secrets.data.onepassword_item.exa",
            "module.onepassword_secrets.data.onepassword_item.github",
            "module.onepassword_secrets.data.onepassword_item.glitchtip",
            "module.onepassword_secrets.data.onepassword_item.grafana",
            "module.onepassword_secrets.data.onepassword_item.mcphub",
            "module.onepassword_secrets.data.onepassword_item.n8n",
            "module.onepassword_secrets.data.onepassword_item.proxmox",
            "module.onepassword_secrets.data.onepassword_item.supabase",
            "module.onepassword_secrets.data.onepassword_vault.this"
          ]
        }
      ]
    },
    {
      "module": "module.lxc[\"supabase\"]",
      "mode": "data",
      "type": "proxmox_virtual_environment_nodes",
      "name": "nodes",
      "provider": "provider[\"registry.terraform.io/bpg/proxmox\"]",
      "instances": [
        {
          "schema_version": 0,
          "attributes": {
            "cpu_count": [
              8
            ],
            "cpu_utilization": [
              0.25
            ],
            "id": "nodes",
            "memory_available": [
              64902365184
            ],
            "memory_used": [
              57967996928
            ],
            "names": [
              "pve3"
            ],
            "online": [
              true
            ],
            "ssl_fingerprints": [
              "FF:6B:DE:4A:4B:31:F0:E7:F5:CA:C6:7D:3D:7B:0B:D5:56:24:16:75:B0:D8:44:9D:46:E5:2C:7A:06:47:C9:DC"
            ],
            "support_levels": [
              ""
            ],
            "uptime": [
              146207
            ]
          },
          "sensitive_attributes": [],
          "identity_schema_version": 0
        }
      ]
    },
    {
      "module": "module.lxc[\"supabase\"]",
      "mode": "managed",
      "type": "proxmox_virtual_environment_container",
      "name": "this",
      "provider": "provider[\"registry.terraform.io/bpg/proxmox\"]",
      "instances": [
        {
          "schema_version": 0,
          "attributes": {
            "clone": [],
            "console": [],
            "cpu": [
              {
                "architecture": "amd64",
                "cores": 4,
                "units": 1024
              }
            ],
            "description": "Supabase Backend-as-a-Service\n",
            "device_passthrough": [],
            "disk": [
              {
                "acl": false,
                "datastore_id": "dfge",
                "mount_options": [],
                "path_in_datastore": "dfge:vm-107-disk-0",
                "quota": false,
                "replicate": false,
                "size": 64
              }
            ],
            "environment_variables": {},
            "features": [
              {
                "fuse": false,
                "keyctl": false,
                "mount": [],
                "nesting": true
              }
            ],
            "hook_script_file_id": null,
            "id": "107",
            "idmap": [],
            "initialization": [
              {
                "dns": [
                  {
                    "domain": "",
                    "server": "",
                    "servers": [
                      "192.168.50.103",
                      "8.8.8.8"
                    ]
                  }
                ],
                "entrypoint": null,
                "hostname": "supabase",
                "ip_config": [
                  {
                    "ipv4": [
                      {
                        "address": "192.168.50.107/24",
                        "gateway": "192.168.50.1"
                      }
                    ],
                    "ipv6": []
                  }
                ],
                "user_account": []
              }
            ],
            "ipv4": {
              "br-e4e571bf558b": "172.18.0.1",
              "docker0": "172.17.0.1",
              "eth0": "192.168.50.107"
            },
            "ipv6": {
              "br-e4e571bf558b": "fe80::a448:ccff:fee9:16a8",
              "docker0": "fe80::1083:feff:fe51:7e94",
              "eth0": "fd38:e787:e82:bd3a:be24:11ff:fed3:3672",
              "veth0df6c8b": "fe80::6027:6fff:feee:7e65",
              "veth0f6c4a2": "fe80::94b0:66ff:fe4d:24bc",
              "veth22912e2": "fe80::7cf2:2dff:fef0:a983",
              "veth238a945": "fe80::5ca2:1aff:fe4a:3599",
              "veth6059700": "fe80::b0e7:5cff:fed3:9361",
              "veth6efb1a8": "fe80::f85a:28ff:fe01:c8af",
              "veth863ea2f": "fe80::9066:12ff:fea9:656c",
              "veth99cf689": "fe80::48f9:21ff:fee5:1d36",
              "vethba36b36": "fe80::d41d:37ff:fe7c:4a54",
              "vethd8d8fb5": "fe80::5c08:60ff:fe1b:efe",
              "vethe42bfa8": "fe80::2cbd:eff:feb5:8082",
              "vethf47148c": "fe80::5c99:83ff:fea7:7903",
              "vethfbbc31b": "fe80::1424:b9ff:fe24:56c7"
            },
            "memory": [
              {
                "dedicated": 3072,
                "swap": 2048
              }
            ],
            "mount_point": [],
            "network_interface": [
              {
                "bridge": "vmbr0",
                "enabled": true,
                "firewall": false,
                "mac_address": "BC:24:11:D3:36:72",
                "mtu": 0,
                "name": "eth0",
                "rate_limit": 0,
                "vlan_id": 0
              }
            ],
            "node_name": "pve3",
            "operating_system": [
              {
                "template_file_id": "local:vztmpl/debian-12-standard_12.12-1_amd64.tar.zst",
                "type": "debian"
              }
            ],
            "pool_id": null,
            "protection": false,
            "start_on_boot": true,
            "started": true,
            "startup": [],
            "tags": [],
            "template": false,
            "timeout_clone": 1800,
            "timeout_create": 1800,
            "timeout_delete": 60,
            "timeout_start": 300,
            "timeout_update": 1800,
            "unprivileged": true,
            "vm_id": 107,
            "wait_for_ip": []
          },
          "sensitive_attributes": [],
          "identity_schema_version": 0,
          "private": "bnVsbA==",
          "dependencies": [
            "module.lxc.data.proxmox_virtual_environment_nodes.nodes",
            "module.onepassword_secrets.data.onepassword_item.archon",
            "module.onepassword_secrets.data.onepassword_item.cloudflare",
            "module.onepassword_secrets.data.onepassword_item.elk",
            "module.onepassword_secrets.data.onepassword_item.exa",
            "module.onepassword_secrets.data.onepassword_item.github",
            "module.onepassword_secrets.data.onepassword_item.glitchtip",
            "module.onepassword_secrets.data.onepassword_item.grafana",
            "module.onepassword_secrets.data.onepassword_item.mcphub",
            "module.onepassword_secrets.data.onepassword_item.n8n",
            "module.onepassword_secrets.data.onepassword_item.proxmox",
            "module.onepassword_secrets.data.onepassword_item.supabase",
            "module.onepassword_secrets.data.onepassword_vault.this"
          ]
        }
      ]
    },
    {
      "module": "module.lxc[\"traefik\"]",
      "mode": "data",
      "type": "proxmox_virtual_environment_nodes",
      "name": "nodes",
      "provider": "provider[\"registry.terraform.io/bpg/proxmox\"]",
      "instances": [
        {
          "schema_version": 0,
          "attributes": {
            "cpu_count": [
              8
            ],
            "cpu_utilization": [
              0.25
            ],
            "id": "nodes",
            "memory_available": [
              64902365184
            ],
            "memory_used": [
              57967996928
            ],
            "names": [
              "pve3"
            ],
            "online": [
              true
            ],
            "ssl_fingerprints": [
              "FF:6B:DE:4A:4B:31:F0:E7:F5:CA:C6:7D:3D:7B:0B:D5:56:24:16:75:B0:D8:44:9D:46:E5:2C:7A:06:47:C9:DC"
            ],
            "support_levels": [
              ""
            ],
            "uptime": [
              146207
            ]
          },
          "sensitive_attributes": [],
          "identity_schema_version": 0
        }
      ]
    },
    {
      "module": "module.lxc[\"traefik\"]",
      "mode": "managed",
      "type": "proxmox_virtual_environment_container",
      "name": "this",
      "provider": "provider[\"registry.terraform.io/bpg/proxmox\"]",
      "instances": [
        {
          "schema_version": 0,
          "attributes": {
            "clone": [],
            "console": [],
            "cpu": [
              {
                "architecture": "amd64",
                "cores": 2,
                "units": 1024
              }
            ],
            "description": "Traefik Reverse Proxy + Cloudflare Tunnel\n",
            "device_passthrough": [],
            "disk": [
              {
                "acl": false,
                "datastore_id": "dfge",
                "mount_options": [],
                "path_in_datastore": "dfge:vm-102-disk-0",
                "quota": false,
                "replicate": false,
                "size": 8
              }
            ],
            "environment_variables": {},
            "features": [
              {
                "fuse": false,
                "keyctl": false,
                "mount": [],
                "nesting": true
              }
            ],
            "hook_script_file_id": null,
            "id": "102",
            "idmap": [],
            "initialization": [
              {
                "dns": [
                  {
                    "domain": "",
                    "server": "",
                    "servers": [
                      "192.168.50.103",
                      "8.8.8.8"
                    ]
                  }
                ],
                "entrypoint": null,
                "hostname": "traefik",
                "ip_config": [
                  {
                    "ipv4": [
                      {
                        "address": "192.168.50.102/24",
                        "gateway": "192.168.50.1"
                      }
                    ],
                    "ipv6": []
                  }
                ],
                "user_account": []
              }
            ],
            "ipv4": {
              "docker0": "172.17.0.1",
              "eth0": "192.168.50.102"
            },
            "ipv6": {
              "eth0": "fd38:e787:e82:bd3a:be24:11ff:fe9c:282d"
            },
            "memory": [
              {
                "dedicated": 512,
                "swap": 256
              }
            ],
            "mount_point": [],
            "network_interface": [
              {
                "bridge": "vmbr0",
                "enabled": true,
                "firewall": false,
                "mac_address": "BC:24:11:9C:28:2D",
                "mtu": 0,
                "name": "eth0",
                "rate_limit": 0,
                "vlan_id": 0
              }
            ],
            "node_name": "pve3",
            "operating_system": [
              {
                "template_file_id": "local:vztmpl/debian-12-standard_12.12-1_amd64.tar.zst",
                "type": "debian"
              }
            ],
            "pool_id": null,
            "protection": false,
            "start_on_boot": true,
            "started": true,
            "startup": [],
            "tags": [],
            "template": false,
            "timeout_clone": 1800,
            "timeout_create": 1800,
            "timeout_delete": 60,
            "timeout_start": 300,
            "timeout_update": 1800,
            "unprivileged": true,
            "vm_id": 102,
            "wait_for_ip": []
          },
          "sensitive_attributes": [],
          "identity_schema_version": 0,
          "private": "bnVsbA==",
          "dependencies": [
            "module.lxc.data.proxmox_virtual_environment_nodes.nodes",
            "module.onepassword_secrets.data.onepassword_item.archon",
            "module.onepassword_secrets.data.onepassword_item.cloudflare",
            "module.onepassword_secrets.data.onepassword_item.elk",
            "module.onepassword_secrets.data.onepassword_item.exa",
            "module.onepassword_secrets.data.onepassword_item.github",
            "module.onepassword_secrets.data.onepassword_item.glitchtip",
            "module.onepassword_secrets.data.onepassword_item.grafana",
            "module.onepassword_secrets.data.onepassword_item.mcphub",
            "module.onepassword_secrets.data.onepassword_item.n8n",
            "module.onepassword_secrets.data.onepassword_item.proxmox",
            "module.onepassword_secrets.data.onepassword_item.supabase",
            "module.onepassword_secrets.data.onepassword_vault.this"
          ]
        }
      ]
    },
    {
      "module": "module.lxc_config",
      "mode": "managed",
      "type": "local_file",
      "name": "systemd_services",
      "provider": "provider[\"registry.terraform.io/hashicorp/local\"]",
      "instances": [
        {
          "index_key": "grafana-prometheus",
          "schema_version": 0,
          "attributes": {
            "content": "[Unit]\nStartLimitBurst=5\nStartLimitIntervalSec=300\nDescription=Prometheus Monitoring\nAfter=network.target\n\n[Service]\nType=simple\nUser=prometheus\nExecStart=/usr/bin/prometheus --config.file=/etc/prometheus/prometheus.yml --storage.tsdb.path=/var/lib/prometheus --web.listen-address=0.0.0.0:9090\nRestart=always\nRestartSec=5\nTimeoutStartSec=90\nTimeoutStopSec=30\nStandardOutput=journal\nStandardError=journal\nSyslogIdentifier=prometheus\n\n[Install]\nWantedBy=multi-user.target\n",
            "content_base64": null,
            "content_base64sha256": "SK5HYrJvt8fhIhwZjVqktO6hIJyqJ8pjGPC4SvtsVKY=",
            "content_base64sha512": "gZ8BNFYKs0Gg+tUceBHa6MJlBZJ/6w7Yy+F8fRyIGXMa8ZrIRhkQV56akbvKdlFTxj6NzF+ISC/UDuYf7q8CrQ==",
            "content_md5": "c0df9b7d4c4b575f51d5c75c97589e79",
            "content_sha1": "2dca20f3164aeb0c3940f70adcc79fd0feb51fdd",
            "content_sha256": "48ae4762b26fb7c7e1221c198d5aa4b4eea1209caa27ca6318f0b84afb6c54a6",
            "content_sha512": "819f0134560ab341a0fad51c7811dae8c26505927feb0ed8cbe17c7d1c8819731af19ac8461910579e9a91bbca765153c63e8dcc5f88482fd40ee61feeaf02ad",
            "directory_permission": "0777",
            "file_permission": "0644",
            "filename": "./configs/lxc-104-grafana/prometheus.service",
            "id": "2dca20f3164aeb0c3940f70adcc79fd0feb51fdd",
            "sensitive_content": null,
            "source": null
          },
          "sensitive_attributes": [
            [
              {
                "type": "get_attr",
                "value": "sensitive_content"
              }
            ]
          ],
          "identity_schema_version": 0,
          "dependencies": [
            "module.onepassword_secrets.data.onepassword_item.archon",
            "module.onepassword_secrets.data.onepassword_item.cloudflare",
            "module.onepassword_secrets.data.onepassword_item.elk",
            "module.onepassword_secrets.data.onepassword_item.exa",
            "module.onepassword_secrets.data.onepassword_item.github",
            "module.onepassword_secrets.data.onepassword_item.glitchtip",
            "module.onepassword_secrets.data.onepassword_item.grafana",
            "module.onepassword_secrets.data.onepassword_item.mcphub",
            "module.onepassword_secrets.data.onepassword_item.n8n",
            "module.onepassword_secrets.data.onepassword_item.proxmox",
            "module.onepassword_secrets.data.onepassword_item.splunk",
            "module.onepassword_secrets.data.onepassword_item.supabase",
            "module.onepassword_secrets.data.onepassword_vault.this"
          ]
        }
      ]
    },
    {
      "module": "module.lxc_config",
      "mode": "managed",
      "type": "local_sensitive_file",
      "name": "config_files",
      "provider": "provider[\"registry.terraform.io/hashicorp/local\"]",
      "instances": [
        {
          "index_key": "archon-archon.env",
          "schema_version": 0,
          "attributes": {
            "content": "# Archon AI - Terraform Rendered Environment Configuration\n# Generated by Terraform. DO NOT EDIT MANUALLY.\n# Template: 108-archon/templates/.env.tftpl\n\n# Supabase Connection (Required)\nSUPABASE_URL=https://placeholder.supabase.local\nSUPABASE_ANON_KEY=eyJhbGciOiAiSFMyNTYiLCAidHlwIjogIkpXVCJ9.eyJyb2xlIjogImFub24iLCAiaXNzIjogInN1cGFiYXNlIiwgImlhdCI6IDE3NzE2MDA4MDAsICJleHAiOiAyMDg2OTYwODAwfQ.TiwflrKfacFVLlR2k7owaIPfJ8C75bwqRXqP0pzJY3o\nOPENAI_API_KEY=placeholder\n\n# Service Ports Configuration\nHOST=0.0.0.0\nARCHON_SERVER_PORT=8181\nARCHON_MCP_PORT=8051\nARCHON_AGENTS_PORT=8052\nARCHON_UI_PORT=3737\nAGENT_WORK_ORDERS_PORT=8053\n\n# Feature Flags\nENABLE_AGENT_WORK_ORDERS=false\nLOG_LEVEL=INFO\nPROD=false\n\n# MCP Server Monitoring (HTTP mode - secure, no Docker socket)\nENABLE_DOCKER_SOCKET_MONITORING=false\nMCP_HEALTH_CHECK_TIMEOUT=5\n\n# Service Discovery (Docker Compose mode for container networking)\nSERVICE_DISCOVERY_MODE=docker_compose\nSTATE_STORAGE_TYPE=file\nFILE_STATE_DIRECTORY=agent-work-orders-state\n",
            "content_base64": null,
            "content_base64sha256": "ie9syflPDMGzu089K3w87TBIg7cActsP+vfaNM2t2ag=",
            "content_base64sha512": "bMFRNI1dM6UrqeWgx1YrgJfYVSkkRB0OOOgFopd99wQkEWwEdvk53ADrh18/o7i85ssJam65c16GpG6sjO9Zdg==",
            "content_md5": "7bd866c8069113558674fc925eccf010",
            "content_sha1": "0b95e9ec60d21093b11926b53ea75e4dc654703e",
            "content_sha256": "89ef6cc9f94f0cc1b3bb4f3d2b7c3ced304883b70072db0ffaf7da34cdadd9a8",
            "content_sha512": "6cc151348d5d33a52ba9e5a0c7562b8097d8552924441d0e38e805a2977df70424116c0476f939dc00eb875f3fa3b8bce6cb096a6eb9735e86a46eac8cef5976",
            "directory_permission": "0700",
            "file_permission": "0644",
            "filename": "./configs/lxc-108-archon/archon.env",
            "id": "0b95e9ec60d21093b11926b53ea75e4dc654703e",
            "source": null
          },
          "sensitive_attributes": [
            [
              {
                "type": "get_attr",
                "value": "content"
              }
            ],
            [
              {
                "type": "get_attr",
                "value": "content_base64"
              }
            ]
          ],
          "identity_schema_version": 0,
          "dependencies": [
            "module.onepassword_secrets.data.onepassword_item.archon",
            "module.onepassword_secrets.data.onepassword_item.cloudflare",
            "module.onepassword_secrets.data.onepassword_item.elk",
            "module.onepassword_secrets.data.onepassword_item.exa",
            "module.onepassword_secrets.data.onepassword_item.github",
            "module.onepassword_secrets.data.onepassword_item.glitchtip",
            "module.onepassword_secrets.data.onepassword_item.grafana",
            "module.onepassword_secrets.data.onepassword_item.mcphub",
            "module.onepassword_secrets.data.onepassword_item.n8n",
            "module.onepassword_secrets.data.onepassword_item.proxmox",
            "module.onepassword_secrets.data.onepassword_item.splunk",
            "module.onepassword_secrets.data.onepassword_item.supabase",
            "module.onepassword_secrets.data.onepassword_vault.this"
          ]
        },
        {
          "index_key": "archon-filebeat.yml",
          "schema_version": 0,
          "attributes": {
            "content": "# Filebeat configuration for 108-archon (AI Knowledge Management)\n# Rendered by Terraform - DO NOT EDIT MANUALLY\n\nfilebeat.autodiscover:\n  providers:\n    - type: docker\n      hints.enabled: true\n\nfilebeat.inputs:\n  # Docker container logs (archon-server, archon-mcp, archon-ui)\n  - type: filestream\n    id: docker-containers\n    paths:\n      - /var/lib/docker/containers/*/*.log\n    parsers:\n      - container: {}\n    prospector.scanner.symlinks: true\n    fields:\n      service: archon\n      host_role: archon\n    fields_under_root: false\n\n  # System logs\n  - type: filestream\n    id: system-logs\n    paths:\n      - /var/log/*.log\n      - /var/log/syslog\n    fields:\n      service: system\n      host_role: archon\n    fields_under_root: false\n\nprocessors:\n  - add_host_metadata: ~\n  - add_docker_metadata:\n      host: \"unix:///var/run/docker.sock\"\n\noutput.logstash:\n  hosts: [\"192.168.50.105:5044\"]\n\nfilebeat.registry.path: /var/lib/filebeat/registry\nlogging.level: info\nlogging.to_files: true\nlogging.files:\n  path: /var/log/filebeat\n  name: filebeat\n  keepfiles: 7\n\nmax_message_bytes: 999999\n",
            "content_base64": null,
            "content_base64sha256": "CZjlL1b04itjpchf58e5y026xKwJFIThxK6XEEeHB2w=",
            "content_base64sha512": "Yhn4FJIOSAVPIDA0l8LpA70o362ofOJ889tBNXzg7jX8b+GQAWsAxu50W/LO+pKSRFqWM9cya44J59iBTBTS5g==",
            "content_md5": "0d43b46cb469f3622c4257ae1f9e094a",
            "content_sha1": "ab21d5c8ff8c143e428cfefb147838e2f67d6084",
            "content_sha256": "0998e52f56f4e22b63a5c85fe7c7b9cb4dbac4ac091484e1c4ae97104787076c",
            "content_sha512": "6219f814920e48054f20303497c2e903bd28dfada87ce27cf3db41357ce0ee35fc6fe190016b00c6ee745bf2cefa9292445a9633d7326b8e09e7d8814c14d2e6",
            "directory_permission": "0700",
            "file_permission": "0644",
            "filename": "./configs/lxc-108-archon/filebeat.yml",
            "id": "ab21d5c8ff8c143e428cfefb147838e2f67d6084",
            "source": null
          },
          "sensitive_attributes": [
            [
              {
                "type": "get_attr",
                "value": "content"
              }
            ],
            [
              {
                "type": "get_attr",
                "value": "content_base64"
              }
            ]
          ],
          "identity_schema_version": 0,
          "dependencies": [
            "module.onepassword_secrets.data.onepassword_item.archon",
            "module.onepassword_secrets.data.onepassword_item.cloudflare",
            "module.onepassword_secrets.data.onepassword_item.elk",
            "module.onepassword_secrets.data.onepassword_item.exa",
            "module.onepassword_secrets.data.onepassword_item.github",
            "module.onepassword_secrets.data.onepassword_item.glitchtip",
            "module.onepassword_secrets.data.onepassword_item.grafana",
            "module.onepassword_secrets.data.onepassword_item.mcphub",
            "module.onepassword_secrets.data.onepassword_item.n8n",
            "module.onepassword_secrets.data.onepassword_item.proxmox",
            "module.onepassword_secrets.data.onepassword_item.splunk",
            "module.onepassword_secrets.data.onepassword_item.supabase",
            "module.onepassword_secrets.data.onepassword_vault.this"
          ]
        },
        {
          "index_key": "coredns-Corefile",
          "schema_version": 0,
          "attributes": {
            "content": "# CoreDNS configuration for split DNS\n# Resolves *.jclee.me to Traefik for internal clients\n# Resolves *.homelab.local to individual host IPs\n# Rendered by Terraform - DO NOT EDIT MANUALLY\n\njclee.me:53 {\n    template IN A {\n        answer \"{{ .Name }} 60 IN A 192.168.50.102\"\n    }\n    template IN AAAA {\n        rcode NOERROR\n    }\n    log\n}\n\nhomelab.local:53 {\n    hosts {\n        192.168.50.108 archon.homelab.local\n        192.168.50.103 coredns.homelab.local\n        192.168.50.105 elk.homelab.local\n        192.168.50.106 glitchtip.homelab.local\n        192.168.50.104 grafana.homelab.local\n        192.168.50.80 jclee.homelab.local\n        192.168.50.200 jclee-dev.homelab.local\n        192.168.50.112 mcphub.homelab.local\n        192.168.50.109 ollama.homelab.local\n        192.168.50.100 pve.homelab.local\n        192.168.50.101 runner.homelab.local\n        192.168.50.107 supabase.homelab.local\n        192.168.50.215 synology.homelab.local\n        192.168.50.102 traefik.homelab.local\n        192.168.50.220 youtube.homelab.local\n        fallthrough\n    }\n    log\n}\n\n.:53 {\n    forward . 1.1.1.1 8.8.8.8\n    cache 300\n    log\n    errors\n    health :8080\n    ready :8181\n}\n",
            "content_base64": null,
            "content_base64sha256": "/BTJ9rmVwP9uz9qxXw/x1zStQZ2nvG2dkps0zmjTwak=",
            "content_base64sha512": "c3/TQujvu4Cm5jaaYi07C2qlhUlwhBFLSmReeFbU1zHAplXhiCwhxq0z05u4yRVS3rCUjFuxBPr+pQfaTn0+0w==",
            "content_md5": "b4d8c8261db92cd3acf9293a2a11dd16",
            "content_sha1": "c9f6c5f45a404dc46147e46da87760b93cb9706c",
            "content_sha256": "fc14c9f6b995c0ff6ecfdab15f0ff1d734ad419da7bc6d9d929b34ce68d3c1a9",
            "content_sha512": "737fd342e8efbb80a6e6369a622d3b0b6aa585497084114b4a645e7856d4d731c0a655e1882c21c6ad33d39bb8c91552deb0948c5bb104fafea507da4e7d3ed3",
            "directory_permission": "0700",
            "file_permission": "0644",
            "filename": "./configs/lxc-103-coredns/Corefile",
            "id": "c9f6c5f45a404dc46147e46da87760b93cb9706c",
            "source": null
          },
          "sensitive_attributes": [
            [
              {
                "type": "get_attr",
                "value": "content"
              }
            ],
            [
              {
                "type": "get_attr",
                "value": "content_base64"
              }
            ]
          ],
          "identity_schema_version": 0,
          "dependencies": [
            "module.onepassword_secrets.data.onepassword_item.archon",
            "module.onepassword_secrets.data.onepassword_item.cloudflare",
            "module.onepassword_secrets.data.onepassword_item.elk",
            "module.onepassword_secrets.data.onepassword_item.exa",
            "module.onepassword_secrets.data.onepassword_item.github",
            "module.onepassword_secrets.data.onepassword_item.glitchtip",
            "module.onepassword_secrets.data.onepassword_item.grafana",
            "module.onepassword_secrets.data.onepassword_item.mcphub",
            "module.onepassword_secrets.data.onepassword_item.n8n",
            "module.onepassword_secrets.data.onepassword_item.proxmox",
            "module.onepassword_secrets.data.onepassword_item.splunk",
            "module.onepassword_secrets.data.onepassword_item.supabase",
            "module.onepassword_secrets.data.onepassword_vault.this"
          ]
        },
        {
          "index_key": "coredns-filebeat.yml",
          "schema_version": 0,
          "attributes": {
            "content": "# Filebeat configuration for 103-coredns (Split DNS Resolver)\n# Rendered by Terraform - DO NOT EDIT MANUALLY\n\nfilebeat.autodiscover:\n  providers:\n    - type: docker\n      hints.enabled: true\n\nfilebeat.inputs:\n  # Docker container logs (coredns)\n  - type: filestream\n    id: docker-containers\n    paths:\n      - /var/lib/docker/containers/*/*.log\n    parsers:\n      - container: {}\n    prospector.scanner.symlinks: true\n    fields:\n      service: coredns\n      host_role: coredns\n    fields_under_root: false\n\n  # System logs\n  - type: filestream\n    id: system-logs\n    paths:\n      - /var/log/*.log\n      - /var/log/syslog\n    fields:\n      service: system\n      host_role: coredns\n    fields_under_root: false\n\nprocessors:\n  - add_host_metadata: ~\n  - add_docker_metadata:\n      host: \"unix:///var/run/docker.sock\"\n\noutput.logstash:\n  hosts: [\"192.168.50.105:5044\"]\n\nfilebeat.registry.path: /var/lib/filebeat/registry\nlogging.level: info\nlogging.to_files: true\nlogging.files:\n  path: /var/log/filebeat\n  name: filebeat\n  keepfiles: 7\n\nmax_message_bytes: 999999\n",
            "content_base64": null,
            "content_base64sha256": "IiWv1XNH9wU0Bd4wsY1xUh01rms/wd2xMf5kYmHUG28=",
            "content_base64sha512": "qtrhnLBSgGBiDVt4URgwIS3zH/h1qugiYq5kUOn5gsDqHE9LxoICvvxMc6KWBo84l+S8u3RHwwylBMpSnxolZg==",
            "content_md5": "4cc1dd3eefaca4ce33fb225265585a10",
            "content_sha1": "0ef2a893aa1ffb1ecf2e40e085516e117765133a",
            "content_sha256": "2225afd57347f7053405de30b18d71521d35ae6b3fc1ddb131fe646261d41b6f",
            "content_sha512": "aadae19cb0528060620d5b78511830212df31ff875aae82262ae6450e9f982c0ea1c4f4bc68202befc4c73a296068f3897e4bcbb7447c30ca504ca529f1a2566",
            "directory_permission": "0700",
            "file_permission": "0644",
            "filename": "./configs/lxc-103-coredns/filebeat.yml",
            "id": "0ef2a893aa1ffb1ecf2e40e085516e117765133a",
            "source": null
          },
          "sensitive_attributes": [
            [
              {
                "type": "get_attr",
                "value": "content"
              }
            ],
            [
              {
                "type": "get_attr",
                "value": "content_base64"
              }
            ]
          ],
          "identity_schema_version": 0,
          "dependencies": [
            "module.onepassword_secrets.data.onepassword_item.archon",
            "module.onepassword_secrets.data.onepassword_item.cloudflare",
            "module.onepassword_secrets.data.onepassword_item.elk",
            "module.onepassword_secrets.data.onepassword_item.exa",
            "module.onepassword_secrets.data.onepassword_item.github",
            "module.onepassword_secrets.data.onepassword_item.glitchtip",
            "module.onepassword_secrets.data.onepassword_item.grafana",
            "module.onepassword_secrets.data.onepassword_item.mcphub",
            "module.onepassword_secrets.data.onepassword_item.n8n",
            "module.onepassword_secrets.data.onepassword_item.proxmox",
            "module.onepassword_secrets.data.onepassword_item.splunk",
            "module.onepassword_secrets.data.onepassword_item.supabase",
            "module.onepassword_secrets.data.onepassword_vault.this"
          ]
        },
        {
          "index_key": "elk-Dockerfile.logstash",
          "schema_version": 0,
          "attributes": {
            "content": "FROM docker.elastic.co/logstash/logstash:8.17.0\n\n# Prometheus metrics are exposed via the logstash-exporter sidecar (port 9198).\n# Keep the base image unmodified to avoid JRuby plugin instability in LXC.\n",
            "content_base64": null,
            "content_base64sha256": "ENbnpwVou8sopSFnlYv3pIiqya1lf55Go/RvWy75X68=",
            "content_base64sha512": "JD/LpvjelpXZMhDeN5hdAlD3EWzdx/JfhNgQu03fW3tSLMBEYNsy1rXF7u85rh4IJ8zmQKp7K79K6LTRqq0S7w==",
            "content_md5": "b3ff24f261f4bf0fe453b3fbaa63399d",
            "content_sha1": "0f7f8031c48bee394f50d3da0cf96e0f7a5ddc76",
            "content_sha256": "10d6e7a70568bbcb28a52167958bf7a488aac9ad657f9e46a3f46f5b2ef95faf",
            "content_sha512": "243fcba6f8de9695d93210de37985d0250f7116cddc7f25f84d810bb4ddf5b7b522cc04460db32d6b5c5eeef39ae1e0827cce640aa7b2bbf4ae8b4d1aaad12ef",
            "directory_permission": "0700",
            "file_permission": "0644",
            "filename": "./configs/lxc-105-elk/Dockerfile.logstash",
            "id": "0f7f8031c48bee394f50d3da0cf96e0f7a5ddc76",
            "source": null
          },
          "sensitive_attributes": [
            [
              {
                "type": "get_attr",
                "value": "content"
              }
            ],
            [
              {
                "type": "get_attr",
                "value": "content_base64"
              }
            ]
          ],
          "identity_schema_version": 0,
          "dependencies": [
            "module.onepassword_secrets.data.onepassword_item.archon",
            "module.onepassword_secrets.data.onepassword_item.cloudflare",
            "module.onepassword_secrets.data.onepassword_item.elk",
            "module.onepassword_secrets.data.onepassword_item.exa",
            "module.onepassword_secrets.data.onepassword_item.github",
            "module.onepassword_secrets.data.onepassword_item.glitchtip",
            "module.onepassword_secrets.data.onepassword_item.grafana",
            "module.onepassword_secrets.data.onepassword_item.mcphub",
            "module.onepassword_secrets.data.onepassword_item.n8n",
            "module.onepassword_secrets.data.onepassword_item.proxmox",
            "module.onepassword_secrets.data.onepassword_item.splunk",
            "module.onepassword_secrets.data.onepassword_item.supabase",
            "module.onepassword_secrets.data.onepassword_vault.this"
          ]
        },
        {
          "index_key": "elk-filebeat.yml",
          "schema_version": 0,
          "attributes": {
            "content": "# Filebeat configuration for 105-elk (ELK Stack)\n# Rendered by Terraform - DO NOT EDIT MANUALLY\n\nfilebeat.autodiscover:\n  providers:\n    - type: docker\n      hints.enabled: true\n\nfilebeat.inputs:\n  # Docker container logs (elasticsearch, logstash, kibana)\n  - type: filestream\n    id: docker-containers\n    paths:\n      - /var/lib/docker/containers/*/*.log\n    parsers:\n      - container: {}\n    prospector.scanner.symlinks: true\n    fields:\n      service: elk\n      host_role: elk\n    fields_under_root: false\n\n  # System logs\n  - type: filestream\n    id: system-logs\n    paths:\n      - /var/log/*.log\n      - /var/log/syslog\n    fields:\n      service: system\n      host_role: elk\n    fields_under_root: false\n\nprocessors:\n  - add_host_metadata: ~\n  - add_docker_metadata:\n      host: \"unix:///var/run/docker.sock\"\n\noutput.logstash:\n  hosts: [\"192.168.50.105:5044\"]\n\nfilebeat.registry.path: /var/lib/filebeat/registry\nlogging.level: info\nlogging.to_files: true\nlogging.files:\n  path: /var/log/filebeat\n  name: filebeat\n  keepfiles: 7\n\nmax_message_bytes: 999999\n",
            "content_base64": null,
            "content_base64sha256": "ZOuFEg/kPR8aWMljYMQGev5HQdTM/vDjPfhO+6tEPGI=",
            "content_base64sha512": "/iAv7h7OwrpXpC9d0JTv1Zy20mRvqLsPLwWGe6sqJ8ywObY26RUbWU4uuUE6vJ3e2PxKZXj4kHPiYwt+zX7nEQ==",
            "content_md5": "c7cd7c1235cbfa2fd4099648debe42be",
            "content_sha1": "61d20950eeb5e3f3c95965c99c0d96fa9d610543",
            "content_sha256": "64eb85120fe43d1f1a58c96360c4067afe4741d4ccfef0e33df84efbab443c62",
            "content_sha512": "fe202fee1ecec2ba57a42f5dd094efd59cb6d2646fa8bb0f2f05867bab2a27ccb039b636e9151b594e2eb9413abc9dded8fc4a6578f89073e2630b7ecd7ee711",
            "directory_permission": "0700",
            "file_permission": "0644",
            "filename": "./configs/lxc-105-elk/filebeat.yml",
            "id": "61d20950eeb5e3f3c95965c99c0d96fa9d610543",
            "source": null
          },
          "sensitive_attributes": [
            [
              {
                "type": "get_attr",
                "value": "content"
              }
            ],
            [
              {
                "type": "get_attr",
                "value": "content_base64"
              }
            ]
          ],
          "identity_schema_version": 0,
          "dependencies": [
            "module.onepassword_secrets.data.onepassword_item.archon",
            "module.onepassword_secrets.data.onepassword_item.cloudflare",
            "module.onepassword_secrets.data.onepassword_item.elk",
            "module.onepassword_secrets.data.onepassword_item.exa",
            "module.onepassword_secrets.data.onepassword_item.github",
            "module.onepassword_secrets.data.onepassword_item.glitchtip",
            "module.onepassword_secrets.data.onepassword_item.grafana",
            "module.onepassword_secrets.data.onepassword_item.mcphub",
            "module.onepassword_secrets.data.onepassword_item.n8n",
            "module.onepassword_secrets.data.onepassword_item.proxmox",
            "module.onepassword_secrets.data.onepassword_item.splunk",
            "module.onepassword_secrets.data.onepassword_item.supabase",
            "module.onepassword_secrets.data.onepassword_vault.this"
          ]
        },
        {
          "index_key": "elk-ilm-policy.json",
          "schema_version": 0,
          "attributes": {
            "content": "{\n  \"policy\": {\n    \"phases\": {\n      \"hot\": {\n        \"min_age\": \"0ms\",\n        \"actions\": {\n          \"set_priority\": {\n            \"priority\": 100\n          }\n        }\n      },\n      \"delete\": {\n        \"min_age\": \"30d\",\n        \"actions\": {\n          \"delete\": {}\n        }\n      }\n    }\n  }\n}\n",
            "content_base64": null,
            "content_base64sha256": "ttD4D6BB74C3lWgKxcJf+f6sZGqGMQe5kYOYT1VfUos=",
            "content_base64sha512": "10N8NTauMsUEo3OcaFoF6fz/Jg0oq4Y+lXoCVDpxm6EK/p9P/uQb+qXs118TS3GhU2As6Uh+HiK6TBv2xp6qcg==",
            "content_md5": "d677ae404fb0f3eeb25fd41d6cc6ac56",
            "content_sha1": "9bfa2152b2b7ef1064f71fe8e70911fcca371f40",
            "content_sha256": "b6d0f80fa041ef80b795680ac5c25ff9feac646a863107b99183984f555f528b",
            "content_sha512": "d7437c3536ae32c504a3739c685a05e9fcff260d28ab863e957a02543a719ba10afe9f4ffee41bfaa5ecd75f134b71a153602ce9487e1e22ba4c1bf6c69eaa72",
            "directory_permission": "0700",
            "file_permission": "0644",
            "filename": "./configs/lxc-105-elk/ilm-policy.json",
            "id": "9bfa2152b2b7ef1064f71fe8e70911fcca371f40",
            "source": null
          },
          "sensitive_attributes": [
            [
              {
                "type": "get_attr",
                "value": "content"
              }
            ],
            [
              {
                "type": "get_attr",
                "value": "content_base64"
              }
            ]
          ],
          "identity_schema_version": 0,
          "dependencies": [
            "module.onepassword_secrets.data.onepassword_item.archon",
            "module.onepassword_secrets.data.onepassword_item.cloudflare",
            "module.onepassword_secrets.data.onepassword_item.elk",
            "module.onepassword_secrets.data.onepassword_item.exa",
            "module.onepassword_secrets.data.onepassword_item.github",
            "module.onepassword_secrets.data.onepassword_item.glitchtip",
            "module.onepassword_secrets.data.onepassword_item.grafana",
            "module.onepassword_secrets.data.onepassword_item.mcphub",
            "module.onepassword_secrets.data.onepassword_item.n8n",
            "module.onepassword_secrets.data.onepassword_item.proxmox",
            "module.onepassword_secrets.data.onepassword_item.splunk",
            "module.onepassword_secrets.data.onepassword_item.supabase",
            "module.onepassword_secrets.data.onepassword_vault.this"
          ]
        },
        {
          "index_key": "elk-logstash.conf",
          "schema_version": 0,
          "attributes": {
            "content": "input {\n  beats {\n    port =\u003e 5044\n  }\n\n  syslog {\n    port =\u003e 5000\n    type =\u003e \"syslog\"\n  }\n\n  http {\n    port  =\u003e 8080\n    type  =\u003e \"logpush\"\n    codec =\u003e json_lines\n  }\n}\n\nfilter {\n  # Filebeat 8.x container input puts log text in [event][original], not [message].\n  # Copy it to [message] so downstream grok/json filters work correctly.\n  if ![message] and [event][original] {\n    mutate {\n      copy =\u003e { \"[event][original]\" =\u003e \"message\" }\n    }\n  }\n\n  # Extract host metadata from Filebeat fields\n  if [host][name] and ![host_name] {\n    mutate {\n      add_field =\u003e { \"host_name\" =\u003e \"%{[host][name]}\" }\n    }\n  }\n  if [container][name] and ![container_name] {\n    mutate {\n      add_field =\u003e { \"container_name\" =\u003e \"%{[container][name]}\" }\n    }\n  }\n\n  # Truncate oversized messages to prevent OOM (Defense in depth)\n  if [message] {\n    truncate {\n      length_bytes =\u003e 999999\n      add_tag =\u003e [\"truncated\"]\n    }\n  }\n\n  # Extract service name from filebeat fields\n  if [fields][service] {\n    mutate {\n      add_field =\u003e { \"service\" =\u003e \"%{[fields][service]}\" }\n    }\n  }\n\n  # Fallback service extraction from Docker Compose label when filebeat fields are absent.\n  if ![service] and [container][labels][com_docker_compose_service] {\n    mutate {\n      add_field =\u003e { \"service\" =\u003e \"%{[container][labels][com_docker_compose_service]}\" }\n    }\n  }\n\n  # Strip ANSI color/control sequences so term queries and aggregations stay clean.\n  if [message] {\n    mutate {\n      gsub =\u003e [\n        \"message\", \"\\x1B\\[[0-9;]*[A-Za-z]\", \"\"\n      ]\n    }\n  }\n  if [event][original] {\n    mutate {\n      gsub =\u003e [\n        \"[event][original]\", \"\\x1B\\[[0-9;]*[A-Za-z]\", \"\"\n      ]\n    }\n  }\n\n  # Syslog parsing\n  if [type] == \"syslog\" {\n    grok {\n      match =\u003e { \"message\" =\u003e \"%{SYSLOGTIMESTAMP:syslog_timestamp} %{SYSLOGHOST:syslog_hostname} %{DATA:syslog_program}(?:\\\\[%{POSINT:syslog_pid}\\\\])?: %{GREEDYDATA:syslog_message}\" }\n      tag_on_failure =\u003e []\n    }\n    date {\n      match =\u003e [ \"syslog_timestamp\", \"MMM  d HH:mm:ss\", \"MMM dd HH:mm:ss\" ]\n    }\n  }\n  # Synology NAS syslog source identification\n  # Synology sends logs via DSM Log Center to Logstash syslog input (port 5000).\n  if [type] == \"syslog\" {\n    # Remove ECS service object set by syslog input plugin to avoid array collision\n    mutate { remove_field =\u003e [ \"service\" ] }\n    if [host][hostname] =~ /(?i)^(synology|ds920|diskstation)/ {\n      mutate {\n        add_field =\u003e { \"service\" =\u003e \"synology\" }\n      }\n    } else {\n      mutate {\n        add_field =\u003e { \"service\" =\u003e \"syslog\" }\n      }\n    }\n  }\n\n  # Cloudflare Workers Trace Events (Logpush → HTTP input)\n  if [type] == \"logpush\" {\n    mutate {\n      add_field =\u003e { \"service\" =\u003e \"cloudflare-workers\" }\n    }\n    if [ScriptName] {\n      mutate { add_field =\u003e { \"worker_script\" =\u003e \"%{[ScriptName]}\" } }\n    }\n    if [Outcome] and [Outcome] != \"ok\" {\n      mutate {\n        add_field =\u003e {\n          \"level\" =\u003e \"error\"\n          \"tier\" =\u003e \"2\"\n          \"error_classification\" =\u003e \"WORKER_FAILURE\"\n          \"error_severity\" =\u003e \"high\"\n        }\n      }\n    } else {\n      mutate { add_field =\u003e { \"level\" =\u003e \"info\" } }\n    }\n  }\n\n  # JSON log parsing (structured logs from apps)\n  if [message] =~ /^\\s*\\{/ {\n    json {\n      source =\u003e \"message\"\n      target =\u003e \"parsed\"\n      skip_on_invalid_json =\u003e true\n    }\n    if [parsed] {\n      if [parsed][level] {\n        mutate { add_field =\u003e { \"level\" =\u003e \"%{[parsed][level]}\" } }\n      }\n      if [parsed][msg] {\n        mutate { add_field =\u003e { \"log_message\" =\u003e \"%{[parsed][msg]}\" } }\n      } else if [parsed][message] {\n        mutate { add_field =\u003e { \"log_message\" =\u003e \"%{[parsed][message]}\" } }\n      }\n      if [parsed][error] {\n        mutate { add_field =\u003e { \"error_message\" =\u003e \"%{[parsed][error]}\" } }\n      }\n      if [parsed][service] and ![service] {\n        mutate { add_field =\u003e { \"service\" =\u003e \"%{[parsed][service]}\" } }\n      }\n    }\n  }\n\n  # Normalize log level to lowercase\n  if [level] {\n    mutate { lowercase =\u003e [ \"level\" ] }\n  }\n\n  # Extract level from unstructured messages if not already set\n  if ![level] {\n    grok {\n      match =\u003e { \"message\" =\u003e \"(?i)(?\u003clevel\u003efatal|panic|error|warn(?:ing)?|info|debug|trace)\" }\n      tag_on_failure =\u003e []\n    }\n    if [level] {\n      mutate { lowercase =\u003e [ \"level\" ] }\n      # Normalize common level aliases\n      if [level] == \"warning\" {\n        mutate { replace =\u003e { \"level\" =\u003e \"warn\" } }\n      } else if [level] == \"err\" {\n        mutate { replace =\u003e { \"level\" =\u003e \"error\" } }\n      } else if [level] in [\"crit\", \"critical\"] {\n        mutate { replace =\u003e { \"level\" =\u003e \"fatal\" } }\n      }\n    }\n  }\n\n  # Default level if still not set\n  if ![level] {\n    mutate { add_field =\u003e { \"level\" =\u003e \"info\" } }\n  }\n\n  # Error Classification: assign tier and error_code\n  # Tier 1 (Critical): System-level failures\n  # Tier 2 (High):     Service degradation, connectivity issues\n  # Tier 3 (Medium):   Application errors, handled failures\n  # Tier 4 (Low):      Warnings, deprecations\n  if ([message] =~ /(?i)(MCP error -32601: Method not found)/ and [message] =~ /(?i)(failed to get prompts)/) or [message] =~ /(?i)(failed to get prompt from MCP server)/ {\n    mutate {\n      add_field =\u003e {\n        \"tier\" =\u003e \"4\"\n        \"error_classification\" =\u003e \"MCP_OPTIONAL_ENDPOINT\"\n        \"error_severity\" =\u003e \"low\"\n      }\n    }\n  } else if [level] in [\"fatal\", \"panic\"] {\n    mutate {\n      add_field =\u003e {\n        \"tier\" =\u003e \"1\"\n        \"error_classification\" =\u003e \"CRITICAL_FAILURE\"\n        \"error_severity\" =\u003e \"critical\"\n      }\n    }\n  } else if [level] == \"error\" {\n    # OpenCode runtime: expected cancellations and transient conditions.\n    if [message] =~ /(?i)(service=session\\.processor error=The operation was aborted\\.|session\\.prompt .* cancel)/ {\n      mutate {\n        add_field =\u003e {\n          \"tier\" =\u003e \"4\"\n          \"error_classification\" =\u003e \"SESSION_CANCELLED\"\n          \"error_severity\" =\u003e \"low\"\n        }\n      }\n    } else if [message] =~ /(?i)(service=session\\.processor error=Rate limit exceeded\\. Please try again later\\.)/ {\n      mutate {\n        add_field =\u003e {\n          \"tier\" =\u003e \"4\"\n          \"error_classification\" =\u003e \"RATE_LIMIT_TRANSIENT\"\n          \"error_severity\" =\u003e \"low\"\n        }\n      }\n    } else if [message] =~ /(?i)(MCP error -32602|invalid arguments for (tool|prompt)|structured content does not match the tool's output schema)/ {\n      mutate {\n        add_field =\u003e {\n          \"tier\" =\u003e \"4\"\n          \"error_classification\" =\u003e \"MCP_CLIENT_REQUEST_ERROR\"\n          \"error_severity\" =\u003e \"low\"\n        }\n      }\n    } else if [message] =~ /(?i)(requestBodyValues|system\\\":\\[\\{\\\"type\\\":\\\"text\\\")/ and [message] =~ /(?i)(SSE error: Unable to connect|ECONNREFUSED|ETIMEDOUT|ENOTFOUND)/ {\n      mutate {\n        add_field =\u003e {\n          \"tier\" =\u003e \"4\"\n          \"error_classification\" =\u003e \"PAYLOAD_ARTIFACT\"\n          \"error_severity\" =\u003e \"low\"\n        }\n      }\n    } else if [message] =~ /(?i)(out of memory|oom|disk full|no space|segfault|core dump)/ {\n      mutate {\n        add_field =\u003e {\n          \"tier\" =\u003e \"1\"\n          \"error_classification\" =\u003e \"RESOURCE_EXHAUSTION\"\n          \"error_severity\" =\u003e \"critical\"\n        }\n      }\n    } else if [message] =~ /(?i)(connection refused|timeout|unreachable|dns|ECONNREFUSED|ETIMEDOUT)/ {\n      mutate {\n        add_field =\u003e {\n          \"tier\" =\u003e \"2\"\n          \"error_classification\" =\u003e \"CONNECTIVITY_FAILURE\"\n          \"error_severity\" =\u003e \"high\"\n        }\n      }\n    } else if [message] =~ /(?i)(502|503|504|bad gateway|service unavailable)/ {\n      mutate {\n        add_field =\u003e {\n          \"tier\" =\u003e \"2\"\n          \"error_classification\" =\u003e \"GATEWAY_ERROR\"\n          \"error_severity\" =\u003e \"high\"\n        }\n      }\n    } else if [message] =~ /(?i)(auth|unauthorized|forbidden|401|403|permission denied)/ {\n      mutate {\n        add_field =\u003e {\n          \"tier\" =\u003e \"3\"\n          \"error_classification\" =\u003e \"AUTH_FAILURE\"\n          \"error_severity\" =\u003e \"medium\"\n        }\n      }\n    } else if [message] =~ /(?i)(null|undefined|NaN|type.*error|cast|parse|syntax|JSON)/ {\n      mutate {\n        add_field =\u003e {\n          \"tier\" =\u003e \"3\"\n          \"error_classification\" =\u003e \"DATA_ERROR\"\n          \"error_severity\" =\u003e \"medium\"\n        }\n      }\n    } else {\n      mutate {\n        add_field =\u003e {\n          \"tier\" =\u003e \"3\"\n          \"error_classification\" =\u003e \"APPLICATION_ERROR\"\n          \"error_severity\" =\u003e \"medium\"\n        }\n      }\n    }\n  } else if [level] == \"warn\" {\n    if [message] =~ /(?i)(deprecated|deprecation|will be removed|end of life)/ {\n      mutate {\n        add_field =\u003e {\n          \"tier\" =\u003e \"4\"\n          \"error_classification\" =\u003e \"DEPRECATION\"\n          \"error_severity\" =\u003e \"low\"\n        }\n      }\n    } else {\n      mutate {\n        add_field =\u003e {\n          \"tier\" =\u003e \"4\"\n          \"error_classification\" =\u003e \"WARNING\"\n          \"error_severity\" =\u003e \"low\"\n        }\n      }\n    }\n  }\n\n  # Default tier/classification for non-error events (required for Prometheus labels)\n  if ![tier] {\n    mutate { add_field =\u003e { \"tier\" =\u003e \"0\" \"error_classification\" =\u003e \"NONE\" } }\n  }\n  # Set default service if not set\n  if ![service] {\n    mutate { add_field =\u003e { \"service\" =\u003e \"unknown\" } }\n  }\n\n  # Remove problematic OCI container labels that cause date parsing failures\n  # Docker sends empty strings for these fields but ES maps them as dates\n  mutate {\n    remove_field =\u003e [\n      \"[container][labels][org_opencontainers_image_created]\",\n      \"[container][labels][org_opencontainers_image_revision]\",\n      \"[container][labels][org_opencontainers_image_version]\"\n    ]\n  }\n\n  # Clean up parsed temp field\n  mutate {\n    remove_field =\u003e [ \"parsed\" ]\n  }\n}\n\noutput {\n  elasticsearch {\n    hosts =\u003e [\"elasticsearch:9200\"]\n    user =\u003e \"elastic\"\n    password =\u003e \"I93bmZ/uT3haNpdL9GJ+neTf\"\n    index =\u003e \"logs-%{[service]}-%{+YYYY.MM.dd}\"\n    retry_on_conflict =\u003e 3\n    retry_initial_interval =\u003e 2\n    retry_max_interval =\u003e 64\n  }\n\n  # Dead letter queue - capture failed events\n  if \"_elasticsearch_lookup_failure\" in [tags] or \"_grokparsefailure\" in [tags] {\n    file {\n      path =\u003e \"/usr/share/logstash/dlq/failed-%{+YYYY-MM-dd}.json\"\n      codec =\u003e json_lines\n    }\n  }\n\n\n  # Prometheus metrics for Grafana monitoring\n  # NOTE: logstash-output-prometheus v0.1.3 crashes in LXC/JRuby environments\n  # (jnr.netdb.Protocol.getProtocolByNumber stack trace from WEBrick).\n  # Correct syntax preserved below for reference. Consider logstash-exporter\n  # sidecar container as an alternative when Prometheus metrics are needed.\n  #\n  # prometheus {\n  #   port =\u003e 9198\n  #   increment =\u003e {\n  #     \"logstash_events_in_total\" =\u003e {\n  #       description =\u003e \"Total events processed by Logstash\"\n  #       type =\u003e \"counter\"\n  #       labels =\u003e {\n  #         service =\u003e \"%{[service]}\"\n  #         level =\u003e \"%{[level]}\"\n  #         host_name =\u003e \"%{[host_name]}\"\n  #       }\n  #     }\n  #     \"logstash_errors_total\" =\u003e {\n  #       description =\u003e \"Total error-level events by classification\"\n  #       type =\u003e \"counter\"\n  #       labels =\u003e {\n  #         service =\u003e \"%{[service]}\"\n  #         tier =\u003e \"%{[tier]}\"\n  #         error_classification =\u003e \"%{[error_classification]}\"\n  #       }\n  #     }\n  #   }\n  # }\n}\n",
            "content_base64": null,
            "content_base64sha256": "vFS/ZEjbbgIbyovRPlzB2gxNydyX2JHDCnPHRjpf18M=",
            "content_base64sha512": "ob01tH7l2MvePmClJI8w7gU9DQp74ZuxDTm37xdDeJTK5kKRY3VksgHA3mz1QR9RJ9pm5+gydJKIfPggKm1CeA==",
            "content_md5": "ccb8b714f96aadd50e22b2812581da22",
            "content_sha1": "8487cd578140a502f6c65f2b284938ec2de5db57",
            "content_sha256": "bc54bf6448db6e021bca8bd13e5cc1da0c4dc9dc97d891c30a73c7463a5fd7c3",
            "content_sha512": "a1bd35b47ee5d8cbde3e60a5248f30ee053d0d0a7be19bb10d39b7ef17437894cae64291637564b201c0de6cf5411f5127da66e7e8327492887cf8202a6d4278",
            "directory_permission": "0700",
            "file_permission": "0644",
            "filename": "./configs/lxc-105-elk/logstash.conf",
            "id": "8487cd578140a502f6c65f2b284938ec2de5db57",
            "source": null
          },
          "sensitive_attributes": [
            [
              {
                "type": "get_attr",
                "value": "content"
              }
            ],
            [
              {
                "type": "get_attr",
                "value": "content_base64"
              }
            ]
          ],
          "identity_schema_version": 0,
          "dependencies": [
            "module.onepassword_secrets.data.onepassword_item.archon",
            "module.onepassword_secrets.data.onepassword_item.cloudflare",
            "module.onepassword_secrets.data.onepassword_item.elk",
            "module.onepassword_secrets.data.onepassword_item.exa",
            "module.onepassword_secrets.data.onepassword_item.github",
            "module.onepassword_secrets.data.onepassword_item.glitchtip",
            "module.onepassword_secrets.data.onepassword_item.grafana",
            "module.onepassword_secrets.data.onepassword_item.mcphub",
            "module.onepassword_secrets.data.onepassword_item.n8n",
            "module.onepassword_secrets.data.onepassword_item.proxmox",
            "module.onepassword_secrets.data.onepassword_item.splunk",
            "module.onepassword_secrets.data.onepassword_item.supabase",
            "module.onepassword_secrets.data.onepassword_vault.this"
          ]
        },
        {
          "index_key": "elk-logstash.yml",
          "schema_version": 0,
          "attributes": {
            "content": "http.host: \"0.0.0.0\"\nxpack.monitoring.elasticsearch.hosts:\n  - \"http://elasticsearch:9200\"\nxpack.monitoring.elasticsearch.username: \"${ELASTICSEARCH_USERNAME}\"\nxpack.monitoring.elasticsearch.password: \"${ELASTICSEARCH_PASSWORD}\"\ndead_letter_queue.enable: true\ndead_letter_queue.max_bytes: \"1024mb\"\n",
            "content_base64": null,
            "content_base64sha256": "RpkYmXYCvts8LeLMHf2f3ZiFZYaVkANG2boTrwluHgg=",
            "content_base64sha512": "RtL0qKyunIZif6ytdYGv4oo35ef7XdfX0OnFAhKit5viU5+quEPfEHM8zL6CheeugFb7v2aut9mCJEInSZ9TbA==",
            "content_md5": "47cc192a325703b67aaf200e56a7087a",
            "content_sha1": "6e3673485a0b06bdbb15f39f003e3e839ebcfc76",
            "content_sha256": "469918997602bedb3c2de2cc1dfd9fdd9885658695900346d9ba13af096e1e08",
            "content_sha512": "46d2f4a8acae9c86627facad7581afe28a37e5e7fb5dd7d7d0e9c50212a2b79be2539faab843df10733cccbe8285e7ae8056fbbf66aeb7d982244227499f536c",
            "directory_permission": "0700",
            "file_permission": "0644",
            "filename": "./configs/lxc-105-elk/logstash.yml",
            "id": "6e3673485a0b06bdbb15f39f003e3e839ebcfc76",
            "source": null
          },
          "sensitive_attributes": [
            [
              {
                "type": "get_attr",
                "value": "content"
              }
            ],
            [
              {
                "type": "get_attr",
                "value": "content_base64"
              }
            ]
          ],
          "identity_schema_version": 0,
          "dependencies": [
            "module.onepassword_secrets.data.onepassword_item.archon",
            "module.onepassword_secrets.data.onepassword_item.cloudflare",
            "module.onepassword_secrets.data.onepassword_item.elk",
            "module.onepassword_secrets.data.onepassword_item.exa",
            "module.onepassword_secrets.data.onepassword_item.github",
            "module.onepassword_secrets.data.onepassword_item.glitchtip",
            "module.onepassword_secrets.data.onepassword_item.grafana",
            "module.onepassword_secrets.data.onepassword_item.mcphub",
            "module.onepassword_secrets.data.onepassword_item.n8n",
            "module.onepassword_secrets.data.onepassword_item.proxmox",
            "module.onepassword_secrets.data.onepassword_item.splunk",
            "module.onepassword_secrets.data.onepassword_item.supabase",
            "module.onepassword_secrets.data.onepassword_vault.this"
          ]
        },
        {
          "index_key": "elk-setup-ilm.sh",
          "schema_version": 0,
          "attributes": {
            "content": "#!/usr/bin/env bash\n# Managed by Terraform — do not edit manually\n# Sets up tiered ILM policies and index templates for log retention\n#\n# Tiers:\n#   critical  (90d) — core infrastructure: elk, supabase, grafana\n#   standard  (30d) — application services: traefik, archon, mcphub, glitchtip, runner\n#   ephemeral  (7d) — debug, unknown, temporary\nset -euo pipefail\n\nES_HOST=\"http://localhost:9200\"\nES_AUTH=\"elastic:I93bmZ/uT3haNpdL9GJ+neTf\"\n\necho \"Waiting for Elasticsearch...\"\nuntil curl -sf -u \"${ES_AUTH}\" \"${ES_HOST}/_cluster/health\" \u003e /dev/null 2\u003e\u00261; do\n  sleep 5\ndone\necho \"Elasticsearch is ready.\"\n\n# —— ILM Policies ————————————————————————————————————————————————\n\ncreate_ilm_policy() {\n  local name=\"$1\" delete_after=\"$2\"\n  echo \"Creating ILM policy: ${name} (delete after ${delete_after})\"\n  curl -sf -u \"${ES_AUTH}\" -X PUT \"${ES_HOST}/_ilm/policy/${name}\" \\\n    -H 'Content-Type: application/json' \\\n    -d '{\n    \"policy\": {\n      \"phases\": {\n        \"hot\": {\n          \"min_age\": \"0ms\",\n          \"actions\": {\n            \"set_priority\": { \"priority\": 100 }\n          }\n        },\n        \"delete\": {\n          \"min_age\": \"'\"${delete_after}\"'\",\n          \"actions\": {\n            \"delete\": {}\n          }\n        }\n      }\n    }\n  }'\n  echo\n}\n\ncreate_ilm_policy \"homelab-logs-critical-90d\"  \"90d\"\ncreate_ilm_policy \"homelab-logs-30d\"           \"30d\"\ncreate_ilm_policy \"homelab-logs-ephemeral-7d\"  \"7d\"\n\n# —— Index Templates —————————————————————————————————————————————\n# Priority determines which template wins when multiple patterns match.\n# Higher priority = takes precedence.\n#   critical  (300) — specific critical service patterns\n#   ephemeral (250) — specific ephemeral patterns\n#   standard  (200) — catch-all logs-* (default tier)\n\ncreate_index_template() {\n  local name=\"$1\" policy=\"$2\" priority=\"$3\"\n  shift 3\n  # Remaining args are index patterns\n  local patterns\n  patterns=$(printf '\"%s\",' \"$@\")\n  patterns=\"[${patterns%,}]\"\n\n  echo \"Creating index template: ${name} (policy=${policy}, priority=${priority})\"\n  curl -sf -u \"${ES_AUTH}\" -X PUT \"${ES_HOST}/_index_template/${name}\" \\\n    -H 'Content-Type: application/json' \\\n    -d '{\n    \"index_patterns\": '\"${patterns}\"',\n    \"priority\": '\"${priority}\"',\n    \"template\": {\n      \"settings\": {\n        \"number_of_shards\": 1,\n        \"number_of_replicas\": 0,\n        \"index.lifecycle.name\": \"'\"${policy}\"'\"\n      }\n    }\n  }'\n  echo\n}\n\n# Critical tier: core infrastructure services (90d retention)\ncreate_index_template \"logs-critical\" \"homelab-logs-critical-90d\" 300 \\\n  \"logs-elk-*\" \"logs-supabase-*\" \"logs-grafana-*\"\n\n# Ephemeral tier: debug and unknown sources (7d retention)\ncreate_index_template \"logs-ephemeral\" \"homelab-logs-ephemeral-7d\" 250 \\\n  \"logs-unknown-*\" \"logs-debug-*\"\n\n# Standard tier: catch-all for remaining services (30d retention)\ncreate_index_template \"logs-standard\" \"homelab-logs-30d\" 200 \\\n  \"logs-*\"\n\necho \"ILM setup complete. Three tiers configured:\"\necho \"  critical  (90d): elk, supabase, grafana\"\necho \"  standard  (30d): all other services (default)\"\necho \"  ephemeral  (7d): unknown, debug\"\n",
            "content_base64": null,
            "content_base64sha256": "3cfYlzHP+zaZfQK4JAUZgi3ARJIJNJdZ2WSU6PJgklY=",
            "content_base64sha512": "ionEaY4P6jkfSuxRGv9qgLk68DFx+mxyA9by4cXjPQjNkpZLOIhCKIN/mMwDKR68TcvpBhpvemKUChywQJh8jQ==",
            "content_md5": "4c374de6a3d94178289fc60df156f33f",
            "content_sha1": "6069d1255b2add76e164d6d1efc0d59fb40d7555",
            "content_sha256": "ddc7d89731cffb36997d02b8240519822dc0449209349759d96494e8f2609256",
            "content_sha512": "8a89c4698e0fea391f4aec511aff6a80b93af03171fa6c7203d6f2e1c5e33d08cd92964b38884228837f98cc03291ebc4dcbe9061a6f7a62940a1cb040987c8d",
            "directory_permission": "0700",
            "file_permission": "0644",
            "filename": "./configs/lxc-105-elk/setup-ilm.sh",
            "id": "6069d1255b2add76e164d6d1efc0d59fb40d7555",
            "source": null
          },
          "sensitive_attributes": [
            [
              {
                "type": "get_attr",
                "value": "content"
              }
            ],
            [
              {
                "type": "get_attr",
                "value": "content_base64"
              }
            ]
          ],
          "identity_schema_version": 0,
          "dependencies": [
            "module.onepassword_secrets.data.onepassword_item.archon",
            "module.onepassword_secrets.data.onepassword_item.cloudflare",
            "module.onepassword_secrets.data.onepassword_item.elk",
            "module.onepassword_secrets.data.onepassword_item.exa",
            "module.onepassword_secrets.data.onepassword_item.github",
            "module.onepassword_secrets.data.onepassword_item.glitchtip",
            "module.onepassword_secrets.data.onepassword_item.grafana",
            "module.onepassword_secrets.data.onepassword_item.mcphub",
            "module.onepassword_secrets.data.onepassword_item.n8n",
            "module.onepassword_secrets.data.onepassword_item.proxmox",
            "module.onepassword_secrets.data.onepassword_item.splunk",
            "module.onepassword_secrets.data.onepassword_item.supabase",
            "module.onepassword_secrets.data.onepassword_vault.this"
          ]
        },
        {
          "index_key": "grafana-filebeat.yml",
          "schema_version": 0,
          "attributes": {
            "content": "# Filebeat configuration for 104-grafana (Observability Stack)\n# Rendered by Terraform - DO NOT EDIT MANUALLY\n\nfilebeat.autodiscover:\n  providers:\n    - type: docker\n      hints.enabled: true\n\nfilebeat.inputs:\n  # Docker container logs (prometheus, grafana, tempo, blackbox-exporter)\n  - type: filestream\n    id: docker-containers\n    paths:\n      - /var/lib/docker/containers/*/*.log\n    parsers:\n      - container: {}\n    prospector.scanner.symlinks: true\n    fields:\n      service: grafana\n      host_role: grafana\n    fields_under_root: false\n\n  # System logs\n  - type: filestream\n    id: system-logs\n    paths:\n      - /var/log/*.log\n      - /var/log/syslog\n    fields:\n      service: system\n      host_role: grafana\n    fields_under_root: false\n\nprocessors:\n  - add_host_metadata: ~\n  - add_docker_metadata:\n      host: \"unix:///var/run/docker.sock\"\n\noutput.logstash:\n  hosts: [\"192.168.50.105:5044\"]\n\nfilebeat.registry.path: /var/lib/filebeat/registry\nlogging.level: info\nlogging.to_files: true\nlogging.files:\n  path: /var/log/filebeat\n  name: filebeat\n  keepfiles: 7\n\nmax_message_bytes: 999999\n",
            "content_base64": null,
            "content_base64sha256": "Bayj1jsRD3mAfb+RsIjCa82tALHTpv6ANHWbqJnKzTk=",
            "content_base64sha512": "6YVP+Swv4up9oB1Ih1fDJlwB9JLiiBP7XmgLo6+pgZlETuUVtXe3Y58FJ5GvmDCGOt6uWyKmryQMHM1oirxcAQ==",
            "content_md5": "dd5fc8b6e6d2448180410dd7573667d3",
            "content_sha1": "8ce9d6d6b9bffe9da966d1b88b5e96a64203e2ed",
            "content_sha256": "05aca3d63b110f79807dbf91b088c26bcdad00b1d3a6fe8034759ba899cacd39",
            "content_sha512": "e9854ff92c2fe2ea7da01d488757c3265c01f492e28813fb5e680ba3afa98199444ee515b577b7639f052791af9830863adeae5b22a6af240c1ccd688abc5c01",
            "directory_permission": "0700",
            "file_permission": "0644",
            "filename": "./configs/lxc-104-grafana/filebeat.yml",
            "id": "8ce9d6d6b9bffe9da966d1b88b5e96a64203e2ed",
            "source": null
          },
          "sensitive_attributes": [
            [
              {
                "type": "get_attr",
                "value": "content"
              }
            ],
            [
              {
                "type": "get_attr",
                "value": "content_base64"
              }
            ]
          ],
          "identity_schema_version": 0,
          "dependencies": [
            "module.onepassword_secrets.data.onepassword_item.archon",
            "module.onepassword_secrets.data.onepassword_item.cloudflare",
            "module.onepassword_secrets.data.onepassword_item.elk",
            "module.onepassword_secrets.data.onepassword_item.exa",
            "module.onepassword_secrets.data.onepassword_item.github",
            "module.onepassword_secrets.data.onepassword_item.glitchtip",
            "module.onepassword_secrets.data.onepassword_item.grafana",
            "module.onepassword_secrets.data.onepassword_item.mcphub",
            "module.onepassword_secrets.data.onepassword_item.n8n",
            "module.onepassword_secrets.data.onepassword_item.proxmox",
            "module.onepassword_secrets.data.onepassword_item.splunk",
            "module.onepassword_secrets.data.onepassword_item.supabase",
            "module.onepassword_secrets.data.onepassword_vault.this"
          ]
        },
        {
          "index_key": "grafana-grafana-datasources.yml",
          "schema_version": 0,
          "attributes": {
            "content": "apiVersion: 1\n\ndatasources:\n  - name: Prometheus\n    type: prometheus\n    access: proxy\n    url: http://prometheus:9090\n    isDefault: true\n    editable: false\n\n  - name: Elasticsearch\n    type: elasticsearch\n    access: proxy\n    url: http://192.168.50.105:9200\n    database: \"logs-*\"\n    isDefault: false\n    basicAuth: true\n    basicAuthUser: elastic\n    secureJsonData:\n      basicAuthPassword: \"I93bmZ/uT3haNpdL9GJ+neTf\"\n    jsonData:\n      timeField: \"@timestamp\"\n      esVersion: \"8.0.0\"\n      logMessageField: message\n      logLevelField: level\n    editable: false\n",
            "content_base64": null,
            "content_base64sha256": "J9Xdx64HQ8dgJypyUIpXShzhLUQKtWo7xzlIaSeUz90=",
            "content_base64sha512": "KVhGibA1XlGbM17XGi904X+EYWbLSh6XjeAH3oaJIsl8ZV3MS+WyVEbG/DCMj2ph9GnseBrONUrhEYLwemF6OA==",
            "content_md5": "a9a442b6d7bfc544af6b6d9fcc95989f",
            "content_sha1": "4ecb03f6d4bab6a2fdeb7f7a348aa99e4a481d8f",
            "content_sha256": "27d5ddc7ae0743c760272a72508a574a1ce12d440ab56a3bc73948692794cfdd",
            "content_sha512": "29584689b0355e519b335ed71a2f74e17f846166cb4a1e978de007de868922c97c655dcc4be5b25446c6fc308c8f6a61f469ec781ace354ae11182f07a617a38",
            "directory_permission": "0700",
            "file_permission": "0644",
            "filename": "./configs/lxc-104-grafana/grafana-datasources.yml",
            "id": "4ecb03f6d4bab6a2fdeb7f7a348aa99e4a481d8f",
            "source": null
          },
          "sensitive_attributes": [
            [
              {
                "type": "get_attr",
                "value": "content"
              }
            ],
            [
              {
                "type": "get_attr",
                "value": "content_base64"
              }
            ]
          ],
          "identity_schema_version": 0,
          "dependencies": [
            "module.onepassword_secrets.data.onepassword_item.archon",
            "module.onepassword_secrets.data.onepassword_item.cloudflare",
            "module.onepassword_secrets.data.onepassword_item.elk",
            "module.onepassword_secrets.data.onepassword_item.exa",
            "module.onepassword_secrets.data.onepassword_item.github",
            "module.onepassword_secrets.data.onepassword_item.glitchtip",
            "module.onepassword_secrets.data.onepassword_item.grafana",
            "module.onepassword_secrets.data.onepassword_item.mcphub",
            "module.onepassword_secrets.data.onepassword_item.n8n",
            "module.onepassword_secrets.data.onepassword_item.proxmox",
            "module.onepassword_secrets.data.onepassword_item.splunk",
            "module.onepassword_secrets.data.onepassword_item.supabase",
            "module.onepassword_secrets.data.onepassword_vault.this"
          ]
        },
        {
          "index_key": "grafana-prometheus.yml",
          "schema_version": 0,
          "attributes": {
            "content": "global:\n  scrape_interval: 15s\n  evaluation_interval: 15s\n\nscrape_configs:\n  - job_name: 'prometheus'\n    static_configs:\n      - targets: ['localhost:9090']\n\n  - job_name: 'node'\n    static_configs:\n      - targets: ['192.168.50.104:9100']\n\n  - job_name: 'traefik'\n    static_configs:\n      - targets: ['192.168.50.102:8080']\n\n  - job_name: 'infrastructure-nodes'\n    static_configs:\n      - targets:\n          - '192.168.50.108:9100'\n          - '192.168.50.103:9100'\n          - '192.168.50.105:9100'\n          - '192.168.50.106:9100'\n          - '192.168.50.104:9100'\n          - '192.168.50.112:9100'\n          - '192.168.50.109:9100'\n          - '192.168.50.101:9100'\n          - '192.168.50.107:9100'\n          - '192.168.50.102:9100'\n          - '192.168.50.220:9100'\n    relabel_configs:\n      - source_labels: [__address__]\n        regex: '192\\.168\\.50\\.(\\d+):.*'\n        replacement: '${1}'\n        target_label: vmid\n\n  - job_name: 'logstash'\n    metrics_path: /metrics\n    static_configs:\n      - targets: ['192.168.50.105:9198']\n        labels:\n          service: logstash\n\n  - job_name: 'blackbox-http'\n    metrics_path: /probe\n    params:\n      module: [http_2xx]\n    static_configs:\n      - targets:\n          - 'http://192.168.50.112:5678/healthz'\n          - 'http://192.168.50.106:8000/_health/'\n          - 'http://192.168.50.112:3000/'\n          - 'http://192.168.50.102:8080/api/overview'\n          - 'http://elastic:I93bmZ/uT3haNpdL9GJ+neTf@192.168.50.105:9200/_cluster/health'\n          - 'http://192.168.50.104:3000/api/health'\n          - 'http://192.168.50.107:8000/rest/v1/'\n          - 'http://192.168.50.108:3737/'\n    relabel_configs:\n      - source_labels: [__address__]\n        target_label: __param_target\n      - source_labels: [__param_target]\n        target_label: instance\n      - target_label: __address__\n        replacement: blackbox-exporter:9115\n",
            "content_base64": null,
            "content_base64sha256": "LWFXWDT1Ajuap3ccm8rS399zgMh4wEsuqMuW4RbRgs8=",
            "content_base64sha512": "cgPIqq8FYt1G35Ts0ml48NAvTcUbKNW98tyKfLUJjrrohbGZ4IpzdzMVYFafx4rT7gaiAOWFmzHxuCpMDJzcXw==",
            "content_md5": "992e5ea7f66fd8864e58df6a4ad0fb82",
            "content_sha1": "433341102193e6de3c6fbde8507ecef820c3713c",
            "content_sha256": "2d61575834f5023b9aa7771c9bcad2dfdf7380c878c04b2ea8cb96e116d182cf",
            "content_sha512": "7203c8aaaf0562dd46df94ecd26978f0d02f4dc51b28d5bdf2dc8a7cb5098ebae885b199e08a7377331560569fc78ad3ee06a200e5859b31f1b82a4c0c9cdc5f",
            "directory_permission": "0700",
            "file_permission": "0644",
            "filename": "./configs/lxc-104-grafana/prometheus.yml",
            "id": "433341102193e6de3c6fbde8507ecef820c3713c",
            "source": null
          },
          "sensitive_attributes": [
            [
              {
                "type": "get_attr",
                "value": "content"
              }
            ],
            [
              {
                "type": "get_attr",
                "value": "content_base64"
              }
            ]
          ],
          "identity_schema_version": 0,
          "dependencies": [
            "module.onepassword_secrets.data.onepassword_item.archon",
            "module.onepassword_secrets.data.onepassword_item.cloudflare",
            "module.onepassword_secrets.data.onepassword_item.elk",
            "module.onepassword_secrets.data.onepassword_item.exa",
            "module.onepassword_secrets.data.onepassword_item.github",
            "module.onepassword_secrets.data.onepassword_item.glitchtip",
            "module.onepassword_secrets.data.onepassword_item.grafana",
            "module.onepassword_secrets.data.onepassword_item.mcphub",
            "module.onepassword_secrets.data.onepassword_item.n8n",
            "module.onepassword_secrets.data.onepassword_item.proxmox",
            "module.onepassword_secrets.data.onepassword_item.splunk",
            "module.onepassword_secrets.data.onepassword_item.supabase",
            "module.onepassword_secrets.data.onepassword_vault.this"
          ]
        },
        {
          "index_key": "n8n-Dockerfile.n8n",
          "schema_version": 0,
          "attributes": {
            "content": "FROM n8nio/n8n:2.8.1\n\n# Enterprise license patches — enable all features for self-hosted deployment\n# Patched methods: isLicensed() → true, getValue() → UNLIMITED_LICENSE_QUOTA,\n# getPlanName() → 'Enterprise', getMainPlan() → mock entitlement, getInfo() → 'Enterprise (patched)'\nCOPY patches/license.js /usr/local/lib/node_modules/n8n/dist/license.js\n\n# Patched methods: isLicensed() → true, getValue() → UNLIMITED with special time-based quota handling\nCOPY patches/license-state.js /usr/local/lib/node_modules/n8n/node_modules/.pnpm/@n8n+backend-common@file+packages+@n8n+backend-common/node_modules/@n8n/backend-common/dist/license-state.js\n",
            "content_base64": null,
            "content_base64sha256": "xlijXDW0omkk5xBPA2JBwk9950A7qOgdjqa2dRV65bM=",
            "content_base64sha512": "AR6oC60R6j+qIs3djN+cz2Q2uCskBSHNEvvtJPBO+NcJXGCh7vo1iqFJZFmefndZqk/5QNJ8cX/qLzFIe6VpxA==",
            "content_md5": "ccc2a9aa45894789024f2f7fbc2a0aed",
            "content_sha1": "99f7dc1848a2df24c1b1061b6fa62f52a177b776",
            "content_sha256": "c658a35c35b4a26924e7104f036241c24f7de7403ba8e81d8ea6b675157ae5b3",
            "content_sha512": "011ea80bad11ea3faa22cddd8cdf9ccf6436b82b240521cd12fbed24f04ef8d7095c60a1eefa358aa14964599e7e7759aa4ff940d27c717fea2f31487ba569c4",
            "directory_permission": "0700",
            "file_permission": "0644",
            "filename": "./configs/lxc-110-n8n/Dockerfile.n8n",
            "id": "99f7dc1848a2df24c1b1061b6fa62f52a177b776",
            "source": null
          },
          "sensitive_attributes": [
            [
              {
                "type": "get_attr",
                "value": "content"
              }
            ],
            [
              {
                "type": "get_attr",
                "value": "content_base64"
              }
            ]
          ],
          "identity_schema_version": 0,
          "dependencies": [
            "module.onepassword_secrets.data.onepassword_item.this",
            "module.onepassword_secrets.data.onepassword_vault.this"
          ]
        },
        {
          "index_key": "n8n-filebeat.yml",
          "schema_version": 0,
          "attributes": {
            "content": "# Filebeat configuration for 110-n8n (Workflow Automation)\n# Rendered by Terraform - DO NOT EDIT MANUALLY\n\nfilebeat.autodiscover:\n  providers:\n    - type: docker\n      hints.enabled: true\n\nfilebeat.inputs:\n  # Docker container logs (n8n, n8n-postgres, n8n-cadvisor, n8n-postgres-exporter)\n  - type: filestream\n    id: docker-containers\n    paths:\n      - /var/lib/docker/containers/*/*.log\n    parsers:\n      - container: {}\n    prospector.scanner.symlinks: true\n    fields:\n      service: n8n\n      host_role: n8n\n    fields_under_root: false\n\n  # System logs\n  - type: filestream\n    id: system-logs\n    paths:\n      - /var/log/*.log\n      - /var/log/syslog\n    fields:\n      service: system\n      host_role: n8n\n    fields_under_root: false\n\nprocessors:\n  - add_host_metadata: ~\n  - add_docker_metadata:\n      host: \"unix:///var/run/docker.sock\"\n\noutput.logstash:\n  hosts: [\"192.168.50.105:5044\"]\n\nfilebeat.registry.path: /var/lib/filebeat/registry\nlogging.level: info\nlogging.to_files: true\nlogging.files:\n  path: /var/log/filebeat\n  name: filebeat\n  keepfiles: 7\n\nmax_message_bytes: 999999\n",
            "content_base64": null,
            "content_base64sha256": "WGJ+mjePvcfUQZ2aNjUyOx4lP5FUtwIEuJ3WFeHh33M=",
            "content_base64sha512": "NKOuDf0iXqCOtoy+kJDABrxXgiczTYPzw2ndr9vJilQ0+Ro8xADVEhLlCXdEcDWEU913jGRXIM7ezkBqtMOxlg==",
            "content_md5": "c46017e68c862617d179f317718f27a1",
            "content_sha1": "572ade4f7174563730f96b881528a2cf0f79e0a7",
            "content_sha256": "58627e9a378fbdc7d4419d9a3635323b1e253f9154b70204b89dd615e1e1df73",
            "content_sha512": "34a3ae0dfd225ea08eb68cbe9090c006bc578227334d83f3c369ddafdbc98a5434f91a3cc400d51212e509774470358453dd778c645720cedece406ab4c3b196",
            "directory_permission": "0700",
            "file_permission": "0644",
            "filename": "./configs/lxc-110-n8n/filebeat.yml",
            "id": "572ade4f7174563730f96b881528a2cf0f79e0a7",
            "source": null
          },
          "sensitive_attributes": [
            [
              {
                "type": "get_attr",
                "value": "content"
              }
            ],
            [
              {
                "type": "get_attr",
                "value": "content_base64"
              }
            ]
          ],
          "identity_schema_version": 0,
          "dependencies": [
            "module.onepassword_secrets.data.onepassword_item.this",
            "module.onepassword_secrets.data.onepassword_vault.this"
          ]
        },
        {
          "index_key": "n8n-n8n.env",
          "schema_version": 0,
          "attributes": {
            "content": "# ── Database (PostgreSQL) ──\nDB_TYPE=postgresdb\nDB_POSTGRESDB_HOST=postgres\nDB_POSTGRESDB_PORT=5432\nDB_POSTGRESDB_DATABASE=n8n\nDB_POSTGRESDB_USER=n8n\nDB_POSTGRESDB_PASSWORD=ncR9fdvI13RCnguYuxGJ7iSi\nN8N_ENCRYPTION_KEY=aa9001f428beb62ae0a5c490e2d4b5b7c7350f8a6feb722b7818020415490ef2\n\n# ── Core ──\nN8N_HOST=n8n.jclee.me\nN8N_PORT=5678\nN8N_PROTOCOL=https\nN8N_SECURE_COOKIE=false\nTZ=Asia/Seoul\nWEBHOOK_URL=https://n8n.jclee.me/\n\n# ── API (1Password: n8n → api_key) ──\nN8N_API_ENABLED=true\nN8N_API_KEY=eyJhbGciOiJIUzI1NiIsInR5cCI6IkpXVCJ9.eyJzdWIiOiJkZDFhZDdhMS01ODA5LTRkNTYtYWU2Zi02MmRlNGRkNjc3MjMiLCJpc3MiOiJuOG4iLCJhdWQiOiJwdWJsaWMtYXBpIiwianRpIjoiODhjNDJiOWUtNThjOC00NGJmLTk2ZDQtZGJmZmZiNGRhYTg2IiwiaWF0IjoxNzcwNzEwNTYzLCJleHAiOjE3Nzg0NzIwMDB9.nSdSyLnxtIk7QaHIVGz6xZB_-ZqBFeXcCzl92KIfRu4\n\n# ── Features ──\nN8N_COMMUNITY_PACKAGES_ENABLED=true\nN8N_TEMPLATES_ENABLED=true\nN8N_VERSION_NOTIFICATIONS_ENABLED=true\nN8N_PERSONALIZATION_ENABLED=true\nN8N_HIRING_BANNER_ENABLED=false\nN8N_DIAGNOSTICS_ENABLED=false\n\n# ── Metrics (Prometheus /metrics) ──\nN8N_METRICS=true\nN8N_METRICS_INCLUDE_DEFAULT_METRICS=true\nN8N_METRICS_INCLUDE_API_ENDPOINTS=true\nN8N_METRICS_INCLUDE_API_PATH_LABEL=true\nN8N_METRICS_INCLUDE_API_METHOD_LABEL=true\nN8N_METRICS_INCLUDE_API_STATUS_CODE_LABEL=true\nN8N_METRICS_INCLUDE_CACHE_METRICS=true\nN8N_METRICS_INCLUDE_MESSAGE_EVENT_BUS_METRICS=true\nN8N_METRICS_INCLUDE_WORKFLOW_ID_LABEL=true\nN8N_METRICS_INCLUDE_NODE_TYPE_LABEL=true\nN8N_METRICS_INCLUDE_CREDENTIAL_TYPE_LABEL=true\n\n# ── Execution ──\nEXECUTIONS_DATA_SAVE_ON_ERROR=all\nEXECUTIONS_DATA_SAVE_ON_SUCCESS=all\nEXECUTIONS_DATA_SAVE_MANUAL_EXECUTIONS=true\nEXECUTIONS_DATA_PRUNE=true\nEXECUTIONS_DATA_MAX_AGE=336\nN8N_EXECUTION_TIMEOUT=300\n\n# ── Logging ──\nN8N_LOG_LEVEL=info\nN8N_LOG_OUTPUT=console\n\n# ── External integrations ──\nGITHUB_TOKEN=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\nN8N_SENTRY_DSN=\n\n# ── Payload ──\nN8N_PAYLOAD_SIZE_MAX=16\n",
            "content_base64": null,
            "content_base64sha256": "v+1lNf96zKW5rXBnnR+nZuikSkeJK5eU0OaScxp2SLQ=",
            "content_base64sha512": "sR6KOdYFrC5sBfzuuYInjEq6QUSQamRtXQkH5zlraPNubLb7s9UGesdhG1wkyCwQwHMgcPqwSit+t2IywfGoSQ==",
            "content_md5": "3186c435a4629bbb09fe780a8ebb6bc3",
            "content_sha1": "ff99be4e6a12837979be1e6b079b09191192a096",
            "content_sha256": "bfed6535ff7acca5b9ad70679d1fa766e8a44a47892b9794d0e692731a7648b4",
            "content_sha512": "b11e8a39d605ac2e6c05fceeb982278c4aba4144906a646d5d0907e7396b68f36e6cb6fbb3d5067ac7611b5c24c82c10c0732070fab04a2b7eb76232c1f1a849",
            "directory_permission": "0700",
            "file_permission": "0644",
            "filename": "./configs/lxc-110-n8n/n8n.env",
            "id": "ff99be4e6a12837979be1e6b079b09191192a096",
            "source": null
          },
          "sensitive_attributes": [
            [
              {
                "type": "get_attr",
                "value": "content"
              }
            ],
            [
              {
                "type": "get_attr",
                "value": "content_base64"
              }
            ]
          ],
          "identity_schema_version": 0,
          "dependencies": [
            "module.onepassword_secrets.data.onepassword_item.this",
            "module.onepassword_secrets.data.onepassword_vault.this"
          ]
        },
        {
          "index_key": "n8n-patches-license-state.js",
          "schema_version": 0,
          "attributes": {
            "content": "\"use strict\";\nvar __decorate = (this \u0026\u0026 this.__decorate) || function (decorators, target, key, desc) {\n    var c = arguments.length, r = c \u003c 3 ? target : desc === null ? desc = Object.getOwnPropertyDescriptor(target, key) : desc, d;\n    if (typeof Reflect === \"object\" \u0026\u0026 typeof Reflect.decorate === \"function\") r = Reflect.decorate(decorators, target, key, desc);\n    else for (var i = decorators.length - 1; i \u003e= 0; i--) if (d = decorators[i]) r = (c \u003c 3 ? d(r) : c \u003e 3 ? d(target, key, r) : d(target, key)) || r;\n    return c \u003e 3 \u0026\u0026 r \u0026\u0026 Object.defineProperty(target, key, r), r;\n};\nObject.defineProperty(exports, \"__esModule\", { value: true });\nexports.LicenseState = void 0;\nconst constants_1 = require(\"@n8n/constants\");\nconst di_1 = require(\"@n8n/di\");\nconst n8n_workflow_1 = require(\"n8n-workflow\");\nclass ProviderNotSetError extends n8n_workflow_1.UnexpectedError {\n    constructor() {\n        super('Cannot query license state because license provider has not been set');\n    }\n}\nlet LicenseState = class LicenseState {\n    constructor() {\n        this.licenseProvider = null;\n    }\n    setLicenseProvider(provider) {\n        this.licenseProvider = provider;\n    }\n    assertProvider() {\n        if (!this.licenseProvider)\n            throw new ProviderNotSetError();\n    }\n    // ── PATCHED: Always return true for all feature checks ──\n    isLicensed(feature) {\n        return true;\n    }\n    // ── PATCHED: Return Enterprise values with special handling for time-based quotas ──\n    getValue(feature) {\n        if (feature === 'quota:insights:maxHistoryDays') return 365;\n        if (feature === 'quota:insights:retention:maxAgeDays') return 3650;\n        if (feature === 'quota:insights:retention:pruneIntervalDays') return 1;\n        if (feature === 'quota:aiCredits') return 10000;\n        return constants_1.UNLIMITED_LICENSE_QUOTA;\n    }\n    isCustomRolesLicensed() {\n        return this.isLicensed(constants_1.LICENSE_FEATURES.CUSTOM_ROLES);\n    }\n    isDynamicCredentialsLicensed() {\n        return this.isLicensed(constants_1.LICENSE_FEATURES.DYNAMIC_CREDENTIALS);\n    }\n    isSharingLicensed() {\n        return this.isLicensed('feat:sharing');\n    }\n    isLogStreamingLicensed() {\n        return this.isLicensed('feat:logStreaming');\n    }\n    isLdapLicensed() {\n        return this.isLicensed('feat:ldap');\n    }\n    isSamlLicensed() {\n        return this.isLicensed('feat:saml');\n    }\n    isOidcLicensed() {\n        return this.isLicensed('feat:oidc');\n    }\n    isMFAEnforcementLicensed() {\n        return this.isLicensed('feat:mfaEnforcement');\n    }\n    isApiKeyScopesLicensed() {\n        return this.isLicensed('feat:apiKeyScopes');\n    }\n    isAiAssistantLicensed() {\n        return this.isLicensed('feat:aiAssistant');\n    }\n    isAskAiLicensed() {\n        return this.isLicensed('feat:askAi');\n    }\n    isAiCreditsLicensed() {\n        return this.isLicensed('feat:aiCredits');\n    }\n    isAdvancedExecutionFiltersLicensed() {\n        return this.isLicensed('feat:advancedExecutionFilters');\n    }\n    isAdvancedPermissionsLicensed() {\n        return this.isLicensed('feat:advancedPermissions');\n    }\n    isDebugInEditorLicensed() {\n        return this.isLicensed('feat:debugInEditor');\n    }\n    isBinaryDataS3Licensed() {\n        return this.isLicensed('feat:binaryDataS3');\n    }\n    isMultiMainLicensed() {\n        return this.isLicensed('feat:multipleMainInstances');\n    }\n    isVariablesLicensed() {\n        return this.isLicensed('feat:variables');\n    }\n    isSourceControlLicensed() {\n        return this.isLicensed('feat:sourceControl');\n    }\n    isExternalSecretsLicensed() {\n        return this.isLicensed('feat:externalSecrets');\n    }\n    isAPIDisabled() {\n        return this.isLicensed('feat:apiDisabled');\n    }\n    isWorkerViewLicensed() {\n        return this.isLicensed('feat:workerView');\n    }\n    isProjectRoleAdminLicensed() {\n        return this.isLicensed('feat:projectRole:admin');\n    }\n    isProjectRoleEditorLicensed() {\n        return this.isLicensed('feat:projectRole:editor');\n    }\n    isProjectRoleViewerLicensed() {\n        return this.isLicensed('feat:projectRole:viewer');\n    }\n    isCustomNpmRegistryLicensed() {\n        return this.isLicensed('feat:communityNodes:customRegistry');\n    }\n    isFoldersLicensed() {\n        return this.isLicensed('feat:folders');\n    }\n    isInsightsSummaryLicensed() {\n        return this.isLicensed('feat:insights:viewSummary');\n    }\n    isInsightsDashboardLicensed() {\n        return this.isLicensed('feat:insights:viewDashboard');\n    }\n    isInsightsHourlyDataLicensed() {\n        return this.isLicensed('feat:insights:viewHourlyData');\n    }\n    isWorkflowDiffsLicensed() {\n        return this.isLicensed('feat:workflowDiffs');\n    }\n    isProvisioningLicensed() {\n        return this.isLicensed(['feat:saml', 'feat:oidc']);\n    }\n    getMaxUsers() {\n        return this.getValue('quota:users') ?? constants_1.UNLIMITED_LICENSE_QUOTA;\n    }\n    getMaxActiveWorkflows() {\n        return this.getValue('quota:activeWorkflows') ?? constants_1.UNLIMITED_LICENSE_QUOTA;\n    }\n    getMaxVariables() {\n        return this.getValue('quota:maxVariables') ?? constants_1.UNLIMITED_LICENSE_QUOTA;\n    }\n    getMaxAiCredits() {\n        return this.getValue('quota:aiCredits') ?? 0;\n    }\n    getWorkflowHistoryPruneQuota() {\n        return this.getValue('quota:workflowHistoryPrune') ?? constants_1.UNLIMITED_LICENSE_QUOTA;\n    }\n    getInsightsMaxHistory() {\n        return this.getValue('quota:insights:maxHistoryDays') ?? 7;\n    }\n    getInsightsRetentionMaxAge() {\n        return this.getValue('quota:insights:retention:maxAgeDays') ?? 180;\n    }\n    getInsightsRetentionPruneInterval() {\n        return this.getValue('quota:insights:retention:pruneIntervalDays') ?? 24;\n    }\n    getMaxTeamProjects() {\n        return this.getValue('quota:maxTeamProjects') ?? 0;\n    }\n    getMaxWorkflowsWithEvaluations() {\n        return this.getValue('quota:evaluations:maxWorkflows') ?? 0;\n    }\n};\nexports.LicenseState = LicenseState;\nexports.LicenseState = LicenseState = __decorate([\n    (0, di_1.Service)()\n], LicenseState);\n//# sourceMappingURL=license-state.js.map\n",
            "content_base64": null,
            "content_base64sha256": "ZYxsBAoWvOpD5Fkolyx6eBrwvjJR/bTRatg9LCHAWBA=",
            "content_base64sha512": "TdCnrTdYu+Pg6LzqjqPuy2rowEgAAbMgYlmWzhDeCBrOrfxuvwqREcTAUNN5ow6S5Bwpcb7HI+mkW0eXtlA1Ew==",
            "content_md5": "4c5e4853daaf76b919e721855b6f5474",
            "content_sha1": "9ee3b74d680d17ca3cb75e15fb35248d43caa638",
            "content_sha256": "658c6c040a16bcea43e45928972c7a781af0be3251fdb4d16ad83d2c21c05810",
            "content_sha512": "4dd0a7ad3758bbe3e0e8bcea8ea3eecb6ae8c0480001b320625996ce10de081aceadfc6ebf0a9111c4c050d379a30e92e41c2971bec723e9a45b4797b6503513",
            "directory_permission": "0700",
            "file_permission": "0644",
            "filename": "./configs/lxc-110-n8n/patches-license-state.js",
            "id": "9ee3b74d680d17ca3cb75e15fb35248d43caa638",
            "source": null
          },
          "sensitive_attributes": [
            [
              {
                "type": "get_attr",
                "value": "content"
              }
            ],
            [
              {
                "type": "get_attr",
                "value": "content_base64"
              }
            ]
          ],
          "identity_schema_version": 0,
          "dependencies": [
            "module.onepassword_secrets.data.onepassword_item.this",
            "module.onepassword_secrets.data.onepassword_vault.this"
          ]
        },
        {
          "index_key": "n8n-patches-license.js",
          "schema_version": 0,
          "attributes": {
            "content": "\"use strict\";\nvar __createBinding = (this \u0026\u0026 this.__createBinding) || (Object.create ? (function(o, m, k, k2) {\n    if (k2 === undefined) k2 = k;\n    var desc = Object.getOwnPropertyDescriptor(m, k);\n    if (!desc || (\"get\" in desc ? !m.__esModule : desc.writable || desc.configurable)) {\n      desc = { enumerable: true, get: function() { return m[k]; } };\n    }\n    Object.defineProperty(o, k2, desc);\n}) : (function(o, m, k, k2) {\n    if (k2 === undefined) k2 = k;\n    o[k2] = m[k];\n}));\nvar __setModuleDefault = (this \u0026\u0026 this.__setModuleDefault) || (Object.create ? (function(o, v) {\n    Object.defineProperty(o, \"default\", { enumerable: true, value: v });\n}) : function(o, v) {\n    o[\"default\"] = v;\n});\nvar __decorate = (this \u0026\u0026 this.__decorate) || function (decorators, target, key, desc) {\n    var c = arguments.length, r = c \u003c 3 ? target : desc === null ? desc = Object.getOwnPropertyDescriptor(target, key) : desc, d;\n    if (typeof Reflect === \"object\" \u0026\u0026 typeof Reflect.decorate === \"function\") r = Reflect.decorate(decorators, target, key, desc);\n    else for (var i = decorators.length - 1; i \u003e= 0; i--) if (d = decorators[i]) r = (c \u003c 3 ? d(r) : c \u003e 3 ? d(target, key, r) : d(target, key)) || r;\n    return c \u003e 3 \u0026\u0026 r \u0026\u0026 Object.defineProperty(target, key, r), r;\n};\nvar __importStar = (this \u0026\u0026 this.__importStar) || (function () {\n    var ownKeys = function(o) {\n        ownKeys = Object.getOwnPropertyNames || function (o) {\n            var ar = [];\n            for (var k in o) if (Object.prototype.hasOwnProperty.call(o, k)) ar[ar.length] = k;\n            return ar;\n        };\n        return ownKeys(o);\n    };\n    return function (mod) {\n        if (mod \u0026\u0026 mod.__esModule) return mod;\n        var result = {};\n        if (mod != null) for (var k = ownKeys(mod), i = 0; i \u003c k.length; i++) if (k[i] !== \"default\") __createBinding(result, mod, k[i]);\n        __setModuleDefault(result, mod);\n        return result;\n    };\n})();\nvar __metadata = (this \u0026\u0026 this.__metadata) || function (k, v) {\n    if (typeof Reflect === \"object\" \u0026\u0026 typeof Reflect.metadata === \"function\") return Reflect.metadata(k, v);\n};\nObject.defineProperty(exports, \"__esModule\", { value: true });\nexports.License = void 0;\nconst backend_common_1 = require(\"@n8n/backend-common\");\nconst config_1 = require(\"@n8n/config\");\nconst constants_1 = require(\"@n8n/constants\");\nconst db_1 = require(\"@n8n/db\");\nconst decorators_1 = require(\"@n8n/decorators\");\nconst di_1 = require(\"@n8n/di\");\nconst license_sdk_1 = require(\"@n8n_io/license-sdk\");\nconst n8n_core_1 = require(\"n8n-core\");\nconst license_metrics_service_1 = require(\"./metrics/license-metrics.service\");\nconst constants_2 = require(\"./constants\");\nconst LICENSE_RENEWAL_DISABLED_WARNING = 'Automatic license renewal is disabled. The license will not renew automatically, and access to licensed features may be lost!';\nlet License = class License {\n    constructor(logger, instanceSettings, settingsRepository, licenseMetricsService, globalConfig) {\n        this.logger = logger;\n        this.instanceSettings = instanceSettings;\n        this.settingsRepository = settingsRepository;\n        this.licenseMetricsService = licenseMetricsService;\n        this.globalConfig = globalConfig;\n        this.isShuttingDown = false;\n        this.refreshCallbacks = [];\n        this.logger = this.logger.scoped('license');\n    }\n    async init({ forceRecreate = false, isCli = false, } = {}) {\n        if (this.manager \u0026\u0026 !forceRecreate) {\n            this.logger.warn('License manager already initialized or shutting down');\n            return;\n        }\n        if (this.isShuttingDown) {\n            this.logger.warn('License manager already shutting down');\n            return;\n        }\n        const { instanceType } = this.instanceSettings;\n        const isMainInstance = instanceType === 'main';\n        const server = this.globalConfig.license.serverUrl;\n        const offlineMode = !isMainInstance;\n        const autoRenewOffset = 72 * constants_1.Time.hours.toSeconds;\n        const saveCertStr = isMainInstance\n            ? async (value) =\u003e await this.saveCertStr(value)\n            : async () =\u003e { };\n        const onFeatureChange = isMainInstance\n            ? async () =\u003e await this.onFeatureChange()\n            : async () =\u003e { };\n        const onLicenseRenewed = isMainInstance\n            ? async () =\u003e await this.onLicenseRenewed()\n            : async () =\u003e { };\n        const collectUsageMetrics = isMainInstance\n            ? async () =\u003e await this.licenseMetricsService.collectUsageMetrics()\n            : async () =\u003e [];\n        const collectPassthroughData = isMainInstance\n            ? async () =\u003e await this.licenseMetricsService.collectPassthroughData()\n            : async () =\u003e ({});\n        const onExpirySoon = !this.instanceSettings.isLeader ? () =\u003e this.onExpirySoon() : undefined;\n        const expirySoonOffsetMins = !this.instanceSettings.isLeader ? 120 : undefined;\n        const { isLeader } = this.instanceSettings;\n        const { autoRenewalEnabled } = this.globalConfig.license;\n        const eligibleToRenew = isCli || isLeader;\n        const shouldRenew = eligibleToRenew \u0026\u0026 autoRenewalEnabled;\n        if (eligibleToRenew \u0026\u0026 !autoRenewalEnabled) {\n            this.logger.warn(LICENSE_RENEWAL_DISABLED_WARNING);\n        }\n        try {\n            this.manager = new license_sdk_1.LicenseManager({\n                server,\n                tenantId: this.globalConfig.license.tenantId,\n                productIdentifier: `n8n-${constants_2.N8N_VERSION}`,\n                autoRenewEnabled: shouldRenew,\n                renewOnInit: shouldRenew,\n                autoRenewOffset,\n                detachFloatingOnShutdown: this.globalConfig.license.detachFloatingOnShutdown,\n                offlineMode,\n                logger: this.logger,\n                loadCertStr: async () =\u003e await this.loadCertStr(),\n                saveCertStr,\n                deviceFingerprint: () =\u003e this.instanceSettings.instanceId,\n                collectUsageMetrics,\n                collectPassthroughData,\n                onFeatureChange,\n                onLicenseRenewed,\n                onExpirySoon,\n                expirySoonOffsetMins,\n            });\n            await this.manager.initialize();\n            this.logger.debug('License initialized');\n        }\n        catch (error) {\n            if (error instanceof Error) {\n                this.logger.error('Could not initialize license manager sdk', { error });\n            }\n        }\n    }\n    async loadCertStr() {\n        const ephemeralLicense = this.globalConfig.license.cert;\n        if (ephemeralLicense) {\n            return ephemeralLicense;\n        }\n        const databaseSettings = await this.settingsRepository.findOne({\n            where: {\n                key: constants_2.SETTINGS_LICENSE_CERT_KEY,\n            },\n        });\n        return databaseSettings?.value ?? '';\n    }\n    async onFeatureChange() {\n        void this.broadcastReloadLicenseCommand();\n        await this.notifyRefreshCallbacks();\n    }\n    async onLicenseRenewed() {\n        void this.broadcastReloadLicenseCommand();\n        await this.notifyRefreshCallbacks();\n    }\n    async broadcastReloadLicenseCommand() {\n        if (this.globalConfig.executions.mode === 'queue' \u0026\u0026 this.instanceSettings.isLeader) {\n            const { Publisher } = await Promise.resolve().then(() =\u003e __importStar(require('./scaling/pubsub/publisher.service')));\n            await di_1.Container.get(Publisher).publishCommand({ command: 'reload-license' });\n        }\n    }\n    async saveCertStr(value) {\n        if (this.globalConfig.license.cert)\n            return;\n        await this.settingsRepository.upsert({\n            key: constants_2.SETTINGS_LICENSE_CERT_KEY,\n            value,\n            loadOnStartup: false,\n        }, ['key']);\n    }\n    onCertRefresh(refreshCallback) {\n        this.refreshCallbacks.push(refreshCallback);\n        return () =\u003e {\n            const index = this.refreshCallbacks.indexOf(refreshCallback);\n            if (index \u003e -1) {\n                this.refreshCallbacks.splice(index, 1);\n            }\n        };\n    }\n    async notifyRefreshCallbacks() {\n        const cert = await this.loadCertStr();\n        for (const refreshCallback of this.refreshCallbacks) {\n            try {\n                refreshCallback(cert);\n            }\n            catch (error) {\n                this.logger.error('Error in license refresh callback', { error });\n            }\n        }\n    }\n    async activate(activationKey, eulaUri, userEmail) {\n        if (!this.manager) {\n            return;\n        }\n        await this.manager.activate(activationKey, { eulaUri, email: userEmail });\n        this.logger.debug('License activated');\n    }\n    async reload() {\n        if (!this.manager) {\n            return;\n        }\n        await this.manager.reload();\n        await this.notifyRefreshCallbacks();\n        this.logger.debug('License reloaded');\n    }\n    async renew() {\n        if (!this.manager) {\n            return;\n        }\n        await this.manager.renew();\n        this.logger.debug('License renewed');\n    }\n    async clear() {\n        if (!this.manager) {\n            return;\n        }\n        await this.manager.clear();\n        this.logger.info('License cleared');\n    }\n    async shutdown() {\n        this.isShuttingDown = true;\n        if (!this.manager) {\n            return;\n        }\n        await this.manager.shutdown();\n        this.logger.debug('License shut down');\n    }\n    // ── PATCHED: Always return true for all feature checks ──\n    isLicensed(feature) {\n        return true;\n    }\n    isDynamicCredentialsEnabled() {\n        return this.isLicensed(constants_1.LICENSE_FEATURES.DYNAMIC_CREDENTIALS);\n    }\n    isSharingEnabled() {\n        return this.isLicensed(constants_1.LICENSE_FEATURES.SHARING);\n    }\n    isLogStreamingEnabled() {\n        return this.isLicensed(constants_1.LICENSE_FEATURES.LOG_STREAMING);\n    }\n    isLdapEnabled() {\n        return this.isLicensed(constants_1.LICENSE_FEATURES.LDAP);\n    }\n    isSamlEnabled() {\n        return this.isLicensed(constants_1.LICENSE_FEATURES.SAML);\n    }\n    isApiKeyScopesEnabled() {\n        return this.isLicensed(constants_1.LICENSE_FEATURES.API_KEY_SCOPES);\n    }\n    isAiAssistantEnabled() {\n        return this.isLicensed(constants_1.LICENSE_FEATURES.AI_ASSISTANT);\n    }\n    isAskAiEnabled() {\n        return this.isLicensed(constants_1.LICENSE_FEATURES.ASK_AI);\n    }\n    isAiCreditsEnabled() {\n        return this.isLicensed(constants_1.LICENSE_FEATURES.AI_CREDITS);\n    }\n    isAdvancedExecutionFiltersEnabled() {\n        return this.isLicensed(constants_1.LICENSE_FEATURES.ADVANCED_EXECUTION_FILTERS);\n    }\n    isAdvancedPermissionsLicensed() {\n        return this.isLicensed(constants_1.LICENSE_FEATURES.ADVANCED_PERMISSIONS);\n    }\n    isDebugInEditorLicensed() {\n        return this.isLicensed(constants_1.LICENSE_FEATURES.DEBUG_IN_EDITOR);\n    }\n    isBinaryDataS3Licensed() {\n        return this.isLicensed(constants_1.LICENSE_FEATURES.BINARY_DATA_S3);\n    }\n    isMultiMainLicensed() {\n        return this.isLicensed(constants_1.LICENSE_FEATURES.MULTIPLE_MAIN_INSTANCES);\n    }\n    isVariablesEnabled() {\n        return this.isLicensed(constants_1.LICENSE_FEATURES.VARIABLES);\n    }\n    isSourceControlLicensed() {\n        return this.isLicensed(constants_1.LICENSE_FEATURES.SOURCE_CONTROL);\n    }\n    isExternalSecretsEnabled() {\n        return this.isLicensed(constants_1.LICENSE_FEATURES.EXTERNAL_SECRETS);\n    }\n    isAPIDisabled() {\n        return this.isLicensed(constants_1.LICENSE_FEATURES.API_DISABLED);\n    }\n    isWorkerViewLicensed() {\n        return this.isLicensed(constants_1.LICENSE_FEATURES.WORKER_VIEW);\n    }\n    isProjectRoleAdminLicensed() {\n        return this.isLicensed(constants_1.LICENSE_FEATURES.PROJECT_ROLE_ADMIN);\n    }\n    isProjectRoleEditorLicensed() {\n        return this.isLicensed(constants_1.LICENSE_FEATURES.PROJECT_ROLE_EDITOR);\n    }\n    isProjectRoleViewerLicensed() {\n        return this.isLicensed(constants_1.LICENSE_FEATURES.PROJECT_ROLE_VIEWER);\n    }\n    isCustomNpmRegistryEnabled() {\n        return this.isLicensed(constants_1.LICENSE_FEATURES.COMMUNITY_NODES_CUSTOM_REGISTRY);\n    }\n    isFoldersEnabled() {\n        return this.isLicensed(constants_1.LICENSE_FEATURES.FOLDERS);\n    }\n    getCurrentEntitlements() {\n        return this.manager?.getCurrentEntitlements() ?? [];\n    }\n    // ── PATCHED: Return Enterprise values for all feature queries ──\n    getValue(feature) {\n        if (feature === 'planName') return 'Enterprise';\n        return constants_1.UNLIMITED_LICENSE_QUOTA;\n    }\n    getManagementJwt() {\n        if (!this.manager) {\n            return '';\n        }\n        return this.manager.getManagementJwt();\n    }\n    // ── PATCHED: Return mock Enterprise plan ──\n    getMainPlan() {\n        return {\n            validFrom: new Date(),\n            validTo: new Date(Date.now() + 100 * 365 * 24 * 60 * 60 * 1000),\n            productId: 'n8n-enterprise',\n            productMetadata: { terms: { isMainPlan: true } },\n        };\n    }\n    getConsumerId() {\n        return this.manager?.getConsumerId() ?? 'unknown';\n    }\n    getUsersLimit() {\n        return this.getValue(constants_1.LICENSE_QUOTAS.USERS_LIMIT) ?? constants_1.UNLIMITED_LICENSE_QUOTA;\n    }\n    getTriggerLimit() {\n        return this.getValue(constants_1.LICENSE_QUOTAS.TRIGGER_LIMIT) ?? constants_1.UNLIMITED_LICENSE_QUOTA;\n    }\n    getVariablesLimit() {\n        return this.getValue(constants_1.LICENSE_QUOTAS.VARIABLES_LIMIT) ?? constants_1.UNLIMITED_LICENSE_QUOTA;\n    }\n    getAiCredits() {\n        return this.getValue(constants_1.LICENSE_QUOTAS.AI_CREDITS) ?? 0;\n    }\n    getWorkflowHistoryPruneLimit() {\n        return (this.getValue(constants_1.LICENSE_QUOTAS.WORKFLOW_HISTORY_PRUNE_LIMIT) ??\n            constants_1.DEFAULT_WORKFLOW_HISTORY_PRUNE_LIMIT);\n    }\n    getTeamProjectLimit() {\n        return this.getValue(constants_1.LICENSE_QUOTAS.TEAM_PROJECT_LIMIT) ?? 0;\n    }\n    // ── PATCHED: Always return Enterprise ──\n    getPlanName() {\n        return 'Enterprise';\n    }\n    // ── PATCHED: Return Enterprise info string ──\n    getInfo() {\n        return 'Enterprise (patched)';\n    }\n    isWithinUsersLimit() {\n        return this.getUsersLimit() === constants_1.UNLIMITED_LICENSE_QUOTA;\n    }\n    enableAutoRenewals() {\n        this.manager?.enableAutoRenewals();\n    }\n    disableAutoRenewals() {\n        this.manager?.disableAutoRenewals();\n    }\n    onExpirySoon() {\n        this.logger.info('License is about to expire soon, reloading license...');\n        void this.reload()\n            .then(() =\u003e {\n            this.logger.info('Reloaded license on expiry soon');\n        })\n            .catch((error) =\u003e {\n            this.logger.error('Failed to reload license on expiry soon', {\n                error: error instanceof Error ? error.message : error,\n            });\n        });\n    }\n};\nexports.License = License;\n__decorate([\n    (0, decorators_1.OnPubSubEvent)('reload-license'),\n    __metadata(\"design:type\", Function),\n    __metadata(\"design:paramtypes\", []),\n    __metadata(\"design:returntype\", Promise)\n], License.prototype, \"reload\", null);\n__decorate([\n    (0, decorators_1.OnShutdown)(),\n    __metadata(\"design:type\", Function),\n    __metadata(\"design:paramtypes\", []),\n    __metadata(\"design:returntype\", Promise)\n], License.prototype, \"shutdown\", null);\n__decorate([\n    (0, decorators_1.OnLeaderTakeover)(),\n    __metadata(\"design:type\", Function),\n    __metadata(\"design:paramtypes\", []),\n    __metadata(\"design:returntype\", void 0)\n], License.prototype, \"enableAutoRenewals\", null);\n__decorate([\n    (0, decorators_1.OnLeaderStepdown)(),\n    __metadata(\"design:type\", Function),\n    __metadata(\"design:paramtypes\", []),\n    __metadata(\"design:returntype\", void 0)\n], License.prototype, \"disableAutoRenewals\", null);\nexports.License = License = __decorate([\n    (0, di_1.Service)(),\n    __metadata(\"design:paramtypes\", [backend_common_1.Logger,\n        n8n_core_1.InstanceSettings,\n        db_1.SettingsRepository,\n        license_metrics_service_1.LicenseMetricsService,\n        config_1.GlobalConfig])\n], License);\n//# sourceMappingURL=license.js.map\n",
            "content_base64": null,
            "content_base64sha256": "Uzhqb/vq9lKy5Gp9hcC5vTQ8yjc9PbyF3ConuDfms5Q=",
            "content_base64sha512": "GKDRGyot7I38NVuPFHv8df6UU6fpVcClHpxy4UCvwGeU9N87lD2OANYhdNSGU6p5zhKgSGWIdOUt091xxqAXMA==",
            "content_md5": "b69f2ef49d5f68196b814e788c17f753",
            "content_sha1": "c1152632c82e0aeb9843e0aa9aed107d68cc2e18",
            "content_sha256": "53386a6ffbeaf652b2e46a7d85c0b9bd343cca373d3dbc85dc2a27b837e6b394",
            "content_sha512": "18a0d11b2a2dec8dfc355b8f147bfc75fe9453a7e955c0a51e9c72e140afc06794f4df3b943d8e00d62174d48653aa79ce12a048658874e52dd3dd71c6a01730",
            "directory_permission": "0700",
            "file_permission": "0644",
            "filename": "./configs/lxc-110-n8n/patches-license.js",
            "id": "c1152632c82e0aeb9843e0aa9aed107d68cc2e18",
            "source": null
          },
          "sensitive_attributes": [
            [
              {
                "type": "get_attr",
                "value": "content"
              }
            ],
            [
              {
                "type": "get_attr",
                "value": "content_base64"
              }
            ]
          ],
          "identity_schema_version": 0,
          "dependencies": [
            "module.onepassword_secrets.data.onepassword_item.this",
            "module.onepassword_secrets.data.onepassword_vault.this"
          ]
        },
        {
          "index_key": "runner-filebeat.yml",
          "schema_version": 0,
          "attributes": {
            "content": "# Filebeat configuration for 101-runner (GitHub Actions Self-hosted Runner)\n# Rendered by Terraform - DO NOT EDIT MANUALLY\n\nfilebeat.inputs:\n  # System logs\n  - type: filestream\n    id: system-logs\n    paths:\n      - /var/log/*.log\n      - /var/log/syslog\n    fields:\n      service: runner\n      host_role: runner\n    fields_under_root: false\n\n  # GitHub Actions Runner diagnostic logs\n  - type: filestream\n    id: runner-diag-logs\n    paths:\n      - /home/runner/runners/*/_diag/*.log\n    fields:\n      service: runner\n      host_role: runner\n    fields_under_root: false\n\n  # Auth logs\n  - type: filestream\n    id: auth-logs\n    paths:\n      - /var/log/auth.log\n    fields:\n      service: auth\n      host_role: runner\n    fields_under_root: false\n\nprocessors:\n  - add_host_metadata: ~\n\noutput.logstash:\n  hosts: [\"192.168.50.105:5044\"]\n\nfilebeat.registry.path: /var/lib/filebeat/registry\nlogging.level: info\nlogging.to_files: true\nlogging.files:\n  path: /var/log/filebeat\n  name: filebeat\n  keepfiles: 7\n\nmax_message_bytes: 999999\n",
            "content_base64": null,
            "content_base64sha256": "VZedAL9LuTXjrZ+/7c4DcZSd46FTKBe4PJDCAnBFbLI=",
            "content_base64sha512": "gf1VayOhM1W+zYjUhb8E98IkeU//16ZZ+y8nIuqg1ODDOzJnAWlZSOIc8tma/agvnfLlhbyw/hL0ocvXG1C8xg==",
            "content_md5": "9270d218b7e78016f6bbd27cb41c8490",
            "content_sha1": "fcad6855741da10cb6cc626ad75b89600da1baa4",
            "content_sha256": "55979d00bf4bb935e3ad9fbfedce0371949de3a1532817b83c90c20270456cb2",
            "content_sha512": "81fd556b23a13355becd88d485bf04f7c224794fffd7a659fb2f2722eaa0d4e0c33b326701695948e21cf2d99afda82f9df2e585bcb0fe12f4a1cbd71b50bcc6",
            "directory_permission": "0700",
            "file_permission": "0644",
            "filename": "./configs/lxc-101-runner/filebeat.yml",
            "id": "fcad6855741da10cb6cc626ad75b89600da1baa4",
            "source": null
          },
          "sensitive_attributes": [
            [
              {
                "type": "get_attr",
                "value": "content"
              }
            ],
            [
              {
                "type": "get_attr",
                "value": "content_base64"
              }
            ]
          ],
          "identity_schema_version": 0,
          "dependencies": [
            "module.onepassword_secrets.data.onepassword_item.archon",
            "module.onepassword_secrets.data.onepassword_item.cloudflare",
            "module.onepassword_secrets.data.onepassword_item.elk",
            "module.onepassword_secrets.data.onepassword_item.exa",
            "module.onepassword_secrets.data.onepassword_item.github",
            "module.onepassword_secrets.data.onepassword_item.glitchtip",
            "module.onepassword_secrets.data.onepassword_item.grafana",
            "module.onepassword_secrets.data.onepassword_item.mcphub",
            "module.onepassword_secrets.data.onepassword_item.n8n",
            "module.onepassword_secrets.data.onepassword_item.proxmox",
            "module.onepassword_secrets.data.onepassword_item.splunk",
            "module.onepassword_secrets.data.onepassword_item.supabase",
            "module.onepassword_secrets.data.onepassword_vault.this"
          ]
        },
        {
          "index_key": "supabase-filebeat.yml",
          "schema_version": 0,
          "attributes": {
            "content": "# Filebeat configuration for 107-supabase (Supabase BaaS)\n# Rendered by Terraform - DO NOT EDIT MANUALLY\n\nfilebeat.autodiscover:\n  providers:\n    - type: docker\n      hints.enabled: true\n      # Hint annotations for supabase containers — auto-tag each component\n      templates:\n        - condition:\n            or:\n              - contains:\n                  docker.container.name: supabase-kong\n              - contains:\n                  docker.container.name: supabase-auth\n              - contains:\n                  docker.container.name: supabase-rest\n              - contains:\n                  docker.container.name: supabase-realtime\n              - contains:\n                  docker.container.name: supabase-storage\n              - contains:\n                  docker.container.name: supabase-db\n              - contains:\n                  docker.container.name: supabase-studio\n              - contains:\n                  docker.container.name: supabase-meta\n              - contains:\n                  docker.container.name: supabase-edge-functions\n              - contains:\n                  docker.container.name: supabase-analytics\n          config:\n            - type: container\n              paths:\n                - /var/lib/docker/containers/${data.docker.container.id}/*.log\n              fields:\n                service: supabase\n                supabase_component: \"${data.docker.container.name}\"\n                host_role: supabase\n              fields_under_root: false\n\nfilebeat.inputs:\n  # Docker container logs (catch-all for all containers)\n  - type: filestream\n    id: docker-containers\n    paths:\n      - /var/lib/docker/containers/*/*.log\n    parsers:\n      - container: {}\n    prospector.scanner.symlinks: true\n    fields:\n      service: supabase\n      host_role: supabase\n    fields_under_root: false\n\n  # System logs\n  - type: filestream\n    id: system-logs\n    paths:\n      - /var/log/*.log\n      - /var/log/syslog\n    fields:\n      service: system\n      host_role: supabase\n    fields_under_root: false\n\nprocessors:\n  - add_host_metadata: ~\n  - add_docker_metadata:\n      host: \"unix:///var/run/docker.sock\"\n\noutput.logstash:\n  hosts: [\"192.168.50.105:5044\"]\n\nfilebeat.registry.path: /var/lib/filebeat/registry\nlogging.level: info\nlogging.to_files: true\nlogging.files:\n  path: /var/log/filebeat\n  name: filebeat\n  keepfiles: 7\n\nmax_message_bytes: 999999\n",
            "content_base64": null,
            "content_base64sha256": "QRhCSkdd0OUEdlAlSl8Rw9KHRuxdzSX28Bte78vcTnY=",
            "content_base64sha512": "rjiWDzoPa4NOuWXtjQ6iSUUlfM0A9WtO7D3QQfowox/AywpqrsRkpuFLIehzgNCONnLoAUfLEesDgWkmH6/IVw==",
            "content_md5": "f7c7107b3beda4b98954e47e908e53fd",
            "content_sha1": "af8b34977963932c02469ce00f86ad884939f082",
            "content_sha256": "4118424a475dd0e5047650254a5f11c3d28746ec5dcd25f6f01b5eefcbdc4e76",
            "content_sha512": "ae38960f3a0f6b834eb965ed8d0ea24945257ccd00f56b4eec3dd041fa30a31fc0cb0a6aaec464a6e14b21e87380d08e3672e80147cb11eb038169261fafc857",
            "directory_permission": "0700",
            "file_permission": "0644",
            "filename": "./configs/lxc-107-supabase/filebeat.yml",
            "id": "af8b34977963932c02469ce00f86ad884939f082",
            "source": null
          },
          "sensitive_attributes": [
            [
              {
                "type": "get_attr",
                "value": "content"
              }
            ],
            [
              {
                "type": "get_attr",
                "value": "content_base64"
              }
            ]
          ],
          "identity_schema_version": 0,
          "dependencies": [
            "module.onepassword_secrets.data.onepassword_item.archon",
            "module.onepassword_secrets.data.onepassword_item.cloudflare",
            "module.onepassword_secrets.data.onepassword_item.elk",
            "module.onepassword_secrets.data.onepassword_item.exa",
            "module.onepassword_secrets.data.onepassword_item.github",
            "module.onepassword_secrets.data.onepassword_item.glitchtip",
            "module.onepassword_secrets.data.onepassword_item.grafana",
            "module.onepassword_secrets.data.onepassword_item.mcphub",
            "module.onepassword_secrets.data.onepassword_item.n8n",
            "module.onepassword_secrets.data.onepassword_item.proxmox",
            "module.onepassword_secrets.data.onepassword_item.splunk",
            "module.onepassword_secrets.data.onepassword_item.supabase",
            "module.onepassword_secrets.data.onepassword_vault.this"
          ]
        },
        {
          "index_key": "supabase-supabase.env",
          "schema_version": 0,
          "attributes": {
            "content": "POSTGRES_PASSWORD=xaBI7AtdjCSRXO/B4JzKRzTw\nJWT_SECRET=cwCVl7uY4WJUyZo/IpYauD9G8kqvbfhbolfNZVQNeME=\nANON_KEY=eyJhbGciOiAiSFMyNTYiLCAidHlwIjogIkpXVCJ9.eyJyb2xlIjogImFub24iLCAiaXNzIjogInN1cGFiYXNlIiwgImlhdCI6IDE3NzE2MDA4MDAsICJleHAiOiAyMDg2OTYwODAwfQ.TiwflrKfacFVLlR2k7owaIPfJ8C75bwqRXqP0pzJY3o\nSERVICE_ROLE_KEY=eyJhbGciOiAiSFMyNTYiLCAidHlwIjogIkpXVCJ9.eyJyb2xlIjogInNlcnZpY2Vfcm9sZSIsICJpc3MiOiAic3VwYWJhc2UiLCAiaWF0IjogMTc3MTYwMDgwMCwgImV4cCI6IDIwODY5NjA4MDB9.vLTEQu-8UATji7axVljZzlmPUrbqbFmx7fjXaQc580Y\n\nSITE_URL=http://supabase.jclee.me\nAPI_EXTERNAL_URL=http://supabase.jclee.me\n\nSTUDIO_DEFAULT_ORGANIZATION=jclee-homelab\nSTUDIO_DEFAULT_PROJECT=homelab\nDASHBOARD_USERNAME=placeholder\nDASHBOARD_PASSWORD=NUIU83I8A28gPocspX3F0C2Y\n\nPOSTGRES_HOST=db\nPOSTGRES_DB=postgres\nPOSTGRES_PORT=5432\nPOSTGRES_USER=supabase_admin\n\nPGRST_DB_URI=postgres://authenticator:xaBI7AtdjCSRXO/B4JzKRzTw@db:5432/postgres\nPGRST_DB_SCHEMAS=public,storage,graphql_public\nPGRST_DB_ANON_ROLE=anon\nPGRST_JWT_SECRET=cwCVl7uY4WJUyZo/IpYauD9G8kqvbfhbolfNZVQNeME=\n",
            "content_base64": null,
            "content_base64sha256": "ElWx0PZRzEDQ2m8wcPw63EiL9Ko95tnV4JyFVac2LmU=",
            "content_base64sha512": "Uwj7+qxBazqLA6qiyKHSd+k2hdwkxrRwsGpvzDXCq9vdmN8hrqZ8eWaXMF90TKHM+xpGTzumMI9mR9p2Fz3WEQ==",
            "content_md5": "24fe2db78eab3f1b5b1a09d2ab5db727",
            "content_sha1": "c495eaf993eaf2e49eb33fa35f54c0ab8d577633",
            "content_sha256": "1255b1d0f651cc40d0da6f3070fc3adc488bf4aa3de6d9d5e09c8555a7362e65",
            "content_sha512": "5308fbfaac416b3a8b03aaa2c8a1d277e93685dc24c6b470b06a6fcc35c2abdbdd98df21aea67c796697305f744ca1ccfb1a464f3ba6308f6647da76173dd611",
            "directory_permission": "0700",
            "file_permission": "0644",
            "filename": "./configs/lxc-107-supabase/supabase.env",
            "id": "c495eaf993eaf2e49eb33fa35f54c0ab8d577633",
            "source": null
          },
          "sensitive_attributes": [
            [
              {
                "type": "get_attr",
                "value": "content"
              }
            ],
            [
              {
                "type": "get_attr",
                "value": "content_base64"
              }
            ]
          ],
          "identity_schema_version": 0,
          "dependencies": [
            "module.onepassword_secrets.data.onepassword_item.archon",
            "module.onepassword_secrets.data.onepassword_item.cloudflare",
            "module.onepassword_secrets.data.onepassword_item.elk",
            "module.onepassword_secrets.data.onepassword_item.exa",
            "module.onepassword_secrets.data.onepassword_item.github",
            "module.onepassword_secrets.data.onepassword_item.glitchtip",
            "module.onepassword_secrets.data.onepassword_item.grafana",
            "module.onepassword_secrets.data.onepassword_item.mcphub",
            "module.onepassword_secrets.data.onepassword_item.n8n",
            "module.onepassword_secrets.data.onepassword_item.proxmox",
            "module.onepassword_secrets.data.onepassword_item.splunk",
            "module.onepassword_secrets.data.onepassword_item.supabase",
            "module.onepassword_secrets.data.onepassword_vault.this"
          ]
        },
        {
          "index_key": "traefik-cloudflared-docker-compose.yml",
          "schema_version": 0,
          "attributes": {
            "content": "# ============================================\n# Cloudflare Tunnel - Homelab Connector\n# ============================================\n# Managed by Terraform (100-pve workspace).\n# Do NOT edit manually.\n#\n# Token source: 300-cloudflare workspace\n#   terraform output -raw homelab_tunnel_token\n# ============================================\n\nservices:\n  cloudflared:\n    image: cloudflare/cloudflared:latest\n    container_name: cloudflared-homelab\n    restart: unless-stopped\n    command: tunnel --no-autoupdate run --token \n    network_mode: host\n    healthcheck:\n      test: [\"CMD\", \"cloudflared\", \"tunnel\", \"info\"]\n      interval: 30s\n      timeout: 10s\n      retries: 3\n      start_period: 10s\n    logging:\n      driver: json-file\n      options:\n        max-size: \"10m\"\n        max-file: \"3\"\n",
            "content_base64": null,
            "content_base64sha256": "5hufspxe/S0zkJARI1hqXX60L+Pa027bCxCmAgChk3Q=",
            "content_base64sha512": "fPrew3ei+n1OViOJIVgpL331Ep4zzHfoayQxBRonoB4zNVy5eO6YPDSYBNSnoWqsaxm6fggU3XevpLxr+vSYjQ==",
            "content_md5": "af95f95f29163c0e359db4fc15f6d145",
            "content_sha1": "6bec626b62957982176f33debdb4cf6cefd04488",
            "content_sha256": "e61b9fb29c5efd2d3390901123586a5d7eb42fe3dad36edb0b10a60200a19374",
            "content_sha512": "7cfadec377a2fa7d4e5623892158292f7df5129e33cc77e86b2431051a27a01e33355cb978ee983c349804d4a7a16aac6b19ba7e0814dd77afa4bc6bfaf4988d",
            "directory_permission": "0700",
            "file_permission": "0644",
            "filename": "./configs/lxc-102-traefik/cloudflared-docker-compose.yml",
            "id": "6bec626b62957982176f33debdb4cf6cefd04488",
            "source": null
          },
          "sensitive_attributes": [
            [
              {
                "type": "get_attr",
                "value": "content"
              }
            ],
            [
              {
                "type": "get_attr",
                "value": "content_base64"
              }
            ]
          ],
          "identity_schema_version": 0,
          "dependencies": [
            "module.onepassword_secrets.data.onepassword_item.archon",
            "module.onepassword_secrets.data.onepassword_item.cloudflare",
            "module.onepassword_secrets.data.onepassword_item.elk",
            "module.onepassword_secrets.data.onepassword_item.exa",
            "module.onepassword_secrets.data.onepassword_item.github",
            "module.onepassword_secrets.data.onepassword_item.glitchtip",
            "module.onepassword_secrets.data.onepassword_item.grafana",
            "module.onepassword_secrets.data.onepassword_item.mcphub",
            "module.onepassword_secrets.data.onepassword_item.n8n",
            "module.onepassword_secrets.data.onepassword_item.proxmox",
            "module.onepassword_secrets.data.onepassword_item.splunk",
            "module.onepassword_secrets.data.onepassword_item.supabase",
            "module.onepassword_secrets.data.onepassword_vault.this"
          ]
        },
        {
          "index_key": "traefik-filebeat.yml",
          "schema_version": 0,
          "attributes": {
            "content": "# Filebeat configuration for 102-traefik (Reverse Proxy)\n# Rendered by Terraform - DO NOT EDIT MANUALLY\n\nfilebeat.autodiscover:\n  providers:\n    - type: docker\n      hints.enabled: true\n\nfilebeat.inputs:\n  # Docker container logs\n  - type: filestream\n    id: docker-containers\n    paths:\n      - /var/lib/docker/containers/*/*.log\n    parsers:\n      - container: {}\n    prospector.scanner.symlinks: true\n    fields:\n      service: traefik\n      host_role: traefik\n    fields_under_root: false\n\n  # System logs\n  - type: filestream\n    id: system-logs\n    paths:\n      - /var/log/*.log\n      - /var/log/syslog\n    exclude_files:\n      - 'traefik.*\\.log'\n    fields:\n      service: system\n      host_role: traefik\n    fields_under_root: false\n\n  # Traefik access logs\n  - type: filestream\n    id: traefik-access-logs\n    paths:\n      - /var/log/traefik-access.log\n    fields:\n      service: traefik-access\n      host_role: traefik\n    fields_under_root: false\n\nprocessors:\n  - add_host_metadata: ~\n  - add_docker_metadata:\n      host: \"unix:///var/run/docker.sock\"\n\noutput.logstash:\n  hosts: [\"192.168.50.105:5044\"]\n\nfilebeat.registry.path: /var/lib/filebeat/registry\nlogging.level: info\nlogging.to_files: true\nlogging.files:\n  path: /var/log/filebeat\n  name: filebeat\n  keepfiles: 7\n\nmax_message_bytes: 999999\n",
            "content_base64": null,
            "content_base64sha256": "CM0Fll6O6cQz110rMNy+bgNUNwpbe6QMI0cF05e7fFE=",
            "content_base64sha512": "iUHIUbGd8U+XgKkpStaLYOBlmLOO3MBbAdtaRKI41gJYnJZWKf6+sNG5CkXeVyD32n1ylJvznZV4k+dAFO0N5A==",
            "content_md5": "d44edeb7f8ebb89ae3b7ae6ac01019c3",
            "content_sha1": "b92ccf1e5952cea39a542cb8d565db4f20b675bb",
            "content_sha256": "08cd05965e8ee9c433d75d2b30dcbe6e0354370a5b7ba40c234705d397bb7c51",
            "content_sha512": "8941c851b19df14f9780a9294ad68b60e06598b38edcc05b01db5a44a238d602589c965629febeb0d1b90a45de5720f7da7d72949bf39d957893e74014ed0de4",
            "directory_permission": "0700",
            "file_permission": "0644",
            "filename": "./configs/lxc-102-traefik/filebeat.yml",
            "id": "b92ccf1e5952cea39a542cb8d565db4f20b675bb",
            "source": null
          },
          "sensitive_attributes": [
            [
              {
                "type": "get_attr",
                "value": "content"
              }
            ],
            [
              {
                "type": "get_attr",
                "value": "content_base64"
              }
            ]
          ],
          "identity_schema_version": 0,
          "dependencies": [
            "module.onepassword_secrets.data.onepassword_item.archon",
            "module.onepassword_secrets.data.onepassword_item.cloudflare",
            "module.onepassword_secrets.data.onepassword_item.elk",
            "module.onepassword_secrets.data.onepassword_item.exa",
            "module.onepassword_secrets.data.onepassword_item.github",
            "module.onepassword_secrets.data.onepassword_item.glitchtip",
            "module.onepassword_secrets.data.onepassword_item.grafana",
            "module.onepassword_secrets.data.onepassword_item.mcphub",
            "module.onepassword_secrets.data.onepassword_item.n8n",
            "module.onepassword_secrets.data.onepassword_item.proxmox",
            "module.onepassword_secrets.data.onepassword_item.splunk",
            "module.onepassword_secrets.data.onepassword_item.supabase",
            "module.onepassword_secrets.data.onepassword_vault.this"
          ]
        },
        {
          "index_key": "traefik-traefik-archon.yml",
          "schema_version": 0,
          "attributes": {
            "content": "http:\n  routers:\n    archon:\n      rule: Host(`archon.jclee.me`)\n      entryPoints:\n        - websecure\n      service: archon\n      tls:\n        certResolver: cf\n      priority: 10\n\n  services:\n    archon:\n      loadBalancer:\n        servers:\n          - url: http://192.168.50.108:3737\n",
            "content_base64": null,
            "content_base64sha256": "R1oaY29931/HWMkKuMtri/oqMJ6YQs4NFyIdqvBLm2s=",
            "content_base64sha512": "g+l58mX+Tx7auRGEPIQar5mcRAE8c5QS7pTKDKvCDMsn7c4LHZ2Pq54I9j94achJ2eMck6VzqLnAoRXm9uZyBg==",
            "content_md5": "af74b8db0e0941e7179e5ac05532d6c0",
            "content_sha1": "1cd3e22ecb84fb567745b2351f85ec730e120b49",
            "content_sha256": "475a1a636f7ddf5fc758c90ab8cb6b8bfa2a309e9842ce0d17221daaf04b9b6b",
            "content_sha512": "83e979f265fe4f1edab911843c841aaf999c44013c739412ee94ca0cabc20ccb27edce0b1d9d8fab9e08f63f7869c849d9e31c93a573a8b9c0a115e6f6e67206",
            "directory_permission": "0700",
            "file_permission": "0644",
            "filename": "./configs/lxc-102-traefik/traefik-archon.yml",
            "id": "1cd3e22ecb84fb567745b2351f85ec730e120b49",
            "source": null
          },
          "sensitive_attributes": [
            [
              {
                "type": "get_attr",
                "value": "content"
              }
            ],
            [
              {
                "type": "get_attr",
                "value": "content_base64"
              }
            ]
          ],
          "identity_schema_version": 0,
          "dependencies": [
            "module.onepassword_secrets.data.onepassword_item.archon",
            "module.onepassword_secrets.data.onepassword_item.cloudflare",
            "module.onepassword_secrets.data.onepassword_item.elk",
            "module.onepassword_secrets.data.onepassword_item.exa",
            "module.onepassword_secrets.data.onepassword_item.github",
            "module.onepassword_secrets.data.onepassword_item.glitchtip",
            "module.onepassword_secrets.data.onepassword_item.grafana",
            "module.onepassword_secrets.data.onepassword_item.mcphub",
            "module.onepassword_secrets.data.onepassword_item.n8n",
            "module.onepassword_secrets.data.onepassword_item.proxmox",
            "module.onepassword_secrets.data.onepassword_item.splunk",
            "module.onepassword_secrets.data.onepassword_item.supabase",
            "module.onepassword_secrets.data.onepassword_vault.this"
          ]
        },
        {
          "index_key": "traefik-traefik-elk.yml",
          "schema_version": 0,
          "attributes": {
            "content": "http:\n  routers:\n    kibana:\n      rule: Host(`elk.jclee.me`) || Host(`kibana.jclee.me`)\n      entryPoints:\n        - websecure\n      service: kibana\n      tls:\n        certResolver: cf\n      priority: 10\n\n    elasticsearch:\n      rule: Host(`es.jclee.me`)\n      entryPoints:\n        - websecure\n      service: elasticsearch\n      middlewares:\n        - elk-ipallowlist\n      tls:\n        certResolver: cf\n      priority: 10\n\n  middlewares:\n    elk-ipallowlist:\n      ipAllowList:\n        sourceRange:\n          - \"192.168.50.0/24\"\n          - \"127.0.0.1/32\"\n\n  services:\n    kibana:\n      loadBalancer:\n        servers:\n          - url: http://192.168.50.105:5601\n\n    elasticsearch:\n      loadBalancer:\n        servers:\n          - url: http://192.168.50.105:9200\n",
            "content_base64": null,
            "content_base64sha256": "GBDei7RjOsye0JwHPrRocmwN2XkTZY++X+BOtoUOlNE=",
            "content_base64sha512": "uvGAOJ359xicOe4MDpJNezVl7CUdXrnZ+FLth2A99IHQWFECZ39s52ZTpNX/QikIgMQxHQX6BIZSOjIJ6LduQw==",
            "content_md5": "4399cfd52450e5ab850cb1f9529076c4",
            "content_sha1": "885235180d9b69f445916f001ee5a8b5b5dfe431",
            "content_sha256": "1810de8bb4633acc9ed09c073eb468726c0dd97913658fbe5fe04eb6850e94d1",
            "content_sha512": "baf180389df9f7189c39ee0c0e924d7b3565ec251d5eb9d9f852ed87603df481d0585102677f6ce76653a4d5ff42290880c4311d05fa0486523a3209e8b76e43",
            "directory_permission": "0700",
            "file_permission": "0644",
            "filename": "./configs/lxc-102-traefik/traefik-elk.yml",
            "id": "885235180d9b69f445916f001ee5a8b5b5dfe431",
            "source": null
          },
          "sensitive_attributes": [
            [
              {
                "type": "get_attr",
                "value": "content"
              }
            ],
            [
              {
                "type": "get_attr",
                "value": "content_base64"
              }
            ]
          ],
          "identity_schema_version": 0,
          "dependencies": [
            "module.onepassword_secrets.data.onepassword_item.archon",
            "module.onepassword_secrets.data.onepassword_item.cloudflare",
            "module.onepassword_secrets.data.onepassword_item.elk",
            "module.onepassword_secrets.data.onepassword_item.exa",
            "module.onepassword_secrets.data.onepassword_item.github",
            "module.onepassword_secrets.data.onepassword_item.glitchtip",
            "module.onepassword_secrets.data.onepassword_item.grafana",
            "module.onepassword_secrets.data.onepassword_item.mcphub",
            "module.onepassword_secrets.data.onepassword_item.n8n",
            "module.onepassword_secrets.data.onepassword_item.proxmox",
            "module.onepassword_secrets.data.onepassword_item.splunk",
            "module.onepassword_secrets.data.onepassword_item.supabase",
            "module.onepassword_secrets.data.onepassword_vault.this"
          ]
        },
        {
          "index_key": "traefik-traefik-grafana.yml",
          "schema_version": 0,
          "attributes": {
            "content": "http:\n  routers:\n    grafana:\n      rule: Host(`grafana.jclee.me`)\n      entryPoints:\n        - websecure\n      service: grafana\n      tls:\n        certResolver: cf\n      priority: 10\n\n  services:\n    grafana:\n      loadBalancer:\n        servers:\n          - url: http://192.168.50.104:3000\n",
            "content_base64": null,
            "content_base64sha256": "3EojgeUns86UETQ2uo4BPGducgrvFDBxQpTSTeCctYA=",
            "content_base64sha512": "Oun4VKlIuS104P11lBQD3shXwzZ+DTBMkPYGLPrNwEPCQjkUq2XfCEdkJ7wZeSprLhaqYgVLmU3O4AIEF45xww==",
            "content_md5": "2ce0b46da8d28389994cc06e4d546094",
            "content_sha1": "a4c746deace4c03bbb1e749331f95d8e2c0fbb1b",
            "content_sha256": "dc4a2381e527b3ce94113436ba8e013c676e720aef1430714294d24de09cb580",
            "content_sha512": "3ae9f854a948b92d74e0fd75941403dec857c3367e0d304c90f6062cfacdc043c2423914ab65df08476427bc19792a6b2e16aa62054b994dcee00204178e71c3",
            "directory_permission": "0700",
            "file_permission": "0644",
            "filename": "./configs/lxc-102-traefik/traefik-grafana.yml",
            "id": "a4c746deace4c03bbb1e749331f95d8e2c0fbb1b",
            "source": null
          },
          "sensitive_attributes": [
            [
              {
                "type": "get_attr",
                "value": "content"
              }
            ],
            [
              {
                "type": "get_attr",
                "value": "content_base64"
              }
            ]
          ],
          "identity_schema_version": 0,
          "dependencies": [
            "module.onepassword_secrets.data.onepassword_item.archon",
            "module.onepassword_secrets.data.onepassword_item.cloudflare",
            "module.onepassword_secrets.data.onepassword_item.elk",
            "module.onepassword_secrets.data.onepassword_item.exa",
            "module.onepassword_secrets.data.onepassword_item.github",
            "module.onepassword_secrets.data.onepassword_item.glitchtip",
            "module.onepassword_secrets.data.onepassword_item.grafana",
            "module.onepassword_secrets.data.onepassword_item.mcphub",
            "module.onepassword_secrets.data.onepassword_item.n8n",
            "module.onepassword_secrets.data.onepassword_item.proxmox",
            "module.onepassword_secrets.data.onepassword_item.splunk",
            "module.onepassword_secrets.data.onepassword_item.supabase",
            "module.onepassword_secrets.data.onepassword_vault.this"
          ]
        },
        {
          "index_key": "traefik-traefik-mcphub.yml",
          "schema_version": 0,
          "attributes": {
            "content": "http:\n  routers:\n    mcphub:\n      rule: \"Host(`mcphub.jclee.me`)\"\n      entryPoints:\n        - websecure\n      service: mcphub\n      tls:\n        certResolver: cf\n      priority: 10\n  services:\n    mcphub:\n      loadBalancer:\n        servers:\n          - url: \"http://192.168.50.112:3000\"\n",
            "content_base64": null,
            "content_base64sha256": "HG135Ahxj2FmGJLjyNvk1GOhQFgMtz2ADLGik/KznFg=",
            "content_base64sha512": "Yd6WGgjatrBWOun1jr2eGUG6FgCPzqTu9T9EI0RTOGZDnOkk3kxacd4tRosx4e51cviSR+cEG3nyXoxUbm5gAQ==",
            "content_md5": "c34e1a79d3ab9eb6b48e7ee8d3b0bd9c",
            "content_sha1": "d2ad6ff176bc89c09f1734b3d0d69295a363a0a8",
            "content_sha256": "1c6d77e408718f61661892e3c8dbe4d463a140580cb73d800cb1a293f2b39c58",
            "content_sha512": "61de961a08dab6b0563ae9f58ebd9e1941ba16008fcea4eef53f442344533866439ce924de4c5a71de2d468b31e1ee7572f89247e7041b79f25e8c546e6e6001",
            "directory_permission": "0700",
            "file_permission": "0644",
            "filename": "./configs/lxc-102-traefik/traefik-mcphub.yml",
            "id": "d2ad6ff176bc89c09f1734b3d0d69295a363a0a8",
            "source": null
          },
          "sensitive_attributes": [
            [
              {
                "type": "get_attr",
                "value": "content"
              }
            ],
            [
              {
                "type": "get_attr",
                "value": "content_base64"
              }
            ]
          ],
          "identity_schema_version": 0,
          "dependencies": [
            "module.onepassword_secrets.data.onepassword_item.archon",
            "module.onepassword_secrets.data.onepassword_item.cloudflare",
            "module.onepassword_secrets.data.onepassword_item.elk",
            "module.onepassword_secrets.data.onepassword_item.exa",
            "module.onepassword_secrets.data.onepassword_item.github",
            "module.onepassword_secrets.data.onepassword_item.glitchtip",
            "module.onepassword_secrets.data.onepassword_item.grafana",
            "module.onepassword_secrets.data.onepassword_item.mcphub",
            "module.onepassword_secrets.data.onepassword_item.n8n",
            "module.onepassword_secrets.data.onepassword_item.proxmox",
            "module.onepassword_secrets.data.onepassword_item.splunk",
            "module.onepassword_secrets.data.onepassword_item.supabase",
            "module.onepassword_secrets.data.onepassword_vault.this"
          ]
        },
        {
          "index_key": "traefik-traefik-n8n.yml",
          "schema_version": 0,
          "attributes": {
            "content": "http:\n  routers:\n    n8n:\n      rule: Host(`n8n.jclee.me`)\n      entryPoints:\n        - websecure\n      service: n8n\n      tls:\n        certResolver: cf\n      priority: 10\n\n  services:\n    n8n:\n      loadBalancer:\n        servers:\n          - url: http://192.168.50.112:5678\n",
            "content_base64": null,
            "content_base64sha256": "1u2LJQopyZZucJnTqwZ26JmzltNAYEGa3KkKK8/+d/o=",
            "content_base64sha512": "Mhd53iXWTFw7lVZYvrMkiHJfH04MY2xEV3r5WpuXUbr17Bm0b0dxJDmhREPwU+Wg5/rfJHxD5zPlsamO158x5Q==",
            "content_md5": "f3c85fb6ae05daa999b7689f439ca1f4",
            "content_sha1": "8c361eeb3b74b9dc6e15c189077b5b012f6fd1c2",
            "content_sha256": "d6ed8b250a29c9966e7099d3ab0676e899b396d34060419adca90a2bcffe77fa",
            "content_sha512": "321779de25d64c5c3b955658beb32488725f1f4e0c636c44577af95a9b9751baf5ec19b46f47712439a14443f053e5a0e7fadf247c43e733e5b1a98ed79f31e5",
            "directory_permission": "0700",
            "file_permission": "0644",
            "filename": "./configs/lxc-102-traefik/traefik-n8n.yml",
            "id": "8c361eeb3b74b9dc6e15c189077b5b012f6fd1c2",
            "source": null
          },
          "sensitive_attributes": [
            [
              {
                "type": "get_attr",
                "value": "content"
              }
            ],
            [
              {
                "type": "get_attr",
                "value": "content_base64"
              }
            ]
          ],
          "identity_schema_version": 0,
          "dependencies": [
            "module.onepassword_secrets.data.onepassword_item.archon",
            "module.onepassword_secrets.data.onepassword_item.cloudflare",
            "module.onepassword_secrets.data.onepassword_item.elk",
            "module.onepassword_secrets.data.onepassword_item.exa",
            "module.onepassword_secrets.data.onepassword_item.github",
            "module.onepassword_secrets.data.onepassword_item.glitchtip",
            "module.onepassword_secrets.data.onepassword_item.grafana",
            "module.onepassword_secrets.data.onepassword_item.mcphub",
            "module.onepassword_secrets.data.onepassword_item.n8n",
            "module.onepassword_secrets.data.onepassword_item.proxmox",
            "module.onepassword_secrets.data.onepassword_item.splunk",
            "module.onepassword_secrets.data.onepassword_item.supabase",
            "module.onepassword_secrets.data.onepassword_vault.this"
          ]
        },
        {
          "index_key": "traefik-traefik-nas.yml",
          "schema_version": 0,
          "attributes": {
            "content": "http:\n  routers:\n    nas:\n      rule: Host(`nas.jclee.me`)\n      entryPoints:\n        - websecure\n      service: nas\n      tls:\n        certResolver: cf\n      priority: 10\n\n  services:\n    nas:\n      loadBalancer:\n        serversTransport: nas-transport\n        servers:\n          - url: https://192.168.50.215:5001\n\n  serversTransports:\n    nas-transport:\n      insecureSkipVerify: true\n",
            "content_base64": null,
            "content_base64sha256": "smrtvlRQ1A67IN2XUJHMuhgolWh8tFssbQ28Pp8Xdsw=",
            "content_base64sha512": "5rULu0WEVADJ6/DyKmNI9QmEAKtKynnDu1RWRf8JKYrwhbqNxVZyIo5wxLvOEs8lqXFu6eqOBqVu835Rg8/+3g==",
            "content_md5": "a6461f74bb0f3926155730448f182c1c",
            "content_sha1": "a9c094fc03ffd982756cf800e707f9937a8ed8b4",
            "content_sha256": "b26aedbe5450d40ebb20dd975091ccba182895687cb45b2c6d0dbc3e9f1776cc",
            "content_sha512": "e6b50bbb45845400c9ebf0f22a6348f5098400ab4aca79c3bb545645ff09298af085ba8dc55672228e70c4bbce12cf25a9716ee9ea8e06a56ef37e5183cffede",
            "directory_permission": "0700",
            "file_permission": "0644",
            "filename": "./configs/lxc-102-traefik/traefik-nas.yml",
            "id": "a9c094fc03ffd982756cf800e707f9937a8ed8b4",
            "source": null
          },
          "sensitive_attributes": [
            [
              {
                "type": "get_attr",
                "value": "content"
              }
            ],
            [
              {
                "type": "get_attr",
                "value": "content_base64"
              }
            ]
          ],
          "identity_schema_version": 0,
          "dependencies": [
            "module.onepassword_secrets.data.onepassword_item.archon",
            "module.onepassword_secrets.data.onepassword_item.cloudflare",
            "module.onepassword_secrets.data.onepassword_item.elk",
            "module.onepassword_secrets.data.onepassword_item.exa",
            "module.onepassword_secrets.data.onepassword_item.github",
            "module.onepassword_secrets.data.onepassword_item.glitchtip",
            "module.onepassword_secrets.data.onepassword_item.grafana",
            "module.onepassword_secrets.data.onepassword_item.mcphub",
            "module.onepassword_secrets.data.onepassword_item.n8n",
            "module.onepassword_secrets.data.onepassword_item.proxmox",
            "module.onepassword_secrets.data.onepassword_item.splunk",
            "module.onepassword_secrets.data.onepassword_item.supabase",
            "module.onepassword_secrets.data.onepassword_vault.this"
          ]
        },
        {
          "index_key": "traefik-traefik-opencode.yml",
          "schema_version": 0,
          "attributes": {
            "content": "http:\n  routers:\n    opencode:\n      rule: Host(`opencode.jclee.me`)\n      entryPoints:\n        - websecure\n      service: opencode\n      tls:\n        certResolver: cf\n      priority: 10\n\n  services:\n    opencode:\n      loadBalancer:\n        servers:\n          - url: http://192.168.50.200:8090\n",
            "content_base64": null,
            "content_base64sha256": "Y9sbqDyCFlERPGPFYIZeVZpynKJUKqC9R58rD4w633A=",
            "content_base64sha512": "BNaxa1sGOZ1Qulm11l96lXUHtFAO+SBGrsh1wDepNyQo3uja1S0UKtxQ+Se2HtCWN2wYRXsiizG6Aqkbb8vuLw==",
            "content_md5": "79365612610e3d113e71f8befefdaae9",
            "content_sha1": "2817e1a258b34c25fa07bcdedae7bc7631c8c1a8",
            "content_sha256": "63db1ba83c821651113c63c560865e559a729ca2542aa0bd479f2b0f8c3adf70",
            "content_sha512": "04d6b16b5b06399d50ba59b5d65f7a957507b4500ef92046aec875c037a9372428dee8dad52d142adc50f927b61ed096376c18457b228b31ba02a91b6fcbee2f",
            "directory_permission": "0700",
            "file_permission": "0644",
            "filename": "./configs/lxc-102-traefik/traefik-opencode.yml",
            "id": "2817e1a258b34c25fa07bcdedae7bc7631c8c1a8",
            "source": null
          },
          "sensitive_attributes": [
            [
              {
                "type": "get_attr",
                "value": "content"
              }
            ],
            [
              {
                "type": "get_attr",
                "value": "content_base64"
              }
            ]
          ],
          "identity_schema_version": 0,
          "dependencies": [
            "module.onepassword_secrets.data.onepassword_item.archon",
            "module.onepassword_secrets.data.onepassword_item.cloudflare",
            "module.onepassword_secrets.data.onepassword_item.elk",
            "module.onepassword_secrets.data.onepassword_item.exa",
            "module.onepassword_secrets.data.onepassword_item.github",
            "module.onepassword_secrets.data.onepassword_item.glitchtip",
            "module.onepassword_secrets.data.onepassword_item.grafana",
            "module.onepassword_secrets.data.onepassword_item.mcphub",
            "module.onepassword_secrets.data.onepassword_item.n8n",
            "module.onepassword_secrets.data.onepassword_item.proxmox",
            "module.onepassword_secrets.data.onepassword_item.splunk",
            "module.onepassword_secrets.data.onepassword_item.supabase",
            "module.onepassword_secrets.data.onepassword_vault.this"
          ]
        },
        {
          "index_key": "traefik-traefik-supabase.yml",
          "schema_version": 0,
          "attributes": {
            "content": "http:\n  routers:\n    supabase:\n      rule: Host(`supabase.jclee.me`)\n      entryPoints:\n        - websecure\n      service: supabase\n      tls:\n        certResolver: cf\n      priority: 10\n\n  services:\n    supabase:\n      loadBalancer:\n        servers:\n          - url: http://192.168.50.107:8000\n",
            "content_base64": null,
            "content_base64sha256": "YicXfEtzh0f9PinkUUrdy09r5uK/XiocQmyAq0ndUuY=",
            "content_base64sha512": "ds1Ram3fL5zNhxOiylSxG1GIEsDevT6qLVAAqcsbivmzw1OnodzzTay5CCYgC/U0AEAiAgs30YNWOS9zDDl2hA==",
            "content_md5": "6a259bd4cb43ea9d43e31dd311ae9f45",
            "content_sha1": "9bef5190f6528607c121a3838d116f25a918c04f",
            "content_sha256": "6227177c4b738747fd3e29e4514addcb4f6be6e2bf5e2a1c426c80ab49dd52e6",
            "content_sha512": "76cd516a6ddf2f9ccd8713a2ca54b11b518812c0debd3eaa2d5000a9cb1b8af9b3c353a7a1dcf34dacb90826200bf534004022020b37d18356392f730c397684",
            "directory_permission": "0700",
            "file_permission": "0644",
            "filename": "./configs/lxc-102-traefik/traefik-supabase.yml",
            "id": "9bef5190f6528607c121a3838d116f25a918c04f",
            "source": null
          },
          "sensitive_attributes": [
            [
              {
                "type": "get_attr",
                "value": "content"
              }
            ],
            [
              {
                "type": "get_attr",
                "value": "content_base64"
              }
            ]
          ],
          "identity_schema_version": 0,
          "dependencies": [
            "module.onepassword_secrets.data.onepassword_item.archon",
            "module.onepassword_secrets.data.onepassword_item.cloudflare",
            "module.onepassword_secrets.data.onepassword_item.elk",
            "module.onepassword_secrets.data.onepassword_item.exa",
            "module.onepassword_secrets.data.onepassword_item.github",
            "module.onepassword_secrets.data.onepassword_item.glitchtip",
            "module.onepassword_secrets.data.onepassword_item.grafana",
            "module.onepassword_secrets.data.onepassword_item.mcphub",
            "module.onepassword_secrets.data.onepassword_item.n8n",
            "module.onepassword_secrets.data.onepassword_item.proxmox",
            "module.onepassword_secrets.data.onepassword_item.splunk",
            "module.onepassword_secrets.data.onepassword_item.supabase",
            "module.onepassword_secrets.data.onepassword_vault.this"
          ]
        },
        {
          "index_key": "traefik-traefik-synology.yml",
          "schema_version": 0,
          "attributes": {
            "content": "http:\n  routers:\n    nas:\n      rule: \"Host(`nas.jclee.me`)\"\n      entryPoints:\n        - websecure\n      service: nas\n      tls:\n        certResolver: cf\n      priority: 10\n  services:\n    nas:\n      loadBalancer:\n        servers:\n          - url: \"http://192.168.50.215:5000\"\n",
            "content_base64": null,
            "content_base64sha256": "/u+f04Xv+UlIWAOHLvKZ0LKWfXNIhXIiLAYaOJg6MDY=",
            "content_base64sha512": "eEPudKPR5pN8UOzgFAsaV2UiLOIWNGlzSbyA0mLqduNeDRzPCA+MdvkJEZ8XwRAKufdba3QARgJhhlaEevZznQ==",
            "content_md5": "8304d0a87addedcfb5d5ed8963d893fa",
            "content_sha1": "c3cc26bee2c3b2711d8a057ad25ee5de7cac33e2",
            "content_sha256": "feef9fd385eff949485803872ef299d0b2967d73488572222c061a38983a3036",
            "content_sha512": "7843ee74a3d1e6937c50ece0140b1a5765222ce21634697349bc80d262ea76e35e0d1ccf080f8c76f909119f17c1100ab9f75b6b74004602618656847af6739d",
            "directory_permission": "0700",
            "file_permission": "0644",
            "filename": "./configs/lxc-102-traefik/traefik-synology.yml",
            "id": "c3cc26bee2c3b2711d8a057ad25ee5de7cac33e2",
            "source": null
          },
          "sensitive_attributes": [
            [
              {
                "type": "get_attr",
                "value": "content"
              }
            ],
            [
              {
                "type": "get_attr",
                "value": "content_base64"
              }
            ]
          ],
          "identity_schema_version": 0,
          "dependencies": [
            "module.onepassword_secrets.data.onepassword_item.archon",
            "module.onepassword_secrets.data.onepassword_item.cloudflare",
            "module.onepassword_secrets.data.onepassword_item.elk",
            "module.onepassword_secrets.data.onepassword_item.exa",
            "module.onepassword_secrets.data.onepassword_item.github",
            "module.onepassword_secrets.data.onepassword_item.glitchtip",
            "module.onepassword_secrets.data.onepassword_item.grafana",
            "module.onepassword_secrets.data.onepassword_item.mcphub",
            "module.onepassword_secrets.data.onepassword_item.n8n",
            "module.onepassword_secrets.data.onepassword_item.proxmox",
            "module.onepassword_secrets.data.onepassword_item.splunk",
            "module.onepassword_secrets.data.onepassword_item.supabase",
            "module.onepassword_secrets.data.onepassword_vault.this"
          ]
        },
        {
          "index_key": "traefik-traefik.yml",
          "schema_version": 0,
          "attributes": {
            "content": "api:\n  dashboard: true\n  insecure: true\n\nmetrics:\n  prometheus:\n    addEntryPointsLabels: true\n    addRoutersLabels: true\n    addServicesLabels: true\n\nentryPoints:\n  web:\n    address: \":80\"\n  websecure:\n    address: \":443\"\n\nproviders:\n  docker:\n    endpoint: \"unix:///var/run/docker.sock\"\n    exposedByDefault: false\n  file:\n    directory: /etc/traefik/dynamic\n    watch: true\n\ncertificatesResolvers:\n  letsencrypt:\n    acme:\n      email: jclee@jclee.me\n      storage: /etc/traefik/acme.json\n      httpChallenge:\n        entryPoint: web\n  cf:\n    acme:\n      email: jclee@jclee.me\n      storage: /etc/traefik/acme-cf.json\n      dnsChallenge:\n        provider: cloudflare\n        resolvers:\n          - \"1.1.1.1:53\"\n          - \"8.8.8.8:53\"\n",
            "content_base64": null,
            "content_base64sha256": "HQUAnqRnPG6EuX/SnzXav+YujLSqsbd1fc+6FOmXTEI=",
            "content_base64sha512": "wslbovO45Gtj/BdR+dzLoj12Av7ehp8umkSbp0me5bAvHRFH8X5WHL8IWA8tRscmCOFjjlhs5g1OxsC75rF4GQ==",
            "content_md5": "e915184a564cd2375e9964da0e7fa303",
            "content_sha1": "f5980d02a0482a2aef06be9d154c115d50e19bcc",
            "content_sha256": "1d05009ea4673c6e84b97fd29f35dabfe62e8cb4aab1b7757dcfba14e9974c42",
            "content_sha512": "c2c95ba2f3b8e46b63fc1751f9dccba23d7602fede869f2e9a449ba7499ee5b02f1d1147f17e561cbf08580f2d46c72608e1638e586ce60d4ec6c0bbe6b17819",
            "directory_permission": "0700",
            "file_permission": "0644",
            "filename": "./configs/lxc-102-traefik/traefik.yml",
            "id": "f5980d02a0482a2aef06be9d154c115d50e19bcc",
            "source": null
          },
          "sensitive_attributes": [
            [
              {
                "type": "get_attr",
                "value": "content"
              }
            ],
            [
              {
                "type": "get_attr",
                "value": "content_base64"
              }
            ]
          ],
          "identity_schema_version": 0,
          "dependencies": [
            "module.onepassword_secrets.data.onepassword_item.archon",
            "module.onepassword_secrets.data.onepassword_item.cloudflare",
            "module.onepassword_secrets.data.onepassword_item.elk",
            "module.onepassword_secrets.data.onepassword_item.exa",
            "module.onepassword_secrets.data.onepassword_item.github",
            "module.onepassword_secrets.data.onepassword_item.glitchtip",
            "module.onepassword_secrets.data.onepassword_item.grafana",
            "module.onepassword_secrets.data.onepassword_item.mcphub",
            "module.onepassword_secrets.data.onepassword_item.n8n",
            "module.onepassword_secrets.data.onepassword_item.proxmox",
            "module.onepassword_secrets.data.onepassword_item.splunk",
            "module.onepassword_secrets.data.onepassword_item.supabase",
            "module.onepassword_secrets.data.onepassword_vault.this"
          ]
        }
      ]
    },
    {
      "module": "module.lxc_config",
      "mode": "managed",
      "type": "local_sensitive_file",
      "name": "docker_compose",
      "provider": "provider[\"registry.terraform.io/hashicorp/local\"]",
      "instances": [
        {
          "index_key": "archon",
          "schema_version": 0,
          "attributes": {
            "content": "services:\n  archon-server:\n    build:\n      context: ./python\n      dockerfile: Dockerfile.server\n    container_name: archon-server\n    ports:\n      - \"8181:8181\"\n    environment:\n      - SUPABASE_URL=https://placeholder.supabase.local\n      - SUPABASE_ANON_KEY=eyJhbGciOiAiSFMyNTYiLCAidHlwIjogIkpXVCJ9.eyJyb2xlIjogImFub24iLCAiaXNzIjogInN1cGFiYXNlIiwgImlhdCI6IDE3NzE2MDA4MDAsICJleHAiOiAyMDg2OTYwODAwfQ.TiwflrKfacFVLlR2k7owaIPfJ8C75bwqRXqP0pzJY3o\n      - OPENAI_API_KEY=placeholder\n      - SERVICE_DISCOVERY_MODE=docker_compose\n      - LOG_LEVEL=INFO\n      - ARCHON_SERVER_PORT=8181\n      - ARCHON_MCP_PORT=8051\n      - ARCHON_UI_PORT=3737\n      - ARCHON_HOST=0.0.0.0\n    networks:\n      - app-network\n    command:\n      [\n        \"python\",\n        \"-m\",\n        \"uvicorn\",\n        \"src.server.main:app\",\n        \"--host\",\n        \"0.0.0.0\",\n        \"--port\",\n        \"8181\"\n      ]\n    healthcheck:\n      test: [\"CMD\", \"curl\", \"-f\", \"http://localhost:8181/health\"]\n      interval: 30s\n      timeout: 10s\n      retries: 3\n      start_period: 40s\n    restart: unless-stopped\n\n  archon-mcp:\n    build:\n      context: ./python\n      dockerfile: Dockerfile.mcp\n    container_name: archon-mcp\n    ports:\n      - \"8051:8051\"\n    environment:\n      - SUPABASE_URL=https://placeholder.supabase.local\n      - SUPABASE_ANON_KEY=eyJhbGciOiAiSFMyNTYiLCAidHlwIjogIkpXVCJ9.eyJyb2xlIjogImFub24iLCAiaXNzIjogInN1cGFiYXNlIiwgImlhdCI6IDE3NzE2MDA4MDAsICJleHAiOiAyMDg2OTYwODAwfQ.TiwflrKfacFVLlR2k7owaIPfJ8C75bwqRXqP0pzJY3o\n      - OPENAI_API_KEY=placeholder\n      - TRANSPORT=sse\n      - ARCHON_MCP_PORT=8051\n      - ARCHON_SERVER_PORT=8181\n    networks:\n      - app-network\n    depends_on:\n      archon-server:\n        condition: service_healthy\n    restart: unless-stopped\n\n  archon-frontend:\n    build: ./archon-ui-main\n    container_name: archon-ui\n    ports:\n      - \"3737:3737\"\n    environment:\n      - VITE_ARCHON_SERVER_PORT=8181\n      - ARCHON_SERVER_PORT=8181\n      - HOST=0.0.0.0\n      - PROD=false\n      - DOCKER_ENV=true\n    networks:\n      - app-network\n    depends_on:\n      archon-server:\n        condition: service_healthy\n    restart: unless-stopped\n\nnetworks:\n  app-network:\n    driver: bridge\n",
            "content_base64": null,
            "content_base64sha256": "48vqgXOFlhsajNdX/BZ7yjvk+buvX1gCD1bxQdQgrCE=",
            "content_base64sha512": "L7VgmnwOiARBuxzuql4zovuUlZ60E/G+U+wmbyJwpgqEnNSpjyRuVWRIoAuhxm8oj1MLh7QT4E/lPIWnp1H6qQ==",
            "content_md5": "defc20469a50de06536a5112a70687e5",
            "content_sha1": "9ce2e3941754e201624f2c5d71bde158e51d4d1f",
            "content_sha256": "e3cbea817385961b1a8cd757fc167bca3be4f9bbaf5f58020f56f141d420ac21",
            "content_sha512": "2fb5609a7c0e880441bb1ceeaa5e33a2fb94959eb413f1be53ec266f2270a60a849cd4a98f246e556448a00ba1c66f288f530b87b413e04fe53c85a7a751faa9",
            "directory_permission": "0700",
            "file_permission": "0644",
            "filename": "./configs/lxc-108-archon/docker-compose.yml",
            "id": "9ce2e3941754e201624f2c5d71bde158e51d4d1f",
            "source": null
          },
          "sensitive_attributes": [
            [
              {
                "type": "get_attr",
                "value": "content"
              }
            ],
            [
              {
                "type": "get_attr",
                "value": "content_base64"
              }
            ]
          ],
          "identity_schema_version": 0,
          "dependencies": [
            "module.onepassword_secrets.data.onepassword_item.archon",
            "module.onepassword_secrets.data.onepassword_item.cloudflare",
            "module.onepassword_secrets.data.onepassword_item.elk",
            "module.onepassword_secrets.data.onepassword_item.exa",
            "module.onepassword_secrets.data.onepassword_item.github",
            "module.onepassword_secrets.data.onepassword_item.glitchtip",
            "module.onepassword_secrets.data.onepassword_item.grafana",
            "module.onepassword_secrets.data.onepassword_item.mcphub",
            "module.onepassword_secrets.data.onepassword_item.n8n",
            "module.onepassword_secrets.data.onepassword_item.proxmox",
            "module.onepassword_secrets.data.onepassword_item.splunk",
            "module.onepassword_secrets.data.onepassword_item.supabase",
            "module.onepassword_secrets.data.onepassword_vault.this"
          ]
        },
        {
          "index_key": "coredns",
          "schema_version": 0,
          "attributes": {
            "content": "# CoreDNS Docker Compose for 103-coredns (Split DNS Resolver)\n# Rendered by Terraform - DO NOT EDIT MANUALLY\n\nservices:\n  coredns:\n    image: coredns/coredns:latest\n    container_name: coredns\n    restart: unless-stopped\n    command: -conf /etc/coredns/Corefile\n    network_mode: host\n    volumes:\n      - /opt/coredns/Corefile:/etc/coredns/Corefile:ro\n    logging:\n      driver: json-file\n      options:\n        max-size: \"10m\"\n        max-file: \"3\"\n",
            "content_base64": null,
            "content_base64sha256": "zIwxOV+LweHNBINYNgi6UEAzoxDqqIFkTupZOMoT6Tw=",
            "content_base64sha512": "IDfnYXtljqqvjvPB5ftv8Kpnj3JkBcI0umHeQLO+ag/hmCO7UZk4vm2gRx80VYA/hcKogevzFHiLtg+a4LREvw==",
            "content_md5": "f0e185f9aeca9e515d6218cabd2e90eb",
            "content_sha1": "d7eab3ccae443d5dd8bc5b196940d2351a406316",
            "content_sha256": "cc8c31395f8bc1e1cd0483583608ba504033a310eaa881644eea5938ca13e93c",
            "content_sha512": "2037e7617b658eaaaf8ef3c1e5fb6ff0aa678f726405c234ba61de40b3be6a0fe19823bb519938be6da0471f3455803f85c2a881ebf314788bb60f9ae0b444bf",
            "directory_permission": "0700",
            "file_permission": "0644",
            "filename": "./configs/lxc-103-coredns/docker-compose.yml",
            "id": "d7eab3ccae443d5dd8bc5b196940d2351a406316",
            "source": null
          },
          "sensitive_attributes": [
            [
              {
                "type": "get_attr",
                "value": "content"
              }
            ],
            [
              {
                "type": "get_attr",
                "value": "content_base64"
              }
            ]
          ],
          "identity_schema_version": 0,
          "dependencies": [
            "module.onepassword_secrets.data.onepassword_item.archon",
            "module.onepassword_secrets.data.onepassword_item.cloudflare",
            "module.onepassword_secrets.data.onepassword_item.elk",
            "module.onepassword_secrets.data.onepassword_item.exa",
            "module.onepassword_secrets.data.onepassword_item.github",
            "module.onepassword_secrets.data.onepassword_item.glitchtip",
            "module.onepassword_secrets.data.onepassword_item.grafana",
            "module.onepassword_secrets.data.onepassword_item.mcphub",
            "module.onepassword_secrets.data.onepassword_item.n8n",
            "module.onepassword_secrets.data.onepassword_item.proxmox",
            "module.onepassword_secrets.data.onepassword_item.splunk",
            "module.onepassword_secrets.data.onepassword_item.supabase",
            "module.onepassword_secrets.data.onepassword_vault.this"
          ]
        },
        {
          "index_key": "elk",
          "schema_version": 0,
          "attributes": {
            "content": "services:\n  elasticsearch:\n    image: docker.elastic.co/elasticsearch/elasticsearch:8.17.0\n    container_name: elasticsearch\n    environment:\n      - node.name=elasticsearch\n      - cluster.name=homelab-elk\n      - discovery.type=single-node\n      - xpack.security.enabled=true\n      - xpack.security.http.ssl.enabled=false\n      - xpack.security.transport.ssl.enabled=false\n      - ELASTIC_PASSWORD=I93bmZ/uT3haNpdL9GJ+neTf\n      - \"ES_JAVA_OPTS=-Xms3g -Xmx3g\"\n      - path.repo=/usr/share/elasticsearch/data/backup\n    volumes:\n      - elasticsearch_data:/usr/share/elasticsearch/data\n    ports:\n      - \"9200:9200\"\n      - \"9300:9300\"\n    networks:\n      - elk\n    healthcheck:\n      test: [\"CMD-SHELL\", \"curl -s -u elastic:I93bmZ/uT3haNpdL9GJ+neTf http://localhost:9200/_cluster/health | grep -q 'green\\\\|yellow'\"]\n      interval: 30s\n      timeout: 10s\n      retries: 5\n    deploy:\n      resources:\n        limits:\n          memory: 4G\n          cpus: '2.00'\n    logging:\n      driver: json-file\n      options:\n        max-size: \"50m\"\n        max-file: \"5\"\n    restart: unless-stopped\n\n  setup:\n    image: docker.elastic.co/elasticsearch/elasticsearch:8.17.0\n    container_name: elk-setup\n    depends_on:\n      elasticsearch:\n        condition: service_healthy\n    environment:\n      - ELASTIC_PASSWORD=I93bmZ/uT3haNpdL9GJ+neTf\n      - KIBANA_PASSWORD=bp8xTk6gkq/bqQ6QqssXTJRa\n    networks:\n      - elk\n    command: \u003e\n      bash -c '\n        echo \"Setting kibana_system password...\";\n        until curl -s -u \"elastic:${ELASTIC_PASSWORD}\" http://elasticsearch:9200 | grep -q \"cluster_name\"; do sleep 5; done;\n        curl -s -X POST -u \"elastic:${ELASTIC_PASSWORD}\" \\\n          -H \"Content-Type: application/json\" \\\n          http://elasticsearch:9200/_security/user/kibana_system/_password \\\n          -d \"{\\\"password\\\":\\\"${KIBANA_PASSWORD}\\\"}\" | grep -q \"^{}\" \u0026\u0026 echo \"kibana_system password set\" || echo \"kibana_system password already configured\";\n        echo \"Setup complete!\";\n      '\n    deploy:\n      resources:\n        limits:\n          memory: 512M\n          cpus: '0.25'\n    restart: \"no\"\n\n  logstash:\n    build:\n      context: ./config\n      dockerfile: Dockerfile.logstash\n    image: homelab/logstash:8.17.0-prometheus\n    container_name: logstash\n    volumes:\n      - ./config/logstash.conf:/usr/share/logstash/pipeline/logstash.conf:ro\n      - ./config/logstash.yml:/usr/share/logstash/config/logstash.yml:ro\n      - logstash_dlq:/usr/share/logstash/dlq\n    ports:\n      - \"5044:5044\"\n      - \"5000:5000\"\n      - \"8080:8080\"\n      - \"9600:9600\"\n\n    environment:\n      - \"LS_JAVA_OPTS=-Xms512m -Xmx512m\"\n      - ELASTICSEARCH_USERNAME=elastic\n      - ELASTICSEARCH_PASSWORD=I93bmZ/uT3haNpdL9GJ+neTf\n    networks:\n      - elk\n    depends_on:\n      elasticsearch:\n        condition: service_healthy\n      setup:\n        condition: service_completed_successfully\n    healthcheck:\n      test: [\"CMD-SHELL\", \"curl -sf http://localhost:9600/_node/stats | grep -q 'host'\"]\n      interval: 30s\n      timeout: 10s\n      retries: 5\n      start_period: 60s\n    deploy:\n      resources:\n        limits:\n          memory: 1G\n          cpus: '1.00'\n    logging:\n      driver: json-file\n      options:\n        max-size: \"50m\"\n        max-file: \"5\"\n    restart: unless-stopped\n\n  logstash-exporter:\n    image: kuskoman/logstash-exporter:v1.9.1\n    container_name: logstash-exporter\n    environment:\n      - LOGSTASH_URL=http://logstash:9600\n    ports:\n      - \"9198:9198\"\n    networks:\n      - elk\n    depends_on:\n      logstash:\n        condition: service_healthy\n    deploy:\n      resources:\n        limits:\n          memory: 64M\n          cpus: '0.10'\n    logging:\n      driver: json-file\n      options:\n        max-size: \"10m\"\n        max-file: \"3\"\n    restart: unless-stopped\n\n\n  kibana:\n    image: docker.elastic.co/kibana/kibana:8.17.0\n    container_name: kibana\n    environment:\n      - ELASTICSEARCH_HOSTS=http://elasticsearch:9200\n      - ELASTICSEARCH_USERNAME=kibana_system\n      - ELASTICSEARCH_PASSWORD=bp8xTk6gkq/bqQ6QqssXTJRa\n      - SERVER_NAME=kibana\n      - SERVER_HOST=0.0.0.0\n    ports:\n      - \"5601:5601\"\n    networks:\n      - elk\n    depends_on:\n      elasticsearch:\n        condition: service_healthy\n      setup:\n        condition: service_completed_successfully\n    healthcheck:\n      test: [\"CMD-SHELL\", \"curl -s http://localhost:5601/api/status | grep -q 'available'\"]\n      interval: 30s\n      timeout: 10s\n      retries: 5\n    deploy:\n      resources:\n        limits:\n          memory: 1G\n          cpus: '0.50'\n    logging:\n      driver: json-file\n      options:\n        max-size: \"50m\"\n        max-file: \"5\"\n    restart: unless-stopped\n\nvolumes:\n  elasticsearch_data:\n    driver: local\n  logstash_dlq:\n    driver: local\n\nnetworks:\n  elk:\n    driver: bridge\n",
            "content_base64": null,
            "content_base64sha256": "u4m9vhcTbIVhtjFQ/2ijldxL8NSamYR7yB77dDR1H3k=",
            "content_base64sha512": "WNuKi9rlqKsn08Bfy6R2uFqMPo3FSaJcqeLXBJCPcXEG/GMJ1PNgyE6fCB8vuDQPUNjqB+otv38N672WwsBPfw==",
            "content_md5": "197e5d4554dee5855df28c5800b93ca0",
            "content_sha1": "e28e00e98032fbf627ba989121d67fdd02173580",
            "content_sha256": "bb89bdbe17136c8561b63150ff68a395dc4bf0d49a99847bc81efb7434751f79",
            "content_sha512": "58db8a8bdae5a8ab27d3c05fcba476b85a8c3e8dc549a25ca9e2d704908f717106fc6309d4f360c84e9f081f2fb8340f50d8ea07ea2dbf7f0debbd96c2c04f7f",
            "directory_permission": "0700",
            "file_permission": "0644",
            "filename": "./configs/lxc-105-elk/docker-compose.yml",
            "id": "e28e00e98032fbf627ba989121d67fdd02173580",
            "source": null
          },
          "sensitive_attributes": [
            [
              {
                "type": "get_attr",
                "value": "content"
              }
            ],
            [
              {
                "type": "get_attr",
                "value": "content_base64"
              }
            ]
          ],
          "identity_schema_version": 0,
          "dependencies": [
            "module.onepassword_secrets.data.onepassword_item.archon",
            "module.onepassword_secrets.data.onepassword_item.cloudflare",
            "module.onepassword_secrets.data.onepassword_item.elk",
            "module.onepassword_secrets.data.onepassword_item.exa",
            "module.onepassword_secrets.data.onepassword_item.github",
            "module.onepassword_secrets.data.onepassword_item.glitchtip",
            "module.onepassword_secrets.data.onepassword_item.grafana",
            "module.onepassword_secrets.data.onepassword_item.mcphub",
            "module.onepassword_secrets.data.onepassword_item.n8n",
            "module.onepassword_secrets.data.onepassword_item.proxmox",
            "module.onepassword_secrets.data.onepassword_item.splunk",
            "module.onepassword_secrets.data.onepassword_item.supabase",
            "module.onepassword_secrets.data.onepassword_vault.this"
          ]
        },
        {
          "index_key": "n8n",
          "schema_version": 0,
          "attributes": {
            "content": "services:\n  n8n:\n    container_name: n8n\n    build:\n      context: /opt/n8n\n      dockerfile: Dockerfile.n8n\n    restart: unless-stopped\n    env_file:\n      - ./n8n.env\n    ports:\n      - \"5678:5678\"\n    depends_on:\n      postgres:\n        condition: service_healthy\n    deploy:\n      resources:\n        limits:\n          memory: 1G\n          cpus: '1.00'\n    logging:\n      driver: json-file\n      options:\n        max-size: \"50m\"\n        max-file: \"5\"\n    healthcheck:\n      test: [\"CMD-SHELL\", \"curl -sf http://localhost:5678/healthz || exit 1\"]\n      interval: 30s\n      timeout: 10s\n      retries: 3\n      start_period: 30s\n    volumes:\n      - n8n_data:/home/node/.n8n\n    networks:\n      - n8n_default\n\n  postgres:\n    image: postgres:16-alpine\n    container_name: n8n-postgres\n    environment:\n      POSTGRES_DB: n8n\n      POSTGRES_USER: n8n\n      POSTGRES_PASSWORD: ncR9fdvI13RCnguYuxGJ7iSi\n    volumes:\n      - n8n_postgres_data:/var/lib/postgresql/data\n    healthcheck:\n      test: [\"CMD-SHELL\", \"pg_isready -U n8n -d n8n\"]\n      interval: 10s\n      timeout: 5s\n      retries: 5\n    restart: unless-stopped\n    networks:\n      - n8n_default\n\n  cadvisor:\n    image: gcr.io/cadvisor/cadvisor:v0.51.0\n    container_name: n8n-cadvisor\n    ports:\n      - \"8888:8080\"\n    volumes:\n      - /:/rootfs:ro\n      - /var/run:/var/run:ro\n      - /sys:/sys:ro\n      - /var/lib/docker/:/var/lib/docker:ro\n    restart: unless-stopped\n    networks:\n      - n8n_default\n\n  postgres-exporter:\n    image: prometheuscommunity/postgres-exporter:v0.16.0\n    container_name: n8n-postgres-exporter\n    environment:\n      DATA_SOURCE_NAME: postgresql://n8n:ncR9fdvI13RCnguYuxGJ7iSi@postgres:5432/n8n?sslmode=disable\n    ports:\n      - \"9187:9187\"\n    depends_on:\n      postgres:\n        condition: service_healthy\n    restart: unless-stopped\n    networks:\n      - n8n_default\n\nvolumes:\n  n8n_data:\n    driver: local\n  n8n_postgres_data:\n    driver: local\n\nnetworks:\n  n8n_default:\n    name: n8n_default\n    driver: bridge\n",
            "content_base64": null,
            "content_base64sha256": "dbKftsLI5eF/qG8Qjn1ssb1BTGAytJwCFMmwhsLoUhw=",
            "content_base64sha512": "p4aMyhi+yUlKbEkyUmyROh/h/qFQGjAeh7IUDWF7/nVeEg6DFduMn/5JwhiiumYfuVhcRF6IvZ2eqpnhpAAvJA==",
            "content_md5": "6db6f4826e844ef8fdd17609fec27e4f",
            "content_sha1": "499ff23af680f8f1c858c6adf82c91ef412fdc4b",
            "content_sha256": "75b29fb6c2c8e5e17fa86f108e7d6cb1bd414c6032b49c0214c9b086c2e8521c",
            "content_sha512": "a7868cca18bec9494a6c4932526c913a1fe1fea1501a301e87b2140d617bfe755e120e8315db8c9ffe49c218a2ba661fb9585c445e88bd9d9eaa99e1a4002f24",
            "directory_permission": "0700",
            "file_permission": "0644",
            "filename": "./configs/lxc-110-n8n/docker-compose.yml",
            "id": "499ff23af680f8f1c858c6adf82c91ef412fdc4b",
            "source": null
          },
          "sensitive_attributes": [
            [
              {
                "type": "get_attr",
                "value": "content"
              }
            ],
            [
              {
                "type": "get_attr",
                "value": "content_base64"
              }
            ]
          ],
          "identity_schema_version": 0,
          "dependencies": [
            "module.onepassword_secrets.data.onepassword_item.this",
            "module.onepassword_secrets.data.onepassword_vault.this"
          ]
        },
        {
          "index_key": "supabase",
          "schema_version": 0,
          "attributes": {
            "content": "services:\n  studio:\n    image: supabase/studio:20250224-95cc97d\n    container_name: supabase-studio\n    restart: unless-stopped\n    env_file:\n      - .env\n    environment:\n      STUDIO_PG_META_URL: http://meta:8080\n      SUPABASE_URL: http://kong:8000\n      SUPABASE_PUBLIC_URL: http://192.168.50.107:8000\n      SUPABASE_ANON_KEY: eyJhbGciOiAiSFMyNTYiLCAidHlwIjogIkpXVCJ9.eyJyb2xlIjogImFub24iLCAiaXNzIjogInN1cGFiYXNlIiwgImlhdCI6IDE3NzE2MDA4MDAsICJleHAiOiAyMDg2OTYwODAwfQ.TiwflrKfacFVLlR2k7owaIPfJ8C75bwqRXqP0pzJY3o\n      SUPABASE_SERVICE_ROLE_KEY: eyJhbGciOiAiSFMyNTYiLCAidHlwIjogIkpXVCJ9.eyJyb2xlIjogInNlcnZpY2Vfcm9sZSIsICJpc3MiOiAic3VwYWJhc2UiLCAiaWF0IjogMTc3MTYwMDgwMCwgImV4cCI6IDIwODY5NjA4MDB9.vLTEQu-8UATji7axVljZzlmPUrbqbFmx7fjXaQc580Y\n    ports:\n      - \"3000:3000\"\n    depends_on:\n      - kong\n      - meta\n      - db\n    networks:\n      - supabase\n\n  kong:\n    image: kong:2.8.1\n    container_name: supabase-kong\n    restart: unless-stopped\n    env_file:\n      - .env\n    environment:\n      KONG_DATABASE: \"off\"\n      KONG_DECLARATIVE_CONFIG: /var/lib/kong/kong.yml\n      KONG_DNS_ORDER: LAST,A,CNAME\n      KONG_PLUGINS: request-transformer,cors,key-auth,acl,basic-auth\n      KONG_NGINX_PROXY_PROXY_BUFFER_SIZE: 160k\n      KONG_NGINX_PROXY_PROXY_BUFFERS: 64 160k\n    ports:\n      - \"8000:8000\"\n      - \"8443:8443\"\n    volumes:\n      - ./kong.yml:/var/lib/kong/kong.yml:ro\n    healthcheck:\n      test: [\"CMD\", \"kong\", \"health\"]\n      interval: 10s\n      timeout: 5s\n      retries: 5\n    depends_on:\n      - auth\n      - rest\n      - realtime\n      - storage\n    networks:\n      - supabase\n\n  auth:\n    image: supabase/gotrue:v2.158.1\n    container_name: supabase-auth\n    restart: unless-stopped\n    env_file:\n      - .env\n    environment:\n      GOTRUE_API_HOST: 0.0.0.0\n      GOTRUE_API_PORT: 9999\n      API_EXTERNAL_URL: http://192.168.50.107:8000\n      GOTRUE_SITE_URL: http://supabase.jclee.me\n      GOTRUE_URI_ALLOW_LIST: \"http://localhost:3000,http://192.168.50.107:3000\"\n      GOTRUE_JWT_SECRET: cwCVl7uY4WJUyZo/IpYauD9G8kqvbfhbolfNZVQNeME=\n      GOTRUE_JWT_AUD: authenticated\n      GOTRUE_DB_DRIVER: postgres\n      GOTRUE_DB_DATABASE_URL: postgres://supabase_admin:xaBI7AtdjCSRXO/B4JzKRzTw@db:5432/postgres\n      GOTRUE_EXTERNAL_EMAIL_ENABLED: \"true\"\n      GOTRUE_MAILER_AUTOCONFIRM: \"true\"\n      GOTRUE_DISABLE_SIGNUP: \"false\"\n    ports:\n      - \"9999:9999\"\n    depends_on:\n      - db\n    networks:\n      - supabase\n\n  rest:\n    image: postgrest/postgrest:v12.2.8\n    container_name: supabase-rest\n    restart: unless-stopped\n    env_file:\n      - .env\n    environment:\n      PGRST_DB_URI: postgres://authenticator:xaBI7AtdjCSRXO/B4JzKRzTw@db:5432/postgres\n      PGRST_DB_SCHEMAS: public,storage,graphql_public\n      PGRST_DB_ANON_ROLE: anon\n      PGRST_JWT_SECRET: cwCVl7uY4WJUyZo/IpYauD9G8kqvbfhbolfNZVQNeME=\n    ports:\n      - \"3001:3000\"\n    depends_on:\n      - db\n    networks:\n      - supabase\n\n  realtime:\n    image: supabase/realtime:v2.34.47\n    container_name: supabase-realtime\n    restart: unless-stopped\n    env_file:\n      - .env\n    environment:\n      DB_HOST: db\n      DB_PORT: 5432\n      DB_USER: supabase_admin\n      DB_PASSWORD: xaBI7AtdjCSRXO/B4JzKRzTw\n      DB_NAME: postgres\n      PORT: 4000\n      JWT_SECRET: cwCVl7uY4WJUyZo/IpYauD9G8kqvbfhbolfNZVQNeME=\n      SECRET_KEY_BASE: cwCVl7uY4WJUyZo/IpYauD9G8kqvbfhbolfNZVQNeME=\n      APP_NAME: realtime\n      SEED_SELF_HOST: \"true\"\n    ports:\n      - \"4000:4000\"\n    depends_on:\n      - db\n    networks:\n      - supabase\n\n  meta:\n    image: supabase/postgres-meta:v0.84.3\n    container_name: supabase-meta\n    restart: unless-stopped\n    env_file:\n      - .env\n    environment:\n      PG_META_PORT: 8080\n      PG_META_DB_HOST: db\n      PG_META_DB_PORT: 5432\n      PG_META_DB_NAME: postgres\n      PG_META_DB_USER: supabase_admin\n      PG_META_DB_PASSWORD: xaBI7AtdjCSRXO/B4JzKRzTw\n    ports:\n      - \"8080:8080\"\n    depends_on:\n      - db\n    networks:\n      - supabase\n\n  storage:\n    image: supabase/storage-api:v1.20.3\n    container_name: supabase-storage\n    restart: unless-stopped\n    env_file:\n      - .env\n    environment:\n      ANON_KEY: eyJhbGciOiAiSFMyNTYiLCAidHlwIjogIkpXVCJ9.eyJyb2xlIjogImFub24iLCAiaXNzIjogInN1cGFiYXNlIiwgImlhdCI6IDE3NzE2MDA4MDAsICJleHAiOiAyMDg2OTYwODAwfQ.TiwflrKfacFVLlR2k7owaIPfJ8C75bwqRXqP0pzJY3o\n      SERVICE_KEY: eyJhbGciOiAiSFMyNTYiLCAidHlwIjogIkpXVCJ9.eyJyb2xlIjogInNlcnZpY2Vfcm9sZSIsICJpc3MiOiAic3VwYWJhc2UiLCAiaWF0IjogMTc3MTYwMDgwMCwgImV4cCI6IDIwODY5NjA4MDB9.vLTEQu-8UATji7axVljZzlmPUrbqbFmx7fjXaQc580Y\n      POSTGREST_URL: http://rest:3000\n      PGRST_JWT_SECRET: cwCVl7uY4WJUyZo/IpYauD9G8kqvbfhbolfNZVQNeME=\n      DATABASE_URL: postgres://supabase_storage_admin:xaBI7AtdjCSRXO/B4JzKRzTw@db:5432/postgres\n      FILE_SIZE_LIMIT: 52428800\n      STORAGE_BACKEND: file\n      FILE_STORAGE_BACKEND_PATH: /var/lib/storage\n      REGION: local\n      GLOBAL_S3_BUCKET: supabase-storage\n    ports:\n      - \"5000:5000\"\n    depends_on:\n      - db\n      - rest\n    volumes:\n      - supabase_storage_data:/var/lib/storage\n    networks:\n      - supabase\n\n  db:\n    image: supabase/postgres:15.8.1.049\n    container_name: supabase-db\n    restart: unless-stopped\n    env_file:\n      - .env\n    environment:\n      POSTGRES_PASSWORD: xaBI7AtdjCSRXO/B4JzKRzTw\n      POSTGRES_DB: postgres\n      POSTGRES_USER: supabase_admin\n      JWT_SECRET: cwCVl7uY4WJUyZo/IpYauD9G8kqvbfhbolfNZVQNeME=\n      JWT_EXP: 3600\n    ports:\n      - \"5432:5432\"\n    volumes:\n      - supabase_db_data:/var/lib/postgresql/data\n    healthcheck:\n      test: [\"CMD-SHELL\", \"pg_isready -U supabase_admin -d postgres\"]\n      interval: 10s\n      timeout: 5s\n      retries: 10\n    networks:\n      - supabase\n\nnetworks:\n  supabase:\n    driver: bridge\n\nvolumes:\n  supabase_db_data:\n  supabase_storage_data:\n",
            "content_base64": null,
            "content_base64sha256": "Y7BIdPt8WPNm7ZqGfxMqVxGfqDXlgxOBg/tkceOItLE=",
            "content_base64sha512": "tgXLSZdsoSVBAPbp+bP0hSgWi1ZHRVKha+Aln/pVx7R6CDUt6kp9qrkBe777nOpsR7FI3b31/dGKs6MwUNEPhQ==",
            "content_md5": "a5cf9456e29afa5bf58cb42e4df5a18f",
            "content_sha1": "27ca6594087b40ce66419b1e45fac36825028c6a",
            "content_sha256": "63b04874fb7c58f366ed9a867f132a57119fa835e583138183fb6471e388b4b1",
            "content_sha512": "b605cb49976ca1254100f6e9f9b3f48528168b56474552a16be0259ffa55c7b47a08352dea4a7daab9017bbefb9cea6c47b148ddbdf5fdd18ab3a33050d10f85",
            "directory_permission": "0700",
            "file_permission": "0644",
            "filename": "./configs/lxc-107-supabase/docker-compose.yml",
            "id": "27ca6594087b40ce66419b1e45fac36825028c6a",
            "source": null
          },
          "sensitive_attributes": [
            [
              {
                "type": "get_attr",
                "value": "content"
              }
            ],
            [
              {
                "type": "get_attr",
                "value": "content_base64"
              }
            ]
          ],
          "identity_schema_version": 0,
          "dependencies": [
            "module.onepassword_secrets.data.onepassword_item.archon",
            "module.onepassword_secrets.data.onepassword_item.cloudflare",
            "module.onepassword_secrets.data.onepassword_item.elk",
            "module.onepassword_secrets.data.onepassword_item.exa",
            "module.onepassword_secrets.data.onepassword_item.github",
            "module.onepassword_secrets.data.onepassword_item.glitchtip",
            "module.onepassword_secrets.data.onepassword_item.grafana",
            "module.onepassword_secrets.data.onepassword_item.mcphub",
            "module.onepassword_secrets.data.onepassword_item.n8n",
            "module.onepassword_secrets.data.onepassword_item.proxmox",
            "module.onepassword_secrets.data.onepassword_item.splunk",
            "module.onepassword_secrets.data.onepassword_item.supabase",
            "module.onepassword_secrets.data.onepassword_vault.this"
          ]
        }
      ]
    },
    {
      "module": "module.lxc_config",
      "mode": "managed",
      "type": "null_resource",
      "name": "deploy_cloud_init",
      "provider": "provider[\"registry.terraform.io/hashicorp/null\"]",
      "instances": []
    },
    {
      "module": "module.lxc_config",
      "mode": "managed",
      "type": "null_resource",
      "name": "deploy_config_files",
      "provider": "provider[\"registry.terraform.io/hashicorp/null\"]",
      "instances": []
    },
    {
      "module": "module.lxc_config",
      "mode": "managed",
      "type": "null_resource",
      "name": "deploy_systemd_services",
      "provider": "provider[\"registry.terraform.io/hashicorp/null\"]",
      "instances": []
    },
    {
      "module": "module.lxc_config",
      "mode": "managed",
      "type": "null_resource",
      "name": "health_check_systemd",
      "provider": "provider[\"registry.terraform.io/hashicorp/null\"]",
      "instances": []
    },
    {
      "module": "module.lxc_config",
      "mode": "managed",
      "type": "null_resource",
      "name": "install_filebeat",
      "provider": "provider[\"registry.terraform.io/hashicorp/null\"]",
      "instances": []
    },
    {
      "module": "module.onepassword_secrets",
      "mode": "data",
      "type": "onepassword_item",
      "name": "archon",
      "provider": "provider[\"registry.terraform.io/1password/onepassword\"]",
      "instances": [
        {
          "schema_version": 0,
          "attributes": {
            "category": "password",
            "credential": null,
            "database": null,
            "file": [],
            "filename": null,
            "hostname": null,
            "id": "vaults/glsrlcf5lapzbba6zk6sppkgnq/items/jgp7tcj64l6txk7tl2v6r7vz5q",
            "note_value": null,
            "password": "",
            "port": null,
            "private_key": null,
            "private_key_openssh": null,
            "public_key": null,
            "section": [
              {
                "field": [
                  {
                    "id": "pocoa2pqbl52tfqfu3bko4kwja",
                    "label": "bootstrap",
                    "type": "CONCEALED",
                    "value": "bootstrap"
                  },
                  {
                    "id": "ivia24yysnr6nt6vhzpsi34p24",
                    "label": "anthropic_api_key",
                    "type": "CONCEALED",
                    "value": "placeholder"
                  },
                  {
                    "id": "4axrcifyc42rx265jx22vb2iam",
                    "label": "openai_api_key",
                    "type": "CONCEALED",
                    "value": "placeholder"
                  }
                ],
                "file": [],
                "id": "Section_emj7imtbhvglqpz5pe6vtt4xnq",
                "label": "secrets"
              }
            ],
            "section_map": {
              "secrets": {
                "field_map": {
                  "anthropic_api_key": {
                    "id": "ivia24yysnr6nt6vhzpsi34p24",
                    "type": "CONCEALED",
                    "value": "placeholder"
                  },
                  "bootstrap": {
                    "id": "pocoa2pqbl52tfqfu3bko4kwja",
                    "type": "CONCEALED",
                    "value": "bootstrap"
                  },
                  "openai_api_key": {
                    "id": "4axrcifyc42rx265jx22vb2iam",
                    "type": "CONCEALED",
                    "value": "placeholder"
                  }
                },
                "file_map": {},
                "id": "Section_emj7imtbhvglqpz5pe6vtt4xnq"
              }
            },
            "tags": [],
            "title": "archon",
            "type": null,
            "url": null,
            "username": null,
            "uuid": "jgp7tcj64l6txk7tl2v6r7vz5q",
            "valid_from": null,
            "vault": "glsrlcf5lapzbba6zk6sppkgnq"
          },
          "sensitive_attributes": [
            [
              {
                "type": "get_attr",
                "value": "credential"
              }
            ],
            [
              {
                "type": "get_attr",
                "value": "note_value"
              }
            ],
            [
              {
                "type": "get_attr",
                "value": "password"
              }
            ],
            [
              {
                "type": "get_attr",
                "value": "private_key"
              }
            ],
            [
              {
                "type": "get_attr",
                "value": "private_key_openssh"
              }
            ],
            [
              {
                "type": "get_attr",
                "value": "section"
              },
              {
                "type": "index",
                "value": {
                  "value": 0,
                  "type": "number"
                }
              },
              {
                "type": "get_attr",
                "value": "field"
              },
              {
                "type": "index",
                "value": {
                  "value": 0,
                  "type": "number"
                }
              },
              {
                "type": "get_attr",
                "value": "value"
              }
            ],
            [
              {
                "type": "get_attr",
                "value": "section"
              },
              {
                "type": "index",
                "value": {
                  "value": 0,
                  "type": "number"
                }
              },
              {
                "type": "get_attr",
                "value": "field"
              },
              {
                "type": "index",
                "value": {
                  "value": 1,
                  "type": "number"
                }
              },
              {
                "type": "get_attr",
                "value": "value"
              }
            ],
            [
              {
                "type": "get_attr",
                "value": "section"
              },
              {
                "type": "index",
                "value": {
                  "value": 0,
                  "type": "number"
                }
              },
              {
                "type": "get_attr",
                "value": "field"
              },
              {
                "type": "index",
                "value": {
                  "value": 2,
                  "type": "number"
                }
              },
              {
                "type": "get_attr",
                "value": "value"
              }
            ],
            [
              {
                "type": "get_attr",
                "value": "section_map"
              },
              {
                "type": "index",
                "value": {
                  "value": "secrets",
                  "type": "string"
                }
              },
              {
                "type": "get_attr",
                "value": "field_map"
              },
              {
                "type": "index",
                "value": {
                  "value": "anthropic_api_key",
                  "type": "string"
                }
              },
              {
                "type": "get_attr",
                "value": "value"
              }
            ],
            [
              {
                "type": "get_attr",
                "value": "section_map"
              },
              {
                "type": "index",
                "value": {
                  "value": "secrets",
                  "type": "string"
                }
              },
              {
                "type": "get_attr",
                "value": "field_map"
              },
              {
                "type": "index",
                "value": {
                  "value": "bootstrap",
                  "type": "string"
                }
              },
              {
                "type": "get_attr",
                "value": "value"
              }
            ],
            [
              {
                "type": "get_attr",
                "value": "section_map"
              },
              {
                "type": "index",
                "value": {
                  "value": "secrets",
                  "type": "string"
                }
              },
              {
                "type": "get_attr",
                "value": "field_map"
              },
              {
                "type": "index",
                "value": {
                  "value": "openai_api_key",
                  "type": "string"
                }
              },
              {
                "type": "get_attr",
                "value": "value"
              }
            ]
          ],
          "identity_schema_version": 0
        }
      ]
    },
    {
      "module": "module.onepassword_secrets",
      "mode": "data",
      "type": "onepassword_item",
      "name": "cloudflare",
      "provider": "provider[\"registry.terraform.io/1password/onepassword\"]",
      "instances": [
        {
          "schema_version": 0,
          "attributes": {
            "category": "password",
            "credential": null,
            "database": null,
            "file": [],
            "filename": null,
            "hostname": null,
            "id": "vaults/glsrlcf5lapzbba6zk6sppkgnq/items/xy7yd33hn63kklacjmutgviysu",
            "note_value": null,
            "password": "8c5a660dfff03201090979aed72f097f8dc96",
            "port": null,
            "private_key": null,
            "private_key_openssh": null,
            "public_key": null,
            "section": [
              {
                "field": [
                  {
                    "id": "zmxgxhulypz563pf5p4smhmtae",
                    "label": "bootstrap",
                    "type": "CONCEALED",
                    "value": "bootstrap"
                  },
                  {
                    "id": "v7vnwdkqqq43bgjpe4ozyercca",
                    "label": "api_key",
                    "type": "CONCEALED",
                    "value": "AMSoMCU6co1jb3rS55lRylcZSgfbBzAHEH-fwym2"
                  },
                  {
                    "id": "hrrkg3rpmbkpn2nygula3uxgtm",
                    "label": "email",
                    "type": "CONCEALED",
                    "value": "qws941@kakao.com"
                  },
                  {
                    "id": "mhhs6wwtsso5bsb7j53l3a2uhu",
                    "label": "account_id",
                    "type": "CONCEALED",
                    "value": "a8d9c67f586acdd15eebcc65ca3aa5bb"
                  },
                  {
                    "id": "jccclhjimlia4rn7irkgpa6ncm",
                    "label": "zone_id",
                    "type": "CONCEALED",
                    "value": "ed060daac18345f6900fc5a661dc94f9"
                  }
                ],
                "file": [],
                "id": "Section_bxczehcnpfuosohnfzazep4mni",
                "label": "secrets"
              }
            ],
            "section_map": {
              "secrets": {
                "field_map": {
                  "account_id": {
                    "id": "mhhs6wwtsso5bsb7j53l3a2uhu",
                    "type": "CONCEALED",
                    "value": "a8d9c67f586acdd15eebcc65ca3aa5bb"
                  },
                  "api_key": {
                    "id": "v7vnwdkqqq43bgjpe4ozyercca",
                    "type": "CONCEALED",
                    "value": "AMSoMCU6co1jb3rS55lRylcZSgfbBzAHEH-fwym2"
                  },
                  "bootstrap": {
                    "id": "zmxgxhulypz563pf5p4smhmtae",
                    "type": "CONCEALED",
                    "value": "bootstrap"
                  },
                  "email": {
                    "id": "hrrkg3rpmbkpn2nygula3uxgtm",
                    "type": "CONCEALED",
                    "value": "qws941@kakao.com"
                  },
                  "zone_id": {
                    "id": "jccclhjimlia4rn7irkgpa6ncm",
                    "type": "CONCEALED",
                    "value": "ed060daac18345f6900fc5a661dc94f9"
                  }
                },
                "file_map": {},
                "id": "Section_bxczehcnpfuosohnfzazep4mni"
              }
            },
            "tags": [],
            "title": "cloudflare",
            "type": null,
            "url": null,
            "username": null,
            "uuid": "xy7yd33hn63kklacjmutgviysu",
            "valid_from": null,
            "vault": "glsrlcf5lapzbba6zk6sppkgnq"
          },
          "sensitive_attributes": [
            [
              {
                "type": "get_attr",
                "value": "credential"
              }
            ],
            [
              {
                "type": "get_attr",
                "value": "note_value"
              }
            ],
            [
              {
                "type": "get_attr",
                "value": "password"
              }
            ],
            [
              {
                "type": "get_attr",
                "value": "private_key"
              }
            ],
            [
              {
                "type": "get_attr",
                "value": "private_key_openssh"
              }
            ],
            [
              {
                "type": "get_attr",
                "value": "section"
              },
              {
                "type": "index",
                "value": {
                  "value": 0,
                  "type": "number"
                }
              },
              {
                "type": "get_attr",
                "value": "field"
              },
              {
                "type": "index",
                "value": {
                  "value": 0,
                  "type": "number"
                }
              },
              {
                "type": "get_attr",
                "value": "value"
              }
            ],
            [
              {
                "type": "get_attr",
                "value": "section"
              },
              {
                "type": "index",
                "value": {
                  "value": 0,
                  "type": "number"
                }
              },
              {
                "type": "get_attr",
                "value": "field"
              },
              {
                "type": "index",
                "value": {
                  "value": 1,
                  "type": "number"
                }
              },
              {
                "type": "get_attr",
                "value": "value"
              }
            ],
            [
              {
                "type": "get_attr",
                "value": "section"
              },
              {
                "type": "index",
                "value": {
                  "value": 0,
                  "type": "number"
                }
              },
              {
                "type": "get_attr",
                "value": "field"
              },
              {
                "type": "index",
                "value": {
                  "value": 2,
                  "type": "number"
                }
              },
              {
                "type": "get_attr",
                "value": "value"
              }
            ],
            [
              {
                "type": "get_attr",
                "value": "section"
              },
              {
                "type": "index",
                "value": {
                  "value": 0,
                  "type": "number"
                }
              },
              {
                "type": "get_attr",
                "value": "field"
              },
              {
                "type": "index",
                "value": {
                  "value": 3,
                  "type": "number"
                }
              },
              {
                "type": "get_attr",
                "value": "value"
              }
            ],
            [
              {
                "type": "get_attr",
                "value": "section"
              },
              {
                "type": "index",
                "value": {
                  "value": 0,
                  "type": "number"
                }
              },
              {
                "type": "get_attr",
                "value": "field"
              },
              {
                "type": "index",
                "value": {
                  "value": 4,
                  "type": "number"
                }
              },
              {
                "type": "get_attr",
                "value": "value"
              }
            ],
            [
              {
                "type": "get_attr",
                "value": "section_map"
              },
              {
                "type": "index",
                "value": {
                  "value": "secrets",
                  "type": "string"
                }
              },
              {
                "type": "get_attr",
                "value": "field_map"
              },
              {
                "type": "index",
                "value": {
                  "value": "account_id",
                  "type": "string"
                }
              },
              {
                "type": "get_attr",
                "value": "value"
              }
            ],
            [
              {
                "type": "get_attr",
                "value": "section_map"
              },
              {
                "type": "index",
                "value": {
                  "value": "secrets",
                  "type": "string"
                }
              },
              {
                "type": "get_attr",
                "value": "field_map"
              },
              {
                "type": "index",
                "value": {
                  "value": "api_key",
                  "type": "string"
                }
              },
              {
                "type": "get_attr",
                "value": "value"
              }
            ],
            [
              {
                "type": "get_attr",
                "value": "section_map"
              },
              {
                "type": "index",
                "value": {
                  "value": "secrets",
                  "type": "string"
                }
              },
              {
                "type": "get_attr",
                "value": "field_map"
              },
              {
                "type": "index",
                "value": {
                  "value": "bootstrap",
                  "type": "string"
                }
              },
              {
                "type": "get_attr",
                "value": "value"
              }
            ],
            [
              {
                "type": "get_attr",
                "value": "section_map"
              },
              {
                "type": "index",
                "value": {
                  "value": "secrets",
                  "type": "string"
                }
              },
              {
                "type": "get_attr",
                "value": "field_map"
              },
              {
                "type": "index",
                "value": {
                  "value": "email",
                  "type": "string"
                }
              },
              {
                "type": "get_attr",
                "value": "value"
              }
            ],
            [
              {
                "type": "get_attr",
                "value": "section_map"
              },
              {
                "type": "index",
                "value": {
                  "value": "secrets",
                  "type": "string"
                }
              },
              {
                "type": "get_attr",
                "value": "field_map"
              },
              {
                "type": "index",
                "value": {
                  "value": "zone_id",
                  "type": "string"
                }
              },
              {
                "type": "get_attr",
                "value": "value"
              }
            ]
          ],
          "identity_schema_version": 0
        }
      ]
    },
    {
      "module": "module.onepassword_secrets",
      "mode": "data",
      "type": "onepassword_item",
      "name": "elk",
      "provider": "provider[\"registry.terraform.io/1password/onepassword\"]",
      "instances": [
        {
          "schema_version": 0,
          "attributes": {
            "category": "password",
            "credential": null,
            "database": null,
            "file": [],
            "filename": null,
            "hostname": null,
            "id": "vaults/glsrlcf5lapzbba6zk6sppkgnq/items/3tv4bbwgsqbwaccvt435if2fci",
            "note_value": null,
            "password": "",
            "port": null,
            "private_key": null,
            "private_key_openssh": null,
            "public_key": null,
            "section": [
              {
                "field": [
                  {
                    "id": "mjr3uc2bidvmq7vkarffldhpcm",
                    "label": "bootstrap",
                    "type": "CONCEALED",
                    "value": "bootstrap"
                  },
                  {
                    "id": "a4nrh5aqap25d7mdjroehrufoy",
                    "label": "elastic_password",
                    "type": "CONCEALED",
                    "value": "I93bmZ/uT3haNpdL9GJ+neTf"
                  },
                  {
                    "id": "owwjezkhq77qy4pcy76dhndbim",
                    "label": "kibana_password",
                    "type": "CONCEALED",
                    "value": "bp8xTk6gkq/bqQ6QqssXTJRa"
                  }
                ],
                "file": [],
                "id": "Section_i36jlm2gabdy7xymj3ewowzcie",
                "label": "secrets"
              }
            ],
            "section_map": {
              "secrets": {
                "field_map": {
                  "bootstrap": {
                    "id": "mjr3uc2bidvmq7vkarffldhpcm",
                    "type": "CONCEALED",
                    "value": "bootstrap"
                  },
                  "elastic_password": {
                    "id": "a4nrh5aqap25d7mdjroehrufoy",
                    "type": "CONCEALED",
                    "value": "I93bmZ/uT3haNpdL9GJ+neTf"
                  },
                  "kibana_password": {
                    "id": "owwjezkhq77qy4pcy76dhndbim",
                    "type": "CONCEALED",
                    "value": "bp8xTk6gkq/bqQ6QqssXTJRa"
                  }
                },
                "file_map": {},
                "id": "Section_i36jlm2gabdy7xymj3ewowzcie"
              }
            },
            "tags": [],
            "title": "elk",
            "type": null,
            "url": null,
            "username": null,
            "uuid": "3tv4bbwgsqbwaccvt435if2fci",
            "valid_from": null,
            "vault": "glsrlcf5lapzbba6zk6sppkgnq"
          },
          "sensitive_attributes": [
            [
              {
                "type": "get_attr",
                "value": "credential"
              }
            ],
            [
              {
                "type": "get_attr",
                "value": "note_value"
              }
            ],
            [
              {
                "type": "get_attr",
                "value": "password"
              }
            ],
            [
              {
                "type": "get_attr",
                "value": "private_key"
              }
            ],
            [
              {
                "type": "get_attr",
                "value": "private_key_openssh"
              }
            ],
            [
              {
                "type": "get_attr",
                "value": "section"
              },
              {
                "type": "index",
                "value": {
                  "value": 0,
                  "type": "number"
                }
              },
              {
                "type": "get_attr",
                "value": "field"
              },
              {
                "type": "index",
                "value": {
                  "value": 0,
                  "type": "number"
                }
              },
              {
                "type": "get_attr",
                "value": "value"
              }
            ],
            [
              {
                "type": "get_attr",
                "value": "section"
              },
              {
                "type": "index",
                "value": {
                  "value": 0,
                  "type": "number"
                }
              },
              {
                "type": "get_attr",
                "value": "field"
              },
              {
                "type": "index",
                "value": {
                  "value": 1,
                  "type": "number"
                }
              },
              {
                "type": "get_attr",
                "value": "value"
              }
            ],
            [
              {
                "type": "get_attr",
                "value": "section"
              },
              {
                "type": "index",
                "value": {
                  "value": 0,
                  "type": "number"
                }
              },
              {
                "type": "get_attr",
                "value": "field"
              },
              {
                "type": "index",
                "value": {
                  "value": 2,
                  "type": "number"
                }
              },
              {
                "type": "get_attr",
                "value": "value"
              }
            ],
            [
              {
                "type": "get_attr",
                "value": "section_map"
              },
              {
                "type": "index",
                "value": {
                  "value": "secrets",
                  "type": "string"
                }
              },
              {
                "type": "get_attr",
                "value": "field_map"
              },
              {
                "type": "index",
                "value": {
                  "value": "bootstrap",
                  "type": "string"
                }
              },
              {
                "type": "get_attr",
                "value": "value"
              }
            ],
            [
              {
                "type": "get_attr",
                "value": "section_map"
              },
              {
                "type": "index",
                "value": {
                  "value": "secrets",
                  "type": "string"
                }
              },
              {
                "type": "get_attr",
                "value": "field_map"
              },
              {
                "type": "index",
                "value": {
                  "value": "elastic_password",
                  "type": "string"
                }
              },
              {
                "type": "get_attr",
                "value": "value"
              }
            ],
            [
              {
                "type": "get_attr",
                "value": "section_map"
              },
              {
                "type": "index",
                "value": {
                  "value": "secrets",
                  "type": "string"
                }
              },
              {
                "type": "get_attr",
                "value": "field_map"
              },
              {
                "type": "index",
                "value": {
                  "value": "kibana_password",
                  "type": "string"
                }
              },
              {
                "type": "get_attr",
                "value": "value"
              }
            ]
          ],
          "identity_schema_version": 0
        }
      ]
    },
    {
      "module": "module.onepassword_secrets",
      "mode": "data",
      "type": "onepassword_item",
      "name": "exa",
      "provider": "provider[\"registry.terraform.io/1password/onepassword\"]",
      "instances": [
        {
          "schema_version": 0,
          "attributes": {
            "category": "password",
            "credential": null,
            "database": null,
            "file": [],
            "filename": null,
            "hostname": null,
            "id": "vaults/glsrlcf5lapzbba6zk6sppkgnq/items/unefsmdxlslgtqgq2434qpy6de",
            "note_value": null,
            "password": "",
            "port": null,
            "private_key": null,
            "private_key_openssh": null,
            "public_key": null,
            "section": [
              {
                "field": [
                  {
                    "id": "ab426u35hotimfdzx633h6amva",
                    "label": "bootstrap",
                    "type": "CONCEALED",
                    "value": "bootstrap"
                  },
                  {
                    "id": "jnq6rjjg4kurg2bymkbwjtswjy",
                    "label": "api_key",
                    "type": "CONCEALED",
                    "value": "placeholder"
                  }
                ],
                "file": [],
                "id": "Section_fwilkfhjbtp7vftgxkyn5swsai",
                "label": "secrets"
              }
            ],
            "section_map": {
              "secrets": {
                "field_map": {
                  "api_key": {
                    "id": "jnq6rjjg4kurg2bymkbwjtswjy",
                    "type": "CONCEALED",
                    "value": "placeholder"
                  },
                  "bootstrap": {
                    "id": "ab426u35hotimfdzx633h6amva",
                    "type": "CONCEALED",
                    "value": "bootstrap"
                  }
                },
                "file_map": {},
                "id": "Section_fwilkfhjbtp7vftgxkyn5swsai"
              }
            },
            "tags": [],
            "title": "exa",
            "type": null,
            "url": null,
            "username": null,
            "uuid": "unefsmdxlslgtqgq2434qpy6de",
            "valid_from": null,
            "vault": "glsrlcf5lapzbba6zk6sppkgnq"
          },
          "sensitive_attributes": [
            [
              {
                "type": "get_attr",
                "value": "credential"
              }
            ],
            [
              {
                "type": "get_attr",
                "value": "note_value"
              }
            ],
            [
              {
                "type": "get_attr",
                "value": "password"
              }
            ],
            [
              {
                "type": "get_attr",
                "value": "private_key"
              }
            ],
            [
              {
                "type": "get_attr",
                "value": "private_key_openssh"
              }
            ],
            [
              {
                "type": "get_attr",
                "value": "section"
              },
              {
                "type": "index",
                "value": {
                  "value": 0,
                  "type": "number"
                }
              },
              {
                "type": "get_attr",
                "value": "field"
              },
              {
                "type": "index",
                "value": {
                  "value": 0,
                  "type": "number"
                }
              },
              {
                "type": "get_attr",
                "value": "value"
              }
            ],
            [
              {
                "type": "get_attr",
                "value": "section"
              },
              {
                "type": "index",
                "value": {
                  "value": 0,
                  "type": "number"
                }
              },
              {
                "type": "get_attr",
                "value": "field"
              },
              {
                "type": "index",
                "value": {
                  "value": 1,
                  "type": "number"
                }
              },
              {
                "type": "get_attr",
                "value": "value"
              }
            ],
            [
              {
                "type": "get_attr",
                "value": "section_map"
              },
              {
                "type": "index",
                "value": {
                  "value": "secrets",
                  "type": "string"
                }
              },
              {
                "type": "get_attr",
                "value": "field_map"
              },
              {
                "type": "index",
                "value": {
                  "value": "api_key",
                  "type": "string"
                }
              },
              {
                "type": "get_attr",
                "value": "value"
              }
            ],
            [
              {
                "type": "get_attr",
                "value": "section_map"
              },
              {
                "type": "index",
                "value": {
                  "value": "secrets",
                  "type": "string"
                }
              },
              {
                "type": "get_attr",
                "value": "field_map"
              },
              {
                "type": "index",
                "value": {
                  "value": "bootstrap",
                  "type": "string"
                }
              },
              {
                "type": "get_attr",
                "value": "value"
              }
            ]
          ],
          "identity_schema_version": 0
        }
      ]
    },
    {
      "module": "module.onepassword_secrets",
      "mode": "data",
      "type": "onepassword_item",
      "name": "github",
      "provider": "provider[\"registry.terraform.io/1password/onepassword\"]",
      "instances": [
        {
          "schema_version": 0,
          "attributes": {
            "category": "password",
            "credential": null,
            "database": null,
            "file": [],
            "filename": null,
            "hostname": null,
            "id": "vaults/glsrlcf5lapzbba6zk6sppkgnq/items/4p5zxzlkhbfqurzevook2dcufe",
            "note_value": null,
            "password": "",
            "port": null,
            "private_key": null,
            "private_key_openssh": null,
            "public_key": null,
            "section": [
              {
                "field": [
                  {
                    "id": "tploowr3t4agbzj3kjfhjercga",
                    "label": "bootstrap",
                    "type": "CONCEALED",
                    "value": "bootstrap"
                  },
                  {
                    "id": "xq75ziq5vv6m37u2fw6y6cg5sq",
                    "label": "personal_access_token",
                    "type": "CONCEALED",
                    "value": "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"
                  }
                ],
                "file": [],
                "id": "Section_eviljwgcga3nlwbv3jb4n5f2ju",
                "label": "secrets"
              }
            ],
            "section_map": {
              "secrets": {
                "field_map": {
                  "bootstrap": {
                    "id": "tploowr3t4agbzj3kjfhjercga",
                    "type": "CONCEALED",
                    "value": "bootstrap"
                  },
                  "personal_access_token": {
                    "id": "xq75ziq5vv6m37u2fw6y6cg5sq",
                    "type": "CONCEALED",
                    "value": "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"
                  }
                },
                "file_map": {},
                "id": "Section_eviljwgcga3nlwbv3jb4n5f2ju"
              }
            },
            "tags": [],
            "title": "github",
            "type": null,
            "url": null,
            "username": null,
            "uuid": "4p5zxzlkhbfqurzevook2dcufe",
            "valid_from": null,
            "vault": "glsrlcf5lapzbba6zk6sppkgnq"
          },
          "sensitive_attributes": [
            [
              {
                "type": "get_attr",
                "value": "credential"
              }
            ],
            [
              {
                "type": "get_attr",
                "value": "note_value"
              }
            ],
            [
              {
                "type": "get_attr",
                "value": "password"
              }
            ],
            [
              {
                "type": "get_attr",
                "value": "private_key"
              }
            ],
            [
              {
                "type": "get_attr",
                "value": "private_key_openssh"
              }
            ],
            [
              {
                "type": "get_attr",
                "value": "section"
              },
              {
                "type": "index",
                "value": {
                  "value": 0,
                  "type": "number"
                }
              },
              {
                "type": "get_attr",
                "value": "field"
              },
              {
                "type": "index",
                "value": {
                  "value": 0,
                  "type": "number"
                }
              },
              {
                "type": "get_attr",
                "value": "value"
              }
            ],
            [
              {
                "type": "get_attr",
                "value": "section"
              },
              {
                "type": "index",
                "value": {
                  "value": 0,
                  "type": "number"
                }
              },
              {
                "type": "get_attr",
                "value": "field"
              },
              {
                "type": "index",
                "value": {
                  "value": 1,
                  "type": "number"
                }
              },
              {
                "type": "get_attr",
                "value": "value"
              }
            ],
            [
              {
                "type": "get_attr",
                "value": "section_map"
              },
              {
                "type": "index",
                "value": {
                  "value": "secrets",
                  "type": "string"
                }
              },
              {
                "type": "get_attr",
                "value": "field_map"
              },
              {
                "type": "index",
                "value": {
                  "value": "bootstrap",
                  "type": "string"
                }
              },
              {
                "type": "get_attr",
                "value": "value"
              }
            ],
            [
              {
                "type": "get_attr",
                "value": "section_map"
              },
              {
                "type": "index",
                "value": {
                  "value": "secrets",
                  "type": "string"
                }
              },
              {
                "type": "get_attr",
                "value": "field_map"
              },
              {
                "type": "index",
                "value": {
                  "value": "personal_access_token",
                  "type": "string"
                }
              },
              {
                "type": "get_attr",
                "value": "value"
              }
            ]
          ],
          "identity_schema_version": 0
        }
      ]
    },
    {
      "module": "module.onepassword_secrets",
      "mode": "data",
      "type": "onepassword_item",
      "name": "grafana",
      "provider": "provider[\"registry.terraform.io/1password/onepassword\"]",
      "instances": [
        {
          "schema_version": 0,
          "attributes": {
            "category": "password",
            "credential": null,
            "database": null,
            "file": [],
            "filename": null,
            "hostname": null,
            "id": "vaults/glsrlcf5lapzbba6zk6sppkgnq/items/tmycbizgzmusdtqmuerpxek3fe",
            "note_value": null,
            "password": "",
            "port": null,
            "private_key": null,
            "private_key_openssh": null,
            "public_key": null,
            "section": [
              {
                "field": [
                  {
                    "id": "tslhgkkcqs7afzpncxnh233ukm",
                    "label": "bootstrap",
                    "type": "CONCEALED",
                    "value": "bootstrap"
                  },
                  {
                    "id": "mkhvbjm7pieehiciyayrh3dqme",
                    "label": "admin_password",
                    "type": "CONCEALED",
                    "value": "]J*82?_ujMiX%R$-.Jf+%{Gx"
                  },
                  {
                    "id": "ry4jkn5ddj3pckud4vztijdopu",
                    "label": "service_account_token",
                    "type": "CONCEALED",
                    "value": "placeholder"
                  }
                ],
                "file": [],
                "id": "Section_dgxr5ygzuokc7566saj4ez6uc4",
                "label": "secrets"
              }
            ],
            "section_map": {
              "secrets": {
                "field_map": {
                  "admin_password": {
                    "id": "mkhvbjm7pieehiciyayrh3dqme",
                    "type": "CONCEALED",
                    "value": "]J*82?_ujMiX%R$-.Jf+%{Gx"
                  },
                  "bootstrap": {
                    "id": "tslhgkkcqs7afzpncxnh233ukm",
                    "type": "CONCEALED",
                    "value": "bootstrap"
                  },
                  "service_account_token": {
                    "id": "ry4jkn5ddj3pckud4vztijdopu",
                    "type": "CONCEALED",
                    "value": "placeholder"
                  }
                },
                "file_map": {},
                "id": "Section_dgxr5ygzuokc7566saj4ez6uc4"
              }
            },
            "tags": [],
            "title": "grafana",
            "type": null,
            "url": null,
            "username": null,
            "uuid": "tmycbizgzmusdtqmuerpxek3fe",
            "valid_from": null,
            "vault": "glsrlcf5lapzbba6zk6sppkgnq"
          },
          "sensitive_attributes": [
            [
              {
                "type": "get_attr",
                "value": "credential"
              }
            ],
            [
              {
                "type": "get_attr",
                "value": "note_value"
              }
            ],
            [
              {
                "type": "get_attr",
                "value": "password"
              }
            ],
            [
              {
                "type": "get_attr",
                "value": "private_key"
              }
            ],
            [
              {
                "type": "get_attr",
                "value": "private_key_openssh"
              }
            ],
            [
              {
                "type": "get_attr",
                "value": "section"
              },
              {
                "type": "index",
                "value": {
                  "value": 0,
                  "type": "number"
                }
              },
              {
                "type": "get_attr",
                "value": "field"
              },
              {
                "type": "index",
                "value": {
                  "value": 0,
                  "type": "number"
                }
              },
              {
                "type": "get_attr",
                "value": "value"
              }
            ],
            [
              {
                "type": "get_attr",
                "value": "section"
              },
              {
                "type": "index",
                "value": {
                  "value": 0,
                  "type": "number"
                }
              },
              {
                "type": "get_attr",
                "value": "field"
              },
              {
                "type": "index",
                "value": {
                  "value": 1,
                  "type": "number"
                }
              },
              {
                "type": "get_attr",
                "value": "value"
              }
            ],
            [
              {
                "type": "get_attr",
                "value": "section"
              },
              {
                "type": "index",
                "value": {
                  "value": 0,
                  "type": "number"
                }
              },
              {
                "type": "get_attr",
                "value": "field"
              },
              {
                "type": "index",
                "value": {
                  "value": 2,
                  "type": "number"
                }
              },
              {
                "type": "get_attr",
                "value": "value"
              }
            ],
            [
              {
                "type": "get_attr",
                "value": "section_map"
              },
              {
                "type": "index",
                "value": {
                  "value": "secrets",
                  "type": "string"
                }
              },
              {
                "type": "get_attr",
                "value": "field_map"
              },
              {
                "type": "index",
                "value": {
                  "value": "admin_password",
                  "type": "string"
                }
              },
              {
                "type": "get_attr",
                "value": "value"
              }
            ],
            [
              {
                "type": "get_attr",
                "value": "section_map"
              },
              {
                "type": "index",
                "value": {
                  "value": "secrets",
                  "type": "string"
                }
              },
              {
                "type": "get_attr",
                "value": "field_map"
              },
              {
                "type": "index",
                "value": {
                  "value": "bootstrap",
                  "type": "string"
                }
              },
              {
                "type": "get_attr",
                "value": "value"
              }
            ],
            [
              {
                "type": "get_attr",
                "value": "section_map"
              },
              {
                "type": "index",
                "value": {
                  "value": "secrets",
                  "type": "string"
                }
              },
              {
                "type": "get_attr",
                "value": "field_map"
              },
              {
                "type": "index",
                "value": {
                  "value": "service_account_token",
                  "type": "string"
                }
              },
              {
                "type": "get_attr",
                "value": "value"
              }
            ]
          ],
          "identity_schema_version": 0
        }
      ]
    },
    {
      "module": "module.onepassword_secrets",
      "mode": "data",
      "type": "onepassword_item",
      "name": "mcphub",
      "provider": "provider[\"registry.terraform.io/1password/onepassword\"]",
      "instances": [
        {
          "schema_version": 0,
          "attributes": {
            "category": "password",
            "credential": null,
            "database": null,
            "file": [],
            "filename": null,
            "hostname": null,
            "id": "vaults/glsrlcf5lapzbba6zk6sppkgnq/items/eqxrowynyvza2fyt4rm46zaebu",
            "note_value": null,
            "password": "",
            "port": null,
            "private_key": null,
            "private_key_openssh": null,
            "public_key": null,
            "section": [
              {
                "field": [
                  {
                    "id": "7m4fip3ob7lcccxbpfhm6pw3he",
                    "label": "bootstrap",
                    "type": "CONCEALED",
                    "value": "bootstrap"
                  },
                  {
                    "id": "op4kvo2jcliqym6hqf3ttgif6i",
                    "label": "proxmox_token_name",
                    "type": "CONCEALED",
                    "value": "root@pam!terraform-api"
                  },
                  {
                    "id": "scmc3oik5snkkqsnlxnbtwbsny",
                    "label": "proxmox_token_value",
                    "type": "CONCEALED",
                    "value": "0d925da9-a02c-427f-b8e9-1ab71c7a5150"
                  },
                  {
                    "id": "6di54aumfak7oinsgac636hhhu",
                    "label": "admin_password",
                    "type": "CONCEALED",
                    "value": "c}Tq{lm\u003c]Eu\u003evi)4r={lyaxo"
                  },
                  {
                    "id": "yrmzegygvjtebzlnjvfbmg6fdq",
                    "label": "n8n_mcp_api_key",
                    "type": "CONCEALED",
                    "value": "4IY4uc0ir8ZuSmDJHV2HRvnHEOLxW81swjJ6ZwMj"
                  },
                  {
                    "id": "xi47ubceix2yeza7uubmkg4vfm",
                    "label": "op_service_account_token",
                    "type": "CONCEALED",
                    "value": "ops_eyJzaWduSW5BZGRyZXNzIjoibXkuMXBhc3N3b3JkLmNvbSIsInVzZXJBdXRoIjp7Im1ldGhvZCI6IlNSUGctNDA5NiIsImFsZyI6IlBCRVMyZy1IUzI1NiIsIml0ZXJhdGlvbnMiOjY1MDAwMCwic2FsdCI6Ik5CeHFPeGE1NGNXeUM4ckh1cnZ5a0EifSwiZW1haWwiOiI3Mm1nenYzd3NseWxpQDFwYXNzd29yZHNlcnZpY2VhY2NvdW50cy5jb20iLCJzcnBYIjoiMDg4MGM4NDU3NzUzZTY0ZDk5MjZiZTFmYzg5ZjE1MGJiYWRlZTc0ZDQwZWMyOGEyNGNjODc5Njc0YzFlYTYxZSIsIm11ayI6eyJhbGciOiJBMjU2R0NNIiwiZXh0Ijp0cnVlLCJrIjoibmxZQUlHR2x1M0FSRlB0TDM0WnNFM1lNSU5GcTVLbzF5MG1oVzZOa19YdyIsImtleV9vcHMiOlsiZW5jcnlwdCIsImRlY3J5cHQiXSwia3R5Ijoib2N0Iiwia2lkIjoibXAifSwic2VjcmV0S2V5IjoiQTMtMjVMRE1CLVFOQjhXQS1KTDRIRi1UQlRINy1IUDRFVi1LRjM0SyIsInRocm90dGxlU2VjcmV0Ijp7InNlZWQiOiI5OTdhZWM2N2QyNjJkODgyNWE3YTAxYWVjMjRmODVjOWQyNTRiZGVkY2JlOThjMmM0YTMyMWMzYjkyYzIwMzgzIiwidXVpZCI6IlZJUTZZNDM3SEJFS1ZHWkZYVVZCNUg2UTNFIn0sImRldmljZVV1aWQiOiJvMjd5amp1YWdpN2drZ2c3dDNqczc0a3YzdSJ9"
                  },
                  {
                    "id": "l3f2btd4wn3ywiwr6ems2xzwdy",
                    "label": "slack_mcp_xoxb_token",
                    "type": "CONCEALED",
                    "value": "PLACEHOLDER_NEEDS_REAL_TOKEN"
                  },
                  {
                    "id": "sbtnjideayt5tzbktwujjrufyy",
                    "label": "slack_mcp_xoxp_token",
                    "type": "CONCEALED",
                    "value": "xoxe.xoxp-1-Mi0yLTk5MDY2MjUzMzM1NzQtOTg5MzIyMTEyNzYwNy05OTA4OTkxMzQ0OTQ2LTEwNTY1OTkzODM0MDM4LWU5ZTQ0ZmM0ZDRhYjU0ZDI0NmY4MDBlZThkY2FjN2Y1N2NiOWYyNmIxNDMyM2QyZDRiOTdmYjRmMTY2MTFjNjg"
                  }
                ],
                "file": [],
                "id": "Section_dtps6h3obkbqlxc5s2a65ioxne",
                "label": "secrets"
              }
            ],
            "section_map": {
              "secrets": {
                "field_map": {
                  "admin_password": {
                    "id": "6di54aumfak7oinsgac636hhhu",
                    "type": "CONCEALED",
                    "value": "c}Tq{lm\u003c]Eu\u003evi)4r={lyaxo"
                  },
                  "bootstrap": {
                    "id": "7m4fip3ob7lcccxbpfhm6pw3he",
                    "type": "CONCEALED",
                    "value": "bootstrap"
                  },
                  "n8n_mcp_api_key": {
                    "id": "yrmzegygvjtebzlnjvfbmg6fdq",
                    "type": "CONCEALED",
                    "value": "4IY4uc0ir8ZuSmDJHV2HRvnHEOLxW81swjJ6ZwMj"
                  },
                  "op_service_account_token": {
                    "id": "xi47ubceix2yeza7uubmkg4vfm",
                    "type": "CONCEALED",
                    "value": "ops_eyJzaWduSW5BZGRyZXNzIjoibXkuMXBhc3N3b3JkLmNvbSIsInVzZXJBdXRoIjp7Im1ldGhvZCI6IlNSUGctNDA5NiIsImFsZyI6IlBCRVMyZy1IUzI1NiIsIml0ZXJhdGlvbnMiOjY1MDAwMCwic2FsdCI6Ik5CeHFPeGE1NGNXeUM4ckh1cnZ5a0EifSwiZW1haWwiOiI3Mm1nenYzd3NseWxpQDFwYXNzd29yZHNlcnZpY2VhY2NvdW50cy5jb20iLCJzcnBYIjoiMDg4MGM4NDU3NzUzZTY0ZDk5MjZiZTFmYzg5ZjE1MGJiYWRlZTc0ZDQwZWMyOGEyNGNjODc5Njc0YzFlYTYxZSIsIm11ayI6eyJhbGciOiJBMjU2R0NNIiwiZXh0Ijp0cnVlLCJrIjoibmxZQUlHR2x1M0FSRlB0TDM0WnNFM1lNSU5GcTVLbzF5MG1oVzZOa19YdyIsImtleV9vcHMiOlsiZW5jcnlwdCIsImRlY3J5cHQiXSwia3R5Ijoib2N0Iiwia2lkIjoibXAifSwic2VjcmV0S2V5IjoiQTMtMjVMRE1CLVFOQjhXQS1KTDRIRi1UQlRINy1IUDRFVi1LRjM0SyIsInRocm90dGxlU2VjcmV0Ijp7InNlZWQiOiI5OTdhZWM2N2QyNjJkODgyNWE3YTAxYWVjMjRmODVjOWQyNTRiZGVkY2JlOThjMmM0YTMyMWMzYjkyYzIwMzgzIiwidXVpZCI6IlZJUTZZNDM3SEJFS1ZHWkZYVVZCNUg2UTNFIn0sImRldmljZVV1aWQiOiJvMjd5amp1YWdpN2drZ2c3dDNqczc0a3YzdSJ9"
                  },
                  "proxmox_token_name": {
                    "id": "op4kvo2jcliqym6hqf3ttgif6i",
                    "type": "CONCEALED",
                    "value": "root@pam!terraform-api"
                  },
                  "proxmox_token_value": {
                    "id": "scmc3oik5snkkqsnlxnbtwbsny",
                    "type": "CONCEALED",
                    "value": "0d925da9-a02c-427f-b8e9-1ab71c7a5150"
                  },
                  "slack_mcp_xoxb_token": {
                    "id": "l3f2btd4wn3ywiwr6ems2xzwdy",
                    "type": "CONCEALED",
                    "value": "PLACEHOLDER_NEEDS_REAL_TOKEN"
                  },
                  "slack_mcp_xoxp_token": {
                    "id": "sbtnjideayt5tzbktwujjrufyy",
                    "type": "CONCEALED",
                    "value": "xoxe.xoxp-1-Mi0yLTk5MDY2MjUzMzM1NzQtOTg5MzIyMTEyNzYwNy05OTA4OTkxMzQ0OTQ2LTEwNTY1OTkzODM0MDM4LWU5ZTQ0ZmM0ZDRhYjU0ZDI0NmY4MDBlZThkY2FjN2Y1N2NiOWYyNmIxNDMyM2QyZDRiOTdmYjRmMTY2MTFjNjg"
                  }
                },
                "file_map": {},
                "id": "Section_dtps6h3obkbqlxc5s2a65ioxne"
              }
            },
            "tags": [],
            "title": "mcphub",
            "type": null,
            "url": null,
            "username": null,
            "uuid": "eqxrowynyvza2fyt4rm46zaebu",
            "valid_from": null,
            "vault": "glsrlcf5lapzbba6zk6sppkgnq"
          },
          "sensitive_attributes": [
            [
              {
                "type": "get_attr",
                "value": "credential"
              }
            ],
            [
              {
                "type": "get_attr",
                "value": "note_value"
              }
            ],
            [
              {
                "type": "get_attr",
                "value": "password"
              }
            ],
            [
              {
                "type": "get_attr",
                "value": "private_key"
              }
            ],
            [
              {
                "type": "get_attr",
                "value": "private_key_openssh"
              }
            ],
            [
              {
                "type": "get_attr",
                "value": "section"
              },
              {
                "type": "index",
                "value": {
                  "value": 0,
                  "type": "number"
                }
              },
              {
                "type": "get_attr",
                "value": "field"
              },
              {
                "type": "index",
                "value": {
                  "value": 0,
                  "type": "number"
                }
              },
              {
                "type": "get_attr",
                "value": "value"
              }
            ],
            [
              {
                "type": "get_attr",
                "value": "section"
              },
              {
                "type": "index",
                "value": {
                  "value": 0,
                  "type": "number"
                }
              },
              {
                "type": "get_attr",
                "value": "field"
              },
              {
                "type": "index",
                "value": {
                  "value": 1,
                  "type": "number"
                }
              },
              {
                "type": "get_attr",
                "value": "value"
              }
            ],
            [
              {
                "type": "get_attr",
                "value": "section"
              },
              {
                "type": "index",
                "value": {
                  "value": 0,
                  "type": "number"
                }
              },
              {
                "type": "get_attr",
                "value": "field"
              },
              {
                "type": "index",
                "value": {
                  "value": 2,
                  "type": "number"
                }
              },
              {
                "type": "get_attr",
                "value": "value"
              }
            ],
            [
              {
                "type": "get_attr",
                "value": "section"
              },
              {
                "type": "index",
                "value": {
                  "value": 0,
                  "type": "number"
                }
              },
              {
                "type": "get_attr",
                "value": "field"
              },
              {
                "type": "index",
                "value": {
                  "value": 3,
                  "type": "number"
                }
              },
              {
                "type": "get_attr",
                "value": "value"
              }
            ],
            [
              {
                "type": "get_attr",
                "value": "section"
              },
              {
                "type": "index",
                "value": {
                  "value": 0,
                  "type": "number"
                }
              },
              {
                "type": "get_attr",
                "value": "field"
              },
              {
                "type": "index",
                "value": {
                  "value": 4,
                  "type": "number"
                }
              },
              {
                "type": "get_attr",
                "value": "value"
              }
            ],
            [
              {
                "type": "get_attr",
                "value": "section"
              },
              {
                "type": "index",
                "value": {
                  "value": 0,
                  "type": "number"
                }
              },
              {
                "type": "get_attr",
                "value": "field"
              },
              {
                "type": "index",
                "value": {
                  "value": 5,
                  "type": "number"
                }
              },
              {
                "type": "get_attr",
                "value": "value"
              }
            ],
            [
              {
                "type": "get_attr",
                "value": "section"
              },
              {
                "type": "index",
                "value": {
                  "value": 0,
                  "type": "number"
                }
              },
              {
                "type": "get_attr",
                "value": "field"
              },
              {
                "type": "index",
                "value": {
                  "value": 6,
                  "type": "number"
                }
              },
              {
                "type": "get_attr",
                "value": "value"
              }
            ],
            [
              {
                "type": "get_attr",
                "value": "section"
              },
              {
                "type": "index",
                "value": {
                  "value": 0,
                  "type": "number"
                }
              },
              {
                "type": "get_attr",
                "value": "field"
              },
              {
                "type": "index",
                "value": {
                  "value": 7,
                  "type": "number"
                }
              },
              {
                "type": "get_attr",
                "value": "value"
              }
            ],
            [
              {
                "type": "get_attr",
                "value": "section_map"
              },
              {
                "type": "index",
                "value": {
                  "value": "secrets",
                  "type": "string"
                }
              },
              {
                "type": "get_attr",
                "value": "field_map"
              },
              {
                "type": "index",
                "value": {
                  "value": "admin_password",
                  "type": "string"
                }
              },
              {
                "type": "get_attr",
                "value": "value"
              }
            ],
            [
              {
                "type": "get_attr",
                "value": "section_map"
              },
              {
                "type": "index",
                "value": {
                  "value": "secrets",
                  "type": "string"
                }
              },
              {
                "type": "get_attr",
                "value": "field_map"
              },
              {
                "type": "index",
                "value": {
                  "value": "bootstrap",
                  "type": "string"
                }
              },
              {
                "type": "get_attr",
                "value": "value"
              }
            ],
            [
              {
                "type": "get_attr",
                "value": "section_map"
              },
              {
                "type": "index",
                "value": {
                  "value": "secrets",
                  "type": "string"
                }
              },
              {
                "type": "get_attr",
                "value": "field_map"
              },
              {
                "type": "index",
                "value": {
                  "value": "n8n_mcp_api_key",
                  "type": "string"
                }
              },
              {
                "type": "get_attr",
                "value": "value"
              }
            ],
            [
              {
                "type": "get_attr",
                "value": "section_map"
              },
              {
                "type": "index",
                "value": {
                  "value": "secrets",
                  "type": "string"
                }
              },
              {
                "type": "get_attr",
                "value": "field_map"
              },
              {
                "type": "index",
                "value": {
                  "value": "op_service_account_token",
                  "type": "string"
                }
              },
              {
                "type": "get_attr",
                "value": "value"
              }
            ],
            [
              {
                "type": "get_attr",
                "value": "section_map"
              },
              {
                "type": "index",
                "value": {
                  "value": "secrets",
                  "type": "string"
                }
              },
              {
                "type": "get_attr",
                "value": "field_map"
              },
              {
                "type": "index",
                "value": {
                  "value": "proxmox_token_name",
                  "type": "string"
                }
              },
              {
                "type": "get_attr",
                "value": "value"
              }
            ],
            [
              {
                "type": "get_attr",
                "value": "section_map"
              },
              {
                "type": "index",
                "value": {
                  "value": "secrets",
                  "type": "string"
                }
              },
              {
                "type": "get_attr",
                "value": "field_map"
              },
              {
                "type": "index",
                "value": {
                  "value": "proxmox_token_value",
                  "type": "string"
                }
              },
              {
                "type": "get_attr",
                "value": "value"
              }
            ],
            [
              {
                "type": "get_attr",
                "value": "section_map"
              },
              {
                "type": "index",
                "value": {
                  "value": "secrets",
                  "type": "string"
                }
              },
              {
                "type": "get_attr",
                "value": "field_map"
              },
              {
                "type": "index",
                "value": {
                  "value": "slack_mcp_xoxb_token",
                  "type": "string"
                }
              },
              {
                "type": "get_attr",
                "value": "value"
              }
            ],
            [
              {
                "type": "get_attr",
                "value": "section_map"
              },
              {
                "type": "index",
                "value": {
                  "value": "secrets",
                  "type": "string"
                }
              },
              {
                "type": "get_attr",
                "value": "field_map"
              },
              {
                "type": "index",
                "value": {
                  "value": "slack_mcp_xoxp_token",
                  "type": "string"
                }
              },
              {
                "type": "get_attr",
                "value": "value"
              }
            ]
          ],
          "identity_schema_version": 0
        }
      ]
    },
    {
      "module": "module.onepassword_secrets",
      "mode": "data",
      "type": "onepassword_item",
      "name": "n8n",
      "provider": "provider[\"registry.terraform.io/1password/onepassword\"]",
      "instances": [
        {
          "schema_version": 0,
          "attributes": {
            "category": "password",
            "credential": null,
            "database": null,
            "file": [],
            "filename": null,
            "hostname": null,
            "id": "vaults/glsrlcf5lapzbba6zk6sppkgnq/items/duehbg2cw5kx5hqzslnyt5zxce",
            "note_value": null,
            "password": "",
            "port": null,
            "private_key": null,
            "private_key_openssh": null,
            "public_key": null,
            "section": [
              {
                "field": [
                  {
                    "id": "i235ssles2q2ahkudrtijw4gfy",
                    "label": "bootstrap",
                    "type": "CONCEALED",
                    "value": "bootstrap"
                  },
                  {
                    "id": "5wxowzn23pmffkl5bz4jbedfoy",
                    "label": "api_key",
                    "type": "CONCEALED",
                    "value": "4IY4uc0ir8ZuSmDJHV2HRvnHEOLxW81swjJ6ZwMj"
                  },
                  {
                    "id": "znx6pk7jxka3oqgupxtqcx7uwq",
                    "label": "github_token",
                    "type": "CONCEALED",
                    "value": "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"
                  },
                  {
                    "id": "uyi2fpi3rxtdfaplmxf3rke7ce",
                    "label": "glitchtip_api_token",
                    "type": "CONCEALED",
                    "value": "4813c494717ae627ad589f17c55a21e30309ec2f5669be37d5b9cd64854bcb10"
                  }
                ],
                "file": [],
                "id": "Section_7xjyiknp2w7rfupdks7sgxpkqy",
                "label": "secrets"
              }
            ],
            "section_map": {
              "secrets": {
                "field_map": {
                  "api_key": {
                    "id": "5wxowzn23pmffkl5bz4jbedfoy",
                    "type": "CONCEALED",
                    "value": "4IY4uc0ir8ZuSmDJHV2HRvnHEOLxW81swjJ6ZwMj"
                  },
                  "bootstrap": {
                    "id": "i235ssles2q2ahkudrtijw4gfy",
                    "type": "CONCEALED",
                    "value": "bootstrap"
                  },
                  "github_token": {
                    "id": "znx6pk7jxka3oqgupxtqcx7uwq",
                    "type": "CONCEALED",
                    "value": "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"
                  },
                  "glitchtip_api_token": {
                    "id": "uyi2fpi3rxtdfaplmxf3rke7ce",
                    "type": "CONCEALED",
                    "value": "4813c494717ae627ad589f17c55a21e30309ec2f5669be37d5b9cd64854bcb10"
                  }
                },
                "file_map": {},
                "id": "Section_7xjyiknp2w7rfupdks7sgxpkqy"
              }
            },
            "tags": [],
            "title": "n8n",
            "type": null,
            "url": null,
            "username": null,
            "uuid": "duehbg2cw5kx5hqzslnyt5zxce",
            "valid_from": null,
            "vault": "glsrlcf5lapzbba6zk6sppkgnq"
          },
          "sensitive_attributes": [
            [
              {
                "type": "get_attr",
                "value": "credential"
              }
            ],
            [
              {
                "type": "get_attr",
                "value": "note_value"
              }
            ],
            [
              {
                "type": "get_attr",
                "value": "password"
              }
            ],
            [
              {
                "type": "get_attr",
                "value": "private_key"
              }
            ],
            [
              {
                "type": "get_attr",
                "value": "private_key_openssh"
              }
            ],
            [
              {
                "type": "get_attr",
                "value": "section"
              },
              {
                "type": "index",
                "value": {
                  "value": 0,
                  "type": "number"
                }
              },
              {
                "type": "get_attr",
                "value": "field"
              },
              {
                "type": "index",
                "value": {
                  "value": 0,
                  "type": "number"
                }
              },
              {
                "type": "get_attr",
                "value": "value"
              }
            ],
            [
              {
                "type": "get_attr",
                "value": "section"
              },
              {
                "type": "index",
                "value": {
                  "value": 0,
                  "type": "number"
                }
              },
              {
                "type": "get_attr",
                "value": "field"
              },
              {
                "type": "index",
                "value": {
                  "value": 1,
                  "type": "number"
                }
              },
              {
                "type": "get_attr",
                "value": "value"
              }
            ],
            [
              {
                "type": "get_attr",
                "value": "section"
              },
              {
                "type": "index",
                "value": {
                  "value": 0,
                  "type": "number"
                }
              },
              {
                "type": "get_attr",
                "value": "field"
              },
              {
                "type": "index",
                "value": {
                  "value": 2,
                  "type": "number"
                }
              },
              {
                "type": "get_attr",
                "value": "value"
              }
            ],
            [
              {
                "type": "get_attr",
                "value": "section"
              },
              {
                "type": "index",
                "value": {
                  "value": 0,
                  "type": "number"
                }
              },
              {
                "type": "get_attr",
                "value": "field"
              },
              {
                "type": "index",
                "value": {
                  "value": 3,
                  "type": "number"
                }
              },
              {
                "type": "get_attr",
                "value": "value"
              }
            ],
            [
              {
                "type": "get_attr",
                "value": "section_map"
              },
              {
                "type": "index",
                "value": {
                  "value": "secrets",
                  "type": "string"
                }
              },
              {
                "type": "get_attr",
                "value": "field_map"
              },
              {
                "type": "index",
                "value": {
                  "value": "api_key",
                  "type": "string"
                }
              },
              {
                "type": "get_attr",
                "value": "value"
              }
            ],
            [
              {
                "type": "get_attr",
                "value": "section_map"
              },
              {
                "type": "index",
                "value": {
                  "value": "secrets",
                  "type": "string"
                }
              },
              {
                "type": "get_attr",
                "value": "field_map"
              },
              {
                "type": "index",
                "value": {
                  "value": "bootstrap",
                  "type": "string"
                }
              },
              {
                "type": "get_attr",
                "value": "value"
              }
            ],
            [
              {
                "type": "get_attr",
                "value": "section_map"
              },
              {
                "type": "index",
                "value": {
                  "value": "secrets",
                  "type": "string"
                }
              },
              {
                "type": "get_attr",
                "value": "field_map"
              },
              {
                "type": "index",
                "value": {
                  "value": "github_token",
                  "type": "string"
                }
              },
              {
                "type": "get_attr",
                "value": "value"
              }
            ],
            [
              {
                "type": "get_attr",
                "value": "section_map"
              },
              {
                "type": "index",
                "value": {
                  "value": "secrets",
                  "type": "string"
                }
              },
              {
                "type": "get_attr",
                "value": "field_map"
              },
              {
                "type": "index",
                "value": {
                  "value": "glitchtip_api_token",
                  "type": "string"
                }
              },
              {
                "type": "get_attr",
                "value": "value"
              }
            ]
          ],
          "identity_schema_version": 0
        }
      ]
    },
    {
      "module": "module.onepassword_secrets",
      "mode": "data",
      "type": "onepassword_item",
      "name": "proxmox",
      "provider": "provider[\"registry.terraform.io/1password/onepassword\"]",
      "instances": [
        {
          "schema_version": 0,
          "attributes": {
            "category": "password",
            "credential": null,
            "database": null,
            "file": [],
            "filename": null,
            "hostname": null,
            "id": "vaults/glsrlcf5lapzbba6zk6sppkgnq/items/k4urtqv5j2v2bpmlzqw4fncct4",
            "note_value": null,
            "password": "",
            "port": null,
            "private_key": null,
            "private_key_openssh": null,
            "public_key": null,
            "section": [
              {
                "field": [
                  {
                    "id": "bwtjo62z3m2pit2tjtks7x5x5u",
                    "label": "bootstrap",
                    "type": "CONCEALED",
                    "value": "bootstrap"
                  },
                  {
                    "id": "lcevpkblfjfq3lqu3rcbskgsci",
                    "label": "api_token_value",
                    "type": "CONCEALED",
                    "value": "root@pam!terraform-api=0d925da9-a02c-427f-b8e9-1ab71c7a5150"
                  },
                  {
                    "id": "wn75qwfgirtdn2y5xi4fz6xj4q",
                    "label": "ssh_private_key",
                    "type": "CONCEALED",
                    "value": "-----BEGIN OPENSSH PRIVATE KEY-----\nb3BlbnNzaC1rZXktdjEAAAAABG5vbmUAAAAEbm9uZQAAAAAAAAABAAACFwAAAAdzc2gtcn\nNhAAAAAwEAAQAAAgEAxt2FLf52o5i7JrwR9/HDYvivEWpZKpae/LDPCYPDortHjhYUOkmp\n+CHRCSLWX0lryneQOJ98H0vKEz08jjNUN+H4WT9C9khtXeibYHRYCMFkTMc9Jz06cEBoNC\nN4HdVfpEofcU/+bhk3Emhnq9Ztkfra2piBTJ3kA1cT6WD+n3y6aEgOITZpla6231zHUnjl\nEeInjcWMjN2lQpgXAEfl6WCFOOZ0Vbwd8rGqi908s0hBKlEVZwaDpdoMr3QiiDrpwoCoAB\nRVJI6XmghTRn1I/1NPHQnrji/egEZIOXfrC8KcaTANgTT3q3PWCccN/nAtpxUzG84obs0w\n8KSeOf8AZdidUPokXOIP9rDeZNjJ63M9sFDzSnv5BNgkc1fcqDAoL8dgBQNrn48ktkYbXl\nnRhDMEaEqzlRa9j0xuFYAhSMnYYMZgoh4SFfdZYzf3d1bE5WzH5Au+vGc3mZMCAYOHUw2l\nLq9lQPu3E58W5QJciCOlKftTQvetABe/O+jpIuZOzU0m9Pvxm8ObUEg7oG+Fmf3Pe8sWK9\nTd4FQrEYVQA4ii54+5KbgB3MB24E0x7rNJPDrW4tyx3y3z8gCvQGQ4n6uiwdZBDu4SvGPc\nY4LKAboAw8dXLkSWPPVNw+8Z4RJpUkFMJgwC4cLqQ92UX7jzOyGSwNPc7xGoEl0ug59G+s\nsAAAdQ4vkjHOL5IxwAAAAHc3NoLXJzYQAAAgEAxt2FLf52o5i7JrwR9/HDYvivEWpZKpae\n/LDPCYPDortHjhYUOkmp+CHRCSLWX0lryneQOJ98H0vKEz08jjNUN+H4WT9C9khtXeibYH\nRYCMFkTMc9Jz06cEBoNCN4HdVfpEofcU/+bhk3Emhnq9Ztkfra2piBTJ3kA1cT6WD+n3y6\naEgOITZpla6231zHUnjlEeInjcWMjN2lQpgXAEfl6WCFOOZ0Vbwd8rGqi908s0hBKlEVZw\naDpdoMr3QiiDrpwoCoABRVJI6XmghTRn1I/1NPHQnrji/egEZIOXfrC8KcaTANgTT3q3PW\nCccN/nAtpxUzG84obs0w8KSeOf8AZdidUPokXOIP9rDeZNjJ63M9sFDzSnv5BNgkc1fcqD\nAoL8dgBQNrn48ktkYbXlnRhDMEaEqzlRa9j0xuFYAhSMnYYMZgoh4SFfdZYzf3d1bE5WzH\n5Au+vGc3mZMCAYOHUw2lLq9lQPu3E58W5QJciCOlKftTQvetABe/O+jpIuZOzU0m9Pvxm8\nObUEg7oG+Fmf3Pe8sWK9Td4FQrEYVQA4ii54+5KbgB3MB24E0x7rNJPDrW4tyx3y3z8gCv\nQGQ4n6uiwdZBDu4SvGPcY4LKAboAw8dXLkSWPPVNw+8Z4RJpUkFMJgwC4cLqQ92UX7jzOy\nGSwNPc7xGoEl0ug59G+ssAAAADAQABAAACAQC2UmAI1BSHVr62+5RpwuDEu4UeLWeEkUVA\nHQYkDgbuCk/HJ9zxt5m6YZ6ZhrQN9m152faCw010D/M7glgjc1HSTj137XUCAVMr1telLe\nWMWWoQrlYVxJ/wTEx9CMvWZkrigAalx5ZX8Iw6NzhdJiGcxeWiplFdIiDrIwmhXQj0xdDN\nTMqPjqhs0BrfW9tudGJn6/UhmK2MdKVQEcp8um5CcfiSO08LT4YRfOwEgRhmsmb0WhSKOU\nG3a9tXfN0wEvtAFN5x/DI3avf5A4r9xF2JoSKWWAL7gE25QzZyYcxAIvNtyN2IyTwMmA3z\nNulQjh584gXSh0cwlrU422Qpfe4o1Bs9IVG9oB0tjfZveEfHk+mcKrKU0+ZfV0SUapgXw5\n92+4MRAKQVasOtvTbQ40Zf7iLG7uiUQ21dBz/rDk88AwZlhKsSx/pVcSVcnXKW5+IihCo4\n56MO/gGXqzHdv+r3w9e5Jb6MRFG0itx29ZTld3BOda2Ma86fAnGUrnlKR1h3m8jDlRvLU/\nDYxLXBPkpRs1syAsvD2osHM+kVDBK8lpkxYd9yDA04taYY9gP+oUE9bM9F85TO2GMfu/FF\n5W1JBGqf1QlYGEDBgof8vxLpJfehWG65JHZd7HTTY+81CYscOuCaJhATub181RiYMuTU/R\nWpyie1nMiCHulnZlR68QAAAQEAkc4awJyCdOHg3utxQ/qAp/VAy1Ajn1ODBbavXqBisMgz\ncili7a0otuliOE+gn3wGknvlA1TXocZjJr71oZB6ShTBvqouOXmVcnr52wCVmPhsoml7cJ\nwiR96GHlZDLqEP2Gd6TWQBwiYU3mo4TsAAVxhsKo5M9ISwM2qCsdMcQ+8ZKo7ixRTT7sDS\n30dOZ4jYuSjLZz1yG96O6mvC6Y+trfIf++5hc0UXJFfvOkYXcAu5rhryVNxjx/gOpu6I84\nCTDZmPQpdLItFzwLiJudc5xcrUSYfksw2XTN0v0+AV3EBoY05NE2ypQaK7LTZEzK15PLyu\noeQyqSjUN2bC4zUPzwAAAQEA424l1Iecdu3/OOmASIrC9tY4pWddh0qbEfysAZzKYuVu55\nFToZ5LVYReq2xDaLrcwHuh4BEg23KqDbOLUQ9BTOgbU7CqGvpy5IoCL2w7ri7//fJ7XNuJ\ntXO4n4ie2TG5fgZ+FTD8TR28nhrTJXroWmzgXKA+eNMBTv4mdGO4mNPctCUjI4PMDUKffT\nfm38yuduucyONi29nHrt20psm795Dcw13H2U8DEe7xN4/YPcsIb8zOB2LFBMp7mRfN25xZ\n+mBRBbNAmxG3b26m+HAkH8eBLAKA55WOiDXLsgXhVwviCkWy0N8c6G1rGZQUV7HKz9r/m7\nhZDsDPdvaFhubfAwAAAQEA39jDDq2J699r2fN/bQKelERkw64L+JvXDnZ/2e9Ul/nw3+ai\nrPNhZTZRirRLVFAuJSMMRnJly+vX172ttlk10kBux7SrraujAe0QWcJXwWDCnAo/vB3tmo\n4Uw/hZIqA/WOPXBdILLUazhWI7YNInUuLWOIZqtw2n+2o1gfWU6ABprfJPOCNeJouPO+KM\nKgkl0n7WVGiAFJ3rPYzkqdR420MDkmvwgD1DHsG/goOGAn2XFBFgaK9rotDdz1RTe8J1WD\nbAscUmpzC/ebhqZ1sNq+BcXKxzx7MQVPmrMdLAdD3dIA+k+sTnFHPhQ1qVoLniDYcjIjYZ\nIVHKUClM8qXmmQAAABVueHRcZXc1MTAxQFBFVzUxMDFEMDEBAgME\n-----END OPENSSH PRIVATE KEY-----"
                  }
                ],
                "file": [],
                "id": "Section_y2t5qyi2frwc5wav34463kjz6i",
                "label": "secrets"
              }
            ],
            "section_map": {
              "secrets": {
                "field_map": {
                  "api_token_value": {
                    "id": "lcevpkblfjfq3lqu3rcbskgsci",
                    "type": "CONCEALED",
                    "value": "root@pam!terraform-api=0d925da9-a02c-427f-b8e9-1ab71c7a5150"
                  },
                  "bootstrap": {
                    "id": "bwtjo62z3m2pit2tjtks7x5x5u",
                    "type": "CONCEALED",
                    "value": "bootstrap"
                  },
                  "ssh_private_key": {
                    "id": "wn75qwfgirtdn2y5xi4fz6xj4q",
                    "type": "CONCEALED",
                    "value": "-----BEGIN OPENSSH PRIVATE KEY-----\nb3BlbnNzaC1rZXktdjEAAAAABG5vbmUAAAAEbm9uZQAAAAAAAAABAAACFwAAAAdzc2gtcn\nNhAAAAAwEAAQAAAgEAxt2FLf52o5i7JrwR9/HDYvivEWpZKpae/LDPCYPDortHjhYUOkmp\n+CHRCSLWX0lryneQOJ98H0vKEz08jjNUN+H4WT9C9khtXeibYHRYCMFkTMc9Jz06cEBoNC\nN4HdVfpEofcU/+bhk3Emhnq9Ztkfra2piBTJ3kA1cT6WD+n3y6aEgOITZpla6231zHUnjl\nEeInjcWMjN2lQpgXAEfl6WCFOOZ0Vbwd8rGqi908s0hBKlEVZwaDpdoMr3QiiDrpwoCoAB\nRVJI6XmghTRn1I/1NPHQnrji/egEZIOXfrC8KcaTANgTT3q3PWCccN/nAtpxUzG84obs0w\n8KSeOf8AZdidUPokXOIP9rDeZNjJ63M9sFDzSnv5BNgkc1fcqDAoL8dgBQNrn48ktkYbXl\nnRhDMEaEqzlRa9j0xuFYAhSMnYYMZgoh4SFfdZYzf3d1bE5WzH5Au+vGc3mZMCAYOHUw2l\nLq9lQPu3E58W5QJciCOlKftTQvetABe/O+jpIuZOzU0m9Pvxm8ObUEg7oG+Fmf3Pe8sWK9\nTd4FQrEYVQA4ii54+5KbgB3MB24E0x7rNJPDrW4tyx3y3z8gCvQGQ4n6uiwdZBDu4SvGPc\nY4LKAboAw8dXLkSWPPVNw+8Z4RJpUkFMJgwC4cLqQ92UX7jzOyGSwNPc7xGoEl0ug59G+s\nsAAAdQ4vkjHOL5IxwAAAAHc3NoLXJzYQAAAgEAxt2FLf52o5i7JrwR9/HDYvivEWpZKpae\n/LDPCYPDortHjhYUOkmp+CHRCSLWX0lryneQOJ98H0vKEz08jjNUN+H4WT9C9khtXeibYH\nRYCMFkTMc9Jz06cEBoNCN4HdVfpEofcU/+bhk3Emhnq9Ztkfra2piBTJ3kA1cT6WD+n3y6\naEgOITZpla6231zHUnjlEeInjcWMjN2lQpgXAEfl6WCFOOZ0Vbwd8rGqi908s0hBKlEVZw\naDpdoMr3QiiDrpwoCoABRVJI6XmghTRn1I/1NPHQnrji/egEZIOXfrC8KcaTANgTT3q3PW\nCccN/nAtpxUzG84obs0w8KSeOf8AZdidUPokXOIP9rDeZNjJ63M9sFDzSnv5BNgkc1fcqD\nAoL8dgBQNrn48ktkYbXlnRhDMEaEqzlRa9j0xuFYAhSMnYYMZgoh4SFfdZYzf3d1bE5WzH\n5Au+vGc3mZMCAYOHUw2lLq9lQPu3E58W5QJciCOlKftTQvetABe/O+jpIuZOzU0m9Pvxm8\nObUEg7oG+Fmf3Pe8sWK9Td4FQrEYVQA4ii54+5KbgB3MB24E0x7rNJPDrW4tyx3y3z8gCv\nQGQ4n6uiwdZBDu4SvGPcY4LKAboAw8dXLkSWPPVNw+8Z4RJpUkFMJgwC4cLqQ92UX7jzOy\nGSwNPc7xGoEl0ug59G+ssAAAADAQABAAACAQC2UmAI1BSHVr62+5RpwuDEu4UeLWeEkUVA\nHQYkDgbuCk/HJ9zxt5m6YZ6ZhrQN9m152faCw010D/M7glgjc1HSTj137XUCAVMr1telLe\nWMWWoQrlYVxJ/wTEx9CMvWZkrigAalx5ZX8Iw6NzhdJiGcxeWiplFdIiDrIwmhXQj0xdDN\nTMqPjqhs0BrfW9tudGJn6/UhmK2MdKVQEcp8um5CcfiSO08LT4YRfOwEgRhmsmb0WhSKOU\nG3a9tXfN0wEvtAFN5x/DI3avf5A4r9xF2JoSKWWAL7gE25QzZyYcxAIvNtyN2IyTwMmA3z\nNulQjh584gXSh0cwlrU422Qpfe4o1Bs9IVG9oB0tjfZveEfHk+mcKrKU0+ZfV0SUapgXw5\n92+4MRAKQVasOtvTbQ40Zf7iLG7uiUQ21dBz/rDk88AwZlhKsSx/pVcSVcnXKW5+IihCo4\n56MO/gGXqzHdv+r3w9e5Jb6MRFG0itx29ZTld3BOda2Ma86fAnGUrnlKR1h3m8jDlRvLU/\nDYxLXBPkpRs1syAsvD2osHM+kVDBK8lpkxYd9yDA04taYY9gP+oUE9bM9F85TO2GMfu/FF\n5W1JBGqf1QlYGEDBgof8vxLpJfehWG65JHZd7HTTY+81CYscOuCaJhATub181RiYMuTU/R\nWpyie1nMiCHulnZlR68QAAAQEAkc4awJyCdOHg3utxQ/qAp/VAy1Ajn1ODBbavXqBisMgz\ncili7a0otuliOE+gn3wGknvlA1TXocZjJr71oZB6ShTBvqouOXmVcnr52wCVmPhsoml7cJ\nwiR96GHlZDLqEP2Gd6TWQBwiYU3mo4TsAAVxhsKo5M9ISwM2qCsdMcQ+8ZKo7ixRTT7sDS\n30dOZ4jYuSjLZz1yG96O6mvC6Y+trfIf++5hc0UXJFfvOkYXcAu5rhryVNxjx/gOpu6I84\nCTDZmPQpdLItFzwLiJudc5xcrUSYfksw2XTN0v0+AV3EBoY05NE2ypQaK7LTZEzK15PLyu\noeQyqSjUN2bC4zUPzwAAAQEA424l1Iecdu3/OOmASIrC9tY4pWddh0qbEfysAZzKYuVu55\nFToZ5LVYReq2xDaLrcwHuh4BEg23KqDbOLUQ9BTOgbU7CqGvpy5IoCL2w7ri7//fJ7XNuJ\ntXO4n4ie2TG5fgZ+FTD8TR28nhrTJXroWmzgXKA+eNMBTv4mdGO4mNPctCUjI4PMDUKffT\nfm38yuduucyONi29nHrt20psm795Dcw13H2U8DEe7xN4/YPcsIb8zOB2LFBMp7mRfN25xZ\n+mBRBbNAmxG3b26m+HAkH8eBLAKA55WOiDXLsgXhVwviCkWy0N8c6G1rGZQUV7HKz9r/m7\nhZDsDPdvaFhubfAwAAAQEA39jDDq2J699r2fN/bQKelERkw64L+JvXDnZ/2e9Ul/nw3+ai\nrPNhZTZRirRLVFAuJSMMRnJly+vX172ttlk10kBux7SrraujAe0QWcJXwWDCnAo/vB3tmo\n4Uw/hZIqA/WOPXBdILLUazhWI7YNInUuLWOIZqtw2n+2o1gfWU6ABprfJPOCNeJouPO+KM\nKgkl0n7WVGiAFJ3rPYzkqdR420MDkmvwgD1DHsG/goOGAn2XFBFgaK9rotDdz1RTe8J1WD\nbAscUmpzC/ebhqZ1sNq+BcXKxzx7MQVPmrMdLAdD3dIA+k+sTnFHPhQ1qVoLniDYcjIjYZ\nIVHKUClM8qXmmQAAABVueHRcZXc1MTAxQFBFVzUxMDFEMDEBAgME\n-----END OPENSSH PRIVATE KEY-----"
                  }
                },
                "file_map": {},
                "id": "Section_y2t5qyi2frwc5wav34463kjz6i"
              }
            },
            "tags": [],
            "title": "proxmox",
            "type": null,
            "url": null,
            "username": null,
            "uuid": "k4urtqv5j2v2bpmlzqw4fncct4",
            "valid_from": null,
            "vault": "glsrlcf5lapzbba6zk6sppkgnq"
          },
          "sensitive_attributes": [
            [
              {
                "type": "get_attr",
                "value": "credential"
              }
            ],
            [
              {
                "type": "get_attr",
                "value": "note_value"
              }
            ],
            [
              {
                "type": "get_attr",
                "value": "password"
              }
            ],
            [
              {
                "type": "get_attr",
                "value": "private_key"
              }
            ],
            [
              {
                "type": "get_attr",
                "value": "private_key_openssh"
              }
            ],
            [
              {
                "type": "get_attr",
                "value": "section"
              },
              {
                "type": "index",
                "value": {
                  "value": 0,
                  "type": "number"
                }
              },
              {
                "type": "get_attr",
                "value": "field"
              },
              {
                "type": "index",
                "value": {
                  "value": 0,
                  "type": "number"
                }
              },
              {
                "type": "get_attr",
                "value": "value"
              }
            ],
            [
              {
                "type": "get_attr",
                "value": "section"
              },
              {
                "type": "index",
                "value": {
                  "value": 0,
                  "type": "number"
                }
              },
              {
                "type": "get_attr",
                "value": "field"
              },
              {
                "type": "index",
                "value": {
                  "value": 1,
                  "type": "number"
                }
              },
              {
                "type": "get_attr",
                "value": "value"
              }
            ],
            [
              {
                "type": "get_attr",
                "value": "section"
              },
              {
                "type": "index",
                "value": {
                  "value": 0,
                  "type": "number"
                }
              },
              {
                "type": "get_attr",
                "value": "field"
              },
              {
                "type": "index",
                "value": {
                  "value": 2,
                  "type": "number"
                }
              },
              {
                "type": "get_attr",
                "value": "value"
              }
            ],
            [
              {
                "type": "get_attr",
                "value": "section_map"
              },
              {
                "type": "index",
                "value": {
                  "value": "secrets",
                  "type": "string"
                }
              },
              {
                "type": "get_attr",
                "value": "field_map"
              },
              {
                "type": "index",
                "value": {
                  "value": "api_token_value",
                  "type": "string"
                }
              },
              {
                "type": "get_attr",
                "value": "value"
              }
            ],
            [
              {
                "type": "get_attr",
                "value": "section_map"
              },
              {
                "type": "index",
                "value": {
                  "value": "secrets",
                  "type": "string"
                }
              },
              {
                "type": "get_attr",
                "value": "field_map"
              },
              {
                "type": "index",
                "value": {
                  "value": "bootstrap",
                  "type": "string"
                }
              },
              {
                "type": "get_attr",
                "value": "value"
              }
            ],
            [
              {
                "type": "get_attr",
                "value": "section_map"
              },
              {
                "type": "index",
                "value": {
                  "value": "secrets",
                  "type": "string"
                }
              },
              {
                "type": "get_attr",
                "value": "field_map"
              },
              {
                "type": "index",
                "value": {
                  "value": "ssh_private_key",
                  "type": "string"
                }
              },
              {
                "type": "get_attr",
                "value": "value"
              }
            ]
          ],
          "identity_schema_version": 0
        }
      ]
    },
    {
      "module": "module.onepassword_secrets",
      "mode": "data",
      "type": "onepassword_item",
      "name": "supabase",
      "provider": "provider[\"registry.terraform.io/1password/onepassword\"]",
      "instances": [
        {
          "schema_version": 0,
          "attributes": {
            "category": "password",
            "credential": null,
            "database": null,
            "file": [],
            "filename": null,
            "hostname": null,
            "id": "vaults/glsrlcf5lapzbba6zk6sppkgnq/items/rhnkkphea4g7mbfg4spqfhjc7e",
            "note_value": null,
            "password": "",
            "port": null,
            "private_key": null,
            "private_key_openssh": null,
            "public_key": null,
            "section": [
              {
                "field": [
                  {
                    "id": "enjwqxzxh24qh2qr27t65l2kwq",
                    "label": "bootstrap",
                    "type": "CONCEALED",
                    "value": "bootstrap"
                  },
                  {
                    "id": "anysevbf363fcgf26pngapjxee",
                    "label": "service_key",
                    "type": "CONCEALED",
                    "value": "eyJhbGciOiAiSFMyNTYiLCAidHlwIjogIkpXVCJ9.eyJyb2xlIjogInNlcnZpY2Vfcm9sZSIsICJpc3MiOiAic3VwYWJhc2UiLCAiaWF0IjogMTc3MTYwMDgwMCwgImV4cCI6IDIwODY5NjA4MDB9.vLTEQu-8UATji7axVljZzlmPUrbqbFmx7fjXaQc580Y"
                  },
                  {
                    "id": "wwm2tdxfjpb42543k74q3zjj6e",
                    "label": "anon_key",
                    "type": "CONCEALED",
                    "value": "eyJhbGciOiAiSFMyNTYiLCAidHlwIjogIkpXVCJ9.eyJyb2xlIjogImFub24iLCAiaXNzIjogInN1cGFiYXNlIiwgImlhdCI6IDE3NzE2MDA4MDAsICJleHAiOiAyMDg2OTYwODAwfQ.TiwflrKfacFVLlR2k7owaIPfJ8C75bwqRXqP0pzJY3o"
                  },
                  {
                    "id": "7xlrjtvqg64ozavhrbr3c3keuy",
                    "label": "service_role_key",
                    "type": "CONCEALED",
                    "value": "eyJhbGciOiAiSFMyNTYiLCAidHlwIjogIkpXVCJ9.eyJyb2xlIjogInNlcnZpY2Vfcm9sZSIsICJpc3MiOiAic3VwYWJhc2UiLCAiaWF0IjogMTc3MTYwMDgwMCwgImV4cCI6IDIwODY5NjA4MDB9.vLTEQu-8UATji7axVljZzlmPUrbqbFmx7fjXaQc580Y"
                  },
                  {
                    "id": "potmdgghb5pocglbcy3ehp7qbq",
                    "label": "db_password",
                    "type": "CONCEALED",
                    "value": "xaBI7AtdjCSRXO/B4JzKRzTw"
                  },
                  {
                    "id": "cyn4zkbche2g7nh56bktcempay",
                    "label": "jwt_secret",
                    "type": "CONCEALED",
                    "value": "cwCVl7uY4WJUyZo/IpYauD9G8kqvbfhbolfNZVQNeME="
                  },
                  {
                    "id": "g3347e6mxixsjrroznyk3pq63y",
                    "label": "dashboard_password",
                    "type": "CONCEALED",
                    "value": "NUIU83I8A28gPocspX3F0C2Y"
                  },
                  {
                    "id": "uhmeplwgpdcqaxtypga5udmbw4",
                    "label": "url",
                    "type": "CONCEALED",
                    "value": "https://placeholder.supabase.local"
                  },
                  {
                    "id": "44yrp2o4hfoqbjugsj2wt3gt5a",
                    "label": "dashboard_username",
                    "type": "CONCEALED",
                    "value": "placeholder"
                  }
                ],
                "file": [],
                "id": "Section_bmmkn7oarryf2qn3yqebtu2ela",
                "label": "secrets"
              }
            ],
            "section_map": {
              "secrets": {
                "field_map": {
                  "anon_key": {
                    "id": "wwm2tdxfjpb42543k74q3zjj6e",
                    "type": "CONCEALED",
                    "value": "eyJhbGciOiAiSFMyNTYiLCAidHlwIjogIkpXVCJ9.eyJyb2xlIjogImFub24iLCAiaXNzIjogInN1cGFiYXNlIiwgImlhdCI6IDE3NzE2MDA4MDAsICJleHAiOiAyMDg2OTYwODAwfQ.TiwflrKfacFVLlR2k7owaIPfJ8C75bwqRXqP0pzJY3o"
                  },
                  "bootstrap": {
                    "id": "enjwqxzxh24qh2qr27t65l2kwq",
                    "type": "CONCEALED",
                    "value": "bootstrap"
                  },
                  "dashboard_password": {
                    "id": "g3347e6mxixsjrroznyk3pq63y",
                    "type": "CONCEALED",
                    "value": "NUIU83I8A28gPocspX3F0C2Y"
                  },
                  "dashboard_username": {
                    "id": "44yrp2o4hfoqbjugsj2wt3gt5a",
                    "type": "CONCEALED",
                    "value": "placeholder"
                  },
                  "db_password": {
                    "id": "potmdgghb5pocglbcy3ehp7qbq",
                    "type": "CONCEALED",
                    "value": "xaBI7AtdjCSRXO/B4JzKRzTw"
                  },
                  "jwt_secret": {
                    "id": "cyn4zkbche2g7nh56bktcempay",
                    "type": "CONCEALED",
                    "value": "cwCVl7uY4WJUyZo/IpYauD9G8kqvbfhbolfNZVQNeME="
                  },
                  "service_key": {
                    "id": "anysevbf363fcgf26pngapjxee",
                    "type": "CONCEALED",
                    "value": "eyJhbGciOiAiSFMyNTYiLCAidHlwIjogIkpXVCJ9.eyJyb2xlIjogInNlcnZpY2Vfcm9sZSIsICJpc3MiOiAic3VwYWJhc2UiLCAiaWF0IjogMTc3MTYwMDgwMCwgImV4cCI6IDIwODY5NjA4MDB9.vLTEQu-8UATji7axVljZzlmPUrbqbFmx7fjXaQc580Y"
                  },
                  "service_role_key": {
                    "id": "7xlrjtvqg64ozavhrbr3c3keuy",
                    "type": "CONCEALED",
                    "value": "eyJhbGciOiAiSFMyNTYiLCAidHlwIjogIkpXVCJ9.eyJyb2xlIjogInNlcnZpY2Vfcm9sZSIsICJpc3MiOiAic3VwYWJhc2UiLCAiaWF0IjogMTc3MTYwMDgwMCwgImV4cCI6IDIwODY5NjA4MDB9.vLTEQu-8UATji7axVljZzlmPUrbqbFmx7fjXaQc580Y"
                  },
                  "url": {
                    "id": "uhmeplwgpdcqaxtypga5udmbw4",
                    "type": "CONCEALED",
                    "value": "https://placeholder.supabase.local"
                  }
                },
                "file_map": {},
                "id": "Section_bmmkn7oarryf2qn3yqebtu2ela"
              }
            },
            "tags": [],
            "title": "supabase",
            "type": null,
            "url": null,
            "username": null,
            "uuid": "rhnkkphea4g7mbfg4spqfhjc7e",
            "valid_from": null,
            "vault": "glsrlcf5lapzbba6zk6sppkgnq"
          },
          "sensitive_attributes": [
            [
              {
                "type": "get_attr",
                "value": "credential"
              }
            ],
            [
              {
                "type": "get_attr",
                "value": "note_value"
              }
            ],
            [
              {
                "type": "get_attr",
                "value": "password"
              }
            ],
            [
              {
                "type": "get_attr",
                "value": "private_key"
              }
            ],
            [
              {
                "type": "get_attr",
                "value": "private_key_openssh"
              }
            ],
            [
              {
                "type": "get_attr",
                "value": "section"
              },
              {
                "type": "index",
                "value": {
                  "value": 0,
                  "type": "number"
                }
              },
              {
                "type": "get_attr",
                "value": "field"
              },
              {
                "type": "index",
                "value": {
                  "value": 0,
                  "type": "number"
                }
              },
              {
                "type": "get_attr",
                "value": "value"
              }
            ],
            [
              {
                "type": "get_attr",
                "value": "section"
              },
              {
                "type": "index",
                "value": {
                  "value": 0,
                  "type": "number"
                }
              },
              {
                "type": "get_attr",
                "value": "field"
              },
              {
                "type": "index",
                "value": {
                  "value": 1,
                  "type": "number"
                }
              },
              {
                "type": "get_attr",
                "value": "value"
              }
            ],
            [
              {
                "type": "get_attr",
                "value": "section"
              },
              {
                "type": "index",
                "value": {
                  "value": 0,
                  "type": "number"
                }
              },
              {
                "type": "get_attr",
                "value": "field"
              },
              {
                "type": "index",
                "value": {
                  "value": 2,
                  "type": "number"
                }
              },
              {
                "type": "get_attr",
                "value": "value"
              }
            ],
            [
              {
                "type": "get_attr",
                "value": "section"
              },
              {
                "type": "index",
                "value": {
                  "value": 0,
                  "type": "number"
                }
              },
              {
                "type": "get_attr",
                "value": "field"
              },
              {
                "type": "index",
                "value": {
                  "value": 3,
                  "type": "number"
                }
              },
              {
                "type": "get_attr",
                "value": "value"
              }
            ],
            [
              {
                "type": "get_attr",
                "value": "section"
              },
              {
                "type": "index",
                "value": {
                  "value": 0,
                  "type": "number"
                }
              },
              {
                "type": "get_attr",
                "value": "field"
              },
              {
                "type": "index",
                "value": {
                  "value": 4,
                  "type": "number"
                }
              },
              {
                "type": "get_attr",
                "value": "value"
              }
            ],
            [
              {
                "type": "get_attr",
                "value": "section"
              },
              {
                "type": "index",
                "value": {
                  "value": 0,
                  "type": "number"
                }
              },
              {
                "type": "get_attr",
                "value": "field"
              },
              {
                "type": "index",
                "value": {
                  "value": 5,
                  "type": "number"
                }
              },
              {
                "type": "get_attr",
                "value": "value"
              }
            ],
            [
              {
                "type": "get_attr",
                "value": "section"
              },
              {
                "type": "index",
                "value": {
                  "value": 0,
                  "type": "number"
                }
              },
              {
                "type": "get_attr",
                "value": "field"
              },
              {
                "type": "index",
                "value": {
                  "value": 6,
                  "type": "number"
                }
              },
              {
                "type": "get_attr",
                "value": "value"
              }
            ],
            [
              {
                "type": "get_attr",
                "value": "section"
              },
              {
                "type": "index",
                "value": {
                  "value": 0,
                  "type": "number"
                }
              },
              {
                "type": "get_attr",
                "value": "field"
              },
              {
                "type": "index",
                "value": {
                  "value": 7,
                  "type": "number"
                }
              },
              {
                "type": "get_attr",
                "value": "value"
              }
            ],
            [
              {
                "type": "get_attr",
                "value": "section"
              },
              {
                "type": "index",
                "value": {
                  "value": 0,
                  "type": "number"
                }
              },
              {
                "type": "get_attr",
                "value": "field"
              },
              {
                "type": "index",
                "value": {
                  "value": 8,
                  "type": "number"
                }
              },
              {
                "type": "get_attr",
                "value": "value"
              }
            ],
            [
              {
                "type": "get_attr",
                "value": "section_map"
              },
              {
                "type": "index",
                "value": {
                  "value": "secrets",
                  "type": "string"
                }
              },
              {
                "type": "get_attr",
                "value": "field_map"
              },
              {
                "type": "index",
                "value": {
                  "value": "anon_key",
                  "type": "string"
                }
              },
              {
                "type": "get_attr",
                "value": "value"
              }
            ],
            [
              {
                "type": "get_attr",
                "value": "section_map"
              },
              {
                "type": "index",
                "value": {
                  "value": "secrets",
                  "type": "string"
                }
              },
              {
                "type": "get_attr",
                "value": "field_map"
              },
              {
                "type": "index",
                "value": {
                  "value": "bootstrap",
                  "type": "string"
                }
              },
              {
                "type": "get_attr",
                "value": "value"
              }
            ],
            [
              {
                "type": "get_attr",
                "value": "section_map"
              },
              {
                "type": "index",
                "value": {
                  "value": "secrets",
                  "type": "string"
                }
              },
              {
                "type": "get_attr",
                "value": "field_map"
              },
              {
                "type": "index",
                "value": {
                  "value": "dashboard_password",
                  "type": "string"
                }
              },
              {
                "type": "get_attr",
                "value": "value"
              }
            ],
            [
              {
                "type": "get_attr",
                "value": "section_map"
              },
              {
                "type": "index",
                "value": {
                  "value": "secrets",
                  "type": "string"
                }
              },
              {
                "type": "get_attr",
                "value": "field_map"
              },
              {
                "type": "index",
                "value": {
                  "value": "dashboard_username",
                  "type": "string"
                }
              },
              {
                "type": "get_attr",
                "value": "value"
              }
            ],
            [
              {
                "type": "get_attr",
                "value": "section_map"
              },
              {
                "type": "index",
                "value": {
                  "value": "secrets",
                  "type": "string"
                }
              },
              {
                "type": "get_attr",
                "value": "field_map"
              },
              {
                "type": "index",
                "value": {
                  "value": "db_password",
                  "type": "string"
                }
              },
              {
                "type": "get_attr",
                "value": "value"
              }
            ],
            [
              {
                "type": "get_attr",
                "value": "section_map"
              },
              {
                "type": "index",
                "value": {
                  "value": "secrets",
                  "type": "string"
                }
              },
              {
                "type": "get_attr",
                "value": "field_map"
              },
              {
                "type": "index",
                "value": {
                  "value": "jwt_secret",
                  "type": "string"
                }
              },
              {
                "type": "get_attr",
                "value": "value"
              }
            ],
            [
              {
                "type": "get_attr",
                "value": "section_map"
              },
              {
                "type": "index",
                "value": {
                  "value": "secrets",
                  "type": "string"
                }
              },
              {
                "type": "get_attr",
                "value": "field_map"
              },
              {
                "type": "index",
                "value": {
                  "value": "service_key",
                  "type": "string"
                }
              },
              {
                "type": "get_attr",
                "value": "value"
              }
            ],
            [
              {
                "type": "get_attr",
                "value": "section_map"
              },
              {
                "type": "index",
                "value": {
                  "value": "secrets",
                  "type": "string"
                }
              },
              {
                "type": "get_attr",
                "value": "field_map"
              },
              {
                "type": "index",
                "value": {
                  "value": "service_role_key",
                  "type": "string"
                }
              },
              {
                "type": "get_attr",
                "value": "value"
              }
            ],
            [
              {
                "type": "get_attr",
                "value": "section_map"
              },
              {
                "type": "index",
                "value": {
                  "value": "secrets",
                  "type": "string"
                }
              },
              {
                "type": "get_attr",
                "value": "field_map"
              },
              {
                "type": "index",
                "value": {
                  "value": "url",
                  "type": "string"
                }
              },
              {
                "type": "get_attr",
                "value": "value"
              }
            ]
          ],
          "identity_schema_version": 0
        }
      ]
    },
    {
      "module": "module.onepassword_secrets",
      "mode": "data",
      "type": "onepassword_item",
      "name": "this",
      "provider": "provider[\"registry.terraform.io/1password/onepassword\"]",
      "instances": [
        {
          "index_key": "archon",
          "schema_version": 0,
          "attributes": {
            "category": "password",
            "credential": null,
            "database": null,
            "file": [],
            "filename": null,
            "hostname": null,
            "id": "vaults/glsrlcf5lapzbba6zk6sppkgnq/items/nloohxtyi2f3jh5byfbj7xsqt4",
            "note_value": "Archon AI Agent Orchestration Platform\nHost: 192.168.50.108 (LXC 108)\nServices:\n- UI: :3737\n- Server: :8181 (FastAPI + Socket.IO)\n- MCP: :8051\n- Agents: :8052\nStorage: Supabase (supabase.jclee.me)\nEmbedding: Ollama nomic-embed-text (192.168.50.109:11434)\nStatus: Production\nUpdated: 2025-03",
            "password": "",
            "port": null,
            "private_key": null,
            "private_key_openssh": null,
            "public_key": null,
            "section": [
              {
                "field": [
                  {
                    "id": "hwvcohpo7uttobyjz67rh7se24",
                    "label": "url",
                    "type": "CONCEALED",
                    "value": "http://192.168.50.108:3737"
                  },
                  {
                    "id": "rguxz6yd6lnfo2skaepqkvvqca",
                    "label": "mcp_url",
                    "type": "CONCEALED",
                    "value": "http://192.168.50.108:8051"
                  },
                  {
                    "id": "xrvtuzoofhmk35jkzdmmsohirm",
                    "label": "server_url",
                    "type": "CONCEALED",
                    "value": "http://192.168.50.108:8181"
                  },
                  {
                    "id": "uwfkulcvyuzslwm5nhwagjkfjy",
                    "label": "agents_url",
                    "type": "CONCEALED",
                    "value": "http://192.168.50.108:8052"
                  }
                ],
                "file": [],
                "id": "Section_lyz6ns3bnzrclnnw2qgeglypb4",
                "label": "Connection"
              },
              {
                "field": [
                  {
                    "id": "bsk4m3rm5tgjevm2b6pd7ao6ji",
                    "label": "anthropic_api_key",
                    "type": "CONCEALED",
                    "value": "placeholder"
                  },
                  {
                    "id": "mbmlfjn76da7burfwclnjxa644",
                    "label": "openai_api_key",
                    "type": "CONCEALED",
                    "value": "placeholder"
                  }
                ],
                "file": [],
                "id": "Section_7fyozx2sap6dvgbzvofhva5z4y",
                "label": "API Keys"
              }
            ],
            "section_map": {
              "API Keys": {
                "field_map": {
                  "anthropic_api_key": {
                    "id": "bsk4m3rm5tgjevm2b6pd7ao6ji",
                    "type": "CONCEALED",
                    "value": "placeholder"
                  },
                  "openai_api_key": {
                    "id": "mbmlfjn76da7burfwclnjxa644",
                    "type": "CONCEALED",
                    "value": "placeholder"
                  }
                },
                "file_map": {},
                "id": "Section_7fyozx2sap6dvgbzvofhva5z4y"
              },
              "Connection": {
                "field_map": {
                  "agents_url": {
                    "id": "uwfkulcvyuzslwm5nhwagjkfjy",
                    "type": "CONCEALED",
                    "value": "http://192.168.50.108:8052"
                  },
                  "mcp_url": {
                    "id": "rguxz6yd6lnfo2skaepqkvvqca",
                    "type": "CONCEALED",
                    "value": "http://192.168.50.108:8051"
                  },
                  "server_url": {
                    "id": "xrvtuzoofhmk35jkzdmmsohirm",
                    "type": "CONCEALED",
                    "value": "http://192.168.50.108:8181"
                  },
                  "url": {
                    "id": "hwvcohpo7uttobyjz67rh7se24",
                    "type": "CONCEALED",
                    "value": "http://192.168.50.108:3737"
                  }
                },
                "file_map": {},
                "id": "Section_lyz6ns3bnzrclnnw2qgeglypb4"
              }
            },
            "tags": [
              "ai"
            ],
            "title": "archon",
            "type": null,
            "url": "http://192.168.50.108:3737",
            "username": null,
            "uuid": "nloohxtyi2f3jh5byfbj7xsqt4",
            "valid_from": null,
            "vault": "glsrlcf5lapzbba6zk6sppkgnq"
          },
          "sensitive_attributes": [
            [
              {
                "type": "get_attr",
                "value": "credential"
              }
            ],
            [
              {
                "type": "get_attr",
                "value": "note_value"
              }
            ],
            [
              {
                "type": "get_attr",
                "value": "password"
              }
            ],
            [
              {
                "type": "get_attr",
                "value": "private_key"
              }
            ],
            [
              {
                "type": "get_attr",
                "value": "private_key_openssh"
              }
            ],
            [
              {
                "type": "get_attr",
                "value": "section"
              },
              {
                "type": "index",
                "value": {
                  "value": 0,
                  "type": "number"
                }
              },
              {
                "type": "get_attr",
                "value": "field"
              },
              {
                "type": "index",
                "value": {
                  "value": 0,
                  "type": "number"
                }
              },
              {
                "type": "get_attr",
                "value": "value"
              }
            ],
            [
              {
                "type": "get_attr",
                "value": "section"
              },
              {
                "type": "index",
                "value": {
                  "value": 0,
                  "type": "number"
                }
              },
              {
                "type": "get_attr",
                "value": "field"
              },
              {
                "type": "index",
                "value": {
                  "value": 1,
                  "type": "number"
                }
              },
              {
                "type": "get_attr",
                "value": "value"
              }
            ],
            [
              {
                "type": "get_attr",
                "value": "section"
              },
              {
                "type": "index",
                "value": {
                  "value": 0,
                  "type": "number"
                }
              },
              {
                "type": "get_attr",
                "value": "field"
              },
              {
                "type": "index",
                "value": {
                  "value": 2,
                  "type": "number"
                }
              },
              {
                "type": "get_attr",
                "value": "value"
              }
            ],
            [
              {
                "type": "get_attr",
                "value": "section"
              },
              {
                "type": "index",
                "value": {
                  "value": 0,
                  "type": "number"
                }
              },
              {
                "type": "get_attr",
                "value": "field"
              },
              {
                "type": "index",
                "value": {
                  "value": 3,
                  "type": "number"
                }
              },
              {
                "type": "get_attr",
                "value": "value"
              }
            ],
            [
              {
                "type": "get_attr",
                "value": "section"
              },
              {
                "type": "index",
                "value": {
                  "value": 1,
                  "type": "number"
                }
              },
              {
                "type": "get_attr",
                "value": "field"
              },
              {
                "type": "index",
                "value": {
                  "value": 0,
                  "type": "number"
                }
              },
              {
                "type": "get_attr",
                "value": "value"
              }
            ],
            [
              {
                "type": "get_attr",
                "value": "section"
              },
              {
                "type": "index",
                "value": {
                  "value": 1,
                  "type": "number"
                }
              },
              {
                "type": "get_attr",
                "value": "field"
              },
              {
                "type": "index",
                "value": {
                  "value": 1,
                  "type": "number"
                }
              },
              {
                "type": "get_attr",
                "value": "value"
              }
            ],
            [
              {
                "type": "get_attr",
                "value": "section_map"
              },
              {
                "type": "index",
                "value": {
                  "value": "API Keys",
                  "type": "string"
                }
              },
              {
                "type": "get_attr",
                "value": "field_map"
              },
              {
                "type": "index",
                "value": {
                  "value": "anthropic_api_key",
                  "type": "string"
                }
              },
              {
                "type": "get_attr",
                "value": "value"
              }
            ],
            [
              {
                "type": "get_attr",
                "value": "section_map"
              },
              {
                "type": "index",
                "value": {
                  "value": "API Keys",
                  "type": "string"
                }
              },
              {
                "type": "get_attr",
                "value": "field_map"
              },
              {
                "type": "index",
                "value": {
                  "value": "openai_api_key",
                  "type": "string"
                }
              },
              {
                "type": "get_attr",
                "value": "value"
              }
            ],
            [
              {
                "type": "get_attr",
                "value": "section_map"
              },
              {
                "type": "index",
                "value": {
                  "value": "Connection",
                  "type": "string"
                }
              },
              {
                "type": "get_attr",
                "value": "field_map"
              },
              {
                "type": "index",
                "value": {
                  "value": "agents_url",
                  "type": "string"
                }
              },
              {
                "type": "get_attr",
                "value": "value"
              }
            ],
            [
              {
                "type": "get_attr",
                "value": "section_map"
              },
              {
                "type": "index",
                "value": {
                  "value": "Connection",
                  "type": "string"
                }
              },
              {
                "type": "get_attr",
                "value": "field_map"
              },
              {
                "type": "index",
                "value": {
                  "value": "mcp_url",
                  "type": "string"
                }
              },
              {
                "type": "get_attr",
                "value": "value"
              }
            ],
            [
              {
                "type": "get_attr",
                "value": "section_map"
              },
              {
                "type": "index",
                "value": {
                  "value": "Connection",
                  "type": "string"
                }
              },
              {
                "type": "get_attr",
                "value": "field_map"
              },
              {
                "type": "index",
                "value": {
                  "value": "server_url",
                  "type": "string"
                }
              },
              {
                "type": "get_attr",
                "value": "value"
              }
            ],
            [
              {
                "type": "get_attr",
                "value": "section_map"
              },
              {
                "type": "index",
                "value": {
                  "value": "Connection",
                  "type": "string"
                }
              },
              {
                "type": "get_attr",
                "value": "field_map"
              },
              {
                "type": "index",
                "value": {
                  "value": "url",
                  "type": "string"
                }
              },
              {
                "type": "get_attr",
                "value": "value"
              }
            ]
          ],
          "identity_schema_version": 0
        },
        {
          "index_key": "cloudflare",
          "schema_version": 0,
          "attributes": {
            "category": "password",
            "credential": null,
            "database": null,
            "file": [],
            "filename": null,
            "hostname": null,
            "id": "vaults/glsrlcf5lapzbba6zk6sppkgnq/items/pmz2vfzmfg5knlrzyskssvqdeq",
            "note_value": "Cloudflare Account Credentials\nAccount: qws941@kakao.com\nAccount ID: a8d9c67f586acdd15eebcc65ca3aa5bb\nZone ID: ed060daac18345f6900fc5a661dc94f9\nAPI Keys:\n- api_key: Current API token\n- api_key_legacy: Previous token (deprecated)\n- global_api_key: Account global key\nServices:\n- DNS management\n- Cloudflare Tunnels\n- Workers deployment\n- Access policies\nUsage: CF Worker deploy, DNS automation\nStatus: Production\nUpdated: 2025-03",
            "password": "",
            "port": null,
            "private_key": null,
            "private_key_openssh": null,
            "public_key": null,
            "section": [
              {
                "field": [
                  {
                    "id": "dah7a35zbl2bei5vfmkgvqn57m",
                    "label": "url",
                    "type": "CONCEALED",
                    "value": "https://dash.cloudflare.com"
                  }
                ],
                "file": [],
                "id": "Section_y5t5o7djcowk7z2ounynhetdju",
                "label": "Connection"
              },
              {
                "field": [
                  {
                    "id": "j33jgwdh7vdpowgcpezd4jss6y",
                    "label": "email",
                    "type": "CONCEALED",
                    "value": "qws941@kakao.com"
                  },
                  {
                    "id": "evyp3gbigy6mdtoj7nss66y5cu",
                    "label": "account_id",
                    "type": "CONCEALED",
                    "value": "a8d9c67f586acdd15eebcc65ca3aa5bb"
                  },
                  {
                    "id": "eoqjexnj63kn4rnnwlnch5gwmq",
                    "label": "zone_id",
                    "type": "CONCEALED",
                    "value": "ed060daac18345f6900fc5a661dc94f9"
                  }
                ],
                "file": [],
                "id": "Section_sx5bewqhsjzqtcwp3xoyivvepq",
                "label": "Account"
              },
              {
                "field": [
                  {
                    "id": "4m6fpb47fo43mewsbhgcfpi5vy",
                    "label": "api_key",
                    "type": "CONCEALED",
                    "value": "CMTfxOdHacsbXsegngbbAV-jW5tPwsHA7HTtYswb"
                  },
                  {
                    "id": "imw6w2lawqlv5b3r525yilbkwi",
                    "label": "api_key_legacy",
                    "type": "CONCEALED",
                    "value": "AMSoMCU6co1jb3rS55lRylcZSgfbBzAHEH-fwym2"
                  },
                  {
                    "id": "jxjdfeyqkixsltv57x5a3il6v4",
                    "label": "global_api_key",
                    "type": "CONCEALED",
                    "value": "8c5a660dfff03201090979aed72f097f8dc96"
                  }
                ],
                "file": [],
                "id": "Section_553o2jr3i6mgn73blvfopyfiae",
                "label": "API Keys"
              }
            ],
            "section_map": {
              "API Keys": {
                "field_map": {
                  "api_key": {
                    "id": "4m6fpb47fo43mewsbhgcfpi5vy",
                    "type": "CONCEALED",
                    "value": "CMTfxOdHacsbXsegngbbAV-jW5tPwsHA7HTtYswb"
                  },
                  "api_key_legacy": {
                    "id": "imw6w2lawqlv5b3r525yilbkwi",
                    "type": "CONCEALED",
                    "value": "AMSoMCU6co1jb3rS55lRylcZSgfbBzAHEH-fwym2"
                  },
                  "global_api_key": {
                    "id": "jxjdfeyqkixsltv57x5a3il6v4",
                    "type": "CONCEALED",
                    "value": "8c5a660dfff03201090979aed72f097f8dc96"
                  }
                },
                "file_map": {},
                "id": "Section_553o2jr3i6mgn73blvfopyfiae"
              },
              "Account": {
                "field_map": {
                  "account_id": {
                    "id": "evyp3gbigy6mdtoj7nss66y5cu",
                    "type": "CONCEALED",
                    "value": "a8d9c67f586acdd15eebcc65ca3aa5bb"
                  },
                  "email": {
                    "id": "j33jgwdh7vdpowgcpezd4jss6y",
                    "type": "CONCEALED",
                    "value": "qws941@kakao.com"
                  },
                  "zone_id": {
                    "id": "eoqjexnj63kn4rnnwlnch5gwmq",
                    "type": "CONCEALED",
                    "value": "ed060daac18345f6900fc5a661dc94f9"
                  }
                },
                "file_map": {},
                "id": "Section_sx5bewqhsjzqtcwp3xoyivvepq"
              },
              "Connection": {
                "field_map": {
                  "url": {
                    "id": "dah7a35zbl2bei5vfmkgvqn57m",
                    "type": "CONCEALED",
                    "value": "https://dash.cloudflare.com"
                  }
                },
                "file_map": {},
                "id": "Section_y5t5o7djcowk7z2ounynhetdju"
              }
            },
            "tags": [
              "network"
            ],
            "title": "cloudflare",
            "type": null,
            "url": "https://dash.cloudflare.com",
            "username": null,
            "uuid": "pmz2vfzmfg5knlrzyskssvqdeq",
            "valid_from": null,
            "vault": "glsrlcf5lapzbba6zk6sppkgnq"
          },
          "sensitive_attributes": [
            [
              {
                "type": "get_attr",
                "value": "credential"
              }
            ],
            [
              {
                "type": "get_attr",
                "value": "note_value"
              }
            ],
            [
              {
                "type": "get_attr",
                "value": "password"
              }
            ],
            [
              {
                "type": "get_attr",
                "value": "private_key"
              }
            ],
            [
              {
                "type": "get_attr",
                "value": "private_key_openssh"
              }
            ],
            [
              {
                "type": "get_attr",
                "value": "section"
              },
              {
                "type": "index",
                "value": {
                  "value": 0,
                  "type": "number"
                }
              },
              {
                "type": "get_attr",
                "value": "field"
              },
              {
                "type": "index",
                "value": {
                  "value": 0,
                  "type": "number"
                }
              },
              {
                "type": "get_attr",
                "value": "value"
              }
            ],
            [
              {
                "type": "get_attr",
                "value": "section"
              },
              {
                "type": "index",
                "value": {
                  "value": 1,
                  "type": "number"
                }
              },
              {
                "type": "get_attr",
                "value": "field"
              },
              {
                "type": "index",
                "value": {
                  "value": 0,
                  "type": "number"
                }
              },
              {
                "type": "get_attr",
                "value": "value"
              }
            ],
            [
              {
                "type": "get_attr",
                "value": "section"
              },
              {
                "type": "index",
                "value": {
                  "value": 1,
                  "type": "number"
                }
              },
              {
                "type": "get_attr",
                "value": "field"
              },
              {
                "type": "index",
                "value": {
                  "value": 1,
                  "type": "number"
                }
              },
              {
                "type": "get_attr",
                "value": "value"
              }
            ],
            [
              {
                "type": "get_attr",
                "value": "section"
              },
              {
                "type": "index",
                "value": {
                  "value": 1,
                  "type": "number"
                }
              },
              {
                "type": "get_attr",
                "value": "field"
              },
              {
                "type": "index",
                "value": {
                  "value": 2,
                  "type": "number"
                }
              },
              {
                "type": "get_attr",
                "value": "value"
              }
            ],
            [
              {
                "type": "get_attr",
                "value": "section"
              },
              {
                "type": "index",
                "value": {
                  "value": 2,
                  "type": "number"
                }
              },
              {
                "type": "get_attr",
                "value": "field"
              },
              {
                "type": "index",
                "value": {
                  "value": 0,
                  "type": "number"
                }
              },
              {
                "type": "get_attr",
                "value": "value"
              }
            ],
            [
              {
                "type": "get_attr",
                "value": "section"
              },
              {
                "type": "index",
                "value": {
                  "value": 2,
                  "type": "number"
                }
              },
              {
                "type": "get_attr",
                "value": "field"
              },
              {
                "type": "index",
                "value": {
                  "value": 1,
                  "type": "number"
                }
              },
              {
                "type": "get_attr",
                "value": "value"
              }
            ],
            [
              {
                "type": "get_attr",
                "value": "section"
              },
              {
                "type": "index",
                "value": {
                  "value": 2,
                  "type": "number"
                }
              },
              {
                "type": "get_attr",
                "value": "field"
              },
              {
                "type": "index",
                "value": {
                  "value": 2,
                  "type": "number"
                }
              },
              {
                "type": "get_attr",
                "value": "value"
              }
            ],
            [
              {
                "type": "get_attr",
                "value": "section_map"
              },
              {
                "type": "index",
                "value": {
                  "value": "API Keys",
                  "type": "string"
                }
              },
              {
                "type": "get_attr",
                "value": "field_map"
              },
              {
                "type": "index",
                "value": {
                  "value": "api_key",
                  "type": "string"
                }
              },
              {
                "type": "get_attr",
                "value": "value"
              }
            ],
            [
              {
                "type": "get_attr",
                "value": "section_map"
              },
              {
                "type": "index",
                "value": {
                  "value": "API Keys",
                  "type": "string"
                }
              },
              {
                "type": "get_attr",
                "value": "field_map"
              },
              {
                "type": "index",
                "value": {
                  "value": "api_key_legacy",
                  "type": "string"
                }
              },
              {
                "type": "get_attr",
                "value": "value"
              }
            ],
            [
              {
                "type": "get_attr",
                "value": "section_map"
              },
              {
                "type": "index",
                "value": {
                  "value": "API Keys",
                  "type": "string"
                }
              },
              {
                "type": "get_attr",
                "value": "field_map"
              },
              {
                "type": "index",
                "value": {
                  "value": "global_api_key",
                  "type": "string"
                }
              },
              {
                "type": "get_attr",
                "value": "value"
              }
            ],
            [
              {
                "type": "get_attr",
                "value": "section_map"
              },
              {
                "type": "index",
                "value": {
                  "value": "Account",
                  "type": "string"
                }
              },
              {
                "type": "get_attr",
                "value": "field_map"
              },
              {
                "type": "index",
                "value": {
                  "value": "account_id",
                  "type": "string"
                }
              },
              {
                "type": "get_attr",
                "value": "value"
              }
            ],
            [
              {
                "type": "get_attr",
                "value": "section_map"
              },
              {
                "type": "index",
                "value": {
                  "value": "Account",
                  "type": "string"
                }
              },
              {
                "type": "get_attr",
                "value": "field_map"
              },
              {
                "type": "index",
                "value": {
                  "value": "email",
                  "type": "string"
                }
              },
              {
                "type": "get_attr",
                "value": "value"
              }
            ],
            [
              {
                "type": "get_attr",
                "value": "section_map"
              },
              {
                "type": "index",
                "value": {
                  "value": "Account",
                  "type": "string"
                }
              },
              {
                "type": "get_attr",
                "value": "field_map"
              },
              {
                "type": "index",
                "value": {
                  "value": "zone_id",
                  "type": "string"
                }
              },
              {
                "type": "get_attr",
                "value": "value"
              }
            ],
            [
              {
                "type": "get_attr",
                "value": "section_map"
              },
              {
                "type": "index",
                "value": {
                  "value": "Connection",
                  "type": "string"
                }
              },
              {
                "type": "get_attr",
                "value": "field_map"
              },
              {
                "type": "index",
                "value": {
                  "value": "url",
                  "type": "string"
                }
              },
              {
                "type": "get_attr",
                "value": "value"
              }
            ]
          ],
          "identity_schema_version": 0
        },
        {
          "index_key": "elk",
          "schema_version": 0,
          "attributes": {
            "category": "password",
            "credential": null,
            "database": null,
            "file": [],
            "filename": null,
            "hostname": null,
            "id": "vaults/glsrlcf5lapzbba6zk6sppkgnq/items/r7sorr37gjv6pbtkbsdpwa62oq",
            "note_value": "Elasticsearch + Kibana Stack\nHost: 192.168.50.109 (LXC 109)\nPorts:\n- Elasticsearch: 9200\n- Kibana: 5601\nCredentials:\n- elastic_password: Superuser\n- kibana_password: Kibana system user\nAPI Keys:\n- apikey_resume_cfw: CF Workers ingestion\n- apikey_resume_gha: GitHub Actions ingestion\nCloudflare Access:\n- Tunnel auth for external access\n- Token for resume.jclee.me\nUsage: ELK MCP, log analytics\nStatus: Production\nUpdated: 2025-03",
            "password": "",
            "port": null,
            "private_key": null,
            "private_key_openssh": null,
            "public_key": null,
            "section": [
              {
                "field": [
                  {
                    "id": "5gfcnpskttijzcbtghy3ytfxhm",
                    "label": "resume_cfw",
                    "type": "CONCEALED",
                    "value": "d09VN3Fad0JDMG5zeGxFUjl0Vm46YXRvZUdnVmpSc3kyX0xWZzBLaUZ5dw=="
                  },
                  {
                    "id": "6nb5mgs2htvgcgxdmq6sjlvl7m",
                    "label": "resume_cfw_username",
                    "type": "CONCEALED",
                    "value": "resume-cf-workers"
                  },
                  {
                    "id": "hzql4fw4nflpd35aomhpdmfdxu",
                    "label": "resume_cfw_id",
                    "type": "CONCEALED",
                    "value": "wOU7qZwBC0nsxlER9tVn"
                  },
                  {
                    "id": "r7lv4ra2gnjcctofkewvtbex5m",
                    "label": "resume_gha",
                    "type": "CONCEALED",
                    "value": "QXVabnFad0JDMG5zeGxFUjF2RXM6aDBhbGFNUzJRbUtJSm02c0QzVl9Jdw=="
                  },
                  {
                    "id": "5okth2v4hfcqu5gossh4m5qr4m",
                    "label": "resume_gha_id",
                    "type": "CONCEALED",
                    "value": "AuZnqZwBC0nsxlER1vEs"
                  }
                ],
                "file": [],
                "id": "Section_moxl45d4sdvicmkvni6eeao5ga",
                "label": "API Keys"
              },
              {
                "field": [
                  {
                    "id": "5pldvqmdqphq2mwssybowrzqa4",
                    "label": "client_id",
                    "type": "CONCEALED",
                    "value": "637118a80164e2e0a135a58d03b75dc0.access"
                  },
                  {
                    "id": "3c2c54mk7eammnc4mozhisc3we",
                    "label": "client_secret",
                    "type": "CONCEALED",
                    "value": "baeae86d3830609b8976a34803e58cde06b4ca4464b28bce956a47f6d98a6f79"
                  },
                  {
                    "id": "fvjjifuu3wmgpmht4dhbassfqe",
                    "label": "token_id",
                    "type": "CONCEALED",
                    "value": "b137fdc7-d5b3-47ef-a816-e0e083a91a65"
                  }
                ],
                "file": [],
                "id": "Section_vsrfavdkmyvy5v74tnromfyyiq",
                "label": "CF Access"
              },
              {
                "field": [
                  {
                    "id": "axvyue72vhjtrkb2zfydituyeu",
                    "label": "elasticsearch_url",
                    "type": "CONCEALED",
                    "value": "http://192.168.50.109:9200"
                  },
                  {
                    "id": "tjfa7lir3vbvagxuo5u55whmjq",
                    "label": "kibana_url",
                    "type": "CONCEALED",
                    "value": "http://192.168.50.109:5601"
                  }
                ],
                "file": [],
                "id": "Section_frfuvssgbsepocsphem6jun3gi",
                "label": "Connection"
              },
              {
                "field": [
                  {
                    "id": "frkgfpf6pfzght2qeqxe2on7im",
                    "label": "elastic_password",
                    "type": "CONCEALED",
                    "value": "I93bmZ/uT3haNpdL9GJ+neTf"
                  }
                ],
                "file": [],
                "id": "Section_d6ahvpdj2nzbcadlg2pw3fp6s4",
                "label": "secrets"
              },
              {
                "field": [
                  {
                    "id": "cq5nk7ledg5eeqvnw3lfsetesu",
                    "label": "elastic_password",
                    "type": "CONCEALED",
                    "value": "I93bmZ/uT3haNpdL9GJ+neTf"
                  },
                  {
                    "id": "dlb53cniypidcbems77lsl6g3m",
                    "label": "kibana_password",
                    "type": "CONCEALED",
                    "value": "bp8xTk6gkq/bqQ6QqssXTJRa"
                  }
                ],
                "file": [],
                "id": "Section_2x73fav3no6udp43h2h3ffiljq",
                "label": "Passwords"
              }
            ],
            "section_map": {
              "API Keys": {
                "field_map": {
                  "resume_cfw": {
                    "id": "5gfcnpskttijzcbtghy3ytfxhm",
                    "type": "CONCEALED",
                    "value": "d09VN3Fad0JDMG5zeGxFUjl0Vm46YXRvZUdnVmpSc3kyX0xWZzBLaUZ5dw=="
                  },
                  "resume_cfw_id": {
                    "id": "hzql4fw4nflpd35aomhpdmfdxu",
                    "type": "CONCEALED",
                    "value": "wOU7qZwBC0nsxlER9tVn"
                  },
                  "resume_cfw_username": {
                    "id": "6nb5mgs2htvgcgxdmq6sjlvl7m",
                    "type": "CONCEALED",
                    "value": "resume-cf-workers"
                  },
                  "resume_gha": {
                    "id": "r7lv4ra2gnjcctofkewvtbex5m",
                    "type": "CONCEALED",
                    "value": "QXVabnFad0JDMG5zeGxFUjF2RXM6aDBhbGFNUzJRbUtJSm02c0QzVl9Jdw=="
                  },
                  "resume_gha_id": {
                    "id": "5okth2v4hfcqu5gossh4m5qr4m",
                    "type": "CONCEALED",
                    "value": "AuZnqZwBC0nsxlER1vEs"
                  }
                },
                "file_map": {},
                "id": "Section_moxl45d4sdvicmkvni6eeao5ga"
              },
              "CF Access": {
                "field_map": {
                  "client_id": {
                    "id": "5pldvqmdqphq2mwssybowrzqa4",
                    "type": "CONCEALED",
                    "value": "637118a80164e2e0a135a58d03b75dc0.access"
                  },
                  "client_secret": {
                    "id": "3c2c54mk7eammnc4mozhisc3we",
                    "type": "CONCEALED",
                    "value": "baeae86d3830609b8976a34803e58cde06b4ca4464b28bce956a47f6d98a6f79"
                  },
                  "token_id": {
                    "id": "fvjjifuu3wmgpmht4dhbassfqe",
                    "type": "CONCEALED",
                    "value": "b137fdc7-d5b3-47ef-a816-e0e083a91a65"
                  }
                },
                "file_map": {},
                "id": "Section_vsrfavdkmyvy5v74tnromfyyiq"
              },
              "Connection": {
                "field_map": {
                  "elasticsearch_url": {
                    "id": "axvyue72vhjtrkb2zfydituyeu",
                    "type": "CONCEALED",
                    "value": "http://192.168.50.109:9200"
                  },
                  "kibana_url": {
                    "id": "tjfa7lir3vbvagxuo5u55whmjq",
                    "type": "CONCEALED",
                    "value": "http://192.168.50.109:5601"
                  }
                },
                "file_map": {},
                "id": "Section_frfuvssgbsepocsphem6jun3gi"
              },
              "Passwords": {
                "field_map": {
                  "elastic_password": {
                    "id": "cq5nk7ledg5eeqvnw3lfsetesu",
                    "type": "CONCEALED",
                    "value": "I93bmZ/uT3haNpdL9GJ+neTf"
                  },
                  "kibana_password": {
                    "id": "dlb53cniypidcbems77lsl6g3m",
                    "type": "CONCEALED",
                    "value": "bp8xTk6gkq/bqQ6QqssXTJRa"
                  }
                },
                "file_map": {},
                "id": "Section_2x73fav3no6udp43h2h3ffiljq"
              },
              "secrets": {
                "field_map": {
                  "elastic_password": {
                    "id": "frkgfpf6pfzght2qeqxe2on7im",
                    "type": "CONCEALED",
                    "value": "I93bmZ/uT3haNpdL9GJ+neTf"
                  }
                },
                "file_map": {},
                "id": "Section_d6ahvpdj2nzbcadlg2pw3fp6s4"
              }
            },
            "tags": [
              "logging"
            ],
            "title": "elk",
            "type": null,
            "url": "http://192.168.50.109:5601",
            "username": null,
            "uuid": "r7sorr37gjv6pbtkbsdpwa62oq",
            "valid_from": null,
            "vault": "glsrlcf5lapzbba6zk6sppkgnq"
          },
          "sensitive_attributes": [
            [
              {
                "type": "get_attr",
                "value": "credential"
              }
            ],
            [
              {
                "type": "get_attr",
                "value": "note_value"
              }
            ],
            [
              {
                "type": "get_attr",
                "value": "password"
              }
            ],
            [
              {
                "type": "get_attr",
                "value": "private_key"
              }
            ],
            [
              {
                "type": "get_attr",
                "value": "private_key_openssh"
              }
            ],
            [
              {
                "type": "get_attr",
                "value": "section"
              },
              {
                "type": "index",
                "value": {
                  "value": 0,
                  "type": "number"
                }
              },
              {
                "type": "get_attr",
                "value": "field"
              },
              {
                "type": "index",
                "value": {
                  "value": 0,
                  "type": "number"
                }
              },
              {
                "type": "get_attr",
                "value": "value"
              }
            ],
            [
              {
                "type": "get_attr",
                "value": "section"
              },
              {
                "type": "index",
                "value": {
                  "value": 0,
                  "type": "number"
                }
              },
              {
                "type": "get_attr",
                "value": "field"
              },
              {
                "type": "index",
                "value": {
                  "value": 1,
                  "type": "number"
                }
              },
              {
                "type": "get_attr",
                "value": "value"
              }
            ],
            [
              {
                "type": "get_attr",
                "value": "section"
              },
              {
                "type": "index",
                "value": {
                  "value": 0,
                  "type": "number"
                }
              },
              {
                "type": "get_attr",
                "value": "field"
              },
              {
                "type": "index",
                "value": {
                  "value": 2,
                  "type": "number"
                }
              },
              {
                "type": "get_attr",
                "value": "value"
              }
            ],
            [
              {
                "type": "get_attr",
                "value": "section"
              },
              {
                "type": "index",
                "value": {
                  "value": 0,
                  "type": "number"
                }
              },
              {
                "type": "get_attr",
                "value": "field"
              },
              {
                "type": "index",
                "value": {
                  "value": 3,
                  "type": "number"
                }
              },
              {
                "type": "get_attr",
                "value": "value"
              }
            ],
            [
              {
                "type": "get_attr",
                "value": "section"
              },
              {
                "type": "index",
                "value": {
                  "value": 0,
                  "type": "number"
                }
              },
              {
                "type": "get_attr",
                "value": "field"
              },
              {
                "type": "index",
                "value": {
                  "value": 4,
                  "type": "number"
                }
              },
              {
                "type": "get_attr",
                "value": "value"
              }
            ],
            [
              {
                "type": "get_attr",
                "value": "section"
              },
              {
                "type": "index",
                "value": {
                  "value": 1,
                  "type": "number"
                }
              },
              {
                "type": "get_attr",
                "value": "field"
              },
              {
                "type": "index",
                "value": {
                  "value": 0,
                  "type": "number"
                }
              },
              {
                "type": "get_attr",
                "value": "value"
              }
            ],
            [
              {
                "type": "get_attr",
                "value": "section"
              },
              {
                "type": "index",
                "value": {
                  "value": 1,
                  "type": "number"
                }
              },
              {
                "type": "get_attr",
                "value": "field"
              },
              {
                "type": "index",
                "value": {
                  "value": 1,
                  "type": "number"
                }
              },
              {
                "type": "get_attr",
                "value": "value"
              }
            ],
            [
              {
                "type": "get_attr",
                "value": "section"
              },
              {
                "type": "index",
                "value": {
                  "value": 1,
                  "type": "number"
                }
              },
              {
                "type": "get_attr",
                "value": "field"
              },
              {
                "type": "index",
                "value": {
                  "value": 2,
                  "type": "number"
                }
              },
              {
                "type": "get_attr",
                "value": "value"
              }
            ],
            [
              {
                "type": "get_attr",
                "value": "section"
              },
              {
                "type": "index",
                "value": {
                  "value": 2,
                  "type": "number"
                }
              },
              {
                "type": "get_attr",
                "value": "field"
              },
              {
                "type": "index",
                "value": {
                  "value": 0,
                  "type": "number"
                }
              },
              {
                "type": "get_attr",
                "value": "value"
              }
            ],
            [
              {
                "type": "get_attr",
                "value": "section"
              },
              {
                "type": "index",
                "value": {
                  "value": 2,
                  "type": "number"
                }
              },
              {
                "type": "get_attr",
                "value": "field"
              },
              {
                "type": "index",
                "value": {
                  "value": 1,
                  "type": "number"
                }
              },
              {
                "type": "get_attr",
                "value": "value"
              }
            ],
            [
              {
                "type": "get_attr",
                "value": "section"
              },
              {
                "type": "index",
                "value": {
                  "value": 3,
                  "type": "number"
                }
              },
              {
                "type": "get_attr",
                "value": "field"
              },
              {
                "type": "index",
                "value": {
                  "value": 0,
                  "type": "number"
                }
              },
              {
                "type": "get_attr",
                "value": "value"
              }
            ],
            [
              {
                "type": "get_attr",
                "value": "section"
              },
              {
                "type": "index",
                "value": {
                  "value": 4,
                  "type": "number"
                }
              },
              {
                "type": "get_attr",
                "value": "field"
              },
              {
                "type": "index",
                "value": {
                  "value": 0,
                  "type": "number"
                }
              },
              {
                "type": "get_attr",
                "value": "value"
              }
            ],
            [
              {
                "type": "get_attr",
                "value": "section"
              },
              {
                "type": "index",
                "value": {
                  "value": 4,
                  "type": "number"
                }
              },
              {
                "type": "get_attr",
                "value": "field"
              },
              {
                "type": "index",
                "value": {
                  "value": 1,
                  "type": "number"
                }
              },
              {
                "type": "get_attr",
                "value": "value"
              }
            ],
            [
              {
                "type": "get_attr",
                "value": "section_map"
              },
              {
                "type": "index",
                "value": {
                  "value": "API Keys",
                  "type": "string"
                }
              },
              {
                "type": "get_attr",
                "value": "field_map"
              },
              {
                "type": "index",
                "value": {
                  "value": "resume_cfw",
                  "type": "string"
                }
              },
              {
                "type": "get_attr",
                "value": "value"
              }
            ],
            [
              {
                "type": "get_attr",
                "value": "section_map"
              },
              {
                "type": "index",
                "value": {
                  "value": "API Keys",
                  "type": "string"
                }
              },
              {
                "type": "get_attr",
                "value": "field_map"
              },
              {
                "type": "index",
                "value": {
                  "value": "resume_cfw_id",
                  "type": "string"
                }
              },
              {
                "type": "get_attr",
                "value": "value"
              }
            ],
            [
              {
                "type": "get_attr",
                "value": "section_map"
              },
              {
                "type": "index",
                "value": {
                  "value": "API Keys",
                  "type": "string"
                }
              },
              {
                "type": "get_attr",
                "value": "field_map"
              },
              {
                "type": "index",
                "value": {
                  "value": "resume_cfw_username",
                  "type": "string"
                }
              },
              {
                "type": "get_attr",
                "value": "value"
              }
            ],
            [
              {
                "type": "get_attr",
                "value": "section_map"
              },
              {
                "type": "index",
                "value": {
                  "value": "API Keys",
                  "type": "string"
                }
              },
              {
                "type": "get_attr",
                "value": "field_map"
              },
              {
                "type": "index",
                "value": {
                  "value": "resume_gha",
                  "type": "string"
                }
              },
              {
                "type": "get_attr",
                "value": "value"
              }
            ],
            [
              {
                "type": "get_attr",
                "value": "section_map"
              },
              {
                "type": "index",
                "value": {
                  "value": "API Keys",
                  "type": "string"
                }
              },
              {
                "type": "get_attr",
                "value": "field_map"
              },
              {
                "type": "index",
                "value": {
                  "value": "resume_gha_id",
                  "type": "string"
                }
              },
              {
                "type": "get_attr",
                "value": "value"
              }
            ],
            [
              {
                "type": "get_attr",
                "value": "section_map"
              },
              {
                "type": "index",
                "value": {
                  "value": "CF Access",
                  "type": "string"
                }
              },
              {
                "type": "get_attr",
                "value": "field_map"
              },
              {
                "type": "index",
                "value": {
                  "value": "client_id",
                  "type": "string"
                }
              },
              {
                "type": "get_attr",
                "value": "value"
              }
            ],
            [
              {
                "type": "get_attr",
                "value": "section_map"
              },
              {
                "type": "index",
                "value": {
                  "value": "CF Access",
                  "type": "string"
                }
              },
              {
                "type": "get_attr",
                "value": "field_map"
              },
              {
                "type": "index",
                "value": {
                  "value": "client_secret",
                  "type": "string"
                }
              },
              {
                "type": "get_attr",
                "value": "value"
              }
            ],
            [
              {
                "type": "get_attr",
                "value": "section_map"
              },
              {
                "type": "index",
                "value": {
                  "value": "CF Access",
                  "type": "string"
                }
              },
              {
                "type": "get_attr",
                "value": "field_map"
              },
              {
                "type": "index",
                "value": {
                  "value": "token_id",
                  "type": "string"
                }
              },
              {
                "type": "get_attr",
                "value": "value"
              }
            ],
            [
              {
                "type": "get_attr",
                "value": "section_map"
              },
              {
                "type": "index",
                "value": {
                  "value": "Connection",
                  "type": "string"
                }
              },
              {
                "type": "get_attr",
                "value": "field_map"
              },
              {
                "type": "index",
                "value": {
                  "value": "elasticsearch_url",
                  "type": "string"
                }
              },
              {
                "type": "get_attr",
                "value": "value"
              }
            ],
            [
              {
                "type": "get_attr",
                "value": "section_map"
              },
              {
                "type": "index",
                "value": {
                  "value": "Connection",
                  "type": "string"
                }
              },
              {
                "type": "get_attr",
                "value": "field_map"
              },
              {
                "type": "index",
                "value": {
                  "value": "kibana_url",
                  "type": "string"
                }
              },
              {
                "type": "get_attr",
                "value": "value"
              }
            ],
            [
              {
                "type": "get_attr",
                "value": "section_map"
              },
              {
                "type": "index",
                "value": {
                  "value": "Passwords",
                  "type": "string"
                }
              },
              {
                "type": "get_attr",
                "value": "field_map"
              },
              {
                "type": "index",
                "value": {
                  "value": "elastic_password",
                  "type": "string"
                }
              },
              {
                "type": "get_attr",
                "value": "value"
              }
            ],
            [
              {
                "type": "get_attr",
                "value": "section_map"
              },
              {
                "type": "index",
                "value": {
                  "value": "Passwords",
                  "type": "string"
                }
              },
              {
                "type": "get_attr",
                "value": "field_map"
              },
              {
                "type": "index",
                "value": {
                  "value": "kibana_password",
                  "type": "string"
                }
              },
              {
                "type": "get_attr",
                "value": "value"
              }
            ],
            [
              {
                "type": "get_attr",
                "value": "section_map"
              },
              {
                "type": "index",
                "value": {
                  "value": "secrets",
                  "type": "string"
                }
              },
              {
                "type": "get_attr",
                "value": "field_map"
              },
              {
                "type": "index",
                "value": {
                  "value": "elastic_password",
                  "type": "string"
                }
              },
              {
                "type": "get_attr",
                "value": "value"
              }
            ]
          ],
          "identity_schema_version": 0
        },
        {
          "index_key": "github",
          "schema_version": 0,
          "attributes": {
            "category": "api_credential",
            "credential": "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",
            "database": null,
            "file": [],
            "filename": "",
            "hostname": "",
            "id": "vaults/glsrlcf5lapzbba6zk6sppkgnq/items/knpt7ibsplbl6yvpfa454d5gm4",
            "note_value": "GitHub Personal Access Token (PAT) for API access.",
            "password": null,
            "port": null,
            "private_key": null,
            "private_key_openssh": null,
            "public_key": null,
            "section": [
              {
                "field": [
                  {
                    "id": "eueyq6ue37fl4fkmzdmuh4gbty",
                    "label": "personal_access_token",
                    "type": "CONCEALED",
                    "value": "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"
                  }
                ],
                "file": [],
                "id": "Section_2ta3wmjh6zjf7qcrictzm5pusy",
                "label": "API Keys"
              },
              {
                "field": [
                  {
                    "id": "rx56x73vhc5ubs2tl2bsxye3yy",
                    "label": "url",
                    "type": "CONCEALED",
                    "value": "https://github.com"
                  }
                ],
                "file": [],
                "id": "Section_4txvstkvi5274pc36yicckbvfa",
                "label": "Connection"
              }
            ],
            "section_map": {
              "API Keys": {
                "field_map": {
                  "personal_access_token": {
                    "id": "eueyq6ue37fl4fkmzdmuh4gbty",
                    "type": "CONCEALED",
                    "value": "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"
                  }
                },
                "file_map": {},
                "id": "Section_2ta3wmjh6zjf7qcrictzm5pusy"
              },
              "Connection": {
                "field_map": {
                  "url": {
                    "id": "rx56x73vhc5ubs2tl2bsxye3yy",
                    "type": "CONCEALED",
                    "value": "https://github.com"
                  }
                },
                "file_map": {},
                "id": "Section_4txvstkvi5274pc36yicckbvfa"
              }
            },
            "tags": [
              "homelab"
            ],
            "title": "github",
            "type": "",
            "url": null,
            "username": "",
            "uuid": "knpt7ibsplbl6yvpfa454d5gm4",
            "valid_from": "1970-01-01",
            "vault": "glsrlcf5lapzbba6zk6sppkgnq"
          },
          "sensitive_attributes": [
            [
              {
                "type": "get_attr",
                "value": "credential"
              }
            ],
            [
              {
                "type": "get_attr",
                "value": "note_value"
              }
            ],
            [
              {
                "type": "get_attr",
                "value": "password"
              }
            ],
            [
              {
                "type": "get_attr",
                "value": "private_key"
              }
            ],
            [
              {
                "type": "get_attr",
                "value": "private_key_openssh"
              }
            ],
            [
              {
                "type": "get_attr",
                "value": "section"
              },
              {
                "type": "index",
                "value": {
                  "value": 0,
                  "type": "number"
                }
              },
              {
                "type": "get_attr",
                "value": "field"
              },
              {
                "type": "index",
                "value": {
                  "value": 0,
                  "type": "number"
                }
              },
              {
                "type": "get_attr",
                "value": "value"
              }
            ],
            [
              {
                "type": "get_attr",
                "value": "section"
              },
              {
                "type": "index",
                "value": {
                  "value": 1,
                  "type": "number"
                }
              },
              {
                "type": "get_attr",
                "value": "field"
              },
              {
                "type": "index",
                "value": {
                  "value": 0,
                  "type": "number"
                }
              },
              {
                "type": "get_attr",
                "value": "value"
              }
            ],
            [
              {
                "type": "get_attr",
                "value": "section_map"
              },
              {
                "type": "index",
                "value": {
                  "value": "API Keys",
                  "type": "string"
                }
              },
              {
                "type": "get_attr",
                "value": "field_map"
              },
              {
                "type": "index",
                "value": {
                  "value": "personal_access_token",
                  "type": "string"
                }
              },
              {
                "type": "get_attr",
                "value": "value"
              }
            ],
            [
              {
                "type": "get_attr",
                "value": "section_map"
              },
              {
                "type": "index",
                "value": {
                  "value": "Connection",
                  "type": "string"
                }
              },
              {
                "type": "get_attr",
                "value": "field_map"
              },
              {
                "type": "index",
                "value": {
                  "value": "url",
                  "type": "string"
                }
              },
              {
                "type": "get_attr",
                "value": "value"
              }
            ]
          ],
          "identity_schema_version": 0
        },
        {
          "index_key": "grafana",
          "schema_version": 0,
          "attributes": {
            "category": "password",
            "credential": null,
            "database": null,
            "file": [],
            "filename": null,
            "hostname": null,
            "id": "vaults/glsrlcf5lapzbba6zk6sppkgnq/items/ac3rxkan4myqf5osgrodixmj6u",
            "note_value": "Grafana Monitoring Dashboards\nHost: 192.168.50.109 (LXC 109)\nURL: grafana.jclee.me / :3000\nAdmin: admin\nData Sources:\n- Prometheus (192.168.50.109:9090)\n- Elasticsearch (192.168.50.109:9200)\nDashboards:\n- Proxmox cluster metrics\n- Container/VM resource usage\n- ELK log analytics\nService Account: For API access\nStatus: Production\nUpdated: 2025-03",
            "password": "",
            "port": null,
            "private_key": null,
            "private_key_openssh": null,
            "public_key": null,
            "section": [
              {
                "field": [
                  {
                    "id": "tzeuvjreuju7legk3kkf4ytow4",
                    "label": "admin_password",
                    "type": "CONCEALED",
                    "value": "]J*82?_ujMiX%R$-.Jf+%{Gx"
                  },
                  {
                    "id": "df2qwd2hjyrmlf2uvmqlxi5qwm",
                    "label": "service_account_token",
                    "type": "CONCEALED",
                    "value": "glsa_XiqMWSg8tT6nPG3nc2Nl5FRHWc6YdiJj_4992b788"
                  }
                ],
                "file": [],
                "id": "Section_vqdzfiniexbifcnqukc4b2o75a",
                "label": "Credentials"
              },
              {
                "field": [
                  {
                    "id": "ezaddqnetypkbjwpdrd3lcm6cu",
                    "label": "url",
                    "type": "CONCEALED",
                    "value": "http://192.168.50.109:3000"
                  }
                ],
                "file": [],
                "id": "Section_7kpex273uo73djzfocs5bc4ymm",
                "label": "Connection"
              }
            ],
            "section_map": {
              "Connection": {
                "field_map": {
                  "url": {
                    "id": "ezaddqnetypkbjwpdrd3lcm6cu",
                    "type": "CONCEALED",
                    "value": "http://192.168.50.109:3000"
                  }
                },
                "file_map": {},
                "id": "Section_7kpex273uo73djzfocs5bc4ymm"
              },
              "Credentials": {
                "field_map": {
                  "admin_password": {
                    "id": "tzeuvjreuju7legk3kkf4ytow4",
                    "type": "CONCEALED",
                    "value": "]J*82?_ujMiX%R$-.Jf+%{Gx"
                  },
                  "service_account_token": {
                    "id": "df2qwd2hjyrmlf2uvmqlxi5qwm",
                    "type": "CONCEALED",
                    "value": "glsa_XiqMWSg8tT6nPG3nc2Nl5FRHWc6YdiJj_4992b788"
                  }
                },
                "file_map": {},
                "id": "Section_vqdzfiniexbifcnqukc4b2o75a"
              }
            },
            "tags": [
              "monitoring"
            ],
            "title": "grafana",
            "type": null,
            "url": "http://192.168.50.109:3000",
            "username": null,
            "uuid": "ac3rxkan4myqf5osgrodixmj6u",
            "valid_from": null,
            "vault": "glsrlcf5lapzbba6zk6sppkgnq"
          },
          "sensitive_attributes": [
            [
              {
                "type": "get_attr",
                "value": "credential"
              }
            ],
            [
              {
                "type": "get_attr",
                "value": "note_value"
              }
            ],
            [
              {
                "type": "get_attr",
                "value": "password"
              }
            ],
            [
              {
                "type": "get_attr",
                "value": "private_key"
              }
            ],
            [
              {
                "type": "get_attr",
                "value": "private_key_openssh"
              }
            ],
            [
              {
                "type": "get_attr",
                "value": "section"
              },
              {
                "type": "index",
                "value": {
                  "value": 0,
                  "type": "number"
                }
              },
              {
                "type": "get_attr",
                "value": "field"
              },
              {
                "type": "index",
                "value": {
                  "value": 0,
                  "type": "number"
                }
              },
              {
                "type": "get_attr",
                "value": "value"
              }
            ],
            [
              {
                "type": "get_attr",
                "value": "section"
              },
              {
                "type": "index",
                "value": {
                  "value": 0,
                  "type": "number"
                }
              },
              {
                "type": "get_attr",
                "value": "field"
              },
              {
                "type": "index",
                "value": {
                  "value": 1,
                  "type": "number"
                }
              },
              {
                "type": "get_attr",
                "value": "value"
              }
            ],
            [
              {
                "type": "get_attr",
                "value": "section"
              },
              {
                "type": "index",
                "value": {
                  "value": 1,
                  "type": "number"
                }
              },
              {
                "type": "get_attr",
                "value": "field"
              },
              {
                "type": "index",
                "value": {
                  "value": 0,
                  "type": "number"
                }
              },
              {
                "type": "get_attr",
                "value": "value"
              }
            ],
            [
              {
                "type": "get_attr",
                "value": "section_map"
              },
              {
                "type": "index",
                "value": {
                  "value": "Connection",
                  "type": "string"
                }
              },
              {
                "type": "get_attr",
                "value": "field_map"
              },
              {
                "type": "index",
                "value": {
                  "value": "url",
                  "type": "string"
                }
              },
              {
                "type": "get_attr",
                "value": "value"
              }
            ],
            [
              {
                "type": "get_attr",
                "value": "section_map"
              },
              {
                "type": "index",
                "value": {
                  "value": "Credentials",
                  "type": "string"
                }
              },
              {
                "type": "get_attr",
                "value": "field_map"
              },
              {
                "type": "index",
                "value": {
                  "value": "admin_password",
                  "type": "string"
                }
              },
              {
                "type": "get_attr",
                "value": "value"
              }
            ],
            [
              {
                "type": "get_attr",
                "value": "section_map"
              },
              {
                "type": "index",
                "value": {
                  "value": "Credentials",
                  "type": "string"
                }
              },
              {
                "type": "get_attr",
                "value": "field_map"
              },
              {
                "type": "index",
                "value": {
                  "value": "service_account_token",
                  "type": "string"
                }
              },
              {
                "type": "get_attr",
                "value": "value"
              }
            ]
          ],
          "identity_schema_version": 0
        },
        {
          "index_key": "mcphub",
          "schema_version": 0,
          "attributes": {
            "category": "password",
            "credential": null,
            "database": null,
            "file": [],
            "filename": null,
            "hostname": null,
            "id": "vaults/glsrlcf5lapzbba6zk6sppkgnq/items/kqldphk7bwsjpn6ecobqjgp26e",
            "note_value": "MCPhub MCP Server Aggregator\nHost: 192.168.50.112 (LXC 112)\nURL: :3000\nPurpose: Centralized MCP server routing\nConnected MCP Servers:\n- git, github, slack, elk\n- glitchtip, proxmox, supabase\n- terraform, playwright, onepassword\n- kratos (memory)\nUsage: OpenCode AI agent tool access\nAuth: Basic auth for admin\nStatus: Production\nUpdated: 2025-03",
            "password": "",
            "port": null,
            "private_key": null,
            "private_key_openssh": null,
            "public_key": null,
            "section": [
              {
                "field": [
                  {
                    "id": "givtozkflnmhdzwlab7xrluoby",
                    "label": "admin_password",
                    "type": "CONCEALED",
                    "value": "c}Tq{lm\u003c]Eu\u003evi)4r={lyaxo"
                  },
                  {
                    "id": "b4t7gnxqgsgwogkhot3fzxyduu",
                    "label": "n8n_mcp_api_key",
                    "type": "CONCEALED",
                    "value": "eyJhbGciOiJIUzI1NiIsInR5cCI6IkpXVCJ9.eyJzdWIiOiJkZDFhZDdhMS01ODA5LTRkNTYtYWU2Zi02MmRlNGRkNjc3MjMiLCJpc3MiOiJuOG4iLCJhdWQiOiJwdWJsaWMtYXBpIiwianRpIjoiODhjNDJiOWUtNThjOC00NGJmLTk2ZDQtZGJmZmZiNGRhYTg2IiwiaWF0IjoxNzcwNzEwNTYzLCJleHAiOjE3Nzg0NzIwMDB9.nSdSyLnxtIk7QaHIVGz6xZB_-ZqBFeXcCzl92KIfRu4"
                  },
                  {
                    "id": "gqateuumqdfllpklnyyr5xdl6i",
                    "label": "op_service_account_token",
                    "type": "CONCEALED",
                    "value": "ops_eyJzaWduSW5BZGRyZXNzIjoibXkuMXBhc3N3b3JkLmNvbSIsInVzZXJBdXRoIjp7Im1ldGhvZCI6IlNSUGctNDA5NiIsImFsZyI6IlBCRVMyZy1IUzI1NiIsIml0ZXJhdGlvbnMiOjY1MDAwMCwic2FsdCI6IkdJX0FHU19IbVVXTHNGd1JKUmZsaFEifSwiZW1haWwiOiJ2cnRrbXVwNWd1Zm82QDFwYXNzd29yZHNlcnZpY2VhY2NvdW50cy5jb20iLCJzcnBYIjoiMzZjZWIxZGE0ZmE1NzUwZGY3NzcxZDVkNmEwYTNiNWIzYTE1MTEzM2ZjMWJiMmIxZDUxOTExMDdiNTgzMTBjYSIsIm11ayI6eyJhbGciOiJBMjU2R0NNIiwiZXh0Ijp0cnVlLCJrIjoiYV80VElqWThWbE9vWDVmeXRhc1Ywdi15RDkySHRHM3BoNlJZVDlvQ1VWSSIsImtleV9vcHMiOlsiZW5jcnlwdCIsImRlY3J5cHQiXSwia3R5Ijoib2N0Iiwia2lkIjoibXAifSwic2VjcmV0S2V5IjoiQTMtVDhDRTlHLVNSTTZLSy1ENDhMRC1YVEE2Ui1aRzc5RC1INVFKQiIsInRocm90dGxlU2VjcmV0Ijp7InNlZWQiOiIxODJlMTc5MjgxNTVjYmE1MDY5NDg0ZThlOWM1NDJmYWRhZmM2NGMxMDNiM2YyYzE2YjZkZjRjYmYyYWM2OTU0IiwidXVpZCI6Iks3SEczQ0w2S1JHNURPSENYNllLUENRSldFIn0sImRldmljZVV1aWQiOiJoNXFjdHg0ZXhtZnptam1wa2UzdTZ3eGpxNCJ9"
                  },
                  {
                    "id": "g7vejynrr72vkaeyy3tw65ijse",
                    "label": "proxmox_token_name",
                    "type": "STRING",
                    "value": "root@pam!ci"
                  },
                  {
                    "id": "xwiygb4qcxhzxnhods4uanp7bu",
                    "label": "proxmox_token_value",
                    "type": "CONCEALED",
                    "value": "5c12515e-f63d-4c1e-9573-cc0faf729766"
                  }
                ],
                "file": [],
                "id": "Section_ipfb5jcjrpw37awpidog3a2shi",
                "label": "Credentials"
              },
              {
                "field": [
                  {
                    "id": "o7xjcyuslbtart7ugwwpcbtya4",
                    "label": "url",
                    "type": "CONCEALED",
                    "value": "http://192.168.50.112:3000"
                  }
                ],
                "file": [],
                "id": "Section_w2njivfmb353nqawrqyzns5nye",
                "label": "Connection"
              }
            ],
            "section_map": {
              "Connection": {
                "field_map": {
                  "url": {
                    "id": "o7xjcyuslbtart7ugwwpcbtya4",
                    "type": "CONCEALED",
                    "value": "http://192.168.50.112:3000"
                  }
                },
                "file_map": {},
                "id": "Section_w2njivfmb353nqawrqyzns5nye"
              },
              "Credentials": {
                "field_map": {
                  "admin_password": {
                    "id": "givtozkflnmhdzwlab7xrluoby",
                    "type": "CONCEALED",
                    "value": "c}Tq{lm\u003c]Eu\u003evi)4r={lyaxo"
                  },
                  "n8n_mcp_api_key": {
                    "id": "b4t7gnxqgsgwogkhot3fzxyduu",
                    "type": "CONCEALED",
                    "value": "eyJhbGciOiJIUzI1NiIsInR5cCI6IkpXVCJ9.eyJzdWIiOiJkZDFhZDdhMS01ODA5LTRkNTYtYWU2Zi02MmRlNGRkNjc3MjMiLCJpc3MiOiJuOG4iLCJhdWQiOiJwdWJsaWMtYXBpIiwianRpIjoiODhjNDJiOWUtNThjOC00NGJmLTk2ZDQtZGJmZmZiNGRhYTg2IiwiaWF0IjoxNzcwNzEwNTYzLCJleHAiOjE3Nzg0NzIwMDB9.nSdSyLnxtIk7QaHIVGz6xZB_-ZqBFeXcCzl92KIfRu4"
                  },
                  "op_service_account_token": {
                    "id": "gqateuumqdfllpklnyyr5xdl6i",
                    "type": "CONCEALED",
                    "value": "ops_eyJzaWduSW5BZGRyZXNzIjoibXkuMXBhc3N3b3JkLmNvbSIsInVzZXJBdXRoIjp7Im1ldGhvZCI6IlNSUGctNDA5NiIsImFsZyI6IlBCRVMyZy1IUzI1NiIsIml0ZXJhdGlvbnMiOjY1MDAwMCwic2FsdCI6IkdJX0FHU19IbVVXTHNGd1JKUmZsaFEifSwiZW1haWwiOiJ2cnRrbXVwNWd1Zm82QDFwYXNzd29yZHNlcnZpY2VhY2NvdW50cy5jb20iLCJzcnBYIjoiMzZjZWIxZGE0ZmE1NzUwZGY3NzcxZDVkNmEwYTNiNWIzYTE1MTEzM2ZjMWJiMmIxZDUxOTExMDdiNTgzMTBjYSIsIm11ayI6eyJhbGciOiJBMjU2R0NNIiwiZXh0Ijp0cnVlLCJrIjoiYV80VElqWThWbE9vWDVmeXRhc1Ywdi15RDkySHRHM3BoNlJZVDlvQ1VWSSIsImtleV9vcHMiOlsiZW5jcnlwdCIsImRlY3J5cHQiXSwia3R5Ijoib2N0Iiwia2lkIjoibXAifSwic2VjcmV0S2V5IjoiQTMtVDhDRTlHLVNSTTZLSy1ENDhMRC1YVEE2Ui1aRzc5RC1INVFKQiIsInRocm90dGxlU2VjcmV0Ijp7InNlZWQiOiIxODJlMTc5MjgxNTVjYmE1MDY5NDg0ZThlOWM1NDJmYWRhZmM2NGMxMDNiM2YyYzE2YjZkZjRjYmYyYWM2OTU0IiwidXVpZCI6Iks3SEczQ0w2S1JHNURPSENYNllLUENRSldFIn0sImRldmljZVV1aWQiOiJoNXFjdHg0ZXhtZnptam1wa2UzdTZ3eGpxNCJ9"
                  },
                  "proxmox_token_name": {
                    "id": "g7vejynrr72vkaeyy3tw65ijse",
                    "type": "STRING",
                    "value": "root@pam!ci"
                  },
                  "proxmox_token_value": {
                    "id": "xwiygb4qcxhzxnhods4uanp7bu",
                    "type": "CONCEALED",
                    "value": "5c12515e-f63d-4c1e-9573-cc0faf729766"
                  }
                },
                "file_map": {},
                "id": "Section_ipfb5jcjrpw37awpidog3a2shi"
              }
            },
            "tags": [
              "mcp"
            ],
            "title": "mcphub",
            "type": null,
            "url": "http://192.168.50.112:3000",
            "username": null,
            "uuid": "kqldphk7bwsjpn6ecobqjgp26e",
            "valid_from": null,
            "vault": "glsrlcf5lapzbba6zk6sppkgnq"
          },
          "sensitive_attributes": [
            [
              {
                "type": "get_attr",
                "value": "credential"
              }
            ],
            [
              {
                "type": "get_attr",
                "value": "note_value"
              }
            ],
            [
              {
                "type": "get_attr",
                "value": "password"
              }
            ],
            [
              {
                "type": "get_attr",
                "value": "private_key"
              }
            ],
            [
              {
                "type": "get_attr",
                "value": "private_key_openssh"
              }
            ],
            [
              {
                "type": "get_attr",
                "value": "section"
              },
              {
                "type": "index",
                "value": {
                  "value": 0,
                  "type": "number"
                }
              },
              {
                "type": "get_attr",
                "value": "field"
              },
              {
                "type": "index",
                "value": {
                  "value": 0,
                  "type": "number"
                }
              },
              {
                "type": "get_attr",
                "value": "value"
              }
            ],
            [
              {
                "type": "get_attr",
                "value": "section"
              },
              {
                "type": "index",
                "value": {
                  "value": 0,
                  "type": "number"
                }
              },
              {
                "type": "get_attr",
                "value": "field"
              },
              {
                "type": "index",
                "value": {
                  "value": 1,
                  "type": "number"
                }
              },
              {
                "type": "get_attr",
                "value": "value"
              }
            ],
            [
              {
                "type": "get_attr",
                "value": "section"
              },
              {
                "type": "index",
                "value": {
                  "value": 0,
                  "type": "number"
                }
              },
              {
                "type": "get_attr",
                "value": "field"
              },
              {
                "type": "index",
                "value": {
                  "value": 2,
                  "type": "number"
                }
              },
              {
                "type": "get_attr",
                "value": "value"
              }
            ],
            [
              {
                "type": "get_attr",
                "value": "section"
              },
              {
                "type": "index",
                "value": {
                  "value": 0,
                  "type": "number"
                }
              },
              {
                "type": "get_attr",
                "value": "field"
              },
              {
                "type": "index",
                "value": {
                  "value": 3,
                  "type": "number"
                }
              },
              {
                "type": "get_attr",
                "value": "value"
              }
            ],
            [
              {
                "type": "get_attr",
                "value": "section"
              },
              {
                "type": "index",
                "value": {
                  "value": 0,
                  "type": "number"
                }
              },
              {
                "type": "get_attr",
                "value": "field"
              },
              {
                "type": "index",
                "value": {
                  "value": 4,
                  "type": "number"
                }
              },
              {
                "type": "get_attr",
                "value": "value"
              }
            ],
            [
              {
                "type": "get_attr",
                "value": "section"
              },
              {
                "type": "index",
                "value": {
                  "value": 1,
                  "type": "number"
                }
              },
              {
                "type": "get_attr",
                "value": "field"
              },
              {
                "type": "index",
                "value": {
                  "value": 0,
                  "type": "number"
                }
              },
              {
                "type": "get_attr",
                "value": "value"
              }
            ],
            [
              {
                "type": "get_attr",
                "value": "section_map"
              },
              {
                "type": "index",
                "value": {
                  "value": "Connection",
                  "type": "string"
                }
              },
              {
                "type": "get_attr",
                "value": "field_map"
              },
              {
                "type": "index",
                "value": {
                  "value": "url",
                  "type": "string"
                }
              },
              {
                "type": "get_attr",
                "value": "value"
              }
            ],
            [
              {
                "type": "get_attr",
                "value": "section_map"
              },
              {
                "type": "index",
                "value": {
                  "value": "Credentials",
                  "type": "string"
                }
              },
              {
                "type": "get_attr",
                "value": "field_map"
              },
              {
                "type": "index",
                "value": {
                  "value": "admin_password",
                  "type": "string"
                }
              },
              {
                "type": "get_attr",
                "value": "value"
              }
            ],
            [
              {
                "type": "get_attr",
                "value": "section_map"
              },
              {
                "type": "index",
                "value": {
                  "value": "Credentials",
                  "type": "string"
                }
              },
              {
                "type": "get_attr",
                "value": "field_map"
              },
              {
                "type": "index",
                "value": {
                  "value": "n8n_mcp_api_key",
                  "type": "string"
                }
              },
              {
                "type": "get_attr",
                "value": "value"
              }
            ],
            [
              {
                "type": "get_attr",
                "value": "section_map"
              },
              {
                "type": "index",
                "value": {
                  "value": "Credentials",
                  "type": "string"
                }
              },
              {
                "type": "get_attr",
                "value": "field_map"
              },
              {
                "type": "index",
                "value": {
                  "value": "op_service_account_token",
                  "type": "string"
                }
              },
              {
                "type": "get_attr",
                "value": "value"
              }
            ],
            [
              {
                "type": "get_attr",
                "value": "section_map"
              },
              {
                "type": "index",
                "value": {
                  "value": "Credentials",
                  "type": "string"
                }
              },
              {
                "type": "get_attr",
                "value": "field_map"
              },
              {
                "type": "index",
                "value": {
                  "value": "proxmox_token_name",
                  "type": "string"
                }
              },
              {
                "type": "get_attr",
                "value": "value"
              }
            ],
            [
              {
                "type": "get_attr",
                "value": "section_map"
              },
              {
                "type": "index",
                "value": {
                  "value": "Credentials",
                  "type": "string"
                }
              },
              {
                "type": "get_attr",
                "value": "field_map"
              },
              {
                "type": "index",
                "value": {
                  "value": "proxmox_token_value",
                  "type": "string"
                }
              },
              {
                "type": "get_attr",
                "value": "value"
              }
            ]
          ],
          "identity_schema_version": 0
        },
        {
          "index_key": "n8n",
          "schema_version": 0,
          "attributes": {
            "category": "password",
            "credential": null,
            "database": null,
            "file": [],
            "filename": null,
            "hostname": null,
            "id": "vaults/glsrlcf5lapzbba6zk6sppkgnq/items/xfhgwvz434s7wapelijgviogti",
            "note_value": null,
            "password": "Bingogo1!",
            "port": null,
            "private_key": null,
            "private_key_openssh": null,
            "public_key": null,
            "section": [
              {
                "field": [
                  {
                    "id": "ma7vtx5yraftigtlludcoog2d4",
                    "label": "username",
                    "type": "STRING",
                    "value": "admin@jclee.me"
                  }
                ],
                "file": [],
                "id": "Section_xeo62m5v5s2npgvuqfpauah2g4",
                "label": ""
              },
              {
                "field": [
                  {
                    "id": "htmezzjtoofxogp6wdfsforo5y",
                    "label": "postgres_password",
                    "type": "CONCEALED",
                    "value": "ncR9fdvI13RCnguYuxGJ7iSi"
                  }
                ],
                "file": [],
                "id": "Section_rpgsefbg4cxxroibuhu7keakvq",
                "label": "Database"
              },
              {
                "field": [
                  {
                    "id": "ybbk4kr2zvt5ymxxm7fel4acbq",
                    "label": "encryption_key",
                    "type": "CONCEALED",
                    "value": "aa9001f428beb62ae0a5c490e2d4b5b7c7350f8a6feb722b7818020415490ef2"
                  }
                ],
                "file": [],
                "id": "Section_ujk25se4mxyjvh5g52dg4y5nae",
                "label": "Secrets"
              },
              {
                "field": [
                  {
                    "id": "jlynm42duiznwmnt5r4lwrbnja",
                    "label": "url",
                    "type": "CONCEALED",
                    "value": "http://192.168.50.110:5678"
                  },
                  {
                    "id": "o5ecalpmnl5eelvhv4uw2dsk5y",
                    "label": "ip",
                    "type": "CONCEALED",
                    "value": "192.168.50.110"
                  },
                  {
                    "id": "uasj7l3jrsrgaltijqvwar2qcm",
                    "label": "port",
                    "type": "CONCEALED",
                    "value": "5678"
                  }
                ],
                "file": [],
                "id": "Section_p642kvagjk5ocw3gumzm42kykm",
                "label": "Connection"
              },
              {
                "field": [
                  {
                    "id": "qb277a7wd2o336i3bpgpnnjz4y",
                    "label": "api_key",
                    "type": "CONCEALED",
                    "value": "eyJhbGciOiJIUzI1NiIsInR5cCI6IkpXVCJ9.eyJzdWIiOiIxM2E5NTg0NS1hNDZhLTQ4NTUtYjcwNi1lYWRhZGEwZGQwNGMiLCJpc3MiOiJuOG4iLCJhdWQiOiJwdWJsaWMtYXBpIiwianRpIjoiZGMxYzQyNDgtZTg3OC00NDdhLTgwMjctMjBkM2Y4YmNjN2EwIiwiaWF0IjoxNzczOTQzOTEzfQ.wFmGxBf53j3zX67fIBDP-0f5tLRBwadSCOBQXxOmlmU"
                  },
                  {
                    "id": "ddofnszv4jdt5qqccoksxavmba",
                    "label": "github_token",
                    "type": "CONCEALED",
                    "value": "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"
                  }
                ],
                "file": [],
                "id": "Section_erojo33d7umcj5jznlwpor6yjy",
                "label": "API Keys"
              }
            ],
            "section_map": {
              "": {
                "field_map": {
                  "username": {
                    "id": "ma7vtx5yraftigtlludcoog2d4",
                    "type": "STRING",
                    "value": "admin@jclee.me"
                  }
                },
                "file_map": {},
                "id": "Section_xeo62m5v5s2npgvuqfpauah2g4"
              },
              "API Keys": {
                "field_map": {
                  "api_key": {
                    "id": "qb277a7wd2o336i3bpgpnnjz4y",
                    "type": "CONCEALED",
                    "value": "eyJhbGciOiJIUzI1NiIsInR5cCI6IkpXVCJ9.eyJzdWIiOiIxM2E5NTg0NS1hNDZhLTQ4NTUtYjcwNi1lYWRhZGEwZGQwNGMiLCJpc3MiOiJuOG4iLCJhdWQiOiJwdWJsaWMtYXBpIiwianRpIjoiZGMxYzQyNDgtZTg3OC00NDdhLTgwMjctMjBkM2Y4YmNjN2EwIiwiaWF0IjoxNzczOTQzOTEzfQ.wFmGxBf53j3zX67fIBDP-0f5tLRBwadSCOBQXxOmlmU"
                  },
                  "github_token": {
                    "id": "ddofnszv4jdt5qqccoksxavmba",
                    "type": "CONCEALED",
                    "value": "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"
                  }
                },
                "file_map": {},
                "id": "Section_erojo33d7umcj5jznlwpor6yjy"
              },
              "Connection": {
                "field_map": {
                  "ip": {
                    "id": "o5ecalpmnl5eelvhv4uw2dsk5y",
                    "type": "CONCEALED",
                    "value": "192.168.50.110"
                  },
                  "port": {
                    "id": "uasj7l3jrsrgaltijqvwar2qcm",
                    "type": "CONCEALED",
                    "value": "5678"
                  },
                  "url": {
                    "id": "jlynm42duiznwmnt5r4lwrbnja",
                    "type": "CONCEALED",
                    "value": "http://192.168.50.110:5678"
                  }
                },
                "file_map": {},
                "id": "Section_p642kvagjk5ocw3gumzm42kykm"
              },
              "Database": {
                "field_map": {
                  "postgres_password": {
                    "id": "htmezzjtoofxogp6wdfsforo5y",
                    "type": "CONCEALED",
                    "value": "ncR9fdvI13RCnguYuxGJ7iSi"
                  }
                },
                "file_map": {},
                "id": "Section_rpgsefbg4cxxroibuhu7keakvq"
              },
              "Secrets": {
                "field_map": {
                  "encryption_key": {
                    "id": "ybbk4kr2zvt5ymxxm7fel4acbq",
                    "type": "CONCEALED",
                    "value": "aa9001f428beb62ae0a5c490e2d4b5b7c7350f8a6feb722b7818020415490ef2"
                  }
                },
                "file_map": {},
                "id": "Section_ujk25se4mxyjvh5g52dg4y5nae"
              }
            },
            "tags": [
              "automation"
            ],
            "title": "n8n",
            "type": null,
            "url": "https://n8n.jclee.me",
            "username": null,
            "uuid": "xfhgwvz434s7wapelijgviogti",
            "valid_from": null,
            "vault": "glsrlcf5lapzbba6zk6sppkgnq"
          },
          "sensitive_attributes": [
            [
              {
                "type": "get_attr",
                "value": "credential"
              }
            ],
            [
              {
                "type": "get_attr",
                "value": "note_value"
              }
            ],
            [
              {
                "type": "get_attr",
                "value": "password"
              }
            ],
            [
              {
                "type": "get_attr",
                "value": "private_key"
              }
            ],
            [
              {
                "type": "get_attr",
                "value": "private_key_openssh"
              }
            ],
            [
              {
                "type": "get_attr",
                "value": "section"
              },
              {
                "type": "index",
                "value": {
                  "value": 0,
                  "type": "number"
                }
              },
              {
                "type": "get_attr",
                "value": "field"
              },
              {
                "type": "index",
                "value": {
                  "value": 0,
                  "type": "number"
                }
              },
              {
                "type": "get_attr",
                "value": "value"
              }
            ],
            [
              {
                "type": "get_attr",
                "value": "section"
              },
              {
                "type": "index",
                "value": {
                  "value": 1,
                  "type": "number"
                }
              },
              {
                "type": "get_attr",
                "value": "field"
              },
              {
                "type": "index",
                "value": {
                  "value": 0,
                  "type": "number"
                }
              },
              {
                "type": "get_attr",
                "value": "value"
              }
            ],
            [
              {
                "type": "get_attr",
                "value": "section"
              },
              {
                "type": "index",
                "value": {
                  "value": 2,
                  "type": "number"
                }
              },
              {
                "type": "get_attr",
                "value": "field"
              },
              {
                "type": "index",
                "value": {
                  "value": 0,
                  "type": "number"
                }
              },
              {
                "type": "get_attr",
                "value": "value"
              }
            ],
            [
              {
                "type": "get_attr",
                "value": "section"
              },
              {
                "type": "index",
                "value": {
                  "value": 3,
                  "type": "number"
                }
              },
              {
                "type": "get_attr",
                "value": "field"
              },
              {
                "type": "index",
                "value": {
                  "value": 0,
                  "type": "number"
                }
              },
              {
                "type": "get_attr",
                "value": "value"
              }
            ],
            [
              {
                "type": "get_attr",
                "value": "section"
              },
              {
                "type": "index",
                "value": {
                  "value": 3,
                  "type": "number"
                }
              },
              {
                "type": "get_attr",
                "value": "field"
              },
              {
                "type": "index",
                "value": {
                  "value": 1,
                  "type": "number"
                }
              },
              {
                "type": "get_attr",
                "value": "value"
              }
            ],
            [
              {
                "type": "get_attr",
                "value": "section"
              },
              {
                "type": "index",
                "value": {
                  "value": 3,
                  "type": "number"
                }
              },
              {
                "type": "get_attr",
                "value": "field"
              },
              {
                "type": "index",
                "value": {
                  "value": 2,
                  "type": "number"
                }
              },
              {
                "type": "get_attr",
                "value": "value"
              }
            ],
            [
              {
                "type": "get_attr",
                "value": "section"
              },
              {
                "type": "index",
                "value": {
                  "value": 4,
                  "type": "number"
                }
              },
              {
                "type": "get_attr",
                "value": "field"
              },
              {
                "type": "index",
                "value": {
                  "value": 0,
                  "type": "number"
                }
              },
              {
                "type": "get_attr",
                "value": "value"
              }
            ],
            [
              {
                "type": "get_attr",
                "value": "section"
              },
              {
                "type": "index",
                "value": {
                  "value": 4,
                  "type": "number"
                }
              },
              {
                "type": "get_attr",
                "value": "field"
              },
              {
                "type": "index",
                "value": {
                  "value": 1,
                  "type": "number"
                }
              },
              {
                "type": "get_attr",
                "value": "value"
              }
            ],
            [
              {
                "type": "get_attr",
                "value": "section_map"
              },
              {
                "type": "index",
                "value": {
                  "value": "",
                  "type": "string"
                }
              },
              {
                "type": "get_attr",
                "value": "field_map"
              },
              {
                "type": "index",
                "value": {
                  "value": "username",
                  "type": "string"
                }
              },
              {
                "type": "get_attr",
                "value": "value"
              }
            ],
            [
              {
                "type": "get_attr",
                "value": "section_map"
              },
              {
                "type": "index",
                "value": {
                  "value": "API Keys",
                  "type": "string"
                }
              },
              {
                "type": "get_attr",
                "value": "field_map"
              },
              {
                "type": "index",
                "value": {
                  "value": "api_key",
                  "type": "string"
                }
              },
              {
                "type": "get_attr",
                "value": "value"
              }
            ],
            [
              {
                "type": "get_attr",
                "value": "section_map"
              },
              {
                "type": "index",
                "value": {
                  "value": "API Keys",
                  "type": "string"
                }
              },
              {
                "type": "get_attr",
                "value": "field_map"
              },
              {
                "type": "index",
                "value": {
                  "value": "github_token",
                  "type": "string"
                }
              },
              {
                "type": "get_attr",
                "value": "value"
              }
            ],
            [
              {
                "type": "get_attr",
                "value": "section_map"
              },
              {
                "type": "index",
                "value": {
                  "value": "Connection",
                  "type": "string"
                }
              },
              {
                "type": "get_attr",
                "value": "field_map"
              },
              {
                "type": "index",
                "value": {
                  "value": "ip",
                  "type": "string"
                }
              },
              {
                "type": "get_attr",
                "value": "value"
              }
            ],
            [
              {
                "type": "get_attr",
                "value": "section_map"
              },
              {
                "type": "index",
                "value": {
                  "value": "Connection",
                  "type": "string"
                }
              },
              {
                "type": "get_attr",
                "value": "field_map"
              },
              {
                "type": "index",
                "value": {
                  "value": "port",
                  "type": "string"
                }
              },
              {
                "type": "get_attr",
                "value": "value"
              }
            ],
            [
              {
                "type": "get_attr",
                "value": "section_map"
              },
              {
                "type": "index",
                "value": {
                  "value": "Connection",
                  "type": "string"
                }
              },
              {
                "type": "get_attr",
                "value": "field_map"
              },
              {
                "type": "index",
                "value": {
                  "value": "url",
                  "type": "string"
                }
              },
              {
                "type": "get_attr",
                "value": "value"
              }
            ],
            [
              {
                "type": "get_attr",
                "value": "section_map"
              },
              {
                "type": "index",
                "value": {
                  "value": "Database",
                  "type": "string"
                }
              },
              {
                "type": "get_attr",
                "value": "field_map"
              },
              {
                "type": "index",
                "value": {
                  "value": "postgres_password",
                  "type": "string"
                }
              },
              {
                "type": "get_attr",
                "value": "value"
              }
            ],
            [
              {
                "type": "get_attr",
                "value": "section_map"
              },
              {
                "type": "index",
                "value": {
                  "value": "Secrets",
                  "type": "string"
                }
              },
              {
                "type": "get_attr",
                "value": "field_map"
              },
              {
                "type": "index",
                "value": {
                  "value": "encryption_key",
                  "type": "string"
                }
              },
              {
                "type": "get_attr",
                "value": "value"
              }
            ]
          ],
          "identity_schema_version": 0
        },
        {
          "index_key": "pbs",
          "schema_version": 0,
          "attributes": {
            "category": "password",
            "credential": null,
            "database": null,
            "file": [],
            "filename": null,
            "hostname": null,
            "id": "vaults/glsrlcf5lapzbba6zk6sppkgnq/items/fetc62gkirfuvk2qyckafsjnlq",
            "note_value": "Proxmox Backup Server (PBS)\nHost: 192.168.50.250 (Dedicated Server)\nURL: https://192.168.50.250:8007\nUsername: root@pam\nPurpose: Centralized backup for Proxmox cluster\nFeatures:\n- Deduplicated backup storage\n- Encryption at rest\n- Verification \u0026 garbage collection\n- Tape drive support (future)\nBackup Targets:\n- All VMs and LXC containers\n- Proxmox host configs\nRetention: Per-namespace policy\nStatus: Production\nUpdated: 2025-03",
            "password": "bingogo1",
            "port": null,
            "private_key": null,
            "private_key_openssh": null,
            "public_key": null,
            "section": [
              {
                "field": [
                  {
                    "id": "djsfbmvhudquwlcnws24ycy5jq",
                    "label": "username",
                    "type": "CONCEALED",
                    "value": "root@pam"
                  },
                  {
                    "id": "q6t5dig4hmpk46owg6gd63wsv4",
                    "label": "password",
                    "type": "CONCEALED",
                    "value": "bingogo1"
                  }
                ],
                "file": [],
                "id": "Section_nh56ugjib2vw3lfcsqqcvlmjym",
                "label": "Login"
              },
              {
                "field": [
                  {
                    "id": "ltpe4oq2nhjyqf5ke3lvklzcry",
                    "label": "url",
                    "type": "CONCEALED",
                    "value": "https://192.168.50.250:8007"
                  },
                  {
                    "id": "idg4nztbdin37igz55b67lwjmy",
                    "label": "server",
                    "type": "CONCEALED",
                    "value": "192.168.50.250"
                  }
                ],
                "file": [],
                "id": "Section_7ke2eomubkq777fsc7xrbc7psa",
                "label": "Connection"
              }
            ],
            "section_map": {
              "Connection": {
                "field_map": {
                  "server": {
                    "id": "idg4nztbdin37igz55b67lwjmy",
                    "type": "CONCEALED",
                    "value": "192.168.50.250"
                  },
                  "url": {
                    "id": "ltpe4oq2nhjyqf5ke3lvklzcry",
                    "type": "CONCEALED",
                    "value": "https://192.168.50.250:8007"
                  }
                },
                "file_map": {},
                "id": "Section_7ke2eomubkq777fsc7xrbc7psa"
              },
              "Login": {
                "field_map": {
                  "password": {
                    "id": "q6t5dig4hmpk46owg6gd63wsv4",
                    "type": "CONCEALED",
                    "value": "bingogo1"
                  },
                  "username": {
                    "id": "djsfbmvhudquwlcnws24ycy5jq",
                    "type": "CONCEALED",
                    "value": "root@pam"
                  }
                },
                "file_map": {},
                "id": "Section_nh56ugjib2vw3lfcsqqcvlmjym"
              }
            },
            "tags": [
              "backup"
            ],
            "title": "pbs",
            "type": null,
            "url": "https://192.168.50.250:8007",
            "username": null,
            "uuid": "fetc62gkirfuvk2qyckafsjnlq",
            "valid_from": null,
            "vault": "glsrlcf5lapzbba6zk6sppkgnq"
          },
          "sensitive_attributes": [
            [
              {
                "type": "get_attr",
                "value": "credential"
              }
            ],
            [
              {
                "type": "get_attr",
                "value": "note_value"
              }
            ],
            [
              {
                "type": "get_attr",
                "value": "password"
              }
            ],
            [
              {
                "type": "get_attr",
                "value": "private_key"
              }
            ],
            [
              {
                "type": "get_attr",
                "value": "private_key_openssh"
              }
            ],
            [
              {
                "type": "get_attr",
                "value": "section"
              },
              {
                "type": "index",
                "value": {
                  "value": 0,
                  "type": "number"
                }
              },
              {
                "type": "get_attr",
                "value": "field"
              },
              {
                "type": "index",
                "value": {
                  "value": 0,
                  "type": "number"
                }
              },
              {
                "type": "get_attr",
                "value": "value"
              }
            ],
            [
              {
                "type": "get_attr",
                "value": "section"
              },
              {
                "type": "index",
                "value": {
                  "value": 0,
                  "type": "number"
                }
              },
              {
                "type": "get_attr",
                "value": "field"
              },
              {
                "type": "index",
                "value": {
                  "value": 1,
                  "type": "number"
                }
              },
              {
                "type": "get_attr",
                "value": "value"
              }
            ],
            [
              {
                "type": "get_attr",
                "value": "section"
              },
              {
                "type": "index",
                "value": {
                  "value": 1,
                  "type": "number"
                }
              },
              {
                "type": "get_attr",
                "value": "field"
              },
              {
                "type": "index",
                "value": {
                  "value": 0,
                  "type": "number"
                }
              },
              {
                "type": "get_attr",
                "value": "value"
              }
            ],
            [
              {
                "type": "get_attr",
                "value": "section"
              },
              {
                "type": "index",
                "value": {
                  "value": 1,
                  "type": "number"
                }
              },
              {
                "type": "get_attr",
                "value": "field"
              },
              {
                "type": "index",
                "value": {
                  "value": 1,
                  "type": "number"
                }
              },
              {
                "type": "get_attr",
                "value": "value"
              }
            ],
            [
              {
                "type": "get_attr",
                "value": "section_map"
              },
              {
                "type": "index",
                "value": {
                  "value": "Connection",
                  "type": "string"
                }
              },
              {
                "type": "get_attr",
                "value": "field_map"
              },
              {
                "type": "index",
                "value": {
                  "value": "server",
                  "type": "string"
                }
              },
              {
                "type": "get_attr",
                "value": "value"
              }
            ],
            [
              {
                "type": "get_attr",
                "value": "section_map"
              },
              {
                "type": "index",
                "value": {
                  "value": "Connection",
                  "type": "string"
                }
              },
              {
                "type": "get_attr",
                "value": "field_map"
              },
              {
                "type": "index",
                "value": {
                  "value": "url",
                  "type": "string"
                }
              },
              {
                "type": "get_attr",
                "value": "value"
              }
            ],
            [
              {
                "type": "get_attr",
                "value": "section_map"
              },
              {
                "type": "index",
                "value": {
                  "value": "Login",
                  "type": "string"
                }
              },
              {
                "type": "get_attr",
                "value": "field_map"
              },
              {
                "type": "index",
                "value": {
                  "value": "password",
                  "type": "string"
                }
              },
              {
                "type": "get_attr",
                "value": "value"
              }
            ],
            [
              {
                "type": "get_attr",
                "value": "section_map"
              },
              {
                "type": "index",
                "value": {
                  "value": "Login",
                  "type": "string"
                }
              },
              {
                "type": "get_attr",
                "value": "field_map"
              },
              {
                "type": "index",
                "value": {
                  "value": "username",
                  "type": "string"
                }
              },
              {
                "type": "get_attr",
                "value": "value"
              }
            ]
          ],
          "identity_schema_version": 0
        },
        {
          "index_key": "proxmox",
          "schema_version": 0,
          "attributes": {
            "category": "api_credential",
            "credential": "",
            "database": null,
            "file": [],
            "filename": "",
            "hostname": "",
            "id": "vaults/glsrlcf5lapzbba6zk6sppkgnq/items/p6bsg6hdbfspl7csgbkbf2pyry",
            "note_value": null,
            "password": null,
            "port": null,
            "private_key": null,
            "private_key_openssh": null,
            "public_key": null,
            "section": [
              {
                "field": [
                  {
                    "id": "7rooe7mpvvnok2td3st3qjuzv4",
                    "label": "api_token_value",
                    "type": "CONCEALED",
                    "value": "root@pam!ci=5c12515e-f63d-4c1e-9573-cc0faf729766"
                  },
                  {
                    "id": "7hmqxe4vj2pkki7paypjpomeku",
                    "label": "endpoint",
                    "type": "CONCEALED",
                    "value": "https://192.168.50.100:8006"
                  }
                ],
                "file": [],
                "id": "Section_45nodzqglvk6v72jc42wedoemy",
                "label": "Credentials"
              },
              {
                "field": [
                  {
                    "id": "ehgiu4mgkkmy6a5r6kmbzbvkny",
                    "label": "private_key",
                    "type": "CONCEALED",
                    "value": "-----BEGIN OPENSSH PRIVATE KEY-----\nb3BlbnNzaC1rZXktdjEAAAAABG5vbmUAAAAEbm9uZQAAAAAAAAABAAAAMwAAAAtzc2gtZW\nQyNTUxOQAAACA1nnVBO0ArX/bhlDTXplwcG6oBxwqzYuiqESaE0hp06gAAAJh7INibeyDY\nmwAAAAtzc2gtZWQyNTUxOQAAACA1nnVBO0ArX/bhlDTXplwcG6oBxwqzYuiqESaE0hp06g\nAAAEBoxlBRKuZWDuIs4psp6JtZOSZJg3Xk1V515sa1cA6/hTWedUE7QCtf9uGUNNemXBwb\nqgHHCrNi6KoRJoTSGnTqAAAAE21vYmlsZS1zc2gtMjAyNjAzMDcBAg==\n-----END OPENSSH PRIVATE KEY-----"
                  }
                ],
                "file": [],
                "id": "Section_hmws4aha53775ldkellcyctmz4",
                "label": "Keys"
              }
            ],
            "section_map": {
              "Credentials": {
                "field_map": {
                  "api_token_value": {
                    "id": "7rooe7mpvvnok2td3st3qjuzv4",
                    "type": "CONCEALED",
                    "value": "root@pam!ci=5c12515e-f63d-4c1e-9573-cc0faf729766"
                  },
                  "endpoint": {
                    "id": "7hmqxe4vj2pkki7paypjpomeku",
                    "type": "CONCEALED",
                    "value": "https://192.168.50.100:8006"
                  }
                },
                "file_map": {},
                "id": "Section_45nodzqglvk6v72jc42wedoemy"
              },
              "Keys": {
                "field_map": {
                  "private_key": {
                    "id": "ehgiu4mgkkmy6a5r6kmbzbvkny",
                    "type": "CONCEALED",
                    "value": "-----BEGIN OPENSSH PRIVATE KEY-----\nb3BlbnNzaC1rZXktdjEAAAAABG5vbmUAAAAEbm9uZQAAAAAAAAABAAAAMwAAAAtzc2gtZW\nQyNTUxOQAAACA1nnVBO0ArX/bhlDTXplwcG6oBxwqzYuiqESaE0hp06gAAAJh7INibeyDY\nmwAAAAtzc2gtZWQyNTUxOQAAACA1nnVBO0ArX/bhlDTXplwcG6oBxwqzYuiqESaE0hp06g\nAAAEBoxlBRKuZWDuIs4psp6JtZOSZJg3Xk1V515sa1cA6/hTWedUE7QCtf9uGUNNemXBwb\nqgHHCrNi6KoRJoTSGnTqAAAAE21vYmlsZS1zc2gtMjAyNjAzMDcBAg==\n-----END OPENSSH PRIVATE KEY-----"
                  }
                },
                "file_map": {},
                "id": "Section_hmws4aha53775ldkellcyctmz4"
              }
            },
            "tags": [
              "infra"
            ],
            "title": "proxmox",
            "type": "",
            "url": null,
            "username": "",
            "uuid": "p6bsg6hdbfspl7csgbkbf2pyry",
            "valid_from": "1970-01-01",
            "vault": "glsrlcf5lapzbba6zk6sppkgnq"
          },
          "sensitive_attributes": [
            [
              {
                "type": "get_attr",
                "value": "credential"
              }
            ],
            [
              {
                "type": "get_attr",
                "value": "note_value"
              }
            ],
            [
              {
                "type": "get_attr",
                "value": "password"
              }
            ],
            [
              {
                "type": "get_attr",
                "value": "private_key"
              }
            ],
            [
              {
                "type": "get_attr",
                "value": "private_key_openssh"
              }
            ],
            [
              {
                "type": "get_attr",
                "value": "section"
              },
              {
                "type": "index",
                "value": {
                  "value": 0,
                  "type": "number"
                }
              },
              {
                "type": "get_attr",
                "value": "field"
              },
              {
                "type": "index",
                "value": {
                  "value": 0,
                  "type": "number"
                }
              },
              {
                "type": "get_attr",
                "value": "value"
              }
            ],
            [
              {
                "type": "get_attr",
                "value": "section"
              },
              {
                "type": "index",
                "value": {
                  "value": 0,
                  "type": "number"
                }
              },
              {
                "type": "get_attr",
                "value": "field"
              },
              {
                "type": "index",
                "value": {
                  "value": 1,
                  "type": "number"
                }
              },
              {
                "type": "get_attr",
                "value": "value"
              }
            ],
            [
              {
                "type": "get_attr",
                "value": "section"
              },
              {
                "type": "index",
                "value": {
                  "value": 1,
                  "type": "number"
                }
              },
              {
                "type": "get_attr",
                "value": "field"
              },
              {
                "type": "index",
                "value": {
                  "value": 0,
                  "type": "number"
                }
              },
              {
                "type": "get_attr",
                "value": "value"
              }
            ],
            [
              {
                "type": "get_attr",
                "value": "section_map"
              },
              {
                "type": "index",
                "value": {
                  "value": "Credentials",
                  "type": "string"
                }
              },
              {
                "type": "get_attr",
                "value": "field_map"
              },
              {
                "type": "index",
                "value": {
                  "value": "api_token_value",
                  "type": "string"
                }
              },
              {
                "type": "get_attr",
                "value": "value"
              }
            ],
            [
              {
                "type": "get_attr",
                "value": "section_map"
              },
              {
                "type": "index",
                "value": {
                  "value": "Credentials",
                  "type": "string"
                }
              },
              {
                "type": "get_attr",
                "value": "field_map"
              },
              {
                "type": "index",
                "value": {
                  "value": "endpoint",
                  "type": "string"
                }
              },
              {
                "type": "get_attr",
                "value": "value"
              }
            ],
            [
              {
                "type": "get_attr",
                "value": "section_map"
              },
              {
                "type": "index",
                "value": {
                  "value": "Keys",
                  "type": "string"
                }
              },
              {
                "type": "get_attr",
                "value": "field_map"
              },
              {
                "type": "index",
                "value": {
                  "value": "private_key",
                  "type": "string"
                }
              },
              {
                "type": "get_attr",
                "value": "value"
              }
            ]
          ],
          "identity_schema_version": 0
        },
        {
          "index_key": "slack",
          "schema_version": 0,
          "attributes": {
            "category": "password",
            "credential": null,
            "database": null,
            "file": [],
            "filename": null,
            "hostname": null,
            "id": "vaults/glsrlcf5lapzbba6zk6sppkgnq/items/osy2ox7zlsw7oranhd34dcb7sa",
            "note_value": "Slack API Tokens\nWorkspace: qws941 workspace\nMCP Integration:\n- slack_mcp_xoxp_token: User token for MCP\n- slack_xapp_token: App-level token\n- refresh_token: OAuth refresh\nOpenCode App:\n- opencode_app_token: App token\n- opencode_bot_token: Bot user token\n- opencode_user_token: User OAuth token\nUsage: Slack MCP server (MCPhub)\nBot: @opencode-bridge\nStatus: Production\nUpdated: 2025-03",
            "password": "",
            "port": null,
            "private_key": null,
            "private_key_openssh": null,
            "public_key": null,
            "section": [
              {
                "field": [
                  {
                    "id": "uf5ucqywluvoz44mbwedjyxity",
                    "label": "xoxp_token",
                    "type": "CONCEALED",
                    "value": "xoxe.xoxp-1-Mi0yLTk5MDY2MjUzMzM1NzQtOTg5MzIyMTEyNzYwNy05OTA4OTkxMzQ0OTQ2LTEwNTk4NzQxMzgxMjY5LWU3MGUzOGM1Y2VlYzQ2MDg3NDU4OWExOTdiNjdiNGY0YWI1YjI1ZmM4OWJkYWNkMDk4M2QwYTkwZDhmN2U3YTg"
                  },
                  {
                    "id": "pmc64ymk646uv7likwyrsrj4pu",
                    "label": "xapp_token",
                    "type": "CONCEALED",
                    "value": "placeholder"
                  },
                  {
                    "id": "pcnq5nxiexxbecrciflic57voa",
                    "label": "refresh_token",
                    "type": "CONCEALED",
                    "value": "xoxe-1-My0xLTk5MDY2MjUzMzM1NzQtOTkwODk5MTM0NDk0Ni0xMDE3NTg4NzcwMTgxNC02OGRhYmUxMDRhYzk3OWViMTEyNDQzNGZkNzk5MDk2ODUyZjE3NzIzMzcwNGQzZTUxZGQzNWY5NDMwOTdiNzM0"
                  }
                ],
                "file": [],
                "id": "Section_chmm3ksn3ev3beqwrbq77o4ygm",
                "label": "MCP Tokens"
              },
              {
                "field": [
                  {
                    "id": "wquvckpqqyuqfv7smb6ekzv2jm",
                    "label": "app_token",
                    "type": "CONCEALED",
                    "value": "xapp-1-A0AFZTU8953-10550977295828-7be124c4231b0be9fe5c41421f8d1c5fd81f22b3ba9e6341eb5f7d2b9c6f6c33"
                  },
                  {
                    "id": "5ez53szwl65mm2h32qkgctj5vy",
                    "label": "bot_token",
                    "type": "CONCEALED",
                    "value": "xoxb-9906625333574-10531905908103-r6DstzjigyzaE3UMe4yTmbPo"
                  },
                  {
                    "id": "cy237u3o43v7r4tq2bdpc76z5y",
                    "label": "user_token",
                    "type": "CONCEALED",
                    "value": "xoxp-9906625333574-9893221127607-10548317302421-58b0defae470e4b436ed9576f348cc43"
                  }
                ],
                "file": [],
                "id": "Section_4c2pr6p2rlu6hnpxr5vr6lwvoa",
                "label": "OpenCode Tokens"
              },
              {
                "field": [
                  {
                    "id": "jkmeh3uvisjzv4uwpcxdw4hv4a",
                    "label": "url",
                    "type": "CONCEALED",
                    "value": "https://slack.com"
                  }
                ],
                "file": [],
                "id": "Section_jf4gbfcqrkzlow3hlythfputpa",
                "label": "Connection"
              }
            ],
            "section_map": {
              "Connection": {
                "field_map": {
                  "url": {
                    "id": "jkmeh3uvisjzv4uwpcxdw4hv4a",
                    "type": "CONCEALED",
                    "value": "https://slack.com"
                  }
                },
                "file_map": {},
                "id": "Section_jf4gbfcqrkzlow3hlythfputpa"
              },
              "MCP Tokens": {
                "field_map": {
                  "refresh_token": {
                    "id": "pcnq5nxiexxbecrciflic57voa",
                    "type": "CONCEALED",
                    "value": "xoxe-1-My0xLTk5MDY2MjUzMzM1NzQtOTkwODk5MTM0NDk0Ni0xMDE3NTg4NzcwMTgxNC02OGRhYmUxMDRhYzk3OWViMTEyNDQzNGZkNzk5MDk2ODUyZjE3NzIzMzcwNGQzZTUxZGQzNWY5NDMwOTdiNzM0"
                  },
                  "xapp_token": {
                    "id": "pmc64ymk646uv7likwyrsrj4pu",
                    "type": "CONCEALED",
                    "value": "placeholder"
                  },
                  "xoxp_token": {
                    "id": "uf5ucqywluvoz44mbwedjyxity",
                    "type": "CONCEALED",
                    "value": "xoxe.xoxp-1-Mi0yLTk5MDY2MjUzMzM1NzQtOTg5MzIyMTEyNzYwNy05OTA4OTkxMzQ0OTQ2LTEwNTk4NzQxMzgxMjY5LWU3MGUzOGM1Y2VlYzQ2MDg3NDU4OWExOTdiNjdiNGY0YWI1YjI1ZmM4OWJkYWNkMDk4M2QwYTkwZDhmN2U3YTg"
                  }
                },
                "file_map": {},
                "id": "Section_chmm3ksn3ev3beqwrbq77o4ygm"
              },
              "OpenCode Tokens": {
                "field_map": {
                  "app_token": {
                    "id": "wquvckpqqyuqfv7smb6ekzv2jm",
                    "type": "CONCEALED",
                    "value": "xapp-1-A0AFZTU8953-10550977295828-7be124c4231b0be9fe5c41421f8d1c5fd81f22b3ba9e6341eb5f7d2b9c6f6c33"
                  },
                  "bot_token": {
                    "id": "5ez53szwl65mm2h32qkgctj5vy",
                    "type": "CONCEALED",
                    "value": "xoxb-9906625333574-10531905908103-r6DstzjigyzaE3UMe4yTmbPo"
                  },
                  "user_token": {
                    "id": "cy237u3o43v7r4tq2bdpc76z5y",
                    "type": "CONCEALED",
                    "value": "xoxp-9906625333574-9893221127607-10548317302421-58b0defae470e4b436ed9576f348cc43"
                  }
                },
                "file_map": {},
                "id": "Section_4c2pr6p2rlu6hnpxr5vr6lwvoa"
              }
            },
            "tags": [
              "mcp"
            ],
            "title": "slack",
            "type": null,
            "url": "https://slack.com",
            "username": null,
            "uuid": "osy2ox7zlsw7oranhd34dcb7sa",
            "valid_from": null,
            "vault": "glsrlcf5lapzbba6zk6sppkgnq"
          },
          "sensitive_attributes": [
            [
              {
                "type": "get_attr",
                "value": "credential"
              }
            ],
            [
              {
                "type": "get_attr",
                "value": "note_value"
              }
            ],
            [
              {
                "type": "get_attr",
                "value": "password"
              }
            ],
            [
              {
                "type": "get_attr",
                "value": "private_key"
              }
            ],
            [
              {
                "type": "get_attr",
                "value": "private_key_openssh"
              }
            ],
            [
              {
                "type": "get_attr",
                "value": "section"
              },
              {
                "type": "index",
                "value": {
                  "value": 0,
                  "type": "number"
                }
              },
              {
                "type": "get_attr",
                "value": "field"
              },
              {
                "type": "index",
                "value": {
                  "value": 0,
                  "type": "number"
                }
              },
              {
                "type": "get_attr",
                "value": "value"
              }
            ],
            [
              {
                "type": "get_attr",
                "value": "section"
              },
              {
                "type": "index",
                "value": {
                  "value": 0,
                  "type": "number"
                }
              },
              {
                "type": "get_attr",
                "value": "field"
              },
              {
                "type": "index",
                "value": {
                  "value": 1,
                  "type": "number"
                }
              },
              {
                "type": "get_attr",
                "value": "value"
              }
            ],
            [
              {
                "type": "get_attr",
                "value": "section"
              },
              {
                "type": "index",
                "value": {
                  "value": 0,
                  "type": "number"
                }
              },
              {
                "type": "get_attr",
                "value": "field"
              },
              {
                "type": "index",
                "value": {
                  "value": 2,
                  "type": "number"
                }
              },
              {
                "type": "get_attr",
                "value": "value"
              }
            ],
            [
              {
                "type": "get_attr",
                "value": "section"
              },
              {
                "type": "index",
                "value": {
                  "value": 1,
                  "type": "number"
                }
              },
              {
                "type": "get_attr",
                "value": "field"
              },
              {
                "type": "index",
                "value": {
                  "value": 0,
                  "type": "number"
                }
              },
              {
                "type": "get_attr",
                "value": "value"
              }
            ],
            [
              {
                "type": "get_attr",
                "value": "section"
              },
              {
                "type": "index",
                "value": {
                  "value": 1,
                  "type": "number"
                }
              },
              {
                "type": "get_attr",
                "value": "field"
              },
              {
                "type": "index",
                "value": {
                  "value": 1,
                  "type": "number"
                }
              },
              {
                "type": "get_attr",
                "value": "value"
              }
            ],
            [
              {
                "type": "get_attr",
                "value": "section"
              },
              {
                "type": "index",
                "value": {
                  "value": 1,
                  "type": "number"
                }
              },
              {
                "type": "get_attr",
                "value": "field"
              },
              {
                "type": "index",
                "value": {
                  "value": 2,
                  "type": "number"
                }
              },
              {
                "type": "get_attr",
                "value": "value"
              }
            ],
            [
              {
                "type": "get_attr",
                "value": "section"
              },
              {
                "type": "index",
                "value": {
                  "value": 2,
                  "type": "number"
                }
              },
              {
                "type": "get_attr",
                "value": "field"
              },
              {
                "type": "index",
                "value": {
                  "value": 0,
                  "type": "number"
                }
              },
              {
                "type": "get_attr",
                "value": "value"
              }
            ],
            [
              {
                "type": "get_attr",
                "value": "section_map"
              },
              {
                "type": "index",
                "value": {
                  "value": "Connection",
                  "type": "string"
                }
              },
              {
                "type": "get_attr",
                "value": "field_map"
              },
              {
                "type": "index",
                "value": {
                  "value": "url",
                  "type": "string"
                }
              },
              {
                "type": "get_attr",
                "value": "value"
              }
            ],
            [
              {
                "type": "get_attr",
                "value": "section_map"
              },
              {
                "type": "index",
                "value": {
                  "value": "MCP Tokens",
                  "type": "string"
                }
              },
              {
                "type": "get_attr",
                "value": "field_map"
              },
              {
                "type": "index",
                "value": {
                  "value": "refresh_token",
                  "type": "string"
                }
              },
              {
                "type": "get_attr",
                "value": "value"
              }
            ],
            [
              {
                "type": "get_attr",
                "value": "section_map"
              },
              {
                "type": "index",
                "value": {
                  "value": "MCP Tokens",
                  "type": "string"
                }
              },
              {
                "type": "get_attr",
                "value": "field_map"
              },
              {
                "type": "index",
                "value": {
                  "value": "xapp_token",
                  "type": "string"
                }
              },
              {
                "type": "get_attr",
                "value": "value"
              }
            ],
            [
              {
                "type": "get_attr",
                "value": "section_map"
              },
              {
                "type": "index",
                "value": {
                  "value": "MCP Tokens",
                  "type": "string"
                }
              },
              {
                "type": "get_attr",
                "value": "field_map"
              },
              {
                "type": "index",
                "value": {
                  "value": "xoxp_token",
                  "type": "string"
                }
              },
              {
                "type": "get_attr",
                "value": "value"
              }
            ],
            [
              {
                "type": "get_attr",
                "value": "section_map"
              },
              {
                "type": "index",
                "value": {
                  "value": "OpenCode Tokens",
                  "type": "string"
                }
              },
              {
                "type": "get_attr",
                "value": "field_map"
              },
              {
                "type": "index",
                "value": {
                  "value": "app_token",
                  "type": "string"
                }
              },
              {
                "type": "get_attr",
                "value": "value"
              }
            ],
            [
              {
                "type": "get_attr",
                "value": "section_map"
              },
              {
                "type": "index",
                "value": {
                  "value": "OpenCode Tokens",
                  "type": "string"
                }
              },
              {
                "type": "get_attr",
                "value": "field_map"
              },
              {
                "type": "index",
                "value": {
                  "value": "bot_token",
                  "type": "string"
                }
              },
              {
                "type": "get_attr",
                "value": "value"
              }
            ],
            [
              {
                "type": "get_attr",
                "value": "section_map"
              },
              {
                "type": "index",
                "value": {
                  "value": "OpenCode Tokens",
                  "type": "string"
                }
              },
              {
                "type": "get_attr",
                "value": "field_map"
              },
              {
                "type": "index",
                "value": {
                  "value": "user_token",
                  "type": "string"
                }
              },
              {
                "type": "get_attr",
                "value": "value"
              }
            ]
          ],
          "identity_schema_version": 0
        },
        {
          "index_key": "supabase",
          "schema_version": 0,
          "attributes": {
            "category": "password",
            "credential": null,
            "database": null,
            "file": [],
            "filename": null,
            "hostname": null,
            "id": "vaults/glsrlcf5lapzbba6zk6sppkgnq/items/gcwvuxenynpqg4nfph6tnrbkem",
            "note_value": "Supabase Self-Hosted Platform\nHost: 192.168.50.107 (LXC 107)\nURL: supabase.jclee.me / :8000\nDashboard: Studio at :3000\nComponents:\n- PostgreSQL database\n- PostgREST API\n- GoTrue auth\n- Realtime subscriptions\n- Storage (S3-compatible)\nKeys:\n- anon_key: Public client access\n- service_key: Server-side admin access\n- service_role_key: Same as service_key\nUsage: Archon storage, project databases\nStatus: Production\nUpdated: 2025-03",
            "password": "",
            "port": null,
            "private_key": null,
            "private_key_openssh": null,
            "public_key": null,
            "section": [
              {
                "field": [
                  {
                    "id": "2nvjvxuzltwngz63sys6aypqky",
                    "label": "username",
                    "type": "CONCEALED",
                    "value": "supabase"
                  },
                  {
                    "id": "uocbk72p5kqsv7bvactwkcsqfq",
                    "label": "password",
                    "type": "CONCEALED",
                    "value": "NUIU83I8A28gPocspX3F0C2Y"
                  }
                ],
                "file": [],
                "id": "Section_p6iossmqatczdp5iyvrzprwu2m",
                "label": "Dashboard"
              },
              {
                "field": [
                  {
                    "id": "lahgjbz2iltkbl2mkytw6ge5hq",
                    "label": "url",
                    "type": "CONCEALED",
                    "value": "https://supabase.jclee.me"
                  },
                  {
                    "id": "arjcxpvpwcpl4zeepg5dewzhvq",
                    "label": "dashboard_url",
                    "type": "CONCEALED",
                    "value": "http://192.168.50.107:3000"
                  },
                  {
                    "id": "qbknao3nuz5ejbfcjjrfvq22bu",
                    "label": "rest_url",
                    "type": "CONCEALED",
                    "value": "http://192.168.50.107:8000"
                  }
                ],
                "file": [],
                "id": "Section_nedjj6z2g3elws2pbhpcmhgq74",
                "label": "Connection"
              },
              {
                "field": [
                  {
                    "id": "u3buytjxgeoee7em6orrpxar3q",
                    "label": "service_key",
                    "type": "CONCEALED",
                    "value": "eyJhbGciOiAiSFMyNTYiLCAidHlwIjogIkpXVCJ9.eyJyb2xlIjogInNlcnZpY2Vfcm9sZSIsICJpc3MiOiAic3VwYWJhc2UiLCAiaWF0IjogMTc3MTYwMDgwMCwgImV4cCI6IDIwODY5NjA4MDB9.vLTEQu-8UATji7axVljZzlmPUrbqbFmx7fjXaQc580Y"
                  },
                  {
                    "id": "nj2b5n6eyed2fwdzm7winxswh4",
                    "label": "anon_key",
                    "type": "CONCEALED",
                    "value": "eyJhbGciOiAiSFMyNTYiLCAidHlwIjogIkpXVCJ9.eyJyb2xlIjogImFub24iLCAiaXNzIjogInN1cGFiYXNlIiwgImlhdCI6IDE3NzE2MDA4MDAsICJleHAiOiAyMDg2OTYwODAwfQ.TiwflrKfacFVLlR2k7owaIPfJ8C75bwqRXqP0pzJY3o"
                  },
                  {
                    "id": "xyp6222nynbumlvgsp47eiq3gy",
                    "label": "jwt_secret",
                    "type": "CONCEALED",
                    "value": "cwCVl7uY4WJUyZo/IpYauD9G8kqvbfhbolfNZVQNeME="
                  }
                ],
                "file": [],
                "id": "Section_ki5g6c45qixpv6uszmimliyqay",
                "label": "Keys"
              },
              {
                "field": [
                  {
                    "id": "qh6env7ofcrtu2p2ccmbu45sdu",
                    "label": "db_password",
                    "type": "CONCEALED",
                    "value": "xaBI7AtdjCSRXO/B4JzKRzTw"
                  }
                ],
                "file": [],
                "id": "Section_3x7p3gcsltu7fz4sr3c7a4fusq",
                "label": "Database"
              }
            ],
            "section_map": {
              "Connection": {
                "field_map": {
                  "dashboard_url": {
                    "id": "arjcxpvpwcpl4zeepg5dewzhvq",
                    "type": "CONCEALED",
                    "value": "http://192.168.50.107:3000"
                  },
                  "rest_url": {
                    "id": "qbknao3nuz5ejbfcjjrfvq22bu",
                    "type": "CONCEALED",
                    "value": "http://192.168.50.107:8000"
                  },
                  "url": {
                    "id": "lahgjbz2iltkbl2mkytw6ge5hq",
                    "type": "CONCEALED",
                    "value": "https://supabase.jclee.me"
                  }
                },
                "file_map": {},
                "id": "Section_nedjj6z2g3elws2pbhpcmhgq74"
              },
              "Dashboard": {
                "field_map": {
                  "password": {
                    "id": "uocbk72p5kqsv7bvactwkcsqfq",
                    "type": "CONCEALED",
                    "value": "NUIU83I8A28gPocspX3F0C2Y"
                  },
                  "username": {
                    "id": "2nvjvxuzltwngz63sys6aypqky",
                    "type": "CONCEALED",
                    "value": "supabase"
                  }
                },
                "file_map": {},
                "id": "Section_p6iossmqatczdp5iyvrzprwu2m"
              },
              "Database": {
                "field_map": {
                  "db_password": {
                    "id": "qh6env7ofcrtu2p2ccmbu45sdu",
                    "type": "CONCEALED",
                    "value": "xaBI7AtdjCSRXO/B4JzKRzTw"
                  }
                },
                "file_map": {},
                "id": "Section_3x7p3gcsltu7fz4sr3c7a4fusq"
              },
              "Keys": {
                "field_map": {
                  "anon_key": {
                    "id": "nj2b5n6eyed2fwdzm7winxswh4",
                    "type": "CONCEALED",
                    "value": "eyJhbGciOiAiSFMyNTYiLCAidHlwIjogIkpXVCJ9.eyJyb2xlIjogImFub24iLCAiaXNzIjogInN1cGFiYXNlIiwgImlhdCI6IDE3NzE2MDA4MDAsICJleHAiOiAyMDg2OTYwODAwfQ.TiwflrKfacFVLlR2k7owaIPfJ8C75bwqRXqP0pzJY3o"
                  },
                  "jwt_secret": {
                    "id": "xyp6222nynbumlvgsp47eiq3gy",
                    "type": "CONCEALED",
                    "value": "cwCVl7uY4WJUyZo/IpYauD9G8kqvbfhbolfNZVQNeME="
                  },
                  "service_key": {
                    "id": "u3buytjxgeoee7em6orrpxar3q",
                    "type": "CONCEALED",
                    "value": "eyJhbGciOiAiSFMyNTYiLCAidHlwIjogIkpXVCJ9.eyJyb2xlIjogInNlcnZpY2Vfcm9sZSIsICJpc3MiOiAic3VwYWJhc2UiLCAiaWF0IjogMTc3MTYwMDgwMCwgImV4cCI6IDIwODY5NjA4MDB9.vLTEQu-8UATji7axVljZzlmPUrbqbFmx7fjXaQc580Y"
                  }
                },
                "file_map": {},
                "id": "Section_ki5g6c45qixpv6uszmimliyqay"
              }
            },
            "tags": [
              "database"
            ],
            "title": "supabase",
            "type": null,
            "url": "http://192.168.50.107:3000",
            "username": null,
            "uuid": "gcwvuxenynpqg4nfph6tnrbkem",
            "valid_from": null,
            "vault": "glsrlcf5lapzbba6zk6sppkgnq"
          },
          "sensitive_attributes": [
            [
              {
                "type": "get_attr",
                "value": "credential"
              }
            ],
            [
              {
                "type": "get_attr",
                "value": "note_value"
              }
            ],
            [
              {
                "type": "get_attr",
                "value": "password"
              }
            ],
            [
              {
                "type": "get_attr",
                "value": "private_key"
              }
            ],
            [
              {
                "type": "get_attr",
                "value": "private_key_openssh"
              }
            ],
            [
              {
                "type": "get_attr",
                "value": "section"
              },
              {
                "type": "index",
                "value": {
                  "value": 0,
                  "type": "number"
                }
              },
              {
                "type": "get_attr",
                "value": "field"
              },
              {
                "type": "index",
                "value": {
                  "value": 0,
                  "type": "number"
                }
              },
              {
                "type": "get_attr",
                "value": "value"
              }
            ],
            [
              {
                "type": "get_attr",
                "value": "section"
              },
              {
                "type": "index",
                "value": {
                  "value": 0,
                  "type": "number"
                }
              },
              {
                "type": "get_attr",
                "value": "field"
              },
              {
                "type": "index",
                "value": {
                  "value": 1,
                  "type": "number"
                }
              },
              {
                "type": "get_attr",
                "value": "value"
              }
            ],
            [
              {
                "type": "get_attr",
                "value": "section"
              },
              {
                "type": "index",
                "value": {
                  "value": 1,
                  "type": "number"
                }
              },
              {
                "type": "get_attr",
                "value": "field"
              },
              {
                "type": "index",
                "value": {
                  "value": 0,
                  "type": "number"
                }
              },
              {
                "type": "get_attr",
                "value": "value"
              }
            ],
            [
              {
                "type": "get_attr",
                "value": "section"
              },
              {
                "type": "index",
                "value": {
                  "value": 1,
                  "type": "number"
                }
              },
              {
                "type": "get_attr",
                "value": "field"
              },
              {
                "type": "index",
                "value": {
                  "value": 1,
                  "type": "number"
                }
              },
              {
                "type": "get_attr",
                "value": "value"
              }
            ],
            [
              {
                "type": "get_attr",
                "value": "section"
              },
              {
                "type": "index",
                "value": {
                  "value": 1,
                  "type": "number"
                }
              },
              {
                "type": "get_attr",
                "value": "field"
              },
              {
                "type": "index",
                "value": {
                  "value": 2,
                  "type": "number"
                }
              },
              {
                "type": "get_attr",
                "value": "value"
              }
            ],
            [
              {
                "type": "get_attr",
                "value": "section"
              },
              {
                "type": "index",
                "value": {
                  "value": 2,
                  "type": "number"
                }
              },
              {
                "type": "get_attr",
                "value": "field"
              },
              {
                "type": "index",
                "value": {
                  "value": 0,
                  "type": "number"
                }
              },
              {
                "type": "get_attr",
                "value": "value"
              }
            ],
            [
              {
                "type": "get_attr",
                "value": "section"
              },
              {
                "type": "index",
                "value": {
                  "value": 2,
                  "type": "number"
                }
              },
              {
                "type": "get_attr",
                "value": "field"
              },
              {
                "type": "index",
                "value": {
                  "value": 1,
                  "type": "number"
                }
              },
              {
                "type": "get_attr",
                "value": "value"
              }
            ],
            [
              {
                "type": "get_attr",
                "value": "section"
              },
              {
                "type": "index",
                "value": {
                  "value": 2,
                  "type": "number"
                }
              },
              {
                "type": "get_attr",
                "value": "field"
              },
              {
                "type": "index",
                "value": {
                  "value": 2,
                  "type": "number"
                }
              },
              {
                "type": "get_attr",
                "value": "value"
              }
            ],
            [
              {
                "type": "get_attr",
                "value": "section"
              },
              {
                "type": "index",
                "value": {
                  "value": 3,
                  "type": "number"
                }
              },
              {
                "type": "get_attr",
                "value": "field"
              },
              {
                "type": "index",
                "value": {
                  "value": 0,
                  "type": "number"
                }
              },
              {
                "type": "get_attr",
                "value": "value"
              }
            ],
            [
              {
                "type": "get_attr",
                "value": "section_map"
              },
              {
                "type": "index",
                "value": {
                  "value": "Connection",
                  "type": "string"
                }
              },
              {
                "type": "get_attr",
                "value": "field_map"
              },
              {
                "type": "index",
                "value": {
                  "value": "dashboard_url",
                  "type": "string"
                }
              },
              {
                "type": "get_attr",
                "value": "value"
              }
            ],
            [
              {
                "type": "get_attr",
                "value": "section_map"
              },
              {
                "type": "index",
                "value": {
                  "value": "Connection",
                  "type": "string"
                }
              },
              {
                "type": "get_attr",
                "value": "field_map"
              },
              {
                "type": "index",
                "value": {
                  "value": "rest_url",
                  "type": "string"
                }
              },
              {
                "type": "get_attr",
                "value": "value"
              }
            ],
            [
              {
                "type": "get_attr",
                "value": "section_map"
              },
              {
                "type": "index",
                "value": {
                  "value": "Connection",
                  "type": "string"
                }
              },
              {
                "type": "get_attr",
                "value": "field_map"
              },
              {
                "type": "index",
                "value": {
                  "value": "url",
                  "type": "string"
                }
              },
              {
                "type": "get_attr",
                "value": "value"
              }
            ],
            [
              {
                "type": "get_attr",
                "value": "section_map"
              },
              {
                "type": "index",
                "value": {
                  "value": "Dashboard",
                  "type": "string"
                }
              },
              {
                "type": "get_attr",
                "value": "field_map"
              },
              {
                "type": "index",
                "value": {
                  "value": "password",
                  "type": "string"
                }
              },
              {
                "type": "get_attr",
                "value": "value"
              }
            ],
            [
              {
                "type": "get_attr",
                "value": "section_map"
              },
              {
                "type": "index",
                "value": {
                  "value": "Dashboard",
                  "type": "string"
                }
              },
              {
                "type": "get_attr",
                "value": "field_map"
              },
              {
                "type": "index",
                "value": {
                  "value": "username",
                  "type": "string"
                }
              },
              {
                "type": "get_attr",
                "value": "value"
              }
            ],
            [
              {
                "type": "get_attr",
                "value": "section_map"
              },
              {
                "type": "index",
                "value": {
                  "value": "Database",
                  "type": "string"
                }
              },
              {
                "type": "get_attr",
                "value": "field_map"
              },
              {
                "type": "index",
                "value": {
                  "value": "db_password",
                  "type": "string"
                }
              },
              {
                "type": "get_attr",
                "value": "value"
              }
            ],
            [
              {
                "type": "get_attr",
                "value": "section_map"
              },
              {
                "type": "index",
                "value": {
                  "value": "Keys",
                  "type": "string"
                }
              },
              {
                "type": "get_attr",
                "value": "field_map"
              },
              {
                "type": "index",
                "value": {
                  "value": "anon_key",
                  "type": "string"
                }
              },
              {
                "type": "get_attr",
                "value": "value"
              }
            ],
            [
              {
                "type": "get_attr",
                "value": "section_map"
              },
              {
                "type": "index",
                "value": {
                  "value": "Keys",
                  "type": "string"
                }
              },
              {
                "type": "get_attr",
                "value": "field_map"
              },
              {
                "type": "index",
                "value": {
                  "value": "jwt_secret",
                  "type": "string"
                }
              },
              {
                "type": "get_attr",
                "value": "value"
              }
            ],
            [
              {
                "type": "get_attr",
                "value": "section_map"
              },
              {
                "type": "index",
                "value": {
                  "value": "Keys",
                  "type": "string"
                }
              },
              {
                "type": "get_attr",
                "value": "field_map"
              },
              {
                "type": "index",
                "value": {
                  "value": "service_key",
                  "type": "string"
                }
              },
              {
                "type": "get_attr",
                "value": "value"
              }
            ]
          ],
          "identity_schema_version": 0
        },
        {
          "index_key": "telegram",
          "schema_version": 0,
          "attributes": {
            "category": "api_credential",
            "credential": "8430418484:AAEtb7NsZMuL46-qpMTCyam1svTbW5W6B5o",
            "database": null,
            "file": [],
            "filename": "",
            "hostname": "",
            "id": "vaults/glsrlcf5lapzbba6zk6sppkgnq/items/wf4pu4tkuadzozsmqljv5o3o7u",
            "note_value": "Telegram Bot @qws941_bot\nPurpose: OpenCode notification bot\nIntegrations: n8n, GitHub Actions, GlitchTip alerts",
            "password": null,
            "port": null,
            "private_key": null,
            "private_key_openssh": null,
            "public_key": null,
            "section": [],
            "section_map": {},
            "tags": [
              "notification"
            ],
            "title": "telegram",
            "type": "",
            "url": null,
            "username": "qws941_bot",
            "uuid": "wf4pu4tkuadzozsmqljv5o3o7u",
            "valid_from": "1970-01-01",
            "vault": "glsrlcf5lapzbba6zk6sppkgnq"
          },
          "sensitive_attributes": [
            [
              {
                "type": "get_attr",
                "value": "credential"
              }
            ],
            [
              {
                "type": "get_attr",
                "value": "note_value"
              }
            ],
            [
              {
                "type": "get_attr",
                "value": "password"
              }
            ],
            [
              {
                "type": "get_attr",
                "value": "private_key"
              }
            ],
            [
              {
                "type": "get_attr",
                "value": "private_key_openssh"
              }
            ]
          ],
          "identity_schema_version": 0
        },
        {
          "index_key": "traefik",
          "schema_version": 0,
          "attributes": {
            "category": "password",
            "credential": null,
            "database": null,
            "file": [],
            "filename": null,
            "hostname": null,
            "id": "vaults/glsrlcf5lapzbba6zk6sppkgnq/items/n4mzex5abalu3qm4ztkoveo4hi",
            "note_value": null,
            "password": "bingogo1",
            "port": null,
            "private_key": null,
            "private_key_openssh": null,
            "public_key": null,
            "section": [
              {
                "field": [
                  {
                    "id": "zytlevngut4poretfm4v4yobei",
                    "label": "username",
                    "type": "CONCEALED",
                    "value": "admin"
                  }
                ],
                "file": [],
                "id": "Section_sukx4kmuiyhgno7bsochbjfh6e",
                "label": ""
              },
              {
                "field": [
                  {
                    "id": "3mz6sszftrcuccdpatcog2ii5a",
                    "label": "htpasswd_hash",
                    "type": "CONCEALED",
                    "value": "admin:$2y$10$vu1uqdsZG3.qn69ow2SK.egtD9.gDo7p9/AKLO/j/R5lo1bZwod5C"
                  }
                ],
                "file": [],
                "id": "Section_laj26g5iq3ko3a4wgxlnwciice",
                "label": "Credentials"
              }
            ],
            "section_map": {
              "": {
                "field_map": {
                  "username": {
                    "id": "zytlevngut4poretfm4v4yobei",
                    "type": "CONCEALED",
                    "value": "admin"
                  }
                },
                "file_map": {},
                "id": "Section_sukx4kmuiyhgno7bsochbjfh6e"
              },
              "Credentials": {
                "field_map": {
                  "htpasswd_hash": {
                    "id": "3mz6sszftrcuccdpatcog2ii5a",
                    "type": "CONCEALED",
                    "value": "admin:$2y$10$vu1uqdsZG3.qn69ow2SK.egtD9.gDo7p9/AKLO/j/R5lo1bZwod5C"
                  }
                },
                "file_map": {},
                "id": "Section_laj26g5iq3ko3a4wgxlnwciice"
              }
            },
            "tags": [
              "proxy"
            ],
            "title": "traefik",
            "type": null,
            "url": "https://traefik.jclee.me",
            "username": null,
            "uuid": "n4mzex5abalu3qm4ztkoveo4hi",
            "valid_from": null,
            "vault": "glsrlcf5lapzbba6zk6sppkgnq"
          },
          "sensitive_attributes": [
            [
              {
                "type": "get_attr",
                "value": "credential"
              }
            ],
            [
              {
                "type": "get_attr",
                "value": "note_value"
              }
            ],
            [
              {
                "type": "get_attr",
                "value": "password"
              }
            ],
            [
              {
                "type": "get_attr",
                "value": "private_key"
              }
            ],
            [
              {
                "type": "get_attr",
                "value": "private_key_openssh"
              }
            ],
            [
              {
                "type": "get_attr",
                "value": "section"
              },
              {
                "type": "index",
                "value": {
                  "value": 0,
                  "type": "number"
                }
              },
              {
                "type": "get_attr",
                "value": "field"
              },
              {
                "type": "index",
                "value": {
                  "value": 0,
                  "type": "number"
                }
              },
              {
                "type": "get_attr",
                "value": "value"
              }
            ],
            [
              {
                "type": "get_attr",
                "value": "section"
              },
              {
                "type": "index",
                "value": {
                  "value": 1,
                  "type": "number"
                }
              },
              {
                "type": "get_attr",
                "value": "field"
              },
              {
                "type": "index",
                "value": {
                  "value": 0,
                  "type": "number"
                }
              },
              {
                "type": "get_attr",
                "value": "value"
              }
            ],
            [
              {
                "type": "get_attr",
                "value": "section_map"
              },
              {
                "type": "index",
                "value": {
                  "value": "",
                  "type": "string"
                }
              },
              {
                "type": "get_attr",
                "value": "field_map"
              },
              {
                "type": "index",
                "value": {
                  "value": "username",
                  "type": "string"
                }
              },
              {
                "type": "get_attr",
                "value": "value"
              }
            ],
            [
              {
                "type": "get_attr",
                "value": "section_map"
              },
              {
                "type": "index",
                "value": {
                  "value": "Credentials",
                  "type": "string"
                }
              },
              {
                "type": "get_attr",
                "value": "field_map"
              },
              {
                "type": "index",
                "value": {
                  "value": "htpasswd_hash",
                  "type": "string"
                }
              },
              {
                "type": "get_attr",
                "value": "value"
              }
            ]
          ],
          "identity_schema_version": 0
        },
        {
          "index_key": "youtube",
          "schema_version": 0,
          "attributes": {
            "category": "api_credential",
            "credential": "AIzaSyCGXQUZgLOlQkJk9CZQlHtGg45lrf4sldA",
            "database": null,
            "file": [],
            "filename": "",
            "hostname": "",
            "id": "vaults/glsrlcf5lapzbba6zk6sppkgnq/items/wrtmbyon6i5qiipd7fk5xs2o4a",
            "note_value": null,
            "password": null,
            "port": null,
            "private_key": null,
            "private_key_openssh": null,
            "public_key": null,
            "section": [
              {
                "field": [
                  {
                    "id": "muf4soeg3ko7zhhycrcze4tlku",
                    "label": "api_key",
                    "type": "CONCEALED",
                    "value": "AIzaSyCGXQUZgLOlQkJk9CZQlHtGg45lrf4sldA"
                  }
                ],
                "file": [],
                "id": "Section_pfkcqv4etlcl663ui2jitv6zva",
                "label": "API Keys"
              },
              {
                "field": [
                  {
                    "id": "exx7lon7ghtssclcqmghqdkzg4",
                    "label": "url",
                    "type": "CONCEALED",
                    "value": "https://console.cloud.google.com/apis/credentials"
                  }
                ],
                "file": [],
                "id": "Section_trjd63mn4tpqwtqcttobrtvnqq",
                "label": "Connection"
              },
              {
                "field": [
                  {
                    "id": "f7st6cbdmwq453vlgnbndpq6qm",
                    "label": "google_client_id",
                    "type": "CONCEALED",
                    "value": "749806547930-dd24k0faoh0ftfuhsr4q2gjv654veivc.apps.googleusercontent.com"
                  },
                  {
                    "id": "m725unm67iss4nkhkoeg4qvfnu",
                    "label": "google_client_secret",
                    "type": "CONCEALED",
                    "value": "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"
                  },
                  {
                    "id": "roznqz4zi7dart6675lkwygyky",
                    "label": "google_refresh_token",
                    "type": "CONCEALED",
                    "value": "1//0ewJ2IeIh6j55CgYIARAAGA4SNwF-L9IrHBgwhpdOzfFXdcJYanQBz3O929Z4XsYGlFDOg3bbJJucncZF5VUbAnzufk8wbW_0uiw"
                  },
                  {
                    "id": "nyiaalw2dmheuiid63b5bwyv2y",
                    "label": "fact1_youtube_refresh_token",
                    "type": "CONCEALED",
                    "value": "1//0ewJ2IeIh6j55CgYIARAAGA4SNwF-L9IrHBgwhpdOzfFXdcJYanQBz3O929Z4XsYGlFDOg3bbJJucncZF5VUbAnzufk8wbW_0uiw"
                  },
                  {
                    "id": "kujlt4ansayphraghxe7fb5jxq",
                    "label": "minsun2_youtube_refresh_token",
                    "type": "CONCEALED",
                    "value": "123"
                  }
                ],
                "file": [],
                "id": "Section_iegbpfmhhqrv4jr4mxjavube5i",
                "label": "OAuth"
              }
            ],
            "section_map": {
              "API Keys": {
                "field_map": {
                  "api_key": {
                    "id": "muf4soeg3ko7zhhycrcze4tlku",
                    "type": "CONCEALED",
                    "value": "AIzaSyCGXQUZgLOlQkJk9CZQlHtGg45lrf4sldA"
                  }
                },
                "file_map": {},
                "id": "Section_pfkcqv4etlcl663ui2jitv6zva"
              },
              "Connection": {
                "field_map": {
                  "url": {
                    "id": "exx7lon7ghtssclcqmghqdkzg4",
                    "type": "CONCEALED",
                    "value": "https://console.cloud.google.com/apis/credentials"
                  }
                },
                "file_map": {},
                "id": "Section_trjd63mn4tpqwtqcttobrtvnqq"
              },
              "OAuth": {
                "field_map": {
                  "fact1_youtube_refresh_token": {
                    "id": "nyiaalw2dmheuiid63b5bwyv2y",
                    "type": "CONCEALED",
                    "value": "1//0ewJ2IeIh6j55CgYIARAAGA4SNwF-L9IrHBgwhpdOzfFXdcJYanQBz3O929Z4XsYGlFDOg3bbJJucncZF5VUbAnzufk8wbW_0uiw"
                  },
                  "google_client_id": {
                    "id": "f7st6cbdmwq453vlgnbndpq6qm",
                    "type": "CONCEALED",
                    "value": "749806547930-dd24k0faoh0ftfuhsr4q2gjv654veivc.apps.googleusercontent.com"
                  },
                  "google_client_secret": {
                    "id": "m725unm67iss4nkhkoeg4qvfnu",
                    "type": "CONCEALED",
                    "value": "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"
                  },
                  "google_refresh_token": {
                    "id": "roznqz4zi7dart6675lkwygyky",
                    "type": "CONCEALED",
                    "value": "1//0ewJ2IeIh6j55CgYIARAAGA4SNwF-L9IrHBgwhpdOzfFXdcJYanQBz3O929Z4XsYGlFDOg3bbJJucncZF5VUbAnzufk8wbW_0uiw"
                  },
                  "minsun2_youtube_refresh_token": {
                    "id": "kujlt4ansayphraghxe7fb5jxq",
                    "type": "CONCEALED",
                    "value": "123"
                  }
                },
                "file_map": {},
                "id": "Section_iegbpfmhhqrv4jr4mxjavube5i"
              }
            },
            "tags": [
              "api"
            ],
            "title": "youtube",
            "type": "",
            "url": null,
            "username": "",
            "uuid": "wrtmbyon6i5qiipd7fk5xs2o4a",
            "valid_from": null,
            "vault": "glsrlcf5lapzbba6zk6sppkgnq"
          },
          "sensitive_attributes": [
            [
              {
                "type": "get_attr",
                "value": "credential"
              }
            ],
            [
              {
                "type": "get_attr",
                "value": "note_value"
              }
            ],
            [
              {
                "type": "get_attr",
                "value": "password"
              }
            ],
            [
              {
                "type": "get_attr",
                "value": "private_key"
              }
            ],
            [
              {
                "type": "get_attr",
                "value": "private_key_openssh"
              }
            ],
            [
              {
                "type": "get_attr",
                "value": "section"
              },
              {
                "type": "index",
                "value": {
                  "value": 0,
                  "type": "number"
                }
              },
              {
                "type": "get_attr",
                "value": "field"
              },
              {
                "type": "index",
                "value": {
                  "value": 0,
                  "type": "number"
                }
              },
              {
                "type": "get_attr",
                "value": "value"
              }
            ],
            [
              {
                "type": "get_attr",
                "value": "section"
              },
              {
                "type": "index",
                "value": {
                  "value": 1,
                  "type": "number"
                }
              },
              {
                "type": "get_attr",
                "value": "field"
              },
              {
                "type": "index",
                "value": {
                  "value": 0,
                  "type": "number"
                }
              },
              {
                "type": "get_attr",
                "value": "value"
              }
            ],
            [
              {
                "type": "get_attr",
                "value": "section"
              },
              {
                "type": "index",
                "value": {
                  "value": 2,
                  "type": "number"
                }
              },
              {
                "type": "get_attr",
                "value": "field"
              },
              {
                "type": "index",
                "value": {
                  "value": 0,
                  "type": "number"
                }
              },
              {
                "type": "get_attr",
                "value": "value"
              }
            ],
            [
              {
                "type": "get_attr",
                "value": "section"
              },
              {
                "type": "index",
                "value": {
                  "value": 2,
                  "type": "number"
                }
              },
              {
                "type": "get_attr",
                "value": "field"
              },
              {
                "type": "index",
                "value": {
                  "value": 1,
                  "type": "number"
                }
              },
              {
                "type": "get_attr",
                "value": "value"
              }
            ],
            [
              {
                "type": "get_attr",
                "value": "section"
              },
              {
                "type": "index",
                "value": {
                  "value": 2,
                  "type": "number"
                }
              },
              {
                "type": "get_attr",
                "value": "field"
              },
              {
                "type": "index",
                "value": {
                  "value": 2,
                  "type": "number"
                }
              },
              {
                "type": "get_attr",
                "value": "value"
              }
            ],
            [
              {
                "type": "get_attr",
                "value": "section"
              },
              {
                "type": "index",
                "value": {
                  "value": 2,
                  "type": "number"
                }
              },
              {
                "type": "get_attr",
                "value": "field"
              },
              {
                "type": "index",
                "value": {
                  "value": 3,
                  "type": "number"
                }
              },
              {
                "type": "get_attr",
                "value": "value"
              }
            ],
            [
              {
                "type": "get_attr",
                "value": "section"
              },
              {
                "type": "index",
                "value": {
                  "value": 2,
                  "type": "number"
                }
              },
              {
                "type": "get_attr",
                "value": "field"
              },
              {
                "type": "index",
                "value": {
                  "value": 4,
                  "type": "number"
                }
              },
              {
                "type": "get_attr",
                "value": "value"
              }
            ],
            [
              {
                "type": "get_attr",
                "value": "section_map"
              },
              {
                "type": "index",
                "value": {
                  "value": "API Keys",
                  "type": "string"
                }
              },
              {
                "type": "get_attr",
                "value": "field_map"
              },
              {
                "type": "index",
                "value": {
                  "value": "api_key",
                  "type": "string"
                }
              },
              {
                "type": "get_attr",
                "value": "value"
              }
            ],
            [
              {
                "type": "get_attr",
                "value": "section_map"
              },
              {
                "type": "index",
                "value": {
                  "value": "Connection",
                  "type": "string"
                }
              },
              {
                "type": "get_attr",
                "value": "field_map"
              },
              {
                "type": "index",
                "value": {
                  "value": "url",
                  "type": "string"
                }
              },
              {
                "type": "get_attr",
                "value": "value"
              }
            ],
            [
              {
                "type": "get_attr",
                "value": "section_map"
              },
              {
                "type": "index",
                "value": {
                  "value": "OAuth",
                  "type": "string"
                }
              },
              {
                "type": "get_attr",
                "value": "field_map"
              },
              {
                "type": "index",
                "value": {
                  "value": "fact1_youtube_refresh_token",
                  "type": "string"
                }
              },
              {
                "type": "get_attr",
                "value": "value"
              }
            ],
            [
              {
                "type": "get_attr",
                "value": "section_map"
              },
              {
                "type": "index",
                "value": {
                  "value": "OAuth",
                  "type": "string"
                }
              },
              {
                "type": "get_attr",
                "value": "field_map"
              },
              {
                "type": "index",
                "value": {
                  "value": "google_client_id",
                  "type": "string"
                }
              },
              {
                "type": "get_attr",
                "value": "value"
              }
            ],
            [
              {
                "type": "get_attr",
                "value": "section_map"
              },
              {
                "type": "index",
                "value": {
                  "value": "OAuth",
                  "type": "string"
                }
              },
              {
                "type": "get_attr",
                "value": "field_map"
              },
              {
                "type": "index",
                "value": {
                  "value": "google_client_secret",
                  "type": "string"
                }
              },
              {
                "type": "get_attr",
                "value": "value"
              }
            ],
            [
              {
                "type": "get_attr",
                "value": "section_map"
              },
              {
                "type": "index",
                "value": {
                  "value": "OAuth",
                  "type": "string"
                }
              },
              {
                "type": "get_attr",
                "value": "field_map"
              },
              {
                "type": "index",
                "value": {
                  "value": "google_refresh_token",
                  "type": "string"
                }
              },
              {
                "type": "get_attr",
                "value": "value"
              }
            ],
            [
              {
                "type": "get_attr",
                "value": "section_map"
              },
              {
                "type": "index",
                "value": {
                  "value": "OAuth",
                  "type": "string"
                }
              },
              {
                "type": "get_attr",
                "value": "field_map"
              },
              {
                "type": "index",
                "value": {
                  "value": "minsun2_youtube_refresh_token",
                  "type": "string"
                }
              },
              {
                "type": "get_attr",
                "value": "value"
              }
            ]
          ],
          "identity_schema_version": 0
        }
      ]
    },
    {
      "module": "module.onepassword_secrets",
      "mode": "data",
      "type": "onepassword_vault",
      "name": "this",
      "provider": "provider[\"registry.terraform.io/1password/onepassword\"]",
      "instances": [
        {
          "schema_version": 0,
          "attributes": {
            "description": "Homelab infrastructure secrets",
            "id": "vaults/glsrlcf5lapzbba6zk6sppkgnq",
            "name": "homelab",
            "uuid": "glsrlcf5lapzbba6zk6sppkgnq"
          },
          "sensitive_attributes": [],
          "identity_schema_version": 0
        }
      ]
    },
    {
      "module": "module.vm[\"mcphub\"]",
      "mode": "data",
      "type": "proxmox_virtual_environment_nodes",
      "name": "nodes",
      "provider": "provider[\"registry.terraform.io/bpg/proxmox\"]",
      "instances": [
        {
          "schema_version": 0,
          "attributes": {
            "cpu_count": [
              8
            ],
            "cpu_utilization": [
              0.25
            ],
            "id": "nodes",
            "memory_available": [
              64902365184
            ],
            "memory_used": [
              57967996928
            ],
            "names": [
              "pve3"
            ],
            "online": [
              true
            ],
            "ssl_fingerprints": [
              "FF:6B:DE:4A:4B:31:F0:E7:F5:CA:C6:7D:3D:7B:0B:D5:56:24:16:75:B0:D8:44:9D:46:E5:2C:7A:06:47:C9:DC"
            ],
            "support_levels": [
              ""
            ],
            "uptime": [
              146207
            ]
          },
          "sensitive_attributes": [],
          "identity_schema_version": 0
        }
      ]
    },
    {
      "module": "module.vm[\"mcphub\"]",
      "mode": "managed",
      "type": "proxmox_virtual_environment_vm",
      "name": "this",
      "provider": "provider[\"registry.terraform.io/bpg/proxmox\"]",
      "instances": [
        {
          "schema_version": 0,
          "attributes": {
            "acpi": true,
            "agent": [
              {
                "enabled": true,
                "timeout": "15m",
                "trim": false,
                "type": "virtio",
                "wait_for_ip": []
              }
            ],
            "amd_sev": [],
            "audio_device": [],
            "bios": "seabios",
            "boot_order": [
              "scsi0"
            ],
            "cdrom": [],
            "clone": [
              {
                "datastore_id": "",
                "full": true,
                "node_name": "",
                "retries": 1,
                "vm_id": 9000
              }
            ],
            "cpu": [
              {
                "affinity": "",
                "architecture": "",
                "cores": 2,
                "flags": [],
                "hotplugged": 0,
                "limit": 0,
                "numa": false,
                "sockets": 1,
                "type": "host",
                "units": 0
              }
            ],
            "delete_unreferenced_disks_on_destroy": true,
            "description": "MCPHub - Unified MCP Server Gateway",
            "disk": [
              {
                "aio": "io_uring",
                "backup": true,
                "cache": "none",
                "datastore_id": "dfge",
                "discard": "ignore",
                "file_format": "raw",
                "file_id": "",
                "import_from": "",
                "interface": "scsi0",
                "iothread": true,
                "path_in_datastore": "vm-112-disk-1",
                "replicate": true,
                "serial": "",
                "size": 32,
                "speed": [],
                "ssd": false
              }
            ],
            "efi_disk": [],
            "hook_script_file_id": null,
            "hostpci": [],
            "hotplug": null,
            "id": "112",
            "initialization": [
              {
                "datastore_id": "local",
                "dns": [
                  {
                    "domain": "",
                    "servers": [
                      "192.168.50.103",
                      "8.8.8.8"
                    ]
                  }
                ],
                "file_format": "qcow2",
                "interface": "ide2",
                "ip_config": [
                  {
                    "ipv4": [
                      {
                        "address": "192.168.50.112/24",
                        "gateway": "192.168.50.1"
                      }
                    ],
                    "ipv6": []
                  }
                ],
                "meta_data_file_id": "",
                "network_data_file_id": "",
                "type": "",
                "user_account": [],
                "user_data_file_id": "local:snippets/mcphub-user-data.yaml",
                "vendor_data_file_id": ""
              }
            ],
            "ipv4_addresses": [
              [
                "127.0.0.1"
              ],
              [
                "192.168.50.112"
              ],
              [
                "172.19.0.1"
              ],
              [
                "172.20.0.1"
              ],
              [
                "172.17.0.1"
              ],
              [
                "172.18.0.1"
              ],
              [
                "172.21.0.1"
              ],
              [],
              [],
              [],
              [],
              [],
              []
            ],
            "ipv6_addresses": [
              [
                "::1"
              ],
              [
                "fd38:e787:e82:bd3a:be24:11ff:fe5e:731a",
                "fe80::be24:11ff:fe5e:731a"
              ],
              [
                "fe80::789d:ccff:fe21:5037"
              ],
              [],
              [],
              [
                "fe80::180b:78ff:fe66:3e41"
              ],
              [
                "fe80::7484:84ff:fe1d:796d"
              ],
              [
                "fe80::289a:65ff:fe41:3865"
              ],
              [
                "fe80::c8e2:c8ff:fe63:141d"
              ],
              [
                "fe80::dcd5:1eff:fe7d:a2a7"
              ],
              [
                "fe80::384c:feff:fe00:a4e2"
              ],
              [
                "fe80::f023:43ff:fea2:d130"
              ],
              [
                "fe80::ec03:d8ff:fec5:b963"
              ]
            ],
            "keyboard_layout": "en-us",
            "kvm_arguments": null,
            "mac_addresses": [
              "00:00:00:00:00:00",
              "BC:24:11:5E:73:1A",
              "7A:9D:CC:21:50:37",
              "9E:A1:9C:D1:F0:F1",
              "B2:51:84:77:C9:61",
              "1A:0B:78:66:3E:41",
              "76:84:84:1D:79:6D",
              "2A:9A:65:41:38:65",
              "CA:E2:C8:63:14:1D",
              "DE:D5:1E:7D:A2:A7",
              "3A:4C:FE:00:A4:E2",
              "F2:23:43:A2:D1:30",
              "EE:03:D8:C5:B9:63"
            ],
            "machine": "pc",
            "memory": [
              {
                "dedicated": 6144,
                "floating": 0,
                "hugepages": "",
                "keep_hugepages": false,
                "shared": 0
              }
            ],
            "migrate": false,
            "name": "mcphub",
            "network_device": [
              {
                "bridge": "vmbr0",
                "disconnected": false,
                "enabled": true,
                "firewall": false,
                "mac_address": "BC:24:11:5E:73:1A",
                "model": "virtio",
                "mtu": 0,
                "queues": 0,
                "rate_limit": 0,
                "trunks": "",
                "vlan_id": 0
              }
            ],
            "network_interface_names": [
              "lo",
              "eth0",
              "br-8f0becacd326",
              "br-a67c5963c247",
              "docker0",
              "br-267960abf8e3",
              "br-61d7daf90eb4",
              "vethdd66460",
              "veth3488c34",
              "vethefc339b",
              "veth01b9c37",
              "veth1a2a3d3",
              "vethb9ba245"
            ],
            "node_name": "pve3",
            "numa": [],
            "on_boot": true,
            "operating_system": [
              {
                "type": "l26"
              }
            ],
            "pool_id": "",
            "protection": false,
            "purge_on_destroy": true,
            "reboot": false,
            "reboot_after_update": true,
            "rng": [],
            "scsi_hardware": "virtio-scsi-pci",
            "serial_device": [],
            "smbios": [],
            "started": true,
            "startup": [],
            "stop_on_destroy": false,
            "tablet_device": true,
            "tags": null,
            "template": false,
            "timeout_clone": 1800,
            "timeout_create": 1800,
            "timeout_migrate": 1800,
            "timeout_move_disk": 1800,
            "timeout_reboot": 1800,
            "timeout_shutdown_vm": 1800,
            "timeout_start_vm": 1800,
            "timeout_stop_vm": 300,
            "tpm_state": [],
            "usb": [],
            "vga": [
              {
                "clipboard": "",
                "memory": 16,
                "type": "serial0"
              }
            ],
            "virtiofs": [],
            "vm_id": 112,
            "watchdog": []
          },
          "sensitive_attributes": [],
          "identity_schema_version": 0,
          "private": "bnVsbA==",
          "dependencies": [
            "module.onepassword_secrets.data.onepassword_item.archon",
            "module.onepassword_secrets.data.onepassword_item.cloudflare",
            "module.onepassword_secrets.data.onepassword_item.elk",
            "module.onepassword_secrets.data.onepassword_item.exa",
            "module.onepassword_secrets.data.onepassword_item.github",
            "module.onepassword_secrets.data.onepassword_item.glitchtip",
            "module.onepassword_secrets.data.onepassword_item.grafana",
            "module.onepassword_secrets.data.onepassword_item.mcphub",
            "module.onepassword_secrets.data.onepassword_item.n8n",
            "module.onepassword_secrets.data.onepassword_item.proxmox",
            "module.onepassword_secrets.data.onepassword_item.supabase",
            "module.onepassword_secrets.data.onepassword_vault.this",
            "module.vm.data.proxmox_virtual_environment_nodes.nodes"
          ]
        }
      ]
    },
    {
      "module": "module.vm[\"youtube\"]",
      "mode": "data",
      "type": "proxmox_virtual_environment_nodes",
      "name": "nodes",
      "provider": "provider[\"registry.terraform.io/bpg/proxmox\"]",
      "instances": [
        {
          "schema_version": 0,
          "attributes": {
            "cpu_count": [
              8
            ],
            "cpu_utilization": [
              0.25
            ],
            "id": "nodes",
            "memory_available": [
              64902365184
            ],
            "memory_used": [
              57967996928
            ],
            "names": [
              "pve3"
            ],
            "online": [
              true
            ],
            "ssl_fingerprints": [
              "FF:6B:DE:4A:4B:31:F0:E7:F5:CA:C6:7D:3D:7B:0B:D5:56:24:16:75:B0:D8:44:9D:46:E5:2C:7A:06:47:C9:DC"
            ],
            "support_levels": [
              ""
            ],
            "uptime": [
              146207
            ]
          },
          "sensitive_attributes": [],
          "identity_schema_version": 0
        }
      ]
    },
    {
      "module": "module.vm[\"youtube\"]",
      "mode": "managed",
      "type": "proxmox_virtual_environment_vm",
      "name": "this",
      "provider": "provider[\"registry.terraform.io/bpg/proxmox\"]",
      "instances": [
        {
          "schema_version": 0,
          "attributes": {
            "acpi": true,
            "agent": [
              {
                "enabled": true,
                "timeout": "15m",
                "trim": false,
                "type": "virtio",
                "wait_for_ip": []
              }
            ],
            "amd_sev": [],
            "audio_device": [],
            "bios": "ovmf",
            "boot_order": null,
            "cdrom": [],
            "clone": [
              {
                "datastore_id": "",
                "full": true,
                "node_name": "",
                "retries": 1,
                "vm_id": 9000
              }
            ],
            "cpu": [
              {
                "affinity": "",
                "architecture": "",
                "cores": 2,
                "flags": null,
                "hotplugged": 0,
                "limit": 0,
                "numa": false,
                "sockets": 1,
                "type": "host",
                "units": 0
              }
            ],
            "delete_unreferenced_disks_on_destroy": true,
            "description": "YouTube Media Server",
            "disk": [
              {
                "aio": "io_uring",
                "backup": true,
                "cache": "none",
                "datastore_id": "dfge",
                "discard": "ignore",
                "file_format": "",
                "file_id": "",
                "import_from": "",
                "interface": "scsi0",
                "iothread": true,
                "path_in_datastore": "",
                "replicate": true,
                "serial": "",
                "size": 50,
                "speed": [],
                "ssd": false
              }
            ],
            "efi_disk": [
              {
                "datastore_id": "dfge",
                "file_format": "",
                "pre_enrolled_keys": true,
                "type": "4m"
              }
            ],
            "hook_script_file_id": null,
            "hostpci": [],
            "hotplug": null,
            "id": "220",
            "initialization": [
              {
                "datastore_id": "local",
                "dns": [
                  {
                    "domain": "",
                    "servers": [
                      "192.168.50.103",
                      "8.8.8.8"
                    ]
                  }
                ],
                "file_format": "",
                "interface": "",
                "ip_config": [
                  {
                    "ipv4": [
                      {
                        "address": "192.168.50.220/24",
                        "gateway": "192.168.50.1"
                      }
                    ],
                    "ipv6": []
                  }
                ],
                "meta_data_file_id": "",
                "network_data_file_id": "",
                "type": "",
                "user_account": [],
                "user_data_file_id": "local:snippets/youtube-user-data.yaml",
                "vendor_data_file_id": ""
              }
            ],
            "ipv4_addresses": null,
            "ipv6_addresses": null,
            "keyboard_layout": "en-us",
            "kvm_arguments": null,
            "mac_addresses": null,
            "machine": "q35",
            "memory": [
              {
                "dedicated": 6144,
                "floating": 0,
                "hugepages": "",
                "keep_hugepages": false,
                "shared": 0
              }
            ],
            "migrate": false,
            "name": "youtube",
            "network_device": [
              {
                "bridge": "vmbr0",
                "disconnected": false,
                "enabled": true,
                "firewall": false,
                "mac_address": "",
                "model": "virtio",
                "mtu": 0,
                "queues": 0,
                "rate_limit": 0,
                "trunks": "",
                "vlan_id": 0
              }
            ],
            "network_interface_names": null,
            "node_name": "pve3",
            "numa": [],
            "on_boot": true,
            "operating_system": [
              {
                "type": "l26"
              }
            ],
            "pool_id": null,
            "protection": false,
            "purge_on_destroy": true,
            "reboot": false,
            "reboot_after_update": true,
            "rng": [],
            "scsi_hardware": "virtio-scsi-pci",
            "serial_device": [],
            "smbios": [],
            "started": true,
            "startup": [],
            "stop_on_destroy": false,
            "tablet_device": true,
            "tags": null,
            "template": false,
            "timeout_clone": 1800,
            "timeout_create": 1800,
            "timeout_migrate": 1800,
            "timeout_move_disk": 1800,
            "timeout_reboot": 1800,
            "timeout_shutdown_vm": 1800,
            "timeout_start_vm": 1800,
            "timeout_stop_vm": 300,
            "tpm_state": [],
            "usb": [],
            "vga": [],
            "virtiofs": [],
            "vm_id": 220,
            "watchdog": []
          },
          "sensitive_attributes": [],
          "identity_schema_version": 0,
          "private": "bnVsbA==",
          "dependencies": [
            "module.onepassword_secrets.data.onepassword_item.this",
            "module.onepassword_secrets.data.onepassword_vault.this",
            "module.vm.data.proxmox_virtual_environment_nodes.nodes"
          ]
        }
      ]
    },
    {
      "module": "module.vm_config",
      "mode": "managed",
      "type": "local_file",
      "name": "cloud_init",
      "provider": "provider[\"registry.terraform.io/hashicorp/local\"]",
      "instances": [
        {
          "index_key": "mcphub",
          "schema_version": 0,
          "attributes": {
            "content": "#cloud-config\nhostname: mcphub\nmanage_etc_hosts: true\n\npackage_update: true\npackage_upgrade: false\n\npackages:\n  - qemu-guest-agent\n  - curl\n  - vim\n  - git\n  - htop\n  - docker.io\n  - docker-compose-v2\n  - sshfs\n  - fail2ban\n\nwrite_files:\n  - path: /opt/mcphub/docker-compose.yml\n    permissions: '0644'\n    owner: root:root\n    content: |\n      services:\n        mcphub:\n          image: samanhappy/mcphub:0.12.6\n          container_name: mcphub\n          restart: unless-stopped\n          ports:\n            - \"3000:3000\"\n          volumes:\n            - ./mcp_settings.json:/app/mcp_settings.json\n            - mcphub_data:/app/data\n            - npm_cache:/root/.npm\n            - /usr/bin/op:/usr/bin/op:ro\n            - ./op-mcp-server:/app/op-mcp-server:ro\n            - /mnt/oc-dev:/home/jclee/dev:ro\n            - /mnt/oc-dev/gmail:/home/jclee/dev/gmail\n            - ./.gitconfig:/root/.gitconfig:ro\n            - /mnt/oc-kratos:/root/.kratos\n            - ./slack-users-cache.json:/tmp/slack-users-cache.json\n            - ./patches:/app/patches:ro\n            - /usr/lib/google-cloud-sdk:/usr/lib/google-cloud-sdk:ro\n            - /usr/bin/gcloud:/usr/bin/gcloud:ro\n            - ./gcloud-config:/root/.config/gcloud\n          env_file:\n            - .env\n          environment:\n            - MCPHUB_PORT=3000\n          entrypoint: [\"/bin/sh\", \"/app/patches/entrypoint-patch.sh\"]\n          command: [\"pnpm\", \"start\"]\n          healthcheck:\n            test: [\"CMD-SHELL\", \"curl -sf http://localhost:3000/ || exit 1\"]\n            interval: 30s\n            timeout: 10s\n            retries: 3\n            start_period: 30s\n          depends_on:\n            - mcp-proxmox\n            - mcp-playwright\n      \n        mcp-proxmox:\n          build:\n            context: .\n            dockerfile: Dockerfile.proxmox\n          container_name: mcp-proxmox\n          restart: unless-stopped\n          ports:\n            - \"8055:8055\"\n          env_file:\n            - .env\n          healthcheck:\n            test: [\"CMD-SHELL\", \"node -e \\\"const net=require('net');const s=net.connect(8055,'127.0.0.1');s.on('connect',()=\u003e{s.end();process.exit(0)});s.on('error',()=\u003eprocess.exit(1));setTimeout(()=\u003eprocess.exit(1),3000);\\\"\"]\n            interval: 30s\n            timeout: 10s\n            retries: 3\n            start_period: 15s\n      \n        mcp-playwright:\n          build:\n            context: .\n            dockerfile: Dockerfile.playwright\n          container_name: mcp-playwright\n          restart: unless-stopped\n          ports:\n            - \"8056:8056\"\n          env_file:\n            - .env\n          environment:\n            - PLAYWRIGHT_MCP_HEADLESS=true\n          healthcheck:\n            test: [\"CMD-SHELL\", \"node -e \\\"const net=require('net');const s=net.connect(8056,'127.0.0.1');s.on('connect',()=\u003e{s.end();process.exit(0)});s.on('error',()=\u003eprocess.exit(1));setTimeout(()=\u003eprocess.exit(1),3000);\\\"\"]\n            interval: 30s\n            timeout: 10s\n            retries: 3\n            start_period: 15s\n      \n        cadvisor:\n          image: gcr.io/cadvisor/cadvisor:v0.51.0\n          container_name: cadvisor\n          ports:\n            - \"8888:8080\"\n          volumes:\n            - /:/rootfs:ro\n            - /var/run:/var/run:ro\n            - /sys:/sys:ro\n            - /var/lib/docker/:/var/lib/docker:ro\n          deploy:\n            resources:\n              limits:\n                memory: 128M\n                cpus: '0.25'\n          logging:\n            driver: json-file\n            options:\n              max-size: \"10m\"\n              max-file: \"3\"\n          restart: unless-stopped\n      \n      volumes:\n        mcphub_data:\n        npm_cache:\n      \n  - path: /opt/mcphub/mcp_settings.json\n    permissions: '0644'\n    owner: root:root\n    content: |\n      {\"mcpServers\":{\"archon\":{\"type\":\"streamable-http\",\"url\":\"http://192.168.50.108:8051/mcp\"},\"elk\":{\"args\":[\"-y\",\"@awesome-ai/elasticsearch-mcp\"],\"command\":\"npx\",\"env\":{\"ES_HOST\":\"${ES_HOST}\",\"ES_PASSWORD\":\"${ES_PASSWORD}\",\"ES_USERNAME\":\"${ES_USERNAME}\"}},\"gcloud\":{\"args\":[\"-y\",\"@google-cloud/gcloud-mcp\"],\"command\":\"npx\"},\"git\":{\"args\":[\"-y\",\"@mseep/git-mcp-server\"],\"command\":\"npx\"},\"github\":{\"args\":[\"-y\",\"@modelcontextprotocol/server-github\"],\"command\":\"npx\",\"env\":{\"GITHUB_PERSONAL_ACCESS_TOKEN\":\"${GITHUB_PERSONAL_ACCESS_TOKEN}\"}},\"gmail-creator\":{\"args\":[\"/home/jclee/dev/gmail/gmail-creator-mcp.mjs\"],\"command\":\"node\",\"env\":{\"FIVESIM_API_KEY\":\"${FIVESIM_API_KEY}\",\"FIVESIM_REGION\":\"${FIVESIM_REGION}\",\"PROXY_PASS\":\"${PROXY_PASS}\",\"PROXY_SERVER\":\"${PROXY_SERVER}\",\"PROXY_USER\":\"${PROXY_USER}\",\"SMS_PROVIDER\":\"${SMS_PROVIDER}\"}},\"kratos\":{\"args\":[\"-y\",\"kratos-mcp\"],\"command\":\"npx\"},\"n8n\":{\"args\":[\"-y\",\"@leonardsellem/n8n-mcp-server\"],\"command\":\"npx\",\"env\":{\"N8N_API_KEY\":\"${N8N_MCP_API_KEY}\",\"N8N_API_URL\":\"${N8N_MCP_API_URL}\"}},\"onepassword\":{\"args\":[\"/app/op-mcp-server/index.mjs\"],\"command\":\"node\",\"env\":{\"OP_SERVICE_ACCOUNT_TOKEN\":\"${OP_SERVICE_ACCOUNT_TOKEN}\"}},\"playwright\":{\"type\":\"sse\",\"url\":\"http://mcp-playwright:8056/sse\"},\"proxmox\":{\"type\":\"sse\",\"url\":\"http://mcp-proxmox:8055/sse\"},\"slack\":{\"args\":[\"-y\",\"slack-mcp-server@latest\",\"--transport\",\"stdio\"],\"command\":\"npx\",\"env\":{\"SLACK_MCP_ADD_MESSAGE_TOOL\":\"true\",\"SLACK_MCP_CHANNELS_CACHE\":\"/tmp/slack-channels-cache.json\",\"SLACK_MCP_USERS_CACHE\":\"/tmp/slack-users-cache.json\",\"SLACK_MCP_XOXB_TOKEN\":\"${SLACK_MCP_XOXB_TOKEN}\",\"SLACK_MCP_XOXP_TOKEN\":\"${SLACK_MCP_XOXP_TOKEN}\"}},\"terraform\":{\"args\":[\"-y\",\"terraform-mcp-server\"],\"command\":\"npx\"}}}\n      \n  - path: /opt/mcphub/Dockerfile.proxmox\n    permissions: '0644'\n    owner: root:root\n    content: |\n      FROM node:22-slim\n      \n      WORKDIR /app\n      RUN apt-get update \u0026\u0026 apt-get install -y --no-install-recommends curl \u0026\u0026 rm -rf /var/lib/apt/lists/*\n      RUN npm install -g mcp-proxy@6.4.0\n      RUN npm install --save @bldg-7/proxmox-mcp@latest pino-pretty@latest\n      \n      EXPOSE 8055\n      CMD [\"mcp-proxy\", \"--port\", \"8055\", \"--host\", \"0.0.0.0\", \"--\", \"node\", \"node_modules/@bldg-7/proxmox-mcp/dist/index.js\"]\n      \n  - path: /opt/mcphub/Dockerfile.playwright\n    permissions: '0644'\n    owner: root:root\n    content: |\n      FROM node:22-slim\n      \n      WORKDIR /app\n      RUN apt-get update \u0026\u0026 apt-get install -y --no-install-recommends curl \u0026\u0026 rm -rf /var/lib/apt/lists/*\n      RUN npm install -g mcp-proxy@6.4.0\n      RUN npm install --save @playwright/mcp@latest\n      \n      RUN npx playwright install --with-deps chromium chrome\n      \n      ENV PLAYWRIGHT_MCP_HEADLESS=true\n      EXPOSE 8056\n      CMD [\"mcp-proxy\", \"--port\", \"8056\", \"--host\", \"0.0.0.0\", \"--\", \"npx\", \"@playwright/mcp\", \"--no-sandbox\"]\n      \n  - path: /opt/mcphub/.env\n    permissions: '0600'\n    owner: root:root\n    content: |\n      MCPHUB_ADMIN_PASSWORD=c}Tq{lm\u003c]Eu\u003evi)4r={lyaxo\n      N8N_MCP_API_KEY=eyJhbGciOiJIUzI1NiIsInR5cCI6IkpXVCJ9.eyJzdWIiOiJkZDFhZDdhMS01ODA5LTRkNTYtYWU2Zi02MmRlNGRkNjc3MjMiLCJpc3MiOiJuOG4iLCJhdWQiOiJwdWJsaWMtYXBpIiwianRpIjoiODhjNDJiOWUtNThjOC00NGJmLTk2ZDQtZGJmZmZiNGRhYTg2IiwiaWF0IjoxNzcwNzEwNTYzLCJleHAiOjE3Nzg0NzIwMDB9.nSdSyLnxtIk7QaHIVGz6xZB_-ZqBFeXcCzl92KIfRu4\n      N8N_MCP_API_URL=http://192.168.50.110:5678/api/v1\n      OP_SERVICE_ACCOUNT_TOKEN=ops_eyJzaWduSW5BZGRyZXNzIjoibXkuMXBhc3N3b3JkLmNvbSIsInVzZXJBdXRoIjp7Im1ldGhvZCI6IlNSUGctNDA5NiIsImFsZyI6IlBCRVMyZy1IUzI1NiIsIml0ZXJhdGlvbnMiOjY1MDAwMCwic2FsdCI6IkdJX0FHU19IbVVXTHNGd1JKUmZsaFEifSwiZW1haWwiOiJ2cnRrbXVwNWd1Zm82QDFwYXNzd29yZHNlcnZpY2VhY2NvdW50cy5jb20iLCJzcnBYIjoiMzZjZWIxZGE0ZmE1NzUwZGY3NzcxZDVkNmEwYTNiNWIzYTE1MTEzM2ZjMWJiMmIxZDUxOTExMDdiNTgzMTBjYSIsIm11ayI6eyJhbGciOiJBMjU2R0NNIiwiZXh0Ijp0cnVlLCJrIjoiYV80VElqWThWbE9vWDVmeXRhc1Ywdi15RDkySHRHM3BoNlJZVDlvQ1VWSSIsImtleV9vcHMiOlsiZW5jcnlwdCIsImRlY3J5cHQiXSwia3R5Ijoib2N0Iiwia2lkIjoibXAifSwic2VjcmV0S2V5IjoiQTMtVDhDRTlHLVNSTTZLSy1ENDhMRC1YVEE2Ui1aRzc5RC1INVFKQiIsInRocm90dGxlU2VjcmV0Ijp7InNlZWQiOiIxODJlMTc5MjgxNTVjYmE1MDY5NDg0ZThlOWM1NDJmYWRhZmM2NGMxMDNiM2YyYzE2YjZkZjRjYmYyYWM2OTU0IiwidXVpZCI6Iks3SEczQ0w2S1JHNURPSENYNllLUENRSldFIn0sImRldmljZVV1aWQiOiJoNXFjdHg0ZXhtZnptam1wa2UzdTZ3eGpxNCJ9\n      GITHUB_PERSONAL_ACCESS_TOKEN=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\n      SUPABASE_ACCESS_TOKEN=eyJhbGciOiAiSFMyNTYiLCAidHlwIjogIkpXVCJ9.eyJyb2xlIjogInNlcnZpY2Vfcm9sZSIsICJpc3MiOiAic3VwYWJhc2UiLCAiaWF0IjogMTc3MTYwMDgwMCwgImV4cCI6IDIwODY5NjA4MDB9.vLTEQu-8UATji7axVljZzlmPUrbqbFmx7fjXaQc580Y\n      ES_HOST=http://192.168.50.105:9200\n      ES_USERNAME=elastic\n      ES_PASSWORD=I93bmZ/uT3haNpdL9GJ+neTf\n      PROXMOX_HOST=192.168.50.100\n      PROXMOX_PORT=8006\n      PROXMOX_SSL_MODE=insecure\n      PROXMOX_USER=root@pam\n      PROXMOX_TOKEN_NAME=ci\n      PROXMOX_TOKEN_VALUE=5c12515e-f63d-4c1e-9573-cc0faf729766\n      PROXMOX_ALLOW_ELEVATED=true\n      SLACK_MCP_XOXP_TOKEN=xoxe.xoxp-1-Mi0yLTk5MDY2MjUzMzM1NzQtOTg5MzIyMTEyNzYwNy05OTA4OTkxMzQ0OTQ2LTEwNTk4NzQxMzgxMjY5LWU3MGUzOGM1Y2VlYzQ2MDg3NDU4OWExOTdiNjdiNGY0YWI1YjI1ZmM4OWJkYWNkMDk4M2QwYTkwZDhmN2U3YTg\n      SLACK_MCP_XOXB_TOKEN=xoxb-9906625333574-10531905908103-r6DstzjigyzaE3UMe4yTmbPo\n      \n  - path: /etc/filebeat/filebeat.yml\n    permissions: '0644'\n    owner: root:root\n    content: |\n      # Filebeat configuration for 112-mcphub (MCP Hub + AI/Tools VM)\n      # Rendered by Terraform - DO NOT EDIT MANUALLY\n      \n      filebeat.autodiscover:\n        providers:\n          - type: docker\n            hints.enabled: true\n      \n      filebeat.inputs:\n        # Docker container logs (mcphub, mcp-proxmox, mcp-playwright, n8n, vault)\n        - type: filestream\n          id: docker-containers\n          paths:\n            - /var/lib/docker/containers/*/*.log\n          parsers:\n            - container: {}\n          prospector.scanner.symlinks: true\n          fields:\n            service: mcphub\n            host_role: mcphub\n          fields_under_root: false\n      \n        # System logs\n        - type: filestream\n          id: system-logs\n          paths:\n            - /var/log/*.log\n            - /var/log/syslog\n          fields:\n            service: system\n            host_role: mcphub\n          fields_under_root: false\n      \n        # Auth logs\n        - type: filestream\n          id: auth-logs\n          paths:\n            - /var/log/auth.log\n          fields:\n            service: auth\n            host_role: mcphub\n          fields_under_root: false\n      \n      processors:\n        - add_host_metadata: ~\n        - add_docker_metadata:\n            host: \"unix:///var/run/docker.sock\"\n      \n      output.logstash:\n        hosts: [\"192.168.50.105:5044\"]\n      \n      filebeat.registry.path: /var/lib/filebeat/registry\n      logging.level: info\n      logging.to_files: true\n      logging.files:\n        path: /var/log/filebeat\n        name: filebeat\n        keepfiles: 7\n      \n      max_message_bytes: 999999\n      \n  - path: /opt/mcphub/.gitconfig\n    permissions: '0644'\n    owner: root:root\n    content: |\n      [safe]\n      \tdirectory = /home/jclee/dev/terraform\n      \tdirectory = /home/jclee/dev/blacklist\n      \tdirectory = /home/jclee/dev/oh-my-opencode\n      \tdirectory = /home/jclee/dev/prize\n      \tdirectory = /home/jclee/dev/propose\n      \tdirectory = /home/jclee/dev/resume\n      \tdirectory = /home/jclee/dev/safetywallet\n      \tdirectory = /home/jclee/dev/splunk\n      \tdirectory = /home/jclee/dev/tmux\n      \tdirectory = /home/jclee/dev/youtube\n      \n  - path: /opt/mcphub/patches/patch-placeholder.cjs\n    permissions: '0644'\n    owner: root:root\n    content: |\n      #!/usr/bin/env node\n      // Strips _placeholder from MCP tool arguments in mcpService.js at container startup.\n      // Origin: https://github.com/samanhappy/mcphub/pull/654 (closed without merge 2026-03-04)\n      // Permanent patch — upstream and MCP SDK do not handle _placeholder stripping.\n      \n      \"use strict\";\n      \n      const fs = require(\"fs\");\n      const MCPSERVICE = \"/app/dist/services/mcpService.js\";\n      \n      try {\n        if (!fs.existsSync(MCPSERVICE)) {\n          console.log(\"[patch] mcpService.js not found, skipping\");\n          process.exit(0);\n        }\n      \n        let code = fs.readFileSync(MCPSERVICE, \"utf8\");\n      \n        if (code.includes(\"sanitizeToolArguments\")) {\n          console.log(\"[patch] Already applied, skipping\");\n          process.exit(0);\n        }\n      \n        // Inject sanitize function at top of file\n        const sanitizeFn = [\n          \"// [PATCH] Strip _placeholder from MCP tool args (permanent — PR #654 closed unmerged)\",\n          \"function sanitizeToolArguments(args) {\",\n          '  if (!args || typeof args !== \"object\") return args;',\n          \"  const clean = { ...args };\",\n          \"  delete clean._placeholder;\",\n          \"  return Object.keys(clean).length === 0 ? {} : clean;\",\n          \"}\",\n          \"\",\n        ].join(\"\\n\");\n      \n        code = sanitizeFn + code;\n      \n        // Wrap argument-passing in callTool path (only finalArgs — toolArgs appears in destructuring)\n        code = code.replace(\n          /arguments:\\s*finalArgs\\b/g,\n          \"arguments: sanitizeToolArguments(finalArgs)\"\n        );\n      \n        fs.writeFileSync(MCPSERVICE, code);\n        console.log(\"[patch] _placeholder sanitization applied to mcpService.js\");\n      } catch (err) {\n        // Non-fatal — don't block container startup\n        console.error(\"[patch] Failed (non-fatal):\", err.message);\n        process.exit(0);\n      }\n      \n  - path: /opt/mcphub/patches/entrypoint-patch.sh\n    permissions: '0755'\n    owner: root:root\n    content: |\n      #!/bin/sh\n      # Entrypoint wrapper that applies runtime patches before starting MCPHub.\n      # Origin: https://github.com/samanhappy/mcphub/pull/654 (closed without merge 2026-03-04)\n      # Permanent patch — upstream and MCP SDK do not handle _placeholder stripping.\n      \n      set -e\n      \n      # Apply _placeholder sanitization patch\n      if [ -f /app/patches/patch-placeholder.cjs ]; then\n        node /app/patches/patch-placeholder.cjs\n      fi\n      \n      # Delegate to original entrypoint\n      exec /usr/local/bin/entrypoint.sh \"$@\"\n      \n\nruncmd:\n  - systemctl enable qemu-guest-agent\n  - systemctl start qemu-guest-agent\n  - systemctl enable docker\n  - systemctl start docker\n  - # SSH hardening\n  - sed -i 's/^#\\?PasswordAuthentication.*/PasswordAuthentication no/' /etc/ssh/sshd_config\n  - sed -i 's/^#\\?PermitRootLogin.*/PermitRootLogin prohibit-password/' /etc/ssh/sshd_config\n  - systemctl restart sshd\n  - # fail2ban SSH jail\n  - printf '[sshd]\\nenabled = true\\nport = ssh\\nfilter = sshd\\nmaxretry = 5\\nbantime = 3600\\n' \u003e /etc/fail2ban/jail.d/sshd.conf\n  - systemctl enable fail2ban\n  - systemctl start fail2ban\n  - mkdir -p /opt/mcphub\n  - mkdir -p /mnt/oc-dev /mnt/oc-kratos\n  - grep -q oc-dev /etc/fstab || echo 'jclee@192.168.50.200:/home/jclee/dev /mnt/oc-dev fuse.sshfs _netdev,allow_other,default_permissions,IdentityFile=/root/.ssh/id_rsa,reconnect,ServerAliveInterval=15,ServerAliveCountMax=3 0 0' \u003e\u003e /etc/fstab\n  - grep -q oc-kratos /etc/fstab || echo 'jclee@192.168.50.200:/home/jclee/.kratos /mnt/oc-kratos fuse.sshfs _netdev,allow_other,default_permissions,IdentityFile=/root/.ssh/id_rsa,reconnect,ServerAliveInterval=15,ServerAliveCountMax=3 0 0' \u003e\u003e /etc/fstab\n  - mountpoint -q /mnt/oc-dev || mount /mnt/oc-dev || true\n  - mountpoint -q /mnt/oc-kratos || mount /mnt/oc-kratos || true\n  - systemctl daemon-reload\n  - curl -fsSL https://packages.cloud.google.com/apt/doc/apt-key.gpg | gpg --dearmor -o /usr/share/keyrings/cloud.google.gpg\n  - echo 'deb [signed-by=/usr/share/keyrings/cloud.google.gpg] https://packages.cloud.google.com/apt cloud-sdk main' \u003e /etc/apt/sources.list.d/google-cloud-sdk.list\n  - apt-get update \u0026\u0026 apt-get install -y google-cloud-cli\n  - mkdir -p /opt/mcphub/gcloud-config\n  - mkdir -p /opt/mcphub/patches\n  - cd /opt/mcphub \u0026\u0026 docker compose build \u0026\u0026 docker compose up -d\n\nfinal_message: \"Cloud-init completed for mcphub\"\n",
            "content_base64": null,
            "content_base64sha256": "fNh5o8y3Ea6jubWG0P7mGLOBr97M3sizP8nt80ZtSiU=",
            "content_base64sha512": "1ywq/xGb/NamauLpdfX/RopQ1kTc0R/kTHZ3SCgnJ3TgDRBGdADtApX7DE6MRNf+Fub1ykB7hlyx+VxqZ3OYXw==",
            "content_md5": "87a29fa501e1c0b6d052602d311c2005",
            "content_sha1": "88d86ac235d48c823c2d1763114af43513fc2492",
            "content_sha256": "7cd879a3ccb711aea3b9b586d0fee618b381afdeccdec8b33fc9edf3466d4a25",
            "content_sha512": "d72c2aff119bfcd6a66ae2e975f5ff468a50d644dcd11fe44c76774828272774e00d10467400ed0295fb0c4e8c44d7fe16e6f5ca407b865cb1f95c6a6773985f",
            "directory_permission": "0777",
            "file_permission": "0644",
            "filename": "./configs/vm-112-mcphub/cloud-init.yaml",
            "id": "88d86ac235d48c823c2d1763114af43513fc2492",
            "sensitive_content": null,
            "source": null
          },
          "sensitive_attributes": [
            [
              {
                "type": "get_attr",
                "value": "content"
              }
            ],
            [
              {
                "type": "get_attr",
                "value": "sensitive_content"
              }
            ]
          ],
          "identity_schema_version": 0,
          "dependencies": [
            "module.onepassword_secrets.data.onepassword_item.this",
            "module.onepassword_secrets.data.onepassword_vault.this"
          ]
        },
        {
          "index_key": "youtube",
          "schema_version": 0,
          "attributes": {
            "content": "#cloud-config\nhostname: youtube\nmanage_etc_hosts: true\n\npackage_update: true\npackage_upgrade: false\n\npackages:\n  - qemu-guest-agent\n  - curl\n  - vim\n  - git\n  - gnupg\n  - docker.io\n  - docker-compose-v2\n  - fail2ban\n\nwrite_files:\n  - path: /etc/filebeat/filebeat.yml\n    permissions: '0644'\n    owner: root:root\n    content: |\n      # Filebeat configuration for 220-youtube (YouTube Media Server)\n      # Rendered by Terraform - DO NOT EDIT MANUALLY\n      \n      filebeat.autodiscover:\n        providers:\n          - type: docker\n            hints.enabled: true\n      \n      filebeat.inputs:\n        # Docker container logs (media services, watchtower)\n        - type: filestream\n          id: docker-containers\n          paths:\n            - /var/lib/docker/containers/*/*.log\n          parsers:\n            - container: {}\n          prospector.scanner.symlinks: true\n          fields:\n            service: youtube\n            host_role: youtube\n          fields_under_root: false\n      \n        # System logs\n        - type: filestream\n          id: system-logs\n          paths:\n            - /var/log/*.log\n            - /var/log/syslog\n          fields:\n            service: youtube\n            host_role: youtube\n          fields_under_root: false\n      \n      processors:\n        - add_host_metadata: ~\n        - add_docker_metadata:\n            host: \"unix:///var/run/docker.sock\"\n      \n      output.logstash:\n        hosts: [\"192.168.50.105:5044\"]\n      \n      filebeat.registry.path: /var/lib/filebeat/registry\n      logging.level: info\n      logging.to_files: true\n      logging.files:\n        path: /var/log/filebeat\n        name: filebeat\n        keepfiles: 7\n      \n      max_message_bytes: 999999\n      \n  - path: /opt/youtube/docker-compose.yml\n    permissions: '0644'\n    owner: root:root\n    content: |\n      # Generated by Terraform. DO NOT EDIT MANUALLY.\n      services:\n        youtube-automation:\n          image: alpine:latest\n          container_name: youtube-automation\n          restart: unless-stopped\n          network_mode: bridge\n          stop_grace_period: 10s\n          env_file:\n            - .env\n          volumes:\n            - ./gcloud-config:/root/.config/gcloud\n          healthcheck:\n            test: [\"CMD-SHELL\", \"ps aux | grep -v grep | grep -q 'tail -f' || exit 1\"]\n            interval: 30s\n            timeout: 5s\n            retries: 3\n            start_period: 10s\n          logging:\n            driver: json-file\n            options:\n              max-size: \"10m\"\n              max-file: \"3\"\n          command: [\"sh\", \"-c\", \"tail -f /dev/null\"]\n      \n        cadvisor:\n          image: gcr.io/cadvisor/cadvisor:v0.51.0\n          container_name: cadvisor\n          ports:\n            - \"8888:8080\"\n          volumes:\n            - /:/rootfs:ro\n            - /var/run:/var/run:ro\n            - /sys:/sys:ro\n            - /var/lib/docker/:/var/lib/docker:ro\n          deploy:\n            resources:\n              limits:\n                memory: 128M\n                cpus: '0.25'\n          logging:\n            driver: json-file\n            options:\n              max-size: \"10m\"\n              max-file: \"3\"\n          restart: unless-stopped\n      \n  - path: /opt/youtube/.env\n    permissions: '0600'\n    owner: root:root\n    content: |\n      # YouTube Automation - Terraform Rendered Environment Configuration\n      # Generated by Terraform. DO NOT EDIT MANUALLY.\n      # Template: 220-youtube/templates/.env.tftpl\n      \n      # Google OAuth Credentials\n      GOOGLE_CLIENT_ID=749806547930-dd24k0faoh0ftfuhsr4q2gjv654veivc.apps.googleusercontent.com\n      GOOGLE_CLIENT_SECRET=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\n      GOOGLE_REFRESH_TOKEN=1//0ewJ2IeIh6j55CgYIARAAGA4SNwF-L9IrHBgwhpdOzfFXdcJYanQBz3O929Z4XsYGlFDOg3bbJJucncZF5VUbAnzufk8wbW_0uiw\n      GOOGLE_PROJECT_ID=\n      \n      # YouTube\n      YOUTUBE_CHANNEL_ID=\n      \n\nruncmd:\n  - systemctl enable qemu-guest-agent\n  - systemctl start qemu-guest-agent\n  - systemctl enable docker\n  - systemctl start docker\n  - # SSH hardening\n  - sed -i 's/^#\\?PasswordAuthentication.*/PasswordAuthentication no/' /etc/ssh/sshd_config\n  - sed -i 's/^#\\?PermitRootLogin.*/PermitRootLogin prohibit-password/' /etc/ssh/sshd_config\n  - systemctl restart sshd\n  - # fail2ban SSH jail\n  - printf '[sshd]\\nenabled = true\\nport = ssh\\nfilter = sshd\\nmaxretry = 5\\nbantime = 3600\\n' \u003e /etc/fail2ban/jail.d/sshd.conf\n  - systemctl enable fail2ban\n  - systemctl start fail2ban\n  - # Google Cloud CLI\n  - curl -fsSL https://packages.cloud.google.com/apt/doc/apt-key.gpg | gpg --dearmor -o /usr/share/keyrings/cloud.google.gpg\n  - echo 'deb [signed-by=/usr/share/keyrings/cloud.google.gpg] https://packages.cloud.google.com/apt cloud-sdk main' | tee /etc/apt/sources.list.d/google-cloud-sdk.list\n  - apt-get update \u0026\u0026 apt-get install -y google-cloud-cli\n  - # YouTube automation setup\n  - mkdir -p /opt/youtube/gcloud-config\n  - cd /opt/youtube \u0026\u0026 docker compose up -d || true\n\nfinal_message: \"Cloud-init completed for youtube\"\n",
            "content_base64": null,
            "content_base64sha256": "fuAL1+SPGfPqIWAw16wUImImxyO7lOXMjK6tWnkUliQ=",
            "content_base64sha512": "3VkQUkeQFvDgUlusBlSw1W/5r6KAaXt6Pg/rZL4g0hh1+sriR2z0B75YNRfAqKQigt0E+XC+gZTdONvCBlqVjw==",
            "content_md5": "b6e1362be60a57a7c04920b1aefb3f8d",
            "content_sha1": "03cbac8adaee9939c2a1ff4e42cc0a474fd0eefa",
            "content_sha256": "7ee00bd7e48f19f3ea216030d7ac14226226c723bb94e5cc8caead5a79149624",
            "content_sha512": "dd591052479016f0e0525bac0654b0d56ff9afa280697b7a3e0feb64be20d21875facae2476cf407be583517c0a8a42282dd04f970be8194dd38dbc2065a958f",
            "directory_permission": "0777",
            "file_permission": "0644",
            "filename": "./configs/vm-220-youtube/cloud-init.yaml",
            "id": "03cbac8adaee9939c2a1ff4e42cc0a474fd0eefa",
            "sensitive_content": null,
            "source": null
          },
          "sensitive_attributes": [
            [
              {
                "type": "get_attr",
                "value": "content"
              }
            ],
            [
              {
                "type": "get_attr",
                "value": "sensitive_content"
              }
            ]
          ],
          "identity_schema_version": 0,
          "dependencies": [
            "module.onepassword_secrets.data.onepassword_item.this",
            "module.onepassword_secrets.data.onepassword_vault.this"
          ]
        }
      ]
    },
    {
      "module": "module.vm_config",
      "mode": "managed",
      "type": "local_file",
      "name": "systemd_services",
      "provider": "provider[\"registry.terraform.io/hashicorp/local\"]",
      "instances": []
    },
    {
      "module": "module.vm_config",
      "mode": "managed",
      "type": "null_resource",
      "name": "deploy_systemd_services",
      "provider": "provider[\"registry.terraform.io/hashicorp/null\"]",
      "instances": []
    },
    {
      "module": "module.vm_config",
      "mode": "managed",
      "type": "null_resource",
      "name": "deploy_vm_write_files",
      "provider": "provider[\"registry.terraform.io/hashicorp/null\"]",
      "instances": [
        {
          "index_key": "mcphub-0",
          "schema_version": 0,
          "attributes": {
            "id": "1387608219962210937",
            "triggers": {
              "content_hash": "f785118e74118b9bccd29d6181cb6932ce49c185fdf994a8c290d64a749d0c00",
              "owner": "root:root",
              "path": "/opt/mcphub/docker-compose.yml",
              "permissions": "0644"
            }
          },
          "sensitive_attributes": [
            [
              {
                "type": "get_attr",
                "value": "triggers"
              },
              {
                "type": "index",
                "value": {
                  "value": "content_hash",
                  "type": "string"
                }
              }
            ]
          ],
          "identity_schema_version": 0,
          "dependencies": [
            "module.onepassword_secrets.data.onepassword_item.this",
            "module.onepassword_secrets.data.onepassword_vault.this"
          ]
        },
        {
          "index_key": "mcphub-1",
          "schema_version": 0,
          "attributes": {
            "id": "8597696707827394299",
            "triggers": {
              "content_hash": "e2eeb7e10934b91564adb115c8428b109568795406a025cd3099284ff85a0fc1",
              "owner": "root:root",
              "path": "/opt/mcphub/mcp_settings.json",
              "permissions": "0644"
            }
          },
          "sensitive_attributes": [
            [
              {
                "type": "get_attr",
                "value": "triggers"
              },
              {
                "type": "index",
                "value": {
                  "value": "content_hash",
                  "type": "string"
                }
              }
            ]
          ],
          "identity_schema_version": 0,
          "dependencies": [
            "module.onepassword_secrets.data.onepassword_item.this",
            "module.onepassword_secrets.data.onepassword_vault.this"
          ]
        },
        {
          "index_key": "mcphub-2",
          "schema_version": 0,
          "attributes": {
            "id": "847556619569354638",
            "triggers": {
              "content_hash": "292eba36541275a58aefa171aeb5e45e3c1e7d0c09f98e8939a175fb92745498",
              "owner": "root:root",
              "path": "/opt/mcphub/Dockerfile.proxmox",
              "permissions": "0644"
            }
          },
          "sensitive_attributes": [],
          "identity_schema_version": 0,
          "dependencies": [
            "module.onepassword_secrets.data.onepassword_item.this",
            "module.onepassword_secrets.data.onepassword_vault.this"
          ]
        },
        {
          "index_key": "mcphub-3",
          "schema_version": 0,
          "attributes": {
            "id": "9001983150285358636",
            "triggers": {
              "content_hash": "1ec94638062e93a6b6aa49e8226e164c698a077f323fe8094074d571251bce83",
              "owner": "root:root",
              "path": "/opt/mcphub/Dockerfile.playwright",
              "permissions": "0644"
            }
          },
          "sensitive_attributes": [],
          "identity_schema_version": 0,
          "dependencies": [
            "module.onepassword_secrets.data.onepassword_item.this",
            "module.onepassword_secrets.data.onepassword_vault.this"
          ]
        },
        {
          "index_key": "mcphub-4",
          "schema_version": 0,
          "attributes": {
            "id": "3629469798756175708",
            "triggers": {
              "content_hash": "45b434336a0ba4978ef7d9dc7676a738923ba6be0fbb722f8b0c9bf0e5d25a8e",
              "owner": "root:root",
              "path": "/opt/mcphub/.env",
              "permissions": "0600"
            }
          },
          "sensitive_attributes": [
            [
              {
                "type": "get_attr",
                "value": "triggers"
              },
              {
                "type": "index",
                "value": {
                  "value": "content_hash",
                  "type": "string"
                }
              }
            ]
          ],
          "identity_schema_version": 0,
          "dependencies": [
            "module.onepassword_secrets.data.onepassword_item.this",
            "module.onepassword_secrets.data.onepassword_vault.this"
          ]
        },
        {
          "index_key": "mcphub-5",
          "schema_version": 0,
          "attributes": {
            "id": "2183918935534180809",
            "triggers": {
              "content_hash": "f5b5a09004024340e5adb0721e45e7e5a1c620a98c3a85b03f9241872217319f",
              "owner": "root:root",
              "path": "/etc/filebeat/filebeat.yml",
              "permissions": "0644"
            }
          },
          "sensitive_attributes": [
            [
              {
                "type": "get_attr",
                "value": "triggers"
              },
              {
                "type": "index",
                "value": {
                  "value": "content_hash",
                  "type": "string"
                }
              }
            ]
          ],
          "identity_schema_version": 0,
          "dependencies": [
            "module.onepassword_secrets.data.onepassword_item.this",
            "module.onepassword_secrets.data.onepassword_vault.this"
          ]
        },
        {
          "index_key": "mcphub-6",
          "schema_version": 0,
          "attributes": {
            "id": "4739306588518051909",
            "triggers": {
              "content_hash": "3fd51582298f22745c078a9509ba242b102aed24eb359223be61ab29b3e0af37",
              "owner": "root:root",
              "path": "/opt/mcphub/.gitconfig",
              "permissions": "0644"
            }
          },
          "sensitive_attributes": [],
          "identity_schema_version": 0,
          "dependencies": [
            "module.onepassword_secrets.data.onepassword_item.this",
            "module.onepassword_secrets.data.onepassword_vault.this"
          ]
        },
        {
          "index_key": "mcphub-7",
          "schema_version": 0,
          "attributes": {
            "id": "8908549624038926393",
            "triggers": {
              "content_hash": "3ec77be1ef8f1f92440969cf05f2e262dc312cc68134233c85678699c72d3dd4",
              "owner": "root:root",
              "path": "/opt/mcphub/patches/patch-placeholder.cjs",
              "permissions": "0644"
            }
          },
          "sensitive_attributes": [],
          "identity_schema_version": 0,
          "dependencies": [
            "module.onepassword_secrets.data.onepassword_item.this",
            "module.onepassword_secrets.data.onepassword_vault.this"
          ]
        },
        {
          "index_key": "mcphub-8",
          "schema_version": 0,
          "attributes": {
            "id": "7181210583267736152",
            "triggers": {
              "content_hash": "33726009aadb6e76663706c9f06f0d1b5d28cab846bbaf4f04e6f4e29145ad60",
              "owner": "root:root",
              "path": "/opt/mcphub/patches/entrypoint-patch.sh",
              "permissions": "0755"
            }
          },
          "sensitive_attributes": [],
          "identity_schema_version": 0,
          "dependencies": [
            "module.onepassword_secrets.data.onepassword_item.this",
            "module.onepassword_secrets.data.onepassword_vault.this"
          ]
        },
        {
          "index_key": "youtube-0",
          "schema_version": 0,
          "attributes": {
            "id": "1244206977714404038",
            "triggers": {
              "content_hash": "7ae49b2f804f04474ea3ebd3535ae6813c35a8b1f16e86fb6a4a58a782c52fb6",
              "owner": "root:root",
              "path": "/etc/filebeat/filebeat.yml",
              "permissions": "0644"
            }
          },
          "sensitive_attributes": [
            [
              {
                "type": "get_attr",
                "value": "triggers"
              },
              {
                "type": "index",
                "value": {
                  "value": "content_hash",
                  "type": "string"
                }
              }
            ]
          ],
          "identity_schema_version": 0,
          "dependencies": [
            "module.onepassword_secrets.data.onepassword_item.this",
            "module.onepassword_secrets.data.onepassword_vault.this"
          ]
        },
        {
          "index_key": "youtube-1",
          "schema_version": 0,
          "attributes": {
            "id": "3861620340609065306",
            "triggers": {
              "content_hash": "ac308084d34c0e02c4693e8d8191464173e9c615a451e04eec01a204ce23e6d7",
              "owner": "root:root",
              "path": "/opt/youtube/docker-compose.yml",
              "permissions": "0644"
            }
          },
          "sensitive_attributes": [
            [
              {
                "type": "get_attr",
                "value": "triggers"
              },
              {
                "type": "index",
                "value": {
                  "value": "content_hash",
                  "type": "string"
                }
              }
            ]
          ],
          "identity_schema_version": 0,
          "dependencies": [
            "module.onepassword_secrets.data.onepassword_item.this",
            "module.onepassword_secrets.data.onepassword_vault.this"
          ]
        },
        {
          "index_key": "youtube-2",
          "schema_version": 0,
          "attributes": {
            "id": "1938799199183893570",
            "triggers": {
              "content_hash": "19c984a252713b608fcbbf3cca2f2b9ed440b45e9a0fbcb6626a364af2f5da6c",
              "owner": "root:root",
              "path": "/opt/youtube/.env",
              "permissions": "0600"
            }
          },
          "sensitive_attributes": [
            [
              {
                "type": "get_attr",
                "value": "triggers"
              },
              {
                "type": "index",
                "value": {
                  "value": "content_hash",
                  "type": "string"
                }
              }
            ]
          ],
          "identity_schema_version": 0,
          "dependencies": [
            "module.onepassword_secrets.data.onepassword_item.this",
            "module.onepassword_secrets.data.onepassword_vault.this"
          ]
        }
      ]
    },
    {
      "module": "module.vm_config",
      "mode": "managed",
      "type": "null_resource",
      "name": "health_check_systemd",
      "provider": "provider[\"registry.terraform.io/hashicorp/null\"]",
      "instances": []
    },
    {
      "module": "module.vm_config",
      "mode": "managed",
      "type": "null_resource",
      "name": "install_filebeat",
      "provider": "provider[\"registry.terraform.io/hashicorp/null\"]",
      "instances": [
        {
          "index_key": "mcphub",
          "schema_version": 0,
          "attributes": {
            "id": "5689789140904981178",
            "triggers": {
              "script_hash": "177c5a22433ad18c6e13c92a42183633eedd2c00e305f16f9b8d1037c838227b"
            }
          },
          "sensitive_attributes": [],
          "identity_schema_version": 0,
          "dependencies": [
            "module.onepassword_secrets.data.onepassword_item.this",
            "module.onepassword_secrets.data.onepassword_vault.this",
            "module.vm_config.null_resource.deploy_vm_write_files"
          ]
        },
        {
          "index_key": "youtube",
          "schema_version": 0,
          "attributes": {
            "id": "6626839884279147854",
            "triggers": {
              "script_hash": "177c5a22433ad18c6e13c92a42183633eedd2c00e305f16f9b8d1037c838227b"
            }
          },
          "sensitive_attributes": [],
          "identity_schema_version": 0,
          "dependencies": [
            "module.onepassword_secrets.data.onepassword_item.this",
            "module.onepassword_secrets.data.onepassword_vault.this",
            "module.vm_config.null_resource.deploy_vm_write_files"
          ]
        }
      ]
    }
  ],
  "check_results": null
}
