{
  "version": 4,
  "terraform_version": "1.14.5",
  "serial": 208,
  "lineage": "d709dd93-23d7-3862-edea-dcf5ca763937",
  "outputs": {
    "access_application_id": {
      "value": "207a1279-8882-49e8-9b90-c1802d339ba3",
      "type": "string"
    },
    "homelab_access_applications": {
      "value": {
        "archon": "archon.jclee.me",
        "elk": "elk.jclee.me",
        "es": "es.jclee.me",
        "gitlab": "gitlab.jclee.me",
        "grafana": "grafana.jclee.me",
        "kibana": "kibana.jclee.me",
        "mcphub": "mcphub.jclee.me",
        "supabase": "supabase.jclee.me"
      },
      "type": [
        "object",
        {
          "archon": "string",
          "elk": "string",
          "es": "string",
          "gitlab": "string",
          "grafana": "string",
          "kibana": "string",
          "mcphub": "string",
          "supabase": "string"
        }
      ]
    },
    "homelab_dns_records": {
      "value": {
        "archon": "archon.jclee.me",
        "elk": "elk.jclee.me",
        "es": "es.jclee.me",
        "gitlab": "gitlab.jclee.me",
        "grafana": "grafana.jclee.me",
        "kibana": "kibana.jclee.me",
        "mcphub": "mcphub.jclee.me",
        "n8n": "n8n.jclee.me",
        "nas": "nas.jclee.me",
        "opencode": "opencode.jclee.me",
        "opencode-api": "opencode-api",
        "supabase": "supabase.jclee.me"
      },
      "type": [
        "object",
        {
          "archon": "string",
          "elk": "string",
          "es": "string",
          "gitlab": "string",
          "grafana": "string",
          "kibana": "string",
          "mcphub": "string",
          "n8n": "string",
          "nas": "string",
          "opencode": "string",
          "opencode-api": "string",
          "supabase": "string"
        }
      ]
    },
    "homelab_tunnel_id": {
      "value": "36ba24d1-05f4-4141-9ed8-343e602b019d",
      "type": "string",
      "sensitive": true
    },
    "homelab_tunnel_token": {
      "value": "eyJhIjoiYThkOWM2N2Y1ODZhY2RkMTVlZWJjYzY1Y2EzYWE1YmIiLCJ0IjoiMzZiYTI0ZDEtMDVmNC00MTQxLTllZDgtMzQzZTYwMmIwMTlkIiwicyI6IlptUTBOMlF6WWpFdE9UTXdaUzAwT0RRM0xUbGpNVFV0TUdRM05EUm1PV05sWkRsaSJ9",
      "type": "string",
      "sensitive": true
    },
    "jclee_tunnel_id": {
      "value": "8419f66e-255a-4535-88d3-515010c60ac8",
      "type": "string",
      "sensitive": true
    },
    "jclee_tunnel_token": {
      "value": "eyJhIjoiYThkOWM2N2Y1ODZhY2RkMTVlZWJjYzY1Y2EzYWE1YmIiLCJ0IjoiODQxOWY2NmUtMjU1YS00NTM1LTg4ZDMtNTE1MDEwYzYwYWM4IiwicyI6Ik5tVmxaRGs1WlRZdE4yWmpOeTAwTkdGakxUaGhZall0TjJNNVlqWmtOR0V4WXpjeiJ9",
      "type": "string",
      "sensitive": true
    },
    "r2_bucket_name": {
      "value": "synology-cache",
      "type": "string"
    },
    "secrets_store_id": {
      "value": "88dc5de305594f08aeb9bc04dad2f8cf",
      "type": "string"
    },
    "synology_domain": {
      "value": "nas.jclee.me",
      "type": "string"
    },
    "total_secrets_count": {
      "value": 37,
      "type": "number"
    },
    "tunnel_id": {
      "value": "7eb03d76-b007-4d0a-80de-747b3943ef82",
      "type": "string",
      "sensitive": true
    },
    "tunnel_token": {
      "value": "eyJhIjoiYThkOWM2N2Y1ODZhY2RkMTVlZWJjYzY1Y2EzYWE1YmIiLCJ0IjoiN2ViMDNkNzYtYjAwNy00ZDBhLTgwZGUtNzQ3YjM5NDNlZjgyIiwicyI6IlpUVmlOV0UwWkdRdE9HSTFZeTAwT1dVekxXSm1ZV1l0WTJFeE5ETXpabUUyT1dWaiJ9",
      "type": "string",
      "sensitive": true
    }
  },
  "resources": [
    {
      "mode": "data",
      "type": "cloudflare_zero_trust_tunnel_cloudflared_token",
      "name": "homelab",
      "provider": "provider[\"registry.terraform.io/cloudflare/cloudflare\"]",
      "instances": [
        {
          "schema_version": 0,
          "attributes": {
            "account_id": "a8d9c67f586acdd15eebcc65ca3aa5bb",
            "token": "eyJhIjoiYThkOWM2N2Y1ODZhY2RkMTVlZWJjYzY1Y2EzYWE1YmIiLCJ0IjoiMzZiYTI0ZDEtMDVmNC00MTQxLTllZDgtMzQzZTYwMmIwMTlkIiwicyI6IlptUTBOMlF6WWpFdE9UTXdaUzAwT0RRM0xUbGpNVFV0TUdRM05EUm1PV05sWkRsaSJ9",
            "tunnel_id": "36ba24d1-05f4-4141-9ed8-343e602b019d"
          },
          "sensitive_attributes": [
            [
              {
                "type": "get_attr",
                "value": "account_id"
              }
            ],
            [
              {
                "type": "get_attr",
                "value": "token"
              }
            ]
          ],
          "identity_schema_version": 0
        }
      ]
    },
    {
      "mode": "data",
      "type": "cloudflare_zero_trust_tunnel_cloudflared_token",
      "name": "jclee",
      "provider": "provider[\"registry.terraform.io/cloudflare/cloudflare\"]",
      "instances": [
        {
          "schema_version": 0,
          "attributes": {
            "account_id": "a8d9c67f586acdd15eebcc65ca3aa5bb",
            "token": "eyJhIjoiYThkOWM2N2Y1ODZhY2RkMTVlZWJjYzY1Y2EzYWE1YmIiLCJ0IjoiODQxOWY2NmUtMjU1YS00NTM1LTg4ZDMtNTE1MDEwYzYwYWM4IiwicyI6Ik5tVmxaRGs1WlRZdE4yWmpOeTAwTkdGakxUaGhZall0TjJNNVlqWmtOR0V4WXpjeiJ9",
            "tunnel_id": "8419f66e-255a-4535-88d3-515010c60ac8"
          },
          "sensitive_attributes": [
            [
              {
                "type": "get_attr",
                "value": "account_id"
              }
            ],
            [
              {
                "type": "get_attr",
                "value": "token"
              }
            ]
          ],
          "identity_schema_version": 0
        }
      ]
    },
    {
      "mode": "data",
      "type": "cloudflare_zero_trust_tunnel_cloudflared_token",
      "name": "synology",
      "provider": "provider[\"registry.terraform.io/cloudflare/cloudflare\"]",
      "instances": [
        {
          "schema_version": 0,
          "attributes": {
            "account_id": "a8d9c67f586acdd15eebcc65ca3aa5bb",
            "token": "eyJhIjoiYThkOWM2N2Y1ODZhY2RkMTVlZWJjYzY1Y2EzYWE1YmIiLCJ0IjoiN2ViMDNkNzYtYjAwNy00ZDBhLTgwZGUtNzQ3YjM5NDNlZjgyIiwicyI6IlpUVmlOV0UwWkdRdE9HSTFZeTAwT1dVekxXSm1ZV1l0WTJFeE5ETXpabUUyT1dWaiJ9",
            "tunnel_id": "7eb03d76-b007-4d0a-80de-747b3943ef82"
          },
          "sensitive_attributes": [
            [
              {
                "type": "get_attr",
                "value": "account_id"
              }
            ],
            [
              {
                "type": "get_attr",
                "value": "token"
              }
            ]
          ],
          "identity_schema_version": 0
        }
      ]
    },
    {
      "mode": "managed",
      "type": "cloudflare_dns_record",
      "name": "homelab",
      "provider": "provider[\"registry.terraform.io/cloudflare/cloudflare\"]",
      "instances": [
        {
          "index_key": "archon",
          "schema_version": 0,
          "attributes": {
            "comment": null,
            "comment_modified_on": null,
            "content": "36ba24d1-05f4-4141-9ed8-343e602b019d.cfargotunnel.com",
            "created_on": "2026-02-15T12:38:00Z",
            "data": null,
            "id": "6a2e4848ae21bebe45bd22c01177cfbb",
            "meta": "{}",
            "modified_on": "2026-02-15T12:38:00Z",
            "name": "archon.jclee.me",
            "priority": null,
            "proxiable": true,
            "proxied": true,
            "settings": {
              "flatten_cname": false,
              "ipv4_only": null,
              "ipv6_only": null
            },
            "tags": [],
            "tags_modified_on": null,
            "ttl": 1,
            "type": "CNAME",
            "zone_id": "ed060daac18345f6900fc5a661dc94f9"
          },
          "sensitive_attributes": [
            [
              {
                "type": "get_attr",
                "value": "zone_id"
              }
            ]
          ],
          "identity_schema_version": 0,
          "dependencies": [
            "cloudflare_zero_trust_tunnel_cloudflared.homelab",
            "module.onepassword_secrets.data.onepassword_item.this",
            "module.onepassword_secrets.data.onepassword_vault.this",
            "random_password.homelab_tunnel_secret"
          ]
        },
        {
          "index_key": "elk",
          "schema_version": 0,
          "attributes": {
            "comment": null,
            "comment_modified_on": null,
            "content": "36ba24d1-05f4-4141-9ed8-343e602b019d.cfargotunnel.com",
            "created_on": "2026-02-14T09:57:14Z",
            "data": null,
            "id": "345acdc70552e3563aa045907906f8f4",
            "meta": "{}",
            "modified_on": "2026-02-14T09:57:14Z",
            "name": "elk.jclee.me",
            "priority": null,
            "proxiable": true,
            "proxied": true,
            "settings": {
              "flatten_cname": false,
              "ipv4_only": null,
              "ipv6_only": null
            },
            "tags": [],
            "tags_modified_on": null,
            "ttl": 1,
            "type": "CNAME",
            "zone_id": "ed060daac18345f6900fc5a661dc94f9"
          },
          "sensitive_attributes": [
            [
              {
                "type": "get_attr",
                "value": "zone_id"
              }
            ]
          ],
          "identity_schema_version": 0,
          "dependencies": [
            "cloudflare_zero_trust_tunnel_cloudflared.homelab",
            "module.onepassword_secrets.data.onepassword_item.this",
            "module.onepassword_secrets.data.onepassword_vault.this",
            "random_password.homelab_tunnel_secret"
          ]
        },
        {
          "index_key": "es",
          "schema_version": 0,
          "attributes": {
            "comment": null,
            "comment_modified_on": null,
            "content": "36ba24d1-05f4-4141-9ed8-343e602b019d.cfargotunnel.com",
            "created_on": "2026-02-14T09:57:14Z",
            "data": null,
            "id": "07042511c2d62f8f298e2f155bb85f96",
            "meta": "{}",
            "modified_on": "2026-02-14T09:57:14Z",
            "name": "es.jclee.me",
            "priority": null,
            "proxiable": true,
            "proxied": true,
            "settings": {
              "flatten_cname": false,
              "ipv4_only": null,
              "ipv6_only": null
            },
            "tags": [],
            "tags_modified_on": null,
            "ttl": 1,
            "type": "CNAME",
            "zone_id": "ed060daac18345f6900fc5a661dc94f9"
          },
          "sensitive_attributes": [
            [
              {
                "type": "get_attr",
                "value": "zone_id"
              }
            ]
          ],
          "identity_schema_version": 0,
          "dependencies": [
            "cloudflare_zero_trust_tunnel_cloudflared.homelab",
            "module.onepassword_secrets.data.onepassword_item.this",
            "module.onepassword_secrets.data.onepassword_vault.this",
            "random_password.homelab_tunnel_secret"
          ]
        },
        {
          "index_key": "gitlab",
          "schema_version": 0,
          "attributes": {
            "comment": null,
            "comment_modified_on": null,
            "content": "36ba24d1-05f4-4141-9ed8-343e602b019d.cfargotunnel.com",
            "created_on": "2026-03-28T02:43:06Z",
            "data": null,
            "id": "99e92925f3fd148b22f1acc0b9e25b52",
            "meta": "{}",
            "modified_on": "2026-03-28T02:43:06Z",
            "name": "gitlab.jclee.me",
            "priority": null,
            "proxiable": true,
            "proxied": true,
            "settings": {
              "flatten_cname": false,
              "ipv4_only": null,
              "ipv6_only": null
            },
            "tags": [],
            "tags_modified_on": null,
            "ttl": 1,
            "type": "CNAME",
            "zone_id": "ed060daac18345f6900fc5a661dc94f9"
          },
          "sensitive_attributes": [
            [
              {
                "type": "get_attr",
                "value": "zone_id"
              }
            ]
          ],
          "identity_schema_version": 0,
          "dependencies": [
            "cloudflare_zero_trust_tunnel_cloudflared.homelab",
            "module.onepassword_secrets.data.onepassword_item.this",
            "module.onepassword_secrets.data.onepassword_vault.this",
            "random_password.homelab_tunnel_secret"
          ]
        },
        {
          "index_key": "grafana",
          "schema_version": 0,
          "attributes": {
            "comment": null,
            "comment_modified_on": null,
            "content": "36ba24d1-05f4-4141-9ed8-343e602b019d.cfargotunnel.com",
            "created_on": "2026-01-19T01:03:27Z",
            "data": null,
            "id": "5fede6d31f0300ef99cb5875ed62a2a0",
            "meta": "{}",
            "modified_on": "2026-02-14T09:57:15Z",
            "name": "grafana.jclee.me",
            "priority": null,
            "proxiable": true,
            "proxied": true,
            "settings": {
              "flatten_cname": false,
              "ipv4_only": null,
              "ipv6_only": null
            },
            "tags": [],
            "tags_modified_on": null,
            "ttl": 1,
            "type": "CNAME",
            "zone_id": "ed060daac18345f6900fc5a661dc94f9"
          },
          "sensitive_attributes": [
            [
              {
                "type": "get_attr",
                "value": "zone_id"
              }
            ]
          ],
          "identity_schema_version": 0,
          "dependencies": [
            "cloudflare_zero_trust_tunnel_cloudflared.homelab",
            "module.onepassword_secrets.data.onepassword_item.this",
            "module.onepassword_secrets.data.onepassword_vault.this",
            "random_password.homelab_tunnel_secret"
          ]
        },
        {
          "index_key": "kibana",
          "schema_version": 0,
          "attributes": {
            "comment": null,
            "comment_modified_on": null,
            "content": "36ba24d1-05f4-4141-9ed8-343e602b019d.cfargotunnel.com",
            "created_on": "2026-02-04T08:23:31Z",
            "data": null,
            "id": "e051b69a564dd4a3ff94348a9c4efaa0",
            "meta": "{}",
            "modified_on": "2026-02-14T09:57:16Z",
            "name": "kibana.jclee.me",
            "priority": null,
            "proxiable": true,
            "proxied": true,
            "settings": {
              "flatten_cname": false,
              "ipv4_only": null,
              "ipv6_only": null
            },
            "tags": [],
            "tags_modified_on": null,
            "ttl": 1,
            "type": "CNAME",
            "zone_id": "ed060daac18345f6900fc5a661dc94f9"
          },
          "sensitive_attributes": [
            [
              {
                "type": "get_attr",
                "value": "zone_id"
              }
            ]
          ],
          "identity_schema_version": 0,
          "dependencies": [
            "cloudflare_zero_trust_tunnel_cloudflared.homelab",
            "module.onepassword_secrets.data.onepassword_item.this",
            "module.onepassword_secrets.data.onepassword_vault.this",
            "random_password.homelab_tunnel_secret"
          ]
        },
        {
          "index_key": "mcphub",
          "schema_version": 0,
          "attributes": {
            "comment": null,
            "comment_modified_on": null,
            "content": "36ba24d1-05f4-4141-9ed8-343e602b019d.cfargotunnel.com",
            "created_on": "2026-02-14T09:57:16Z",
            "data": null,
            "id": "66515ab9e27cf68339188befbb605066",
            "meta": "{}",
            "modified_on": "2026-02-14T09:57:16Z",
            "name": "mcphub.jclee.me",
            "priority": null,
            "proxiable": true,
            "proxied": true,
            "settings": {
              "flatten_cname": false,
              "ipv4_only": null,
              "ipv6_only": null
            },
            "tags": [],
            "tags_modified_on": null,
            "ttl": 1,
            "type": "CNAME",
            "zone_id": "ed060daac18345f6900fc5a661dc94f9"
          },
          "sensitive_attributes": [
            [
              {
                "type": "get_attr",
                "value": "zone_id"
              }
            ]
          ],
          "identity_schema_version": 0,
          "dependencies": [
            "cloudflare_zero_trust_tunnel_cloudflared.homelab",
            "module.onepassword_secrets.data.onepassword_item.this",
            "module.onepassword_secrets.data.onepassword_vault.this",
            "random_password.homelab_tunnel_secret"
          ]
        },
        {
          "index_key": "n8n",
          "schema_version": 0,
          "attributes": {
            "comment": null,
            "comment_modified_on": null,
            "content": "36ba24d1-05f4-4141-9ed8-343e602b019d.cfargotunnel.com",
            "created_on": "2026-01-24T10:26:19Z",
            "data": null,
            "id": "bbfb793629e2761e0fec098cd8bd5cfc",
            "meta": "{}",
            "modified_on": "2026-02-14T09:57:17Z",
            "name": "n8n.jclee.me",
            "priority": null,
            "proxiable": true,
            "proxied": true,
            "settings": {
              "flatten_cname": false,
              "ipv4_only": null,
              "ipv6_only": null
            },
            "tags": [],
            "tags_modified_on": null,
            "ttl": 1,
            "type": "CNAME",
            "zone_id": "ed060daac18345f6900fc5a661dc94f9"
          },
          "sensitive_attributes": [
            [
              {
                "type": "get_attr",
                "value": "zone_id"
              }
            ]
          ],
          "identity_schema_version": 0,
          "dependencies": [
            "cloudflare_zero_trust_tunnel_cloudflared.homelab",
            "module.onepassword_secrets.data.onepassword_item.this",
            "module.onepassword_secrets.data.onepassword_vault.this",
            "random_password.homelab_tunnel_secret"
          ]
        },
        {
          "index_key": "nas",
          "schema_version": 0,
          "attributes": {
            "comment": null,
            "comment_modified_on": null,
            "content": "36ba24d1-05f4-4141-9ed8-343e602b019d.cfargotunnel.com",
            "created_on": "2026-02-14T11:24:15Z",
            "data": null,
            "id": "bdae17ac3a5c42208d972ccbe02be947",
            "meta": "{}",
            "modified_on": "2026-02-14T11:24:15Z",
            "name": "nas.jclee.me",
            "priority": null,
            "proxiable": true,
            "proxied": true,
            "settings": {
              "flatten_cname": false,
              "ipv4_only": null,
              "ipv6_only": null
            },
            "tags": [],
            "tags_modified_on": null,
            "ttl": 1,
            "type": "CNAME",
            "zone_id": "ed060daac18345f6900fc5a661dc94f9"
          },
          "sensitive_attributes": [
            [
              {
                "type": "get_attr",
                "value": "zone_id"
              }
            ]
          ],
          "identity_schema_version": 0,
          "dependencies": [
            "cloudflare_zero_trust_tunnel_cloudflared.homelab",
            "module.onepassword_secrets.data.onepassword_item.this",
            "module.onepassword_secrets.data.onepassword_vault.this",
            "random_password.homelab_tunnel_secret"
          ]
        },
        {
          "index_key": "opencode",
          "schema_version": 0,
          "attributes": {
            "comment": null,
            "comment_modified_on": null,
            "content": "36ba24d1-05f4-4141-9ed8-343e602b019d.cfargotunnel.com",
            "created_on": "2026-02-18T22:00:14Z",
            "data": null,
            "id": "e87e432c882836a27073034502bb2330",
            "meta": "{}",
            "modified_on": "2026-03-05T11:08:10Z",
            "name": "opencode.jclee.me",
            "priority": null,
            "proxiable": true,
            "proxied": true,
            "settings": {
              "flatten_cname": false,
              "ipv4_only": null,
              "ipv6_only": null
            },
            "tags": [],
            "tags_modified_on": null,
            "ttl": 1,
            "type": "CNAME",
            "zone_id": "ed060daac18345f6900fc5a661dc94f9"
          },
          "sensitive_attributes": [
            [
              {
                "type": "get_attr",
                "value": "zone_id"
              }
            ]
          ],
          "identity_schema_version": 0,
          "dependencies": [
            "cloudflare_zero_trust_tunnel_cloudflared.homelab",
            "module.onepassword_secrets.data.onepassword_item.this",
            "module.onepassword_secrets.data.onepassword_vault.this",
            "random_password.homelab_tunnel_secret"
          ]
        },
        {
          "index_key": "supabase",
          "schema_version": 0,
          "attributes": {
            "comment": null,
            "comment_modified_on": null,
            "content": "36ba24d1-05f4-4141-9ed8-343e602b019d.cfargotunnel.com",
            "created_on": "2026-02-15T12:38:00Z",
            "data": null,
            "id": "27ebe4abf0ffc9991b5abf20c304e9e1",
            "meta": "{}",
            "modified_on": "2026-02-15T12:38:00Z",
            "name": "supabase.jclee.me",
            "priority": null,
            "proxiable": true,
            "proxied": true,
            "settings": {
              "flatten_cname": false,
              "ipv4_only": null,
              "ipv6_only": null
            },
            "tags": [],
            "tags_modified_on": null,
            "ttl": 1,
            "type": "CNAME",
            "zone_id": "ed060daac18345f6900fc5a661dc94f9"
          },
          "sensitive_attributes": [
            [
              {
                "type": "get_attr",
                "value": "zone_id"
              }
            ]
          ],
          "identity_schema_version": 0,
          "dependencies": [
            "cloudflare_zero_trust_tunnel_cloudflared.homelab",
            "module.onepassword_secrets.data.onepassword_item.this",
            "module.onepassword_secrets.data.onepassword_vault.this",
            "random_password.homelab_tunnel_secret"
          ]
        }
      ]
    },
    {
      "mode": "managed",
      "type": "cloudflare_dns_record",
      "name": "logstash_ingest",
      "provider": "provider[\"registry.terraform.io/cloudflare/cloudflare\"]",
      "instances": [
        {
          "schema_version": 0,
          "attributes": {
            "comment": null,
            "comment_modified_on": null,
            "content": "36ba24d1-05f4-4141-9ed8-343e602b019d.cfargotunnel.com",
            "created_on": "2026-02-24T06:36:34Z",
            "data": null,
            "id": "8553414bc335e4f98cc837b242d5a170",
            "meta": "{}",
            "modified_on": "2026-02-24T06:36:34Z",
            "name": "logstash-ingest.jclee.me",
            "priority": null,
            "proxiable": true,
            "proxied": true,
            "settings": {
              "flatten_cname": false,
              "ipv4_only": null,
              "ipv6_only": null
            },
            "tags": [],
            "tags_modified_on": null,
            "ttl": 1,
            "type": "CNAME",
            "zone_id": "ed060daac18345f6900fc5a661dc94f9"
          },
          "sensitive_attributes": [
            [
              {
                "type": "get_attr",
                "value": "zone_id"
              }
            ]
          ],
          "identity_schema_version": 0,
          "dependencies": [
            "cloudflare_zero_trust_tunnel_cloudflared.homelab",
            "module.onepassword_secrets.data.onepassword_item.this",
            "module.onepassword_secrets.data.onepassword_vault.this",
            "random_password.homelab_tunnel_secret"
          ]
        }
      ]
    },
    {
      "mode": "managed",
      "type": "cloudflare_dns_record",
      "name": "tcp_services",
      "provider": "provider[\"registry.terraform.io/cloudflare/cloudflare\"]",
      "instances": [
        {
          "index_key": "jclee-ssh",
          "schema_version": 0,
          "attributes": {
            "comment": null,
            "comment_modified_on": null,
            "content": "36ba24d1-05f4-4141-9ed8-343e602b019d.cfargotunnel.com",
            "created_on": "2026-02-24T06:36:34Z",
            "data": null,
            "id": "c717a5b5df9e4458a09dd835be3009ff",
            "meta": "{}",
            "modified_on": "2026-02-24T06:36:34Z",
            "name": "jclee-ssh.jclee.me",
            "priority": null,
            "proxiable": true,
            "proxied": true,
            "settings": {
              "flatten_cname": false,
              "ipv4_only": null,
              "ipv6_only": null
            },
            "tags": [],
            "tags_modified_on": null,
            "ttl": 1,
            "type": "CNAME",
            "zone_id": "ed060daac18345f6900fc5a661dc94f9"
          },
          "sensitive_attributes": [
            [
              {
                "type": "get_attr",
                "value": "zone_id"
              }
            ]
          ],
          "identity_schema_version": 0,
          "dependencies": [
            "cloudflare_zero_trust_tunnel_cloudflared.homelab",
            "module.onepassword_secrets.data.onepassword_item.this",
            "module.onepassword_secrets.data.onepassword_vault.this",
            "random_password.homelab_tunnel_secret"
          ]
        },
        {
          "index_key": "oc-rdp",
          "schema_version": 0,
          "attributes": {
            "comment": null,
            "comment_modified_on": null,
            "content": "36ba24d1-05f4-4141-9ed8-343e602b019d.cfargotunnel.com",
            "created_on": "2026-02-24T06:36:34Z",
            "data": null,
            "id": "7dd91bd355a13029143538fba90596df",
            "meta": "{}",
            "modified_on": "2026-02-24T06:36:34Z",
            "name": "oc-rdp.jclee.me",
            "priority": null,
            "proxiable": true,
            "proxied": true,
            "settings": {
              "flatten_cname": false,
              "ipv4_only": null,
              "ipv6_only": null
            },
            "tags": [],
            "tags_modified_on": null,
            "ttl": 1,
            "type": "CNAME",
            "zone_id": "ed060daac18345f6900fc5a661dc94f9"
          },
          "sensitive_attributes": [
            [
              {
                "type": "get_attr",
                "value": "zone_id"
              }
            ]
          ],
          "identity_schema_version": 0,
          "dependencies": [
            "cloudflare_zero_trust_tunnel_cloudflared.homelab",
            "module.onepassword_secrets.data.onepassword_item.this",
            "module.onepassword_secrets.data.onepassword_vault.this",
            "random_password.homelab_tunnel_secret"
          ]
        },
        {
          "index_key": "rdp",
          "schema_version": 0,
          "attributes": {
            "comment": null,
            "comment_modified_on": null,
            "content": "36ba24d1-05f4-4141-9ed8-343e602b019d.cfargotunnel.com",
            "created_on": "2026-02-24T06:36:34Z",
            "data": null,
            "id": "defb872b4c924f5af047a919df6617ed",
            "meta": "{}",
            "modified_on": "2026-02-24T06:36:34Z",
            "name": "rdp.jclee.me",
            "priority": null,
            "proxiable": true,
            "proxied": true,
            "settings": {
              "flatten_cname": false,
              "ipv4_only": null,
              "ipv6_only": null
            },
            "tags": [],
            "tags_modified_on": null,
            "ttl": 1,
            "type": "CNAME",
            "zone_id": "ed060daac18345f6900fc5a661dc94f9"
          },
          "sensitive_attributes": [
            [
              {
                "type": "get_attr",
                "value": "zone_id"
              }
            ]
          ],
          "identity_schema_version": 0,
          "dependencies": [
            "cloudflare_zero_trust_tunnel_cloudflared.homelab",
            "module.onepassword_secrets.data.onepassword_item.this",
            "module.onepassword_secrets.data.onepassword_vault.this",
            "random_password.homelab_tunnel_secret"
          ]
        },
        {
          "index_key": "synology-ssh",
          "schema_version": 0,
          "attributes": {
            "comment": null,
            "comment_modified_on": null,
            "content": "36ba24d1-05f4-4141-9ed8-343e602b019d.cfargotunnel.com",
            "created_on": "2026-02-24T06:36:34Z",
            "data": null,
            "id": "d20fd2516d594e9f6dde79e2e052252e",
            "meta": "{}",
            "modified_on": "2026-02-24T06:36:34Z",
            "name": "synology-ssh.jclee.me",
            "priority": null,
            "proxiable": true,
            "proxied": true,
            "settings": {
              "flatten_cname": false,
              "ipv4_only": null,
              "ipv6_only": null
            },
            "tags": [],
            "tags_modified_on": null,
            "ttl": 1,
            "type": "CNAME",
            "zone_id": "ed060daac18345f6900fc5a661dc94f9"
          },
          "sensitive_attributes": [
            [
              {
                "type": "get_attr",
                "value": "zone_id"
              }
            ]
          ],
          "identity_schema_version": 0,
          "dependencies": [
            "cloudflare_zero_trust_tunnel_cloudflared.homelab",
            "module.onepassword_secrets.data.onepassword_item.this",
            "module.onepassword_secrets.data.onepassword_vault.this",
            "random_password.homelab_tunnel_secret"
          ]
        },
        {
          "index_key": "youtube-ssh",
          "schema_version": 0,
          "attributes": {
            "comment": null,
            "comment_modified_on": null,
            "content": "36ba24d1-05f4-4141-9ed8-343e602b019d.cfargotunnel.com",
            "created_on": "2026-02-24T10:17:03Z",
            "data": null,
            "id": "fc59e82b77a53fe08cbcb597eba408ad",
            "meta": "{}",
            "modified_on": "2026-02-24T10:17:03Z",
            "name": "youtube-ssh.jclee.me",
            "priority": null,
            "proxiable": true,
            "proxied": true,
            "settings": {
              "flatten_cname": false,
              "ipv4_only": null,
              "ipv6_only": null
            },
            "tags": [],
            "tags_modified_on": null,
            "ttl": 1,
            "type": "CNAME",
            "zone_id": "ed060daac18345f6900fc5a661dc94f9"
          },
          "sensitive_attributes": [
            [
              {
                "type": "get_attr",
                "value": "zone_id"
              }
            ]
          ],
          "identity_schema_version": 0,
          "dependencies": [
            "cloudflare_zero_trust_tunnel_cloudflared.homelab",
            "module.onepassword_secrets.data.onepassword_item.this",
            "module.onepassword_secrets.data.onepassword_vault.this",
            "random_password.homelab_tunnel_secret"
          ]
        }
      ]
    },
    {
      "mode": "managed",
      "type": "cloudflare_logpush_job",
      "name": "worker_traces",
      "provider": "provider[\"registry.terraform.io/cloudflare/cloudflare\"]",
      "instances": [
        {
          "schema_version": 1,
          "attributes": {
            "account_id": "a8d9c67f586acdd15eebcc65ca3aa5bb",
            "dataset": "workers_trace_events",
            "destination_conf": "https://logstash-ingest.jclee.me/?header_CF-Access-Client-Id=0ea6be5f3349c14587a594e9e7ec16b1.access\u0026header_CF-Access-Client-Secret=cfead3b0b20ef8fc50415fba17d4c61a19724d3160451e20eee854cec81837ba",
            "enabled": true,
            "error_message": null,
            "filter": "",
            "frequency": "high",
            "id": 1447143,
            "kind": "",
            "last_complete": "2026-03-12T10:11:20Z",
            "last_error": null,
            "logpull_options": "",
            "max_upload_bytes": 0,
            "max_upload_interval_seconds": 0,
            "max_upload_records": 0,
            "name": "worker-traces-to-logstash",
            "output_options": {
              "batch_prefix": null,
              "batch_suffix": null,
              "cve_2021_44228": false,
              "field_delimiter": null,
              "field_names": [
                "EventTimestampMs",
                "Outcome",
                "Exceptions",
                "Logs",
                "ScriptName",
                "ScriptVersion",
                "Event"
              ],
              "output_type": null,
              "record_delimiter": null,
              "record_prefix": null,
              "record_suffix": null,
              "record_template": null,
              "sample_rate": null,
              "timestamp_format": "rfc3339"
            },
            "ownership_challenge": null,
            "zone_id": null
          },
          "sensitive_attributes": [
            [
              {
                "type": "get_attr",
                "value": "account_id"
              }
            ],
            [
              {
                "type": "get_attr",
                "value": "destination_conf"
              }
            ],
            [
              {
                "type": "get_attr",
                "value": "ownership_challenge"
              }
            ]
          ],
          "identity_schema_version": 0,
          "dependencies": [
            "cloudflare_zero_trust_access_service_token.logpush",
            "module.onepassword_secrets.data.onepassword_item.this",
            "module.onepassword_secrets.data.onepassword_vault.this",
            "time_rotating.service_token_rotation"
          ]
        }
      ]
    },
    {
      "mode": "managed",
      "type": "cloudflare_r2_bucket",
      "name": "synology_cache",
      "provider": "provider[\"registry.terraform.io/cloudflare/cloudflare\"]",
      "instances": [
        {
          "schema_version": 1,
          "attributes": {
            "account_id": "a8d9c67f586acdd15eebcc65ca3aa5bb",
            "creation_date": "2026-02-12T12:14:28.277Z",
            "id": "synology-cache",
            "jurisdiction": "default",
            "location": "APAC",
            "name": "synology-cache",
            "storage_class": "Standard"
          },
          "sensitive_attributes": [
            [
              {
                "type": "get_attr",
                "value": "account_id"
              }
            ]
          ],
          "identity_schema_version": 0,
          "dependencies": [
            "module.onepassword_secrets.data.onepassword_item.this",
            "module.onepassword_secrets.data.onepassword_vault.this"
          ]
        }
      ]
    },
    {
      "mode": "managed",
      "type": "cloudflare_zero_trust_access_identity_provider",
      "name": "otp",
      "provider": "provider[\"registry.terraform.io/cloudflare/cloudflare\"]",
      "instances": [
        {
          "schema_version": 1,
          "attributes": {
            "account_id": "a8d9c67f586acdd15eebcc65ca3aa5bb",
            "config": {
              "apps_domain": null,
              "attributes": null,
              "auth_url": null,
              "authorization_server_id": null,
              "centrify_account": null,
              "centrify_app_id": null,
              "certs_url": null,
              "claims": null,
              "client_id": null,
              "client_secret": null,
              "conditional_access_enabled": null,
              "directory_id": null,
              "email_attribute_name": null,
              "email_claim_name": null,
              "header_attributes": null,
              "idp_public_certs": null,
              "issuer_url": null,
              "okta_account": null,
              "onelogin_account": null,
              "ping_env_id": null,
              "pkce_enabled": null,
              "prompt": null,
              "redirect_url": "https://jclee1.cloudflareaccess.com/cdn-cgi/access/callback",
              "scopes": null,
              "sign_request": null,
              "sso_target_url": null,
              "support_groups": null,
              "token_url": null
            },
            "id": "2336b3d0-92b0-4118-a908-b99c16dd155f",
            "name": "Email OTP",
            "scim_config": {
              "enabled": false,
              "identity_update_behavior": null,
              "scim_base_url": null,
              "seat_deprovision": false,
              "secret": null,
              "user_deprovision": false
            },
            "type": "onetimepin",
            "zone_id": null
          },
          "sensitive_attributes": [
            [
              {
                "type": "get_attr",
                "value": "account_id"
              }
            ],
            [
              {
                "type": "get_attr",
                "value": "config"
              },
              {
                "type": "get_attr",
                "value": "client_secret"
              }
            ],
            [
              {
                "type": "get_attr",
                "value": "scim_config"
              },
              {
                "type": "get_attr",
                "value": "secret"
              }
            ]
          ],
          "identity_schema_version": 0,
          "dependencies": [
            "module.onepassword_secrets.data.onepassword_item.this",
            "module.onepassword_secrets.data.onepassword_vault.this"
          ]
        }
      ]
    },
    {
      "mode": "managed",
      "type": "cloudflare_zero_trust_tunnel_cloudflared",
      "name": "homelab",
      "provider": "provider[\"registry.terraform.io/cloudflare/cloudflare\"]",
      "instances": [
        {
          "schema_version": 1,
          "attributes": {
            "account_id": "a8d9c67f586acdd15eebcc65ca3aa5bb",
            "account_tag": "a8d9c67f586acdd15eebcc65ca3aa5bb",
            "config_src": "cloudflare",
            "connections": [
              {
                "client_id": "283082b8-e695-4f33-8f7a-7fb84fb0b969",
                "client_version": "2026.2.0",
                "colo_name": "icn05",
                "id": "ce98d4dc-0b14-4455-8004-a3b91c1d8c36",
                "is_pending_reconnect": false,
                "opened_at": "2026-03-28T17:41:31Z",
                "origin_ip": "221.153.20.249",
                "uuid": "ce98d4dc-0b14-4455-8004-a3b91c1d8c36"
              },
              {
                "client_id": "283082b8-e695-4f33-8f7a-7fb84fb0b969",
                "client_version": "2026.2.0",
                "colo_name": "fuk01",
                "id": "85740645-347d-47f7-8781-1abb2f125734",
                "is_pending_reconnect": false,
                "opened_at": "2026-03-31T19:58:45Z",
                "origin_ip": "221.153.20.249",
                "uuid": "85740645-347d-47f7-8781-1abb2f125734"
              },
              {
                "client_id": "283082b8-e695-4f33-8f7a-7fb84fb0b969",
                "client_version": "2026.2.0",
                "colo_name": "fuk01",
                "id": "92edde6b-99b8-4659-ba49-61a16f85c8e7",
                "is_pending_reconnect": false,
                "opened_at": "2026-03-31T19:58:45Z",
                "origin_ip": "221.153.20.249",
                "uuid": "92edde6b-99b8-4659-ba49-61a16f85c8e7"
              },
              {
                "client_id": "283082b8-e695-4f33-8f7a-7fb84fb0b969",
                "client_version": "2026.2.0",
                "colo_name": "icn05",
                "id": "76dee685-1a7f-46c7-a974-6b207a2215b6",
                "is_pending_reconnect": false,
                "opened_at": "2026-03-28T17:41:34Z",
                "origin_ip": "221.153.20.249",
                "uuid": "76dee685-1a7f-46c7-a974-6b207a2215b6"
              }
            ],
            "conns_active_at": "2026-03-28T17:41:31Z",
            "conns_inactive_at": null,
            "created_at": "2026-02-09T05:04:58Z",
            "deleted_at": null,
            "id": "36ba24d1-05f4-4141-9ed8-343e602b019d",
            "metadata": "{}",
            "name": "traefik",
            "remote_config": true,
            "status": "healthy",
            "tun_type": "cfd_tunnel",
            "tunnel_secret": null
          },
          "sensitive_attributes": [
            [
              {
                "type": "get_attr",
                "value": "account_id"
              }
            ],
            [
              {
                "type": "get_attr",
                "value": "tunnel_secret"
              }
            ]
          ],
          "identity_schema_version": 0,
          "dependencies": [
            "module.onepassword_secrets.data.onepassword_item.this",
            "module.onepassword_secrets.data.onepassword_vault.this",
            "random_password.homelab_tunnel_secret"
          ]
        }
      ]
    },
    {
      "mode": "managed",
      "type": "cloudflare_zero_trust_tunnel_cloudflared",
      "name": "jclee",
      "provider": "provider[\"registry.terraform.io/cloudflare/cloudflare\"]",
      "instances": [
        {
          "schema_version": 1,
          "attributes": {
            "account_id": "a8d9c67f586acdd15eebcc65ca3aa5bb",
            "account_tag": "a8d9c67f586acdd15eebcc65ca3aa5bb",
            "config_src": "cloudflare",
            "connections": [],
            "conns_active_at": null,
            "conns_inactive_at": "2026-02-27T08:37:05Z",
            "created_at": "2026-02-24T05:07:36Z",
            "deleted_at": "2026-03-05T06:34:48Z",
            "id": "8419f66e-255a-4535-88d3-515010c60ac8",
            "metadata": "{}",
            "name": "80-jclee",
            "remote_config": false,
            "status": "down",
            "tun_type": "cfd_tunnel",
            "tunnel_secret": null
          },
          "sensitive_attributes": [
            [
              {
                "type": "get_attr",
                "value": "account_id"
              }
            ],
            [
              {
                "type": "get_attr",
                "value": "tunnel_secret"
              }
            ]
          ],
          "identity_schema_version": 0,
          "dependencies": [
            "module.onepassword_secrets.data.onepassword_item.this",
            "module.onepassword_secrets.data.onepassword_vault.this",
            "random_password.jclee_tunnel_secret"
          ]
        }
      ]
    },
    {
      "mode": "managed",
      "type": "cloudflare_zero_trust_tunnel_cloudflared",
      "name": "synology",
      "provider": "provider[\"registry.terraform.io/cloudflare/cloudflare\"]",
      "instances": [
        {
          "schema_version": 1,
          "attributes": {
            "account_id": "a8d9c67f586acdd15eebcc65ca3aa5bb",
            "account_tag": "a8d9c67f586acdd15eebcc65ca3aa5bb",
            "config_src": "cloudflare",
            "connections": [
              {
                "client_id": "c928a19f-c70d-47a1-aff1-ae69cc7c38fb",
                "client_version": "2026.2.0",
                "colo_name": "icn05",
                "id": "a2c95526-b0eb-4b5d-94ae-6194d79ebc8b",
                "is_pending_reconnect": false,
                "opened_at": "2026-03-26T15:57:32Z",
                "origin_ip": "221.153.20.249",
                "uuid": "a2c95526-b0eb-4b5d-94ae-6194d79ebc8b"
              },
              {
                "client_id": "c928a19f-c70d-47a1-aff1-ae69cc7c38fb",
                "client_version": "2026.2.0",
                "colo_name": "fuk01",
                "id": "469da9af-e16c-45b0-9f96-e5f4fdac23c7",
                "is_pending_reconnect": false,
                "opened_at": "2026-03-31T19:58:09Z",
                "origin_ip": "221.153.20.249",
                "uuid": "469da9af-e16c-45b0-9f96-e5f4fdac23c7"
              },
              {
                "client_id": "c928a19f-c70d-47a1-aff1-ae69cc7c38fb",
                "client_version": "2026.2.0",
                "colo_name": "fuk01",
                "id": "31f1a6a4-2dcd-4324-a4f8-048bb4b17f79",
                "is_pending_reconnect": false,
                "opened_at": "2026-03-31T19:58:35Z",
                "origin_ip": "221.153.20.249",
                "uuid": "31f1a6a4-2dcd-4324-a4f8-048bb4b17f79"
              },
              {
                "client_id": "c928a19f-c70d-47a1-aff1-ae69cc7c38fb",
                "client_version": "2026.2.0",
                "colo_name": "icn01",
                "id": "6e524091-67bb-49db-b700-f788fb963894",
                "is_pending_reconnect": false,
                "opened_at": "2026-03-26T15:57:34Z",
                "origin_ip": "221.153.20.249",
                "uuid": "6e524091-67bb-49db-b700-f788fb963894"
              }
            ],
            "conns_active_at": "2026-03-26T15:57:32Z",
            "conns_inactive_at": null,
            "created_at": "2026-02-20T05:59:55Z",
            "deleted_at": null,
            "id": "7eb03d76-b007-4d0a-80de-747b3943ef82",
            "metadata": "{}",
            "name": "215-synology",
            "remote_config": true,
            "status": "healthy",
            "tun_type": "cfd_tunnel",
            "tunnel_secret": null
          },
          "sensitive_attributes": [
            [
              {
                "type": "get_attr",
                "value": "account_id"
              }
            ],
            [
              {
                "type": "get_attr",
                "value": "tunnel_secret"
              }
            ]
          ],
          "identity_schema_version": 0,
          "dependencies": [
            "module.onepassword_secrets.data.onepassword_item.this",
            "module.onepassword_secrets.data.onepassword_vault.this",
            "random_password.tunnel_secret"
          ]
        }
      ]
    },
    {
      "mode": "managed",
      "type": "cloudflare_zero_trust_tunnel_cloudflared_config",
      "name": "homelab",
      "provider": "provider[\"registry.terraform.io/cloudflare/cloudflare\"]",
      "instances": [
        {
          "schema_version": 1,
          "attributes": {
            "account_id": "a8d9c67f586acdd15eebcc65ca3aa5bb",
            "config": {
              "ingress": [
                {
                  "hostname": "archon.jclee.me",
                  "origin_request": null,
                  "path": null,
                  "service": "http://localhost:80"
                },
                {
                  "hostname": "elk.jclee.me",
                  "origin_request": null,
                  "path": null,
                  "service": "http://localhost:80"
                },
                {
                  "hostname": "es.jclee.me",
                  "origin_request": null,
                  "path": null,
                  "service": "http://localhost:80"
                },
                {
                  "hostname": "gitlab.jclee.me",
                  "origin_request": null,
                  "path": null,
                  "service": "http://localhost:80"
                },
                {
                  "hostname": "grafana.jclee.me",
                  "origin_request": null,
                  "path": null,
                  "service": "http://localhost:80"
                },
                {
                  "hostname": "kibana.jclee.me",
                  "origin_request": null,
                  "path": null,
                  "service": "http://localhost:80"
                },
                {
                  "hostname": "mcphub.jclee.me",
                  "origin_request": null,
                  "path": null,
                  "service": "http://localhost:80"
                },
                {
                  "hostname": "n8n.jclee.me",
                  "origin_request": null,
                  "path": null,
                  "service": "http://localhost:80"
                },
                {
                  "hostname": "nas.jclee.me",
                  "origin_request": null,
                  "path": null,
                  "service": "http://localhost:80"
                },
                {
                  "hostname": "opencode.jclee.me",
                  "origin_request": null,
                  "path": null,
                  "service": "http://localhost:80"
                },
                {
                  "hostname": "opencode-api.jclee.me",
                  "origin_request": null,
                  "path": null,
                  "service": "http://localhost:80"
                },
                {
                  "hostname": "supabase.jclee.me",
                  "origin_request": null,
                  "path": null,
                  "service": "http://localhost:80"
                },
                {
                  "hostname": "jclee-ssh.jclee.me",
                  "origin_request": null,
                  "path": null,
                  "service": "tcp://192.168.50.80:22"
                },
                {
                  "hostname": "oc-rdp.jclee.me",
                  "origin_request": null,
                  "path": null,
                  "service": "tcp://192.168.50.200:3389"
                },
                {
                  "hostname": "rdp.jclee.me",
                  "origin_request": null,
                  "path": null,
                  "service": "tcp://192.168.50.80:3389"
                },
                {
                  "hostname": "ssh.jclee.me",
                  "origin_request": null,
                  "path": null,
                  "service": "tcp://192.168.50.200:22"
                },
                {
                  "hostname": "synology-ssh.jclee.me",
                  "origin_request": null,
                  "path": null,
                  "service": "tcp://192.168.50.215:22"
                },
                {
                  "hostname": "youtube-ssh.jclee.me",
                  "origin_request": null,
                  "path": null,
                  "service": "tcp://192.168.50.220:22"
                },
                {
                  "hostname": "logstash-ingest.jclee.me",
                  "origin_request": null,
                  "path": null,
                  "service": "http://192.168.50.105:8080"
                },
                {
                  "hostname": null,
                  "origin_request": null,
                  "path": null,
                  "service": "http_status:404"
                }
              ],
              "origin_request": null
            },
            "created_at": "2026-03-28T02:43:06Z",
            "id": "36ba24d1-05f4-4141-9ed8-343e602b019d",
            "source": "cloudflare",
            "tunnel_id": "36ba24d1-05f4-4141-9ed8-343e602b019d",
            "version": 18
          },
          "sensitive_attributes": [
            [
              {
                "type": "get_attr",
                "value": "account_id"
              }
            ]
          ],
          "identity_schema_version": 0,
          "dependencies": [
            "cloudflare_zero_trust_tunnel_cloudflared.homelab",
            "module.onepassword_secrets.data.onepassword_item.this",
            "module.onepassword_secrets.data.onepassword_vault.this",
            "random_password.homelab_tunnel_secret"
          ]
        }
      ]
    },
    {
      "mode": "managed",
      "type": "cloudflare_zero_trust_tunnel_cloudflared_config",
      "name": "synology",
      "provider": "provider[\"registry.terraform.io/cloudflare/cloudflare\"]",
      "instances": [
        {
          "schema_version": 1,
          "attributes": {
            "account_id": "a8d9c67f586acdd15eebcc65ca3aa5bb",
            "config": {
              "ingress": [
                {
                  "hostname": "nas.jclee.me",
                  "origin_request": null,
                  "path": null,
                  "service": "http://192.168.50.215:5000"
                },
                {
                  "hostname": null,
                  "origin_request": null,
                  "path": null,
                  "service": "http_status:404"
                }
              ],
              "origin_request": null
            },
            "created_at": "2026-03-05T11:08:06Z",
            "id": "7eb03d76-b007-4d0a-80de-747b3943ef82",
            "source": "cloudflare",
            "tunnel_id": "7eb03d76-b007-4d0a-80de-747b3943ef82",
            "version": 2
          },
          "sensitive_attributes": [
            [
              {
                "type": "get_attr",
                "value": "account_id"
              }
            ]
          ],
          "identity_schema_version": 0,
          "dependencies": [
            "cloudflare_zero_trust_tunnel_cloudflared.synology",
            "module.onepassword_secrets.data.onepassword_item.this",
            "module.onepassword_secrets.data.onepassword_vault.this",
            "random_password.tunnel_secret"
          ]
        }
      ]
    },
    {
      "mode": "managed",
      "type": "random_password",
      "name": "homelab_tunnel_secret",
      "provider": "provider[\"registry.terraform.io/hashicorp/random\"]",
      "instances": [
        {
          "schema_version": 3,
          "attributes": {
            "bcrypt_hash": "$2a$10$QAtBX0EoiK4KCweGktOBveDwDwnjtLNexK/l58DWl48E5jRnm7RbC",
            "id": "none",
            "keepers": null,
            "length": 64,
            "lower": true,
            "min_lower": 0,
            "min_numeric": 0,
            "min_special": 0,
            "min_upper": 0,
            "number": true,
            "numeric": true,
            "override_special": null,
            "result": "VyuwLaEs{LI3A97R)ViJlKYkE3!fylVWgG\u0026*n=QwZ?jT@JV\u003e2!sXynYg$U6U?B74",
            "special": true,
            "upper": true
          },
          "sensitive_attributes": [
            [
              {
                "type": "get_attr",
                "value": "bcrypt_hash"
              }
            ],
            [
              {
                "type": "get_attr",
                "value": "result"
              }
            ]
          ],
          "identity_schema_version": 0
        }
      ]
    },
    {
      "mode": "managed",
      "type": "random_password",
      "name": "jclee_tunnel_secret",
      "provider": "provider[\"registry.terraform.io/hashicorp/random\"]",
      "instances": [
        {
          "schema_version": 3,
          "attributes": {
            "bcrypt_hash": "$2a$10$IgFgRQyLDw2hBD0apogpo.jMYsTmJ3c9vtXNpVCvLr.s1Wt5G7rLW",
            "id": "none",
            "keepers": null,
            "length": 64,
            "lower": true,
            "min_lower": 0,
            "min_numeric": 0,
            "min_special": 0,
            "min_upper": 0,
            "number": true,
            "numeric": true,
            "override_special": null,
            "result": "ISz@:mUzPtX0]kwkeH4e)Ve-PsB2}1M_6lzrd9i9HW9[\u003c#8)t?BFWb5\u003c-MvU7*#X",
            "special": true,
            "upper": true
          },
          "sensitive_attributes": [
            [
              {
                "type": "get_attr",
                "value": "bcrypt_hash"
              }
            ],
            [
              {
                "type": "get_attr",
                "value": "result"
              }
            ]
          ],
          "identity_schema_version": 0
        }
      ]
    },
    {
      "mode": "managed",
      "type": "random_password",
      "name": "tunnel_secret",
      "provider": "provider[\"registry.terraform.io/hashicorp/random\"]",
      "instances": [
        {
          "schema_version": 3,
          "attributes": {
            "bcrypt_hash": "$2a$10$jXxbnWP8dBSEM/fTd.TgLe4V./3IB4sfwA1OleNK2TmRqVqU/jj0e",
            "id": "none",
            "keepers": null,
            "length": 64,
            "lower": true,
            "min_lower": 0,
            "min_numeric": 0,
            "min_special": 0,
            "min_upper": 0,
            "number": true,
            "numeric": true,
            "override_special": null,
            "result": "zc!_u{LutyG7PfOXC1}\u003c3o\u003c*7KI_gAz-XhwaI}J7*\u00264Xn5sg0:Fof:72WhiQFwfl",
            "special": true,
            "upper": true
          },
          "sensitive_attributes": [
            [
              {
                "type": "get_attr",
                "value": "bcrypt_hash"
              }
            ],
            [
              {
                "type": "get_attr",
                "value": "result"
              }
            ]
          ],
          "identity_schema_version": 0
        }
      ]
    },
    {
      "mode": "managed",
      "type": "terraform_data",
      "name": "cf_secrets_store",
      "provider": "provider[\"terraform.io/builtin/terraform\"]",
      "instances": [
        {
          "schema_version": 0,
          "attributes": {
            "id": "13b9eb36-c4d9-5ef8-7bf1-7f6884ca2f79",
            "input": {
              "value": {
                "account_id": "a8d9c67f586acdd15eebcc65ca3aa5bb",
                "secrets": [
                  "CF_INGEST_API_KEY"
                ],
                "store_id": "88dc5de305594f08aeb9bc04dad2f8cf"
              },
              "type": [
                "object",
                {
                  "account_id": "string",
                  "secrets": [
                    "list",
                    "string"
                  ],
                  "store_id": "string"
                }
              ]
            },
            "output": {
              "value": {
                "account_id": "a8d9c67f586acdd15eebcc65ca3aa5bb",
                "secrets": [
                  "CF_INGEST_API_KEY"
                ],
                "store_id": "88dc5de305594f08aeb9bc04dad2f8cf"
              },
              "type": [
                "object",
                {
                  "account_id": "string",
                  "secrets": [
                    "list",
                    "string"
                  ],
                  "store_id": "string"
                }
              ]
            },
            "triggers_replace": null
          },
          "sensitive_attributes": [
            [
              {
                "type": "get_attr",
                "value": "input"
              },
              {
                "type": "get_attr",
                "value": "account_id"
              }
            ]
          ],
          "identity_schema_version": 0,
          "dependencies": [
            "module.onepassword_secrets.data.onepassword_item.this",
            "module.onepassword_secrets.data.onepassword_vault.this"
          ]
        }
      ]
    },
    {
      "mode": "managed",
      "type": "terraform_data",
      "name": "validate_credentials",
      "provider": "provider[\"terraform.io/builtin/terraform\"]",
      "instances": [
        {
          "schema_version": 0,
          "attributes": {
            "id": "6d7ef663-0d5f-0543-3877-15c226f0a98f",
            "input": null,
            "output": null,
            "triggers_replace": null
          },
          "sensitive_attributes": [],
          "identity_schema_version": 0,
          "dependencies": [
            "module.onepassword_secrets.data.onepassword_item.this",
            "module.onepassword_secrets.data.onepassword_vault.this"
          ]
        }
      ]
    },
    {
      "module": "module.onepassword_secrets",
      "mode": "data",
      "type": "onepassword_item",
      "name": "this",
      "provider": "provider[\"registry.terraform.io/1password/onepassword\"]",
      "instances": [
        {
          "index_key": "archon",
          "schema_version": 0,
          "attributes": {
            "category": "password",
            "credential": null,
            "database": null,
            "file": [],
            "filename": null,
            "hostname": null,
            "id": "vaults/glsrlcf5lapzbba6zk6sppkgnq/items/nloohxtyi2f3jh5byfbj7xsqt4",
            "note_value": "Archon AI Agent Orchestration Platform\nHost: 192.168.50.108 (LXC 108)\nServices:\n- UI: :3737\n- Server: :8181 (FastAPI + Socket.IO)\n- MCP: :8051\n- Agents: :8052\nStorage: Supabase (supabase.jclee.me)\nEmbedding: Ollama nomic-embed-text (192.168.50.109:11434)\nStatus: Production\nUpdated: 2025-03",
            "password": "",
            "port": null,
            "private_key": null,
            "private_key_openssh": null,
            "public_key": null,
            "section": [
              {
                "field": [
                  {
                    "id": "hwvcohpo7uttobyjz67rh7se24",
                    "label": "url",
                    "type": "CONCEALED",
                    "value": "http://192.168.50.108:3737"
                  },
                  {
                    "id": "rguxz6yd6lnfo2skaepqkvvqca",
                    "label": "mcp_url",
                    "type": "CONCEALED",
                    "value": "http://192.168.50.108:8051"
                  },
                  {
                    "id": "xrvtuzoofhmk35jkzdmmsohirm",
                    "label": "server_url",
                    "type": "CONCEALED",
                    "value": "http://192.168.50.108:8181"
                  },
                  {
                    "id": "uwfkulcvyuzslwm5nhwagjkfjy",
                    "label": "agents_url",
                    "type": "CONCEALED",
                    "value": "http://192.168.50.108:8052"
                  }
                ],
                "file": [],
                "id": "Section_lyz6ns3bnzrclnnw2qgeglypb4",
                "label": "Connection"
              },
              {
                "field": [
                  {
                    "id": "bsk4m3rm5tgjevm2b6pd7ao6ji",
                    "label": "anthropic_api_key",
                    "type": "CONCEALED",
                    "value": "placeholder"
                  },
                  {
                    "id": "mbmlfjn76da7burfwclnjxa644",
                    "label": "openai_api_key",
                    "type": "CONCEALED",
                    "value": "placeholder"
                  }
                ],
                "file": [],
                "id": "Section_7fyozx2sap6dvgbzvofhva5z4y",
                "label": "API Keys"
              }
            ],
            "section_map": {
              "API Keys": {
                "field_map": {
                  "anthropic_api_key": {
                    "id": "bsk4m3rm5tgjevm2b6pd7ao6ji",
                    "type": "CONCEALED",
                    "value": "placeholder"
                  },
                  "openai_api_key": {
                    "id": "mbmlfjn76da7burfwclnjxa644",
                    "type": "CONCEALED",
                    "value": "placeholder"
                  }
                },
                "file_map": {},
                "id": "Section_7fyozx2sap6dvgbzvofhva5z4y"
              },
              "Connection": {
                "field_map": {
                  "agents_url": {
                    "id": "uwfkulcvyuzslwm5nhwagjkfjy",
                    "type": "CONCEALED",
                    "value": "http://192.168.50.108:8052"
                  },
                  "mcp_url": {
                    "id": "rguxz6yd6lnfo2skaepqkvvqca",
                    "type": "CONCEALED",
                    "value": "http://192.168.50.108:8051"
                  },
                  "server_url": {
                    "id": "xrvtuzoofhmk35jkzdmmsohirm",
                    "type": "CONCEALED",
                    "value": "http://192.168.50.108:8181"
                  },
                  "url": {
                    "id": "hwvcohpo7uttobyjz67rh7se24",
                    "type": "CONCEALED",
                    "value": "http://192.168.50.108:3737"
                  }
                },
                "file_map": {},
                "id": "Section_lyz6ns3bnzrclnnw2qgeglypb4"
              }
            },
            "tags": [
              "ai"
            ],
            "title": "archon",
            "type": null,
            "url": "http://192.168.50.108:3737",
            "username": null,
            "uuid": "nloohxtyi2f3jh5byfbj7xsqt4",
            "valid_from": null,
            "vault": "glsrlcf5lapzbba6zk6sppkgnq"
          },
          "sensitive_attributes": [
            [
              {
                "type": "get_attr",
                "value": "credential"
              }
            ],
            [
              {
                "type": "get_attr",
                "value": "note_value"
              }
            ],
            [
              {
                "type": "get_attr",
                "value": "password"
              }
            ],
            [
              {
                "type": "get_attr",
                "value": "private_key"
              }
            ],
            [
              {
                "type": "get_attr",
                "value": "private_key_openssh"
              }
            ],
            [
              {
                "type": "get_attr",
                "value": "section"
              },
              {
                "type": "index",
                "value": {
                  "value": 0,
                  "type": "number"
                }
              },
              {
                "type": "get_attr",
                "value": "field"
              },
              {
                "type": "index",
                "value": {
                  "value": 0,
                  "type": "number"
                }
              },
              {
                "type": "get_attr",
                "value": "value"
              }
            ],
            [
              {
                "type": "get_attr",
                "value": "section"
              },
              {
                "type": "index",
                "value": {
                  "value": 0,
                  "type": "number"
                }
              },
              {
                "type": "get_attr",
                "value": "field"
              },
              {
                "type": "index",
                "value": {
                  "value": 1,
                  "type": "number"
                }
              },
              {
                "type": "get_attr",
                "value": "value"
              }
            ],
            [
              {
                "type": "get_attr",
                "value": "section"
              },
              {
                "type": "index",
                "value": {
                  "value": 0,
                  "type": "number"
                }
              },
              {
                "type": "get_attr",
                "value": "field"
              },
              {
                "type": "index",
                "value": {
                  "value": 2,
                  "type": "number"
                }
              },
              {
                "type": "get_attr",
                "value": "value"
              }
            ],
            [
              {
                "type": "get_attr",
                "value": "section"
              },
              {
                "type": "index",
                "value": {
                  "value": 0,
                  "type": "number"
                }
              },
              {
                "type": "get_attr",
                "value": "field"
              },
              {
                "type": "index",
                "value": {
                  "value": 3,
                  "type": "number"
                }
              },
              {
                "type": "get_attr",
                "value": "value"
              }
            ],
            [
              {
                "type": "get_attr",
                "value": "section"
              },
              {
                "type": "index",
                "value": {
                  "value": 1,
                  "type": "number"
                }
              },
              {
                "type": "get_attr",
                "value": "field"
              },
              {
                "type": "index",
                "value": {
                  "value": 0,
                  "type": "number"
                }
              },
              {
                "type": "get_attr",
                "value": "value"
              }
            ],
            [
              {
                "type": "get_attr",
                "value": "section"
              },
              {
                "type": "index",
                "value": {
                  "value": 1,
                  "type": "number"
                }
              },
              {
                "type": "get_attr",
                "value": "field"
              },
              {
                "type": "index",
                "value": {
                  "value": 1,
                  "type": "number"
                }
              },
              {
                "type": "get_attr",
                "value": "value"
              }
            ],
            [
              {
                "type": "get_attr",
                "value": "section_map"
              },
              {
                "type": "index",
                "value": {
                  "value": "API Keys",
                  "type": "string"
                }
              },
              {
                "type": "get_attr",
                "value": "field_map"
              },
              {
                "type": "index",
                "value": {
                  "value": "anthropic_api_key",
                  "type": "string"
                }
              },
              {
                "type": "get_attr",
                "value": "value"
              }
            ],
            [
              {
                "type": "get_attr",
                "value": "section_map"
              },
              {
                "type": "index",
                "value": {
                  "value": "API Keys",
                  "type": "string"
                }
              },
              {
                "type": "get_attr",
                "value": "field_map"
              },
              {
                "type": "index",
                "value": {
                  "value": "openai_api_key",
                  "type": "string"
                }
              },
              {
                "type": "get_attr",
                "value": "value"
              }
            ],
            [
              {
                "type": "get_attr",
                "value": "section_map"
              },
              {
                "type": "index",
                "value": {
                  "value": "Connection",
                  "type": "string"
                }
              },
              {
                "type": "get_attr",
                "value": "field_map"
              },
              {
                "type": "index",
                "value": {
                  "value": "agents_url",
                  "type": "string"
                }
              },
              {
                "type": "get_attr",
                "value": "value"
              }
            ],
            [
              {
                "type": "get_attr",
                "value": "section_map"
              },
              {
                "type": "index",
                "value": {
                  "value": "Connection",
                  "type": "string"
                }
              },
              {
                "type": "get_attr",
                "value": "field_map"
              },
              {
                "type": "index",
                "value": {
                  "value": "mcp_url",
                  "type": "string"
                }
              },
              {
                "type": "get_attr",
                "value": "value"
              }
            ],
            [
              {
                "type": "get_attr",
                "value": "section_map"
              },
              {
                "type": "index",
                "value": {
                  "value": "Connection",
                  "type": "string"
                }
              },
              {
                "type": "get_attr",
                "value": "field_map"
              },
              {
                "type": "index",
                "value": {
                  "value": "server_url",
                  "type": "string"
                }
              },
              {
                "type": "get_attr",
                "value": "value"
              }
            ],
            [
              {
                "type": "get_attr",
                "value": "section_map"
              },
              {
                "type": "index",
                "value": {
                  "value": "Connection",
                  "type": "string"
                }
              },
              {
                "type": "get_attr",
                "value": "field_map"
              },
              {
                "type": "index",
                "value": {
                  "value": "url",
                  "type": "string"
                }
              },
              {
                "type": "get_attr",
                "value": "value"
              }
            ]
          ],
          "identity_schema_version": 0
        },
        {
          "index_key": "cloudflare",
          "schema_version": 0,
          "attributes": {
            "category": "password",
            "credential": null,
            "database": null,
            "file": [],
            "filename": null,
            "hostname": null,
            "id": "vaults/glsrlcf5lapzbba6zk6sppkgnq/items/pmz2vfzmfg5knlrzyskssvqdeq",
            "note_value": "Cloudflare Account Credentials\nAccount: qws941@kakao.com\nAccount ID: a8d9c67f586acdd15eebcc65ca3aa5bb\nZone ID: ed060daac18345f6900fc5a661dc94f9\nAPI Keys:\n- api_key: Current API token\n- api_key_legacy: Previous token (deprecated)\n- global_api_key: Account global key\nServices:\n- DNS management\n- Cloudflare Tunnels\n- Workers deployment\n- Access policies\nUsage: CF Worker deploy, DNS automation\nStatus: Production\nUpdated: 2025-03",
            "password": "",
            "port": null,
            "private_key": null,
            "private_key_openssh": null,
            "public_key": null,
            "section": [
              {
                "field": [
                  {
                    "id": "j33jgwdh7vdpowgcpezd4jss6y",
                    "label": "email",
                    "type": "CONCEALED",
                    "value": "qws941@kakao.com"
                  },
                  {
                    "id": "evyp3gbigy6mdtoj7nss66y5cu",
                    "label": "account_id",
                    "type": "CONCEALED",
                    "value": "a8d9c67f586acdd15eebcc65ca3aa5bb"
                  },
                  {
                    "id": "eoqjexnj63kn4rnnwlnch5gwmq",
                    "label": "zone_id",
                    "type": "CONCEALED",
                    "value": "ed060daac18345f6900fc5a661dc94f9"
                  }
                ],
                "file": [],
                "id": "Section_sx5bewqhsjzqtcwp3xoyivvepq",
                "label": "Account"
              },
              {
                "field": [
                  {
                    "id": "4m6fpb47fo43mewsbhgcfpi5vy",
                    "label": "api_key",
                    "type": "CONCEALED",
                    "value": "CMTfxOdHacsbXsegngbbAV-jW5tPwsHA7HTtYswb"
                  },
                  {
                    "id": "imw6w2lawqlv5b3r525yilbkwi",
                    "label": "api_key_legacy",
                    "type": "CONCEALED",
                    "value": "AMSoMCU6co1jb3rS55lRylcZSgfbBzAHEH-fwym2"
                  },
                  {
                    "id": "jxjdfeyqkixsltv57x5a3il6v4",
                    "label": "global_api_key",
                    "type": "CONCEALED",
                    "value": "8c5a660dfff03201090979aed72f097f8dc96"
                  }
                ],
                "file": [],
                "id": "Section_553o2jr3i6mgn73blvfopyfiae",
                "label": "API Keys"
              },
              {
                "field": [
                  {
                    "id": "dah7a35zbl2bei5vfmkgvqn57m",
                    "label": "url",
                    "type": "CONCEALED",
                    "value": "https://dash.cloudflare.com"
                  }
                ],
                "file": [],
                "id": "Section_y5t5o7djcowk7z2ounynhetdju",
                "label": "Connection"
              }
            ],
            "section_map": {
              "API Keys": {
                "field_map": {
                  "api_key": {
                    "id": "4m6fpb47fo43mewsbhgcfpi5vy",
                    "type": "CONCEALED",
                    "value": "CMTfxOdHacsbXsegngbbAV-jW5tPwsHA7HTtYswb"
                  },
                  "api_key_legacy": {
                    "id": "imw6w2lawqlv5b3r525yilbkwi",
                    "type": "CONCEALED",
                    "value": "AMSoMCU6co1jb3rS55lRylcZSgfbBzAHEH-fwym2"
                  },
                  "global_api_key": {
                    "id": "jxjdfeyqkixsltv57x5a3il6v4",
                    "type": "CONCEALED",
                    "value": "8c5a660dfff03201090979aed72f097f8dc96"
                  }
                },
                "file_map": {},
                "id": "Section_553o2jr3i6mgn73blvfopyfiae"
              },
              "Account": {
                "field_map": {
                  "account_id": {
                    "id": "evyp3gbigy6mdtoj7nss66y5cu",
                    "type": "CONCEALED",
                    "value": "a8d9c67f586acdd15eebcc65ca3aa5bb"
                  },
                  "email": {
                    "id": "j33jgwdh7vdpowgcpezd4jss6y",
                    "type": "CONCEALED",
                    "value": "qws941@kakao.com"
                  },
                  "zone_id": {
                    "id": "eoqjexnj63kn4rnnwlnch5gwmq",
                    "type": "CONCEALED",
                    "value": "ed060daac18345f6900fc5a661dc94f9"
                  }
                },
                "file_map": {},
                "id": "Section_sx5bewqhsjzqtcwp3xoyivvepq"
              },
              "Connection": {
                "field_map": {
                  "url": {
                    "id": "dah7a35zbl2bei5vfmkgvqn57m",
                    "type": "CONCEALED",
                    "value": "https://dash.cloudflare.com"
                  }
                },
                "file_map": {},
                "id": "Section_y5t5o7djcowk7z2ounynhetdju"
              }
            },
            "tags": [
              "network"
            ],
            "title": "cloudflare",
            "type": null,
            "url": "https://dash.cloudflare.com",
            "username": null,
            "uuid": "pmz2vfzmfg5knlrzyskssvqdeq",
            "valid_from": null,
            "vault": "glsrlcf5lapzbba6zk6sppkgnq"
          },
          "sensitive_attributes": [
            [
              {
                "type": "get_attr",
                "value": "credential"
              }
            ],
            [
              {
                "type": "get_attr",
                "value": "note_value"
              }
            ],
            [
              {
                "type": "get_attr",
                "value": "password"
              }
            ],
            [
              {
                "type": "get_attr",
                "value": "private_key"
              }
            ],
            [
              {
                "type": "get_attr",
                "value": "private_key_openssh"
              }
            ],
            [
              {
                "type": "get_attr",
                "value": "section"
              },
              {
                "type": "index",
                "value": {
                  "value": 0,
                  "type": "number"
                }
              },
              {
                "type": "get_attr",
                "value": "field"
              },
              {
                "type": "index",
                "value": {
                  "value": 0,
                  "type": "number"
                }
              },
              {
                "type": "get_attr",
                "value": "value"
              }
            ],
            [
              {
                "type": "get_attr",
                "value": "section"
              },
              {
                "type": "index",
                "value": {
                  "value": 0,
                  "type": "number"
                }
              },
              {
                "type": "get_attr",
                "value": "field"
              },
              {
                "type": "index",
                "value": {
                  "value": 1,
                  "type": "number"
                }
              },
              {
                "type": "get_attr",
                "value": "value"
              }
            ],
            [
              {
                "type": "get_attr",
                "value": "section"
              },
              {
                "type": "index",
                "value": {
                  "value": 0,
                  "type": "number"
                }
              },
              {
                "type": "get_attr",
                "value": "field"
              },
              {
                "type": "index",
                "value": {
                  "value": 2,
                  "type": "number"
                }
              },
              {
                "type": "get_attr",
                "value": "value"
              }
            ],
            [
              {
                "type": "get_attr",
                "value": "section"
              },
              {
                "type": "index",
                "value": {
                  "value": 1,
                  "type": "number"
                }
              },
              {
                "type": "get_attr",
                "value": "field"
              },
              {
                "type": "index",
                "value": {
                  "value": 0,
                  "type": "number"
                }
              },
              {
                "type": "get_attr",
                "value": "value"
              }
            ],
            [
              {
                "type": "get_attr",
                "value": "section"
              },
              {
                "type": "index",
                "value": {
                  "value": 1,
                  "type": "number"
                }
              },
              {
                "type": "get_attr",
                "value": "field"
              },
              {
                "type": "index",
                "value": {
                  "value": 1,
                  "type": "number"
                }
              },
              {
                "type": "get_attr",
                "value": "value"
              }
            ],
            [
              {
                "type": "get_attr",
                "value": "section"
              },
              {
                "type": "index",
                "value": {
                  "value": 1,
                  "type": "number"
                }
              },
              {
                "type": "get_attr",
                "value": "field"
              },
              {
                "type": "index",
                "value": {
                  "value": 2,
                  "type": "number"
                }
              },
              {
                "type": "get_attr",
                "value": "value"
              }
            ],
            [
              {
                "type": "get_attr",
                "value": "section"
              },
              {
                "type": "index",
                "value": {
                  "value": 2,
                  "type": "number"
                }
              },
              {
                "type": "get_attr",
                "value": "field"
              },
              {
                "type": "index",
                "value": {
                  "value": 0,
                  "type": "number"
                }
              },
              {
                "type": "get_attr",
                "value": "value"
              }
            ],
            [
              {
                "type": "get_attr",
                "value": "section_map"
              },
              {
                "type": "index",
                "value": {
                  "value": "API Keys",
                  "type": "string"
                }
              },
              {
                "type": "get_attr",
                "value": "field_map"
              },
              {
                "type": "index",
                "value": {
                  "value": "api_key",
                  "type": "string"
                }
              },
              {
                "type": "get_attr",
                "value": "value"
              }
            ],
            [
              {
                "type": "get_attr",
                "value": "section_map"
              },
              {
                "type": "index",
                "value": {
                  "value": "API Keys",
                  "type": "string"
                }
              },
              {
                "type": "get_attr",
                "value": "field_map"
              },
              {
                "type": "index",
                "value": {
                  "value": "api_key_legacy",
                  "type": "string"
                }
              },
              {
                "type": "get_attr",
                "value": "value"
              }
            ],
            [
              {
                "type": "get_attr",
                "value": "section_map"
              },
              {
                "type": "index",
                "value": {
                  "value": "API Keys",
                  "type": "string"
                }
              },
              {
                "type": "get_attr",
                "value": "field_map"
              },
              {
                "type": "index",
                "value": {
                  "value": "global_api_key",
                  "type": "string"
                }
              },
              {
                "type": "get_attr",
                "value": "value"
              }
            ],
            [
              {
                "type": "get_attr",
                "value": "section_map"
              },
              {
                "type": "index",
                "value": {
                  "value": "Account",
                  "type": "string"
                }
              },
              {
                "type": "get_attr",
                "value": "field_map"
              },
              {
                "type": "index",
                "value": {
                  "value": "account_id",
                  "type": "string"
                }
              },
              {
                "type": "get_attr",
                "value": "value"
              }
            ],
            [
              {
                "type": "get_attr",
                "value": "section_map"
              },
              {
                "type": "index",
                "value": {
                  "value": "Account",
                  "type": "string"
                }
              },
              {
                "type": "get_attr",
                "value": "field_map"
              },
              {
                "type": "index",
                "value": {
                  "value": "email",
                  "type": "string"
                }
              },
              {
                "type": "get_attr",
                "value": "value"
              }
            ],
            [
              {
                "type": "get_attr",
                "value": "section_map"
              },
              {
                "type": "index",
                "value": {
                  "value": "Account",
                  "type": "string"
                }
              },
              {
                "type": "get_attr",
                "value": "field_map"
              },
              {
                "type": "index",
                "value": {
                  "value": "zone_id",
                  "type": "string"
                }
              },
              {
                "type": "get_attr",
                "value": "value"
              }
            ],
            [
              {
                "type": "get_attr",
                "value": "section_map"
              },
              {
                "type": "index",
                "value": {
                  "value": "Connection",
                  "type": "string"
                }
              },
              {
                "type": "get_attr",
                "value": "field_map"
              },
              {
                "type": "index",
                "value": {
                  "value": "url",
                  "type": "string"
                }
              },
              {
                "type": "get_attr",
                "value": "value"
              }
            ]
          ],
          "identity_schema_version": 0
        },
        {
          "index_key": "elk",
          "schema_version": 0,
          "attributes": {
            "category": "password",
            "credential": null,
            "database": null,
            "file": [],
            "filename": null,
            "hostname": null,
            "id": "vaults/glsrlcf5lapzbba6zk6sppkgnq/items/r7sorr37gjv6pbtkbsdpwa62oq",
            "note_value": "Elasticsearch + Kibana Stack\nHost: 192.168.50.109 (LXC 109)\nPorts:\n- Elasticsearch: 9200\n- Kibana: 5601\nCredentials:\n- elastic_password: Superuser\n- kibana_password: Kibana system user\nAPI Keys:\n- apikey_resume_cfw: CF Workers ingestion\n- apikey_resume_gha: GitHub Actions ingestion\nCloudflare Access:\n- Tunnel auth for external access\n- Token for resume.jclee.me\nUsage: ELK MCP, log analytics\nStatus: Production\nUpdated: 2025-03",
            "password": "",
            "port": null,
            "private_key": null,
            "private_key_openssh": null,
            "public_key": null,
            "section": [
              {
                "field": [
                  {
                    "id": "axvyue72vhjtrkb2zfydituyeu",
                    "label": "elasticsearch_url",
                    "type": "CONCEALED",
                    "value": "http://192.168.50.109:9200"
                  },
                  {
                    "id": "tjfa7lir3vbvagxuo5u55whmjq",
                    "label": "kibana_url",
                    "type": "CONCEALED",
                    "value": "http://192.168.50.109:5601"
                  }
                ],
                "file": [],
                "id": "Section_frfuvssgbsepocsphem6jun3gi",
                "label": "Connection"
              },
              {
                "field": [
                  {
                    "id": "frkgfpf6pfzght2qeqxe2on7im",
                    "label": "elastic_password",
                    "type": "CONCEALED",
                    "value": "I93bmZ/uT3haNpdL9GJ+neTf"
                  }
                ],
                "file": [],
                "id": "Section_d6ahvpdj2nzbcadlg2pw3fp6s4",
                "label": "secrets"
              },
              {
                "field": [
                  {
                    "id": "cq5nk7ledg5eeqvnw3lfsetesu",
                    "label": "elastic_password",
                    "type": "CONCEALED",
                    "value": "I93bmZ/uT3haNpdL9GJ+neTf"
                  },
                  {
                    "id": "dlb53cniypidcbems77lsl6g3m",
                    "label": "kibana_password",
                    "type": "CONCEALED",
                    "value": "bp8xTk6gkq/bqQ6QqssXTJRa"
                  }
                ],
                "file": [],
                "id": "Section_2x73fav3no6udp43h2h3ffiljq",
                "label": "Passwords"
              },
              {
                "field": [
                  {
                    "id": "5gfcnpskttijzcbtghy3ytfxhm",
                    "label": "resume_cfw",
                    "type": "CONCEALED",
                    "value": "d09VN3Fad0JDMG5zeGxFUjl0Vm46YXRvZUdnVmpSc3kyX0xWZzBLaUZ5dw=="
                  },
                  {
                    "id": "6nb5mgs2htvgcgxdmq6sjlvl7m",
                    "label": "resume_cfw_username",
                    "type": "CONCEALED",
                    "value": "resume-cf-workers"
                  },
                  {
                    "id": "hzql4fw4nflpd35aomhpdmfdxu",
                    "label": "resume_cfw_id",
                    "type": "CONCEALED",
                    "value": "wOU7qZwBC0nsxlER9tVn"
                  },
                  {
                    "id": "r7lv4ra2gnjcctofkewvtbex5m",
                    "label": "resume_gha",
                    "type": "CONCEALED",
                    "value": "QXVabnFad0JDMG5zeGxFUjF2RXM6aDBhbGFNUzJRbUtJSm02c0QzVl9Jdw=="
                  },
                  {
                    "id": "5okth2v4hfcqu5gossh4m5qr4m",
                    "label": "resume_gha_id",
                    "type": "CONCEALED",
                    "value": "AuZnqZwBC0nsxlER1vEs"
                  }
                ],
                "file": [],
                "id": "Section_moxl45d4sdvicmkvni6eeao5ga",
                "label": "API Keys"
              },
              {
                "field": [
                  {
                    "id": "5pldvqmdqphq2mwssybowrzqa4",
                    "label": "client_id",
                    "type": "CONCEALED",
                    "value": "637118a80164e2e0a135a58d03b75dc0.access"
                  },
                  {
                    "id": "3c2c54mk7eammnc4mozhisc3we",
                    "label": "client_secret",
                    "type": "CONCEALED",
                    "value": "baeae86d3830609b8976a34803e58cde06b4ca4464b28bce956a47f6d98a6f79"
                  },
                  {
                    "id": "fvjjifuu3wmgpmht4dhbassfqe",
                    "label": "token_id",
                    "type": "CONCEALED",
                    "value": "b137fdc7-d5b3-47ef-a816-e0e083a91a65"
                  }
                ],
                "file": [],
                "id": "Section_vsrfavdkmyvy5v74tnromfyyiq",
                "label": "CF Access"
              }
            ],
            "section_map": {
              "API Keys": {
                "field_map": {
                  "resume_cfw": {
                    "id": "5gfcnpskttijzcbtghy3ytfxhm",
                    "type": "CONCEALED",
                    "value": "d09VN3Fad0JDMG5zeGxFUjl0Vm46YXRvZUdnVmpSc3kyX0xWZzBLaUZ5dw=="
                  },
                  "resume_cfw_id": {
                    "id": "hzql4fw4nflpd35aomhpdmfdxu",
                    "type": "CONCEALED",
                    "value": "wOU7qZwBC0nsxlER9tVn"
                  },
                  "resume_cfw_username": {
                    "id": "6nb5mgs2htvgcgxdmq6sjlvl7m",
                    "type": "CONCEALED",
                    "value": "resume-cf-workers"
                  },
                  "resume_gha": {
                    "id": "r7lv4ra2gnjcctofkewvtbex5m",
                    "type": "CONCEALED",
                    "value": "QXVabnFad0JDMG5zeGxFUjF2RXM6aDBhbGFNUzJRbUtJSm02c0QzVl9Jdw=="
                  },
                  "resume_gha_id": {
                    "id": "5okth2v4hfcqu5gossh4m5qr4m",
                    "type": "CONCEALED",
                    "value": "AuZnqZwBC0nsxlER1vEs"
                  }
                },
                "file_map": {},
                "id": "Section_moxl45d4sdvicmkvni6eeao5ga"
              },
              "CF Access": {
                "field_map": {
                  "client_id": {
                    "id": "5pldvqmdqphq2mwssybowrzqa4",
                    "type": "CONCEALED",
                    "value": "637118a80164e2e0a135a58d03b75dc0.access"
                  },
                  "client_secret": {
                    "id": "3c2c54mk7eammnc4mozhisc3we",
                    "type": "CONCEALED",
                    "value": "baeae86d3830609b8976a34803e58cde06b4ca4464b28bce956a47f6d98a6f79"
                  },
                  "token_id": {
                    "id": "fvjjifuu3wmgpmht4dhbassfqe",
                    "type": "CONCEALED",
                    "value": "b137fdc7-d5b3-47ef-a816-e0e083a91a65"
                  }
                },
                "file_map": {},
                "id": "Section_vsrfavdkmyvy5v74tnromfyyiq"
              },
              "Connection": {
                "field_map": {
                  "elasticsearch_url": {
                    "id": "axvyue72vhjtrkb2zfydituyeu",
                    "type": "CONCEALED",
                    "value": "http://192.168.50.109:9200"
                  },
                  "kibana_url": {
                    "id": "tjfa7lir3vbvagxuo5u55whmjq",
                    "type": "CONCEALED",
                    "value": "http://192.168.50.109:5601"
                  }
                },
                "file_map": {},
                "id": "Section_frfuvssgbsepocsphem6jun3gi"
              },
              "Passwords": {
                "field_map": {
                  "elastic_password": {
                    "id": "cq5nk7ledg5eeqvnw3lfsetesu",
                    "type": "CONCEALED",
                    "value": "I93bmZ/uT3haNpdL9GJ+neTf"
                  },
                  "kibana_password": {
                    "id": "dlb53cniypidcbems77lsl6g3m",
                    "type": "CONCEALED",
                    "value": "bp8xTk6gkq/bqQ6QqssXTJRa"
                  }
                },
                "file_map": {},
                "id": "Section_2x73fav3no6udp43h2h3ffiljq"
              },
              "secrets": {
                "field_map": {
                  "elastic_password": {
                    "id": "frkgfpf6pfzght2qeqxe2on7im",
                    "type": "CONCEALED",
                    "value": "I93bmZ/uT3haNpdL9GJ+neTf"
                  }
                },
                "file_map": {},
                "id": "Section_d6ahvpdj2nzbcadlg2pw3fp6s4"
              }
            },
            "tags": [
              "logging"
            ],
            "title": "elk",
            "type": null,
            "url": "http://192.168.50.109:5601",
            "username": null,
            "uuid": "r7sorr37gjv6pbtkbsdpwa62oq",
            "valid_from": null,
            "vault": "glsrlcf5lapzbba6zk6sppkgnq"
          },
          "sensitive_attributes": [
            [
              {
                "type": "get_attr",
                "value": "credential"
              }
            ],
            [
              {
                "type": "get_attr",
                "value": "note_value"
              }
            ],
            [
              {
                "type": "get_attr",
                "value": "password"
              }
            ],
            [
              {
                "type": "get_attr",
                "value": "private_key"
              }
            ],
            [
              {
                "type": "get_attr",
                "value": "private_key_openssh"
              }
            ],
            [
              {
                "type": "get_attr",
                "value": "section"
              },
              {
                "type": "index",
                "value": {
                  "value": 0,
                  "type": "number"
                }
              },
              {
                "type": "get_attr",
                "value": "field"
              },
              {
                "type": "index",
                "value": {
                  "value": 0,
                  "type": "number"
                }
              },
              {
                "type": "get_attr",
                "value": "value"
              }
            ],
            [
              {
                "type": "get_attr",
                "value": "section"
              },
              {
                "type": "index",
                "value": {
                  "value": 0,
                  "type": "number"
                }
              },
              {
                "type": "get_attr",
                "value": "field"
              },
              {
                "type": "index",
                "value": {
                  "value": 1,
                  "type": "number"
                }
              },
              {
                "type": "get_attr",
                "value": "value"
              }
            ],
            [
              {
                "type": "get_attr",
                "value": "section"
              },
              {
                "type": "index",
                "value": {
                  "value": 1,
                  "type": "number"
                }
              },
              {
                "type": "get_attr",
                "value": "field"
              },
              {
                "type": "index",
                "value": {
                  "value": 0,
                  "type": "number"
                }
              },
              {
                "type": "get_attr",
                "value": "value"
              }
            ],
            [
              {
                "type": "get_attr",
                "value": "section"
              },
              {
                "type": "index",
                "value": {
                  "value": 2,
                  "type": "number"
                }
              },
              {
                "type": "get_attr",
                "value": "field"
              },
              {
                "type": "index",
                "value": {
                  "value": 0,
                  "type": "number"
                }
              },
              {
                "type": "get_attr",
                "value": "value"
              }
            ],
            [
              {
                "type": "get_attr",
                "value": "section"
              },
              {
                "type": "index",
                "value": {
                  "value": 2,
                  "type": "number"
                }
              },
              {
                "type": "get_attr",
                "value": "field"
              },
              {
                "type": "index",
                "value": {
                  "value": 1,
                  "type": "number"
                }
              },
              {
                "type": "get_attr",
                "value": "value"
              }
            ],
            [
              {
                "type": "get_attr",
                "value": "section"
              },
              {
                "type": "index",
                "value": {
                  "value": 3,
                  "type": "number"
                }
              },
              {
                "type": "get_attr",
                "value": "field"
              },
              {
                "type": "index",
                "value": {
                  "value": 0,
                  "type": "number"
                }
              },
              {
                "type": "get_attr",
                "value": "value"
              }
            ],
            [
              {
                "type": "get_attr",
                "value": "section"
              },
              {
                "type": "index",
                "value": {
                  "value": 3,
                  "type": "number"
                }
              },
              {
                "type": "get_attr",
                "value": "field"
              },
              {
                "type": "index",
                "value": {
                  "value": 1,
                  "type": "number"
                }
              },
              {
                "type": "get_attr",
                "value": "value"
              }
            ],
            [
              {
                "type": "get_attr",
                "value": "section"
              },
              {
                "type": "index",
                "value": {
                  "value": 3,
                  "type": "number"
                }
              },
              {
                "type": "get_attr",
                "value": "field"
              },
              {
                "type": "index",
                "value": {
                  "value": 2,
                  "type": "number"
                }
              },
              {
                "type": "get_attr",
                "value": "value"
              }
            ],
            [
              {
                "type": "get_attr",
                "value": "section"
              },
              {
                "type": "index",
                "value": {
                  "value": 3,
                  "type": "number"
                }
              },
              {
                "type": "get_attr",
                "value": "field"
              },
              {
                "type": "index",
                "value": {
                  "value": 3,
                  "type": "number"
                }
              },
              {
                "type": "get_attr",
                "value": "value"
              }
            ],
            [
              {
                "type": "get_attr",
                "value": "section"
              },
              {
                "type": "index",
                "value": {
                  "value": 3,
                  "type": "number"
                }
              },
              {
                "type": "get_attr",
                "value": "field"
              },
              {
                "type": "index",
                "value": {
                  "value": 4,
                  "type": "number"
                }
              },
              {
                "type": "get_attr",
                "value": "value"
              }
            ],
            [
              {
                "type": "get_attr",
                "value": "section"
              },
              {
                "type": "index",
                "value": {
                  "value": 4,
                  "type": "number"
                }
              },
              {
                "type": "get_attr",
                "value": "field"
              },
              {
                "type": "index",
                "value": {
                  "value": 0,
                  "type": "number"
                }
              },
              {
                "type": "get_attr",
                "value": "value"
              }
            ],
            [
              {
                "type": "get_attr",
                "value": "section"
              },
              {
                "type": "index",
                "value": {
                  "value": 4,
                  "type": "number"
                }
              },
              {
                "type": "get_attr",
                "value": "field"
              },
              {
                "type": "index",
                "value": {
                  "value": 1,
                  "type": "number"
                }
              },
              {
                "type": "get_attr",
                "value": "value"
              }
            ],
            [
              {
                "type": "get_attr",
                "value": "section"
              },
              {
                "type": "index",
                "value": {
                  "value": 4,
                  "type": "number"
                }
              },
              {
                "type": "get_attr",
                "value": "field"
              },
              {
                "type": "index",
                "value": {
                  "value": 2,
                  "type": "number"
                }
              },
              {
                "type": "get_attr",
                "value": "value"
              }
            ],
            [
              {
                "type": "get_attr",
                "value": "section_map"
              },
              {
                "type": "index",
                "value": {
                  "value": "API Keys",
                  "type": "string"
                }
              },
              {
                "type": "get_attr",
                "value": "field_map"
              },
              {
                "type": "index",
                "value": {
                  "value": "resume_cfw",
                  "type": "string"
                }
              },
              {
                "type": "get_attr",
                "value": "value"
              }
            ],
            [
              {
                "type": "get_attr",
                "value": "section_map"
              },
              {
                "type": "index",
                "value": {
                  "value": "API Keys",
                  "type": "string"
                }
              },
              {
                "type": "get_attr",
                "value": "field_map"
              },
              {
                "type": "index",
                "value": {
                  "value": "resume_cfw_id",
                  "type": "string"
                }
              },
              {
                "type": "get_attr",
                "value": "value"
              }
            ],
            [
              {
                "type": "get_attr",
                "value": "section_map"
              },
              {
                "type": "index",
                "value": {
                  "value": "API Keys",
                  "type": "string"
                }
              },
              {
                "type": "get_attr",
                "value": "field_map"
              },
              {
                "type": "index",
                "value": {
                  "value": "resume_cfw_username",
                  "type": "string"
                }
              },
              {
                "type": "get_attr",
                "value": "value"
              }
            ],
            [
              {
                "type": "get_attr",
                "value": "section_map"
              },
              {
                "type": "index",
                "value": {
                  "value": "API Keys",
                  "type": "string"
                }
              },
              {
                "type": "get_attr",
                "value": "field_map"
              },
              {
                "type": "index",
                "value": {
                  "value": "resume_gha",
                  "type": "string"
                }
              },
              {
                "type": "get_attr",
                "value": "value"
              }
            ],
            [
              {
                "type": "get_attr",
                "value": "section_map"
              },
              {
                "type": "index",
                "value": {
                  "value": "API Keys",
                  "type": "string"
                }
              },
              {
                "type": "get_attr",
                "value": "field_map"
              },
              {
                "type": "index",
                "value": {
                  "value": "resume_gha_id",
                  "type": "string"
                }
              },
              {
                "type": "get_attr",
                "value": "value"
              }
            ],
            [
              {
                "type": "get_attr",
                "value": "section_map"
              },
              {
                "type": "index",
                "value": {
                  "value": "CF Access",
                  "type": "string"
                }
              },
              {
                "type": "get_attr",
                "value": "field_map"
              },
              {
                "type": "index",
                "value": {
                  "value": "client_id",
                  "type": "string"
                }
              },
              {
                "type": "get_attr",
                "value": "value"
              }
            ],
            [
              {
                "type": "get_attr",
                "value": "section_map"
              },
              {
                "type": "index",
                "value": {
                  "value": "CF Access",
                  "type": "string"
                }
              },
              {
                "type": "get_attr",
                "value": "field_map"
              },
              {
                "type": "index",
                "value": {
                  "value": "client_secret",
                  "type": "string"
                }
              },
              {
                "type": "get_attr",
                "value": "value"
              }
            ],
            [
              {
                "type": "get_attr",
                "value": "section_map"
              },
              {
                "type": "index",
                "value": {
                  "value": "CF Access",
                  "type": "string"
                }
              },
              {
                "type": "get_attr",
                "value": "field_map"
              },
              {
                "type": "index",
                "value": {
                  "value": "token_id",
                  "type": "string"
                }
              },
              {
                "type": "get_attr",
                "value": "value"
              }
            ],
            [
              {
                "type": "get_attr",
                "value": "section_map"
              },
              {
                "type": "index",
                "value": {
                  "value": "Connection",
                  "type": "string"
                }
              },
              {
                "type": "get_attr",
                "value": "field_map"
              },
              {
                "type": "index",
                "value": {
                  "value": "elasticsearch_url",
                  "type": "string"
                }
              },
              {
                "type": "get_attr",
                "value": "value"
              }
            ],
            [
              {
                "type": "get_attr",
                "value": "section_map"
              },
              {
                "type": "index",
                "value": {
                  "value": "Connection",
                  "type": "string"
                }
              },
              {
                "type": "get_attr",
                "value": "field_map"
              },
              {
                "type": "index",
                "value": {
                  "value": "kibana_url",
                  "type": "string"
                }
              },
              {
                "type": "get_attr",
                "value": "value"
              }
            ],
            [
              {
                "type": "get_attr",
                "value": "section_map"
              },
              {
                "type": "index",
                "value": {
                  "value": "Passwords",
                  "type": "string"
                }
              },
              {
                "type": "get_attr",
                "value": "field_map"
              },
              {
                "type": "index",
                "value": {
                  "value": "elastic_password",
                  "type": "string"
                }
              },
              {
                "type": "get_attr",
                "value": "value"
              }
            ],
            [
              {
                "type": "get_attr",
                "value": "section_map"
              },
              {
                "type": "index",
                "value": {
                  "value": "Passwords",
                  "type": "string"
                }
              },
              {
                "type": "get_attr",
                "value": "field_map"
              },
              {
                "type": "index",
                "value": {
                  "value": "kibana_password",
                  "type": "string"
                }
              },
              {
                "type": "get_attr",
                "value": "value"
              }
            ],
            [
              {
                "type": "get_attr",
                "value": "section_map"
              },
              {
                "type": "index",
                "value": {
                  "value": "secrets",
                  "type": "string"
                }
              },
              {
                "type": "get_attr",
                "value": "field_map"
              },
              {
                "type": "index",
                "value": {
                  "value": "elastic_password",
                  "type": "string"
                }
              },
              {
                "type": "get_attr",
                "value": "value"
              }
            ]
          ],
          "identity_schema_version": 0
        },
        {
          "index_key": "github",
          "schema_version": 0,
          "attributes": {
            "category": "api_credential",
            "credential": "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",
            "database": null,
            "file": [],
            "filename": "",
            "hostname": "",
            "id": "vaults/glsrlcf5lapzbba6zk6sppkgnq/items/knpt7ibsplbl6yvpfa454d5gm4",
            "note_value": "GitHub Personal Access Token (PAT) for API access.",
            "password": null,
            "port": null,
            "private_key": null,
            "private_key_openssh": null,
            "public_key": null,
            "section": [
              {
                "field": [
                  {
                    "id": "eueyq6ue37fl4fkmzdmuh4gbty",
                    "label": "personal_access_token",
                    "type": "CONCEALED",
                    "value": "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"
                  }
                ],
                "file": [],
                "id": "Section_2ta3wmjh6zjf7qcrictzm5pusy",
                "label": "API Keys"
              },
              {
                "field": [
                  {
                    "id": "rx56x73vhc5ubs2tl2bsxye3yy",
                    "label": "url",
                    "type": "CONCEALED",
                    "value": "https://github.com"
                  }
                ],
                "file": [],
                "id": "Section_4txvstkvi5274pc36yicckbvfa",
                "label": "Connection"
              }
            ],
            "section_map": {
              "API Keys": {
                "field_map": {
                  "personal_access_token": {
                    "id": "eueyq6ue37fl4fkmzdmuh4gbty",
                    "type": "CONCEALED",
                    "value": "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"
                  }
                },
                "file_map": {},
                "id": "Section_2ta3wmjh6zjf7qcrictzm5pusy"
              },
              "Connection": {
                "field_map": {
                  "url": {
                    "id": "rx56x73vhc5ubs2tl2bsxye3yy",
                    "type": "CONCEALED",
                    "value": "https://github.com"
                  }
                },
                "file_map": {},
                "id": "Section_4txvstkvi5274pc36yicckbvfa"
              }
            },
            "tags": [
              "homelab"
            ],
            "title": "github",
            "type": "",
            "url": null,
            "username": "",
            "uuid": "knpt7ibsplbl6yvpfa454d5gm4",
            "valid_from": "1970-01-01",
            "vault": "glsrlcf5lapzbba6zk6sppkgnq"
          },
          "sensitive_attributes": [
            [
              {
                "type": "get_attr",
                "value": "credential"
              }
            ],
            [
              {
                "type": "get_attr",
                "value": "note_value"
              }
            ],
            [
              {
                "type": "get_attr",
                "value": "password"
              }
            ],
            [
              {
                "type": "get_attr",
                "value": "private_key"
              }
            ],
            [
              {
                "type": "get_attr",
                "value": "private_key_openssh"
              }
            ],
            [
              {
                "type": "get_attr",
                "value": "section"
              },
              {
                "type": "index",
                "value": {
                  "value": 0,
                  "type": "number"
                }
              },
              {
                "type": "get_attr",
                "value": "field"
              },
              {
                "type": "index",
                "value": {
                  "value": 0,
                  "type": "number"
                }
              },
              {
                "type": "get_attr",
                "value": "value"
              }
            ],
            [
              {
                "type": "get_attr",
                "value": "section"
              },
              {
                "type": "index",
                "value": {
                  "value": 1,
                  "type": "number"
                }
              },
              {
                "type": "get_attr",
                "value": "field"
              },
              {
                "type": "index",
                "value": {
                  "value": 0,
                  "type": "number"
                }
              },
              {
                "type": "get_attr",
                "value": "value"
              }
            ],
            [
              {
                "type": "get_attr",
                "value": "section_map"
              },
              {
                "type": "index",
                "value": {
                  "value": "API Keys",
                  "type": "string"
                }
              },
              {
                "type": "get_attr",
                "value": "field_map"
              },
              {
                "type": "index",
                "value": {
                  "value": "personal_access_token",
                  "type": "string"
                }
              },
              {
                "type": "get_attr",
                "value": "value"
              }
            ],
            [
              {
                "type": "get_attr",
                "value": "section_map"
              },
              {
                "type": "index",
                "value": {
                  "value": "Connection",
                  "type": "string"
                }
              },
              {
                "type": "get_attr",
                "value": "field_map"
              },
              {
                "type": "index",
                "value": {
                  "value": "url",
                  "type": "string"
                }
              },
              {
                "type": "get_attr",
                "value": "value"
              }
            ]
          ],
          "identity_schema_version": 0
        },
        {
          "index_key": "grafana",
          "schema_version": 0,
          "attributes": {
            "category": "password",
            "credential": null,
            "database": null,
            "file": [],
            "filename": null,
            "hostname": null,
            "id": "vaults/glsrlcf5lapzbba6zk6sppkgnq/items/ac3rxkan4myqf5osgrodixmj6u",
            "note_value": "Grafana Monitoring Dashboards\nHost: 192.168.50.109 (LXC 109)\nURL: grafana.jclee.me / :3000\nAdmin: admin\nData Sources:\n- Prometheus (192.168.50.109:9090)\n- Elasticsearch (192.168.50.109:9200)\nDashboards:\n- Proxmox cluster metrics\n- Container/VM resource usage\n- ELK log analytics\nService Account: For API access\nStatus: Production\nUpdated: 2025-03",
            "password": "",
            "port": null,
            "private_key": null,
            "private_key_openssh": null,
            "public_key": null,
            "section": [
              {
                "field": [
                  {
                    "id": "tzeuvjreuju7legk3kkf4ytow4",
                    "label": "admin_password",
                    "type": "CONCEALED",
                    "value": "]J*82?_ujMiX%R$-.Jf+%{Gx"
                  },
                  {
                    "id": "df2qwd2hjyrmlf2uvmqlxi5qwm",
                    "label": "service_account_token",
                    "type": "CONCEALED",
                    "value": "glsa_XiqMWSg8tT6nPG3nc2Nl5FRHWc6YdiJj_4992b788"
                  }
                ],
                "file": [],
                "id": "Section_vqdzfiniexbifcnqukc4b2o75a",
                "label": "Credentials"
              },
              {
                "field": [
                  {
                    "id": "ezaddqnetypkbjwpdrd3lcm6cu",
                    "label": "url",
                    "type": "CONCEALED",
                    "value": "http://192.168.50.109:3000"
                  }
                ],
                "file": [],
                "id": "Section_7kpex273uo73djzfocs5bc4ymm",
                "label": "Connection"
              }
            ],
            "section_map": {
              "Connection": {
                "field_map": {
                  "url": {
                    "id": "ezaddqnetypkbjwpdrd3lcm6cu",
                    "type": "CONCEALED",
                    "value": "http://192.168.50.109:3000"
                  }
                },
                "file_map": {},
                "id": "Section_7kpex273uo73djzfocs5bc4ymm"
              },
              "Credentials": {
                "field_map": {
                  "admin_password": {
                    "id": "tzeuvjreuju7legk3kkf4ytow4",
                    "type": "CONCEALED",
                    "value": "]J*82?_ujMiX%R$-.Jf+%{Gx"
                  },
                  "service_account_token": {
                    "id": "df2qwd2hjyrmlf2uvmqlxi5qwm",
                    "type": "CONCEALED",
                    "value": "glsa_XiqMWSg8tT6nPG3nc2Nl5FRHWc6YdiJj_4992b788"
                  }
                },
                "file_map": {},
                "id": "Section_vqdzfiniexbifcnqukc4b2o75a"
              }
            },
            "tags": [
              "monitoring"
            ],
            "title": "grafana",
            "type": null,
            "url": "http://192.168.50.109:3000",
            "username": null,
            "uuid": "ac3rxkan4myqf5osgrodixmj6u",
            "valid_from": null,
            "vault": "glsrlcf5lapzbba6zk6sppkgnq"
          },
          "sensitive_attributes": [
            [
              {
                "type": "get_attr",
                "value": "credential"
              }
            ],
            [
              {
                "type": "get_attr",
                "value": "note_value"
              }
            ],
            [
              {
                "type": "get_attr",
                "value": "password"
              }
            ],
            [
              {
                "type": "get_attr",
                "value": "private_key"
              }
            ],
            [
              {
                "type": "get_attr",
                "value": "private_key_openssh"
              }
            ],
            [
              {
                "type": "get_attr",
                "value": "section"
              },
              {
                "type": "index",
                "value": {
                  "value": 0,
                  "type": "number"
                }
              },
              {
                "type": "get_attr",
                "value": "field"
              },
              {
                "type": "index",
                "value": {
                  "value": 0,
                  "type": "number"
                }
              },
              {
                "type": "get_attr",
                "value": "value"
              }
            ],
            [
              {
                "type": "get_attr",
                "value": "section"
              },
              {
                "type": "index",
                "value": {
                  "value": 0,
                  "type": "number"
                }
              },
              {
                "type": "get_attr",
                "value": "field"
              },
              {
                "type": "index",
                "value": {
                  "value": 1,
                  "type": "number"
                }
              },
              {
                "type": "get_attr",
                "value": "value"
              }
            ],
            [
              {
                "type": "get_attr",
                "value": "section"
              },
              {
                "type": "index",
                "value": {
                  "value": 1,
                  "type": "number"
                }
              },
              {
                "type": "get_attr",
                "value": "field"
              },
              {
                "type": "index",
                "value": {
                  "value": 0,
                  "type": "number"
                }
              },
              {
                "type": "get_attr",
                "value": "value"
              }
            ],
            [
              {
                "type": "get_attr",
                "value": "section_map"
              },
              {
                "type": "index",
                "value": {
                  "value": "Connection",
                  "type": "string"
                }
              },
              {
                "type": "get_attr",
                "value": "field_map"
              },
              {
                "type": "index",
                "value": {
                  "value": "url",
                  "type": "string"
                }
              },
              {
                "type": "get_attr",
                "value": "value"
              }
            ],
            [
              {
                "type": "get_attr",
                "value": "section_map"
              },
              {
                "type": "index",
                "value": {
                  "value": "Credentials",
                  "type": "string"
                }
              },
              {
                "type": "get_attr",
                "value": "field_map"
              },
              {
                "type": "index",
                "value": {
                  "value": "admin_password",
                  "type": "string"
                }
              },
              {
                "type": "get_attr",
                "value": "value"
              }
            ],
            [
              {
                "type": "get_attr",
                "value": "section_map"
              },
              {
                "type": "index",
                "value": {
                  "value": "Credentials",
                  "type": "string"
                }
              },
              {
                "type": "get_attr",
                "value": "field_map"
              },
              {
                "type": "index",
                "value": {
                  "value": "service_account_token",
                  "type": "string"
                }
              },
              {
                "type": "get_attr",
                "value": "value"
              }
            ]
          ],
          "identity_schema_version": 0
        },
        {
          "index_key": "mcphub",
          "schema_version": 0,
          "attributes": {
            "category": "password",
            "credential": null,
            "database": null,
            "file": [],
            "filename": null,
            "hostname": null,
            "id": "vaults/glsrlcf5lapzbba6zk6sppkgnq/items/kqldphk7bwsjpn6ecobqjgp26e",
            "note_value": "MCPhub MCP Server Aggregator\nHost: 192.168.50.112 (LXC 112)\nURL: :3000\nPurpose: Centralized MCP server routing\nConnected MCP Servers:\n- git, github, slack, elk\n- glitchtip, proxmox, supabase\n- terraform, playwright, onepassword\n- kratos (memory)\nUsage: OpenCode AI agent tool access\nAuth: Basic auth for admin\nStatus: Production\nUpdated: 2025-03",
            "password": "",
            "port": null,
            "private_key": null,
            "private_key_openssh": null,
            "public_key": null,
            "section": [
              {
                "field": [
                  {
                    "id": "givtozkflnmhdzwlab7xrluoby",
                    "label": "admin_password",
                    "type": "CONCEALED",
                    "value": "c}Tq{lm\u003c]Eu\u003evi)4r={lyaxo"
                  },
                  {
                    "id": "b4t7gnxqgsgwogkhot3fzxyduu",
                    "label": "n8n_mcp_api_key",
                    "type": "CONCEALED",
                    "value": "eyJhbGciOiJIUzI1NiIsInR5cCI6IkpXVCJ9.eyJzdWIiOiJkZDFhZDdhMS01ODA5LTRkNTYtYWU2Zi02MmRlNGRkNjc3MjMiLCJpc3MiOiJuOG4iLCJhdWQiOiJwdWJsaWMtYXBpIiwianRpIjoiODhjNDJiOWUtNThjOC00NGJmLTk2ZDQtZGJmZmZiNGRhYTg2IiwiaWF0IjoxNzcwNzEwNTYzLCJleHAiOjE3Nzg0NzIwMDB9.nSdSyLnxtIk7QaHIVGz6xZB_-ZqBFeXcCzl92KIfRu4"
                  },
                  {
                    "id": "gqateuumqdfllpklnyyr5xdl6i",
                    "label": "op_service_account_token",
                    "type": "CONCEALED",
                    "value": "ops_eyJzaWduSW5BZGRyZXNzIjoibXkuMXBhc3N3b3JkLmNvbSIsInVzZXJBdXRoIjp7Im1ldGhvZCI6IlNSUGctNDA5NiIsImFsZyI6IlBCRVMyZy1IUzI1NiIsIml0ZXJhdGlvbnMiOjY1MDAwMCwic2FsdCI6IkdJX0FHU19IbVVXTHNGd1JKUmZsaFEifSwiZW1haWwiOiJ2cnRrbXVwNWd1Zm82QDFwYXNzd29yZHNlcnZpY2VhY2NvdW50cy5jb20iLCJzcnBYIjoiMzZjZWIxZGE0ZmE1NzUwZGY3NzcxZDVkNmEwYTNiNWIzYTE1MTEzM2ZjMWJiMmIxZDUxOTExMDdiNTgzMTBjYSIsIm11ayI6eyJhbGciOiJBMjU2R0NNIiwiZXh0Ijp0cnVlLCJrIjoiYV80VElqWThWbE9vWDVmeXRhc1Ywdi15RDkySHRHM3BoNlJZVDlvQ1VWSSIsImtleV9vcHMiOlsiZW5jcnlwdCIsImRlY3J5cHQiXSwia3R5Ijoib2N0Iiwia2lkIjoibXAifSwic2VjcmV0S2V5IjoiQTMtVDhDRTlHLVNSTTZLSy1ENDhMRC1YVEE2Ui1aRzc5RC1INVFKQiIsInRocm90dGxlU2VjcmV0Ijp7InNlZWQiOiIxODJlMTc5MjgxNTVjYmE1MDY5NDg0ZThlOWM1NDJmYWRhZmM2NGMxMDNiM2YyYzE2YjZkZjRjYmYyYWM2OTU0IiwidXVpZCI6Iks3SEczQ0w2S1JHNURPSENYNllLUENRSldFIn0sImRldmljZVV1aWQiOiJoNXFjdHg0ZXhtZnptam1wa2UzdTZ3eGpxNCJ9"
                  },
                  {
                    "id": "g7vejynrr72vkaeyy3tw65ijse",
                    "label": "proxmox_token_name",
                    "type": "STRING",
                    "value": "root@pam!ci"
                  },
                  {
                    "id": "xwiygb4qcxhzxnhods4uanp7bu",
                    "label": "proxmox_token_value",
                    "type": "CONCEALED",
                    "value": "5c12515e-f63d-4c1e-9573-cc0faf729766"
                  }
                ],
                "file": [],
                "id": "Section_ipfb5jcjrpw37awpidog3a2shi",
                "label": "Credentials"
              },
              {
                "field": [
                  {
                    "id": "o7xjcyuslbtart7ugwwpcbtya4",
                    "label": "url",
                    "type": "CONCEALED",
                    "value": "http://192.168.50.112:3000"
                  }
                ],
                "file": [],
                "id": "Section_w2njivfmb353nqawrqyzns5nye",
                "label": "Connection"
              }
            ],
            "section_map": {
              "Connection": {
                "field_map": {
                  "url": {
                    "id": "o7xjcyuslbtart7ugwwpcbtya4",
                    "type": "CONCEALED",
                    "value": "http://192.168.50.112:3000"
                  }
                },
                "file_map": {},
                "id": "Section_w2njivfmb353nqawrqyzns5nye"
              },
              "Credentials": {
                "field_map": {
                  "admin_password": {
                    "id": "givtozkflnmhdzwlab7xrluoby",
                    "type": "CONCEALED",
                    "value": "c}Tq{lm\u003c]Eu\u003evi)4r={lyaxo"
                  },
                  "n8n_mcp_api_key": {
                    "id": "b4t7gnxqgsgwogkhot3fzxyduu",
                    "type": "CONCEALED",
                    "value": "eyJhbGciOiJIUzI1NiIsInR5cCI6IkpXVCJ9.eyJzdWIiOiJkZDFhZDdhMS01ODA5LTRkNTYtYWU2Zi02MmRlNGRkNjc3MjMiLCJpc3MiOiJuOG4iLCJhdWQiOiJwdWJsaWMtYXBpIiwianRpIjoiODhjNDJiOWUtNThjOC00NGJmLTk2ZDQtZGJmZmZiNGRhYTg2IiwiaWF0IjoxNzcwNzEwNTYzLCJleHAiOjE3Nzg0NzIwMDB9.nSdSyLnxtIk7QaHIVGz6xZB_-ZqBFeXcCzl92KIfRu4"
                  },
                  "op_service_account_token": {
                    "id": "gqateuumqdfllpklnyyr5xdl6i",
                    "type": "CONCEALED",
                    "value": "ops_eyJzaWduSW5BZGRyZXNzIjoibXkuMXBhc3N3b3JkLmNvbSIsInVzZXJBdXRoIjp7Im1ldGhvZCI6IlNSUGctNDA5NiIsImFsZyI6IlBCRVMyZy1IUzI1NiIsIml0ZXJhdGlvbnMiOjY1MDAwMCwic2FsdCI6IkdJX0FHU19IbVVXTHNGd1JKUmZsaFEifSwiZW1haWwiOiJ2cnRrbXVwNWd1Zm82QDFwYXNzd29yZHNlcnZpY2VhY2NvdW50cy5jb20iLCJzcnBYIjoiMzZjZWIxZGE0ZmE1NzUwZGY3NzcxZDVkNmEwYTNiNWIzYTE1MTEzM2ZjMWJiMmIxZDUxOTExMDdiNTgzMTBjYSIsIm11ayI6eyJhbGciOiJBMjU2R0NNIiwiZXh0Ijp0cnVlLCJrIjoiYV80VElqWThWbE9vWDVmeXRhc1Ywdi15RDkySHRHM3BoNlJZVDlvQ1VWSSIsImtleV9vcHMiOlsiZW5jcnlwdCIsImRlY3J5cHQiXSwia3R5Ijoib2N0Iiwia2lkIjoibXAifSwic2VjcmV0S2V5IjoiQTMtVDhDRTlHLVNSTTZLSy1ENDhMRC1YVEE2Ui1aRzc5RC1INVFKQiIsInRocm90dGxlU2VjcmV0Ijp7InNlZWQiOiIxODJlMTc5MjgxNTVjYmE1MDY5NDg0ZThlOWM1NDJmYWRhZmM2NGMxMDNiM2YyYzE2YjZkZjRjYmYyYWM2OTU0IiwidXVpZCI6Iks3SEczQ0w2S1JHNURPSENYNllLUENRSldFIn0sImRldmljZVV1aWQiOiJoNXFjdHg0ZXhtZnptam1wa2UzdTZ3eGpxNCJ9"
                  },
                  "proxmox_token_name": {
                    "id": "g7vejynrr72vkaeyy3tw65ijse",
                    "type": "STRING",
                    "value": "root@pam!ci"
                  },
                  "proxmox_token_value": {
                    "id": "xwiygb4qcxhzxnhods4uanp7bu",
                    "type": "CONCEALED",
                    "value": "5c12515e-f63d-4c1e-9573-cc0faf729766"
                  }
                },
                "file_map": {},
                "id": "Section_ipfb5jcjrpw37awpidog3a2shi"
              }
            },
            "tags": [
              "mcp"
            ],
            "title": "mcphub",
            "type": null,
            "url": "http://192.168.50.112:3000",
            "username": null,
            "uuid": "kqldphk7bwsjpn6ecobqjgp26e",
            "valid_from": null,
            "vault": "glsrlcf5lapzbba6zk6sppkgnq"
          },
          "sensitive_attributes": [
            [
              {
                "type": "get_attr",
                "value": "credential"
              }
            ],
            [
              {
                "type": "get_attr",
                "value": "note_value"
              }
            ],
            [
              {
                "type": "get_attr",
                "value": "password"
              }
            ],
            [
              {
                "type": "get_attr",
                "value": "private_key"
              }
            ],
            [
              {
                "type": "get_attr",
                "value": "private_key_openssh"
              }
            ],
            [
              {
                "type": "get_attr",
                "value": "section"
              },
              {
                "type": "index",
                "value": {
                  "value": 0,
                  "type": "number"
                }
              },
              {
                "type": "get_attr",
                "value": "field"
              },
              {
                "type": "index",
                "value": {
                  "value": 0,
                  "type": "number"
                }
              },
              {
                "type": "get_attr",
                "value": "value"
              }
            ],
            [
              {
                "type": "get_attr",
                "value": "section"
              },
              {
                "type": "index",
                "value": {
                  "value": 0,
                  "type": "number"
                }
              },
              {
                "type": "get_attr",
                "value": "field"
              },
              {
                "type": "index",
                "value": {
                  "value": 1,
                  "type": "number"
                }
              },
              {
                "type": "get_attr",
                "value": "value"
              }
            ],
            [
              {
                "type": "get_attr",
                "value": "section"
              },
              {
                "type": "index",
                "value": {
                  "value": 0,
                  "type": "number"
                }
              },
              {
                "type": "get_attr",
                "value": "field"
              },
              {
                "type": "index",
                "value": {
                  "value": 2,
                  "type": "number"
                }
              },
              {
                "type": "get_attr",
                "value": "value"
              }
            ],
            [
              {
                "type": "get_attr",
                "value": "section"
              },
              {
                "type": "index",
                "value": {
                  "value": 0,
                  "type": "number"
                }
              },
              {
                "type": "get_attr",
                "value": "field"
              },
              {
                "type": "index",
                "value": {
                  "value": 3,
                  "type": "number"
                }
              },
              {
                "type": "get_attr",
                "value": "value"
              }
            ],
            [
              {
                "type": "get_attr",
                "value": "section"
              },
              {
                "type": "index",
                "value": {
                  "value": 0,
                  "type": "number"
                }
              },
              {
                "type": "get_attr",
                "value": "field"
              },
              {
                "type": "index",
                "value": {
                  "value": 4,
                  "type": "number"
                }
              },
              {
                "type": "get_attr",
                "value": "value"
              }
            ],
            [
              {
                "type": "get_attr",
                "value": "section"
              },
              {
                "type": "index",
                "value": {
                  "value": 1,
                  "type": "number"
                }
              },
              {
                "type": "get_attr",
                "value": "field"
              },
              {
                "type": "index",
                "value": {
                  "value": 0,
                  "type": "number"
                }
              },
              {
                "type": "get_attr",
                "value": "value"
              }
            ],
            [
              {
                "type": "get_attr",
                "value": "section_map"
              },
              {
                "type": "index",
                "value": {
                  "value": "Connection",
                  "type": "string"
                }
              },
              {
                "type": "get_attr",
                "value": "field_map"
              },
              {
                "type": "index",
                "value": {
                  "value": "url",
                  "type": "string"
                }
              },
              {
                "type": "get_attr",
                "value": "value"
              }
            ],
            [
              {
                "type": "get_attr",
                "value": "section_map"
              },
              {
                "type": "index",
                "value": {
                  "value": "Credentials",
                  "type": "string"
                }
              },
              {
                "type": "get_attr",
                "value": "field_map"
              },
              {
                "type": "index",
                "value": {
                  "value": "admin_password",
                  "type": "string"
                }
              },
              {
                "type": "get_attr",
                "value": "value"
              }
            ],
            [
              {
                "type": "get_attr",
                "value": "section_map"
              },
              {
                "type": "index",
                "value": {
                  "value": "Credentials",
                  "type": "string"
                }
              },
              {
                "type": "get_attr",
                "value": "field_map"
              },
              {
                "type": "index",
                "value": {
                  "value": "n8n_mcp_api_key",
                  "type": "string"
                }
              },
              {
                "type": "get_attr",
                "value": "value"
              }
            ],
            [
              {
                "type": "get_attr",
                "value": "section_map"
              },
              {
                "type": "index",
                "value": {
                  "value": "Credentials",
                  "type": "string"
                }
              },
              {
                "type": "get_attr",
                "value": "field_map"
              },
              {
                "type": "index",
                "value": {
                  "value": "op_service_account_token",
                  "type": "string"
                }
              },
              {
                "type": "get_attr",
                "value": "value"
              }
            ],
            [
              {
                "type": "get_attr",
                "value": "section_map"
              },
              {
                "type": "index",
                "value": {
                  "value": "Credentials",
                  "type": "string"
                }
              },
              {
                "type": "get_attr",
                "value": "field_map"
              },
              {
                "type": "index",
                "value": {
                  "value": "proxmox_token_name",
                  "type": "string"
                }
              },
              {
                "type": "get_attr",
                "value": "value"
              }
            ],
            [
              {
                "type": "get_attr",
                "value": "section_map"
              },
              {
                "type": "index",
                "value": {
                  "value": "Credentials",
                  "type": "string"
                }
              },
              {
                "type": "get_attr",
                "value": "field_map"
              },
              {
                "type": "index",
                "value": {
                  "value": "proxmox_token_value",
                  "type": "string"
                }
              },
              {
                "type": "get_attr",
                "value": "value"
              }
            ]
          ],
          "identity_schema_version": 0
        },
        {
          "index_key": "n8n",
          "schema_version": 0,
          "attributes": {
            "category": "password",
            "credential": null,
            "database": null,
            "file": [],
            "filename": null,
            "hostname": null,
            "id": "vaults/glsrlcf5lapzbba6zk6sppkgnq/items/xfhgwvz434s7wapelijgviogti",
            "note_value": null,
            "password": "Bingogo1!",
            "port": null,
            "private_key": null,
            "private_key_openssh": null,
            "public_key": null,
            "section": [
              {
                "field": [
                  {
                    "id": "ma7vtx5yraftigtlludcoog2d4",
                    "label": "username",
                    "type": "STRING",
                    "value": "admin@jclee.me"
                  }
                ],
                "file": [],
                "id": "Section_xeo62m5v5s2npgvuqfpauah2g4",
                "label": ""
              },
              {
                "field": [
                  {
                    "id": "htmezzjtoofxogp6wdfsforo5y",
                    "label": "postgres_password",
                    "type": "CONCEALED",
                    "value": "ncR9fdvI13RCnguYuxGJ7iSi"
                  }
                ],
                "file": [],
                "id": "Section_rpgsefbg4cxxroibuhu7keakvq",
                "label": "Database"
              },
              {
                "field": [
                  {
                    "id": "ybbk4kr2zvt5ymxxm7fel4acbq",
                    "label": "encryption_key",
                    "type": "CONCEALED",
                    "value": "aa9001f428beb62ae0a5c490e2d4b5b7c7350f8a6feb722b7818020415490ef2"
                  }
                ],
                "file": [],
                "id": "Section_ujk25se4mxyjvh5g52dg4y5nae",
                "label": "Secrets"
              },
              {
                "field": [
                  {
                    "id": "jlynm42duiznwmnt5r4lwrbnja",
                    "label": "url",
                    "type": "CONCEALED",
                    "value": "http://192.168.50.110:5678"
                  },
                  {
                    "id": "o5ecalpmnl5eelvhv4uw2dsk5y",
                    "label": "ip",
                    "type": "CONCEALED",
                    "value": "192.168.50.110"
                  },
                  {
                    "id": "uasj7l3jrsrgaltijqvwar2qcm",
                    "label": "port",
                    "type": "CONCEALED",
                    "value": "5678"
                  }
                ],
                "file": [],
                "id": "Section_p642kvagjk5ocw3gumzm42kykm",
                "label": "Connection"
              },
              {
                "field": [
                  {
                    "id": "qb277a7wd2o336i3bpgpnnjz4y",
                    "label": "api_key",
                    "type": "CONCEALED",
                    "value": "eyJhbGciOiJIUzI1NiIsInR5cCI6IkpXVCJ9.eyJzdWIiOiIxM2E5NTg0NS1hNDZhLTQ4NTUtYjcwNi1lYWRhZGEwZGQwNGMiLCJpc3MiOiJuOG4iLCJhdWQiOiJwdWJsaWMtYXBpIiwianRpIjoiZGMxYzQyNDgtZTg3OC00NDdhLTgwMjctMjBkM2Y4YmNjN2EwIiwiaWF0IjoxNzczOTQzOTEzfQ.wFmGxBf53j3zX67fIBDP-0f5tLRBwadSCOBQXxOmlmU"
                  },
                  {
                    "id": "ddofnszv4jdt5qqccoksxavmba",
                    "label": "github_token",
                    "type": "CONCEALED",
                    "value": "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"
                  }
                ],
                "file": [],
                "id": "Section_erojo33d7umcj5jznlwpor6yjy",
                "label": "API Keys"
              }
            ],
            "section_map": {
              "": {
                "field_map": {
                  "username": {
                    "id": "ma7vtx5yraftigtlludcoog2d4",
                    "type": "STRING",
                    "value": "admin@jclee.me"
                  }
                },
                "file_map": {},
                "id": "Section_xeo62m5v5s2npgvuqfpauah2g4"
              },
              "API Keys": {
                "field_map": {
                  "api_key": {
                    "id": "qb277a7wd2o336i3bpgpnnjz4y",
                    "type": "CONCEALED",
                    "value": "eyJhbGciOiJIUzI1NiIsInR5cCI6IkpXVCJ9.eyJzdWIiOiIxM2E5NTg0NS1hNDZhLTQ4NTUtYjcwNi1lYWRhZGEwZGQwNGMiLCJpc3MiOiJuOG4iLCJhdWQiOiJwdWJsaWMtYXBpIiwianRpIjoiZGMxYzQyNDgtZTg3OC00NDdhLTgwMjctMjBkM2Y4YmNjN2EwIiwiaWF0IjoxNzczOTQzOTEzfQ.wFmGxBf53j3zX67fIBDP-0f5tLRBwadSCOBQXxOmlmU"
                  },
                  "github_token": {
                    "id": "ddofnszv4jdt5qqccoksxavmba",
                    "type": "CONCEALED",
                    "value": "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"
                  }
                },
                "file_map": {},
                "id": "Section_erojo33d7umcj5jznlwpor6yjy"
              },
              "Connection": {
                "field_map": {
                  "ip": {
                    "id": "o5ecalpmnl5eelvhv4uw2dsk5y",
                    "type": "CONCEALED",
                    "value": "192.168.50.110"
                  },
                  "port": {
                    "id": "uasj7l3jrsrgaltijqvwar2qcm",
                    "type": "CONCEALED",
                    "value": "5678"
                  },
                  "url": {
                    "id": "jlynm42duiznwmnt5r4lwrbnja",
                    "type": "CONCEALED",
                    "value": "http://192.168.50.110:5678"
                  }
                },
                "file_map": {},
                "id": "Section_p642kvagjk5ocw3gumzm42kykm"
              },
              "Database": {
                "field_map": {
                  "postgres_password": {
                    "id": "htmezzjtoofxogp6wdfsforo5y",
                    "type": "CONCEALED",
                    "value": "ncR9fdvI13RCnguYuxGJ7iSi"
                  }
                },
                "file_map": {},
                "id": "Section_rpgsefbg4cxxroibuhu7keakvq"
              },
              "Secrets": {
                "field_map": {
                  "encryption_key": {
                    "id": "ybbk4kr2zvt5ymxxm7fel4acbq",
                    "type": "CONCEALED",
                    "value": "aa9001f428beb62ae0a5c490e2d4b5b7c7350f8a6feb722b7818020415490ef2"
                  }
                },
                "file_map": {},
                "id": "Section_ujk25se4mxyjvh5g52dg4y5nae"
              }
            },
            "tags": [
              "automation"
            ],
            "title": "n8n",
            "type": null,
            "url": "https://n8n.jclee.me",
            "username": null,
            "uuid": "xfhgwvz434s7wapelijgviogti",
            "valid_from": null,
            "vault": "glsrlcf5lapzbba6zk6sppkgnq"
          },
          "sensitive_attributes": [
            [
              {
                "type": "get_attr",
                "value": "credential"
              }
            ],
            [
              {
                "type": "get_attr",
                "value": "note_value"
              }
            ],
            [
              {
                "type": "get_attr",
                "value": "password"
              }
            ],
            [
              {
                "type": "get_attr",
                "value": "private_key"
              }
            ],
            [
              {
                "type": "get_attr",
                "value": "private_key_openssh"
              }
            ],
            [
              {
                "type": "get_attr",
                "value": "section"
              },
              {
                "type": "index",
                "value": {
                  "value": 0,
                  "type": "number"
                }
              },
              {
                "type": "get_attr",
                "value": "field"
              },
              {
                "type": "index",
                "value": {
                  "value": 0,
                  "type": "number"
                }
              },
              {
                "type": "get_attr",
                "value": "value"
              }
            ],
            [
              {
                "type": "get_attr",
                "value": "section"
              },
              {
                "type": "index",
                "value": {
                  "value": 1,
                  "type": "number"
                }
              },
              {
                "type": "get_attr",
                "value": "field"
              },
              {
                "type": "index",
                "value": {
                  "value": 0,
                  "type": "number"
                }
              },
              {
                "type": "get_attr",
                "value": "value"
              }
            ],
            [
              {
                "type": "get_attr",
                "value": "section"
              },
              {
                "type": "index",
                "value": {
                  "value": 2,
                  "type": "number"
                }
              },
              {
                "type": "get_attr",
                "value": "field"
              },
              {
                "type": "index",
                "value": {
                  "value": 0,
                  "type": "number"
                }
              },
              {
                "type": "get_attr",
                "value": "value"
              }
            ],
            [
              {
                "type": "get_attr",
                "value": "section"
              },
              {
                "type": "index",
                "value": {
                  "value": 3,
                  "type": "number"
                }
              },
              {
                "type": "get_attr",
                "value": "field"
              },
              {
                "type": "index",
                "value": {
                  "value": 0,
                  "type": "number"
                }
              },
              {
                "type": "get_attr",
                "value": "value"
              }
            ],
            [
              {
                "type": "get_attr",
                "value": "section"
              },
              {
                "type": "index",
                "value": {
                  "value": 3,
                  "type": "number"
                }
              },
              {
                "type": "get_attr",
                "value": "field"
              },
              {
                "type": "index",
                "value": {
                  "value": 1,
                  "type": "number"
                }
              },
              {
                "type": "get_attr",
                "value": "value"
              }
            ],
            [
              {
                "type": "get_attr",
                "value": "section"
              },
              {
                "type": "index",
                "value": {
                  "value": 3,
                  "type": "number"
                }
              },
              {
                "type": "get_attr",
                "value": "field"
              },
              {
                "type": "index",
                "value": {
                  "value": 2,
                  "type": "number"
                }
              },
              {
                "type": "get_attr",
                "value": "value"
              }
            ],
            [
              {
                "type": "get_attr",
                "value": "section"
              },
              {
                "type": "index",
                "value": {
                  "value": 4,
                  "type": "number"
                }
              },
              {
                "type": "get_attr",
                "value": "field"
              },
              {
                "type": "index",
                "value": {
                  "value": 0,
                  "type": "number"
                }
              },
              {
                "type": "get_attr",
                "value": "value"
              }
            ],
            [
              {
                "type": "get_attr",
                "value": "section"
              },
              {
                "type": "index",
                "value": {
                  "value": 4,
                  "type": "number"
                }
              },
              {
                "type": "get_attr",
                "value": "field"
              },
              {
                "type": "index",
                "value": {
                  "value": 1,
                  "type": "number"
                }
              },
              {
                "type": "get_attr",
                "value": "value"
              }
            ],
            [
              {
                "type": "get_attr",
                "value": "section_map"
              },
              {
                "type": "index",
                "value": {
                  "value": "",
                  "type": "string"
                }
              },
              {
                "type": "get_attr",
                "value": "field_map"
              },
              {
                "type": "index",
                "value": {
                  "value": "username",
                  "type": "string"
                }
              },
              {
                "type": "get_attr",
                "value": "value"
              }
            ],
            [
              {
                "type": "get_attr",
                "value": "section_map"
              },
              {
                "type": "index",
                "value": {
                  "value": "API Keys",
                  "type": "string"
                }
              },
              {
                "type": "get_attr",
                "value": "field_map"
              },
              {
                "type": "index",
                "value": {
                  "value": "api_key",
                  "type": "string"
                }
              },
              {
                "type": "get_attr",
                "value": "value"
              }
            ],
            [
              {
                "type": "get_attr",
                "value": "section_map"
              },
              {
                "type": "index",
                "value": {
                  "value": "API Keys",
                  "type": "string"
                }
              },
              {
                "type": "get_attr",
                "value": "field_map"
              },
              {
                "type": "index",
                "value": {
                  "value": "github_token",
                  "type": "string"
                }
              },
              {
                "type": "get_attr",
                "value": "value"
              }
            ],
            [
              {
                "type": "get_attr",
                "value": "section_map"
              },
              {
                "type": "index",
                "value": {
                  "value": "Connection",
                  "type": "string"
                }
              },
              {
                "type": "get_attr",
                "value": "field_map"
              },
              {
                "type": "index",
                "value": {
                  "value": "ip",
                  "type": "string"
                }
              },
              {
                "type": "get_attr",
                "value": "value"
              }
            ],
            [
              {
                "type": "get_attr",
                "value": "section_map"
              },
              {
                "type": "index",
                "value": {
                  "value": "Connection",
                  "type": "string"
                }
              },
              {
                "type": "get_attr",
                "value": "field_map"
              },
              {
                "type": "index",
                "value": {
                  "value": "port",
                  "type": "string"
                }
              },
              {
                "type": "get_attr",
                "value": "value"
              }
            ],
            [
              {
                "type": "get_attr",
                "value": "section_map"
              },
              {
                "type": "index",
                "value": {
                  "value": "Connection",
                  "type": "string"
                }
              },
              {
                "type": "get_attr",
                "value": "field_map"
              },
              {
                "type": "index",
                "value": {
                  "value": "url",
                  "type": "string"
                }
              },
              {
                "type": "get_attr",
                "value": "value"
              }
            ],
            [
              {
                "type": "get_attr",
                "value": "section_map"
              },
              {
                "type": "index",
                "value": {
                  "value": "Database",
                  "type": "string"
                }
              },
              {
                "type": "get_attr",
                "value": "field_map"
              },
              {
                "type": "index",
                "value": {
                  "value": "postgres_password",
                  "type": "string"
                }
              },
              {
                "type": "get_attr",
                "value": "value"
              }
            ],
            [
              {
                "type": "get_attr",
                "value": "section_map"
              },
              {
                "type": "index",
                "value": {
                  "value": "Secrets",
                  "type": "string"
                }
              },
              {
                "type": "get_attr",
                "value": "field_map"
              },
              {
                "type": "index",
                "value": {
                  "value": "encryption_key",
                  "type": "string"
                }
              },
              {
                "type": "get_attr",
                "value": "value"
              }
            ]
          ],
          "identity_schema_version": 0
        },
        {
          "index_key": "proxmox",
          "schema_version": 0,
          "attributes": {
            "category": "api_credential",
            "credential": "",
            "database": null,
            "file": [],
            "filename": "",
            "hostname": "",
            "id": "vaults/glsrlcf5lapzbba6zk6sppkgnq/items/p6bsg6hdbfspl7csgbkbf2pyry",
            "note_value": null,
            "password": null,
            "port": null,
            "private_key": null,
            "private_key_openssh": null,
            "public_key": null,
            "section": [
              {
                "field": [
                  {
                    "id": "7rooe7mpvvnok2td3st3qjuzv4",
                    "label": "api_token_value",
                    "type": "CONCEALED",
                    "value": "root@pam!ci=5c12515e-f63d-4c1e-9573-cc0faf729766"
                  },
                  {
                    "id": "7hmqxe4vj2pkki7paypjpomeku",
                    "label": "endpoint",
                    "type": "CONCEALED",
                    "value": "https://192.168.50.100:8006"
                  }
                ],
                "file": [],
                "id": "Section_45nodzqglvk6v72jc42wedoemy",
                "label": "Credentials"
              },
              {
                "field": [
                  {
                    "id": "ehgiu4mgkkmy6a5r6kmbzbvkny",
                    "label": "private_key",
                    "type": "CONCEALED",
                    "value": "-----BEGIN OPENSSH PRIVATE KEY-----\nb3BlbnNzaC1rZXktdjEAAAAABG5vbmUAAAAEbm9uZQAAAAAAAAABAAAAMwAAAAtzc2gtZW\nQyNTUxOQAAACA1nnVBO0ArX/bhlDTXplwcG6oBxwqzYuiqESaE0hp06gAAAJh7INibeyDY\nmwAAAAtzc2gtZWQyNTUxOQAAACA1nnVBO0ArX/bhlDTXplwcG6oBxwqzYuiqESaE0hp06g\nAAAEBoxlBRKuZWDuIs4psp6JtZOSZJg3Xk1V515sa1cA6/hTWedUE7QCtf9uGUNNemXBwb\nqgHHCrNi6KoRJoTSGnTqAAAAE21vYmlsZS1zc2gtMjAyNjAzMDcBAg==\n-----END OPENSSH PRIVATE KEY-----"
                  }
                ],
                "file": [],
                "id": "Section_hmws4aha53775ldkellcyctmz4",
                "label": "Keys"
              }
            ],
            "section_map": {
              "Credentials": {
                "field_map": {
                  "api_token_value": {
                    "id": "7rooe7mpvvnok2td3st3qjuzv4",
                    "type": "CONCEALED",
                    "value": "root@pam!ci=5c12515e-f63d-4c1e-9573-cc0faf729766"
                  },
                  "endpoint": {
                    "id": "7hmqxe4vj2pkki7paypjpomeku",
                    "type": "CONCEALED",
                    "value": "https://192.168.50.100:8006"
                  }
                },
                "file_map": {},
                "id": "Section_45nodzqglvk6v72jc42wedoemy"
              },
              "Keys": {
                "field_map": {
                  "private_key": {
                    "id": "ehgiu4mgkkmy6a5r6kmbzbvkny",
                    "type": "CONCEALED",
                    "value": "-----BEGIN OPENSSH PRIVATE KEY-----\nb3BlbnNzaC1rZXktdjEAAAAABG5vbmUAAAAEbm9uZQAAAAAAAAABAAAAMwAAAAtzc2gtZW\nQyNTUxOQAAACA1nnVBO0ArX/bhlDTXplwcG6oBxwqzYuiqESaE0hp06gAAAJh7INibeyDY\nmwAAAAtzc2gtZWQyNTUxOQAAACA1nnVBO0ArX/bhlDTXplwcG6oBxwqzYuiqESaE0hp06g\nAAAEBoxlBRKuZWDuIs4psp6JtZOSZJg3Xk1V515sa1cA6/hTWedUE7QCtf9uGUNNemXBwb\nqgHHCrNi6KoRJoTSGnTqAAAAE21vYmlsZS1zc2gtMjAyNjAzMDcBAg==\n-----END OPENSSH PRIVATE KEY-----"
                  }
                },
                "file_map": {},
                "id": "Section_hmws4aha53775ldkellcyctmz4"
              }
            },
            "tags": [
              "infra"
            ],
            "title": "proxmox",
            "type": "",
            "url": null,
            "username": "",
            "uuid": "p6bsg6hdbfspl7csgbkbf2pyry",
            "valid_from": "1970-01-01",
            "vault": "glsrlcf5lapzbba6zk6sppkgnq"
          },
          "sensitive_attributes": [
            [
              {
                "type": "get_attr",
                "value": "credential"
              }
            ],
            [
              {
                "type": "get_attr",
                "value": "note_value"
              }
            ],
            [
              {
                "type": "get_attr",
                "value": "password"
              }
            ],
            [
              {
                "type": "get_attr",
                "value": "private_key"
              }
            ],
            [
              {
                "type": "get_attr",
                "value": "private_key_openssh"
              }
            ],
            [
              {
                "type": "get_attr",
                "value": "section"
              },
              {
                "type": "index",
                "value": {
                  "value": 0,
                  "type": "number"
                }
              },
              {
                "type": "get_attr",
                "value": "field"
              },
              {
                "type": "index",
                "value": {
                  "value": 0,
                  "type": "number"
                }
              },
              {
                "type": "get_attr",
                "value": "value"
              }
            ],
            [
              {
                "type": "get_attr",
                "value": "section"
              },
              {
                "type": "index",
                "value": {
                  "value": 0,
                  "type": "number"
                }
              },
              {
                "type": "get_attr",
                "value": "field"
              },
              {
                "type": "index",
                "value": {
                  "value": 1,
                  "type": "number"
                }
              },
              {
                "type": "get_attr",
                "value": "value"
              }
            ],
            [
              {
                "type": "get_attr",
                "value": "section"
              },
              {
                "type": "index",
                "value": {
                  "value": 1,
                  "type": "number"
                }
              },
              {
                "type": "get_attr",
                "value": "field"
              },
              {
                "type": "index",
                "value": {
                  "value": 0,
                  "type": "number"
                }
              },
              {
                "type": "get_attr",
                "value": "value"
              }
            ],
            [
              {
                "type": "get_attr",
                "value": "section_map"
              },
              {
                "type": "index",
                "value": {
                  "value": "Credentials",
                  "type": "string"
                }
              },
              {
                "type": "get_attr",
                "value": "field_map"
              },
              {
                "type": "index",
                "value": {
                  "value": "api_token_value",
                  "type": "string"
                }
              },
              {
                "type": "get_attr",
                "value": "value"
              }
            ],
            [
              {
                "type": "get_attr",
                "value": "section_map"
              },
              {
                "type": "index",
                "value": {
                  "value": "Credentials",
                  "type": "string"
                }
              },
              {
                "type": "get_attr",
                "value": "field_map"
              },
              {
                "type": "index",
                "value": {
                  "value": "endpoint",
                  "type": "string"
                }
              },
              {
                "type": "get_attr",
                "value": "value"
              }
            ],
            [
              {
                "type": "get_attr",
                "value": "section_map"
              },
              {
                "type": "index",
                "value": {
                  "value": "Keys",
                  "type": "string"
                }
              },
              {
                "type": "get_attr",
                "value": "field_map"
              },
              {
                "type": "index",
                "value": {
                  "value": "private_key",
                  "type": "string"
                }
              },
              {
                "type": "get_attr",
                "value": "value"
              }
            ]
          ],
          "identity_schema_version": 0
        },
        {
          "index_key": "slack",
          "schema_version": 0,
          "attributes": {
            "category": "password",
            "credential": null,
            "database": null,
            "file": [],
            "filename": null,
            "hostname": null,
            "id": "vaults/glsrlcf5lapzbba6zk6sppkgnq/items/osy2ox7zlsw7oranhd34dcb7sa",
            "note_value": "Slack API Tokens\nWorkspace: qws941 workspace\nMCP Integration:\n- slack_mcp_xoxp_token: User token for MCP\n- slack_xapp_token: App-level token\n- refresh_token: OAuth refresh\nOpenCode App:\n- opencode_app_token: App token\n- opencode_bot_token: Bot user token\n- opencode_user_token: User OAuth token\nUsage: Slack MCP server (MCPhub)\nBot: @opencode-bridge\nStatus: Production\nUpdated: 2025-03",
            "password": "",
            "port": null,
            "private_key": null,
            "private_key_openssh": null,
            "public_key": null,
            "section": [
              {
                "field": [
                  {
                    "id": "uf5ucqywluvoz44mbwedjyxity",
                    "label": "xoxp_token",
                    "type": "CONCEALED",
                    "value": "xoxe.xoxp-1-Mi0yLTk5MDY2MjUzMzM1NzQtOTg5MzIyMTEyNzYwNy05OTA4OTkxMzQ0OTQ2LTEwNTk4NzQxMzgxMjY5LWU3MGUzOGM1Y2VlYzQ2MDg3NDU4OWExOTdiNjdiNGY0YWI1YjI1ZmM4OWJkYWNkMDk4M2QwYTkwZDhmN2U3YTg"
                  },
                  {
                    "id": "pmc64ymk646uv7likwyrsrj4pu",
                    "label": "xapp_token",
                    "type": "CONCEALED",
                    "value": "placeholder"
                  },
                  {
                    "id": "pcnq5nxiexxbecrciflic57voa",
                    "label": "refresh_token",
                    "type": "CONCEALED",
                    "value": "xoxe-1-My0xLTk5MDY2MjUzMzM1NzQtOTkwODk5MTM0NDk0Ni0xMDE3NTg4NzcwMTgxNC02OGRhYmUxMDRhYzk3OWViMTEyNDQzNGZkNzk5MDk2ODUyZjE3NzIzMzcwNGQzZTUxZGQzNWY5NDMwOTdiNzM0"
                  }
                ],
                "file": [],
                "id": "Section_chmm3ksn3ev3beqwrbq77o4ygm",
                "label": "MCP Tokens"
              },
              {
                "field": [
                  {
                    "id": "wquvckpqqyuqfv7smb6ekzv2jm",
                    "label": "app_token",
                    "type": "CONCEALED",
                    "value": "xapp-1-A0AFZTU8953-10550977295828-7be124c4231b0be9fe5c41421f8d1c5fd81f22b3ba9e6341eb5f7d2b9c6f6c33"
                  },
                  {
                    "id": "5ez53szwl65mm2h32qkgctj5vy",
                    "label": "bot_token",
                    "type": "CONCEALED",
                    "value": "xoxb-9906625333574-10531905908103-r6DstzjigyzaE3UMe4yTmbPo"
                  },
                  {
                    "id": "cy237u3o43v7r4tq2bdpc76z5y",
                    "label": "user_token",
                    "type": "CONCEALED",
                    "value": "xoxp-9906625333574-9893221127607-10548317302421-58b0defae470e4b436ed9576f348cc43"
                  }
                ],
                "file": [],
                "id": "Section_4c2pr6p2rlu6hnpxr5vr6lwvoa",
                "label": "OpenCode Tokens"
              },
              {
                "field": [
                  {
                    "id": "jkmeh3uvisjzv4uwpcxdw4hv4a",
                    "label": "url",
                    "type": "CONCEALED",
                    "value": "https://slack.com"
                  }
                ],
                "file": [],
                "id": "Section_jf4gbfcqrkzlow3hlythfputpa",
                "label": "Connection"
              }
            ],
            "section_map": {
              "Connection": {
                "field_map": {
                  "url": {
                    "id": "jkmeh3uvisjzv4uwpcxdw4hv4a",
                    "type": "CONCEALED",
                    "value": "https://slack.com"
                  }
                },
                "file_map": {},
                "id": "Section_jf4gbfcqrkzlow3hlythfputpa"
              },
              "MCP Tokens": {
                "field_map": {
                  "refresh_token": {
                    "id": "pcnq5nxiexxbecrciflic57voa",
                    "type": "CONCEALED",
                    "value": "xoxe-1-My0xLTk5MDY2MjUzMzM1NzQtOTkwODk5MTM0NDk0Ni0xMDE3NTg4NzcwMTgxNC02OGRhYmUxMDRhYzk3OWViMTEyNDQzNGZkNzk5MDk2ODUyZjE3NzIzMzcwNGQzZTUxZGQzNWY5NDMwOTdiNzM0"
                  },
                  "xapp_token": {
                    "id": "pmc64ymk646uv7likwyrsrj4pu",
                    "type": "CONCEALED",
                    "value": "placeholder"
                  },
                  "xoxp_token": {
                    "id": "uf5ucqywluvoz44mbwedjyxity",
                    "type": "CONCEALED",
                    "value": "xoxe.xoxp-1-Mi0yLTk5MDY2MjUzMzM1NzQtOTg5MzIyMTEyNzYwNy05OTA4OTkxMzQ0OTQ2LTEwNTk4NzQxMzgxMjY5LWU3MGUzOGM1Y2VlYzQ2MDg3NDU4OWExOTdiNjdiNGY0YWI1YjI1ZmM4OWJkYWNkMDk4M2QwYTkwZDhmN2U3YTg"
                  }
                },
                "file_map": {},
                "id": "Section_chmm3ksn3ev3beqwrbq77o4ygm"
              },
              "OpenCode Tokens": {
                "field_map": {
                  "app_token": {
                    "id": "wquvckpqqyuqfv7smb6ekzv2jm",
                    "type": "CONCEALED",
                    "value": "xapp-1-A0AFZTU8953-10550977295828-7be124c4231b0be9fe5c41421f8d1c5fd81f22b3ba9e6341eb5f7d2b9c6f6c33"
                  },
                  "bot_token": {
                    "id": "5ez53szwl65mm2h32qkgctj5vy",
                    "type": "CONCEALED",
                    "value": "xoxb-9906625333574-10531905908103-r6DstzjigyzaE3UMe4yTmbPo"
                  },
                  "user_token": {
                    "id": "cy237u3o43v7r4tq2bdpc76z5y",
                    "type": "CONCEALED",
                    "value": "xoxp-9906625333574-9893221127607-10548317302421-58b0defae470e4b436ed9576f348cc43"
                  }
                },
                "file_map": {},
                "id": "Section_4c2pr6p2rlu6hnpxr5vr6lwvoa"
              }
            },
            "tags": [
              "mcp"
            ],
            "title": "slack",
            "type": null,
            "url": "https://slack.com",
            "username": null,
            "uuid": "osy2ox7zlsw7oranhd34dcb7sa",
            "valid_from": null,
            "vault": "glsrlcf5lapzbba6zk6sppkgnq"
          },
          "sensitive_attributes": [
            [
              {
                "type": "get_attr",
                "value": "credential"
              }
            ],
            [
              {
                "type": "get_attr",
                "value": "note_value"
              }
            ],
            [
              {
                "type": "get_attr",
                "value": "password"
              }
            ],
            [
              {
                "type": "get_attr",
                "value": "private_key"
              }
            ],
            [
              {
                "type": "get_attr",
                "value": "private_key_openssh"
              }
            ],
            [
              {
                "type": "get_attr",
                "value": "section"
              },
              {
                "type": "index",
                "value": {
                  "value": 0,
                  "type": "number"
                }
              },
              {
                "type": "get_attr",
                "value": "field"
              },
              {
                "type": "index",
                "value": {
                  "value": 0,
                  "type": "number"
                }
              },
              {
                "type": "get_attr",
                "value": "value"
              }
            ],
            [
              {
                "type": "get_attr",
                "value": "section"
              },
              {
                "type": "index",
                "value": {
                  "value": 0,
                  "type": "number"
                }
              },
              {
                "type": "get_attr",
                "value": "field"
              },
              {
                "type": "index",
                "value": {
                  "value": 1,
                  "type": "number"
                }
              },
              {
                "type": "get_attr",
                "value": "value"
              }
            ],
            [
              {
                "type": "get_attr",
                "value": "section"
              },
              {
                "type": "index",
                "value": {
                  "value": 0,
                  "type": "number"
                }
              },
              {
                "type": "get_attr",
                "value": "field"
              },
              {
                "type": "index",
                "value": {
                  "value": 2,
                  "type": "number"
                }
              },
              {
                "type": "get_attr",
                "value": "value"
              }
            ],
            [
              {
                "type": "get_attr",
                "value": "section"
              },
              {
                "type": "index",
                "value": {
                  "value": 1,
                  "type": "number"
                }
              },
              {
                "type": "get_attr",
                "value": "field"
              },
              {
                "type": "index",
                "value": {
                  "value": 0,
                  "type": "number"
                }
              },
              {
                "type": "get_attr",
                "value": "value"
              }
            ],
            [
              {
                "type": "get_attr",
                "value": "section"
              },
              {
                "type": "index",
                "value": {
                  "value": 1,
                  "type": "number"
                }
              },
              {
                "type": "get_attr",
                "value": "field"
              },
              {
                "type": "index",
                "value": {
                  "value": 1,
                  "type": "number"
                }
              },
              {
                "type": "get_attr",
                "value": "value"
              }
            ],
            [
              {
                "type": "get_attr",
                "value": "section"
              },
              {
                "type": "index",
                "value": {
                  "value": 1,
                  "type": "number"
                }
              },
              {
                "type": "get_attr",
                "value": "field"
              },
              {
                "type": "index",
                "value": {
                  "value": 2,
                  "type": "number"
                }
              },
              {
                "type": "get_attr",
                "value": "value"
              }
            ],
            [
              {
                "type": "get_attr",
                "value": "section"
              },
              {
                "type": "index",
                "value": {
                  "value": 2,
                  "type": "number"
                }
              },
              {
                "type": "get_attr",
                "value": "field"
              },
              {
                "type": "index",
                "value": {
                  "value": 0,
                  "type": "number"
                }
              },
              {
                "type": "get_attr",
                "value": "value"
              }
            ],
            [
              {
                "type": "get_attr",
                "value": "section_map"
              },
              {
                "type": "index",
                "value": {
                  "value": "Connection",
                  "type": "string"
                }
              },
              {
                "type": "get_attr",
                "value": "field_map"
              },
              {
                "type": "index",
                "value": {
                  "value": "url",
                  "type": "string"
                }
              },
              {
                "type": "get_attr",
                "value": "value"
              }
            ],
            [
              {
                "type": "get_attr",
                "value": "section_map"
              },
              {
                "type": "index",
                "value": {
                  "value": "MCP Tokens",
                  "type": "string"
                }
              },
              {
                "type": "get_attr",
                "value": "field_map"
              },
              {
                "type": "index",
                "value": {
                  "value": "refresh_token",
                  "type": "string"
                }
              },
              {
                "type": "get_attr",
                "value": "value"
              }
            ],
            [
              {
                "type": "get_attr",
                "value": "section_map"
              },
              {
                "type": "index",
                "value": {
                  "value": "MCP Tokens",
                  "type": "string"
                }
              },
              {
                "type": "get_attr",
                "value": "field_map"
              },
              {
                "type": "index",
                "value": {
                  "value": "xapp_token",
                  "type": "string"
                }
              },
              {
                "type": "get_attr",
                "value": "value"
              }
            ],
            [
              {
                "type": "get_attr",
                "value": "section_map"
              },
              {
                "type": "index",
                "value": {
                  "value": "MCP Tokens",
                  "type": "string"
                }
              },
              {
                "type": "get_attr",
                "value": "field_map"
              },
              {
                "type": "index",
                "value": {
                  "value": "xoxp_token",
                  "type": "string"
                }
              },
              {
                "type": "get_attr",
                "value": "value"
              }
            ],
            [
              {
                "type": "get_attr",
                "value": "section_map"
              },
              {
                "type": "index",
                "value": {
                  "value": "OpenCode Tokens",
                  "type": "string"
                }
              },
              {
                "type": "get_attr",
                "value": "field_map"
              },
              {
                "type": "index",
                "value": {
                  "value": "app_token",
                  "type": "string"
                }
              },
              {
                "type": "get_attr",
                "value": "value"
              }
            ],
            [
              {
                "type": "get_attr",
                "value": "section_map"
              },
              {
                "type": "index",
                "value": {
                  "value": "OpenCode Tokens",
                  "type": "string"
                }
              },
              {
                "type": "get_attr",
                "value": "field_map"
              },
              {
                "type": "index",
                "value": {
                  "value": "bot_token",
                  "type": "string"
                }
              },
              {
                "type": "get_attr",
                "value": "value"
              }
            ],
            [
              {
                "type": "get_attr",
                "value": "section_map"
              },
              {
                "type": "index",
                "value": {
                  "value": "OpenCode Tokens",
                  "type": "string"
                }
              },
              {
                "type": "get_attr",
                "value": "field_map"
              },
              {
                "type": "index",
                "value": {
                  "value": "user_token",
                  "type": "string"
                }
              },
              {
                "type": "get_attr",
                "value": "value"
              }
            ]
          ],
          "identity_schema_version": 0
        },
        {
          "index_key": "supabase",
          "schema_version": 0,
          "attributes": {
            "category": "password",
            "credential": null,
            "database": null,
            "file": [],
            "filename": null,
            "hostname": null,
            "id": "vaults/glsrlcf5lapzbba6zk6sppkgnq/items/gcwvuxenynpqg4nfph6tnrbkem",
            "note_value": "Supabase Self-Hosted Platform\nHost: 192.168.50.107 (LXC 107)\nURL: supabase.jclee.me / :8000\nDashboard: Studio at :3000\nComponents:\n- PostgreSQL database\n- PostgREST API\n- GoTrue auth\n- Realtime subscriptions\n- Storage (S3-compatible)\nKeys:\n- anon_key: Public client access\n- service_key: Server-side admin access\n- service_role_key: Same as service_key\nUsage: Archon storage, project databases\nStatus: Production\nUpdated: 2025-03",
            "password": "",
            "port": null,
            "private_key": null,
            "private_key_openssh": null,
            "public_key": null,
            "section": [
              {
                "field": [
                  {
                    "id": "qh6env7ofcrtu2p2ccmbu45sdu",
                    "label": "db_password",
                    "type": "CONCEALED",
                    "value": "xaBI7AtdjCSRXO/B4JzKRzTw"
                  }
                ],
                "file": [],
                "id": "Section_3x7p3gcsltu7fz4sr3c7a4fusq",
                "label": "Database"
              },
              {
                "field": [
                  {
                    "id": "2nvjvxuzltwngz63sys6aypqky",
                    "label": "username",
                    "type": "CONCEALED",
                    "value": "supabase"
                  },
                  {
                    "id": "uocbk72p5kqsv7bvactwkcsqfq",
                    "label": "password",
                    "type": "CONCEALED",
                    "value": "NUIU83I8A28gPocspX3F0C2Y"
                  }
                ],
                "file": [],
                "id": "Section_p6iossmqatczdp5iyvrzprwu2m",
                "label": "Dashboard"
              },
              {
                "field": [
                  {
                    "id": "lahgjbz2iltkbl2mkytw6ge5hq",
                    "label": "url",
                    "type": "CONCEALED",
                    "value": "https://supabase.jclee.me"
                  },
                  {
                    "id": "arjcxpvpwcpl4zeepg5dewzhvq",
                    "label": "dashboard_url",
                    "type": "CONCEALED",
                    "value": "http://192.168.50.107:3000"
                  },
                  {
                    "id": "qbknao3nuz5ejbfcjjrfvq22bu",
                    "label": "rest_url",
                    "type": "CONCEALED",
                    "value": "http://192.168.50.107:8000"
                  }
                ],
                "file": [],
                "id": "Section_nedjj6z2g3elws2pbhpcmhgq74",
                "label": "Connection"
              },
              {
                "field": [
                  {
                    "id": "u3buytjxgeoee7em6orrpxar3q",
                    "label": "service_key",
                    "type": "CONCEALED",
                    "value": "eyJhbGciOiAiSFMyNTYiLCAidHlwIjogIkpXVCJ9.eyJyb2xlIjogInNlcnZpY2Vfcm9sZSIsICJpc3MiOiAic3VwYWJhc2UiLCAiaWF0IjogMTc3MTYwMDgwMCwgImV4cCI6IDIwODY5NjA4MDB9.vLTEQu-8UATji7axVljZzlmPUrbqbFmx7fjXaQc580Y"
                  },
                  {
                    "id": "nj2b5n6eyed2fwdzm7winxswh4",
                    "label": "anon_key",
                    "type": "CONCEALED",
                    "value": "eyJhbGciOiAiSFMyNTYiLCAidHlwIjogIkpXVCJ9.eyJyb2xlIjogImFub24iLCAiaXNzIjogInN1cGFiYXNlIiwgImlhdCI6IDE3NzE2MDA4MDAsICJleHAiOiAyMDg2OTYwODAwfQ.TiwflrKfacFVLlR2k7owaIPfJ8C75bwqRXqP0pzJY3o"
                  },
                  {
                    "id": "xyp6222nynbumlvgsp47eiq3gy",
                    "label": "jwt_secret",
                    "type": "CONCEALED",
                    "value": "cwCVl7uY4WJUyZo/IpYauD9G8kqvbfhbolfNZVQNeME="
                  }
                ],
                "file": [],
                "id": "Section_ki5g6c45qixpv6uszmimliyqay",
                "label": "Keys"
              }
            ],
            "section_map": {
              "Connection": {
                "field_map": {
                  "dashboard_url": {
                    "id": "arjcxpvpwcpl4zeepg5dewzhvq",
                    "type": "CONCEALED",
                    "value": "http://192.168.50.107:3000"
                  },
                  "rest_url": {
                    "id": "qbknao3nuz5ejbfcjjrfvq22bu",
                    "type": "CONCEALED",
                    "value": "http://192.168.50.107:8000"
                  },
                  "url": {
                    "id": "lahgjbz2iltkbl2mkytw6ge5hq",
                    "type": "CONCEALED",
                    "value": "https://supabase.jclee.me"
                  }
                },
                "file_map": {},
                "id": "Section_nedjj6z2g3elws2pbhpcmhgq74"
              },
              "Dashboard": {
                "field_map": {
                  "password": {
                    "id": "uocbk72p5kqsv7bvactwkcsqfq",
                    "type": "CONCEALED",
                    "value": "NUIU83I8A28gPocspX3F0C2Y"
                  },
                  "username": {
                    "id": "2nvjvxuzltwngz63sys6aypqky",
                    "type": "CONCEALED",
                    "value": "supabase"
                  }
                },
                "file_map": {},
                "id": "Section_p6iossmqatczdp5iyvrzprwu2m"
              },
              "Database": {
                "field_map": {
                  "db_password": {
                    "id": "qh6env7ofcrtu2p2ccmbu45sdu",
                    "type": "CONCEALED",
                    "value": "xaBI7AtdjCSRXO/B4JzKRzTw"
                  }
                },
                "file_map": {},
                "id": "Section_3x7p3gcsltu7fz4sr3c7a4fusq"
              },
              "Keys": {
                "field_map": {
                  "anon_key": {
                    "id": "nj2b5n6eyed2fwdzm7winxswh4",
                    "type": "CONCEALED",
                    "value": "eyJhbGciOiAiSFMyNTYiLCAidHlwIjogIkpXVCJ9.eyJyb2xlIjogImFub24iLCAiaXNzIjogInN1cGFiYXNlIiwgImlhdCI6IDE3NzE2MDA4MDAsICJleHAiOiAyMDg2OTYwODAwfQ.TiwflrKfacFVLlR2k7owaIPfJ8C75bwqRXqP0pzJY3o"
                  },
                  "jwt_secret": {
                    "id": "xyp6222nynbumlvgsp47eiq3gy",
                    "type": "CONCEALED",
                    "value": "cwCVl7uY4WJUyZo/IpYauD9G8kqvbfhbolfNZVQNeME="
                  },
                  "service_key": {
                    "id": "u3buytjxgeoee7em6orrpxar3q",
                    "type": "CONCEALED",
                    "value": "eyJhbGciOiAiSFMyNTYiLCAidHlwIjogIkpXVCJ9.eyJyb2xlIjogInNlcnZpY2Vfcm9sZSIsICJpc3MiOiAic3VwYWJhc2UiLCAiaWF0IjogMTc3MTYwMDgwMCwgImV4cCI6IDIwODY5NjA4MDB9.vLTEQu-8UATji7axVljZzlmPUrbqbFmx7fjXaQc580Y"
                  }
                },
                "file_map": {},
                "id": "Section_ki5g6c45qixpv6uszmimliyqay"
              }
            },
            "tags": [
              "database"
            ],
            "title": "supabase",
            "type": null,
            "url": "http://192.168.50.107:3000",
            "username": null,
            "uuid": "gcwvuxenynpqg4nfph6tnrbkem",
            "valid_from": null,
            "vault": "glsrlcf5lapzbba6zk6sppkgnq"
          },
          "sensitive_attributes": [
            [
              {
                "type": "get_attr",
                "value": "credential"
              }
            ],
            [
              {
                "type": "get_attr",
                "value": "note_value"
              }
            ],
            [
              {
                "type": "get_attr",
                "value": "password"
              }
            ],
            [
              {
                "type": "get_attr",
                "value": "private_key"
              }
            ],
            [
              {
                "type": "get_attr",
                "value": "private_key_openssh"
              }
            ],
            [
              {
                "type": "get_attr",
                "value": "section"
              },
              {
                "type": "index",
                "value": {
                  "value": 0,
                  "type": "number"
                }
              },
              {
                "type": "get_attr",
                "value": "field"
              },
              {
                "type": "index",
                "value": {
                  "value": 0,
                  "type": "number"
                }
              },
              {
                "type": "get_attr",
                "value": "value"
              }
            ],
            [
              {
                "type": "get_attr",
                "value": "section"
              },
              {
                "type": "index",
                "value": {
                  "value": 1,
                  "type": "number"
                }
              },
              {
                "type": "get_attr",
                "value": "field"
              },
              {
                "type": "index",
                "value": {
                  "value": 0,
                  "type": "number"
                }
              },
              {
                "type": "get_attr",
                "value": "value"
              }
            ],
            [
              {
                "type": "get_attr",
                "value": "section"
              },
              {
                "type": "index",
                "value": {
                  "value": 1,
                  "type": "number"
                }
              },
              {
                "type": "get_attr",
                "value": "field"
              },
              {
                "type": "index",
                "value": {
                  "value": 1,
                  "type": "number"
                }
              },
              {
                "type": "get_attr",
                "value": "value"
              }
            ],
            [
              {
                "type": "get_attr",
                "value": "section"
              },
              {
                "type": "index",
                "value": {
                  "value": 2,
                  "type": "number"
                }
              },
              {
                "type": "get_attr",
                "value": "field"
              },
              {
                "type": "index",
                "value": {
                  "value": 0,
                  "type": "number"
                }
              },
              {
                "type": "get_attr",
                "value": "value"
              }
            ],
            [
              {
                "type": "get_attr",
                "value": "section"
              },
              {
                "type": "index",
                "value": {
                  "value": 2,
                  "type": "number"
                }
              },
              {
                "type": "get_attr",
                "value": "field"
              },
              {
                "type": "index",
                "value": {
                  "value": 1,
                  "type": "number"
                }
              },
              {
                "type": "get_attr",
                "value": "value"
              }
            ],
            [
              {
                "type": "get_attr",
                "value": "section"
              },
              {
                "type": "index",
                "value": {
                  "value": 2,
                  "type": "number"
                }
              },
              {
                "type": "get_attr",
                "value": "field"
              },
              {
                "type": "index",
                "value": {
                  "value": 2,
                  "type": "number"
                }
              },
              {
                "type": "get_attr",
                "value": "value"
              }
            ],
            [
              {
                "type": "get_attr",
                "value": "section"
              },
              {
                "type": "index",
                "value": {
                  "value": 3,
                  "type": "number"
                }
              },
              {
                "type": "get_attr",
                "value": "field"
              },
              {
                "type": "index",
                "value": {
                  "value": 0,
                  "type": "number"
                }
              },
              {
                "type": "get_attr",
                "value": "value"
              }
            ],
            [
              {
                "type": "get_attr",
                "value": "section"
              },
              {
                "type": "index",
                "value": {
                  "value": 3,
                  "type": "number"
                }
              },
              {
                "type": "get_attr",
                "value": "field"
              },
              {
                "type": "index",
                "value": {
                  "value": 1,
                  "type": "number"
                }
              },
              {
                "type": "get_attr",
                "value": "value"
              }
            ],
            [
              {
                "type": "get_attr",
                "value": "section"
              },
              {
                "type": "index",
                "value": {
                  "value": 3,
                  "type": "number"
                }
              },
              {
                "type": "get_attr",
                "value": "field"
              },
              {
                "type": "index",
                "value": {
                  "value": 2,
                  "type": "number"
                }
              },
              {
                "type": "get_attr",
                "value": "value"
              }
            ],
            [
              {
                "type": "get_attr",
                "value": "section_map"
              },
              {
                "type": "index",
                "value": {
                  "value": "Connection",
                  "type": "string"
                }
              },
              {
                "type": "get_attr",
                "value": "field_map"
              },
              {
                "type": "index",
                "value": {
                  "value": "dashboard_url",
                  "type": "string"
                }
              },
              {
                "type": "get_attr",
                "value": "value"
              }
            ],
            [
              {
                "type": "get_attr",
                "value": "section_map"
              },
              {
                "type": "index",
                "value": {
                  "value": "Connection",
                  "type": "string"
                }
              },
              {
                "type": "get_attr",
                "value": "field_map"
              },
              {
                "type": "index",
                "value": {
                  "value": "rest_url",
                  "type": "string"
                }
              },
              {
                "type": "get_attr",
                "value": "value"
              }
            ],
            [
              {
                "type": "get_attr",
                "value": "section_map"
              },
              {
                "type": "index",
                "value": {
                  "value": "Connection",
                  "type": "string"
                }
              },
              {
                "type": "get_attr",
                "value": "field_map"
              },
              {
                "type": "index",
                "value": {
                  "value": "url",
                  "type": "string"
                }
              },
              {
                "type": "get_attr",
                "value": "value"
              }
            ],
            [
              {
                "type": "get_attr",
                "value": "section_map"
              },
              {
                "type": "index",
                "value": {
                  "value": "Dashboard",
                  "type": "string"
                }
              },
              {
                "type": "get_attr",
                "value": "field_map"
              },
              {
                "type": "index",
                "value": {
                  "value": "password",
                  "type": "string"
                }
              },
              {
                "type": "get_attr",
                "value": "value"
              }
            ],
            [
              {
                "type": "get_attr",
                "value": "section_map"
              },
              {
                "type": "index",
                "value": {
                  "value": "Dashboard",
                  "type": "string"
                }
              },
              {
                "type": "get_attr",
                "value": "field_map"
              },
              {
                "type": "index",
                "value": {
                  "value": "username",
                  "type": "string"
                }
              },
              {
                "type": "get_attr",
                "value": "value"
              }
            ],
            [
              {
                "type": "get_attr",
                "value": "section_map"
              },
              {
                "type": "index",
                "value": {
                  "value": "Database",
                  "type": "string"
                }
              },
              {
                "type": "get_attr",
                "value": "field_map"
              },
              {
                "type": "index",
                "value": {
                  "value": "db_password",
                  "type": "string"
                }
              },
              {
                "type": "get_attr",
                "value": "value"
              }
            ],
            [
              {
                "type": "get_attr",
                "value": "section_map"
              },
              {
                "type": "index",
                "value": {
                  "value": "Keys",
                  "type": "string"
                }
              },
              {
                "type": "get_attr",
                "value": "field_map"
              },
              {
                "type": "index",
                "value": {
                  "value": "anon_key",
                  "type": "string"
                }
              },
              {
                "type": "get_attr",
                "value": "value"
              }
            ],
            [
              {
                "type": "get_attr",
                "value": "section_map"
              },
              {
                "type": "index",
                "value": {
                  "value": "Keys",
                  "type": "string"
                }
              },
              {
                "type": "get_attr",
                "value": "field_map"
              },
              {
                "type": "index",
                "value": {
                  "value": "jwt_secret",
                  "type": "string"
                }
              },
              {
                "type": "get_attr",
                "value": "value"
              }
            ],
            [
              {
                "type": "get_attr",
                "value": "section_map"
              },
              {
                "type": "index",
                "value": {
                  "value": "Keys",
                  "type": "string"
                }
              },
              {
                "type": "get_attr",
                "value": "field_map"
              },
              {
                "type": "index",
                "value": {
                  "value": "service_key",
                  "type": "string"
                }
              },
              {
                "type": "get_attr",
                "value": "value"
              }
            ]
          ],
          "identity_schema_version": 0
        },
        {
          "index_key": "telegram",
          "schema_version": 0,
          "attributes": {
            "category": "api_credential",
            "credential": "8430418484:AAEtb7NsZMuL46-qpMTCyam1svTbW5W6B5o",
            "database": null,
            "file": [],
            "filename": "",
            "hostname": "",
            "id": "vaults/glsrlcf5lapzbba6zk6sppkgnq/items/wf4pu4tkuadzozsmqljv5o3o7u",
            "note_value": "Telegram Bot @qws941_bot\nPurpose: OpenCode notification bot\nIntegrations: n8n, GitHub Actions, GlitchTip alerts",
            "password": null,
            "port": null,
            "private_key": null,
            "private_key_openssh": null,
            "public_key": null,
            "section": [],
            "section_map": {},
            "tags": [
              "notification"
            ],
            "title": "telegram",
            "type": "",
            "url": null,
            "username": "qws941_bot",
            "uuid": "wf4pu4tkuadzozsmqljv5o3o7u",
            "valid_from": "1970-01-01",
            "vault": "glsrlcf5lapzbba6zk6sppkgnq"
          },
          "sensitive_attributes": [
            [
              {
                "type": "get_attr",
                "value": "credential"
              }
            ],
            [
              {
                "type": "get_attr",
                "value": "note_value"
              }
            ],
            [
              {
                "type": "get_attr",
                "value": "password"
              }
            ],
            [
              {
                "type": "get_attr",
                "value": "private_key"
              }
            ],
            [
              {
                "type": "get_attr",
                "value": "private_key_openssh"
              }
            ]
          ],
          "identity_schema_version": 0
        },
        {
          "index_key": "traefik",
          "schema_version": 0,
          "attributes": {
            "category": "password",
            "credential": null,
            "database": null,
            "file": [],
            "filename": null,
            "hostname": null,
            "id": "vaults/glsrlcf5lapzbba6zk6sppkgnq/items/n4mzex5abalu3qm4ztkoveo4hi",
            "note_value": null,
            "password": "bingogo1",
            "port": null,
            "private_key": null,
            "private_key_openssh": null,
            "public_key": null,
            "section": [
              {
                "field": [
                  {
                    "id": "zytlevngut4poretfm4v4yobei",
                    "label": "username",
                    "type": "CONCEALED",
                    "value": "admin"
                  }
                ],
                "file": [],
                "id": "Section_sukx4kmuiyhgno7bsochbjfh6e",
                "label": ""
              },
              {
                "field": [
                  {
                    "id": "3mz6sszftrcuccdpatcog2ii5a",
                    "label": "htpasswd_hash",
                    "type": "CONCEALED",
                    "value": "admin:$2y$10$vu1uqdsZG3.qn69ow2SK.egtD9.gDo7p9/AKLO/j/R5lo1bZwod5C"
                  }
                ],
                "file": [],
                "id": "Section_laj26g5iq3ko3a4wgxlnwciice",
                "label": "Credentials"
              }
            ],
            "section_map": {
              "": {
                "field_map": {
                  "username": {
                    "id": "zytlevngut4poretfm4v4yobei",
                    "type": "CONCEALED",
                    "value": "admin"
                  }
                },
                "file_map": {},
                "id": "Section_sukx4kmuiyhgno7bsochbjfh6e"
              },
              "Credentials": {
                "field_map": {
                  "htpasswd_hash": {
                    "id": "3mz6sszftrcuccdpatcog2ii5a",
                    "type": "CONCEALED",
                    "value": "admin:$2y$10$vu1uqdsZG3.qn69ow2SK.egtD9.gDo7p9/AKLO/j/R5lo1bZwod5C"
                  }
                },
                "file_map": {},
                "id": "Section_laj26g5iq3ko3a4wgxlnwciice"
              }
            },
            "tags": [
              "proxy"
            ],
            "title": "traefik",
            "type": null,
            "url": "https://traefik.jclee.me",
            "username": null,
            "uuid": "n4mzex5abalu3qm4ztkoveo4hi",
            "valid_from": null,
            "vault": "glsrlcf5lapzbba6zk6sppkgnq"
          },
          "sensitive_attributes": [
            [
              {
                "type": "get_attr",
                "value": "credential"
              }
            ],
            [
              {
                "type": "get_attr",
                "value": "note_value"
              }
            ],
            [
              {
                "type": "get_attr",
                "value": "password"
              }
            ],
            [
              {
                "type": "get_attr",
                "value": "private_key"
              }
            ],
            [
              {
                "type": "get_attr",
                "value": "private_key_openssh"
              }
            ],
            [
              {
                "type": "get_attr",
                "value": "section"
              },
              {
                "type": "index",
                "value": {
                  "value": 0,
                  "type": "number"
                }
              },
              {
                "type": "get_attr",
                "value": "field"
              },
              {
                "type": "index",
                "value": {
                  "value": 0,
                  "type": "number"
                }
              },
              {
                "type": "get_attr",
                "value": "value"
              }
            ],
            [
              {
                "type": "get_attr",
                "value": "section"
              },
              {
                "type": "index",
                "value": {
                  "value": 1,
                  "type": "number"
                }
              },
              {
                "type": "get_attr",
                "value": "field"
              },
              {
                "type": "index",
                "value": {
                  "value": 0,
                  "type": "number"
                }
              },
              {
                "type": "get_attr",
                "value": "value"
              }
            ],
            [
              {
                "type": "get_attr",
                "value": "section_map"
              },
              {
                "type": "index",
                "value": {
                  "value": "",
                  "type": "string"
                }
              },
              {
                "type": "get_attr",
                "value": "field_map"
              },
              {
                "type": "index",
                "value": {
                  "value": "username",
                  "type": "string"
                }
              },
              {
                "type": "get_attr",
                "value": "value"
              }
            ],
            [
              {
                "type": "get_attr",
                "value": "section_map"
              },
              {
                "type": "index",
                "value": {
                  "value": "Credentials",
                  "type": "string"
                }
              },
              {
                "type": "get_attr",
                "value": "field_map"
              },
              {
                "type": "index",
                "value": {
                  "value": "htpasswd_hash",
                  "type": "string"
                }
              },
              {
                "type": "get_attr",
                "value": "value"
              }
            ]
          ],
          "identity_schema_version": 0
        }
      ]
    },
    {
      "module": "module.onepassword_secrets",
      "mode": "data",
      "type": "onepassword_vault",
      "name": "this",
      "provider": "provider[\"registry.terraform.io/1password/onepassword\"]",
      "instances": [
        {
          "schema_version": 0,
          "attributes": {
            "description": "Homelab infrastructure secrets",
            "id": "vaults/glsrlcf5lapzbba6zk6sppkgnq",
            "name": "homelab",
            "uuid": "glsrlcf5lapzbba6zk6sppkgnq"
          },
          "sensitive_attributes": [],
          "identity_schema_version": 0
        }
      ]
    }
  ],
  "check_results": [
    {
      "object_kind": "var",
      "config_addr": "var.synology_nas_ip",
      "status": "unknown",
      "objects": null
    },
    {
      "object_kind": "check",
      "config_addr": "check.required_metadata",
      "status": "unknown",
      "objects": null
    },
    {
      "object_kind": "var",
      "config_addr": "var.jclee_ip",
      "status": "unknown",
      "objects": null
    },
    {
      "object_kind": "var",
      "config_addr": "var.access_allowed_emails",
      "status": "pass",
      "objects": [
        {
          "object_addr": "var.access_allowed_emails",
          "status": "pass"
        }
      ]
    },
    {
      "object_kind": "var",
      "config_addr": "var.homelab_public_ip",
      "status": "unknown",
      "objects": null
    },
    {
      "object_kind": "var",
      "config_addr": "var.elk_ip",
      "status": "unknown",
      "objects": null
    },
    {
      "object_kind": "var",
      "config_addr": "var.homelab_domain",
      "status": "pass",
      "objects": [
        {
          "object_addr": "var.homelab_domain",
          "status": "pass"
        }
      ]
    },
    {
      "object_kind": "var",
      "config_addr": "var.youtube_ip",
      "status": "unknown",
      "objects": null
    },
    {
      "object_kind": "var",
      "config_addr": "var.synology_nas_port",
      "status": "unknown",
      "objects": null
    },
    {
      "object_kind": "resource",
      "config_addr": "terraform_data.validate_credentials",
      "status": "unknown",
      "objects": null
    },
    {
      "object_kind": "var",
      "config_addr": "var.jclee_dev_ip",
      "status": "unknown",
      "objects": null
    },
    {
      "object_kind": "resource",
      "config_addr": "terraform_data.cf_store_secret_sync",
      "status": "unknown",
      "objects": null
    },
    {
      "object_kind": "var",
      "config_addr": "var.onepassword_vault_name",
      "status": "pass",
      "objects": [
        {
          "object_addr": "var.onepassword_vault_name",
          "status": "pass"
        }
      ]
    },
    {
      "object_kind": "var",
      "config_addr": "var.cloudflare_api_key",
      "status": "pass",
      "objects": [
        {
          "object_addr": "var.cloudflare_api_key",
          "status": "pass"
        }
      ]
    },
    {
      "object_kind": "check",
      "config_addr": "check.required_secrets",
      "status": "unknown",
      "objects": null
    },
    {
      "object_kind": "var",
      "config_addr": "var.synology_domain",
      "status": "unknown",
      "objects": null
    },
    {
      "object_kind": "var",
      "config_addr": "var.cloudflare_secrets_store_id",
      "status": "unknown",
      "objects": null
    }
  ]
}
