{
  "version": 4,
  "terraform_version": "1.14.5",
  "serial": 248,
  "lineage": "65d7c11b-49de-a955-8ccf-6da2fc46f96d",
  "outputs": {
    "infra_integration": {
      "value": {
        "host_count": 14,
        "hosts_available": true,
        "service_urls": {
          "grafana_url": "https://grafana.jclee.me",
          "n8n_url": "https://mcphub.jclee.me"
        }
      },
      "type": [
        "object",
        {
          "host_count": "number",
          "hosts_available": "bool",
          "service_urls": [
            "object",
            {
              "grafana_url": "string",
              "n8n_url": "string"
            }
          ]
        }
      ]
    },
    "n8n_webhook_urls": {
      "value": {
        "github_issue": "https://mcphub.jclee.me/webhook/github-issue",
        "github_pr": "https://mcphub.jclee.me/webhook/github-pr",
        "glitchtip_error": "https://mcphub.jclee.me/webhook/glitchtip-error",
        "grafana_alert": "https://mcphub.jclee.me/webhook/grafana-alert"
      },
      "type": [
        "object",
        {
          "github_issue": "string",
          "github_pr": "string",
          "glitchtip_error": "string",
          "grafana_alert": "string"
        }
      ]
    },
    "repository_clone_urls": {
      "value": {
        "blacklist": {
          "https": "https://github.com/qws941/blacklist.git",
          "ssh": "git@github.com:qws941/blacklist.git"
        },
        "hycu_fsds": {
          "https": "https://github.com/qws941/hycu_fsds.git",
          "ssh": "git@github.com:qws941/hycu_fsds.git"
        },
        "propose": {
          "https": "https://github.com/qws941/propose.git",
          "ssh": "git@github.com:qws941/propose.git"
        },
        "resume": {
          "https": "https://github.com/qws941/resume.git",
          "ssh": "git@github.com:qws941/resume.git"
        },
        "safework2": {
          "https": "https://github.com/qws941/safework2.git",
          "ssh": "git@github.com:qws941/safework2.git"
        },
        "splunk": {
          "https": "https://github.com/qws941/splunk.git",
          "ssh": "git@github.com:qws941/splunk.git"
        },
        "terraform": {
          "https": "https://github.com/qws941/terraform.git",
          "ssh": "git@github.com:qws941/terraform.git"
        },
        "tmux": {
          "https": "https://github.com/qws941/tmux.git",
          "ssh": "git@github.com:qws941/tmux.git"
        },
        "youtube": {
          "https": "https://github.com/qws941/youtube.git",
          "ssh": "git@github.com:qws941/youtube.git"
        }
      },
      "type": [
        "object",
        {
          "blacklist": [
            "object",
            {
              "https": "string",
              "ssh": "string"
            }
          ],
          "hycu_fsds": [
            "object",
            {
              "https": "string",
              "ssh": "string"
            }
          ],
          "propose": [
            "object",
            {
              "https": "string",
              "ssh": "string"
            }
          ],
          "resume": [
            "object",
            {
              "https": "string",
              "ssh": "string"
            }
          ],
          "safework2": [
            "object",
            {
              "https": "string",
              "ssh": "string"
            }
          ],
          "splunk": [
            "object",
            {
              "https": "string",
              "ssh": "string"
            }
          ],
          "terraform": [
            "object",
            {
              "https": "string",
              "ssh": "string"
            }
          ],
          "tmux": [
            "object",
            {
              "https": "string",
              "ssh": "string"
            }
          ],
          "youtube": [
            "object",
            {
              "https": "string",
              "ssh": "string"
            }
          ]
        }
      ]
    },
    "repository_html_urls": {
      "value": {
        "blacklist": "https://github.com/qws941/blacklist",
        "hycu_fsds": "https://github.com/qws941/hycu_fsds",
        "propose": "https://github.com/qws941/propose",
        "resume": "https://github.com/qws941/resume",
        "safework2": "https://github.com/qws941/safework2",
        "splunk": "https://github.com/qws941/splunk",
        "terraform": "https://github.com/qws941/terraform",
        "tmux": "https://github.com/qws941/tmux",
        "youtube": "https://github.com/qws941/youtube"
      },
      "type": [
        "object",
        {
          "blacklist": "string",
          "hycu_fsds": "string",
          "propose": "string",
          "resume": "string",
          "safework2": "string",
          "splunk": "string",
          "terraform": "string",
          "tmux": "string",
          "youtube": "string"
        }
      ]
    },
    "repository_webhook_ids": {
      "value": {
        "blacklist:github-issue": "596429888",
        "blacklist:github-pr": "596429810",
        "blacklist:glitchtip-error": "596429832",
        "blacklist:grafana-alert": "596429875",
        "hycu_fsds:github-issue": "596429652",
        "hycu_fsds:github-pr": "596429887",
        "hycu_fsds:glitchtip-error": "596429706",
        "hycu_fsds:grafana-alert": "596429840",
        "propose:github-issue": "596429688",
        "propose:github-pr": "596429871",
        "propose:glitchtip-error": "596429759",
        "propose:grafana-alert": "596429726",
        "resume:github-issue": "596429740",
        "resume:github-pr": "596429718",
        "resume:glitchtip-error": "596429862",
        "resume:grafana-alert": "596429698",
        "safework2:github-issue": "596429829",
        "safework2:github-pr": "596429778",
        "safework2:glitchtip-error": "596429896",
        "safework2:grafana-alert": "596429800",
        "splunk:github-issue": "596429747",
        "splunk:github-pr": "596429704",
        "splunk:glitchtip-error": "596429691",
        "splunk:grafana-alert": "596429820",
        "terraform:github-issue": "596429843",
        "terraform:github-pr": "596429794",
        "terraform:glitchtip-error": "596429732",
        "terraform:grafana-alert": "596429745",
        "tmux:github-issue": "596429894",
        "tmux:github-pr": "596429695",
        "tmux:glitchtip-error": "596429811",
        "tmux:grafana-alert": "596429712",
        "youtube:github-issue": "596429837",
        "youtube:github-pr": "596429785",
        "youtube:glitchtip-error": "596429700",
        "youtube:grafana-alert": "596429782"
      },
      "type": [
        "object",
        {
          "blacklist:github-issue": "string",
          "blacklist:github-pr": "string",
          "blacklist:glitchtip-error": "string",
          "blacklist:grafana-alert": "string",
          "hycu_fsds:github-issue": "string",
          "hycu_fsds:github-pr": "string",
          "hycu_fsds:glitchtip-error": "string",
          "hycu_fsds:grafana-alert": "string",
          "propose:github-issue": "string",
          "propose:github-pr": "string",
          "propose:glitchtip-error": "string",
          "propose:grafana-alert": "string",
          "resume:github-issue": "string",
          "resume:github-pr": "string",
          "resume:glitchtip-error": "string",
          "resume:grafana-alert": "string",
          "safework2:github-issue": "string",
          "safework2:github-pr": "string",
          "safework2:glitchtip-error": "string",
          "safework2:grafana-alert": "string",
          "splunk:github-issue": "string",
          "splunk:github-pr": "string",
          "splunk:glitchtip-error": "string",
          "splunk:grafana-alert": "string",
          "terraform:github-issue": "string",
          "terraform:github-pr": "string",
          "terraform:glitchtip-error": "string",
          "terraform:grafana-alert": "string",
          "tmux:github-issue": "string",
          "tmux:github-pr": "string",
          "tmux:glitchtip-error": "string",
          "tmux:grafana-alert": "string",
          "youtube:github-issue": "string",
          "youtube:github-pr": "string",
          "youtube:glitchtip-error": "string",
          "youtube:grafana-alert": "string"
        }
      ]
    },
    "team_ids": {
      "value": {},
      "type": [
        "object",
        {}
      ]
    }
  },
  "resources": [
    {
      "mode": "data",
      "type": "terraform_remote_state",
      "name": "infra",
      "provider": "provider[\"terraform.io/builtin/terraform\"]",
      "instances": [
        {
          "schema_version": 0,
          "attributes": {
            "backend": "local",
            "config": {
              "value": {
                "path": "./../100-pve/terraform.tfstate"
              },
              "type": [
                "object",
                {
                  "path": "string"
                }
              ]
            },
            "defaults": {
              "value": {
                "host_inventory": {},
                "service_urls": {}
              },
              "type": [
                "object",
                {
                  "host_inventory": [
                    "object",
                    {}
                  ],
                  "service_urls": [
                    "object",
                    {}
                  ]
                }
              ]
            },
            "outputs": {
              "value": {
                "container_ids": {
                  "archon": 108,
                  "coredns": 103,
                  "elk": 105,
                  "glitchtip": 106,
                  "grafana": 104,
                  "runner": 101,
                  "supabase": 107,
                  "traefik": 102
                },
                "container_ips": {
                  "archon": "192.168.50.108",
                  "coredns": "192.168.50.103",
                  "elk": "192.168.50.105",
                  "glitchtip": "192.168.50.106",
                  "grafana": "192.168.50.104",
                  "runner": "192.168.50.101",
                  "supabase": "192.168.50.107",
                  "traefik": "192.168.50.102"
                },
                "container_status": {
                  "archon": {
                    "node": "pve3",
                    "started": true,
                    "vmid": 108
                  },
                  "coredns": {
                    "node": "pve3",
                    "started": true,
                    "vmid": 103
                  },
                  "elk": {
                    "node": "pve3",
                    "started": true,
                    "vmid": 105
                  },
                  "glitchtip": {
                    "node": "pve3",
                    "started": true,
                    "vmid": 106
                  },
                  "grafana": {
                    "node": "pve3",
                    "started": true,
                    "vmid": 104
                  },
                  "runner": {
                    "node": "pve3",
                    "started": true,
                    "vmid": 101
                  },
                  "supabase": {
                    "node": "pve3",
                    "started": true,
                    "vmid": 107
                  },
                  "traefik": {
                    "node": "pve3",
                    "started": true,
                    "vmid": 102
                  }
                },
                "host_inventory": {
                  "archon": {
                    "ip": "192.168.50.108",
                    "ports": {
                      "mcp": 8051,
                      "server": 8181,
                      "ui": 3737
                    },
                    "roles": [
                      "ai",
                      "knowledge-management",
                      "mcp"
                    ],
                    "vmid": 108
                  },
                  "coredns": {
                    "ip": "192.168.50.103",
                    "ports": {
                      "dns": 53,
                      "health": 8080
                    },
                    "roles": [
                      "dns",
                      "split-dns"
                    ],
                    "vmid": 103
                  },
                  "elk": {
                    "ip": "192.168.50.105",
                    "ports": {
                      "elasticsearch": 9200,
                      "es_transport": 9300,
                      "kibana": 5601,
                      "logstash_api": 9600,
                      "logstash_beat": 5044,
                      "logstash_http": 8080,
                      "logstash_prometheus": 9198,
                      "logstash_tcp": 5000
                    },
                    "roles": [
                      "logging",
                      "elasticsearch",
                      "kibana"
                    ],
                    "vmid": 105
                  },
                  "glitchtip": {
                    "ip": "192.168.50.106",
                    "ports": {
                      "postgres": 5432,
                      "redis": 6379,
                      "web": 8000
                    },
                    "roles": [
                      "error-tracking",
                      "monitoring"
                    ],
                    "vmid": 106
                  },
                  "grafana": {
                    "ip": "192.168.50.104",
                    "ports": {
                      "grafana": 3000,
                      "prometheus": 9090
                    },
                    "roles": [
                      "observability",
                      "monitoring"
                    ],
                    "vmid": 104
                  },
                  "jclee": {
                    "ip": "192.168.50.80",
                    "ports": {
                      "rdp": 3389,
                      "ssh": 22
                    },
                    "roles": [
                      "workstation"
                    ],
                    "vmid": 80
                  },
                  "jclee-dev": {
                    "ip": "192.168.50.200",
                    "ports": {
                      "rdp": 3389,
                      "ssh": 22
                    },
                    "roles": [
                      "development",
                      "workstation"
                    ],
                    "vmid": 200
                  },
                  "mcphub": {
                    "ip": "192.168.50.112",
                    "ports": {
                      "n8n": 5678,
                      "playwright": 8056,
                      "proxmox": 8055,
                      "vault": 8200,
                      "web": 3000
                    },
                    "roles": [
                      "mcp-hub",
                      "ai",
                      "mcp",
                      "gateway",
                      "automation"
                    ],
                    "vmid": 112
                  },
                  "pve": {
                    "ip": "192.168.50.100",
                    "ports": {},
                    "roles": [
                      "hypervisor"
                    ],
                    "vmid": 100
                  },
                  "runner": {
                    "ip": "192.168.50.101",
                    "ports": {},
                    "roles": [
                      "ci",
                      "github-runner"
                    ],
                    "vmid": 101
                  },
                  "supabase": {
                    "ip": "192.168.50.107",
                    "ports": {
                      "api": 8000,
                      "db": 5432,
                      "inbucket": 9000,
                      "realtime": 4000,
                      "studio": 3000
                    },
                    "roles": [
                      "database",
                      "backend-as-a-service",
                      "auth"
                    ],
                    "vmid": 107
                  },
                  "synology": {
                    "ip": "192.168.50.215",
                    "ports": {
                      "dsm": 5000
                    },
                    "roles": [
                      "nas",
                      "storage"
                    ],
                    "vmid": 215
                  },
                  "traefik": {
                    "ip": "192.168.50.102",
                    "ports": {
                      "http": 80,
                      "https": 443,
                      "traefik": 8080
                    },
                    "roles": [
                      "proxy",
                      "ingress"
                    ],
                    "vmid": 102
                  },
                  "youtube": {
                    "ip": "192.168.50.220",
                    "ports": {},
                    "roles": [
                      "youtube",
                      "media"
                    ],
                    "vmid": 220
                  }
                },
                "lxc_configs": {
                  "archon": {
                    "config_files": [
                      {
                        "name": "archon.env",
                        "path": "./configs/lxc-108-archon/archon.env"
                      },
                      {
                        "name": "filebeat.yml",
                        "path": "./configs/lxc-108-archon/filebeat.yml"
                      }
                    ],
                    "docker_compose": "./configs/lxc-108-archon/docker-compose.yml",
                    "hostname": "archon",
                    "ip_address": "192.168.50.108",
                    "systemd_services": [],
                    "vmid": 108
                  },
                  "coredns": {
                    "config_files": [
                      {
                        "name": "Corefile",
                        "path": "./configs/lxc-103-coredns/Corefile"
                      },
                      {
                        "name": "filebeat.yml",
                        "path": "./configs/lxc-103-coredns/filebeat.yml"
                      }
                    ],
                    "docker_compose": "./configs/lxc-103-coredns/docker-compose.yml",
                    "hostname": "coredns",
                    "ip_address": "192.168.50.103",
                    "systemd_services": [],
                    "vmid": 103
                  },
                  "elk": {
                    "config_files": [
                      {
                        "name": "Dockerfile.logstash",
                        "path": "./configs/lxc-105-elk/Dockerfile.logstash"
                      },
                      {
                        "name": "filebeat.yml",
                        "path": "./configs/lxc-105-elk/filebeat.yml"
                      },
                      {
                        "name": "ilm-policy.json",
                        "path": "./configs/lxc-105-elk/ilm-policy.json"
                      },
                      {
                        "name": "logstash.conf",
                        "path": "./configs/lxc-105-elk/logstash.conf"
                      },
                      {
                        "name": "logstash.yml",
                        "path": "./configs/lxc-105-elk/logstash.yml"
                      },
                      {
                        "name": "setup-ilm.sh",
                        "path": "./configs/lxc-105-elk/setup-ilm.sh"
                      }
                    ],
                    "docker_compose": "./configs/lxc-105-elk/docker-compose.yml",
                    "hostname": "elk",
                    "ip_address": "192.168.50.105",
                    "systemd_services": [],
                    "vmid": 105
                  },
                  "glitchtip": {
                    "config_files": [
                      {
                        "name": "filebeat.yml",
                        "path": "./configs/lxc-106-glitchtip/filebeat.yml"
                      },
                      {
                        "name": "glitchtip.env",
                        "path": "./configs/lxc-106-glitchtip/glitchtip.env"
                      }
                    ],
                    "docker_compose": "./configs/lxc-106-glitchtip/docker-compose.yml",
                    "hostname": "glitchtip",
                    "ip_address": "192.168.50.106",
                    "systemd_services": [],
                    "vmid": 106
                  },
                  "grafana": {
                    "config_files": [
                      {
                        "name": "filebeat.yml",
                        "path": "./configs/lxc-104-grafana/filebeat.yml"
                      },
                      {
                        "name": "grafana-datasources.yml",
                        "path": "./configs/lxc-104-grafana/grafana-datasources.yml"
                      },
                      {
                        "name": "prometheus.yml",
                        "path": "./configs/lxc-104-grafana/prometheus.yml"
                      }
                    ],
                    "docker_compose": null,
                    "hostname": "grafana",
                    "ip_address": "192.168.50.104",
                    "systemd_services": [
                      {
                        "name": "prometheus",
                        "path": "./configs/lxc-104-grafana/prometheus.service"
                      }
                    ],
                    "vmid": 104
                  },
                  "runner": {
                    "config_files": [
                      {
                        "name": "filebeat.yml",
                        "path": "./configs/lxc-101-runner/filebeat.yml"
                      }
                    ],
                    "docker_compose": null,
                    "hostname": "runner",
                    "ip_address": "192.168.50.101",
                    "systemd_services": [],
                    "vmid": 101
                  },
                  "supabase": {
                    "config_files": [
                      {
                        "name": "filebeat.yml",
                        "path": "./configs/lxc-107-supabase/filebeat.yml"
                      },
                      {
                        "name": "supabase.env",
                        "path": "./configs/lxc-107-supabase/supabase.env"
                      }
                    ],
                    "docker_compose": "./configs/lxc-107-supabase/docker-compose.yml",
                    "hostname": "supabase",
                    "ip_address": "192.168.50.107",
                    "systemd_services": [],
                    "vmid": 107
                  },
                  "traefik": {
                    "config_files": [
                      {
                        "name": "cloudflared-docker-compose.yml",
                        "path": "./configs/lxc-102-traefik/cloudflared-docker-compose.yml"
                      },
                      {
                        "name": "filebeat.yml",
                        "path": "./configs/lxc-102-traefik/filebeat.yml"
                      },
                      {
                        "name": "traefik-archon.yml",
                        "path": "./configs/lxc-102-traefik/traefik-archon.yml"
                      },
                      {
                        "name": "traefik-elk.yml",
                        "path": "./configs/lxc-102-traefik/traefik-elk.yml"
                      },
                      {
                        "name": "traefik-glitchtip.yml",
                        "path": "./configs/lxc-102-traefik/traefik-glitchtip.yml"
                      },
                      {
                        "name": "traefik-mcphub.yml",
                        "path": "./configs/lxc-102-traefik/traefik-mcphub.yml"
                      },
                      {
                        "name": "traefik-n8n.yml",
                        "path": "./configs/lxc-102-traefik/traefik-n8n.yml"
                      },
                      {
                        "name": "traefik-supabase.yml",
                        "path": "./configs/lxc-102-traefik/traefik-supabase.yml"
                      },
                      {
                        "name": "traefik-synology.yml",
                        "path": "./configs/lxc-102-traefik/traefik-synology.yml"
                      },
                      {
                        "name": "traefik-vault.yml",
                        "path": "./configs/lxc-102-traefik/traefik-vault.yml"
                      },
                      {
                        "name": "traefik.yml",
                        "path": "./configs/lxc-102-traefik/traefik.yml"
                      }
                    ],
                    "docker_compose": null,
                    "hostname": "traefik",
                    "ip_address": "192.168.50.102",
                    "systemd_services": [],
                    "vmid": 102
                  }
                },
                "nodes": [
                  "pve3"
                ],
                "rendered_configs": {
                  "archon_docker_compose": "./configs/rendered/archon/docker-compose.yml",
                  "archon_env": "./configs/rendered/archon/.env",
                  "archon_filebeat": "./configs/rendered/archon/filebeat.yml",
                  "coredns_corefile": "./configs/rendered/coredns/Corefile",
                  "coredns_docker_compose": "./configs/rendered/coredns/docker-compose.yml",
                  "coredns_filebeat": "./configs/rendered/coredns/filebeat.yml",
                  "elk_docker_compose": "./configs/rendered/elk/docker-compose.yml",
                  "elk_dockerfile_logstash": "./configs/rendered/elk/Dockerfile.logstash",
                  "elk_filebeat": "./configs/rendered/elk/filebeat.yml",
                  "elk_ilm_policy": "./configs/rendered/elk/ilm-policy.json",
                  "elk_logstash_conf": "./configs/rendered/elk/logstash.conf",
                  "elk_logstash_yml": "./configs/rendered/elk/logstash.yml",
                  "elk_setup_ilm": "./configs/rendered/elk/setup-ilm.sh",
                  "glitchtip_docker_compose": "./configs/rendered/glitchtip/docker-compose.yml",
                  "glitchtip_env": "./configs/rendered/glitchtip/glitchtip.env",
                  "glitchtip_filebeat": "./configs/rendered/glitchtip/filebeat.yml",
                  "grafana_datasources": "./configs/rendered/grafana-datasources.yml",
                  "grafana_filebeat": "./configs/rendered/grafana/filebeat.yml",
                  "mcphub_docker_compose": "./configs/rendered/mcphub/docker-compose.yml",
                  "mcphub_env": "./configs/rendered/mcphub/.env",
                  "mcphub_filebeat": "./configs/rendered/mcphub/filebeat.yml",
                  "mcphub_mcp_settings": "./configs/rendered/mcphub/mcp_settings.json",
                  "mcphub_n8n_docker_compose": "./configs/rendered/mcphub/docker-compose-n8n.yml",
                  "prometheus": "./configs/rendered/prometheus.yml",
                  "runner_filebeat": "./configs/rendered/runner/filebeat.yml",
                  "supabase_docker_compose": "./configs/rendered/supabase/docker-compose.yml",
                  "supabase_env": "./configs/rendered/supabase/.env",
                  "supabase_filebeat": "./configs/rendered/supabase/filebeat.yml",
                  "traefik_archon": "./configs/rendered/traefik/archon.yml",
                  "traefik_cloudflared": "./configs/rendered/traefik/cloudflared-docker-compose.yml",
                  "traefik_elk": "./configs/rendered/traefik-elk.yml",
                  "traefik_filebeat": "./configs/rendered/traefik/filebeat.yml",
                  "traefik_glitchtip": "./configs/rendered/traefik/glitchtip.yml",
                  "traefik_mcphub": "./configs/rendered/traefik/mcphub.yml",
                  "traefik_n8n": "./configs/rendered/traefik/n8n.yml",
                  "traefik_supabase": "./configs/rendered/traefik/supabase.yml",
                  "traefik_synology": "./configs/rendered/traefik/synology.yml",
                  "traefik_vault": "./configs/rendered/traefik/vault.yml",
                  "youtube_filebeat": "./configs/rendered/youtube/filebeat.yml"
                },
                "required_template_secrets_validation": true,
                "service_urls": {
                  "grafana_url": "https://grafana.jclee.me",
                  "n8n_url": "https://mcphub.jclee.me"
                },
                "validation_summary": {
                  "containers_count": 8,
                  "network_cidr": "192.168.50.0/24",
                  "node_valid": true,
                  "vmid_range": "101-112"
                },
                "vm_configs": {
                  "mcphub": {
                    "cloud_init": "./configs/vm-112-mcphub/cloud-init.yaml",
                    "hostname": "mcphub",
                    "ip_address": "192.168.50.112",
                    "systemd_services": [],
                    "vmid": 112
                  }
                }
              },
              "type": [
                "object",
                {
                  "container_ids": [
                    "object",
                    {
                      "archon": "number",
                      "coredns": "number",
                      "elk": "number",
                      "glitchtip": "number",
                      "grafana": "number",
                      "runner": "number",
                      "supabase": "number",
                      "traefik": "number"
                    }
                  ],
                  "container_ips": [
                    "object",
                    {
                      "archon": "string",
                      "coredns": "string",
                      "elk": "string",
                      "glitchtip": "string",
                      "grafana": "string",
                      "runner": "string",
                      "supabase": "string",
                      "traefik": "string"
                    }
                  ],
                  "container_status": [
                    "object",
                    {
                      "archon": [
                        "object",
                        {
                          "node": "string",
                          "started": "bool",
                          "vmid": "number"
                        }
                      ],
                      "coredns": [
                        "object",
                        {
                          "node": "string",
                          "started": "bool",
                          "vmid": "number"
                        }
                      ],
                      "elk": [
                        "object",
                        {
                          "node": "string",
                          "started": "bool",
                          "vmid": "number"
                        }
                      ],
                      "glitchtip": [
                        "object",
                        {
                          "node": "string",
                          "started": "bool",
                          "vmid": "number"
                        }
                      ],
                      "grafana": [
                        "object",
                        {
                          "node": "string",
                          "started": "bool",
                          "vmid": "number"
                        }
                      ],
                      "runner": [
                        "object",
                        {
                          "node": "string",
                          "started": "bool",
                          "vmid": "number"
                        }
                      ],
                      "supabase": [
                        "object",
                        {
                          "node": "string",
                          "started": "bool",
                          "vmid": "number"
                        }
                      ],
                      "traefik": [
                        "object",
                        {
                          "node": "string",
                          "started": "bool",
                          "vmid": "number"
                        }
                      ]
                    }
                  ],
                  "host_inventory": [
                    "object",
                    {
                      "archon": [
                        "object",
                        {
                          "ip": "string",
                          "ports": [
                            "object",
                            {
                              "mcp": "number",
                              "server": "number",
                              "ui": "number"
                            }
                          ],
                          "roles": [
                            "tuple",
                            [
                              "string",
                              "string",
                              "string"
                            ]
                          ],
                          "vmid": "number"
                        }
                      ],
                      "coredns": [
                        "object",
                        {
                          "ip": "string",
                          "ports": [
                            "object",
                            {
                              "dns": "number",
                              "health": "number"
                            }
                          ],
                          "roles": [
                            "tuple",
                            [
                              "string",
                              "string"
                            ]
                          ],
                          "vmid": "number"
                        }
                      ],
                      "elk": [
                        "object",
                        {
                          "ip": "string",
                          "ports": [
                            "object",
                            {
                              "elasticsearch": "number",
                              "es_transport": "number",
                              "kibana": "number",
                              "logstash_api": "number",
                              "logstash_beat": "number",
                              "logstash_http": "number",
                              "logstash_prometheus": "number",
                              "logstash_tcp": "number"
                            }
                          ],
                          "roles": [
                            "tuple",
                            [
                              "string",
                              "string",
                              "string"
                            ]
                          ],
                          "vmid": "number"
                        }
                      ],
                      "glitchtip": [
                        "object",
                        {
                          "ip": "string",
                          "ports": [
                            "object",
                            {
                              "postgres": "number",
                              "redis": "number",
                              "web": "number"
                            }
                          ],
                          "roles": [
                            "tuple",
                            [
                              "string",
                              "string"
                            ]
                          ],
                          "vmid": "number"
                        }
                      ],
                      "grafana": [
                        "object",
                        {
                          "ip": "string",
                          "ports": [
                            "object",
                            {
                              "grafana": "number",
                              "prometheus": "number"
                            }
                          ],
                          "roles": [
                            "tuple",
                            [
                              "string",
                              "string"
                            ]
                          ],
                          "vmid": "number"
                        }
                      ],
                      "jclee": [
                        "object",
                        {
                          "ip": "string",
                          "ports": [
                            "object",
                            {
                              "rdp": "number",
                              "ssh": "number"
                            }
                          ],
                          "roles": [
                            "tuple",
                            [
                              "string"
                            ]
                          ],
                          "vmid": "number"
                        }
                      ],
                      "jclee-dev": [
                        "object",
                        {
                          "ip": "string",
                          "ports": [
                            "object",
                            {
                              "rdp": "number",
                              "ssh": "number"
                            }
                          ],
                          "roles": [
                            "tuple",
                            [
                              "string",
                              "string"
                            ]
                          ],
                          "vmid": "number"
                        }
                      ],
                      "mcphub": [
                        "object",
                        {
                          "ip": "string",
                          "ports": [
                            "object",
                            {
                              "n8n": "number",
                              "playwright": "number",
                              "proxmox": "number",
                              "vault": "number",
                              "web": "number"
                            }
                          ],
                          "roles": [
                            "tuple",
                            [
                              "string",
                              "string",
                              "string",
                              "string",
                              "string"
                            ]
                          ],
                          "vmid": "number"
                        }
                      ],
                      "pve": [
                        "object",
                        {
                          "ip": "string",
                          "ports": [
                            "object",
                            {}
                          ],
                          "roles": [
                            "tuple",
                            [
                              "string"
                            ]
                          ],
                          "vmid": "number"
                        }
                      ],
                      "runner": [
                        "object",
                        {
                          "ip": "string",
                          "ports": [
                            "object",
                            {}
                          ],
                          "roles": [
                            "tuple",
                            [
                              "string",
                              "string"
                            ]
                          ],
                          "vmid": "number"
                        }
                      ],
                      "supabase": [
                        "object",
                        {
                          "ip": "string",
                          "ports": [
                            "object",
                            {
                              "api": "number",
                              "db": "number",
                              "inbucket": "number",
                              "realtime": "number",
                              "studio": "number"
                            }
                          ],
                          "roles": [
                            "tuple",
                            [
                              "string",
                              "string",
                              "string"
                            ]
                          ],
                          "vmid": "number"
                        }
                      ],
                      "synology": [
                        "object",
                        {
                          "ip": "string",
                          "ports": [
                            "object",
                            {
                              "dsm": "number"
                            }
                          ],
                          "roles": [
                            "tuple",
                            [
                              "string",
                              "string"
                            ]
                          ],
                          "vmid": "number"
                        }
                      ],
                      "traefik": [
                        "object",
                        {
                          "ip": "string",
                          "ports": [
                            "object",
                            {
                              "http": "number",
                              "https": "number",
                              "traefik": "number"
                            }
                          ],
                          "roles": [
                            "tuple",
                            [
                              "string",
                              "string"
                            ]
                          ],
                          "vmid": "number"
                        }
                      ],
                      "youtube": [
                        "object",
                        {
                          "ip": "string",
                          "ports": [
                            "object",
                            {}
                          ],
                          "roles": [
                            "tuple",
                            [
                              "string",
                              "string"
                            ]
                          ],
                          "vmid": "number"
                        }
                      ]
                    }
                  ],
                  "lxc_configs": [
                    "object",
                    {
                      "archon": [
                        "object",
                        {
                          "config_files": [
                            "tuple",
                            [
                              [
                                "object",
                                {
                                  "name": "string",
                                  "path": "string"
                                }
                              ],
                              [
                                "object",
                                {
                                  "name": "string",
                                  "path": "string"
                                }
                              ]
                            ]
                          ],
                          "docker_compose": "string",
                          "hostname": "string",
                          "ip_address": "string",
                          "systemd_services": [
                            "tuple",
                            []
                          ],
                          "vmid": "number"
                        }
                      ],
                      "coredns": [
                        "object",
                        {
                          "config_files": [
                            "tuple",
                            [
                              [
                                "object",
                                {
                                  "name": "string",
                                  "path": "string"
                                }
                              ],
                              [
                                "object",
                                {
                                  "name": "string",
                                  "path": "string"
                                }
                              ]
                            ]
                          ],
                          "docker_compose": "string",
                          "hostname": "string",
                          "ip_address": "string",
                          "systemd_services": [
                            "tuple",
                            []
                          ],
                          "vmid": "number"
                        }
                      ],
                      "elk": [
                        "object",
                        {
                          "config_files": [
                            "tuple",
                            [
                              [
                                "object",
                                {
                                  "name": "string",
                                  "path": "string"
                                }
                              ],
                              [
                                "object",
                                {
                                  "name": "string",
                                  "path": "string"
                                }
                              ],
                              [
                                "object",
                                {
                                  "name": "string",
                                  "path": "string"
                                }
                              ],
                              [
                                "object",
                                {
                                  "name": "string",
                                  "path": "string"
                                }
                              ],
                              [
                                "object",
                                {
                                  "name": "string",
                                  "path": "string"
                                }
                              ],
                              [
                                "object",
                                {
                                  "name": "string",
                                  "path": "string"
                                }
                              ]
                            ]
                          ],
                          "docker_compose": "string",
                          "hostname": "string",
                          "ip_address": "string",
                          "systemd_services": [
                            "tuple",
                            []
                          ],
                          "vmid": "number"
                        }
                      ],
                      "glitchtip": [
                        "object",
                        {
                          "config_files": [
                            "tuple",
                            [
                              [
                                "object",
                                {
                                  "name": "string",
                                  "path": "string"
                                }
                              ],
                              [
                                "object",
                                {
                                  "name": "string",
                                  "path": "string"
                                }
                              ]
                            ]
                          ],
                          "docker_compose": "string",
                          "hostname": "string",
                          "ip_address": "string",
                          "systemd_services": [
                            "tuple",
                            []
                          ],
                          "vmid": "number"
                        }
                      ],
                      "grafana": [
                        "object",
                        {
                          "config_files": [
                            "tuple",
                            [
                              [
                                "object",
                                {
                                  "name": "string",
                                  "path": "string"
                                }
                              ],
                              [
                                "object",
                                {
                                  "name": "string",
                                  "path": "string"
                                }
                              ],
                              [
                                "object",
                                {
                                  "name": "string",
                                  "path": "string"
                                }
                              ]
                            ]
                          ],
                          "docker_compose": "dynamic",
                          "hostname": "string",
                          "ip_address": "string",
                          "systemd_services": [
                            "tuple",
                            [
                              [
                                "object",
                                {
                                  "name": "string",
                                  "path": "string"
                                }
                              ]
                            ]
                          ],
                          "vmid": "number"
                        }
                      ],
                      "runner": [
                        "object",
                        {
                          "config_files": [
                            "tuple",
                            [
                              [
                                "object",
                                {
                                  "name": "string",
                                  "path": "string"
                                }
                              ]
                            ]
                          ],
                          "docker_compose": "dynamic",
                          "hostname": "string",
                          "ip_address": "string",
                          "systemd_services": [
                            "tuple",
                            []
                          ],
                          "vmid": "number"
                        }
                      ],
                      "supabase": [
                        "object",
                        {
                          "config_files": [
                            "tuple",
                            [
                              [
                                "object",
                                {
                                  "name": "string",
                                  "path": "string"
                                }
                              ],
                              [
                                "object",
                                {
                                  "name": "string",
                                  "path": "string"
                                }
                              ]
                            ]
                          ],
                          "docker_compose": "string",
                          "hostname": "string",
                          "ip_address": "string",
                          "systemd_services": [
                            "tuple",
                            []
                          ],
                          "vmid": "number"
                        }
                      ],
                      "traefik": [
                        "object",
                        {
                          "config_files": [
                            "tuple",
                            [
                              [
                                "object",
                                {
                                  "name": "string",
                                  "path": "string"
                                }
                              ],
                              [
                                "object",
                                {
                                  "name": "string",
                                  "path": "string"
                                }
                              ],
                              [
                                "object",
                                {
                                  "name": "string",
                                  "path": "string"
                                }
                              ],
                              [
                                "object",
                                {
                                  "name": "string",
                                  "path": "string"
                                }
                              ],
                              [
                                "object",
                                {
                                  "name": "string",
                                  "path": "string"
                                }
                              ],
                              [
                                "object",
                                {
                                  "name": "string",
                                  "path": "string"
                                }
                              ],
                              [
                                "object",
                                {
                                  "name": "string",
                                  "path": "string"
                                }
                              ],
                              [
                                "object",
                                {
                                  "name": "string",
                                  "path": "string"
                                }
                              ],
                              [
                                "object",
                                {
                                  "name": "string",
                                  "path": "string"
                                }
                              ],
                              [
                                "object",
                                {
                                  "name": "string",
                                  "path": "string"
                                }
                              ],
                              [
                                "object",
                                {
                                  "name": "string",
                                  "path": "string"
                                }
                              ]
                            ]
                          ],
                          "docker_compose": "dynamic",
                          "hostname": "string",
                          "ip_address": "string",
                          "systemd_services": [
                            "tuple",
                            []
                          ],
                          "vmid": "number"
                        }
                      ]
                    }
                  ],
                  "nodes": [
                    "list",
                    "string"
                  ],
                  "rendered_configs": [
                    "object",
                    {
                      "archon_docker_compose": "string",
                      "archon_env": "string",
                      "archon_filebeat": "string",
                      "coredns_corefile": "string",
                      "coredns_docker_compose": "string",
                      "coredns_filebeat": "string",
                      "elk_docker_compose": "string",
                      "elk_dockerfile_logstash": "string",
                      "elk_filebeat": "string",
                      "elk_ilm_policy": "string",
                      "elk_logstash_conf": "string",
                      "elk_logstash_yml": "string",
                      "elk_setup_ilm": "string",
                      "glitchtip_docker_compose": "string",
                      "glitchtip_env": "string",
                      "glitchtip_filebeat": "string",
                      "grafana_datasources": "string",
                      "grafana_filebeat": "string",
                      "mcphub_docker_compose": "string",
                      "mcphub_env": "string",
                      "mcphub_filebeat": "string",
                      "mcphub_mcp_settings": "string",
                      "mcphub_n8n_docker_compose": "string",
                      "prometheus": "string",
                      "runner_filebeat": "string",
                      "supabase_docker_compose": "string",
                      "supabase_env": "string",
                      "supabase_filebeat": "string",
                      "traefik_archon": "string",
                      "traefik_cloudflared": "string",
                      "traefik_elk": "string",
                      "traefik_filebeat": "string",
                      "traefik_glitchtip": "string",
                      "traefik_mcphub": "string",
                      "traefik_n8n": "string",
                      "traefik_supabase": "string",
                      "traefik_synology": "string",
                      "traefik_vault": "string",
                      "youtube_filebeat": "string"
                    }
                  ],
                  "required_template_secrets_validation": "bool",
                  "service_urls": [
                    "object",
                    {
                      "grafana_url": "string",
                      "n8n_url": "string"
                    }
                  ],
                  "validation_summary": [
                    "object",
                    {
                      "containers_count": "number",
                      "network_cidr": "string",
                      "node_valid": "bool",
                      "vmid_range": "string"
                    }
                  ],
                  "vm_configs": [
                    "object",
                    {
                      "mcphub": [
                        "object",
                        {
                          "cloud_init": "string",
                          "hostname": "string",
                          "ip_address": "string",
                          "systemd_services": [
                            "tuple",
                            []
                          ],
                          "vmid": "number"
                        }
                      ]
                    }
                  ]
                }
              ]
            },
            "workspace": null
          },
          "sensitive_attributes": [],
          "identity_schema_version": 0
        }
      ]
    },
    {
      "mode": "managed",
      "type": "github_actions_repository_permissions",
      "name": "repositories",
      "provider": "provider[\"registry.terraform.io/integrations/github\"]",
      "instances": [
        {
          "index_key": "blacklist",
          "schema_version": 0,
          "attributes": {
            "allowed_actions": "selected",
            "allowed_actions_config": [
              {
                "github_owned_allowed": true,
                "patterns_allowed": [
                  "actions/cache@*",
                  "actions/checkout@*",
                  "actions/setup-*",
                  "anomalyco/opencode/*",
                  "cloudflare/wrangler-action@*"
                ],
                "verified_allowed": true
              }
            ],
            "enabled": true,
            "id": "blacklist",
            "repository": "blacklist",
            "sha_pinning_required": false
          },
          "sensitive_attributes": [],
          "identity_schema_version": 0,
          "private": "bnVsbA==",
          "dependencies": [
            "github_repository.repos",
            "module.onepassword_secrets.data.onepassword_item.archon",
            "module.onepassword_secrets.data.onepassword_item.cloudflare",
            "module.onepassword_secrets.data.onepassword_item.elk",
            "module.onepassword_secrets.data.onepassword_item.exa",
            "module.onepassword_secrets.data.onepassword_item.github",
            "module.onepassword_secrets.data.onepassword_item.glitchtip",
            "module.onepassword_secrets.data.onepassword_item.grafana",
            "module.onepassword_secrets.data.onepassword_item.mcphub",
            "module.onepassword_secrets.data.onepassword_item.n8n",
            "module.onepassword_secrets.data.onepassword_item.proxmox",
            "module.onepassword_secrets.data.onepassword_item.supabase",
            "module.onepassword_secrets.data.onepassword_vault.this"
          ]
        },
        {
          "index_key": "hycu_fsds",
          "schema_version": 0,
          "attributes": {
            "allowed_actions": "selected",
            "allowed_actions_config": [
              {
                "github_owned_allowed": true,
                "patterns_allowed": [
                  "actions/cache@*",
                  "actions/checkout@*",
                  "actions/setup-*",
                  "anomalyco/opencode/*",
                  "cloudflare/wrangler-action@*"
                ],
                "verified_allowed": true
              }
            ],
            "enabled": true,
            "id": "hycu_fsds",
            "repository": "hycu_fsds",
            "sha_pinning_required": false
          },
          "sensitive_attributes": [],
          "identity_schema_version": 0,
          "private": "bnVsbA==",
          "dependencies": [
            "github_repository.repos",
            "module.onepassword_secrets.data.onepassword_item.archon",
            "module.onepassword_secrets.data.onepassword_item.cloudflare",
            "module.onepassword_secrets.data.onepassword_item.elk",
            "module.onepassword_secrets.data.onepassword_item.exa",
            "module.onepassword_secrets.data.onepassword_item.github",
            "module.onepassword_secrets.data.onepassword_item.glitchtip",
            "module.onepassword_secrets.data.onepassword_item.grafana",
            "module.onepassword_secrets.data.onepassword_item.mcphub",
            "module.onepassword_secrets.data.onepassword_item.n8n",
            "module.onepassword_secrets.data.onepassword_item.proxmox",
            "module.onepassword_secrets.data.onepassword_item.supabase",
            "module.onepassword_secrets.data.onepassword_vault.this"
          ]
        },
        {
          "index_key": "propose",
          "schema_version": 0,
          "attributes": {
            "allowed_actions": "selected",
            "allowed_actions_config": [
              {
                "github_owned_allowed": true,
                "patterns_allowed": [
                  "actions/cache@*",
                  "actions/checkout@*",
                  "actions/setup-*",
                  "anomalyco/opencode/*",
                  "cloudflare/wrangler-action@*"
                ],
                "verified_allowed": true
              }
            ],
            "enabled": true,
            "id": "propose",
            "repository": "propose",
            "sha_pinning_required": false
          },
          "sensitive_attributes": [],
          "identity_schema_version": 0,
          "private": "bnVsbA==",
          "dependencies": [
            "github_repository.repos",
            "module.onepassword_secrets.data.onepassword_item.archon",
            "module.onepassword_secrets.data.onepassword_item.cloudflare",
            "module.onepassword_secrets.data.onepassword_item.elk",
            "module.onepassword_secrets.data.onepassword_item.exa",
            "module.onepassword_secrets.data.onepassword_item.github",
            "module.onepassword_secrets.data.onepassword_item.glitchtip",
            "module.onepassword_secrets.data.onepassword_item.grafana",
            "module.onepassword_secrets.data.onepassword_item.mcphub",
            "module.onepassword_secrets.data.onepassword_item.n8n",
            "module.onepassword_secrets.data.onepassword_item.proxmox",
            "module.onepassword_secrets.data.onepassword_item.supabase",
            "module.onepassword_secrets.data.onepassword_vault.this"
          ]
        },
        {
          "index_key": "resume",
          "schema_version": 0,
          "attributes": {
            "allowed_actions": "selected",
            "allowed_actions_config": [
              {
                "github_owned_allowed": true,
                "patterns_allowed": [
                  "actions/cache@*",
                  "actions/checkout@*",
                  "actions/setup-*",
                  "anomalyco/opencode/*",
                  "cloudflare/wrangler-action@*"
                ],
                "verified_allowed": true
              }
            ],
            "enabled": true,
            "id": "resume",
            "repository": "resume",
            "sha_pinning_required": false
          },
          "sensitive_attributes": [],
          "identity_schema_version": 0,
          "private": "bnVsbA==",
          "dependencies": [
            "github_repository.repos",
            "module.onepassword_secrets.data.onepassword_item.archon",
            "module.onepassword_secrets.data.onepassword_item.cloudflare",
            "module.onepassword_secrets.data.onepassword_item.elk",
            "module.onepassword_secrets.data.onepassword_item.exa",
            "module.onepassword_secrets.data.onepassword_item.github",
            "module.onepassword_secrets.data.onepassword_item.glitchtip",
            "module.onepassword_secrets.data.onepassword_item.grafana",
            "module.onepassword_secrets.data.onepassword_item.mcphub",
            "module.onepassword_secrets.data.onepassword_item.n8n",
            "module.onepassword_secrets.data.onepassword_item.proxmox",
            "module.onepassword_secrets.data.onepassword_item.supabase",
            "module.onepassword_secrets.data.onepassword_vault.this"
          ]
        },
        {
          "index_key": "splunk",
          "schema_version": 0,
          "attributes": {
            "allowed_actions": "selected",
            "allowed_actions_config": [
              {
                "github_owned_allowed": true,
                "patterns_allowed": [
                  "actions/cache@*",
                  "actions/checkout@*",
                  "actions/setup-*",
                  "anomalyco/opencode/*",
                  "cloudflare/wrangler-action@*"
                ],
                "verified_allowed": true
              }
            ],
            "enabled": true,
            "id": "splunk",
            "repository": "splunk",
            "sha_pinning_required": false
          },
          "sensitive_attributes": [],
          "identity_schema_version": 0,
          "private": "bnVsbA==",
          "dependencies": [
            "github_repository.repos",
            "module.onepassword_secrets.data.onepassword_item.archon",
            "module.onepassword_secrets.data.onepassword_item.cloudflare",
            "module.onepassword_secrets.data.onepassword_item.elk",
            "module.onepassword_secrets.data.onepassword_item.exa",
            "module.onepassword_secrets.data.onepassword_item.github",
            "module.onepassword_secrets.data.onepassword_item.glitchtip",
            "module.onepassword_secrets.data.onepassword_item.grafana",
            "module.onepassword_secrets.data.onepassword_item.mcphub",
            "module.onepassword_secrets.data.onepassword_item.n8n",
            "module.onepassword_secrets.data.onepassword_item.proxmox",
            "module.onepassword_secrets.data.onepassword_item.supabase",
            "module.onepassword_secrets.data.onepassword_vault.this"
          ]
        },
        {
          "index_key": "terraform",
          "schema_version": 0,
          "attributes": {
            "allowed_actions": "selected",
            "allowed_actions_config": [
              {
                "github_owned_allowed": true,
                "patterns_allowed": [
                  "actions/cache@*",
                  "actions/checkout@*",
                  "actions/setup-*",
                  "anomalyco/opencode/*",
                  "cloudflare/wrangler-action@*"
                ],
                "verified_allowed": true
              }
            ],
            "enabled": true,
            "id": "terraform",
            "repository": "terraform",
            "sha_pinning_required": false
          },
          "sensitive_attributes": [],
          "identity_schema_version": 0,
          "private": "bnVsbA==",
          "dependencies": [
            "github_repository.repos",
            "module.onepassword_secrets.data.onepassword_item.archon",
            "module.onepassword_secrets.data.onepassword_item.cloudflare",
            "module.onepassword_secrets.data.onepassword_item.elk",
            "module.onepassword_secrets.data.onepassword_item.exa",
            "module.onepassword_secrets.data.onepassword_item.github",
            "module.onepassword_secrets.data.onepassword_item.glitchtip",
            "module.onepassword_secrets.data.onepassword_item.grafana",
            "module.onepassword_secrets.data.onepassword_item.mcphub",
            "module.onepassword_secrets.data.onepassword_item.n8n",
            "module.onepassword_secrets.data.onepassword_item.proxmox",
            "module.onepassword_secrets.data.onepassword_item.supabase",
            "module.onepassword_secrets.data.onepassword_vault.this"
          ]
        },
        {
          "index_key": "tmux",
          "schema_version": 0,
          "attributes": {
            "allowed_actions": "selected",
            "allowed_actions_config": [
              {
                "github_owned_allowed": true,
                "patterns_allowed": [
                  "actions/cache@*",
                  "actions/checkout@*",
                  "actions/setup-*",
                  "anomalyco/opencode/*",
                  "cloudflare/wrangler-action@*"
                ],
                "verified_allowed": true
              }
            ],
            "enabled": true,
            "id": "tmux",
            "repository": "tmux",
            "sha_pinning_required": false
          },
          "sensitive_attributes": [],
          "identity_schema_version": 0,
          "private": "bnVsbA==",
          "dependencies": [
            "github_repository.repos",
            "module.onepassword_secrets.data.onepassword_item.archon",
            "module.onepassword_secrets.data.onepassword_item.cloudflare",
            "module.onepassword_secrets.data.onepassword_item.elk",
            "module.onepassword_secrets.data.onepassword_item.exa",
            "module.onepassword_secrets.data.onepassword_item.github",
            "module.onepassword_secrets.data.onepassword_item.glitchtip",
            "module.onepassword_secrets.data.onepassword_item.grafana",
            "module.onepassword_secrets.data.onepassword_item.mcphub",
            "module.onepassword_secrets.data.onepassword_item.n8n",
            "module.onepassword_secrets.data.onepassword_item.proxmox",
            "module.onepassword_secrets.data.onepassword_item.supabase",
            "module.onepassword_secrets.data.onepassword_vault.this"
          ]
        },
        {
          "index_key": "youtube",
          "schema_version": 0,
          "attributes": {
            "allowed_actions": "selected",
            "allowed_actions_config": [
              {
                "github_owned_allowed": true,
                "patterns_allowed": [
                  "actions/cache@*",
                  "actions/checkout@*",
                  "actions/setup-*",
                  "anomalyco/opencode/*",
                  "cloudflare/wrangler-action@*"
                ],
                "verified_allowed": true
              }
            ],
            "enabled": true,
            "id": "youtube",
            "repository": "youtube",
            "sha_pinning_required": false
          },
          "sensitive_attributes": [],
          "identity_schema_version": 0,
          "private": "bnVsbA==",
          "dependencies": [
            "github_repository.repos",
            "module.onepassword_secrets.data.onepassword_item.archon",
            "module.onepassword_secrets.data.onepassword_item.cloudflare",
            "module.onepassword_secrets.data.onepassword_item.elk",
            "module.onepassword_secrets.data.onepassword_item.exa",
            "module.onepassword_secrets.data.onepassword_item.github",
            "module.onepassword_secrets.data.onepassword_item.glitchtip",
            "module.onepassword_secrets.data.onepassword_item.grafana",
            "module.onepassword_secrets.data.onepassword_item.mcphub",
            "module.onepassword_secrets.data.onepassword_item.n8n",
            "module.onepassword_secrets.data.onepassword_item.proxmox",
            "module.onepassword_secrets.data.onepassword_item.supabase",
            "module.onepassword_secrets.data.onepassword_vault.this"
          ]
        }
      ]
    },
    {
      "mode": "managed",
      "type": "github_issue_label",
      "name": "standard",
      "provider": "provider[\"registry.terraform.io/integrations/github\"]",
      "instances": [
        {
          "index_key": "blacklist/automated",
          "schema_version": 0,
          "attributes": {
            "color": "6f42c1",
            "description": "Automated pull requests",
            "etag": "W/\"f7c5d3f6ed556da3cccf3bf96228c666b124541c6f6f2bc531ced2032e24bbcd\"",
            "id": "blacklist:automated",
            "name": "automated",
            "repository": "blacklist",
            "url": "https://api.github.com/repos/qws941/blacklist/labels/automated"
          },
          "sensitive_attributes": [],
          "identity_schema_version": 0,
          "private": "bnVsbA==",
          "dependencies": [
            "github_repository.repos",
            "module.onepassword_secrets.data.onepassword_item.archon",
            "module.onepassword_secrets.data.onepassword_item.cloudflare",
            "module.onepassword_secrets.data.onepassword_item.elk",
            "module.onepassword_secrets.data.onepassword_item.exa",
            "module.onepassword_secrets.data.onepassword_item.github",
            "module.onepassword_secrets.data.onepassword_item.glitchtip",
            "module.onepassword_secrets.data.onepassword_item.grafana",
            "module.onepassword_secrets.data.onepassword_item.mcphub",
            "module.onepassword_secrets.data.onepassword_item.n8n",
            "module.onepassword_secrets.data.onepassword_item.proxmox",
            "module.onepassword_secrets.data.onepassword_item.supabase",
            "module.onepassword_secrets.data.onepassword_vault.this"
          ]
        },
        {
          "index_key": "blacklist/bug",
          "schema_version": 0,
          "attributes": {
            "color": "d73a4a",
            "description": "Something isn't working",
            "etag": "W/\"c0d77c3a85a8f8c4915da5ea1fa269c7323960846799943e2659755145b85e54\"",
            "id": "blacklist:bug",
            "name": "bug",
            "repository": "blacklist",
            "url": "https://api.github.com/repos/qws941/blacklist/labels/bug"
          },
          "sensitive_attributes": [],
          "identity_schema_version": 0,
          "private": "bnVsbA==",
          "dependencies": [
            "github_repository.repos",
            "module.onepassword_secrets.data.onepassword_item.archon",
            "module.onepassword_secrets.data.onepassword_item.cloudflare",
            "module.onepassword_secrets.data.onepassword_item.elk",
            "module.onepassword_secrets.data.onepassword_item.exa",
            "module.onepassword_secrets.data.onepassword_item.github",
            "module.onepassword_secrets.data.onepassword_item.glitchtip",
            "module.onepassword_secrets.data.onepassword_item.grafana",
            "module.onepassword_secrets.data.onepassword_item.mcphub",
            "module.onepassword_secrets.data.onepassword_item.n8n",
            "module.onepassword_secrets.data.onepassword_item.proxmox",
            "module.onepassword_secrets.data.onepassword_item.supabase",
            "module.onepassword_secrets.data.onepassword_vault.this"
          ]
        },
        {
          "index_key": "blacklist/ci",
          "schema_version": 0,
          "attributes": {
            "color": "fbca04",
            "description": "CI/CD pipeline changes",
            "etag": "W/\"a78cdfa78dddb97211fe941f48efc23e34a84fb63f99d533e293836a5db0ac49\"",
            "id": "blacklist:ci",
            "name": "ci",
            "repository": "blacklist",
            "url": "https://api.github.com/repos/qws941/blacklist/labels/ci"
          },
          "sensitive_attributes": [],
          "identity_schema_version": 0,
          "private": "bnVsbA==",
          "dependencies": [
            "github_repository.repos",
            "module.onepassword_secrets.data.onepassword_item.archon",
            "module.onepassword_secrets.data.onepassword_item.cloudflare",
            "module.onepassword_secrets.data.onepassword_item.elk",
            "module.onepassword_secrets.data.onepassword_item.exa",
            "module.onepassword_secrets.data.onepassword_item.github",
            "module.onepassword_secrets.data.onepassword_item.glitchtip",
            "module.onepassword_secrets.data.onepassword_item.grafana",
            "module.onepassword_secrets.data.onepassword_item.mcphub",
            "module.onepassword_secrets.data.onepassword_item.n8n",
            "module.onepassword_secrets.data.onepassword_item.proxmox",
            "module.onepassword_secrets.data.onepassword_item.supabase",
            "module.onepassword_secrets.data.onepassword_vault.this"
          ]
        },
        {
          "index_key": "blacklist/dependencies",
          "schema_version": 0,
          "attributes": {
            "color": "0366d6",
            "description": "Pull requests that update a dependency file",
            "etag": "W/\"e3af15565054103d4015cbd30b0f11d5cd31da6206107e7db2ad6a4389548ab7\"",
            "id": "blacklist:dependencies",
            "name": "dependencies",
            "repository": "blacklist",
            "url": "https://api.github.com/repos/qws941/blacklist/labels/dependencies"
          },
          "sensitive_attributes": [],
          "identity_schema_version": 0,
          "private": "bnVsbA==",
          "dependencies": [
            "github_repository.repos",
            "module.onepassword_secrets.data.onepassword_item.archon",
            "module.onepassword_secrets.data.onepassword_item.cloudflare",
            "module.onepassword_secrets.data.onepassword_item.elk",
            "module.onepassword_secrets.data.onepassword_item.exa",
            "module.onepassword_secrets.data.onepassword_item.github",
            "module.onepassword_secrets.data.onepassword_item.glitchtip",
            "module.onepassword_secrets.data.onepassword_item.grafana",
            "module.onepassword_secrets.data.onepassword_item.mcphub",
            "module.onepassword_secrets.data.onepassword_item.n8n",
            "module.onepassword_secrets.data.onepassword_item.proxmox",
            "module.onepassword_secrets.data.onepassword_item.supabase",
            "module.onepassword_secrets.data.onepassword_vault.this"
          ]
        },
        {
          "index_key": "blacklist/documentation",
          "schema_version": 0,
          "attributes": {
            "color": "0075ca",
            "description": "Improvements or additions to documentation",
            "etag": "W/\"1391ccdc588a343f7f88be99361448d603a4e01e622505e73b1715035983d450\"",
            "id": "blacklist:documentation",
            "name": "documentation",
            "repository": "blacklist",
            "url": "https://api.github.com/repos/qws941/blacklist/labels/documentation"
          },
          "sensitive_attributes": [],
          "identity_schema_version": 0,
          "private": "bnVsbA==",
          "dependencies": [
            "github_repository.repos",
            "module.onepassword_secrets.data.onepassword_item.archon",
            "module.onepassword_secrets.data.onepassword_item.cloudflare",
            "module.onepassword_secrets.data.onepassword_item.elk",
            "module.onepassword_secrets.data.onepassword_item.exa",
            "module.onepassword_secrets.data.onepassword_item.github",
            "module.onepassword_secrets.data.onepassword_item.glitchtip",
            "module.onepassword_secrets.data.onepassword_item.grafana",
            "module.onepassword_secrets.data.onepassword_item.mcphub",
            "module.onepassword_secrets.data.onepassword_item.n8n",
            "module.onepassword_secrets.data.onepassword_item.proxmox",
            "module.onepassword_secrets.data.onepassword_item.supabase",
            "module.onepassword_secrets.data.onepassword_vault.this"
          ]
        },
        {
          "index_key": "blacklist/enhancement",
          "schema_version": 0,
          "attributes": {
            "color": "a2eeef",
            "description": "New feature or request",
            "etag": "W/\"0d303e89e389cd5bfc4937c18f0b4cc618f20ddfea87a4b8ba15baa4e1d24823\"",
            "id": "blacklist:enhancement",
            "name": "enhancement",
            "repository": "blacklist",
            "url": "https://api.github.com/repos/qws941/blacklist/labels/enhancement"
          },
          "sensitive_attributes": [],
          "identity_schema_version": 0,
          "private": "bnVsbA==",
          "dependencies": [
            "github_repository.repos",
            "module.onepassword_secrets.data.onepassword_item.archon",
            "module.onepassword_secrets.data.onepassword_item.cloudflare",
            "module.onepassword_secrets.data.onepassword_item.elk",
            "module.onepassword_secrets.data.onepassword_item.exa",
            "module.onepassword_secrets.data.onepassword_item.github",
            "module.onepassword_secrets.data.onepassword_item.glitchtip",
            "module.onepassword_secrets.data.onepassword_item.grafana",
            "module.onepassword_secrets.data.onepassword_item.mcphub",
            "module.onepassword_secrets.data.onepassword_item.n8n",
            "module.onepassword_secrets.data.onepassword_item.proxmox",
            "module.onepassword_secrets.data.onepassword_item.supabase",
            "module.onepassword_secrets.data.onepassword_vault.this"
          ]
        },
        {
          "index_key": "blacklist/infrastructure",
          "schema_version": 0,
          "attributes": {
            "color": "006b75",
            "description": "Infrastructure changes",
            "etag": "W/\"3a392f3cafe71c448551b15b55588cece7ac0d037031ee780cc7fbbb4b598e5c\"",
            "id": "blacklist:infrastructure",
            "name": "infrastructure",
            "repository": "blacklist",
            "url": "https://api.github.com/repos/qws941/blacklist/labels/infrastructure"
          },
          "sensitive_attributes": [],
          "identity_schema_version": 0,
          "private": "bnVsbA==",
          "dependencies": [
            "github_repository.repos",
            "module.onepassword_secrets.data.onepassword_item.archon",
            "module.onepassword_secrets.data.onepassword_item.cloudflare",
            "module.onepassword_secrets.data.onepassword_item.elk",
            "module.onepassword_secrets.data.onepassword_item.exa",
            "module.onepassword_secrets.data.onepassword_item.github",
            "module.onepassword_secrets.data.onepassword_item.glitchtip",
            "module.onepassword_secrets.data.onepassword_item.grafana",
            "module.onepassword_secrets.data.onepassword_item.mcphub",
            "module.onepassword_secrets.data.onepassword_item.n8n",
            "module.onepassword_secrets.data.onepassword_item.proxmox",
            "module.onepassword_secrets.data.onepassword_item.supabase",
            "module.onepassword_secrets.data.onepassword_vault.this"
          ]
        },
        {
          "index_key": "blacklist/keep-open",
          "schema_version": 0,
          "attributes": {
            "color": "ffffff",
            "description": "Exempt from stale bot",
            "etag": "W/\"a189e9225c43792e3eb5d6d8eae68284171aedc78ee9327fda5736e53bf83d9f\"",
            "id": "blacklist:keep-open",
            "name": "keep-open",
            "repository": "blacklist",
            "url": "https://api.github.com/repos/qws941/blacklist/labels/keep-open"
          },
          "sensitive_attributes": [],
          "identity_schema_version": 0,
          "private": "bnVsbA==",
          "dependencies": [
            "github_repository.repos",
            "module.onepassword_secrets.data.onepassword_item.archon",
            "module.onepassword_secrets.data.onepassword_item.cloudflare",
            "module.onepassword_secrets.data.onepassword_item.elk",
            "module.onepassword_secrets.data.onepassword_item.exa",
            "module.onepassword_secrets.data.onepassword_item.github",
            "module.onepassword_secrets.data.onepassword_item.glitchtip",
            "module.onepassword_secrets.data.onepassword_item.grafana",
            "module.onepassword_secrets.data.onepassword_item.mcphub",
            "module.onepassword_secrets.data.onepassword_item.n8n",
            "module.onepassword_secrets.data.onepassword_item.proxmox",
            "module.onepassword_secrets.data.onepassword_item.supabase",
            "module.onepassword_secrets.data.onepassword_vault.this"
          ]
        },
        {
          "index_key": "blacklist/pinned",
          "schema_version": 0,
          "attributes": {
            "color": "ededed",
            "description": "Pinned issue, exempt from stale",
            "etag": "W/\"c69624f84cacf655b53cfa8f12a553154bbc74811790de58e44f478fe7c91f51\"",
            "id": "blacklist:pinned",
            "name": "pinned",
            "repository": "blacklist",
            "url": "https://api.github.com/repos/qws941/blacklist/labels/pinned"
          },
          "sensitive_attributes": [],
          "identity_schema_version": 0,
          "private": "bnVsbA==",
          "dependencies": [
            "github_repository.repos",
            "module.onepassword_secrets.data.onepassword_item.archon",
            "module.onepassword_secrets.data.onepassword_item.cloudflare",
            "module.onepassword_secrets.data.onepassword_item.elk",
            "module.onepassword_secrets.data.onepassword_item.exa",
            "module.onepassword_secrets.data.onepassword_item.github",
            "module.onepassword_secrets.data.onepassword_item.glitchtip",
            "module.onepassword_secrets.data.onepassword_item.grafana",
            "module.onepassword_secrets.data.onepassword_item.mcphub",
            "module.onepassword_secrets.data.onepassword_item.n8n",
            "module.onepassword_secrets.data.onepassword_item.proxmox",
            "module.onepassword_secrets.data.onepassword_item.supabase",
            "module.onepassword_secrets.data.onepassword_vault.this"
          ]
        },
        {
          "index_key": "blacklist/security",
          "schema_version": 0,
          "attributes": {
            "color": "e4e669",
            "description": "Security-related issue or fix",
            "etag": "W/\"ec20ea5369b8c47df279eaa7cd25f2f01640c293bdef567ea14ff88c12ed5ce1\"",
            "id": "blacklist:security",
            "name": "security",
            "repository": "blacklist",
            "url": "https://api.github.com/repos/qws941/blacklist/labels/security"
          },
          "sensitive_attributes": [],
          "identity_schema_version": 0,
          "private": "bnVsbA==",
          "dependencies": [
            "github_repository.repos",
            "module.onepassword_secrets.data.onepassword_item.archon",
            "module.onepassword_secrets.data.onepassword_item.cloudflare",
            "module.onepassword_secrets.data.onepassword_item.elk",
            "module.onepassword_secrets.data.onepassword_item.exa",
            "module.onepassword_secrets.data.onepassword_item.github",
            "module.onepassword_secrets.data.onepassword_item.glitchtip",
            "module.onepassword_secrets.data.onepassword_item.grafana",
            "module.onepassword_secrets.data.onepassword_item.mcphub",
            "module.onepassword_secrets.data.onepassword_item.n8n",
            "module.onepassword_secrets.data.onepassword_item.proxmox",
            "module.onepassword_secrets.data.onepassword_item.supabase",
            "module.onepassword_secrets.data.onepassword_vault.this"
          ]
        },
        {
          "index_key": "blacklist/terraform",
          "schema_version": 0,
          "attributes": {
            "color": "844fba",
            "description": "Terraform-related changes",
            "etag": "W/\"7ae4fbb8cb4511037b2bce39097ef92b47d4a11773a5316f62a46a539c44bcc5\"",
            "id": "blacklist:terraform",
            "name": "terraform",
            "repository": "blacklist",
            "url": "https://api.github.com/repos/qws941/blacklist/labels/terraform"
          },
          "sensitive_attributes": [],
          "identity_schema_version": 0,
          "private": "bnVsbA==",
          "dependencies": [
            "github_repository.repos",
            "module.onepassword_secrets.data.onepassword_item.archon",
            "module.onepassword_secrets.data.onepassword_item.cloudflare",
            "module.onepassword_secrets.data.onepassword_item.elk",
            "module.onepassword_secrets.data.onepassword_item.exa",
            "module.onepassword_secrets.data.onepassword_item.github",
            "module.onepassword_secrets.data.onepassword_item.glitchtip",
            "module.onepassword_secrets.data.onepassword_item.grafana",
            "module.onepassword_secrets.data.onepassword_item.mcphub",
            "module.onepassword_secrets.data.onepassword_item.n8n",
            "module.onepassword_secrets.data.onepassword_item.proxmox",
            "module.onepassword_secrets.data.onepassword_item.supabase",
            "module.onepassword_secrets.data.onepassword_vault.this"
          ]
        },
        {
          "index_key": "hycu_fsds/automated",
          "schema_version": 0,
          "attributes": {
            "color": "6f42c1",
            "description": "Automated pull requests",
            "etag": "W/\"928b9cebea5b2e0992f75a94562100b49ec34202cfcabac4a2a40f9a046fae0a\"",
            "id": "hycu_fsds:automated",
            "name": "automated",
            "repository": "hycu_fsds",
            "url": "https://api.github.com/repos/qws941/hycu_fsds/labels/automated"
          },
          "sensitive_attributes": [],
          "identity_schema_version": 0,
          "private": "bnVsbA==",
          "dependencies": [
            "github_repository.repos",
            "module.onepassword_secrets.data.onepassword_item.archon",
            "module.onepassword_secrets.data.onepassword_item.cloudflare",
            "module.onepassword_secrets.data.onepassword_item.elk",
            "module.onepassword_secrets.data.onepassword_item.exa",
            "module.onepassword_secrets.data.onepassword_item.github",
            "module.onepassword_secrets.data.onepassword_item.glitchtip",
            "module.onepassword_secrets.data.onepassword_item.grafana",
            "module.onepassword_secrets.data.onepassword_item.mcphub",
            "module.onepassword_secrets.data.onepassword_item.n8n",
            "module.onepassword_secrets.data.onepassword_item.proxmox",
            "module.onepassword_secrets.data.onepassword_item.supabase",
            "module.onepassword_secrets.data.onepassword_vault.this"
          ]
        },
        {
          "index_key": "hycu_fsds/bug",
          "schema_version": 0,
          "attributes": {
            "color": "d73a4a",
            "description": "Something isn't working",
            "etag": "W/\"260fc48ca1850d77f5d91d7e07dfd6d2c5da348cc17c7d6ebcbf13828f9b62ca\"",
            "id": "hycu_fsds:bug",
            "name": "bug",
            "repository": "hycu_fsds",
            "url": "https://api.github.com/repos/qws941/hycu_fsds/labels/bug"
          },
          "sensitive_attributes": [],
          "identity_schema_version": 0,
          "private": "bnVsbA==",
          "dependencies": [
            "github_repository.repos",
            "module.onepassword_secrets.data.onepassword_item.archon",
            "module.onepassword_secrets.data.onepassword_item.cloudflare",
            "module.onepassword_secrets.data.onepassword_item.elk",
            "module.onepassword_secrets.data.onepassword_item.exa",
            "module.onepassword_secrets.data.onepassword_item.github",
            "module.onepassword_secrets.data.onepassword_item.glitchtip",
            "module.onepassword_secrets.data.onepassword_item.grafana",
            "module.onepassword_secrets.data.onepassword_item.mcphub",
            "module.onepassword_secrets.data.onepassword_item.n8n",
            "module.onepassword_secrets.data.onepassword_item.proxmox",
            "module.onepassword_secrets.data.onepassword_item.supabase",
            "module.onepassword_secrets.data.onepassword_vault.this"
          ]
        },
        {
          "index_key": "hycu_fsds/ci",
          "schema_version": 0,
          "attributes": {
            "color": "fbca04",
            "description": "CI/CD pipeline changes",
            "etag": "W/\"d4c15a1f439025740537544152d1a1a3a93b11ee9051d8e003a1c926b3b9ad97\"",
            "id": "hycu_fsds:ci",
            "name": "ci",
            "repository": "hycu_fsds",
            "url": "https://api.github.com/repos/qws941/hycu_fsds/labels/ci"
          },
          "sensitive_attributes": [],
          "identity_schema_version": 0,
          "private": "bnVsbA==",
          "dependencies": [
            "github_repository.repos",
            "module.onepassword_secrets.data.onepassword_item.archon",
            "module.onepassword_secrets.data.onepassword_item.cloudflare",
            "module.onepassword_secrets.data.onepassword_item.elk",
            "module.onepassword_secrets.data.onepassword_item.exa",
            "module.onepassword_secrets.data.onepassword_item.github",
            "module.onepassword_secrets.data.onepassword_item.glitchtip",
            "module.onepassword_secrets.data.onepassword_item.grafana",
            "module.onepassword_secrets.data.onepassword_item.mcphub",
            "module.onepassword_secrets.data.onepassword_item.n8n",
            "module.onepassword_secrets.data.onepassword_item.proxmox",
            "module.onepassword_secrets.data.onepassword_item.supabase",
            "module.onepassword_secrets.data.onepassword_vault.this"
          ]
        },
        {
          "index_key": "hycu_fsds/dependencies",
          "schema_version": 0,
          "attributes": {
            "color": "0366d6",
            "description": "Pull requests that update a dependency file",
            "etag": "W/\"1f815bb8ad842a13e2753cd919d30fe4e91c7b4c23305461a6660bdd4ecb998b\"",
            "id": "hycu_fsds:dependencies",
            "name": "dependencies",
            "repository": "hycu_fsds",
            "url": "https://api.github.com/repos/qws941/hycu_fsds/labels/dependencies"
          },
          "sensitive_attributes": [],
          "identity_schema_version": 0,
          "private": "bnVsbA==",
          "dependencies": [
            "github_repository.repos",
            "module.onepassword_secrets.data.onepassword_item.archon",
            "module.onepassword_secrets.data.onepassword_item.cloudflare",
            "module.onepassword_secrets.data.onepassword_item.elk",
            "module.onepassword_secrets.data.onepassword_item.exa",
            "module.onepassword_secrets.data.onepassword_item.github",
            "module.onepassword_secrets.data.onepassword_item.glitchtip",
            "module.onepassword_secrets.data.onepassword_item.grafana",
            "module.onepassword_secrets.data.onepassword_item.mcphub",
            "module.onepassword_secrets.data.onepassword_item.n8n",
            "module.onepassword_secrets.data.onepassword_item.proxmox",
            "module.onepassword_secrets.data.onepassword_item.supabase",
            "module.onepassword_secrets.data.onepassword_vault.this"
          ]
        },
        {
          "index_key": "hycu_fsds/documentation",
          "schema_version": 0,
          "attributes": {
            "color": "0075ca",
            "description": "Improvements or additions to documentation",
            "etag": "W/\"ccb6da34eb7e4e86628f61c516fac97e83fb9a9aa365900c63649c5ff7606aa3\"",
            "id": "hycu_fsds:documentation",
            "name": "documentation",
            "repository": "hycu_fsds",
            "url": "https://api.github.com/repos/qws941/hycu_fsds/labels/documentation"
          },
          "sensitive_attributes": [],
          "identity_schema_version": 0,
          "private": "bnVsbA==",
          "dependencies": [
            "github_repository.repos",
            "module.onepassword_secrets.data.onepassword_item.archon",
            "module.onepassword_secrets.data.onepassword_item.cloudflare",
            "module.onepassword_secrets.data.onepassword_item.elk",
            "module.onepassword_secrets.data.onepassword_item.exa",
            "module.onepassword_secrets.data.onepassword_item.github",
            "module.onepassword_secrets.data.onepassword_item.glitchtip",
            "module.onepassword_secrets.data.onepassword_item.grafana",
            "module.onepassword_secrets.data.onepassword_item.mcphub",
            "module.onepassword_secrets.data.onepassword_item.n8n",
            "module.onepassword_secrets.data.onepassword_item.proxmox",
            "module.onepassword_secrets.data.onepassword_item.supabase",
            "module.onepassword_secrets.data.onepassword_vault.this"
          ]
        },
        {
          "index_key": "hycu_fsds/enhancement",
          "schema_version": 0,
          "attributes": {
            "color": "a2eeef",
            "description": "New feature or request",
            "etag": "W/\"06df6d5f8c5c69abed217876aa7e579ef05a7f6e61d6cb20fc78d0ba7201463b\"",
            "id": "hycu_fsds:enhancement",
            "name": "enhancement",
            "repository": "hycu_fsds",
            "url": "https://api.github.com/repos/qws941/hycu_fsds/labels/enhancement"
          },
          "sensitive_attributes": [],
          "identity_schema_version": 0,
          "private": "bnVsbA==",
          "dependencies": [
            "github_repository.repos",
            "module.onepassword_secrets.data.onepassword_item.archon",
            "module.onepassword_secrets.data.onepassword_item.cloudflare",
            "module.onepassword_secrets.data.onepassword_item.elk",
            "module.onepassword_secrets.data.onepassword_item.exa",
            "module.onepassword_secrets.data.onepassword_item.github",
            "module.onepassword_secrets.data.onepassword_item.glitchtip",
            "module.onepassword_secrets.data.onepassword_item.grafana",
            "module.onepassword_secrets.data.onepassword_item.mcphub",
            "module.onepassword_secrets.data.onepassword_item.n8n",
            "module.onepassword_secrets.data.onepassword_item.proxmox",
            "module.onepassword_secrets.data.onepassword_item.supabase",
            "module.onepassword_secrets.data.onepassword_vault.this"
          ]
        },
        {
          "index_key": "hycu_fsds/infrastructure",
          "schema_version": 0,
          "attributes": {
            "color": "006b75",
            "description": "Infrastructure changes",
            "etag": "W/\"951e32d229c4f43d35dfa8059c60e851bdb9b8c2da29f1f0ceda782b53cac255\"",
            "id": "hycu_fsds:infrastructure",
            "name": "infrastructure",
            "repository": "hycu_fsds",
            "url": "https://api.github.com/repos/qws941/hycu_fsds/labels/infrastructure"
          },
          "sensitive_attributes": [],
          "identity_schema_version": 0,
          "private": "bnVsbA==",
          "dependencies": [
            "github_repository.repos",
            "module.onepassword_secrets.data.onepassword_item.archon",
            "module.onepassword_secrets.data.onepassword_item.cloudflare",
            "module.onepassword_secrets.data.onepassword_item.elk",
            "module.onepassword_secrets.data.onepassword_item.exa",
            "module.onepassword_secrets.data.onepassword_item.github",
            "module.onepassword_secrets.data.onepassword_item.glitchtip",
            "module.onepassword_secrets.data.onepassword_item.grafana",
            "module.onepassword_secrets.data.onepassword_item.mcphub",
            "module.onepassword_secrets.data.onepassword_item.n8n",
            "module.onepassword_secrets.data.onepassword_item.proxmox",
            "module.onepassword_secrets.data.onepassword_item.supabase",
            "module.onepassword_secrets.data.onepassword_vault.this"
          ]
        },
        {
          "index_key": "hycu_fsds/keep-open",
          "schema_version": 0,
          "attributes": {
            "color": "ffffff",
            "description": "Exempt from stale bot",
            "etag": "W/\"b59792992f3fa3acadf9a4a61a8c6d09304992a7dbf0383d663248b397d0c833\"",
            "id": "hycu_fsds:keep-open",
            "name": "keep-open",
            "repository": "hycu_fsds",
            "url": "https://api.github.com/repos/qws941/hycu_fsds/labels/keep-open"
          },
          "sensitive_attributes": [],
          "identity_schema_version": 0,
          "private": "bnVsbA==",
          "dependencies": [
            "github_repository.repos",
            "module.onepassword_secrets.data.onepassword_item.archon",
            "module.onepassword_secrets.data.onepassword_item.cloudflare",
            "module.onepassword_secrets.data.onepassword_item.elk",
            "module.onepassword_secrets.data.onepassword_item.exa",
            "module.onepassword_secrets.data.onepassword_item.github",
            "module.onepassword_secrets.data.onepassword_item.glitchtip",
            "module.onepassword_secrets.data.onepassword_item.grafana",
            "module.onepassword_secrets.data.onepassword_item.mcphub",
            "module.onepassword_secrets.data.onepassword_item.n8n",
            "module.onepassword_secrets.data.onepassword_item.proxmox",
            "module.onepassword_secrets.data.onepassword_item.supabase",
            "module.onepassword_secrets.data.onepassword_vault.this"
          ]
        },
        {
          "index_key": "hycu_fsds/pinned",
          "schema_version": 0,
          "attributes": {
            "color": "ededed",
            "description": "Pinned issue, exempt from stale",
            "etag": "W/\"b27206e4bb1c5ea72fb918bf7ef0a6b9917c2655e924a8cbea8cc759673b501d\"",
            "id": "hycu_fsds:pinned",
            "name": "pinned",
            "repository": "hycu_fsds",
            "url": "https://api.github.com/repos/qws941/hycu_fsds/labels/pinned"
          },
          "sensitive_attributes": [],
          "identity_schema_version": 0,
          "private": "bnVsbA==",
          "dependencies": [
            "github_repository.repos",
            "module.onepassword_secrets.data.onepassword_item.archon",
            "module.onepassword_secrets.data.onepassword_item.cloudflare",
            "module.onepassword_secrets.data.onepassword_item.elk",
            "module.onepassword_secrets.data.onepassword_item.exa",
            "module.onepassword_secrets.data.onepassword_item.github",
            "module.onepassword_secrets.data.onepassword_item.glitchtip",
            "module.onepassword_secrets.data.onepassword_item.grafana",
            "module.onepassword_secrets.data.onepassword_item.mcphub",
            "module.onepassword_secrets.data.onepassword_item.n8n",
            "module.onepassword_secrets.data.onepassword_item.proxmox",
            "module.onepassword_secrets.data.onepassword_item.supabase",
            "module.onepassword_secrets.data.onepassword_vault.this"
          ]
        },
        {
          "index_key": "hycu_fsds/security",
          "schema_version": 0,
          "attributes": {
            "color": "e4e669",
            "description": "Security-related issue or fix",
            "etag": "W/\"ecd879455c2f6bf8755ac1dc6315a5b1e37dca634c2f6e5cb353522d2512e5bf\"",
            "id": "hycu_fsds:security",
            "name": "security",
            "repository": "hycu_fsds",
            "url": "https://api.github.com/repos/qws941/hycu_fsds/labels/security"
          },
          "sensitive_attributes": [],
          "identity_schema_version": 0,
          "private": "bnVsbA==",
          "dependencies": [
            "github_repository.repos",
            "module.onepassword_secrets.data.onepassword_item.archon",
            "module.onepassword_secrets.data.onepassword_item.cloudflare",
            "module.onepassword_secrets.data.onepassword_item.elk",
            "module.onepassword_secrets.data.onepassword_item.exa",
            "module.onepassword_secrets.data.onepassword_item.github",
            "module.onepassword_secrets.data.onepassword_item.glitchtip",
            "module.onepassword_secrets.data.onepassword_item.grafana",
            "module.onepassword_secrets.data.onepassword_item.mcphub",
            "module.onepassword_secrets.data.onepassword_item.n8n",
            "module.onepassword_secrets.data.onepassword_item.proxmox",
            "module.onepassword_secrets.data.onepassword_item.supabase",
            "module.onepassword_secrets.data.onepassword_vault.this"
          ]
        },
        {
          "index_key": "hycu_fsds/terraform",
          "schema_version": 0,
          "attributes": {
            "color": "844fba",
            "description": "Terraform-related changes",
            "etag": "W/\"4674f11e87b21099f67f3759f36d73acdf1a196178044d2d2dae821ca8611ec1\"",
            "id": "hycu_fsds:terraform",
            "name": "terraform",
            "repository": "hycu_fsds",
            "url": "https://api.github.com/repos/qws941/hycu_fsds/labels/terraform"
          },
          "sensitive_attributes": [],
          "identity_schema_version": 0,
          "private": "bnVsbA==",
          "dependencies": [
            "github_repository.repos",
            "module.onepassword_secrets.data.onepassword_item.archon",
            "module.onepassword_secrets.data.onepassword_item.cloudflare",
            "module.onepassword_secrets.data.onepassword_item.elk",
            "module.onepassword_secrets.data.onepassword_item.exa",
            "module.onepassword_secrets.data.onepassword_item.github",
            "module.onepassword_secrets.data.onepassword_item.glitchtip",
            "module.onepassword_secrets.data.onepassword_item.grafana",
            "module.onepassword_secrets.data.onepassword_item.mcphub",
            "module.onepassword_secrets.data.onepassword_item.n8n",
            "module.onepassword_secrets.data.onepassword_item.proxmox",
            "module.onepassword_secrets.data.onepassword_item.supabase",
            "module.onepassword_secrets.data.onepassword_vault.this"
          ]
        },
        {
          "index_key": "propose/automated",
          "schema_version": 0,
          "attributes": {
            "color": "6f42c1",
            "description": "Automated pull requests",
            "etag": "W/\"89edadb87b4022e291485e832d1673b98091045a6f0624d82d3c8fd4d6dfdd23\"",
            "id": "propose:automated",
            "name": "automated",
            "repository": "propose",
            "url": "https://api.github.com/repos/qws941/propose/labels/automated"
          },
          "sensitive_attributes": [],
          "identity_schema_version": 0,
          "private": "bnVsbA==",
          "dependencies": [
            "github_repository.repos",
            "module.onepassword_secrets.data.onepassword_item.archon",
            "module.onepassword_secrets.data.onepassword_item.cloudflare",
            "module.onepassword_secrets.data.onepassword_item.elk",
            "module.onepassword_secrets.data.onepassword_item.exa",
            "module.onepassword_secrets.data.onepassword_item.github",
            "module.onepassword_secrets.data.onepassword_item.glitchtip",
            "module.onepassword_secrets.data.onepassword_item.grafana",
            "module.onepassword_secrets.data.onepassword_item.mcphub",
            "module.onepassword_secrets.data.onepassword_item.n8n",
            "module.onepassword_secrets.data.onepassword_item.proxmox",
            "module.onepassword_secrets.data.onepassword_item.supabase",
            "module.onepassword_secrets.data.onepassword_vault.this"
          ]
        },
        {
          "index_key": "propose/bug",
          "schema_version": 0,
          "attributes": {
            "color": "d73a4a",
            "description": "Something isn't working",
            "etag": "W/\"aaa85a92019e981a86017ae495cf91003210e632c600730eff58b982c609bb2b\"",
            "id": "propose:bug",
            "name": "bug",
            "repository": "propose",
            "url": "https://api.github.com/repos/qws941/propose/labels/bug"
          },
          "sensitive_attributes": [],
          "identity_schema_version": 0,
          "private": "bnVsbA==",
          "dependencies": [
            "github_repository.repos",
            "module.onepassword_secrets.data.onepassword_item.archon",
            "module.onepassword_secrets.data.onepassword_item.cloudflare",
            "module.onepassword_secrets.data.onepassword_item.elk",
            "module.onepassword_secrets.data.onepassword_item.exa",
            "module.onepassword_secrets.data.onepassword_item.github",
            "module.onepassword_secrets.data.onepassword_item.glitchtip",
            "module.onepassword_secrets.data.onepassword_item.grafana",
            "module.onepassword_secrets.data.onepassword_item.mcphub",
            "module.onepassword_secrets.data.onepassword_item.n8n",
            "module.onepassword_secrets.data.onepassword_item.proxmox",
            "module.onepassword_secrets.data.onepassword_item.supabase",
            "module.onepassword_secrets.data.onepassword_vault.this"
          ]
        },
        {
          "index_key": "propose/ci",
          "schema_version": 0,
          "attributes": {
            "color": "fbca04",
            "description": "CI/CD pipeline changes",
            "etag": "W/\"4dff8654a653cf78ea8f657e17941ffcb62d01e7ff183747a2c65deafcfdb3a0\"",
            "id": "propose:ci",
            "name": "ci",
            "repository": "propose",
            "url": "https://api.github.com/repos/qws941/propose/labels/ci"
          },
          "sensitive_attributes": [],
          "identity_schema_version": 0,
          "private": "bnVsbA==",
          "dependencies": [
            "github_repository.repos",
            "module.onepassword_secrets.data.onepassword_item.archon",
            "module.onepassword_secrets.data.onepassword_item.cloudflare",
            "module.onepassword_secrets.data.onepassword_item.elk",
            "module.onepassword_secrets.data.onepassword_item.exa",
            "module.onepassword_secrets.data.onepassword_item.github",
            "module.onepassword_secrets.data.onepassword_item.glitchtip",
            "module.onepassword_secrets.data.onepassword_item.grafana",
            "module.onepassword_secrets.data.onepassword_item.mcphub",
            "module.onepassword_secrets.data.onepassword_item.n8n",
            "module.onepassword_secrets.data.onepassword_item.proxmox",
            "module.onepassword_secrets.data.onepassword_item.supabase",
            "module.onepassword_secrets.data.onepassword_vault.this"
          ]
        },
        {
          "index_key": "propose/dependencies",
          "schema_version": 0,
          "attributes": {
            "color": "0366d6",
            "description": "Pull requests that update a dependency file",
            "etag": "W/\"84c8dbe375f59ad0b168b13a81872e3fdfafa92f35faad4944a1f1e74f752def\"",
            "id": "propose:dependencies",
            "name": "dependencies",
            "repository": "propose",
            "url": "https://api.github.com/repos/qws941/propose/labels/dependencies"
          },
          "sensitive_attributes": [],
          "identity_schema_version": 0,
          "private": "bnVsbA==",
          "dependencies": [
            "github_repository.repos",
            "module.onepassword_secrets.data.onepassword_item.archon",
            "module.onepassword_secrets.data.onepassword_item.cloudflare",
            "module.onepassword_secrets.data.onepassword_item.elk",
            "module.onepassword_secrets.data.onepassword_item.exa",
            "module.onepassword_secrets.data.onepassword_item.github",
            "module.onepassword_secrets.data.onepassword_item.glitchtip",
            "module.onepassword_secrets.data.onepassword_item.grafana",
            "module.onepassword_secrets.data.onepassword_item.mcphub",
            "module.onepassword_secrets.data.onepassword_item.n8n",
            "module.onepassword_secrets.data.onepassword_item.proxmox",
            "module.onepassword_secrets.data.onepassword_item.supabase",
            "module.onepassword_secrets.data.onepassword_vault.this"
          ]
        },
        {
          "index_key": "propose/documentation",
          "schema_version": 0,
          "attributes": {
            "color": "0075ca",
            "description": "Improvements or additions to documentation",
            "etag": "W/\"658e10b59a8fa49fdc1537599f2e3bc16b89fb38e736aa040c19a9095da42e96\"",
            "id": "propose:documentation",
            "name": "documentation",
            "repository": "propose",
            "url": "https://api.github.com/repos/qws941/propose/labels/documentation"
          },
          "sensitive_attributes": [],
          "identity_schema_version": 0,
          "private": "bnVsbA==",
          "dependencies": [
            "github_repository.repos",
            "module.onepassword_secrets.data.onepassword_item.archon",
            "module.onepassword_secrets.data.onepassword_item.cloudflare",
            "module.onepassword_secrets.data.onepassword_item.elk",
            "module.onepassword_secrets.data.onepassword_item.exa",
            "module.onepassword_secrets.data.onepassword_item.github",
            "module.onepassword_secrets.data.onepassword_item.glitchtip",
            "module.onepassword_secrets.data.onepassword_item.grafana",
            "module.onepassword_secrets.data.onepassword_item.mcphub",
            "module.onepassword_secrets.data.onepassword_item.n8n",
            "module.onepassword_secrets.data.onepassword_item.proxmox",
            "module.onepassword_secrets.data.onepassword_item.supabase",
            "module.onepassword_secrets.data.onepassword_vault.this"
          ]
        },
        {
          "index_key": "propose/enhancement",
          "schema_version": 0,
          "attributes": {
            "color": "a2eeef",
            "description": "New feature or request",
            "etag": "W/\"de277da32c15aaeb0a5be16ea2697ca3fdcb4b64db287aa79ba2a19cd0915361\"",
            "id": "propose:enhancement",
            "name": "enhancement",
            "repository": "propose",
            "url": "https://api.github.com/repos/qws941/propose/labels/enhancement"
          },
          "sensitive_attributes": [],
          "identity_schema_version": 0,
          "private": "bnVsbA==",
          "dependencies": [
            "github_repository.repos",
            "module.onepassword_secrets.data.onepassword_item.archon",
            "module.onepassword_secrets.data.onepassword_item.cloudflare",
            "module.onepassword_secrets.data.onepassword_item.elk",
            "module.onepassword_secrets.data.onepassword_item.exa",
            "module.onepassword_secrets.data.onepassword_item.github",
            "module.onepassword_secrets.data.onepassword_item.glitchtip",
            "module.onepassword_secrets.data.onepassword_item.grafana",
            "module.onepassword_secrets.data.onepassword_item.mcphub",
            "module.onepassword_secrets.data.onepassword_item.n8n",
            "module.onepassword_secrets.data.onepassword_item.proxmox",
            "module.onepassword_secrets.data.onepassword_item.supabase",
            "module.onepassword_secrets.data.onepassword_vault.this"
          ]
        },
        {
          "index_key": "propose/infrastructure",
          "schema_version": 0,
          "attributes": {
            "color": "006b75",
            "description": "Infrastructure changes",
            "etag": "W/\"d94fbc0e894d65521987db967193423340fa9b890bcefc12fb2e845312b48484\"",
            "id": "propose:infrastructure",
            "name": "infrastructure",
            "repository": "propose",
            "url": "https://api.github.com/repos/qws941/propose/labels/infrastructure"
          },
          "sensitive_attributes": [],
          "identity_schema_version": 0,
          "private": "bnVsbA==",
          "dependencies": [
            "github_repository.repos",
            "module.onepassword_secrets.data.onepassword_item.archon",
            "module.onepassword_secrets.data.onepassword_item.cloudflare",
            "module.onepassword_secrets.data.onepassword_item.elk",
            "module.onepassword_secrets.data.onepassword_item.exa",
            "module.onepassword_secrets.data.onepassword_item.github",
            "module.onepassword_secrets.data.onepassword_item.glitchtip",
            "module.onepassword_secrets.data.onepassword_item.grafana",
            "module.onepassword_secrets.data.onepassword_item.mcphub",
            "module.onepassword_secrets.data.onepassword_item.n8n",
            "module.onepassword_secrets.data.onepassword_item.proxmox",
            "module.onepassword_secrets.data.onepassword_item.supabase",
            "module.onepassword_secrets.data.onepassword_vault.this"
          ]
        },
        {
          "index_key": "propose/keep-open",
          "schema_version": 0,
          "attributes": {
            "color": "ffffff",
            "description": "Exempt from stale bot",
            "etag": "W/\"abb69ff6e77242ea7f216eac1f6d0c189edd5a366cece675b30b1ceb759b10ac\"",
            "id": "propose:keep-open",
            "name": "keep-open",
            "repository": "propose",
            "url": "https://api.github.com/repos/qws941/propose/labels/keep-open"
          },
          "sensitive_attributes": [],
          "identity_schema_version": 0,
          "private": "bnVsbA==",
          "dependencies": [
            "github_repository.repos",
            "module.onepassword_secrets.data.onepassword_item.archon",
            "module.onepassword_secrets.data.onepassword_item.cloudflare",
            "module.onepassword_secrets.data.onepassword_item.elk",
            "module.onepassword_secrets.data.onepassword_item.exa",
            "module.onepassword_secrets.data.onepassword_item.github",
            "module.onepassword_secrets.data.onepassword_item.glitchtip",
            "module.onepassword_secrets.data.onepassword_item.grafana",
            "module.onepassword_secrets.data.onepassword_item.mcphub",
            "module.onepassword_secrets.data.onepassword_item.n8n",
            "module.onepassword_secrets.data.onepassword_item.proxmox",
            "module.onepassword_secrets.data.onepassword_item.supabase",
            "module.onepassword_secrets.data.onepassword_vault.this"
          ]
        },
        {
          "index_key": "propose/pinned",
          "schema_version": 0,
          "attributes": {
            "color": "ededed",
            "description": "Pinned issue, exempt from stale",
            "etag": "W/\"d6ac273806a0f55fc550179b1861986c0d49eb332f542e161e4ffc32d3b165aa\"",
            "id": "propose:pinned",
            "name": "pinned",
            "repository": "propose",
            "url": "https://api.github.com/repos/qws941/propose/labels/pinned"
          },
          "sensitive_attributes": [],
          "identity_schema_version": 0,
          "private": "bnVsbA==",
          "dependencies": [
            "github_repository.repos",
            "module.onepassword_secrets.data.onepassword_item.archon",
            "module.onepassword_secrets.data.onepassword_item.cloudflare",
            "module.onepassword_secrets.data.onepassword_item.elk",
            "module.onepassword_secrets.data.onepassword_item.exa",
            "module.onepassword_secrets.data.onepassword_item.github",
            "module.onepassword_secrets.data.onepassword_item.glitchtip",
            "module.onepassword_secrets.data.onepassword_item.grafana",
            "module.onepassword_secrets.data.onepassword_item.mcphub",
            "module.onepassword_secrets.data.onepassword_item.n8n",
            "module.onepassword_secrets.data.onepassword_item.proxmox",
            "module.onepassword_secrets.data.onepassword_item.supabase",
            "module.onepassword_secrets.data.onepassword_vault.this"
          ]
        },
        {
          "index_key": "propose/security",
          "schema_version": 0,
          "attributes": {
            "color": "e4e669",
            "description": "Security-related issue or fix",
            "etag": "W/\"574dce49269a1ab104d3710d5c10f5e862bad44a31f11962fec474feb702b607\"",
            "id": "propose:security",
            "name": "security",
            "repository": "propose",
            "url": "https://api.github.com/repos/qws941/propose/labels/security"
          },
          "sensitive_attributes": [],
          "identity_schema_version": 0,
          "private": "bnVsbA==",
          "dependencies": [
            "github_repository.repos",
            "module.onepassword_secrets.data.onepassword_item.archon",
            "module.onepassword_secrets.data.onepassword_item.cloudflare",
            "module.onepassword_secrets.data.onepassword_item.elk",
            "module.onepassword_secrets.data.onepassword_item.exa",
            "module.onepassword_secrets.data.onepassword_item.github",
            "module.onepassword_secrets.data.onepassword_item.glitchtip",
            "module.onepassword_secrets.data.onepassword_item.grafana",
            "module.onepassword_secrets.data.onepassword_item.mcphub",
            "module.onepassword_secrets.data.onepassword_item.n8n",
            "module.onepassword_secrets.data.onepassword_item.proxmox",
            "module.onepassword_secrets.data.onepassword_item.supabase",
            "module.onepassword_secrets.data.onepassword_vault.this"
          ]
        },
        {
          "index_key": "propose/terraform",
          "schema_version": 0,
          "attributes": {
            "color": "844fba",
            "description": "Terraform-related changes",
            "etag": "W/\"7eae876dba1076608c9098465afeae0c56a30ec0c240cdcdf037dbcac616c02c\"",
            "id": "propose:terraform",
            "name": "terraform",
            "repository": "propose",
            "url": "https://api.github.com/repos/qws941/propose/labels/terraform"
          },
          "sensitive_attributes": [],
          "identity_schema_version": 0,
          "private": "bnVsbA==",
          "dependencies": [
            "github_repository.repos",
            "module.onepassword_secrets.data.onepassword_item.archon",
            "module.onepassword_secrets.data.onepassword_item.cloudflare",
            "module.onepassword_secrets.data.onepassword_item.elk",
            "module.onepassword_secrets.data.onepassword_item.exa",
            "module.onepassword_secrets.data.onepassword_item.github",
            "module.onepassword_secrets.data.onepassword_item.glitchtip",
            "module.onepassword_secrets.data.onepassword_item.grafana",
            "module.onepassword_secrets.data.onepassword_item.mcphub",
            "module.onepassword_secrets.data.onepassword_item.n8n",
            "module.onepassword_secrets.data.onepassword_item.proxmox",
            "module.onepassword_secrets.data.onepassword_item.supabase",
            "module.onepassword_secrets.data.onepassword_vault.this"
          ]
        },
        {
          "index_key": "resume/automated",
          "schema_version": 0,
          "attributes": {
            "color": "6f42c1",
            "description": "Automated pull requests",
            "etag": "W/\"b0483ac151852d4062d15ccf36d3701a2da2568d072e8d41a0ebc09410464074\"",
            "id": "resume:automated",
            "name": "automated",
            "repository": "resume",
            "url": "https://api.github.com/repos/qws941/resume/labels/automated"
          },
          "sensitive_attributes": [],
          "identity_schema_version": 0,
          "private": "bnVsbA==",
          "dependencies": [
            "github_repository.repos",
            "module.onepassword_secrets.data.onepassword_item.archon",
            "module.onepassword_secrets.data.onepassword_item.cloudflare",
            "module.onepassword_secrets.data.onepassword_item.elk",
            "module.onepassword_secrets.data.onepassword_item.exa",
            "module.onepassword_secrets.data.onepassword_item.github",
            "module.onepassword_secrets.data.onepassword_item.glitchtip",
            "module.onepassword_secrets.data.onepassword_item.grafana",
            "module.onepassword_secrets.data.onepassword_item.mcphub",
            "module.onepassword_secrets.data.onepassword_item.n8n",
            "module.onepassword_secrets.data.onepassword_item.proxmox",
            "module.onepassword_secrets.data.onepassword_item.supabase",
            "module.onepassword_secrets.data.onepassword_vault.this"
          ]
        },
        {
          "index_key": "resume/bug",
          "schema_version": 0,
          "attributes": {
            "color": "d73a4a",
            "description": "Something isn't working",
            "etag": "W/\"8c8b18e0e1adbf3ca294cef5ff061351e7f5f914c6162951fe7b647b08ef033c\"",
            "id": "resume:bug",
            "name": "bug",
            "repository": "resume",
            "url": "https://api.github.com/repos/qws941/resume/labels/bug"
          },
          "sensitive_attributes": [],
          "identity_schema_version": 0,
          "private": "bnVsbA==",
          "dependencies": [
            "github_repository.repos",
            "module.onepassword_secrets.data.onepassword_item.archon",
            "module.onepassword_secrets.data.onepassword_item.cloudflare",
            "module.onepassword_secrets.data.onepassword_item.elk",
            "module.onepassword_secrets.data.onepassword_item.exa",
            "module.onepassword_secrets.data.onepassword_item.github",
            "module.onepassword_secrets.data.onepassword_item.glitchtip",
            "module.onepassword_secrets.data.onepassword_item.grafana",
            "module.onepassword_secrets.data.onepassword_item.mcphub",
            "module.onepassword_secrets.data.onepassword_item.n8n",
            "module.onepassword_secrets.data.onepassword_item.proxmox",
            "module.onepassword_secrets.data.onepassword_item.supabase",
            "module.onepassword_secrets.data.onepassword_vault.this"
          ]
        },
        {
          "index_key": "resume/ci",
          "schema_version": 0,
          "attributes": {
            "color": "fbca04",
            "description": "CI/CD pipeline changes",
            "etag": "W/\"f45729f19ca47b0d18eb4fc3f0b934e03e9f918b2d1f8b6302d3b2da298e4890\"",
            "id": "resume:ci",
            "name": "ci",
            "repository": "resume",
            "url": "https://api.github.com/repos/qws941/resume/labels/ci"
          },
          "sensitive_attributes": [],
          "identity_schema_version": 0,
          "private": "bnVsbA==",
          "dependencies": [
            "github_repository.repos",
            "module.onepassword_secrets.data.onepassword_item.archon",
            "module.onepassword_secrets.data.onepassword_item.cloudflare",
            "module.onepassword_secrets.data.onepassword_item.elk",
            "module.onepassword_secrets.data.onepassword_item.exa",
            "module.onepassword_secrets.data.onepassword_item.github",
            "module.onepassword_secrets.data.onepassword_item.glitchtip",
            "module.onepassword_secrets.data.onepassword_item.grafana",
            "module.onepassword_secrets.data.onepassword_item.mcphub",
            "module.onepassword_secrets.data.onepassword_item.n8n",
            "module.onepassword_secrets.data.onepassword_item.proxmox",
            "module.onepassword_secrets.data.onepassword_item.supabase",
            "module.onepassword_secrets.data.onepassword_vault.this"
          ]
        },
        {
          "index_key": "resume/dependencies",
          "schema_version": 0,
          "attributes": {
            "color": "0366d6",
            "description": "Pull requests that update a dependency file",
            "etag": "W/\"132e89d5d9e6c2eccfbfe27a1414c6e9e7d62312541ada2c101f08984c317acc\"",
            "id": "resume:dependencies",
            "name": "dependencies",
            "repository": "resume",
            "url": "https://api.github.com/repos/qws941/resume/labels/dependencies"
          },
          "sensitive_attributes": [],
          "identity_schema_version": 0,
          "private": "bnVsbA==",
          "dependencies": [
            "github_repository.repos",
            "module.onepassword_secrets.data.onepassword_item.archon",
            "module.onepassword_secrets.data.onepassword_item.cloudflare",
            "module.onepassword_secrets.data.onepassword_item.elk",
            "module.onepassword_secrets.data.onepassword_item.exa",
            "module.onepassword_secrets.data.onepassword_item.github",
            "module.onepassword_secrets.data.onepassword_item.glitchtip",
            "module.onepassword_secrets.data.onepassword_item.grafana",
            "module.onepassword_secrets.data.onepassword_item.mcphub",
            "module.onepassword_secrets.data.onepassword_item.n8n",
            "module.onepassword_secrets.data.onepassword_item.proxmox",
            "module.onepassword_secrets.data.onepassword_item.supabase",
            "module.onepassword_secrets.data.onepassword_vault.this"
          ]
        },
        {
          "index_key": "resume/documentation",
          "schema_version": 0,
          "attributes": {
            "color": "0075ca",
            "description": "Improvements or additions to documentation",
            "etag": "W/\"0714ebc09e81c781211ae1cbec59e116104dcef7b3b2e3b098f4b0efe52903d8\"",
            "id": "resume:documentation",
            "name": "documentation",
            "repository": "resume",
            "url": "https://api.github.com/repos/qws941/resume/labels/documentation"
          },
          "sensitive_attributes": [],
          "identity_schema_version": 0,
          "private": "bnVsbA==",
          "dependencies": [
            "github_repository.repos",
            "module.onepassword_secrets.data.onepassword_item.archon",
            "module.onepassword_secrets.data.onepassword_item.cloudflare",
            "module.onepassword_secrets.data.onepassword_item.elk",
            "module.onepassword_secrets.data.onepassword_item.exa",
            "module.onepassword_secrets.data.onepassword_item.github",
            "module.onepassword_secrets.data.onepassword_item.glitchtip",
            "module.onepassword_secrets.data.onepassword_item.grafana",
            "module.onepassword_secrets.data.onepassword_item.mcphub",
            "module.onepassword_secrets.data.onepassword_item.n8n",
            "module.onepassword_secrets.data.onepassword_item.proxmox",
            "module.onepassword_secrets.data.onepassword_item.supabase",
            "module.onepassword_secrets.data.onepassword_vault.this"
          ]
        },
        {
          "index_key": "resume/enhancement",
          "schema_version": 0,
          "attributes": {
            "color": "a2eeef",
            "description": "New feature or request",
            "etag": "W/\"ad544231dd756ee67f93ea8047cb71598303a8534133d14c7436f9f97cc5fc17\"",
            "id": "resume:enhancement",
            "name": "enhancement",
            "repository": "resume",
            "url": "https://api.github.com/repos/qws941/resume/labels/enhancement"
          },
          "sensitive_attributes": [],
          "identity_schema_version": 0,
          "private": "bnVsbA==",
          "dependencies": [
            "github_repository.repos",
            "module.onepassword_secrets.data.onepassword_item.archon",
            "module.onepassword_secrets.data.onepassword_item.cloudflare",
            "module.onepassword_secrets.data.onepassword_item.elk",
            "module.onepassword_secrets.data.onepassword_item.exa",
            "module.onepassword_secrets.data.onepassword_item.github",
            "module.onepassword_secrets.data.onepassword_item.glitchtip",
            "module.onepassword_secrets.data.onepassword_item.grafana",
            "module.onepassword_secrets.data.onepassword_item.mcphub",
            "module.onepassword_secrets.data.onepassword_item.n8n",
            "module.onepassword_secrets.data.onepassword_item.proxmox",
            "module.onepassword_secrets.data.onepassword_item.supabase",
            "module.onepassword_secrets.data.onepassword_vault.this"
          ]
        },
        {
          "index_key": "resume/infrastructure",
          "schema_version": 0,
          "attributes": {
            "color": "006b75",
            "description": "Infrastructure changes",
            "etag": "W/\"a80efe027c2721eed6e2bde1c8f5f98c126663c5e374dcb1df56b4215a9a5713\"",
            "id": "resume:infrastructure",
            "name": "infrastructure",
            "repository": "resume",
            "url": "https://api.github.com/repos/qws941/resume/labels/infrastructure"
          },
          "sensitive_attributes": [],
          "identity_schema_version": 0,
          "private": "bnVsbA==",
          "dependencies": [
            "github_repository.repos",
            "module.onepassword_secrets.data.onepassword_item.archon",
            "module.onepassword_secrets.data.onepassword_item.cloudflare",
            "module.onepassword_secrets.data.onepassword_item.elk",
            "module.onepassword_secrets.data.onepassword_item.exa",
            "module.onepassword_secrets.data.onepassword_item.github",
            "module.onepassword_secrets.data.onepassword_item.glitchtip",
            "module.onepassword_secrets.data.onepassword_item.grafana",
            "module.onepassword_secrets.data.onepassword_item.mcphub",
            "module.onepassword_secrets.data.onepassword_item.n8n",
            "module.onepassword_secrets.data.onepassword_item.proxmox",
            "module.onepassword_secrets.data.onepassword_item.supabase",
            "module.onepassword_secrets.data.onepassword_vault.this"
          ]
        },
        {
          "index_key": "resume/keep-open",
          "schema_version": 0,
          "attributes": {
            "color": "ffffff",
            "description": "Exempt from stale bot",
            "etag": "W/\"1354494125b97b2f2c98f1162c6036a8e1d3f82e43fc368501ede08b40c7defd\"",
            "id": "resume:keep-open",
            "name": "keep-open",
            "repository": "resume",
            "url": "https://api.github.com/repos/qws941/resume/labels/keep-open"
          },
          "sensitive_attributes": [],
          "identity_schema_version": 0,
          "private": "bnVsbA==",
          "dependencies": [
            "github_repository.repos",
            "module.onepassword_secrets.data.onepassword_item.archon",
            "module.onepassword_secrets.data.onepassword_item.cloudflare",
            "module.onepassword_secrets.data.onepassword_item.elk",
            "module.onepassword_secrets.data.onepassword_item.exa",
            "module.onepassword_secrets.data.onepassword_item.github",
            "module.onepassword_secrets.data.onepassword_item.glitchtip",
            "module.onepassword_secrets.data.onepassword_item.grafana",
            "module.onepassword_secrets.data.onepassword_item.mcphub",
            "module.onepassword_secrets.data.onepassword_item.n8n",
            "module.onepassword_secrets.data.onepassword_item.proxmox",
            "module.onepassword_secrets.data.onepassword_item.supabase",
            "module.onepassword_secrets.data.onepassword_vault.this"
          ]
        },
        {
          "index_key": "resume/pinned",
          "schema_version": 0,
          "attributes": {
            "color": "ededed",
            "description": "Pinned issue, exempt from stale",
            "etag": "W/\"808137fc529e8c81d3ca42e8f0ebd745cb93e8a518fb24e96684625431c38e7d\"",
            "id": "resume:pinned",
            "name": "pinned",
            "repository": "resume",
            "url": "https://api.github.com/repos/qws941/resume/labels/pinned"
          },
          "sensitive_attributes": [],
          "identity_schema_version": 0,
          "private": "bnVsbA==",
          "dependencies": [
            "github_repository.repos",
            "module.onepassword_secrets.data.onepassword_item.archon",
            "module.onepassword_secrets.data.onepassword_item.cloudflare",
            "module.onepassword_secrets.data.onepassword_item.elk",
            "module.onepassword_secrets.data.onepassword_item.exa",
            "module.onepassword_secrets.data.onepassword_item.github",
            "module.onepassword_secrets.data.onepassword_item.glitchtip",
            "module.onepassword_secrets.data.onepassword_item.grafana",
            "module.onepassword_secrets.data.onepassword_item.mcphub",
            "module.onepassword_secrets.data.onepassword_item.n8n",
            "module.onepassword_secrets.data.onepassword_item.proxmox",
            "module.onepassword_secrets.data.onepassword_item.supabase",
            "module.onepassword_secrets.data.onepassword_vault.this"
          ]
        },
        {
          "index_key": "resume/security",
          "schema_version": 0,
          "attributes": {
            "color": "e4e669",
            "description": "Security-related issue or fix",
            "etag": "W/\"fad322668a97102bf37f9894587f7b71ba74c3e8289679dfb2fb8a046df14012\"",
            "id": "resume:security",
            "name": "security",
            "repository": "resume",
            "url": "https://api.github.com/repos/qws941/resume/labels/security"
          },
          "sensitive_attributes": [],
          "identity_schema_version": 0,
          "private": "bnVsbA==",
          "dependencies": [
            "github_repository.repos",
            "module.onepassword_secrets.data.onepassword_item.archon",
            "module.onepassword_secrets.data.onepassword_item.cloudflare",
            "module.onepassword_secrets.data.onepassword_item.elk",
            "module.onepassword_secrets.data.onepassword_item.exa",
            "module.onepassword_secrets.data.onepassword_item.github",
            "module.onepassword_secrets.data.onepassword_item.glitchtip",
            "module.onepassword_secrets.data.onepassword_item.grafana",
            "module.onepassword_secrets.data.onepassword_item.mcphub",
            "module.onepassword_secrets.data.onepassword_item.n8n",
            "module.onepassword_secrets.data.onepassword_item.proxmox",
            "module.onepassword_secrets.data.onepassword_item.supabase",
            "module.onepassword_secrets.data.onepassword_vault.this"
          ]
        },
        {
          "index_key": "resume/terraform",
          "schema_version": 0,
          "attributes": {
            "color": "844fba",
            "description": "Terraform-related changes",
            "etag": "W/\"4a1c96e0530cd8fcd3a29eccc09afa226ed417ec1a49667e882aa0c1bc033210\"",
            "id": "resume:terraform",
            "name": "terraform",
            "repository": "resume",
            "url": "https://api.github.com/repos/qws941/resume/labels/terraform"
          },
          "sensitive_attributes": [],
          "identity_schema_version": 0,
          "private": "bnVsbA==",
          "dependencies": [
            "github_repository.repos",
            "module.onepassword_secrets.data.onepassword_item.archon",
            "module.onepassword_secrets.data.onepassword_item.cloudflare",
            "module.onepassword_secrets.data.onepassword_item.elk",
            "module.onepassword_secrets.data.onepassword_item.exa",
            "module.onepassword_secrets.data.onepassword_item.github",
            "module.onepassword_secrets.data.onepassword_item.glitchtip",
            "module.onepassword_secrets.data.onepassword_item.grafana",
            "module.onepassword_secrets.data.onepassword_item.mcphub",
            "module.onepassword_secrets.data.onepassword_item.n8n",
            "module.onepassword_secrets.data.onepassword_item.proxmox",
            "module.onepassword_secrets.data.onepassword_item.supabase",
            "module.onepassword_secrets.data.onepassword_vault.this"
          ]
        },
        {
          "index_key": "splunk/automated",
          "schema_version": 0,
          "attributes": {
            "color": "6f42c1",
            "description": "Automated pull requests",
            "etag": "W/\"c8e64647f5dde2f41b2971cba4d83de2b3eae59ef74cd9a246ad836ce6709751\"",
            "id": "splunk:automated",
            "name": "automated",
            "repository": "splunk",
            "url": "https://api.github.com/repos/qws941/splunk/labels/automated"
          },
          "sensitive_attributes": [],
          "identity_schema_version": 0,
          "private": "bnVsbA==",
          "dependencies": [
            "github_repository.repos",
            "module.onepassword_secrets.data.onepassword_item.archon",
            "module.onepassword_secrets.data.onepassword_item.cloudflare",
            "module.onepassword_secrets.data.onepassword_item.elk",
            "module.onepassword_secrets.data.onepassword_item.exa",
            "module.onepassword_secrets.data.onepassword_item.github",
            "module.onepassword_secrets.data.onepassword_item.glitchtip",
            "module.onepassword_secrets.data.onepassword_item.grafana",
            "module.onepassword_secrets.data.onepassword_item.mcphub",
            "module.onepassword_secrets.data.onepassword_item.n8n",
            "module.onepassword_secrets.data.onepassword_item.proxmox",
            "module.onepassword_secrets.data.onepassword_item.supabase",
            "module.onepassword_secrets.data.onepassword_vault.this"
          ]
        },
        {
          "index_key": "splunk/bug",
          "schema_version": 0,
          "attributes": {
            "color": "d73a4a",
            "description": "Something isn't working",
            "etag": "W/\"c7177b271e57fba6814fb77cdcf974c4ebf1431d58cdaec1340ab9db22d8e2ee\"",
            "id": "splunk:bug",
            "name": "bug",
            "repository": "splunk",
            "url": "https://api.github.com/repos/qws941/splunk/labels/bug"
          },
          "sensitive_attributes": [],
          "identity_schema_version": 0,
          "private": "bnVsbA==",
          "dependencies": [
            "github_repository.repos",
            "module.onepassword_secrets.data.onepassword_item.archon",
            "module.onepassword_secrets.data.onepassword_item.cloudflare",
            "module.onepassword_secrets.data.onepassword_item.elk",
            "module.onepassword_secrets.data.onepassword_item.exa",
            "module.onepassword_secrets.data.onepassword_item.github",
            "module.onepassword_secrets.data.onepassword_item.glitchtip",
            "module.onepassword_secrets.data.onepassword_item.grafana",
            "module.onepassword_secrets.data.onepassword_item.mcphub",
            "module.onepassword_secrets.data.onepassword_item.n8n",
            "module.onepassword_secrets.data.onepassword_item.proxmox",
            "module.onepassword_secrets.data.onepassword_item.supabase",
            "module.onepassword_secrets.data.onepassword_vault.this"
          ]
        },
        {
          "index_key": "splunk/ci",
          "schema_version": 0,
          "attributes": {
            "color": "fbca04",
            "description": "CI/CD pipeline changes",
            "etag": "W/\"d5ffe9c8e5334221ee381206ccbf483fcb0deb2fd92d014cb26611bdd645d7ef\"",
            "id": "splunk:ci",
            "name": "ci",
            "repository": "splunk",
            "url": "https://api.github.com/repos/qws941/splunk/labels/ci"
          },
          "sensitive_attributes": [],
          "identity_schema_version": 0,
          "private": "bnVsbA==",
          "dependencies": [
            "github_repository.repos",
            "module.onepassword_secrets.data.onepassword_item.archon",
            "module.onepassword_secrets.data.onepassword_item.cloudflare",
            "module.onepassword_secrets.data.onepassword_item.elk",
            "module.onepassword_secrets.data.onepassword_item.exa",
            "module.onepassword_secrets.data.onepassword_item.github",
            "module.onepassword_secrets.data.onepassword_item.glitchtip",
            "module.onepassword_secrets.data.onepassword_item.grafana",
            "module.onepassword_secrets.data.onepassword_item.mcphub",
            "module.onepassword_secrets.data.onepassword_item.n8n",
            "module.onepassword_secrets.data.onepassword_item.proxmox",
            "module.onepassword_secrets.data.onepassword_item.supabase",
            "module.onepassword_secrets.data.onepassword_vault.this"
          ]
        },
        {
          "index_key": "splunk/dependencies",
          "schema_version": 0,
          "attributes": {
            "color": "0366d6",
            "description": "Pull requests that update a dependency file",
            "etag": "W/\"e0dd5e5eeacfc2fb107c098c7e11dd6ae09ea967c5047773fafdb27c2f39f1f0\"",
            "id": "splunk:dependencies",
            "name": "dependencies",
            "repository": "splunk",
            "url": "https://api.github.com/repos/qws941/splunk/labels/dependencies"
          },
          "sensitive_attributes": [],
          "identity_schema_version": 0,
          "private": "bnVsbA==",
          "dependencies": [
            "github_repository.repos",
            "module.onepassword_secrets.data.onepassword_item.archon",
            "module.onepassword_secrets.data.onepassword_item.cloudflare",
            "module.onepassword_secrets.data.onepassword_item.elk",
            "module.onepassword_secrets.data.onepassword_item.exa",
            "module.onepassword_secrets.data.onepassword_item.github",
            "module.onepassword_secrets.data.onepassword_item.glitchtip",
            "module.onepassword_secrets.data.onepassword_item.grafana",
            "module.onepassword_secrets.data.onepassword_item.mcphub",
            "module.onepassword_secrets.data.onepassword_item.n8n",
            "module.onepassword_secrets.data.onepassword_item.proxmox",
            "module.onepassword_secrets.data.onepassword_item.supabase",
            "module.onepassword_secrets.data.onepassword_vault.this"
          ]
        },
        {
          "index_key": "splunk/documentation",
          "schema_version": 0,
          "attributes": {
            "color": "0075ca",
            "description": "Improvements or additions to documentation",
            "etag": "W/\"579433948d98ce02f010695716ad3eca9b259f5b49afa1698edc4e0d2ec7f815\"",
            "id": "splunk:documentation",
            "name": "documentation",
            "repository": "splunk",
            "url": "https://api.github.com/repos/qws941/splunk/labels/documentation"
          },
          "sensitive_attributes": [],
          "identity_schema_version": 0,
          "private": "bnVsbA==",
          "dependencies": [
            "github_repository.repos",
            "module.onepassword_secrets.data.onepassword_item.archon",
            "module.onepassword_secrets.data.onepassword_item.cloudflare",
            "module.onepassword_secrets.data.onepassword_item.elk",
            "module.onepassword_secrets.data.onepassword_item.exa",
            "module.onepassword_secrets.data.onepassword_item.github",
            "module.onepassword_secrets.data.onepassword_item.glitchtip",
            "module.onepassword_secrets.data.onepassword_item.grafana",
            "module.onepassword_secrets.data.onepassword_item.mcphub",
            "module.onepassword_secrets.data.onepassword_item.n8n",
            "module.onepassword_secrets.data.onepassword_item.proxmox",
            "module.onepassword_secrets.data.onepassword_item.supabase",
            "module.onepassword_secrets.data.onepassword_vault.this"
          ]
        },
        {
          "index_key": "splunk/enhancement",
          "schema_version": 0,
          "attributes": {
            "color": "a2eeef",
            "description": "New feature or request",
            "etag": "W/\"a2aaac485bad5f616d06237495e2c68e2a813e8805a18ecad0a100f3c72df27b\"",
            "id": "splunk:enhancement",
            "name": "enhancement",
            "repository": "splunk",
            "url": "https://api.github.com/repos/qws941/splunk/labels/enhancement"
          },
          "sensitive_attributes": [],
          "identity_schema_version": 0,
          "private": "bnVsbA==",
          "dependencies": [
            "github_repository.repos",
            "module.onepassword_secrets.data.onepassword_item.archon",
            "module.onepassword_secrets.data.onepassword_item.cloudflare",
            "module.onepassword_secrets.data.onepassword_item.elk",
            "module.onepassword_secrets.data.onepassword_item.exa",
            "module.onepassword_secrets.data.onepassword_item.github",
            "module.onepassword_secrets.data.onepassword_item.glitchtip",
            "module.onepassword_secrets.data.onepassword_item.grafana",
            "module.onepassword_secrets.data.onepassword_item.mcphub",
            "module.onepassword_secrets.data.onepassword_item.n8n",
            "module.onepassword_secrets.data.onepassword_item.proxmox",
            "module.onepassword_secrets.data.onepassword_item.supabase",
            "module.onepassword_secrets.data.onepassword_vault.this"
          ]
        },
        {
          "index_key": "splunk/infrastructure",
          "schema_version": 0,
          "attributes": {
            "color": "006b75",
            "description": "Infrastructure changes",
            "etag": "W/\"5e9de6e32192f06f6976e6f2b6e6c4ca7c4706ac30d62a7cf752e0793b60144c\"",
            "id": "splunk:infrastructure",
            "name": "infrastructure",
            "repository": "splunk",
            "url": "https://api.github.com/repos/qws941/splunk/labels/infrastructure"
          },
          "sensitive_attributes": [],
          "identity_schema_version": 0,
          "private": "bnVsbA==",
          "dependencies": [
            "github_repository.repos",
            "module.onepassword_secrets.data.onepassword_item.archon",
            "module.onepassword_secrets.data.onepassword_item.cloudflare",
            "module.onepassword_secrets.data.onepassword_item.elk",
            "module.onepassword_secrets.data.onepassword_item.exa",
            "module.onepassword_secrets.data.onepassword_item.github",
            "module.onepassword_secrets.data.onepassword_item.glitchtip",
            "module.onepassword_secrets.data.onepassword_item.grafana",
            "module.onepassword_secrets.data.onepassword_item.mcphub",
            "module.onepassword_secrets.data.onepassword_item.n8n",
            "module.onepassword_secrets.data.onepassword_item.proxmox",
            "module.onepassword_secrets.data.onepassword_item.supabase",
            "module.onepassword_secrets.data.onepassword_vault.this"
          ]
        },
        {
          "index_key": "splunk/keep-open",
          "schema_version": 0,
          "attributes": {
            "color": "ffffff",
            "description": "Exempt from stale bot",
            "etag": "W/\"c655d138f561e4c22af22cadc9f0cba99ac04f72cebc5f3ee08aaf1b28b64f9c\"",
            "id": "splunk:keep-open",
            "name": "keep-open",
            "repository": "splunk",
            "url": "https://api.github.com/repos/qws941/splunk/labels/keep-open"
          },
          "sensitive_attributes": [],
          "identity_schema_version": 0,
          "private": "bnVsbA==",
          "dependencies": [
            "github_repository.repos",
            "module.onepassword_secrets.data.onepassword_item.archon",
            "module.onepassword_secrets.data.onepassword_item.cloudflare",
            "module.onepassword_secrets.data.onepassword_item.elk",
            "module.onepassword_secrets.data.onepassword_item.exa",
            "module.onepassword_secrets.data.onepassword_item.github",
            "module.onepassword_secrets.data.onepassword_item.glitchtip",
            "module.onepassword_secrets.data.onepassword_item.grafana",
            "module.onepassword_secrets.data.onepassword_item.mcphub",
            "module.onepassword_secrets.data.onepassword_item.n8n",
            "module.onepassword_secrets.data.onepassword_item.proxmox",
            "module.onepassword_secrets.data.onepassword_item.supabase",
            "module.onepassword_secrets.data.onepassword_vault.this"
          ]
        },
        {
          "index_key": "splunk/pinned",
          "schema_version": 0,
          "attributes": {
            "color": "ededed",
            "description": "Pinned issue, exempt from stale",
            "etag": "W/\"e6246c70834f8edb14a65b9b0acc9c4bd2bfce564667fe8d56eb0eb83db9457b\"",
            "id": "splunk:pinned",
            "name": "pinned",
            "repository": "splunk",
            "url": "https://api.github.com/repos/qws941/splunk/labels/pinned"
          },
          "sensitive_attributes": [],
          "identity_schema_version": 0,
          "private": "bnVsbA==",
          "dependencies": [
            "github_repository.repos",
            "module.onepassword_secrets.data.onepassword_item.archon",
            "module.onepassword_secrets.data.onepassword_item.cloudflare",
            "module.onepassword_secrets.data.onepassword_item.elk",
            "module.onepassword_secrets.data.onepassword_item.exa",
            "module.onepassword_secrets.data.onepassword_item.github",
            "module.onepassword_secrets.data.onepassword_item.glitchtip",
            "module.onepassword_secrets.data.onepassword_item.grafana",
            "module.onepassword_secrets.data.onepassword_item.mcphub",
            "module.onepassword_secrets.data.onepassword_item.n8n",
            "module.onepassword_secrets.data.onepassword_item.proxmox",
            "module.onepassword_secrets.data.onepassword_item.supabase",
            "module.onepassword_secrets.data.onepassword_vault.this"
          ]
        },
        {
          "index_key": "splunk/security",
          "schema_version": 0,
          "attributes": {
            "color": "e4e669",
            "description": "Security-related issue or fix",
            "etag": "W/\"07d9f046976781ea0b7c05932578e9093e509ca5843d9dbd05f4320bdb596068\"",
            "id": "splunk:security",
            "name": "security",
            "repository": "splunk",
            "url": "https://api.github.com/repos/qws941/splunk/labels/security"
          },
          "sensitive_attributes": [],
          "identity_schema_version": 0,
          "private": "bnVsbA==",
          "dependencies": [
            "github_repository.repos",
            "module.onepassword_secrets.data.onepassword_item.archon",
            "module.onepassword_secrets.data.onepassword_item.cloudflare",
            "module.onepassword_secrets.data.onepassword_item.elk",
            "module.onepassword_secrets.data.onepassword_item.exa",
            "module.onepassword_secrets.data.onepassword_item.github",
            "module.onepassword_secrets.data.onepassword_item.glitchtip",
            "module.onepassword_secrets.data.onepassword_item.grafana",
            "module.onepassword_secrets.data.onepassword_item.mcphub",
            "module.onepassword_secrets.data.onepassword_item.n8n",
            "module.onepassword_secrets.data.onepassword_item.proxmox",
            "module.onepassword_secrets.data.onepassword_item.supabase",
            "module.onepassword_secrets.data.onepassword_vault.this"
          ]
        },
        {
          "index_key": "splunk/terraform",
          "schema_version": 0,
          "attributes": {
            "color": "844fba",
            "description": "Terraform-related changes",
            "etag": "W/\"b8cf209b8bf751f29d0118c2bdd49848a9f5222327f3b8392af785404517c16d\"",
            "id": "splunk:terraform",
            "name": "terraform",
            "repository": "splunk",
            "url": "https://api.github.com/repos/qws941/splunk/labels/terraform"
          },
          "sensitive_attributes": [],
          "identity_schema_version": 0,
          "private": "bnVsbA==",
          "dependencies": [
            "github_repository.repos",
            "module.onepassword_secrets.data.onepassword_item.archon",
            "module.onepassword_secrets.data.onepassword_item.cloudflare",
            "module.onepassword_secrets.data.onepassword_item.elk",
            "module.onepassword_secrets.data.onepassword_item.exa",
            "module.onepassword_secrets.data.onepassword_item.github",
            "module.onepassword_secrets.data.onepassword_item.glitchtip",
            "module.onepassword_secrets.data.onepassword_item.grafana",
            "module.onepassword_secrets.data.onepassword_item.mcphub",
            "module.onepassword_secrets.data.onepassword_item.n8n",
            "module.onepassword_secrets.data.onepassword_item.proxmox",
            "module.onepassword_secrets.data.onepassword_item.supabase",
            "module.onepassword_secrets.data.onepassword_vault.this"
          ]
        },
        {
          "index_key": "terraform/automated",
          "schema_version": 0,
          "attributes": {
            "color": "6f42c1",
            "description": "Automated pull requests",
            "etag": "W/\"b00c06fbcd05a94f9d0ed693ff0177239525f7230d8c01d11972fd7887132bfb\"",
            "id": "terraform:automated",
            "name": "automated",
            "repository": "terraform",
            "url": "https://api.github.com/repos/qws941/terraform/labels/automated"
          },
          "sensitive_attributes": [],
          "identity_schema_version": 0,
          "private": "bnVsbA==",
          "dependencies": [
            "github_repository.repos",
            "module.onepassword_secrets.data.onepassword_item.archon",
            "module.onepassword_secrets.data.onepassword_item.cloudflare",
            "module.onepassword_secrets.data.onepassword_item.elk",
            "module.onepassword_secrets.data.onepassword_item.exa",
            "module.onepassword_secrets.data.onepassword_item.github",
            "module.onepassword_secrets.data.onepassword_item.glitchtip",
            "module.onepassword_secrets.data.onepassword_item.grafana",
            "module.onepassword_secrets.data.onepassword_item.mcphub",
            "module.onepassword_secrets.data.onepassword_item.n8n",
            "module.onepassword_secrets.data.onepassword_item.proxmox",
            "module.onepassword_secrets.data.onepassword_item.supabase",
            "module.onepassword_secrets.data.onepassword_vault.this"
          ]
        },
        {
          "index_key": "terraform/bug",
          "schema_version": 0,
          "attributes": {
            "color": "d73a4a",
            "description": "Something isn't working",
            "etag": "W/\"ed02a9629e4287a2871647286a7348df00d9312d0a99db38b338403fa80e0c01\"",
            "id": "terraform:bug",
            "name": "bug",
            "repository": "terraform",
            "url": "https://api.github.com/repos/qws941/terraform/labels/bug"
          },
          "sensitive_attributes": [],
          "identity_schema_version": 0,
          "private": "bnVsbA==",
          "dependencies": [
            "github_repository.repos",
            "module.onepassword_secrets.data.onepassword_item.archon",
            "module.onepassword_secrets.data.onepassword_item.cloudflare",
            "module.onepassword_secrets.data.onepassword_item.elk",
            "module.onepassword_secrets.data.onepassword_item.exa",
            "module.onepassword_secrets.data.onepassword_item.github",
            "module.onepassword_secrets.data.onepassword_item.glitchtip",
            "module.onepassword_secrets.data.onepassword_item.grafana",
            "module.onepassword_secrets.data.onepassword_item.mcphub",
            "module.onepassword_secrets.data.onepassword_item.n8n",
            "module.onepassword_secrets.data.onepassword_item.proxmox",
            "module.onepassword_secrets.data.onepassword_item.supabase",
            "module.onepassword_secrets.data.onepassword_vault.this"
          ]
        },
        {
          "index_key": "terraform/ci",
          "schema_version": 0,
          "attributes": {
            "color": "fbca04",
            "description": "CI/CD pipeline changes",
            "etag": "W/\"02d2ef151a75d9953d50d389675002978eb2a8dedd935b64aa4c3d6875a952b2\"",
            "id": "terraform:ci",
            "name": "ci",
            "repository": "terraform",
            "url": "https://api.github.com/repos/qws941/terraform/labels/ci"
          },
          "sensitive_attributes": [],
          "identity_schema_version": 0,
          "private": "bnVsbA==",
          "dependencies": [
            "github_repository.repos",
            "module.onepassword_secrets.data.onepassword_item.archon",
            "module.onepassword_secrets.data.onepassword_item.cloudflare",
            "module.onepassword_secrets.data.onepassword_item.elk",
            "module.onepassword_secrets.data.onepassword_item.exa",
            "module.onepassword_secrets.data.onepassword_item.github",
            "module.onepassword_secrets.data.onepassword_item.glitchtip",
            "module.onepassword_secrets.data.onepassword_item.grafana",
            "module.onepassword_secrets.data.onepassword_item.mcphub",
            "module.onepassword_secrets.data.onepassword_item.n8n",
            "module.onepassword_secrets.data.onepassword_item.proxmox",
            "module.onepassword_secrets.data.onepassword_item.supabase",
            "module.onepassword_secrets.data.onepassword_vault.this"
          ]
        },
        {
          "index_key": "terraform/dependencies",
          "schema_version": 0,
          "attributes": {
            "color": "0366d6",
            "description": "Pull requests that update a dependency file",
            "etag": "W/\"61dcdf84088acf849b7ad718b9c5215fea2f4b3d2487fe4280c57673ab94b626\"",
            "id": "terraform:dependencies",
            "name": "dependencies",
            "repository": "terraform",
            "url": "https://api.github.com/repos/qws941/terraform/labels/dependencies"
          },
          "sensitive_attributes": [],
          "identity_schema_version": 0,
          "private": "bnVsbA==",
          "dependencies": [
            "github_repository.repos",
            "module.onepassword_secrets.data.onepassword_item.archon",
            "module.onepassword_secrets.data.onepassword_item.cloudflare",
            "module.onepassword_secrets.data.onepassword_item.elk",
            "module.onepassword_secrets.data.onepassword_item.exa",
            "module.onepassword_secrets.data.onepassword_item.github",
            "module.onepassword_secrets.data.onepassword_item.glitchtip",
            "module.onepassword_secrets.data.onepassword_item.grafana",
            "module.onepassword_secrets.data.onepassword_item.mcphub",
            "module.onepassword_secrets.data.onepassword_item.n8n",
            "module.onepassword_secrets.data.onepassword_item.proxmox",
            "module.onepassword_secrets.data.onepassword_item.supabase",
            "module.onepassword_secrets.data.onepassword_vault.this"
          ]
        },
        {
          "index_key": "terraform/documentation",
          "schema_version": 0,
          "attributes": {
            "color": "0075ca",
            "description": "Improvements or additions to documentation",
            "etag": "W/\"6ba9c12795cdddd5d72b492797e92bb44f3cef8fac0867fd65173fdbf0a0f52b\"",
            "id": "terraform:documentation",
            "name": "documentation",
            "repository": "terraform",
            "url": "https://api.github.com/repos/qws941/terraform/labels/documentation"
          },
          "sensitive_attributes": [],
          "identity_schema_version": 0,
          "private": "bnVsbA==",
          "dependencies": [
            "github_repository.repos",
            "module.onepassword_secrets.data.onepassword_item.archon",
            "module.onepassword_secrets.data.onepassword_item.cloudflare",
            "module.onepassword_secrets.data.onepassword_item.elk",
            "module.onepassword_secrets.data.onepassword_item.exa",
            "module.onepassword_secrets.data.onepassword_item.github",
            "module.onepassword_secrets.data.onepassword_item.glitchtip",
            "module.onepassword_secrets.data.onepassword_item.grafana",
            "module.onepassword_secrets.data.onepassword_item.mcphub",
            "module.onepassword_secrets.data.onepassword_item.n8n",
            "module.onepassword_secrets.data.onepassword_item.proxmox",
            "module.onepassword_secrets.data.onepassword_item.supabase",
            "module.onepassword_secrets.data.onepassword_vault.this"
          ]
        },
        {
          "index_key": "terraform/enhancement",
          "schema_version": 0,
          "attributes": {
            "color": "a2eeef",
            "description": "New feature or request",
            "etag": "W/\"fe954a70c09514eb202eddf9392000d76c0a2a29ddfb4ea950630990a4585a3b\"",
            "id": "terraform:enhancement",
            "name": "enhancement",
            "repository": "terraform",
            "url": "https://api.github.com/repos/qws941/terraform/labels/enhancement"
          },
          "sensitive_attributes": [],
          "identity_schema_version": 0,
          "private": "bnVsbA==",
          "dependencies": [
            "github_repository.repos",
            "module.onepassword_secrets.data.onepassword_item.archon",
            "module.onepassword_secrets.data.onepassword_item.cloudflare",
            "module.onepassword_secrets.data.onepassword_item.elk",
            "module.onepassword_secrets.data.onepassword_item.exa",
            "module.onepassword_secrets.data.onepassword_item.github",
            "module.onepassword_secrets.data.onepassword_item.glitchtip",
            "module.onepassword_secrets.data.onepassword_item.grafana",
            "module.onepassword_secrets.data.onepassword_item.mcphub",
            "module.onepassword_secrets.data.onepassword_item.n8n",
            "module.onepassword_secrets.data.onepassword_item.proxmox",
            "module.onepassword_secrets.data.onepassword_item.supabase",
            "module.onepassword_secrets.data.onepassword_vault.this"
          ]
        },
        {
          "index_key": "terraform/infrastructure",
          "schema_version": 0,
          "attributes": {
            "color": "006b75",
            "description": "Infrastructure changes",
            "etag": "W/\"ca711c02da8d5a96d0d08dc4669a7367c959f687118973f4c922baa0421c9c17\"",
            "id": "terraform:infrastructure",
            "name": "infrastructure",
            "repository": "terraform",
            "url": "https://api.github.com/repos/qws941/terraform/labels/infrastructure"
          },
          "sensitive_attributes": [],
          "identity_schema_version": 0,
          "private": "bnVsbA==",
          "dependencies": [
            "github_repository.repos",
            "module.onepassword_secrets.data.onepassword_item.archon",
            "module.onepassword_secrets.data.onepassword_item.cloudflare",
            "module.onepassword_secrets.data.onepassword_item.elk",
            "module.onepassword_secrets.data.onepassword_item.exa",
            "module.onepassword_secrets.data.onepassword_item.github",
            "module.onepassword_secrets.data.onepassword_item.glitchtip",
            "module.onepassword_secrets.data.onepassword_item.grafana",
            "module.onepassword_secrets.data.onepassword_item.mcphub",
            "module.onepassword_secrets.data.onepassword_item.n8n",
            "module.onepassword_secrets.data.onepassword_item.proxmox",
            "module.onepassword_secrets.data.onepassword_item.supabase",
            "module.onepassword_secrets.data.onepassword_vault.this"
          ]
        },
        {
          "index_key": "terraform/keep-open",
          "schema_version": 0,
          "attributes": {
            "color": "ffffff",
            "description": "Exempt from stale bot",
            "etag": "W/\"6580dcdef54b10a03daaf9e3077a225b6c60914d30c33799efa04baba1816d42\"",
            "id": "terraform:keep-open",
            "name": "keep-open",
            "repository": "terraform",
            "url": "https://api.github.com/repos/qws941/terraform/labels/keep-open"
          },
          "sensitive_attributes": [],
          "identity_schema_version": 0,
          "private": "bnVsbA==",
          "dependencies": [
            "github_repository.repos",
            "module.onepassword_secrets.data.onepassword_item.archon",
            "module.onepassword_secrets.data.onepassword_item.cloudflare",
            "module.onepassword_secrets.data.onepassword_item.elk",
            "module.onepassword_secrets.data.onepassword_item.exa",
            "module.onepassword_secrets.data.onepassword_item.github",
            "module.onepassword_secrets.data.onepassword_item.glitchtip",
            "module.onepassword_secrets.data.onepassword_item.grafana",
            "module.onepassword_secrets.data.onepassword_item.mcphub",
            "module.onepassword_secrets.data.onepassword_item.n8n",
            "module.onepassword_secrets.data.onepassword_item.proxmox",
            "module.onepassword_secrets.data.onepassword_item.supabase",
            "module.onepassword_secrets.data.onepassword_vault.this"
          ]
        },
        {
          "index_key": "terraform/pinned",
          "schema_version": 0,
          "attributes": {
            "color": "ededed",
            "description": "Pinned issue, exempt from stale",
            "etag": "W/\"9366faa8d4bfc1ebbb7f9ac7a9056c84d083106f9894d7aad964ed1ccd840100\"",
            "id": "terraform:pinned",
            "name": "pinned",
            "repository": "terraform",
            "url": "https://api.github.com/repos/qws941/terraform/labels/pinned"
          },
          "sensitive_attributes": [],
          "identity_schema_version": 0,
          "private": "bnVsbA==",
          "dependencies": [
            "github_repository.repos",
            "module.onepassword_secrets.data.onepassword_item.archon",
            "module.onepassword_secrets.data.onepassword_item.cloudflare",
            "module.onepassword_secrets.data.onepassword_item.elk",
            "module.onepassword_secrets.data.onepassword_item.exa",
            "module.onepassword_secrets.data.onepassword_item.github",
            "module.onepassword_secrets.data.onepassword_item.glitchtip",
            "module.onepassword_secrets.data.onepassword_item.grafana",
            "module.onepassword_secrets.data.onepassword_item.mcphub",
            "module.onepassword_secrets.data.onepassword_item.n8n",
            "module.onepassword_secrets.data.onepassword_item.proxmox",
            "module.onepassword_secrets.data.onepassword_item.supabase",
            "module.onepassword_secrets.data.onepassword_vault.this"
          ]
        },
        {
          "index_key": "terraform/security",
          "schema_version": 0,
          "attributes": {
            "color": "e4e669",
            "description": "Security-related issue or fix",
            "etag": "W/\"545037f6016398d9ea6ed64f1114702a1f828a1619444607d13003c1d1f82e58\"",
            "id": "terraform:security",
            "name": "security",
            "repository": "terraform",
            "url": "https://api.github.com/repos/qws941/terraform/labels/security"
          },
          "sensitive_attributes": [],
          "identity_schema_version": 0,
          "private": "bnVsbA==",
          "dependencies": [
            "github_repository.repos",
            "module.onepassword_secrets.data.onepassword_item.archon",
            "module.onepassword_secrets.data.onepassword_item.cloudflare",
            "module.onepassword_secrets.data.onepassword_item.elk",
            "module.onepassword_secrets.data.onepassword_item.exa",
            "module.onepassword_secrets.data.onepassword_item.github",
            "module.onepassword_secrets.data.onepassword_item.glitchtip",
            "module.onepassword_secrets.data.onepassword_item.grafana",
            "module.onepassword_secrets.data.onepassword_item.mcphub",
            "module.onepassword_secrets.data.onepassword_item.n8n",
            "module.onepassword_secrets.data.onepassword_item.proxmox",
            "module.onepassword_secrets.data.onepassword_item.supabase",
            "module.onepassword_secrets.data.onepassword_vault.this"
          ]
        },
        {
          "index_key": "terraform/terraform",
          "schema_version": 0,
          "attributes": {
            "color": "844fba",
            "description": "Terraform-related changes",
            "etag": "W/\"2b6f1bd2776ef2bd5cd807640d9cccbed443236c64cd7fdf3b817c71d1425295\"",
            "id": "terraform:terraform",
            "name": "terraform",
            "repository": "terraform",
            "url": "https://api.github.com/repos/qws941/terraform/labels/terraform"
          },
          "sensitive_attributes": [],
          "identity_schema_version": 0,
          "private": "bnVsbA==",
          "dependencies": [
            "github_repository.repos",
            "module.onepassword_secrets.data.onepassword_item.archon",
            "module.onepassword_secrets.data.onepassword_item.cloudflare",
            "module.onepassword_secrets.data.onepassword_item.elk",
            "module.onepassword_secrets.data.onepassword_item.exa",
            "module.onepassword_secrets.data.onepassword_item.github",
            "module.onepassword_secrets.data.onepassword_item.glitchtip",
            "module.onepassword_secrets.data.onepassword_item.grafana",
            "module.onepassword_secrets.data.onepassword_item.mcphub",
            "module.onepassword_secrets.data.onepassword_item.n8n",
            "module.onepassword_secrets.data.onepassword_item.proxmox",
            "module.onepassword_secrets.data.onepassword_item.supabase",
            "module.onepassword_secrets.data.onepassword_vault.this"
          ]
        },
        {
          "index_key": "tmux/automated",
          "schema_version": 0,
          "attributes": {
            "color": "6f42c1",
            "description": "Automated pull requests",
            "etag": "W/\"8b267ffba302fc653167cd7d757cef84cced7a2219ba16abfae9ffd8d9a625b9\"",
            "id": "tmux:automated",
            "name": "automated",
            "repository": "tmux",
            "url": "https://api.github.com/repos/qws941/tmux/labels/automated"
          },
          "sensitive_attributes": [],
          "identity_schema_version": 0,
          "private": "bnVsbA==",
          "dependencies": [
            "github_repository.repos",
            "module.onepassword_secrets.data.onepassword_item.archon",
            "module.onepassword_secrets.data.onepassword_item.cloudflare",
            "module.onepassword_secrets.data.onepassword_item.elk",
            "module.onepassword_secrets.data.onepassword_item.exa",
            "module.onepassword_secrets.data.onepassword_item.github",
            "module.onepassword_secrets.data.onepassword_item.glitchtip",
            "module.onepassword_secrets.data.onepassword_item.grafana",
            "module.onepassword_secrets.data.onepassword_item.mcphub",
            "module.onepassword_secrets.data.onepassword_item.n8n",
            "module.onepassword_secrets.data.onepassword_item.proxmox",
            "module.onepassword_secrets.data.onepassword_item.supabase",
            "module.onepassword_secrets.data.onepassword_vault.this"
          ]
        },
        {
          "index_key": "tmux/bug",
          "schema_version": 0,
          "attributes": {
            "color": "d73a4a",
            "description": "Something isn't working",
            "etag": "W/\"6c5c3a7b2048f04e4cfc86d7a557cd82e34dca9763215ffb558a189ead85dcc0\"",
            "id": "tmux:bug",
            "name": "bug",
            "repository": "tmux",
            "url": "https://api.github.com/repos/qws941/tmux/labels/bug"
          },
          "sensitive_attributes": [],
          "identity_schema_version": 0,
          "private": "bnVsbA==",
          "dependencies": [
            "github_repository.repos",
            "module.onepassword_secrets.data.onepassword_item.archon",
            "module.onepassword_secrets.data.onepassword_item.cloudflare",
            "module.onepassword_secrets.data.onepassword_item.elk",
            "module.onepassword_secrets.data.onepassword_item.exa",
            "module.onepassword_secrets.data.onepassword_item.github",
            "module.onepassword_secrets.data.onepassword_item.glitchtip",
            "module.onepassword_secrets.data.onepassword_item.grafana",
            "module.onepassword_secrets.data.onepassword_item.mcphub",
            "module.onepassword_secrets.data.onepassword_item.n8n",
            "module.onepassword_secrets.data.onepassword_item.proxmox",
            "module.onepassword_secrets.data.onepassword_item.supabase",
            "module.onepassword_secrets.data.onepassword_vault.this"
          ]
        },
        {
          "index_key": "tmux/ci",
          "schema_version": 0,
          "attributes": {
            "color": "fbca04",
            "description": "CI/CD pipeline changes",
            "etag": "W/\"c410d7b29e518957eb4259ccc319caf396b4764a7e3ad30b063518a36318ffea\"",
            "id": "tmux:ci",
            "name": "ci",
            "repository": "tmux",
            "url": "https://api.github.com/repos/qws941/tmux/labels/ci"
          },
          "sensitive_attributes": [],
          "identity_schema_version": 0,
          "private": "bnVsbA==",
          "dependencies": [
            "github_repository.repos",
            "module.onepassword_secrets.data.onepassword_item.archon",
            "module.onepassword_secrets.data.onepassword_item.cloudflare",
            "module.onepassword_secrets.data.onepassword_item.elk",
            "module.onepassword_secrets.data.onepassword_item.exa",
            "module.onepassword_secrets.data.onepassword_item.github",
            "module.onepassword_secrets.data.onepassword_item.glitchtip",
            "module.onepassword_secrets.data.onepassword_item.grafana",
            "module.onepassword_secrets.data.onepassword_item.mcphub",
            "module.onepassword_secrets.data.onepassword_item.n8n",
            "module.onepassword_secrets.data.onepassword_item.proxmox",
            "module.onepassword_secrets.data.onepassword_item.supabase",
            "module.onepassword_secrets.data.onepassword_vault.this"
          ]
        },
        {
          "index_key": "tmux/dependencies",
          "schema_version": 0,
          "attributes": {
            "color": "0366d6",
            "description": "Pull requests that update a dependency file",
            "etag": "W/\"d515706436861de120ed1e46b1d33ba2a707e09b6520005498ddfcab746df8a6\"",
            "id": "tmux:dependencies",
            "name": "dependencies",
            "repository": "tmux",
            "url": "https://api.github.com/repos/qws941/tmux/labels/dependencies"
          },
          "sensitive_attributes": [],
          "identity_schema_version": 0,
          "private": "bnVsbA==",
          "dependencies": [
            "github_repository.repos",
            "module.onepassword_secrets.data.onepassword_item.archon",
            "module.onepassword_secrets.data.onepassword_item.cloudflare",
            "module.onepassword_secrets.data.onepassword_item.elk",
            "module.onepassword_secrets.data.onepassword_item.exa",
            "module.onepassword_secrets.data.onepassword_item.github",
            "module.onepassword_secrets.data.onepassword_item.glitchtip",
            "module.onepassword_secrets.data.onepassword_item.grafana",
            "module.onepassword_secrets.data.onepassword_item.mcphub",
            "module.onepassword_secrets.data.onepassword_item.n8n",
            "module.onepassword_secrets.data.onepassword_item.proxmox",
            "module.onepassword_secrets.data.onepassword_item.supabase",
            "module.onepassword_secrets.data.onepassword_vault.this"
          ]
        },
        {
          "index_key": "tmux/documentation",
          "schema_version": 0,
          "attributes": {
            "color": "0075ca",
            "description": "Improvements or additions to documentation",
            "etag": "W/\"e137e485b98fdaa7d9068c78b2f710168491348df7f7c4e016d28b2894045cf6\"",
            "id": "tmux:documentation",
            "name": "documentation",
            "repository": "tmux",
            "url": "https://api.github.com/repos/qws941/tmux/labels/documentation"
          },
          "sensitive_attributes": [],
          "identity_schema_version": 0,
          "private": "bnVsbA==",
          "dependencies": [
            "github_repository.repos",
            "module.onepassword_secrets.data.onepassword_item.archon",
            "module.onepassword_secrets.data.onepassword_item.cloudflare",
            "module.onepassword_secrets.data.onepassword_item.elk",
            "module.onepassword_secrets.data.onepassword_item.exa",
            "module.onepassword_secrets.data.onepassword_item.github",
            "module.onepassword_secrets.data.onepassword_item.glitchtip",
            "module.onepassword_secrets.data.onepassword_item.grafana",
            "module.onepassword_secrets.data.onepassword_item.mcphub",
            "module.onepassword_secrets.data.onepassword_item.n8n",
            "module.onepassword_secrets.data.onepassword_item.proxmox",
            "module.onepassword_secrets.data.onepassword_item.supabase",
            "module.onepassword_secrets.data.onepassword_vault.this"
          ]
        },
        {
          "index_key": "tmux/enhancement",
          "schema_version": 0,
          "attributes": {
            "color": "a2eeef",
            "description": "New feature or request",
            "etag": "W/\"4b7418827dcec83245a11a9b03e4b06e1e1382e700e770911a3bcf0d38c9edd5\"",
            "id": "tmux:enhancement",
            "name": "enhancement",
            "repository": "tmux",
            "url": "https://api.github.com/repos/qws941/tmux/labels/enhancement"
          },
          "sensitive_attributes": [],
          "identity_schema_version": 0,
          "private": "bnVsbA==",
          "dependencies": [
            "github_repository.repos",
            "module.onepassword_secrets.data.onepassword_item.archon",
            "module.onepassword_secrets.data.onepassword_item.cloudflare",
            "module.onepassword_secrets.data.onepassword_item.elk",
            "module.onepassword_secrets.data.onepassword_item.exa",
            "module.onepassword_secrets.data.onepassword_item.github",
            "module.onepassword_secrets.data.onepassword_item.glitchtip",
            "module.onepassword_secrets.data.onepassword_item.grafana",
            "module.onepassword_secrets.data.onepassword_item.mcphub",
            "module.onepassword_secrets.data.onepassword_item.n8n",
            "module.onepassword_secrets.data.onepassword_item.proxmox",
            "module.onepassword_secrets.data.onepassword_item.supabase",
            "module.onepassword_secrets.data.onepassword_vault.this"
          ]
        },
        {
          "index_key": "tmux/infrastructure",
          "schema_version": 0,
          "attributes": {
            "color": "006b75",
            "description": "Infrastructure changes",
            "etag": "W/\"67a7266131e9321e2ade449c814e79d3dd7fd4650ccb55b11e1c2cb2b4de2300\"",
            "id": "tmux:infrastructure",
            "name": "infrastructure",
            "repository": "tmux",
            "url": "https://api.github.com/repos/qws941/tmux/labels/infrastructure"
          },
          "sensitive_attributes": [],
          "identity_schema_version": 0,
          "private": "bnVsbA==",
          "dependencies": [
            "github_repository.repos",
            "module.onepassword_secrets.data.onepassword_item.archon",
            "module.onepassword_secrets.data.onepassword_item.cloudflare",
            "module.onepassword_secrets.data.onepassword_item.elk",
            "module.onepassword_secrets.data.onepassword_item.exa",
            "module.onepassword_secrets.data.onepassword_item.github",
            "module.onepassword_secrets.data.onepassword_item.glitchtip",
            "module.onepassword_secrets.data.onepassword_item.grafana",
            "module.onepassword_secrets.data.onepassword_item.mcphub",
            "module.onepassword_secrets.data.onepassword_item.n8n",
            "module.onepassword_secrets.data.onepassword_item.proxmox",
            "module.onepassword_secrets.data.onepassword_item.supabase",
            "module.onepassword_secrets.data.onepassword_vault.this"
          ]
        },
        {
          "index_key": "tmux/keep-open",
          "schema_version": 0,
          "attributes": {
            "color": "ffffff",
            "description": "Exempt from stale bot",
            "etag": "W/\"17b79e39c5facd906b12907dd53cc74dd1e60c73103946be4262ce26c3103e6b\"",
            "id": "tmux:keep-open",
            "name": "keep-open",
            "repository": "tmux",
            "url": "https://api.github.com/repos/qws941/tmux/labels/keep-open"
          },
          "sensitive_attributes": [],
          "identity_schema_version": 0,
          "private": "bnVsbA==",
          "dependencies": [
            "github_repository.repos",
            "module.onepassword_secrets.data.onepassword_item.archon",
            "module.onepassword_secrets.data.onepassword_item.cloudflare",
            "module.onepassword_secrets.data.onepassword_item.elk",
            "module.onepassword_secrets.data.onepassword_item.exa",
            "module.onepassword_secrets.data.onepassword_item.github",
            "module.onepassword_secrets.data.onepassword_item.glitchtip",
            "module.onepassword_secrets.data.onepassword_item.grafana",
            "module.onepassword_secrets.data.onepassword_item.mcphub",
            "module.onepassword_secrets.data.onepassword_item.n8n",
            "module.onepassword_secrets.data.onepassword_item.proxmox",
            "module.onepassword_secrets.data.onepassword_item.supabase",
            "module.onepassword_secrets.data.onepassword_vault.this"
          ]
        },
        {
          "index_key": "tmux/pinned",
          "schema_version": 0,
          "attributes": {
            "color": "ededed",
            "description": "Pinned issue, exempt from stale",
            "etag": "W/\"bf343e8857116b39b25ff4a333a51f575ee11b6752bad599175da56e6f7f9111\"",
            "id": "tmux:pinned",
            "name": "pinned",
            "repository": "tmux",
            "url": "https://api.github.com/repos/qws941/tmux/labels/pinned"
          },
          "sensitive_attributes": [],
          "identity_schema_version": 0,
          "private": "bnVsbA==",
          "dependencies": [
            "github_repository.repos",
            "module.onepassword_secrets.data.onepassword_item.archon",
            "module.onepassword_secrets.data.onepassword_item.cloudflare",
            "module.onepassword_secrets.data.onepassword_item.elk",
            "module.onepassword_secrets.data.onepassword_item.exa",
            "module.onepassword_secrets.data.onepassword_item.github",
            "module.onepassword_secrets.data.onepassword_item.glitchtip",
            "module.onepassword_secrets.data.onepassword_item.grafana",
            "module.onepassword_secrets.data.onepassword_item.mcphub",
            "module.onepassword_secrets.data.onepassword_item.n8n",
            "module.onepassword_secrets.data.onepassword_item.proxmox",
            "module.onepassword_secrets.data.onepassword_item.supabase",
            "module.onepassword_secrets.data.onepassword_vault.this"
          ]
        },
        {
          "index_key": "tmux/security",
          "schema_version": 0,
          "attributes": {
            "color": "e4e669",
            "description": "Security-related issue or fix",
            "etag": "W/\"83dc8d478f98bf48c9abe92876a34c57caf26b16c77b62a21e7f4017afcb6dd0\"",
            "id": "tmux:security",
            "name": "security",
            "repository": "tmux",
            "url": "https://api.github.com/repos/qws941/tmux/labels/security"
          },
          "sensitive_attributes": [],
          "identity_schema_version": 0,
          "private": "bnVsbA==",
          "dependencies": [
            "github_repository.repos",
            "module.onepassword_secrets.data.onepassword_item.archon",
            "module.onepassword_secrets.data.onepassword_item.cloudflare",
            "module.onepassword_secrets.data.onepassword_item.elk",
            "module.onepassword_secrets.data.onepassword_item.exa",
            "module.onepassword_secrets.data.onepassword_item.github",
            "module.onepassword_secrets.data.onepassword_item.glitchtip",
            "module.onepassword_secrets.data.onepassword_item.grafana",
            "module.onepassword_secrets.data.onepassword_item.mcphub",
            "module.onepassword_secrets.data.onepassword_item.n8n",
            "module.onepassword_secrets.data.onepassword_item.proxmox",
            "module.onepassword_secrets.data.onepassword_item.supabase",
            "module.onepassword_secrets.data.onepassword_vault.this"
          ]
        },
        {
          "index_key": "tmux/terraform",
          "schema_version": 0,
          "attributes": {
            "color": "844fba",
            "description": "Terraform-related changes",
            "etag": "W/\"8bf57d115c45d65073c0ede86a7cc8520a55ed5a891ecc04244f20367de30836\"",
            "id": "tmux:terraform",
            "name": "terraform",
            "repository": "tmux",
            "url": "https://api.github.com/repos/qws941/tmux/labels/terraform"
          },
          "sensitive_attributes": [],
          "identity_schema_version": 0,
          "private": "bnVsbA==",
          "dependencies": [
            "github_repository.repos",
            "module.onepassword_secrets.data.onepassword_item.archon",
            "module.onepassword_secrets.data.onepassword_item.cloudflare",
            "module.onepassword_secrets.data.onepassword_item.elk",
            "module.onepassword_secrets.data.onepassword_item.exa",
            "module.onepassword_secrets.data.onepassword_item.github",
            "module.onepassword_secrets.data.onepassword_item.glitchtip",
            "module.onepassword_secrets.data.onepassword_item.grafana",
            "module.onepassword_secrets.data.onepassword_item.mcphub",
            "module.onepassword_secrets.data.onepassword_item.n8n",
            "module.onepassword_secrets.data.onepassword_item.proxmox",
            "module.onepassword_secrets.data.onepassword_item.supabase",
            "module.onepassword_secrets.data.onepassword_vault.this"
          ]
        },
        {
          "index_key": "youtube/automated",
          "schema_version": 0,
          "attributes": {
            "color": "6f42c1",
            "description": "Automated pull requests",
            "etag": "W/\"70f07529f6d45d2ecf15c24566fc906e98b86976c539616814ec1fd00ec7d578\"",
            "id": "youtube:automated",
            "name": "automated",
            "repository": "youtube",
            "url": "https://api.github.com/repos/qws941/youtube/labels/automated"
          },
          "sensitive_attributes": [],
          "identity_schema_version": 0,
          "private": "bnVsbA==",
          "dependencies": [
            "github_repository.repos",
            "module.onepassword_secrets.data.onepassword_item.archon",
            "module.onepassword_secrets.data.onepassword_item.cloudflare",
            "module.onepassword_secrets.data.onepassword_item.elk",
            "module.onepassword_secrets.data.onepassword_item.exa",
            "module.onepassword_secrets.data.onepassword_item.github",
            "module.onepassword_secrets.data.onepassword_item.glitchtip",
            "module.onepassword_secrets.data.onepassword_item.grafana",
            "module.onepassword_secrets.data.onepassword_item.mcphub",
            "module.onepassword_secrets.data.onepassword_item.n8n",
            "module.onepassword_secrets.data.onepassword_item.proxmox",
            "module.onepassword_secrets.data.onepassword_item.supabase",
            "module.onepassword_secrets.data.onepassword_vault.this"
          ]
        },
        {
          "index_key": "youtube/bug",
          "schema_version": 0,
          "attributes": {
            "color": "d73a4a",
            "description": "Something isn't working",
            "etag": "W/\"bcb8c1249aa8e477f948a04c6eb5c00c762621c8f965ce1ff91aa09aabf645f2\"",
            "id": "youtube:bug",
            "name": "bug",
            "repository": "youtube",
            "url": "https://api.github.com/repos/qws941/youtube/labels/bug"
          },
          "sensitive_attributes": [],
          "identity_schema_version": 0,
          "private": "bnVsbA==",
          "dependencies": [
            "github_repository.repos",
            "module.onepassword_secrets.data.onepassword_item.archon",
            "module.onepassword_secrets.data.onepassword_item.cloudflare",
            "module.onepassword_secrets.data.onepassword_item.elk",
            "module.onepassword_secrets.data.onepassword_item.exa",
            "module.onepassword_secrets.data.onepassword_item.github",
            "module.onepassword_secrets.data.onepassword_item.glitchtip",
            "module.onepassword_secrets.data.onepassword_item.grafana",
            "module.onepassword_secrets.data.onepassword_item.mcphub",
            "module.onepassword_secrets.data.onepassword_item.n8n",
            "module.onepassword_secrets.data.onepassword_item.proxmox",
            "module.onepassword_secrets.data.onepassword_item.supabase",
            "module.onepassword_secrets.data.onepassword_vault.this"
          ]
        },
        {
          "index_key": "youtube/ci",
          "schema_version": 0,
          "attributes": {
            "color": "fbca04",
            "description": "CI/CD pipeline changes",
            "etag": "W/\"197b7c309a133c2fc97ba1be6415ec431020175a05fcd0423fd555360402cb68\"",
            "id": "youtube:ci",
            "name": "ci",
            "repository": "youtube",
            "url": "https://api.github.com/repos/qws941/youtube/labels/ci"
          },
          "sensitive_attributes": [],
          "identity_schema_version": 0,
          "private": "bnVsbA==",
          "dependencies": [
            "github_repository.repos",
            "module.onepassword_secrets.data.onepassword_item.archon",
            "module.onepassword_secrets.data.onepassword_item.cloudflare",
            "module.onepassword_secrets.data.onepassword_item.elk",
            "module.onepassword_secrets.data.onepassword_item.exa",
            "module.onepassword_secrets.data.onepassword_item.github",
            "module.onepassword_secrets.data.onepassword_item.glitchtip",
            "module.onepassword_secrets.data.onepassword_item.grafana",
            "module.onepassword_secrets.data.onepassword_item.mcphub",
            "module.onepassword_secrets.data.onepassword_item.n8n",
            "module.onepassword_secrets.data.onepassword_item.proxmox",
            "module.onepassword_secrets.data.onepassword_item.supabase",
            "module.onepassword_secrets.data.onepassword_vault.this"
          ]
        },
        {
          "index_key": "youtube/dependencies",
          "schema_version": 0,
          "attributes": {
            "color": "0366d6",
            "description": "Pull requests that update a dependency file",
            "etag": "W/\"6542c9606b4ec4c5067ddec0c1ee580b117a3f5bc6dc8583604eb848bf556c96\"",
            "id": "youtube:dependencies",
            "name": "dependencies",
            "repository": "youtube",
            "url": "https://api.github.com/repos/qws941/youtube/labels/dependencies"
          },
          "sensitive_attributes": [],
          "identity_schema_version": 0,
          "private": "bnVsbA==",
          "dependencies": [
            "github_repository.repos",
            "module.onepassword_secrets.data.onepassword_item.archon",
            "module.onepassword_secrets.data.onepassword_item.cloudflare",
            "module.onepassword_secrets.data.onepassword_item.elk",
            "module.onepassword_secrets.data.onepassword_item.exa",
            "module.onepassword_secrets.data.onepassword_item.github",
            "module.onepassword_secrets.data.onepassword_item.glitchtip",
            "module.onepassword_secrets.data.onepassword_item.grafana",
            "module.onepassword_secrets.data.onepassword_item.mcphub",
            "module.onepassword_secrets.data.onepassword_item.n8n",
            "module.onepassword_secrets.data.onepassword_item.proxmox",
            "module.onepassword_secrets.data.onepassword_item.supabase",
            "module.onepassword_secrets.data.onepassword_vault.this"
          ]
        },
        {
          "index_key": "youtube/documentation",
          "schema_version": 0,
          "attributes": {
            "color": "0075ca",
            "description": "Improvements or additions to documentation",
            "etag": "W/\"63c47194efaf30e60163881960979fcb6711836d3c16d8988dd5050b73bd4639\"",
            "id": "youtube:documentation",
            "name": "documentation",
            "repository": "youtube",
            "url": "https://api.github.com/repos/qws941/youtube/labels/documentation"
          },
          "sensitive_attributes": [],
          "identity_schema_version": 0,
          "private": "bnVsbA==",
          "dependencies": [
            "github_repository.repos",
            "module.onepassword_secrets.data.onepassword_item.archon",
            "module.onepassword_secrets.data.onepassword_item.cloudflare",
            "module.onepassword_secrets.data.onepassword_item.elk",
            "module.onepassword_secrets.data.onepassword_item.exa",
            "module.onepassword_secrets.data.onepassword_item.github",
            "module.onepassword_secrets.data.onepassword_item.glitchtip",
            "module.onepassword_secrets.data.onepassword_item.grafana",
            "module.onepassword_secrets.data.onepassword_item.mcphub",
            "module.onepassword_secrets.data.onepassword_item.n8n",
            "module.onepassword_secrets.data.onepassword_item.proxmox",
            "module.onepassword_secrets.data.onepassword_item.supabase",
            "module.onepassword_secrets.data.onepassword_vault.this"
          ]
        },
        {
          "index_key": "youtube/enhancement",
          "schema_version": 0,
          "attributes": {
            "color": "a2eeef",
            "description": "New feature or request",
            "etag": "W/\"280e6cf5fe51eacb6e9b3e38e66924a6ff765452010ed7473bfc69853c24be14\"",
            "id": "youtube:enhancement",
            "name": "enhancement",
            "repository": "youtube",
            "url": "https://api.github.com/repos/qws941/youtube/labels/enhancement"
          },
          "sensitive_attributes": [],
          "identity_schema_version": 0,
          "private": "bnVsbA==",
          "dependencies": [
            "github_repository.repos",
            "module.onepassword_secrets.data.onepassword_item.archon",
            "module.onepassword_secrets.data.onepassword_item.cloudflare",
            "module.onepassword_secrets.data.onepassword_item.elk",
            "module.onepassword_secrets.data.onepassword_item.exa",
            "module.onepassword_secrets.data.onepassword_item.github",
            "module.onepassword_secrets.data.onepassword_item.glitchtip",
            "module.onepassword_secrets.data.onepassword_item.grafana",
            "module.onepassword_secrets.data.onepassword_item.mcphub",
            "module.onepassword_secrets.data.onepassword_item.n8n",
            "module.onepassword_secrets.data.onepassword_item.proxmox",
            "module.onepassword_secrets.data.onepassword_item.supabase",
            "module.onepassword_secrets.data.onepassword_vault.this"
          ]
        },
        {
          "index_key": "youtube/infrastructure",
          "schema_version": 0,
          "attributes": {
            "color": "006b75",
            "description": "Infrastructure changes",
            "etag": "W/\"6f4e366fff2063626dc6ad432f1ec4269739bde48ea05e407cbd274483dc669e\"",
            "id": "youtube:infrastructure",
            "name": "infrastructure",
            "repository": "youtube",
            "url": "https://api.github.com/repos/qws941/youtube/labels/infrastructure"
          },
          "sensitive_attributes": [],
          "identity_schema_version": 0,
          "private": "bnVsbA==",
          "dependencies": [
            "github_repository.repos",
            "module.onepassword_secrets.data.onepassword_item.archon",
            "module.onepassword_secrets.data.onepassword_item.cloudflare",
            "module.onepassword_secrets.data.onepassword_item.elk",
            "module.onepassword_secrets.data.onepassword_item.exa",
            "module.onepassword_secrets.data.onepassword_item.github",
            "module.onepassword_secrets.data.onepassword_item.glitchtip",
            "module.onepassword_secrets.data.onepassword_item.grafana",
            "module.onepassword_secrets.data.onepassword_item.mcphub",
            "module.onepassword_secrets.data.onepassword_item.n8n",
            "module.onepassword_secrets.data.onepassword_item.proxmox",
            "module.onepassword_secrets.data.onepassword_item.supabase",
            "module.onepassword_secrets.data.onepassword_vault.this"
          ]
        },
        {
          "index_key": "youtube/keep-open",
          "schema_version": 0,
          "attributes": {
            "color": "ffffff",
            "description": "Exempt from stale bot",
            "etag": "W/\"2722b46d3d7ca5520373f1e465435cd6e4c8bcb59ef349d54e7a438ba0dc7ed7\"",
            "id": "youtube:keep-open",
            "name": "keep-open",
            "repository": "youtube",
            "url": "https://api.github.com/repos/qws941/youtube/labels/keep-open"
          },
          "sensitive_attributes": [],
          "identity_schema_version": 0,
          "private": "bnVsbA==",
          "dependencies": [
            "github_repository.repos",
            "module.onepassword_secrets.data.onepassword_item.archon",
            "module.onepassword_secrets.data.onepassword_item.cloudflare",
            "module.onepassword_secrets.data.onepassword_item.elk",
            "module.onepassword_secrets.data.onepassword_item.exa",
            "module.onepassword_secrets.data.onepassword_item.github",
            "module.onepassword_secrets.data.onepassword_item.glitchtip",
            "module.onepassword_secrets.data.onepassword_item.grafana",
            "module.onepassword_secrets.data.onepassword_item.mcphub",
            "module.onepassword_secrets.data.onepassword_item.n8n",
            "module.onepassword_secrets.data.onepassword_item.proxmox",
            "module.onepassword_secrets.data.onepassword_item.supabase",
            "module.onepassword_secrets.data.onepassword_vault.this"
          ]
        },
        {
          "index_key": "youtube/pinned",
          "schema_version": 0,
          "attributes": {
            "color": "ededed",
            "description": "Pinned issue, exempt from stale",
            "etag": "W/\"d35614fd55d8296e94f6fc3ea140cf2c3b87aa9580cfc324bf876341461d9548\"",
            "id": "youtube:pinned",
            "name": "pinned",
            "repository": "youtube",
            "url": "https://api.github.com/repos/qws941/youtube/labels/pinned"
          },
          "sensitive_attributes": [],
          "identity_schema_version": 0,
          "private": "bnVsbA==",
          "dependencies": [
            "github_repository.repos",
            "module.onepassword_secrets.data.onepassword_item.archon",
            "module.onepassword_secrets.data.onepassword_item.cloudflare",
            "module.onepassword_secrets.data.onepassword_item.elk",
            "module.onepassword_secrets.data.onepassword_item.exa",
            "module.onepassword_secrets.data.onepassword_item.github",
            "module.onepassword_secrets.data.onepassword_item.glitchtip",
            "module.onepassword_secrets.data.onepassword_item.grafana",
            "module.onepassword_secrets.data.onepassword_item.mcphub",
            "module.onepassword_secrets.data.onepassword_item.n8n",
            "module.onepassword_secrets.data.onepassword_item.proxmox",
            "module.onepassword_secrets.data.onepassword_item.supabase",
            "module.onepassword_secrets.data.onepassword_vault.this"
          ]
        },
        {
          "index_key": "youtube/security",
          "schema_version": 0,
          "attributes": {
            "color": "e4e669",
            "description": "Security-related issue or fix",
            "etag": "W/\"43b529e818483d4ebbb398eb1f4031a47cee01863e80db915f3b895d0fd814fb\"",
            "id": "youtube:security",
            "name": "security",
            "repository": "youtube",
            "url": "https://api.github.com/repos/qws941/youtube/labels/security"
          },
          "sensitive_attributes": [],
          "identity_schema_version": 0,
          "private": "bnVsbA==",
          "dependencies": [
            "github_repository.repos",
            "module.onepassword_secrets.data.onepassword_item.archon",
            "module.onepassword_secrets.data.onepassword_item.cloudflare",
            "module.onepassword_secrets.data.onepassword_item.elk",
            "module.onepassword_secrets.data.onepassword_item.exa",
            "module.onepassword_secrets.data.onepassword_item.github",
            "module.onepassword_secrets.data.onepassword_item.glitchtip",
            "module.onepassword_secrets.data.onepassword_item.grafana",
            "module.onepassword_secrets.data.onepassword_item.mcphub",
            "module.onepassword_secrets.data.onepassword_item.n8n",
            "module.onepassword_secrets.data.onepassword_item.proxmox",
            "module.onepassword_secrets.data.onepassword_item.supabase",
            "module.onepassword_secrets.data.onepassword_vault.this"
          ]
        },
        {
          "index_key": "youtube/terraform",
          "schema_version": 0,
          "attributes": {
            "color": "844fba",
            "description": "Terraform-related changes",
            "etag": "W/\"439a904a5bef2159dede121cd062b9acb469cb175e21f719a419d86834e35306\"",
            "id": "youtube:terraform",
            "name": "terraform",
            "repository": "youtube",
            "url": "https://api.github.com/repos/qws941/youtube/labels/terraform"
          },
          "sensitive_attributes": [],
          "identity_schema_version": 0,
          "private": "bnVsbA==",
          "dependencies": [
            "github_repository.repos",
            "module.onepassword_secrets.data.onepassword_item.archon",
            "module.onepassword_secrets.data.onepassword_item.cloudflare",
            "module.onepassword_secrets.data.onepassword_item.elk",
            "module.onepassword_secrets.data.onepassword_item.exa",
            "module.onepassword_secrets.data.onepassword_item.github",
            "module.onepassword_secrets.data.onepassword_item.glitchtip",
            "module.onepassword_secrets.data.onepassword_item.grafana",
            "module.onepassword_secrets.data.onepassword_item.mcphub",
            "module.onepassword_secrets.data.onepassword_item.n8n",
            "module.onepassword_secrets.data.onepassword_item.proxmox",
            "module.onepassword_secrets.data.onepassword_item.supabase",
            "module.onepassword_secrets.data.onepassword_vault.this"
          ]
        }
      ]
    },
    {
      "mode": "managed",
      "type": "github_repository",
      "name": "repos",
      "provider": "provider[\"registry.terraform.io/integrations/github\"]",
      "instances": [
        {
          "index_key": "blacklist",
          "schema_version": 1,
          "attributes": {
            "allow_auto_merge": true,
            "allow_forking": true,
            "allow_merge_commit": false,
            "allow_rebase_merge": true,
            "allow_squash_merge": true,
            "allow_update_branch": false,
            "archive_on_destroy": null,
            "archived": false,
            "auto_init": false,
            "default_branch": "master",
            "delete_branch_on_merge": true,
            "description": "Blacklist management application",
            "etag": "W/\"6ce19d0b8f0fe2765169471f64dbdc8b33c6cb0cadb8cbe9dd48c2a6ba25ae7d\"",
            "fork": "false",
            "full_name": "qws941/blacklist",
            "git_clone_url": "git://github.com/qws941/blacklist.git",
            "gitignore_template": null,
            "has_discussions": false,
            "has_downloads": false,
            "has_issues": true,
            "has_projects": false,
            "has_wiki": false,
            "homepage_url": "",
            "html_url": "https://github.com/qws941/blacklist",
            "http_clone_url": "https://github.com/qws941/blacklist.git",
            "id": "blacklist",
            "ignore_vulnerability_alerts_during_read": false,
            "is_template": false,
            "license_template": null,
            "merge_commit_message": "PR_TITLE",
            "merge_commit_title": "MERGE_MESSAGE",
            "name": "blacklist",
            "node_id": "R_kgDORHcKfw",
            "pages": [],
            "primary_language": "JavaScript",
            "private": false,
            "repo_id": 1148652159,
            "security_and_analysis": [
              {
                "advanced_security": [],
                "code_security": [],
                "secret_scanning": [
                  {
                    "status": "disabled"
                  }
                ],
                "secret_scanning_ai_detection": [],
                "secret_scanning_non_provider_patterns": [],
                "secret_scanning_push_protection": [
                  {
                    "status": "disabled"
                  }
                ]
              }
            ],
            "source_owner": "",
            "source_repo": "",
            "squash_merge_commit_message": "PR_BODY",
            "squash_merge_commit_title": "PR_TITLE",
            "ssh_clone_url": "git@github.com:qws941/blacklist.git",
            "svn_url": "https://github.com/qws941/blacklist",
            "template": [],
            "topics": [
              "iac",
              "infrastructure",
              "javascript",
              "nodejs",
              "terraform"
            ],
            "visibility": "public",
            "vulnerability_alerts": true,
            "web_commit_signoff_required": false
          },
          "sensitive_attributes": [],
          "identity_schema_version": 0,
          "private": "eyJzY2hlbWFfdmVyc2lvbiI6IjEifQ==",
          "dependencies": [
            "module.onepassword_secrets.data.onepassword_item.archon",
            "module.onepassword_secrets.data.onepassword_item.cloudflare",
            "module.onepassword_secrets.data.onepassword_item.elk",
            "module.onepassword_secrets.data.onepassword_item.exa",
            "module.onepassword_secrets.data.onepassword_item.github",
            "module.onepassword_secrets.data.onepassword_item.glitchtip",
            "module.onepassword_secrets.data.onepassword_item.grafana",
            "module.onepassword_secrets.data.onepassword_item.mcphub",
            "module.onepassword_secrets.data.onepassword_item.n8n",
            "module.onepassword_secrets.data.onepassword_item.proxmox",
            "module.onepassword_secrets.data.onepassword_item.supabase",
            "module.onepassword_secrets.data.onepassword_vault.this"
          ]
        },
        {
          "index_key": "hycu_fsds",
          "schema_version": 1,
          "attributes": {
            "allow_auto_merge": true,
            "allow_forking": true,
            "allow_merge_commit": false,
            "allow_rebase_merge": true,
            "allow_squash_merge": true,
            "allow_update_branch": false,
            "archive_on_destroy": null,
            "archived": false,
            "auto_init": false,
            "default_branch": "master",
            "delete_branch_on_merge": true,
            "description": "HYCU FSDS autonomous driving",
            "etag": "W/\"ba7ab9c2010c5fd953e18cc3027c3392a91a90e46518bc152fe9ce2cc17d440a\"",
            "fork": "false",
            "full_name": "qws941/hycu_fsds",
            "git_clone_url": "git://github.com/qws941/hycu_fsds.git",
            "gitignore_template": null,
            "has_discussions": false,
            "has_downloads": false,
            "has_issues": true,
            "has_projects": false,
            "has_wiki": false,
            "homepage_url": "",
            "html_url": "https://github.com/qws941/hycu_fsds",
            "http_clone_url": "https://github.com/qws941/hycu_fsds.git",
            "id": "hycu_fsds",
            "ignore_vulnerability_alerts_during_read": false,
            "is_template": false,
            "license_template": null,
            "merge_commit_message": "PR_TITLE",
            "merge_commit_title": "MERGE_MESSAGE",
            "name": "hycu_fsds",
            "node_id": "R_kgDORNoH0g",
            "pages": [],
            "primary_language": "Python",
            "private": false,
            "repo_id": 1155139538,
            "security_and_analysis": [
              {
                "advanced_security": [],
                "code_security": [],
                "secret_scanning": [
                  {
                    "status": "enabled"
                  }
                ],
                "secret_scanning_ai_detection": [],
                "secret_scanning_non_provider_patterns": [],
                "secret_scanning_push_protection": [
                  {
                    "status": "enabled"
                  }
                ]
              }
            ],
            "source_owner": "",
            "source_repo": "",
            "squash_merge_commit_message": "PR_BODY",
            "squash_merge_commit_title": "PR_TITLE",
            "ssh_clone_url": "git@github.com:qws941/hycu_fsds.git",
            "svn_url": "https://github.com/qws941/hycu_fsds",
            "template": [],
            "topics": [
              "autonomous-driving",
              "iac",
              "infrastructure",
              "python",
              "terraform"
            ],
            "visibility": "public",
            "vulnerability_alerts": true,
            "web_commit_signoff_required": false
          },
          "sensitive_attributes": [],
          "identity_schema_version": 0,
          "private": "eyJzY2hlbWFfdmVyc2lvbiI6IjEifQ==",
          "dependencies": [
            "module.onepassword_secrets.data.onepassword_item.archon",
            "module.onepassword_secrets.data.onepassword_item.cloudflare",
            "module.onepassword_secrets.data.onepassword_item.elk",
            "module.onepassword_secrets.data.onepassword_item.exa",
            "module.onepassword_secrets.data.onepassword_item.github",
            "module.onepassword_secrets.data.onepassword_item.glitchtip",
            "module.onepassword_secrets.data.onepassword_item.grafana",
            "module.onepassword_secrets.data.onepassword_item.mcphub",
            "module.onepassword_secrets.data.onepassword_item.n8n",
            "module.onepassword_secrets.data.onepassword_item.proxmox",
            "module.onepassword_secrets.data.onepassword_item.supabase",
            "module.onepassword_secrets.data.onepassword_vault.this"
          ]
        },
        {
          "index_key": "propose",
          "schema_version": 1,
          "attributes": {
            "allow_auto_merge": true,
            "allow_forking": true,
            "allow_merge_commit": false,
            "allow_rebase_merge": true,
            "allow_squash_merge": true,
            "allow_update_branch": false,
            "archive_on_destroy": null,
            "archived": false,
            "auto_init": false,
            "default_branch": "master",
            "delete_branch_on_merge": true,
            "description": "Proposal management tool",
            "etag": "W/\"7a1651082ce2cdecf8db74ae2e1a576b2853e9ab88ae8bb16add9fce901ceeac\"",
            "fork": "false",
            "full_name": "qws941/propose",
            "git_clone_url": "git://github.com/qws941/propose.git",
            "gitignore_template": null,
            "has_discussions": false,
            "has_downloads": false,
            "has_issues": true,
            "has_projects": false,
            "has_wiki": false,
            "homepage_url": "",
            "html_url": "https://github.com/qws941/propose",
            "http_clone_url": "https://github.com/qws941/propose.git",
            "id": "propose",
            "ignore_vulnerability_alerts_during_read": false,
            "is_template": false,
            "license_template": null,
            "merge_commit_message": "PR_TITLE",
            "merge_commit_title": "MERGE_MESSAGE",
            "name": "propose",
            "node_id": "R_kgDOP0rznQ",
            "pages": [],
            "primary_language": "TypeScript",
            "private": true,
            "repo_id": 1061876637,
            "security_and_analysis": [],
            "source_owner": "",
            "source_repo": "",
            "squash_merge_commit_message": "PR_BODY",
            "squash_merge_commit_title": "PR_TITLE",
            "ssh_clone_url": "git@github.com:qws941/propose.git",
            "svn_url": "https://github.com/qws941/propose",
            "template": [],
            "topics": [
              "iac",
              "infrastructure",
              "terraform",
              "typescript"
            ],
            "visibility": "private",
            "vulnerability_alerts": true,
            "web_commit_signoff_required": false
          },
          "sensitive_attributes": [],
          "identity_schema_version": 0,
          "private": "eyJzY2hlbWFfdmVyc2lvbiI6IjEifQ==",
          "dependencies": [
            "module.onepassword_secrets.data.onepassword_item.archon",
            "module.onepassword_secrets.data.onepassword_item.cloudflare",
            "module.onepassword_secrets.data.onepassword_item.elk",
            "module.onepassword_secrets.data.onepassword_item.exa",
            "module.onepassword_secrets.data.onepassword_item.github",
            "module.onepassword_secrets.data.onepassword_item.glitchtip",
            "module.onepassword_secrets.data.onepassword_item.grafana",
            "module.onepassword_secrets.data.onepassword_item.mcphub",
            "module.onepassword_secrets.data.onepassword_item.n8n",
            "module.onepassword_secrets.data.onepassword_item.proxmox",
            "module.onepassword_secrets.data.onepassword_item.supabase",
            "module.onepassword_secrets.data.onepassword_vault.this"
          ]
        },
        {
          "index_key": "resume",
          "schema_version": 1,
          "attributes": {
            "allow_auto_merge": true,
            "allow_forking": true,
            "allow_merge_commit": false,
            "allow_rebase_merge": true,
            "allow_squash_merge": true,
            "allow_update_branch": false,
            "archive_on_destroy": null,
            "archived": false,
            "auto_init": false,
            "default_branch": "master",
            "delete_branch_on_merge": true,
            "description": "Personal resume and portfolio",
            "etag": "W/\"998d56ad8ccf89a057cdf2be8f9d2d1cb51ed6295f5c08fb2d298e1c792195b7\"",
            "fork": "false",
            "full_name": "qws941/resume",
            "git_clone_url": "git://github.com/qws941/resume.git",
            "gitignore_template": null,
            "has_discussions": false,
            "has_downloads": false,
            "has_issues": true,
            "has_projects": false,
            "has_wiki": false,
            "homepage_url": "",
            "html_url": "https://github.com/qws941/resume",
            "http_clone_url": "https://github.com/qws941/resume.git",
            "id": "resume",
            "ignore_vulnerability_alerts_during_read": false,
            "is_template": false,
            "license_template": null,
            "merge_commit_message": "PR_TITLE",
            "merge_commit_title": "MERGE_MESSAGE",
            "name": "resume",
            "node_id": "R_kgDOP5YQ7A",
            "pages": [
              {
                "build_type": "workflow",
                "cname": "",
                "custom_404": false,
                "html_url": "https://qws941.github.io/resume/",
                "source": [],
                "status": "built",
                "url": "https://api.github.com/repos/qws941/resume/pages"
              }
            ],
            "primary_language": "JavaScript",
            "private": false,
            "repo_id": 1066799340,
            "security_and_analysis": [
              {
                "advanced_security": [],
                "code_security": [],
                "secret_scanning": [
                  {
                    "status": "disabled"
                  }
                ],
                "secret_scanning_ai_detection": [],
                "secret_scanning_non_provider_patterns": [],
                "secret_scanning_push_protection": [
                  {
                    "status": "disabled"
                  }
                ]
              }
            ],
            "source_owner": "",
            "source_repo": "",
            "squash_merge_commit_message": "PR_BODY",
            "squash_merge_commit_title": "PR_TITLE",
            "ssh_clone_url": "git@github.com:qws941/resume.git",
            "svn_url": "https://github.com/qws941/resume",
            "template": [],
            "topics": [
              "iac",
              "infrastructure",
              "javascript",
              "portfolio",
              "terraform"
            ],
            "visibility": "public",
            "vulnerability_alerts": true,
            "web_commit_signoff_required": false
          },
          "sensitive_attributes": [],
          "identity_schema_version": 0,
          "private": "eyJzY2hlbWFfdmVyc2lvbiI6IjEifQ==",
          "dependencies": [
            "module.onepassword_secrets.data.onepassword_item.archon",
            "module.onepassword_secrets.data.onepassword_item.cloudflare",
            "module.onepassword_secrets.data.onepassword_item.elk",
            "module.onepassword_secrets.data.onepassword_item.exa",
            "module.onepassword_secrets.data.onepassword_item.github",
            "module.onepassword_secrets.data.onepassword_item.glitchtip",
            "module.onepassword_secrets.data.onepassword_item.grafana",
            "module.onepassword_secrets.data.onepassword_item.mcphub",
            "module.onepassword_secrets.data.onepassword_item.n8n",
            "module.onepassword_secrets.data.onepassword_item.proxmox",
            "module.onepassword_secrets.data.onepassword_item.supabase",
            "module.onepassword_secrets.data.onepassword_vault.this"
          ]
        },
        {
          "index_key": "splunk",
          "schema_version": 1,
          "attributes": {
            "allow_auto_merge": true,
            "allow_forking": true,
            "allow_merge_commit": false,
            "allow_rebase_merge": true,
            "allow_squash_merge": true,
            "allow_update_branch": false,
            "archive_on_destroy": null,
            "archived": false,
            "auto_init": false,
            "default_branch": "master",
            "delete_branch_on_merge": true,
            "description": "Splunk apps and configurations",
            "etag": "W/\"2e2e08c86eba4480854acc82c4eab38b01d15a2d99faa46c4879844c239faa38\"",
            "fork": "false",
            "full_name": "qws941/splunk",
            "git_clone_url": "git://github.com/qws941/splunk.git",
            "gitignore_template": null,
            "has_discussions": false,
            "has_downloads": false,
            "has_issues": true,
            "has_projects": false,
            "has_wiki": false,
            "homepage_url": "",
            "html_url": "https://github.com/qws941/splunk",
            "http_clone_url": "https://github.com/qws941/splunk.git",
            "id": "splunk",
            "ignore_vulnerability_alerts_during_read": false,
            "is_template": false,
            "license_template": null,
            "merge_commit_message": "PR_TITLE",
            "merge_commit_title": "MERGE_MESSAGE",
            "name": "splunk",
            "node_id": "R_kgDOP3Hytw",
            "pages": [],
            "primary_language": "Python",
            "private": false,
            "repo_id": 1064432311,
            "security_and_analysis": [
              {
                "advanced_security": [],
                "code_security": [],
                "secret_scanning": [
                  {
                    "status": "disabled"
                  }
                ],
                "secret_scanning_ai_detection": [],
                "secret_scanning_non_provider_patterns": [],
                "secret_scanning_push_protection": [
                  {
                    "status": "disabled"
                  }
                ]
              }
            ],
            "source_owner": "",
            "source_repo": "",
            "squash_merge_commit_message": "PR_BODY",
            "squash_merge_commit_title": "PR_TITLE",
            "ssh_clone_url": "git@github.com:qws941/splunk.git",
            "svn_url": "https://github.com/qws941/splunk",
            "template": [],
            "topics": [
              "iac",
              "infrastructure",
              "python",
              "splunk",
              "terraform"
            ],
            "visibility": "public",
            "vulnerability_alerts": true,
            "web_commit_signoff_required": false
          },
          "sensitive_attributes": [],
          "identity_schema_version": 0,
          "private": "eyJzY2hlbWFfdmVyc2lvbiI6IjEifQ==",
          "dependencies": [
            "module.onepassword_secrets.data.onepassword_item.archon",
            "module.onepassword_secrets.data.onepassword_item.cloudflare",
            "module.onepassword_secrets.data.onepassword_item.elk",
            "module.onepassword_secrets.data.onepassword_item.exa",
            "module.onepassword_secrets.data.onepassword_item.github",
            "module.onepassword_secrets.data.onepassword_item.glitchtip",
            "module.onepassword_secrets.data.onepassword_item.grafana",
            "module.onepassword_secrets.data.onepassword_item.mcphub",
            "module.onepassword_secrets.data.onepassword_item.n8n",
            "module.onepassword_secrets.data.onepassword_item.proxmox",
            "module.onepassword_secrets.data.onepassword_item.supabase",
            "module.onepassword_secrets.data.onepassword_vault.this"
          ]
        },
        {
          "index_key": "terraform",
          "schema_version": 1,
          "attributes": {
            "allow_auto_merge": true,
            "allow_forking": true,
            "allow_merge_commit": false,
            "allow_rebase_merge": true,
            "allow_squash_merge": true,
            "allow_update_branch": false,
            "archive_on_destroy": null,
            "archived": false,
            "auto_init": false,
            "default_branch": "master",
            "delete_branch_on_merge": true,
            "description": "Multi-provider infrastructure as code monorepo",
            "etag": "W/\"e30b2065918ab9fb19b8ca3d72ebff2f7b455df0cf93c9019ab36ed5992bf3db\"",
            "fork": "false",
            "full_name": "qws941/terraform",
            "git_clone_url": "git://github.com/qws941/terraform.git",
            "gitignore_template": null,
            "has_discussions": false,
            "has_downloads": false,
            "has_issues": true,
            "has_projects": false,
            "has_wiki": false,
            "homepage_url": "",
            "html_url": "https://github.com/qws941/terraform",
            "http_clone_url": "https://github.com/qws941/terraform.git",
            "id": "terraform",
            "ignore_vulnerability_alerts_during_read": false,
            "is_template": false,
            "license_template": null,
            "merge_commit_message": "PR_TITLE",
            "merge_commit_title": "MERGE_MESSAGE",
            "name": "terraform",
            "node_id": "R_kgDORPHVbw",
            "pages": [],
            "primary_language": "HCL",
            "private": true,
            "repo_id": 1156699503,
            "security_and_analysis": [],
            "source_owner": "",
            "source_repo": "",
            "squash_merge_commit_message": "PR_BODY",
            "squash_merge_commit_title": "PR_TITLE",
            "ssh_clone_url": "git@github.com:qws941/terraform.git",
            "svn_url": "https://github.com/qws941/terraform",
            "template": [],
            "topics": [
              "bazel",
              "cloudflare",
              "homelab",
              "iac",
              "infrastructure",
              "proxmox",
              "terraform"
            ],
            "visibility": "private",
            "vulnerability_alerts": true,
            "web_commit_signoff_required": false
          },
          "sensitive_attributes": [],
          "identity_schema_version": 0,
          "private": "eyJzY2hlbWFfdmVyc2lvbiI6IjEifQ==",
          "dependencies": [
            "module.onepassword_secrets.data.onepassword_item.archon",
            "module.onepassword_secrets.data.onepassword_item.cloudflare",
            "module.onepassword_secrets.data.onepassword_item.elk",
            "module.onepassword_secrets.data.onepassword_item.exa",
            "module.onepassword_secrets.data.onepassword_item.github",
            "module.onepassword_secrets.data.onepassword_item.glitchtip",
            "module.onepassword_secrets.data.onepassword_item.grafana",
            "module.onepassword_secrets.data.onepassword_item.mcphub",
            "module.onepassword_secrets.data.onepassword_item.n8n",
            "module.onepassword_secrets.data.onepassword_item.proxmox",
            "module.onepassword_secrets.data.onepassword_item.supabase",
            "module.onepassword_secrets.data.onepassword_vault.this"
          ]
        },
        {
          "index_key": "tmux",
          "schema_version": 1,
          "attributes": {
            "allow_auto_merge": true,
            "allow_forking": true,
            "allow_merge_commit": false,
            "allow_rebase_merge": true,
            "allow_squash_merge": true,
            "allow_update_branch": false,
            "archive_on_destroy": null,
            "archived": false,
            "auto_init": false,
            "default_branch": "master",
            "delete_branch_on_merge": true,
            "description": "Tmux configuration",
            "etag": "W/\"69e8b11fa8984e1d7fb3cf92067d5726cce94c94614d114a3d6055600f1c0b2e\"",
            "fork": "false",
            "full_name": "qws941/tmux",
            "git_clone_url": "git://github.com/qws941/tmux.git",
            "gitignore_template": null,
            "has_discussions": false,
            "has_downloads": false,
            "has_issues": true,
            "has_projects": false,
            "has_wiki": false,
            "homepage_url": "",
            "html_url": "https://github.com/qws941/tmux",
            "http_clone_url": "https://github.com/qws941/tmux.git",
            "id": "tmux",
            "ignore_vulnerability_alerts_during_read": false,
            "is_template": false,
            "license_template": null,
            "merge_commit_message": "PR_TITLE",
            "merge_commit_title": "MERGE_MESSAGE",
            "name": "tmux",
            "node_id": "R_kgDORNhfXw",
            "pages": [],
            "primary_language": "Shell",
            "private": false,
            "repo_id": 1155030879,
            "security_and_analysis": [
              {
                "advanced_security": [],
                "code_security": [],
                "secret_scanning": [
                  {
                    "status": "enabled"
                  }
                ],
                "secret_scanning_ai_detection": [],
                "secret_scanning_non_provider_patterns": [],
                "secret_scanning_push_protection": [
                  {
                    "status": "enabled"
                  }
                ]
              }
            ],
            "source_owner": "",
            "source_repo": "",
            "squash_merge_commit_message": "PR_BODY",
            "squash_merge_commit_title": "PR_TITLE",
            "ssh_clone_url": "git@github.com:qws941/tmux.git",
            "svn_url": "https://github.com/qws941/tmux",
            "template": [],
            "topics": [
              "iac",
              "infrastructure",
              "shell",
              "terraform",
              "tmux"
            ],
            "visibility": "public",
            "vulnerability_alerts": true,
            "web_commit_signoff_required": false
          },
          "sensitive_attributes": [],
          "identity_schema_version": 0,
          "private": "eyJzY2hlbWFfdmVyc2lvbiI6IjEifQ==",
          "dependencies": [
            "module.onepassword_secrets.data.onepassword_item.archon",
            "module.onepassword_secrets.data.onepassword_item.cloudflare",
            "module.onepassword_secrets.data.onepassword_item.elk",
            "module.onepassword_secrets.data.onepassword_item.exa",
            "module.onepassword_secrets.data.onepassword_item.github",
            "module.onepassword_secrets.data.onepassword_item.glitchtip",
            "module.onepassword_secrets.data.onepassword_item.grafana",
            "module.onepassword_secrets.data.onepassword_item.mcphub",
            "module.onepassword_secrets.data.onepassword_item.n8n",
            "module.onepassword_secrets.data.onepassword_item.proxmox",
            "module.onepassword_secrets.data.onepassword_item.supabase",
            "module.onepassword_secrets.data.onepassword_vault.this"
          ]
        },
        {
          "index_key": "youtube",
          "schema_version": 1,
          "attributes": {
            "allow_auto_merge": true,
            "allow_forking": true,
            "allow_merge_commit": false,
            "allow_rebase_merge": true,
            "allow_squash_merge": true,
            "allow_update_branch": false,
            "archive_on_destroy": null,
            "archived": false,
            "auto_init": false,
            "default_branch": "master",
            "delete_branch_on_merge": true,
            "description": "YouTube automation tools",
            "etag": "W/\"2d4b69a1620ed0f8d5380a0e9b65cfc1765bc966ddd644fc409d2120cdd2c167\"",
            "fork": "false",
            "full_name": "qws941/youtube",
            "git_clone_url": "git://github.com/qws941/youtube.git",
            "gitignore_template": null,
            "has_discussions": false,
            "has_downloads": false,
            "has_issues": true,
            "has_projects": false,
            "has_wiki": false,
            "homepage_url": "",
            "html_url": "https://github.com/qws941/youtube",
            "http_clone_url": "https://github.com/qws941/youtube.git",
            "id": "youtube",
            "ignore_vulnerability_alerts_during_read": false,
            "is_template": false,
            "license_template": null,
            "merge_commit_message": "PR_TITLE",
            "merge_commit_title": "MERGE_MESSAGE",
            "name": "youtube",
            "node_id": "R_kgDOROfGcQ",
            "pages": [],
            "primary_language": "Python",
            "private": true,
            "repo_id": 1156040305,
            "security_and_analysis": [
              {
                "advanced_security": [],
                "code_security": [],
                "secret_scanning": [
                  {
                    "status": "enabled"
                  }
                ],
                "secret_scanning_ai_detection": [],
                "secret_scanning_non_provider_patterns": [],
                "secret_scanning_push_protection": [
                  {
                    "status": "enabled"
                  }
                ]
              }
            ],
            "source_owner": "",
            "source_repo": "",
            "squash_merge_commit_message": "PR_BODY",
            "squash_merge_commit_title": "PR_TITLE",
            "ssh_clone_url": "git@github.com:qws941/youtube.git",
            "svn_url": "https://github.com/qws941/youtube",
            "template": [],
            "topics": [
              "iac",
              "infrastructure",
              "python",
              "terraform",
              "youtube"
            ],
            "visibility": "private",
            "vulnerability_alerts": true,
            "web_commit_signoff_required": false
          },
          "sensitive_attributes": [],
          "identity_schema_version": 0,
          "private": "eyJzY2hlbWFfdmVyc2lvbiI6IjEifQ==",
          "dependencies": [
            "module.onepassword_secrets.data.onepassword_item.archon",
            "module.onepassword_secrets.data.onepassword_item.cloudflare",
            "module.onepassword_secrets.data.onepassword_item.elk",
            "module.onepassword_secrets.data.onepassword_item.exa",
            "module.onepassword_secrets.data.onepassword_item.github",
            "module.onepassword_secrets.data.onepassword_item.glitchtip",
            "module.onepassword_secrets.data.onepassword_item.grafana",
            "module.onepassword_secrets.data.onepassword_item.mcphub",
            "module.onepassword_secrets.data.onepassword_item.n8n",
            "module.onepassword_secrets.data.onepassword_item.proxmox",
            "module.onepassword_secrets.data.onepassword_item.supabase",
            "module.onepassword_secrets.data.onepassword_vault.this"
          ]
        }
      ]
    },
    {
      "mode": "managed",
      "type": "github_repository_dependabot_security_updates",
      "name": "repositories",
      "provider": "provider[\"registry.terraform.io/integrations/github\"]",
      "instances": [
        {
          "index_key": "blacklist",
          "schema_version": 0,
          "attributes": {
            "enabled": true,
            "id": "blacklist",
            "repository": "blacklist"
          },
          "sensitive_attributes": [],
          "identity_schema_version": 0,
          "private": "bnVsbA==",
          "dependencies": [
            "github_repository.repos",
            "module.onepassword_secrets.data.onepassword_item.archon",
            "module.onepassword_secrets.data.onepassword_item.cloudflare",
            "module.onepassword_secrets.data.onepassword_item.elk",
            "module.onepassword_secrets.data.onepassword_item.exa",
            "module.onepassword_secrets.data.onepassword_item.github",
            "module.onepassword_secrets.data.onepassword_item.glitchtip",
            "module.onepassword_secrets.data.onepassword_item.grafana",
            "module.onepassword_secrets.data.onepassword_item.mcphub",
            "module.onepassword_secrets.data.onepassword_item.n8n",
            "module.onepassword_secrets.data.onepassword_item.proxmox",
            "module.onepassword_secrets.data.onepassword_item.supabase",
            "module.onepassword_secrets.data.onepassword_vault.this"
          ]
        },
        {
          "index_key": "hycu_fsds",
          "schema_version": 0,
          "attributes": {
            "enabled": true,
            "id": "hycu_fsds",
            "repository": "hycu_fsds"
          },
          "sensitive_attributes": [],
          "identity_schema_version": 0,
          "private": "bnVsbA==",
          "dependencies": [
            "github_repository.repos",
            "module.onepassword_secrets.data.onepassword_item.archon",
            "module.onepassword_secrets.data.onepassword_item.cloudflare",
            "module.onepassword_secrets.data.onepassword_item.elk",
            "module.onepassword_secrets.data.onepassword_item.exa",
            "module.onepassword_secrets.data.onepassword_item.github",
            "module.onepassword_secrets.data.onepassword_item.glitchtip",
            "module.onepassword_secrets.data.onepassword_item.grafana",
            "module.onepassword_secrets.data.onepassword_item.mcphub",
            "module.onepassword_secrets.data.onepassword_item.n8n",
            "module.onepassword_secrets.data.onepassword_item.proxmox",
            "module.onepassword_secrets.data.onepassword_item.supabase",
            "module.onepassword_secrets.data.onepassword_vault.this"
          ]
        },
        {
          "index_key": "propose",
          "schema_version": 0,
          "attributes": {
            "enabled": true,
            "id": "propose",
            "repository": "propose"
          },
          "sensitive_attributes": [],
          "identity_schema_version": 0,
          "private": "bnVsbA==",
          "dependencies": [
            "github_repository.repos",
            "module.onepassword_secrets.data.onepassword_item.archon",
            "module.onepassword_secrets.data.onepassword_item.cloudflare",
            "module.onepassword_secrets.data.onepassword_item.elk",
            "module.onepassword_secrets.data.onepassword_item.exa",
            "module.onepassword_secrets.data.onepassword_item.github",
            "module.onepassword_secrets.data.onepassword_item.glitchtip",
            "module.onepassword_secrets.data.onepassword_item.grafana",
            "module.onepassword_secrets.data.onepassword_item.mcphub",
            "module.onepassword_secrets.data.onepassword_item.n8n",
            "module.onepassword_secrets.data.onepassword_item.proxmox",
            "module.onepassword_secrets.data.onepassword_item.supabase",
            "module.onepassword_secrets.data.onepassword_vault.this"
          ]
        },
        {
          "index_key": "resume",
          "schema_version": 0,
          "attributes": {
            "enabled": true,
            "id": "resume",
            "repository": "resume"
          },
          "sensitive_attributes": [],
          "identity_schema_version": 0,
          "private": "bnVsbA==",
          "dependencies": [
            "github_repository.repos",
            "module.onepassword_secrets.data.onepassword_item.archon",
            "module.onepassword_secrets.data.onepassword_item.cloudflare",
            "module.onepassword_secrets.data.onepassword_item.elk",
            "module.onepassword_secrets.data.onepassword_item.exa",
            "module.onepassword_secrets.data.onepassword_item.github",
            "module.onepassword_secrets.data.onepassword_item.glitchtip",
            "module.onepassword_secrets.data.onepassword_item.grafana",
            "module.onepassword_secrets.data.onepassword_item.mcphub",
            "module.onepassword_secrets.data.onepassword_item.n8n",
            "module.onepassword_secrets.data.onepassword_item.proxmox",
            "module.onepassword_secrets.data.onepassword_item.supabase",
            "module.onepassword_secrets.data.onepassword_vault.this"
          ]
        },
        {
          "index_key": "splunk",
          "schema_version": 0,
          "attributes": {
            "enabled": true,
            "id": "splunk",
            "repository": "splunk"
          },
          "sensitive_attributes": [],
          "identity_schema_version": 0,
          "private": "bnVsbA==",
          "dependencies": [
            "github_repository.repos",
            "module.onepassword_secrets.data.onepassword_item.archon",
            "module.onepassword_secrets.data.onepassword_item.cloudflare",
            "module.onepassword_secrets.data.onepassword_item.elk",
            "module.onepassword_secrets.data.onepassword_item.exa",
            "module.onepassword_secrets.data.onepassword_item.github",
            "module.onepassword_secrets.data.onepassword_item.glitchtip",
            "module.onepassword_secrets.data.onepassword_item.grafana",
            "module.onepassword_secrets.data.onepassword_item.mcphub",
            "module.onepassword_secrets.data.onepassword_item.n8n",
            "module.onepassword_secrets.data.onepassword_item.proxmox",
            "module.onepassword_secrets.data.onepassword_item.supabase",
            "module.onepassword_secrets.data.onepassword_vault.this"
          ]
        },
        {
          "index_key": "terraform",
          "schema_version": 0,
          "attributes": {
            "enabled": true,
            "id": "terraform",
            "repository": "terraform"
          },
          "sensitive_attributes": [],
          "identity_schema_version": 0,
          "private": "bnVsbA==",
          "dependencies": [
            "github_repository.repos",
            "module.onepassword_secrets.data.onepassword_item.archon",
            "module.onepassword_secrets.data.onepassword_item.cloudflare",
            "module.onepassword_secrets.data.onepassword_item.elk",
            "module.onepassword_secrets.data.onepassword_item.exa",
            "module.onepassword_secrets.data.onepassword_item.github",
            "module.onepassword_secrets.data.onepassword_item.glitchtip",
            "module.onepassword_secrets.data.onepassword_item.grafana",
            "module.onepassword_secrets.data.onepassword_item.mcphub",
            "module.onepassword_secrets.data.onepassword_item.n8n",
            "module.onepassword_secrets.data.onepassword_item.proxmox",
            "module.onepassword_secrets.data.onepassword_item.supabase",
            "module.onepassword_secrets.data.onepassword_vault.this"
          ]
        },
        {
          "index_key": "tmux",
          "schema_version": 0,
          "attributes": {
            "enabled": true,
            "id": "tmux",
            "repository": "tmux"
          },
          "sensitive_attributes": [],
          "identity_schema_version": 0,
          "private": "bnVsbA==",
          "dependencies": [
            "github_repository.repos",
            "module.onepassword_secrets.data.onepassword_item.archon",
            "module.onepassword_secrets.data.onepassword_item.cloudflare",
            "module.onepassword_secrets.data.onepassword_item.elk",
            "module.onepassword_secrets.data.onepassword_item.exa",
            "module.onepassword_secrets.data.onepassword_item.github",
            "module.onepassword_secrets.data.onepassword_item.glitchtip",
            "module.onepassword_secrets.data.onepassword_item.grafana",
            "module.onepassword_secrets.data.onepassword_item.mcphub",
            "module.onepassword_secrets.data.onepassword_item.n8n",
            "module.onepassword_secrets.data.onepassword_item.proxmox",
            "module.onepassword_secrets.data.onepassword_item.supabase",
            "module.onepassword_secrets.data.onepassword_vault.this"
          ]
        },
        {
          "index_key": "youtube",
          "schema_version": 0,
          "attributes": {
            "enabled": true,
            "id": "youtube",
            "repository": "youtube"
          },
          "sensitive_attributes": [],
          "identity_schema_version": 0,
          "private": "bnVsbA==",
          "dependencies": [
            "github_repository.repos",
            "module.onepassword_secrets.data.onepassword_item.archon",
            "module.onepassword_secrets.data.onepassword_item.cloudflare",
            "module.onepassword_secrets.data.onepassword_item.elk",
            "module.onepassword_secrets.data.onepassword_item.exa",
            "module.onepassword_secrets.data.onepassword_item.github",
            "module.onepassword_secrets.data.onepassword_item.glitchtip",
            "module.onepassword_secrets.data.onepassword_item.grafana",
            "module.onepassword_secrets.data.onepassword_item.mcphub",
            "module.onepassword_secrets.data.onepassword_item.n8n",
            "module.onepassword_secrets.data.onepassword_item.proxmox",
            "module.onepassword_secrets.data.onepassword_item.supabase",
            "module.onepassword_secrets.data.onepassword_vault.this"
          ]
        }
      ]
    },
    {
      "mode": "managed",
      "type": "github_repository_environment",
      "name": "environments",
      "provider": "provider[\"registry.terraform.io/integrations/github\"]",
      "instances": [
        {
          "index_key": "terraform:production",
          "schema_version": 0,
          "attributes": {
            "can_admins_bypass": true,
            "deployment_branch_policy": [
              {
                "custom_branch_policies": false,
                "protected_branches": true
              }
            ],
            "environment": "production",
            "id": "terraform:production",
            "prevent_self_review": false,
            "repository": "terraform",
            "reviewers": [],
            "wait_timer": 0
          },
          "sensitive_attributes": [],
          "identity_schema_version": 0,
          "private": "bnVsbA==",
          "dependencies": [
            "module.onepassword_secrets.data.onepassword_item.archon",
            "module.onepassword_secrets.data.onepassword_item.cloudflare",
            "module.onepassword_secrets.data.onepassword_item.elk",
            "module.onepassword_secrets.data.onepassword_item.exa",
            "module.onepassword_secrets.data.onepassword_item.github",
            "module.onepassword_secrets.data.onepassword_item.glitchtip",
            "module.onepassword_secrets.data.onepassword_item.grafana",
            "module.onepassword_secrets.data.onepassword_item.mcphub",
            "module.onepassword_secrets.data.onepassword_item.n8n",
            "module.onepassword_secrets.data.onepassword_item.proxmox",
            "module.onepassword_secrets.data.onepassword_item.supabase",
            "module.onepassword_secrets.data.onepassword_vault.this"
          ]
        }
      ]
    },
    {
      "mode": "managed",
      "type": "github_repository_ruleset",
      "name": "branch",
      "provider": "provider[\"registry.terraform.io/integrations/github\"]",
      "instances": [
        {
          "index_key": "blacklist",
          "schema_version": 1,
          "attributes": {
            "bypass_actors": [
              {
                "actor_id": 5,
                "actor_type": "RepositoryRole",
                "bypass_mode": "always"
              }
            ],
            "conditions": [
              {
                "ref_name": [
                  {
                    "exclude": [],
                    "include": [
                      "~DEFAULT_BRANCH"
                    ]
                  }
                ]
              }
            ],
            "enforcement": "active",
            "etag": "W/\"a9a22e46f98b47a8f2231e56f90c99c0357cef05db537c6bc33f78b85ffc8ff4\"",
            "id": "12843371",
            "name": "default-branch-rules",
            "node_id": "RRS_lACqUmVwb3NpdG9yec5Edwp_zgDD-Ws",
            "repository": "blacklist",
            "rules": [
              {
                "branch_name_pattern": [],
                "commit_author_email_pattern": [],
                "commit_message_pattern": [],
                "committer_email_pattern": [],
                "copilot_code_review": [],
                "creation": true,
                "deletion": true,
                "file_extension_restriction": [],
                "file_path_restriction": [],
                "max_file_path_length": [],
                "max_file_size": [],
                "merge_queue": [],
                "non_fast_forward": true,
                "pull_request": [
                  {
                    "allowed_merge_methods": [
                      "squash",
                      "rebase"
                    ],
                    "dismiss_stale_reviews_on_push": true,
                    "require_code_owner_review": false,
                    "require_last_push_approval": false,
                    "required_approving_review_count": 1,
                    "required_review_thread_resolution": true,
                    "required_reviewers": []
                  }
                ],
                "required_code_scanning": [],
                "required_deployments": [],
                "required_linear_history": true,
                "required_signatures": false,
                "required_status_checks": [
                  {
                    "do_not_enforce_on_create": false,
                    "required_check": [
                      {
                        "context": "Validate Changes",
                        "integration_id": 0
                      }
                    ],
                    "strict_required_status_checks_policy": true
                  }
                ],
                "tag_name_pattern": [],
                "update": true,
                "update_allows_fetch_and_merge": false
              }
            ],
            "ruleset_id": 12843371,
            "target": "branch"
          },
          "sensitive_attributes": [],
          "identity_schema_version": 0,
          "private": "eyJzY2hlbWFfdmVyc2lvbiI6IjEifQ==",
          "dependencies": [
            "github_repository.repos",
            "module.onepassword_secrets.data.onepassword_item.archon",
            "module.onepassword_secrets.data.onepassword_item.cloudflare",
            "module.onepassword_secrets.data.onepassword_item.elk",
            "module.onepassword_secrets.data.onepassword_item.exa",
            "module.onepassword_secrets.data.onepassword_item.github",
            "module.onepassword_secrets.data.onepassword_item.glitchtip",
            "module.onepassword_secrets.data.onepassword_item.grafana",
            "module.onepassword_secrets.data.onepassword_item.mcphub",
            "module.onepassword_secrets.data.onepassword_item.n8n",
            "module.onepassword_secrets.data.onepassword_item.proxmox",
            "module.onepassword_secrets.data.onepassword_item.supabase",
            "module.onepassword_secrets.data.onepassword_vault.this"
          ]
        },
        {
          "index_key": "hycu_fsds",
          "schema_version": 1,
          "attributes": {
            "bypass_actors": [
              {
                "actor_id": 5,
                "actor_type": "RepositoryRole",
                "bypass_mode": "always"
              }
            ],
            "conditions": [
              {
                "ref_name": [
                  {
                    "exclude": [],
                    "include": [
                      "~DEFAULT_BRANCH"
                    ]
                  }
                ]
              }
            ],
            "enforcement": "active",
            "etag": "W/\"827e34d0c8d30577fcf34c474167e343841b5c664b596a1d4c61ba72d4ae70f6\"",
            "id": "12843357",
            "name": "default-branch-rules",
            "node_id": "RRS_lACqUmVwb3NpdG9yec5E2gfSzgDD-V0",
            "repository": "hycu_fsds",
            "rules": [
              {
                "branch_name_pattern": [],
                "commit_author_email_pattern": [],
                "commit_message_pattern": [],
                "committer_email_pattern": [],
                "copilot_code_review": [],
                "creation": true,
                "deletion": true,
                "file_extension_restriction": [],
                "file_path_restriction": [],
                "max_file_path_length": [],
                "max_file_size": [],
                "merge_queue": [],
                "non_fast_forward": true,
                "pull_request": [
                  {
                    "allowed_merge_methods": [
                      "squash",
                      "rebase"
                    ],
                    "dismiss_stale_reviews_on_push": true,
                    "require_code_owner_review": false,
                    "require_last_push_approval": false,
                    "required_approving_review_count": 1,
                    "required_review_thread_resolution": true,
                    "required_reviewers": []
                  }
                ],
                "required_code_scanning": [],
                "required_deployments": [],
                "required_linear_history": true,
                "required_signatures": false,
                "required_status_checks": [
                  {
                    "do_not_enforce_on_create": false,
                    "required_check": [
                      {
                        "context": "Validate Changes",
                        "integration_id": 0
                      }
                    ],
                    "strict_required_status_checks_policy": true
                  }
                ],
                "tag_name_pattern": [],
                "update": true,
                "update_allows_fetch_and_merge": false
              }
            ],
            "ruleset_id": 12843357,
            "target": "branch"
          },
          "sensitive_attributes": [],
          "identity_schema_version": 0,
          "private": "eyJzY2hlbWFfdmVyc2lvbiI6IjEifQ==",
          "dependencies": [
            "github_repository.repos",
            "module.onepassword_secrets.data.onepassword_item.archon",
            "module.onepassword_secrets.data.onepassword_item.cloudflare",
            "module.onepassword_secrets.data.onepassword_item.elk",
            "module.onepassword_secrets.data.onepassword_item.exa",
            "module.onepassword_secrets.data.onepassword_item.github",
            "module.onepassword_secrets.data.onepassword_item.glitchtip",
            "module.onepassword_secrets.data.onepassword_item.grafana",
            "module.onepassword_secrets.data.onepassword_item.mcphub",
            "module.onepassword_secrets.data.onepassword_item.n8n",
            "module.onepassword_secrets.data.onepassword_item.proxmox",
            "module.onepassword_secrets.data.onepassword_item.supabase",
            "module.onepassword_secrets.data.onepassword_vault.this"
          ]
        },
        {
          "index_key": "resume",
          "schema_version": 1,
          "attributes": {
            "bypass_actors": [
              {
                "actor_id": 5,
                "actor_type": "RepositoryRole",
                "bypass_mode": "always"
              }
            ],
            "conditions": [
              {
                "ref_name": [
                  {
                    "exclude": [],
                    "include": [
                      "~DEFAULT_BRANCH"
                    ]
                  }
                ]
              }
            ],
            "enforcement": "active",
            "etag": "W/\"424a1ebf5a6fad8f0df673dd1fb5fe989368e63e23f37e56a676ce765b2c9a8c\"",
            "id": "12843367",
            "name": "default-branch-rules",
            "node_id": "RRS_lACqUmVwb3NpdG9yec4_lhDszgDD-Wc",
            "repository": "resume",
            "rules": [
              {
                "branch_name_pattern": [],
                "commit_author_email_pattern": [],
                "commit_message_pattern": [],
                "committer_email_pattern": [],
                "copilot_code_review": [],
                "creation": false,
                "deletion": true,
                "file_extension_restriction": [],
                "file_path_restriction": [],
                "max_file_path_length": [],
                "max_file_size": [],
                "merge_queue": [],
                "non_fast_forward": true,
                "pull_request": [
                  {
                    "allowed_merge_methods": [
                      "squash",
                      "rebase"
                    ],
                    "dismiss_stale_reviews_on_push": false,
                    "require_code_owner_review": false,
                    "require_last_push_approval": false,
                    "required_approving_review_count": 1,
                    "required_review_thread_resolution": false,
                    "required_reviewers": []
                  }
                ],
                "required_code_scanning": [],
                "required_deployments": [],
                "required_linear_history": false,
                "required_signatures": false,
                "required_status_checks": [],
                "tag_name_pattern": [],
                "update": true,
                "update_allows_fetch_and_merge": false
              }
            ],
            "ruleset_id": 12843367,
            "target": "branch"
          },
          "sensitive_attributes": [],
          "identity_schema_version": 0,
          "private": "eyJzY2hlbWFfdmVyc2lvbiI6IjEifQ==",
          "dependencies": [
            "github_repository.repos",
            "module.onepassword_secrets.data.onepassword_item.archon",
            "module.onepassword_secrets.data.onepassword_item.cloudflare",
            "module.onepassword_secrets.data.onepassword_item.elk",
            "module.onepassword_secrets.data.onepassword_item.exa",
            "module.onepassword_secrets.data.onepassword_item.github",
            "module.onepassword_secrets.data.onepassword_item.glitchtip",
            "module.onepassword_secrets.data.onepassword_item.grafana",
            "module.onepassword_secrets.data.onepassword_item.mcphub",
            "module.onepassword_secrets.data.onepassword_item.n8n",
            "module.onepassword_secrets.data.onepassword_item.proxmox",
            "module.onepassword_secrets.data.onepassword_item.supabase",
            "module.onepassword_secrets.data.onepassword_vault.this"
          ]
        },
        {
          "index_key": "splunk",
          "schema_version": 1,
          "attributes": {
            "bypass_actors": [
              {
                "actor_id": 5,
                "actor_type": "RepositoryRole",
                "bypass_mode": "always"
              }
            ],
            "conditions": [
              {
                "ref_name": [
                  {
                    "exclude": [],
                    "include": [
                      "~DEFAULT_BRANCH"
                    ]
                  }
                ]
              }
            ],
            "enforcement": "active",
            "etag": "W/\"29f335294ec7a690ee0de04efc9894bcc78d9640f818a259c9b293e40ec3a8b6\"",
            "id": "12843374",
            "name": "default-branch-rules",
            "node_id": "RRS_lACqUmVwb3NpdG9yec4_cfK3zgDD-W4",
            "repository": "splunk",
            "rules": [
              {
                "branch_name_pattern": [],
                "commit_author_email_pattern": [],
                "commit_message_pattern": [],
                "committer_email_pattern": [],
                "copilot_code_review": [],
                "creation": false,
                "deletion": true,
                "file_extension_restriction": [],
                "file_path_restriction": [],
                "max_file_path_length": [],
                "max_file_size": [],
                "merge_queue": [],
                "non_fast_forward": true,
                "pull_request": [
                  {
                    "allowed_merge_methods": [
                      "squash",
                      "rebase"
                    ],
                    "dismiss_stale_reviews_on_push": false,
                    "require_code_owner_review": false,
                    "require_last_push_approval": false,
                    "required_approving_review_count": 1,
                    "required_review_thread_resolution": false,
                    "required_reviewers": []
                  }
                ],
                "required_code_scanning": [],
                "required_deployments": [],
                "required_linear_history": false,
                "required_signatures": false,
                "required_status_checks": [],
                "tag_name_pattern": [],
                "update": true,
                "update_allows_fetch_and_merge": false
              }
            ],
            "ruleset_id": 12843374,
            "target": "branch"
          },
          "sensitive_attributes": [],
          "identity_schema_version": 0,
          "private": "eyJzY2hlbWFfdmVyc2lvbiI6IjEifQ==",
          "dependencies": [
            "github_repository.repos",
            "module.onepassword_secrets.data.onepassword_item.archon",
            "module.onepassword_secrets.data.onepassword_item.cloudflare",
            "module.onepassword_secrets.data.onepassword_item.elk",
            "module.onepassword_secrets.data.onepassword_item.exa",
            "module.onepassword_secrets.data.onepassword_item.github",
            "module.onepassword_secrets.data.onepassword_item.glitchtip",
            "module.onepassword_secrets.data.onepassword_item.grafana",
            "module.onepassword_secrets.data.onepassword_item.mcphub",
            "module.onepassword_secrets.data.onepassword_item.n8n",
            "module.onepassword_secrets.data.onepassword_item.proxmox",
            "module.onepassword_secrets.data.onepassword_item.supabase",
            "module.onepassword_secrets.data.onepassword_vault.this"
          ]
        },
        {
          "index_key": "tmux",
          "schema_version": 1,
          "attributes": {
            "bypass_actors": [
              {
                "actor_id": 5,
                "actor_type": "RepositoryRole",
                "bypass_mode": "always"
              }
            ],
            "conditions": [
              {
                "ref_name": [
                  {
                    "exclude": [],
                    "include": [
                      "~DEFAULT_BRANCH"
                    ]
                  }
                ]
              }
            ],
            "enforcement": "active",
            "etag": "W/\"add1857051dc1a80f64341b60e0aff24cbb4c40f824c476afbb97db899916ce9\"",
            "id": "12843373",
            "name": "default-branch-rules",
            "node_id": "RRS_lACqUmVwb3NpdG9yec5E2F9fzgDD-W0",
            "repository": "tmux",
            "rules": [
              {
                "branch_name_pattern": [],
                "commit_author_email_pattern": [],
                "commit_message_pattern": [],
                "committer_email_pattern": [],
                "copilot_code_review": [],
                "creation": false,
                "deletion": true,
                "file_extension_restriction": [],
                "file_path_restriction": [],
                "max_file_path_length": [],
                "max_file_size": [],
                "merge_queue": [],
                "non_fast_forward": true,
                "pull_request": [
                  {
                    "allowed_merge_methods": [
                      "squash",
                      "rebase"
                    ],
                    "dismiss_stale_reviews_on_push": false,
                    "require_code_owner_review": false,
                    "require_last_push_approval": false,
                    "required_approving_review_count": 1,
                    "required_review_thread_resolution": false,
                    "required_reviewers": []
                  }
                ],
                "required_code_scanning": [],
                "required_deployments": [],
                "required_linear_history": false,
                "required_signatures": false,
                "required_status_checks": [],
                "tag_name_pattern": [],
                "update": true,
                "update_allows_fetch_and_merge": false
              }
            ],
            "ruleset_id": 12843373,
            "target": "branch"
          },
          "sensitive_attributes": [],
          "identity_schema_version": 0,
          "private": "eyJzY2hlbWFfdmVyc2lvbiI6IjEifQ==",
          "dependencies": [
            "github_repository.repos",
            "module.onepassword_secrets.data.onepassword_item.archon",
            "module.onepassword_secrets.data.onepassword_item.cloudflare",
            "module.onepassword_secrets.data.onepassword_item.elk",
            "module.onepassword_secrets.data.onepassword_item.exa",
            "module.onepassword_secrets.data.onepassword_item.github",
            "module.onepassword_secrets.data.onepassword_item.glitchtip",
            "module.onepassword_secrets.data.onepassword_item.grafana",
            "module.onepassword_secrets.data.onepassword_item.mcphub",
            "module.onepassword_secrets.data.onepassword_item.n8n",
            "module.onepassword_secrets.data.onepassword_item.proxmox",
            "module.onepassword_secrets.data.onepassword_item.supabase",
            "module.onepassword_secrets.data.onepassword_vault.this"
          ]
        }
      ]
    },
    {
      "mode": "managed",
      "type": "github_repository_ruleset",
      "name": "code_scanning",
      "provider": "provider[\"registry.terraform.io/integrations/github\"]",
      "instances": [
        {
          "index_key": "blacklist",
          "schema_version": 1,
          "attributes": {
            "bypass_actors": [
              {
                "actor_id": 5,
                "actor_type": "RepositoryRole",
                "bypass_mode": "always"
              }
            ],
            "conditions": [
              {
                "ref_name": [
                  {
                    "exclude": [],
                    "include": [
                      "~DEFAULT_BRANCH"
                    ]
                  }
                ]
              }
            ],
            "enforcement": "active",
            "etag": "W/\"29ab762678503c5e8d468008d554cdc6e028137632d58e1b5a0e4560fb1d3e6a\"",
            "id": "12978661",
            "name": "required-code-scanning",
            "node_id": "RRS_lACqUmVwb3NpdG9yec5Edwp_zgDGCeU",
            "repository": "blacklist",
            "rules": [
              {
                "branch_name_pattern": [],
                "commit_author_email_pattern": [],
                "commit_message_pattern": [],
                "committer_email_pattern": [],
                "copilot_code_review": [],
                "creation": false,
                "deletion": false,
                "file_extension_restriction": [],
                "file_path_restriction": [],
                "max_file_path_length": [],
                "max_file_size": [],
                "merge_queue": [],
                "non_fast_forward": false,
                "pull_request": [],
                "required_code_scanning": [
                  {
                    "required_code_scanning_tool": [
                      {
                        "alerts_threshold": "errors",
                        "security_alerts_threshold": "high_or_higher",
                        "tool": "CodeQL"
                      }
                    ]
                  }
                ],
                "required_deployments": [],
                "required_linear_history": false,
                "required_signatures": false,
                "required_status_checks": [],
                "tag_name_pattern": [],
                "update": false,
                "update_allows_fetch_and_merge": false
              }
            ],
            "ruleset_id": 12978661,
            "target": "branch"
          },
          "sensitive_attributes": [],
          "identity_schema_version": 0,
          "private": "eyJzY2hlbWFfdmVyc2lvbiI6IjEifQ==",
          "dependencies": [
            "github_repository.repos",
            "module.onepassword_secrets.data.onepassword_item.archon",
            "module.onepassword_secrets.data.onepassword_item.cloudflare",
            "module.onepassword_secrets.data.onepassword_item.elk",
            "module.onepassword_secrets.data.onepassword_item.exa",
            "module.onepassword_secrets.data.onepassword_item.github",
            "module.onepassword_secrets.data.onepassword_item.glitchtip",
            "module.onepassword_secrets.data.onepassword_item.grafana",
            "module.onepassword_secrets.data.onepassword_item.mcphub",
            "module.onepassword_secrets.data.onepassword_item.n8n",
            "module.onepassword_secrets.data.onepassword_item.proxmox",
            "module.onepassword_secrets.data.onepassword_item.supabase",
            "module.onepassword_secrets.data.onepassword_vault.this"
          ]
        },
        {
          "index_key": "hycu_fsds",
          "schema_version": 1,
          "attributes": {
            "bypass_actors": [
              {
                "actor_id": 5,
                "actor_type": "RepositoryRole",
                "bypass_mode": "always"
              }
            ],
            "conditions": [
              {
                "ref_name": [
                  {
                    "exclude": [],
                    "include": [
                      "~DEFAULT_BRANCH"
                    ]
                  }
                ]
              }
            ],
            "enforcement": "active",
            "etag": "W/\"318f5a8ccedb1e06e5c374530949270fc1d7f0c600686a8ce3d88474589a77e1\"",
            "id": "12978663",
            "name": "required-code-scanning",
            "node_id": "RRS_lACqUmVwb3NpdG9yec5E2gfSzgDGCec",
            "repository": "hycu_fsds",
            "rules": [
              {
                "branch_name_pattern": [],
                "commit_author_email_pattern": [],
                "commit_message_pattern": [],
                "committer_email_pattern": [],
                "copilot_code_review": [],
                "creation": false,
                "deletion": false,
                "file_extension_restriction": [],
                "file_path_restriction": [],
                "max_file_path_length": [],
                "max_file_size": [],
                "merge_queue": [],
                "non_fast_forward": false,
                "pull_request": [],
                "required_code_scanning": [
                  {
                    "required_code_scanning_tool": [
                      {
                        "alerts_threshold": "errors",
                        "security_alerts_threshold": "high_or_higher",
                        "tool": "CodeQL"
                      }
                    ]
                  }
                ],
                "required_deployments": [],
                "required_linear_history": false,
                "required_signatures": false,
                "required_status_checks": [],
                "tag_name_pattern": [],
                "update": false,
                "update_allows_fetch_and_merge": false
              }
            ],
            "ruleset_id": 12978663,
            "target": "branch"
          },
          "sensitive_attributes": [],
          "identity_schema_version": 0,
          "private": "eyJzY2hlbWFfdmVyc2lvbiI6IjEifQ==",
          "dependencies": [
            "github_repository.repos",
            "module.onepassword_secrets.data.onepassword_item.archon",
            "module.onepassword_secrets.data.onepassword_item.cloudflare",
            "module.onepassword_secrets.data.onepassword_item.elk",
            "module.onepassword_secrets.data.onepassword_item.exa",
            "module.onepassword_secrets.data.onepassword_item.github",
            "module.onepassword_secrets.data.onepassword_item.glitchtip",
            "module.onepassword_secrets.data.onepassword_item.grafana",
            "module.onepassword_secrets.data.onepassword_item.mcphub",
            "module.onepassword_secrets.data.onepassword_item.n8n",
            "module.onepassword_secrets.data.onepassword_item.proxmox",
            "module.onepassword_secrets.data.onepassword_item.supabase",
            "module.onepassword_secrets.data.onepassword_vault.this"
          ]
        },
        {
          "index_key": "resume",
          "schema_version": 1,
          "attributes": {
            "bypass_actors": [
              {
                "actor_id": 5,
                "actor_type": "RepositoryRole",
                "bypass_mode": "always"
              }
            ],
            "conditions": [
              {
                "ref_name": [
                  {
                    "exclude": [],
                    "include": [
                      "~DEFAULT_BRANCH"
                    ]
                  }
                ]
              }
            ],
            "enforcement": "active",
            "etag": "W/\"0455d4e48d2989030f68633d43e570fe52c3b4381c37993de0038c2cc113a13a\"",
            "id": "12978654",
            "name": "required-code-scanning",
            "node_id": "RRS_lACqUmVwb3NpdG9yec4_lhDszgDGCd4",
            "repository": "resume",
            "rules": [
              {
                "branch_name_pattern": [],
                "commit_author_email_pattern": [],
                "commit_message_pattern": [],
                "committer_email_pattern": [],
                "copilot_code_review": [],
                "creation": false,
                "deletion": false,
                "file_extension_restriction": [],
                "file_path_restriction": [],
                "max_file_path_length": [],
                "max_file_size": [],
                "merge_queue": [],
                "non_fast_forward": false,
                "pull_request": [],
                "required_code_scanning": [
                  {
                    "required_code_scanning_tool": [
                      {
                        "alerts_threshold": "errors",
                        "security_alerts_threshold": "high_or_higher",
                        "tool": "CodeQL"
                      }
                    ]
                  }
                ],
                "required_deployments": [],
                "required_linear_history": false,
                "required_signatures": false,
                "required_status_checks": [],
                "tag_name_pattern": [],
                "update": false,
                "update_allows_fetch_and_merge": false
              }
            ],
            "ruleset_id": 12978654,
            "target": "branch"
          },
          "sensitive_attributes": [],
          "identity_schema_version": 0,
          "private": "eyJzY2hlbWFfdmVyc2lvbiI6IjEifQ==",
          "dependencies": [
            "github_repository.repos",
            "module.onepassword_secrets.data.onepassword_item.archon",
            "module.onepassword_secrets.data.onepassword_item.cloudflare",
            "module.onepassword_secrets.data.onepassword_item.elk",
            "module.onepassword_secrets.data.onepassword_item.exa",
            "module.onepassword_secrets.data.onepassword_item.github",
            "module.onepassword_secrets.data.onepassword_item.glitchtip",
            "module.onepassword_secrets.data.onepassword_item.grafana",
            "module.onepassword_secrets.data.onepassword_item.mcphub",
            "module.onepassword_secrets.data.onepassword_item.n8n",
            "module.onepassword_secrets.data.onepassword_item.proxmox",
            "module.onepassword_secrets.data.onepassword_item.supabase",
            "module.onepassword_secrets.data.onepassword_vault.this"
          ]
        },
        {
          "index_key": "splunk",
          "schema_version": 1,
          "attributes": {
            "bypass_actors": [
              {
                "actor_id": 5,
                "actor_type": "RepositoryRole",
                "bypass_mode": "always"
              }
            ],
            "conditions": [
              {
                "ref_name": [
                  {
                    "exclude": [],
                    "include": [
                      "~DEFAULT_BRANCH"
                    ]
                  }
                ]
              }
            ],
            "enforcement": "active",
            "etag": "W/\"fd30707c102b71ff018d7f95bf82a67897f0b660cfc5f271fd8aa0fb378eedf1\"",
            "id": "12978655",
            "name": "required-code-scanning",
            "node_id": "RRS_lACqUmVwb3NpdG9yec4_cfK3zgDGCd8",
            "repository": "splunk",
            "rules": [
              {
                "branch_name_pattern": [],
                "commit_author_email_pattern": [],
                "commit_message_pattern": [],
                "committer_email_pattern": [],
                "copilot_code_review": [],
                "creation": false,
                "deletion": false,
                "file_extension_restriction": [],
                "file_path_restriction": [],
                "max_file_path_length": [],
                "max_file_size": [],
                "merge_queue": [],
                "non_fast_forward": false,
                "pull_request": [],
                "required_code_scanning": [
                  {
                    "required_code_scanning_tool": [
                      {
                        "alerts_threshold": "errors",
                        "security_alerts_threshold": "high_or_higher",
                        "tool": "CodeQL"
                      }
                    ]
                  }
                ],
                "required_deployments": [],
                "required_linear_history": false,
                "required_signatures": false,
                "required_status_checks": [],
                "tag_name_pattern": [],
                "update": false,
                "update_allows_fetch_and_merge": false
              }
            ],
            "ruleset_id": 12978655,
            "target": "branch"
          },
          "sensitive_attributes": [],
          "identity_schema_version": 0,
          "private": "eyJzY2hlbWFfdmVyc2lvbiI6IjEifQ==",
          "dependencies": [
            "github_repository.repos",
            "module.onepassword_secrets.data.onepassword_item.archon",
            "module.onepassword_secrets.data.onepassword_item.cloudflare",
            "module.onepassword_secrets.data.onepassword_item.elk",
            "module.onepassword_secrets.data.onepassword_item.exa",
            "module.onepassword_secrets.data.onepassword_item.github",
            "module.onepassword_secrets.data.onepassword_item.glitchtip",
            "module.onepassword_secrets.data.onepassword_item.grafana",
            "module.onepassword_secrets.data.onepassword_item.mcphub",
            "module.onepassword_secrets.data.onepassword_item.n8n",
            "module.onepassword_secrets.data.onepassword_item.proxmox",
            "module.onepassword_secrets.data.onepassword_item.supabase",
            "module.onepassword_secrets.data.onepassword_vault.this"
          ]
        },
        {
          "index_key": "tmux",
          "schema_version": 1,
          "attributes": {
            "bypass_actors": [
              {
                "actor_id": 5,
                "actor_type": "RepositoryRole",
                "bypass_mode": "always"
              }
            ],
            "conditions": [
              {
                "ref_name": [
                  {
                    "exclude": [],
                    "include": [
                      "~DEFAULT_BRANCH"
                    ]
                  }
                ]
              }
            ],
            "enforcement": "active",
            "etag": "W/\"d6ab224657f37d84d795ca8056c55e43e9b4edc1b39e34c95bf354be24a206dd\"",
            "id": "12978659",
            "name": "required-code-scanning",
            "node_id": "RRS_lACqUmVwb3NpdG9yec5E2F9fzgDGCeM",
            "repository": "tmux",
            "rules": [
              {
                "branch_name_pattern": [],
                "commit_author_email_pattern": [],
                "commit_message_pattern": [],
                "committer_email_pattern": [],
                "copilot_code_review": [],
                "creation": false,
                "deletion": false,
                "file_extension_restriction": [],
                "file_path_restriction": [],
                "max_file_path_length": [],
                "max_file_size": [],
                "merge_queue": [],
                "non_fast_forward": false,
                "pull_request": [],
                "required_code_scanning": [
                  {
                    "required_code_scanning_tool": [
                      {
                        "alerts_threshold": "errors",
                        "security_alerts_threshold": "high_or_higher",
                        "tool": "CodeQL"
                      }
                    ]
                  }
                ],
                "required_deployments": [],
                "required_linear_history": false,
                "required_signatures": false,
                "required_status_checks": [],
                "tag_name_pattern": [],
                "update": false,
                "update_allows_fetch_and_merge": false
              }
            ],
            "ruleset_id": 12978659,
            "target": "branch"
          },
          "sensitive_attributes": [],
          "identity_schema_version": 0,
          "private": "eyJzY2hlbWFfdmVyc2lvbiI6IjEifQ==",
          "dependencies": [
            "github_repository.repos",
            "module.onepassword_secrets.data.onepassword_item.archon",
            "module.onepassword_secrets.data.onepassword_item.cloudflare",
            "module.onepassword_secrets.data.onepassword_item.elk",
            "module.onepassword_secrets.data.onepassword_item.exa",
            "module.onepassword_secrets.data.onepassword_item.github",
            "module.onepassword_secrets.data.onepassword_item.glitchtip",
            "module.onepassword_secrets.data.onepassword_item.grafana",
            "module.onepassword_secrets.data.onepassword_item.mcphub",
            "module.onepassword_secrets.data.onepassword_item.n8n",
            "module.onepassword_secrets.data.onepassword_item.proxmox",
            "module.onepassword_secrets.data.onepassword_item.supabase",
            "module.onepassword_secrets.data.onepassword_vault.this"
          ]
        }
      ]
    },
    {
      "mode": "managed",
      "type": "github_repository_ruleset",
      "name": "tags",
      "provider": "provider[\"registry.terraform.io/integrations/github\"]",
      "instances": [
        {
          "index_key": "blacklist",
          "schema_version": 1,
          "attributes": {
            "bypass_actors": [
              {
                "actor_id": 5,
                "actor_type": "RepositoryRole",
                "bypass_mode": "always"
              }
            ],
            "conditions": [
              {
                "ref_name": [
                  {
                    "exclude": [],
                    "include": [
                      "refs/tags/v*"
                    ]
                  }
                ]
              }
            ],
            "enforcement": "active",
            "etag": "W/\"72886c280d426648b389432727708914051a94d1f49eeb278ebd0dba51cc463e\"",
            "id": "12843381",
            "name": "tag-protection",
            "node_id": "RRS_lACqUmVwb3NpdG9yec5Edwp_zgDD-XU",
            "repository": "blacklist",
            "rules": [
              {
                "branch_name_pattern": [],
                "commit_author_email_pattern": [],
                "commit_message_pattern": [],
                "committer_email_pattern": [],
                "copilot_code_review": [],
                "creation": true,
                "deletion": true,
                "file_extension_restriction": [],
                "file_path_restriction": [],
                "max_file_path_length": [],
                "max_file_size": [],
                "merge_queue": [],
                "non_fast_forward": true,
                "pull_request": [],
                "required_code_scanning": [],
                "required_deployments": [],
                "required_linear_history": false,
                "required_signatures": false,
                "required_status_checks": [],
                "tag_name_pattern": [],
                "update": true,
                "update_allows_fetch_and_merge": false
              }
            ],
            "ruleset_id": 12843381,
            "target": "tag"
          },
          "sensitive_attributes": [],
          "identity_schema_version": 0,
          "private": "eyJzY2hlbWFfdmVyc2lvbiI6IjEifQ==",
          "dependencies": [
            "github_repository.repos",
            "module.onepassword_secrets.data.onepassword_item.archon",
            "module.onepassword_secrets.data.onepassword_item.cloudflare",
            "module.onepassword_secrets.data.onepassword_item.elk",
            "module.onepassword_secrets.data.onepassword_item.exa",
            "module.onepassword_secrets.data.onepassword_item.github",
            "module.onepassword_secrets.data.onepassword_item.glitchtip",
            "module.onepassword_secrets.data.onepassword_item.grafana",
            "module.onepassword_secrets.data.onepassword_item.mcphub",
            "module.onepassword_secrets.data.onepassword_item.n8n",
            "module.onepassword_secrets.data.onepassword_item.proxmox",
            "module.onepassword_secrets.data.onepassword_item.supabase",
            "module.onepassword_secrets.data.onepassword_vault.this"
          ]
        },
        {
          "index_key": "hycu_fsds",
          "schema_version": 1,
          "attributes": {
            "bypass_actors": [
              {
                "actor_id": 5,
                "actor_type": "RepositoryRole",
                "bypass_mode": "always"
              }
            ],
            "conditions": [
              {
                "ref_name": [
                  {
                    "exclude": [],
                    "include": [
                      "refs/tags/v*"
                    ]
                  }
                ]
              }
            ],
            "enforcement": "active",
            "etag": "W/\"efd32b53bb7222e06eafe02de85116a85959ffe32afe7a58efbcc6bca095d1b4\"",
            "id": "12843393",
            "name": "tag-protection",
            "node_id": "RRS_lACqUmVwb3NpdG9yec5E2gfSzgDD-YE",
            "repository": "hycu_fsds",
            "rules": [
              {
                "branch_name_pattern": [],
                "commit_author_email_pattern": [],
                "commit_message_pattern": [],
                "committer_email_pattern": [],
                "copilot_code_review": [],
                "creation": true,
                "deletion": true,
                "file_extension_restriction": [],
                "file_path_restriction": [],
                "max_file_path_length": [],
                "max_file_size": [],
                "merge_queue": [],
                "non_fast_forward": true,
                "pull_request": [],
                "required_code_scanning": [],
                "required_deployments": [],
                "required_linear_history": false,
                "required_signatures": false,
                "required_status_checks": [],
                "tag_name_pattern": [],
                "update": true,
                "update_allows_fetch_and_merge": false
              }
            ],
            "ruleset_id": 12843393,
            "target": "tag"
          },
          "sensitive_attributes": [],
          "identity_schema_version": 0,
          "private": "eyJzY2hlbWFfdmVyc2lvbiI6IjEifQ==",
          "dependencies": [
            "github_repository.repos",
            "module.onepassword_secrets.data.onepassword_item.archon",
            "module.onepassword_secrets.data.onepassword_item.cloudflare",
            "module.onepassword_secrets.data.onepassword_item.elk",
            "module.onepassword_secrets.data.onepassword_item.exa",
            "module.onepassword_secrets.data.onepassword_item.github",
            "module.onepassword_secrets.data.onepassword_item.glitchtip",
            "module.onepassword_secrets.data.onepassword_item.grafana",
            "module.onepassword_secrets.data.onepassword_item.mcphub",
            "module.onepassword_secrets.data.onepassword_item.n8n",
            "module.onepassword_secrets.data.onepassword_item.proxmox",
            "module.onepassword_secrets.data.onepassword_item.supabase",
            "module.onepassword_secrets.data.onepassword_vault.this"
          ]
        },
        {
          "index_key": "resume",
          "schema_version": 1,
          "attributes": {
            "bypass_actors": [
              {
                "actor_id": 5,
                "actor_type": "RepositoryRole",
                "bypass_mode": "always"
              }
            ],
            "conditions": [
              {
                "ref_name": [
                  {
                    "exclude": [],
                    "include": [
                      "refs/tags/v*"
                    ]
                  }
                ]
              }
            ],
            "enforcement": "active",
            "etag": "W/\"eae702dd34940886ca2999702961544ca77a1c5440ce36e0a19a00dc4aa1d99a\"",
            "id": "12843390",
            "name": "tag-protection",
            "node_id": "RRS_lACqUmVwb3NpdG9yec4_lhDszgDD-X4",
            "repository": "resume",
            "rules": [
              {
                "branch_name_pattern": [],
                "commit_author_email_pattern": [],
                "commit_message_pattern": [],
                "committer_email_pattern": [],
                "copilot_code_review": [],
                "creation": true,
                "deletion": true,
                "file_extension_restriction": [],
                "file_path_restriction": [],
                "max_file_path_length": [],
                "max_file_size": [],
                "merge_queue": [],
                "non_fast_forward": true,
                "pull_request": [],
                "required_code_scanning": [],
                "required_deployments": [],
                "required_linear_history": false,
                "required_signatures": false,
                "required_status_checks": [],
                "tag_name_pattern": [],
                "update": true,
                "update_allows_fetch_and_merge": false
              }
            ],
            "ruleset_id": 12843390,
            "target": "tag"
          },
          "sensitive_attributes": [],
          "identity_schema_version": 0,
          "private": "eyJzY2hlbWFfdmVyc2lvbiI6IjEifQ==",
          "dependencies": [
            "github_repository.repos",
            "module.onepassword_secrets.data.onepassword_item.archon",
            "module.onepassword_secrets.data.onepassword_item.cloudflare",
            "module.onepassword_secrets.data.onepassword_item.elk",
            "module.onepassword_secrets.data.onepassword_item.exa",
            "module.onepassword_secrets.data.onepassword_item.github",
            "module.onepassword_secrets.data.onepassword_item.glitchtip",
            "module.onepassword_secrets.data.onepassword_item.grafana",
            "module.onepassword_secrets.data.onepassword_item.mcphub",
            "module.onepassword_secrets.data.onepassword_item.n8n",
            "module.onepassword_secrets.data.onepassword_item.proxmox",
            "module.onepassword_secrets.data.onepassword_item.supabase",
            "module.onepassword_secrets.data.onepassword_vault.this"
          ]
        },
        {
          "index_key": "splunk",
          "schema_version": 1,
          "attributes": {
            "bypass_actors": [
              {
                "actor_id": 5,
                "actor_type": "RepositoryRole",
                "bypass_mode": "always"
              }
            ],
            "conditions": [
              {
                "ref_name": [
                  {
                    "exclude": [],
                    "include": [
                      "refs/tags/v*"
                    ]
                  }
                ]
              }
            ],
            "enforcement": "active",
            "etag": "W/\"bf9c68535f7f25efd889dbc370797fc24b09b67ba8dea10e7fb5c9c8ce21a851\"",
            "id": "12843388",
            "name": "tag-protection",
            "node_id": "RRS_lACqUmVwb3NpdG9yec4_cfK3zgDD-Xw",
            "repository": "splunk",
            "rules": [
              {
                "branch_name_pattern": [],
                "commit_author_email_pattern": [],
                "commit_message_pattern": [],
                "committer_email_pattern": [],
                "copilot_code_review": [],
                "creation": true,
                "deletion": true,
                "file_extension_restriction": [],
                "file_path_restriction": [],
                "max_file_path_length": [],
                "max_file_size": [],
                "merge_queue": [],
                "non_fast_forward": true,
                "pull_request": [],
                "required_code_scanning": [],
                "required_deployments": [],
                "required_linear_history": false,
                "required_signatures": false,
                "required_status_checks": [],
                "tag_name_pattern": [],
                "update": true,
                "update_allows_fetch_and_merge": false
              }
            ],
            "ruleset_id": 12843388,
            "target": "tag"
          },
          "sensitive_attributes": [],
          "identity_schema_version": 0,
          "private": "eyJzY2hlbWFfdmVyc2lvbiI6IjEifQ==",
          "dependencies": [
            "github_repository.repos",
            "module.onepassword_secrets.data.onepassword_item.archon",
            "module.onepassword_secrets.data.onepassword_item.cloudflare",
            "module.onepassword_secrets.data.onepassword_item.elk",
            "module.onepassword_secrets.data.onepassword_item.exa",
            "module.onepassword_secrets.data.onepassword_item.github",
            "module.onepassword_secrets.data.onepassword_item.glitchtip",
            "module.onepassword_secrets.data.onepassword_item.grafana",
            "module.onepassword_secrets.data.onepassword_item.mcphub",
            "module.onepassword_secrets.data.onepassword_item.n8n",
            "module.onepassword_secrets.data.onepassword_item.proxmox",
            "module.onepassword_secrets.data.onepassword_item.supabase",
            "module.onepassword_secrets.data.onepassword_vault.this"
          ]
        },
        {
          "index_key": "tmux",
          "schema_version": 1,
          "attributes": {
            "bypass_actors": [
              {
                "actor_id": 5,
                "actor_type": "RepositoryRole",
                "bypass_mode": "always"
              }
            ],
            "conditions": [
              {
                "ref_name": [
                  {
                    "exclude": [],
                    "include": [
                      "refs/tags/v*"
                    ]
                  }
                ]
              }
            ],
            "enforcement": "active",
            "etag": "W/\"9249f0a8ab73aae122efd00ff985b5f758b1a9ad72abe3f12a2b332318bd8d1c\"",
            "id": "12843351",
            "name": "tag-protection",
            "node_id": "RRS_lACqUmVwb3NpdG9yec5E2F9fzgDD-Vc",
            "repository": "tmux",
            "rules": [
              {
                "branch_name_pattern": [],
                "commit_author_email_pattern": [],
                "commit_message_pattern": [],
                "committer_email_pattern": [],
                "copilot_code_review": [],
                "creation": true,
                "deletion": true,
                "file_extension_restriction": [],
                "file_path_restriction": [],
                "max_file_path_length": [],
                "max_file_size": [],
                "merge_queue": [],
                "non_fast_forward": true,
                "pull_request": [],
                "required_code_scanning": [],
                "required_deployments": [],
                "required_linear_history": false,
                "required_signatures": false,
                "required_status_checks": [],
                "tag_name_pattern": [],
                "update": true,
                "update_allows_fetch_and_merge": false
              }
            ],
            "ruleset_id": 12843351,
            "target": "tag"
          },
          "sensitive_attributes": [],
          "identity_schema_version": 0,
          "private": "eyJzY2hlbWFfdmVyc2lvbiI6IjEifQ==",
          "dependencies": [
            "github_repository.repos",
            "module.onepassword_secrets.data.onepassword_item.archon",
            "module.onepassword_secrets.data.onepassword_item.cloudflare",
            "module.onepassword_secrets.data.onepassword_item.elk",
            "module.onepassword_secrets.data.onepassword_item.exa",
            "module.onepassword_secrets.data.onepassword_item.github",
            "module.onepassword_secrets.data.onepassword_item.glitchtip",
            "module.onepassword_secrets.data.onepassword_item.grafana",
            "module.onepassword_secrets.data.onepassword_item.mcphub",
            "module.onepassword_secrets.data.onepassword_item.n8n",
            "module.onepassword_secrets.data.onepassword_item.proxmox",
            "module.onepassword_secrets.data.onepassword_item.supabase",
            "module.onepassword_secrets.data.onepassword_vault.this"
          ]
        }
      ]
    },
    {
      "mode": "managed",
      "type": "github_repository_webhook",
      "name": "webhooks",
      "provider": "provider[\"registry.terraform.io/integrations/github\"]",
      "instances": [
        {
          "index_key": "blacklist:github-issue",
          "schema_version": 1,
          "attributes": {
            "active": true,
            "configuration": [
              {
                "content_type": "json",
                "insecure_ssl": false,
                "secret": "",
                "url": "https://mcphub.jclee.me/webhook/github-issue"
              }
            ],
            "etag": null,
            "events": [
              "issue_comment",
              "issues"
            ],
            "id": "596429888",
            "repository": "blacklist",
            "url": "https://api.github.com/repos/qws941/blacklist/hooks/596429888"
          },
          "sensitive_attributes": [
            [
              {
                "type": "get_attr",
                "value": "configuration"
              },
              {
                "type": "index",
                "value": {
                  "value": 0,
                  "type": "number"
                }
              },
              {
                "type": "get_attr",
                "value": "secret"
              }
            ],
            [
              {
                "type": "get_attr",
                "value": "configuration"
              },
              {
                "type": "index",
                "value": {
                  "value": 0,
                  "type": "number"
                }
              },
              {
                "type": "get_attr",
                "value": "url"
              }
            ]
          ],
          "identity_schema_version": 0,
          "private": "eyJzY2hlbWFfdmVyc2lvbiI6IjEifQ==",
          "dependencies": [
            "module.onepassword_secrets.data.onepassword_item.archon",
            "module.onepassword_secrets.data.onepassword_item.cloudflare",
            "module.onepassword_secrets.data.onepassword_item.elk",
            "module.onepassword_secrets.data.onepassword_item.exa",
            "module.onepassword_secrets.data.onepassword_item.github",
            "module.onepassword_secrets.data.onepassword_item.glitchtip",
            "module.onepassword_secrets.data.onepassword_item.grafana",
            "module.onepassword_secrets.data.onepassword_item.mcphub",
            "module.onepassword_secrets.data.onepassword_item.n8n",
            "module.onepassword_secrets.data.onepassword_item.proxmox",
            "module.onepassword_secrets.data.onepassword_item.supabase",
            "module.onepassword_secrets.data.onepassword_vault.this"
          ]
        },
        {
          "index_key": "blacklist:github-pr",
          "schema_version": 1,
          "attributes": {
            "active": true,
            "configuration": [
              {
                "content_type": "json",
                "insecure_ssl": false,
                "secret": "",
                "url": "https://mcphub.jclee.me/webhook/github-pr"
              }
            ],
            "etag": null,
            "events": [
              "pull_request",
              "pull_request_review",
              "push"
            ],
            "id": "596429810",
            "repository": "blacklist",
            "url": "https://api.github.com/repos/qws941/blacklist/hooks/596429810"
          },
          "sensitive_attributes": [
            [
              {
                "type": "get_attr",
                "value": "configuration"
              },
              {
                "type": "index",
                "value": {
                  "value": 0,
                  "type": "number"
                }
              },
              {
                "type": "get_attr",
                "value": "secret"
              }
            ],
            [
              {
                "type": "get_attr",
                "value": "configuration"
              },
              {
                "type": "index",
                "value": {
                  "value": 0,
                  "type": "number"
                }
              },
              {
                "type": "get_attr",
                "value": "url"
              }
            ]
          ],
          "identity_schema_version": 0,
          "private": "eyJzY2hlbWFfdmVyc2lvbiI6IjEifQ==",
          "dependencies": [
            "module.onepassword_secrets.data.onepassword_item.archon",
            "module.onepassword_secrets.data.onepassword_item.cloudflare",
            "module.onepassword_secrets.data.onepassword_item.elk",
            "module.onepassword_secrets.data.onepassword_item.exa",
            "module.onepassword_secrets.data.onepassword_item.github",
            "module.onepassword_secrets.data.onepassword_item.glitchtip",
            "module.onepassword_secrets.data.onepassword_item.grafana",
            "module.onepassword_secrets.data.onepassword_item.mcphub",
            "module.onepassword_secrets.data.onepassword_item.n8n",
            "module.onepassword_secrets.data.onepassword_item.proxmox",
            "module.onepassword_secrets.data.onepassword_item.supabase",
            "module.onepassword_secrets.data.onepassword_vault.this"
          ]
        },
        {
          "index_key": "blacklist:glitchtip-error",
          "schema_version": 1,
          "attributes": {
            "active": true,
            "configuration": [
              {
                "content_type": "json",
                "insecure_ssl": false,
                "secret": "",
                "url": "https://mcphub.jclee.me/webhook/glitchtip-error"
              }
            ],
            "etag": null,
            "events": [
              "check_run",
              "push",
              "workflow_run"
            ],
            "id": "596429832",
            "repository": "blacklist",
            "url": "https://api.github.com/repos/qws941/blacklist/hooks/596429832"
          },
          "sensitive_attributes": [
            [
              {
                "type": "get_attr",
                "value": "configuration"
              },
              {
                "type": "index",
                "value": {
                  "value": 0,
                  "type": "number"
                }
              },
              {
                "type": "get_attr",
                "value": "secret"
              }
            ],
            [
              {
                "type": "get_attr",
                "value": "configuration"
              },
              {
                "type": "index",
                "value": {
                  "value": 0,
                  "type": "number"
                }
              },
              {
                "type": "get_attr",
                "value": "url"
              }
            ]
          ],
          "identity_schema_version": 0,
          "private": "eyJzY2hlbWFfdmVyc2lvbiI6IjEifQ==",
          "dependencies": [
            "module.onepassword_secrets.data.onepassword_item.archon",
            "module.onepassword_secrets.data.onepassword_item.cloudflare",
            "module.onepassword_secrets.data.onepassword_item.elk",
            "module.onepassword_secrets.data.onepassword_item.exa",
            "module.onepassword_secrets.data.onepassword_item.github",
            "module.onepassword_secrets.data.onepassword_item.glitchtip",
            "module.onepassword_secrets.data.onepassword_item.grafana",
            "module.onepassword_secrets.data.onepassword_item.mcphub",
            "module.onepassword_secrets.data.onepassword_item.n8n",
            "module.onepassword_secrets.data.onepassword_item.proxmox",
            "module.onepassword_secrets.data.onepassword_item.supabase",
            "module.onepassword_secrets.data.onepassword_vault.this"
          ]
        },
        {
          "index_key": "blacklist:grafana-alert",
          "schema_version": 1,
          "attributes": {
            "active": true,
            "configuration": [
              {
                "content_type": "json",
                "insecure_ssl": false,
                "secret": "",
                "url": "https://mcphub.jclee.me/webhook/grafana-alert"
              }
            ],
            "etag": null,
            "events": [
              "check_suite",
              "workflow_run"
            ],
            "id": "596429875",
            "repository": "blacklist",
            "url": "https://api.github.com/repos/qws941/blacklist/hooks/596429875"
          },
          "sensitive_attributes": [
            [
              {
                "type": "get_attr",
                "value": "configuration"
              },
              {
                "type": "index",
                "value": {
                  "value": 0,
                  "type": "number"
                }
              },
              {
                "type": "get_attr",
                "value": "secret"
              }
            ],
            [
              {
                "type": "get_attr",
                "value": "configuration"
              },
              {
                "type": "index",
                "value": {
                  "value": 0,
                  "type": "number"
                }
              },
              {
                "type": "get_attr",
                "value": "url"
              }
            ]
          ],
          "identity_schema_version": 0,
          "private": "eyJzY2hlbWFfdmVyc2lvbiI6IjEifQ==",
          "dependencies": [
            "module.onepassword_secrets.data.onepassword_item.archon",
            "module.onepassword_secrets.data.onepassword_item.cloudflare",
            "module.onepassword_secrets.data.onepassword_item.elk",
            "module.onepassword_secrets.data.onepassword_item.exa",
            "module.onepassword_secrets.data.onepassword_item.github",
            "module.onepassword_secrets.data.onepassword_item.glitchtip",
            "module.onepassword_secrets.data.onepassword_item.grafana",
            "module.onepassword_secrets.data.onepassword_item.mcphub",
            "module.onepassword_secrets.data.onepassword_item.n8n",
            "module.onepassword_secrets.data.onepassword_item.proxmox",
            "module.onepassword_secrets.data.onepassword_item.supabase",
            "module.onepassword_secrets.data.onepassword_vault.this"
          ]
        },
        {
          "index_key": "hycu_fsds:github-issue",
          "schema_version": 1,
          "attributes": {
            "active": true,
            "configuration": [
              {
                "content_type": "json",
                "insecure_ssl": false,
                "secret": "",
                "url": "https://mcphub.jclee.me/webhook/github-issue"
              }
            ],
            "etag": null,
            "events": [
              "issue_comment",
              "issues"
            ],
            "id": "596429652",
            "repository": "hycu_fsds",
            "url": "https://api.github.com/repos/qws941/hycu_fsds/hooks/596429652"
          },
          "sensitive_attributes": [
            [
              {
                "type": "get_attr",
                "value": "configuration"
              },
              {
                "type": "index",
                "value": {
                  "value": 0,
                  "type": "number"
                }
              },
              {
                "type": "get_attr",
                "value": "secret"
              }
            ],
            [
              {
                "type": "get_attr",
                "value": "configuration"
              },
              {
                "type": "index",
                "value": {
                  "value": 0,
                  "type": "number"
                }
              },
              {
                "type": "get_attr",
                "value": "url"
              }
            ]
          ],
          "identity_schema_version": 0,
          "private": "eyJzY2hlbWFfdmVyc2lvbiI6IjEifQ==",
          "dependencies": [
            "module.onepassword_secrets.data.onepassword_item.archon",
            "module.onepassword_secrets.data.onepassword_item.cloudflare",
            "module.onepassword_secrets.data.onepassword_item.elk",
            "module.onepassword_secrets.data.onepassword_item.exa",
            "module.onepassword_secrets.data.onepassword_item.github",
            "module.onepassword_secrets.data.onepassword_item.glitchtip",
            "module.onepassword_secrets.data.onepassword_item.grafana",
            "module.onepassword_secrets.data.onepassword_item.mcphub",
            "module.onepassword_secrets.data.onepassword_item.n8n",
            "module.onepassword_secrets.data.onepassword_item.proxmox",
            "module.onepassword_secrets.data.onepassword_item.supabase",
            "module.onepassword_secrets.data.onepassword_vault.this"
          ]
        },
        {
          "index_key": "hycu_fsds:github-pr",
          "schema_version": 1,
          "attributes": {
            "active": true,
            "configuration": [
              {
                "content_type": "json",
                "insecure_ssl": false,
                "secret": "",
                "url": "https://mcphub.jclee.me/webhook/github-pr"
              }
            ],
            "etag": null,
            "events": [
              "pull_request",
              "pull_request_review",
              "push"
            ],
            "id": "596429887",
            "repository": "hycu_fsds",
            "url": "https://api.github.com/repos/qws941/hycu_fsds/hooks/596429887"
          },
          "sensitive_attributes": [
            [
              {
                "type": "get_attr",
                "value": "configuration"
              },
              {
                "type": "index",
                "value": {
                  "value": 0,
                  "type": "number"
                }
              },
              {
                "type": "get_attr",
                "value": "secret"
              }
            ],
            [
              {
                "type": "get_attr",
                "value": "configuration"
              },
              {
                "type": "index",
                "value": {
                  "value": 0,
                  "type": "number"
                }
              },
              {
                "type": "get_attr",
                "value": "url"
              }
            ]
          ],
          "identity_schema_version": 0,
          "private": "eyJzY2hlbWFfdmVyc2lvbiI6IjEifQ==",
          "dependencies": [
            "module.onepassword_secrets.data.onepassword_item.archon",
            "module.onepassword_secrets.data.onepassword_item.cloudflare",
            "module.onepassword_secrets.data.onepassword_item.elk",
            "module.onepassword_secrets.data.onepassword_item.exa",
            "module.onepassword_secrets.data.onepassword_item.github",
            "module.onepassword_secrets.data.onepassword_item.glitchtip",
            "module.onepassword_secrets.data.onepassword_item.grafana",
            "module.onepassword_secrets.data.onepassword_item.mcphub",
            "module.onepassword_secrets.data.onepassword_item.n8n",
            "module.onepassword_secrets.data.onepassword_item.proxmox",
            "module.onepassword_secrets.data.onepassword_item.supabase",
            "module.onepassword_secrets.data.onepassword_vault.this"
          ]
        },
        {
          "index_key": "hycu_fsds:glitchtip-error",
          "schema_version": 1,
          "attributes": {
            "active": true,
            "configuration": [
              {
                "content_type": "json",
                "insecure_ssl": false,
                "secret": "",
                "url": "https://mcphub.jclee.me/webhook/glitchtip-error"
              }
            ],
            "etag": null,
            "events": [
              "check_run",
              "push",
              "workflow_run"
            ],
            "id": "596429706",
            "repository": "hycu_fsds",
            "url": "https://api.github.com/repos/qws941/hycu_fsds/hooks/596429706"
          },
          "sensitive_attributes": [
            [
              {
                "type": "get_attr",
                "value": "configuration"
              },
              {
                "type": "index",
                "value": {
                  "value": 0,
                  "type": "number"
                }
              },
              {
                "type": "get_attr",
                "value": "secret"
              }
            ],
            [
              {
                "type": "get_attr",
                "value": "configuration"
              },
              {
                "type": "index",
                "value": {
                  "value": 0,
                  "type": "number"
                }
              },
              {
                "type": "get_attr",
                "value": "url"
              }
            ]
          ],
          "identity_schema_version": 0,
          "private": "eyJzY2hlbWFfdmVyc2lvbiI6IjEifQ==",
          "dependencies": [
            "module.onepassword_secrets.data.onepassword_item.archon",
            "module.onepassword_secrets.data.onepassword_item.cloudflare",
            "module.onepassword_secrets.data.onepassword_item.elk",
            "module.onepassword_secrets.data.onepassword_item.exa",
            "module.onepassword_secrets.data.onepassword_item.github",
            "module.onepassword_secrets.data.onepassword_item.glitchtip",
            "module.onepassword_secrets.data.onepassword_item.grafana",
            "module.onepassword_secrets.data.onepassword_item.mcphub",
            "module.onepassword_secrets.data.onepassword_item.n8n",
            "module.onepassword_secrets.data.onepassword_item.proxmox",
            "module.onepassword_secrets.data.onepassword_item.supabase",
            "module.onepassword_secrets.data.onepassword_vault.this"
          ]
        },
        {
          "index_key": "hycu_fsds:grafana-alert",
          "schema_version": 1,
          "attributes": {
            "active": true,
            "configuration": [
              {
                "content_type": "json",
                "insecure_ssl": false,
                "secret": "",
                "url": "https://mcphub.jclee.me/webhook/grafana-alert"
              }
            ],
            "etag": null,
            "events": [
              "check_suite",
              "workflow_run"
            ],
            "id": "596429840",
            "repository": "hycu_fsds",
            "url": "https://api.github.com/repos/qws941/hycu_fsds/hooks/596429840"
          },
          "sensitive_attributes": [
            [
              {
                "type": "get_attr",
                "value": "configuration"
              },
              {
                "type": "index",
                "value": {
                  "value": 0,
                  "type": "number"
                }
              },
              {
                "type": "get_attr",
                "value": "secret"
              }
            ],
            [
              {
                "type": "get_attr",
                "value": "configuration"
              },
              {
                "type": "index",
                "value": {
                  "value": 0,
                  "type": "number"
                }
              },
              {
                "type": "get_attr",
                "value": "url"
              }
            ]
          ],
          "identity_schema_version": 0,
          "private": "eyJzY2hlbWFfdmVyc2lvbiI6IjEifQ==",
          "dependencies": [
            "module.onepassword_secrets.data.onepassword_item.archon",
            "module.onepassword_secrets.data.onepassword_item.cloudflare",
            "module.onepassword_secrets.data.onepassword_item.elk",
            "module.onepassword_secrets.data.onepassword_item.exa",
            "module.onepassword_secrets.data.onepassword_item.github",
            "module.onepassword_secrets.data.onepassword_item.glitchtip",
            "module.onepassword_secrets.data.onepassword_item.grafana",
            "module.onepassword_secrets.data.onepassword_item.mcphub",
            "module.onepassword_secrets.data.onepassword_item.n8n",
            "module.onepassword_secrets.data.onepassword_item.proxmox",
            "module.onepassword_secrets.data.onepassword_item.supabase",
            "module.onepassword_secrets.data.onepassword_vault.this"
          ]
        },
        {
          "index_key": "propose:github-issue",
          "schema_version": 1,
          "attributes": {
            "active": true,
            "configuration": [
              {
                "content_type": "json",
                "insecure_ssl": false,
                "secret": "",
                "url": "https://mcphub.jclee.me/webhook/github-issue"
              }
            ],
            "etag": null,
            "events": [
              "issue_comment",
              "issues"
            ],
            "id": "596429688",
            "repository": "propose",
            "url": "https://api.github.com/repos/qws941/propose/hooks/596429688"
          },
          "sensitive_attributes": [
            [
              {
                "type": "get_attr",
                "value": "configuration"
              },
              {
                "type": "index",
                "value": {
                  "value": 0,
                  "type": "number"
                }
              },
              {
                "type": "get_attr",
                "value": "secret"
              }
            ],
            [
              {
                "type": "get_attr",
                "value": "configuration"
              },
              {
                "type": "index",
                "value": {
                  "value": 0,
                  "type": "number"
                }
              },
              {
                "type": "get_attr",
                "value": "url"
              }
            ]
          ],
          "identity_schema_version": 0,
          "private": "eyJzY2hlbWFfdmVyc2lvbiI6IjEifQ==",
          "dependencies": [
            "module.onepassword_secrets.data.onepassword_item.archon",
            "module.onepassword_secrets.data.onepassword_item.cloudflare",
            "module.onepassword_secrets.data.onepassword_item.elk",
            "module.onepassword_secrets.data.onepassword_item.exa",
            "module.onepassword_secrets.data.onepassword_item.github",
            "module.onepassword_secrets.data.onepassword_item.glitchtip",
            "module.onepassword_secrets.data.onepassword_item.grafana",
            "module.onepassword_secrets.data.onepassword_item.mcphub",
            "module.onepassword_secrets.data.onepassword_item.n8n",
            "module.onepassword_secrets.data.onepassword_item.proxmox",
            "module.onepassword_secrets.data.onepassword_item.supabase",
            "module.onepassword_secrets.data.onepassword_vault.this"
          ]
        },
        {
          "index_key": "propose:github-pr",
          "schema_version": 1,
          "attributes": {
            "active": true,
            "configuration": [
              {
                "content_type": "json",
                "insecure_ssl": false,
                "secret": "",
                "url": "https://mcphub.jclee.me/webhook/github-pr"
              }
            ],
            "etag": null,
            "events": [
              "pull_request",
              "pull_request_review",
              "push"
            ],
            "id": "596429871",
            "repository": "propose",
            "url": "https://api.github.com/repos/qws941/propose/hooks/596429871"
          },
          "sensitive_attributes": [
            [
              {
                "type": "get_attr",
                "value": "configuration"
              },
              {
                "type": "index",
                "value": {
                  "value": 0,
                  "type": "number"
                }
              },
              {
                "type": "get_attr",
                "value": "secret"
              }
            ],
            [
              {
                "type": "get_attr",
                "value": "configuration"
              },
              {
                "type": "index",
                "value": {
                  "value": 0,
                  "type": "number"
                }
              },
              {
                "type": "get_attr",
                "value": "url"
              }
            ]
          ],
          "identity_schema_version": 0,
          "private": "eyJzY2hlbWFfdmVyc2lvbiI6IjEifQ==",
          "dependencies": [
            "module.onepassword_secrets.data.onepassword_item.archon",
            "module.onepassword_secrets.data.onepassword_item.cloudflare",
            "module.onepassword_secrets.data.onepassword_item.elk",
            "module.onepassword_secrets.data.onepassword_item.exa",
            "module.onepassword_secrets.data.onepassword_item.github",
            "module.onepassword_secrets.data.onepassword_item.glitchtip",
            "module.onepassword_secrets.data.onepassword_item.grafana",
            "module.onepassword_secrets.data.onepassword_item.mcphub",
            "module.onepassword_secrets.data.onepassword_item.n8n",
            "module.onepassword_secrets.data.onepassword_item.proxmox",
            "module.onepassword_secrets.data.onepassword_item.supabase",
            "module.onepassword_secrets.data.onepassword_vault.this"
          ]
        },
        {
          "index_key": "propose:glitchtip-error",
          "schema_version": 1,
          "attributes": {
            "active": true,
            "configuration": [
              {
                "content_type": "json",
                "insecure_ssl": false,
                "secret": "",
                "url": "https://mcphub.jclee.me/webhook/glitchtip-error"
              }
            ],
            "etag": null,
            "events": [
              "check_run",
              "push",
              "workflow_run"
            ],
            "id": "596429759",
            "repository": "propose",
            "url": "https://api.github.com/repos/qws941/propose/hooks/596429759"
          },
          "sensitive_attributes": [
            [
              {
                "type": "get_attr",
                "value": "configuration"
              },
              {
                "type": "index",
                "value": {
                  "value": 0,
                  "type": "number"
                }
              },
              {
                "type": "get_attr",
                "value": "secret"
              }
            ],
            [
              {
                "type": "get_attr",
                "value": "configuration"
              },
              {
                "type": "index",
                "value": {
                  "value": 0,
                  "type": "number"
                }
              },
              {
                "type": "get_attr",
                "value": "url"
              }
            ]
          ],
          "identity_schema_version": 0,
          "private": "eyJzY2hlbWFfdmVyc2lvbiI6IjEifQ==",
          "dependencies": [
            "module.onepassword_secrets.data.onepassword_item.archon",
            "module.onepassword_secrets.data.onepassword_item.cloudflare",
            "module.onepassword_secrets.data.onepassword_item.elk",
            "module.onepassword_secrets.data.onepassword_item.exa",
            "module.onepassword_secrets.data.onepassword_item.github",
            "module.onepassword_secrets.data.onepassword_item.glitchtip",
            "module.onepassword_secrets.data.onepassword_item.grafana",
            "module.onepassword_secrets.data.onepassword_item.mcphub",
            "module.onepassword_secrets.data.onepassword_item.n8n",
            "module.onepassword_secrets.data.onepassword_item.proxmox",
            "module.onepassword_secrets.data.onepassword_item.supabase",
            "module.onepassword_secrets.data.onepassword_vault.this"
          ]
        },
        {
          "index_key": "propose:grafana-alert",
          "schema_version": 1,
          "attributes": {
            "active": true,
            "configuration": [
              {
                "content_type": "json",
                "insecure_ssl": false,
                "secret": "",
                "url": "https://mcphub.jclee.me/webhook/grafana-alert"
              }
            ],
            "etag": null,
            "events": [
              "check_suite",
              "workflow_run"
            ],
            "id": "596429726",
            "repository": "propose",
            "url": "https://api.github.com/repos/qws941/propose/hooks/596429726"
          },
          "sensitive_attributes": [
            [
              {
                "type": "get_attr",
                "value": "configuration"
              },
              {
                "type": "index",
                "value": {
                  "value": 0,
                  "type": "number"
                }
              },
              {
                "type": "get_attr",
                "value": "secret"
              }
            ],
            [
              {
                "type": "get_attr",
                "value": "configuration"
              },
              {
                "type": "index",
                "value": {
                  "value": 0,
                  "type": "number"
                }
              },
              {
                "type": "get_attr",
                "value": "url"
              }
            ]
          ],
          "identity_schema_version": 0,
          "private": "eyJzY2hlbWFfdmVyc2lvbiI6IjEifQ==",
          "dependencies": [
            "module.onepassword_secrets.data.onepassword_item.archon",
            "module.onepassword_secrets.data.onepassword_item.cloudflare",
            "module.onepassword_secrets.data.onepassword_item.elk",
            "module.onepassword_secrets.data.onepassword_item.exa",
            "module.onepassword_secrets.data.onepassword_item.github",
            "module.onepassword_secrets.data.onepassword_item.glitchtip",
            "module.onepassword_secrets.data.onepassword_item.grafana",
            "module.onepassword_secrets.data.onepassword_item.mcphub",
            "module.onepassword_secrets.data.onepassword_item.n8n",
            "module.onepassword_secrets.data.onepassword_item.proxmox",
            "module.onepassword_secrets.data.onepassword_item.supabase",
            "module.onepassword_secrets.data.onepassword_vault.this"
          ]
        },
        {
          "index_key": "resume:github-issue",
          "schema_version": 1,
          "attributes": {
            "active": true,
            "configuration": [
              {
                "content_type": "json",
                "insecure_ssl": false,
                "secret": "",
                "url": "https://mcphub.jclee.me/webhook/github-issue"
              }
            ],
            "etag": null,
            "events": [
              "issue_comment",
              "issues"
            ],
            "id": "596429740",
            "repository": "resume",
            "url": "https://api.github.com/repos/qws941/resume/hooks/596429740"
          },
          "sensitive_attributes": [
            [
              {
                "type": "get_attr",
                "value": "configuration"
              },
              {
                "type": "index",
                "value": {
                  "value": 0,
                  "type": "number"
                }
              },
              {
                "type": "get_attr",
                "value": "secret"
              }
            ],
            [
              {
                "type": "get_attr",
                "value": "configuration"
              },
              {
                "type": "index",
                "value": {
                  "value": 0,
                  "type": "number"
                }
              },
              {
                "type": "get_attr",
                "value": "url"
              }
            ]
          ],
          "identity_schema_version": 0,
          "private": "eyJzY2hlbWFfdmVyc2lvbiI6IjEifQ==",
          "dependencies": [
            "module.onepassword_secrets.data.onepassword_item.archon",
            "module.onepassword_secrets.data.onepassword_item.cloudflare",
            "module.onepassword_secrets.data.onepassword_item.elk",
            "module.onepassword_secrets.data.onepassword_item.exa",
            "module.onepassword_secrets.data.onepassword_item.github",
            "module.onepassword_secrets.data.onepassword_item.glitchtip",
            "module.onepassword_secrets.data.onepassword_item.grafana",
            "module.onepassword_secrets.data.onepassword_item.mcphub",
            "module.onepassword_secrets.data.onepassword_item.n8n",
            "module.onepassword_secrets.data.onepassword_item.proxmox",
            "module.onepassword_secrets.data.onepassword_item.supabase",
            "module.onepassword_secrets.data.onepassword_vault.this"
          ]
        },
        {
          "index_key": "resume:github-pr",
          "schema_version": 1,
          "attributes": {
            "active": true,
            "configuration": [
              {
                "content_type": "json",
                "insecure_ssl": false,
                "secret": "",
                "url": "https://mcphub.jclee.me/webhook/github-pr"
              }
            ],
            "etag": null,
            "events": [
              "pull_request",
              "pull_request_review",
              "push"
            ],
            "id": "596429718",
            "repository": "resume",
            "url": "https://api.github.com/repos/qws941/resume/hooks/596429718"
          },
          "sensitive_attributes": [
            [
              {
                "type": "get_attr",
                "value": "configuration"
              },
              {
                "type": "index",
                "value": {
                  "value": 0,
                  "type": "number"
                }
              },
              {
                "type": "get_attr",
                "value": "secret"
              }
            ],
            [
              {
                "type": "get_attr",
                "value": "configuration"
              },
              {
                "type": "index",
                "value": {
                  "value": 0,
                  "type": "number"
                }
              },
              {
                "type": "get_attr",
                "value": "url"
              }
            ]
          ],
          "identity_schema_version": 0,
          "private": "eyJzY2hlbWFfdmVyc2lvbiI6IjEifQ==",
          "dependencies": [
            "module.onepassword_secrets.data.onepassword_item.archon",
            "module.onepassword_secrets.data.onepassword_item.cloudflare",
            "module.onepassword_secrets.data.onepassword_item.elk",
            "module.onepassword_secrets.data.onepassword_item.exa",
            "module.onepassword_secrets.data.onepassword_item.github",
            "module.onepassword_secrets.data.onepassword_item.glitchtip",
            "module.onepassword_secrets.data.onepassword_item.grafana",
            "module.onepassword_secrets.data.onepassword_item.mcphub",
            "module.onepassword_secrets.data.onepassword_item.n8n",
            "module.onepassword_secrets.data.onepassword_item.proxmox",
            "module.onepassword_secrets.data.onepassword_item.supabase",
            "module.onepassword_secrets.data.onepassword_vault.this"
          ]
        },
        {
          "index_key": "resume:glitchtip-error",
          "schema_version": 1,
          "attributes": {
            "active": true,
            "configuration": [
              {
                "content_type": "json",
                "insecure_ssl": false,
                "secret": "",
                "url": "https://mcphub.jclee.me/webhook/glitchtip-error"
              }
            ],
            "etag": null,
            "events": [
              "check_run",
              "push",
              "workflow_run"
            ],
            "id": "596429862",
            "repository": "resume",
            "url": "https://api.github.com/repos/qws941/resume/hooks/596429862"
          },
          "sensitive_attributes": [
            [
              {
                "type": "get_attr",
                "value": "configuration"
              },
              {
                "type": "index",
                "value": {
                  "value": 0,
                  "type": "number"
                }
              },
              {
                "type": "get_attr",
                "value": "secret"
              }
            ],
            [
              {
                "type": "get_attr",
                "value": "configuration"
              },
              {
                "type": "index",
                "value": {
                  "value": 0,
                  "type": "number"
                }
              },
              {
                "type": "get_attr",
                "value": "url"
              }
            ]
          ],
          "identity_schema_version": 0,
          "private": "eyJzY2hlbWFfdmVyc2lvbiI6IjEifQ==",
          "dependencies": [
            "module.onepassword_secrets.data.onepassword_item.archon",
            "module.onepassword_secrets.data.onepassword_item.cloudflare",
            "module.onepassword_secrets.data.onepassword_item.elk",
            "module.onepassword_secrets.data.onepassword_item.exa",
            "module.onepassword_secrets.data.onepassword_item.github",
            "module.onepassword_secrets.data.onepassword_item.glitchtip",
            "module.onepassword_secrets.data.onepassword_item.grafana",
            "module.onepassword_secrets.data.onepassword_item.mcphub",
            "module.onepassword_secrets.data.onepassword_item.n8n",
            "module.onepassword_secrets.data.onepassword_item.proxmox",
            "module.onepassword_secrets.data.onepassword_item.supabase",
            "module.onepassword_secrets.data.onepassword_vault.this"
          ]
        },
        {
          "index_key": "resume:grafana-alert",
          "schema_version": 1,
          "attributes": {
            "active": true,
            "configuration": [
              {
                "content_type": "json",
                "insecure_ssl": false,
                "secret": "",
                "url": "https://mcphub.jclee.me/webhook/grafana-alert"
              }
            ],
            "etag": null,
            "events": [
              "check_suite",
              "workflow_run"
            ],
            "id": "596429698",
            "repository": "resume",
            "url": "https://api.github.com/repos/qws941/resume/hooks/596429698"
          },
          "sensitive_attributes": [
            [
              {
                "type": "get_attr",
                "value": "configuration"
              },
              {
                "type": "index",
                "value": {
                  "value": 0,
                  "type": "number"
                }
              },
              {
                "type": "get_attr",
                "value": "secret"
              }
            ],
            [
              {
                "type": "get_attr",
                "value": "configuration"
              },
              {
                "type": "index",
                "value": {
                  "value": 0,
                  "type": "number"
                }
              },
              {
                "type": "get_attr",
                "value": "url"
              }
            ]
          ],
          "identity_schema_version": 0,
          "private": "eyJzY2hlbWFfdmVyc2lvbiI6IjEifQ==",
          "dependencies": [
            "module.onepassword_secrets.data.onepassword_item.archon",
            "module.onepassword_secrets.data.onepassword_item.cloudflare",
            "module.onepassword_secrets.data.onepassword_item.elk",
            "module.onepassword_secrets.data.onepassword_item.exa",
            "module.onepassword_secrets.data.onepassword_item.github",
            "module.onepassword_secrets.data.onepassword_item.glitchtip",
            "module.onepassword_secrets.data.onepassword_item.grafana",
            "module.onepassword_secrets.data.onepassword_item.mcphub",
            "module.onepassword_secrets.data.onepassword_item.n8n",
            "module.onepassword_secrets.data.onepassword_item.proxmox",
            "module.onepassword_secrets.data.onepassword_item.supabase",
            "module.onepassword_secrets.data.onepassword_vault.this"
          ]
        },
        {
          "index_key": "splunk:github-issue",
          "schema_version": 1,
          "attributes": {
            "active": true,
            "configuration": [
              {
                "content_type": "json",
                "insecure_ssl": false,
                "secret": "",
                "url": "https://mcphub.jclee.me/webhook/github-issue"
              }
            ],
            "etag": null,
            "events": [
              "issue_comment",
              "issues"
            ],
            "id": "596429747",
            "repository": "splunk",
            "url": "https://api.github.com/repos/qws941/splunk/hooks/596429747"
          },
          "sensitive_attributes": [
            [
              {
                "type": "get_attr",
                "value": "configuration"
              },
              {
                "type": "index",
                "value": {
                  "value": 0,
                  "type": "number"
                }
              },
              {
                "type": "get_attr",
                "value": "secret"
              }
            ],
            [
              {
                "type": "get_attr",
                "value": "configuration"
              },
              {
                "type": "index",
                "value": {
                  "value": 0,
                  "type": "number"
                }
              },
              {
                "type": "get_attr",
                "value": "url"
              }
            ]
          ],
          "identity_schema_version": 0,
          "private": "eyJzY2hlbWFfdmVyc2lvbiI6IjEifQ==",
          "dependencies": [
            "module.onepassword_secrets.data.onepassword_item.archon",
            "module.onepassword_secrets.data.onepassword_item.cloudflare",
            "module.onepassword_secrets.data.onepassword_item.elk",
            "module.onepassword_secrets.data.onepassword_item.exa",
            "module.onepassword_secrets.data.onepassword_item.github",
            "module.onepassword_secrets.data.onepassword_item.glitchtip",
            "module.onepassword_secrets.data.onepassword_item.grafana",
            "module.onepassword_secrets.data.onepassword_item.mcphub",
            "module.onepassword_secrets.data.onepassword_item.n8n",
            "module.onepassword_secrets.data.onepassword_item.proxmox",
            "module.onepassword_secrets.data.onepassword_item.supabase",
            "module.onepassword_secrets.data.onepassword_vault.this"
          ]
        },
        {
          "index_key": "splunk:github-pr",
          "schema_version": 1,
          "attributes": {
            "active": true,
            "configuration": [
              {
                "content_type": "json",
                "insecure_ssl": false,
                "secret": "",
                "url": "https://mcphub.jclee.me/webhook/github-pr"
              }
            ],
            "etag": null,
            "events": [
              "pull_request",
              "pull_request_review",
              "push"
            ],
            "id": "596429704",
            "repository": "splunk",
            "url": "https://api.github.com/repos/qws941/splunk/hooks/596429704"
          },
          "sensitive_attributes": [
            [
              {
                "type": "get_attr",
                "value": "configuration"
              },
              {
                "type": "index",
                "value": {
                  "value": 0,
                  "type": "number"
                }
              },
              {
                "type": "get_attr",
                "value": "secret"
              }
            ],
            [
              {
                "type": "get_attr",
                "value": "configuration"
              },
              {
                "type": "index",
                "value": {
                  "value": 0,
                  "type": "number"
                }
              },
              {
                "type": "get_attr",
                "value": "url"
              }
            ]
          ],
          "identity_schema_version": 0,
          "private": "eyJzY2hlbWFfdmVyc2lvbiI6IjEifQ==",
          "dependencies": [
            "module.onepassword_secrets.data.onepassword_item.archon",
            "module.onepassword_secrets.data.onepassword_item.cloudflare",
            "module.onepassword_secrets.data.onepassword_item.elk",
            "module.onepassword_secrets.data.onepassword_item.exa",
            "module.onepassword_secrets.data.onepassword_item.github",
            "module.onepassword_secrets.data.onepassword_item.glitchtip",
            "module.onepassword_secrets.data.onepassword_item.grafana",
            "module.onepassword_secrets.data.onepassword_item.mcphub",
            "module.onepassword_secrets.data.onepassword_item.n8n",
            "module.onepassword_secrets.data.onepassword_item.proxmox",
            "module.onepassword_secrets.data.onepassword_item.supabase",
            "module.onepassword_secrets.data.onepassword_vault.this"
          ]
        },
        {
          "index_key": "splunk:glitchtip-error",
          "schema_version": 1,
          "attributes": {
            "active": true,
            "configuration": [
              {
                "content_type": "json",
                "insecure_ssl": false,
                "secret": "",
                "url": "https://mcphub.jclee.me/webhook/glitchtip-error"
              }
            ],
            "etag": null,
            "events": [
              "check_run",
              "push",
              "workflow_run"
            ],
            "id": "596429691",
            "repository": "splunk",
            "url": "https://api.github.com/repos/qws941/splunk/hooks/596429691"
          },
          "sensitive_attributes": [
            [
              {
                "type": "get_attr",
                "value": "configuration"
              },
              {
                "type": "index",
                "value": {
                  "value": 0,
                  "type": "number"
                }
              },
              {
                "type": "get_attr",
                "value": "secret"
              }
            ],
            [
              {
                "type": "get_attr",
                "value": "configuration"
              },
              {
                "type": "index",
                "value": {
                  "value": 0,
                  "type": "number"
                }
              },
              {
                "type": "get_attr",
                "value": "url"
              }
            ]
          ],
          "identity_schema_version": 0,
          "private": "eyJzY2hlbWFfdmVyc2lvbiI6IjEifQ==",
          "dependencies": [
            "module.onepassword_secrets.data.onepassword_item.archon",
            "module.onepassword_secrets.data.onepassword_item.cloudflare",
            "module.onepassword_secrets.data.onepassword_item.elk",
            "module.onepassword_secrets.data.onepassword_item.exa",
            "module.onepassword_secrets.data.onepassword_item.github",
            "module.onepassword_secrets.data.onepassword_item.glitchtip",
            "module.onepassword_secrets.data.onepassword_item.grafana",
            "module.onepassword_secrets.data.onepassword_item.mcphub",
            "module.onepassword_secrets.data.onepassword_item.n8n",
            "module.onepassword_secrets.data.onepassword_item.proxmox",
            "module.onepassword_secrets.data.onepassword_item.supabase",
            "module.onepassword_secrets.data.onepassword_vault.this"
          ]
        },
        {
          "index_key": "splunk:grafana-alert",
          "schema_version": 1,
          "attributes": {
            "active": true,
            "configuration": [
              {
                "content_type": "json",
                "insecure_ssl": false,
                "secret": "",
                "url": "https://mcphub.jclee.me/webhook/grafana-alert"
              }
            ],
            "etag": null,
            "events": [
              "check_suite",
              "workflow_run"
            ],
            "id": "596429820",
            "repository": "splunk",
            "url": "https://api.github.com/repos/qws941/splunk/hooks/596429820"
          },
          "sensitive_attributes": [
            [
              {
                "type": "get_attr",
                "value": "configuration"
              },
              {
                "type": "index",
                "value": {
                  "value": 0,
                  "type": "number"
                }
              },
              {
                "type": "get_attr",
                "value": "secret"
              }
            ],
            [
              {
                "type": "get_attr",
                "value": "configuration"
              },
              {
                "type": "index",
                "value": {
                  "value": 0,
                  "type": "number"
                }
              },
              {
                "type": "get_attr",
                "value": "url"
              }
            ]
          ],
          "identity_schema_version": 0,
          "private": "eyJzY2hlbWFfdmVyc2lvbiI6IjEifQ==",
          "dependencies": [
            "module.onepassword_secrets.data.onepassword_item.archon",
            "module.onepassword_secrets.data.onepassword_item.cloudflare",
            "module.onepassword_secrets.data.onepassword_item.elk",
            "module.onepassword_secrets.data.onepassword_item.exa",
            "module.onepassword_secrets.data.onepassword_item.github",
            "module.onepassword_secrets.data.onepassword_item.glitchtip",
            "module.onepassword_secrets.data.onepassword_item.grafana",
            "module.onepassword_secrets.data.onepassword_item.mcphub",
            "module.onepassword_secrets.data.onepassword_item.n8n",
            "module.onepassword_secrets.data.onepassword_item.proxmox",
            "module.onepassword_secrets.data.onepassword_item.supabase",
            "module.onepassword_secrets.data.onepassword_vault.this"
          ]
        },
        {
          "index_key": "terraform:github-issue",
          "schema_version": 1,
          "attributes": {
            "active": true,
            "configuration": [
              {
                "content_type": "json",
                "insecure_ssl": false,
                "secret": "",
                "url": "https://mcphub.jclee.me/webhook/github-issue"
              }
            ],
            "etag": null,
            "events": [
              "issue_comment",
              "issues"
            ],
            "id": "596429843",
            "repository": "terraform",
            "url": "https://api.github.com/repos/qws941/terraform/hooks/596429843"
          },
          "sensitive_attributes": [
            [
              {
                "type": "get_attr",
                "value": "configuration"
              },
              {
                "type": "index",
                "value": {
                  "value": 0,
                  "type": "number"
                }
              },
              {
                "type": "get_attr",
                "value": "secret"
              }
            ],
            [
              {
                "type": "get_attr",
                "value": "configuration"
              },
              {
                "type": "index",
                "value": {
                  "value": 0,
                  "type": "number"
                }
              },
              {
                "type": "get_attr",
                "value": "url"
              }
            ]
          ],
          "identity_schema_version": 0,
          "private": "eyJzY2hlbWFfdmVyc2lvbiI6IjEifQ==",
          "dependencies": [
            "module.onepassword_secrets.data.onepassword_item.archon",
            "module.onepassword_secrets.data.onepassword_item.cloudflare",
            "module.onepassword_secrets.data.onepassword_item.elk",
            "module.onepassword_secrets.data.onepassword_item.exa",
            "module.onepassword_secrets.data.onepassword_item.github",
            "module.onepassword_secrets.data.onepassword_item.glitchtip",
            "module.onepassword_secrets.data.onepassword_item.grafana",
            "module.onepassword_secrets.data.onepassword_item.mcphub",
            "module.onepassword_secrets.data.onepassword_item.n8n",
            "module.onepassword_secrets.data.onepassword_item.proxmox",
            "module.onepassword_secrets.data.onepassword_item.supabase",
            "module.onepassword_secrets.data.onepassword_vault.this"
          ]
        },
        {
          "index_key": "terraform:github-pr",
          "schema_version": 1,
          "attributes": {
            "active": true,
            "configuration": [
              {
                "content_type": "json",
                "insecure_ssl": false,
                "secret": "",
                "url": "https://mcphub.jclee.me/webhook/github-pr"
              }
            ],
            "etag": null,
            "events": [
              "pull_request",
              "pull_request_review",
              "push"
            ],
            "id": "596429794",
            "repository": "terraform",
            "url": "https://api.github.com/repos/qws941/terraform/hooks/596429794"
          },
          "sensitive_attributes": [
            [
              {
                "type": "get_attr",
                "value": "configuration"
              },
              {
                "type": "index",
                "value": {
                  "value": 0,
                  "type": "number"
                }
              },
              {
                "type": "get_attr",
                "value": "secret"
              }
            ],
            [
              {
                "type": "get_attr",
                "value": "configuration"
              },
              {
                "type": "index",
                "value": {
                  "value": 0,
                  "type": "number"
                }
              },
              {
                "type": "get_attr",
                "value": "url"
              }
            ]
          ],
          "identity_schema_version": 0,
          "private": "eyJzY2hlbWFfdmVyc2lvbiI6IjEifQ==",
          "dependencies": [
            "module.onepassword_secrets.data.onepassword_item.archon",
            "module.onepassword_secrets.data.onepassword_item.cloudflare",
            "module.onepassword_secrets.data.onepassword_item.elk",
            "module.onepassword_secrets.data.onepassword_item.exa",
            "module.onepassword_secrets.data.onepassword_item.github",
            "module.onepassword_secrets.data.onepassword_item.glitchtip",
            "module.onepassword_secrets.data.onepassword_item.grafana",
            "module.onepassword_secrets.data.onepassword_item.mcphub",
            "module.onepassword_secrets.data.onepassword_item.n8n",
            "module.onepassword_secrets.data.onepassword_item.proxmox",
            "module.onepassword_secrets.data.onepassword_item.supabase",
            "module.onepassword_secrets.data.onepassword_vault.this"
          ]
        },
        {
          "index_key": "terraform:glitchtip-error",
          "schema_version": 1,
          "attributes": {
            "active": true,
            "configuration": [
              {
                "content_type": "json",
                "insecure_ssl": false,
                "secret": "",
                "url": "https://mcphub.jclee.me/webhook/glitchtip-error"
              }
            ],
            "etag": null,
            "events": [
              "check_run",
              "push",
              "workflow_run"
            ],
            "id": "596429732",
            "repository": "terraform",
            "url": "https://api.github.com/repos/qws941/terraform/hooks/596429732"
          },
          "sensitive_attributes": [
            [
              {
                "type": "get_attr",
                "value": "configuration"
              },
              {
                "type": "index",
                "value": {
                  "value": 0,
                  "type": "number"
                }
              },
              {
                "type": "get_attr",
                "value": "secret"
              }
            ],
            [
              {
                "type": "get_attr",
                "value": "configuration"
              },
              {
                "type": "index",
                "value": {
                  "value": 0,
                  "type": "number"
                }
              },
              {
                "type": "get_attr",
                "value": "url"
              }
            ]
          ],
          "identity_schema_version": 0,
          "private": "eyJzY2hlbWFfdmVyc2lvbiI6IjEifQ==",
          "dependencies": [
            "module.onepassword_secrets.data.onepassword_item.archon",
            "module.onepassword_secrets.data.onepassword_item.cloudflare",
            "module.onepassword_secrets.data.onepassword_item.elk",
            "module.onepassword_secrets.data.onepassword_item.exa",
            "module.onepassword_secrets.data.onepassword_item.github",
            "module.onepassword_secrets.data.onepassword_item.glitchtip",
            "module.onepassword_secrets.data.onepassword_item.grafana",
            "module.onepassword_secrets.data.onepassword_item.mcphub",
            "module.onepassword_secrets.data.onepassword_item.n8n",
            "module.onepassword_secrets.data.onepassword_item.proxmox",
            "module.onepassword_secrets.data.onepassword_item.supabase",
            "module.onepassword_secrets.data.onepassword_vault.this"
          ]
        },
        {
          "index_key": "terraform:grafana-alert",
          "schema_version": 1,
          "attributes": {
            "active": true,
            "configuration": [
              {
                "content_type": "json",
                "insecure_ssl": false,
                "secret": "",
                "url": "https://mcphub.jclee.me/webhook/grafana-alert"
              }
            ],
            "etag": null,
            "events": [
              "check_suite",
              "workflow_run"
            ],
            "id": "596429745",
            "repository": "terraform",
            "url": "https://api.github.com/repos/qws941/terraform/hooks/596429745"
          },
          "sensitive_attributes": [
            [
              {
                "type": "get_attr",
                "value": "configuration"
              },
              {
                "type": "index",
                "value": {
                  "value": 0,
                  "type": "number"
                }
              },
              {
                "type": "get_attr",
                "value": "secret"
              }
            ],
            [
              {
                "type": "get_attr",
                "value": "configuration"
              },
              {
                "type": "index",
                "value": {
                  "value": 0,
                  "type": "number"
                }
              },
              {
                "type": "get_attr",
                "value": "url"
              }
            ]
          ],
          "identity_schema_version": 0,
          "private": "eyJzY2hlbWFfdmVyc2lvbiI6IjEifQ==",
          "dependencies": [
            "module.onepassword_secrets.data.onepassword_item.archon",
            "module.onepassword_secrets.data.onepassword_item.cloudflare",
            "module.onepassword_secrets.data.onepassword_item.elk",
            "module.onepassword_secrets.data.onepassword_item.exa",
            "module.onepassword_secrets.data.onepassword_item.github",
            "module.onepassword_secrets.data.onepassword_item.glitchtip",
            "module.onepassword_secrets.data.onepassword_item.grafana",
            "module.onepassword_secrets.data.onepassword_item.mcphub",
            "module.onepassword_secrets.data.onepassword_item.n8n",
            "module.onepassword_secrets.data.onepassword_item.proxmox",
            "module.onepassword_secrets.data.onepassword_item.supabase",
            "module.onepassword_secrets.data.onepassword_vault.this"
          ]
        },
        {
          "index_key": "tmux:github-issue",
          "schema_version": 1,
          "attributes": {
            "active": true,
            "configuration": [
              {
                "content_type": "json",
                "insecure_ssl": false,
                "secret": "",
                "url": "https://mcphub.jclee.me/webhook/github-issue"
              }
            ],
            "etag": null,
            "events": [
              "issue_comment",
              "issues"
            ],
            "id": "596429894",
            "repository": "tmux",
            "url": "https://api.github.com/repos/qws941/tmux/hooks/596429894"
          },
          "sensitive_attributes": [
            [
              {
                "type": "get_attr",
                "value": "configuration"
              },
              {
                "type": "index",
                "value": {
                  "value": 0,
                  "type": "number"
                }
              },
              {
                "type": "get_attr",
                "value": "secret"
              }
            ],
            [
              {
                "type": "get_attr",
                "value": "configuration"
              },
              {
                "type": "index",
                "value": {
                  "value": 0,
                  "type": "number"
                }
              },
              {
                "type": "get_attr",
                "value": "url"
              }
            ]
          ],
          "identity_schema_version": 0,
          "private": "eyJzY2hlbWFfdmVyc2lvbiI6IjEifQ==",
          "dependencies": [
            "module.onepassword_secrets.data.onepassword_item.archon",
            "module.onepassword_secrets.data.onepassword_item.cloudflare",
            "module.onepassword_secrets.data.onepassword_item.elk",
            "module.onepassword_secrets.data.onepassword_item.exa",
            "module.onepassword_secrets.data.onepassword_item.github",
            "module.onepassword_secrets.data.onepassword_item.glitchtip",
            "module.onepassword_secrets.data.onepassword_item.grafana",
            "module.onepassword_secrets.data.onepassword_item.mcphub",
            "module.onepassword_secrets.data.onepassword_item.n8n",
            "module.onepassword_secrets.data.onepassword_item.proxmox",
            "module.onepassword_secrets.data.onepassword_item.supabase",
            "module.onepassword_secrets.data.onepassword_vault.this"
          ]
        },
        {
          "index_key": "tmux:github-pr",
          "schema_version": 1,
          "attributes": {
            "active": true,
            "configuration": [
              {
                "content_type": "json",
                "insecure_ssl": false,
                "secret": "",
                "url": "https://mcphub.jclee.me/webhook/github-pr"
              }
            ],
            "etag": null,
            "events": [
              "pull_request",
              "pull_request_review",
              "push"
            ],
            "id": "596429695",
            "repository": "tmux",
            "url": "https://api.github.com/repos/qws941/tmux/hooks/596429695"
          },
          "sensitive_attributes": [
            [
              {
                "type": "get_attr",
                "value": "configuration"
              },
              {
                "type": "index",
                "value": {
                  "value": 0,
                  "type": "number"
                }
              },
              {
                "type": "get_attr",
                "value": "secret"
              }
            ],
            [
              {
                "type": "get_attr",
                "value": "configuration"
              },
              {
                "type": "index",
                "value": {
                  "value": 0,
                  "type": "number"
                }
              },
              {
                "type": "get_attr",
                "value": "url"
              }
            ]
          ],
          "identity_schema_version": 0,
          "private": "eyJzY2hlbWFfdmVyc2lvbiI6IjEifQ==",
          "dependencies": [
            "module.onepassword_secrets.data.onepassword_item.archon",
            "module.onepassword_secrets.data.onepassword_item.cloudflare",
            "module.onepassword_secrets.data.onepassword_item.elk",
            "module.onepassword_secrets.data.onepassword_item.exa",
            "module.onepassword_secrets.data.onepassword_item.github",
            "module.onepassword_secrets.data.onepassword_item.glitchtip",
            "module.onepassword_secrets.data.onepassword_item.grafana",
            "module.onepassword_secrets.data.onepassword_item.mcphub",
            "module.onepassword_secrets.data.onepassword_item.n8n",
            "module.onepassword_secrets.data.onepassword_item.proxmox",
            "module.onepassword_secrets.data.onepassword_item.supabase",
            "module.onepassword_secrets.data.onepassword_vault.this"
          ]
        },
        {
          "index_key": "tmux:glitchtip-error",
          "schema_version": 1,
          "attributes": {
            "active": true,
            "configuration": [
              {
                "content_type": "json",
                "insecure_ssl": false,
                "secret": "",
                "url": "https://mcphub.jclee.me/webhook/glitchtip-error"
              }
            ],
            "etag": null,
            "events": [
              "check_run",
              "push",
              "workflow_run"
            ],
            "id": "596429811",
            "repository": "tmux",
            "url": "https://api.github.com/repos/qws941/tmux/hooks/596429811"
          },
          "sensitive_attributes": [
            [
              {
                "type": "get_attr",
                "value": "configuration"
              },
              {
                "type": "index",
                "value": {
                  "value": 0,
                  "type": "number"
                }
              },
              {
                "type": "get_attr",
                "value": "secret"
              }
            ],
            [
              {
                "type": "get_attr",
                "value": "configuration"
              },
              {
                "type": "index",
                "value": {
                  "value": 0,
                  "type": "number"
                }
              },
              {
                "type": "get_attr",
                "value": "url"
              }
            ]
          ],
          "identity_schema_version": 0,
          "private": "eyJzY2hlbWFfdmVyc2lvbiI6IjEifQ==",
          "dependencies": [
            "module.onepassword_secrets.data.onepassword_item.archon",
            "module.onepassword_secrets.data.onepassword_item.cloudflare",
            "module.onepassword_secrets.data.onepassword_item.elk",
            "module.onepassword_secrets.data.onepassword_item.exa",
            "module.onepassword_secrets.data.onepassword_item.github",
            "module.onepassword_secrets.data.onepassword_item.glitchtip",
            "module.onepassword_secrets.data.onepassword_item.grafana",
            "module.onepassword_secrets.data.onepassword_item.mcphub",
            "module.onepassword_secrets.data.onepassword_item.n8n",
            "module.onepassword_secrets.data.onepassword_item.proxmox",
            "module.onepassword_secrets.data.onepassword_item.supabase",
            "module.onepassword_secrets.data.onepassword_vault.this"
          ]
        },
        {
          "index_key": "tmux:grafana-alert",
          "schema_version": 1,
          "attributes": {
            "active": true,
            "configuration": [
              {
                "content_type": "json",
                "insecure_ssl": false,
                "secret": "",
                "url": "https://mcphub.jclee.me/webhook/grafana-alert"
              }
            ],
            "etag": null,
            "events": [
              "check_suite",
              "workflow_run"
            ],
            "id": "596429712",
            "repository": "tmux",
            "url": "https://api.github.com/repos/qws941/tmux/hooks/596429712"
          },
          "sensitive_attributes": [
            [
              {
                "type": "get_attr",
                "value": "configuration"
              },
              {
                "type": "index",
                "value": {
                  "value": 0,
                  "type": "number"
                }
              },
              {
                "type": "get_attr",
                "value": "secret"
              }
            ],
            [
              {
                "type": "get_attr",
                "value": "configuration"
              },
              {
                "type": "index",
                "value": {
                  "value": 0,
                  "type": "number"
                }
              },
              {
                "type": "get_attr",
                "value": "url"
              }
            ]
          ],
          "identity_schema_version": 0,
          "private": "eyJzY2hlbWFfdmVyc2lvbiI6IjEifQ==",
          "dependencies": [
            "module.onepassword_secrets.data.onepassword_item.archon",
            "module.onepassword_secrets.data.onepassword_item.cloudflare",
            "module.onepassword_secrets.data.onepassword_item.elk",
            "module.onepassword_secrets.data.onepassword_item.exa",
            "module.onepassword_secrets.data.onepassword_item.github",
            "module.onepassword_secrets.data.onepassword_item.glitchtip",
            "module.onepassword_secrets.data.onepassword_item.grafana",
            "module.onepassword_secrets.data.onepassword_item.mcphub",
            "module.onepassword_secrets.data.onepassword_item.n8n",
            "module.onepassword_secrets.data.onepassword_item.proxmox",
            "module.onepassword_secrets.data.onepassword_item.supabase",
            "module.onepassword_secrets.data.onepassword_vault.this"
          ]
        },
        {
          "index_key": "youtube:github-issue",
          "schema_version": 1,
          "attributes": {
            "active": true,
            "configuration": [
              {
                "content_type": "json",
                "insecure_ssl": false,
                "secret": "",
                "url": "https://mcphub.jclee.me/webhook/github-issue"
              }
            ],
            "etag": null,
            "events": [
              "issue_comment",
              "issues"
            ],
            "id": "596429837",
            "repository": "youtube",
            "url": "https://api.github.com/repos/qws941/youtube/hooks/596429837"
          },
          "sensitive_attributes": [
            [
              {
                "type": "get_attr",
                "value": "configuration"
              },
              {
                "type": "index",
                "value": {
                  "value": 0,
                  "type": "number"
                }
              },
              {
                "type": "get_attr",
                "value": "secret"
              }
            ],
            [
              {
                "type": "get_attr",
                "value": "configuration"
              },
              {
                "type": "index",
                "value": {
                  "value": 0,
                  "type": "number"
                }
              },
              {
                "type": "get_attr",
                "value": "url"
              }
            ]
          ],
          "identity_schema_version": 0,
          "private": "eyJzY2hlbWFfdmVyc2lvbiI6IjEifQ==",
          "dependencies": [
            "module.onepassword_secrets.data.onepassword_item.archon",
            "module.onepassword_secrets.data.onepassword_item.cloudflare",
            "module.onepassword_secrets.data.onepassword_item.elk",
            "module.onepassword_secrets.data.onepassword_item.exa",
            "module.onepassword_secrets.data.onepassword_item.github",
            "module.onepassword_secrets.data.onepassword_item.glitchtip",
            "module.onepassword_secrets.data.onepassword_item.grafana",
            "module.onepassword_secrets.data.onepassword_item.mcphub",
            "module.onepassword_secrets.data.onepassword_item.n8n",
            "module.onepassword_secrets.data.onepassword_item.proxmox",
            "module.onepassword_secrets.data.onepassword_item.supabase",
            "module.onepassword_secrets.data.onepassword_vault.this"
          ]
        },
        {
          "index_key": "youtube:github-pr",
          "schema_version": 1,
          "attributes": {
            "active": true,
            "configuration": [
              {
                "content_type": "json",
                "insecure_ssl": false,
                "secret": "",
                "url": "https://mcphub.jclee.me/webhook/github-pr"
              }
            ],
            "etag": null,
            "events": [
              "pull_request",
              "pull_request_review",
              "push"
            ],
            "id": "596429785",
            "repository": "youtube",
            "url": "https://api.github.com/repos/qws941/youtube/hooks/596429785"
          },
          "sensitive_attributes": [
            [
              {
                "type": "get_attr",
                "value": "configuration"
              },
              {
                "type": "index",
                "value": {
                  "value": 0,
                  "type": "number"
                }
              },
              {
                "type": "get_attr",
                "value": "secret"
              }
            ],
            [
              {
                "type": "get_attr",
                "value": "configuration"
              },
              {
                "type": "index",
                "value": {
                  "value": 0,
                  "type": "number"
                }
              },
              {
                "type": "get_attr",
                "value": "url"
              }
            ]
          ],
          "identity_schema_version": 0,
          "private": "eyJzY2hlbWFfdmVyc2lvbiI6IjEifQ==",
          "dependencies": [
            "module.onepassword_secrets.data.onepassword_item.archon",
            "module.onepassword_secrets.data.onepassword_item.cloudflare",
            "module.onepassword_secrets.data.onepassword_item.elk",
            "module.onepassword_secrets.data.onepassword_item.exa",
            "module.onepassword_secrets.data.onepassword_item.github",
            "module.onepassword_secrets.data.onepassword_item.glitchtip",
            "module.onepassword_secrets.data.onepassword_item.grafana",
            "module.onepassword_secrets.data.onepassword_item.mcphub",
            "module.onepassword_secrets.data.onepassword_item.n8n",
            "module.onepassword_secrets.data.onepassword_item.proxmox",
            "module.onepassword_secrets.data.onepassword_item.supabase",
            "module.onepassword_secrets.data.onepassword_vault.this"
          ]
        },
        {
          "index_key": "youtube:glitchtip-error",
          "schema_version": 1,
          "attributes": {
            "active": true,
            "configuration": [
              {
                "content_type": "json",
                "insecure_ssl": false,
                "secret": "",
                "url": "https://mcphub.jclee.me/webhook/glitchtip-error"
              }
            ],
            "etag": null,
            "events": [
              "check_run",
              "push",
              "workflow_run"
            ],
            "id": "596429700",
            "repository": "youtube",
            "url": "https://api.github.com/repos/qws941/youtube/hooks/596429700"
          },
          "sensitive_attributes": [
            [
              {
                "type": "get_attr",
                "value": "configuration"
              },
              {
                "type": "index",
                "value": {
                  "value": 0,
                  "type": "number"
                }
              },
              {
                "type": "get_attr",
                "value": "secret"
              }
            ],
            [
              {
                "type": "get_attr",
                "value": "configuration"
              },
              {
                "type": "index",
                "value": {
                  "value": 0,
                  "type": "number"
                }
              },
              {
                "type": "get_attr",
                "value": "url"
              }
            ]
          ],
          "identity_schema_version": 0,
          "private": "eyJzY2hlbWFfdmVyc2lvbiI6IjEifQ==",
          "dependencies": [
            "module.onepassword_secrets.data.onepassword_item.archon",
            "module.onepassword_secrets.data.onepassword_item.cloudflare",
            "module.onepassword_secrets.data.onepassword_item.elk",
            "module.onepassword_secrets.data.onepassword_item.exa",
            "module.onepassword_secrets.data.onepassword_item.github",
            "module.onepassword_secrets.data.onepassword_item.glitchtip",
            "module.onepassword_secrets.data.onepassword_item.grafana",
            "module.onepassword_secrets.data.onepassword_item.mcphub",
            "module.onepassword_secrets.data.onepassword_item.n8n",
            "module.onepassword_secrets.data.onepassword_item.proxmox",
            "module.onepassword_secrets.data.onepassword_item.supabase",
            "module.onepassword_secrets.data.onepassword_vault.this"
          ]
        },
        {
          "index_key": "youtube:grafana-alert",
          "schema_version": 1,
          "attributes": {
            "active": true,
            "configuration": [
              {
                "content_type": "json",
                "insecure_ssl": false,
                "secret": "",
                "url": "https://mcphub.jclee.me/webhook/grafana-alert"
              }
            ],
            "etag": null,
            "events": [
              "check_suite",
              "workflow_run"
            ],
            "id": "596429782",
            "repository": "youtube",
            "url": "https://api.github.com/repos/qws941/youtube/hooks/596429782"
          },
          "sensitive_attributes": [
            [
              {
                "type": "get_attr",
                "value": "configuration"
              },
              {
                "type": "index",
                "value": {
                  "value": 0,
                  "type": "number"
                }
              },
              {
                "type": "get_attr",
                "value": "secret"
              }
            ],
            [
              {
                "type": "get_attr",
                "value": "configuration"
              },
              {
                "type": "index",
                "value": {
                  "value": 0,
                  "type": "number"
                }
              },
              {
                "type": "get_attr",
                "value": "url"
              }
            ]
          ],
          "identity_schema_version": 0,
          "private": "eyJzY2hlbWFfdmVyc2lvbiI6IjEifQ==",
          "dependencies": [
            "module.onepassword_secrets.data.onepassword_item.archon",
            "module.onepassword_secrets.data.onepassword_item.cloudflare",
            "module.onepassword_secrets.data.onepassword_item.elk",
            "module.onepassword_secrets.data.onepassword_item.exa",
            "module.onepassword_secrets.data.onepassword_item.github",
            "module.onepassword_secrets.data.onepassword_item.glitchtip",
            "module.onepassword_secrets.data.onepassword_item.grafana",
            "module.onepassword_secrets.data.onepassword_item.mcphub",
            "module.onepassword_secrets.data.onepassword_item.n8n",
            "module.onepassword_secrets.data.onepassword_item.proxmox",
            "module.onepassword_secrets.data.onepassword_item.supabase",
            "module.onepassword_secrets.data.onepassword_vault.this"
          ]
        }
      ]
    },
    {
      "mode": "managed",
      "type": "terraform_data",
      "name": "validate_credentials",
      "provider": "provider[\"terraform.io/builtin/terraform\"]",
      "instances": [
        {
          "schema_version": 0,
          "attributes": {
            "id": "7a3b0ab2-68be-001c-58bd-7b44ccfb3aab",
            "input": null,
            "output": null,
            "triggers_replace": null
          },
          "sensitive_attributes": [],
          "identity_schema_version": 0,
          "dependencies": [
            "module.onepassword_secrets.data.onepassword_item.archon",
            "module.onepassword_secrets.data.onepassword_item.cloudflare",
            "module.onepassword_secrets.data.onepassword_item.elk",
            "module.onepassword_secrets.data.onepassword_item.exa",
            "module.onepassword_secrets.data.onepassword_item.github",
            "module.onepassword_secrets.data.onepassword_item.glitchtip",
            "module.onepassword_secrets.data.onepassword_item.grafana",
            "module.onepassword_secrets.data.onepassword_item.mcphub",
            "module.onepassword_secrets.data.onepassword_item.n8n",
            "module.onepassword_secrets.data.onepassword_item.proxmox",
            "module.onepassword_secrets.data.onepassword_item.supabase",
            "module.onepassword_secrets.data.onepassword_vault.this"
          ]
        }
      ]
    },
    {
      "module": "module.onepassword_secrets",
      "mode": "data",
      "type": "onepassword_item",
      "name": "archon",
      "provider": "provider[\"registry.terraform.io/1password/onepassword\"]",
      "instances": [
        {
          "schema_version": 0,
          "attributes": {
            "category": "password",
            "credential": null,
            "database": null,
            "file": [],
            "filename": null,
            "hostname": null,
            "id": "vaults/glsrlcf5lapzbba6zk6sppkgnq/items/jgp7tcj64l6txk7tl2v6r7vz5q",
            "note_value": "",
            "password": "",
            "port": null,
            "private_key": null,
            "private_key_openssh": null,
            "public_key": null,
            "section": [
              {
                "field": [
                  {
                    "id": "pocoa2pqbl52tfqfu3bko4kwja",
                    "label": "bootstrap",
                    "type": "CONCEALED",
                    "value": "bootstrap"
                  },
                  {
                    "id": "ivia24yysnr6nt6vhzpsi34p24",
                    "label": "anthropic_api_key",
                    "type": "CONCEALED",
                    "value": "placeholder"
                  },
                  {
                    "id": "4axrcifyc42rx265jx22vb2iam",
                    "label": "openai_api_key",
                    "type": "CONCEALED",
                    "value": "placeholder"
                  }
                ],
                "file": [],
                "id": "Section_emj7imtbhvglqpz5pe6vtt4xnq",
                "label": "secrets"
              }
            ],
            "section_map": {
              "secrets": {
                "field_map": {
                  "anthropic_api_key": {
                    "id": "ivia24yysnr6nt6vhzpsi34p24",
                    "type": "CONCEALED",
                    "value": "placeholder"
                  },
                  "bootstrap": {
                    "id": "pocoa2pqbl52tfqfu3bko4kwja",
                    "type": "CONCEALED",
                    "value": "bootstrap"
                  },
                  "openai_api_key": {
                    "id": "4axrcifyc42rx265jx22vb2iam",
                    "type": "CONCEALED",
                    "value": "placeholder"
                  }
                },
                "file_map": {},
                "id": "Section_emj7imtbhvglqpz5pe6vtt4xnq"
              }
            },
            "tags": null,
            "title": "archon",
            "type": null,
            "url": null,
            "username": null,
            "uuid": "jgp7tcj64l6txk7tl2v6r7vz5q",
            "valid_from": null,
            "vault": "glsrlcf5lapzbba6zk6sppkgnq"
          },
          "sensitive_attributes": [
            [
              {
                "type": "get_attr",
                "value": "credential"
              }
            ],
            [
              {
                "type": "get_attr",
                "value": "note_value"
              }
            ],
            [
              {
                "type": "get_attr",
                "value": "password"
              }
            ],
            [
              {
                "type": "get_attr",
                "value": "private_key"
              }
            ],
            [
              {
                "type": "get_attr",
                "value": "private_key_openssh"
              }
            ],
            [
              {
                "type": "get_attr",
                "value": "section"
              },
              {
                "type": "index",
                "value": {
                  "value": 0,
                  "type": "number"
                }
              },
              {
                "type": "get_attr",
                "value": "field"
              },
              {
                "type": "index",
                "value": {
                  "value": 0,
                  "type": "number"
                }
              },
              {
                "type": "get_attr",
                "value": "value"
              }
            ],
            [
              {
                "type": "get_attr",
                "value": "section"
              },
              {
                "type": "index",
                "value": {
                  "value": 0,
                  "type": "number"
                }
              },
              {
                "type": "get_attr",
                "value": "field"
              },
              {
                "type": "index",
                "value": {
                  "value": 1,
                  "type": "number"
                }
              },
              {
                "type": "get_attr",
                "value": "value"
              }
            ],
            [
              {
                "type": "get_attr",
                "value": "section"
              },
              {
                "type": "index",
                "value": {
                  "value": 0,
                  "type": "number"
                }
              },
              {
                "type": "get_attr",
                "value": "field"
              },
              {
                "type": "index",
                "value": {
                  "value": 2,
                  "type": "number"
                }
              },
              {
                "type": "get_attr",
                "value": "value"
              }
            ],
            [
              {
                "type": "get_attr",
                "value": "section_map"
              },
              {
                "type": "index",
                "value": {
                  "value": "secrets",
                  "type": "string"
                }
              },
              {
                "type": "get_attr",
                "value": "field_map"
              },
              {
                "type": "index",
                "value": {
                  "value": "anthropic_api_key",
                  "type": "string"
                }
              },
              {
                "type": "get_attr",
                "value": "value"
              }
            ],
            [
              {
                "type": "get_attr",
                "value": "section_map"
              },
              {
                "type": "index",
                "value": {
                  "value": "secrets",
                  "type": "string"
                }
              },
              {
                "type": "get_attr",
                "value": "field_map"
              },
              {
                "type": "index",
                "value": {
                  "value": "bootstrap",
                  "type": "string"
                }
              },
              {
                "type": "get_attr",
                "value": "value"
              }
            ],
            [
              {
                "type": "get_attr",
                "value": "section_map"
              },
              {
                "type": "index",
                "value": {
                  "value": "secrets",
                  "type": "string"
                }
              },
              {
                "type": "get_attr",
                "value": "field_map"
              },
              {
                "type": "index",
                "value": {
                  "value": "openai_api_key",
                  "type": "string"
                }
              },
              {
                "type": "get_attr",
                "value": "value"
              }
            ]
          ],
          "identity_schema_version": 0
        }
      ]
    },
    {
      "module": "module.onepassword_secrets",
      "mode": "data",
      "type": "onepassword_item",
      "name": "cloudflare",
      "provider": "provider[\"registry.terraform.io/1password/onepassword\"]",
      "instances": [
        {
          "schema_version": 0,
          "attributes": {
            "category": "password",
            "credential": null,
            "database": null,
            "file": [],
            "filename": null,
            "hostname": null,
            "id": "vaults/glsrlcf5lapzbba6zk6sppkgnq/items/xy7yd33hn63kklacjmutgviysu",
            "note_value": "",
            "password": "8c5a660dfff03201090979aed72f097f8dc96",
            "port": null,
            "private_key": null,
            "private_key_openssh": null,
            "public_key": null,
            "section": [
              {
                "field": [
                  {
                    "id": "zmxgxhulypz563pf5p4smhmtae",
                    "label": "bootstrap",
                    "type": "CONCEALED",
                    "value": "bootstrap"
                  },
                  {
                    "id": "v7vnwdkqqq43bgjpe4ozyercca",
                    "label": "api_key",
                    "type": "CONCEALED",
                    "value": "AMSoMCU6co1jb3rS55lRylcZSgfbBzAHEH-fwym2"
                  },
                  {
                    "id": "hrrkg3rpmbkpn2nygula3uxgtm",
                    "label": "email",
                    "type": "CONCEALED",
                    "value": "qws941@kakao.com"
                  },
                  {
                    "id": "mhhs6wwtsso5bsb7j53l3a2uhu",
                    "label": "account_id",
                    "type": "CONCEALED",
                    "value": "a8d9c67f586acdd15eebcc65ca3aa5bb"
                  },
                  {
                    "id": "jccclhjimlia4rn7irkgpa6ncm",
                    "label": "zone_id",
                    "type": "CONCEALED",
                    "value": "ed060daac18345f6900fc5a661dc94f9"
                  }
                ],
                "file": [],
                "id": "Section_bxczehcnpfuosohnfzazep4mni",
                "label": "secrets"
              }
            ],
            "section_map": {
              "secrets": {
                "field_map": {
                  "account_id": {
                    "id": "mhhs6wwtsso5bsb7j53l3a2uhu",
                    "type": "CONCEALED",
                    "value": "a8d9c67f586acdd15eebcc65ca3aa5bb"
                  },
                  "api_key": {
                    "id": "v7vnwdkqqq43bgjpe4ozyercca",
                    "type": "CONCEALED",
                    "value": "AMSoMCU6co1jb3rS55lRylcZSgfbBzAHEH-fwym2"
                  },
                  "bootstrap": {
                    "id": "zmxgxhulypz563pf5p4smhmtae",
                    "type": "CONCEALED",
                    "value": "bootstrap"
                  },
                  "email": {
                    "id": "hrrkg3rpmbkpn2nygula3uxgtm",
                    "type": "CONCEALED",
                    "value": "qws941@kakao.com"
                  },
                  "zone_id": {
                    "id": "jccclhjimlia4rn7irkgpa6ncm",
                    "type": "CONCEALED",
                    "value": "ed060daac18345f6900fc5a661dc94f9"
                  }
                },
                "file_map": {},
                "id": "Section_bxczehcnpfuosohnfzazep4mni"
              }
            },
            "tags": null,
            "title": "cloudflare",
            "type": null,
            "url": null,
            "username": null,
            "uuid": "xy7yd33hn63kklacjmutgviysu",
            "valid_from": null,
            "vault": "glsrlcf5lapzbba6zk6sppkgnq"
          },
          "sensitive_attributes": [
            [
              {
                "type": "get_attr",
                "value": "credential"
              }
            ],
            [
              {
                "type": "get_attr",
                "value": "note_value"
              }
            ],
            [
              {
                "type": "get_attr",
                "value": "password"
              }
            ],
            [
              {
                "type": "get_attr",
                "value": "private_key"
              }
            ],
            [
              {
                "type": "get_attr",
                "value": "private_key_openssh"
              }
            ],
            [
              {
                "type": "get_attr",
                "value": "section"
              },
              {
                "type": "index",
                "value": {
                  "value": 0,
                  "type": "number"
                }
              },
              {
                "type": "get_attr",
                "value": "field"
              },
              {
                "type": "index",
                "value": {
                  "value": 0,
                  "type": "number"
                }
              },
              {
                "type": "get_attr",
                "value": "value"
              }
            ],
            [
              {
                "type": "get_attr",
                "value": "section"
              },
              {
                "type": "index",
                "value": {
                  "value": 0,
                  "type": "number"
                }
              },
              {
                "type": "get_attr",
                "value": "field"
              },
              {
                "type": "index",
                "value": {
                  "value": 1,
                  "type": "number"
                }
              },
              {
                "type": "get_attr",
                "value": "value"
              }
            ],
            [
              {
                "type": "get_attr",
                "value": "section"
              },
              {
                "type": "index",
                "value": {
                  "value": 0,
                  "type": "number"
                }
              },
              {
                "type": "get_attr",
                "value": "field"
              },
              {
                "type": "index",
                "value": {
                  "value": 2,
                  "type": "number"
                }
              },
              {
                "type": "get_attr",
                "value": "value"
              }
            ],
            [
              {
                "type": "get_attr",
                "value": "section"
              },
              {
                "type": "index",
                "value": {
                  "value": 0,
                  "type": "number"
                }
              },
              {
                "type": "get_attr",
                "value": "field"
              },
              {
                "type": "index",
                "value": {
                  "value": 3,
                  "type": "number"
                }
              },
              {
                "type": "get_attr",
                "value": "value"
              }
            ],
            [
              {
                "type": "get_attr",
                "value": "section"
              },
              {
                "type": "index",
                "value": {
                  "value": 0,
                  "type": "number"
                }
              },
              {
                "type": "get_attr",
                "value": "field"
              },
              {
                "type": "index",
                "value": {
                  "value": 4,
                  "type": "number"
                }
              },
              {
                "type": "get_attr",
                "value": "value"
              }
            ],
            [
              {
                "type": "get_attr",
                "value": "section_map"
              },
              {
                "type": "index",
                "value": {
                  "value": "secrets",
                  "type": "string"
                }
              },
              {
                "type": "get_attr",
                "value": "field_map"
              },
              {
                "type": "index",
                "value": {
                  "value": "account_id",
                  "type": "string"
                }
              },
              {
                "type": "get_attr",
                "value": "value"
              }
            ],
            [
              {
                "type": "get_attr",
                "value": "section_map"
              },
              {
                "type": "index",
                "value": {
                  "value": "secrets",
                  "type": "string"
                }
              },
              {
                "type": "get_attr",
                "value": "field_map"
              },
              {
                "type": "index",
                "value": {
                  "value": "api_key",
                  "type": "string"
                }
              },
              {
                "type": "get_attr",
                "value": "value"
              }
            ],
            [
              {
                "type": "get_attr",
                "value": "section_map"
              },
              {
                "type": "index",
                "value": {
                  "value": "secrets",
                  "type": "string"
                }
              },
              {
                "type": "get_attr",
                "value": "field_map"
              },
              {
                "type": "index",
                "value": {
                  "value": "bootstrap",
                  "type": "string"
                }
              },
              {
                "type": "get_attr",
                "value": "value"
              }
            ],
            [
              {
                "type": "get_attr",
                "value": "section_map"
              },
              {
                "type": "index",
                "value": {
                  "value": "secrets",
                  "type": "string"
                }
              },
              {
                "type": "get_attr",
                "value": "field_map"
              },
              {
                "type": "index",
                "value": {
                  "value": "email",
                  "type": "string"
                }
              },
              {
                "type": "get_attr",
                "value": "value"
              }
            ],
            [
              {
                "type": "get_attr",
                "value": "section_map"
              },
              {
                "type": "index",
                "value": {
                  "value": "secrets",
                  "type": "string"
                }
              },
              {
                "type": "get_attr",
                "value": "field_map"
              },
              {
                "type": "index",
                "value": {
                  "value": "zone_id",
                  "type": "string"
                }
              },
              {
                "type": "get_attr",
                "value": "value"
              }
            ]
          ],
          "identity_schema_version": 0
        }
      ]
    },
    {
      "module": "module.onepassword_secrets",
      "mode": "data",
      "type": "onepassword_item",
      "name": "elk",
      "provider": "provider[\"registry.terraform.io/1password/onepassword\"]",
      "instances": [
        {
          "schema_version": 0,
          "attributes": {
            "category": "password",
            "credential": null,
            "database": null,
            "file": [],
            "filename": null,
            "hostname": null,
            "id": "vaults/glsrlcf5lapzbba6zk6sppkgnq/items/3tv4bbwgsqbwaccvt435if2fci",
            "note_value": "",
            "password": "",
            "port": null,
            "private_key": null,
            "private_key_openssh": null,
            "public_key": null,
            "section": [
              {
                "field": [
                  {
                    "id": "mjr3uc2bidvmq7vkarffldhpcm",
                    "label": "bootstrap",
                    "type": "CONCEALED",
                    "value": "bootstrap"
                  },
                  {
                    "id": "a4nrh5aqap25d7mdjroehrufoy",
                    "label": "elastic_password",
                    "type": "CONCEALED",
                    "value": "I93bmZ/uT3haNpdL9GJ+neTf"
                  },
                  {
                    "id": "owwjezkhq77qy4pcy76dhndbim",
                    "label": "kibana_password",
                    "type": "CONCEALED",
                    "value": "bp8xTk6gkq/bqQ6QqssXTJRa"
                  }
                ],
                "file": [],
                "id": "Section_i36jlm2gabdy7xymj3ewowzcie",
                "label": "secrets"
              }
            ],
            "section_map": {
              "secrets": {
                "field_map": {
                  "bootstrap": {
                    "id": "mjr3uc2bidvmq7vkarffldhpcm",
                    "type": "CONCEALED",
                    "value": "bootstrap"
                  },
                  "elastic_password": {
                    "id": "a4nrh5aqap25d7mdjroehrufoy",
                    "type": "CONCEALED",
                    "value": "I93bmZ/uT3haNpdL9GJ+neTf"
                  },
                  "kibana_password": {
                    "id": "owwjezkhq77qy4pcy76dhndbim",
                    "type": "CONCEALED",
                    "value": "bp8xTk6gkq/bqQ6QqssXTJRa"
                  }
                },
                "file_map": {},
                "id": "Section_i36jlm2gabdy7xymj3ewowzcie"
              }
            },
            "tags": null,
            "title": "elk",
            "type": null,
            "url": null,
            "username": null,
            "uuid": "3tv4bbwgsqbwaccvt435if2fci",
            "valid_from": null,
            "vault": "glsrlcf5lapzbba6zk6sppkgnq"
          },
          "sensitive_attributes": [
            [
              {
                "type": "get_attr",
                "value": "credential"
              }
            ],
            [
              {
                "type": "get_attr",
                "value": "note_value"
              }
            ],
            [
              {
                "type": "get_attr",
                "value": "password"
              }
            ],
            [
              {
                "type": "get_attr",
                "value": "private_key"
              }
            ],
            [
              {
                "type": "get_attr",
                "value": "private_key_openssh"
              }
            ],
            [
              {
                "type": "get_attr",
                "value": "section"
              },
              {
                "type": "index",
                "value": {
                  "value": 0,
                  "type": "number"
                }
              },
              {
                "type": "get_attr",
                "value": "field"
              },
              {
                "type": "index",
                "value": {
                  "value": 0,
                  "type": "number"
                }
              },
              {
                "type": "get_attr",
                "value": "value"
              }
            ],
            [
              {
                "type": "get_attr",
                "value": "section"
              },
              {
                "type": "index",
                "value": {
                  "value": 0,
                  "type": "number"
                }
              },
              {
                "type": "get_attr",
                "value": "field"
              },
              {
                "type": "index",
                "value": {
                  "value": 1,
                  "type": "number"
                }
              },
              {
                "type": "get_attr",
                "value": "value"
              }
            ],
            [
              {
                "type": "get_attr",
                "value": "section"
              },
              {
                "type": "index",
                "value": {
                  "value": 0,
                  "type": "number"
                }
              },
              {
                "type": "get_attr",
                "value": "field"
              },
              {
                "type": "index",
                "value": {
                  "value": 2,
                  "type": "number"
                }
              },
              {
                "type": "get_attr",
                "value": "value"
              }
            ],
            [
              {
                "type": "get_attr",
                "value": "section_map"
              },
              {
                "type": "index",
                "value": {
                  "value": "secrets",
                  "type": "string"
                }
              },
              {
                "type": "get_attr",
                "value": "field_map"
              },
              {
                "type": "index",
                "value": {
                  "value": "bootstrap",
                  "type": "string"
                }
              },
              {
                "type": "get_attr",
                "value": "value"
              }
            ],
            [
              {
                "type": "get_attr",
                "value": "section_map"
              },
              {
                "type": "index",
                "value": {
                  "value": "secrets",
                  "type": "string"
                }
              },
              {
                "type": "get_attr",
                "value": "field_map"
              },
              {
                "type": "index",
                "value": {
                  "value": "elastic_password",
                  "type": "string"
                }
              },
              {
                "type": "get_attr",
                "value": "value"
              }
            ],
            [
              {
                "type": "get_attr",
                "value": "section_map"
              },
              {
                "type": "index",
                "value": {
                  "value": "secrets",
                  "type": "string"
                }
              },
              {
                "type": "get_attr",
                "value": "field_map"
              },
              {
                "type": "index",
                "value": {
                  "value": "kibana_password",
                  "type": "string"
                }
              },
              {
                "type": "get_attr",
                "value": "value"
              }
            ]
          ],
          "identity_schema_version": 0
        }
      ]
    },
    {
      "module": "module.onepassword_secrets",
      "mode": "data",
      "type": "onepassword_item",
      "name": "exa",
      "provider": "provider[\"registry.terraform.io/1password/onepassword\"]",
      "instances": [
        {
          "schema_version": 0,
          "attributes": {
            "category": "password",
            "credential": null,
            "database": null,
            "file": [],
            "filename": null,
            "hostname": null,
            "id": "vaults/glsrlcf5lapzbba6zk6sppkgnq/items/unefsmdxlslgtqgq2434qpy6de",
            "note_value": "",
            "password": "",
            "port": null,
            "private_key": null,
            "private_key_openssh": null,
            "public_key": null,
            "section": [
              {
                "field": [
                  {
                    "id": "ab426u35hotimfdzx633h6amva",
                    "label": "bootstrap",
                    "type": "CONCEALED",
                    "value": "bootstrap"
                  },
                  {
                    "id": "jnq6rjjg4kurg2bymkbwjtswjy",
                    "label": "api_key",
                    "type": "CONCEALED",
                    "value": "placeholder"
                  }
                ],
                "file": [],
                "id": "Section_fwilkfhjbtp7vftgxkyn5swsai",
                "label": "secrets"
              }
            ],
            "section_map": {
              "secrets": {
                "field_map": {
                  "api_key": {
                    "id": "jnq6rjjg4kurg2bymkbwjtswjy",
                    "type": "CONCEALED",
                    "value": "placeholder"
                  },
                  "bootstrap": {
                    "id": "ab426u35hotimfdzx633h6amva",
                    "type": "CONCEALED",
                    "value": "bootstrap"
                  }
                },
                "file_map": {},
                "id": "Section_fwilkfhjbtp7vftgxkyn5swsai"
              }
            },
            "tags": null,
            "title": "exa",
            "type": null,
            "url": null,
            "username": null,
            "uuid": "unefsmdxlslgtqgq2434qpy6de",
            "valid_from": null,
            "vault": "glsrlcf5lapzbba6zk6sppkgnq"
          },
          "sensitive_attributes": [
            [
              {
                "type": "get_attr",
                "value": "credential"
              }
            ],
            [
              {
                "type": "get_attr",
                "value": "note_value"
              }
            ],
            [
              {
                "type": "get_attr",
                "value": "password"
              }
            ],
            [
              {
                "type": "get_attr",
                "value": "private_key"
              }
            ],
            [
              {
                "type": "get_attr",
                "value": "private_key_openssh"
              }
            ],
            [
              {
                "type": "get_attr",
                "value": "section"
              },
              {
                "type": "index",
                "value": {
                  "value": 0,
                  "type": "number"
                }
              },
              {
                "type": "get_attr",
                "value": "field"
              },
              {
                "type": "index",
                "value": {
                  "value": 0,
                  "type": "number"
                }
              },
              {
                "type": "get_attr",
                "value": "value"
              }
            ],
            [
              {
                "type": "get_attr",
                "value": "section"
              },
              {
                "type": "index",
                "value": {
                  "value": 0,
                  "type": "number"
                }
              },
              {
                "type": "get_attr",
                "value": "field"
              },
              {
                "type": "index",
                "value": {
                  "value": 1,
                  "type": "number"
                }
              },
              {
                "type": "get_attr",
                "value": "value"
              }
            ],
            [
              {
                "type": "get_attr",
                "value": "section_map"
              },
              {
                "type": "index",
                "value": {
                  "value": "secrets",
                  "type": "string"
                }
              },
              {
                "type": "get_attr",
                "value": "field_map"
              },
              {
                "type": "index",
                "value": {
                  "value": "api_key",
                  "type": "string"
                }
              },
              {
                "type": "get_attr",
                "value": "value"
              }
            ],
            [
              {
                "type": "get_attr",
                "value": "section_map"
              },
              {
                "type": "index",
                "value": {
                  "value": "secrets",
                  "type": "string"
                }
              },
              {
                "type": "get_attr",
                "value": "field_map"
              },
              {
                "type": "index",
                "value": {
                  "value": "bootstrap",
                  "type": "string"
                }
              },
              {
                "type": "get_attr",
                "value": "value"
              }
            ]
          ],
          "identity_schema_version": 0
        }
      ]
    },
    {
      "module": "module.onepassword_secrets",
      "mode": "data",
      "type": "onepassword_item",
      "name": "github",
      "provider": "provider[\"registry.terraform.io/1password/onepassword\"]",
      "instances": [
        {
          "schema_version": 0,
          "attributes": {
            "category": "password",
            "credential": null,
            "database": null,
            "file": [],
            "filename": null,
            "hostname": null,
            "id": "vaults/glsrlcf5lapzbba6zk6sppkgnq/items/4p5zxzlkhbfqurzevook2dcufe",
            "note_value": "",
            "password": "",
            "port": null,
            "private_key": null,
            "private_key_openssh": null,
            "public_key": null,
            "section": [
              {
                "field": [
                  {
                    "id": "tploowr3t4agbzj3kjfhjercga",
                    "label": "bootstrap",
                    "type": "CONCEALED",
                    "value": "bootstrap"
                  },
                  {
                    "id": "xq75ziq5vv6m37u2fw6y6cg5sq",
                    "label": "personal_access_token",
                    "type": "CONCEALED",
                    "value": "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"
                  }
                ],
                "file": [],
                "id": "Section_eviljwgcga3nlwbv3jb4n5f2ju",
                "label": "secrets"
              }
            ],
            "section_map": {
              "secrets": {
                "field_map": {
                  "bootstrap": {
                    "id": "tploowr3t4agbzj3kjfhjercga",
                    "type": "CONCEALED",
                    "value": "bootstrap"
                  },
                  "personal_access_token": {
                    "id": "xq75ziq5vv6m37u2fw6y6cg5sq",
                    "type": "CONCEALED",
                    "value": "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"
                  }
                },
                "file_map": {},
                "id": "Section_eviljwgcga3nlwbv3jb4n5f2ju"
              }
            },
            "tags": null,
            "title": "github",
            "type": null,
            "url": null,
            "username": null,
            "uuid": "4p5zxzlkhbfqurzevook2dcufe",
            "valid_from": null,
            "vault": "glsrlcf5lapzbba6zk6sppkgnq"
          },
          "sensitive_attributes": [
            [
              {
                "type": "get_attr",
                "value": "credential"
              }
            ],
            [
              {
                "type": "get_attr",
                "value": "note_value"
              }
            ],
            [
              {
                "type": "get_attr",
                "value": "password"
              }
            ],
            [
              {
                "type": "get_attr",
                "value": "private_key"
              }
            ],
            [
              {
                "type": "get_attr",
                "value": "private_key_openssh"
              }
            ],
            [
              {
                "type": "get_attr",
                "value": "section"
              },
              {
                "type": "index",
                "value": {
                  "value": 0,
                  "type": "number"
                }
              },
              {
                "type": "get_attr",
                "value": "field"
              },
              {
                "type": "index",
                "value": {
                  "value": 0,
                  "type": "number"
                }
              },
              {
                "type": "get_attr",
                "value": "value"
              }
            ],
            [
              {
                "type": "get_attr",
                "value": "section"
              },
              {
                "type": "index",
                "value": {
                  "value": 0,
                  "type": "number"
                }
              },
              {
                "type": "get_attr",
                "value": "field"
              },
              {
                "type": "index",
                "value": {
                  "value": 1,
                  "type": "number"
                }
              },
              {
                "type": "get_attr",
                "value": "value"
              }
            ],
            [
              {
                "type": "get_attr",
                "value": "section_map"
              },
              {
                "type": "index",
                "value": {
                  "value": "secrets",
                  "type": "string"
                }
              },
              {
                "type": "get_attr",
                "value": "field_map"
              },
              {
                "type": "index",
                "value": {
                  "value": "bootstrap",
                  "type": "string"
                }
              },
              {
                "type": "get_attr",
                "value": "value"
              }
            ],
            [
              {
                "type": "get_attr",
                "value": "section_map"
              },
              {
                "type": "index",
                "value": {
                  "value": "secrets",
                  "type": "string"
                }
              },
              {
                "type": "get_attr",
                "value": "field_map"
              },
              {
                "type": "index",
                "value": {
                  "value": "personal_access_token",
                  "type": "string"
                }
              },
              {
                "type": "get_attr",
                "value": "value"
              }
            ]
          ],
          "identity_schema_version": 0
        }
      ]
    },
    {
      "module": "module.onepassword_secrets",
      "mode": "data",
      "type": "onepassword_item",
      "name": "glitchtip",
      "provider": "provider[\"registry.terraform.io/1password/onepassword\"]",
      "instances": [
        {
          "schema_version": 0,
          "attributes": {
            "category": "password",
            "credential": null,
            "database": null,
            "file": [],
            "filename": null,
            "hostname": null,
            "id": "vaults/glsrlcf5lapzbba6zk6sppkgnq/items/hepjzhwrpvls22s5sq2wnhln7q",
            "note_value": "",
            "password": "",
            "port": null,
            "private_key": null,
            "private_key_openssh": null,
            "public_key": null,
            "section": [
              {
                "field": [
                  {
                    "id": "geksk2oksnn5hkimia3n46m6jq",
                    "label": "bootstrap",
                    "type": "CONCEALED",
                    "value": "bootstrap"
                  },
                  {
                    "id": "i6eyw5pvzbayhshgtoyvdu2vna",
                    "label": "django_secret_key",
                    "type": "CONCEALED",
                    "value": "m5H4/oEAUV/GSwLp8M11y9JhyWzjjd6IR4kn1W8V4LqFWvygRG4="
                  },
                  {
                    "id": "ckf4w72tbtyujqsev5hhm6bctq",
                    "label": "postgres_password",
                    "type": "CONCEALED",
                    "value": "iP67xaGlJjsyayIUneiihyMP"
                  },
                  {
                    "id": "wljo2bl7xmczi6o54ziqfmlrja",
                    "label": "redis_password",
                    "type": "CONCEALED",
                    "value": "YNZgMmYlyaoNXjE86s6g0F3K"
                  },
                  {
                    "id": "g7hwjsp4osysz4owx3g5zyikhy",
                    "label": "api_token",
                    "type": "CONCEALED",
                    "value": "4813c494717ae627ad589f17c55a21e30309ec2f5669be37d5b9cd64854bcb10"
                  }
                ],
                "file": [],
                "id": "Section_opj6b3vxlhium57w4lp54zm4ce",
                "label": "secrets"
              }
            ],
            "section_map": {
              "secrets": {
                "field_map": {
                  "api_token": {
                    "id": "g7hwjsp4osysz4owx3g5zyikhy",
                    "type": "CONCEALED",
                    "value": "4813c494717ae627ad589f17c55a21e30309ec2f5669be37d5b9cd64854bcb10"
                  },
                  "bootstrap": {
                    "id": "geksk2oksnn5hkimia3n46m6jq",
                    "type": "CONCEALED",
                    "value": "bootstrap"
                  },
                  "django_secret_key": {
                    "id": "i6eyw5pvzbayhshgtoyvdu2vna",
                    "type": "CONCEALED",
                    "value": "m5H4/oEAUV/GSwLp8M11y9JhyWzjjd6IR4kn1W8V4LqFWvygRG4="
                  },
                  "postgres_password": {
                    "id": "ckf4w72tbtyujqsev5hhm6bctq",
                    "type": "CONCEALED",
                    "value": "iP67xaGlJjsyayIUneiihyMP"
                  },
                  "redis_password": {
                    "id": "wljo2bl7xmczi6o54ziqfmlrja",
                    "type": "CONCEALED",
                    "value": "YNZgMmYlyaoNXjE86s6g0F3K"
                  }
                },
                "file_map": {},
                "id": "Section_opj6b3vxlhium57w4lp54zm4ce"
              }
            },
            "tags": null,
            "title": "glitchtip",
            "type": null,
            "url": null,
            "username": null,
            "uuid": "hepjzhwrpvls22s5sq2wnhln7q",
            "valid_from": null,
            "vault": "glsrlcf5lapzbba6zk6sppkgnq"
          },
          "sensitive_attributes": [
            [
              {
                "type": "get_attr",
                "value": "credential"
              }
            ],
            [
              {
                "type": "get_attr",
                "value": "note_value"
              }
            ],
            [
              {
                "type": "get_attr",
                "value": "password"
              }
            ],
            [
              {
                "type": "get_attr",
                "value": "private_key"
              }
            ],
            [
              {
                "type": "get_attr",
                "value": "private_key_openssh"
              }
            ],
            [
              {
                "type": "get_attr",
                "value": "section"
              },
              {
                "type": "index",
                "value": {
                  "value": 0,
                  "type": "number"
                }
              },
              {
                "type": "get_attr",
                "value": "field"
              },
              {
                "type": "index",
                "value": {
                  "value": 0,
                  "type": "number"
                }
              },
              {
                "type": "get_attr",
                "value": "value"
              }
            ],
            [
              {
                "type": "get_attr",
                "value": "section"
              },
              {
                "type": "index",
                "value": {
                  "value": 0,
                  "type": "number"
                }
              },
              {
                "type": "get_attr",
                "value": "field"
              },
              {
                "type": "index",
                "value": {
                  "value": 1,
                  "type": "number"
                }
              },
              {
                "type": "get_attr",
                "value": "value"
              }
            ],
            [
              {
                "type": "get_attr",
                "value": "section"
              },
              {
                "type": "index",
                "value": {
                  "value": 0,
                  "type": "number"
                }
              },
              {
                "type": "get_attr",
                "value": "field"
              },
              {
                "type": "index",
                "value": {
                  "value": 2,
                  "type": "number"
                }
              },
              {
                "type": "get_attr",
                "value": "value"
              }
            ],
            [
              {
                "type": "get_attr",
                "value": "section"
              },
              {
                "type": "index",
                "value": {
                  "value": 0,
                  "type": "number"
                }
              },
              {
                "type": "get_attr",
                "value": "field"
              },
              {
                "type": "index",
                "value": {
                  "value": 3,
                  "type": "number"
                }
              },
              {
                "type": "get_attr",
                "value": "value"
              }
            ],
            [
              {
                "type": "get_attr",
                "value": "section"
              },
              {
                "type": "index",
                "value": {
                  "value": 0,
                  "type": "number"
                }
              },
              {
                "type": "get_attr",
                "value": "field"
              },
              {
                "type": "index",
                "value": {
                  "value": 4,
                  "type": "number"
                }
              },
              {
                "type": "get_attr",
                "value": "value"
              }
            ],
            [
              {
                "type": "get_attr",
                "value": "section_map"
              },
              {
                "type": "index",
                "value": {
                  "value": "secrets",
                  "type": "string"
                }
              },
              {
                "type": "get_attr",
                "value": "field_map"
              },
              {
                "type": "index",
                "value": {
                  "value": "api_token",
                  "type": "string"
                }
              },
              {
                "type": "get_attr",
                "value": "value"
              }
            ],
            [
              {
                "type": "get_attr",
                "value": "section_map"
              },
              {
                "type": "index",
                "value": {
                  "value": "secrets",
                  "type": "string"
                }
              },
              {
                "type": "get_attr",
                "value": "field_map"
              },
              {
                "type": "index",
                "value": {
                  "value": "bootstrap",
                  "type": "string"
                }
              },
              {
                "type": "get_attr",
                "value": "value"
              }
            ],
            [
              {
                "type": "get_attr",
                "value": "section_map"
              },
              {
                "type": "index",
                "value": {
                  "value": "secrets",
                  "type": "string"
                }
              },
              {
                "type": "get_attr",
                "value": "field_map"
              },
              {
                "type": "index",
                "value": {
                  "value": "django_secret_key",
                  "type": "string"
                }
              },
              {
                "type": "get_attr",
                "value": "value"
              }
            ],
            [
              {
                "type": "get_attr",
                "value": "section_map"
              },
              {
                "type": "index",
                "value": {
                  "value": "secrets",
                  "type": "string"
                }
              },
              {
                "type": "get_attr",
                "value": "field_map"
              },
              {
                "type": "index",
                "value": {
                  "value": "postgres_password",
                  "type": "string"
                }
              },
              {
                "type": "get_attr",
                "value": "value"
              }
            ],
            [
              {
                "type": "get_attr",
                "value": "section_map"
              },
              {
                "type": "index",
                "value": {
                  "value": "secrets",
                  "type": "string"
                }
              },
              {
                "type": "get_attr",
                "value": "field_map"
              },
              {
                "type": "index",
                "value": {
                  "value": "redis_password",
                  "type": "string"
                }
              },
              {
                "type": "get_attr",
                "value": "value"
              }
            ]
          ],
          "identity_schema_version": 0
        }
      ]
    },
    {
      "module": "module.onepassword_secrets",
      "mode": "data",
      "type": "onepassword_item",
      "name": "grafana",
      "provider": "provider[\"registry.terraform.io/1password/onepassword\"]",
      "instances": [
        {
          "schema_version": 0,
          "attributes": {
            "category": "password",
            "credential": null,
            "database": null,
            "file": [],
            "filename": null,
            "hostname": null,
            "id": "vaults/glsrlcf5lapzbba6zk6sppkgnq/items/tmycbizgzmusdtqmuerpxek3fe",
            "note_value": "",
            "password": "",
            "port": null,
            "private_key": null,
            "private_key_openssh": null,
            "public_key": null,
            "section": [
              {
                "field": [
                  {
                    "id": "tslhgkkcqs7afzpncxnh233ukm",
                    "label": "bootstrap",
                    "type": "CONCEALED",
                    "value": "bootstrap"
                  },
                  {
                    "id": "mkhvbjm7pieehiciyayrh3dqme",
                    "label": "admin_password",
                    "type": "CONCEALED",
                    "value": "]J*82?_ujMiX%R$-.Jf+%{Gx"
                  },
                  {
                    "id": "ry4jkn5ddj3pckud4vztijdopu",
                    "label": "service_account_token",
                    "type": "CONCEALED",
                    "value": "placeholder"
                  }
                ],
                "file": [],
                "id": "Section_dgxr5ygzuokc7566saj4ez6uc4",
                "label": "secrets"
              }
            ],
            "section_map": {
              "secrets": {
                "field_map": {
                  "admin_password": {
                    "id": "mkhvbjm7pieehiciyayrh3dqme",
                    "type": "CONCEALED",
                    "value": "]J*82?_ujMiX%R$-.Jf+%{Gx"
                  },
                  "bootstrap": {
                    "id": "tslhgkkcqs7afzpncxnh233ukm",
                    "type": "CONCEALED",
                    "value": "bootstrap"
                  },
                  "service_account_token": {
                    "id": "ry4jkn5ddj3pckud4vztijdopu",
                    "type": "CONCEALED",
                    "value": "placeholder"
                  }
                },
                "file_map": {},
                "id": "Section_dgxr5ygzuokc7566saj4ez6uc4"
              }
            },
            "tags": null,
            "title": "grafana",
            "type": null,
            "url": null,
            "username": null,
            "uuid": "tmycbizgzmusdtqmuerpxek3fe",
            "valid_from": null,
            "vault": "glsrlcf5lapzbba6zk6sppkgnq"
          },
          "sensitive_attributes": [
            [
              {
                "type": "get_attr",
                "value": "credential"
              }
            ],
            [
              {
                "type": "get_attr",
                "value": "note_value"
              }
            ],
            [
              {
                "type": "get_attr",
                "value": "password"
              }
            ],
            [
              {
                "type": "get_attr",
                "value": "private_key"
              }
            ],
            [
              {
                "type": "get_attr",
                "value": "private_key_openssh"
              }
            ],
            [
              {
                "type": "get_attr",
                "value": "section"
              },
              {
                "type": "index",
                "value": {
                  "value": 0,
                  "type": "number"
                }
              },
              {
                "type": "get_attr",
                "value": "field"
              },
              {
                "type": "index",
                "value": {
                  "value": 0,
                  "type": "number"
                }
              },
              {
                "type": "get_attr",
                "value": "value"
              }
            ],
            [
              {
                "type": "get_attr",
                "value": "section"
              },
              {
                "type": "index",
                "value": {
                  "value": 0,
                  "type": "number"
                }
              },
              {
                "type": "get_attr",
                "value": "field"
              },
              {
                "type": "index",
                "value": {
                  "value": 1,
                  "type": "number"
                }
              },
              {
                "type": "get_attr",
                "value": "value"
              }
            ],
            [
              {
                "type": "get_attr",
                "value": "section"
              },
              {
                "type": "index",
                "value": {
                  "value": 0,
                  "type": "number"
                }
              },
              {
                "type": "get_attr",
                "value": "field"
              },
              {
                "type": "index",
                "value": {
                  "value": 2,
                  "type": "number"
                }
              },
              {
                "type": "get_attr",
                "value": "value"
              }
            ],
            [
              {
                "type": "get_attr",
                "value": "section_map"
              },
              {
                "type": "index",
                "value": {
                  "value": "secrets",
                  "type": "string"
                }
              },
              {
                "type": "get_attr",
                "value": "field_map"
              },
              {
                "type": "index",
                "value": {
                  "value": "admin_password",
                  "type": "string"
                }
              },
              {
                "type": "get_attr",
                "value": "value"
              }
            ],
            [
              {
                "type": "get_attr",
                "value": "section_map"
              },
              {
                "type": "index",
                "value": {
                  "value": "secrets",
                  "type": "string"
                }
              },
              {
                "type": "get_attr",
                "value": "field_map"
              },
              {
                "type": "index",
                "value": {
                  "value": "bootstrap",
                  "type": "string"
                }
              },
              {
                "type": "get_attr",
                "value": "value"
              }
            ],
            [
              {
                "type": "get_attr",
                "value": "section_map"
              },
              {
                "type": "index",
                "value": {
                  "value": "secrets",
                  "type": "string"
                }
              },
              {
                "type": "get_attr",
                "value": "field_map"
              },
              {
                "type": "index",
                "value": {
                  "value": "service_account_token",
                  "type": "string"
                }
              },
              {
                "type": "get_attr",
                "value": "value"
              }
            ]
          ],
          "identity_schema_version": 0
        }
      ]
    },
    {
      "module": "module.onepassword_secrets",
      "mode": "data",
      "type": "onepassword_item",
      "name": "mcphub",
      "provider": "provider[\"registry.terraform.io/1password/onepassword\"]",
      "instances": [
        {
          "schema_version": 0,
          "attributes": {
            "category": "password",
            "credential": null,
            "database": null,
            "file": [],
            "filename": null,
            "hostname": null,
            "id": "vaults/glsrlcf5lapzbba6zk6sppkgnq/items/eqxrowynyvza2fyt4rm46zaebu",
            "note_value": "",
            "password": "",
            "port": null,
            "private_key": null,
            "private_key_openssh": null,
            "public_key": null,
            "section": [
              {
                "field": [
                  {
                    "id": "7m4fip3ob7lcccxbpfhm6pw3he",
                    "label": "bootstrap",
                    "type": "CONCEALED",
                    "value": "bootstrap"
                  },
                  {
                    "id": "op4kvo2jcliqym6hqf3ttgif6i",
                    "label": "proxmox_token_name",
                    "type": "CONCEALED",
                    "value": "root@pam!terraform-api"
                  },
                  {
                    "id": "scmc3oik5snkkqsnlxnbtwbsny",
                    "label": "proxmox_token_value",
                    "type": "CONCEALED",
                    "value": "0d925da9-a02c-427f-b8e9-1ab71c7a5150"
                  },
                  {
                    "id": "6di54aumfak7oinsgac636hhhu",
                    "label": "admin_password",
                    "type": "CONCEALED",
                    "value": "c}Tq{lm\u003c]Eu\u003evi)4r={lyaxo"
                  },
                  {
                    "id": "yrmzegygvjtebzlnjvfbmg6fdq",
                    "label": "n8n_mcp_api_key",
                    "type": "CONCEALED",
                    "value": "4IY4uc0ir8ZuSmDJHV2HRvnHEOLxW81swjJ6ZwMj"
                  },
                  {
                    "id": "xi47ubceix2yeza7uubmkg4vfm",
                    "label": "op_service_account_token",
                    "type": "CONCEALED",
                    "value": "ops_eyJzaWduSW5BZGRyZXNzIjoibXkuMXBhc3N3b3JkLmNvbSIsInVzZXJBdXRoIjp7Im1ldGhvZCI6IlNSUGctNDA5NiIsImFsZyI6IlBCRVMyZy1IUzI1NiIsIml0ZXJhdGlvbnMiOjY1MDAwMCwic2FsdCI6Ik5CeHFPeGE1NGNXeUM4ckh1cnZ5a0EifSwiZW1haWwiOiI3Mm1nenYzd3NseWxpQDFwYXNzd29yZHNlcnZpY2VhY2NvdW50cy5jb20iLCJzcnBYIjoiMDg4MGM4NDU3NzUzZTY0ZDk5MjZiZTFmYzg5ZjE1MGJiYWRlZTc0ZDQwZWMyOGEyNGNjODc5Njc0YzFlYTYxZSIsIm11ayI6eyJhbGciOiJBMjU2R0NNIiwiZXh0Ijp0cnVlLCJrIjoibmxZQUlHR2x1M0FSRlB0TDM0WnNFM1lNSU5GcTVLbzF5MG1oVzZOa19YdyIsImtleV9vcHMiOlsiZW5jcnlwdCIsImRlY3J5cHQiXSwia3R5Ijoib2N0Iiwia2lkIjoibXAifSwic2VjcmV0S2V5IjoiQTMtMjVMRE1CLVFOQjhXQS1KTDRIRi1UQlRINy1IUDRFVi1LRjM0SyIsInRocm90dGxlU2VjcmV0Ijp7InNlZWQiOiI5OTdhZWM2N2QyNjJkODgyNWE3YTAxYWVjMjRmODVjOWQyNTRiZGVkY2JlOThjMmM0YTMyMWMzYjkyYzIwMzgzIiwidXVpZCI6IlZJUTZZNDM3SEJFS1ZHWkZYVVZCNUg2UTNFIn0sImRldmljZVV1aWQiOiJvMjd5amp1YWdpN2drZ2c3dDNqczc0a3YzdSJ9"
                  },
                  {
                    "id": "l3f2btd4wn3ywiwr6ems2xzwdy",
                    "label": "slack_mcp_xoxb_token",
                    "type": "CONCEALED",
                    "value": "PLACEHOLDER_NEEDS_REAL_TOKEN"
                  },
                  {
                    "id": "sbtnjideayt5tzbktwujjrufyy",
                    "label": "slack_mcp_xoxp_token",
                    "type": "CONCEALED",
                    "value": "xoxe.xoxp-1-Mi0yLTk5MDY2MjUzMzM1NzQtOTg5MzIyMTEyNzYwNy05OTA4OTkxMzQ0OTQ2LTEwNTY1OTkzODM0MDM4LWU5ZTQ0ZmM0ZDRhYjU0ZDI0NmY4MDBlZThkY2FjN2Y1N2NiOWYyNmIxNDMyM2QyZDRiOTdmYjRmMTY2MTFjNjg"
                  }
                ],
                "file": [],
                "id": "Section_dtps6h3obkbqlxc5s2a65ioxne",
                "label": "secrets"
              }
            ],
            "section_map": {
              "secrets": {
                "field_map": {
                  "admin_password": {
                    "id": "6di54aumfak7oinsgac636hhhu",
                    "type": "CONCEALED",
                    "value": "c}Tq{lm\u003c]Eu\u003evi)4r={lyaxo"
                  },
                  "bootstrap": {
                    "id": "7m4fip3ob7lcccxbpfhm6pw3he",
                    "type": "CONCEALED",
                    "value": "bootstrap"
                  },
                  "n8n_mcp_api_key": {
                    "id": "yrmzegygvjtebzlnjvfbmg6fdq",
                    "type": "CONCEALED",
                    "value": "4IY4uc0ir8ZuSmDJHV2HRvnHEOLxW81swjJ6ZwMj"
                  },
                  "op_service_account_token": {
                    "id": "xi47ubceix2yeza7uubmkg4vfm",
                    "type": "CONCEALED",
                    "value": "ops_eyJzaWduSW5BZGRyZXNzIjoibXkuMXBhc3N3b3JkLmNvbSIsInVzZXJBdXRoIjp7Im1ldGhvZCI6IlNSUGctNDA5NiIsImFsZyI6IlBCRVMyZy1IUzI1NiIsIml0ZXJhdGlvbnMiOjY1MDAwMCwic2FsdCI6Ik5CeHFPeGE1NGNXeUM4ckh1cnZ5a0EifSwiZW1haWwiOiI3Mm1nenYzd3NseWxpQDFwYXNzd29yZHNlcnZpY2VhY2NvdW50cy5jb20iLCJzcnBYIjoiMDg4MGM4NDU3NzUzZTY0ZDk5MjZiZTFmYzg5ZjE1MGJiYWRlZTc0ZDQwZWMyOGEyNGNjODc5Njc0YzFlYTYxZSIsIm11ayI6eyJhbGciOiJBMjU2R0NNIiwiZXh0Ijp0cnVlLCJrIjoibmxZQUlHR2x1M0FSRlB0TDM0WnNFM1lNSU5GcTVLbzF5MG1oVzZOa19YdyIsImtleV9vcHMiOlsiZW5jcnlwdCIsImRlY3J5cHQiXSwia3R5Ijoib2N0Iiwia2lkIjoibXAifSwic2VjcmV0S2V5IjoiQTMtMjVMRE1CLVFOQjhXQS1KTDRIRi1UQlRINy1IUDRFVi1LRjM0SyIsInRocm90dGxlU2VjcmV0Ijp7InNlZWQiOiI5OTdhZWM2N2QyNjJkODgyNWE3YTAxYWVjMjRmODVjOWQyNTRiZGVkY2JlOThjMmM0YTMyMWMzYjkyYzIwMzgzIiwidXVpZCI6IlZJUTZZNDM3SEJFS1ZHWkZYVVZCNUg2UTNFIn0sImRldmljZVV1aWQiOiJvMjd5amp1YWdpN2drZ2c3dDNqczc0a3YzdSJ9"
                  },
                  "proxmox_token_name": {
                    "id": "op4kvo2jcliqym6hqf3ttgif6i",
                    "type": "CONCEALED",
                    "value": "root@pam!terraform-api"
                  },
                  "proxmox_token_value": {
                    "id": "scmc3oik5snkkqsnlxnbtwbsny",
                    "type": "CONCEALED",
                    "value": "0d925da9-a02c-427f-b8e9-1ab71c7a5150"
                  },
                  "slack_mcp_xoxb_token": {
                    "id": "l3f2btd4wn3ywiwr6ems2xzwdy",
                    "type": "CONCEALED",
                    "value": "PLACEHOLDER_NEEDS_REAL_TOKEN"
                  },
                  "slack_mcp_xoxp_token": {
                    "id": "sbtnjideayt5tzbktwujjrufyy",
                    "type": "CONCEALED",
                    "value": "xoxe.xoxp-1-Mi0yLTk5MDY2MjUzMzM1NzQtOTg5MzIyMTEyNzYwNy05OTA4OTkxMzQ0OTQ2LTEwNTY1OTkzODM0MDM4LWU5ZTQ0ZmM0ZDRhYjU0ZDI0NmY4MDBlZThkY2FjN2Y1N2NiOWYyNmIxNDMyM2QyZDRiOTdmYjRmMTY2MTFjNjg"
                  }
                },
                "file_map": {},
                "id": "Section_dtps6h3obkbqlxc5s2a65ioxne"
              }
            },
            "tags": null,
            "title": "mcphub",
            "type": null,
            "url": null,
            "username": null,
            "uuid": "eqxrowynyvza2fyt4rm46zaebu",
            "valid_from": null,
            "vault": "glsrlcf5lapzbba6zk6sppkgnq"
          },
          "sensitive_attributes": [
            [
              {
                "type": "get_attr",
                "value": "credential"
              }
            ],
            [
              {
                "type": "get_attr",
                "value": "note_value"
              }
            ],
            [
              {
                "type": "get_attr",
                "value": "password"
              }
            ],
            [
              {
                "type": "get_attr",
                "value": "private_key"
              }
            ],
            [
              {
                "type": "get_attr",
                "value": "private_key_openssh"
              }
            ],
            [
              {
                "type": "get_attr",
                "value": "section"
              },
              {
                "type": "index",
                "value": {
                  "value": 0,
                  "type": "number"
                }
              },
              {
                "type": "get_attr",
                "value": "field"
              },
              {
                "type": "index",
                "value": {
                  "value": 0,
                  "type": "number"
                }
              },
              {
                "type": "get_attr",
                "value": "value"
              }
            ],
            [
              {
                "type": "get_attr",
                "value": "section"
              },
              {
                "type": "index",
                "value": {
                  "value": 0,
                  "type": "number"
                }
              },
              {
                "type": "get_attr",
                "value": "field"
              },
              {
                "type": "index",
                "value": {
                  "value": 1,
                  "type": "number"
                }
              },
              {
                "type": "get_attr",
                "value": "value"
              }
            ],
            [
              {
                "type": "get_attr",
                "value": "section"
              },
              {
                "type": "index",
                "value": {
                  "value": 0,
                  "type": "number"
                }
              },
              {
                "type": "get_attr",
                "value": "field"
              },
              {
                "type": "index",
                "value": {
                  "value": 2,
                  "type": "number"
                }
              },
              {
                "type": "get_attr",
                "value": "value"
              }
            ],
            [
              {
                "type": "get_attr",
                "value": "section"
              },
              {
                "type": "index",
                "value": {
                  "value": 0,
                  "type": "number"
                }
              },
              {
                "type": "get_attr",
                "value": "field"
              },
              {
                "type": "index",
                "value": {
                  "value": 3,
                  "type": "number"
                }
              },
              {
                "type": "get_attr",
                "value": "value"
              }
            ],
            [
              {
                "type": "get_attr",
                "value": "section"
              },
              {
                "type": "index",
                "value": {
                  "value": 0,
                  "type": "number"
                }
              },
              {
                "type": "get_attr",
                "value": "field"
              },
              {
                "type": "index",
                "value": {
                  "value": 4,
                  "type": "number"
                }
              },
              {
                "type": "get_attr",
                "value": "value"
              }
            ],
            [
              {
                "type": "get_attr",
                "value": "section"
              },
              {
                "type": "index",
                "value": {
                  "value": 0,
                  "type": "number"
                }
              },
              {
                "type": "get_attr",
                "value": "field"
              },
              {
                "type": "index",
                "value": {
                  "value": 5,
                  "type": "number"
                }
              },
              {
                "type": "get_attr",
                "value": "value"
              }
            ],
            [
              {
                "type": "get_attr",
                "value": "section"
              },
              {
                "type": "index",
                "value": {
                  "value": 0,
                  "type": "number"
                }
              },
              {
                "type": "get_attr",
                "value": "field"
              },
              {
                "type": "index",
                "value": {
                  "value": 6,
                  "type": "number"
                }
              },
              {
                "type": "get_attr",
                "value": "value"
              }
            ],
            [
              {
                "type": "get_attr",
                "value": "section"
              },
              {
                "type": "index",
                "value": {
                  "value": 0,
                  "type": "number"
                }
              },
              {
                "type": "get_attr",
                "value": "field"
              },
              {
                "type": "index",
                "value": {
                  "value": 7,
                  "type": "number"
                }
              },
              {
                "type": "get_attr",
                "value": "value"
              }
            ],
            [
              {
                "type": "get_attr",
                "value": "section_map"
              },
              {
                "type": "index",
                "value": {
                  "value": "secrets",
                  "type": "string"
                }
              },
              {
                "type": "get_attr",
                "value": "field_map"
              },
              {
                "type": "index",
                "value": {
                  "value": "admin_password",
                  "type": "string"
                }
              },
              {
                "type": "get_attr",
                "value": "value"
              }
            ],
            [
              {
                "type": "get_attr",
                "value": "section_map"
              },
              {
                "type": "index",
                "value": {
                  "value": "secrets",
                  "type": "string"
                }
              },
              {
                "type": "get_attr",
                "value": "field_map"
              },
              {
                "type": "index",
                "value": {
                  "value": "bootstrap",
                  "type": "string"
                }
              },
              {
                "type": "get_attr",
                "value": "value"
              }
            ],
            [
              {
                "type": "get_attr",
                "value": "section_map"
              },
              {
                "type": "index",
                "value": {
                  "value": "secrets",
                  "type": "string"
                }
              },
              {
                "type": "get_attr",
                "value": "field_map"
              },
              {
                "type": "index",
                "value": {
                  "value": "n8n_mcp_api_key",
                  "type": "string"
                }
              },
              {
                "type": "get_attr",
                "value": "value"
              }
            ],
            [
              {
                "type": "get_attr",
                "value": "section_map"
              },
              {
                "type": "index",
                "value": {
                  "value": "secrets",
                  "type": "string"
                }
              },
              {
                "type": "get_attr",
                "value": "field_map"
              },
              {
                "type": "index",
                "value": {
                  "value": "op_service_account_token",
                  "type": "string"
                }
              },
              {
                "type": "get_attr",
                "value": "value"
              }
            ],
            [
              {
                "type": "get_attr",
                "value": "section_map"
              },
              {
                "type": "index",
                "value": {
                  "value": "secrets",
                  "type": "string"
                }
              },
              {
                "type": "get_attr",
                "value": "field_map"
              },
              {
                "type": "index",
                "value": {
                  "value": "proxmox_token_name",
                  "type": "string"
                }
              },
              {
                "type": "get_attr",
                "value": "value"
              }
            ],
            [
              {
                "type": "get_attr",
                "value": "section_map"
              },
              {
                "type": "index",
                "value": {
                  "value": "secrets",
                  "type": "string"
                }
              },
              {
                "type": "get_attr",
                "value": "field_map"
              },
              {
                "type": "index",
                "value": {
                  "value": "proxmox_token_value",
                  "type": "string"
                }
              },
              {
                "type": "get_attr",
                "value": "value"
              }
            ],
            [
              {
                "type": "get_attr",
                "value": "section_map"
              },
              {
                "type": "index",
                "value": {
                  "value": "secrets",
                  "type": "string"
                }
              },
              {
                "type": "get_attr",
                "value": "field_map"
              },
              {
                "type": "index",
                "value": {
                  "value": "slack_mcp_xoxb_token",
                  "type": "string"
                }
              },
              {
                "type": "get_attr",
                "value": "value"
              }
            ],
            [
              {
                "type": "get_attr",
                "value": "section_map"
              },
              {
                "type": "index",
                "value": {
                  "value": "secrets",
                  "type": "string"
                }
              },
              {
                "type": "get_attr",
                "value": "field_map"
              },
              {
                "type": "index",
                "value": {
                  "value": "slack_mcp_xoxp_token",
                  "type": "string"
                }
              },
              {
                "type": "get_attr",
                "value": "value"
              }
            ]
          ],
          "identity_schema_version": 0
        }
      ]
    },
    {
      "module": "module.onepassword_secrets",
      "mode": "data",
      "type": "onepassword_item",
      "name": "n8n",
      "provider": "provider[\"registry.terraform.io/1password/onepassword\"]",
      "instances": [
        {
          "schema_version": 0,
          "attributes": {
            "category": "password",
            "credential": null,
            "database": null,
            "file": [],
            "filename": null,
            "hostname": null,
            "id": "vaults/glsrlcf5lapzbba6zk6sppkgnq/items/duehbg2cw5kx5hqzslnyt5zxce",
            "note_value": "",
            "password": "",
            "port": null,
            "private_key": null,
            "private_key_openssh": null,
            "public_key": null,
            "section": [
              {
                "field": [
                  {
                    "id": "i235ssles2q2ahkudrtijw4gfy",
                    "label": "bootstrap",
                    "type": "CONCEALED",
                    "value": "bootstrap"
                  },
                  {
                    "id": "5wxowzn23pmffkl5bz4jbedfoy",
                    "label": "api_key",
                    "type": "CONCEALED",
                    "value": "4IY4uc0ir8ZuSmDJHV2HRvnHEOLxW81swjJ6ZwMj"
                  },
                  {
                    "id": "znx6pk7jxka3oqgupxtqcx7uwq",
                    "label": "github_token",
                    "type": "CONCEALED",
                    "value": "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"
                  },
                  {
                    "id": "uyi2fpi3rxtdfaplmxf3rke7ce",
                    "label": "glitchtip_api_token",
                    "type": "CONCEALED",
                    "value": "4813c494717ae627ad589f17c55a21e30309ec2f5669be37d5b9cd64854bcb10"
                  }
                ],
                "file": [],
                "id": "Section_7xjyiknp2w7rfupdks7sgxpkqy",
                "label": "secrets"
              }
            ],
            "section_map": {
              "secrets": {
                "field_map": {
                  "api_key": {
                    "id": "5wxowzn23pmffkl5bz4jbedfoy",
                    "type": "CONCEALED",
                    "value": "4IY4uc0ir8ZuSmDJHV2HRvnHEOLxW81swjJ6ZwMj"
                  },
                  "bootstrap": {
                    "id": "i235ssles2q2ahkudrtijw4gfy",
                    "type": "CONCEALED",
                    "value": "bootstrap"
                  },
                  "github_token": {
                    "id": "znx6pk7jxka3oqgupxtqcx7uwq",
                    "type": "CONCEALED",
                    "value": "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"
                  },
                  "glitchtip_api_token": {
                    "id": "uyi2fpi3rxtdfaplmxf3rke7ce",
                    "type": "CONCEALED",
                    "value": "4813c494717ae627ad589f17c55a21e30309ec2f5669be37d5b9cd64854bcb10"
                  }
                },
                "file_map": {},
                "id": "Section_7xjyiknp2w7rfupdks7sgxpkqy"
              }
            },
            "tags": null,
            "title": "n8n",
            "type": null,
            "url": null,
            "username": null,
            "uuid": "duehbg2cw5kx5hqzslnyt5zxce",
            "valid_from": null,
            "vault": "glsrlcf5lapzbba6zk6sppkgnq"
          },
          "sensitive_attributes": [
            [
              {
                "type": "get_attr",
                "value": "credential"
              }
            ],
            [
              {
                "type": "get_attr",
                "value": "note_value"
              }
            ],
            [
              {
                "type": "get_attr",
                "value": "password"
              }
            ],
            [
              {
                "type": "get_attr",
                "value": "private_key"
              }
            ],
            [
              {
                "type": "get_attr",
                "value": "private_key_openssh"
              }
            ],
            [
              {
                "type": "get_attr",
                "value": "section"
              },
              {
                "type": "index",
                "value": {
                  "value": 0,
                  "type": "number"
                }
              },
              {
                "type": "get_attr",
                "value": "field"
              },
              {
                "type": "index",
                "value": {
                  "value": 0,
                  "type": "number"
                }
              },
              {
                "type": "get_attr",
                "value": "value"
              }
            ],
            [
              {
                "type": "get_attr",
                "value": "section"
              },
              {
                "type": "index",
                "value": {
                  "value": 0,
                  "type": "number"
                }
              },
              {
                "type": "get_attr",
                "value": "field"
              },
              {
                "type": "index",
                "value": {
                  "value": 1,
                  "type": "number"
                }
              },
              {
                "type": "get_attr",
                "value": "value"
              }
            ],
            [
              {
                "type": "get_attr",
                "value": "section"
              },
              {
                "type": "index",
                "value": {
                  "value": 0,
                  "type": "number"
                }
              },
              {
                "type": "get_attr",
                "value": "field"
              },
              {
                "type": "index",
                "value": {
                  "value": 2,
                  "type": "number"
                }
              },
              {
                "type": "get_attr",
                "value": "value"
              }
            ],
            [
              {
                "type": "get_attr",
                "value": "section"
              },
              {
                "type": "index",
                "value": {
                  "value": 0,
                  "type": "number"
                }
              },
              {
                "type": "get_attr",
                "value": "field"
              },
              {
                "type": "index",
                "value": {
                  "value": 3,
                  "type": "number"
                }
              },
              {
                "type": "get_attr",
                "value": "value"
              }
            ],
            [
              {
                "type": "get_attr",
                "value": "section_map"
              },
              {
                "type": "index",
                "value": {
                  "value": "secrets",
                  "type": "string"
                }
              },
              {
                "type": "get_attr",
                "value": "field_map"
              },
              {
                "type": "index",
                "value": {
                  "value": "api_key",
                  "type": "string"
                }
              },
              {
                "type": "get_attr",
                "value": "value"
              }
            ],
            [
              {
                "type": "get_attr",
                "value": "section_map"
              },
              {
                "type": "index",
                "value": {
                  "value": "secrets",
                  "type": "string"
                }
              },
              {
                "type": "get_attr",
                "value": "field_map"
              },
              {
                "type": "index",
                "value": {
                  "value": "bootstrap",
                  "type": "string"
                }
              },
              {
                "type": "get_attr",
                "value": "value"
              }
            ],
            [
              {
                "type": "get_attr",
                "value": "section_map"
              },
              {
                "type": "index",
                "value": {
                  "value": "secrets",
                  "type": "string"
                }
              },
              {
                "type": "get_attr",
                "value": "field_map"
              },
              {
                "type": "index",
                "value": {
                  "value": "github_token",
                  "type": "string"
                }
              },
              {
                "type": "get_attr",
                "value": "value"
              }
            ],
            [
              {
                "type": "get_attr",
                "value": "section_map"
              },
              {
                "type": "index",
                "value": {
                  "value": "secrets",
                  "type": "string"
                }
              },
              {
                "type": "get_attr",
                "value": "field_map"
              },
              {
                "type": "index",
                "value": {
                  "value": "glitchtip_api_token",
                  "type": "string"
                }
              },
              {
                "type": "get_attr",
                "value": "value"
              }
            ]
          ],
          "identity_schema_version": 0
        }
      ]
    },
    {
      "module": "module.onepassword_secrets",
      "mode": "data",
      "type": "onepassword_item",
      "name": "proxmox",
      "provider": "provider[\"registry.terraform.io/1password/onepassword\"]",
      "instances": [
        {
          "schema_version": 0,
          "attributes": {
            "category": "password",
            "credential": null,
            "database": null,
            "file": [],
            "filename": null,
            "hostname": null,
            "id": "vaults/glsrlcf5lapzbba6zk6sppkgnq/items/k4urtqv5j2v2bpmlzqw4fncct4",
            "note_value": "",
            "password": "",
            "port": null,
            "private_key": null,
            "private_key_openssh": null,
            "public_key": null,
            "section": [
              {
                "field": [
                  {
                    "id": "bwtjo62z3m2pit2tjtks7x5x5u",
                    "label": "bootstrap",
                    "type": "CONCEALED",
                    "value": "bootstrap"
                  },
                  {
                    "id": "lcevpkblfjfq3lqu3rcbskgsci",
                    "label": "api_token_value",
                    "type": "CONCEALED",
                    "value": "root@pam!terraform-api=0d925da9-a02c-427f-b8e9-1ab71c7a5150"
                  },
                  {
                    "id": "wn75qwfgirtdn2y5xi4fz6xj4q",
                    "label": "ssh_private_key",
                    "type": "CONCEALED",
                    "value": "-----BEGIN OPENSSH PRIVATE KEY-----\nb3BlbnNzaC1rZXktdjEAAAAABG5vbmUAAAAEbm9uZQAAAAAAAAABAAACFwAAAAdzc2gtcn\nNhAAAAAwEAAQAAAgEAxt2FLf52o5i7JrwR9/HDYvivEWpZKpae/LDPCYPDortHjhYUOkmp\n+CHRCSLWX0lryneQOJ98H0vKEz08jjNUN+H4WT9C9khtXeibYHRYCMFkTMc9Jz06cEBoNC\nN4HdVfpEofcU/+bhk3Emhnq9Ztkfra2piBTJ3kA1cT6WD+n3y6aEgOITZpla6231zHUnjl\nEeInjcWMjN2lQpgXAEfl6WCFOOZ0Vbwd8rGqi908s0hBKlEVZwaDpdoMr3QiiDrpwoCoAB\nRVJI6XmghTRn1I/1NPHQnrji/egEZIOXfrC8KcaTANgTT3q3PWCccN/nAtpxUzG84obs0w\n8KSeOf8AZdidUPokXOIP9rDeZNjJ63M9sFDzSnv5BNgkc1fcqDAoL8dgBQNrn48ktkYbXl\nnRhDMEaEqzlRa9j0xuFYAhSMnYYMZgoh4SFfdZYzf3d1bE5WzH5Au+vGc3mZMCAYOHUw2l\nLq9lQPu3E58W5QJciCOlKftTQvetABe/O+jpIuZOzU0m9Pvxm8ObUEg7oG+Fmf3Pe8sWK9\nTd4FQrEYVQA4ii54+5KbgB3MB24E0x7rNJPDrW4tyx3y3z8gCvQGQ4n6uiwdZBDu4SvGPc\nY4LKAboAw8dXLkSWPPVNw+8Z4RJpUkFMJgwC4cLqQ92UX7jzOyGSwNPc7xGoEl0ug59G+s\nsAAAdQ4vkjHOL5IxwAAAAHc3NoLXJzYQAAAgEAxt2FLf52o5i7JrwR9/HDYvivEWpZKpae\n/LDPCYPDortHjhYUOkmp+CHRCSLWX0lryneQOJ98H0vKEz08jjNUN+H4WT9C9khtXeibYH\nRYCMFkTMc9Jz06cEBoNCN4HdVfpEofcU/+bhk3Emhnq9Ztkfra2piBTJ3kA1cT6WD+n3y6\naEgOITZpla6231zHUnjlEeInjcWMjN2lQpgXAEfl6WCFOOZ0Vbwd8rGqi908s0hBKlEVZw\naDpdoMr3QiiDrpwoCoABRVJI6XmghTRn1I/1NPHQnrji/egEZIOXfrC8KcaTANgTT3q3PW\nCccN/nAtpxUzG84obs0w8KSeOf8AZdidUPokXOIP9rDeZNjJ63M9sFDzSnv5BNgkc1fcqD\nAoL8dgBQNrn48ktkYbXlnRhDMEaEqzlRa9j0xuFYAhSMnYYMZgoh4SFfdZYzf3d1bE5WzH\n5Au+vGc3mZMCAYOHUw2lLq9lQPu3E58W5QJciCOlKftTQvetABe/O+jpIuZOzU0m9Pvxm8\nObUEg7oG+Fmf3Pe8sWK9Td4FQrEYVQA4ii54+5KbgB3MB24E0x7rNJPDrW4tyx3y3z8gCv\nQGQ4n6uiwdZBDu4SvGPcY4LKAboAw8dXLkSWPPVNw+8Z4RJpUkFMJgwC4cLqQ92UX7jzOy\nGSwNPc7xGoEl0ug59G+ssAAAADAQABAAACAQC2UmAI1BSHVr62+5RpwuDEu4UeLWeEkUVA\nHQYkDgbuCk/HJ9zxt5m6YZ6ZhrQN9m152faCw010D/M7glgjc1HSTj137XUCAVMr1telLe\nWMWWoQrlYVxJ/wTEx9CMvWZkrigAalx5ZX8Iw6NzhdJiGcxeWiplFdIiDrIwmhXQj0xdDN\nTMqPjqhs0BrfW9tudGJn6/UhmK2MdKVQEcp8um5CcfiSO08LT4YRfOwEgRhmsmb0WhSKOU\nG3a9tXfN0wEvtAFN5x/DI3avf5A4r9xF2JoSKWWAL7gE25QzZyYcxAIvNtyN2IyTwMmA3z\nNulQjh584gXSh0cwlrU422Qpfe4o1Bs9IVG9oB0tjfZveEfHk+mcKrKU0+ZfV0SUapgXw5\n92+4MRAKQVasOtvTbQ40Zf7iLG7uiUQ21dBz/rDk88AwZlhKsSx/pVcSVcnXKW5+IihCo4\n56MO/gGXqzHdv+r3w9e5Jb6MRFG0itx29ZTld3BOda2Ma86fAnGUrnlKR1h3m8jDlRvLU/\nDYxLXBPkpRs1syAsvD2osHM+kVDBK8lpkxYd9yDA04taYY9gP+oUE9bM9F85TO2GMfu/FF\n5W1JBGqf1QlYGEDBgof8vxLpJfehWG65JHZd7HTTY+81CYscOuCaJhATub181RiYMuTU/R\nWpyie1nMiCHulnZlR68QAAAQEAkc4awJyCdOHg3utxQ/qAp/VAy1Ajn1ODBbavXqBisMgz\ncili7a0otuliOE+gn3wGknvlA1TXocZjJr71oZB6ShTBvqouOXmVcnr52wCVmPhsoml7cJ\nwiR96GHlZDLqEP2Gd6TWQBwiYU3mo4TsAAVxhsKo5M9ISwM2qCsdMcQ+8ZKo7ixRTT7sDS\n30dOZ4jYuSjLZz1yG96O6mvC6Y+trfIf++5hc0UXJFfvOkYXcAu5rhryVNxjx/gOpu6I84\nCTDZmPQpdLItFzwLiJudc5xcrUSYfksw2XTN0v0+AV3EBoY05NE2ypQaK7LTZEzK15PLyu\noeQyqSjUN2bC4zUPzwAAAQEA424l1Iecdu3/OOmASIrC9tY4pWddh0qbEfysAZzKYuVu55\nFToZ5LVYReq2xDaLrcwHuh4BEg23KqDbOLUQ9BTOgbU7CqGvpy5IoCL2w7ri7//fJ7XNuJ\ntXO4n4ie2TG5fgZ+FTD8TR28nhrTJXroWmzgXKA+eNMBTv4mdGO4mNPctCUjI4PMDUKffT\nfm38yuduucyONi29nHrt20psm795Dcw13H2U8DEe7xN4/YPcsIb8zOB2LFBMp7mRfN25xZ\n+mBRBbNAmxG3b26m+HAkH8eBLAKA55WOiDXLsgXhVwviCkWy0N8c6G1rGZQUV7HKz9r/m7\nhZDsDPdvaFhubfAwAAAQEA39jDDq2J699r2fN/bQKelERkw64L+JvXDnZ/2e9Ul/nw3+ai\nrPNhZTZRirRLVFAuJSMMRnJly+vX172ttlk10kBux7SrraujAe0QWcJXwWDCnAo/vB3tmo\n4Uw/hZIqA/WOPXBdILLUazhWI7YNInUuLWOIZqtw2n+2o1gfWU6ABprfJPOCNeJouPO+KM\nKgkl0n7WVGiAFJ3rPYzkqdR420MDkmvwgD1DHsG/goOGAn2XFBFgaK9rotDdz1RTe8J1WD\nbAscUmpzC/ebhqZ1sNq+BcXKxzx7MQVPmrMdLAdD3dIA+k+sTnFHPhQ1qVoLniDYcjIjYZ\nIVHKUClM8qXmmQAAABVueHRcZXc1MTAxQFBFVzUxMDFEMDEBAgME\n-----END OPENSSH PRIVATE KEY-----"
                  }
                ],
                "file": [],
                "id": "Section_y2t5qyi2frwc5wav34463kjz6i",
                "label": "secrets"
              }
            ],
            "section_map": {
              "secrets": {
                "field_map": {
                  "api_token_value": {
                    "id": "lcevpkblfjfq3lqu3rcbskgsci",
                    "type": "CONCEALED",
                    "value": "root@pam!terraform-api=0d925da9-a02c-427f-b8e9-1ab71c7a5150"
                  },
                  "bootstrap": {
                    "id": "bwtjo62z3m2pit2tjtks7x5x5u",
                    "type": "CONCEALED",
                    "value": "bootstrap"
                  },
                  "ssh_private_key": {
                    "id": "wn75qwfgirtdn2y5xi4fz6xj4q",
                    "type": "CONCEALED",
                    "value": "-----BEGIN OPENSSH PRIVATE KEY-----\nb3BlbnNzaC1rZXktdjEAAAAABG5vbmUAAAAEbm9uZQAAAAAAAAABAAACFwAAAAdzc2gtcn\nNhAAAAAwEAAQAAAgEAxt2FLf52o5i7JrwR9/HDYvivEWpZKpae/LDPCYPDortHjhYUOkmp\n+CHRCSLWX0lryneQOJ98H0vKEz08jjNUN+H4WT9C9khtXeibYHRYCMFkTMc9Jz06cEBoNC\nN4HdVfpEofcU/+bhk3Emhnq9Ztkfra2piBTJ3kA1cT6WD+n3y6aEgOITZpla6231zHUnjl\nEeInjcWMjN2lQpgXAEfl6WCFOOZ0Vbwd8rGqi908s0hBKlEVZwaDpdoMr3QiiDrpwoCoAB\nRVJI6XmghTRn1I/1NPHQnrji/egEZIOXfrC8KcaTANgTT3q3PWCccN/nAtpxUzG84obs0w\n8KSeOf8AZdidUPokXOIP9rDeZNjJ63M9sFDzSnv5BNgkc1fcqDAoL8dgBQNrn48ktkYbXl\nnRhDMEaEqzlRa9j0xuFYAhSMnYYMZgoh4SFfdZYzf3d1bE5WzH5Au+vGc3mZMCAYOHUw2l\nLq9lQPu3E58W5QJciCOlKftTQvetABe/O+jpIuZOzU0m9Pvxm8ObUEg7oG+Fmf3Pe8sWK9\nTd4FQrEYVQA4ii54+5KbgB3MB24E0x7rNJPDrW4tyx3y3z8gCvQGQ4n6uiwdZBDu4SvGPc\nY4LKAboAw8dXLkSWPPVNw+8Z4RJpUkFMJgwC4cLqQ92UX7jzOyGSwNPc7xGoEl0ug59G+s\nsAAAdQ4vkjHOL5IxwAAAAHc3NoLXJzYQAAAgEAxt2FLf52o5i7JrwR9/HDYvivEWpZKpae\n/LDPCYPDortHjhYUOkmp+CHRCSLWX0lryneQOJ98H0vKEz08jjNUN+H4WT9C9khtXeibYH\nRYCMFkTMc9Jz06cEBoNCN4HdVfpEofcU/+bhk3Emhnq9Ztkfra2piBTJ3kA1cT6WD+n3y6\naEgOITZpla6231zHUnjlEeInjcWMjN2lQpgXAEfl6WCFOOZ0Vbwd8rGqi908s0hBKlEVZw\naDpdoMr3QiiDrpwoCoABRVJI6XmghTRn1I/1NPHQnrji/egEZIOXfrC8KcaTANgTT3q3PW\nCccN/nAtpxUzG84obs0w8KSeOf8AZdidUPokXOIP9rDeZNjJ63M9sFDzSnv5BNgkc1fcqD\nAoL8dgBQNrn48ktkYbXlnRhDMEaEqzlRa9j0xuFYAhSMnYYMZgoh4SFfdZYzf3d1bE5WzH\n5Au+vGc3mZMCAYOHUw2lLq9lQPu3E58W5QJciCOlKftTQvetABe/O+jpIuZOzU0m9Pvxm8\nObUEg7oG+Fmf3Pe8sWK9Td4FQrEYVQA4ii54+5KbgB3MB24E0x7rNJPDrW4tyx3y3z8gCv\nQGQ4n6uiwdZBDu4SvGPcY4LKAboAw8dXLkSWPPVNw+8Z4RJpUkFMJgwC4cLqQ92UX7jzOy\nGSwNPc7xGoEl0ug59G+ssAAAADAQABAAACAQC2UmAI1BSHVr62+5RpwuDEu4UeLWeEkUVA\nHQYkDgbuCk/HJ9zxt5m6YZ6ZhrQN9m152faCw010D/M7glgjc1HSTj137XUCAVMr1telLe\nWMWWoQrlYVxJ/wTEx9CMvWZkrigAalx5ZX8Iw6NzhdJiGcxeWiplFdIiDrIwmhXQj0xdDN\nTMqPjqhs0BrfW9tudGJn6/UhmK2MdKVQEcp8um5CcfiSO08LT4YRfOwEgRhmsmb0WhSKOU\nG3a9tXfN0wEvtAFN5x/DI3avf5A4r9xF2JoSKWWAL7gE25QzZyYcxAIvNtyN2IyTwMmA3z\nNulQjh584gXSh0cwlrU422Qpfe4o1Bs9IVG9oB0tjfZveEfHk+mcKrKU0+ZfV0SUapgXw5\n92+4MRAKQVasOtvTbQ40Zf7iLG7uiUQ21dBz/rDk88AwZlhKsSx/pVcSVcnXKW5+IihCo4\n56MO/gGXqzHdv+r3w9e5Jb6MRFG0itx29ZTld3BOda2Ma86fAnGUrnlKR1h3m8jDlRvLU/\nDYxLXBPkpRs1syAsvD2osHM+kVDBK8lpkxYd9yDA04taYY9gP+oUE9bM9F85TO2GMfu/FF\n5W1JBGqf1QlYGEDBgof8vxLpJfehWG65JHZd7HTTY+81CYscOuCaJhATub181RiYMuTU/R\nWpyie1nMiCHulnZlR68QAAAQEAkc4awJyCdOHg3utxQ/qAp/VAy1Ajn1ODBbavXqBisMgz\ncili7a0otuliOE+gn3wGknvlA1TXocZjJr71oZB6ShTBvqouOXmVcnr52wCVmPhsoml7cJ\nwiR96GHlZDLqEP2Gd6TWQBwiYU3mo4TsAAVxhsKo5M9ISwM2qCsdMcQ+8ZKo7ixRTT7sDS\n30dOZ4jYuSjLZz1yG96O6mvC6Y+trfIf++5hc0UXJFfvOkYXcAu5rhryVNxjx/gOpu6I84\nCTDZmPQpdLItFzwLiJudc5xcrUSYfksw2XTN0v0+AV3EBoY05NE2ypQaK7LTZEzK15PLyu\noeQyqSjUN2bC4zUPzwAAAQEA424l1Iecdu3/OOmASIrC9tY4pWddh0qbEfysAZzKYuVu55\nFToZ5LVYReq2xDaLrcwHuh4BEg23KqDbOLUQ9BTOgbU7CqGvpy5IoCL2w7ri7//fJ7XNuJ\ntXO4n4ie2TG5fgZ+FTD8TR28nhrTJXroWmzgXKA+eNMBTv4mdGO4mNPctCUjI4PMDUKffT\nfm38yuduucyONi29nHrt20psm795Dcw13H2U8DEe7xN4/YPcsIb8zOB2LFBMp7mRfN25xZ\n+mBRBbNAmxG3b26m+HAkH8eBLAKA55WOiDXLsgXhVwviCkWy0N8c6G1rGZQUV7HKz9r/m7\nhZDsDPdvaFhubfAwAAAQEA39jDDq2J699r2fN/bQKelERkw64L+JvXDnZ/2e9Ul/nw3+ai\nrPNhZTZRirRLVFAuJSMMRnJly+vX172ttlk10kBux7SrraujAe0QWcJXwWDCnAo/vB3tmo\n4Uw/hZIqA/WOPXBdILLUazhWI7YNInUuLWOIZqtw2n+2o1gfWU6ABprfJPOCNeJouPO+KM\nKgkl0n7WVGiAFJ3rPYzkqdR420MDkmvwgD1DHsG/goOGAn2XFBFgaK9rotDdz1RTe8J1WD\nbAscUmpzC/ebhqZ1sNq+BcXKxzx7MQVPmrMdLAdD3dIA+k+sTnFHPhQ1qVoLniDYcjIjYZ\nIVHKUClM8qXmmQAAABVueHRcZXc1MTAxQFBFVzUxMDFEMDEBAgME\n-----END OPENSSH PRIVATE KEY-----"
                  }
                },
                "file_map": {},
                "id": "Section_y2t5qyi2frwc5wav34463kjz6i"
              }
            },
            "tags": null,
            "title": "proxmox",
            "type": null,
            "url": null,
            "username": null,
            "uuid": "k4urtqv5j2v2bpmlzqw4fncct4",
            "valid_from": null,
            "vault": "glsrlcf5lapzbba6zk6sppkgnq"
          },
          "sensitive_attributes": [
            [
              {
                "type": "get_attr",
                "value": "credential"
              }
            ],
            [
              {
                "type": "get_attr",
                "value": "note_value"
              }
            ],
            [
              {
                "type": "get_attr",
                "value": "password"
              }
            ],
            [
              {
                "type": "get_attr",
                "value": "private_key"
              }
            ],
            [
              {
                "type": "get_attr",
                "value": "private_key_openssh"
              }
            ],
            [
              {
                "type": "get_attr",
                "value": "section"
              },
              {
                "type": "index",
                "value": {
                  "value": 0,
                  "type": "number"
                }
              },
              {
                "type": "get_attr",
                "value": "field"
              },
              {
                "type": "index",
                "value": {
                  "value": 0,
                  "type": "number"
                }
              },
              {
                "type": "get_attr",
                "value": "value"
              }
            ],
            [
              {
                "type": "get_attr",
                "value": "section"
              },
              {
                "type": "index",
                "value": {
                  "value": 0,
                  "type": "number"
                }
              },
              {
                "type": "get_attr",
                "value": "field"
              },
              {
                "type": "index",
                "value": {
                  "value": 1,
                  "type": "number"
                }
              },
              {
                "type": "get_attr",
                "value": "value"
              }
            ],
            [
              {
                "type": "get_attr",
                "value": "section"
              },
              {
                "type": "index",
                "value": {
                  "value": 0,
                  "type": "number"
                }
              },
              {
                "type": "get_attr",
                "value": "field"
              },
              {
                "type": "index",
                "value": {
                  "value": 2,
                  "type": "number"
                }
              },
              {
                "type": "get_attr",
                "value": "value"
              }
            ],
            [
              {
                "type": "get_attr",
                "value": "section_map"
              },
              {
                "type": "index",
                "value": {
                  "value": "secrets",
                  "type": "string"
                }
              },
              {
                "type": "get_attr",
                "value": "field_map"
              },
              {
                "type": "index",
                "value": {
                  "value": "api_token_value",
                  "type": "string"
                }
              },
              {
                "type": "get_attr",
                "value": "value"
              }
            ],
            [
              {
                "type": "get_attr",
                "value": "section_map"
              },
              {
                "type": "index",
                "value": {
                  "value": "secrets",
                  "type": "string"
                }
              },
              {
                "type": "get_attr",
                "value": "field_map"
              },
              {
                "type": "index",
                "value": {
                  "value": "bootstrap",
                  "type": "string"
                }
              },
              {
                "type": "get_attr",
                "value": "value"
              }
            ],
            [
              {
                "type": "get_attr",
                "value": "section_map"
              },
              {
                "type": "index",
                "value": {
                  "value": "secrets",
                  "type": "string"
                }
              },
              {
                "type": "get_attr",
                "value": "field_map"
              },
              {
                "type": "index",
                "value": {
                  "value": "ssh_private_key",
                  "type": "string"
                }
              },
              {
                "type": "get_attr",
                "value": "value"
              }
            ]
          ],
          "identity_schema_version": 0
        }
      ]
    },
    {
      "module": "module.onepassword_secrets",
      "mode": "data",
      "type": "onepassword_item",
      "name": "splunk",
      "provider": "provider[\"registry.terraform.io/1password/onepassword\"]",
      "instances": [
        {
          "schema_version": 0,
          "attributes": {
            "category": "password",
            "credential": null,
            "database": null,
            "file": [],
            "filename": null,
            "hostname": null,
            "id": "vaults/glsrlcf5lapzbba6zk6sppkgnq/items/ca2vx5zbrnws2al4dcic4vnxqu",
            "note_value": "",
            "password": "",
            "port": null,
            "private_key": null,
            "private_key_openssh": null,
            "public_key": null,
            "section": [
              {
                "field": [
                  {
                    "id": "pvdzxdwvqt4geuvgjo22sipn2y",
                    "label": "bootstrap",
                    "type": "CONCEALED",
                    "value": "bootstrap"
                  },
                  {
                    "id": "pk775ichvh3zptyzwfnmufs5ua",
                    "label": "username",
                    "type": "CONCEALED",
                    "value": "placeholder"
                  },
                  {
                    "id": "lncuwdzyed2w34vzytasxzjtta",
                    "label": "host",
                    "type": "CONCEALED",
                    "value": "placeholder"
                  },
                  {
                    "id": "ttp2ygukvsw4oas2hnxdbhn2jq",
                    "label": "port",
                    "type": "CONCEALED",
                    "value": "8088"
                  }
                ],
                "file": [],
                "id": "Section_ppuzl5ahkkikr5v7fys4qhbijq",
                "label": "secrets"
              }
            ],
            "section_map": {
              "secrets": {
                "field_map": {
                  "bootstrap": {
                    "id": "pvdzxdwvqt4geuvgjo22sipn2y",
                    "type": "CONCEALED",
                    "value": "bootstrap"
                  },
                  "host": {
                    "id": "lncuwdzyed2w34vzytasxzjtta",
                    "type": "CONCEALED",
                    "value": "placeholder"
                  },
                  "port": {
                    "id": "ttp2ygukvsw4oas2hnxdbhn2jq",
                    "type": "CONCEALED",
                    "value": "8088"
                  },
                  "username": {
                    "id": "pk775ichvh3zptyzwfnmufs5ua",
                    "type": "CONCEALED",
                    "value": "placeholder"
                  }
                },
                "file_map": {},
                "id": "Section_ppuzl5ahkkikr5v7fys4qhbijq"
              }
            },
            "tags": null,
            "title": "splunk",
            "type": null,
            "url": null,
            "username": null,
            "uuid": "ca2vx5zbrnws2al4dcic4vnxqu",
            "valid_from": null,
            "vault": "glsrlcf5lapzbba6zk6sppkgnq"
          },
          "sensitive_attributes": [
            [
              {
                "type": "get_attr",
                "value": "credential"
              }
            ],
            [
              {
                "type": "get_attr",
                "value": "note_value"
              }
            ],
            [
              {
                "type": "get_attr",
                "value": "password"
              }
            ],
            [
              {
                "type": "get_attr",
                "value": "private_key"
              }
            ],
            [
              {
                "type": "get_attr",
                "value": "private_key_openssh"
              }
            ],
            [
              {
                "type": "get_attr",
                "value": "section"
              },
              {
                "type": "index",
                "value": {
                  "value": 0,
                  "type": "number"
                }
              },
              {
                "type": "get_attr",
                "value": "field"
              },
              {
                "type": "index",
                "value": {
                  "value": 0,
                  "type": "number"
                }
              },
              {
                "type": "get_attr",
                "value": "value"
              }
            ],
            [
              {
                "type": "get_attr",
                "value": "section"
              },
              {
                "type": "index",
                "value": {
                  "value": 0,
                  "type": "number"
                }
              },
              {
                "type": "get_attr",
                "value": "field"
              },
              {
                "type": "index",
                "value": {
                  "value": 1,
                  "type": "number"
                }
              },
              {
                "type": "get_attr",
                "value": "value"
              }
            ],
            [
              {
                "type": "get_attr",
                "value": "section"
              },
              {
                "type": "index",
                "value": {
                  "value": 0,
                  "type": "number"
                }
              },
              {
                "type": "get_attr",
                "value": "field"
              },
              {
                "type": "index",
                "value": {
                  "value": 2,
                  "type": "number"
                }
              },
              {
                "type": "get_attr",
                "value": "value"
              }
            ],
            [
              {
                "type": "get_attr",
                "value": "section"
              },
              {
                "type": "index",
                "value": {
                  "value": 0,
                  "type": "number"
                }
              },
              {
                "type": "get_attr",
                "value": "field"
              },
              {
                "type": "index",
                "value": {
                  "value": 3,
                  "type": "number"
                }
              },
              {
                "type": "get_attr",
                "value": "value"
              }
            ],
            [
              {
                "type": "get_attr",
                "value": "section_map"
              },
              {
                "type": "index",
                "value": {
                  "value": "secrets",
                  "type": "string"
                }
              },
              {
                "type": "get_attr",
                "value": "field_map"
              },
              {
                "type": "index",
                "value": {
                  "value": "bootstrap",
                  "type": "string"
                }
              },
              {
                "type": "get_attr",
                "value": "value"
              }
            ],
            [
              {
                "type": "get_attr",
                "value": "section_map"
              },
              {
                "type": "index",
                "value": {
                  "value": "secrets",
                  "type": "string"
                }
              },
              {
                "type": "get_attr",
                "value": "field_map"
              },
              {
                "type": "index",
                "value": {
                  "value": "host",
                  "type": "string"
                }
              },
              {
                "type": "get_attr",
                "value": "value"
              }
            ],
            [
              {
                "type": "get_attr",
                "value": "section_map"
              },
              {
                "type": "index",
                "value": {
                  "value": "secrets",
                  "type": "string"
                }
              },
              {
                "type": "get_attr",
                "value": "field_map"
              },
              {
                "type": "index",
                "value": {
                  "value": "port",
                  "type": "string"
                }
              },
              {
                "type": "get_attr",
                "value": "value"
              }
            ],
            [
              {
                "type": "get_attr",
                "value": "section_map"
              },
              {
                "type": "index",
                "value": {
                  "value": "secrets",
                  "type": "string"
                }
              },
              {
                "type": "get_attr",
                "value": "field_map"
              },
              {
                "type": "index",
                "value": {
                  "value": "username",
                  "type": "string"
                }
              },
              {
                "type": "get_attr",
                "value": "value"
              }
            ]
          ],
          "identity_schema_version": 0
        }
      ]
    },
    {
      "module": "module.onepassword_secrets",
      "mode": "data",
      "type": "onepassword_item",
      "name": "supabase",
      "provider": "provider[\"registry.terraform.io/1password/onepassword\"]",
      "instances": [
        {
          "schema_version": 0,
          "attributes": {
            "category": "password",
            "credential": null,
            "database": null,
            "file": [],
            "filename": null,
            "hostname": null,
            "id": "vaults/glsrlcf5lapzbba6zk6sppkgnq/items/rhnkkphea4g7mbfg4spqfhjc7e",
            "note_value": "",
            "password": "",
            "port": null,
            "private_key": null,
            "private_key_openssh": null,
            "public_key": null,
            "section": [
              {
                "field": [
                  {
                    "id": "enjwqxzxh24qh2qr27t65l2kwq",
                    "label": "bootstrap",
                    "type": "CONCEALED",
                    "value": "bootstrap"
                  },
                  {
                    "id": "anysevbf363fcgf26pngapjxee",
                    "label": "service_key",
                    "type": "CONCEALED",
                    "value": "eyJhbGciOiAiSFMyNTYiLCAidHlwIjogIkpXVCJ9.eyJyb2xlIjogInNlcnZpY2Vfcm9sZSIsICJpc3MiOiAic3VwYWJhc2UiLCAiaWF0IjogMTc3MTYwMDgwMCwgImV4cCI6IDIwODY5NjA4MDB9.vLTEQu-8UATji7axVljZzlmPUrbqbFmx7fjXaQc580Y"
                  },
                  {
                    "id": "wwm2tdxfjpb42543k74q3zjj6e",
                    "label": "anon_key",
                    "type": "CONCEALED",
                    "value": "eyJhbGciOiAiSFMyNTYiLCAidHlwIjogIkpXVCJ9.eyJyb2xlIjogImFub24iLCAiaXNzIjogInN1cGFiYXNlIiwgImlhdCI6IDE3NzE2MDA4MDAsICJleHAiOiAyMDg2OTYwODAwfQ.TiwflrKfacFVLlR2k7owaIPfJ8C75bwqRXqP0pzJY3o"
                  },
                  {
                    "id": "7xlrjtvqg64ozavhrbr3c3keuy",
                    "label": "service_role_key",
                    "type": "CONCEALED",
                    "value": "eyJhbGciOiAiSFMyNTYiLCAidHlwIjogIkpXVCJ9.eyJyb2xlIjogInNlcnZpY2Vfcm9sZSIsICJpc3MiOiAic3VwYWJhc2UiLCAiaWF0IjogMTc3MTYwMDgwMCwgImV4cCI6IDIwODY5NjA4MDB9.vLTEQu-8UATji7axVljZzlmPUrbqbFmx7fjXaQc580Y"
                  },
                  {
                    "id": "potmdgghb5pocglbcy3ehp7qbq",
                    "label": "db_password",
                    "type": "CONCEALED",
                    "value": "xaBI7AtdjCSRXO/B4JzKRzTw"
                  },
                  {
                    "id": "cyn4zkbche2g7nh56bktcempay",
                    "label": "jwt_secret",
                    "type": "CONCEALED",
                    "value": "cwCVl7uY4WJUyZo/IpYauD9G8kqvbfhbolfNZVQNeME="
                  },
                  {
                    "id": "g3347e6mxixsjrroznyk3pq63y",
                    "label": "dashboard_password",
                    "type": "CONCEALED",
                    "value": "NUIU83I8A28gPocspX3F0C2Y"
                  },
                  {
                    "id": "uhmeplwgpdcqaxtypga5udmbw4",
                    "label": "url",
                    "type": "CONCEALED",
                    "value": "https://placeholder.supabase.local"
                  },
                  {
                    "id": "44yrp2o4hfoqbjugsj2wt3gt5a",
                    "label": "dashboard_username",
                    "type": "CONCEALED",
                    "value": "placeholder"
                  }
                ],
                "file": [],
                "id": "Section_bmmkn7oarryf2qn3yqebtu2ela",
                "label": "secrets"
              }
            ],
            "section_map": {
              "secrets": {
                "field_map": {
                  "anon_key": {
                    "id": "wwm2tdxfjpb42543k74q3zjj6e",
                    "type": "CONCEALED",
                    "value": "eyJhbGciOiAiSFMyNTYiLCAidHlwIjogIkpXVCJ9.eyJyb2xlIjogImFub24iLCAiaXNzIjogInN1cGFiYXNlIiwgImlhdCI6IDE3NzE2MDA4MDAsICJleHAiOiAyMDg2OTYwODAwfQ.TiwflrKfacFVLlR2k7owaIPfJ8C75bwqRXqP0pzJY3o"
                  },
                  "bootstrap": {
                    "id": "enjwqxzxh24qh2qr27t65l2kwq",
                    "type": "CONCEALED",
                    "value": "bootstrap"
                  },
                  "dashboard_password": {
                    "id": "g3347e6mxixsjrroznyk3pq63y",
                    "type": "CONCEALED",
                    "value": "NUIU83I8A28gPocspX3F0C2Y"
                  },
                  "dashboard_username": {
                    "id": "44yrp2o4hfoqbjugsj2wt3gt5a",
                    "type": "CONCEALED",
                    "value": "placeholder"
                  },
                  "db_password": {
                    "id": "potmdgghb5pocglbcy3ehp7qbq",
                    "type": "CONCEALED",
                    "value": "xaBI7AtdjCSRXO/B4JzKRzTw"
                  },
                  "jwt_secret": {
                    "id": "cyn4zkbche2g7nh56bktcempay",
                    "type": "CONCEALED",
                    "value": "cwCVl7uY4WJUyZo/IpYauD9G8kqvbfhbolfNZVQNeME="
                  },
                  "service_key": {
                    "id": "anysevbf363fcgf26pngapjxee",
                    "type": "CONCEALED",
                    "value": "eyJhbGciOiAiSFMyNTYiLCAidHlwIjogIkpXVCJ9.eyJyb2xlIjogInNlcnZpY2Vfcm9sZSIsICJpc3MiOiAic3VwYWJhc2UiLCAiaWF0IjogMTc3MTYwMDgwMCwgImV4cCI6IDIwODY5NjA4MDB9.vLTEQu-8UATji7axVljZzlmPUrbqbFmx7fjXaQc580Y"
                  },
                  "service_role_key": {
                    "id": "7xlrjtvqg64ozavhrbr3c3keuy",
                    "type": "CONCEALED",
                    "value": "eyJhbGciOiAiSFMyNTYiLCAidHlwIjogIkpXVCJ9.eyJyb2xlIjogInNlcnZpY2Vfcm9sZSIsICJpc3MiOiAic3VwYWJhc2UiLCAiaWF0IjogMTc3MTYwMDgwMCwgImV4cCI6IDIwODY5NjA4MDB9.vLTEQu-8UATji7axVljZzlmPUrbqbFmx7fjXaQc580Y"
                  },
                  "url": {
                    "id": "uhmeplwgpdcqaxtypga5udmbw4",
                    "type": "CONCEALED",
                    "value": "https://placeholder.supabase.local"
                  }
                },
                "file_map": {},
                "id": "Section_bmmkn7oarryf2qn3yqebtu2ela"
              }
            },
            "tags": null,
            "title": "supabase",
            "type": null,
            "url": null,
            "username": null,
            "uuid": "rhnkkphea4g7mbfg4spqfhjc7e",
            "valid_from": null,
            "vault": "glsrlcf5lapzbba6zk6sppkgnq"
          },
          "sensitive_attributes": [
            [
              {
                "type": "get_attr",
                "value": "credential"
              }
            ],
            [
              {
                "type": "get_attr",
                "value": "note_value"
              }
            ],
            [
              {
                "type": "get_attr",
                "value": "password"
              }
            ],
            [
              {
                "type": "get_attr",
                "value": "private_key"
              }
            ],
            [
              {
                "type": "get_attr",
                "value": "private_key_openssh"
              }
            ],
            [
              {
                "type": "get_attr",
                "value": "section"
              },
              {
                "type": "index",
                "value": {
                  "value": 0,
                  "type": "number"
                }
              },
              {
                "type": "get_attr",
                "value": "field"
              },
              {
                "type": "index",
                "value": {
                  "value": 0,
                  "type": "number"
                }
              },
              {
                "type": "get_attr",
                "value": "value"
              }
            ],
            [
              {
                "type": "get_attr",
                "value": "section"
              },
              {
                "type": "index",
                "value": {
                  "value": 0,
                  "type": "number"
                }
              },
              {
                "type": "get_attr",
                "value": "field"
              },
              {
                "type": "index",
                "value": {
                  "value": 1,
                  "type": "number"
                }
              },
              {
                "type": "get_attr",
                "value": "value"
              }
            ],
            [
              {
                "type": "get_attr",
                "value": "section"
              },
              {
                "type": "index",
                "value": {
                  "value": 0,
                  "type": "number"
                }
              },
              {
                "type": "get_attr",
                "value": "field"
              },
              {
                "type": "index",
                "value": {
                  "value": 2,
                  "type": "number"
                }
              },
              {
                "type": "get_attr",
                "value": "value"
              }
            ],
            [
              {
                "type": "get_attr",
                "value": "section"
              },
              {
                "type": "index",
                "value": {
                  "value": 0,
                  "type": "number"
                }
              },
              {
                "type": "get_attr",
                "value": "field"
              },
              {
                "type": "index",
                "value": {
                  "value": 3,
                  "type": "number"
                }
              },
              {
                "type": "get_attr",
                "value": "value"
              }
            ],
            [
              {
                "type": "get_attr",
                "value": "section"
              },
              {
                "type": "index",
                "value": {
                  "value": 0,
                  "type": "number"
                }
              },
              {
                "type": "get_attr",
                "value": "field"
              },
              {
                "type": "index",
                "value": {
                  "value": 4,
                  "type": "number"
                }
              },
              {
                "type": "get_attr",
                "value": "value"
              }
            ],
            [
              {
                "type": "get_attr",
                "value": "section"
              },
              {
                "type": "index",
                "value": {
                  "value": 0,
                  "type": "number"
                }
              },
              {
                "type": "get_attr",
                "value": "field"
              },
              {
                "type": "index",
                "value": {
                  "value": 5,
                  "type": "number"
                }
              },
              {
                "type": "get_attr",
                "value": "value"
              }
            ],
            [
              {
                "type": "get_attr",
                "value": "section"
              },
              {
                "type": "index",
                "value": {
                  "value": 0,
                  "type": "number"
                }
              },
              {
                "type": "get_attr",
                "value": "field"
              },
              {
                "type": "index",
                "value": {
                  "value": 6,
                  "type": "number"
                }
              },
              {
                "type": "get_attr",
                "value": "value"
              }
            ],
            [
              {
                "type": "get_attr",
                "value": "section"
              },
              {
                "type": "index",
                "value": {
                  "value": 0,
                  "type": "number"
                }
              },
              {
                "type": "get_attr",
                "value": "field"
              },
              {
                "type": "index",
                "value": {
                  "value": 7,
                  "type": "number"
                }
              },
              {
                "type": "get_attr",
                "value": "value"
              }
            ],
            [
              {
                "type": "get_attr",
                "value": "section"
              },
              {
                "type": "index",
                "value": {
                  "value": 0,
                  "type": "number"
                }
              },
              {
                "type": "get_attr",
                "value": "field"
              },
              {
                "type": "index",
                "value": {
                  "value": 8,
                  "type": "number"
                }
              },
              {
                "type": "get_attr",
                "value": "value"
              }
            ],
            [
              {
                "type": "get_attr",
                "value": "section_map"
              },
              {
                "type": "index",
                "value": {
                  "value": "secrets",
                  "type": "string"
                }
              },
              {
                "type": "get_attr",
                "value": "field_map"
              },
              {
                "type": "index",
                "value": {
                  "value": "anon_key",
                  "type": "string"
                }
              },
              {
                "type": "get_attr",
                "value": "value"
              }
            ],
            [
              {
                "type": "get_attr",
                "value": "section_map"
              },
              {
                "type": "index",
                "value": {
                  "value": "secrets",
                  "type": "string"
                }
              },
              {
                "type": "get_attr",
                "value": "field_map"
              },
              {
                "type": "index",
                "value": {
                  "value": "bootstrap",
                  "type": "string"
                }
              },
              {
                "type": "get_attr",
                "value": "value"
              }
            ],
            [
              {
                "type": "get_attr",
                "value": "section_map"
              },
              {
                "type": "index",
                "value": {
                  "value": "secrets",
                  "type": "string"
                }
              },
              {
                "type": "get_attr",
                "value": "field_map"
              },
              {
                "type": "index",
                "value": {
                  "value": "dashboard_password",
                  "type": "string"
                }
              },
              {
                "type": "get_attr",
                "value": "value"
              }
            ],
            [
              {
                "type": "get_attr",
                "value": "section_map"
              },
              {
                "type": "index",
                "value": {
                  "value": "secrets",
                  "type": "string"
                }
              },
              {
                "type": "get_attr",
                "value": "field_map"
              },
              {
                "type": "index",
                "value": {
                  "value": "dashboard_username",
                  "type": "string"
                }
              },
              {
                "type": "get_attr",
                "value": "value"
              }
            ],
            [
              {
                "type": "get_attr",
                "value": "section_map"
              },
              {
                "type": "index",
                "value": {
                  "value": "secrets",
                  "type": "string"
                }
              },
              {
                "type": "get_attr",
                "value": "field_map"
              },
              {
                "type": "index",
                "value": {
                  "value": "db_password",
                  "type": "string"
                }
              },
              {
                "type": "get_attr",
                "value": "value"
              }
            ],
            [
              {
                "type": "get_attr",
                "value": "section_map"
              },
              {
                "type": "index",
                "value": {
                  "value": "secrets",
                  "type": "string"
                }
              },
              {
                "type": "get_attr",
                "value": "field_map"
              },
              {
                "type": "index",
                "value": {
                  "value": "jwt_secret",
                  "type": "string"
                }
              },
              {
                "type": "get_attr",
                "value": "value"
              }
            ],
            [
              {
                "type": "get_attr",
                "value": "section_map"
              },
              {
                "type": "index",
                "value": {
                  "value": "secrets",
                  "type": "string"
                }
              },
              {
                "type": "get_attr",
                "value": "field_map"
              },
              {
                "type": "index",
                "value": {
                  "value": "service_key",
                  "type": "string"
                }
              },
              {
                "type": "get_attr",
                "value": "value"
              }
            ],
            [
              {
                "type": "get_attr",
                "value": "section_map"
              },
              {
                "type": "index",
                "value": {
                  "value": "secrets",
                  "type": "string"
                }
              },
              {
                "type": "get_attr",
                "value": "field_map"
              },
              {
                "type": "index",
                "value": {
                  "value": "service_role_key",
                  "type": "string"
                }
              },
              {
                "type": "get_attr",
                "value": "value"
              }
            ],
            [
              {
                "type": "get_attr",
                "value": "section_map"
              },
              {
                "type": "index",
                "value": {
                  "value": "secrets",
                  "type": "string"
                }
              },
              {
                "type": "get_attr",
                "value": "field_map"
              },
              {
                "type": "index",
                "value": {
                  "value": "url",
                  "type": "string"
                }
              },
              {
                "type": "get_attr",
                "value": "value"
              }
            ]
          ],
          "identity_schema_version": 0
        }
      ]
    },
    {
      "module": "module.onepassword_secrets",
      "mode": "data",
      "type": "onepassword_vault",
      "name": "this",
      "provider": "provider[\"registry.terraform.io/1password/onepassword\"]",
      "instances": [
        {
          "schema_version": 0,
          "attributes": {
            "description": "Homelab infrastructure secrets",
            "id": "vaults/glsrlcf5lapzbba6zk6sppkgnq",
            "name": "homelab",
            "uuid": "glsrlcf5lapzbba6zk6sppkgnq"
          },
          "sensitive_attributes": [],
          "identity_schema_version": 0
        }
      ]
    }
  ],
  "check_results": [
    {
      "object_kind": "var",
      "config_addr": "var.organization_secret_visibility",
      "status": "pass",
      "objects": [
        {
          "object_addr": "var.organization_secret_visibility",
          "status": "pass"
        }
      ]
    },
    {
      "object_kind": "var",
      "config_addr": "var.infra_domain",
      "status": "pass",
      "objects": [
        {
          "object_addr": "var.infra_domain",
          "status": "pass"
        }
      ]
    },
    {
      "object_kind": "var",
      "config_addr": "var.n8n_webhook_github_issue_url",
      "status": "pass",
      "objects": [
        {
          "object_addr": "var.n8n_webhook_github_issue_url",
          "status": "pass"
        }
      ]
    },
    {
      "object_kind": "var",
      "config_addr": "var.n8n_webhook_glitchtip_error_url",
      "status": "pass",
      "objects": [
        {
          "object_addr": "var.n8n_webhook_glitchtip_error_url",
          "status": "pass"
        }
      ]
    },
    {
      "object_kind": "var",
      "config_addr": "var.actions_enabled_repositories",
      "status": "pass",
      "objects": [
        {
          "object_addr": "var.actions_enabled_repositories",
          "status": "pass"
        }
      ]
    },
    {
      "object_kind": "resource",
      "config_addr": "terraform_data.validate_credentials",
      "status": "pass",
      "objects": [
        {
          "object_addr": "terraform_data.validate_credentials",
          "status": "pass"
        }
      ]
    },
    {
      "object_kind": "var",
      "config_addr": "var.actions_allowed_actions",
      "status": "pass",
      "objects": [
        {
          "object_addr": "var.actions_allowed_actions",
          "status": "pass"
        }
      ]
    },
    {
      "object_kind": "var",
      "config_addr": "var.n8n_webhook_github_pr_url",
      "status": "pass",
      "objects": [
        {
          "object_addr": "var.n8n_webhook_github_pr_url",
          "status": "pass"
        }
      ]
    },
    {
      "object_kind": "var",
      "config_addr": "var.n8n_webhook_grafana_alert_url",
      "status": "pass",
      "objects": [
        {
          "object_addr": "var.n8n_webhook_grafana_alert_url",
          "status": "pass"
        }
      ]
    },
    {
      "object_kind": "var",
      "config_addr": "var.github_owner",
      "status": "pass",
      "objects": [
        {
          "object_addr": "var.github_owner",
          "status": "pass"
        }
      ]
    }
  ]
}
