{
  "version": 4,
  "terraform_version": "1.14.5",
  "serial": 127,
  "lineage": "d709dd93-23d7-3862-edea-dcf5ca763937",
  "outputs": {
    "access_application_id": {
      "value": "207a1279-8882-49e8-9b90-c1802d339ba3",
      "type": "string"
    },
    "homelab_access_applications": {
      "value": {
        "archon": "archon.jclee.me",
        "elk": "elk.jclee.me",
        "es": "es.jclee.me",
        "glitchtip": "glitchtip.jclee.me",
        "grafana": "grafana.jclee.me",
        "kibana": "kibana.jclee.me",
        "mcphub": "mcphub.jclee.me",
        "n8n": "n8n.jclee.me",
        "nas": "nas.jclee.me",
        "opencode": "opencode.jclee.me",
        "supabase": "supabase.jclee.me"
      },
      "type": [
        "object",
        {
          "archon": "string",
          "elk": "string",
          "es": "string",
          "glitchtip": "string",
          "grafana": "string",
          "kibana": "string",
          "mcphub": "string",
          "n8n": "string",
          "nas": "string",
          "opencode": "string",
          "supabase": "string"
        }
      ]
    },
    "homelab_dns_records": {
      "value": {
        "archon": "archon.jclee.me",
        "elk": "elk.jclee.me",
        "es": "es.jclee.me",
        "glitchtip": "glitchtip.jclee.me",
        "grafana": "grafana.jclee.me",
        "kibana": "kibana.jclee.me",
        "mcphub": "mcphub.jclee.me",
        "n8n": "n8n.jclee.me",
        "nas": "nas.jclee.me",
        "opencode": "opencode.jclee.me",
        "supabase": "supabase.jclee.me"
      },
      "type": [
        "object",
        {
          "archon": "string",
          "elk": "string",
          "es": "string",
          "glitchtip": "string",
          "grafana": "string",
          "kibana": "string",
          "mcphub": "string",
          "n8n": "string",
          "nas": "string",
          "opencode": "string",
          "supabase": "string"
        }
      ]
    },
    "homelab_tunnel_id": {
      "value": "36ba24d1-05f4-4141-9ed8-343e602b019d",
      "type": "string",
      "sensitive": true
    },
    "homelab_tunnel_token": {
      "value": "eyJhIjoiYThkOWM2N2Y1ODZhY2RkMTVlZWJjYzY1Y2EzYWE1YmIiLCJ0IjoiMzZiYTI0ZDEtMDVmNC00MTQxLTllZDgtMzQzZTYwMmIwMTlkIiwicyI6IlptUTBOMlF6WWpFdE9UTXdaUzAwT0RRM0xUbGpNVFV0TUdRM05EUm1PV05sWkRsaSJ9",
      "type": "string",
      "sensitive": true
    },
    "jclee_tunnel_id": {
      "value": "8419f66e-255a-4535-88d3-515010c60ac8",
      "type": "string",
      "sensitive": true
    },
    "jclee_tunnel_token": {
      "value": "eyJhIjoiYThkOWM2N2Y1ODZhY2RkMTVlZWJjYzY1Y2EzYWE1YmIiLCJ0IjoiODQxOWY2NmUtMjU1YS00NTM1LTg4ZDMtNTE1MDEwYzYwYWM4IiwicyI6Ik5tVmxaRGs1WlRZdE4yWmpOeTAwTkdGakxUaGhZall0TjJNNVlqWmtOR0V4WXpjeiJ9",
      "type": "string",
      "sensitive": true
    },
    "managed_github_repos": {
      "value": [
        "blacklist",
        "fortinet",
        "money",
        "proxmox",
        "resume",
        "safework",
        "safework2",
        "slack",
        "splunk"
      ],
      "type": [
        "list",
        "string"
      ]
    },
    "r2_bucket_name": {
      "value": "synology-cache",
      "type": "string"
    },
    "secrets_store_id": {
      "value": "88dc5de305594f08aeb9bc04dad2f8cf",
      "type": "string"
    },
    "synology_domain": {
      "value": "nas.jclee.me",
      "type": "string"
    },
    "total_secrets_count": {
      "value": 58,
      "type": "number"
    },
    "tunnel_id": {
      "value": "7eb03d76-b007-4d0a-80de-747b3943ef82",
      "type": "string",
      "sensitive": true
    },
    "tunnel_token": {
      "value": "eyJhIjoiYThkOWM2N2Y1ODZhY2RkMTVlZWJjYzY1Y2EzYWE1YmIiLCJ0IjoiN2ViMDNkNzYtYjAwNy00ZDBhLTgwZGUtNzQ3YjM5NDNlZjgyIiwicyI6IlpUVmlOV0UwWkdRdE9HSTFZeTAwT1dVekxXSm1ZV1l0WTJFeE5ETXpabUUyT1dWaiJ9",
      "type": "string",
      "sensitive": true
    }
  },
  "resources": [
    {
      "mode": "data",
      "type": "cloudflare_zero_trust_tunnel_cloudflared_token",
      "name": "homelab",
      "provider": "provider[\"registry.terraform.io/cloudflare/cloudflare\"]",
      "instances": [
        {
          "schema_version": 0,
          "attributes": {
            "account_id": "a8d9c67f586acdd15eebcc65ca3aa5bb",
            "token": "eyJhIjoiYThkOWM2N2Y1ODZhY2RkMTVlZWJjYzY1Y2EzYWE1YmIiLCJ0IjoiMzZiYTI0ZDEtMDVmNC00MTQxLTllZDgtMzQzZTYwMmIwMTlkIiwicyI6IlptUTBOMlF6WWpFdE9UTXdaUzAwT0RRM0xUbGpNVFV0TUdRM05EUm1PV05sWkRsaSJ9",
            "tunnel_id": "36ba24d1-05f4-4141-9ed8-343e602b019d"
          },
          "sensitive_attributes": [
            [
              {
                "type": "get_attr",
                "value": "account_id"
              }
            ],
            [
              {
                "type": "get_attr",
                "value": "token"
              }
            ]
          ],
          "identity_schema_version": 0
        }
      ]
    },
    {
      "mode": "data",
      "type": "cloudflare_zero_trust_tunnel_cloudflared_token",
      "name": "jclee",
      "provider": "provider[\"registry.terraform.io/cloudflare/cloudflare\"]",
      "instances": [
        {
          "schema_version": 0,
          "attributes": {
            "account_id": "a8d9c67f586acdd15eebcc65ca3aa5bb",
            "token": "eyJhIjoiYThkOWM2N2Y1ODZhY2RkMTVlZWJjYzY1Y2EzYWE1YmIiLCJ0IjoiODQxOWY2NmUtMjU1YS00NTM1LTg4ZDMtNTE1MDEwYzYwYWM4IiwicyI6Ik5tVmxaRGs1WlRZdE4yWmpOeTAwTkdGakxUaGhZall0TjJNNVlqWmtOR0V4WXpjeiJ9",
            "tunnel_id": "8419f66e-255a-4535-88d3-515010c60ac8"
          },
          "sensitive_attributes": [
            [
              {
                "type": "get_attr",
                "value": "account_id"
              }
            ],
            [
              {
                "type": "get_attr",
                "value": "token"
              }
            ]
          ],
          "identity_schema_version": 0
        }
      ]
    },
    {
      "mode": "data",
      "type": "cloudflare_zero_trust_tunnel_cloudflared_token",
      "name": "synology",
      "provider": "provider[\"registry.terraform.io/cloudflare/cloudflare\"]",
      "instances": [
        {
          "schema_version": 0,
          "attributes": {
            "account_id": "a8d9c67f586acdd15eebcc65ca3aa5bb",
            "token": "eyJhIjoiYThkOWM2N2Y1ODZhY2RkMTVlZWJjYzY1Y2EzYWE1YmIiLCJ0IjoiN2ViMDNkNzYtYjAwNy00ZDBhLTgwZGUtNzQ3YjM5NDNlZjgyIiwicyI6IlpUVmlOV0UwWkdRdE9HSTFZeTAwT1dVekxXSm1ZV1l0WTJFeE5ETXpabUUyT1dWaiJ9",
            "tunnel_id": "7eb03d76-b007-4d0a-80de-747b3943ef82"
          },
          "sensitive_attributes": [
            [
              {
                "type": "get_attr",
                "value": "account_id"
              }
            ],
            [
              {
                "type": "get_attr",
                "value": "token"
              }
            ]
          ],
          "identity_schema_version": 0
        }
      ]
    },
    {
      "mode": "managed",
      "type": "cloudflare_dns_record",
      "name": "homelab",
      "provider": "provider[\"registry.terraform.io/cloudflare/cloudflare\"]",
      "instances": [
        {
          "index_key": "archon",
          "schema_version": 0,
          "attributes": {
            "comment": null,
            "comment_modified_on": null,
            "content": "36ba24d1-05f4-4141-9ed8-343e602b019d.cfargotunnel.com",
            "created_on": "2026-02-15T12:38:00Z",
            "data": null,
            "id": "6a2e4848ae21bebe45bd22c01177cfbb",
            "meta": "{}",
            "modified_on": "2026-02-15T12:38:00Z",
            "name": "archon.jclee.me",
            "priority": null,
            "proxiable": true,
            "proxied": true,
            "settings": {
              "flatten_cname": false,
              "ipv4_only": null,
              "ipv6_only": null
            },
            "tags": [],
            "tags_modified_on": null,
            "ttl": 1,
            "type": "CNAME",
            "zone_id": "ed060daac18345f6900fc5a661dc94f9"
          },
          "sensitive_attributes": [
            [
              {
                "type": "get_attr",
                "value": "zone_id"
              }
            ]
          ],
          "identity_schema_version": 0,
          "dependencies": [
            "cloudflare_zero_trust_tunnel_cloudflared.homelab",
            "module.onepassword_secrets.data.onepassword_item.cloudflare",
            "module.onepassword_secrets.data.onepassword_item.n8n",
            "module.onepassword_secrets.data.onepassword_item.splunk",
            "module.onepassword_secrets.data.onepassword_item.supabase",
            "module.onepassword_secrets.data.onepassword_vault.this",
            "random_password.homelab_tunnel_secret"
          ]
        },
        {
          "index_key": "elk",
          "schema_version": 0,
          "attributes": {
            "comment": null,
            "comment_modified_on": null,
            "content": "36ba24d1-05f4-4141-9ed8-343e602b019d.cfargotunnel.com",
            "created_on": "2026-02-14T09:57:14Z",
            "data": null,
            "id": "345acdc70552e3563aa045907906f8f4",
            "meta": "{}",
            "modified_on": "2026-02-14T09:57:14Z",
            "name": "elk.jclee.me",
            "priority": null,
            "proxiable": true,
            "proxied": true,
            "settings": {
              "flatten_cname": false,
              "ipv4_only": null,
              "ipv6_only": null
            },
            "tags": [],
            "tags_modified_on": null,
            "ttl": 1,
            "type": "CNAME",
            "zone_id": "ed060daac18345f6900fc5a661dc94f9"
          },
          "sensitive_attributes": [
            [
              {
                "type": "get_attr",
                "value": "zone_id"
              }
            ]
          ],
          "identity_schema_version": 0,
          "dependencies": [
            "cloudflare_zero_trust_tunnel_cloudflared.homelab",
            "module.onepassword_secrets.data.onepassword_item.cloudflare",
            "module.onepassword_secrets.data.onepassword_item.n8n",
            "module.onepassword_secrets.data.onepassword_item.splunk",
            "module.onepassword_secrets.data.onepassword_item.supabase",
            "module.onepassword_secrets.data.onepassword_vault.this",
            "random_password.homelab_tunnel_secret"
          ]
        },
        {
          "index_key": "es",
          "schema_version": 0,
          "attributes": {
            "comment": null,
            "comment_modified_on": null,
            "content": "36ba24d1-05f4-4141-9ed8-343e602b019d.cfargotunnel.com",
            "created_on": "2026-02-14T09:57:14Z",
            "data": null,
            "id": "07042511c2d62f8f298e2f155bb85f96",
            "meta": "{}",
            "modified_on": "2026-02-14T09:57:14Z",
            "name": "es.jclee.me",
            "priority": null,
            "proxiable": true,
            "proxied": true,
            "settings": {
              "flatten_cname": false,
              "ipv4_only": null,
              "ipv6_only": null
            },
            "tags": [],
            "tags_modified_on": null,
            "ttl": 1,
            "type": "CNAME",
            "zone_id": "ed060daac18345f6900fc5a661dc94f9"
          },
          "sensitive_attributes": [
            [
              {
                "type": "get_attr",
                "value": "zone_id"
              }
            ]
          ],
          "identity_schema_version": 0,
          "dependencies": [
            "cloudflare_zero_trust_tunnel_cloudflared.homelab",
            "module.onepassword_secrets.data.onepassword_item.cloudflare",
            "module.onepassword_secrets.data.onepassword_item.n8n",
            "module.onepassword_secrets.data.onepassword_item.splunk",
            "module.onepassword_secrets.data.onepassword_item.supabase",
            "module.onepassword_secrets.data.onepassword_vault.this",
            "random_password.homelab_tunnel_secret"
          ]
        },
        {
          "index_key": "glitchtip",
          "schema_version": 0,
          "attributes": {
            "comment": null,
            "comment_modified_on": null,
            "content": "36ba24d1-05f4-4141-9ed8-343e602b019d.cfargotunnel.com",
            "created_on": "2026-02-14T09:57:15Z",
            "data": null,
            "id": "e1d82c4764943dd93d4467a68eeede44",
            "meta": "{}",
            "modified_on": "2026-02-14T09:57:15Z",
            "name": "glitchtip.jclee.me",
            "priority": null,
            "proxiable": true,
            "proxied": true,
            "settings": {
              "flatten_cname": false,
              "ipv4_only": null,
              "ipv6_only": null
            },
            "tags": [],
            "tags_modified_on": null,
            "ttl": 1,
            "type": "CNAME",
            "zone_id": "ed060daac18345f6900fc5a661dc94f9"
          },
          "sensitive_attributes": [
            [
              {
                "type": "get_attr",
                "value": "zone_id"
              }
            ]
          ],
          "identity_schema_version": 0,
          "dependencies": [
            "cloudflare_zero_trust_tunnel_cloudflared.homelab",
            "module.onepassword_secrets.data.onepassword_item.cloudflare",
            "module.onepassword_secrets.data.onepassword_item.n8n",
            "module.onepassword_secrets.data.onepassword_item.splunk",
            "module.onepassword_secrets.data.onepassword_item.supabase",
            "module.onepassword_secrets.data.onepassword_vault.this",
            "random_password.homelab_tunnel_secret"
          ]
        },
        {
          "index_key": "grafana",
          "schema_version": 0,
          "attributes": {
            "comment": null,
            "comment_modified_on": null,
            "content": "36ba24d1-05f4-4141-9ed8-343e602b019d.cfargotunnel.com",
            "created_on": "2026-01-19T01:03:27Z",
            "data": null,
            "id": "5fede6d31f0300ef99cb5875ed62a2a0",
            "meta": "{}",
            "modified_on": "2026-02-14T09:57:15Z",
            "name": "grafana.jclee.me",
            "priority": null,
            "proxiable": true,
            "proxied": true,
            "settings": {
              "flatten_cname": false,
              "ipv4_only": null,
              "ipv6_only": null
            },
            "tags": [],
            "tags_modified_on": null,
            "ttl": 1,
            "type": "CNAME",
            "zone_id": "ed060daac18345f6900fc5a661dc94f9"
          },
          "sensitive_attributes": [
            [
              {
                "type": "get_attr",
                "value": "zone_id"
              }
            ]
          ],
          "identity_schema_version": 0,
          "dependencies": [
            "cloudflare_zero_trust_tunnel_cloudflared.homelab",
            "module.onepassword_secrets.data.onepassword_item.cloudflare",
            "module.onepassword_secrets.data.onepassword_item.n8n",
            "module.onepassword_secrets.data.onepassword_item.splunk",
            "module.onepassword_secrets.data.onepassword_item.supabase",
            "module.onepassword_secrets.data.onepassword_vault.this",
            "random_password.homelab_tunnel_secret"
          ]
        },
        {
          "index_key": "kibana",
          "schema_version": 0,
          "attributes": {
            "comment": null,
            "comment_modified_on": null,
            "content": "36ba24d1-05f4-4141-9ed8-343e602b019d.cfargotunnel.com",
            "created_on": "2026-02-04T08:23:31Z",
            "data": null,
            "id": "e051b69a564dd4a3ff94348a9c4efaa0",
            "meta": "{}",
            "modified_on": "2026-02-14T09:57:16Z",
            "name": "kibana.jclee.me",
            "priority": null,
            "proxiable": true,
            "proxied": true,
            "settings": {
              "flatten_cname": false,
              "ipv4_only": null,
              "ipv6_only": null
            },
            "tags": [],
            "tags_modified_on": null,
            "ttl": 1,
            "type": "CNAME",
            "zone_id": "ed060daac18345f6900fc5a661dc94f9"
          },
          "sensitive_attributes": [
            [
              {
                "type": "get_attr",
                "value": "zone_id"
              }
            ]
          ],
          "identity_schema_version": 0,
          "dependencies": [
            "cloudflare_zero_trust_tunnel_cloudflared.homelab",
            "module.onepassword_secrets.data.onepassword_item.cloudflare",
            "module.onepassword_secrets.data.onepassword_item.n8n",
            "module.onepassword_secrets.data.onepassword_item.splunk",
            "module.onepassword_secrets.data.onepassword_item.supabase",
            "module.onepassword_secrets.data.onepassword_vault.this",
            "random_password.homelab_tunnel_secret"
          ]
        },
        {
          "index_key": "mcphub",
          "schema_version": 0,
          "attributes": {
            "comment": null,
            "comment_modified_on": null,
            "content": "36ba24d1-05f4-4141-9ed8-343e602b019d.cfargotunnel.com",
            "created_on": "2026-02-14T09:57:16Z",
            "data": null,
            "id": "66515ab9e27cf68339188befbb605066",
            "meta": "{}",
            "modified_on": "2026-02-14T09:57:16Z",
            "name": "mcphub.jclee.me",
            "priority": null,
            "proxiable": true,
            "proxied": true,
            "settings": {
              "flatten_cname": false,
              "ipv4_only": null,
              "ipv6_only": null
            },
            "tags": [],
            "tags_modified_on": null,
            "ttl": 1,
            "type": "CNAME",
            "zone_id": "ed060daac18345f6900fc5a661dc94f9"
          },
          "sensitive_attributes": [
            [
              {
                "type": "get_attr",
                "value": "zone_id"
              }
            ]
          ],
          "identity_schema_version": 0,
          "dependencies": [
            "cloudflare_zero_trust_tunnel_cloudflared.homelab",
            "module.onepassword_secrets.data.onepassword_item.cloudflare",
            "module.onepassword_secrets.data.onepassword_item.n8n",
            "module.onepassword_secrets.data.onepassword_item.splunk",
            "module.onepassword_secrets.data.onepassword_item.supabase",
            "module.onepassword_secrets.data.onepassword_vault.this",
            "random_password.homelab_tunnel_secret"
          ]
        },
        {
          "index_key": "n8n",
          "schema_version": 0,
          "attributes": {
            "comment": null,
            "comment_modified_on": null,
            "content": "36ba24d1-05f4-4141-9ed8-343e602b019d.cfargotunnel.com",
            "created_on": "2026-01-24T10:26:19Z",
            "data": null,
            "id": "bbfb793629e2761e0fec098cd8bd5cfc",
            "meta": "{}",
            "modified_on": "2026-02-14T09:57:17Z",
            "name": "n8n.jclee.me",
            "priority": null,
            "proxiable": true,
            "proxied": true,
            "settings": {
              "flatten_cname": false,
              "ipv4_only": null,
              "ipv6_only": null
            },
            "tags": [],
            "tags_modified_on": null,
            "ttl": 1,
            "type": "CNAME",
            "zone_id": "ed060daac18345f6900fc5a661dc94f9"
          },
          "sensitive_attributes": [
            [
              {
                "type": "get_attr",
                "value": "zone_id"
              }
            ]
          ],
          "identity_schema_version": 0,
          "dependencies": [
            "cloudflare_zero_trust_tunnel_cloudflared.homelab",
            "module.onepassword_secrets.data.onepassword_item.cloudflare",
            "module.onepassword_secrets.data.onepassword_item.n8n",
            "module.onepassword_secrets.data.onepassword_item.splunk",
            "module.onepassword_secrets.data.onepassword_item.supabase",
            "module.onepassword_secrets.data.onepassword_vault.this",
            "random_password.homelab_tunnel_secret"
          ]
        },
        {
          "index_key": "nas",
          "schema_version": 0,
          "attributes": {
            "comment": null,
            "comment_modified_on": null,
            "content": "36ba24d1-05f4-4141-9ed8-343e602b019d.cfargotunnel.com",
            "created_on": "2026-02-14T11:24:15Z",
            "data": null,
            "id": "bdae17ac3a5c42208d972ccbe02be947",
            "meta": "{}",
            "modified_on": "2026-02-14T11:24:15Z",
            "name": "nas.jclee.me",
            "priority": null,
            "proxiable": true,
            "proxied": true,
            "settings": {
              "flatten_cname": false,
              "ipv4_only": null,
              "ipv6_only": null
            },
            "tags": [],
            "tags_modified_on": null,
            "ttl": 1,
            "type": "CNAME",
            "zone_id": "ed060daac18345f6900fc5a661dc94f9"
          },
          "sensitive_attributes": [
            [
              {
                "type": "get_attr",
                "value": "zone_id"
              }
            ]
          ],
          "identity_schema_version": 0,
          "dependencies": [
            "cloudflare_zero_trust_tunnel_cloudflared.homelab",
            "module.onepassword_secrets.data.onepassword_item.cloudflare",
            "module.onepassword_secrets.data.onepassword_item.n8n",
            "module.onepassword_secrets.data.onepassword_item.splunk",
            "module.onepassword_secrets.data.onepassword_item.supabase",
            "module.onepassword_secrets.data.onepassword_vault.this",
            "random_password.homelab_tunnel_secret"
          ]
        },
        {
          "index_key": "opencode",
          "schema_version": 0,
          "attributes": {
            "comment": null,
            "comment_modified_on": null,
            "content": "36ba24d1-05f4-4141-9ed8-343e602b019d.cfargotunnel.com",
            "created_on": "2026-02-18T22:00:14Z",
            "data": null,
            "id": "e87e432c882836a27073034502bb2330",
            "meta": "{}",
            "modified_on": "2026-02-23T04:45:12Z",
            "name": "opencode.jclee.me",
            "priority": null,
            "proxiable": true,
            "proxied": true,
            "settings": {
              "flatten_cname": false,
              "ipv4_only": null,
              "ipv6_only": null
            },
            "tags": [],
            "tags_modified_on": null,
            "ttl": 1,
            "type": "CNAME",
            "zone_id": "ed060daac18345f6900fc5a661dc94f9"
          },
          "sensitive_attributes": [
            [
              {
                "type": "get_attr",
                "value": "zone_id"
              }
            ]
          ],
          "identity_schema_version": 0,
          "dependencies": [
            "cloudflare_zero_trust_tunnel_cloudflared.homelab",
            "module.onepassword_secrets.data.onepassword_item.cloudflare",
            "module.onepassword_secrets.data.onepassword_item.n8n",
            "module.onepassword_secrets.data.onepassword_item.splunk",
            "module.onepassword_secrets.data.onepassword_item.supabase",
            "module.onepassword_secrets.data.onepassword_vault.this",
            "random_password.homelab_tunnel_secret"
          ]
        },
        {
          "index_key": "supabase",
          "schema_version": 0,
          "attributes": {
            "comment": null,
            "comment_modified_on": null,
            "content": "36ba24d1-05f4-4141-9ed8-343e602b019d.cfargotunnel.com",
            "created_on": "2026-02-15T12:38:00Z",
            "data": null,
            "id": "27ebe4abf0ffc9991b5abf20c304e9e1",
            "meta": "{}",
            "modified_on": "2026-02-15T12:38:00Z",
            "name": "supabase.jclee.me",
            "priority": null,
            "proxiable": true,
            "proxied": true,
            "settings": {
              "flatten_cname": false,
              "ipv4_only": null,
              "ipv6_only": null
            },
            "tags": [],
            "tags_modified_on": null,
            "ttl": 1,
            "type": "CNAME",
            "zone_id": "ed060daac18345f6900fc5a661dc94f9"
          },
          "sensitive_attributes": [
            [
              {
                "type": "get_attr",
                "value": "zone_id"
              }
            ]
          ],
          "identity_schema_version": 0,
          "dependencies": [
            "cloudflare_zero_trust_tunnel_cloudflared.homelab",
            "module.onepassword_secrets.data.onepassword_item.cloudflare",
            "module.onepassword_secrets.data.onepassword_item.n8n",
            "module.onepassword_secrets.data.onepassword_item.splunk",
            "module.onepassword_secrets.data.onepassword_item.supabase",
            "module.onepassword_secrets.data.onepassword_vault.this",
            "random_password.homelab_tunnel_secret"
          ]
        }
      ]
    },
    {
      "mode": "managed",
      "type": "cloudflare_dns_record",
      "name": "logstash_ingest",
      "provider": "provider[\"registry.terraform.io/cloudflare/cloudflare\"]",
      "instances": [
        {
          "schema_version": 0,
          "attributes": {
            "comment": null,
            "comment_modified_on": null,
            "content": "36ba24d1-05f4-4141-9ed8-343e602b019d.cfargotunnel.com",
            "created_on": "2026-02-24T06:36:34Z",
            "data": null,
            "id": "8553414bc335e4f98cc837b242d5a170",
            "meta": "{}",
            "modified_on": "2026-02-24T06:36:34Z",
            "name": "logstash-ingest.jclee.me",
            "priority": null,
            "proxiable": true,
            "proxied": true,
            "settings": {
              "flatten_cname": false,
              "ipv4_only": null,
              "ipv6_only": null
            },
            "tags": [],
            "tags_modified_on": null,
            "ttl": 1,
            "type": "CNAME",
            "zone_id": "ed060daac18345f6900fc5a661dc94f9"
          },
          "sensitive_attributes": [
            [
              {
                "type": "get_attr",
                "value": "zone_id"
              }
            ]
          ],
          "identity_schema_version": 0,
          "dependencies": [
            "cloudflare_zero_trust_tunnel_cloudflared.homelab",
            "module.onepassword_secrets.data.onepassword_item.cloudflare",
            "module.onepassword_secrets.data.onepassword_item.n8n",
            "module.onepassword_secrets.data.onepassword_item.splunk",
            "module.onepassword_secrets.data.onepassword_item.supabase",
            "module.onepassword_secrets.data.onepassword_vault.this",
            "random_password.homelab_tunnel_secret"
          ]
        }
      ]
    },
    {
      "mode": "managed",
      "type": "cloudflare_dns_record",
      "name": "tcp_services",
      "provider": "provider[\"registry.terraform.io/cloudflare/cloudflare\"]",
      "instances": [
        {
          "index_key": "jclee-ssh",
          "schema_version": 0,
          "attributes": {
            "comment": null,
            "comment_modified_on": null,
            "content": "36ba24d1-05f4-4141-9ed8-343e602b019d.cfargotunnel.com",
            "created_on": "2026-02-24T06:36:34Z",
            "data": null,
            "id": "c717a5b5df9e4458a09dd835be3009ff",
            "meta": "{}",
            "modified_on": "2026-02-24T06:36:34Z",
            "name": "jclee-ssh.jclee.me",
            "priority": null,
            "proxiable": true,
            "proxied": true,
            "settings": {
              "flatten_cname": false,
              "ipv4_only": null,
              "ipv6_only": null
            },
            "tags": [],
            "tags_modified_on": null,
            "ttl": 1,
            "type": "CNAME",
            "zone_id": "ed060daac18345f6900fc5a661dc94f9"
          },
          "sensitive_attributes": [
            [
              {
                "type": "get_attr",
                "value": "zone_id"
              }
            ]
          ],
          "identity_schema_version": 0,
          "dependencies": [
            "cloudflare_zero_trust_tunnel_cloudflared.homelab",
            "module.onepassword_secrets.data.onepassword_item.cloudflare",
            "module.onepassword_secrets.data.onepassword_item.n8n",
            "module.onepassword_secrets.data.onepassword_item.splunk",
            "module.onepassword_secrets.data.onepassword_item.supabase",
            "module.onepassword_secrets.data.onepassword_vault.this",
            "random_password.homelab_tunnel_secret"
          ]
        },
        {
          "index_key": "oc-rdp",
          "schema_version": 0,
          "attributes": {
            "comment": null,
            "comment_modified_on": null,
            "content": "36ba24d1-05f4-4141-9ed8-343e602b019d.cfargotunnel.com",
            "created_on": "2026-02-24T06:36:34Z",
            "data": null,
            "id": "7dd91bd355a13029143538fba90596df",
            "meta": "{}",
            "modified_on": "2026-02-24T06:36:34Z",
            "name": "oc-rdp.jclee.me",
            "priority": null,
            "proxiable": true,
            "proxied": true,
            "settings": {
              "flatten_cname": false,
              "ipv4_only": null,
              "ipv6_only": null
            },
            "tags": [],
            "tags_modified_on": null,
            "ttl": 1,
            "type": "CNAME",
            "zone_id": "ed060daac18345f6900fc5a661dc94f9"
          },
          "sensitive_attributes": [
            [
              {
                "type": "get_attr",
                "value": "zone_id"
              }
            ]
          ],
          "identity_schema_version": 0,
          "dependencies": [
            "cloudflare_zero_trust_tunnel_cloudflared.homelab",
            "module.onepassword_secrets.data.onepassword_item.cloudflare",
            "module.onepassword_secrets.data.onepassword_item.n8n",
            "module.onepassword_secrets.data.onepassword_item.splunk",
            "module.onepassword_secrets.data.onepassword_item.supabase",
            "module.onepassword_secrets.data.onepassword_vault.this",
            "random_password.homelab_tunnel_secret"
          ]
        },
        {
          "index_key": "oc-ssh",
          "schema_version": 0,
          "attributes": {
            "comment": null,
            "comment_modified_on": null,
            "content": "36ba24d1-05f4-4141-9ed8-343e602b019d.cfargotunnel.com",
            "created_on": "2026-02-24T18:17:54Z",
            "data": null,
            "id": "0509a28e7cb450826706a0d50cf1b44f",
            "meta": "{}",
            "modified_on": "2026-02-24T18:17:54Z",
            "name": "oc-ssh",
            "priority": null,
            "proxiable": true,
            "proxied": true,
            "settings": {
              "flatten_cname": false,
              "ipv4_only": null,
              "ipv6_only": null
            },
            "tags": [],
            "tags_modified_on": null,
            "ttl": 1,
            "type": "CNAME",
            "zone_id": "ed060daac18345f6900fc5a661dc94f9"
          },
          "sensitive_attributes": [
            [
              {
                "type": "get_attr",
                "value": "zone_id"
              }
            ]
          ],
          "identity_schema_version": 0,
          "dependencies": [
            "cloudflare_zero_trust_tunnel_cloudflared.homelab",
            "module.onepassword_secrets.data.onepassword_item.cloudflare",
            "module.onepassword_secrets.data.onepassword_item.n8n",
            "module.onepassword_secrets.data.onepassword_item.splunk",
            "module.onepassword_secrets.data.onepassword_item.supabase",
            "module.onepassword_secrets.data.onepassword_vault.this",
            "random_password.homelab_tunnel_secret"
          ]
        },
        {
          "index_key": "rdp",
          "schema_version": 0,
          "attributes": {
            "comment": null,
            "comment_modified_on": null,
            "content": "36ba24d1-05f4-4141-9ed8-343e602b019d.cfargotunnel.com",
            "created_on": "2026-02-24T06:36:34Z",
            "data": null,
            "id": "defb872b4c924f5af047a919df6617ed",
            "meta": "{}",
            "modified_on": "2026-02-24T06:36:34Z",
            "name": "rdp.jclee.me",
            "priority": null,
            "proxiable": true,
            "proxied": true,
            "settings": {
              "flatten_cname": false,
              "ipv4_only": null,
              "ipv6_only": null
            },
            "tags": [],
            "tags_modified_on": null,
            "ttl": 1,
            "type": "CNAME",
            "zone_id": "ed060daac18345f6900fc5a661dc94f9"
          },
          "sensitive_attributes": [
            [
              {
                "type": "get_attr",
                "value": "zone_id"
              }
            ]
          ],
          "identity_schema_version": 0,
          "dependencies": [
            "cloudflare_zero_trust_tunnel_cloudflared.homelab",
            "module.onepassword_secrets.data.onepassword_item.cloudflare",
            "module.onepassword_secrets.data.onepassword_item.n8n",
            "module.onepassword_secrets.data.onepassword_item.splunk",
            "module.onepassword_secrets.data.onepassword_item.supabase",
            "module.onepassword_secrets.data.onepassword_vault.this",
            "random_password.homelab_tunnel_secret"
          ]
        },
        {
          "index_key": "synology-ssh",
          "schema_version": 0,
          "attributes": {
            "comment": null,
            "comment_modified_on": null,
            "content": "36ba24d1-05f4-4141-9ed8-343e602b019d.cfargotunnel.com",
            "created_on": "2026-02-24T06:36:34Z",
            "data": null,
            "id": "d20fd2516d594e9f6dde79e2e052252e",
            "meta": "{}",
            "modified_on": "2026-02-24T06:36:34Z",
            "name": "synology-ssh.jclee.me",
            "priority": null,
            "proxiable": true,
            "proxied": true,
            "settings": {
              "flatten_cname": false,
              "ipv4_only": null,
              "ipv6_only": null
            },
            "tags": [],
            "tags_modified_on": null,
            "ttl": 1,
            "type": "CNAME",
            "zone_id": "ed060daac18345f6900fc5a661dc94f9"
          },
          "sensitive_attributes": [
            [
              {
                "type": "get_attr",
                "value": "zone_id"
              }
            ]
          ],
          "identity_schema_version": 0,
          "dependencies": [
            "cloudflare_zero_trust_tunnel_cloudflared.homelab",
            "module.onepassword_secrets.data.onepassword_item.cloudflare",
            "module.onepassword_secrets.data.onepassword_item.n8n",
            "module.onepassword_secrets.data.onepassword_item.splunk",
            "module.onepassword_secrets.data.onepassword_item.supabase",
            "module.onepassword_secrets.data.onepassword_vault.this",
            "random_password.homelab_tunnel_secret"
          ]
        },
        {
          "index_key": "youtube-ssh",
          "schema_version": 0,
          "attributes": {
            "comment": null,
            "comment_modified_on": null,
            "content": "36ba24d1-05f4-4141-9ed8-343e602b019d.cfargotunnel.com",
            "created_on": "2026-02-24T10:17:03Z",
            "data": null,
            "id": "fc59e82b77a53fe08cbcb597eba408ad",
            "meta": "{}",
            "modified_on": "2026-02-24T10:17:03Z",
            "name": "youtube-ssh.jclee.me",
            "priority": null,
            "proxiable": true,
            "proxied": true,
            "settings": {
              "flatten_cname": false,
              "ipv4_only": null,
              "ipv6_only": null
            },
            "tags": [],
            "tags_modified_on": null,
            "ttl": 1,
            "type": "CNAME",
            "zone_id": "ed060daac18345f6900fc5a661dc94f9"
          },
          "sensitive_attributes": [
            [
              {
                "type": "get_attr",
                "value": "zone_id"
              }
            ]
          ],
          "identity_schema_version": 0,
          "dependencies": [
            "cloudflare_zero_trust_tunnel_cloudflared.homelab",
            "module.onepassword_secrets.data.onepassword_item.cloudflare",
            "module.onepassword_secrets.data.onepassword_item.n8n",
            "module.onepassword_secrets.data.onepassword_item.splunk",
            "module.onepassword_secrets.data.onepassword_item.supabase",
            "module.onepassword_secrets.data.onepassword_vault.this",
            "random_password.homelab_tunnel_secret"
          ]
        }
      ]
    },
    {
      "mode": "managed",
      "type": "cloudflare_logpush_job",
      "name": "worker_traces",
      "provider": "provider[\"registry.terraform.io/cloudflare/cloudflare\"]",
      "instances": [
        {
          "schema_version": 1,
          "attributes": {
            "account_id": "a8d9c67f586acdd15eebcc65ca3aa5bb",
            "dataset": "workers_trace_events",
            "destination_conf": "https://logstash-ingest.jclee.me/?header_CF-Access-Client-Id=0ea6be5f3349c14587a594e9e7ec16b1.access&header_CF-Access-Client-Secret=cfead3b0b20ef8fc50415fba17d4c61a19724d3160451e20eee854cec81837ba",
            "enabled": true,
            "error_message": null,
            "filter": "",
            "frequency": "high",
            "id": 1447143,
            "kind": "",
            "last_complete": null,
            "last_error": null,
            "logpull_options": "",
            "max_upload_bytes": 0,
            "max_upload_interval_seconds": 0,
            "max_upload_records": 0,
            "name": "worker-traces-to-logstash",
            "output_options": {
              "batch_prefix": null,
              "batch_suffix": null,
              "cve_2021_44228": false,
              "field_delimiter": null,
              "field_names": [
                "EventTimestampMs",
                "Outcome",
                "Exceptions",
                "Logs",
                "ScriptName",
                "ScriptVersion",
                "Event"
              ],
              "output_type": null,
              "record_delimiter": null,
              "record_prefix": null,
              "record_suffix": null,
              "record_template": null,
              "sample_rate": null,
              "timestamp_format": "rfc3339"
            },
            "ownership_challenge": null,
            "zone_id": null
          },
          "sensitive_attributes": [
            [
              {
                "type": "get_attr",
                "value": "account_id"
              }
            ],
            [
              {
                "type": "get_attr",
                "value": "destination_conf"
              }
            ],
            [
              {
                "type": "get_attr",
                "value": "ownership_challenge"
              }
            ]
          ],
          "identity_schema_version": 0,
          "dependencies": [
            "cloudflare_zero_trust_access_service_token.logpush",
            "module.onepassword_secrets.data.onepassword_item.cloudflare",
            "module.onepassword_secrets.data.onepassword_item.n8n",
            "module.onepassword_secrets.data.onepassword_item.splunk",
            "module.onepassword_secrets.data.onepassword_item.supabase",
            "module.onepassword_secrets.data.onepassword_vault.this"
          ]
        }
      ]
    },
    {
      "mode": "managed",
      "type": "cloudflare_r2_bucket",
      "name": "synology_cache",
      "provider": "provider[\"registry.terraform.io/cloudflare/cloudflare\"]",
      "instances": [
        {
          "schema_version": 1,
          "attributes": {
            "account_id": "a8d9c67f586acdd15eebcc65ca3aa5bb",
            "creation_date": "2026-02-12T12:14:28.277Z",
            "id": "synology-cache",
            "jurisdiction": "default",
            "location": "APAC",
            "name": "synology-cache",
            "storage_class": "Standard"
          },
          "sensitive_attributes": [
            [
              {
                "type": "get_attr",
                "value": "account_id"
              }
            ]
          ],
          "identity_schema_version": 0,
          "dependencies": [
            "module.onepassword_secrets.data.onepassword_item.cloudflare",
            "module.onepassword_secrets.data.onepassword_item.n8n",
            "module.onepassword_secrets.data.onepassword_item.splunk",
            "module.onepassword_secrets.data.onepassword_item.supabase",
            "module.onepassword_secrets.data.onepassword_vault.this"
          ]
        }
      ]
    },
    {
      "mode": "managed",
      "type": "cloudflare_zero_trust_access_application",
      "name": "homelab",
      "provider": "provider[\"registry.terraform.io/cloudflare/cloudflare\"]",
      "instances": [
        {
          "index_key": "archon",
          "schema_version": 1,
          "attributes": {
            "account_id": null,
            "allow_authenticate_via_warp": null,
            "allow_iframe": null,
            "allowed_idps": null,
            "app_launcher_logo_url": null,
            "app_launcher_visible": true,
            "aud": "6ff23d5ff485a63f3bedf660c4572a97263f81e84be143fc78abf1d35f3ecccf",
            "auto_redirect_to_identity": null,
            "bg_color": null,
            "cors_headers": null,
            "custom_deny_message": null,
            "custom_deny_url": null,
            "custom_non_identity_deny_url": null,
            "custom_pages": null,
            "destinations": [
              {
                "cidr": null,
                "hostname": null,
                "l4_protocol": null,
                "mcp_server_id": null,
                "port_range": null,
                "type": "public",
                "uri": "archon.jclee.me",
                "vnet_id": null
              }
            ],
            "domain": "archon.jclee.me",
            "enable_binding_cookie": null,
            "footer_links": null,
            "header_bg_color": null,
            "http_only_cookie_attribute": true,
            "id": "b47c6160-b580-4b51-a548-e15d4135c840",
            "landing_page_design": null,
            "logo_url": null,
            "name": "Archon",
            "options_preflight_bypass": null,
            "path_cookie_attribute": null,
            "policies": [
              {
                "connection_rules": null,
                "decision": "allow",
                "exclude": null,
                "id": null,
                "include": [
                  {
                    "any_valid_service_token": null,
                    "auth_context": null,
                    "auth_method": null,
                    "azure_ad": null,
                    "certificate": null,
                    "common_name": null,
                    "device_posture": null,
                    "email": {
                      "email": "qws941@kakao.com"
                    },
                    "email_domain": null,
                    "email_list": null,
                    "everyone": null,
                    "external_evaluation": null,
                    "geo": null,
                    "github_organization": null,
                    "group": null,
                    "gsuite": null,
                    "ip": null,
                    "ip_list": null,
                    "linked_app_token": null,
                    "login_method": null,
                    "oidc": null,
                    "okta": null,
                    "saml": null,
                    "service_token": null
                  }
                ],
                "name": "Archon Email Access",
                "precedence": 1,
                "require": null
              }
            ],
            "read_service_tokens_from_header": null,
            "saas_app": null,
            "same_site_cookie_attribute": null,
            "scim_config": null,
            "self_hosted_domains": [
              "archon.jclee.me"
            ],
            "service_auth_401_redirect": null,
            "session_duration": "24h",
            "skip_app_launcher_login_page": null,
            "skip_interstitial": null,
            "tags": null,
            "target_criteria": null,
            "type": "self_hosted",
            "zone_id": "ed060daac18345f6900fc5a661dc94f9"
          },
          "sensitive_attributes": [
            [
              {
                "type": "get_attr",
                "value": "zone_id"
              }
            ]
          ],
          "identity_schema_version": 0,
          "dependencies": [
            "module.onepassword_secrets.data.onepassword_item.cloudflare",
            "module.onepassword_secrets.data.onepassword_item.n8n",
            "module.onepassword_secrets.data.onepassword_item.splunk",
            "module.onepassword_secrets.data.onepassword_item.supabase",
            "module.onepassword_secrets.data.onepassword_vault.this"
          ]
        },
        {
          "index_key": "elk",
          "schema_version": 1,
          "attributes": {
            "account_id": null,
            "allow_authenticate_via_warp": null,
            "allow_iframe": null,
            "allowed_idps": null,
            "app_launcher_logo_url": null,
            "app_launcher_visible": true,
            "aud": "6b7c49937486393098c05fc0eebb0bf28ab4685edeb1f574e84b23604c6a522d",
            "auto_redirect_to_identity": null,
            "bg_color": null,
            "cors_headers": null,
            "custom_deny_message": null,
            "custom_deny_url": null,
            "custom_non_identity_deny_url": null,
            "custom_pages": null,
            "destinations": [
              {
                "cidr": null,
                "hostname": null,
                "l4_protocol": null,
                "mcp_server_id": null,
                "port_range": null,
                "type": "public",
                "uri": "elk.jclee.me",
                "vnet_id": null
              }
            ],
            "domain": "elk.jclee.me",
            "enable_binding_cookie": null,
            "footer_links": null,
            "header_bg_color": null,
            "http_only_cookie_attribute": true,
            "id": "22cad58e-337d-4c52-9a27-37cfdb1d099d",
            "landing_page_design": null,
            "logo_url": null,
            "name": "ELK",
            "options_preflight_bypass": null,
            "path_cookie_attribute": null,
            "policies": [
              {
                "connection_rules": null,
                "decision": "allow",
                "exclude": null,
                "id": null,
                "include": [
                  {
                    "any_valid_service_token": null,
                    "auth_context": null,
                    "auth_method": null,
                    "azure_ad": null,
                    "certificate": null,
                    "common_name": null,
                    "device_posture": null,
                    "email": {
                      "email": "qws941@kakao.com"
                    },
                    "email_domain": null,
                    "email_list": null,
                    "everyone": null,
                    "external_evaluation": null,
                    "geo": null,
                    "github_organization": null,
                    "group": null,
                    "gsuite": null,
                    "ip": null,
                    "ip_list": null,
                    "linked_app_token": null,
                    "login_method": null,
                    "oidc": null,
                    "okta": null,
                    "saml": null,
                    "service_token": null
                  }
                ],
                "name": "ELK Email Access",
                "precedence": 1,
                "require": null
              }
            ],
            "read_service_tokens_from_header": null,
            "saas_app": null,
            "same_site_cookie_attribute": null,
            "scim_config": null,
            "self_hosted_domains": [
              "elk.jclee.me"
            ],
            "service_auth_401_redirect": null,
            "session_duration": "24h",
            "skip_app_launcher_login_page": null,
            "skip_interstitial": null,
            "tags": null,
            "target_criteria": null,
            "type": "self_hosted",
            "zone_id": "ed060daac18345f6900fc5a661dc94f9"
          },
          "sensitive_attributes": [
            [
              {
                "type": "get_attr",
                "value": "zone_id"
              }
            ]
          ],
          "identity_schema_version": 0,
          "dependencies": [
            "module.onepassword_secrets.data.onepassword_item.cloudflare",
            "module.onepassword_secrets.data.onepassword_item.n8n",
            "module.onepassword_secrets.data.onepassword_item.splunk",
            "module.onepassword_secrets.data.onepassword_item.supabase",
            "module.onepassword_secrets.data.onepassword_vault.this"
          ]
        },
        {
          "index_key": "es",
          "schema_version": 1,
          "attributes": {
            "account_id": null,
            "allow_authenticate_via_warp": null,
            "allow_iframe": null,
            "allowed_idps": null,
            "app_launcher_logo_url": null,
            "app_launcher_visible": true,
            "aud": "1e584abe9709ad5a2a17d8e393ee0370520c0d00f37d25becefb6da287573fd0",
            "auto_redirect_to_identity": null,
            "bg_color": null,
            "cors_headers": null,
            "custom_deny_message": null,
            "custom_deny_url": null,
            "custom_non_identity_deny_url": null,
            "custom_pages": null,
            "destinations": [
              {
                "cidr": null,
                "hostname": null,
                "l4_protocol": null,
                "mcp_server_id": null,
                "port_range": null,
                "type": "public",
                "uri": "es.jclee.me",
                "vnet_id": null
              }
            ],
            "domain": "es.jclee.me",
            "enable_binding_cookie": null,
            "footer_links": null,
            "header_bg_color": null,
            "http_only_cookie_attribute": true,
            "id": "02049a36-aa75-4883-888c-b37cb783dea2",
            "landing_page_design": null,
            "logo_url": null,
            "name": "Elasticsearch",
            "options_preflight_bypass": null,
            "path_cookie_attribute": null,
            "policies": [
              {
                "connection_rules": null,
                "decision": "allow",
                "exclude": null,
                "id": null,
                "include": [
                  {
                    "any_valid_service_token": null,
                    "auth_context": null,
                    "auth_method": null,
                    "azure_ad": null,
                    "certificate": null,
                    "common_name": null,
                    "device_posture": null,
                    "email": {
                      "email": "qws941@kakao.com"
                    },
                    "email_domain": null,
                    "email_list": null,
                    "everyone": null,
                    "external_evaluation": null,
                    "geo": null,
                    "github_organization": null,
                    "group": null,
                    "gsuite": null,
                    "ip": null,
                    "ip_list": null,
                    "linked_app_token": null,
                    "login_method": null,
                    "oidc": null,
                    "okta": null,
                    "saml": null,
                    "service_token": null
                  }
                ],
                "name": "Elasticsearch Email Access",
                "precedence": 1,
                "require": null
              }
            ],
            "read_service_tokens_from_header": null,
            "saas_app": null,
            "same_site_cookie_attribute": null,
            "scim_config": null,
            "self_hosted_domains": [
              "es.jclee.me"
            ],
            "service_auth_401_redirect": null,
            "session_duration": "24h",
            "skip_app_launcher_login_page": null,
            "skip_interstitial": null,
            "tags": null,
            "target_criteria": null,
            "type": "self_hosted",
            "zone_id": "ed060daac18345f6900fc5a661dc94f9"
          },
          "sensitive_attributes": [
            [
              {
                "type": "get_attr",
                "value": "zone_id"
              }
            ]
          ],
          "identity_schema_version": 0,
          "dependencies": [
            "module.onepassword_secrets.data.onepassword_item.cloudflare",
            "module.onepassword_secrets.data.onepassword_item.n8n",
            "module.onepassword_secrets.data.onepassword_item.splunk",
            "module.onepassword_secrets.data.onepassword_item.supabase",
            "module.onepassword_secrets.data.onepassword_vault.this"
          ]
        },
        {
          "index_key": "glitchtip",
          "schema_version": 1,
          "attributes": {
            "account_id": null,
            "allow_authenticate_via_warp": null,
            "allow_iframe": null,
            "allowed_idps": null,
            "app_launcher_logo_url": null,
            "app_launcher_visible": true,
            "aud": "db097def3b697510d9867e4fb1369ff6ff3729bcb1f4641b3dc1ebfa96dc907a",
            "auto_redirect_to_identity": null,
            "bg_color": null,
            "cors_headers": null,
            "custom_deny_message": null,
            "custom_deny_url": null,
            "custom_non_identity_deny_url": null,
            "custom_pages": null,
            "destinations": [
              {
                "cidr": null,
                "hostname": null,
                "l4_protocol": null,
                "mcp_server_id": null,
                "port_range": null,
                "type": "public",
                "uri": "glitchtip.jclee.me",
                "vnet_id": null
              }
            ],
            "domain": "glitchtip.jclee.me",
            "enable_binding_cookie": null,
            "footer_links": null,
            "header_bg_color": null,
            "http_only_cookie_attribute": true,
            "id": "5a2d5e25-a870-4b3b-ae67-3639d83201ed",
            "landing_page_design": null,
            "logo_url": null,
            "name": "GlitchTip",
            "options_preflight_bypass": null,
            "path_cookie_attribute": null,
            "policies": [
              {
                "connection_rules": null,
                "decision": "allow",
                "exclude": null,
                "id": null,
                "include": [
                  {
                    "any_valid_service_token": null,
                    "auth_context": null,
                    "auth_method": null,
                    "azure_ad": null,
                    "certificate": null,
                    "common_name": null,
                    "device_posture": null,
                    "email": {
                      "email": "qws941@kakao.com"
                    },
                    "email_domain": null,
                    "email_list": null,
                    "everyone": null,
                    "external_evaluation": null,
                    "geo": null,
                    "github_organization": null,
                    "group": null,
                    "gsuite": null,
                    "ip": null,
                    "ip_list": null,
                    "linked_app_token": null,
                    "login_method": null,
                    "oidc": null,
                    "okta": null,
                    "saml": null,
                    "service_token": null
                  }
                ],
                "name": "GlitchTip Email Access",
                "precedence": 1,
                "require": null
              }
            ],
            "read_service_tokens_from_header": null,
            "saas_app": null,
            "same_site_cookie_attribute": null,
            "scim_config": null,
            "self_hosted_domains": [
              "glitchtip.jclee.me"
            ],
            "service_auth_401_redirect": null,
            "session_duration": "24h",
            "skip_app_launcher_login_page": null,
            "skip_interstitial": null,
            "tags": null,
            "target_criteria": null,
            "type": "self_hosted",
            "zone_id": "ed060daac18345f6900fc5a661dc94f9"
          },
          "sensitive_attributes": [
            [
              {
                "type": "get_attr",
                "value": "zone_id"
              }
            ]
          ],
          "identity_schema_version": 0,
          "dependencies": [
            "module.onepassword_secrets.data.onepassword_item.cloudflare",
            "module.onepassword_secrets.data.onepassword_item.n8n",
            "module.onepassword_secrets.data.onepassword_item.splunk",
            "module.onepassword_secrets.data.onepassword_item.supabase",
            "module.onepassword_secrets.data.onepassword_vault.this"
          ]
        },
        {
          "index_key": "grafana",
          "schema_version": 1,
          "attributes": {
            "account_id": null,
            "allow_authenticate_via_warp": null,
            "allow_iframe": null,
            "allowed_idps": null,
            "app_launcher_logo_url": null,
            "app_launcher_visible": true,
            "aud": "9f8dfc69af979dfd20996936680adff1954d25ae244a0094a2f9ca541a96adf0",
            "auto_redirect_to_identity": null,
            "bg_color": null,
            "cors_headers": null,
            "custom_deny_message": null,
            "custom_deny_url": null,
            "custom_non_identity_deny_url": null,
            "custom_pages": null,
            "destinations": [
              {
                "cidr": null,
                "hostname": null,
                "l4_protocol": null,
                "mcp_server_id": null,
                "port_range": null,
                "type": "public",
                "uri": "grafana.jclee.me",
                "vnet_id": null
              }
            ],
            "domain": "grafana.jclee.me",
            "enable_binding_cookie": null,
            "footer_links": null,
            "header_bg_color": null,
            "http_only_cookie_attribute": true,
            "id": "ee5dd597-da34-432e-832f-371efc00da71",
            "landing_page_design": null,
            "logo_url": null,
            "name": "Grafana",
            "options_preflight_bypass": null,
            "path_cookie_attribute": null,
            "policies": [
              {
                "connection_rules": null,
                "decision": "allow",
                "exclude": null,
                "id": null,
                "include": [
                  {
                    "any_valid_service_token": null,
                    "auth_context": null,
                    "auth_method": null,
                    "azure_ad": null,
                    "certificate": null,
                    "common_name": null,
                    "device_posture": null,
                    "email": {
                      "email": "qws941@kakao.com"
                    },
                    "email_domain": null,
                    "email_list": null,
                    "everyone": null,
                    "external_evaluation": null,
                    "geo": null,
                    "github_organization": null,
                    "group": null,
                    "gsuite": null,
                    "ip": null,
                    "ip_list": null,
                    "linked_app_token": null,
                    "login_method": null,
                    "oidc": null,
                    "okta": null,
                    "saml": null,
                    "service_token": null
                  }
                ],
                "name": "Grafana Email Access",
                "precedence": 1,
                "require": null
              }
            ],
            "read_service_tokens_from_header": null,
            "saas_app": null,
            "same_site_cookie_attribute": null,
            "scim_config": null,
            "self_hosted_domains": [
              "grafana.jclee.me"
            ],
            "service_auth_401_redirect": null,
            "session_duration": "24h",
            "skip_app_launcher_login_page": null,
            "skip_interstitial": null,
            "tags": null,
            "target_criteria": null,
            "type": "self_hosted",
            "zone_id": "ed060daac18345f6900fc5a661dc94f9"
          },
          "sensitive_attributes": [
            [
              {
                "type": "get_attr",
                "value": "zone_id"
              }
            ]
          ],
          "identity_schema_version": 0,
          "dependencies": [
            "module.onepassword_secrets.data.onepassword_item.cloudflare",
            "module.onepassword_secrets.data.onepassword_item.n8n",
            "module.onepassword_secrets.data.onepassword_item.splunk",
            "module.onepassword_secrets.data.onepassword_item.supabase",
            "module.onepassword_secrets.data.onepassword_vault.this"
          ]
        },
        {
          "index_key": "kibana",
          "schema_version": 1,
          "attributes": {
            "account_id": null,
            "allow_authenticate_via_warp": null,
            "allow_iframe": null,
            "allowed_idps": null,
            "app_launcher_logo_url": null,
            "app_launcher_visible": true,
            "aud": "f04f604e74958aa257519ab31c8be9f90d20ffe0710699ce493ee89dfdc75c72",
            "auto_redirect_to_identity": null,
            "bg_color": null,
            "cors_headers": null,
            "custom_deny_message": null,
            "custom_deny_url": null,
            "custom_non_identity_deny_url": null,
            "custom_pages": null,
            "destinations": [
              {
                "cidr": null,
                "hostname": null,
                "l4_protocol": null,
                "mcp_server_id": null,
                "port_range": null,
                "type": "public",
                "uri": "kibana.jclee.me",
                "vnet_id": null
              }
            ],
            "domain": "kibana.jclee.me",
            "enable_binding_cookie": null,
            "footer_links": null,
            "header_bg_color": null,
            "http_only_cookie_attribute": true,
            "id": "6f09a501-e956-4b8f-8867-697ff16b511c",
            "landing_page_design": null,
            "logo_url": null,
            "name": "Kibana",
            "options_preflight_bypass": null,
            "path_cookie_attribute": null,
            "policies": [
              {
                "connection_rules": null,
                "decision": "allow",
                "exclude": null,
                "id": null,
                "include": [
                  {
                    "any_valid_service_token": null,
                    "auth_context": null,
                    "auth_method": null,
                    "azure_ad": null,
                    "certificate": null,
                    "common_name": null,
                    "device_posture": null,
                    "email": {
                      "email": "qws941@kakao.com"
                    },
                    "email_domain": null,
                    "email_list": null,
                    "everyone": null,
                    "external_evaluation": null,
                    "geo": null,
                    "github_organization": null,
                    "group": null,
                    "gsuite": null,
                    "ip": null,
                    "ip_list": null,
                    "linked_app_token": null,
                    "login_method": null,
                    "oidc": null,
                    "okta": null,
                    "saml": null,
                    "service_token": null
                  }
                ],
                "name": "Kibana Email Access",
                "precedence": 1,
                "require": null
              }
            ],
            "read_service_tokens_from_header": null,
            "saas_app": null,
            "same_site_cookie_attribute": null,
            "scim_config": null,
            "self_hosted_domains": [
              "kibana.jclee.me"
            ],
            "service_auth_401_redirect": null,
            "session_duration": "24h",
            "skip_app_launcher_login_page": null,
            "skip_interstitial": null,
            "tags": null,
            "target_criteria": null,
            "type": "self_hosted",
            "zone_id": "ed060daac18345f6900fc5a661dc94f9"
          },
          "sensitive_attributes": [
            [
              {
                "type": "get_attr",
                "value": "zone_id"
              }
            ]
          ],
          "identity_schema_version": 0,
          "dependencies": [
            "module.onepassword_secrets.data.onepassword_item.cloudflare",
            "module.onepassword_secrets.data.onepassword_item.n8n",
            "module.onepassword_secrets.data.onepassword_item.splunk",
            "module.onepassword_secrets.data.onepassword_item.supabase",
            "module.onepassword_secrets.data.onepassword_vault.this"
          ]
        },
        {
          "index_key": "mcphub",
          "schema_version": 1,
          "attributes": {
            "account_id": null,
            "allow_authenticate_via_warp": null,
            "allow_iframe": null,
            "allowed_idps": null,
            "app_launcher_logo_url": null,
            "app_launcher_visible": true,
            "aud": "4ee92c0fa73ea08d0643cce04722d7487b5b2f26a19592516a43150fb163bd2e",
            "auto_redirect_to_identity": null,
            "bg_color": null,
            "cors_headers": null,
            "custom_deny_message": null,
            "custom_deny_url": null,
            "custom_non_identity_deny_url": null,
            "custom_pages": null,
            "destinations": [
              {
                "cidr": null,
                "hostname": null,
                "l4_protocol": null,
                "mcp_server_id": null,
                "port_range": null,
                "type": "public",
                "uri": "mcphub.jclee.me",
                "vnet_id": null
              }
            ],
            "domain": "mcphub.jclee.me",
            "enable_binding_cookie": null,
            "footer_links": null,
            "header_bg_color": null,
            "http_only_cookie_attribute": true,
            "id": "12643e8d-8336-49a8-bdb4-edf0852935e9",
            "landing_page_design": null,
            "logo_url": null,
            "name": "MCP Hub",
            "options_preflight_bypass": null,
            "path_cookie_attribute": null,
            "policies": [
              {
                "connection_rules": null,
                "decision": "allow",
                "exclude": null,
                "id": null,
                "include": [
                  {
                    "any_valid_service_token": null,
                    "auth_context": null,
                    "auth_method": null,
                    "azure_ad": null,
                    "certificate": null,
                    "common_name": null,
                    "device_posture": null,
                    "email": {
                      "email": "qws941@kakao.com"
                    },
                    "email_domain": null,
                    "email_list": null,
                    "everyone": null,
                    "external_evaluation": null,
                    "geo": null,
                    "github_organization": null,
                    "group": null,
                    "gsuite": null,
                    "ip": null,
                    "ip_list": null,
                    "linked_app_token": null,
                    "login_method": null,
                    "oidc": null,
                    "okta": null,
                    "saml": null,
                    "service_token": null
                  }
                ],
                "name": "MCP Hub Email Access",
                "precedence": 1,
                "require": null
              }
            ],
            "read_service_tokens_from_header": null,
            "saas_app": null,
            "same_site_cookie_attribute": null,
            "scim_config": null,
            "self_hosted_domains": [
              "mcphub.jclee.me"
            ],
            "service_auth_401_redirect": null,
            "session_duration": "24h",
            "skip_app_launcher_login_page": null,
            "skip_interstitial": null,
            "tags": null,
            "target_criteria": null,
            "type": "self_hosted",
            "zone_id": "ed060daac18345f6900fc5a661dc94f9"
          },
          "sensitive_attributes": [
            [
              {
                "type": "get_attr",
                "value": "zone_id"
              }
            ]
          ],
          "identity_schema_version": 0,
          "dependencies": [
            "module.onepassword_secrets.data.onepassword_item.cloudflare",
            "module.onepassword_secrets.data.onepassword_item.n8n",
            "module.onepassword_secrets.data.onepassword_item.splunk",
            "module.onepassword_secrets.data.onepassword_item.supabase",
            "module.onepassword_secrets.data.onepassword_vault.this"
          ]
        },
        {
          "index_key": "n8n",
          "schema_version": 1,
          "attributes": {
            "account_id": null,
            "allow_authenticate_via_warp": null,
            "allow_iframe": null,
            "allowed_idps": null,
            "app_launcher_logo_url": null,
            "app_launcher_visible": true,
            "aud": "9d8d62f325e761701869835e53816fe81d71da1ad1ef44bc42c550c8bc8f0b07",
            "auto_redirect_to_identity": null,
            "bg_color": null,
            "cors_headers": null,
            "custom_deny_message": null,
            "custom_deny_url": null,
            "custom_non_identity_deny_url": null,
            "custom_pages": null,
            "destinations": [
              {
                "cidr": null,
                "hostname": null,
                "l4_protocol": null,
                "mcp_server_id": null,
                "port_range": null,
                "type": "public",
                "uri": "n8n.jclee.me",
                "vnet_id": null
              }
            ],
            "domain": "n8n.jclee.me",
            "enable_binding_cookie": null,
            "footer_links": null,
            "header_bg_color": null,
            "http_only_cookie_attribute": true,
            "id": "9d4f05db-0a62-4f5c-9232-3b3aaf69c9ad",
            "landing_page_design": null,
            "logo_url": null,
            "name": "n8n",
            "options_preflight_bypass": null,
            "path_cookie_attribute": null,
            "policies": [
              {
                "connection_rules": null,
                "decision": "allow",
                "exclude": null,
                "id": null,
                "include": [
                  {
                    "any_valid_service_token": null,
                    "auth_context": null,
                    "auth_method": null,
                    "azure_ad": null,
                    "certificate": null,
                    "common_name": null,
                    "device_posture": null,
                    "email": {
                      "email": "qws941@kakao.com"
                    },
                    "email_domain": null,
                    "email_list": null,
                    "everyone": null,
                    "external_evaluation": null,
                    "geo": null,
                    "github_organization": null,
                    "group": null,
                    "gsuite": null,
                    "ip": null,
                    "ip_list": null,
                    "linked_app_token": null,
                    "login_method": null,
                    "oidc": null,
                    "okta": null,
                    "saml": null,
                    "service_token": null
                  }
                ],
                "name": "n8n Email Access",
                "precedence": 1,
                "require": null
              }
            ],
            "read_service_tokens_from_header": null,
            "saas_app": null,
            "same_site_cookie_attribute": null,
            "scim_config": null,
            "self_hosted_domains": [
              "n8n.jclee.me"
            ],
            "service_auth_401_redirect": null,
            "session_duration": "24h",
            "skip_app_launcher_login_page": null,
            "skip_interstitial": null,
            "tags": null,
            "target_criteria": null,
            "type": "self_hosted",
            "zone_id": "ed060daac18345f6900fc5a661dc94f9"
          },
          "sensitive_attributes": [
            [
              {
                "type": "get_attr",
                "value": "zone_id"
              }
            ]
          ],
          "identity_schema_version": 0,
          "dependencies": [
            "module.onepassword_secrets.data.onepassword_item.cloudflare",
            "module.onepassword_secrets.data.onepassword_item.n8n",
            "module.onepassword_secrets.data.onepassword_item.splunk",
            "module.onepassword_secrets.data.onepassword_item.supabase",
            "module.onepassword_secrets.data.onepassword_vault.this"
          ]
        },
        {
          "index_key": "nas",
          "schema_version": 1,
          "attributes": {
            "account_id": null,
            "allow_authenticate_via_warp": null,
            "allow_iframe": null,
            "allowed_idps": null,
            "app_launcher_logo_url": null,
            "app_launcher_visible": true,
            "aud": "28cfa4d33a54f9ee29785d8b747443e0eae1273f4112ad12f9af7baf51772b41",
            "auto_redirect_to_identity": null,
            "bg_color": null,
            "cors_headers": null,
            "custom_deny_message": null,
            "custom_deny_url": null,
            "custom_non_identity_deny_url": null,
            "custom_pages": null,
            "destinations": [
              {
                "cidr": null,
                "hostname": null,
                "l4_protocol": null,
                "mcp_server_id": null,
                "port_range": null,
                "type": "public",
                "uri": "nas.jclee.me",
                "vnet_id": null
              }
            ],
            "domain": "nas.jclee.me",
            "enable_binding_cookie": null,
            "footer_links": null,
            "header_bg_color": null,
            "http_only_cookie_attribute": true,
            "id": "207a1279-8882-49e8-9b90-c1802d339ba3",
            "landing_page_design": null,
            "logo_url": null,
            "name": "NAS",
            "options_preflight_bypass": null,
            "path_cookie_attribute": null,
            "policies": [
              {
                "connection_rules": null,
                "decision": "allow",
                "exclude": null,
                "id": null,
                "include": [
                  {
                    "any_valid_service_token": null,
                    "auth_context": null,
                    "auth_method": null,
                    "azure_ad": null,
                    "certificate": null,
                    "common_name": null,
                    "device_posture": null,
                    "email": {
                      "email": "qws941@kakao.com"
                    },
                    "email_domain": null,
                    "email_list": null,
                    "everyone": null,
                    "external_evaluation": null,
                    "geo": null,
                    "github_organization": null,
                    "group": null,
                    "gsuite": null,
                    "ip": null,
                    "ip_list": null,
                    "linked_app_token": null,
                    "login_method": null,
                    "oidc": null,
                    "okta": null,
                    "saml": null,
                    "service_token": null
                  }
                ],
                "name": "NAS Email Access",
                "precedence": 1,
                "require": null
              }
            ],
            "read_service_tokens_from_header": null,
            "saas_app": null,
            "same_site_cookie_attribute": null,
            "scim_config": null,
            "self_hosted_domains": [
              "nas.jclee.me"
            ],
            "service_auth_401_redirect": null,
            "session_duration": "24h",
            "skip_app_launcher_login_page": null,
            "skip_interstitial": null,
            "tags": null,
            "target_criteria": null,
            "type": "self_hosted",
            "zone_id": "ed060daac18345f6900fc5a661dc94f9"
          },
          "sensitive_attributes": [
            [
              {
                "type": "get_attr",
                "value": "zone_id"
              }
            ]
          ],
          "identity_schema_version": 0,
          "dependencies": [
            "module.onepassword_secrets.data.onepassword_item.cloudflare",
            "module.onepassword_secrets.data.onepassword_item.n8n",
            "module.onepassword_secrets.data.onepassword_item.splunk",
            "module.onepassword_secrets.data.onepassword_item.supabase",
            "module.onepassword_secrets.data.onepassword_vault.this"
          ]
        },
        {
          "index_key": "opencode",
          "schema_version": 1,
          "attributes": {
            "account_id": null,
            "allow_authenticate_via_warp": null,
            "allow_iframe": null,
            "allowed_idps": null,
            "app_launcher_logo_url": null,
            "app_launcher_visible": true,
            "aud": "c0e394e2ae09d9a599ba1efc76b75ce9f4a5966d7f06bd3e62d442b336b0af18",
            "auto_redirect_to_identity": null,
            "bg_color": null,
            "cors_headers": null,
            "custom_deny_message": null,
            "custom_deny_url": null,
            "custom_non_identity_deny_url": null,
            "custom_pages": null,
            "destinations": [
              {
                "cidr": null,
                "hostname": null,
                "l4_protocol": null,
                "mcp_server_id": null,
                "port_range": null,
                "type": "public",
                "uri": "opencode.jclee.me",
                "vnet_id": null
              }
            ],
            "domain": "opencode.jclee.me",
            "enable_binding_cookie": null,
            "footer_links": null,
            "header_bg_color": null,
            "http_only_cookie_attribute": true,
            "id": "11a61c7f-808a-45da-bc5f-4a69d2993642",
            "landing_page_design": null,
            "logo_url": null,
            "name": "OpenCode",
            "options_preflight_bypass": null,
            "path_cookie_attribute": null,
            "policies": [
              {
                "connection_rules": null,
                "decision": "allow",
                "exclude": null,
                "id": null,
                "include": [
                  {
                    "any_valid_service_token": null,
                    "auth_context": null,
                    "auth_method": null,
                    "azure_ad": null,
                    "certificate": null,
                    "common_name": null,
                    "device_posture": null,
                    "email": {
                      "email": "qws941@kakao.com"
                    },
                    "email_domain": null,
                    "email_list": null,
                    "everyone": null,
                    "external_evaluation": null,
                    "geo": null,
                    "github_organization": null,
                    "group": null,
                    "gsuite": null,
                    "ip": null,
                    "ip_list": null,
                    "linked_app_token": null,
                    "login_method": null,
                    "oidc": null,
                    "okta": null,
                    "saml": null,
                    "service_token": null
                  }
                ],
                "name": "OpenCode Email Access",
                "precedence": 1,
                "require": null
              }
            ],
            "read_service_tokens_from_header": null,
            "saas_app": null,
            "same_site_cookie_attribute": null,
            "scim_config": null,
            "self_hosted_domains": [
              "opencode.jclee.me"
            ],
            "service_auth_401_redirect": null,
            "session_duration": "24h",
            "skip_app_launcher_login_page": null,
            "skip_interstitial": null,
            "tags": null,
            "target_criteria": null,
            "type": "self_hosted",
            "zone_id": "ed060daac18345f6900fc5a661dc94f9"
          },
          "sensitive_attributes": [
            [
              {
                "type": "get_attr",
                "value": "zone_id"
              }
            ]
          ],
          "identity_schema_version": 0,
          "dependencies": [
            "module.onepassword_secrets.data.onepassword_item.cloudflare",
            "module.onepassword_secrets.data.onepassword_item.n8n",
            "module.onepassword_secrets.data.onepassword_item.splunk",
            "module.onepassword_secrets.data.onepassword_item.supabase",
            "module.onepassword_secrets.data.onepassword_vault.this"
          ]
        },
        {
          "index_key": "supabase",
          "schema_version": 1,
          "attributes": {
            "account_id": null,
            "allow_authenticate_via_warp": null,
            "allow_iframe": null,
            "allowed_idps": null,
            "app_launcher_logo_url": null,
            "app_launcher_visible": true,
            "aud": "1d6cc4661900305095c418a984be3a76ce8579a5c3878fff02b28d8d725f7005",
            "auto_redirect_to_identity": null,
            "bg_color": null,
            "cors_headers": null,
            "custom_deny_message": null,
            "custom_deny_url": null,
            "custom_non_identity_deny_url": null,
            "custom_pages": null,
            "destinations": [
              {
                "cidr": null,
                "hostname": null,
                "l4_protocol": null,
                "mcp_server_id": null,
                "port_range": null,
                "type": "public",
                "uri": "supabase.jclee.me",
                "vnet_id": null
              }
            ],
            "domain": "supabase.jclee.me",
            "enable_binding_cookie": null,
            "footer_links": null,
            "header_bg_color": null,
            "http_only_cookie_attribute": true,
            "id": "47e7664d-e65c-4aa3-9259-714656eeec4b",
            "landing_page_design": null,
            "logo_url": null,
            "name": "Supabase",
            "options_preflight_bypass": null,
            "path_cookie_attribute": null,
            "policies": [
              {
                "connection_rules": null,
                "decision": "allow",
                "exclude": null,
                "id": null,
                "include": [
                  {
                    "any_valid_service_token": null,
                    "auth_context": null,
                    "auth_method": null,
                    "azure_ad": null,
                    "certificate": null,
                    "common_name": null,
                    "device_posture": null,
                    "email": {
                      "email": "qws941@kakao.com"
                    },
                    "email_domain": null,
                    "email_list": null,
                    "everyone": null,
                    "external_evaluation": null,
                    "geo": null,
                    "github_organization": null,
                    "group": null,
                    "gsuite": null,
                    "ip": null,
                    "ip_list": null,
                    "linked_app_token": null,
                    "login_method": null,
                    "oidc": null,
                    "okta": null,
                    "saml": null,
                    "service_token": null
                  }
                ],
                "name": "Supabase Email Access",
                "precedence": 1,
                "require": null
              }
            ],
            "read_service_tokens_from_header": null,
            "saas_app": null,
            "same_site_cookie_attribute": null,
            "scim_config": null,
            "self_hosted_domains": [
              "supabase.jclee.me"
            ],
            "service_auth_401_redirect": null,
            "session_duration": "24h",
            "skip_app_launcher_login_page": null,
            "skip_interstitial": null,
            "tags": null,
            "target_criteria": null,
            "type": "self_hosted",
            "zone_id": "ed060daac18345f6900fc5a661dc94f9"
          },
          "sensitive_attributes": [
            [
              {
                "type": "get_attr",
                "value": "zone_id"
              }
            ]
          ],
          "identity_schema_version": 0,
          "dependencies": [
            "module.onepassword_secrets.data.onepassword_item.cloudflare",
            "module.onepassword_secrets.data.onepassword_item.n8n",
            "module.onepassword_secrets.data.onepassword_item.splunk",
            "module.onepassword_secrets.data.onepassword_item.supabase",
            "module.onepassword_secrets.data.onepassword_vault.this"
          ]
        }
      ]
    },
    {
      "mode": "managed",
      "type": "cloudflare_zero_trust_access_application",
      "name": "logstash_ingest",
      "provider": "provider[\"registry.terraform.io/cloudflare/cloudflare\"]",
      "instances": [
        {
          "schema_version": 1,
          "attributes": {
            "account_id": null,
            "allow_authenticate_via_warp": null,
            "allow_iframe": null,
            "allowed_idps": null,
            "app_launcher_logo_url": null,
            "app_launcher_visible": true,
            "aud": "95172118a1af323a0df51586778cd9b8c3755de0c6ae85c8366a4643b0773bd8",
            "auto_redirect_to_identity": null,
            "bg_color": null,
            "cors_headers": null,
            "custom_deny_message": null,
            "custom_deny_url": null,
            "custom_non_identity_deny_url": null,
            "custom_pages": null,
            "destinations": [
              {
                "cidr": null,
                "hostname": null,
                "l4_protocol": null,
                "mcp_server_id": null,
                "port_range": null,
                "type": "public",
                "uri": "logstash-ingest.jclee.me",
                "vnet_id": null
              }
            ],
            "domain": "logstash-ingest.jclee.me",
            "enable_binding_cookie": null,
            "footer_links": null,
            "header_bg_color": null,
            "http_only_cookie_attribute": true,
            "id": "6128a23d-fdcb-4ff0-8d81-328169055610",
            "landing_page_design": null,
            "logo_url": null,
            "name": "Logstash Ingest",
            "options_preflight_bypass": null,
            "path_cookie_attribute": null,
            "policies": [
              {
                "connection_rules": null,
                "decision": "non_identity",
                "exclude": null,
                "id": null,
                "include": [
                  {
                    "any_valid_service_token": {},
                    "auth_context": null,
                    "auth_method": null,
                    "azure_ad": null,
                    "certificate": null,
                    "common_name": null,
                    "device_posture": null,
                    "email": null,
                    "email_domain": null,
                    "email_list": null,
                    "everyone": null,
                    "external_evaluation": null,
                    "geo": null,
                    "github_organization": null,
                    "group": null,
                    "gsuite": null,
                    "ip": null,
                    "ip_list": null,
                    "linked_app_token": null,
                    "login_method": null,
                    "oidc": null,
                    "okta": null,
                    "saml": null,
                    "service_token": null
                  }
                ],
                "name": "Logpush Service Token",
                "precedence": 1,
                "require": null
              }
            ],
            "read_service_tokens_from_header": null,
            "saas_app": null,
            "same_site_cookie_attribute": null,
            "scim_config": null,
            "self_hosted_domains": [
              "logstash-ingest.jclee.me"
            ],
            "service_auth_401_redirect": null,
            "session_duration": "24h",
            "skip_app_launcher_login_page": null,
            "skip_interstitial": null,
            "tags": null,
            "target_criteria": null,
            "type": "self_hosted",
            "zone_id": "ed060daac18345f6900fc5a661dc94f9"
          },
          "sensitive_attributes": [
            [
              {
                "type": "get_attr",
                "value": "zone_id"
              }
            ]
          ],
          "identity_schema_version": 0,
          "dependencies": [
            "module.onepassword_secrets.data.onepassword_item.cloudflare",
            "module.onepassword_secrets.data.onepassword_item.n8n",
            "module.onepassword_secrets.data.onepassword_item.splunk",
            "module.onepassword_secrets.data.onepassword_item.supabase",
            "module.onepassword_secrets.data.onepassword_vault.this"
          ]
        }
      ]
    },
    {
      "mode": "managed",
      "type": "cloudflare_zero_trust_access_application",
      "name": "synology",
      "provider": "provider[\"registry.terraform.io/cloudflare/cloudflare\"]",
      "instances": [
        {
          "schema_version": 1,
          "attributes": {
            "account_id": null,
            "allow_authenticate_via_warp": null,
            "allow_iframe": null,
            "allowed_idps": null,
            "app_launcher_logo_url": null,
            "app_launcher_visible": true,
            "aud": "28cfa4d33a54f9ee29785d8b747443e0eae1273f4112ad12f9af7baf51772b41",
            "auto_redirect_to_identity": null,
            "bg_color": null,
            "cors_headers": null,
            "custom_deny_message": null,
            "custom_deny_url": null,
            "custom_non_identity_deny_url": null,
            "custom_pages": null,
            "destinations": [
              {
                "cidr": null,
                "hostname": null,
                "l4_protocol": null,
                "mcp_server_id": null,
                "port_range": null,
                "type": "public",
                "uri": "nas.jclee.me",
                "vnet_id": null
              }
            ],
            "domain": "nas.jclee.me",
            "enable_binding_cookie": null,
            "footer_links": null,
            "header_bg_color": null,
            "http_only_cookie_attribute": true,
            "id": "207a1279-8882-49e8-9b90-c1802d339ba3",
            "landing_page_design": null,
            "logo_url": null,
            "name": "Synology NAS",
            "options_preflight_bypass": null,
            "path_cookie_attribute": null,
            "policies": null,
            "read_service_tokens_from_header": null,
            "saas_app": null,
            "same_site_cookie_attribute": null,
            "scim_config": null,
            "self_hosted_domains": [
              "nas.jclee.me"
            ],
            "service_auth_401_redirect": null,
            "session_duration": "24h",
            "skip_app_launcher_login_page": null,
            "skip_interstitial": null,
            "tags": null,
            "target_criteria": null,
            "type": "self_hosted",
            "zone_id": "ed060daac18345f6900fc5a661dc94f9"
          },
          "sensitive_attributes": [
            [
              {
                "type": "get_attr",
                "value": "zone_id"
              }
            ]
          ],
          "identity_schema_version": 0,
          "dependencies": [
            "module.onepassword_secrets.data.onepassword_item.cloudflare",
            "module.onepassword_secrets.data.onepassword_item.n8n",
            "module.onepassword_secrets.data.onepassword_item.splunk",
            "module.onepassword_secrets.data.onepassword_item.supabase",
            "module.onepassword_secrets.data.onepassword_vault.this"
          ]
        }
      ]
    },
    {
      "mode": "managed",
      "type": "cloudflare_zero_trust_access_application",
      "name": "tcp_services",
      "provider": "provider[\"registry.terraform.io/cloudflare/cloudflare\"]",
      "instances": [
        {
          "index_key": "jclee-ssh",
          "schema_version": 1,
          "attributes": {
            "account_id": null,
            "allow_authenticate_via_warp": null,
            "allow_iframe": null,
            "allowed_idps": null,
            "app_launcher_logo_url": null,
            "app_launcher_visible": true,
            "aud": "440ec9701a7c18d92b7ac0646fbba2b24d2ef5935ea1dd41453ecf79aaf98fae",
            "auto_redirect_to_identity": null,
            "bg_color": null,
            "cors_headers": null,
            "custom_deny_message": null,
            "custom_deny_url": null,
            "custom_non_identity_deny_url": null,
            "custom_pages": null,
            "destinations": [
              {
                "cidr": null,
                "hostname": null,
                "l4_protocol": null,
                "mcp_server_id": null,
                "port_range": null,
                "type": "public",
                "uri": "jclee-ssh.jclee.me",
                "vnet_id": null
              }
            ],
            "domain": "jclee-ssh.jclee.me",
            "enable_binding_cookie": null,
            "footer_links": null,
            "header_bg_color": null,
            "http_only_cookie_attribute": true,
            "id": "1a026032-6f62-4a1f-a7fa-393cad6b15ff",
            "landing_page_design": null,
            "logo_url": null,
            "name": "JCLee SSH",
            "options_preflight_bypass": null,
            "path_cookie_attribute": null,
            "policies": [
              {
                "connection_rules": null,
                "decision": "allow",
                "exclude": null,
                "id": null,
                "include": [
                  {
                    "any_valid_service_token": null,
                    "auth_context": null,
                    "auth_method": null,
                    "azure_ad": null,
                    "certificate": null,
                    "common_name": null,
                    "device_posture": null,
                    "email": {
                      "email": "qws941@kakao.com"
                    },
                    "email_domain": null,
                    "email_list": null,
                    "everyone": null,
                    "external_evaluation": null,
                    "geo": null,
                    "github_organization": null,
                    "group": null,
                    "gsuite": null,
                    "ip": null,
                    "ip_list": null,
                    "linked_app_token": null,
                    "login_method": null,
                    "oidc": null,
                    "okta": null,
                    "saml": null,
                    "service_token": null
                  }
                ],
                "name": "JCLee SSH Email Access",
                "precedence": 1,
                "require": null
              }
            ],
            "read_service_tokens_from_header": null,
            "saas_app": null,
            "same_site_cookie_attribute": null,
            "scim_config": null,
            "self_hosted_domains": [
              "jclee-ssh.jclee.me"
            ],
            "service_auth_401_redirect": null,
            "session_duration": "720h",
            "skip_app_launcher_login_page": null,
            "skip_interstitial": null,
            "tags": null,
            "target_criteria": null,
            "type": "self_hosted",
            "zone_id": "ed060daac18345f6900fc5a661dc94f9"
          },
          "sensitive_attributes": [
            [
              {
                "type": "get_attr",
                "value": "zone_id"
              }
            ]
          ],
          "identity_schema_version": 0,
          "dependencies": [
            "module.onepassword_secrets.data.onepassword_item.cloudflare",
            "module.onepassword_secrets.data.onepassword_item.n8n",
            "module.onepassword_secrets.data.onepassword_item.splunk",
            "module.onepassword_secrets.data.onepassword_item.supabase",
            "module.onepassword_secrets.data.onepassword_vault.this"
          ]
        },
        {
          "index_key": "oc-rdp",
          "schema_version": 1,
          "attributes": {
            "account_id": null,
            "allow_authenticate_via_warp": null,
            "allow_iframe": null,
            "allowed_idps": null,
            "app_launcher_logo_url": null,
            "app_launcher_visible": true,
            "aud": "c2dd78ec6881262c910411b55452da93d2ab1ea7935fbf97c956608fef7117f0",
            "auto_redirect_to_identity": null,
            "bg_color": null,
            "cors_headers": null,
            "custom_deny_message": null,
            "custom_deny_url": null,
            "custom_non_identity_deny_url": null,
            "custom_pages": null,
            "destinations": [
              {
                "cidr": null,
                "hostname": null,
                "l4_protocol": null,
                "mcp_server_id": null,
                "port_range": null,
                "type": "public",
                "uri": "oc-rdp.jclee.me",
                "vnet_id": null
              }
            ],
            "domain": "oc-rdp.jclee.me",
            "enable_binding_cookie": null,
            "footer_links": null,
            "header_bg_color": null,
            "http_only_cookie_attribute": true,
            "id": "144605a5-78c5-4500-9f2e-df70a5ac33ed",
            "landing_page_design": null,
            "logo_url": null,
            "name": "OpenCode RDP",
            "options_preflight_bypass": null,
            "path_cookie_attribute": null,
            "policies": [
              {
                "connection_rules": null,
                "decision": "allow",
                "exclude": null,
                "id": null,
                "include": [
                  {
                    "any_valid_service_token": null,
                    "auth_context": null,
                    "auth_method": null,
                    "azure_ad": null,
                    "certificate": null,
                    "common_name": null,
                    "device_posture": null,
                    "email": {
                      "email": "qws941@kakao.com"
                    },
                    "email_domain": null,
                    "email_list": null,
                    "everyone": null,
                    "external_evaluation": null,
                    "geo": null,
                    "github_organization": null,
                    "group": null,
                    "gsuite": null,
                    "ip": null,
                    "ip_list": null,
                    "linked_app_token": null,
                    "login_method": null,
                    "oidc": null,
                    "okta": null,
                    "saml": null,
                    "service_token": null
                  }
                ],
                "name": "OpenCode RDP Email Access",
                "precedence": 1,
                "require": null
              }
            ],
            "read_service_tokens_from_header": null,
            "saas_app": null,
            "same_site_cookie_attribute": null,
            "scim_config": null,
            "self_hosted_domains": [
              "oc-rdp.jclee.me"
            ],
            "service_auth_401_redirect": null,
            "session_duration": "720h",
            "skip_app_launcher_login_page": null,
            "skip_interstitial": null,
            "tags": null,
            "target_criteria": null,
            "type": "self_hosted",
            "zone_id": "ed060daac18345f6900fc5a661dc94f9"
          },
          "sensitive_attributes": [
            [
              {
                "type": "get_attr",
                "value": "zone_id"
              }
            ]
          ],
          "identity_schema_version": 0,
          "dependencies": [
            "module.onepassword_secrets.data.onepassword_item.cloudflare",
            "module.onepassword_secrets.data.onepassword_item.n8n",
            "module.onepassword_secrets.data.onepassword_item.splunk",
            "module.onepassword_secrets.data.onepassword_item.supabase",
            "module.onepassword_secrets.data.onepassword_vault.this"
          ]
        },
        {
          "index_key": "oc-ssh",
          "schema_version": 1,
          "attributes": {
            "account_id": null,
            "allow_authenticate_via_warp": null,
            "allow_iframe": null,
            "allowed_idps": null,
            "app_launcher_logo_url": null,
            "app_launcher_visible": true,
            "aud": "95b8f0e6d227a424d535ed912870516fc9f5991da92058b356472ed277c59902",
            "auto_redirect_to_identity": null,
            "bg_color": null,
            "cors_headers": null,
            "custom_deny_message": null,
            "custom_deny_url": null,
            "custom_non_identity_deny_url": null,
            "custom_pages": null,
            "destinations": [
              {
                "cidr": null,
                "hostname": null,
                "l4_protocol": null,
                "mcp_server_id": null,
                "port_range": null,
                "type": "public",
                "uri": "oc-ssh.jclee.me",
                "vnet_id": null
              }
            ],
            "domain": "oc-ssh.jclee.me",
            "enable_binding_cookie": null,
            "footer_links": null,
            "header_bg_color": null,
            "http_only_cookie_attribute": true,
            "id": "2413efd6-9638-4ddc-b435-87d289222032",
            "landing_page_design": null,
            "logo_url": null,
            "name": "OpenCode SSH",
            "options_preflight_bypass": null,
            "path_cookie_attribute": null,
            "policies": [
              {
                "connection_rules": null,
                "decision": "allow",
                "exclude": null,
                "id": null,
                "include": [
                  {
                    "any_valid_service_token": null,
                    "auth_context": null,
                    "auth_method": null,
                    "azure_ad": null,
                    "certificate": null,
                    "common_name": null,
                    "device_posture": null,
                    "email": {
                      "email": "qws941@kakao.com"
                    },
                    "email_domain": null,
                    "email_list": null,
                    "everyone": null,
                    "external_evaluation": null,
                    "geo": null,
                    "github_organization": null,
                    "group": null,
                    "gsuite": null,
                    "ip": null,
                    "ip_list": null,
                    "linked_app_token": null,
                    "login_method": null,
                    "oidc": null,
                    "okta": null,
                    "saml": null,
                    "service_token": null
                  }
                ],
                "name": "OpenCode SSH Email Access",
                "precedence": 1,
                "require": null
              }
            ],
            "read_service_tokens_from_header": null,
            "saas_app": null,
            "same_site_cookie_attribute": null,
            "scim_config": null,
            "self_hosted_domains": [
              "oc-ssh.jclee.me"
            ],
            "service_auth_401_redirect": null,
            "session_duration": "720h",
            "skip_app_launcher_login_page": null,
            "skip_interstitial": null,
            "tags": null,
            "target_criteria": null,
            "type": "self_hosted",
            "zone_id": "ed060daac18345f6900fc5a661dc94f9"
          },
          "sensitive_attributes": [
            [
              {
                "type": "get_attr",
                "value": "zone_id"
              }
            ]
          ],
          "identity_schema_version": 0,
          "dependencies": [
            "module.onepassword_secrets.data.onepassword_item.cloudflare",
            "module.onepassword_secrets.data.onepassword_item.n8n",
            "module.onepassword_secrets.data.onepassword_item.splunk",
            "module.onepassword_secrets.data.onepassword_item.supabase",
            "module.onepassword_secrets.data.onepassword_vault.this"
          ]
        },
        {
          "index_key": "rdp",
          "schema_version": 1,
          "attributes": {
            "account_id": null,
            "allow_authenticate_via_warp": null,
            "allow_iframe": null,
            "allowed_idps": null,
            "app_launcher_logo_url": null,
            "app_launcher_visible": true,
            "aud": "1146900ff2e2a12d9fd2bffd5b977bbd1dd79f3a3b6738556372924385249b77",
            "auto_redirect_to_identity": null,
            "bg_color": null,
            "cors_headers": null,
            "custom_deny_message": null,
            "custom_deny_url": null,
            "custom_non_identity_deny_url": null,
            "custom_pages": null,
            "destinations": [
              {
                "cidr": null,
                "hostname": null,
                "l4_protocol": null,
                "mcp_server_id": null,
                "port_range": null,
                "type": "public",
                "uri": "rdp.jclee.me",
                "vnet_id": null
              }
            ],
            "domain": "rdp.jclee.me",
            "enable_binding_cookie": null,
            "footer_links": null,
            "header_bg_color": null,
            "http_only_cookie_attribute": true,
            "id": "1b6a9329-6c6a-48cf-95f4-f41b9edf7198",
            "landing_page_design": null,
            "logo_url": null,
            "name": "RDP",
            "options_preflight_bypass": null,
            "path_cookie_attribute": null,
            "policies": [
              {
                "connection_rules": null,
                "decision": "allow",
                "exclude": null,
                "id": null,
                "include": [
                  {
                    "any_valid_service_token": null,
                    "auth_context": null,
                    "auth_method": null,
                    "azure_ad": null,
                    "certificate": null,
                    "common_name": null,
                    "device_posture": null,
                    "email": {
                      "email": "qws941@kakao.com"
                    },
                    "email_domain": null,
                    "email_list": null,
                    "everyone": null,
                    "external_evaluation": null,
                    "geo": null,
                    "github_organization": null,
                    "group": null,
                    "gsuite": null,
                    "ip": null,
                    "ip_list": null,
                    "linked_app_token": null,
                    "login_method": null,
                    "oidc": null,
                    "okta": null,
                    "saml": null,
                    "service_token": null
                  }
                ],
                "name": "RDP Email Access",
                "precedence": 1,
                "require": null
              }
            ],
            "read_service_tokens_from_header": null,
            "saas_app": null,
            "same_site_cookie_attribute": null,
            "scim_config": null,
            "self_hosted_domains": [
              "rdp.jclee.me"
            ],
            "service_auth_401_redirect": null,
            "session_duration": "720h",
            "skip_app_launcher_login_page": null,
            "skip_interstitial": null,
            "tags": null,
            "target_criteria": null,
            "type": "self_hosted",
            "zone_id": "ed060daac18345f6900fc5a661dc94f9"
          },
          "sensitive_attributes": [
            [
              {
                "type": "get_attr",
                "value": "zone_id"
              }
            ]
          ],
          "identity_schema_version": 0,
          "dependencies": [
            "module.onepassword_secrets.data.onepassword_item.cloudflare",
            "module.onepassword_secrets.data.onepassword_item.n8n",
            "module.onepassword_secrets.data.onepassword_item.splunk",
            "module.onepassword_secrets.data.onepassword_item.supabase",
            "module.onepassword_secrets.data.onepassword_vault.this"
          ]
        },
        {
          "index_key": "synology-ssh",
          "schema_version": 1,
          "attributes": {
            "account_id": null,
            "allow_authenticate_via_warp": null,
            "allow_iframe": null,
            "allowed_idps": null,
            "app_launcher_logo_url": null,
            "app_launcher_visible": true,
            "aud": "8ef0aed0a9f759b3e2211dfc0384750c3e5eac1736b3f6d7f4b18c2c10c9d871",
            "auto_redirect_to_identity": null,
            "bg_color": null,
            "cors_headers": null,
            "custom_deny_message": null,
            "custom_deny_url": null,
            "custom_non_identity_deny_url": null,
            "custom_pages": null,
            "destinations": [
              {
                "cidr": null,
                "hostname": null,
                "l4_protocol": null,
                "mcp_server_id": null,
                "port_range": null,
                "type": "public",
                "uri": "synology-ssh.jclee.me",
                "vnet_id": null
              }
            ],
            "domain": "synology-ssh.jclee.me",
            "enable_binding_cookie": null,
            "footer_links": null,
            "header_bg_color": null,
            "http_only_cookie_attribute": true,
            "id": "b72d0d4b-57dc-48da-afe9-d477cee4c466",
            "landing_page_design": null,
            "logo_url": null,
            "name": "Synology SSH",
            "options_preflight_bypass": null,
            "path_cookie_attribute": null,
            "policies": [
              {
                "connection_rules": null,
                "decision": "allow",
                "exclude": null,
                "id": null,
                "include": [
                  {
                    "any_valid_service_token": null,
                    "auth_context": null,
                    "auth_method": null,
                    "azure_ad": null,
                    "certificate": null,
                    "common_name": null,
                    "device_posture": null,
                    "email": {
                      "email": "qws941@kakao.com"
                    },
                    "email_domain": null,
                    "email_list": null,
                    "everyone": null,
                    "external_evaluation": null,
                    "geo": null,
                    "github_organization": null,
                    "group": null,
                    "gsuite": null,
                    "ip": null,
                    "ip_list": null,
                    "linked_app_token": null,
                    "login_method": null,
                    "oidc": null,
                    "okta": null,
                    "saml": null,
                    "service_token": null
                  }
                ],
                "name": "Synology SSH Email Access",
                "precedence": 1,
                "require": null
              }
            ],
            "read_service_tokens_from_header": null,
            "saas_app": null,
            "same_site_cookie_attribute": null,
            "scim_config": null,
            "self_hosted_domains": [
              "synology-ssh.jclee.me"
            ],
            "service_auth_401_redirect": null,
            "session_duration": "720h",
            "skip_app_launcher_login_page": null,
            "skip_interstitial": null,
            "tags": null,
            "target_criteria": null,
            "type": "self_hosted",
            "zone_id": "ed060daac18345f6900fc5a661dc94f9"
          },
          "sensitive_attributes": [
            [
              {
                "type": "get_attr",
                "value": "zone_id"
              }
            ]
          ],
          "identity_schema_version": 0,
          "dependencies": [
            "module.onepassword_secrets.data.onepassword_item.cloudflare",
            "module.onepassword_secrets.data.onepassword_item.n8n",
            "module.onepassword_secrets.data.onepassword_item.splunk",
            "module.onepassword_secrets.data.onepassword_item.supabase",
            "module.onepassword_secrets.data.onepassword_vault.this"
          ]
        },
        {
          "index_key": "youtube-ssh",
          "schema_version": 1,
          "attributes": {
            "account_id": null,
            "allow_authenticate_via_warp": null,
            "allow_iframe": null,
            "allowed_idps": null,
            "app_launcher_logo_url": null,
            "app_launcher_visible": true,
            "aud": "c2b5dc2e697a3e21ec403786da1fb9903741fa95201cc62caaa5c2038dd8eb1d",
            "auto_redirect_to_identity": null,
            "bg_color": null,
            "cors_headers": null,
            "custom_deny_message": null,
            "custom_deny_url": null,
            "custom_non_identity_deny_url": null,
            "custom_pages": null,
            "destinations": [
              {
                "cidr": null,
                "hostname": null,
                "l4_protocol": null,
                "mcp_server_id": null,
                "port_range": null,
                "type": "public",
                "uri": "youtube-ssh.jclee.me",
                "vnet_id": null
              }
            ],
            "domain": "youtube-ssh.jclee.me",
            "enable_binding_cookie": null,
            "footer_links": null,
            "header_bg_color": null,
            "http_only_cookie_attribute": true,
            "id": "e801d67c-89eb-4f84-9cfa-7ae1c512032c",
            "landing_page_design": null,
            "logo_url": null,
            "name": "YouTube SSH",
            "options_preflight_bypass": null,
            "path_cookie_attribute": null,
            "policies": [
              {
                "connection_rules": null,
                "decision": "allow",
                "exclude": null,
                "id": null,
                "include": [
                  {
                    "any_valid_service_token": null,
                    "auth_context": null,
                    "auth_method": null,
                    "azure_ad": null,
                    "certificate": null,
                    "common_name": null,
                    "device_posture": null,
                    "email": {
                      "email": "qws941@kakao.com"
                    },
                    "email_domain": null,
                    "email_list": null,
                    "everyone": null,
                    "external_evaluation": null,
                    "geo": null,
                    "github_organization": null,
                    "group": null,
                    "gsuite": null,
                    "ip": null,
                    "ip_list": null,
                    "linked_app_token": null,
                    "login_method": null,
                    "oidc": null,
                    "okta": null,
                    "saml": null,
                    "service_token": null
                  }
                ],
                "name": "YouTube SSH Email Access",
                "precedence": 1,
                "require": null
              }
            ],
            "read_service_tokens_from_header": null,
            "saas_app": null,
            "same_site_cookie_attribute": null,
            "scim_config": null,
            "self_hosted_domains": [
              "youtube-ssh.jclee.me"
            ],
            "service_auth_401_redirect": null,
            "session_duration": "720h",
            "skip_app_launcher_login_page": null,
            "skip_interstitial": null,
            "tags": null,
            "target_criteria": null,
            "type": "self_hosted",
            "zone_id": "ed060daac18345f6900fc5a661dc94f9"
          },
          "sensitive_attributes": [
            [
              {
                "type": "get_attr",
                "value": "zone_id"
              }
            ]
          ],
          "identity_schema_version": 0,
          "dependencies": [
            "module.onepassword_secrets.data.onepassword_item.cloudflare",
            "module.onepassword_secrets.data.onepassword_item.n8n",
            "module.onepassword_secrets.data.onepassword_item.splunk",
            "module.onepassword_secrets.data.onepassword_item.supabase",
            "module.onepassword_secrets.data.onepassword_vault.this"
          ]
        }
      ]
    },
    {
      "mode": "managed",
      "type": "cloudflare_zero_trust_access_policy",
      "name": "synology_email",
      "provider": "provider[\"registry.terraform.io/cloudflare/cloudflare\"]",
      "instances": [
        {
          "schema_version": 1,
          "attributes": {
            "account_id": "a8d9c67f586acdd15eebcc65ca3aa5bb",
            "approval_groups": null,
            "approval_required": null,
            "decision": "allow",
            "exclude": null,
            "id": "7a53fc2b-c9c3-45bc-b453-4e8ae9269057",
            "include": [
              {
                "any_valid_service_token": null,
                "auth_context": null,
                "auth_method": null,
                "azure_ad": null,
                "certificate": null,
                "common_name": null,
                "device_posture": null,
                "email": {
                  "email": "qws941@kakao.com"
                },
                "email_domain": null,
                "email_list": null,
                "everyone": null,
                "external_evaluation": null,
                "geo": null,
                "github_organization": null,
                "group": null,
                "gsuite": null,
                "ip": null,
                "ip_list": null,
                "linked_app_token": null,
                "login_method": null,
                "oidc": null,
                "okta": null,
                "saml": null,
                "service_token": null
              }
            ],
            "isolation_required": null,
            "name": "Email Access",
            "purpose_justification_prompt": null,
            "purpose_justification_required": null,
            "require": null,
            "session_duration": "24h"
          },
          "sensitive_attributes": [
            [
              {
                "type": "get_attr",
                "value": "account_id"
              }
            ]
          ],
          "identity_schema_version": 0,
          "dependencies": [
            "module.onepassword_secrets.data.onepassword_item.cloudflare",
            "module.onepassword_secrets.data.onepassword_item.n8n",
            "module.onepassword_secrets.data.onepassword_item.splunk",
            "module.onepassword_secrets.data.onepassword_item.supabase",
            "module.onepassword_secrets.data.onepassword_vault.this"
          ]
        }
      ]
    },
    {
      "mode": "managed",
      "type": "cloudflare_zero_trust_access_service_token",
      "name": "logpush",
      "provider": "provider[\"registry.terraform.io/cloudflare/cloudflare\"]",
      "instances": [
        {
          "schema_version": 1,
          "attributes": {
            "account_id": "a8d9c67f586acdd15eebcc65ca3aa5bb",
            "client_id": "0ea6be5f3349c14587a594e9e7ec16b1.access",
            "client_secret": "cfead3b0b20ef8fc50415fba17d4c61a19724d3160451e20eee854cec81837ba",
            "client_secret_version": 1,
            "duration": "8760h",
            "expires_at": "2027-02-24T06:36:33Z",
            "id": "830c4b1f-0f30-4a8f-9eda-ab49bb6b250e",
            "name": "Logpush Worker Traces",
            "previous_client_secret_expires_at": null,
            "zone_id": null
          },
          "sensitive_attributes": [
            [
              {
                "type": "get_attr",
                "value": "account_id"
              }
            ],
            [
              {
                "type": "get_attr",
                "value": "client_secret"
              }
            ]
          ],
          "identity_schema_version": 0,
          "dependencies": [
            "module.onepassword_secrets.data.onepassword_item.cloudflare",
            "module.onepassword_secrets.data.onepassword_item.n8n",
            "module.onepassword_secrets.data.onepassword_item.splunk",
            "module.onepassword_secrets.data.onepassword_item.supabase",
            "module.onepassword_secrets.data.onepassword_vault.this"
          ]
        }
      ]
    },
    {
      "mode": "managed",
      "type": "cloudflare_zero_trust_tunnel_cloudflared",
      "name": "homelab",
      "provider": "provider[\"registry.terraform.io/cloudflare/cloudflare\"]",
      "instances": [
        {
          "schema_version": 1,
          "attributes": {
            "account_id": "a8d9c67f586acdd15eebcc65ca3aa5bb",
            "account_tag": "a8d9c67f586acdd15eebcc65ca3aa5bb",
            "config_src": "cloudflare",
            "connections": [
              {
                "client_id": "aee67317-2d7c-41ab-ae54-c03aa7c35f19",
                "client_version": "2026.2.0",
                "colo_name": "icn05",
                "id": "06f56e4f-070b-40bb-aec3-67c2d4351fa0",
                "is_pending_reconnect": false,
                "opened_at": "2026-02-24T12:16:51Z",
                "origin_ip": "221.153.20.249",
                "uuid": "06f56e4f-070b-40bb-aec3-67c2d4351fa0"
              },
              {
                "client_id": "aee67317-2d7c-41ab-ae54-c03aa7c35f19",
                "client_version": "2026.2.0",
                "colo_name": "icn06",
                "id": "5383410a-af1a-4a3c-8767-a41af2faab9f",
                "is_pending_reconnect": false,
                "opened_at": "2026-02-24T12:16:51Z",
                "origin_ip": "221.153.20.249",
                "uuid": "5383410a-af1a-4a3c-8767-a41af2faab9f"
              },
              {
                "client_id": "aee67317-2d7c-41ab-ae54-c03aa7c35f19",
                "client_version": "2026.2.0",
                "colo_name": "icn01",
                "id": "18ad3a41-632e-4112-bc7f-56b52e9ff9a7",
                "is_pending_reconnect": false,
                "opened_at": "2026-02-24T12:16:52Z",
                "origin_ip": "221.153.20.249",
                "uuid": "18ad3a41-632e-4112-bc7f-56b52e9ff9a7"
              },
              {
                "client_id": "aee67317-2d7c-41ab-ae54-c03aa7c35f19",
                "client_version": "2026.2.0",
                "colo_name": "icn06",
                "id": "bd5ecf82-14ea-4ea7-b95f-2ebe4c13b5cc",
                "is_pending_reconnect": false,
                "opened_at": "2026-02-24T12:16:53Z",
                "origin_ip": "221.153.20.249",
                "uuid": "bd5ecf82-14ea-4ea7-b95f-2ebe4c13b5cc"
              }
            ],
            "conns_active_at": "2026-02-24T12:16:51Z",
            "conns_inactive_at": null,
            "created_at": "2026-02-09T05:04:58Z",
            "deleted_at": null,
            "id": "36ba24d1-05f4-4141-9ed8-343e602b019d",
            "metadata": "{}",
            "name": "traefik",
            "remote_config": true,
            "status": "healthy",
            "tun_type": "cfd_tunnel",
            "tunnel_secret": null
          },
          "sensitive_attributes": [
            [
              {
                "type": "get_attr",
                "value": "account_id"
              }
            ],
            [
              {
                "type": "get_attr",
                "value": "tunnel_secret"
              }
            ]
          ],
          "identity_schema_version": 0,
          "dependencies": [
            "module.onepassword_secrets.data.onepassword_item.cloudflare",
            "module.onepassword_secrets.data.onepassword_item.n8n",
            "module.onepassword_secrets.data.onepassword_item.splunk",
            "module.onepassword_secrets.data.onepassword_item.supabase",
            "module.onepassword_secrets.data.onepassword_vault.this",
            "random_password.homelab_tunnel_secret"
          ]
        }
      ]
    },
    {
      "mode": "managed",
      "type": "cloudflare_zero_trust_tunnel_cloudflared",
      "name": "jclee",
      "provider": "provider[\"registry.terraform.io/cloudflare/cloudflare\"]",
      "instances": [
        {
          "schema_version": 1,
          "attributes": {
            "account_id": "a8d9c67f586acdd15eebcc65ca3aa5bb",
            "account_tag": "a8d9c67f586acdd15eebcc65ca3aa5bb",
            "config_src": "cloudflare",
            "connections": [
              {
                "client_id": "c20bb0ab-2d4a-484b-b3a7-95947d0559aa",
                "client_version": "2026.2.0",
                "colo_name": "icn01",
                "id": "31d07cc6-9680-4350-a171-756ac6b8146b",
                "is_pending_reconnect": false,
                "opened_at": "2026-02-24T05:12:24Z",
                "origin_ip": "221.153.20.249",
                "uuid": "31d07cc6-9680-4350-a171-756ac6b8146b"
              },
              {
                "client_id": "c20bb0ab-2d4a-484b-b3a7-95947d0559aa",
                "client_version": "2026.2.0",
                "colo_name": "icn06",
                "id": "894c2083-0e09-4ab1-a475-4ca118325386",
                "is_pending_reconnect": false,
                "opened_at": "2026-02-24T05:12:24Z",
                "origin_ip": "221.153.20.249",
                "uuid": "894c2083-0e09-4ab1-a475-4ca118325386"
              },
              {
                "client_id": "c20bb0ab-2d4a-484b-b3a7-95947d0559aa",
                "client_version": "2026.2.0",
                "colo_name": "icn05",
                "id": "d3236191-5386-428d-a137-c10b0e51be8c",
                "is_pending_reconnect": false,
                "opened_at": "2026-02-24T05:12:25Z",
                "origin_ip": "221.153.20.249",
                "uuid": "d3236191-5386-428d-a137-c10b0e51be8c"
              },
              {
                "client_id": "c20bb0ab-2d4a-484b-b3a7-95947d0559aa",
                "client_version": "2026.2.0",
                "colo_name": "icn06",
                "id": "2cc88a96-b324-403f-a274-3d9fc0f136b6",
                "is_pending_reconnect": false,
                "opened_at": "2026-02-24T05:12:26Z",
                "origin_ip": "221.153.20.249",
                "uuid": "2cc88a96-b324-403f-a274-3d9fc0f136b6"
              }
            ],
            "conns_active_at": "2026-02-24T05:12:24Z",
            "conns_inactive_at": null,
            "created_at": "2026-02-24T05:07:36Z",
            "deleted_at": null,
            "id": "8419f66e-255a-4535-88d3-515010c60ac8",
            "metadata": "{}",
            "name": "80-jclee",
            "remote_config": true,
            "status": "healthy",
            "tun_type": "cfd_tunnel",
            "tunnel_secret": null
          },
          "sensitive_attributes": [
            [
              {
                "type": "get_attr",
                "value": "account_id"
              }
            ],
            [
              {
                "type": "get_attr",
                "value": "tunnel_secret"
              }
            ]
          ],
          "identity_schema_version": 0,
          "dependencies": [
            "module.onepassword_secrets.data.onepassword_item.cloudflare",
            "module.onepassword_secrets.data.onepassword_item.n8n",
            "module.onepassword_secrets.data.onepassword_item.splunk",
            "module.onepassword_secrets.data.onepassword_item.supabase",
            "module.onepassword_secrets.data.onepassword_vault.this",
            "random_password.jclee_tunnel_secret"
          ]
        }
      ]
    },
    {
      "mode": "managed",
      "type": "cloudflare_zero_trust_tunnel_cloudflared",
      "name": "synology",
      "provider": "provider[\"registry.terraform.io/cloudflare/cloudflare\"]",
      "instances": [
        {
          "schema_version": 1,
          "attributes": {
            "account_id": "a8d9c67f586acdd15eebcc65ca3aa5bb",
            "account_tag": "a8d9c67f586acdd15eebcc65ca3aa5bb",
            "config_src": "cloudflare",
            "connections": [
              {
                "client_id": "42d5efc5-2749-4730-a222-eaf47e887cfa",
                "client_version": "2026.2.0",
                "colo_name": "icn05",
                "id": "d9752b41-2a44-46dd-9419-8704c2a35af1",
                "is_pending_reconnect": false,
                "opened_at": "2026-02-20T06:01:50Z",
                "origin_ip": "221.153.20.249",
                "uuid": "d9752b41-2a44-46dd-9419-8704c2a35af1"
              },
              {
                "client_id": "42d5efc5-2749-4730-a222-eaf47e887cfa",
                "client_version": "2026.2.0",
                "colo_name": "icn06",
                "id": "95d2e82a-f883-4d49-b187-62c2c3ac69d3",
                "is_pending_reconnect": false,
                "opened_at": "2026-02-20T06:01:50Z",
                "origin_ip": "221.153.20.249",
                "uuid": "95d2e82a-f883-4d49-b187-62c2c3ac69d3"
              },
              {
                "client_id": "42d5efc5-2749-4730-a222-eaf47e887cfa",
                "client_version": "2026.2.0",
                "colo_name": "icn05",
                "id": "1efb52f0-0c5b-45b3-a432-313b2052b750",
                "is_pending_reconnect": false,
                "opened_at": "2026-02-20T06:01:51Z",
                "origin_ip": "221.153.20.249",
                "uuid": "1efb52f0-0c5b-45b3-a432-313b2052b750"
              },
              {
                "client_id": "42d5efc5-2749-4730-a222-eaf47e887cfa",
                "client_version": "2026.2.0",
                "colo_name": "icn06",
                "id": "a74a24c0-2ae2-40f2-9e80-1f847104084e",
                "is_pending_reconnect": false,
                "opened_at": "2026-02-21T22:42:50Z",
                "origin_ip": "221.153.20.249",
                "uuid": "a74a24c0-2ae2-40f2-9e80-1f847104084e"
              }
            ],
            "conns_active_at": "2026-02-20T06:01:50Z",
            "conns_inactive_at": null,
            "created_at": "2026-02-20T05:59:55Z",
            "deleted_at": null,
            "id": "7eb03d76-b007-4d0a-80de-747b3943ef82",
            "metadata": "{}",
            "name": "215-synology",
            "remote_config": true,
            "status": "healthy",
            "tun_type": "cfd_tunnel",
            "tunnel_secret": null
          },
          "sensitive_attributes": [
            [
              {
                "type": "get_attr",
                "value": "account_id"
              }
            ],
            [
              {
                "type": "get_attr",
                "value": "tunnel_secret"
              }
            ]
          ],
          "identity_schema_version": 0,
          "dependencies": [
            "module.onepassword_secrets.data.onepassword_item.cloudflare",
            "module.onepassword_secrets.data.onepassword_item.n8n",
            "module.onepassword_secrets.data.onepassword_item.splunk",
            "module.onepassword_secrets.data.onepassword_item.supabase",
            "module.onepassword_secrets.data.onepassword_vault.this",
            "random_password.tunnel_secret"
          ]
        }
      ]
    },
    {
      "mode": "managed",
      "type": "cloudflare_zero_trust_tunnel_cloudflared_config",
      "name": "homelab",
      "provider": "provider[\"registry.terraform.io/cloudflare/cloudflare\"]",
      "instances": [
        {
          "schema_version": 1,
          "attributes": {
            "account_id": "a8d9c67f586acdd15eebcc65ca3aa5bb",
            "config": {
              "ingress": [
                {
                  "hostname": "archon.jclee.me",
                  "origin_request": null,
                  "path": null,
                  "service": "http://localhost:80"
                },
                {
                  "hostname": "elk.jclee.me",
                  "origin_request": null,
                  "path": null,
                  "service": "http://localhost:80"
                },
                {
                  "hostname": "es.jclee.me",
                  "origin_request": null,
                  "path": null,
                  "service": "http://localhost:80"
                },
                {
                  "hostname": "glitchtip.jclee.me",
                  "origin_request": null,
                  "path": null,
                  "service": "http://localhost:80"
                },
                {
                  "hostname": "grafana.jclee.me",
                  "origin_request": null,
                  "path": null,
                  "service": "http://localhost:80"
                },
                {
                  "hostname": "kibana.jclee.me",
                  "origin_request": null,
                  "path": null,
                  "service": "http://localhost:80"
                },
                {
                  "hostname": "mcphub.jclee.me",
                  "origin_request": null,
                  "path": null,
                  "service": "http://localhost:80"
                },
                {
                  "hostname": "n8n.jclee.me",
                  "origin_request": null,
                  "path": null,
                  "service": "http://localhost:80"
                },
                {
                  "hostname": "nas.jclee.me",
                  "origin_request": null,
                  "path": null,
                  "service": "http://localhost:80"
                },
                {
                  "hostname": "opencode.jclee.me",
                  "origin_request": null,
                  "path": null,
                  "service": "http://localhost:80"
                },
                {
                  "hostname": "supabase.jclee.me",
                  "origin_request": null,
                  "path": null,
                  "service": "http://localhost:80"
                },
                {
                  "hostname": "jclee-ssh.jclee.me",
                  "origin_request": null,
                  "path": null,
                  "service": "tcp://192.168.50.80:22"
                },
                {
                  "hostname": "oc-rdp.jclee.me",
                  "origin_request": null,
                  "path": null,
                  "service": "tcp://192.168.50.200:3389"
                },
                {
                  "hostname": "oc-ssh.jclee.me",
                  "origin_request": null,
                  "path": null,
                  "service": "tcp://192.168.50.200:22"
                },
                {
                  "hostname": "rdp.jclee.me",
                  "origin_request": null,
                  "path": null,
                  "service": "tcp://192.168.50.80:3389"
                },
                {
                  "hostname": "synology-ssh.jclee.me",
                  "origin_request": null,
                  "path": null,
                  "service": "tcp://192.168.50.215:22"
                },
                {
                  "hostname": "youtube-ssh.jclee.me",
                  "origin_request": null,
                  "path": null,
                  "service": "tcp://192.168.50.220:22"
                },
                {
                  "hostname": "logstash-ingest.jclee.me",
                  "origin_request": null,
                  "path": null,
                  "service": "http://192.168.50.105:8080"
                },
                {
                  "hostname": null,
                  "origin_request": null,
                  "path": null,
                  "service": "http_status:404"
                }
              ],
              "origin_request": null
            },
            "created_at": "2026-02-24T18:17:54Z",
            "id": "36ba24d1-05f4-4141-9ed8-343e602b019d",
            "source": "cloudflare",
            "tunnel_id": "36ba24d1-05f4-4141-9ed8-343e602b019d",
            "version": 10
          },
          "sensitive_attributes": [
            [
              {
                "type": "get_attr",
                "value": "account_id"
              }
            ]
          ],
          "identity_schema_version": 0,
          "dependencies": [
            "cloudflare_zero_trust_tunnel_cloudflared.homelab",
            "module.onepassword_secrets.data.onepassword_item.cloudflare",
            "module.onepassword_secrets.data.onepassword_item.n8n",
            "module.onepassword_secrets.data.onepassword_item.splunk",
            "module.onepassword_secrets.data.onepassword_item.supabase",
            "module.onepassword_secrets.data.onepassword_vault.this",
            "random_password.homelab_tunnel_secret"
          ]
        }
      ]
    },
    {
      "mode": "managed",
      "type": "cloudflare_zero_trust_tunnel_cloudflared_config",
      "name": "synology",
      "provider": "provider[\"registry.terraform.io/cloudflare/cloudflare\"]",
      "instances": [
        {
          "schema_version": 1,
          "attributes": {
            "account_id": "a8d9c67f586acdd15eebcc65ca3aa5bb",
            "config": {
              "ingress": [
                {
                  "hostname": "nas.jclee.me",
                  "origin_request": {
                    "access": null,
                    "ca_pool": null,
                    "connect_timeout": null,
                    "disable_chunked_encoding": null,
                    "http2_origin": null,
                    "http_host_header": null,
                    "keep_alive_connections": null,
                    "keep_alive_timeout": null,
                    "match_sn_ito_host": null,
                    "no_happy_eyeballs": null,
                    "no_tls_verify": true,
                    "origin_server_name": null,
                    "proxy_type": null,
                    "tcp_keep_alive": null,
                    "tls_timeout": null
                  },
                  "path": null,
                  "service": "https://192.168.50.215:5001"
                },
                {
                  "hostname": null,
                  "origin_request": null,
                  "path": null,
                  "service": "http_status:404"
                }
              ],
              "origin_request": null
            },
            "created_at": "2026-02-23T04:54:37Z",
            "id": "7eb03d76-b007-4d0a-80de-747b3943ef82",
            "source": "cloudflare",
            "tunnel_id": "7eb03d76-b007-4d0a-80de-747b3943ef82",
            "version": 1
          },
          "sensitive_attributes": [
            [
              {
                "type": "get_attr",
                "value": "account_id"
              }
            ]
          ],
          "identity_schema_version": 0,
          "dependencies": [
            "cloudflare_zero_trust_tunnel_cloudflared.synology",
            "module.onepassword_secrets.data.onepassword_item.cloudflare",
            "module.onepassword_secrets.data.onepassword_item.n8n",
            "module.onepassword_secrets.data.onepassword_item.splunk",
            "module.onepassword_secrets.data.onepassword_item.supabase",
            "module.onepassword_secrets.data.onepassword_vault.this",
            "random_password.tunnel_secret"
          ]
        }
      ]
    },
    {
      "mode": "managed",
      "type": "random_password",
      "name": "homelab_tunnel_secret",
      "provider": "provider[\"registry.terraform.io/hashicorp/random\"]",
      "instances": [
        {
          "schema_version": 3,
          "attributes": {
            "bcrypt_hash": "$2a$10$QAtBX0EoiK4KCweGktOBveDwDwnjtLNexK/l58DWl48E5jRnm7RbC",
            "id": "none",
            "keepers": null,
            "length": 64,
            "lower": true,
            "min_lower": 0,
            "min_numeric": 0,
            "min_special": 0,
            "min_upper": 0,
            "number": true,
            "numeric": true,
            "override_special": null,
            "result": "VyuwLaEs{LI3A97R)ViJlKYkE3!fylVWgG&*n=QwZ?jT@JV>2!sXynYg$U6U?B74",
            "special": true,
            "upper": true
          },
          "sensitive_attributes": [
            [
              {
                "type": "get_attr",
                "value": "bcrypt_hash"
              }
            ],
            [
              {
                "type": "get_attr",
                "value": "result"
              }
            ]
          ],
          "identity_schema_version": 0
        }
      ]
    },
    {
      "mode": "managed",
      "type": "random_password",
      "name": "jclee_tunnel_secret",
      "provider": "provider[\"registry.terraform.io/hashicorp/random\"]",
      "instances": [
        {
          "schema_version": 3,
          "attributes": {
            "bcrypt_hash": "$2a$10$IgFgRQyLDw2hBD0apogpo.jMYsTmJ3c9vtXNpVCvLr.s1Wt5G7rLW",
            "id": "none",
            "keepers": null,
            "length": 64,
            "lower": true,
            "min_lower": 0,
            "min_numeric": 0,
            "min_special": 0,
            "min_upper": 0,
            "number": true,
            "numeric": true,
            "override_special": null,
            "result": "ISz@:mUzPtX0]kwkeH4e)Ve-PsB2}1M_6lzrd9i9HW9[<#8)t?BFWb5<-MvU7*#X",
            "special": true,
            "upper": true
          },
          "sensitive_attributes": [
            [
              {
                "type": "get_attr",
                "value": "bcrypt_hash"
              }
            ],
            [
              {
                "type": "get_attr",
                "value": "result"
              }
            ]
          ],
          "identity_schema_version": 0
        }
      ]
    },
    {
      "mode": "managed",
      "type": "random_password",
      "name": "tunnel_secret",
      "provider": "provider[\"registry.terraform.io/hashicorp/random\"]",
      "instances": [
        {
          "schema_version": 3,
          "attributes": {
            "bcrypt_hash": "$2a$10$jXxbnWP8dBSEM/fTd.TgLe4V./3IB4sfwA1OleNK2TmRqVqU/jj0e",
            "id": "none",
            "keepers": null,
            "length": 64,
            "lower": true,
            "min_lower": 0,
            "min_numeric": 0,
            "min_special": 0,
            "min_upper": 0,
            "number": true,
            "numeric": true,
            "override_special": null,
            "result": "zc!_u{LutyG7PfOXC1}<3o<*7KI_gAz-XhwaI}J7*&4Xn5sg0:Fof:72WhiQFwfl",
            "special": true,
            "upper": true
          },
          "sensitive_attributes": [
            [
              {
                "type": "get_attr",
                "value": "bcrypt_hash"
              }
            ],
            [
              {
                "type": "get_attr",
                "value": "result"
              }
            ]
          ],
          "identity_schema_version": 0
        }
      ]
    },
    {
      "mode": "managed",
      "type": "terraform_data",
      "name": "cf_secrets_store",
      "provider": "provider[\"terraform.io/builtin/terraform\"]",
      "instances": [
        {
          "schema_version": 0,
          "attributes": {
            "id": "13b9eb36-c4d9-5ef8-7bf1-7f6884ca2f79",
            "input": {
              "value": {
                "account_id": "a8d9c67f586acdd15eebcc65ca3aa5bb",
                "secrets": [
                  "CF_INGEST_API_KEY"
                ],
                "store_id": "88dc5de305594f08aeb9bc04dad2f8cf"
              },
              "type": [
                "object",
                {
                  "account_id": "string",
                  "secrets": [
                    "list",
                    "string"
                  ],
                  "store_id": "string"
                }
              ]
            },
            "output": {
              "value": {
                "account_id": "a8d9c67f586acdd15eebcc65ca3aa5bb",
                "secrets": [
                  "CF_INGEST_API_KEY"
                ],
                "store_id": "88dc5de305594f08aeb9bc04dad2f8cf"
              },
              "type": [
                "object",
                {
                  "account_id": "string",
                  "secrets": [
                    "list",
                    "string"
                  ],
                  "store_id": "string"
                }
              ]
            },
            "triggers_replace": null
          },
          "sensitive_attributes": [
            [
              {
                "type": "get_attr",
                "value": "input"
              },
              {
                "type": "get_attr",
                "value": "account_id"
              }
            ]
          ],
          "identity_schema_version": 0,
          "dependencies": [
            "module.onepassword_secrets.data.onepassword_item.cloudflare",
            "module.onepassword_secrets.data.onepassword_item.n8n",
            "module.onepassword_secrets.data.onepassword_item.splunk",
            "module.onepassword_secrets.data.onepassword_item.supabase",
            "module.onepassword_secrets.data.onepassword_vault.this"
          ]
        }
      ]
    },
    {
      "mode": "managed",
      "type": "terraform_data",
      "name": "validate_credentials",
      "provider": "provider[\"terraform.io/builtin/terraform\"]",
      "instances": [
        {
          "schema_version": 0,
          "attributes": {
            "id": "6d7ef663-0d5f-0543-3877-15c226f0a98f",
            "input": null,
            "output": null,
            "triggers_replace": null
          },
          "sensitive_attributes": [],
          "identity_schema_version": 0,
          "dependencies": [
            "module.onepassword_secrets.data.onepassword_item.cloudflare",
            "module.onepassword_secrets.data.onepassword_item.n8n",
            "module.onepassword_secrets.data.onepassword_item.splunk",
            "module.onepassword_secrets.data.onepassword_item.supabase",
            "module.onepassword_secrets.data.onepassword_vault.this"
          ]
        }
      ]
    },
    {
      "module": "module.onepassword_secrets",
      "mode": "data",
      "type": "onepassword_item",
      "name": "archon",
      "provider": "provider[\"registry.terraform.io/1password/onepassword\"]",
      "instances": [
        {
          "schema_version": 0,
          "attributes": {
            "category": "password",
            "credential": null,
            "database": null,
            "file": [],
            "filename": null,
            "hostname": null,
            "id": "vaults/glsrlcf5lapzbba6zk6sppkgnq/items/jgp7tcj64l6txk7tl2v6r7vz5q",
            "note_value": "",
            "password": "",
            "port": null,
            "private_key": null,
            "private_key_openssh": null,
            "public_key": null,
            "section": [
              {
                "field": [
                  {
                    "id": "pocoa2pqbl52tfqfu3bko4kwja",
                    "label": "bootstrap",
                    "type": "CONCEALED",
                    "value": "bootstrap"
                  },
                  {
                    "id": "ivia24yysnr6nt6vhzpsi34p24",
                    "label": "anthropic_api_key",
                    "type": "CONCEALED",
                    "value": "placeholder"
                  },
                  {
                    "id": "4axrcifyc42rx265jx22vb2iam",
                    "label": "openai_api_key",
                    "type": "CONCEALED",
                    "value": "placeholder"
                  }
                ],
                "file": [],
                "id": "Section_emj7imtbhvglqpz5pe6vtt4xnq",
                "label": "secrets"
              }
            ],
            "section_map": {
              "secrets": {
                "field_map": {
                  "anthropic_api_key": {
                    "id": "ivia24yysnr6nt6vhzpsi34p24",
                    "type": "CONCEALED",
                    "value": "placeholder"
                  },
                  "bootstrap": {
                    "id": "pocoa2pqbl52tfqfu3bko4kwja",
                    "type": "CONCEALED",
                    "value": "bootstrap"
                  },
                  "openai_api_key": {
                    "id": "4axrcifyc42rx265jx22vb2iam",
                    "type": "CONCEALED",
                    "value": "placeholder"
                  }
                },
                "file_map": {},
                "id": "Section_emj7imtbhvglqpz5pe6vtt4xnq"
              }
            },
            "tags": null,
            "title": "archon",
            "type": null,
            "url": null,
            "username": null,
            "uuid": "jgp7tcj64l6txk7tl2v6r7vz5q",
            "valid_from": null,
            "vault": "glsrlcf5lapzbba6zk6sppkgnq"
          },
          "sensitive_attributes": [
            [
              {
                "type": "get_attr",
                "value": "credential"
              }
            ],
            [
              {
                "type": "get_attr",
                "value": "note_value"
              }
            ],
            [
              {
                "type": "get_attr",
                "value": "password"
              }
            ],
            [
              {
                "type": "get_attr",
                "value": "private_key"
              }
            ],
            [
              {
                "type": "get_attr",
                "value": "private_key_openssh"
              }
            ],
            [
              {
                "type": "get_attr",
                "value": "section"
              },
              {
                "type": "index",
                "value": {
                  "value": 0,
                  "type": "number"
                }
              },
              {
                "type": "get_attr",
                "value": "field"
              },
              {
                "type": "index",
                "value": {
                  "value": 0,
                  "type": "number"
                }
              },
              {
                "type": "get_attr",
                "value": "value"
              }
            ],
            [
              {
                "type": "get_attr",
                "value": "section"
              },
              {
                "type": "index",
                "value": {
                  "value": 0,
                  "type": "number"
                }
              },
              {
                "type": "get_attr",
                "value": "field"
              },
              {
                "type": "index",
                "value": {
                  "value": 1,
                  "type": "number"
                }
              },
              {
                "type": "get_attr",
                "value": "value"
              }
            ],
            [
              {
                "type": "get_attr",
                "value": "section"
              },
              {
                "type": "index",
                "value": {
                  "value": 0,
                  "type": "number"
                }
              },
              {
                "type": "get_attr",
                "value": "field"
              },
              {
                "type": "index",
                "value": {
                  "value": 2,
                  "type": "number"
                }
              },
              {
                "type": "get_attr",
                "value": "value"
              }
            ],
            [
              {
                "type": "get_attr",
                "value": "section_map"
              },
              {
                "type": "index",
                "value": {
                  "value": "secrets",
                  "type": "string"
                }
              },
              {
                "type": "get_attr",
                "value": "field_map"
              },
              {
                "type": "index",
                "value": {
                  "value": "anthropic_api_key",
                  "type": "string"
                }
              },
              {
                "type": "get_attr",
                "value": "value"
              }
            ],
            [
              {
                "type": "get_attr",
                "value": "section_map"
              },
              {
                "type": "index",
                "value": {
                  "value": "secrets",
                  "type": "string"
                }
              },
              {
                "type": "get_attr",
                "value": "field_map"
              },
              {
                "type": "index",
                "value": {
                  "value": "bootstrap",
                  "type": "string"
                }
              },
              {
                "type": "get_attr",
                "value": "value"
              }
            ],
            [
              {
                "type": "get_attr",
                "value": "section_map"
              },
              {
                "type": "index",
                "value": {
                  "value": "secrets",
                  "type": "string"
                }
              },
              {
                "type": "get_attr",
                "value": "field_map"
              },
              {
                "type": "index",
                "value": {
                  "value": "openai_api_key",
                  "type": "string"
                }
              },
              {
                "type": "get_attr",
                "value": "value"
              }
            ]
          ],
          "identity_schema_version": 0
        }
      ]
    },
    {
      "module": "module.onepassword_secrets",
      "mode": "data",
      "type": "onepassword_item",
      "name": "cloudflare",
      "provider": "provider[\"registry.terraform.io/1password/onepassword\"]",
      "instances": [
        {
          "schema_version": 0,
          "attributes": {
            "category": "password",
            "credential": null,
            "database": null,
            "file": [],
            "filename": null,
            "hostname": null,
            "id": "vaults/glsrlcf5lapzbba6zk6sppkgnq/items/xy7yd33hn63kklacjmutgviysu",
            "note_value": "",
            "password": "8c5a660dfff03201090979aed72f097f8dc96",
            "port": null,
            "private_key": null,
            "private_key_openssh": null,
            "public_key": null,
            "section": [
              {
                "field": [
                  {
                    "id": "zmxgxhulypz563pf5p4smhmtae",
                    "label": "bootstrap",
                    "type": "CONCEALED",
                    "value": "bootstrap"
                  },
                  {
                    "id": "v7vnwdkqqq43bgjpe4ozyercca",
                    "label": "api_key",
                    "type": "CONCEALED",
                    "value": "AMSoMCU6co1jb3rS55lRylcZSgfbBzAHEH-fwym2"
                  },
                  {
                    "id": "hrrkg3rpmbkpn2nygula3uxgtm",
                    "label": "email",
                    "type": "CONCEALED",
                    "value": "qws941@kakao.com"
                  },
                  {
                    "id": "mhhs6wwtsso5bsb7j53l3a2uhu",
                    "label": "account_id",
                    "type": "CONCEALED",
                    "value": "a8d9c67f586acdd15eebcc65ca3aa5bb"
                  },
                  {
                    "id": "jccclhjimlia4rn7irkgpa6ncm",
                    "label": "zone_id",
                    "type": "CONCEALED",
                    "value": "ed060daac18345f6900fc5a661dc94f9"
                  }
                ],
                "file": [],
                "id": "Section_bxczehcnpfuosohnfzazep4mni",
                "label": "secrets"
              }
            ],
            "section_map": {
              "secrets": {
                "field_map": {
                  "account_id": {
                    "id": "mhhs6wwtsso5bsb7j53l3a2uhu",
                    "type": "CONCEALED",
                    "value": "a8d9c67f586acdd15eebcc65ca3aa5bb"
                  },
                  "api_key": {
                    "id": "v7vnwdkqqq43bgjpe4ozyercca",
                    "type": "CONCEALED",
                    "value": "AMSoMCU6co1jb3rS55lRylcZSgfbBzAHEH-fwym2"
                  },
                  "bootstrap": {
                    "id": "zmxgxhulypz563pf5p4smhmtae",
                    "type": "CONCEALED",
                    "value": "bootstrap"
                  },
                  "email": {
                    "id": "hrrkg3rpmbkpn2nygula3uxgtm",
                    "type": "CONCEALED",
                    "value": "qws941@kakao.com"
                  },
                  "zone_id": {
                    "id": "jccclhjimlia4rn7irkgpa6ncm",
                    "type": "CONCEALED",
                    "value": "ed060daac18345f6900fc5a661dc94f9"
                  }
                },
                "file_map": {},
                "id": "Section_bxczehcnpfuosohnfzazep4mni"
              }
            },
            "tags": null,
            "title": "cloudflare",
            "type": null,
            "url": null,
            "username": null,
            "uuid": "xy7yd33hn63kklacjmutgviysu",
            "valid_from": null,
            "vault": "glsrlcf5lapzbba6zk6sppkgnq"
          },
          "sensitive_attributes": [
            [
              {
                "type": "get_attr",
                "value": "credential"
              }
            ],
            [
              {
                "type": "get_attr",
                "value": "note_value"
              }
            ],
            [
              {
                "type": "get_attr",
                "value": "password"
              }
            ],
            [
              {
                "type": "get_attr",
                "value": "private_key"
              }
            ],
            [
              {
                "type": "get_attr",
                "value": "private_key_openssh"
              }
            ],
            [
              {
                "type": "get_attr",
                "value": "section"
              },
              {
                "type": "index",
                "value": {
                  "value": 0,
                  "type": "number"
                }
              },
              {
                "type": "get_attr",
                "value": "field"
              },
              {
                "type": "index",
                "value": {
                  "value": 0,
                  "type": "number"
                }
              },
              {
                "type": "get_attr",
                "value": "value"
              }
            ],
            [
              {
                "type": "get_attr",
                "value": "section"
              },
              {
                "type": "index",
                "value": {
                  "value": 0,
                  "type": "number"
                }
              },
              {
                "type": "get_attr",
                "value": "field"
              },
              {
                "type": "index",
                "value": {
                  "value": 1,
                  "type": "number"
                }
              },
              {
                "type": "get_attr",
                "value": "value"
              }
            ],
            [
              {
                "type": "get_attr",
                "value": "section"
              },
              {
                "type": "index",
                "value": {
                  "value": 0,
                  "type": "number"
                }
              },
              {
                "type": "get_attr",
                "value": "field"
              },
              {
                "type": "index",
                "value": {
                  "value": 2,
                  "type": "number"
                }
              },
              {
                "type": "get_attr",
                "value": "value"
              }
            ],
            [
              {
                "type": "get_attr",
                "value": "section"
              },
              {
                "type": "index",
                "value": {
                  "value": 0,
                  "type": "number"
                }
              },
              {
                "type": "get_attr",
                "value": "field"
              },
              {
                "type": "index",
                "value": {
                  "value": 3,
                  "type": "number"
                }
              },
              {
                "type": "get_attr",
                "value": "value"
              }
            ],
            [
              {
                "type": "get_attr",
                "value": "section"
              },
              {
                "type": "index",
                "value": {
                  "value": 0,
                  "type": "number"
                }
              },
              {
                "type": "get_attr",
                "value": "field"
              },
              {
                "type": "index",
                "value": {
                  "value": 4,
                  "type": "number"
                }
              },
              {
                "type": "get_attr",
                "value": "value"
              }
            ],
            [
              {
                "type": "get_attr",
                "value": "section_map"
              },
              {
                "type": "index",
                "value": {
                  "value": "secrets",
                  "type": "string"
                }
              },
              {
                "type": "get_attr",
                "value": "field_map"
              },
              {
                "type": "index",
                "value": {
                  "value": "account_id",
                  "type": "string"
                }
              },
              {
                "type": "get_attr",
                "value": "value"
              }
            ],
            [
              {
                "type": "get_attr",
                "value": "section_map"
              },
              {
                "type": "index",
                "value": {
                  "value": "secrets",
                  "type": "string"
                }
              },
              {
                "type": "get_attr",
                "value": "field_map"
              },
              {
                "type": "index",
                "value": {
                  "value": "api_key",
                  "type": "string"
                }
              },
              {
                "type": "get_attr",
                "value": "value"
              }
            ],
            [
              {
                "type": "get_attr",
                "value": "section_map"
              },
              {
                "type": "index",
                "value": {
                  "value": "secrets",
                  "type": "string"
                }
              },
              {
                "type": "get_attr",
                "value": "field_map"
              },
              {
                "type": "index",
                "value": {
                  "value": "bootstrap",
                  "type": "string"
                }
              },
              {
                "type": "get_attr",
                "value": "value"
              }
            ],
            [
              {
                "type": "get_attr",
                "value": "section_map"
              },
              {
                "type": "index",
                "value": {
                  "value": "secrets",
                  "type": "string"
                }
              },
              {
                "type": "get_attr",
                "value": "field_map"
              },
              {
                "type": "index",
                "value": {
                  "value": "email",
                  "type": "string"
                }
              },
              {
                "type": "get_attr",
                "value": "value"
              }
            ],
            [
              {
                "type": "get_attr",
                "value": "section_map"
              },
              {
                "type": "index",
                "value": {
                  "value": "secrets",
                  "type": "string"
                }
              },
              {
                "type": "get_attr",
                "value": "field_map"
              },
              {
                "type": "index",
                "value": {
                  "value": "zone_id",
                  "type": "string"
                }
              },
              {
                "type": "get_attr",
                "value": "value"
              }
            ]
          ],
          "identity_schema_version": 0
        }
      ]
    },
    {
      "module": "module.onepassword_secrets",
      "mode": "data",
      "type": "onepassword_item",
      "name": "elk",
      "provider": "provider[\"registry.terraform.io/1password/onepassword\"]",
      "instances": [
        {
          "schema_version": 0,
          "attributes": {
            "category": "password",
            "credential": null,
            "database": null,
            "file": [],
            "filename": null,
            "hostname": null,
            "id": "vaults/glsrlcf5lapzbba6zk6sppkgnq/items/3tv4bbwgsqbwaccvt435if2fci",
            "note_value": "",
            "password": "",
            "port": null,
            "private_key": null,
            "private_key_openssh": null,
            "public_key": null,
            "section": [
              {
                "field": [
                  {
                    "id": "mjr3uc2bidvmq7vkarffldhpcm",
                    "label": "bootstrap",
                    "type": "CONCEALED",
                    "value": "bootstrap"
                  },
                  {
                    "id": "a4nrh5aqap25d7mdjroehrufoy",
                    "label": "elastic_password",
                    "type": "CONCEALED",
                    "value": "I93bmZ/uT3haNpdL9GJ+neTf"
                  },
                  {
                    "id": "owwjezkhq77qy4pcy76dhndbim",
                    "label": "kibana_password",
                    "type": "CONCEALED",
                    "value": "bp8xTk6gkq/bqQ6QqssXTJRa"
                  }
                ],
                "file": [],
                "id": "Section_i36jlm2gabdy7xymj3ewowzcie",
                "label": "secrets"
              }
            ],
            "section_map": {
              "secrets": {
                "field_map": {
                  "bootstrap": {
                    "id": "mjr3uc2bidvmq7vkarffldhpcm",
                    "type": "CONCEALED",
                    "value": "bootstrap"
                  },
                  "elastic_password": {
                    "id": "a4nrh5aqap25d7mdjroehrufoy",
                    "type": "CONCEALED",
                    "value": "I93bmZ/uT3haNpdL9GJ+neTf"
                  },
                  "kibana_password": {
                    "id": "owwjezkhq77qy4pcy76dhndbim",
                    "type": "CONCEALED",
                    "value": "bp8xTk6gkq/bqQ6QqssXTJRa"
                  }
                },
                "file_map": {},
                "id": "Section_i36jlm2gabdy7xymj3ewowzcie"
              }
            },
            "tags": null,
            "title": "elk",
            "type": null,
            "url": null,
            "username": null,
            "uuid": "3tv4bbwgsqbwaccvt435if2fci",
            "valid_from": null,
            "vault": "glsrlcf5lapzbba6zk6sppkgnq"
          },
          "sensitive_attributes": [
            [
              {
                "type": "get_attr",
                "value": "credential"
              }
            ],
            [
              {
                "type": "get_attr",
                "value": "note_value"
              }
            ],
            [
              {
                "type": "get_attr",
                "value": "password"
              }
            ],
            [
              {
                "type": "get_attr",
                "value": "private_key"
              }
            ],
            [
              {
                "type": "get_attr",
                "value": "private_key_openssh"
              }
            ],
            [
              {
                "type": "get_attr",
                "value": "section"
              },
              {
                "type": "index",
                "value": {
                  "value": 0,
                  "type": "number"
                }
              },
              {
                "type": "get_attr",
                "value": "field"
              },
              {
                "type": "index",
                "value": {
                  "value": 0,
                  "type": "number"
                }
              },
              {
                "type": "get_attr",
                "value": "value"
              }
            ],
            [
              {
                "type": "get_attr",
                "value": "section"
              },
              {
                "type": "index",
                "value": {
                  "value": 0,
                  "type": "number"
                }
              },
              {
                "type": "get_attr",
                "value": "field"
              },
              {
                "type": "index",
                "value": {
                  "value": 1,
                  "type": "number"
                }
              },
              {
                "type": "get_attr",
                "value": "value"
              }
            ],
            [
              {
                "type": "get_attr",
                "value": "section"
              },
              {
                "type": "index",
                "value": {
                  "value": 0,
                  "type": "number"
                }
              },
              {
                "type": "get_attr",
                "value": "field"
              },
              {
                "type": "index",
                "value": {
                  "value": 2,
                  "type": "number"
                }
              },
              {
                "type": "get_attr",
                "value": "value"
              }
            ],
            [
              {
                "type": "get_attr",
                "value": "section_map"
              },
              {
                "type": "index",
                "value": {
                  "value": "secrets",
                  "type": "string"
                }
              },
              {
                "type": "get_attr",
                "value": "field_map"
              },
              {
                "type": "index",
                "value": {
                  "value": "bootstrap",
                  "type": "string"
                }
              },
              {
                "type": "get_attr",
                "value": "value"
              }
            ],
            [
              {
                "type": "get_attr",
                "value": "section_map"
              },
              {
                "type": "index",
                "value": {
                  "value": "secrets",
                  "type": "string"
                }
              },
              {
                "type": "get_attr",
                "value": "field_map"
              },
              {
                "type": "index",
                "value": {
                  "value": "elastic_password",
                  "type": "string"
                }
              },
              {
                "type": "get_attr",
                "value": "value"
              }
            ],
            [
              {
                "type": "get_attr",
                "value": "section_map"
              },
              {
                "type": "index",
                "value": {
                  "value": "secrets",
                  "type": "string"
                }
              },
              {
                "type": "get_attr",
                "value": "field_map"
              },
              {
                "type": "index",
                "value": {
                  "value": "kibana_password",
                  "type": "string"
                }
              },
              {
                "type": "get_attr",
                "value": "value"
              }
            ]
          ],
          "identity_schema_version": 0
        }
      ]
    },
    {
      "module": "module.onepassword_secrets",
      "mode": "data",
      "type": "onepassword_item",
      "name": "exa",
      "provider": "provider[\"registry.terraform.io/1password/onepassword\"]",
      "instances": [
        {
          "schema_version": 0,
          "attributes": {
            "category": "password",
            "credential": null,
            "database": null,
            "file": [],
            "filename": null,
            "hostname": null,
            "id": "vaults/glsrlcf5lapzbba6zk6sppkgnq/items/unefsmdxlslgtqgq2434qpy6de",
            "note_value": "",
            "password": "",
            "port": null,
            "private_key": null,
            "private_key_openssh": null,
            "public_key": null,
            "section": [
              {
                "field": [
                  {
                    "id": "ab426u35hotimfdzx633h6amva",
                    "label": "bootstrap",
                    "type": "CONCEALED",
                    "value": "bootstrap"
                  },
                  {
                    "id": "jnq6rjjg4kurg2bymkbwjtswjy",
                    "label": "api_key",
                    "type": "CONCEALED",
                    "value": "placeholder"
                  }
                ],
                "file": [],
                "id": "Section_fwilkfhjbtp7vftgxkyn5swsai",
                "label": "secrets"
              }
            ],
            "section_map": {
              "secrets": {
                "field_map": {
                  "api_key": {
                    "id": "jnq6rjjg4kurg2bymkbwjtswjy",
                    "type": "CONCEALED",
                    "value": "placeholder"
                  },
                  "bootstrap": {
                    "id": "ab426u35hotimfdzx633h6amva",
                    "type": "CONCEALED",
                    "value": "bootstrap"
                  }
                },
                "file_map": {},
                "id": "Section_fwilkfhjbtp7vftgxkyn5swsai"
              }
            },
            "tags": null,
            "title": "exa",
            "type": null,
            "url": null,
            "username": null,
            "uuid": "unefsmdxlslgtqgq2434qpy6de",
            "valid_from": null,
            "vault": "glsrlcf5lapzbba6zk6sppkgnq"
          },
          "sensitive_attributes": [
            [
              {
                "type": "get_attr",
                "value": "credential"
              }
            ],
            [
              {
                "type": "get_attr",
                "value": "note_value"
              }
            ],
            [
              {
                "type": "get_attr",
                "value": "password"
              }
            ],
            [
              {
                "type": "get_attr",
                "value": "private_key"
              }
            ],
            [
              {
                "type": "get_attr",
                "value": "private_key_openssh"
              }
            ],
            [
              {
                "type": "get_attr",
                "value": "section"
              },
              {
                "type": "index",
                "value": {
                  "value": 0,
                  "type": "number"
                }
              },
              {
                "type": "get_attr",
                "value": "field"
              },
              {
                "type": "index",
                "value": {
                  "value": 0,
                  "type": "number"
                }
              },
              {
                "type": "get_attr",
                "value": "value"
              }
            ],
            [
              {
                "type": "get_attr",
                "value": "section"
              },
              {
                "type": "index",
                "value": {
                  "value": 0,
                  "type": "number"
                }
              },
              {
                "type": "get_attr",
                "value": "field"
              },
              {
                "type": "index",
                "value": {
                  "value": 1,
                  "type": "number"
                }
              },
              {
                "type": "get_attr",
                "value": "value"
              }
            ],
            [
              {
                "type": "get_attr",
                "value": "section_map"
              },
              {
                "type": "index",
                "value": {
                  "value": "secrets",
                  "type": "string"
                }
              },
              {
                "type": "get_attr",
                "value": "field_map"
              },
              {
                "type": "index",
                "value": {
                  "value": "api_key",
                  "type": "string"
                }
              },
              {
                "type": "get_attr",
                "value": "value"
              }
            ],
            [
              {
                "type": "get_attr",
                "value": "section_map"
              },
              {
                "type": "index",
                "value": {
                  "value": "secrets",
                  "type": "string"
                }
              },
              {
                "type": "get_attr",
                "value": "field_map"
              },
              {
                "type": "index",
                "value": {
                  "value": "bootstrap",
                  "type": "string"
                }
              },
              {
                "type": "get_attr",
                "value": "value"
              }
            ]
          ],
          "identity_schema_version": 0
        }
      ]
    },
    {
      "module": "module.onepassword_secrets",
      "mode": "data",
      "type": "onepassword_item",
      "name": "github",
      "provider": "provider[\"registry.terraform.io/1password/onepassword\"]",
      "instances": [
        {
          "schema_version": 0,
          "attributes": {
            "category": "password",
            "credential": null,
            "database": null,
            "file": [],
            "filename": null,
            "hostname": null,
            "id": "vaults/glsrlcf5lapzbba6zk6sppkgnq/items/4p5zxzlkhbfqurzevook2dcufe",
            "note_value": "",
            "password": "",
            "port": null,
            "private_key": null,
            "private_key_openssh": null,
            "public_key": null,
            "section": [
              {
                "field": [
                  {
                    "id": "tploowr3t4agbzj3kjfhjercga",
                    "label": "bootstrap",
                    "type": "CONCEALED",
                    "value": "bootstrap"
                  },
                  {
                    "id": "xq75ziq5vv6m37u2fw6y6cg5sq",
                    "label": "personal_access_token",
                    "type": "CONCEALED",
                    "value": "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"
                  }
                ],
                "file": [],
                "id": "Section_eviljwgcga3nlwbv3jb4n5f2ju",
                "label": "secrets"
              }
            ],
            "section_map": {
              "secrets": {
                "field_map": {
                  "bootstrap": {
                    "id": "tploowr3t4agbzj3kjfhjercga",
                    "type": "CONCEALED",
                    "value": "bootstrap"
                  },
                  "personal_access_token": {
                    "id": "xq75ziq5vv6m37u2fw6y6cg5sq",
                    "type": "CONCEALED",
                    "value": "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"
                  }
                },
                "file_map": {},
                "id": "Section_eviljwgcga3nlwbv3jb4n5f2ju"
              }
            },
            "tags": null,
            "title": "github",
            "type": null,
            "url": null,
            "username": null,
            "uuid": "4p5zxzlkhbfqurzevook2dcufe",
            "valid_from": null,
            "vault": "glsrlcf5lapzbba6zk6sppkgnq"
          },
          "sensitive_attributes": [
            [
              {
                "type": "get_attr",
                "value": "credential"
              }
            ],
            [
              {
                "type": "get_attr",
                "value": "note_value"
              }
            ],
            [
              {
                "type": "get_attr",
                "value": "password"
              }
            ],
            [
              {
                "type": "get_attr",
                "value": "private_key"
              }
            ],
            [
              {
                "type": "get_attr",
                "value": "private_key_openssh"
              }
            ],
            [
              {
                "type": "get_attr",
                "value": "section"
              },
              {
                "type": "index",
                "value": {
                  "value": 0,
                  "type": "number"
                }
              },
              {
                "type": "get_attr",
                "value": "field"
              },
              {
                "type": "index",
                "value": {
                  "value": 0,
                  "type": "number"
                }
              },
              {
                "type": "get_attr",
                "value": "value"
              }
            ],
            [
              {
                "type": "get_attr",
                "value": "section"
              },
              {
                "type": "index",
                "value": {
                  "value": 0,
                  "type": "number"
                }
              },
              {
                "type": "get_attr",
                "value": "field"
              },
              {
                "type": "index",
                "value": {
                  "value": 1,
                  "type": "number"
                }
              },
              {
                "type": "get_attr",
                "value": "value"
              }
            ],
            [
              {
                "type": "get_attr",
                "value": "section_map"
              },
              {
                "type": "index",
                "value": {
                  "value": "secrets",
                  "type": "string"
                }
              },
              {
                "type": "get_attr",
                "value": "field_map"
              },
              {
                "type": "index",
                "value": {
                  "value": "bootstrap",
                  "type": "string"
                }
              },
              {
                "type": "get_attr",
                "value": "value"
              }
            ],
            [
              {
                "type": "get_attr",
                "value": "section_map"
              },
              {
                "type": "index",
                "value": {
                  "value": "secrets",
                  "type": "string"
                }
              },
              {
                "type": "get_attr",
                "value": "field_map"
              },
              {
                "type": "index",
                "value": {
                  "value": "personal_access_token",
                  "type": "string"
                }
              },
              {
                "type": "get_attr",
                "value": "value"
              }
            ]
          ],
          "identity_schema_version": 0
        }
      ]
    },
    {
      "module": "module.onepassword_secrets",
      "mode": "data",
      "type": "onepassword_item",
      "name": "glitchtip",
      "provider": "provider[\"registry.terraform.io/1password/onepassword\"]",
      "instances": [
        {
          "schema_version": 0,
          "attributes": {
            "category": "password",
            "credential": null,
            "database": null,
            "file": [],
            "filename": null,
            "hostname": null,
            "id": "vaults/glsrlcf5lapzbba6zk6sppkgnq/items/hepjzhwrpvls22s5sq2wnhln7q",
            "note_value": "",
            "password": "",
            "port": null,
            "private_key": null,
            "private_key_openssh": null,
            "public_key": null,
            "section": [
              {
                "field": [
                  {
                    "id": "geksk2oksnn5hkimia3n46m6jq",
                    "label": "bootstrap",
                    "type": "CONCEALED",
                    "value": "bootstrap"
                  },
                  {
                    "id": "i6eyw5pvzbayhshgtoyvdu2vna",
                    "label": "django_secret_key",
                    "type": "CONCEALED",
                    "value": "m5H4/oEAUV/GSwLp8M11y9JhyWzjjd6IR4kn1W8V4LqFWvygRG4="
                  },
                  {
                    "id": "ckf4w72tbtyujqsev5hhm6bctq",
                    "label": "postgres_password",
                    "type": "CONCEALED",
                    "value": "iP67xaGlJjsyayIUneiihyMP"
                  },
                  {
                    "id": "wljo2bl7xmczi6o54ziqfmlrja",
                    "label": "redis_password",
                    "type": "CONCEALED",
                    "value": "YNZgMmYlyaoNXjE86s6g0F3K"
                  },
                  {
                    "id": "g7hwjsp4osysz4owx3g5zyikhy",
                    "label": "api_token",
                    "type": "CONCEALED",
                    "value": "4813c494717ae627ad589f17c55a21e30309ec2f5669be37d5b9cd64854bcb10"
                  }
                ],
                "file": [],
                "id": "Section_opj6b3vxlhium57w4lp54zm4ce",
                "label": "secrets"
              }
            ],
            "section_map": {
              "secrets": {
                "field_map": {
                  "api_token": {
                    "id": "g7hwjsp4osysz4owx3g5zyikhy",
                    "type": "CONCEALED",
                    "value": "4813c494717ae627ad589f17c55a21e30309ec2f5669be37d5b9cd64854bcb10"
                  },
                  "bootstrap": {
                    "id": "geksk2oksnn5hkimia3n46m6jq",
                    "type": "CONCEALED",
                    "value": "bootstrap"
                  },
                  "django_secret_key": {
                    "id": "i6eyw5pvzbayhshgtoyvdu2vna",
                    "type": "CONCEALED",
                    "value": "m5H4/oEAUV/GSwLp8M11y9JhyWzjjd6IR4kn1W8V4LqFWvygRG4="
                  },
                  "postgres_password": {
                    "id": "ckf4w72tbtyujqsev5hhm6bctq",
                    "type": "CONCEALED",
                    "value": "iP67xaGlJjsyayIUneiihyMP"
                  },
                  "redis_password": {
                    "id": "wljo2bl7xmczi6o54ziqfmlrja",
                    "type": "CONCEALED",
                    "value": "YNZgMmYlyaoNXjE86s6g0F3K"
                  }
                },
                "file_map": {},
                "id": "Section_opj6b3vxlhium57w4lp54zm4ce"
              }
            },
            "tags": null,
            "title": "glitchtip",
            "type": null,
            "url": null,
            "username": null,
            "uuid": "hepjzhwrpvls22s5sq2wnhln7q",
            "valid_from": null,
            "vault": "glsrlcf5lapzbba6zk6sppkgnq"
          },
          "sensitive_attributes": [
            [
              {
                "type": "get_attr",
                "value": "credential"
              }
            ],
            [
              {
                "type": "get_attr",
                "value": "note_value"
              }
            ],
            [
              {
                "type": "get_attr",
                "value": "password"
              }
            ],
            [
              {
                "type": "get_attr",
                "value": "private_key"
              }
            ],
            [
              {
                "type": "get_attr",
                "value": "private_key_openssh"
              }
            ],
            [
              {
                "type": "get_attr",
                "value": "section"
              },
              {
                "type": "index",
                "value": {
                  "value": 0,
                  "type": "number"
                }
              },
              {
                "type": "get_attr",
                "value": "field"
              },
              {
                "type": "index",
                "value": {
                  "value": 0,
                  "type": "number"
                }
              },
              {
                "type": "get_attr",
                "value": "value"
              }
            ],
            [
              {
                "type": "get_attr",
                "value": "section"
              },
              {
                "type": "index",
                "value": {
                  "value": 0,
                  "type": "number"
                }
              },
              {
                "type": "get_attr",
                "value": "field"
              },
              {
                "type": "index",
                "value": {
                  "value": 1,
                  "type": "number"
                }
              },
              {
                "type": "get_attr",
                "value": "value"
              }
            ],
            [
              {
                "type": "get_attr",
                "value": "section"
              },
              {
                "type": "index",
                "value": {
                  "value": 0,
                  "type": "number"
                }
              },
              {
                "type": "get_attr",
                "value": "field"
              },
              {
                "type": "index",
                "value": {
                  "value": 2,
                  "type": "number"
                }
              },
              {
                "type": "get_attr",
                "value": "value"
              }
            ],
            [
              {
                "type": "get_attr",
                "value": "section"
              },
              {
                "type": "index",
                "value": {
                  "value": 0,
                  "type": "number"
                }
              },
              {
                "type": "get_attr",
                "value": "field"
              },
              {
                "type": "index",
                "value": {
                  "value": 3,
                  "type": "number"
                }
              },
              {
                "type": "get_attr",
                "value": "value"
              }
            ],
            [
              {
                "type": "get_attr",
                "value": "section"
              },
              {
                "type": "index",
                "value": {
                  "value": 0,
                  "type": "number"
                }
              },
              {
                "type": "get_attr",
                "value": "field"
              },
              {
                "type": "index",
                "value": {
                  "value": 4,
                  "type": "number"
                }
              },
              {
                "type": "get_attr",
                "value": "value"
              }
            ],
            [
              {
                "type": "get_attr",
                "value": "section_map"
              },
              {
                "type": "index",
                "value": {
                  "value": "secrets",
                  "type": "string"
                }
              },
              {
                "type": "get_attr",
                "value": "field_map"
              },
              {
                "type": "index",
                "value": {
                  "value": "api_token",
                  "type": "string"
                }
              },
              {
                "type": "get_attr",
                "value": "value"
              }
            ],
            [
              {
                "type": "get_attr",
                "value": "section_map"
              },
              {
                "type": "index",
                "value": {
                  "value": "secrets",
                  "type": "string"
                }
              },
              {
                "type": "get_attr",
                "value": "field_map"
              },
              {
                "type": "index",
                "value": {
                  "value": "bootstrap",
                  "type": "string"
                }
              },
              {
                "type": "get_attr",
                "value": "value"
              }
            ],
            [
              {
                "type": "get_attr",
                "value": "section_map"
              },
              {
                "type": "index",
                "value": {
                  "value": "secrets",
                  "type": "string"
                }
              },
              {
                "type": "get_attr",
                "value": "field_map"
              },
              {
                "type": "index",
                "value": {
                  "value": "django_secret_key",
                  "type": "string"
                }
              },
              {
                "type": "get_attr",
                "value": "value"
              }
            ],
            [
              {
                "type": "get_attr",
                "value": "section_map"
              },
              {
                "type": "index",
                "value": {
                  "value": "secrets",
                  "type": "string"
                }
              },
              {
                "type": "get_attr",
                "value": "field_map"
              },
              {
                "type": "index",
                "value": {
                  "value": "postgres_password",
                  "type": "string"
                }
              },
              {
                "type": "get_attr",
                "value": "value"
              }
            ],
            [
              {
                "type": "get_attr",
                "value": "section_map"
              },
              {
                "type": "index",
                "value": {
                  "value": "secrets",
                  "type": "string"
                }
              },
              {
                "type": "get_attr",
                "value": "field_map"
              },
              {
                "type": "index",
                "value": {
                  "value": "redis_password",
                  "type": "string"
                }
              },
              {
                "type": "get_attr",
                "value": "value"
              }
            ]
          ],
          "identity_schema_version": 0
        }
      ]
    },
    {
      "module": "module.onepassword_secrets",
      "mode": "data",
      "type": "onepassword_item",
      "name": "grafana",
      "provider": "provider[\"registry.terraform.io/1password/onepassword\"]",
      "instances": [
        {
          "schema_version": 0,
          "attributes": {
            "category": "password",
            "credential": null,
            "database": null,
            "file": [],
            "filename": null,
            "hostname": null,
            "id": "vaults/glsrlcf5lapzbba6zk6sppkgnq/items/tmycbizgzmusdtqmuerpxek3fe",
            "note_value": "",
            "password": "",
            "port": null,
            "private_key": null,
            "private_key_openssh": null,
            "public_key": null,
            "section": [
              {
                "field": [
                  {
                    "id": "tslhgkkcqs7afzpncxnh233ukm",
                    "label": "bootstrap",
                    "type": "CONCEALED",
                    "value": "bootstrap"
                  },
                  {
                    "id": "mkhvbjm7pieehiciyayrh3dqme",
                    "label": "admin_password",
                    "type": "CONCEALED",
                    "value": "]J*82?_ujMiX%R$-.Jf+%{Gx"
                  },
                  {
                    "id": "ry4jkn5ddj3pckud4vztijdopu",
                    "label": "service_account_token",
                    "type": "CONCEALED",
                    "value": "placeholder"
                  }
                ],
                "file": [],
                "id": "Section_dgxr5ygzuokc7566saj4ez6uc4",
                "label": "secrets"
              }
            ],
            "section_map": {
              "secrets": {
                "field_map": {
                  "admin_password": {
                    "id": "mkhvbjm7pieehiciyayrh3dqme",
                    "type": "CONCEALED",
                    "value": "]J*82?_ujMiX%R$-.Jf+%{Gx"
                  },
                  "bootstrap": {
                    "id": "tslhgkkcqs7afzpncxnh233ukm",
                    "type": "CONCEALED",
                    "value": "bootstrap"
                  },
                  "service_account_token": {
                    "id": "ry4jkn5ddj3pckud4vztijdopu",
                    "type": "CONCEALED",
                    "value": "placeholder"
                  }
                },
                "file_map": {},
                "id": "Section_dgxr5ygzuokc7566saj4ez6uc4"
              }
            },
            "tags": null,
            "title": "grafana",
            "type": null,
            "url": null,
            "username": null,
            "uuid": "tmycbizgzmusdtqmuerpxek3fe",
            "valid_from": null,
            "vault": "glsrlcf5lapzbba6zk6sppkgnq"
          },
          "sensitive_attributes": [
            [
              {
                "type": "get_attr",
                "value": "credential"
              }
            ],
            [
              {
                "type": "get_attr",
                "value": "note_value"
              }
            ],
            [
              {
                "type": "get_attr",
                "value": "password"
              }
            ],
            [
              {
                "type": "get_attr",
                "value": "private_key"
              }
            ],
            [
              {
                "type": "get_attr",
                "value": "private_key_openssh"
              }
            ],
            [
              {
                "type": "get_attr",
                "value": "section"
              },
              {
                "type": "index",
                "value": {
                  "value": 0,
                  "type": "number"
                }
              },
              {
                "type": "get_attr",
                "value": "field"
              },
              {
                "type": "index",
                "value": {
                  "value": 0,
                  "type": "number"
                }
              },
              {
                "type": "get_attr",
                "value": "value"
              }
            ],
            [
              {
                "type": "get_attr",
                "value": "section"
              },
              {
                "type": "index",
                "value": {
                  "value": 0,
                  "type": "number"
                }
              },
              {
                "type": "get_attr",
                "value": "field"
              },
              {
                "type": "index",
                "value": {
                  "value": 1,
                  "type": "number"
                }
              },
              {
                "type": "get_attr",
                "value": "value"
              }
            ],
            [
              {
                "type": "get_attr",
                "value": "section"
              },
              {
                "type": "index",
                "value": {
                  "value": 0,
                  "type": "number"
                }
              },
              {
                "type": "get_attr",
                "value": "field"
              },
              {
                "type": "index",
                "value": {
                  "value": 2,
                  "type": "number"
                }
              },
              {
                "type": "get_attr",
                "value": "value"
              }
            ],
            [
              {
                "type": "get_attr",
                "value": "section_map"
              },
              {
                "type": "index",
                "value": {
                  "value": "secrets",
                  "type": "string"
                }
              },
              {
                "type": "get_attr",
                "value": "field_map"
              },
              {
                "type": "index",
                "value": {
                  "value": "admin_password",
                  "type": "string"
                }
              },
              {
                "type": "get_attr",
                "value": "value"
              }
            ],
            [
              {
                "type": "get_attr",
                "value": "section_map"
              },
              {
                "type": "index",
                "value": {
                  "value": "secrets",
                  "type": "string"
                }
              },
              {
                "type": "get_attr",
                "value": "field_map"
              },
              {
                "type": "index",
                "value": {
                  "value": "bootstrap",
                  "type": "string"
                }
              },
              {
                "type": "get_attr",
                "value": "value"
              }
            ],
            [
              {
                "type": "get_attr",
                "value": "section_map"
              },
              {
                "type": "index",
                "value": {
                  "value": "secrets",
                  "type": "string"
                }
              },
              {
                "type": "get_attr",
                "value": "field_map"
              },
              {
                "type": "index",
                "value": {
                  "value": "service_account_token",
                  "type": "string"
                }
              },
              {
                "type": "get_attr",
                "value": "value"
              }
            ]
          ],
          "identity_schema_version": 0
        }
      ]
    },
    {
      "module": "module.onepassword_secrets",
      "mode": "data",
      "type": "onepassword_item",
      "name": "mcphub",
      "provider": "provider[\"registry.terraform.io/1password/onepassword\"]",
      "instances": [
        {
          "schema_version": 0,
          "attributes": {
            "category": "password",
            "credential": null,
            "database": null,
            "file": [],
            "filename": null,
            "hostname": null,
            "id": "vaults/glsrlcf5lapzbba6zk6sppkgnq/items/eqxrowynyvza2fyt4rm46zaebu",
            "note_value": "",
            "password": "",
            "port": null,
            "private_key": null,
            "private_key_openssh": null,
            "public_key": null,
            "section": [
              {
                "field": [
                  {
                    "id": "7m4fip3ob7lcccxbpfhm6pw3he",
                    "label": "bootstrap",
                    "type": "CONCEALED",
                    "value": "bootstrap"
                  },
                  {
                    "id": "op4kvo2jcliqym6hqf3ttgif6i",
                    "label": "proxmox_token_name",
                    "type": "CONCEALED",
                    "value": "root@pam!terraform-api"
                  },
                  {
                    "id": "scmc3oik5snkkqsnlxnbtwbsny",
                    "label": "proxmox_token_value",
                    "type": "CONCEALED",
                    "value": "0d925da9-a02c-427f-b8e9-1ab71c7a5150"
                  },
                  {
                    "id": "6di54aumfak7oinsgac636hhhu",
                    "label": "admin_password",
                    "type": "CONCEALED",
                    "value": "c}Tq{lm<]Eu>vi)4r={lyaxo"
                  },
                  {
                    "id": "yrmzegygvjtebzlnjvfbmg6fdq",
                    "label": "n8n_mcp_api_key",
                    "type": "CONCEALED",
                    "value": "4IY4uc0ir8ZuSmDJHV2HRvnHEOLxW81swjJ6ZwMj"
                  },
                  {
                    "id": "xi47ubceix2yeza7uubmkg4vfm",
                    "label": "op_service_account_token",
                    "type": "CONCEALED",
                    "value": "ops_eyJzaWduSW5BZGRyZXNzIjoibXkuMXBhc3N3b3JkLmNvbSIsInVzZXJBdXRoIjp7Im1ldGhvZCI6IlNSUGctNDA5NiIsImFsZyI6IlBCRVMyZy1IUzI1NiIsIml0ZXJhdGlvbnMiOjY1MDAwMCwic2FsdCI6Ik5CeHFPeGE1NGNXeUM4ckh1cnZ5a0EifSwiZW1haWwiOiI3Mm1nenYzd3NseWxpQDFwYXNzd29yZHNlcnZpY2VhY2NvdW50cy5jb20iLCJzcnBYIjoiMDg4MGM4NDU3NzUzZTY0ZDk5MjZiZTFmYzg5ZjE1MGJiYWRlZTc0ZDQwZWMyOGEyNGNjODc5Njc0YzFlYTYxZSIsIm11ayI6eyJhbGciOiJBMjU2R0NNIiwiZXh0Ijp0cnVlLCJrIjoibmxZQUlHR2x1M0FSRlB0TDM0WnNFM1lNSU5GcTVLbzF5MG1oVzZOa19YdyIsImtleV9vcHMiOlsiZW5jcnlwdCIsImRlY3J5cHQiXSwia3R5Ijoib2N0Iiwia2lkIjoibXAifSwic2VjcmV0S2V5IjoiQTMtMjVMRE1CLVFOQjhXQS1KTDRIRi1UQlRINy1IUDRFVi1LRjM0SyIsInRocm90dGxlU2VjcmV0Ijp7InNlZWQiOiI5OTdhZWM2N2QyNjJkODgyNWE3YTAxYWVjMjRmODVjOWQyNTRiZGVkY2JlOThjMmM0YTMyMWMzYjkyYzIwMzgzIiwidXVpZCI6IlZJUTZZNDM3SEJFS1ZHWkZYVVZCNUg2UTNFIn0sImRldmljZVV1aWQiOiJvMjd5amp1YWdpN2drZ2c3dDNqczc0a3YzdSJ9"
                  },
                  {
                    "id": "l3f2btd4wn3ywiwr6ems2xzwdy",
                    "label": "slack_mcp_xoxb_token",
                    "type": "CONCEALED",
                    "value": "PLACEHOLDER_NEEDS_REAL_TOKEN"
                  },
                  {
                    "id": "sbtnjideayt5tzbktwujjrufyy",
                    "label": "slack_mcp_xoxp_token",
                    "type": "CONCEALED",
                    "value": "xoxe.xoxp-1-Mi0yLTk5MDY2MjUzMzM1NzQtOTg5MzIyMTEyNzYwNy05OTA4OTkxMzQ0OTQ2LTEwNTY1OTkzODM0MDM4LWU5ZTQ0ZmM0ZDRhYjU0ZDI0NmY4MDBlZThkY2FjN2Y1N2NiOWYyNmIxNDMyM2QyZDRiOTdmYjRmMTY2MTFjNjg"
                  }
                ],
                "file": [],
                "id": "Section_dtps6h3obkbqlxc5s2a65ioxne",
                "label": "secrets"
              }
            ],
            "section_map": {
              "secrets": {
                "field_map": {
                  "admin_password": {
                    "id": "6di54aumfak7oinsgac636hhhu",
                    "type": "CONCEALED",
                    "value": "c}Tq{lm<]Eu>vi)4r={lyaxo"
                  },
                  "bootstrap": {
                    "id": "7m4fip3ob7lcccxbpfhm6pw3he",
                    "type": "CONCEALED",
                    "value": "bootstrap"
                  },
                  "n8n_mcp_api_key": {
                    "id": "yrmzegygvjtebzlnjvfbmg6fdq",
                    "type": "CONCEALED",
                    "value": "4IY4uc0ir8ZuSmDJHV2HRvnHEOLxW81swjJ6ZwMj"
                  },
                  "op_service_account_token": {
                    "id": "xi47ubceix2yeza7uubmkg4vfm",
                    "type": "CONCEALED",
                    "value": "ops_eyJzaWduSW5BZGRyZXNzIjoibXkuMXBhc3N3b3JkLmNvbSIsInVzZXJBdXRoIjp7Im1ldGhvZCI6IlNSUGctNDA5NiIsImFsZyI6IlBCRVMyZy1IUzI1NiIsIml0ZXJhdGlvbnMiOjY1MDAwMCwic2FsdCI6Ik5CeHFPeGE1NGNXeUM4ckh1cnZ5a0EifSwiZW1haWwiOiI3Mm1nenYzd3NseWxpQDFwYXNzd29yZHNlcnZpY2VhY2NvdW50cy5jb20iLCJzcnBYIjoiMDg4MGM4NDU3NzUzZTY0ZDk5MjZiZTFmYzg5ZjE1MGJiYWRlZTc0ZDQwZWMyOGEyNGNjODc5Njc0YzFlYTYxZSIsIm11ayI6eyJhbGciOiJBMjU2R0NNIiwiZXh0Ijp0cnVlLCJrIjoibmxZQUlHR2x1M0FSRlB0TDM0WnNFM1lNSU5GcTVLbzF5MG1oVzZOa19YdyIsImtleV9vcHMiOlsiZW5jcnlwdCIsImRlY3J5cHQiXSwia3R5Ijoib2N0Iiwia2lkIjoibXAifSwic2VjcmV0S2V5IjoiQTMtMjVMRE1CLVFOQjhXQS1KTDRIRi1UQlRINy1IUDRFVi1LRjM0SyIsInRocm90dGxlU2VjcmV0Ijp7InNlZWQiOiI5OTdhZWM2N2QyNjJkODgyNWE3YTAxYWVjMjRmODVjOWQyNTRiZGVkY2JlOThjMmM0YTMyMWMzYjkyYzIwMzgzIiwidXVpZCI6IlZJUTZZNDM3SEJFS1ZHWkZYVVZCNUg2UTNFIn0sImRldmljZVV1aWQiOiJvMjd5amp1YWdpN2drZ2c3dDNqczc0a3YzdSJ9"
                  },
                  "proxmox_token_name": {
                    "id": "op4kvo2jcliqym6hqf3ttgif6i",
                    "type": "CONCEALED",
                    "value": "root@pam!terraform-api"
                  },
                  "proxmox_token_value": {
                    "id": "scmc3oik5snkkqsnlxnbtwbsny",
                    "type": "CONCEALED",
                    "value": "0d925da9-a02c-427f-b8e9-1ab71c7a5150"
                  },
                  "slack_mcp_xoxb_token": {
                    "id": "l3f2btd4wn3ywiwr6ems2xzwdy",
                    "type": "CONCEALED",
                    "value": "PLACEHOLDER_NEEDS_REAL_TOKEN"
                  },
                  "slack_mcp_xoxp_token": {
                    "id": "sbtnjideayt5tzbktwujjrufyy",
                    "type": "CONCEALED",
                    "value": "xoxe.xoxp-1-Mi0yLTk5MDY2MjUzMzM1NzQtOTg5MzIyMTEyNzYwNy05OTA4OTkxMzQ0OTQ2LTEwNTY1OTkzODM0MDM4LWU5ZTQ0ZmM0ZDRhYjU0ZDI0NmY4MDBlZThkY2FjN2Y1N2NiOWYyNmIxNDMyM2QyZDRiOTdmYjRmMTY2MTFjNjg"
                  }
                },
                "file_map": {},
                "id": "Section_dtps6h3obkbqlxc5s2a65ioxne"
              }
            },
            "tags": null,
            "title": "mcphub",
            "type": null,
            "url": null,
            "username": null,
            "uuid": "eqxrowynyvza2fyt4rm46zaebu",
            "valid_from": null,
            "vault": "glsrlcf5lapzbba6zk6sppkgnq"
          },
          "sensitive_attributes": [
            [
              {
                "type": "get_attr",
                "value": "credential"
              }
            ],
            [
              {
                "type": "get_attr",
                "value": "note_value"
              }
            ],
            [
              {
                "type": "get_attr",
                "value": "password"
              }
            ],
            [
              {
                "type": "get_attr",
                "value": "private_key"
              }
            ],
            [
              {
                "type": "get_attr",
                "value": "private_key_openssh"
              }
            ],
            [
              {
                "type": "get_attr",
                "value": "section"
              },
              {
                "type": "index",
                "value": {
                  "value": 0,
                  "type": "number"
                }
              },
              {
                "type": "get_attr",
                "value": "field"
              },
              {
                "type": "index",
                "value": {
                  "value": 0,
                  "type": "number"
                }
              },
              {
                "type": "get_attr",
                "value": "value"
              }
            ],
            [
              {
                "type": "get_attr",
                "value": "section"
              },
              {
                "type": "index",
                "value": {
                  "value": 0,
                  "type": "number"
                }
              },
              {
                "type": "get_attr",
                "value": "field"
              },
              {
                "type": "index",
                "value": {
                  "value": 1,
                  "type": "number"
                }
              },
              {
                "type": "get_attr",
                "value": "value"
              }
            ],
            [
              {
                "type": "get_attr",
                "value": "section"
              },
              {
                "type": "index",
                "value": {
                  "value": 0,
                  "type": "number"
                }
              },
              {
                "type": "get_attr",
                "value": "field"
              },
              {
                "type": "index",
                "value": {
                  "value": 2,
                  "type": "number"
                }
              },
              {
                "type": "get_attr",
                "value": "value"
              }
            ],
            [
              {
                "type": "get_attr",
                "value": "section"
              },
              {
                "type": "index",
                "value": {
                  "value": 0,
                  "type": "number"
                }
              },
              {
                "type": "get_attr",
                "value": "field"
              },
              {
                "type": "index",
                "value": {
                  "value": 3,
                  "type": "number"
                }
              },
              {
                "type": "get_attr",
                "value": "value"
              }
            ],
            [
              {
                "type": "get_attr",
                "value": "section"
              },
              {
                "type": "index",
                "value": {
                  "value": 0,
                  "type": "number"
                }
              },
              {
                "type": "get_attr",
                "value": "field"
              },
              {
                "type": "index",
                "value": {
                  "value": 4,
                  "type": "number"
                }
              },
              {
                "type": "get_attr",
                "value": "value"
              }
            ],
            [
              {
                "type": "get_attr",
                "value": "section"
              },
              {
                "type": "index",
                "value": {
                  "value": 0,
                  "type": "number"
                }
              },
              {
                "type": "get_attr",
                "value": "field"
              },
              {
                "type": "index",
                "value": {
                  "value": 5,
                  "type": "number"
                }
              },
              {
                "type": "get_attr",
                "value": "value"
              }
            ],
            [
              {
                "type": "get_attr",
                "value": "section"
              },
              {
                "type": "index",
                "value": {
                  "value": 0,
                  "type": "number"
                }
              },
              {
                "type": "get_attr",
                "value": "field"
              },
              {
                "type": "index",
                "value": {
                  "value": 6,
                  "type": "number"
                }
              },
              {
                "type": "get_attr",
                "value": "value"
              }
            ],
            [
              {
                "type": "get_attr",
                "value": "section"
              },
              {
                "type": "index",
                "value": {
                  "value": 0,
                  "type": "number"
                }
              },
              {
                "type": "get_attr",
                "value": "field"
              },
              {
                "type": "index",
                "value": {
                  "value": 7,
                  "type": "number"
                }
              },
              {
                "type": "get_attr",
                "value": "value"
              }
            ],
            [
              {
                "type": "get_attr",
                "value": "section_map"
              },
              {
                "type": "index",
                "value": {
                  "value": "secrets",
                  "type": "string"
                }
              },
              {
                "type": "get_attr",
                "value": "field_map"
              },
              {
                "type": "index",
                "value": {
                  "value": "admin_password",
                  "type": "string"
                }
              },
              {
                "type": "get_attr",
                "value": "value"
              }
            ],
            [
              {
                "type": "get_attr",
                "value": "section_map"
              },
              {
                "type": "index",
                "value": {
                  "value": "secrets",
                  "type": "string"
                }
              },
              {
                "type": "get_attr",
                "value": "field_map"
              },
              {
                "type": "index",
                "value": {
                  "value": "bootstrap",
                  "type": "string"
                }
              },
              {
                "type": "get_attr",
                "value": "value"
              }
            ],
            [
              {
                "type": "get_attr",
                "value": "section_map"
              },
              {
                "type": "index",
                "value": {
                  "value": "secrets",
                  "type": "string"
                }
              },
              {
                "type": "get_attr",
                "value": "field_map"
              },
              {
                "type": "index",
                "value": {
                  "value": "n8n_mcp_api_key",
                  "type": "string"
                }
              },
              {
                "type": "get_attr",
                "value": "value"
              }
            ],
            [
              {
                "type": "get_attr",
                "value": "section_map"
              },
              {
                "type": "index",
                "value": {
                  "value": "secrets",
                  "type": "string"
                }
              },
              {
                "type": "get_attr",
                "value": "field_map"
              },
              {
                "type": "index",
                "value": {
                  "value": "op_service_account_token",
                  "type": "string"
                }
              },
              {
                "type": "get_attr",
                "value": "value"
              }
            ],
            [
              {
                "type": "get_attr",
                "value": "section_map"
              },
              {
                "type": "index",
                "value": {
                  "value": "secrets",
                  "type": "string"
                }
              },
              {
                "type": "get_attr",
                "value": "field_map"
              },
              {
                "type": "index",
                "value": {
                  "value": "proxmox_token_name",
                  "type": "string"
                }
              },
              {
                "type": "get_attr",
                "value": "value"
              }
            ],
            [
              {
                "type": "get_attr",
                "value": "section_map"
              },
              {
                "type": "index",
                "value": {
                  "value": "secrets",
                  "type": "string"
                }
              },
              {
                "type": "get_attr",
                "value": "field_map"
              },
              {
                "type": "index",
                "value": {
                  "value": "proxmox_token_value",
                  "type": "string"
                }
              },
              {
                "type": "get_attr",
                "value": "value"
              }
            ],
            [
              {
                "type": "get_attr",
                "value": "section_map"
              },
              {
                "type": "index",
                "value": {
                  "value": "secrets",
                  "type": "string"
                }
              },
              {
                "type": "get_attr",
                "value": "field_map"
              },
              {
                "type": "index",
                "value": {
                  "value": "slack_mcp_xoxb_token",
                  "type": "string"
                }
              },
              {
                "type": "get_attr",
                "value": "value"
              }
            ],
            [
              {
                "type": "get_attr",
                "value": "section_map"
              },
              {
                "type": "index",
                "value": {
                  "value": "secrets",
                  "type": "string"
                }
              },
              {
                "type": "get_attr",
                "value": "field_map"
              },
              {
                "type": "index",
                "value": {
                  "value": "slack_mcp_xoxp_token",
                  "type": "string"
                }
              },
              {
                "type": "get_attr",
                "value": "value"
              }
            ]
          ],
          "identity_schema_version": 0
        }
      ]
    },
    {
      "module": "module.onepassword_secrets",
      "mode": "data",
      "type": "onepassword_item",
      "name": "n8n",
      "provider": "provider[\"registry.terraform.io/1password/onepassword\"]",
      "instances": [
        {
          "schema_version": 0,
          "attributes": {
            "category": "password",
            "credential": null,
            "database": null,
            "file": [],
            "filename": null,
            "hostname": null,
            "id": "vaults/glsrlcf5lapzbba6zk6sppkgnq/items/duehbg2cw5kx5hqzslnyt5zxce",
            "note_value": "",
            "password": "",
            "port": null,
            "private_key": null,
            "private_key_openssh": null,
            "public_key": null,
            "section": [
              {
                "field": [
                  {
                    "id": "i235ssles2q2ahkudrtijw4gfy",
                    "label": "bootstrap",
                    "type": "CONCEALED",
                    "value": "bootstrap"
                  },
                  {
                    "id": "5wxowzn23pmffkl5bz4jbedfoy",
                    "label": "api_key",
                    "type": "CONCEALED",
                    "value": "4IY4uc0ir8ZuSmDJHV2HRvnHEOLxW81swjJ6ZwMj"
                  },
                  {
                    "id": "znx6pk7jxka3oqgupxtqcx7uwq",
                    "label": "github_token",
                    "type": "CONCEALED",
                    "value": "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"
                  },
                  {
                    "id": "uyi2fpi3rxtdfaplmxf3rke7ce",
                    "label": "glitchtip_api_token",
                    "type": "CONCEALED",
                    "value": "4813c494717ae627ad589f17c55a21e30309ec2f5669be37d5b9cd64854bcb10"
                  }
                ],
                "file": [],
                "id": "Section_7xjyiknp2w7rfupdks7sgxpkqy",
                "label": "secrets"
              }
            ],
            "section_map": {
              "secrets": {
                "field_map": {
                  "api_key": {
                    "id": "5wxowzn23pmffkl5bz4jbedfoy",
                    "type": "CONCEALED",
                    "value": "4IY4uc0ir8ZuSmDJHV2HRvnHEOLxW81swjJ6ZwMj"
                  },
                  "bootstrap": {
                    "id": "i235ssles2q2ahkudrtijw4gfy",
                    "type": "CONCEALED",
                    "value": "bootstrap"
                  },
                  "github_token": {
                    "id": "znx6pk7jxka3oqgupxtqcx7uwq",
                    "type": "CONCEALED",
                    "value": "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"
                  },
                  "glitchtip_api_token": {
                    "id": "uyi2fpi3rxtdfaplmxf3rke7ce",
                    "type": "CONCEALED",
                    "value": "4813c494717ae627ad589f17c55a21e30309ec2f5669be37d5b9cd64854bcb10"
                  }
                },
                "file_map": {},
                "id": "Section_7xjyiknp2w7rfupdks7sgxpkqy"
              }
            },
            "tags": null,
            "title": "n8n",
            "type": null,
            "url": null,
            "username": null,
            "uuid": "duehbg2cw5kx5hqzslnyt5zxce",
            "valid_from": null,
            "vault": "glsrlcf5lapzbba6zk6sppkgnq"
          },
          "sensitive_attributes": [
            [
              {
                "type": "get_attr",
                "value": "credential"
              }
            ],
            [
              {
                "type": "get_attr",
                "value": "note_value"
              }
            ],
            [
              {
                "type": "get_attr",
                "value": "password"
              }
            ],
            [
              {
                "type": "get_attr",
                "value": "private_key"
              }
            ],
            [
              {
                "type": "get_attr",
                "value": "private_key_openssh"
              }
            ],
            [
              {
                "type": "get_attr",
                "value": "section"
              },
              {
                "type": "index",
                "value": {
                  "value": 0,
                  "type": "number"
                }
              },
              {
                "type": "get_attr",
                "value": "field"
              },
              {
                "type": "index",
                "value": {
                  "value": 0,
                  "type": "number"
                }
              },
              {
                "type": "get_attr",
                "value": "value"
              }
            ],
            [
              {
                "type": "get_attr",
                "value": "section"
              },
              {
                "type": "index",
                "value": {
                  "value": 0,
                  "type": "number"
                }
              },
              {
                "type": "get_attr",
                "value": "field"
              },
              {
                "type": "index",
                "value": {
                  "value": 1,
                  "type": "number"
                }
              },
              {
                "type": "get_attr",
                "value": "value"
              }
            ],
            [
              {
                "type": "get_attr",
                "value": "section"
              },
              {
                "type": "index",
                "value": {
                  "value": 0,
                  "type": "number"
                }
              },
              {
                "type": "get_attr",
                "value": "field"
              },
              {
                "type": "index",
                "value": {
                  "value": 2,
                  "type": "number"
                }
              },
              {
                "type": "get_attr",
                "value": "value"
              }
            ],
            [
              {
                "type": "get_attr",
                "value": "section"
              },
              {
                "type": "index",
                "value": {
                  "value": 0,
                  "type": "number"
                }
              },
              {
                "type": "get_attr",
                "value": "field"
              },
              {
                "type": "index",
                "value": {
                  "value": 3,
                  "type": "number"
                }
              },
              {
                "type": "get_attr",
                "value": "value"
              }
            ],
            [
              {
                "type": "get_attr",
                "value": "section_map"
              },
              {
                "type": "index",
                "value": {
                  "value": "secrets",
                  "type": "string"
                }
              },
              {
                "type": "get_attr",
                "value": "field_map"
              },
              {
                "type": "index",
                "value": {
                  "value": "api_key",
                  "type": "string"
                }
              },
              {
                "type": "get_attr",
                "value": "value"
              }
            ],
            [
              {
                "type": "get_attr",
                "value": "section_map"
              },
              {
                "type": "index",
                "value": {
                  "value": "secrets",
                  "type": "string"
                }
              },
              {
                "type": "get_attr",
                "value": "field_map"
              },
              {
                "type": "index",
                "value": {
                  "value": "bootstrap",
                  "type": "string"
                }
              },
              {
                "type": "get_attr",
                "value": "value"
              }
            ],
            [
              {
                "type": "get_attr",
                "value": "section_map"
              },
              {
                "type": "index",
                "value": {
                  "value": "secrets",
                  "type": "string"
                }
              },
              {
                "type": "get_attr",
                "value": "field_map"
              },
              {
                "type": "index",
                "value": {
                  "value": "github_token",
                  "type": "string"
                }
              },
              {
                "type": "get_attr",
                "value": "value"
              }
            ],
            [
              {
                "type": "get_attr",
                "value": "section_map"
              },
              {
                "type": "index",
                "value": {
                  "value": "secrets",
                  "type": "string"
                }
              },
              {
                "type": "get_attr",
                "value": "field_map"
              },
              {
                "type": "index",
                "value": {
                  "value": "glitchtip_api_token",
                  "type": "string"
                }
              },
              {
                "type": "get_attr",
                "value": "value"
              }
            ]
          ],
          "identity_schema_version": 0
        }
      ]
    },
    {
      "module": "module.onepassword_secrets",
      "mode": "data",
      "type": "onepassword_item",
      "name": "proxmox",
      "provider": "provider[\"registry.terraform.io/1password/onepassword\"]",
      "instances": [
        {
          "schema_version": 0,
          "attributes": {
            "category": "password",
            "credential": null,
            "database": null,
            "file": [],
            "filename": null,
            "hostname": null,
            "id": "vaults/glsrlcf5lapzbba6zk6sppkgnq/items/k4urtqv5j2v2bpmlzqw4fncct4",
            "note_value": "",
            "password": "",
            "port": null,
            "private_key": null,
            "private_key_openssh": null,
            "public_key": null,
            "section": [
              {
                "field": [
                  {
                    "id": "bwtjo62z3m2pit2tjtks7x5x5u",
                    "label": "bootstrap",
                    "type": "CONCEALED",
                    "value": "bootstrap"
                  },
                  {
                    "id": "lcevpkblfjfq3lqu3rcbskgsci",
                    "label": "api_token_value",
                    "type": "CONCEALED",
                    "value": "root@pam!terraform-api=0d925da9-a02c-427f-b8e9-1ab71c7a5150"
                  },
                  {
                    "id": "wn75qwfgirtdn2y5xi4fz6xj4q",
                    "label": "ssh_private_key",
                    "type": "CONCEALED",
                    "value": "-----BEGIN OPENSSH PRIVATE KEY-----\nb3BlbnNzaC1rZXktdjEAAAAABG5vbmUAAAAEbm9uZQAAAAAAAAABAAACFwAAAAdzc2gtcn\nNhAAAAAwEAAQAAAgEAxt2FLf52o5i7JrwR9/HDYvivEWpZKpae/LDPCYPDortHjhYUOkmp\n+CHRCSLWX0lryneQOJ98H0vKEz08jjNUN+H4WT9C9khtXeibYHRYCMFkTMc9Jz06cEBoNC\nN4HdVfpEofcU/+bhk3Emhnq9Ztkfra2piBTJ3kA1cT6WD+n3y6aEgOITZpla6231zHUnjl\nEeInjcWMjN2lQpgXAEfl6WCFOOZ0Vbwd8rGqi908s0hBKlEVZwaDpdoMr3QiiDrpwoCoAB\nRVJI6XmghTRn1I/1NPHQnrji/egEZIOXfrC8KcaTANgTT3q3PWCccN/nAtpxUzG84obs0w\n8KSeOf8AZdidUPokXOIP9rDeZNjJ63M9sFDzSnv5BNgkc1fcqDAoL8dgBQNrn48ktkYbXl\nnRhDMEaEqzlRa9j0xuFYAhSMnYYMZgoh4SFfdZYzf3d1bE5WzH5Au+vGc3mZMCAYOHUw2l\nLq9lQPu3E58W5QJciCOlKftTQvetABe/O+jpIuZOzU0m9Pvxm8ObUEg7oG+Fmf3Pe8sWK9\nTd4FQrEYVQA4ii54+5KbgB3MB24E0x7rNJPDrW4tyx3y3z8gCvQGQ4n6uiwdZBDu4SvGPc\nY4LKAboAw8dXLkSWPPVNw+8Z4RJpUkFMJgwC4cLqQ92UX7jzOyGSwNPc7xGoEl0ug59G+s\nsAAAdQ4vkjHOL5IxwAAAAHc3NoLXJzYQAAAgEAxt2FLf52o5i7JrwR9/HDYvivEWpZKpae\n/LDPCYPDortHjhYUOkmp+CHRCSLWX0lryneQOJ98H0vKEz08jjNUN+H4WT9C9khtXeibYH\nRYCMFkTMc9Jz06cEBoNCN4HdVfpEofcU/+bhk3Emhnq9Ztkfra2piBTJ3kA1cT6WD+n3y6\naEgOITZpla6231zHUnjlEeInjcWMjN2lQpgXAEfl6WCFOOZ0Vbwd8rGqi908s0hBKlEVZw\naDpdoMr3QiiDrpwoCoABRVJI6XmghTRn1I/1NPHQnrji/egEZIOXfrC8KcaTANgTT3q3PW\nCccN/nAtpxUzG84obs0w8KSeOf8AZdidUPokXOIP9rDeZNjJ63M9sFDzSnv5BNgkc1fcqD\nAoL8dgBQNrn48ktkYbXlnRhDMEaEqzlRa9j0xuFYAhSMnYYMZgoh4SFfdZYzf3d1bE5WzH\n5Au+vGc3mZMCAYOHUw2lLq9lQPu3E58W5QJciCOlKftTQvetABe/O+jpIuZOzU0m9Pvxm8\nObUEg7oG+Fmf3Pe8sWK9Td4FQrEYVQA4ii54+5KbgB3MB24E0x7rNJPDrW4tyx3y3z8gCv\nQGQ4n6uiwdZBDu4SvGPcY4LKAboAw8dXLkSWPPVNw+8Z4RJpUkFMJgwC4cLqQ92UX7jzOy\nGSwNPc7xGoEl0ug59G+ssAAAADAQABAAACAQC2UmAI1BSHVr62+5RpwuDEu4UeLWeEkUVA\nHQYkDgbuCk/HJ9zxt5m6YZ6ZhrQN9m152faCw010D/M7glgjc1HSTj137XUCAVMr1telLe\nWMWWoQrlYVxJ/wTEx9CMvWZkrigAalx5ZX8Iw6NzhdJiGcxeWiplFdIiDrIwmhXQj0xdDN\nTMqPjqhs0BrfW9tudGJn6/UhmK2MdKVQEcp8um5CcfiSO08LT4YRfOwEgRhmsmb0WhSKOU\nG3a9tXfN0wEvtAFN5x/DI3avf5A4r9xF2JoSKWWAL7gE25QzZyYcxAIvNtyN2IyTwMmA3z\nNulQjh584gXSh0cwlrU422Qpfe4o1Bs9IVG9oB0tjfZveEfHk+mcKrKU0+ZfV0SUapgXw5\n92+4MRAKQVasOtvTbQ40Zf7iLG7uiUQ21dBz/rDk88AwZlhKsSx/pVcSVcnXKW5+IihCo4\n56MO/gGXqzHdv+r3w9e5Jb6MRFG0itx29ZTld3BOda2Ma86fAnGUrnlKR1h3m8jDlRvLU/\nDYxLXBPkpRs1syAsvD2osHM+kVDBK8lpkxYd9yDA04taYY9gP+oUE9bM9F85TO2GMfu/FF\n5W1JBGqf1QlYGEDBgof8vxLpJfehWG65JHZd7HTTY+81CYscOuCaJhATub181RiYMuTU/R\nWpyie1nMiCHulnZlR68QAAAQEAkc4awJyCdOHg3utxQ/qAp/VAy1Ajn1ODBbavXqBisMgz\ncili7a0otuliOE+gn3wGknvlA1TXocZjJr71oZB6ShTBvqouOXmVcnr52wCVmPhsoml7cJ\nwiR96GHlZDLqEP2Gd6TWQBwiYU3mo4TsAAVxhsKo5M9ISwM2qCsdMcQ+8ZKo7ixRTT7sDS\n30dOZ4jYuSjLZz1yG96O6mvC6Y+trfIf++5hc0UXJFfvOkYXcAu5rhryVNxjx/gOpu6I84\nCTDZmPQpdLItFzwLiJudc5xcrUSYfksw2XTN0v0+AV3EBoY05NE2ypQaK7LTZEzK15PLyu\noeQyqSjUN2bC4zUPzwAAAQEA424l1Iecdu3/OOmASIrC9tY4pWddh0qbEfysAZzKYuVu55\nFToZ5LVYReq2xDaLrcwHuh4BEg23KqDbOLUQ9BTOgbU7CqGvpy5IoCL2w7ri7//fJ7XNuJ\ntXO4n4ie2TG5fgZ+FTD8TR28nhrTJXroWmzgXKA+eNMBTv4mdGO4mNPctCUjI4PMDUKffT\nfm38yuduucyONi29nHrt20psm795Dcw13H2U8DEe7xN4/YPcsIb8zOB2LFBMp7mRfN25xZ\n+mBRBbNAmxG3b26m+HAkH8eBLAKA55WOiDXLsgXhVwviCkWy0N8c6G1rGZQUV7HKz9r/m7\nhZDsDPdvaFhubfAwAAAQEA39jDDq2J699r2fN/bQKelERkw64L+JvXDnZ/2e9Ul/nw3+ai\nrPNhZTZRirRLVFAuJSMMRnJly+vX172ttlk10kBux7SrraujAe0QWcJXwWDCnAo/vB3tmo\n4Uw/hZIqA/WOPXBdILLUazhWI7YNInUuLWOIZqtw2n+2o1gfWU6ABprfJPOCNeJouPO+KM\nKgkl0n7WVGiAFJ3rPYzkqdR420MDkmvwgD1DHsG/goOGAn2XFBFgaK9rotDdz1RTe8J1WD\nbAscUmpzC/ebhqZ1sNq+BcXKxzx7MQVPmrMdLAdD3dIA+k+sTnFHPhQ1qVoLniDYcjIjYZ\nIVHKUClM8qXmmQAAABVueHRcZXc1MTAxQFBFVzUxMDFEMDEBAgME\n-----END OPENSSH PRIVATE KEY-----"
                  }
                ],
                "file": [],
                "id": "Section_y2t5qyi2frwc5wav34463kjz6i",
                "label": "secrets"
              }
            ],
            "section_map": {
              "secrets": {
                "field_map": {
                  "api_token_value": {
                    "id": "lcevpkblfjfq3lqu3rcbskgsci",
                    "type": "CONCEALED",
                    "value": "root@pam!terraform-api=0d925da9-a02c-427f-b8e9-1ab71c7a5150"
                  },
                  "bootstrap": {
                    "id": "bwtjo62z3m2pit2tjtks7x5x5u",
                    "type": "CONCEALED",
                    "value": "bootstrap"
                  },
                  "ssh_private_key": {
                    "id": "wn75qwfgirtdn2y5xi4fz6xj4q",
                    "type": "CONCEALED",
                    "value": "-----BEGIN OPENSSH PRIVATE KEY-----\nb3BlbnNzaC1rZXktdjEAAAAABG5vbmUAAAAEbm9uZQAAAAAAAAABAAACFwAAAAdzc2gtcn\nNhAAAAAwEAAQAAAgEAxt2FLf52o5i7JrwR9/HDYvivEWpZKpae/LDPCYPDortHjhYUOkmp\n+CHRCSLWX0lryneQOJ98H0vKEz08jjNUN+H4WT9C9khtXeibYHRYCMFkTMc9Jz06cEBoNC\nN4HdVfpEofcU/+bhk3Emhnq9Ztkfra2piBTJ3kA1cT6WD+n3y6aEgOITZpla6231zHUnjl\nEeInjcWMjN2lQpgXAEfl6WCFOOZ0Vbwd8rGqi908s0hBKlEVZwaDpdoMr3QiiDrpwoCoAB\nRVJI6XmghTRn1I/1NPHQnrji/egEZIOXfrC8KcaTANgTT3q3PWCccN/nAtpxUzG84obs0w\n8KSeOf8AZdidUPokXOIP9rDeZNjJ63M9sFDzSnv5BNgkc1fcqDAoL8dgBQNrn48ktkYbXl\nnRhDMEaEqzlRa9j0xuFYAhSMnYYMZgoh4SFfdZYzf3d1bE5WzH5Au+vGc3mZMCAYOHUw2l\nLq9lQPu3E58W5QJciCOlKftTQvetABe/O+jpIuZOzU0m9Pvxm8ObUEg7oG+Fmf3Pe8sWK9\nTd4FQrEYVQA4ii54+5KbgB3MB24E0x7rNJPDrW4tyx3y3z8gCvQGQ4n6uiwdZBDu4SvGPc\nY4LKAboAw8dXLkSWPPVNw+8Z4RJpUkFMJgwC4cLqQ92UX7jzOyGSwNPc7xGoEl0ug59G+s\nsAAAdQ4vkjHOL5IxwAAAAHc3NoLXJzYQAAAgEAxt2FLf52o5i7JrwR9/HDYvivEWpZKpae\n/LDPCYPDortHjhYUOkmp+CHRCSLWX0lryneQOJ98H0vKEz08jjNUN+H4WT9C9khtXeibYH\nRYCMFkTMc9Jz06cEBoNCN4HdVfpEofcU/+bhk3Emhnq9Ztkfra2piBTJ3kA1cT6WD+n3y6\naEgOITZpla6231zHUnjlEeInjcWMjN2lQpgXAEfl6WCFOOZ0Vbwd8rGqi908s0hBKlEVZw\naDpdoMr3QiiDrpwoCoABRVJI6XmghTRn1I/1NPHQnrji/egEZIOXfrC8KcaTANgTT3q3PW\nCccN/nAtpxUzG84obs0w8KSeOf8AZdidUPokXOIP9rDeZNjJ63M9sFDzSnv5BNgkc1fcqD\nAoL8dgBQNrn48ktkYbXlnRhDMEaEqzlRa9j0xuFYAhSMnYYMZgoh4SFfdZYzf3d1bE5WzH\n5Au+vGc3mZMCAYOHUw2lLq9lQPu3E58W5QJciCOlKftTQvetABe/O+jpIuZOzU0m9Pvxm8\nObUEg7oG+Fmf3Pe8sWK9Td4FQrEYVQA4ii54+5KbgB3MB24E0x7rNJPDrW4tyx3y3z8gCv\nQGQ4n6uiwdZBDu4SvGPcY4LKAboAw8dXLkSWPPVNw+8Z4RJpUkFMJgwC4cLqQ92UX7jzOy\nGSwNPc7xGoEl0ug59G+ssAAAADAQABAAACAQC2UmAI1BSHVr62+5RpwuDEu4UeLWeEkUVA\nHQYkDgbuCk/HJ9zxt5m6YZ6ZhrQN9m152faCw010D/M7glgjc1HSTj137XUCAVMr1telLe\nWMWWoQrlYVxJ/wTEx9CMvWZkrigAalx5ZX8Iw6NzhdJiGcxeWiplFdIiDrIwmhXQj0xdDN\nTMqPjqhs0BrfW9tudGJn6/UhmK2MdKVQEcp8um5CcfiSO08LT4YRfOwEgRhmsmb0WhSKOU\nG3a9tXfN0wEvtAFN5x/DI3avf5A4r9xF2JoSKWWAL7gE25QzZyYcxAIvNtyN2IyTwMmA3z\nNulQjh584gXSh0cwlrU422Qpfe4o1Bs9IVG9oB0tjfZveEfHk+mcKrKU0+ZfV0SUapgXw5\n92+4MRAKQVasOtvTbQ40Zf7iLG7uiUQ21dBz/rDk88AwZlhKsSx/pVcSVcnXKW5+IihCo4\n56MO/gGXqzHdv+r3w9e5Jb6MRFG0itx29ZTld3BOda2Ma86fAnGUrnlKR1h3m8jDlRvLU/\nDYxLXBPkpRs1syAsvD2osHM+kVDBK8lpkxYd9yDA04taYY9gP+oUE9bM9F85TO2GMfu/FF\n5W1JBGqf1QlYGEDBgof8vxLpJfehWG65JHZd7HTTY+81CYscOuCaJhATub181RiYMuTU/R\nWpyie1nMiCHulnZlR68QAAAQEAkc4awJyCdOHg3utxQ/qAp/VAy1Ajn1ODBbavXqBisMgz\ncili7a0otuliOE+gn3wGknvlA1TXocZjJr71oZB6ShTBvqouOXmVcnr52wCVmPhsoml7cJ\nwiR96GHlZDLqEP2Gd6TWQBwiYU3mo4TsAAVxhsKo5M9ISwM2qCsdMcQ+8ZKo7ixRTT7sDS\n30dOZ4jYuSjLZz1yG96O6mvC6Y+trfIf++5hc0UXJFfvOkYXcAu5rhryVNxjx/gOpu6I84\nCTDZmPQpdLItFzwLiJudc5xcrUSYfksw2XTN0v0+AV3EBoY05NE2ypQaK7LTZEzK15PLyu\noeQyqSjUN2bC4zUPzwAAAQEA424l1Iecdu3/OOmASIrC9tY4pWddh0qbEfysAZzKYuVu55\nFToZ5LVYReq2xDaLrcwHuh4BEg23KqDbOLUQ9BTOgbU7CqGvpy5IoCL2w7ri7//fJ7XNuJ\ntXO4n4ie2TG5fgZ+FTD8TR28nhrTJXroWmzgXKA+eNMBTv4mdGO4mNPctCUjI4PMDUKffT\nfm38yuduucyONi29nHrt20psm795Dcw13H2U8DEe7xN4/YPcsIb8zOB2LFBMp7mRfN25xZ\n+mBRBbNAmxG3b26m+HAkH8eBLAKA55WOiDXLsgXhVwviCkWy0N8c6G1rGZQUV7HKz9r/m7\nhZDsDPdvaFhubfAwAAAQEA39jDDq2J699r2fN/bQKelERkw64L+JvXDnZ/2e9Ul/nw3+ai\nrPNhZTZRirRLVFAuJSMMRnJly+vX172ttlk10kBux7SrraujAe0QWcJXwWDCnAo/vB3tmo\n4Uw/hZIqA/WOPXBdILLUazhWI7YNInUuLWOIZqtw2n+2o1gfWU6ABprfJPOCNeJouPO+KM\nKgkl0n7WVGiAFJ3rPYzkqdR420MDkmvwgD1DHsG/goOGAn2XFBFgaK9rotDdz1RTe8J1WD\nbAscUmpzC/ebhqZ1sNq+BcXKxzx7MQVPmrMdLAdD3dIA+k+sTnFHPhQ1qVoLniDYcjIjYZ\nIVHKUClM8qXmmQAAABVueHRcZXc1MTAxQFBFVzUxMDFEMDEBAgME\n-----END OPENSSH PRIVATE KEY-----"
                  }
                },
                "file_map": {},
                "id": "Section_y2t5qyi2frwc5wav34463kjz6i"
              }
            },
            "tags": null,
            "title": "proxmox",
            "type": null,
            "url": null,
            "username": null,
            "uuid": "k4urtqv5j2v2bpmlzqw4fncct4",
            "valid_from": null,
            "vault": "glsrlcf5lapzbba6zk6sppkgnq"
          },
          "sensitive_attributes": [
            [
              {
                "type": "get_attr",
                "value": "credential"
              }
            ],
            [
              {
                "type": "get_attr",
                "value": "note_value"
              }
            ],
            [
              {
                "type": "get_attr",
                "value": "password"
              }
            ],
            [
              {
                "type": "get_attr",
                "value": "private_key"
              }
            ],
            [
              {
                "type": "get_attr",
                "value": "private_key_openssh"
              }
            ],
            [
              {
                "type": "get_attr",
                "value": "section"
              },
              {
                "type": "index",
                "value": {
                  "value": 0,
                  "type": "number"
                }
              },
              {
                "type": "get_attr",
                "value": "field"
              },
              {
                "type": "index",
                "value": {
                  "value": 0,
                  "type": "number"
                }
              },
              {
                "type": "get_attr",
                "value": "value"
              }
            ],
            [
              {
                "type": "get_attr",
                "value": "section"
              },
              {
                "type": "index",
                "value": {
                  "value": 0,
                  "type": "number"
                }
              },
              {
                "type": "get_attr",
                "value": "field"
              },
              {
                "type": "index",
                "value": {
                  "value": 1,
                  "type": "number"
                }
              },
              {
                "type": "get_attr",
                "value": "value"
              }
            ],
            [
              {
                "type": "get_attr",
                "value": "section"
              },
              {
                "type": "index",
                "value": {
                  "value": 0,
                  "type": "number"
                }
              },
              {
                "type": "get_attr",
                "value": "field"
              },
              {
                "type": "index",
                "value": {
                  "value": 2,
                  "type": "number"
                }
              },
              {
                "type": "get_attr",
                "value": "value"
              }
            ],
            [
              {
                "type": "get_attr",
                "value": "section_map"
              },
              {
                "type": "index",
                "value": {
                  "value": "secrets",
                  "type": "string"
                }
              },
              {
                "type": "get_attr",
                "value": "field_map"
              },
              {
                "type": "index",
                "value": {
                  "value": "api_token_value",
                  "type": "string"
                }
              },
              {
                "type": "get_attr",
                "value": "value"
              }
            ],
            [
              {
                "type": "get_attr",
                "value": "section_map"
              },
              {
                "type": "index",
                "value": {
                  "value": "secrets",
                  "type": "string"
                }
              },
              {
                "type": "get_attr",
                "value": "field_map"
              },
              {
                "type": "index",
                "value": {
                  "value": "bootstrap",
                  "type": "string"
                }
              },
              {
                "type": "get_attr",
                "value": "value"
              }
            ],
            [
              {
                "type": "get_attr",
                "value": "section_map"
              },
              {
                "type": "index",
                "value": {
                  "value": "secrets",
                  "type": "string"
                }
              },
              {
                "type": "get_attr",
                "value": "field_map"
              },
              {
                "type": "index",
                "value": {
                  "value": "ssh_private_key",
                  "type": "string"
                }
              },
              {
                "type": "get_attr",
                "value": "value"
              }
            ]
          ],
          "identity_schema_version": 0
        }
      ]
    },
    {
      "module": "module.onepassword_secrets",
      "mode": "data",
      "type": "onepassword_item",
      "name": "supabase",
      "provider": "provider[\"registry.terraform.io/1password/onepassword\"]",
      "instances": [
        {
          "schema_version": 0,
          "attributes": {
            "category": "password",
            "credential": null,
            "database": null,
            "file": [],
            "filename": null,
            "hostname": null,
            "id": "vaults/glsrlcf5lapzbba6zk6sppkgnq/items/rhnkkphea4g7mbfg4spqfhjc7e",
            "note_value": "",
            "password": "",
            "port": null,
            "private_key": null,
            "private_key_openssh": null,
            "public_key": null,
            "section": [
              {
                "field": [
                  {
                    "id": "enjwqxzxh24qh2qr27t65l2kwq",
                    "label": "bootstrap",
                    "type": "CONCEALED",
                    "value": "bootstrap"
                  },
                  {
                    "id": "anysevbf363fcgf26pngapjxee",
                    "label": "service_key",
                    "type": "CONCEALED",
                    "value": "eyJhbGciOiAiSFMyNTYiLCAidHlwIjogIkpXVCJ9.eyJyb2xlIjogInNlcnZpY2Vfcm9sZSIsICJpc3MiOiAic3VwYWJhc2UiLCAiaWF0IjogMTc3MTYwMDgwMCwgImV4cCI6IDIwODY5NjA4MDB9.vLTEQu-8UATji7axVljZzlmPUrbqbFmx7fjXaQc580Y"
                  },
                  {
                    "id": "wwm2tdxfjpb42543k74q3zjj6e",
                    "label": "anon_key",
                    "type": "CONCEALED",
                    "value": "eyJhbGciOiAiSFMyNTYiLCAidHlwIjogIkpXVCJ9.eyJyb2xlIjogImFub24iLCAiaXNzIjogInN1cGFiYXNlIiwgImlhdCI6IDE3NzE2MDA4MDAsICJleHAiOiAyMDg2OTYwODAwfQ.TiwflrKfacFVLlR2k7owaIPfJ8C75bwqRXqP0pzJY3o"
                  },
                  {
                    "id": "7xlrjtvqg64ozavhrbr3c3keuy",
                    "label": "service_role_key",
                    "type": "CONCEALED",
                    "value": "eyJhbGciOiAiSFMyNTYiLCAidHlwIjogIkpXVCJ9.eyJyb2xlIjogInNlcnZpY2Vfcm9sZSIsICJpc3MiOiAic3VwYWJhc2UiLCAiaWF0IjogMTc3MTYwMDgwMCwgImV4cCI6IDIwODY5NjA4MDB9.vLTEQu-8UATji7axVljZzlmPUrbqbFmx7fjXaQc580Y"
                  },
                  {
                    "id": "potmdgghb5pocglbcy3ehp7qbq",
                    "label": "db_password",
                    "type": "CONCEALED",
                    "value": "xaBI7AtdjCSRXO/B4JzKRzTw"
                  },
                  {
                    "id": "cyn4zkbche2g7nh56bktcempay",
                    "label": "jwt_secret",
                    "type": "CONCEALED",
                    "value": "cwCVl7uY4WJUyZo/IpYauD9G8kqvbfhbolfNZVQNeME="
                  },
                  {
                    "id": "g3347e6mxixsjrroznyk3pq63y",
                    "label": "dashboard_password",
                    "type": "CONCEALED",
                    "value": "NUIU83I8A28gPocspX3F0C2Y"
                  },
                  {
                    "id": "uhmeplwgpdcqaxtypga5udmbw4",
                    "label": "url",
                    "type": "CONCEALED",
                    "value": "https://placeholder.supabase.local"
                  },
                  {
                    "id": "44yrp2o4hfoqbjugsj2wt3gt5a",
                    "label": "dashboard_username",
                    "type": "CONCEALED",
                    "value": "placeholder"
                  }
                ],
                "file": [],
                "id": "Section_bmmkn7oarryf2qn3yqebtu2ela",
                "label": "secrets"
              }
            ],
            "section_map": {
              "secrets": {
                "field_map": {
                  "anon_key": {
                    "id": "wwm2tdxfjpb42543k74q3zjj6e",
                    "type": "CONCEALED",
                    "value": "eyJhbGciOiAiSFMyNTYiLCAidHlwIjogIkpXVCJ9.eyJyb2xlIjogImFub24iLCAiaXNzIjogInN1cGFiYXNlIiwgImlhdCI6IDE3NzE2MDA4MDAsICJleHAiOiAyMDg2OTYwODAwfQ.TiwflrKfacFVLlR2k7owaIPfJ8C75bwqRXqP0pzJY3o"
                  },
                  "bootstrap": {
                    "id": "enjwqxzxh24qh2qr27t65l2kwq",
                    "type": "CONCEALED",
                    "value": "bootstrap"
                  },
                  "dashboard_password": {
                    "id": "g3347e6mxixsjrroznyk3pq63y",
                    "type": "CONCEALED",
                    "value": "NUIU83I8A28gPocspX3F0C2Y"
                  },
                  "dashboard_username": {
                    "id": "44yrp2o4hfoqbjugsj2wt3gt5a",
                    "type": "CONCEALED",
                    "value": "placeholder"
                  },
                  "db_password": {
                    "id": "potmdgghb5pocglbcy3ehp7qbq",
                    "type": "CONCEALED",
                    "value": "xaBI7AtdjCSRXO/B4JzKRzTw"
                  },
                  "jwt_secret": {
                    "id": "cyn4zkbche2g7nh56bktcempay",
                    "type": "CONCEALED",
                    "value": "cwCVl7uY4WJUyZo/IpYauD9G8kqvbfhbolfNZVQNeME="
                  },
                  "service_key": {
                    "id": "anysevbf363fcgf26pngapjxee",
                    "type": "CONCEALED",
                    "value": "eyJhbGciOiAiSFMyNTYiLCAidHlwIjogIkpXVCJ9.eyJyb2xlIjogInNlcnZpY2Vfcm9sZSIsICJpc3MiOiAic3VwYWJhc2UiLCAiaWF0IjogMTc3MTYwMDgwMCwgImV4cCI6IDIwODY5NjA4MDB9.vLTEQu-8UATji7axVljZzlmPUrbqbFmx7fjXaQc580Y"
                  },
                  "service_role_key": {
                    "id": "7xlrjtvqg64ozavhrbr3c3keuy",
                    "type": "CONCEALED",
                    "value": "eyJhbGciOiAiSFMyNTYiLCAidHlwIjogIkpXVCJ9.eyJyb2xlIjogInNlcnZpY2Vfcm9sZSIsICJpc3MiOiAic3VwYWJhc2UiLCAiaWF0IjogMTc3MTYwMDgwMCwgImV4cCI6IDIwODY5NjA4MDB9.vLTEQu-8UATji7axVljZzlmPUrbqbFmx7fjXaQc580Y"
                  },
                  "url": {
                    "id": "uhmeplwgpdcqaxtypga5udmbw4",
                    "type": "CONCEALED",
                    "value": "https://placeholder.supabase.local"
                  }
                },
                "file_map": {},
                "id": "Section_bmmkn7oarryf2qn3yqebtu2ela"
              }
            },
            "tags": null,
            "title": "supabase",
            "type": null,
            "url": null,
            "username": null,
            "uuid": "rhnkkphea4g7mbfg4spqfhjc7e",
            "valid_from": null,
            "vault": "glsrlcf5lapzbba6zk6sppkgnq"
          },
          "sensitive_attributes": [
            [
              {
                "type": "get_attr",
                "value": "credential"
              }
            ],
            [
              {
                "type": "get_attr",
                "value": "note_value"
              }
            ],
            [
              {
                "type": "get_attr",
                "value": "password"
              }
            ],
            [
              {
                "type": "get_attr",
                "value": "private_key"
              }
            ],
            [
              {
                "type": "get_attr",
                "value": "private_key_openssh"
              }
            ],
            [
              {
                "type": "get_attr",
                "value": "section"
              },
              {
                "type": "index",
                "value": {
                  "value": 0,
                  "type": "number"
                }
              },
              {
                "type": "get_attr",
                "value": "field"
              },
              {
                "type": "index",
                "value": {
                  "value": 0,
                  "type": "number"
                }
              },
              {
                "type": "get_attr",
                "value": "value"
              }
            ],
            [
              {
                "type": "get_attr",
                "value": "section"
              },
              {
                "type": "index",
                "value": {
                  "value": 0,
                  "type": "number"
                }
              },
              {
                "type": "get_attr",
                "value": "field"
              },
              {
                "type": "index",
                "value": {
                  "value": 1,
                  "type": "number"
                }
              },
              {
                "type": "get_attr",
                "value": "value"
              }
            ],
            [
              {
                "type": "get_attr",
                "value": "section"
              },
              {
                "type": "index",
                "value": {
                  "value": 0,
                  "type": "number"
                }
              },
              {
                "type": "get_attr",
                "value": "field"
              },
              {
                "type": "index",
                "value": {
                  "value": 2,
                  "type": "number"
                }
              },
              {
                "type": "get_attr",
                "value": "value"
              }
            ],
            [
              {
                "type": "get_attr",
                "value": "section"
              },
              {
                "type": "index",
                "value": {
                  "value": 0,
                  "type": "number"
                }
              },
              {
                "type": "get_attr",
                "value": "field"
              },
              {
                "type": "index",
                "value": {
                  "value": 3,
                  "type": "number"
                }
              },
              {
                "type": "get_attr",
                "value": "value"
              }
            ],
            [
              {
                "type": "get_attr",
                "value": "section"
              },
              {
                "type": "index",
                "value": {
                  "value": 0,
                  "type": "number"
                }
              },
              {
                "type": "get_attr",
                "value": "field"
              },
              {
                "type": "index",
                "value": {
                  "value": 4,
                  "type": "number"
                }
              },
              {
                "type": "get_attr",
                "value": "value"
              }
            ],
            [
              {
                "type": "get_attr",
                "value": "section"
              },
              {
                "type": "index",
                "value": {
                  "value": 0,
                  "type": "number"
                }
              },
              {
                "type": "get_attr",
                "value": "field"
              },
              {
                "type": "index",
                "value": {
                  "value": 5,
                  "type": "number"
                }
              },
              {
                "type": "get_attr",
                "value": "value"
              }
            ],
            [
              {
                "type": "get_attr",
                "value": "section"
              },
              {
                "type": "index",
                "value": {
                  "value": 0,
                  "type": "number"
                }
              },
              {
                "type": "get_attr",
                "value": "field"
              },
              {
                "type": "index",
                "value": {
                  "value": 6,
                  "type": "number"
                }
              },
              {
                "type": "get_attr",
                "value": "value"
              }
            ],
            [
              {
                "type": "get_attr",
                "value": "section"
              },
              {
                "type": "index",
                "value": {
                  "value": 0,
                  "type": "number"
                }
              },
              {
                "type": "get_attr",
                "value": "field"
              },
              {
                "type": "index",
                "value": {
                  "value": 7,
                  "type": "number"
                }
              },
              {
                "type": "get_attr",
                "value": "value"
              }
            ],
            [
              {
                "type": "get_attr",
                "value": "section"
              },
              {
                "type": "index",
                "value": {
                  "value": 0,
                  "type": "number"
                }
              },
              {
                "type": "get_attr",
                "value": "field"
              },
              {
                "type": "index",
                "value": {
                  "value": 8,
                  "type": "number"
                }
              },
              {
                "type": "get_attr",
                "value": "value"
              }
            ],
            [
              {
                "type": "get_attr",
                "value": "section_map"
              },
              {
                "type": "index",
                "value": {
                  "value": "secrets",
                  "type": "string"
                }
              },
              {
                "type": "get_attr",
                "value": "field_map"
              },
              {
                "type": "index",
                "value": {
                  "value": "anon_key",
                  "type": "string"
                }
              },
              {
                "type": "get_attr",
                "value": "value"
              }
            ],
            [
              {
                "type": "get_attr",
                "value": "section_map"
              },
              {
                "type": "index",
                "value": {
                  "value": "secrets",
                  "type": "string"
                }
              },
              {
                "type": "get_attr",
                "value": "field_map"
              },
              {
                "type": "index",
                "value": {
                  "value": "bootstrap",
                  "type": "string"
                }
              },
              {
                "type": "get_attr",
                "value": "value"
              }
            ],
            [
              {
                "type": "get_attr",
                "value": "section_map"
              },
              {
                "type": "index",
                "value": {
                  "value": "secrets",
                  "type": "string"
                }
              },
              {
                "type": "get_attr",
                "value": "field_map"
              },
              {
                "type": "index",
                "value": {
                  "value": "dashboard_password",
                  "type": "string"
                }
              },
              {
                "type": "get_attr",
                "value": "value"
              }
            ],
            [
              {
                "type": "get_attr",
                "value": "section_map"
              },
              {
                "type": "index",
                "value": {
                  "value": "secrets",
                  "type": "string"
                }
              },
              {
                "type": "get_attr",
                "value": "field_map"
              },
              {
                "type": "index",
                "value": {
                  "value": "dashboard_username",
                  "type": "string"
                }
              },
              {
                "type": "get_attr",
                "value": "value"
              }
            ],
            [
              {
                "type": "get_attr",
                "value": "section_map"
              },
              {
                "type": "index",
                "value": {
                  "value": "secrets",
                  "type": "string"
                }
              },
              {
                "type": "get_attr",
                "value": "field_map"
              },
              {
                "type": "index",
                "value": {
                  "value": "db_password",
                  "type": "string"
                }
              },
              {
                "type": "get_attr",
                "value": "value"
              }
            ],
            [
              {
                "type": "get_attr",
                "value": "section_map"
              },
              {
                "type": "index",
                "value": {
                  "value": "secrets",
                  "type": "string"
                }
              },
              {
                "type": "get_attr",
                "value": "field_map"
              },
              {
                "type": "index",
                "value": {
                  "value": "jwt_secret",
                  "type": "string"
                }
              },
              {
                "type": "get_attr",
                "value": "value"
              }
            ],
            [
              {
                "type": "get_attr",
                "value": "section_map"
              },
              {
                "type": "index",
                "value": {
                  "value": "secrets",
                  "type": "string"
                }
              },
              {
                "type": "get_attr",
                "value": "field_map"
              },
              {
                "type": "index",
                "value": {
                  "value": "service_key",
                  "type": "string"
                }
              },
              {
                "type": "get_attr",
                "value": "value"
              }
            ],
            [
              {
                "type": "get_attr",
                "value": "section_map"
              },
              {
                "type": "index",
                "value": {
                  "value": "secrets",
                  "type": "string"
                }
              },
              {
                "type": "get_attr",
                "value": "field_map"
              },
              {
                "type": "index",
                "value": {
                  "value": "service_role_key",
                  "type": "string"
                }
              },
              {
                "type": "get_attr",
                "value": "value"
              }
            ],
            [
              {
                "type": "get_attr",
                "value": "section_map"
              },
              {
                "type": "index",
                "value": {
                  "value": "secrets",
                  "type": "string"
                }
              },
              {
                "type": "get_attr",
                "value": "field_map"
              },
              {
                "type": "index",
                "value": {
                  "value": "url",
                  "type": "string"
                }
              },
              {
                "type": "get_attr",
                "value": "value"
              }
            ]
          ],
          "identity_schema_version": 0
        }
      ]
    },
    {
      "module": "module.onepassword_secrets",
      "mode": "data",
      "type": "onepassword_vault",
      "name": "this",
      "provider": "provider[\"registry.terraform.io/1password/onepassword\"]",
      "instances": [
        {
          "schema_version": 0,
          "attributes": {
            "description": "Homelab infrastructure secrets",
            "id": "vaults/glsrlcf5lapzbba6zk6sppkgnq",
            "name": "homelab",
            "uuid": "glsrlcf5lapzbba6zk6sppkgnq"
          },
          "sensitive_attributes": [],
          "identity_schema_version": 0
        }
      ]
    },
    {
      "mode": "managed",
      "type": "cloudflare_zero_trust_access_identity_provider",
      "name": "otp",
      "provider": "provider[\"registry.terraform.io/cloudflare/cloudflare\"]",
      "instances": [
        {
          "schema_version": 1,
          "attributes": {
            "account_id": "a8d9c67f586acdd15eebcc65ca3aa5bb",
            "config": {},
            "id": "2336b3d0-92b0-4118-a908-b99c16dd155f",
            "name": "Email OTP",
            "scim_config": null,
            "type": "onetimepin",
            "zone_id": null
          },
          "sensitive_attributes": [],
          "identity_schema_version": 0
        }
      ]
    }
  ],
  "check_results": [
    {
      "object_kind": "resource",
      "config_addr": "github_actions_secret.managed",
      "status": "pass",
      "objects": null
    },
    {
      "object_kind": "var",
      "config_addr": "var.cloudflare_secrets_store_id",
      "status": "pass",
      "objects": [
        {
          "object_addr": "var.cloudflare_secrets_store_id",
          "status": "pass"
        }
      ]
    },
    {
      "object_kind": "var",
      "config_addr": "var.homelab_domain",
      "status": "pass",
      "objects": [
        {
          "object_addr": "var.homelab_domain",
          "status": "pass"
        }
      ]
    },
    {
      "object_kind": "var",
      "config_addr": "var.synology_nas_ip",
      "status": "pass",
      "objects": [
        {
          "object_addr": "var.synology_nas_ip",
          "status": "pass"
        }
      ]
    },
    {
      "object_kind": "resource",
      "config_addr": "terraform_data.validate_credentials",
      "status": "pass",
      "objects": [
        {
          "object_addr": "terraform_data.validate_credentials",
          "status": "pass"
        }
      ]
    },
    {
      "object_kind": "var",
      "config_addr": "var.synology_domain",
      "status": "pass",
      "objects": [
        {
          "object_addr": "var.synology_domain",
          "status": "pass"
        }
      ]
    },
    {
      "object_kind": "var",
      "config_addr": "var.jclee_dev_ip",
      "status": "pass",
      "objects": [
        {
          "object_addr": "var.jclee_dev_ip",
          "status": "pass"
        }
      ]
    },
    {
      "object_kind": "var",
      "config_addr": "var.youtube_ip",
      "status": "pass",
      "objects": [
        {
          "object_addr": "var.youtube_ip",
          "status": "pass"
        }
      ]
    },
    {
      "object_kind": "resource",
      "config_addr": "terraform_data.cf_store_secret_sync",
      "status": "pass",
      "objects": null
    },
    {
      "object_kind": "var",
      "config_addr": "var.jclee_ip",
      "status": "pass",
      "objects": [
        {
          "object_addr": "var.jclee_ip",
          "status": "pass"
        }
      ]
    },
    {
      "object_kind": "var",
      "config_addr": "var.synology_nas_port",
      "status": "pass",
      "objects": [
        {
          "object_addr": "var.synology_nas_port",
          "status": "pass"
        }
      ]
    },
    {
      "object_kind": "var",
      "config_addr": "var.elk_ip",
      "status": "pass",
      "objects": [
        {
          "object_addr": "var.elk_ip",
          "status": "pass"
        }
      ]
    }
  ]
}
